{
  "version": 4,
  "terraform_version": "1.15.2",
  "serial": 5,
  "lineage": "665eaf5d-897f-d2a6-316c-33ec9190544f",
  "outputs": {},
  "resources": [
    {
      "module": "module.oci_lz_orchestrator",
      "mode": "data",
      "type": "oci_identity_regions",
      "name": "these",
      "provider": "module.oci_lz_orchestrator.provider[\"registry.terraform.io/oracle/oci\"]",
      "instances": [
        {
          "schema_version": 0,
          "attributes": {
            "filter": null,
            "id": "IdentityRegionsDataSource-0",
            "regions": [
              {
                "key": "STR",
                "name": "eu-frankfurt-2"
              },
              {
                "key": "VLL",
                "name": "eu-madrid-2"
              }
            ]
          },
          "sensitive_attributes": [],
          "identity_schema_version": 0
        }
      ]
    },
    {
      "module": "module.oci_lz_orchestrator",
      "mode": "data",
      "type": "oci_identity_tenancy",
      "name": "this",
      "provider": "module.oci_lz_orchestrator.provider[\"registry.terraform.io/oracle/oci\"]",
      "instances": [
        {
          "schema_version": 0,
          "attributes": {
            "defined_tags": {},
            "description": "TENLS-6209",
            "freeform_tags": {},
            "home_region_key": "VLL",
            "id": "ocid1.tenancy.oc19..aaaaaaaa4ftkyx3ao73kndo3mbltj6gtbf27mxbgpu65a33ipgo2wqyj4zba",
            "name": "seguridadsocial",
            "tenancy_id": "ocid1.tenancy.oc19..aaaaaaaa4ftkyx3ao73kndo3mbltj6gtbf27mxbgpu65a33ipgo2wqyj4zba",
            "upi_idcs_compatibility_layer_endpoint": null
          },
          "sensitive_attributes": [],
          "identity_schema_version": 0
        }
      ]
    },
    {
      "module": "module.oci_lz_orchestrator",
      "mode": "managed",
      "type": "local_file",
      "name": "identity_domains_output",
      "provider": "provider[\"registry.terraform.io/hashicorp/local\"]",
      "instances": [
        {
          "index_key": 0,
          "schema_version": 0,
          "attributes": {
            "content": "{\"identity_domains\":{\"COMMON-DOMAIN\":{\"id\":\"ocid1.domain.oc19..aaaaaaaaeuc6e6twowrhwgh6i4dxyp22x7g6mf4sf6x7kg7bbddovq6q33aa\"}}}",
            "content_base64": null,
            "content_base64sha256": "yvdAKCxrSfZdgTP32EHrtHKTi4zohE8il0tf1XdnaOU=",
            "content_base64sha512": "6mcrM11YjTaFUQcE/L+94tocAJcOVYM1Ifm/jrN1xCZYZO0GofK8fJr6PoX3SLHUnvmbN6PLkCAJUOImU+nH1g==",
            "content_md5": "3516ccc50f8878d54f07f9aefa9b07d0",
            "content_sha1": "2d31ea8afc70a7c1a18689e67ea73671cff9ea0b",
            "content_sha256": "caf740282c6b49f65d8133f7d841ebb472938b8ce8844f22974b5fd5776768e5",
            "content_sha512": "ea672b335d588d3685510704fcbfbde2da1c00970e55833521f9bf8eb375c4265864ed06a1f2bc7c9afa3e85f748b1d49ef99b37a3cb90200950e22653e9c7d6",
            "directory_permission": "0777",
            "file_permission": "0777",
            "filename": "./identity_domains_output.json",
            "id": "2d31ea8afc70a7c1a18689e67ea73671cff9ea0b",
            "sensitive_content": null,
            "source": null
          },
          "sensitive_attributes": [
            [
              {
                "type": "get_attr",
                "value": "sensitive_content"
              }
            ]
          ],
          "identity_schema_version": 0,
          "dependencies": [
            "module.oci_lz_orchestrator.data.oci_identity_regions.these",
            "module.oci_lz_orchestrator.data.oci_identity_tenancy.this",
            "module.oci_lz_orchestrator.module.oci_lz_compartments.oci_identity_compartment.level_2",
            "module.oci_lz_orchestrator.module.oci_lz_compartments.oci_identity_compartment.level_3",
            "module.oci_lz_orchestrator.module.oci_lz_compartments.oci_identity_compartment.level_4",
            "module.oci_lz_orchestrator.module.oci_lz_compartments.oci_identity_compartment.level_5",
            "module.oci_lz_orchestrator.module.oci_lz_compartments.oci_identity_compartment.level_6",
            "module.oci_lz_orchestrator.module.oci_lz_compartments.oci_identity_compartment.these",
            "module.oci_lz_orchestrator.module.oci_lz_compartments.oci_identity_tag_default.these",
            "module.oci_lz_orchestrator.module.oci_lz_identity_domains.data.http.idp_signing_cert",
            "module.oci_lz_orchestrator.module.oci_lz_identity_domains.data.http.saml_metadata",
            "module.oci_lz_orchestrator.module.oci_lz_identity_domains.data.http.sp_signing_cert",
            "module.oci_lz_orchestrator.module.oci_lz_identity_domains.data.oci_identity_domain.apps_domain",
            "module.oci_lz_orchestrator.module.oci_lz_identity_domains.data.oci_identity_domain.dyngrp_domain",
            "module.oci_lz_orchestrator.module.oci_lz_identity_domains.data.oci_identity_domain.grp_domain",
            "module.oci_lz_orchestrator.module.oci_lz_identity_domains.data.oci_identity_domain.identity_provider_domain",
            "module.oci_lz_orchestrator.module.oci_lz_identity_domains.data.oci_identity_domain.idp_domain",
            "module.oci_lz_orchestrator.module.oci_lz_identity_domains.data.oci_identity_domain.service_provider_domain",
            "module.oci_lz_orchestrator.module.oci_lz_identity_domains.data.oci_identity_domains_app_roles.client_app_roles",
            "module.oci_lz_orchestrator.module.oci_lz_identity_domains.data.oci_identity_domains_group.granted_app_group",
            "module.oci_lz_orchestrator.module.oci_lz_identity_domains.data.oci_identity_domains_rule.default_idp_rule",
            "module.oci_lz_orchestrator.module.oci_lz_identity_domains.data.oci_identity_domains_users.these",
            "module.oci_lz_orchestrator.module.oci_lz_identity_domains.data.oci_identity_region_subscriptions.this",
            "module.oci_lz_orchestrator.module.oci_lz_identity_domains.data.oci_identity_regions.these",
            "module.oci_lz_orchestrator.module.oci_lz_identity_domains.data.oci_identity_tenancy.this",
            "module.oci_lz_orchestrator.module.oci_lz_identity_domains.null_resource.MappedAttributes_patch",
            "module.oci_lz_orchestrator.module.oci_lz_identity_domains.null_resource.app_patch",
            "module.oci_lz_orchestrator.module.oci_lz_identity_domains.null_resource.fa_provisioning_patch",
            "module.oci_lz_orchestrator.module.oci_lz_identity_domains.null_resource.generic_scim_patch",
            "module.oci_lz_orchestrator.module.oci_lz_identity_domains.oci_identity_domain.these",
            "module.oci_lz_orchestrator.module.oci_lz_identity_domains.oci_identity_domain_replication_to_region.these",
            "module.oci_lz_orchestrator.module.oci_lz_identity_domains.oci_identity_domains_app.saml_app_links",
            "module.oci_lz_orchestrator.module.oci_lz_identity_domains.oci_identity_domains_app.these",
            "module.oci_lz_orchestrator.module.oci_lz_identity_domains.oci_identity_domains_dynamic_resource_group.these",
            "module.oci_lz_orchestrator.module.oci_lz_identity_domains.oci_identity_domains_grant.app_groups_grant",
            "module.oci_lz_orchestrator.module.oci_lz_identity_domains.oci_identity_domains_grant.app_roles_grant",
            "module.oci_lz_orchestrator.module.oci_lz_identity_domains.oci_identity_domains_group.these",
            "module.oci_lz_orchestrator.module.oci_lz_identity_domains.oci_identity_domains_group.these_with_external_membership_updates",
            "module.oci_lz_orchestrator.module.oci_lz_identity_domains.oci_identity_domains_identity_provider.these",
            "module.oci_lz_orchestrator.module.oci_lz_identity_domains.oci_identity_domains_oauth_client_certificate.app_client_cert",
            "module.oci_lz_orchestrator.module.oci_lz_identity_domains.oci_identity_domains_setting.cert_public_access_setting",
            "module.oci_lz_orchestrator.module.oci_lz_tags.data.oci_identity_tag.default_created_by",
            "module.oci_lz_orchestrator.module.oci_lz_tags.data.oci_identity_tag.default_created_on",
            "module.oci_lz_orchestrator.module.oci_lz_tags.data.oci_identity_tag_namespaces.oracle_default",
            "module.oci_lz_orchestrator.module.oci_lz_tags.oci_identity_tag.these",
            "module.oci_lz_orchestrator.module.oci_lz_tags.oci_identity_tag_default.these",
            "module.oci_lz_orchestrator.module.oci_lz_tags.oci_identity_tag_namespace.these"
          ]
        }
      ]
    },
    {
      "module": "module.oci_lz_orchestrator.module.oci_lz_identity_domains[0]",
      "mode": "data",
      "type": "oci_identity_domain",
      "name": "grp_domain",
      "provider": "module.oci_lz_orchestrator.provider[\"registry.terraform.io/oracle/oci\"].home",
      "instances": [
        {
          "index_key": "GRP-AUDITORS-ADMIN-KEY",
          "schema_version": 0,
          "attributes": {
            "admin_email": null,
            "admin_first_name": null,
            "admin_last_name": null,
            "admin_user_name": null,
            "compartment_id": null,
            "defined_tags": null,
            "description": null,
            "display_name": null,
            "domain_id": null,
            "freeform_tags": null,
            "home_region": null,
            "home_region_url": null,
            "id": null,
            "is_hidden_on_login": null,
            "is_notification_bypassed": null,
            "is_primary_email_required": null,
            "license_type": null,
            "lifecycle_details": null,
            "replica_regions": null,
            "state": null,
            "time_created": null,
            "type": null,
            "url": null
          },
          "sensitive_attributes": [],
          "identity_schema_version": 0
        },
        {
          "index_key": "GRP-COST-ADMIN-KEY",
          "schema_version": 0,
          "attributes": {
            "admin_email": null,
            "admin_first_name": null,
            "admin_last_name": null,
            "admin_user_name": null,
            "compartment_id": null,
            "defined_tags": null,
            "description": null,
            "display_name": null,
            "domain_id": null,
            "freeform_tags": null,
            "home_region": null,
            "home_region_url": null,
            "id": null,
            "is_hidden_on_login": null,
            "is_notification_bypassed": null,
            "is_primary_email_required": null,
            "license_type": null,
            "lifecycle_details": null,
            "replica_regions": null,
            "state": null,
            "time_created": null,
            "type": null,
            "url": null
          },
          "sensitive_attributes": [],
          "identity_schema_version": 0
        },
        {
          "index_key": "GRP-GLOBALSERV-ADMIN-KEY",
          "schema_version": 0,
          "attributes": {
            "admin_email": null,
            "admin_first_name": null,
            "admin_last_name": null,
            "admin_user_name": null,
            "compartment_id": null,
            "defined_tags": null,
            "description": null,
            "display_name": null,
            "domain_id": null,
            "freeform_tags": null,
            "home_region": null,
            "home_region_url": null,
            "id": null,
            "is_hidden_on_login": null,
            "is_notification_bypassed": null,
            "is_primary_email_required": null,
            "license_type": null,
            "lifecycle_details": null,
            "replica_regions": null,
            "state": null,
            "time_created": null,
            "type": null,
            "url": null
          },
          "sensitive_attributes": [],
          "identity_schema_version": 0
        },
        {
          "index_key": "GRP-IAM-ADMIN-KEY",
          "schema_version": 0,
          "attributes": {
            "admin_email": null,
            "admin_first_name": null,
            "admin_last_name": null,
            "admin_user_name": null,
            "compartment_id": null,
            "defined_tags": null,
            "description": null,
            "display_name": null,
            "domain_id": null,
            "freeform_tags": null,
            "home_region": null,
            "home_region_url": null,
            "id": null,
            "is_hidden_on_login": null,
            "is_notification_bypassed": null,
            "is_primary_email_required": null,
            "license_type": null,
            "lifecycle_details": null,
            "replica_regions": null,
            "state": null,
            "time_created": null,
            "type": null,
            "url": null
          },
          "sensitive_attributes": [],
          "identity_schema_version": 0
        },
        {
          "index_key": "GRP-LZ-DB-ADMINS",
          "schema_version": 0,
          "attributes": {
            "admin_email": null,
            "admin_first_name": null,
            "admin_last_name": null,
            "admin_user_name": null,
            "compartment_id": null,
            "defined_tags": null,
            "description": null,
            "display_name": null,
            "domain_id": null,
            "freeform_tags": null,
            "home_region": null,
            "home_region_url": null,
            "id": null,
            "is_hidden_on_login": null,
            "is_notification_bypassed": null,
            "is_primary_email_required": null,
            "license_type": null,
            "lifecycle_details": null,
            "replica_regions": null,
            "state": null,
            "time_created": null,
            "type": null,
            "url": null
          },
          "sensitive_attributes": [],
          "identity_schema_version": 0
        },
        {
          "index_key": "GRP-LZ-INFRA-ADMINS",
          "schema_version": 0,
          "attributes": {
            "admin_email": null,
            "admin_first_name": null,
            "admin_last_name": null,
            "admin_user_name": null,
            "compartment_id": null,
            "defined_tags": null,
            "description": null,
            "display_name": null,
            "domain_id": null,
            "freeform_tags": null,
            "home_region": null,
            "home_region_url": null,
            "id": null,
            "is_hidden_on_login": null,
            "is_notification_bypassed": null,
            "is_primary_email_required": null,
            "license_type": null,
            "lifecycle_details": null,
            "replica_regions": null,
            "state": null,
            "time_created": null,
            "type": null,
            "url": null
          },
          "sensitive_attributes": [],
          "identity_schema_version": 0
        },
        {
          "index_key": "GRP-NETWORK-ADMIN-KEY",
          "schema_version": 0,
          "attributes": {
            "admin_email": null,
            "admin_first_name": null,
            "admin_last_name": null,
            "admin_user_name": null,
            "compartment_id": null,
            "defined_tags": null,
            "description": null,
            "display_name": null,
            "domain_id": null,
            "freeform_tags": null,
            "home_region": null,
            "home_region_url": null,
            "id": null,
            "is_hidden_on_login": null,
            "is_notification_bypassed": null,
            "is_primary_email_required": null,
            "license_type": null,
            "lifecycle_details": null,
            "replica_regions": null,
            "state": null,
            "time_created": null,
            "type": null,
            "url": null
          },
          "sensitive_attributes": [],
          "identity_schema_version": 0
        },
        {
          "index_key": "GRP-SECURITY-ADMIN-KEY",
          "schema_version": 0,
          "attributes": {
            "admin_email": null,
            "admin_first_name": null,
            "admin_last_name": null,
            "admin_user_name": null,
            "compartment_id": null,
            "defined_tags": null,
            "description": null,
            "display_name": null,
            "domain_id": null,
            "freeform_tags": null,
            "home_region": null,
            "home_region_url": null,
            "id": null,
            "is_hidden_on_login": null,
            "is_notification_bypassed": null,
            "is_primary_email_required": null,
            "license_type": null,
            "lifecycle_details": null,
            "replica_regions": null,
            "state": null,
            "time_created": null,
            "type": null,
            "url": null
          },
          "sensitive_attributes": [],
          "identity_schema_version": 0
        }
      ]
    },
    {
      "module": "module.oci_lz_orchestrator.module.oci_lz_identity_domains[0]",
      "mode": "data",
      "type": "oci_identity_region_subscriptions",
      "name": "this",
      "provider": "module.oci_lz_orchestrator.provider[\"registry.terraform.io/oracle/oci\"].home",
      "instances": [
        {
          "schema_version": 0,
          "attributes": {
            "filter": null,
            "id": "IdentityRegionSubscriptionsDataSource-1032845147",
            "region_subscriptions": [
              {
                "is_home_region": true,
                "region_key": "VLL",
                "region_name": "eu-madrid-2",
                "state": "READY",
                "tenancy_id": ""
              }
            ],
            "tenancy_id": "ocid1.tenancy.oc19..aaaaaaaa4ftkyx3ao73kndo3mbltj6gtbf27mxbgpu65a33ipgo2wqyj4zba"
          },
          "sensitive_attributes": [],
          "identity_schema_version": 0
        }
      ]
    },
    {
      "module": "module.oci_lz_orchestrator.module.oci_lz_identity_domains[0]",
      "mode": "data",
      "type": "oci_identity_regions",
      "name": "these",
      "provider": "module.oci_lz_orchestrator.provider[\"registry.terraform.io/oracle/oci\"].home",
      "instances": [
        {
          "schema_version": 0,
          "attributes": {
            "filter": null,
            "id": "IdentityRegionsDataSource-0",
            "regions": [
              {
                "key": "STR",
                "name": "eu-frankfurt-2"
              },
              {
                "key": "VLL",
                "name": "eu-madrid-2"
              }
            ]
          },
          "sensitive_attributes": [],
          "identity_schema_version": 0
        }
      ]
    },
    {
      "module": "module.oci_lz_orchestrator.module.oci_lz_identity_domains[0]",
      "mode": "data",
      "type": "oci_identity_tenancy",
      "name": "this",
      "provider": "module.oci_lz_orchestrator.provider[\"registry.terraform.io/oracle/oci\"].home",
      "instances": [
        {
          "schema_version": 0,
          "attributes": {
            "defined_tags": {},
            "description": "TENLS-6209",
            "freeform_tags": {},
            "home_region_key": "VLL",
            "id": "ocid1.tenancy.oc19..aaaaaaaa4ftkyx3ao73kndo3mbltj6gtbf27mxbgpu65a33ipgo2wqyj4zba",
            "name": "seguridadsocial",
            "tenancy_id": "ocid1.tenancy.oc19..aaaaaaaa4ftkyx3ao73kndo3mbltj6gtbf27mxbgpu65a33ipgo2wqyj4zba",
            "upi_idcs_compatibility_layer_endpoint": null
          },
          "sensitive_attributes": [],
          "identity_schema_version": 0
        }
      ]
    },
    {
      "module": "module.oci_lz_orchestrator.module.oci_lz_identity_domains[0]",
      "mode": "managed",
      "type": "oci_identity_domain",
      "name": "these",
      "provider": "module.oci_lz_orchestrator.provider[\"registry.terraform.io/oracle/oci\"].home",
      "instances": [
        {
          "index_key": "COMMON-DOMAIN",
          "schema_version": 0,
          "attributes": {
            "admin_email": null,
            "admin_first_name": null,
            "admin_last_name": null,
            "admin_user_name": null,
            "compartment_id": "ocid1.tenancy.oc19..aaaaaaaa4ftkyx3ao73kndo3mbltj6gtbf27mxbgpu65a33ipgo2wqyj4zba",
            "defined_tags": {
              "Oracle-Tags.CreatedBy": "default/jorge.e.torlaschi@accenture.com",
              "Oracle-Tags.CreatedOn": "2026-03-10T14:42:39.176Z"
            },
            "description": "One-OE LZ common Identity Domain",
            "display_name": "o-p-om2-id-common-001",
            "freeform_tags": {
              "ocilz-terraform-module": "iam-identity-domains/0.3.4"
            },
            "home_region": "eu-madrid-2",
            "home_region_url": "https://idcs-e0138a37daa84b4aacdb004b63eb5d75.eu-madrid-idcs-2.identity.eu-madrid-2.oci.oraclecloud.eu:443",
            "id": "ocid1.domain.oc19..aaaaaaaaeuc6e6twowrhwgh6i4dxyp22x7g6mf4sf6x7kg7bbddovq6q33aa",
            "is_hidden_on_login": false,
            "is_notification_bypassed": null,
            "is_primary_email_required": null,
            "license_type": "free",
            "lifecycle_details": "",
            "replica_regions": [],
            "state": "ACTIVE",
            "time_created": "2026-03-10 14:42:39.244 +0000 UTC",
            "timeouts": null,
            "type": "SECONDARY",
            "url": "https://idcs-e0138a37daa84b4aacdb004b63eb5d75.eu-madrid-idcs-2.identity.oci.oraclecloud.eu:443"
          },
          "sensitive_attributes": [],
          "identity_schema_version": 0,
          "private": "eyJlMmJmYjczMC1lY2FhLTExZTYtOGY4OC0zNDM2M2JjN2M0YzAiOnsiY3JlYXRlIjoxMjAwMDAwMDAwMDAwLCJkZWxldGUiOjEyMDAwMDAwMDAwMDAsInVwZGF0ZSI6MTIwMDAwMDAwMDAwMH0sInNjaGVtYV92ZXJzaW9uIjoiMCJ9",
          "dependencies": [
            "module.oci_lz_orchestrator.data.oci_identity_regions.these",
            "module.oci_lz_orchestrator.data.oci_identity_tenancy.this",
            "module.oci_lz_orchestrator.module.oci_lz_compartments.oci_identity_compartment.level_2",
            "module.oci_lz_orchestrator.module.oci_lz_compartments.oci_identity_compartment.level_3",
            "module.oci_lz_orchestrator.module.oci_lz_compartments.oci_identity_compartment.level_4",
            "module.oci_lz_orchestrator.module.oci_lz_compartments.oci_identity_compartment.level_5",
            "module.oci_lz_orchestrator.module.oci_lz_compartments.oci_identity_compartment.level_6",
            "module.oci_lz_orchestrator.module.oci_lz_compartments.oci_identity_compartment.these",
            "module.oci_lz_orchestrator.module.oci_lz_compartments.oci_identity_tag_default.these",
            "module.oci_lz_orchestrator.module.oci_lz_identity_domains.data.oci_identity_regions.these",
            "module.oci_lz_orchestrator.module.oci_lz_identity_domains.data.oci_identity_tenancy.this",
            "module.oci_lz_orchestrator.module.oci_lz_tags.data.oci_identity_tag.default_created_by",
            "module.oci_lz_orchestrator.module.oci_lz_tags.data.oci_identity_tag.default_created_on",
            "module.oci_lz_orchestrator.module.oci_lz_tags.data.oci_identity_tag_namespaces.oracle_default",
            "module.oci_lz_orchestrator.module.oci_lz_tags.oci_identity_tag.these",
            "module.oci_lz_orchestrator.module.oci_lz_tags.oci_identity_tag_default.these",
            "module.oci_lz_orchestrator.module.oci_lz_tags.oci_identity_tag_namespace.these"
          ]
        }
      ]
    },
    {
      "module": "module.oci_lz_orchestrator.module.oci_lz_identity_domains[0]",
      "mode": "managed",
      "type": "oci_identity_domains_group",
      "name": "these",
      "provider": "module.oci_lz_orchestrator.provider[\"registry.terraform.io/oracle/oci\"].home",
      "instances": [
        {
          "index_key": "GRP-AUDITORS-ADMIN-KEY",
          "schema_version": 0,
          "attributes": {
            "attribute_sets": null,
            "attributes": null,
            "authorization": null,
            "compartment_ocid": "ocid1.tenancy.oc19..aaaaaaaa4ftkyx3ao73kndo3mbltj6gtbf27mxbgpu65a33ipgo2wqyj4zba",
            "delete_in_progress": null,
            "display_name": "o-p-om2-grp-admi-auditors-001",
            "domain_ocid": "ocid1.domain.oc19..aaaaaaaaeuc6e6twowrhwgh6i4dxyp22x7g6mf4sf6x7kg7bbddovq6q33aa",
            "external_id": null,
            "force_delete": null,
            "id": "fd59251e7ca84afbbd5276e6eb9fbc82",
            "idcs_created_by": [
              {
                "display": "Jorge torlaschi",
                "ocid": "ocid1.user.oc19..aaaaaaaa5ccj642agovx5r4ag2efhpd5tak66j7s3dtoogvne4d2fxwcgfrq",
                "ref": "https://idcs-e0138a37daa84b4aacdb004b63eb5d75.eu-madrid-idcs-2.identity.oci.oraclecloud.eu:443/admin/v1/Users/bd17c9849edd447bbacd840ac616d92a",
                "type": "User",
                "value": "bd17c9849edd447bbacd840ac616d92a"
              }
            ],
            "idcs_endpoint": "https://idcs-e0138a37daa84b4aacdb004b63eb5d75.eu-madrid-idcs-2.identity.oci.oraclecloud.eu:443",
            "idcs_last_modified_by": [
              {
                "display": "Jorge torlaschi",
                "ocid": "ocid1.user.oc19..aaaaaaaa5ccj642agovx5r4ag2efhpd5tak66j7s3dtoogvne4d2fxwcgfrq",
                "ref": "https://idcs-e0138a37daa84b4aacdb004b63eb5d75.eu-madrid-idcs-2.identity.oci.oraclecloud.eu:443/admin/v1/Users/bd17c9849edd447bbacd840ac616d92a",
                "type": "User",
                "value": "bd17c9849edd447bbacd840ac616d92a"
              }
            ],
            "idcs_last_upgraded_in_release": null,
            "idcs_prevented_operations": [],
            "members": [],
            "meta": [
              {
                "created": "2026-03-10T14:42:52.705Z",
                "last_modified": "2026-04-07T15:07:59.689Z",
                "location": "https://idcs-e0138a37daa84b4aacdb004b63eb5d75.eu-madrid-idcs-2.identity.oci.oraclecloud.eu:443/admin/v1/Groups/fd59251e7ca84afbbd5276e6eb9fbc82",
                "resource_type": "Group",
                "version": "f90d2acaaa21484798a761a47d7223ec"
              }
            ],
            "non_unique_display_name": null,
            "ocid": "ocid1.group.oc19..aaaaaaaa3hvruvjpb2prr63enccwhj3s2yx7kecnaxqkfmxcilbi4vob73lq",
            "resource_type_schema_version": null,
            "schemas": [
              "urn:ietf:params:scim:schemas:core:2.0:Group",
              "urn:ietf:params:scim:schemas:oracle:idcs:extension:dynamic:Group",
              "urn:ietf:params:scim:schemas:oracle:idcs:extension:OCITags",
              "urn:ietf:params:scim:schemas:oracle:idcs:extension:group:Group"
            ],
            "tags": [],
            "tenancy_ocid": "ocid1.tenancy.oc19..aaaaaaaa4ftkyx3ao73kndo3mbltj6gtbf27mxbgpu65a33ipgo2wqyj4zba",
            "timeouts": null,
            "urnietfparamsscimschemasoracleidcsextension_oci_tags": [
              {
                "defined_tags": [
                  {
                    "key": "CreatedBy",
                    "namespace": "Oracle-Tags",
                    "value": "default/jorge.e.torlaschi@accenture.com"
                  },
                  {
                    "key": "CreatedOn",
                    "namespace": "Oracle-Tags",
                    "value": "2026-03-10T14:42:52.678Z"
                  }
                ],
                "freeform_tags": [
                  {
                    "key": "ocilz-terraform-module",
                    "value": "iam-identity-domains/0.3.3"
                  }
                ],
                "tag_slug": ""
              }
            ],
            "urnietfparamsscimschemasoracleidcsextensiondbcs_group": [],
            "urnietfparamsscimschemasoracleidcsextensiondynamic_group": [
              {
                "membership_rule": "",
                "membership_type": "static"
              }
            ],
            "urnietfparamsscimschemasoracleidcsextensiongroup_group": [
              {
                "app_roles": [],
                "creation_mechanism": "",
                "description": "Tenancy global read access group(for security auditing or health checks).",
                "grants": [],
                "owners": [],
                "password_policy": [],
                "synced_from_app": []
              }
            ],
            "urnietfparamsscimschemasoracleidcsextensionposix_group": [],
            "urnietfparamsscimschemasoracleidcsextensionrequestable_group": []
          },
          "sensitive_attributes": [],
          "identity_schema_version": 0,
          "private": "eyJlMmJmYjczMC1lY2FhLTExZTYtOGY4OC0zNDM2M2JjN2M0YzAiOnsiY3JlYXRlIjoxMjAwMDAwMDAwMDAwLCJkZWxldGUiOjEyMDAwMDAwMDAwMDAsInVwZGF0ZSI6MTIwMDAwMDAwMDAwMH0sInNjaGVtYV92ZXJzaW9uIjoiMCJ9",
          "dependencies": [
            "module.oci_lz_orchestrator.data.oci_identity_regions.these",
            "module.oci_lz_orchestrator.data.oci_identity_tenancy.this",
            "module.oci_lz_orchestrator.module.oci_lz_compartments.oci_identity_compartment.level_2",
            "module.oci_lz_orchestrator.module.oci_lz_compartments.oci_identity_compartment.level_3",
            "module.oci_lz_orchestrator.module.oci_lz_compartments.oci_identity_compartment.level_4",
            "module.oci_lz_orchestrator.module.oci_lz_compartments.oci_identity_compartment.level_5",
            "module.oci_lz_orchestrator.module.oci_lz_compartments.oci_identity_compartment.level_6",
            "module.oci_lz_orchestrator.module.oci_lz_compartments.oci_identity_compartment.these",
            "module.oci_lz_orchestrator.module.oci_lz_compartments.oci_identity_tag_default.these",
            "module.oci_lz_orchestrator.module.oci_lz_identity_domains.data.oci_identity_domain.grp_domain",
            "module.oci_lz_orchestrator.module.oci_lz_identity_domains.data.oci_identity_domains_users.these",
            "module.oci_lz_orchestrator.module.oci_lz_identity_domains.data.oci_identity_regions.these",
            "module.oci_lz_orchestrator.module.oci_lz_identity_domains.data.oci_identity_tenancy.this",
            "module.oci_lz_orchestrator.module.oci_lz_identity_domains.oci_identity_domain.these",
            "module.oci_lz_orchestrator.module.oci_lz_tags.data.oci_identity_tag.default_created_by",
            "module.oci_lz_orchestrator.module.oci_lz_tags.data.oci_identity_tag.default_created_on",
            "module.oci_lz_orchestrator.module.oci_lz_tags.data.oci_identity_tag_namespaces.oracle_default",
            "module.oci_lz_orchestrator.module.oci_lz_tags.oci_identity_tag.these",
            "module.oci_lz_orchestrator.module.oci_lz_tags.oci_identity_tag_default.these",
            "module.oci_lz_orchestrator.module.oci_lz_tags.oci_identity_tag_namespace.these"
          ]
        },
        {
          "index_key": "GRP-COST-ADMIN-KEY",
          "schema_version": 0,
          "attributes": {
            "attribute_sets": null,
            "attributes": null,
            "authorization": null,
            "compartment_ocid": "ocid1.tenancy.oc19..aaaaaaaa4ftkyx3ao73kndo3mbltj6gtbf27mxbgpu65a33ipgo2wqyj4zba",
            "delete_in_progress": null,
            "display_name": "o-p-om2-grp-admi-costs-001",
            "domain_ocid": "ocid1.domain.oc19..aaaaaaaaeuc6e6twowrhwgh6i4dxyp22x7g6mf4sf6x7kg7bbddovq6q33aa",
            "external_id": null,
            "force_delete": null,
            "id": "7c6989c51bdf4e3b96efb129c2812166",
            "idcs_created_by": [
              {
                "display": "Jorge torlaschi",
                "ocid": "ocid1.user.oc19..aaaaaaaa5ccj642agovx5r4ag2efhpd5tak66j7s3dtoogvne4d2fxwcgfrq",
                "ref": "https://idcs-e0138a37daa84b4aacdb004b63eb5d75.eu-madrid-idcs-2.identity.oci.oraclecloud.eu:443/admin/v1/Users/bd17c9849edd447bbacd840ac616d92a",
                "type": "User",
                "value": "bd17c9849edd447bbacd840ac616d92a"
              }
            ],
            "idcs_endpoint": "https://idcs-e0138a37daa84b4aacdb004b63eb5d75.eu-madrid-idcs-2.identity.oci.oraclecloud.eu:443",
            "idcs_last_modified_by": [
              {
                "display": "Jorge torlaschi",
                "ocid": "ocid1.user.oc19..aaaaaaaa5ccj642agovx5r4ag2efhpd5tak66j7s3dtoogvne4d2fxwcgfrq",
                "ref": "https://idcs-e0138a37daa84b4aacdb004b63eb5d75.eu-madrid-idcs-2.identity.oci.oraclecloud.eu:443/admin/v1/Users/bd17c9849edd447bbacd840ac616d92a",
                "type": "User",
                "value": "bd17c9849edd447bbacd840ac616d92a"
              }
            ],
            "idcs_last_upgraded_in_release": null,
            "idcs_prevented_operations": [],
            "members": [],
            "meta": [
              {
                "created": "2026-03-10T14:42:52.762Z",
                "last_modified": "2026-04-07T15:07:59.689Z",
                "location": "https://idcs-e0138a37daa84b4aacdb004b63eb5d75.eu-madrid-idcs-2.identity.oci.oraclecloud.eu:443/admin/v1/Groups/7c6989c51bdf4e3b96efb129c2812166",
                "resource_type": "Group",
                "version": "1effee4c151c4d7498fa664aa2e876fe"
              }
            ],
            "non_unique_display_name": null,
            "ocid": "ocid1.group.oc19..aaaaaaaaea7efpuh2x7fbuumuesttduvmhx232mv6gwci3kij7wqboog6v3q",
            "resource_type_schema_version": null,
            "schemas": [
              "urn:ietf:params:scim:schemas:core:2.0:Group",
              "urn:ietf:params:scim:schemas:oracle:idcs:extension:dynamic:Group",
              "urn:ietf:params:scim:schemas:oracle:idcs:extension:OCITags",
              "urn:ietf:params:scim:schemas:oracle:idcs:extension:group:Group"
            ],
            "tags": [],
            "tenancy_ocid": "ocid1.tenancy.oc19..aaaaaaaa4ftkyx3ao73kndo3mbltj6gtbf27mxbgpu65a33ipgo2wqyj4zba",
            "timeouts": null,
            "urnietfparamsscimschemasoracleidcsextension_oci_tags": [
              {
                "defined_tags": [
                  {
                    "key": "CreatedBy",
                    "namespace": "Oracle-Tags",
                    "value": "default/jorge.e.torlaschi@accenture.com"
                  },
                  {
                    "key": "CreatedOn",
                    "namespace": "Oracle-Tags",
                    "value": "2026-03-10T14:42:52.743Z"
                  }
                ],
                "freeform_tags": [
                  {
                    "key": "ocilz-terraform-module",
                    "value": "iam-identity-domains/0.3.3"
                  }
                ],
                "tag_slug": ""
              }
            ],
            "urnietfparamsscimschemasoracleidcsextensiondbcs_group": [],
            "urnietfparamsscimschemasoracleidcsextensiondynamic_group": [
              {
                "membership_rule": "",
                "membership_type": "static"
              }
            ],
            "urnietfparamsscimschemasoracleidcsextensiongroup_group": [
              {
                "app_roles": [],
                "creation_mechanism": "",
                "description": "Tenancy global cost control group.",
                "grants": [],
                "owners": [],
                "password_policy": [],
                "synced_from_app": []
              }
            ],
            "urnietfparamsscimschemasoracleidcsextensionposix_group": [],
            "urnietfparamsscimschemasoracleidcsextensionrequestable_group": []
          },
          "sensitive_attributes": [],
          "identity_schema_version": 0,
          "private": "eyJlMmJmYjczMC1lY2FhLTExZTYtOGY4OC0zNDM2M2JjN2M0YzAiOnsiY3JlYXRlIjoxMjAwMDAwMDAwMDAwLCJkZWxldGUiOjEyMDAwMDAwMDAwMDAsInVwZGF0ZSI6MTIwMDAwMDAwMDAwMH0sInNjaGVtYV92ZXJzaW9uIjoiMCJ9",
          "dependencies": [
            "module.oci_lz_orchestrator.data.oci_identity_regions.these",
            "module.oci_lz_orchestrator.data.oci_identity_tenancy.this",
            "module.oci_lz_orchestrator.module.oci_lz_compartments.oci_identity_compartment.level_2",
            "module.oci_lz_orchestrator.module.oci_lz_compartments.oci_identity_compartment.level_3",
            "module.oci_lz_orchestrator.module.oci_lz_compartments.oci_identity_compartment.level_4",
            "module.oci_lz_orchestrator.module.oci_lz_compartments.oci_identity_compartment.level_5",
            "module.oci_lz_orchestrator.module.oci_lz_compartments.oci_identity_compartment.level_6",
            "module.oci_lz_orchestrator.module.oci_lz_compartments.oci_identity_compartment.these",
            "module.oci_lz_orchestrator.module.oci_lz_compartments.oci_identity_tag_default.these",
            "module.oci_lz_orchestrator.module.oci_lz_identity_domains.data.oci_identity_domain.grp_domain",
            "module.oci_lz_orchestrator.module.oci_lz_identity_domains.data.oci_identity_domains_users.these",
            "module.oci_lz_orchestrator.module.oci_lz_identity_domains.data.oci_identity_regions.these",
            "module.oci_lz_orchestrator.module.oci_lz_identity_domains.data.oci_identity_tenancy.this",
            "module.oci_lz_orchestrator.module.oci_lz_identity_domains.oci_identity_domain.these",
            "module.oci_lz_orchestrator.module.oci_lz_tags.data.oci_identity_tag.default_created_by",
            "module.oci_lz_orchestrator.module.oci_lz_tags.data.oci_identity_tag.default_created_on",
            "module.oci_lz_orchestrator.module.oci_lz_tags.data.oci_identity_tag_namespaces.oracle_default",
            "module.oci_lz_orchestrator.module.oci_lz_tags.oci_identity_tag.these",
            "module.oci_lz_orchestrator.module.oci_lz_tags.oci_identity_tag_default.these",
            "module.oci_lz_orchestrator.module.oci_lz_tags.oci_identity_tag_namespace.these"
          ]
        },
        {
          "index_key": "GRP-GLOBALSERV-ADMIN-KEY",
          "schema_version": 0,
          "attributes": {
            "attribute_sets": null,
            "attributes": null,
            "authorization": null,
            "compartment_ocid": "ocid1.tenancy.oc19..aaaaaaaa4ftkyx3ao73kndo3mbltj6gtbf27mxbgpu65a33ipgo2wqyj4zba",
            "delete_in_progress": null,
            "display_name": "o-p-om2-grp-admi-globalserv-001",
            "domain_ocid": "ocid1.domain.oc19..aaaaaaaaeuc6e6twowrhwgh6i4dxyp22x7g6mf4sf6x7kg7bbddovq6q33aa",
            "external_id": null,
            "force_delete": null,
            "id": "23ef3bf6cadb4c569054a54dba4eec97",
            "idcs_created_by": [
              {
                "display": "Jorge torlaschi",
                "ocid": "ocid1.user.oc19..aaaaaaaa5ccj642agovx5r4ag2efhpd5tak66j7s3dtoogvne4d2fxwcgfrq",
                "ref": "https://idcs-e0138a37daa84b4aacdb004b63eb5d75.eu-madrid-idcs-2.identity.oci.oraclecloud.eu:443/admin/v1/Users/bd17c9849edd447bbacd840ac616d92a",
                "type": "User",
                "value": "bd17c9849edd447bbacd840ac616d92a"
              }
            ],
            "idcs_endpoint": "https://idcs-e0138a37daa84b4aacdb004b63eb5d75.eu-madrid-idcs-2.identity.oci.oraclecloud.eu:443",
            "idcs_last_modified_by": [
              {
                "display": "Jorge torlaschi",
                "ocid": "ocid1.user.oc19..aaaaaaaa5ccj642agovx5r4ag2efhpd5tak66j7s3dtoogvne4d2fxwcgfrq",
                "ref": "https://idcs-e0138a37daa84b4aacdb004b63eb5d75.eu-madrid-idcs-2.identity.oci.oraclecloud.eu:443/admin/v1/Users/bd17c9849edd447bbacd840ac616d92a",
                "type": "User",
                "value": "bd17c9849edd447bbacd840ac616d92a"
              }
            ],
            "idcs_last_upgraded_in_release": null,
            "idcs_prevented_operations": [],
            "members": [],
            "meta": [
              {
                "created": "2026-03-10T14:42:52.843Z",
                "last_modified": "2026-04-07T15:07:59.696Z",
                "location": "https://idcs-e0138a37daa84b4aacdb004b63eb5d75.eu-madrid-idcs-2.identity.oci.oraclecloud.eu:443/admin/v1/Groups/23ef3bf6cadb4c569054a54dba4eec97",
                "resource_type": "Group",
                "version": "77408262d4d24e05b76b3f13d40d2578"
              }
            ],
            "non_unique_display_name": null,
            "ocid": "ocid1.group.oc19..aaaaaaaaeuquftofnq4gmm4ouyzueslglg5te7ucqoj6k4dyaceuhfisvwka",
            "resource_type_schema_version": null,
            "schemas": [
              "urn:ietf:params:scim:schemas:core:2.0:Group",
              "urn:ietf:params:scim:schemas:oracle:idcs:extension:dynamic:Group",
              "urn:ietf:params:scim:schemas:oracle:idcs:extension:OCITags",
              "urn:ietf:params:scim:schemas:oracle:idcs:extension:group:Group"
            ],
            "tags": [],
            "tenancy_ocid": "ocid1.tenancy.oc19..aaaaaaaa4ftkyx3ao73kndo3mbltj6gtbf27mxbgpu65a33ipgo2wqyj4zba",
            "timeouts": null,
            "urnietfparamsscimschemasoracleidcsextension_oci_tags": [
              {
                "defined_tags": [
                  {
                    "key": "CreatedBy",
                    "namespace": "Oracle-Tags",
                    "value": "default/jorge.e.torlaschi@accenture.com"
                  },
                  {
                    "key": "CreatedOn",
                    "namespace": "Oracle-Tags",
                    "value": "2026-03-10T14:42:52.817Z"
                  }
                ],
                "freeform_tags": [
                  {
                    "key": "ocilz-terraform-module",
                    "value": "iam-identity-domains/0.3.3"
                  }
                ],
                "tag_slug": ""
              }
            ],
            "urnietfparamsscimschemasoracleidcsextensiondbcs_group": [],
            "urnietfparamsscimschemasoracleidcsextensiondynamic_group": [
              {
                "membership_rule": "",
                "membership_type": "static"
              }
            ],
            "urnietfparamsscimschemasoracleidcsextensiongroup_group": [
              {
                "app_roles": [],
                "creation_mechanism": "",
                "description": "Tenancy Administrators for global services, as Cloud Guard.",
                "grants": [],
                "owners": [],
                "password_policy": [],
                "synced_from_app": []
              }
            ],
            "urnietfparamsscimschemasoracleidcsextensionposix_group": [],
            "urnietfparamsscimschemasoracleidcsextensionrequestable_group": []
          },
          "sensitive_attributes": [],
          "identity_schema_version": 0,
          "private": "eyJlMmJmYjczMC1lY2FhLTExZTYtOGY4OC0zNDM2M2JjN2M0YzAiOnsiY3JlYXRlIjoxMjAwMDAwMDAwMDAwLCJkZWxldGUiOjEyMDAwMDAwMDAwMDAsInVwZGF0ZSI6MTIwMDAwMDAwMDAwMH0sInNjaGVtYV92ZXJzaW9uIjoiMCJ9",
          "dependencies": [
            "module.oci_lz_orchestrator.data.oci_identity_regions.these",
            "module.oci_lz_orchestrator.data.oci_identity_tenancy.this",
            "module.oci_lz_orchestrator.module.oci_lz_compartments.oci_identity_compartment.level_2",
            "module.oci_lz_orchestrator.module.oci_lz_compartments.oci_identity_compartment.level_3",
            "module.oci_lz_orchestrator.module.oci_lz_compartments.oci_identity_compartment.level_4",
            "module.oci_lz_orchestrator.module.oci_lz_compartments.oci_identity_compartment.level_5",
            "module.oci_lz_orchestrator.module.oci_lz_compartments.oci_identity_compartment.level_6",
            "module.oci_lz_orchestrator.module.oci_lz_compartments.oci_identity_compartment.these",
            "module.oci_lz_orchestrator.module.oci_lz_compartments.oci_identity_tag_default.these",
            "module.oci_lz_orchestrator.module.oci_lz_identity_domains.data.oci_identity_domain.grp_domain",
            "module.oci_lz_orchestrator.module.oci_lz_identity_domains.data.oci_identity_domains_users.these",
            "module.oci_lz_orchestrator.module.oci_lz_identity_domains.data.oci_identity_regions.these",
            "module.oci_lz_orchestrator.module.oci_lz_identity_domains.data.oci_identity_tenancy.this",
            "module.oci_lz_orchestrator.module.oci_lz_identity_domains.oci_identity_domain.these",
            "module.oci_lz_orchestrator.module.oci_lz_tags.data.oci_identity_tag.default_created_by",
            "module.oci_lz_orchestrator.module.oci_lz_tags.data.oci_identity_tag.default_created_on",
            "module.oci_lz_orchestrator.module.oci_lz_tags.data.oci_identity_tag_namespaces.oracle_default",
            "module.oci_lz_orchestrator.module.oci_lz_tags.oci_identity_tag.these",
            "module.oci_lz_orchestrator.module.oci_lz_tags.oci_identity_tag_default.these",
            "module.oci_lz_orchestrator.module.oci_lz_tags.oci_identity_tag_namespace.these"
          ]
        },
        {
          "index_key": "GRP-IAM-ADMIN-KEY",
          "schema_version": 0,
          "attributes": {
            "attribute_sets": null,
            "attributes": null,
            "authorization": null,
            "compartment_ocid": "ocid1.tenancy.oc19..aaaaaaaa4ftkyx3ao73kndo3mbltj6gtbf27mxbgpu65a33ipgo2wqyj4zba",
            "delete_in_progress": null,
            "display_name": "o-p-om2-grp-admi-iam-001",
            "domain_ocid": "ocid1.domain.oc19..aaaaaaaaeuc6e6twowrhwgh6i4dxyp22x7g6mf4sf6x7kg7bbddovq6q33aa",
            "external_id": null,
            "force_delete": null,
            "id": "8db5d4ee2d4d4872ba1174f6f9d3a72b",
            "idcs_created_by": [
              {
                "display": "Jorge torlaschi",
                "ocid": "ocid1.user.oc19..aaaaaaaa5ccj642agovx5r4ag2efhpd5tak66j7s3dtoogvne4d2fxwcgfrq",
                "ref": "https://idcs-e0138a37daa84b4aacdb004b63eb5d75.eu-madrid-idcs-2.identity.oci.oraclecloud.eu:443/admin/v1/Users/bd17c9849edd447bbacd840ac616d92a",
                "type": "User",
                "value": "bd17c9849edd447bbacd840ac616d92a"
              }
            ],
            "idcs_endpoint": "https://idcs-e0138a37daa84b4aacdb004b63eb5d75.eu-madrid-idcs-2.identity.oci.oraclecloud.eu:443",
            "idcs_last_modified_by": [
              {
                "display": "Jorge torlaschi",
                "ocid": "ocid1.user.oc19..aaaaaaaa5ccj642agovx5r4ag2efhpd5tak66j7s3dtoogvne4d2fxwcgfrq",
                "ref": "https://idcs-e0138a37daa84b4aacdb004b63eb5d75.eu-madrid-idcs-2.identity.oci.oraclecloud.eu:443/admin/v1/Users/bd17c9849edd447bbacd840ac616d92a",
                "type": "User",
                "value": "bd17c9849edd447bbacd840ac616d92a"
              }
            ],
            "idcs_last_upgraded_in_release": null,
            "idcs_prevented_operations": [],
            "members": [],
            "meta": [
              {
                "created": "2026-03-10T14:42:52.706Z",
                "last_modified": "2026-04-07T15:07:59.698Z",
                "location": "https://idcs-e0138a37daa84b4aacdb004b63eb5d75.eu-madrid-idcs-2.identity.oci.oraclecloud.eu:443/admin/v1/Groups/8db5d4ee2d4d4872ba1174f6f9d3a72b",
                "resource_type": "Group",
                "version": "4eb60d1bddfb4fada07194a4236d13c6"
              }
            ],
            "non_unique_display_name": null,
            "ocid": "ocid1.group.oc19..aaaaaaaaqmdpmbptjf3dtu6mwjve4hzg5bx3435oho6raesgvbuguunx3zgq",
            "resource_type_schema_version": null,
            "schemas": [
              "urn:ietf:params:scim:schemas:core:2.0:Group",
              "urn:ietf:params:scim:schemas:oracle:idcs:extension:dynamic:Group",
              "urn:ietf:params:scim:schemas:oracle:idcs:extension:OCITags",
              "urn:ietf:params:scim:schemas:oracle:idcs:extension:group:Group"
            ],
            "tags": [],
            "tenancy_ocid": "ocid1.tenancy.oc19..aaaaaaaa4ftkyx3ao73kndo3mbltj6gtbf27mxbgpu65a33ipgo2wqyj4zba",
            "timeouts": null,
            "urnietfparamsscimschemasoracleidcsextension_oci_tags": [
              {
                "defined_tags": [
                  {
                    "key": "CreatedBy",
                    "namespace": "Oracle-Tags",
                    "value": "default/jorge.e.torlaschi@accenture.com"
                  },
                  {
                    "key": "CreatedOn",
                    "namespace": "Oracle-Tags",
                    "value": "2026-03-10T14:42:52.683Z"
                  }
                ],
                "freeform_tags": [
                  {
                    "key": "ocilz-terraform-module",
                    "value": "iam-identity-domains/0.3.3"
                  }
                ],
                "tag_slug": ""
              }
            ],
            "urnietfparamsscimschemasoracleidcsextensiondbcs_group": [],
            "urnietfparamsscimschemasoracleidcsextensiondynamic_group": [
              {
                "membership_rule": "",
                "membership_type": "static"
              }
            ],
            "urnietfparamsscimschemasoracleidcsextensiongroup_group": [
              {
                "app_roles": [],
                "creation_mechanism": "",
                "description": "Tenancy global Identity and access management administrator group.",
                "grants": [],
                "owners": [],
                "password_policy": [],
                "synced_from_app": []
              }
            ],
            "urnietfparamsscimschemasoracleidcsextensionposix_group": [],
            "urnietfparamsscimschemasoracleidcsextensionrequestable_group": []
          },
          "sensitive_attributes": [],
          "identity_schema_version": 0,
          "private": "eyJlMmJmYjczMC1lY2FhLTExZTYtOGY4OC0zNDM2M2JjN2M0YzAiOnsiY3JlYXRlIjoxMjAwMDAwMDAwMDAwLCJkZWxldGUiOjEyMDAwMDAwMDAwMDAsInVwZGF0ZSI6MTIwMDAwMDAwMDAwMH0sInNjaGVtYV92ZXJzaW9uIjoiMCJ9",
          "dependencies": [
            "module.oci_lz_orchestrator.data.oci_identity_regions.these",
            "module.oci_lz_orchestrator.data.oci_identity_tenancy.this",
            "module.oci_lz_orchestrator.module.oci_lz_compartments.oci_identity_compartment.level_2",
            "module.oci_lz_orchestrator.module.oci_lz_compartments.oci_identity_compartment.level_3",
            "module.oci_lz_orchestrator.module.oci_lz_compartments.oci_identity_compartment.level_4",
            "module.oci_lz_orchestrator.module.oci_lz_compartments.oci_identity_compartment.level_5",
            "module.oci_lz_orchestrator.module.oci_lz_compartments.oci_identity_compartment.level_6",
            "module.oci_lz_orchestrator.module.oci_lz_compartments.oci_identity_compartment.these",
            "module.oci_lz_orchestrator.module.oci_lz_compartments.oci_identity_tag_default.these",
            "module.oci_lz_orchestrator.module.oci_lz_identity_domains.data.oci_identity_domain.grp_domain",
            "module.oci_lz_orchestrator.module.oci_lz_identity_domains.data.oci_identity_domains_users.these",
            "module.oci_lz_orchestrator.module.oci_lz_identity_domains.data.oci_identity_regions.these",
            "module.oci_lz_orchestrator.module.oci_lz_identity_domains.data.oci_identity_tenancy.this",
            "module.oci_lz_orchestrator.module.oci_lz_identity_domains.oci_identity_domain.these",
            "module.oci_lz_orchestrator.module.oci_lz_tags.data.oci_identity_tag.default_created_by",
            "module.oci_lz_orchestrator.module.oci_lz_tags.data.oci_identity_tag.default_created_on",
            "module.oci_lz_orchestrator.module.oci_lz_tags.data.oci_identity_tag_namespaces.oracle_default",
            "module.oci_lz_orchestrator.module.oci_lz_tags.oci_identity_tag.these",
            "module.oci_lz_orchestrator.module.oci_lz_tags.oci_identity_tag_default.these",
            "module.oci_lz_orchestrator.module.oci_lz_tags.oci_identity_tag_namespace.these"
          ]
        },
        {
          "index_key": "GRP-LZ-DB-ADMINS",
          "schema_version": 0,
          "attributes": {
            "attribute_sets": null,
            "attributes": null,
            "authorization": null,
            "compartment_ocid": "ocid1.tenancy.oc19..aaaaaaaa4ftkyx3ao73kndo3mbltj6gtbf27mxbgpu65a33ipgo2wqyj4zba",
            "delete_in_progress": null,
            "display_name": "o-p-om2-grp-admi-database-001",
            "domain_ocid": "ocid1.domain.oc19..aaaaaaaaeuc6e6twowrhwgh6i4dxyp22x7g6mf4sf6x7kg7bbddovq6q33aa",
            "external_id": null,
            "force_delete": null,
            "id": "32ed5ce0c1e94813aa968f24cc79d4b1",
            "idcs_created_by": [
              {
                "display": "Jorge torlaschi",
                "ocid": "ocid1.user.oc19..aaaaaaaa5ccj642agovx5r4ag2efhpd5tak66j7s3dtoogvne4d2fxwcgfrq",
                "ref": "https://idcs-e0138a37daa84b4aacdb004b63eb5d75.eu-madrid-idcs-2.identity.oci.oraclecloud.eu:443/admin/v1/Users/bd17c9849edd447bbacd840ac616d92a",
                "type": "User",
                "value": "bd17c9849edd447bbacd840ac616d92a"
              }
            ],
            "idcs_endpoint": "https://idcs-e0138a37daa84b4aacdb004b63eb5d75.eu-madrid-idcs-2.identity.oci.oraclecloud.eu:443",
            "idcs_last_modified_by": [
              {
                "display": "Jorge torlaschi",
                "ocid": "ocid1.user.oc19..aaaaaaaa5ccj642agovx5r4ag2efhpd5tak66j7s3dtoogvne4d2fxwcgfrq",
                "ref": "https://idcs-e0138a37daa84b4aacdb004b63eb5d75.eu-madrid-idcs-2.identity.oci.oraclecloud.eu:443/admin/v1/Users/bd17c9849edd447bbacd840ac616d92a",
                "type": "User",
                "value": "bd17c9849edd447bbacd840ac616d92a"
              }
            ],
            "idcs_last_upgraded_in_release": null,
            "idcs_prevented_operations": [],
            "members": [],
            "meta": [
              {
                "created": "2026-03-10T14:42:52.535Z",
                "last_modified": "2026-04-07T15:07:59.699Z",
                "location": "https://idcs-e0138a37daa84b4aacdb004b63eb5d75.eu-madrid-idcs-2.identity.oci.oraclecloud.eu:443/admin/v1/Groups/32ed5ce0c1e94813aa968f24cc79d4b1",
                "resource_type": "Group",
                "version": "899a46a15d124ac199b5d3ee3915181f"
              }
            ],
            "non_unique_display_name": null,
            "ocid": "ocid1.group.oc19..aaaaaaaaajzreoseaygb5dqpkxwyhlewlwo5tukil6rn3c7gsh363kmze63q",
            "resource_type_schema_version": null,
            "schemas": [
              "urn:ietf:params:scim:schemas:core:2.0:Group",
              "urn:ietf:params:scim:schemas:oracle:idcs:extension:dynamic:Group",
              "urn:ietf:params:scim:schemas:oracle:idcs:extension:OCITags",
              "urn:ietf:params:scim:schemas:oracle:idcs:extension:group:Group"
            ],
            "tags": [],
            "tenancy_ocid": "ocid1.tenancy.oc19..aaaaaaaa4ftkyx3ao73kndo3mbltj6gtbf27mxbgpu65a33ipgo2wqyj4zba",
            "timeouts": null,
            "urnietfparamsscimschemasoracleidcsextension_oci_tags": [
              {
                "defined_tags": [
                  {
                    "key": "CreatedBy",
                    "namespace": "Oracle-Tags",
                    "value": "default/jorge.e.torlaschi@accenture.com"
                  },
                  {
                    "key": "CreatedOn",
                    "namespace": "Oracle-Tags",
                    "value": "2026-03-10T14:42:52.506Z"
                  }
                ],
                "freeform_tags": [
                  {
                    "key": "ocilz-terraform-module",
                    "value": "iam-identity-domains/0.3.3"
                  }
                ],
                "tag_slug": ""
              }
            ],
            "urnietfparamsscimschemasoracleidcsextensiondbcs_group": [],
            "urnietfparamsscimschemasoracleidcsextensiondynamic_group": [
              {
                "membership_rule": "",
                "membership_type": "static"
              }
            ],
            "urnietfparamsscimschemasoracleidcsextensiongroup_group": [
              {
                "app_roles": [],
                "creation_mechanism": "",
                "description": "Global exacs administration, DBA Team group",
                "grants": [],
                "owners": [],
                "password_policy": [],
                "synced_from_app": []
              }
            ],
            "urnietfparamsscimschemasoracleidcsextensionposix_group": [],
            "urnietfparamsscimschemasoracleidcsextensionrequestable_group": []
          },
          "sensitive_attributes": [],
          "identity_schema_version": 0,
          "private": "eyJlMmJmYjczMC1lY2FhLTExZTYtOGY4OC0zNDM2M2JjN2M0YzAiOnsiY3JlYXRlIjoxMjAwMDAwMDAwMDAwLCJkZWxldGUiOjEyMDAwMDAwMDAwMDAsInVwZGF0ZSI6MTIwMDAwMDAwMDAwMH0sInNjaGVtYV92ZXJzaW9uIjoiMCJ9",
          "dependencies": [
            "module.oci_lz_orchestrator.data.oci_identity_regions.these",
            "module.oci_lz_orchestrator.data.oci_identity_tenancy.this",
            "module.oci_lz_orchestrator.module.oci_lz_compartments.oci_identity_compartment.level_2",
            "module.oci_lz_orchestrator.module.oci_lz_compartments.oci_identity_compartment.level_3",
            "module.oci_lz_orchestrator.module.oci_lz_compartments.oci_identity_compartment.level_4",
            "module.oci_lz_orchestrator.module.oci_lz_compartments.oci_identity_compartment.level_5",
            "module.oci_lz_orchestrator.module.oci_lz_compartments.oci_identity_compartment.level_6",
            "module.oci_lz_orchestrator.module.oci_lz_compartments.oci_identity_compartment.these",
            "module.oci_lz_orchestrator.module.oci_lz_compartments.oci_identity_tag_default.these",
            "module.oci_lz_orchestrator.module.oci_lz_identity_domains.data.oci_identity_domain.grp_domain",
            "module.oci_lz_orchestrator.module.oci_lz_identity_domains.data.oci_identity_domains_users.these",
            "module.oci_lz_orchestrator.module.oci_lz_identity_domains.data.oci_identity_regions.these",
            "module.oci_lz_orchestrator.module.oci_lz_identity_domains.data.oci_identity_tenancy.this",
            "module.oci_lz_orchestrator.module.oci_lz_identity_domains.oci_identity_domain.these",
            "module.oci_lz_orchestrator.module.oci_lz_tags.data.oci_identity_tag.default_created_by",
            "module.oci_lz_orchestrator.module.oci_lz_tags.data.oci_identity_tag.default_created_on",
            "module.oci_lz_orchestrator.module.oci_lz_tags.data.oci_identity_tag_namespaces.oracle_default",
            "module.oci_lz_orchestrator.module.oci_lz_tags.oci_identity_tag.these",
            "module.oci_lz_orchestrator.module.oci_lz_tags.oci_identity_tag_default.these",
            "module.oci_lz_orchestrator.module.oci_lz_tags.oci_identity_tag_namespace.these"
          ]
        },
        {
          "index_key": "GRP-LZ-INFRA-ADMINS",
          "schema_version": 0,
          "attributes": {
            "attribute_sets": null,
            "attributes": null,
            "authorization": null,
            "compartment_ocid": "ocid1.tenancy.oc19..aaaaaaaa4ftkyx3ao73kndo3mbltj6gtbf27mxbgpu65a33ipgo2wqyj4zba",
            "delete_in_progress": null,
            "display_name": "o-p-om2-grp-admi-infra-001",
            "domain_ocid": "ocid1.domain.oc19..aaaaaaaaeuc6e6twowrhwgh6i4dxyp22x7g6mf4sf6x7kg7bbddovq6q33aa",
            "external_id": null,
            "force_delete": null,
            "id": "1f2d6edbbdba48de93f4fedd4c65173d",
            "idcs_created_by": [
              {
                "display": "Jorge torlaschi",
                "ocid": "ocid1.user.oc19..aaaaaaaa5ccj642agovx5r4ag2efhpd5tak66j7s3dtoogvne4d2fxwcgfrq",
                "ref": "https://idcs-e0138a37daa84b4aacdb004b63eb5d75.eu-madrid-idcs-2.identity.oci.oraclecloud.eu:443/admin/v1/Users/bd17c9849edd447bbacd840ac616d92a",
                "type": "User",
                "value": "bd17c9849edd447bbacd840ac616d92a"
              }
            ],
            "idcs_endpoint": "https://idcs-e0138a37daa84b4aacdb004b63eb5d75.eu-madrid-idcs-2.identity.oci.oraclecloud.eu:443",
            "idcs_last_modified_by": [
              {
                "display": "Jorge torlaschi",
                "ocid": "ocid1.user.oc19..aaaaaaaa5ccj642agovx5r4ag2efhpd5tak66j7s3dtoogvne4d2fxwcgfrq",
                "ref": "https://idcs-e0138a37daa84b4aacdb004b63eb5d75.eu-madrid-idcs-2.identity.oci.oraclecloud.eu:443/admin/v1/Users/bd17c9849edd447bbacd840ac616d92a",
                "type": "User",
                "value": "bd17c9849edd447bbacd840ac616d92a"
              }
            ],
            "idcs_last_upgraded_in_release": null,
            "idcs_prevented_operations": [],
            "members": [],
            "meta": [
              {
                "created": "2026-03-10T14:42:52.541Z",
                "last_modified": "2026-04-07T15:07:59.689Z",
                "location": "https://idcs-e0138a37daa84b4aacdb004b63eb5d75.eu-madrid-idcs-2.identity.oci.oraclecloud.eu:443/admin/v1/Groups/1f2d6edbbdba48de93f4fedd4c65173d",
                "resource_type": "Group",
                "version": "692657cdfee34574b0b17cab693ba573"
              }
            ],
            "non_unique_display_name": null,
            "ocid": "ocid1.group.oc19..aaaaaaaatuzlxo6zodvdt2hxmkslxkgqw2othkssr6ix7d2nan5uipq227aq",
            "resource_type_schema_version": null,
            "schemas": [
              "urn:ietf:params:scim:schemas:core:2.0:Group",
              "urn:ietf:params:scim:schemas:oracle:idcs:extension:dynamic:Group",
              "urn:ietf:params:scim:schemas:oracle:idcs:extension:OCITags",
              "urn:ietf:params:scim:schemas:oracle:idcs:extension:group:Group"
            ],
            "tags": [],
            "tenancy_ocid": "ocid1.tenancy.oc19..aaaaaaaa4ftkyx3ao73kndo3mbltj6gtbf27mxbgpu65a33ipgo2wqyj4zba",
            "timeouts": null,
            "urnietfparamsscimschemasoracleidcsextension_oci_tags": [
              {
                "defined_tags": [
                  {
                    "key": "CreatedBy",
                    "namespace": "Oracle-Tags",
                    "value": "default/jorge.e.torlaschi@accenture.com"
                  },
                  {
                    "key": "CreatedOn",
                    "namespace": "Oracle-Tags",
                    "value": "2026-03-10T14:42:52.512Z"
                  }
                ],
                "freeform_tags": [
                  {
                    "key": "ocilz-terraform-module",
                    "value": "iam-identity-domains/0.3.3"
                  }
                ],
                "tag_slug": ""
              }
            ],
            "urnietfparamsscimschemasoracleidcsextensiondbcs_group": [],
            "urnietfparamsscimschemasoracleidcsextensiondynamic_group": [
              {
                "membership_rule": "",
                "membership_type": "static"
              }
            ],
            "urnietfparamsscimschemasoracleidcsextensiongroup_group": [
              {
                "app_roles": [],
                "creation_mechanism": "",
                "description": "Global exacs administration, Infra Team group",
                "grants": [],
                "owners": [],
                "password_policy": [],
                "synced_from_app": []
              }
            ],
            "urnietfparamsscimschemasoracleidcsextensionposix_group": [],
            "urnietfparamsscimschemasoracleidcsextensionrequestable_group": []
          },
          "sensitive_attributes": [],
          "identity_schema_version": 0,
          "private": "eyJlMmJmYjczMC1lY2FhLTExZTYtOGY4OC0zNDM2M2JjN2M0YzAiOnsiY3JlYXRlIjoxMjAwMDAwMDAwMDAwLCJkZWxldGUiOjEyMDAwMDAwMDAwMDAsInVwZGF0ZSI6MTIwMDAwMDAwMDAwMH0sInNjaGVtYV92ZXJzaW9uIjoiMCJ9",
          "dependencies": [
            "module.oci_lz_orchestrator.data.oci_identity_regions.these",
            "module.oci_lz_orchestrator.data.oci_identity_tenancy.this",
            "module.oci_lz_orchestrator.module.oci_lz_compartments.oci_identity_compartment.level_2",
            "module.oci_lz_orchestrator.module.oci_lz_compartments.oci_identity_compartment.level_3",
            "module.oci_lz_orchestrator.module.oci_lz_compartments.oci_identity_compartment.level_4",
            "module.oci_lz_orchestrator.module.oci_lz_compartments.oci_identity_compartment.level_5",
            "module.oci_lz_orchestrator.module.oci_lz_compartments.oci_identity_compartment.level_6",
            "module.oci_lz_orchestrator.module.oci_lz_compartments.oci_identity_compartment.these",
            "module.oci_lz_orchestrator.module.oci_lz_compartments.oci_identity_tag_default.these",
            "module.oci_lz_orchestrator.module.oci_lz_identity_domains.data.oci_identity_domain.grp_domain",
            "module.oci_lz_orchestrator.module.oci_lz_identity_domains.data.oci_identity_domains_users.these",
            "module.oci_lz_orchestrator.module.oci_lz_identity_domains.data.oci_identity_regions.these",
            "module.oci_lz_orchestrator.module.oci_lz_identity_domains.data.oci_identity_tenancy.this",
            "module.oci_lz_orchestrator.module.oci_lz_identity_domains.oci_identity_domain.these",
            "module.oci_lz_orchestrator.module.oci_lz_tags.data.oci_identity_tag.default_created_by",
            "module.oci_lz_orchestrator.module.oci_lz_tags.data.oci_identity_tag.default_created_on",
            "module.oci_lz_orchestrator.module.oci_lz_tags.data.oci_identity_tag_namespaces.oracle_default",
            "module.oci_lz_orchestrator.module.oci_lz_tags.oci_identity_tag.these",
            "module.oci_lz_orchestrator.module.oci_lz_tags.oci_identity_tag_default.these",
            "module.oci_lz_orchestrator.module.oci_lz_tags.oci_identity_tag_namespace.these"
          ]
        },
        {
          "index_key": "GRP-NETWORK-ADMIN-KEY",
          "schema_version": 0,
          "attributes": {
            "attribute_sets": null,
            "attributes": null,
            "authorization": null,
            "compartment_ocid": "ocid1.tenancy.oc19..aaaaaaaa4ftkyx3ao73kndo3mbltj6gtbf27mxbgpu65a33ipgo2wqyj4zba",
            "delete_in_progress": null,
            "display_name": "o-p-om2-grp-admi-network-001",
            "domain_ocid": "ocid1.domain.oc19..aaaaaaaaeuc6e6twowrhwgh6i4dxyp22x7g6mf4sf6x7kg7bbddovq6q33aa",
            "external_id": null,
            "force_delete": null,
            "id": "1f2d88b9fb024af691e8993071ec3bc7",
            "idcs_created_by": [
              {
                "display": "Jorge torlaschi",
                "ocid": "ocid1.user.oc19..aaaaaaaa5ccj642agovx5r4ag2efhpd5tak66j7s3dtoogvne4d2fxwcgfrq",
                "ref": "https://idcs-e0138a37daa84b4aacdb004b63eb5d75.eu-madrid-idcs-2.identity.oci.oraclecloud.eu:443/admin/v1/Users/bd17c9849edd447bbacd840ac616d92a",
                "type": "User",
                "value": "bd17c9849edd447bbacd840ac616d92a"
              }
            ],
            "idcs_endpoint": "https://idcs-e0138a37daa84b4aacdb004b63eb5d75.eu-madrid-idcs-2.identity.oci.oraclecloud.eu:443",
            "idcs_last_modified_by": [
              {
                "display": "Jorge torlaschi",
                "ocid": "ocid1.user.oc19..aaaaaaaa5ccj642agovx5r4ag2efhpd5tak66j7s3dtoogvne4d2fxwcgfrq",
                "ref": "https://idcs-e0138a37daa84b4aacdb004b63eb5d75.eu-madrid-idcs-2.identity.oci.oraclecloud.eu:443/admin/v1/Users/bd17c9849edd447bbacd840ac616d92a",
                "type": "User",
                "value": "bd17c9849edd447bbacd840ac616d92a"
              }
            ],
            "idcs_last_upgraded_in_release": null,
            "idcs_prevented_operations": [],
            "members": [],
            "meta": [
              {
                "created": "2026-03-10T14:42:52.535Z",
                "last_modified": "2026-04-07T15:07:59.689Z",
                "location": "https://idcs-e0138a37daa84b4aacdb004b63eb5d75.eu-madrid-idcs-2.identity.oci.oraclecloud.eu:443/admin/v1/Groups/1f2d88b9fb024af691e8993071ec3bc7",
                "resource_type": "Group",
                "version": "374e278f23454def976276f6516ef9c4"
              }
            ],
            "non_unique_display_name": null,
            "ocid": "ocid1.group.oc19..aaaaaaaar3h7eyjzyg7huk6hdhygeibsgumvijcf64gvp25eda2wy5amqqoq",
            "resource_type_schema_version": null,
            "schemas": [
              "urn:ietf:params:scim:schemas:core:2.0:Group",
              "urn:ietf:params:scim:schemas:oracle:idcs:extension:dynamic:Group",
              "urn:ietf:params:scim:schemas:oracle:idcs:extension:OCITags",
              "urn:ietf:params:scim:schemas:oracle:idcs:extension:group:Group"
            ],
            "tags": [],
            "tenancy_ocid": "ocid1.tenancy.oc19..aaaaaaaa4ftkyx3ao73kndo3mbltj6gtbf27mxbgpu65a33ipgo2wqyj4zba",
            "timeouts": null,
            "urnietfparamsscimschemasoracleidcsextension_oci_tags": [
              {
                "defined_tags": [
                  {
                    "key": "CreatedBy",
                    "namespace": "Oracle-Tags",
                    "value": "default/jorge.e.torlaschi@accenture.com"
                  },
                  {
                    "key": "CreatedOn",
                    "namespace": "Oracle-Tags",
                    "value": "2026-03-10T14:42:52.507Z"
                  }
                ],
                "freeform_tags": [
                  {
                    "key": "ocilz-terraform-module",
                    "value": "iam-identity-domains/0.3.3"
                  }
                ],
                "tag_slug": ""
              }
            ],
            "urnietfparamsscimschemasoracleidcsextensiondbcs_group": [],
            "urnietfparamsscimschemasoracleidcsextensiondynamic_group": [
              {
                "membership_rule": "",
                "membership_type": "static"
              }
            ],
            "urnietfparamsscimschemasoracleidcsextensiongroup_group": [
              {
                "app_roles": [],
                "creation_mechanism": "",
                "description": "Shared network administration group, including common OE network elements.",
                "grants": [],
                "owners": [],
                "password_policy": [],
                "synced_from_app": []
              }
            ],
            "urnietfparamsscimschemasoracleidcsextensionposix_group": [],
            "urnietfparamsscimschemasoracleidcsextensionrequestable_group": []
          },
          "sensitive_attributes": [],
          "identity_schema_version": 0,
          "private": "eyJlMmJmYjczMC1lY2FhLTExZTYtOGY4OC0zNDM2M2JjN2M0YzAiOnsiY3JlYXRlIjoxMjAwMDAwMDAwMDAwLCJkZWxldGUiOjEyMDAwMDAwMDAwMDAsInVwZGF0ZSI6MTIwMDAwMDAwMDAwMH0sInNjaGVtYV92ZXJzaW9uIjoiMCJ9",
          "dependencies": [
            "module.oci_lz_orchestrator.data.oci_identity_regions.these",
            "module.oci_lz_orchestrator.data.oci_identity_tenancy.this",
            "module.oci_lz_orchestrator.module.oci_lz_compartments.oci_identity_compartment.level_2",
            "module.oci_lz_orchestrator.module.oci_lz_compartments.oci_identity_compartment.level_3",
            "module.oci_lz_orchestrator.module.oci_lz_compartments.oci_identity_compartment.level_4",
            "module.oci_lz_orchestrator.module.oci_lz_compartments.oci_identity_compartment.level_5",
            "module.oci_lz_orchestrator.module.oci_lz_compartments.oci_identity_compartment.level_6",
            "module.oci_lz_orchestrator.module.oci_lz_compartments.oci_identity_compartment.these",
            "module.oci_lz_orchestrator.module.oci_lz_compartments.oci_identity_tag_default.these",
            "module.oci_lz_orchestrator.module.oci_lz_identity_domains.data.oci_identity_domain.grp_domain",
            "module.oci_lz_orchestrator.module.oci_lz_identity_domains.data.oci_identity_domains_users.these",
            "module.oci_lz_orchestrator.module.oci_lz_identity_domains.data.oci_identity_regions.these",
            "module.oci_lz_orchestrator.module.oci_lz_identity_domains.data.oci_identity_tenancy.this",
            "module.oci_lz_orchestrator.module.oci_lz_identity_domains.oci_identity_domain.these",
            "module.oci_lz_orchestrator.module.oci_lz_tags.data.oci_identity_tag.default_created_by",
            "module.oci_lz_orchestrator.module.oci_lz_tags.data.oci_identity_tag.default_created_on",
            "module.oci_lz_orchestrator.module.oci_lz_tags.data.oci_identity_tag_namespaces.oracle_default",
            "module.oci_lz_orchestrator.module.oci_lz_tags.oci_identity_tag.these",
            "module.oci_lz_orchestrator.module.oci_lz_tags.oci_identity_tag_default.these",
            "module.oci_lz_orchestrator.module.oci_lz_tags.oci_identity_tag_namespace.these"
          ]
        },
        {
          "index_key": "GRP-SECURITY-ADMIN-KEY",
          "schema_version": 0,
          "attributes": {
            "attribute_sets": null,
            "attributes": null,
            "authorization": null,
            "compartment_ocid": "ocid1.tenancy.oc19..aaaaaaaa4ftkyx3ao73kndo3mbltj6gtbf27mxbgpu65a33ipgo2wqyj4zba",
            "delete_in_progress": null,
            "display_name": "o-p-om2-grp-admi-security-001",
            "domain_ocid": "ocid1.domain.oc19..aaaaaaaaeuc6e6twowrhwgh6i4dxyp22x7g6mf4sf6x7kg7bbddovq6q33aa",
            "external_id": null,
            "force_delete": null,
            "id": "ee74da9199a543b9b01813e0d0f1df5a",
            "idcs_created_by": [
              {
                "display": "Jorge torlaschi",
                "ocid": "ocid1.user.oc19..aaaaaaaa5ccj642agovx5r4ag2efhpd5tak66j7s3dtoogvne4d2fxwcgfrq",
                "ref": "https://idcs-e0138a37daa84b4aacdb004b63eb5d75.eu-madrid-idcs-2.identity.oci.oraclecloud.eu:443/admin/v1/Users/bd17c9849edd447bbacd840ac616d92a",
                "type": "User",
                "value": "bd17c9849edd447bbacd840ac616d92a"
              }
            ],
            "idcs_endpoint": "https://idcs-e0138a37daa84b4aacdb004b63eb5d75.eu-madrid-idcs-2.identity.oci.oraclecloud.eu:443",
            "idcs_last_modified_by": [
              {
                "display": "Jorge torlaschi",
                "ocid": "ocid1.user.oc19..aaaaaaaa5ccj642agovx5r4ag2efhpd5tak66j7s3dtoogvne4d2fxwcgfrq",
                "ref": "https://idcs-e0138a37daa84b4aacdb004b63eb5d75.eu-madrid-idcs-2.identity.oci.oraclecloud.eu:443/admin/v1/Users/bd17c9849edd447bbacd840ac616d92a",
                "type": "User",
                "value": "bd17c9849edd447bbacd840ac616d92a"
              }
            ],
            "idcs_last_upgraded_in_release": null,
            "idcs_prevented_operations": [],
            "members": [],
            "meta": [
              {
                "created": "2026-03-10T14:42:52.825Z",
                "last_modified": "2026-04-07T15:07:59.689Z",
                "location": "https://idcs-e0138a37daa84b4aacdb004b63eb5d75.eu-madrid-idcs-2.identity.oci.oraclecloud.eu:443/admin/v1/Groups/ee74da9199a543b9b01813e0d0f1df5a",
                "resource_type": "Group",
                "version": "72c7c016091b4798b0d971d2b051349d"
              }
            ],
            "non_unique_display_name": null,
            "ocid": "ocid1.group.oc19..aaaaaaaaew4timz2siqgmopkmc5tiifzjowe2zoe7l3ghljrgjf5cxg5ahjq",
            "resource_type_schema_version": null,
            "schemas": [
              "urn:ietf:params:scim:schemas:core:2.0:Group",
              "urn:ietf:params:scim:schemas:oracle:idcs:extension:dynamic:Group",
              "urn:ietf:params:scim:schemas:oracle:idcs:extension:OCITags",
              "urn:ietf:params:scim:schemas:oracle:idcs:extension:group:Group"
            ],
            "tags": [],
            "tenancy_ocid": "ocid1.tenancy.oc19..aaaaaaaa4ftkyx3ao73kndo3mbltj6gtbf27mxbgpu65a33ipgo2wqyj4zba",
            "timeouts": null,
            "urnietfparamsscimschemasoracleidcsextension_oci_tags": [
              {
                "defined_tags": [
                  {
                    "key": "CreatedBy",
                    "namespace": "Oracle-Tags",
                    "value": "default/jorge.e.torlaschi@accenture.com"
                  },
                  {
                    "key": "CreatedOn",
                    "namespace": "Oracle-Tags",
                    "value": "2026-03-10T14:42:52.807Z"
                  }
                ],
                "freeform_tags": [
                  {
                    "key": "ocilz-terraform-module",
                    "value": "iam-identity-domains/0.3.3"
                  }
                ],
                "tag_slug": ""
              }
            ],
            "urnietfparamsscimschemasoracleidcsextensiondbcs_group": [],
            "urnietfparamsscimschemasoracleidcsextensiondynamic_group": [
              {
                "membership_rule": "",
                "membership_type": "static"
              }
            ],
            "urnietfparamsscimschemasoracleidcsextensiongroup_group": [
              {
                "app_roles": [],
                "creation_mechanism": "",
                "description": "Shared security administration group, including common OE network elements.",
                "grants": [],
                "owners": [],
                "password_policy": [],
                "synced_from_app": []
              }
            ],
            "urnietfparamsscimschemasoracleidcsextensionposix_group": [],
            "urnietfparamsscimschemasoracleidcsextensionrequestable_group": []
          },
          "sensitive_attributes": [],
          "identity_schema_version": 0,
          "private": "eyJlMmJmYjczMC1lY2FhLTExZTYtOGY4OC0zNDM2M2JjN2M0YzAiOnsiY3JlYXRlIjoxMjAwMDAwMDAwMDAwLCJkZWxldGUiOjEyMDAwMDAwMDAwMDAsInVwZGF0ZSI6MTIwMDAwMDAwMDAwMH0sInNjaGVtYV92ZXJzaW9uIjoiMCJ9",
          "dependencies": [
            "module.oci_lz_orchestrator.data.oci_identity_regions.these",
            "module.oci_lz_orchestrator.data.oci_identity_tenancy.this",
            "module.oci_lz_orchestrator.module.oci_lz_compartments.oci_identity_compartment.level_2",
            "module.oci_lz_orchestrator.module.oci_lz_compartments.oci_identity_compartment.level_3",
            "module.oci_lz_orchestrator.module.oci_lz_compartments.oci_identity_compartment.level_4",
            "module.oci_lz_orchestrator.module.oci_lz_compartments.oci_identity_compartment.level_5",
            "module.oci_lz_orchestrator.module.oci_lz_compartments.oci_identity_compartment.level_6",
            "module.oci_lz_orchestrator.module.oci_lz_compartments.oci_identity_compartment.these",
            "module.oci_lz_orchestrator.module.oci_lz_compartments.oci_identity_tag_default.these",
            "module.oci_lz_orchestrator.module.oci_lz_identity_domains.data.oci_identity_domain.grp_domain",
            "module.oci_lz_orchestrator.module.oci_lz_identity_domains.data.oci_identity_domains_users.these",
            "module.oci_lz_orchestrator.module.oci_lz_identity_domains.data.oci_identity_regions.these",
            "module.oci_lz_orchestrator.module.oci_lz_identity_domains.data.oci_identity_tenancy.this",
            "module.oci_lz_orchestrator.module.oci_lz_identity_domains.oci_identity_domain.these",
            "module.oci_lz_orchestrator.module.oci_lz_tags.data.oci_identity_tag.default_created_by",
            "module.oci_lz_orchestrator.module.oci_lz_tags.data.oci_identity_tag.default_created_on",
            "module.oci_lz_orchestrator.module.oci_lz_tags.data.oci_identity_tag_namespaces.oracle_default",
            "module.oci_lz_orchestrator.module.oci_lz_tags.oci_identity_tag.these",
            "module.oci_lz_orchestrator.module.oci_lz_tags.oci_identity_tag_default.these",
            "module.oci_lz_orchestrator.module.oci_lz_tags.oci_identity_tag_namespace.these"
          ]
        }
      ]
    },
    {
      "module": "module.oci_lz_orchestrator.module.oci_lz_policies[0]",
      "mode": "data",
      "type": "oci_identity_region_subscriptions",
      "name": "these",
      "provider": "module.oci_lz_orchestrator.provider[\"registry.terraform.io/oracle/oci\"].home",
      "instances": [
        {
          "schema_version": 0,
          "attributes": {
            "filter": null,
            "id": "IdentityRegionSubscriptionsDataSource-1032845147",
            "region_subscriptions": [
              {
                "is_home_region": true,
                "region_key": "VLL",
                "region_name": "eu-madrid-2",
                "state": "READY",
                "tenancy_id": ""
              }
            ],
            "tenancy_id": "ocid1.tenancy.oc19..aaaaaaaa4ftkyx3ao73kndo3mbltj6gtbf27mxbgpu65a33ipgo2wqyj4zba"
          },
          "sensitive_attributes": [],
          "identity_schema_version": 0
        }
      ]
    },
    {
      "module": "module.oci_lz_orchestrator.module.oci_lz_policies[0]",
      "mode": "data",
      "type": "oci_identity_tenancy",
      "name": "this",
      "provider": "module.oci_lz_orchestrator.provider[\"registry.terraform.io/oracle/oci\"].home",
      "instances": [
        {
          "schema_version": 0,
          "attributes": {
            "defined_tags": {},
            "description": "TENLS-6209",
            "freeform_tags": {},
            "home_region_key": "VLL",
            "id": "ocid1.tenancy.oc19..aaaaaaaa4ftkyx3ao73kndo3mbltj6gtbf27mxbgpu65a33ipgo2wqyj4zba",
            "name": "seguridadsocial",
            "tenancy_id": "ocid1.tenancy.oc19..aaaaaaaa4ftkyx3ao73kndo3mbltj6gtbf27mxbgpu65a33ipgo2wqyj4zba",
            "upi_idcs_compatibility_layer_endpoint": null
          },
          "sensitive_attributes": [],
          "identity_schema_version": 0
        }
      ]
    },
    {
      "module": "module.oci_lz_orchestrator.module.oci_lz_policies[0]",
      "mode": "managed",
      "type": "oci_identity_policy",
      "name": "these",
      "provider": "module.oci_lz_orchestrator.provider[\"registry.terraform.io/oracle/oci\"].home",
      "instances": [
        {
          "index_key": "PCY-AUDITING-ADMIN-KEY",
          "schema_version": 0,
          "attributes": {
            "ETag": "2ba82b1bd8278e0f134fc1f36701ab2bf15e6bb0",
            "compartment_id": "ocid1.tenancy.oc19..aaaaaaaa4ftkyx3ao73kndo3mbltj6gtbf27mxbgpu65a33ipgo2wqyj4zba",
            "defined_tags": {
              "Oracle-Tags.CreatedBy": "default/jorge.e.torlaschi@accenture.com",
              "Oracle-Tags.CreatedOn": "2026-03-10T14:42:39.515Z"
            },
            "description": "Allow o-p-om2-grp-admi-auditors-001 group users to read all the resources in the tenancy.",
            "freeform_tags": {
              "ocilz-terraform-module": "iam-policies/0.3.4"
            },
            "id": "ocid1.policy.oc19..aaaaaaaabjxgam7szuyh4d5eo7qudjqw3guez4datmm5bbuztshg4kde6zeq",
            "inactive_state": null,
            "lastUpdateETag": "2ba82b1bd8278e0f134fc1f36701ab2bf15e6bb0",
            "name": "o-p-om2-pcy-auda-001",
            "policyHash": "e730b8858c9ae7d01d367098d53dc7b6",
            "state": "ACTIVE",
            "statements": [
              "allow group 'o-p-om2-id-common-001'/'o-p-om2-grp-admi-auditors-001' to inspect all-resources in tenancy",
              "allow group 'o-p-om2-id-common-001'/'o-p-om2-grp-admi-auditors-001' to read instances in tenancy",
              "allow group 'o-p-om2-id-common-001'/'o-p-om2-grp-admi-auditors-001' to read load-balancers in tenancy",
              "allow group 'o-p-om2-id-common-001'/'o-p-om2-grp-admi-auditors-001' to read buckets in tenancy",
              "allow group 'o-p-om2-id-common-001'/'o-p-om2-grp-admi-auditors-001' to read nat-gateways in tenancy",
              "allow group 'o-p-om2-id-common-001'/'o-p-om2-grp-admi-auditors-001' to read public-ips in tenancy",
              "allow group 'o-p-om2-id-common-001'/'o-p-om2-grp-admi-auditors-001' to read file-family in tenancy",
              "allow group 'o-p-om2-id-common-001'/'o-p-om2-grp-admi-auditors-001' to read instance-configurations in tenancy",
              "allow group 'o-p-om2-id-common-001'/'o-p-om2-grp-admi-auditors-001' to read network-security-groups in tenancy",
              "allow group 'o-p-om2-id-common-001'/'o-p-om2-grp-admi-auditors-001' to read resource-availability in tenancy",
              "allow group 'o-p-om2-id-common-001'/'o-p-om2-grp-admi-auditors-001' to read audit-events in tenancy",
              "allow group 'o-p-om2-id-common-001'/'o-p-om2-grp-admi-auditors-001' to read users in tenancy",
              "allow group 'o-p-om2-id-common-001'/'o-p-om2-grp-admi-auditors-001' to use cloud-shell in tenancy",
              "allow group 'o-p-om2-id-common-001'/'o-p-om2-grp-admi-auditors-001' to read vss-family in tenancy",
              "allow group 'o-p-om2-id-common-001'/'o-p-om2-grp-admi-auditors-001' to read usage-budgets in tenancy",
              "allow group 'o-p-om2-id-common-001'/'o-p-om2-grp-admi-auditors-001' to read usage-reports in tenancy",
              "allow group 'o-p-om2-id-common-001'/'o-p-om2-grp-admi-auditors-001' to read data-safe-family in tenancy",
              "allow group 'o-p-om2-id-common-001'/'o-p-om2-grp-admi-auditors-001' to read vaults in tenancy",
              "allow group 'o-p-om2-id-common-001'/'o-p-om2-grp-admi-auditors-001' to read keys in tenancy",
              "allow group 'o-p-om2-id-common-001'/'o-p-om2-grp-admi-auditors-001' to read tag-namespaces in tenancy",
              "allow group 'o-p-om2-id-common-001'/'o-p-om2-grp-admi-auditors-001' to read serviceconnectors in tenancy",
              "allow group 'o-p-om2-id-common-001'/'o-p-om2-grp-admi-auditors-001' to use ons-family in tenancy where any {request.operation!=/Create*/, request.operation!=/Update*/, request.operation!=/Delete*/, request.operation!=/Change*/}"
            ],
            "time_created": "2026-03-10 14:42:39.535 +0000 UTC",
            "timeouts": null,
            "version_date": null
          },
          "sensitive_attributes": [],
          "identity_schema_version": 0,
          "private": "eyJlMmJmYjczMC1lY2FhLTExZTYtOGY4OC0zNDM2M2JjN2M0YzAiOnsiY3JlYXRlIjoxMjAwMDAwMDAwMDAwLCJkZWxldGUiOjEyMDAwMDAwMDAwMDAsInVwZGF0ZSI6MTIwMDAwMDAwMDAwMH0sInNjaGVtYV92ZXJzaW9uIjoiMCJ9",
          "dependencies": [
            "module.oci_lz_orchestrator.data.oci_identity_regions.these",
            "module.oci_lz_orchestrator.data.oci_identity_tenancy.this",
            "module.oci_lz_orchestrator.module.oci_lz_compartments.oci_identity_compartment.level_2",
            "module.oci_lz_orchestrator.module.oci_lz_compartments.oci_identity_compartment.level_3",
            "module.oci_lz_orchestrator.module.oci_lz_compartments.oci_identity_compartment.level_4",
            "module.oci_lz_orchestrator.module.oci_lz_compartments.oci_identity_compartment.level_5",
            "module.oci_lz_orchestrator.module.oci_lz_compartments.oci_identity_compartment.level_6",
            "module.oci_lz_orchestrator.module.oci_lz_compartments.oci_identity_compartment.these",
            "module.oci_lz_orchestrator.module.oci_lz_compartments.oci_identity_tag_default.these",
            "module.oci_lz_orchestrator.module.oci_lz_dynamic_groups.oci_identity_dynamic_group.these",
            "module.oci_lz_orchestrator.module.oci_lz_groups.data.oci_identity_users.these",
            "module.oci_lz_orchestrator.module.oci_lz_groups.oci_identity_group.these",
            "module.oci_lz_orchestrator.module.oci_lz_groups.oci_identity_user_group_membership.these",
            "module.oci_lz_orchestrator.module.oci_lz_policies.data.oci_identity_region_subscriptions.these",
            "module.oci_lz_orchestrator.module.oci_lz_policies.data.oci_identity_tenancy.this",
            "module.oci_lz_orchestrator.module.oci_lz_tags.data.oci_identity_tag.default_created_by",
            "module.oci_lz_orchestrator.module.oci_lz_tags.data.oci_identity_tag.default_created_on",
            "module.oci_lz_orchestrator.module.oci_lz_tags.data.oci_identity_tag_namespaces.oracle_default",
            "module.oci_lz_orchestrator.module.oci_lz_tags.oci_identity_tag.these",
            "module.oci_lz_orchestrator.module.oci_lz_tags.oci_identity_tag_default.these",
            "module.oci_lz_orchestrator.module.oci_lz_tags.oci_identity_tag_namespace.these"
          ]
        },
        {
          "index_key": "PCY-BILLING-VIEWER-KEY",
          "schema_version": 0,
          "attributes": {
            "ETag": "1aa7b4e645c4db6567ffda64be9d29e12ff3232e",
            "compartment_id": "ocid1.tenancy.oc19..aaaaaaaa4ftkyx3ao73kndo3mbltj6gtbf27mxbgpu65a33ipgo2wqyj4zba",
            "defined_tags": {
              "Oracle-Tags.CreatedBy": "default/jorge.e.torlaschi@accenture.com",
              "Oracle-Tags.CreatedOn": "2026-04-07T15:07:59.935Z"
            },
            "description": "Read-only access to billing reports and budgets.",
            "freeform_tags": {
              "ocilz-terraform-module": "iam-policies/0.3.4"
            },
            "id": "ocid1.policy.oc19..aaaaaaaah4udlb2ei2g5s3ycqxhhneib5yi67glvfp3utxrerppe7rdofhkq",
            "inactive_state": null,
            "lastUpdateETag": "1aa7b4e645c4db6567ffda64be9d29e12ff3232e",
            "name": "o-p-om2-pcy-billv-001",
            "policyHash": "73d7b2a01b73b0cfec57bb75f158da97",
            "state": "ACTIVE",
            "statements": [
              "define tenancy usage-report as ocid1.tenancy.oc19..aaaaaaaaqukxloflofczrs2yrqwemn356zrtyo2hdnjtu3gn3mg5e3ve6g4a",
              "endorse group 'o-p-om2-id-common-001'/'99GISS.Cloud_Billing_viewer' to read objects in tenancy usage-report",
              "allow group   'o-p-om2-id-common-001'/'99GISS.Cloud_Billing_viewer' to read instance-family in tenancy",
              "allow group   'o-p-om2-id-common-001'/'99GISS.Cloud_Billing_viewer' to inspect all-resources in tenancy",
              "allow group   'o-p-om2-id-common-001'/'99GISS.Cloud_Billing_viewer' to manage usage-report in tenancy",
              "allow group   'o-p-om2-id-common-001'/'99GISS.Cloud_Billing_viewer' to manage usage-budgets in tenancy",
              "allow group   'o-p-om2-id-common-001'/'99GISS.Cloud_Billing_viewer' to use cloud-shell in tenancy"
            ],
            "time_created": "2026-04-07 15:08:00.011 +0000 UTC",
            "timeouts": null,
            "version_date": null
          },
          "sensitive_attributes": [],
          "identity_schema_version": 0,
          "private": "eyJlMmJmYjczMC1lY2FhLTExZTYtOGY4OC0zNDM2M2JjN2M0YzAiOnsiY3JlYXRlIjoxMjAwMDAwMDAwMDAwLCJkZWxldGUiOjEyMDAwMDAwMDAwMDAsInVwZGF0ZSI6MTIwMDAwMDAwMDAwMH0sInNjaGVtYV92ZXJzaW9uIjoiMCJ9",
          "dependencies": [
            "module.oci_lz_orchestrator.data.oci_identity_regions.these",
            "module.oci_lz_orchestrator.data.oci_identity_tenancy.this",
            "module.oci_lz_orchestrator.module.oci_lz_compartments.oci_identity_compartment.level_2",
            "module.oci_lz_orchestrator.module.oci_lz_compartments.oci_identity_compartment.level_3",
            "module.oci_lz_orchestrator.module.oci_lz_compartments.oci_identity_compartment.level_4",
            "module.oci_lz_orchestrator.module.oci_lz_compartments.oci_identity_compartment.level_5",
            "module.oci_lz_orchestrator.module.oci_lz_compartments.oci_identity_compartment.level_6",
            "module.oci_lz_orchestrator.module.oci_lz_compartments.oci_identity_compartment.these",
            "module.oci_lz_orchestrator.module.oci_lz_compartments.oci_identity_tag_default.these",
            "module.oci_lz_orchestrator.module.oci_lz_dynamic_groups.oci_identity_dynamic_group.these",
            "module.oci_lz_orchestrator.module.oci_lz_groups.data.oci_identity_users.these",
            "module.oci_lz_orchestrator.module.oci_lz_groups.oci_identity_group.these",
            "module.oci_lz_orchestrator.module.oci_lz_groups.oci_identity_user_group_membership.these",
            "module.oci_lz_orchestrator.module.oci_lz_policies.data.oci_identity_region_subscriptions.these",
            "module.oci_lz_orchestrator.module.oci_lz_policies.data.oci_identity_tenancy.this",
            "module.oci_lz_orchestrator.module.oci_lz_tags.data.oci_identity_tag.default_created_by",
            "module.oci_lz_orchestrator.module.oci_lz_tags.data.oci_identity_tag.default_created_on",
            "module.oci_lz_orchestrator.module.oci_lz_tags.data.oci_identity_tag_namespaces.oracle_default",
            "module.oci_lz_orchestrator.module.oci_lz_tags.oci_identity_tag.these",
            "module.oci_lz_orchestrator.module.oci_lz_tags.oci_identity_tag_default.these",
            "module.oci_lz_orchestrator.module.oci_lz_tags.oci_identity_tag_namespace.these"
          ]
        },
        {
          "index_key": "PCY-COST-ADMIN-KEY",
          "schema_version": 0,
          "attributes": {
            "ETag": "e8636b839f6d3111fbaddb08fac8ac0d340e840e",
            "compartment_id": "ocid1.tenancy.oc19..aaaaaaaa4ftkyx3ao73kndo3mbltj6gtbf27mxbgpu65a33ipgo2wqyj4zba",
            "defined_tags": {
              "Oracle-Tags.CreatedBy": "default/jorge.e.torlaschi@accenture.com",
              "Oracle-Tags.CreatedOn": "2026-03-10T14:42:39.278Z"
            },
            "description": "Allow o-p-om2-grp-admi-costs-001 group users to manage all budget resources in the tenancy.",
            "freeform_tags": {
              "ocilz-terraform-module": "iam-policies/0.3.4"
            },
            "id": "ocid1.policy.oc19..aaaaaaaa5dumus2g7hu5wzdhl5ldz6k4b3b3cwk6z3uawcvqps5y46nvoaiq",
            "inactive_state": null,
            "lastUpdateETag": "e8636b839f6d3111fbaddb08fac8ac0d340e840e",
            "name": "o-p-om2-pcy-costs-001",
            "policyHash": "23039d4499ff5a53e6ad173dfb6e2806",
            "state": "ACTIVE",
            "statements": [
              "define tenancy usage-report as ocid1.tenancy.oc19..aaaaaaaaqukxloflofczrs2yrqwemn356zrtyo2hdnjtu3gn3mg5e3ve6g4a",
              "endorse group  'Administrators', 'o-p-om2-id-common-001'/'o-p-om2-grp-admi-costs-001', 'o-p-om2-id-common-001'/'99GISS.Cloud_Billing_admin', 'o-p-om2-id-common-001'/'99GISS.ORACLE_Administradores'  to read objects in tenancy usage-report",
              "allow group  'Administrators', 'o-p-om2-id-common-001'/'o-p-om2-grp-admi-costs-001', 'o-p-om2-id-common-001'/'99GISS.Cloud_Billing_admin', 'o-p-om2-id-common-001'/'99GISS.ORACLE_Administradores'  to manage usage-report in tenancy",
              "allow group  'Administrators', 'o-p-om2-id-common-001'/'o-p-om2-grp-admi-costs-001', 'o-p-om2-id-common-001'/'99GISS.Cloud_Billing_admin', 'o-p-om2-id-common-001'/'99GISS.ORACLE_Administradores'  to manage usage-budgets in tenancy"
            ],
            "time_created": "2026-03-10 14:42:39.503 +0000 UTC",
            "timeouts": null,
            "version_date": null
          },
          "sensitive_attributes": [],
          "identity_schema_version": 0,
          "private": "eyJlMmJmYjczMC1lY2FhLTExZTYtOGY4OC0zNDM2M2JjN2M0YzAiOnsiY3JlYXRlIjoxMjAwMDAwMDAwMDAwLCJkZWxldGUiOjEyMDAwMDAwMDAwMDAsInVwZGF0ZSI6MTIwMDAwMDAwMDAwMH0sInNjaGVtYV92ZXJzaW9uIjoiMCJ9",
          "dependencies": [
            "module.oci_lz_orchestrator.data.oci_identity_regions.these",
            "module.oci_lz_orchestrator.data.oci_identity_tenancy.this",
            "module.oci_lz_orchestrator.module.oci_lz_compartments.oci_identity_compartment.level_2",
            "module.oci_lz_orchestrator.module.oci_lz_compartments.oci_identity_compartment.level_3",
            "module.oci_lz_orchestrator.module.oci_lz_compartments.oci_identity_compartment.level_4",
            "module.oci_lz_orchestrator.module.oci_lz_compartments.oci_identity_compartment.level_5",
            "module.oci_lz_orchestrator.module.oci_lz_compartments.oci_identity_compartment.level_6",
            "module.oci_lz_orchestrator.module.oci_lz_compartments.oci_identity_compartment.these",
            "module.oci_lz_orchestrator.module.oci_lz_compartments.oci_identity_tag_default.these",
            "module.oci_lz_orchestrator.module.oci_lz_dynamic_groups.oci_identity_dynamic_group.these",
            "module.oci_lz_orchestrator.module.oci_lz_groups.data.oci_identity_users.these",
            "module.oci_lz_orchestrator.module.oci_lz_groups.oci_identity_group.these",
            "module.oci_lz_orchestrator.module.oci_lz_groups.oci_identity_user_group_membership.these",
            "module.oci_lz_orchestrator.module.oci_lz_policies.data.oci_identity_region_subscriptions.these",
            "module.oci_lz_orchestrator.module.oci_lz_policies.data.oci_identity_tenancy.this",
            "module.oci_lz_orchestrator.module.oci_lz_tags.data.oci_identity_tag.default_created_by",
            "module.oci_lz_orchestrator.module.oci_lz_tags.data.oci_identity_tag.default_created_on",
            "module.oci_lz_orchestrator.module.oci_lz_tags.data.oci_identity_tag_namespaces.oracle_default",
            "module.oci_lz_orchestrator.module.oci_lz_tags.oci_identity_tag.these",
            "module.oci_lz_orchestrator.module.oci_lz_tags.oci_identity_tag_default.these",
            "module.oci_lz_orchestrator.module.oci_lz_tags.oci_identity_tag_namespace.these"
          ]
        },
        {
          "index_key": "PCY-GENERIC-ADMIN-KEY",
          "schema_version": 0,
          "attributes": {
            "ETag": "34a0b2e8d60f1bbbf8861e25324640a081f92bef",
            "compartment_id": "ocid1.tenancy.oc19..aaaaaaaa4ftkyx3ao73kndo3mbltj6gtbf27mxbgpu65a33ipgo2wqyj4zba",
            "defined_tags": {
              "Oracle-Tags.CreatedBy": "default/jorge.e.torlaschi@accenture.com",
              "Oracle-Tags.CreatedOn": "2026-03-10T14:42:39.116Z"
            },
            "description": "Allow defined groups to use generic services.",
            "freeform_tags": {
              "ocilz-terraform-module": "iam-policies/0.3.4"
            },
            "id": "ocid1.policy.oc19..aaaaaaaauuq6o2yznkigajumychulk7wji33rtqxj6poqmxyer25zhbaxnfa",
            "inactive_state": null,
            "lastUpdateETag": "34a0b2e8d60f1bbbf8861e25324640a081f92bef",
            "name": "o-p-om2-pcy-gadm-001",
            "policyHash": "c55fbed7d404a62a11cd7668896d6a86",
            "state": "ACTIVE",
            "statements": [
              "allow group 'o-p-om2-id-common-001'/'o-p-om2-grp-admi-iam-001', 'o-p-om2-id-common-001'/'o-p-om2-grp-admi-auditors-001', 'o-p-om2-id-common-001'/'o-p-om2-grp-admi-security-001', 'o-p-om2-id-common-001'/'99GISS.Cloud_Security_admin', 'o-p-om2-id-common-001'/'o-p-om2-grp-admi-network-001', 'o-p-om2-id-common-001'/'99GISS.Cloud_Networking_admin' to use cloud-shell in tenancy",
              "allow group 'o-p-om2-id-common-001'/'o-p-om2-grp-admi-iam-001', 'o-p-om2-id-common-001'/'o-p-om2-grp-admi-auditors-001', 'o-p-om2-id-common-001'/'o-p-om2-grp-admi-security-001', 'o-p-om2-id-common-001'/'99GISS.Cloud_Security_admin', 'o-p-om2-id-common-001'/'o-p-om2-grp-admi-network-001', 'o-p-om2-id-common-001'/'99GISS.Cloud_Networking_admin' to use cloud-shell-public-network in tenancy",
              "allow group 'o-p-om2-id-common-001'/'o-p-om2-grp-admi-iam-001', 'o-p-om2-id-common-001'/'o-p-om2-grp-admi-auditors-001', 'o-p-om2-id-common-001'/'o-p-om2-grp-admi-security-001', 'o-p-om2-id-common-001'/'99GISS.Cloud_Security_admin', 'o-p-om2-id-common-001'/'o-p-om2-grp-admi-network-001', 'o-p-om2-id-common-001'/'99GISS.Cloud_Networking_admin' to read usage-budgets in tenancy",
              "allow group 'o-p-om2-id-common-001'/'o-p-om2-grp-admi-iam-001', 'o-p-om2-id-common-001'/'o-p-om2-grp-admi-auditors-001', 'o-p-om2-id-common-001'/'o-p-om2-grp-admi-security-001', 'o-p-om2-id-common-001'/'99GISS.Cloud_Security_admin', 'o-p-om2-id-common-001'/'o-p-om2-grp-admi-network-001', 'o-p-om2-id-common-001'/'99GISS.Cloud_Networking_admin' to read usage-reports in tenancy",
              "allow group 'o-p-om2-id-common-001'/'o-p-om2-grp-admi-iam-001', 'o-p-om2-id-common-001'/'o-p-om2-grp-admi-auditors-001', 'o-p-om2-id-common-001'/'o-p-om2-grp-admi-security-001', 'o-p-om2-id-common-001'/'99GISS.Cloud_Security_admin', 'o-p-om2-id-common-001'/'o-p-om2-grp-admi-network-001', 'o-p-om2-id-common-001'/'99GISS.Cloud_Networking_admin' to read objectstorage-namespaces in tenancy",
              "allow any-user to inspect tag-namespaces in tenancy where target.tag-namespace.name='o-p-om2-tagns-name-001'",
              "allow any-user to inspect tag-namespaces in tenancy where target.tag-namespace.name='o-p-om2-tagns-gov-001'",
              "allow any-user to inspect tag-namespaces in tenancy where target.tag-namespace.name='o-p-om2-tagns-ens-001'"
            ],
            "time_created": "2026-03-10 14:42:39.126 +0000 UTC",
            "timeouts": null,
            "version_date": null
          },
          "sensitive_attributes": [],
          "identity_schema_version": 0,
          "private": "eyJlMmJmYjczMC1lY2FhLTExZTYtOGY4OC0zNDM2M2JjN2M0YzAiOnsiY3JlYXRlIjoxMjAwMDAwMDAwMDAwLCJkZWxldGUiOjEyMDAwMDAwMDAwMDAsInVwZGF0ZSI6MTIwMDAwMDAwMDAwMH0sInNjaGVtYV92ZXJzaW9uIjoiMCJ9",
          "dependencies": [
            "module.oci_lz_orchestrator.data.oci_identity_regions.these",
            "module.oci_lz_orchestrator.data.oci_identity_tenancy.this",
            "module.oci_lz_orchestrator.module.oci_lz_compartments.oci_identity_compartment.level_2",
            "module.oci_lz_orchestrator.module.oci_lz_compartments.oci_identity_compartment.level_3",
            "module.oci_lz_orchestrator.module.oci_lz_compartments.oci_identity_compartment.level_4",
            "module.oci_lz_orchestrator.module.oci_lz_compartments.oci_identity_compartment.level_5",
            "module.oci_lz_orchestrator.module.oci_lz_compartments.oci_identity_compartment.level_6",
            "module.oci_lz_orchestrator.module.oci_lz_compartments.oci_identity_compartment.these",
            "module.oci_lz_orchestrator.module.oci_lz_compartments.oci_identity_tag_default.these",
            "module.oci_lz_orchestrator.module.oci_lz_dynamic_groups.oci_identity_dynamic_group.these",
            "module.oci_lz_orchestrator.module.oci_lz_groups.data.oci_identity_users.these",
            "module.oci_lz_orchestrator.module.oci_lz_groups.oci_identity_group.these",
            "module.oci_lz_orchestrator.module.oci_lz_groups.oci_identity_user_group_membership.these",
            "module.oci_lz_orchestrator.module.oci_lz_policies.data.oci_identity_region_subscriptions.these",
            "module.oci_lz_orchestrator.module.oci_lz_policies.data.oci_identity_tenancy.this",
            "module.oci_lz_orchestrator.module.oci_lz_tags.data.oci_identity_tag.default_created_by",
            "module.oci_lz_orchestrator.module.oci_lz_tags.data.oci_identity_tag.default_created_on",
            "module.oci_lz_orchestrator.module.oci_lz_tags.data.oci_identity_tag_namespaces.oracle_default",
            "module.oci_lz_orchestrator.module.oci_lz_tags.oci_identity_tag.these",
            "module.oci_lz_orchestrator.module.oci_lz_tags.oci_identity_tag_default.these",
            "module.oci_lz_orchestrator.module.oci_lz_tags.oci_identity_tag_namespace.these"
          ]
        },
        {
          "index_key": "PCY-GLOBALSERV-ADMIN-KEY",
          "schema_version": 0,
          "attributes": {
            "ETag": "c2eaa210b39e23d71c1bf76ee79c69ba3f92c35c",
            "compartment_id": "ocid1.tenancy.oc19..aaaaaaaa4ftkyx3ao73kndo3mbltj6gtbf27mxbgpu65a33ipgo2wqyj4zba",
            "defined_tags": {
              "Oracle-Tags.CreatedBy": "default/jorge.e.torlaschi@accenture.com",
              "Oracle-Tags.CreatedOn": "2026-03-10T14:42:39.265Z"
            },
            "description": "Allow o-p-om2-grp-admi-globresou-001 group users to manage gloabal service, as cloud guard",
            "freeform_tags": {
              "ocilz-terraform-module": "iam-policies/0.3.4"
            },
            "id": "ocid1.policy.oc19..aaaaaaaanlp7wszhvfigqkbqqd7gcky4c2p6n4rpshpsgsakmjf5jlvd64xa",
            "inactive_state": null,
            "lastUpdateETag": "c2eaa210b39e23d71c1bf76ee79c69ba3f92c35c",
            "name": "o-p-om2-pcy-globalserv-001",
            "policyHash": "419e4cdc17ae7e02d99eebe7dbf51203",
            "state": "ACTIVE",
            "statements": [
              "allow group 'o-p-om2-id-common-001'/'o-p-om2-grp-admi-globalserv-001' to manage cloudevents-rules in tenancy",
              "allow group 'o-p-om2-id-common-001'/'o-p-om2-grp-admi-globalserv-001' to manage cloud-guard-family in tenancy",
              "allow group 'o-p-om2-id-common-001'/'o-p-om2-grp-admi-globalserv-001' to read tenancies in tenancy"
            ],
            "time_created": "2026-03-10 14:42:39.298 +0000 UTC",
            "timeouts": null,
            "version_date": null
          },
          "sensitive_attributes": [],
          "identity_schema_version": 0,
          "private": "eyJlMmJmYjczMC1lY2FhLTExZTYtOGY4OC0zNDM2M2JjN2M0YzAiOnsiY3JlYXRlIjoxMjAwMDAwMDAwMDAwLCJkZWxldGUiOjEyMDAwMDAwMDAwMDAsInVwZGF0ZSI6MTIwMDAwMDAwMDAwMH0sInNjaGVtYV92ZXJzaW9uIjoiMCJ9",
          "dependencies": [
            "module.oci_lz_orchestrator.data.oci_identity_regions.these",
            "module.oci_lz_orchestrator.data.oci_identity_tenancy.this",
            "module.oci_lz_orchestrator.module.oci_lz_compartments.oci_identity_compartment.level_2",
            "module.oci_lz_orchestrator.module.oci_lz_compartments.oci_identity_compartment.level_3",
            "module.oci_lz_orchestrator.module.oci_lz_compartments.oci_identity_compartment.level_4",
            "module.oci_lz_orchestrator.module.oci_lz_compartments.oci_identity_compartment.level_5",
            "module.oci_lz_orchestrator.module.oci_lz_compartments.oci_identity_compartment.level_6",
            "module.oci_lz_orchestrator.module.oci_lz_compartments.oci_identity_compartment.these",
            "module.oci_lz_orchestrator.module.oci_lz_compartments.oci_identity_tag_default.these",
            "module.oci_lz_orchestrator.module.oci_lz_dynamic_groups.oci_identity_dynamic_group.these",
            "module.oci_lz_orchestrator.module.oci_lz_groups.data.oci_identity_users.these",
            "module.oci_lz_orchestrator.module.oci_lz_groups.oci_identity_group.these",
            "module.oci_lz_orchestrator.module.oci_lz_groups.oci_identity_user_group_membership.these",
            "module.oci_lz_orchestrator.module.oci_lz_policies.data.oci_identity_region_subscriptions.these",
            "module.oci_lz_orchestrator.module.oci_lz_policies.data.oci_identity_tenancy.this",
            "module.oci_lz_orchestrator.module.oci_lz_tags.data.oci_identity_tag.default_created_by",
            "module.oci_lz_orchestrator.module.oci_lz_tags.data.oci_identity_tag.default_created_on",
            "module.oci_lz_orchestrator.module.oci_lz_tags.data.oci_identity_tag_namespaces.oracle_default",
            "module.oci_lz_orchestrator.module.oci_lz_tags.oci_identity_tag.these",
            "module.oci_lz_orchestrator.module.oci_lz_tags.oci_identity_tag_default.these",
            "module.oci_lz_orchestrator.module.oci_lz_tags.oci_identity_tag_namespace.these"
          ]
        },
        {
          "index_key": "PCY-IAM-ADMIN-KEY",
          "schema_version": 0,
          "attributes": {
            "ETag": "51733c4ea17be4dadfb6a33cd65a121ede4721d8",
            "compartment_id": "ocid1.tenancy.oc19..aaaaaaaa4ftkyx3ao73kndo3mbltj6gtbf27mxbgpu65a33ipgo2wqyj4zba",
            "defined_tags": {
              "Oracle-Tags.CreatedBy": "default/jorge.e.torlaschi@accenture.com",
              "Oracle-Tags.CreatedOn": "2026-03-10T14:42:39.172Z"
            },
            "description": "Allow o-p-om2-grp-admi-iam-001 group users to manage IAM resources in the tenancy.",
            "freeform_tags": {
              "ocilz-terraform-module": "iam-policies/0.3.4"
            },
            "id": "ocid1.policy.oc19..aaaaaaaabmf4pp2dkjiimszoovt5szhe4odf5venihdww26pg7lgvr7l7hhq",
            "inactive_state": null,
            "lastUpdateETag": "51733c4ea17be4dadfb6a33cd65a121ede4721d8",
            "name": "o-p-om2-pcy-iam-001",
            "policyHash": "b8f9253922cf4d9d983d83f30208ecb5",
            "state": "ACTIVE",
            "statements": [
              "allow group 'o-p-om2-id-common-001'/'o-p-om2-grp-admi-iam-001' to manage policies in tenancy",
              "allow group 'o-p-om2-id-common-001'/'o-p-om2-grp-admi-iam-001' to manage users in tenancy",
              "allow group 'o-p-om2-id-common-001'/'o-p-om2-grp-admi-iam-001' to inspect groups in tenancy",
              "allow group 'o-p-om2-id-common-001'/'o-p-om2-grp-admi-iam-001' to manage groups in tenancy where all {target.group.name != 'Administrators'}",
              "allow group 'o-p-om2-id-common-001'/'o-p-om2-grp-admi-iam-001' to manage identity-providers in tenancy",
              "allow group 'o-p-om2-id-common-001'/'o-p-om2-grp-admi-iam-001' to manage dynamic-groups in tenancy",
              "allow group 'o-p-om2-id-common-001'/'o-p-om2-grp-admi-iam-001' to manage authentication-policies in tenancy",
              "allow group 'o-p-om2-id-common-001'/'o-p-om2-grp-admi-iam-001' to manage network-sources in tenancy",
              "allow group 'o-p-om2-id-common-001'/'o-p-om2-grp-admi-iam-001' to manage quota in tenancy",
              "allow group 'o-p-om2-id-common-001'/'o-p-om2-grp-admi-iam-001' to manage tag-defaults in tenancy",
              "allow group 'o-p-om2-id-common-001'/'o-p-om2-grp-admi-iam-001' to manage tag-namespaces in tenancy",
              "allow group 'o-p-om2-id-common-001'/'o-p-om2-grp-admi-iam-001' to manage orm-jobs in tenancy",
              "allow group 'o-p-om2-id-common-001'/'o-p-om2-grp-admi-iam-001' to manage orm-config-source-providers in tenancy"
            ],
            "time_created": "2026-03-10 14:42:39.175 +0000 UTC",
            "timeouts": null,
            "version_date": null
          },
          "sensitive_attributes": [],
          "identity_schema_version": 0,
          "private": "eyJlMmJmYjczMC1lY2FhLTExZTYtOGY4OC0zNDM2M2JjN2M0YzAiOnsiY3JlYXRlIjoxMjAwMDAwMDAwMDAwLCJkZWxldGUiOjEyMDAwMDAwMDAwMDAsInVwZGF0ZSI6MTIwMDAwMDAwMDAwMH0sInNjaGVtYV92ZXJzaW9uIjoiMCJ9",
          "dependencies": [
            "module.oci_lz_orchestrator.data.oci_identity_regions.these",
            "module.oci_lz_orchestrator.data.oci_identity_tenancy.this",
            "module.oci_lz_orchestrator.module.oci_lz_compartments.oci_identity_compartment.level_2",
            "module.oci_lz_orchestrator.module.oci_lz_compartments.oci_identity_compartment.level_3",
            "module.oci_lz_orchestrator.module.oci_lz_compartments.oci_identity_compartment.level_4",
            "module.oci_lz_orchestrator.module.oci_lz_compartments.oci_identity_compartment.level_5",
            "module.oci_lz_orchestrator.module.oci_lz_compartments.oci_identity_compartment.level_6",
            "module.oci_lz_orchestrator.module.oci_lz_compartments.oci_identity_compartment.these",
            "module.oci_lz_orchestrator.module.oci_lz_compartments.oci_identity_tag_default.these",
            "module.oci_lz_orchestrator.module.oci_lz_dynamic_groups.oci_identity_dynamic_group.these",
            "module.oci_lz_orchestrator.module.oci_lz_groups.data.oci_identity_users.these",
            "module.oci_lz_orchestrator.module.oci_lz_groups.oci_identity_group.these",
            "module.oci_lz_orchestrator.module.oci_lz_groups.oci_identity_user_group_membership.these",
            "module.oci_lz_orchestrator.module.oci_lz_policies.data.oci_identity_region_subscriptions.these",
            "module.oci_lz_orchestrator.module.oci_lz_policies.data.oci_identity_tenancy.this",
            "module.oci_lz_orchestrator.module.oci_lz_tags.data.oci_identity_tag.default_created_by",
            "module.oci_lz_orchestrator.module.oci_lz_tags.data.oci_identity_tag.default_created_on",
            "module.oci_lz_orchestrator.module.oci_lz_tags.data.oci_identity_tag_namespaces.oracle_default",
            "module.oci_lz_orchestrator.module.oci_lz_tags.oci_identity_tag.these",
            "module.oci_lz_orchestrator.module.oci_lz_tags.oci_identity_tag_default.these",
            "module.oci_lz_orchestrator.module.oci_lz_tags.oci_identity_tag_namespace.these"
          ]
        },
        {
          "index_key": "PCY-LZ-PLATFORM-EXACS-DB-ADMIN-KEY",
          "schema_version": 0,
          "attributes": {
            "ETag": "b5d0865548dd875c2cc57cead709d61d267550fb",
            "compartment_id": "ocid1.compartment.oc19..aaaaaaaa43gu35rhrbtmirjlkxilrma3v5s2bqzhico4up6jvstnluiud3oa",
            "defined_tags": {
              "Oracle-Tags.CreatedBy": "default/jorge.e.torlaschi@accenture.com",
              "Oracle-Tags.CreatedOn": "2026-03-10T14:42:39.472Z"
            },
            "description": "Example policy which allows the o-p-om2-grp-admi-database-001 group users to manage databases in all the environments and projects.",
            "freeform_tags": {
              "ocilz-terraform-module": "iam-policies/0.3.4"
            },
            "id": "ocid1.policy.oc19..aaaaaaaa6mkjpk4romgxowgqgwkzobk67ysco6bdmkfwcfotk6uy5w6fcwlq",
            "inactive_state": null,
            "lastUpdateETag": "b5d0865548dd875c2cc57cead709d61d267550fb",
            "name": "o-p-om2-pcy-edb-001",
            "policyHash": "91e3391df96fb8ddb4282d3e1d7af295",
            "state": "ACTIVE",
            "statements": [
              "allow group 'o-p-om2-id-common-001'/'o-p-om2-grp-admi-database-001', 'o-p-om2-id-common-001'/'99GISS.Cloud_DB_admin' to manage orm-stacks in compartment o-p-om2-cmp-land-001 where sets-intersect(target.resource.compartment.tag.o-p-om2-tagns-name-001.o-p-om2-tag-role-001, ('o-p-om2-tag-role-exadb-001'))",
              "allow group 'o-p-om2-id-common-001'/'o-p-om2-grp-admi-database-001', 'o-p-om2-id-common-001'/'99GISS.Cloud_DB_admin' to manage orm-jobs in compartment o-p-om2-cmp-land-001 where sets-intersect(target.resource.compartment.tag.o-p-om2-tagns-name-001.o-p-om2-tag-role-001, ('o-p-om2-tag-role-exadb-001'))",
              "allow group 'o-p-om2-id-common-001'/'o-p-om2-grp-admi-database-001', 'o-p-om2-id-common-001'/'99GISS.Cloud_DB_admin' to manage orm-config-source-providers in compartment o-p-om2-cmp-land-001 where sets-intersect(target.resource.compartment.tag.o-p-om2-tagns-name-001.o-p-om2-tag-role-001, ('o-p-om2-tag-role-exadb-001'))",
              "allow group 'o-p-om2-id-common-001'/'o-p-om2-grp-admi-database-001', 'o-p-om2-id-common-001'/'99GISS.Cloud_DB_admin' to read audit-events in compartment o-p-om2-cmp-land-001 where sets-intersect(target.resource.compartment.tag.o-p-om2-tagns-name-001.o-p-om2-tag-role-001, ('o-p-om2-tag-role-exadb-001'))",
              "allow group 'o-p-om2-id-common-001'/'o-p-om2-grp-admi-database-001', 'o-p-om2-id-common-001'/'99GISS.Cloud_DB_admin' to read work-requests in compartment o-p-om2-cmp-land-001 where sets-intersect(target.resource.compartment.tag.o-p-om2-tagns-name-001.o-p-om2-tag-role-001, ('o-p-om2-tag-role-exadb-001'))",
              "allow group 'o-p-om2-id-common-001'/'o-p-om2-grp-admi-database-001', 'o-p-om2-id-common-001'/'99GISS.Cloud_DB_admin' to manage data-safe-family in compartment o-p-om2-cmp-land-001 where sets-intersect(target.resource.compartment.tag.o-p-om2-tagns-name-001.o-p-om2-tag-role-001, ('o-p-om2-tag-role-exadb-001'))",
              "allow group 'o-p-om2-id-common-001'/'o-p-om2-grp-admi-database-001', 'o-p-om2-id-common-001'/'99GISS.Cloud_DB_admin' to manage cloudevents-rules in compartment o-p-om2-cmp-land-001 where sets-intersect(target.resource.compartment.tag.o-p-om2-tagns-name-001.o-p-om2-tag-role-001, ('o-p-om2-tag-role-exadb-001'))",
              "allow group 'o-p-om2-id-common-001'/'o-p-om2-grp-admi-database-001', 'o-p-om2-id-common-001'/'99GISS.Cloud_DB_admin' to use cloud-exadata-infrastructures in compartment o-p-om2-cmp-land-001 where all{sets-intersect(target.resource.compartment.tag.o-p-om2-tagns-name-001.o-p-om2-tag-role-001, ('o-p-om2-tag-role-exadb-001')), request.operation != 'ChangeCloudExadataInfrastructureCompartment', request.operation != 'AddStorageCapacityCloudExadataInfrastructure'}",
              "allow group 'o-p-om2-id-common-001'/'o-p-om2-grp-admi-database-001', 'o-p-om2-id-common-001'/'99GISS.Cloud_DB_admin' to use cloud-vmclusters in compartment o-p-om2-cmp-land-001 where all{sets-intersect(target.resource.compartment.tag.o-p-om2-tagns-name-001.o-p-om2-tag-role-001, ('o-p-om2-tag-role-exadb-001')), request.permission != 'CLOUD_VM_CLUSTER_UPDATE_SSH_KEY', request.permission != 'CLOUD_VM_CLUSTER_UPDATE_CPU', request.permission != 'CLOUD_VM_CLUSTER_UPDATE_MEMORY', request.permission !='CLOUD_VM_CLUSTER_UPDATE_LOCAL_STORAGE', request.permission != 'CLOUD_VM_CLUSTER_UPDATE_FILE_SYSTEM'}",
              "allow group 'o-p-om2-id-common-001'/'o-p-om2-grp-admi-database-001', 'o-p-om2-id-common-001'/'99GISS.Cloud_DB_admin' to manage backups in compartment o-p-om2-cmp-land-001 where sets-intersect(target.resource.compartment.tag.o-p-om2-tagns-name-001.o-p-om2-tag-role-001, ('o-p-om2-tag-role-exadb-001'))",
              "allow group 'o-p-om2-id-common-001'/'o-p-om2-grp-admi-database-001', 'o-p-om2-id-common-001'/'99GISS.Cloud_DB_admin' to manage database-software-image in compartment o-p-om2-cmp-land-001 where sets-intersect(target.resource.compartment.tag.o-p-om2-tagns-name-001.o-p-om2-tag-role-001, ('o-p-om2-tag-role-exadb-001'))",
              "allow group 'o-p-om2-id-common-001'/'o-p-om2-grp-admi-database-001', 'o-p-om2-id-common-001'/'99GISS.Cloud_DB_admin' to manage db-homes in compartment o-p-om2-cmp-land-001 where sets-intersect(target.resource.compartment.tag.o-p-om2-tagns-name-001.o-p-om2-tag-role-001, ('o-p-om2-tag-role-exadb-001'))",
              "allow group 'o-p-om2-id-common-001'/'o-p-om2-grp-admi-database-001', 'o-p-om2-id-common-001'/'99GISS.Cloud_DB_admin' to manage databases in compartment o-p-om2-cmp-land-001 where sets-intersect(target.resource.compartment.tag.o-p-om2-tagns-name-001.o-p-om2-tag-role-001, ('o-p-om2-tag-role-exadb-001'))",
              "allow group 'o-p-om2-id-common-001'/'o-p-om2-grp-admi-database-001', 'o-p-om2-id-common-001'/'99GISS.Cloud_DB_admin' to manage pluggable-databases in compartment o-p-om2-cmp-land-001 where sets-intersect(target.resource.compartment.tag.o-p-om2-tagns-name-001.o-p-om2-tag-role-001, ('o-p-om2-tag-role-exadb-001'))",
              "allow group 'o-p-om2-id-common-001'/'o-p-om2-grp-admi-database-001', 'o-p-om2-id-common-001'/'99GISS.Cloud_DB_admin' to manage autonomous-databases in compartment o-p-om2-cmp-land-001 where sets-intersect(target.resource.compartment.tag.o-p-om2-tagns-name-001.o-p-om2-tag-role-001, ('o-p-om2-tag-role-exadb-001'))",
              "allow group 'o-p-om2-id-common-001'/'o-p-om2-grp-admi-database-001', 'o-p-om2-id-common-001'/'99GISS.Cloud_DB_admin' to manage autonomous-backups in compartment o-p-om2-cmp-land-001 where sets-intersect(target.resource.compartment.tag.o-p-om2-tagns-name-001.o-p-om2-tag-role-001, ('o-p-om2-tag-role-exadb-001'))",
              "allow group 'o-p-om2-id-common-001'/'o-p-om2-grp-admi-database-001', 'o-p-om2-id-common-001'/'99GISS.Cloud_DB_admin' to manage autonomous-container-databases in compartment o-p-om2-cmp-land-001 where sets-intersect(target.resource.compartment.tag.o-p-om2-tagns-name-001.o-p-om2-tag-role-001, ('o-p-om2-tag-role-exadb-001'))",
              "allow group 'o-p-om2-id-common-001'/'o-p-om2-grp-admi-database-001', 'o-p-om2-id-common-001'/'99GISS.Cloud_DB_admin' to read virtual-network-family in compartment o-p-om2-cmp-land-001 where sets-intersect(target.resource.compartment.tag.o-p-om2-tagns-name-001.o-p-om2-tag-role-001, ('o-p-om2-tag-role-network-001'))"
            ],
            "time_created": "2026-03-10 14:42:39.572 +0000 UTC",
            "timeouts": null,
            "version_date": null
          },
          "sensitive_attributes": [],
          "identity_schema_version": 0,
          "private": "eyJlMmJmYjczMC1lY2FhLTExZTYtOGY4OC0zNDM2M2JjN2M0YzAiOnsiY3JlYXRlIjoxMjAwMDAwMDAwMDAwLCJkZWxldGUiOjEyMDAwMDAwMDAwMDAsInVwZGF0ZSI6MTIwMDAwMDAwMDAwMH0sInNjaGVtYV92ZXJzaW9uIjoiMCJ9",
          "dependencies": [
            "module.oci_lz_orchestrator.data.oci_identity_regions.these",
            "module.oci_lz_orchestrator.data.oci_identity_tenancy.this",
            "module.oci_lz_orchestrator.module.oci_lz_compartments.oci_identity_compartment.level_2",
            "module.oci_lz_orchestrator.module.oci_lz_compartments.oci_identity_compartment.level_3",
            "module.oci_lz_orchestrator.module.oci_lz_compartments.oci_identity_compartment.level_4",
            "module.oci_lz_orchestrator.module.oci_lz_compartments.oci_identity_compartment.level_5",
            "module.oci_lz_orchestrator.module.oci_lz_compartments.oci_identity_compartment.level_6",
            "module.oci_lz_orchestrator.module.oci_lz_compartments.oci_identity_compartment.these",
            "module.oci_lz_orchestrator.module.oci_lz_compartments.oci_identity_tag_default.these",
            "module.oci_lz_orchestrator.module.oci_lz_dynamic_groups.oci_identity_dynamic_group.these",
            "module.oci_lz_orchestrator.module.oci_lz_groups.data.oci_identity_users.these",
            "module.oci_lz_orchestrator.module.oci_lz_groups.oci_identity_group.these",
            "module.oci_lz_orchestrator.module.oci_lz_groups.oci_identity_user_group_membership.these",
            "module.oci_lz_orchestrator.module.oci_lz_policies.data.oci_identity_region_subscriptions.these",
            "module.oci_lz_orchestrator.module.oci_lz_policies.data.oci_identity_tenancy.this",
            "module.oci_lz_orchestrator.module.oci_lz_tags.data.oci_identity_tag.default_created_by",
            "module.oci_lz_orchestrator.module.oci_lz_tags.data.oci_identity_tag.default_created_on",
            "module.oci_lz_orchestrator.module.oci_lz_tags.data.oci_identity_tag_namespaces.oracle_default",
            "module.oci_lz_orchestrator.module.oci_lz_tags.oci_identity_tag.these",
            "module.oci_lz_orchestrator.module.oci_lz_tags.oci_identity_tag_default.these",
            "module.oci_lz_orchestrator.module.oci_lz_tags.oci_identity_tag_namespace.these"
          ]
        },
        {
          "index_key": "PCY-LZ-PLATFORM-EXACS-GENERIC-ADMIN-KEY",
          "schema_version": 0,
          "attributes": {
            "ETag": "9e23075e41f68b6bd5d8959093c9996db5f0b83e",
            "compartment_id": "ocid1.tenancy.oc19..aaaaaaaa4ftkyx3ao73kndo3mbltj6gtbf27mxbgpu65a33ipgo2wqyj4zba",
            "defined_tags": {
              "Oracle-Tags.CreatedBy": "default/jorge.e.torlaschi@accenture.com",
              "Oracle-Tags.CreatedOn": "2026-03-10T14:42:39.378Z"
            },
            "description": "Policy which allows the groups o-p-om2-grp-admi-infra-001 and o-p-om2-grp-admi-database-001 to have shared privilegies in all exacs compartments",
            "freeform_tags": {
              "ocilz-terraform-module": "iam-policies/0.3.4"
            },
            "id": "ocid1.policy.oc19..aaaaaaaadzr3fb2ot5oxhthk3ns3kjeyitjob6qqq24wee2f2ofmejgqmjaa",
            "inactive_state": null,
            "lastUpdateETag": "9e23075e41f68b6bd5d8959093c9996db5f0b83e",
            "name": "o-p-om2-pcy-eadm-001",
            "policyHash": "59d1a4b5debd47b7015499f62974109b",
            "state": "ACTIVE",
            "statements": [
              "allow group 'o-p-om2-id-common-001'/'o-p-om2-grp-admi-infra-001','o-p-om2-id-common-001'/'o-p-om2-grp-admi-database-001', 'o-p-om2-id-common-001'/'99GISS.Cloud_DB_admin' to use cloud-shell in tenancy",
              "allow group 'o-p-om2-id-common-001'/'o-p-om2-grp-admi-infra-001','o-p-om2-id-common-001'/'o-p-om2-grp-admi-database-001', 'o-p-om2-id-common-001'/'99GISS.Cloud_DB_admin' to read compartments in tenancy",
              "allow group 'o-p-om2-id-common-001'/'o-p-om2-grp-admi-infra-001','o-p-om2-id-common-001'/'o-p-om2-grp-admi-database-001', 'o-p-om2-id-common-001'/'99GISS.Cloud_DB_admin' to read all-resources in compartment o-p-om2-cmp-land-001 where sets-intersect(target.resource.compartment.tag.o-p-om2-tagns-name-001.o-p-om2-tag-role-001, ('o-p-om2-tag-role-exa-001'))",
              "allow group 'o-p-om2-id-common-001'/'o-p-om2-grp-admi-infra-001','o-p-om2-id-common-001'/'o-p-om2-grp-admi-database-001', 'o-p-om2-id-common-001'/'99GISS.Cloud_DB_admin' to manage alarms in compartment o-p-om2-cmp-land-001 where sets-intersect(target.resource.compartment.tag.o-p-om2-tagns-name-001.o-p-om2-tag-role-001, ('o-p-om2-tag-role-exa-001'))",
              "allow group 'o-p-om2-id-common-001'/'o-p-om2-grp-admi-infra-001','o-p-om2-id-common-001'/'o-p-om2-grp-admi-database-001', 'o-p-om2-id-common-001'/'99GISS.Cloud_DB_admin' to manage metrics in compartment o-p-om2-cmp-land-001 where sets-intersect(target.resource.compartment.tag.o-p-om2-tagns-name-001.o-p-om2-tag-role-001, ('o-p-om2-tag-role-exa-001'))",
              "allow group 'o-p-om2-id-common-001'/'o-p-om2-grp-admi-infra-001','o-p-om2-id-common-001'/'o-p-om2-grp-admi-database-001', 'o-p-om2-id-common-001'/'99GISS.Cloud_DB_admin' to read audit-events in compartment o-p-om2-cmp-land-001 where sets-intersect(target.resource.compartment.tag.o-p-om2-tagns-name-001.o-p-om2-tag-role-001, ('o-p-om2-tag-role-exa-001'))",
              "allow group 'o-p-om2-id-common-001'/'o-p-om2-grp-admi-infra-001','o-p-om2-id-common-001'/'o-p-om2-grp-admi-database-001', 'o-p-om2-id-common-001'/'99GISS.Cloud_DB_admin' to read work-requests in compartment o-p-om2-cmp-land-001 where sets-intersect(target.resource.compartment.tag.o-p-om2-tagns-name-001.o-p-om2-tag-role-001, ('o-p-om2-tag-role-exa-001'))",
              "allow group 'o-p-om2-id-common-001'/'o-p-om2-grp-admi-infra-001','o-p-om2-id-common-001'/'o-p-om2-grp-admi-database-001', 'o-p-om2-id-common-001'/'99GISS.Cloud_DB_admin' to manage cloudevents-rules in compartment o-p-om2-cmp-land-001 where sets-intersect(target.resource.compartment.tag.o-p-om2-tagns-name-001.o-p-om2-tag-role-001, ('o-p-om2-tag-role-exa-001'))",
              "allow group 'o-p-om2-id-common-001'/'o-p-om2-grp-admi-infra-001','o-p-om2-id-common-001'/'o-p-om2-grp-admi-database-001', 'o-p-om2-id-common-001'/'99GISS.Cloud_DB_admin' to manage ons-family in compartment o-p-om2-cmp-land-001 where sets-intersect(target.resource.compartment.tag.o-p-om2-tagns-name-001.o-p-om2-tag-role-001, ('o-p-om2-tag-role-exa-001'))"
            ],
            "time_created": "2026-03-10 14:42:39.396 +0000 UTC",
            "timeouts": null,
            "version_date": null
          },
          "sensitive_attributes": [],
          "identity_schema_version": 0,
          "private": "eyJlMmJmYjczMC1lY2FhLTExZTYtOGY4OC0zNDM2M2JjN2M0YzAiOnsiY3JlYXRlIjoxMjAwMDAwMDAwMDAwLCJkZWxldGUiOjEyMDAwMDAwMDAwMDAsInVwZGF0ZSI6MTIwMDAwMDAwMDAwMH0sInNjaGVtYV92ZXJzaW9uIjoiMCJ9",
          "dependencies": [
            "module.oci_lz_orchestrator.data.oci_identity_regions.these",
            "module.oci_lz_orchestrator.data.oci_identity_tenancy.this",
            "module.oci_lz_orchestrator.module.oci_lz_compartments.oci_identity_compartment.level_2",
            "module.oci_lz_orchestrator.module.oci_lz_compartments.oci_identity_compartment.level_3",
            "module.oci_lz_orchestrator.module.oci_lz_compartments.oci_identity_compartment.level_4",
            "module.oci_lz_orchestrator.module.oci_lz_compartments.oci_identity_compartment.level_5",
            "module.oci_lz_orchestrator.module.oci_lz_compartments.oci_identity_compartment.level_6",
            "module.oci_lz_orchestrator.module.oci_lz_compartments.oci_identity_compartment.these",
            "module.oci_lz_orchestrator.module.oci_lz_compartments.oci_identity_tag_default.these",
            "module.oci_lz_orchestrator.module.oci_lz_dynamic_groups.oci_identity_dynamic_group.these",
            "module.oci_lz_orchestrator.module.oci_lz_groups.data.oci_identity_users.these",
            "module.oci_lz_orchestrator.module.oci_lz_groups.oci_identity_group.these",
            "module.oci_lz_orchestrator.module.oci_lz_groups.oci_identity_user_group_membership.these",
            "module.oci_lz_orchestrator.module.oci_lz_policies.data.oci_identity_region_subscriptions.these",
            "module.oci_lz_orchestrator.module.oci_lz_policies.data.oci_identity_tenancy.this",
            "module.oci_lz_orchestrator.module.oci_lz_tags.data.oci_identity_tag.default_created_by",
            "module.oci_lz_orchestrator.module.oci_lz_tags.data.oci_identity_tag.default_created_on",
            "module.oci_lz_orchestrator.module.oci_lz_tags.data.oci_identity_tag_namespaces.oracle_default",
            "module.oci_lz_orchestrator.module.oci_lz_tags.oci_identity_tag.these",
            "module.oci_lz_orchestrator.module.oci_lz_tags.oci_identity_tag_default.these",
            "module.oci_lz_orchestrator.module.oci_lz_tags.oci_identity_tag_namespace.these"
          ]
        },
        {
          "index_key": "PCY-LZ-PLATFORM-EXACS-INFRA-ADMIN-KEY",
          "schema_version": 0,
          "attributes": {
            "ETag": "0c189bcd0089c86b8869842d992e3eb229414e92",
            "compartment_id": "ocid1.compartment.oc19..aaaaaaaa43gu35rhrbtmirjlkxilrma3v5s2bqzhico4up6jvstnluiud3oa",
            "defined_tags": {
              "Oracle-Tags.CreatedBy": "default/jorge.e.torlaschi@accenture.com",
              "Oracle-Tags.CreatedOn": "2026-03-10T14:42:39.193Z"
            },
            "description": "Example policy which allows the o-p-om2-grp-admi-infra-001 group users to manage the DB infra in all the environments and projects.",
            "freeform_tags": {
              "ocilz-terraform-module": "iam-policies/0.3.4"
            },
            "id": "ocid1.policy.oc19..aaaaaaaatvfyywb5ed64yslueu4wlpur4xnc2orplqrljaxsvwsatlszhqjq",
            "inactive_state": null,
            "lastUpdateETag": "0c189bcd0089c86b8869842d992e3eb229414e92",
            "name": "o-p-om2-pcy-einf-001",
            "policyHash": "71f96ec712511f129190d8ae706da976",
            "state": "ACTIVE",
            "statements": [
              "allow group 'o-p-om2-id-common-001'/'o-p-om2-grp-admi-infra-001' to manage cloud-exadata-infrastructures in compartment o-p-om2-cmp-land-001 where sets-intersect(target.resource.compartment.tag.o-p-om2-tagns-name-001.o-p-om2-tag-role-001, ('o-p-om2-tag-role-exainfra-001'))",
              "allow group 'o-p-om2-id-common-001'/'o-p-om2-grp-admi-infra-001' to manage scheduling-policies in compartment o-p-om2-cmp-land-001 where sets-intersect(target.resource.compartment.tag.o-p-om2-tagns-name-001.o-p-om2-tag-role-001, ('o-p-om2-tag-role-exainfra-001'))",
              "allow group 'o-p-om2-id-common-001'/'o-p-om2-grp-admi-infra-001' to manage scheduling-windows in compartment o-p-om2-cmp-land-001 where sets-intersect(target.resource.compartment.tag.o-p-om2-tagns-name-001.o-p-om2-tag-role-001, ('o-p-om2-tag-role-exainfra-001'))",
              "allow group 'o-p-om2-id-common-001'/'o-p-om2-grp-admi-infra-001' to manage execution-windows in compartment o-p-om2-cmp-land-001 where sets-intersect(target.resource.compartment.tag.o-p-om2-tagns-name-001.o-p-om2-tag-role-001, ('o-p-om2-tag-role-exainfra-001'))",
              "allow group 'o-p-om2-id-common-001'/'o-p-om2-grp-admi-infra-001' to manage orm-stacks in compartment o-p-om2-cmp-land-001 where sets-intersect(target.resource.compartment.tag.o-p-om2-tagns-name-001.o-p-om2-tag-role-001, ('o-p-om2-tag-role-exainfra-001'))",
              "allow group 'o-p-om2-id-common-001'/'o-p-om2-grp-admi-infra-001' to manage orm-jobs in compartment o-p-om2-cmp-land-001 where sets-intersect(target.resource.compartment.tag.o-p-om2-tagns-name-001.o-p-om2-tag-role-001, ('o-p-om2-tag-role-exainfra-001'))",
              "allow group 'o-p-om2-id-common-001'/'o-p-om2-grp-admi-infra-001' to manage orm-config-source-providers in compartment o-p-om2-cmp-land-001 where sets-intersect(target.resource.compartment.tag.o-p-om2-tagns-name-001.o-p-om2-tag-role-001, ('o-p-om2-tag-role-exainfra-001'))",
              "allow group 'o-p-om2-id-common-001'/'o-p-om2-grp-admi-infra-001' to read audit-events in compartment o-p-om2-cmp-land-001 where sets-intersect(target.resource.compartment.tag.o-p-om2-tagns-name-001.o-p-om2-tag-role-001, ('o-p-om2-tag-role-exainfra-001'))",
              "allow group 'o-p-om2-id-common-001'/'o-p-om2-grp-admi-infra-001' to read work-requests in compartment o-p-om2-cmp-land-001 where sets-intersect(target.resource.compartment.tag.o-p-om2-tagns-name-001.o-p-om2-tag-role-001, ('o-p-om2-tag-role-exainfra-001'))",
              "allow group 'o-p-om2-id-common-001'/'o-p-om2-grp-admi-infra-001' to manage cloudevents-rules in compartment o-p-om2-cmp-land-001 where sets-intersect(target.resource.compartment.tag.o-p-om2-tagns-name-001.o-p-om2-tag-role-001, ('o-p-om2-tag-role-exainfra-001'))",
              "allow group 'o-p-om2-id-common-001'/'o-p-om2-grp-admi-infra-001' to manage cloud-vmclusters in compartment o-p-om2-cmp-land-001 where all{sets-intersect(target.resource.compartment.tag.o-p-om2-tagns-name-001.o-p-om2-tag-role-001, ('o-p-om2-tag-role-exainfra-001')), request.permission != 'CLOUD_VM_CLUSTER_UPDATE_GI_SOFTWARE', request.permission != 'CLOUD_VM_CLUSTER_UPDATE_EXADATA_STORAGE'}",
              "allow group 'o-p-om2-id-common-001'/'o-p-om2-grp-admi-infra-001' to use dbServers in compartment o-p-om2-cmp-land-001 where sets-intersect(target.resource.compartment.tag.o-p-om2-tagns-name-001.o-p-om2-tag-role-001, ('o-p-om2-tag-role-exainfra-001'))",
              "allow group 'o-p-om2-id-common-001'/'o-p-om2-grp-admi-infra-001' to manage dbnode-console-connection in compartment o-p-om2-cmp-land-001 where sets-intersect(target.resource.compartment.tag.o-p-om2-tagns-name-001.o-p-om2-tag-role-001, ('o-p-om2-tag-role-exainfra-001'))",
              "allow group 'o-p-om2-id-common-001'/'o-p-om2-grp-admi-infra-001' to manage dbnode-console-history in compartment o-p-om2-cmp-land-001 where sets-intersect(target.resource.compartment.tag.o-p-om2-tagns-name-001.o-p-om2-tag-role-001, ('o-p-om2-tag-role-exainfra-001'))",
              "allow group 'o-p-om2-id-common-001'/'o-p-om2-grp-admi-infra-001' to manage cloud-autonomous-vmclusters in compartment o-p-om2-cmp-land-001 where sets-intersect(target.resource.compartment.tag.o-p-om2-tagns-name-001.o-p-om2-tag-role-001, ('o-p-om2-tag-role-exainfra-001'))",
              "allow group 'o-p-om2-id-common-001'/'o-p-om2-grp-admi-infra-001' to use subnets in compartment o-p-om2-cmp-land-001  where sets-intersect(target.resource.compartment.tag.o-p-om2-tagns-name-001.o-p-om2-tag-role-001, ('o-p-om2-tag-role-network-001'))",
              "allow group 'o-p-om2-id-common-001'/'o-p-om2-grp-admi-infra-001' to use vnics in compartment o-p-om2-cmp-land-001 where sets-intersect(target.resource.compartment.tag.o-p-om2-tagns-name-001.o-p-om2-tag-role-001, ('o-p-om2-tag-role-network-001'))",
              "allow group 'o-p-om2-id-common-001'/'o-p-om2-grp-admi-infra-001' to manage db-nodes in compartment o-p-om2-cmp-land-001 where sets-intersect(target.resource.compartment.tag.o-p-om2-tagns-name-001.o-p-om2-tag-role-001, ('o-p-om2-tag-role-exainfra-001'))",
              "allow group 'o-p-om2-id-common-001'/'o-p-om2-grp-admi-infra-001' to use database-software-images in compartment o-p-om2-cmp-land-001 where sets-intersect(target.resource.compartment.tag.o-p-om2-tagns-name-001.o-p-om2-tag-role-001, ('o-p-om2-tag-role-network-001'))"
            ],
            "time_created": "2026-03-10 14:42:39.209 +0000 UTC",
            "timeouts": null,
            "version_date": null
          },
          "sensitive_attributes": [],
          "identity_schema_version": 0,
          "private": "eyJlMmJmYjczMC1lY2FhLTExZTYtOGY4OC0zNDM2M2JjN2M0YzAiOnsiY3JlYXRlIjoxMjAwMDAwMDAwMDAwLCJkZWxldGUiOjEyMDAwMDAwMDAwMDAsInVwZGF0ZSI6MTIwMDAwMDAwMDAwMH0sInNjaGVtYV92ZXJzaW9uIjoiMCJ9",
          "dependencies": [
            "module.oci_lz_orchestrator.data.oci_identity_regions.these",
            "module.oci_lz_orchestrator.data.oci_identity_tenancy.this",
            "module.oci_lz_orchestrator.module.oci_lz_compartments.oci_identity_compartment.level_2",
            "module.oci_lz_orchestrator.module.oci_lz_compartments.oci_identity_compartment.level_3",
            "module.oci_lz_orchestrator.module.oci_lz_compartments.oci_identity_compartment.level_4",
            "module.oci_lz_orchestrator.module.oci_lz_compartments.oci_identity_compartment.level_5",
            "module.oci_lz_orchestrator.module.oci_lz_compartments.oci_identity_compartment.level_6",
            "module.oci_lz_orchestrator.module.oci_lz_compartments.oci_identity_compartment.these",
            "module.oci_lz_orchestrator.module.oci_lz_compartments.oci_identity_tag_default.these",
            "module.oci_lz_orchestrator.module.oci_lz_dynamic_groups.oci_identity_dynamic_group.these",
            "module.oci_lz_orchestrator.module.oci_lz_groups.data.oci_identity_users.these",
            "module.oci_lz_orchestrator.module.oci_lz_groups.oci_identity_group.these",
            "module.oci_lz_orchestrator.module.oci_lz_groups.oci_identity_user_group_membership.these",
            "module.oci_lz_orchestrator.module.oci_lz_policies.data.oci_identity_region_subscriptions.these",
            "module.oci_lz_orchestrator.module.oci_lz_policies.data.oci_identity_tenancy.this",
            "module.oci_lz_orchestrator.module.oci_lz_tags.data.oci_identity_tag.default_created_by",
            "module.oci_lz_orchestrator.module.oci_lz_tags.data.oci_identity_tag.default_created_on",
            "module.oci_lz_orchestrator.module.oci_lz_tags.data.oci_identity_tag_namespaces.oracle_default",
            "module.oci_lz_orchestrator.module.oci_lz_tags.oci_identity_tag.these",
            "module.oci_lz_orchestrator.module.oci_lz_tags.oci_identity_tag_default.these",
            "module.oci_lz_orchestrator.module.oci_lz_tags.oci_identity_tag_namespace.these"
          ]
        },
        {
          "index_key": "PCY-MARKETPLACE-KEY",
          "schema_version": 0,
          "attributes": {
            "ETag": "db1f906ec76d86b02289ab8efbc413aed96566b1",
            "compartment_id": "ocid1.tenancy.oc19..aaaaaaaa4ftkyx3ao73kndo3mbltj6gtbf27mxbgpu65a33ipgo2wqyj4zba",
            "defined_tags": {
              "Oracle-Tags.CreatedBy": "default/jorge.e.torlaschi@accenture.com",
              "Oracle-Tags.CreatedOn": "2026-04-21T10:10:42.497Z"
            },
            "description": "Marketplace subscriber. Allows reading and subscribing to app catalog listings.",
            "freeform_tags": {
              "ocilz-terraform-module": "iam-policies/0.3.4"
            },
            "id": "ocid1.policy.oc19..aaaaaaaajcg6iwjlvnnfojm3mgesto6bzbnj6pamzwwcrlbfedzoqjvc5gzq",
            "inactive_state": null,
            "lastUpdateETag": "db1f906ec76d86b02289ab8efbc413aed96566b1",
            "name": "o-p-om2-pcy-mktpl-001",
            "policyHash": "eb5013d863d81d890cdfa93b5f8db632",
            "state": "ACTIVE",
            "statements": [
              "allow group 'o-p-om2-id-common-001'/'99GISS.Cloud_MarketplaceSuscriber' to inspect compartments in tenancy",
              "allow group 'o-p-om2-id-common-001'/'99GISS.Cloud_MarketplaceSuscriber' to manage app-catalog-listing in tenancy",
              "allow group 'o-p-om2-id-common-001'/'99GISS.Cloud_MarketplaceSuscriber' to manage instance-family in tenancy",
              "allow group 'o-p-om2-id-common-001'/'99GISS.Cloud_MarketplaceSuscriber' to use volume-family in tenancy",
              "allow group 'o-p-om2-id-common-001'/'99GISS.Cloud_MarketplaceSuscriber' to use virtual-network-family in tenancy",
              "allow group 'o-p-om2-id-common-001'/'99GISS.Cloud_MarketplaceSuscriber' to manage orm-stack in tenancy",
              "allow group 'o-p-om2-id-common-001'/'99GISS.Cloud_MarketplaceSuscriber' to manage orm-job in tenancy",
              "allow group 'o-p-om2-id-common-001'/'99GISS.Cloud_MarketplaceSuscriber' to manage repos in tenancy",
              "allow group 'o-p-om2-id-common-001'/'99GISS.Cloud_MarketplaceSuscriber' to use cloud-shell in tenancy"
            ],
            "time_created": "2026-04-21 10:10:42.525 +0000 UTC",
            "timeouts": null,
            "version_date": null
          },
          "sensitive_attributes": [],
          "identity_schema_version": 0,
          "private": "eyJlMmJmYjczMC1lY2FhLTExZTYtOGY4OC0zNDM2M2JjN2M0YzAiOnsiY3JlYXRlIjoxMjAwMDAwMDAwMDAwLCJkZWxldGUiOjEyMDAwMDAwMDAwMDAsInVwZGF0ZSI6MTIwMDAwMDAwMDAwMH0sInNjaGVtYV92ZXJzaW9uIjoiMCJ9",
          "dependencies": [
            "module.oci_lz_orchestrator.data.oci_identity_regions.these",
            "module.oci_lz_orchestrator.data.oci_identity_tenancy.this",
            "module.oci_lz_orchestrator.module.oci_lz_compartments.oci_identity_compartment.level_2",
            "module.oci_lz_orchestrator.module.oci_lz_compartments.oci_identity_compartment.level_3",
            "module.oci_lz_orchestrator.module.oci_lz_compartments.oci_identity_compartment.level_4",
            "module.oci_lz_orchestrator.module.oci_lz_compartments.oci_identity_compartment.level_5",
            "module.oci_lz_orchestrator.module.oci_lz_compartments.oci_identity_compartment.level_6",
            "module.oci_lz_orchestrator.module.oci_lz_compartments.oci_identity_compartment.these",
            "module.oci_lz_orchestrator.module.oci_lz_compartments.oci_identity_tag_default.these",
            "module.oci_lz_orchestrator.module.oci_lz_dynamic_groups.oci_identity_dynamic_group.these",
            "module.oci_lz_orchestrator.module.oci_lz_groups.data.oci_identity_users.these",
            "module.oci_lz_orchestrator.module.oci_lz_groups.oci_identity_group.these",
            "module.oci_lz_orchestrator.module.oci_lz_groups.oci_identity_user_group_membership.these",
            "module.oci_lz_orchestrator.module.oci_lz_policies.data.oci_identity_region_subscriptions.these",
            "module.oci_lz_orchestrator.module.oci_lz_policies.data.oci_identity_tenancy.this",
            "module.oci_lz_orchestrator.module.oci_lz_tags.data.oci_identity_tag.default_created_by",
            "module.oci_lz_orchestrator.module.oci_lz_tags.data.oci_identity_tag.default_created_on",
            "module.oci_lz_orchestrator.module.oci_lz_tags.data.oci_identity_tag_namespaces.oracle_default",
            "module.oci_lz_orchestrator.module.oci_lz_tags.oci_identity_tag.these",
            "module.oci_lz_orchestrator.module.oci_lz_tags.oci_identity_tag_default.these",
            "module.oci_lz_orchestrator.module.oci_lz_tags.oci_identity_tag_namespace.these"
          ]
        },
        {
          "index_key": "PCY-MONITORING-KEY",
          "schema_version": 0,
          "attributes": {
            "ETag": "ba18d2ffe8421aee04e998099122721c3046e063",
            "compartment_id": "ocid1.tenancy.oc19..aaaaaaaa4ftkyx3ao73kndo3mbltj6gtbf27mxbgpu65a33ipgo2wqyj4zba",
            "defined_tags": {
              "Oracle-Tags.CreatedBy": "default/jorge.e.torlaschi@accenture.com",
              "Oracle-Tags.CreatedOn": "2026-04-07T15:16:09.076Z"
            },
            "description": "Monitoring administration. Manage metrics, alarms, logging and notification services in the Landing Zone.",
            "freeform_tags": {
              "ocilz-terraform-module": "iam-policies/0.3.4"
            },
            "id": "ocid1.policy.oc19..aaaaaaaaj2kskvm4ewjukys4ek4cfmgygrccdtkqg64tdmhf5bltsr6xcyrq",
            "inactive_state": null,
            "lastUpdateETag": "ba18d2ffe8421aee04e998099122721c3046e063",
            "name": "o-p-om2-pcy-monit-001",
            "policyHash": "a6a82b1ce710277bbd7bdc8511e15807",
            "state": "ACTIVE",
            "statements": [
              "allow group 'o-p-om2-id-common-001'/'99GISS.Cloud_Monitoring_admin' to manage metrics in compartment o-p-om2-cmp-land-001",
              "allow group 'o-p-om2-id-common-001'/'99GISS.Cloud_Monitoring_admin' to manage alarms in compartment o-p-om2-cmp-land-001",
              "allow group 'o-p-om2-id-common-001'/'99GISS.Cloud_Monitoring_admin' to manage logging-family in compartment o-p-om2-cmp-land-001",
              "allow group 'o-p-om2-id-common-001'/'99GISS.Cloud_Monitoring_admin' to manage serviceconnectors in compartment o-p-om2-cmp-land-001",
              "allow group 'o-p-om2-id-common-001'/'99GISS.Cloud_Monitoring_admin' to manage ons-family in compartment o-p-om2-cmp-land-001",
              "allow group 'o-p-om2-id-common-001'/'99GISS.Cloud_Monitoring_admin' to read audit-events in compartment o-p-om2-cmp-land-001",
              "allow group 'o-p-om2-id-common-001'/'99GISS.Cloud_Monitoring_admin' to read work-requests in compartment o-p-om2-cmp-land-001",
              "allow group 'o-p-om2-id-common-001'/'99GISS.Cloud_Monitoring_admin' to use cloud-shell in tenancy"
            ],
            "time_created": "2026-04-07 15:16:09.08 +0000 UTC",
            "timeouts": null,
            "version_date": null
          },
          "sensitive_attributes": [],
          "identity_schema_version": 0,
          "private": "eyJlMmJmYjczMC1lY2FhLTExZTYtOGY4OC0zNDM2M2JjN2M0YzAiOnsiY3JlYXRlIjoxMjAwMDAwMDAwMDAwLCJkZWxldGUiOjEyMDAwMDAwMDAwMDAsInVwZGF0ZSI6MTIwMDAwMDAwMDAwMH0sInNjaGVtYV92ZXJzaW9uIjoiMCJ9",
          "dependencies": [
            "module.oci_lz_orchestrator.data.oci_identity_regions.these",
            "module.oci_lz_orchestrator.data.oci_identity_tenancy.this",
            "module.oci_lz_orchestrator.module.oci_lz_compartments.oci_identity_compartment.level_2",
            "module.oci_lz_orchestrator.module.oci_lz_compartments.oci_identity_compartment.level_3",
            "module.oci_lz_orchestrator.module.oci_lz_compartments.oci_identity_compartment.level_4",
            "module.oci_lz_orchestrator.module.oci_lz_compartments.oci_identity_compartment.level_5",
            "module.oci_lz_orchestrator.module.oci_lz_compartments.oci_identity_compartment.level_6",
            "module.oci_lz_orchestrator.module.oci_lz_compartments.oci_identity_compartment.these",
            "module.oci_lz_orchestrator.module.oci_lz_compartments.oci_identity_tag_default.these",
            "module.oci_lz_orchestrator.module.oci_lz_dynamic_groups.oci_identity_dynamic_group.these",
            "module.oci_lz_orchestrator.module.oci_lz_groups.data.oci_identity_users.these",
            "module.oci_lz_orchestrator.module.oci_lz_groups.oci_identity_group.these",
            "module.oci_lz_orchestrator.module.oci_lz_groups.oci_identity_user_group_membership.these",
            "module.oci_lz_orchestrator.module.oci_lz_policies.data.oci_identity_region_subscriptions.these",
            "module.oci_lz_orchestrator.module.oci_lz_policies.data.oci_identity_tenancy.this",
            "module.oci_lz_orchestrator.module.oci_lz_tags.data.oci_identity_tag.default_created_by",
            "module.oci_lz_orchestrator.module.oci_lz_tags.data.oci_identity_tag.default_created_on",
            "module.oci_lz_orchestrator.module.oci_lz_tags.data.oci_identity_tag_namespaces.oracle_default",
            "module.oci_lz_orchestrator.module.oci_lz_tags.oci_identity_tag.these",
            "module.oci_lz_orchestrator.module.oci_lz_tags.oci_identity_tag_default.these",
            "module.oci_lz_orchestrator.module.oci_lz_tags.oci_identity_tag_namespace.these"
          ]
        },
        {
          "index_key": "PCY-NETWORK-ADMIN-KEY",
          "schema_version": 0,
          "attributes": {
            "ETag": "c4d6d589d07586825eb487c685e0326d1c92a4ff",
            "compartment_id": "ocid1.compartment.oc19..aaaaaaaa43gu35rhrbtmirjlkxilrma3v5s2bqzhico4up6jvstnluiud3oa",
            "defined_tags": {
              "Oracle-Tags.CreatedBy": "default/jorge.e.torlaschi@accenture.com",
              "Oracle-Tags.CreatedOn": "2026-03-10T14:42:39.469Z"
            },
            "description": "Allow o-p-om2-grp-neta-001 group users to manage all network resources in the child compartments of o-p-om2-cmp-001 with the matching tags.",
            "freeform_tags": {
              "ocilz-terraform-module": "iam-policies/0.3.4"
            },
            "id": "ocid1.policy.oc19..aaaaaaaau7hj5voz2en3kpe4yqdsydyxy2s6ocdxlptsup3vwugugvdvunva",
            "inactive_state": null,
            "lastUpdateETag": "c4d6d589d07586825eb487c685e0326d1c92a4ff",
            "name": "o-p-om2-pcy-nadm-001",
            "policyHash": "4424d3549e0d8038968b636e83fea615",
            "state": "ACTIVE",
            "statements": [
              "allow group 'o-p-om2-id-common-001'/'o-p-om2-grp-admi-network-001', 'o-p-om2-id-common-001'/'99GISS.Cloud_Networking_admin' to read all-resources in compartment o-p-om2-cmp-land-001 where sets-intersect(target.resource.compartment.tag.o-p-om2-tagns-name-001.o-p-om2-tag-role-001, ('o-p-om2-tag-role-network-001'))",
              "allow group 'o-p-om2-id-common-001'/'o-p-om2-grp-admi-network-001', 'o-p-om2-id-common-001'/'99GISS.Cloud_Networking_admin' to manage virtual-network-family in compartment o-p-om2-cmp-land-001 where sets-intersect(target.resource.compartment.tag.o-p-om2-tagns-name-001.o-p-om2-tag-role-001, ('o-p-om2-tag-role-network-001'))",
              "allow group 'o-p-om2-id-common-001'/'o-p-om2-grp-admi-network-001', 'o-p-om2-id-common-001'/'99GISS.Cloud_Networking_admin' to manage dns in compartment o-p-om2-cmp-land-001 where sets-intersect(target.resource.compartment.tag.o-p-om2-tagns-name-001.o-p-om2-tag-role-001, ('o-p-om2-tag-role-network-001'))",
              "allow group 'o-p-om2-id-common-001'/'o-p-om2-grp-admi-network-001', 'o-p-om2-id-common-001'/'99GISS.Cloud_Networking_admin' to manage load-balancers in compartment o-p-om2-cmp-land-001 where sets-intersect(target.resource.compartment.tag.o-p-om2-tagns-name-001.o-p-om2-tag-role-001, ('o-p-om2-tag-role-network-001'))",
              "allow group 'o-p-om2-id-common-001'/'o-p-om2-grp-admi-network-001', 'o-p-om2-id-common-001'/'99GISS.Cloud_Networking_admin' to manage alarms in compartment o-p-om2-cmp-land-001 where sets-intersect(target.resource.compartment.tag.o-p-om2-tagns-name-001.o-p-om2-tag-role-001, ('o-p-om2-tag-role-network-001'))",
              "allow group 'o-p-om2-id-common-001'/'o-p-om2-grp-admi-network-001', 'o-p-om2-id-common-001'/'99GISS.Cloud_Networking_admin' to manage metrics in compartment o-p-om2-cmp-land-001 where sets-intersect(target.resource.compartment.tag.o-p-om2-tagns-name-001.o-p-om2-tag-role-001, ('o-p-om2-tag-role-network-001'))",
              "allow group 'o-p-om2-id-common-001'/'o-p-om2-grp-admi-network-001', 'o-p-om2-id-common-001'/'99GISS.Cloud_Networking_admin' to manage orm-stacks in compartment o-p-om2-cmp-land-001 where sets-intersect(target.resource.compartment.tag.o-p-om2-tagns-name-001.o-p-om2-tag-role-001, ('o-p-om2-tag-role-network-001'))",
              "allow group 'o-p-om2-id-common-001'/'o-p-om2-grp-admi-network-001', 'o-p-om2-id-common-001'/'99GISS.Cloud_Networking_admin' to manage orm-jobs in compartment o-p-om2-cmp-land-001 where sets-intersect(target.resource.compartment.tag.o-p-om2-tagns-name-001.o-p-om2-tag-role-001, ('o-p-om2-tag-role-network-001'))",
              "allow group 'o-p-om2-id-common-001'/'o-p-om2-grp-admi-network-001', 'o-p-om2-id-common-001'/'99GISS.Cloud_Networking_admin' to manage orm-config-source-providers in compartment o-p-om2-cmp-land-001 where sets-intersect(target.resource.compartment.tag.o-p-om2-tagns-name-001.o-p-om2-tag-role-001, ('o-p-om2-tag-role-network-001'))",
              "allow group 'o-p-om2-id-common-001'/'o-p-om2-grp-admi-network-001', 'o-p-om2-id-common-001'/'99GISS.Cloud_Networking_admin' to read audit-events in compartment o-p-om2-cmp-land-001 where sets-intersect(target.resource.compartment.tag.o-p-om2-tagns-name-001.o-p-om2-tag-role-001, ('o-p-om2-tag-role-network-001'))",
              "allow group 'o-p-om2-id-common-001'/'o-p-om2-grp-admi-network-001', 'o-p-om2-id-common-001'/'99GISS.Cloud_Networking_admin' to read work-requests in compartment o-p-om2-cmp-land-001 where sets-intersect(target.resource.compartment.tag.o-p-om2-tagns-name-001.o-p-om2-tag-role-001, ('o-p-om2-tag-role-network-001'))",
              "allow group 'o-p-om2-id-common-001'/'o-p-om2-grp-admi-network-001', 'o-p-om2-id-common-001'/'99GISS.Cloud_Networking_admin' to manage instance-family in compartment o-p-om2-cmp-land-001 where sets-intersect(target.resource.compartment.tag.o-p-om2-tagns-name-001.o-p-om2-tag-role-001, ('o-p-om2-tag-role-network-001'))",
              "allow group 'o-p-om2-id-common-001'/'o-p-om2-grp-admi-network-001', 'o-p-om2-id-common-001'/'99GISS.Cloud_Networking_admin' to manage volume-family in compartment o-p-om2-cmp-land-001 where all{sets-intersect(target.resource.compartment.tag.o-p-om2-tagns-name-001.o-p-om2-tag-role-001, ('o-p-om2-tag-role-network-001')), request.permission != 'VOLUME_BACKUP_DELETE', request.permission != 'VOLUME_DELETE', request.permission != 'BOOT_VOLUME_BACKUP_DELETE'}",
              "allow group 'o-p-om2-id-common-001'/'o-p-om2-grp-admi-network-001', 'o-p-om2-id-common-001'/'99GISS.Cloud_Networking_admin' to manage object-family in compartment o-p-om2-cmp-land-001 where all{sets-intersect(target.resource.compartment.tag.o-p-om2-tagns-name-001.o-p-om2-tag-role-001, ('o-p-om2-tag-role-network-001')), request.permission != 'OBJECT_DELETE', request.permission != 'BUCKET_DELETE'}",
              "allow group 'o-p-om2-id-common-001'/'o-p-om2-grp-admi-network-001', 'o-p-om2-id-common-001'/'99GISS.Cloud_Networking_admin' to manage file-family in compartment o-p-om2-cmp-land-001 where all{sets-intersect(target.resource.compartment.tag.o-p-om2-tagns-name-001.o-p-om2-tag-role-001, ('o-p-om2-tag-role-network-001')), request.permission != 'FILE_SYSTEM_DELETE', request.permission != 'MOUNT_TARGET_DELETE', request.permission != 'EXPORT_SET_DELETE', request.permission != 'FILE_SYSTEM_DELETE_SNAPSHOT', request.permission != 'FILE_SYSTEM_NFSv3_UNEXPORT'}",
              "allow group 'o-p-om2-id-common-001'/'o-p-om2-grp-admi-network-001', 'o-p-om2-id-common-001'/'99GISS.Cloud_Networking_admin' to manage bastion-session in compartment o-p-om2-cmp-land-001 where sets-intersect(target.resource.compartment.tag.o-p-om2-tagns-name-001.o-p-om2-tag-role-001, ('o-p-om2-tag-role-network-001'))",
              "allow group 'o-p-om2-id-common-001'/'o-p-om2-grp-admi-network-001', 'o-p-om2-id-common-001'/'99GISS.Cloud_Networking_admin' to manage cloudevents-rules in compartment o-p-om2-cmp-land-001 where sets-intersect(target.resource.compartment.tag.o-p-om2-tagns-name-001.o-p-om2-tag-role-001, ('o-p-om2-tag-role-network-001'))",
              "allow group 'o-p-om2-id-common-001'/'o-p-om2-grp-admi-network-001', 'o-p-om2-id-common-001'/'99GISS.Cloud_Networking_admin' to read instance-agent-plugins in compartment o-p-om2-cmp-land-001 where sets-intersect(target.resource.compartment.tag.o-p-om2-tagns-name-001.o-p-om2-tag-role-001, ('o-p-om2-tag-role-network-001'))",
              "allow group 'o-p-om2-id-common-001'/'o-p-om2-grp-admi-network-001', 'o-p-om2-id-common-001'/'99GISS.Cloud_Networking_admin' to manage keys in compartment o-p-om2-cmp-land-001 where sets-intersect(target.resource.compartment.tag.o-p-om2-tagns-name-001.o-p-om2-tag-role-001, ('o-p-om2-tag-role-network-001'))",
              "allow group 'o-p-om2-id-common-001'/'o-p-om2-grp-admi-network-001', 'o-p-om2-id-common-001'/'99GISS.Cloud_Networking_admin' to use key-delegate in compartment o-p-om2-cmp-land-001 where sets-intersect(target.resource.compartment.tag.o-p-om2-tagns-name-001.o-p-om2-tag-role-001, ('o-p-om2-tag-role-network-001'))",
              "allow group 'o-p-om2-id-common-001'/'o-p-om2-grp-admi-network-001', 'o-p-om2-id-common-001'/'99GISS.Cloud_Networking_admin' to manage secret-family in compartment o-p-om2-cmp-land-001 where sets-intersect(target.resource.compartment.tag.o-p-om2-tagns-name-001.o-p-om2-tag-role-001, ('o-p-om2-tag-role-network-001'))",
              "allow group 'o-p-om2-id-common-001'/'o-p-om2-grp-admi-network-001', 'o-p-om2-id-common-001'/'99GISS.Cloud_Networking_admin' to manage repos in compartment o-p-om2-cmp-land-001 where sets-intersect(target.resource.compartment.tag.o-p-om2-tagns-name-001.o-p-om2-tag-role-001, ('o-p-om2-tag-role-network-001'))",
              "allow group 'o-p-om2-id-common-001'/'o-p-om2-grp-admi-network-001', 'o-p-om2-id-common-001'/'99GISS.Cloud_Networking_admin' to read vss-family in compartment o-p-om2-cmp-land-001 where sets-intersect(target.resource.compartment.tag.o-p-om2-tagns-name-001.o-p-om2-tag-role-001, ('o-p-om2-tag-role-network-001'))",
              "allow group 'o-p-om2-id-common-001'/'o-p-om2-grp-admi-network-001', 'o-p-om2-id-common-001'/'99GISS.Cloud_Networking_admin' to read ons-topics in compartment o-p-om2-cmp-land-001 where sets-intersect(target.resource.compartment.tag.o-p-om2-tagns-name-001.o-p-om2-tag-role-001, ('o-p-om2-tag-role-security-001'))",
              "allow group 'o-p-om2-id-common-001'/'o-p-om2-grp-admi-network-001', 'o-p-om2-id-common-001'/'99GISS.Cloud_Networking_admin' to use bastion in compartment o-p-om2-cmp-land-001 where sets-intersect(target.resource.compartment.tag.o-p-om2-tagns-name-001.o-p-om2-tag-role-001, ('o-p-om2-tag-role-security-001'))",
              "allow group 'o-p-om2-id-common-001'/'o-p-om2-grp-admi-network-001', 'o-p-om2-id-common-001'/'99GISS.Cloud_Networking_admin' to use bastion-session in compartment o-p-om2-cmp-land-001 where sets-intersect(target.resource.compartment.tag.o-p-om2-tagns-name-001.o-p-om2-tag-role-001, ('o-p-om2-tag-role-security-001'))",
              "allow group 'o-p-om2-id-common-001'/'o-p-om2-grp-admi-network-001', 'o-p-om2-id-common-001'/'99GISS.Cloud_Networking_admin' to use vaults in compartment o-p-om2-cmp-land-001 where sets-intersect(target.resource.compartment.tag.o-p-om2-tagns-name-001.o-p-om2-tag-role-001, ('o-p-om2-tag-role-security-001'))",
              "allow group 'o-p-om2-id-common-001'/'o-p-om2-grp-admi-network-001', 'o-p-om2-id-common-001'/'99GISS.Cloud_Networking_admin' to read logging-family in compartment o-p-om2-cmp-land-001 where sets-intersect(target.resource.compartment.tag.o-p-om2-tagns-name-001.o-p-om2-tag-role-001, ('o-p-om2-tag-role-security-001'))"
            ],
            "time_created": "2026-03-10 14:42:39.668 +0000 UTC",
            "timeouts": null,
            "version_date": null
          },
          "sensitive_attributes": [],
          "identity_schema_version": 0,
          "private": "eyJlMmJmYjczMC1lY2FhLTExZTYtOGY4OC0zNDM2M2JjN2M0YzAiOnsiY3JlYXRlIjoxMjAwMDAwMDAwMDAwLCJkZWxldGUiOjEyMDAwMDAwMDAwMDAsInVwZGF0ZSI6MTIwMDAwMDAwMDAwMH0sInNjaGVtYV92ZXJzaW9uIjoiMCJ9",
          "dependencies": [
            "module.oci_lz_orchestrator.data.oci_identity_regions.these",
            "module.oci_lz_orchestrator.data.oci_identity_tenancy.this",
            "module.oci_lz_orchestrator.module.oci_lz_compartments.oci_identity_compartment.level_2",
            "module.oci_lz_orchestrator.module.oci_lz_compartments.oci_identity_compartment.level_3",
            "module.oci_lz_orchestrator.module.oci_lz_compartments.oci_identity_compartment.level_4",
            "module.oci_lz_orchestrator.module.oci_lz_compartments.oci_identity_compartment.level_5",
            "module.oci_lz_orchestrator.module.oci_lz_compartments.oci_identity_compartment.level_6",
            "module.oci_lz_orchestrator.module.oci_lz_compartments.oci_identity_compartment.these",
            "module.oci_lz_orchestrator.module.oci_lz_compartments.oci_identity_tag_default.these",
            "module.oci_lz_orchestrator.module.oci_lz_dynamic_groups.oci_identity_dynamic_group.these",
            "module.oci_lz_orchestrator.module.oci_lz_groups.data.oci_identity_users.these",
            "module.oci_lz_orchestrator.module.oci_lz_groups.oci_identity_group.these",
            "module.oci_lz_orchestrator.module.oci_lz_groups.oci_identity_user_group_membership.these",
            "module.oci_lz_orchestrator.module.oci_lz_policies.data.oci_identity_region_subscriptions.these",
            "module.oci_lz_orchestrator.module.oci_lz_policies.data.oci_identity_tenancy.this",
            "module.oci_lz_orchestrator.module.oci_lz_tags.data.oci_identity_tag.default_created_by",
            "module.oci_lz_orchestrator.module.oci_lz_tags.data.oci_identity_tag.default_created_on",
            "module.oci_lz_orchestrator.module.oci_lz_tags.data.oci_identity_tag_namespaces.oracle_default",
            "module.oci_lz_orchestrator.module.oci_lz_tags.oci_identity_tag.these",
            "module.oci_lz_orchestrator.module.oci_lz_tags.oci_identity_tag_default.these",
            "module.oci_lz_orchestrator.module.oci_lz_tags.oci_identity_tag_namespace.these"
          ]
        },
        {
          "index_key": "PCY-OS-ADMIN-KEY",
          "schema_version": 0,
          "attributes": {
            "ETag": "c6aa58beb08f920b718a52a3d789412e9eac79d1",
            "compartment_id": "ocid1.tenancy.oc19..aaaaaaaa4ftkyx3ao73kndo3mbltj6gtbf27mxbgpu65a33ipgo2wqyj4zba",
            "defined_tags": {
              "Oracle-Tags.CreatedBy": "default/jorge.e.torlaschi@accenture.com",
              "Oracle-Tags.CreatedOn": "2026-04-07T15:16:09.111Z"
            },
            "description": "OS and compute instance administration within the Landing Zone.",
            "freeform_tags": {
              "ocilz-terraform-module": "iam-policies/0.3.4"
            },
            "id": "ocid1.policy.oc19..aaaaaaaa3wd62tu3ysigprsk23oadqw77o5gfem5mkytkhq7qs7hc6zy7mya",
            "inactive_state": null,
            "lastUpdateETag": "c6aa58beb08f920b718a52a3d789412e9eac79d1",
            "name": "o-p-om2-pcy-osadm-001",
            "policyHash": "28c96da981d87f6646c3c12774284bc5",
            "state": "ACTIVE",
            "statements": [
              "allow group 'o-p-om2-id-common-001'/'99GISS.Cloud_OS_admin' to manage instance-family in compartment o-p-om2-cmp-land-001",
              "allow group 'o-p-om2-id-common-001'/'99GISS.Cloud_OS_admin' to manage volume-family in compartment o-p-om2-cmp-land-001 where all{request.permission != 'VOLUME_DELETE', request.permission != 'VOLUME_BACKUP_DELETE', request.permission != 'BOOT_VOLUME_BACKUP_DELETE'}",
              "allow group 'o-p-om2-id-common-001'/'99GISS.Cloud_OS_admin' to manage instance-agent-family in compartment o-p-om2-cmp-land-001",
              "allow group 'o-p-om2-id-common-001'/'99GISS.Cloud_OS_admin' to read virtual-network-family in compartment o-p-om2-cmp-land-001",
              "allow group 'o-p-om2-id-common-001'/'99GISS.Cloud_OS_admin' to read audit-events in compartment o-p-om2-cmp-land-001",
              "allow group 'o-p-om2-id-common-001'/'99GISS.Cloud_OS_admin' to use cloud-shell in tenancy"
            ],
            "time_created": "2026-04-07 15:16:09.115 +0000 UTC",
            "timeouts": null,
            "version_date": null
          },
          "sensitive_attributes": [],
          "identity_schema_version": 0,
          "private": "eyJlMmJmYjczMC1lY2FhLTExZTYtOGY4OC0zNDM2M2JjN2M0YzAiOnsiY3JlYXRlIjoxMjAwMDAwMDAwMDAwLCJkZWxldGUiOjEyMDAwMDAwMDAwMDAsInVwZGF0ZSI6MTIwMDAwMDAwMDAwMH0sInNjaGVtYV92ZXJzaW9uIjoiMCJ9",
          "dependencies": [
            "module.oci_lz_orchestrator.data.oci_identity_regions.these",
            "module.oci_lz_orchestrator.data.oci_identity_tenancy.this",
            "module.oci_lz_orchestrator.module.oci_lz_compartments.oci_identity_compartment.level_2",
            "module.oci_lz_orchestrator.module.oci_lz_compartments.oci_identity_compartment.level_3",
            "module.oci_lz_orchestrator.module.oci_lz_compartments.oci_identity_compartment.level_4",
            "module.oci_lz_orchestrator.module.oci_lz_compartments.oci_identity_compartment.level_5",
            "module.oci_lz_orchestrator.module.oci_lz_compartments.oci_identity_compartment.level_6",
            "module.oci_lz_orchestrator.module.oci_lz_compartments.oci_identity_compartment.these",
            "module.oci_lz_orchestrator.module.oci_lz_compartments.oci_identity_tag_default.these",
            "module.oci_lz_orchestrator.module.oci_lz_dynamic_groups.oci_identity_dynamic_group.these",
            "module.oci_lz_orchestrator.module.oci_lz_groups.data.oci_identity_users.these",
            "module.oci_lz_orchestrator.module.oci_lz_groups.oci_identity_group.these",
            "module.oci_lz_orchestrator.module.oci_lz_groups.oci_identity_user_group_membership.these",
            "module.oci_lz_orchestrator.module.oci_lz_policies.data.oci_identity_region_subscriptions.these",
            "module.oci_lz_orchestrator.module.oci_lz_policies.data.oci_identity_tenancy.this",
            "module.oci_lz_orchestrator.module.oci_lz_tags.data.oci_identity_tag.default_created_by",
            "module.oci_lz_orchestrator.module.oci_lz_tags.data.oci_identity_tag.default_created_on",
            "module.oci_lz_orchestrator.module.oci_lz_tags.data.oci_identity_tag_namespaces.oracle_default",
            "module.oci_lz_orchestrator.module.oci_lz_tags.oci_identity_tag.these",
            "module.oci_lz_orchestrator.module.oci_lz_tags.oci_identity_tag_default.these",
            "module.oci_lz_orchestrator.module.oci_lz_tags.oci_identity_tag_namespace.these"
          ]
        },
        {
          "index_key": "PCY-SECURITY-ADMIN-KEY",
          "schema_version": 0,
          "attributes": {
            "ETag": "48351fc52e4f9ca5c7914ca70f0d8677f7b8c191",
            "compartment_id": "ocid1.compartment.oc19..aaaaaaaa43gu35rhrbtmirjlkxilrma3v5s2bqzhico4up6jvstnluiud3oa",
            "defined_tags": {
              "Oracle-Tags.CreatedBy": "default/jorge.e.torlaschi@accenture.com",
              "Oracle-Tags.CreatedOn": "2026-03-10T14:42:39.324Z"
            },
            "description": "Allow o-p-om2-grp-admi-security-001 group users to manage all security resources in the child compartments of o-p-om2-cmp-001 with the matching tags.",
            "freeform_tags": {
              "ocilz-terraform-module": "iam-policies/0.3.4"
            },
            "id": "ocid1.policy.oc19..aaaaaaaadw4yg722zptouzynqhvixgzor4elnceb3s2ezpgj3cpffgvafcsq",
            "inactive_state": null,
            "lastUpdateETag": "48351fc52e4f9ca5c7914ca70f0d8677f7b8c191",
            "name": "o-p-om2-pcy-secua-001",
            "policyHash": "b1d26441b32d62f17dfd70e89a8d1807",
            "state": "ACTIVE",
            "statements": [
              "allow group 'o-p-om2-id-common-001'/'o-p-om2-grp-admi-security-001', 'o-p-om2-id-common-001'/'99GISS.Cloud_Security_admin' to manage tag-namespaces in compartment o-p-om2-cmp-land-001 where sets-intersect(target.resource.compartment.tag.o-p-om2-tagns-name-001.o-p-om2-tag-role-001, ('o-p-om2-tag-role-security-001'))",
              "allow group 'o-p-om2-id-common-001'/'o-p-om2-grp-admi-security-001', 'o-p-om2-id-common-001'/'99GISS.Cloud_Security_admin' to manage tag-defaults in compartment o-p-om2-cmp-land-001 where sets-intersect(target.resource.compartment.tag.o-p-om2-tagns-name-001.o-p-om2-tag-role-001, ('o-p-om2-tag-role-security-001'))",
              "allow group 'o-p-om2-id-common-001'/'o-p-om2-grp-admi-security-001', 'o-p-om2-id-common-001'/'99GISS.Cloud_Security_admin' to manage repos in compartment o-p-om2-cmp-land-001 where sets-intersect(target.resource.compartment.tag.o-p-om2-tagns-name-001.o-p-om2-tag-role-001, ('o-p-om2-tag-role-security-001'))",
              "allow group 'o-p-om2-id-common-001'/'o-p-om2-grp-admi-security-001', 'o-p-om2-id-common-001'/'99GISS.Cloud_Security_admin' to read audit-events in compartment o-p-om2-cmp-land-001 where sets-intersect(target.resource.compartment.tag.o-p-om2-tagns-name-001.o-p-om2-tag-role-001, ('o-p-om2-tag-role-security-001'))",
              "allow group 'o-p-om2-id-common-001'/'o-p-om2-grp-admi-security-001', 'o-p-om2-id-common-001'/'99GISS.Cloud_Security_admin' to read app-catalog-listing in compartment o-p-om2-cmp-land-001 where sets-intersect(target.resource.compartment.tag.o-p-om2-tagns-name-001.o-p-om2-tag-role-001, ('o-p-om2-tag-role-security-001'))",
              "allow group 'o-p-om2-id-common-001'/'o-p-om2-grp-admi-security-001', 'o-p-om2-id-common-001'/'99GISS.Cloud_Security_admin' to read instance-images in compartment o-p-om2-cmp-land-001 where sets-intersect(target.resource.compartment.tag.o-p-om2-tagns-name-001.o-p-om2-tag-role-001, ('o-p-om2-tag-role-security-001'))",
              "allow group 'o-p-om2-id-common-001'/'o-p-om2-grp-admi-security-001', 'o-p-om2-id-common-001'/'99GISS.Cloud_Security_admin' to inspect buckets in compartment o-p-om2-cmp-land-001 where sets-intersect(target.resource.compartment.tag.o-p-om2-tagns-name-001.o-p-om2-tag-role-001, ('o-p-om2-tag-role-security-001'))",
              "allow group 'o-p-om2-id-common-001'/'o-p-om2-grp-admi-security-001', 'o-p-om2-id-common-001'/'99GISS.Cloud_Security_admin' to read all-resources in compartment o-p-om2-cmp-land-001 where sets-intersect(target.resource.compartment.tag.o-p-om2-tagns-name-001.o-p-om2-tag-role-001, ('o-p-om2-tag-role-security-001'))",
              "allow group 'o-p-om2-id-common-001'/'o-p-om2-grp-admi-security-001', 'o-p-om2-id-common-001'/'99GISS.Cloud_Security_admin' to manage instance-family in compartment o-p-om2-cmp-land-001 where sets-intersect(target.resource.compartment.tag.o-p-om2-tagns-name-001.o-p-om2-tag-role-001, ('o-p-om2-tag-role-security-001'))",
              "allow group 'o-p-om2-id-common-001'/'o-p-om2-grp-admi-security-001', 'o-p-om2-id-common-001'/'99GISS.Cloud_Security_admin' to manage volume-family in compartment o-p-om2-cmp-land-001 where all{sets-intersect(target.resource.compartment.tag.o-p-om2-tagns-name-001.o-p-om2-tag-role-001, ('o-p-om2-tag-role-security-001')), request.permission != 'VOLUME_BACKUP_DELETE', request.permission != 'VOLUME_DELETE', request.permission != 'BOOT_VOLUME_BACKUP_DELETE'}",
              "allow group 'o-p-om2-id-common-001'/'o-p-om2-grp-admi-security-001', 'o-p-om2-id-common-001'/'99GISS.Cloud_Security_admin' to manage object-family in compartment o-p-om2-cmp-land-001 where all{sets-intersect(target.resource.compartment.tag.o-p-om2-tagns-name-001.o-p-om2-tag-role-001, ('o-p-om2-tag-role-security-001')), request.permission != 'OBJECT_DELETE', request.permission != 'BUCKET_DELETE'}",
              "allow group 'o-p-om2-id-common-001'/'o-p-om2-grp-admi-security-001', 'o-p-om2-id-common-001'/'99GISS.Cloud_Security_admin' to manage file-family in compartment o-p-om2-cmp-land-001 where all{sets-intersect(target.resource.compartment.tag.o-p-om2-tagns-name-001.o-p-om2-tag-role-001, ('o-p-om2-tag-role-security-001')), request.permission != 'FILE_SYSTEM_DELETE', request.permission != 'MOUNT_TARGET_DELETE', request.permission != 'EXPORT_SET_DELETE', request.permission != 'FILE_SYSTEM_DELETE_SNAPSHOT', request.permission != 'FILE_SYSTEM_NFSv3_UNEXPORT'}",
              "allow group 'o-p-om2-id-common-001'/'o-p-om2-grp-admi-security-001', 'o-p-om2-id-common-001'/'99GISS.Cloud_Security_admin' to manage vaults in compartment o-p-om2-cmp-land-001 where sets-intersect(target.resource.compartment.tag.o-p-om2-tagns-name-001.o-p-om2-tag-role-001, ('o-p-om2-tag-role-security-001'))",
              "allow group 'o-p-om2-id-common-001'/'o-p-om2-grp-admi-security-001', 'o-p-om2-id-common-001'/'99GISS.Cloud_Security_admin' to manage keys in compartment o-p-om2-cmp-land-001 where sets-intersect(target.resource.compartment.tag.o-p-om2-tagns-name-001.o-p-om2-tag-role-001, ('o-p-om2-tag-role-security-001'))",
              "allow group 'o-p-om2-id-common-001'/'o-p-om2-grp-admi-security-001', 'o-p-om2-id-common-001'/'99GISS.Cloud_Security_admin' to manage secret-family in compartment o-p-om2-cmp-land-001 where sets-intersect(target.resource.compartment.tag.o-p-om2-tagns-name-001.o-p-om2-tag-role-001, ('o-p-om2-tag-role-security-001'))",
              "allow group 'o-p-om2-id-common-001'/'o-p-om2-grp-admi-security-001', 'o-p-om2-id-common-001'/'99GISS.Cloud_Security_admin' to manage logging-family in compartment o-p-om2-cmp-land-001 where sets-intersect(target.resource.compartment.tag.o-p-om2-tagns-name-001.o-p-om2-tag-role-001, ('o-p-om2-tag-role-security-001'))",
              "allow group 'o-p-om2-id-common-001'/'o-p-om2-grp-admi-security-001', 'o-p-om2-id-common-001'/'99GISS.Cloud_Security_admin' to manage serviceconnectors in compartment o-p-om2-cmp-land-001 where sets-intersect(target.resource.compartment.tag.o-p-om2-tagns-name-001.o-p-om2-tag-role-001, ('o-p-om2-tag-role-security-001'))",
              "allow group 'o-p-om2-id-common-001'/'o-p-om2-grp-admi-security-001', 'o-p-om2-id-common-001'/'99GISS.Cloud_Security_admin' to manage streams in compartment o-p-om2-cmp-land-001 where sets-intersect(target.resource.compartment.tag.o-p-om2-tagns-name-001.o-p-om2-tag-role-001, ('o-p-om2-tag-role-security-001'))",
              "allow group 'o-p-om2-id-common-001'/'o-p-om2-grp-admi-security-001', 'o-p-om2-id-common-001'/'99GISS.Cloud_Security_admin' to manage ons-family in compartment o-p-om2-cmp-land-001 where sets-intersect(target.resource.compartment.tag.o-p-om2-tagns-name-001.o-p-om2-tag-role-001, ('o-p-om2-tag-role-security-001'))",
              "allow group 'o-p-om2-id-common-001'/'o-p-om2-grp-admi-security-001', 'o-p-om2-id-common-001'/'99GISS.Cloud_Security_admin' to manage functions-family in compartment o-p-om2-cmp-land-001 where sets-intersect(target.resource.compartment.tag.o-p-om2-tagns-name-001.o-p-om2-tag-role-001, ('o-p-om2-tag-role-security-001'))",
              "allow group 'o-p-om2-id-common-001'/'o-p-om2-grp-admi-security-001', 'o-p-om2-id-common-001'/'99GISS.Cloud_Security_admin' to manage waas-family in compartment o-p-om2-cmp-land-001 where sets-intersect(target.resource.compartment.tag.o-p-om2-tagns-name-001.o-p-om2-tag-role-001, ('o-p-om2-tag-role-security-001'))",
              "allow group 'o-p-om2-id-common-001'/'o-p-om2-grp-admi-security-001', 'o-p-om2-id-common-001'/'99GISS.Cloud_Security_admin' to manage security-zone in compartment o-p-om2-cmp-land-001 where sets-intersect(target.resource.compartment.tag.o-p-om2-tagns-name-001.o-p-om2-tag-role-001, ('o-p-om2-tag-role-security-001'))",
              "allow group 'o-p-om2-id-common-001'/'o-p-om2-grp-admi-security-001', 'o-p-om2-id-common-001'/'99GISS.Cloud_Security_admin' to manage orm-stacks in compartment o-p-om2-cmp-land-001 where sets-intersect(target.resource.compartment.tag.o-p-om2-tagns-name-001.o-p-om2-tag-role-001, ('o-p-om2-tag-role-security-001'))",
              "allow group 'o-p-om2-id-common-001'/'o-p-om2-grp-admi-security-001', 'o-p-om2-id-common-001'/'99GISS.Cloud_Security_admin' to manage orm-jobs in compartment o-p-om2-cmp-land-001 where sets-intersect(target.resource.compartment.tag.o-p-om2-tagns-name-001.o-p-om2-tag-role-001, ('o-p-om2-tag-role-security-001'))",
              "allow group 'o-p-om2-id-common-001'/'o-p-om2-grp-admi-security-001', 'o-p-om2-id-common-001'/'99GISS.Cloud_Security_admin' to manage orm-config-source-providers in compartment o-p-om2-cmp-land-001 where sets-intersect(target.resource.compartment.tag.o-p-om2-tagns-name-001.o-p-om2-tag-role-001, ('o-p-om2-tag-role-security-001'))",
              "allow group 'o-p-om2-id-common-001'/'o-p-om2-grp-admi-security-001', 'o-p-om2-id-common-001'/'99GISS.Cloud_Security_admin' to manage vss-family in compartment o-p-om2-cmp-land-001 where sets-intersect(target.resource.compartment.tag.o-p-om2-tagns-name-001.o-p-om2-tag-role-001, ('o-p-om2-tag-role-security-001'))",
              "allow group 'o-p-om2-id-common-001'/'o-p-om2-grp-admi-security-001', 'o-p-om2-id-common-001'/'99GISS.Cloud_Security_admin' to read work-requests in compartment o-p-om2-cmp-land-001 where sets-intersect(target.resource.compartment.tag.o-p-om2-tagns-name-001.o-p-om2-tag-role-001, ('o-p-om2-tag-role-security-001'))",
              "allow group 'o-p-om2-id-common-001'/'o-p-om2-grp-admi-security-001', 'o-p-om2-id-common-001'/'99GISS.Cloud_Security_admin' to manage bastion-family in compartment o-p-om2-cmp-land-001 where sets-intersect(target.resource.compartment.tag.o-p-om2-tagns-name-001.o-p-om2-tag-role-001, ('o-p-om2-tag-role-security-001'))",
              "allow group 'o-p-om2-id-common-001'/'o-p-om2-grp-admi-security-001', 'o-p-om2-id-common-001'/'99GISS.Cloud_Security_admin' to read instance-agent-plugins in compartment o-p-om2-cmp-land-001 where sets-intersect(target.resource.compartment.tag.o-p-om2-tagns-name-001.o-p-om2-tag-role-001, ('o-p-om2-tag-role-security-001'))",
              "allow group 'o-p-om2-id-common-001'/'o-p-om2-grp-admi-security-001', 'o-p-om2-id-common-001'/'99GISS.Cloud_Security_admin' to manage cloudevents-rules in compartment o-p-om2-cmp-land-001 where sets-intersect(target.resource.compartment.tag.o-p-om2-tagns-name-001.o-p-om2-tag-role-001, ('o-p-om2-tag-role-security-001'))",
              "allow group 'o-p-om2-id-common-001'/'o-p-om2-grp-admi-security-001', 'o-p-om2-id-common-001'/'99GISS.Cloud_Security_admin' to manage alarms in compartment o-p-om2-cmp-land-001 where sets-intersect(target.resource.compartment.tag.o-p-om2-tagns-name-001.o-p-om2-tag-role-001, ('o-p-om2-tag-role-security-001'))",
              "allow group 'o-p-om2-id-common-001'/'o-p-om2-grp-admi-security-001', 'o-p-om2-id-common-001'/'99GISS.Cloud_Security_admin' to manage metrics in compartment o-p-om2-cmp-land-001 where sets-intersect(target.resource.compartment.tag.o-p-om2-tagns-name-001.o-p-om2-tag-role-001, ('o-p-om2-tag-role-security-001'))",
              "allow group 'o-p-om2-id-common-001'/'o-p-om2-grp-admi-security-001', 'o-p-om2-id-common-001'/'99GISS.Cloud_Security_admin' to use key-delegate in compartment o-p-om2-cmp-land-001 where sets-intersect(target.resource.compartment.tag.o-p-om2-tagns-name-001.o-p-om2-tag-role-001, ('o-p-om2-tag-role-security-001'))",
              "allow group 'o-p-om2-id-common-001'/'o-p-om2-grp-admi-security-001', 'o-p-om2-id-common-001'/'99GISS.Cloud_Security_admin' to read virtual-network-family in compartment o-p-om2-cmp-land-001 where sets-intersect(target.resource.compartment.tag.o-p-om2-tagns-name-001.o-p-om2-tag-role-001, ('o-p-om2-tag-role-network-001'))",
              "allow group 'o-p-om2-id-common-001'/'o-p-om2-grp-admi-security-001', 'o-p-om2-id-common-001'/'99GISS.Cloud_Security_admin' to use subnets in compartment o-p-om2-cmp-land-001 where sets-intersect(target.resource.compartment.tag.o-p-om2-tagns-name-001.o-p-om2-tag-role-001, ('o-p-om2-tag-role-network-001'))",
              "allow group 'o-p-om2-id-common-001'/'o-p-om2-grp-admi-security-001', 'o-p-om2-id-common-001'/'99GISS.Cloud_Security_admin' to use network-security-groups in compartment o-p-om2-cmp-land-001 where sets-intersect(target.resource.compartment.tag.o-p-om2-tagns-name-001.o-p-om2-tag-role-001, ('o-p-om2-tag-role-network-001'))",
              "allow group 'o-p-om2-id-common-001'/'o-p-om2-grp-admi-security-001', 'o-p-om2-id-common-001'/'99GISS.Cloud_Security_admin' to use vnics in compartment o-p-om2-cmp-land-001 where sets-intersect(target.resource.compartment.tag.o-p-om2-tagns-name-001.o-p-om2-tag-role-001, ('o-p-om2-tag-role-network-001'))",
              "allow group 'o-p-om2-id-common-001'/'o-p-om2-grp-admi-security-001', 'o-p-om2-id-common-001'/'99GISS.Cloud_Security_admin' to manage private-ips in compartment o-p-om2-cmp-land-001 where sets-intersect(target.resource.compartment.tag.o-p-om2-tagns-name-001.o-p-om2-tag-role-001, ('o-p-om2-tag-role-network-001'))",
              "allow group 'o-p-om2-id-common-001'/'o-p-om2-grp-admi-security-001', 'o-p-om2-id-common-001'/'99GISS.Cloud_Security_admin' to read keys in compartment o-p-om2-cmp-land-001 where sets-intersect(target.resource.compartment.tag.o-p-om2-tagns-name-001.o-p-om2-tag-role-001, ('o-p-om2-tag-role-network-001'))",
              "allow group 'o-p-om2-id-common-001'/'o-p-om2-grp-admi-security-001', 'o-p-om2-id-common-001'/'99GISS.Cloud_Security_admin' to manage operator-control-family in compartment o-p-om2-cmp-land-001 where sets-intersect(target.resource.compartment.tag.o-p-om2-tagns-name-001.o-p-om2-tag-role-001, ('o-p-om2-tag-role-security-001'))"
            ],
            "time_created": "2026-03-10 14:42:39.334 +0000 UTC",
            "timeouts": null,
            "version_date": null
          },
          "sensitive_attributes": [],
          "identity_schema_version": 0,
          "private": "eyJlMmJmYjczMC1lY2FhLTExZTYtOGY4OC0zNDM2M2JjN2M0YzAiOnsiY3JlYXRlIjoxMjAwMDAwMDAwMDAwLCJkZWxldGUiOjEyMDAwMDAwMDAwMDAsInVwZGF0ZSI6MTIwMDAwMDAwMDAwMH0sInNjaGVtYV92ZXJzaW9uIjoiMCJ9",
          "dependencies": [
            "module.oci_lz_orchestrator.data.oci_identity_regions.these",
            "module.oci_lz_orchestrator.data.oci_identity_tenancy.this",
            "module.oci_lz_orchestrator.module.oci_lz_compartments.oci_identity_compartment.level_2",
            "module.oci_lz_orchestrator.module.oci_lz_compartments.oci_identity_compartment.level_3",
            "module.oci_lz_orchestrator.module.oci_lz_compartments.oci_identity_compartment.level_4",
            "module.oci_lz_orchestrator.module.oci_lz_compartments.oci_identity_compartment.level_5",
            "module.oci_lz_orchestrator.module.oci_lz_compartments.oci_identity_compartment.level_6",
            "module.oci_lz_orchestrator.module.oci_lz_compartments.oci_identity_compartment.these",
            "module.oci_lz_orchestrator.module.oci_lz_compartments.oci_identity_tag_default.these",
            "module.oci_lz_orchestrator.module.oci_lz_dynamic_groups.oci_identity_dynamic_group.these",
            "module.oci_lz_orchestrator.module.oci_lz_groups.data.oci_identity_users.these",
            "module.oci_lz_orchestrator.module.oci_lz_groups.oci_identity_group.these",
            "module.oci_lz_orchestrator.module.oci_lz_groups.oci_identity_user_group_membership.these",
            "module.oci_lz_orchestrator.module.oci_lz_policies.data.oci_identity_region_subscriptions.these",
            "module.oci_lz_orchestrator.module.oci_lz_policies.data.oci_identity_tenancy.this",
            "module.oci_lz_orchestrator.module.oci_lz_tags.data.oci_identity_tag.default_created_by",
            "module.oci_lz_orchestrator.module.oci_lz_tags.data.oci_identity_tag.default_created_on",
            "module.oci_lz_orchestrator.module.oci_lz_tags.data.oci_identity_tag_namespaces.oracle_default",
            "module.oci_lz_orchestrator.module.oci_lz_tags.oci_identity_tag.these",
            "module.oci_lz_orchestrator.module.oci_lz_tags.oci_identity_tag_default.these",
            "module.oci_lz_orchestrator.module.oci_lz_tags.oci_identity_tag_namespace.these"
          ]
        },
        {
          "index_key": "PCY-SERVICES-ADMIN-KEY",
          "schema_version": 0,
          "attributes": {
            "ETag": "a13a8bfd377ae772b70f0fb249950ded93d19d15",
            "compartment_id": "ocid1.tenancy.oc19..aaaaaaaa4ftkyx3ao73kndo3mbltj6gtbf27mxbgpu65a33ipgo2wqyj4zba",
            "defined_tags": {
              "Oracle-Tags.CreatedBy": "default/jorge.e.torlaschi@accenture.com",
              "Oracle-Tags.CreatedOn": "2026-03-10T14:42:39.353Z"
            },
            "description": "Policy for all supported services in the tenancy.",
            "freeform_tags": {
              "ocilz-terraform-module": "iam-policies/0.3.4"
            },
            "id": "ocid1.policy.oc19..aaaaaaaayo4vgbniuac6igjmwzmp7jiyvbfcg4e2gvea6vmmdxjbgh2rezva",
            "inactive_state": null,
            "lastUpdateETag": "a13a8bfd377ae772b70f0fb249950ded93d19d15",
            "name": "o-p-om2-pcy-srva-001",
            "policyHash": "37080dceb48abc3666f1339770564194",
            "state": "ACTIVE",
            "statements": [
              "allow service cloudguard to manage cloudevents-rules in tenancy where target.rule.type='managed'",
              "allow service cloudguard to read tenancies in tenancy",
              "allow service cloudguard to read all-resources in tenancy",
              "allow service cloudguard to use network-security-groups in tenancy",
              "allow any-user to { WLP_BOM_READ, WLP_CONFIG_READ } in tenancy where all { request.principal.id = target.agent.id, request.principal.type = 'workloadprotectionagent'}",
              "endorse any-user to { WLP_LOG_CREATE, WLP_METRICS_CREATE, WLP_ADHOC_QUERY_READ, WLP_ADHOC_RESULTS_CREATE } in any-tenancy where all { request.principal.id = target.agent.id, request.principal.type = 'workloadprotectionagent' }",
              "allow service vulnerability-scanning-service to manage instances in tenancy",
              "allow service vulnerability-scanning-service to read compartments in tenancy",
              "allow service vulnerability-scanning-service to read repos in tenancy",
              "allow service vulnerability-scanning-service to read vnics in tenancy",
              "allow service vulnerability-scanning-service to read vnic-attachments in tenancy",
              "allow service osms to read instances in tenancy",
              "allow service blockstorage, oke, streaming to use keys in tenancy"
            ],
            "time_created": "2026-03-10 14:42:39.467 +0000 UTC",
            "timeouts": null,
            "version_date": null
          },
          "sensitive_attributes": [],
          "identity_schema_version": 0,
          "private": "eyJlMmJmYjczMC1lY2FhLTExZTYtOGY4OC0zNDM2M2JjN2M0YzAiOnsiY3JlYXRlIjoxMjAwMDAwMDAwMDAwLCJkZWxldGUiOjEyMDAwMDAwMDAwMDAsInVwZGF0ZSI6MTIwMDAwMDAwMDAwMH0sInNjaGVtYV92ZXJzaW9uIjoiMCJ9",
          "dependencies": [
            "module.oci_lz_orchestrator.data.oci_identity_regions.these",
            "module.oci_lz_orchestrator.data.oci_identity_tenancy.this",
            "module.oci_lz_orchestrator.module.oci_lz_compartments.oci_identity_compartment.level_2",
            "module.oci_lz_orchestrator.module.oci_lz_compartments.oci_identity_compartment.level_3",
            "module.oci_lz_orchestrator.module.oci_lz_compartments.oci_identity_compartment.level_4",
            "module.oci_lz_orchestrator.module.oci_lz_compartments.oci_identity_compartment.level_5",
            "module.oci_lz_orchestrator.module.oci_lz_compartments.oci_identity_compartment.level_6",
            "module.oci_lz_orchestrator.module.oci_lz_compartments.oci_identity_compartment.these",
            "module.oci_lz_orchestrator.module.oci_lz_compartments.oci_identity_tag_default.these",
            "module.oci_lz_orchestrator.module.oci_lz_dynamic_groups.oci_identity_dynamic_group.these",
            "module.oci_lz_orchestrator.module.oci_lz_groups.data.oci_identity_users.these",
            "module.oci_lz_orchestrator.module.oci_lz_groups.oci_identity_group.these",
            "module.oci_lz_orchestrator.module.oci_lz_groups.oci_identity_user_group_membership.these",
            "module.oci_lz_orchestrator.module.oci_lz_policies.data.oci_identity_region_subscriptions.these",
            "module.oci_lz_orchestrator.module.oci_lz_policies.data.oci_identity_tenancy.this",
            "module.oci_lz_orchestrator.module.oci_lz_tags.data.oci_identity_tag.default_created_by",
            "module.oci_lz_orchestrator.module.oci_lz_tags.data.oci_identity_tag.default_created_on",
            "module.oci_lz_orchestrator.module.oci_lz_tags.data.oci_identity_tag_namespaces.oracle_default",
            "module.oci_lz_orchestrator.module.oci_lz_tags.oci_identity_tag.these",
            "module.oci_lz_orchestrator.module.oci_lz_tags.oci_identity_tag_default.these",
            "module.oci_lz_orchestrator.module.oci_lz_tags.oci_identity_tag_namespace.these"
          ]
        },
        {
          "index_key": "PCY-STORAGE-KEY",
          "schema_version": 0,
          "attributes": {
            "ETag": "191782aa2e099a6389f4d3da783321de467474b2",
            "compartment_id": "ocid1.tenancy.oc19..aaaaaaaa4ftkyx3ao73kndo3mbltj6gtbf27mxbgpu65a33ipgo2wqyj4zba",
            "defined_tags": {
              "Oracle-Tags.CreatedBy": "default/jorge.e.torlaschi@accenture.com",
              "Oracle-Tags.CreatedOn": "2026-04-07T15:16:08.946Z"
            },
            "description": "Storage administration. Manage object, file and block storage in the Landing Zone. Destructive operations restricted.",
            "freeform_tags": {
              "ocilz-terraform-module": "iam-policies/0.3.4"
            },
            "id": "ocid1.policy.oc19..aaaaaaaamoie5vsiedi32odiku54acf7u2j53xdibgqr7jobqd7ntgqwxhla",
            "inactive_state": null,
            "lastUpdateETag": "191782aa2e099a6389f4d3da783321de467474b2",
            "name": "o-p-om2-pcy-stora-001",
            "policyHash": "9303c076df483acabaa865602d769a31",
            "state": "ACTIVE",
            "statements": [
              "allow group 'o-p-om2-id-common-001'/'99GISS.Cloud_Storage_admin' to manage object-family in compartment o-p-om2-cmp-land-001 where all{request.permission != 'OBJECT_DELETE', request.permission != 'BUCKET_DELETE'}",
              "allow group 'o-p-om2-id-common-001'/'99GISS.Cloud_Storage_admin' to manage file-family in compartment o-p-om2-cmp-land-001 where all{request.permission != 'FILE_SYSTEM_DELETE', request.permission != 'MOUNT_TARGET_DELETE', request.permission != 'EXPORT_SET_DELETE', request.permission != 'FILE_SYSTEM_DELETE_SNAPSHOT', request.permission != 'FILE_SYSTEM_NFSv3_UNEXPORT'}",
              "allow group 'o-p-om2-id-common-001'/'99GISS.Cloud_Storage_admin' to manage volume-family in compartment o-p-om2-cmp-land-001 where all{request.permission != 'VOLUME_DELETE', request.permission != 'VOLUME_BACKUP_DELETE', request.permission != 'BOOT_VOLUME_BACKUP_DELETE'}",
              "allow group 'o-p-om2-id-common-001'/'99GISS.Cloud_Storage_admin' to read all-resources in compartment o-p-om2-cmp-land-001",
              "allow group 'o-p-om2-id-common-001'/'99GISS.Cloud_Storage_admin' to use cloud-shell in tenancy"
            ],
            "time_created": "2026-04-07 15:16:08.956 +0000 UTC",
            "timeouts": null,
            "version_date": null
          },
          "sensitive_attributes": [],
          "identity_schema_version": 0,
          "private": "eyJlMmJmYjczMC1lY2FhLTExZTYtOGY4OC0zNDM2M2JjN2M0YzAiOnsiY3JlYXRlIjoxMjAwMDAwMDAwMDAwLCJkZWxldGUiOjEyMDAwMDAwMDAwMDAsInVwZGF0ZSI6MTIwMDAwMDAwMDAwMH0sInNjaGVtYV92ZXJzaW9uIjoiMCJ9",
          "dependencies": [
            "module.oci_lz_orchestrator.data.oci_identity_regions.these",
            "module.oci_lz_orchestrator.data.oci_identity_tenancy.this",
            "module.oci_lz_orchestrator.module.oci_lz_compartments.oci_identity_compartment.level_2",
            "module.oci_lz_orchestrator.module.oci_lz_compartments.oci_identity_compartment.level_3",
            "module.oci_lz_orchestrator.module.oci_lz_compartments.oci_identity_compartment.level_4",
            "module.oci_lz_orchestrator.module.oci_lz_compartments.oci_identity_compartment.level_5",
            "module.oci_lz_orchestrator.module.oci_lz_compartments.oci_identity_compartment.level_6",
            "module.oci_lz_orchestrator.module.oci_lz_compartments.oci_identity_compartment.these",
            "module.oci_lz_orchestrator.module.oci_lz_compartments.oci_identity_tag_default.these",
            "module.oci_lz_orchestrator.module.oci_lz_dynamic_groups.oci_identity_dynamic_group.these",
            "module.oci_lz_orchestrator.module.oci_lz_groups.data.oci_identity_users.these",
            "module.oci_lz_orchestrator.module.oci_lz_groups.oci_identity_group.these",
            "module.oci_lz_orchestrator.module.oci_lz_groups.oci_identity_user_group_membership.these",
            "module.oci_lz_orchestrator.module.oci_lz_policies.data.oci_identity_region_subscriptions.these",
            "module.oci_lz_orchestrator.module.oci_lz_policies.data.oci_identity_tenancy.this",
            "module.oci_lz_orchestrator.module.oci_lz_tags.data.oci_identity_tag.default_created_by",
            "module.oci_lz_orchestrator.module.oci_lz_tags.data.oci_identity_tag.default_created_on",
            "module.oci_lz_orchestrator.module.oci_lz_tags.data.oci_identity_tag_namespaces.oracle_default",
            "module.oci_lz_orchestrator.module.oci_lz_tags.oci_identity_tag.these",
            "module.oci_lz_orchestrator.module.oci_lz_tags.oci_identity_tag_default.these",
            "module.oci_lz_orchestrator.module.oci_lz_tags.oci_identity_tag_namespace.these"
          ]
        },
        {
          "index_key": "PCY-TENANCY-ADMIN-001-KEY",
          "schema_version": 0,
          "attributes": {
            "ETag": "7414c3e1c402a8797f70b0060c11576b5f4091f3",
            "compartment_id": "ocid1.tenancy.oc19..aaaaaaaa4ftkyx3ao73kndo3mbltj6gtbf27mxbgpu65a33ipgo2wqyj4zba",
            "defined_tags": {
              "Oracle-Tags.CreatedBy": "default/jorge.e.torlaschi@accenture.com",
              "Oracle-Tags.CreatedOn": "2026-04-07T15:07:59.908Z"
            },
            "description": "Tenancy administrators. Grants manage all-resources to ORACLE_Administradores, Cloud_Admin and Cloud_DB_admin groups.",
            "freeform_tags": {
              "ocilz-terraform-module": "iam-policies/0.3.4"
            },
            "id": "ocid1.policy.oc19..aaaaaaaaaglw5a3wq2yysld6nvnepuizdp4adegscd6zbmpmceshlpypfrhq",
            "inactive_state": null,
            "lastUpdateETag": "7414c3e1c402a8797f70b0060c11576b5f4091f3",
            "name": "o-p-om2-pcy-tenantadmin-001",
            "policyHash": "eea42671c4c55cf52dabe55af2e88c37",
            "state": "ACTIVE",
            "statements": [
              "allow group 'o-p-om2-id-common-001'/'99GISS.ORACLE_Administradores' to manage all-resources in tenancy",
              "allow group 'o-p-om2-id-common-001'/'99GISS.Cloud_Admin' to manage all-resources in tenancy",
              "allow group 'o-p-om2-id-common-001'/'99GISS.Cloud_DB_admin' to manage all-resources in tenancy"
            ],
            "time_created": "2026-04-07 15:07:59.915 +0000 UTC",
            "timeouts": null,
            "version_date": null
          },
          "sensitive_attributes": [],
          "identity_schema_version": 0,
          "private": "eyJlMmJmYjczMC1lY2FhLTExZTYtOGY4OC0zNDM2M2JjN2M0YzAiOnsiY3JlYXRlIjoxMjAwMDAwMDAwMDAwLCJkZWxldGUiOjEyMDAwMDAwMDAwMDAsInVwZGF0ZSI6MTIwMDAwMDAwMDAwMH0sInNjaGVtYV92ZXJzaW9uIjoiMCJ9",
          "dependencies": [
            "module.oci_lz_orchestrator.data.oci_identity_regions.these",
            "module.oci_lz_orchestrator.data.oci_identity_tenancy.this",
            "module.oci_lz_orchestrator.module.oci_lz_compartments.oci_identity_compartment.level_2",
            "module.oci_lz_orchestrator.module.oci_lz_compartments.oci_identity_compartment.level_3",
            "module.oci_lz_orchestrator.module.oci_lz_compartments.oci_identity_compartment.level_4",
            "module.oci_lz_orchestrator.module.oci_lz_compartments.oci_identity_compartment.level_5",
            "module.oci_lz_orchestrator.module.oci_lz_compartments.oci_identity_compartment.level_6",
            "module.oci_lz_orchestrator.module.oci_lz_compartments.oci_identity_compartment.these",
            "module.oci_lz_orchestrator.module.oci_lz_compartments.oci_identity_tag_default.these",
            "module.oci_lz_orchestrator.module.oci_lz_dynamic_groups.oci_identity_dynamic_group.these",
            "module.oci_lz_orchestrator.module.oci_lz_groups.data.oci_identity_users.these",
            "module.oci_lz_orchestrator.module.oci_lz_groups.oci_identity_group.these",
            "module.oci_lz_orchestrator.module.oci_lz_groups.oci_identity_user_group_membership.these",
            "module.oci_lz_orchestrator.module.oci_lz_policies.data.oci_identity_region_subscriptions.these",
            "module.oci_lz_orchestrator.module.oci_lz_policies.data.oci_identity_tenancy.this",
            "module.oci_lz_orchestrator.module.oci_lz_tags.data.oci_identity_tag.default_created_by",
            "module.oci_lz_orchestrator.module.oci_lz_tags.data.oci_identity_tag.default_created_on",
            "module.oci_lz_orchestrator.module.oci_lz_tags.data.oci_identity_tag_namespaces.oracle_default",
            "module.oci_lz_orchestrator.module.oci_lz_tags.oci_identity_tag.these",
            "module.oci_lz_orchestrator.module.oci_lz_tags.oci_identity_tag_default.these",
            "module.oci_lz_orchestrator.module.oci_lz_tags.oci_identity_tag_namespace.these"
          ]
        },
        {
          "index_key": "PCY-VIEWER-KEY",
          "schema_version": 0,
          "attributes": {
            "ETag": "a28a21b25811f9df5dcf52e09ff862fe6f9c4397",
            "compartment_id": "ocid1.tenancy.oc19..aaaaaaaa4ftkyx3ao73kndo3mbltj6gtbf27mxbgpu65a33ipgo2wqyj4zba",
            "defined_tags": {
              "Oracle-Tags.CreatedBy": "default/jorge.e.torlaschi@accenture.com",
              "Oracle-Tags.CreatedOn": "2026-04-07T15:07:59.664Z"
            },
            "description": "Global read-only viewer. Inspect all resources across the tenancy.",
            "freeform_tags": {
              "ocilz-terraform-module": "iam-policies/0.3.4"
            },
            "id": "ocid1.policy.oc19..aaaaaaaa3yiyiynuhe47chu5vpqme2hk2f5ry4q3ebks2m5dhkd34zu654va",
            "inactive_state": null,
            "lastUpdateETag": "a28a21b25811f9df5dcf52e09ff862fe6f9c4397",
            "name": "o-p-om2-pcy-viewer-001",
            "policyHash": "2fe30c7fffe603c0d9d4c4b5da6bf58a",
            "state": "ACTIVE",
            "statements": [
              "allow group 'o-p-om2-id-common-001'/'99GISS.Cloud_Viewer' to inspect all-resources in tenancy",
              "allow group 'o-p-om2-id-common-001'/'99GISS.Cloud_Viewer' to use cloud-shell in tenancy"
            ],
            "time_created": "2026-04-07 15:07:59.67 +0000 UTC",
            "timeouts": null,
            "version_date": null
          },
          "sensitive_attributes": [],
          "identity_schema_version": 0,
          "private": "eyJlMmJmYjczMC1lY2FhLTExZTYtOGY4OC0zNDM2M2JjN2M0YzAiOnsiY3JlYXRlIjoxMjAwMDAwMDAwMDAwLCJkZWxldGUiOjEyMDAwMDAwMDAwMDAsInVwZGF0ZSI6MTIwMDAwMDAwMDAwMH0sInNjaGVtYV92ZXJzaW9uIjoiMCJ9",
          "dependencies": [
            "module.oci_lz_orchestrator.data.oci_identity_regions.these",
            "module.oci_lz_orchestrator.data.oci_identity_tenancy.this",
            "module.oci_lz_orchestrator.module.oci_lz_compartments.oci_identity_compartment.level_2",
            "module.oci_lz_orchestrator.module.oci_lz_compartments.oci_identity_compartment.level_3",
            "module.oci_lz_orchestrator.module.oci_lz_compartments.oci_identity_compartment.level_4",
            "module.oci_lz_orchestrator.module.oci_lz_compartments.oci_identity_compartment.level_5",
            "module.oci_lz_orchestrator.module.oci_lz_compartments.oci_identity_compartment.level_6",
            "module.oci_lz_orchestrator.module.oci_lz_compartments.oci_identity_compartment.these",
            "module.oci_lz_orchestrator.module.oci_lz_compartments.oci_identity_tag_default.these",
            "module.oci_lz_orchestrator.module.oci_lz_dynamic_groups.oci_identity_dynamic_group.these",
            "module.oci_lz_orchestrator.module.oci_lz_groups.data.oci_identity_users.these",
            "module.oci_lz_orchestrator.module.oci_lz_groups.oci_identity_group.these",
            "module.oci_lz_orchestrator.module.oci_lz_groups.oci_identity_user_group_membership.these",
            "module.oci_lz_orchestrator.module.oci_lz_policies.data.oci_identity_region_subscriptions.these",
            "module.oci_lz_orchestrator.module.oci_lz_policies.data.oci_identity_tenancy.this",
            "module.oci_lz_orchestrator.module.oci_lz_tags.data.oci_identity_tag.default_created_by",
            "module.oci_lz_orchestrator.module.oci_lz_tags.data.oci_identity_tag.default_created_on",
            "module.oci_lz_orchestrator.module.oci_lz_tags.data.oci_identity_tag_namespaces.oracle_default",
            "module.oci_lz_orchestrator.module.oci_lz_tags.oci_identity_tag.these",
            "module.oci_lz_orchestrator.module.oci_lz_tags.oci_identity_tag_default.these",
            "module.oci_lz_orchestrator.module.oci_lz_tags.oci_identity_tag_namespace.these"
          ]
        }
      ]
    }
  ],
  "check_results": [
    {
      "object_kind": "resource",
      "config_addr": "module.oci_lz_orchestrator.module.oci_lz_events.oci_events_rule.these",
      "status": "pass",
      "objects": null
    },
    {
      "object_kind": "resource",
      "config_addr": "module.oci_lz_orchestrator.module.oci_lz_compute.oci_core_volume_attachment.these",
      "status": "pass",
      "objects": null
    },
    {
      "object_kind": "resource",
      "config_addr": "module.oci_lz_orchestrator.module.oci_lz_home_region_events.oci_ons_notification_topic.these",
      "status": "pass",
      "objects": null
    },
    {
      "object_kind": "resource",
      "config_addr": "module.oci_lz_orchestrator.module.oci_lz_home_region_events.oci_streaming_stream.these",
      "status": "pass",
      "objects": null
    },
    {
      "object_kind": "resource",
      "config_addr": "module.oci_lz_orchestrator.module.oci_lz_oke.oci_containerengine_cluster.these",
      "status": "pass",
      "objects": null
    },
    {
      "object_kind": "resource",
      "config_addr": "module.oci_lz_orchestrator.module.oci_lz_logging.data.oci_core_vnic_attachments.these",
      "status": "pass",
      "objects": null
    },
    {
      "object_kind": "resource",
      "config_addr": "module.oci_lz_orchestrator.module.oci_lz_compute.oci_file_storage_mount_target.these",
      "status": "pass",
      "objects": null
    },
    {
      "object_kind": "resource",
      "config_addr": "module.oci_lz_orchestrator.module.oci_lz_compute.oci_core_volume_backup_policy_assignment.these_volume_groups",
      "status": "pass",
      "objects": null
    },
    {
      "object_kind": "resource",
      "config_addr": "module.oci_lz_orchestrator.module.oci_lz_home_region_events.oci_ons_subscription.these",
      "status": "pass",
      "objects": null
    },
    {
      "object_kind": "resource",
      "config_addr": "module.oci_lz_orchestrator.module.oci_lz_logging.data.oci_core_subnets.these",
      "status": "pass",
      "objects": null
    },
    {
      "object_kind": "resource",
      "config_addr": "module.oci_lz_orchestrator.module.oci_lz_compute.oci_core_vnic_attachment.these",
      "status": "pass",
      "objects": null
    },
    {
      "object_kind": "resource",
      "config_addr": "module.oci_lz_orchestrator.module.oci_lz_events.oci_ons_notification_topic.these",
      "status": "pass",
      "objects": null
    },
    {
      "object_kind": "resource",
      "config_addr": "module.oci_lz_orchestrator.module.oci_lz_network.oci_core_security_list.these",
      "status": "pass",
      "objects": null
    },
    {
      "object_kind": "resource",
      "config_addr": "module.oci_lz_orchestrator.module.oci_lz_logging.oci_logging_log.these",
      "status": "pass",
      "objects": null
    },
    {
      "object_kind": "resource",
      "config_addr": "module.oci_lz_orchestrator.module.oci_lz_alarms.oci_monitoring_alarm.these",
      "status": "pass",
      "objects": null
    },
    {
      "object_kind": "resource",
      "config_addr": "module.oci_lz_orchestrator.module.oci_lz_events.oci_ons_subscription.these",
      "status": "pass",
      "objects": null
    },
    {
      "object_kind": "resource",
      "config_addr": "module.oci_lz_orchestrator.module.oci_lz_oke.oci_containerengine_node_pool.these",
      "status": "pass",
      "objects": null
    },
    {
      "object_kind": "resource",
      "config_addr": "module.oci_lz_orchestrator.module.oci_lz_home_region_events.oci_events_rule.these",
      "status": "pass",
      "objects": null
    },
    {
      "object_kind": "resource",
      "config_addr": "module.oci_lz_orchestrator.module.oci_lz_compute.data.oci_marketplace_listing.this",
      "status": "pass",
      "objects": null
    },
    {
      "object_kind": "resource",
      "config_addr": "module.oci_lz_orchestrator.module.oci_lz_compute.oci_core_cluster_network.these",
      "status": "pass",
      "objects": null
    },
    {
      "object_kind": "resource",
      "config_addr": "module.oci_lz_orchestrator.module.oci_lz_logging.data.oci_identity_compartment.these",
      "status": "pass",
      "objects": null
    },
    {
      "object_kind": "resource",
      "config_addr": "module.oci_lz_orchestrator.module.oci_lz_streams.oci_streaming_stream.these",
      "status": "pass",
      "objects": null
    },
    {
      "object_kind": "resource",
      "config_addr": "module.oci_lz_orchestrator.module.oci_lz_security_zones.oci_cloud_guard_security_recipe.these",
      "status": "pass",
      "objects": null
    },
    {
      "object_kind": "resource",
      "config_addr": "module.oci_lz_orchestrator.module.oci_lz_service_connectors.oci_sch_service_connector.these",
      "status": "pass",
      "objects": null
    },
    {
      "object_kind": "resource",
      "config_addr": "module.oci_lz_orchestrator.module.oci_lz_logging.data.oci_network_load_balancer_network_load_balancers.these",
      "status": "pass",
      "objects": null
    },
    {
      "object_kind": "resource",
      "config_addr": "module.oci_lz_orchestrator.module.oci_lz_compute.oci_file_storage_export.these",
      "status": "pass",
      "objects": null
    },
    {
      "object_kind": "resource",
      "config_addr": "module.oci_lz_orchestrator.module.oci_lz_logging.oci_logging_log.flow_logs",
      "status": "pass",
      "objects": null
    },
    {
      "object_kind": "resource",
      "config_addr": "module.oci_lz_orchestrator.module.oci_lz_identity_domains.oci_identity_domains_group.these",
      "status": "pass",
      "objects": [
        {
          "object_addr": "module.oci_lz_orchestrator.module.oci_lz_identity_domains[0].oci_identity_domains_group.these[\"GRP-NETWORK-ADMIN-KEY\"]",
          "status": "pass"
        },
        {
          "object_addr": "module.oci_lz_orchestrator.module.oci_lz_identity_domains[0].oci_identity_domains_group.these[\"GRP-SECURITY-ADMIN-KEY\"]",
          "status": "pass"
        },
        {
          "object_addr": "module.oci_lz_orchestrator.module.oci_lz_identity_domains[0].oci_identity_domains_group.these[\"GRP-AUDITORS-ADMIN-KEY\"]",
          "status": "pass"
        },
        {
          "object_addr": "module.oci_lz_orchestrator.module.oci_lz_identity_domains[0].oci_identity_domains_group.these[\"GRP-COST-ADMIN-KEY\"]",
          "status": "pass"
        },
        {
          "object_addr": "module.oci_lz_orchestrator.module.oci_lz_identity_domains[0].oci_identity_domains_group.these[\"GRP-GLOBALSERV-ADMIN-KEY\"]",
          "status": "pass"
        },
        {
          "object_addr": "module.oci_lz_orchestrator.module.oci_lz_identity_domains[0].oci_identity_domains_group.these[\"GRP-IAM-ADMIN-KEY\"]",
          "status": "pass"
        },
        {
          "object_addr": "module.oci_lz_orchestrator.module.oci_lz_identity_domains[0].oci_identity_domains_group.these[\"GRP-LZ-DB-ADMINS\"]",
          "status": "pass"
        },
        {
          "object_addr": "module.oci_lz_orchestrator.module.oci_lz_identity_domains[0].oci_identity_domains_group.these[\"GRP-LZ-INFRA-ADMINS\"]",
          "status": "pass"
        }
      ]
    },
    {
      "object_kind": "resource",
      "config_addr": "module.oci_lz_orchestrator.module.oci_lz_alarms.oci_ons_subscription.these",
      "status": "pass",
      "objects": null
    },
    {
      "object_kind": "resource",
      "config_addr": "module.oci_lz_orchestrator.module.oci_lz_nlb.oci_network_load_balancer_network_load_balancer.these",
      "status": "pass",
      "objects": null
    },
    {
      "object_kind": "resource",
      "config_addr": "module.oci_lz_orchestrator.module.oci_lz_compute.data.oci_core_app_catalog_listing_resource_version.this",
      "status": "pass",
      "objects": null
    },
    {
      "object_kind": "resource",
      "config_addr": "module.oci_lz_orchestrator.module.oci_lz_security_zones.oci_cloud_guard_security_zone.these",
      "status": "pass",
      "objects": null
    },
    {
      "object_kind": "resource",
      "config_addr": "module.oci_lz_orchestrator.module.oci_lz_ocvs.oci_ocvp_sddc.sddc",
      "status": "pass",
      "objects": null
    },
    {
      "object_kind": "resource",
      "config_addr": "module.oci_lz_orchestrator.module.oci_lz_compute.oci_file_storage_file_system.these",
      "status": "pass",
      "objects": null
    },
    {
      "object_kind": "resource",
      "config_addr": "module.oci_lz_orchestrator.module.oci_lz_network.oci_core_network_security_group_security_rule.ingress",
      "status": "pass",
      "objects": null
    },
    {
      "object_kind": "resource",
      "config_addr": "module.oci_lz_orchestrator.module.oci_lz_identity_domains.oci_identity_domain_replication_to_region.these",
      "status": "pass",
      "objects": null
    },
    {
      "object_kind": "resource",
      "config_addr": "module.oci_lz_orchestrator.module.oci_lz_service_connectors.oci_ons_subscription.these",
      "status": "pass",
      "objects": null
    },
    {
      "object_kind": "resource",
      "config_addr": "module.oci_lz_orchestrator.module.oci_lz_compute.data.oci_core_images.these_custom",
      "status": "pass",
      "objects": null
    },
    {
      "object_kind": "resource",
      "config_addr": "module.oci_lz_orchestrator.module.oci_lz_notifications.oci_ons_subscription.these",
      "status": "pass",
      "objects": null
    },
    {
      "object_kind": "resource",
      "config_addr": "module.oci_lz_orchestrator.module.oci_lz_network.data.oci_security_attribute_security_attribute_namespaces.these",
      "status": "pass",
      "objects": null
    },
    {
      "object_kind": "resource",
      "config_addr": "module.oci_lz_orchestrator.module.oci_lz_service_connectors.oci_objectstorage_bucket.these",
      "status": "pass",
      "objects": null
    },
    {
      "object_kind": "resource",
      "config_addr": "module.oci_lz_orchestrator.module.oci_lz_compute.oci_core_app_catalog_listing_resource_version_agreement.these",
      "status": "pass",
      "objects": null
    },
    {
      "object_kind": "resource",
      "config_addr": "module.oci_lz_orchestrator.module.oci_lz_events.oci_streaming_stream.these",
      "status": "pass",
      "objects": null
    },
    {
      "object_kind": "resource",
      "config_addr": "module.oci_lz_orchestrator.module.oci_lz_compute.data.oci_core_app_catalog_listing_resource_versions.these",
      "status": "pass",
      "objects": null
    },
    {
      "object_kind": "resource",
      "config_addr": "module.oci_lz_orchestrator.module.oci_lz_network.oci_core_default_security_list.these",
      "status": "pass",
      "objects": null
    },
    {
      "object_kind": "resource",
      "config_addr": "module.oci_lz_orchestrator.module.oci_lz_logging.oci_logging_log.bucket_logs",
      "status": "pass",
      "objects": null
    },
    {
      "object_kind": "resource",
      "config_addr": "module.oci_lz_orchestrator.module.oci_lz_streams.oci_streaming_stream_pool.these",
      "status": "pass",
      "objects": null
    },
    {
      "object_kind": "resource",
      "config_addr": "module.oci_lz_orchestrator.module.oci_lz_compute.oci_core_volume.these",
      "status": "pass",
      "objects": null
    },
    {
      "object_kind": "resource",
      "config_addr": "module.oci_lz_orchestrator.module.oci_lz_compute.oci_core_volume_backup_policy_assignment.these",
      "status": "pass",
      "objects": null
    },
    {
      "object_kind": "resource",
      "config_addr": "module.oci_lz_orchestrator.module.oci_lz_bastions.oci_bastion_bastion.these",
      "status": "pass",
      "objects": null
    },
    {
      "object_kind": "resource",
      "config_addr": "module.oci_lz_orchestrator.module.oci_lz_compute.oci_core_instance.these",
      "status": "pass",
      "objects": null
    },
    {
      "object_kind": "resource",
      "config_addr": "module.oci_lz_orchestrator.module.oci_lz_network.oci_core_vcn.these",
      "status": "pass",
      "objects": null
    },
    {
      "object_kind": "resource",
      "config_addr": "module.oci_lz_orchestrator.module.oci_lz_alarms.oci_streaming_stream.these",
      "status": "pass",
      "objects": null
    },
    {
      "object_kind": "resource",
      "config_addr": "module.oci_lz_orchestrator.module.oci_lz_alarms.oci_ons_notification_topic.these",
      "status": "pass",
      "objects": null
    },
    {
      "object_kind": "resource",
      "config_addr": "module.oci_lz_orchestrator.module.oci_lz_service_connectors.oci_identity_policy.these",
      "status": "pass",
      "objects": null
    },
    {
      "object_kind": "resource",
      "config_addr": "module.oci_lz_orchestrator.module.oci_lz_policies.oci_identity_policy.these",
      "status": "pass",
      "objects": [
        {
          "object_addr": "module.oci_lz_orchestrator.module.oci_lz_policies[0].oci_identity_policy.these[\"PCY-LZ-PLATFORM-EXACS-GENERIC-ADMIN-KEY\"]",
          "status": "pass"
        },
        {
          "object_addr": "module.oci_lz_orchestrator.module.oci_lz_policies[0].oci_identity_policy.these[\"PCY-MARKETPLACE-KEY\"]",
          "status": "pass"
        },
        {
          "object_addr": "module.oci_lz_orchestrator.module.oci_lz_policies[0].oci_identity_policy.these[\"PCY-SECURITY-ADMIN-KEY\"]",
          "status": "pass"
        },
        {
          "object_addr": "module.oci_lz_orchestrator.module.oci_lz_policies[0].oci_identity_policy.these[\"PCY-SERVICES-ADMIN-KEY\"]",
          "status": "pass"
        },
        {
          "object_addr": "module.oci_lz_orchestrator.module.oci_lz_policies[0].oci_identity_policy.these[\"PCY-NETWORK-ADMIN-KEY\"]",
          "status": "pass"
        },
        {
          "object_addr": "module.oci_lz_orchestrator.module.oci_lz_policies[0].oci_identity_policy.these[\"PCY-OS-ADMIN-KEY\"]",
          "status": "pass"
        },
        {
          "object_addr": "module.oci_lz_orchestrator.module.oci_lz_policies[0].oci_identity_policy.these[\"PCY-IAM-ADMIN-KEY\"]",
          "status": "pass"
        },
        {
          "object_addr": "module.oci_lz_orchestrator.module.oci_lz_policies[0].oci_identity_policy.these[\"PCY-GENERIC-ADMIN-KEY\"]",
          "status": "pass"
        },
        {
          "object_addr": "module.oci_lz_orchestrator.module.oci_lz_policies[0].oci_identity_policy.these[\"PCY-LZ-PLATFORM-EXACS-INFRA-ADMIN-KEY\"]",
          "status": "pass"
        },
        {
          "object_addr": "module.oci_lz_orchestrator.module.oci_lz_policies[0].oci_identity_policy.these[\"PCY-MONITORING-KEY\"]",
          "status": "pass"
        },
        {
          "object_addr": "module.oci_lz_orchestrator.module.oci_lz_policies[0].oci_identity_policy.these[\"PCY-TENANCY-ADMIN-001-KEY\"]",
          "status": "pass"
        },
        {
          "object_addr": "module.oci_lz_orchestrator.module.oci_lz_policies[0].oci_identity_policy.these[\"PCY-LZ-PLATFORM-EXACS-DB-ADMIN-KEY\"]",
          "status": "pass"
        },
        {
          "object_addr": "module.oci_lz_orchestrator.module.oci_lz_policies[0].oci_identity_policy.these[\"PCY-AUDITING-ADMIN-KEY\"]",
          "status": "pass"
        },
        {
          "object_addr": "module.oci_lz_orchestrator.module.oci_lz_policies[0].oci_identity_policy.these[\"PCY-COST-ADMIN-KEY\"]",
          "status": "pass"
        },
        {
          "object_addr": "module.oci_lz_orchestrator.module.oci_lz_policies[0].oci_identity_policy.these[\"PCY-VIEWER-KEY\"]",
          "status": "pass"
        },
        {
          "object_addr": "module.oci_lz_orchestrator.module.oci_lz_policies[0].oci_identity_policy.these[\"PCY-STORAGE-KEY\"]",
          "status": "pass"
        },
        {
          "object_addr": "module.oci_lz_orchestrator.module.oci_lz_policies[0].oci_identity_policy.these[\"PCY-BILLING-VIEWER-KEY\"]",
          "status": "pass"
        },
        {
          "object_addr": "module.oci_lz_orchestrator.module.oci_lz_policies[0].oci_identity_policy.these[\"PCY-GLOBALSERV-ADMIN-KEY\"]",
          "status": "pass"
        }
      ]
    },
    {
      "object_kind": "resource",
      "config_addr": "module.oci_lz_orchestrator.module.oci_lz_compute.oci_file_storage_replication.these",
      "status": "pass",
      "objects": null
    },
    {
      "object_kind": "resource",
      "config_addr": "module.oci_lz_orchestrator.module.oci_lz_identity_domains.oci_identity_domains_app.these",
      "status": "pass",
      "objects": null
    },
    {
      "object_kind": "resource",
      "config_addr": "module.oci_lz_orchestrator.module.oci_lz_identity_domains.oci_identity_domains_group.these_with_external_membership_updates",
      "status": "pass",
      "objects": null
    },
    {
      "object_kind": "resource",
      "config_addr": "module.oci_lz_orchestrator.module.oci_lz_oke.oci_containerengine_virtual_node_pool.these",
      "status": "pass",
      "objects": null
    },
    {
      "object_kind": "resource",
      "config_addr": "module.oci_lz_orchestrator.module.oci_lz_bastions.oci_bastion_session.these",
      "status": "pass",
      "objects": null
    },
    {
      "object_kind": "resource",
      "config_addr": "module.oci_lz_orchestrator.module.oci_lz_service_connectors.oci_objectstorage_bucket.bucket_replica",
      "status": "pass",
      "objects": null
    },
    {
      "object_kind": "resource",
      "config_addr": "module.oci_lz_orchestrator.module.oci_lz_vaults.oci_kms_key.these",
      "status": "pass",
      "objects": null
    },
    {
      "object_kind": "resource",
      "config_addr": "module.oci_lz_orchestrator.module.oci_lz_scanning.oci_vulnerability_scanning_container_scan_target.these",
      "status": "pass",
      "objects": null
    },
    {
      "object_kind": "resource",
      "config_addr": "module.oci_lz_orchestrator.module.oci_lz_identity_domains.oci_identity_domains_identity_provider.these",
      "status": "pass",
      "objects": null
    }
  ]
}
