{
  "version": 4,
  "terraform_version": "1.5.7",
  "serial": 115,
  "lineage": "8b1afc87-0631-d04f-15b8-72e17f427f18",
  "outputs": {
    "region": {
      "value": "eu-madrid-2",
      "type": "string"
    }
  },
  "resources": [
    {
      "mode": "data",
      "type": "oci_objectstorage_namespace",
      "name": "this",
      "provider": "provider[\"registry.terraform.io/oracle/oci\"]",
      "instances": [
        {
          "index_key": 0,
          "schema_version": 0,
          "attributes": {
            "compartment_id": "ocid1.tenancy.oc19..aaaaaaaa4ftkyx3ao73kndo3mbltj6gtbf27mxbgpu65a33ipgo2wqyj4zba",
            "id": "ObjectStorageNamespaceDataSource-1032845147",
            "namespace": "axbfcjqpx8cc"
          },
          "sensitive_attributes": []
        }
      ]
    },
    {
      "mode": "data",
      "type": "oci_objectstorage_object",
      "name": "configurations",
      "provider": "provider[\"registry.terraform.io/oracle/oci\"]",
      "instances": [
        {
          "index_key": 0,
          "schema_version": 0,
          "attributes": {
            "base64_encode_content": false,
            "bucket": "bucket-lz-20260227",
            "cache_control": null,
            "content": "{\n    \"tags_configuration\": {\n        \"default_compartment_id\"          : \"TENANCY-ROOT\",\n\n        \"namespaces\": {\n            \"TAGNS-LZ-ROLE-KEY\": {\n                \"name\"                    : \"o-p-om2-tagns-name-001\",\n                \"description\"             : \"Tag namespace for Tag Based Access Controls of Landing Zone Roles.\",\n                \"is_retired\"              : false,\n\n                \"tags\": {\n                    \"TAG-LZ-ROLE-KEY\": {\n                        \"name\"            : \"o-p-om2-tag-role-001\",\n                        \"description\"     : \"Tag used to identify different administrative roles within the Landing Zone, across network and security compartments\",\n                        \"is_cost_tracking\": false,\n                        \"is_retired\"      : false\n                    }\n                }\n            }\n        }\n    }\n}\n",
            "content_disposition": null,
            "content_encoding": null,
            "content_language": null,
            "content_length": "859",
            "content_length_limit": 1048576,
            "content_md5": "61TrNHfoKy82ns3NUNgdhA==",
            "content_type": "application/json",
            "http_response_cache_control": null,
            "http_response_content_disposition": null,
            "http_response_content_encoding": null,
            "http_response_content_language": null,
            "http_response_content_type": null,
            "http_response_expires": null,
            "id": "ObjectStorageObjectDataSource-112394386",
            "metadata": {},
            "namespace": "axbfcjqpx8cc",
            "object": "giss_governance__v3.2.json",
            "storage_tier": "Standard",
            "version_id": "c30cfabc-97ac-430a-b0e1-06a6ea789a59"
          },
          "sensitive_attributes": []
        },
        {
          "index_key": 1,
          "schema_version": 0,
          "attributes": {
            "base64_encode_content": false,
            "bucket": "bucket-lz-20260227",
            "cache_control": null,
            "content": "{\n    \"compartments_configuration\": {\n        \"enable_delete\"                                        : \"true\",\n\n        \"compartments\": {\n            \"CMP-LANDINGZONE-KEY\": {\n                \"name\"                                         : \"o-p-om2-cmp-land-001\",\n                \"description\"                                  : \"Enclosing Production Landing Zone Compartment\",\n\n                \"children\": {\n                    \"CMP-LZ-NETWORK-KEY\": {\n                        \"name\"                                 : \"o-p-om2-cmp-network-001\",\n                        \"description\"                          : \"Shared Network Compartment\",\n\n                        \"defined_tags\": {\n                            \"o-p-om2-tagns-name-001.o-p-om2-tag-role-001\"        : \"o-p-om2-tag-role-network-001\"\n                        }\n                    },\n\n                    \"CMP-LZ-PLATFORM-KEY\": {\n                        \"name\"                                 : \"o-p-om2-cmp-platform-001\",\n                        \"description\"                          : \"Shared Platform Compartment\",\n\n                        \"children\": {\n                                \"CMP-LZ-EXACS-KEY\": {\n                                    \"name\"                                      : \"o-p-om2-cmp-exacs-001\",\n                                    \"description\"                               : \"Shared exacs Platform\",\n                                    \"defined_tags\": {\n                                                \"o-p-om2-tagns-name-001.o-p-om2-tag-role-001\"          : \"o-p-om2-tag-role-exa-001\"\n                                    },\n                                    \"children\": {\n                                            \"CMP-LZ-EXACS-DB-KEY\": {\n                                                \"name\"                         : \"o-p-om2-cmp-exacsdb-001\",\n                                                \"description\"                  : \"Shared exacs Platform, db compartment\",\n                                                 \"defined_tags\": {\n                                                                \"o-p-om2-tagns-name-001.o-p-om2-tag-role-001\"        : \"o-p-om2-tag-role-exadb-001\"\n                                                                }\n                                            },\n                                            \"CMP-LZ-EXACS-INFRA-KEY\": {\n                                                \"name\"                         : \"o-p-om2-cmp-exacsinfra-001\",\n                                                \"description\"                  : \"Shared exacs Platform, infra compartment\",\n                                                 \"defined_tags\": {\n                                                                \"o-p-om2-tagns-name-001.o-p-om2-tag-role-001\"        : \"o-p-om2-tag-role-exainfra-001\"\n                                                                }\n                                            }\n                                    }\n                                },\n                                \"CMP-LZ-LOGGING-KEY\": {\n                                    \"name\"                         : \"o-p-om2-cmp-logg-001\",\n                                    \"description\"                  : \"Shared Logging Platform\"\n                                },\n                                \"CMP-LZ-DEVOPS-KEY\": {\n                                    \"name\"                         : \"o-p-om2-cmp-devop-001\",\n                                    \"description\"                  : \"Shared devops Platform\"\n                                \n                            }\n                         }\n                    },     \n\n                    \"CMP-LZ-CDINSS-KEY\": {\n                        \"name\"                                 : \"o-p-om2-cmp-cdin-core-001\",\n                        \"description\"                          : \"Coretech Entity Environment Compartment\",\n\n                        \"children\": {\n                        \"CMP-LZ-CDINSS-PROD-KEY\": {\n                            \"name\"                                 : \"o-p-om2-cmp-cdin-001\",\n                            \"description\"                          : \"Production Environment Compartment\",\n\n                            \"children\": {\n                                \"CMP-LZ-CDINSS-PROD-NETWORK-KEY\": {\n                                    \"name\"                         : \"o-p-om2-cmp-cdin-network-001\",\n                                    \"description\"                  : \"Prod Workload Environment, Common Network Compartment\",\n\n                                    \"defined_tags\": {\n                                        \"o-p-om2-tagns-name-001.o-p-om2-tag-role-001\": \"o-p-om2-tag-role-network-001\"\n                                    }\n                                },\n\n                                \"CMP-LZ-CDINSS-PROD-PLATFORM-KEY\": {\n                                    \"name\"                         : \"o-p-om2-cmp-cdin-platform-001\",\n                                    \"description\"                  : \"Production Workload Environment, Common Platform Compartment\"\n                                },\n\n                                \"CMP-LZ-CDINSS-PROD-PROJECTS-KEY\": {\n                                    \"name\"                         : \"o-p-om2-cmp-cdin-projects-001\",\n                                    \"description\"                  : \"Production Workload Environment, Common Projects Compartment\"\n\n                                },\n\n                                \"CMP-LZ-CDINSS-PROD-SECURITY-KEY\": {\n                                    \"name\"                         : \"o-p-om2-cmp-cdin-security-001\",\n                                    \"description\"                  : \"Production Workload Environment, Common Security Compartment\",\n\n                                    \"defined_tags\": {\n                                        \"o-p-om2-tagns-name-001.o-p-om2-tag-role-001\": \"o-p-om2-tag-role-security-001\"\n                                    }\n                                }\n                            }\n                        },\n                        \"CMP-LZ-CDINSS-NPR-KEY\": {\n                            \"name\"                                 : \"o-np-om2-cmp-cdin-001\",\n                            \"description\"                          : \"Non Production Environment Compartment\",\n\n                            \"children\": {\n                                \"CMP-LZ-CDINSS-NPR-NETWORK-KEY\": {\n                                    \"name\"                         : \"o-np-om2-cmp-cdin-network-001\",\n                                    \"description\"                  : \"Non Production Workload Environment, Common Network Compartment\",\n\n                                    \"defined_tags\": {\n                                        \"o-p-om2-tagns-name-001.o-p-om2-tag-role-001\": \"o-p-om2-tag-role-network-001\"\n                                    }\n                                },\n\n                                \"CMP-LZ-CDINSS-NPR-PLATFORM-KEY\": {\n                                    \"name\"                         : \"o-np-om2-cmp-cdin-platform-001\",\n                                    \"description\"                  : \"Non Production Workload Environment, Common Platform Compartment\"\n                    \n                                },\n\n                                \"CMP-LZ-CDINSS-NPR-PROJECTS-KEY\": {\n                                    \"name\"                         : \"o-np-om2-cmp-cdin-projects-001\",\n                                    \"description\"                  : \"Non Production Workload Environment, Common Projects Compartment\"\n\n                                },\n\n                                \"CMP-LZ-CDINSS-NPR-SECURITY-KEY\": {\n                                    \"name\"                         : \"o-np-om2-cmp-cdin-security-001\",\n                                    \"description\"                  : \"Non Production Workload Environment, Common Security Compartment\",\n\n                                    \"defined_tags\": {\n                                        \"o-p-om2-tagns-name-001.o-p-om2-tag-role-001\": \"o-p-om2-tag-role-security-001\"\n                                    }\n                                }\n                            }\n                        }\n                        }\n                    },\n\n                    \"CMP-LZ-SECURITY-KEY\": {\n                            \"name\"                                 : \"o-p-om2-cmp-security-001\",\n                            \"description\"                          : \"Shared Security Compartment\",\n\n                            \"defined_tags\": {\n                                \"o-p-om2-tagns-name-001.o-p-om2-tag-role-001\"        : \"o-p-om2-tag-role-security-001\"\n                            }\n                    }\n                }\n                }\n            }\n    },\n\n    \"identity_domain_groups_configuration\": {\n        \"default_identity_domain_id\"                           : \"COMMON-DOMAIN\",\n\n        \"groups\": {\n            \"GRP-AUDITORS-ADMIN-KEY\": {\n                \"name\"                                         : \"o-p-om2-grp-admi-auditors-001\", \n                \"description\"                                  : \"Tenancy global read access group(for security auditing or health checks).\"\n            },\n\n            \"GRP-COST-ADMIN-KEY\": {\n                \"name\"                                         : \"o-p-om2-grp-admi-costs-001\",\n                \"description\"                                  : \"Tenancy global cost control group.\"\n            },\n\n            \"GRP-IAM-ADMIN-KEY\": {\n                \"name\"                                         : \"o-p-om2-grp-admi-iam-001\",\n                \"description\"                                  : \"Tenancy global Identity and access management administrator group.\"\n            },\n\n            \"GRP-NETWORK-ADMIN-KEY\": {\n                \"name\"                                         : \"o-p-om2-grp-admi-network-001\",\n                \"description\"                                  : \"Shared network administration group, including common OE network elements.\"\n            },\n\n            \"GRP-SECURITY-ADMIN-KEY\": {\n                \"name\"                                         : \"o-p-om2-grp-admi-security-001\",\n                \"description\"                                  : \"Shared security administration group, including common OE network elements.\"\n            },\n\n            \"GRP-GLOBALSERV-ADMIN-KEY\": {\n                \"name\"                                         : \"o-p-om2-grp-admi-globalserv-001\",\n                \"description\"                                  : \"Tenancy Administrators for global services, as Cloud Guard.\"\n            },\n\n            \"GRP-LZ-INFRA-ADMINS\": { \n                \"name\"                                          : \"o-p-om2-grp-admi-infra-001\",\n                \"description\"                                   : \"Global exacs administration, Infra Team group\"\n            },\n            \"GRP-LZ-DB-ADMINS\": { \n                \"name\"                                          : \"o-p-om2-grp-admi-database-001\",\n                \"description\"                                   : \"Global exacs administration, DBA Team group\"\n            }\n\n            \n\n        }       \n    },\n\n    \"identity_domains_configuration\": {\n        \"default_compartment_id\"                               : null,\n        \"default_defined_tags\"                                 : null,\n        \"default_freeform_tags\"                                : null,\n\n        \"identity_domains\": {\n            \"COMMON-DOMAIN\": {\n                \"display_name\"                                 : \"o-p-om2-id-common-001\",\n                \"description\"                                  : \"One-OE LZ common Identity Domain\",\n                \"compartment_id\"                               : null,\n                \"admin_email\"                                  : null,\n                \"admin_first_name\"                             : null,\n                \"admin_last_name\"                              : null,\n                \"admin_user_name\"                              : null,\n                \"allow_signing_cert_public_access\"             : false,\n                \"home_region\"                                  : null,\n                \"is_hidden_on_login\"                           : false,\n                \"is_notification_bypassed\"                     : false,\n                \"is_primary_email_required\"                    : false,\n                \"license_type\"                                 : \"free\",\n                \"replica_region\"                               : null\n            }\n        }\n    },\n\n    \"policies_configuration\": {\n        \"enable_cis_benchmark_checks\"                          : \"false\",\n\n        \"supplied_policies\": {\n            \"PCY-AUDITING-ADMIN-KEY\": {\n                \"name\"                                         : \"o-p-om2-pcy-auda-001\",\n                \"description\"                                  : \"Allow o-p-om2-grp-admi-auditors-001 group users to read all the resources in the tenancy.\",\n                \"compartment_id\"                               : \"TENANCY-ROOT\",\n\n                \"statements\": [\n                    \"allow group 'o-p-om2-id-common-001'/'o-p-om2-grp-admi-auditors-001' to inspect all-resources in tenancy\",\n                    \"allow group 'o-p-om2-id-common-001'/'o-p-om2-grp-admi-auditors-001' to read instances in tenancy\",\n                    \"allow group 'o-p-om2-id-common-001'/'o-p-om2-grp-admi-auditors-001' to read load-balancers in tenancy\",\n                    \"allow group 'o-p-om2-id-common-001'/'o-p-om2-grp-admi-auditors-001' to read buckets in tenancy\",\n                    \"allow group 'o-p-om2-id-common-001'/'o-p-om2-grp-admi-auditors-001' to read nat-gateways in tenancy\",\n                    \"allow group 'o-p-om2-id-common-001'/'o-p-om2-grp-admi-auditors-001' to read public-ips in tenancy\",\n                    \"allow group 'o-p-om2-id-common-001'/'o-p-om2-grp-admi-auditors-001' to read file-family in tenancy\",\n                    \"allow group 'o-p-om2-id-common-001'/'o-p-om2-grp-admi-auditors-001' to read instance-configurations in tenancy\",\n                    \"allow group 'o-p-om2-id-common-001'/'o-p-om2-grp-admi-auditors-001' to read network-security-groups in tenancy\",\n                    \"allow group 'o-p-om2-id-common-001'/'o-p-om2-grp-admi-auditors-001' to read resource-availability in tenancy\",\n                    \"allow group 'o-p-om2-id-common-001'/'o-p-om2-grp-admi-auditors-001' to read audit-events in tenancy\",\n                    \"allow group 'o-p-om2-id-common-001'/'o-p-om2-grp-admi-auditors-001' to read users in tenancy\",\n                    \"allow group 'o-p-om2-id-common-001'/'o-p-om2-grp-admi-auditors-001' to use cloud-shell in tenancy\",\n                    \"allow group 'o-p-om2-id-common-001'/'o-p-om2-grp-admi-auditors-001' to read vss-family in tenancy\",\n                    \"allow group 'o-p-om2-id-common-001'/'o-p-om2-grp-admi-auditors-001' to read usage-budgets in tenancy\",\n                    \"allow group 'o-p-om2-id-common-001'/'o-p-om2-grp-admi-auditors-001' to read usage-reports in tenancy\",\n                    \"allow group 'o-p-om2-id-common-001'/'o-p-om2-grp-admi-auditors-001' to read data-safe-family in tenancy\",\n                    \"allow group 'o-p-om2-id-common-001'/'o-p-om2-grp-admi-auditors-001' to read vaults in tenancy\",\n                    \"allow group 'o-p-om2-id-common-001'/'o-p-om2-grp-admi-auditors-001' to read keys in tenancy\",\n                    \"allow group 'o-p-om2-id-common-001'/'o-p-om2-grp-admi-auditors-001' to read tag-namespaces in tenancy\",\n                    \"allow group 'o-p-om2-id-common-001'/'o-p-om2-grp-admi-auditors-001' to read serviceconnectors in tenancy\",\n                    \"allow group 'o-p-om2-id-common-001'/'o-p-om2-grp-admi-auditors-001' to use ons-family in tenancy where any {request.operation!=/Create*/, request.operation!=/Update*/, request.operation!=/Delete*/, request.operation!=/Change*/}\"\n                ]\n            },\n\n            \"PCY-COST-ADMIN-KEY\": {\n                \"name\"                                         : \"o-p-om2-pcy-costs-001\",\n                \"description\"                                  : \"Allow o-p-om2-grp-admi-costs-001 group users to manage all budget resources in the tenancy.\",\n                \"compartment_id\"                               : \"TENANCY-ROOT\",\n\n                \"statements\": [\n                    \"define tenancy usage-report as ocid1.tenancy.oc1..aaaaaaaaned4fkpkisbwjlr56u7cj63lf3wffbilvqknstgtvzub7vhqkggq\",\n                    \"endorse group 'o-p-om2-id-common-001'/'o-p-om2-grp-admi-costs-001' to read objects in tenancy usage-report\",\n                    \"allow group 'o-p-om2-id-common-001'/'o-p-om2-grp-admi-costs-001' to manage usage-report in tenancy\",\n                    \"allow group 'o-p-om2-id-common-001'/'o-p-om2-grp-admi-costs-001' to manage usage-budgets in tenancy\"\n                ]\n            },\n\n            \"PCY-GENERIC-ADMIN-KEY\": {\n                \"name\"                                         : \"o-p-om2-pcy-gadm-001\",\n                \"description\"                                  : \"Allow defined groups to use generic services.\",\n                \"compartment_id\"                               : \"TENANCY-ROOT\",\n\n                \"statements\": [\n                    \"allow group 'o-p-om2-id-common-001'/'o-p-om2-grp-admi-iam-001', 'o-p-om2-id-common-001'/'o-p-om2-grp-admi-auditors-001', 'o-p-om2-id-common-001'/'o-p-om2-grp-seca-001', 'o-p-om2-id-common-001'/'o-p-om2-grp-neta-001' to use cloud-shell in tenancy\",\n                    \"allow group 'o-p-om2-id-common-001'/'o-p-om2-grp-admi-iam-001', 'o-p-om2-id-common-001'/'o-p-om2-grp-admi-auditors-001', 'o-p-om2-id-common-001'/'o-p-om2-grp-seca-001', 'o-p-om2-id-common-001'/'o-p-om2-grp-neta-001' to use cloud-shell-public-network in tenancy\",\n                    \"allow group 'o-p-om2-id-common-001'/'o-p-om2-grp-admi-iam-001', 'o-p-om2-id-common-001'/'o-p-om2-grp-admi-auditors-001', 'o-p-om2-id-common-001'/'o-p-om2-grp-seca-001', 'o-p-om2-id-common-001'/'o-p-om2-grp-neta-001' to read usage-budgets in tenancy\",\n                    \"allow group 'o-p-om2-id-common-001'/'o-p-om2-grp-admi-iam-001', 'o-p-om2-id-common-001'/'o-p-om2-grp-admi-auditors-001', 'o-p-om2-id-common-001'/'o-p-om2-grp-seca-001', 'o-p-om2-id-common-001'/'o-p-om2-grp-neta-001' to read usage-reports in tenancy\",\n                    \"allow group 'o-p-om2-id-common-001'/'o-p-om2-grp-admi-iam-001', 'o-p-om2-id-common-001'/'o-p-om2-grp-admi-auditors-001', 'o-p-om2-id-common-001'/'o-p-om2-grp-seca-001', 'o-p-om2-id-common-001'/'o-p-om2-grp-neta-001' to read objectstorage-namespaces in tenancy\",\n                    \"allow any-user to inspect tag-namespaces in tenancy where target.tag-namespace.name='o-p-om2-tagns-name-001'\"\n                ]\n            },\n\n            \"PCY-IAM-ADMIN-KEY\": {\n                \"name\"                                         : \"o-p-om2-pcy-iam-001\",\n                \"description\"                                  : \"Allow o-p-om2-grp-admi-iam-001 group users to manage IAM resources in the tenancy.\",\n                \"compartment_id\"                               : \"TENANCY-ROOT\",\n\n                \"statements\": [\n                    \"allow group 'o-p-om2-id-common-001'/'o-p-om2-grp-admi-iam-001' to manage policies in tenancy\",\n                    \"allow group 'o-p-om2-id-common-001'/'o-p-om2-grp-admi-iam-001' to manage users in tenancy\",\n                    \"allow group 'o-p-om2-id-common-001'/'o-p-om2-grp-admi-iam-001' to inspect groups in tenancy\",\n                    \"allow group 'o-p-om2-id-common-001'/'o-p-om2-grp-admi-iam-001' to manage groups in tenancy where all {target.group.name != 'Administrators'}\",\n                    \"allow group 'o-p-om2-id-common-001'/'o-p-om2-grp-admi-iam-001' to manage identity-providers in tenancy\",\n                    \"allow group 'o-p-om2-id-common-001'/'o-p-om2-grp-admi-iam-001' to manage dynamic-groups in tenancy\",\n                    \"allow group 'o-p-om2-id-common-001'/'o-p-om2-grp-admi-iam-001' to manage authentication-policies in tenancy\",\n                    \"allow group 'o-p-om2-id-common-001'/'o-p-om2-grp-admi-iam-001' to manage network-sources in tenancy\",\n                    \"allow group 'o-p-om2-id-common-001'/'o-p-om2-grp-admi-iam-001' to manage quota in tenancy\",\n                    \"allow group 'o-p-om2-id-common-001'/'o-p-om2-grp-admi-iam-001' to manage tag-defaults in tenancy\",\n                    \"allow group 'o-p-om2-id-common-001'/'o-p-om2-grp-admi-iam-001' to manage tag-namespaces in tenancy\",\n                    \"allow group 'o-p-om2-id-common-001'/'o-p-om2-grp-admi-iam-001' to manage orm-jobs in tenancy\",\n                    \"allow group 'o-p-om2-id-common-001'/'o-p-om2-grp-admi-iam-001' to manage orm-config-source-providers in tenancy\"\n                ]\n            },\n\n            \"PCY-NETWORK-ADMIN-KEY\": {\n                \"name\"                                         : \"o-p-om2-pcy-nadm-001\",\n                \"description\"                                  : \"Allow o-p-om2-grp-neta-001 group users to manage all network resources in the child compartments of o-p-om2-cmp-001 with the matching tags.\",\n                \"compartment_id\"                               : \"CMP-LANDINGZONE-KEY\",\n\n                \"statements\": [\n                    \"allow group 'o-p-om2-id-common-001'/'o-p-om2-grp-neta-001' to read all-resources in compartment o-p-om2-cmp-land-001 where sets-intersect(target.resource.compartment.tag.o-p-om2-tagns-name-001.o-p-om2-tag-role-001, ('o-p-om2-tag-role-network-001'))\",\n                    \"allow group 'o-p-om2-id-common-001'/'o-p-om2-grp-neta-001' to manage virtual-network-family in compartment o-p-om2-cmp-land-001 where sets-intersect(target.resource.compartment.tag.o-p-om2-tagns-name-001.o-p-om2-tag-role-001, ('o-p-om2-tag-role-network-001'))\",\n                    \"allow group 'o-p-om2-id-common-001'/'o-p-om2-grp-neta-001' to manage dns in compartment o-p-om2-cmp-land-001 where sets-intersect(target.resource.compartment.tag.o-p-om2-tagns-name-001.o-p-om2-tag-role-001, ('o-p-om2-tag-role-network-001'))\",\n                    \"allow group 'o-p-om2-id-common-001'/'o-p-om2-grp-neta-001' to manage load-balancers in compartment o-p-om2-cmp-land-001 where sets-intersect(target.resource.compartment.tag.o-p-om2-tagns-name-001.o-p-om2-tag-role-001, ('o-p-om2-tag-role-network-001'))\",\n                    \"allow group 'o-p-om2-id-common-001'/'o-p-om2-grp-neta-001' to manage alarms in compartment o-p-om2-cmp-land-001 where sets-intersect(target.resource.compartment.tag.o-p-om2-tagns-name-001.o-p-om2-tag-role-001, ('o-p-om2-tag-role-network-001'))\",\n                    \"allow group 'o-p-om2-id-common-001'/'o-p-om2-grp-neta-001' to manage metrics in compartment o-p-om2-cmp-land-001 where sets-intersect(target.resource.compartment.tag.o-p-om2-tagns-name-001.o-p-om2-tag-role-001, ('o-p-om2-tag-role-network-001'))\",\n                    \"allow group 'o-p-om2-id-common-001'/'o-p-om2-grp-neta-001' to manage orm-stacks in compartment o-p-om2-cmp-land-001 where sets-intersect(target.resource.compartment.tag.o-p-om2-tagns-name-001.o-p-om2-tag-role-001, ('o-p-om2-tag-role-network-001'))\",\n                    \"allow group 'o-p-om2-id-common-001'/'o-p-om2-grp-neta-001' to manage orm-jobs in compartment o-p-om2-cmp-land-001 where sets-intersect(target.resource.compartment.tag.o-p-om2-tagns-name-001.o-p-om2-tag-role-001, ('o-p-om2-tag-role-network-001'))\",\n                    \"allow group 'o-p-om2-id-common-001'/'o-p-om2-grp-neta-001' to manage orm-config-source-providers in compartment o-p-om2-cmp-land-001 where sets-intersect(target.resource.compartment.tag.o-p-om2-tagns-name-001.o-p-om2-tag-role-001, ('o-p-om2-tag-role-network-001'))\",\n                    \"allow group 'o-p-om2-id-common-001'/'o-p-om2-grp-neta-001' to read audit-events in compartment o-p-om2-cmp-land-001 where sets-intersect(target.resource.compartment.tag.o-p-om2-tagns-name-001.o-p-om2-tag-role-001, ('o-p-om2-tag-role-network-001'))\",\n                    \"allow group 'o-p-om2-id-common-001'/'o-p-om2-grp-neta-001' to read work-requests in compartment o-p-om2-cmp-land-001 where sets-intersect(target.resource.compartment.tag.o-p-om2-tagns-name-001.o-p-om2-tag-role-001, ('o-p-om2-tag-role-network-001'))\",\n                    \"allow group 'o-p-om2-id-common-001'/'o-p-om2-grp-neta-001' to manage instance-family in compartment o-p-om2-cmp-land-001 where sets-intersect(target.resource.compartment.tag.o-p-om2-tagns-name-001.o-p-om2-tag-role-001, ('o-p-om2-tag-role-network-001'))\",\n                    \"allow group 'o-p-om2-id-common-001'/'o-p-om2-grp-neta-001' to manage volume-family in compartment o-p-om2-cmp-land-001 where all{sets-intersect(target.resource.compartment.tag.o-p-om2-tagns-name-001.o-p-om2-tag-role-001, ('o-p-om2-tag-role-network-001')), request.permission != 'VOLUME_BACKUP_DELETE', request.permission != 'VOLUME_DELETE', request.permission != 'BOOT_VOLUME_BACKUP_DELETE'}\",\n                    \"allow group 'o-p-om2-id-common-001'/'o-p-om2-grp-neta-001' to manage object-family in compartment o-p-om2-cmp-land-001 where all{sets-intersect(target.resource.compartment.tag.o-p-om2-tagns-name-001.o-p-om2-tag-role-001, ('o-p-om2-tag-role-network-001')), request.permission != 'OBJECT_DELETE', request.permission != 'BUCKET_DELETE'}\",\n                    \"allow group 'o-p-om2-id-common-001'/'o-p-om2-grp-neta-001' to manage file-family in compartment o-p-om2-cmp-land-001 where all{sets-intersect(target.resource.compartment.tag.o-p-om2-tagns-name-001.o-p-om2-tag-role-001, ('o-p-om2-tag-role-network-001')), request.permission != 'FILE_SYSTEM_DELETE', request.permission != 'MOUNT_TARGET_DELETE', request.permission != 'EXPORT_SET_DELETE', request.permission != 'FILE_SYSTEM_DELETE_SNAPSHOT', request.permission != 'FILE_SYSTEM_NFSv3_UNEXPORT'}\",\n                    \"allow group 'o-p-om2-id-common-001'/'o-p-om2-grp-neta-001' to manage bastion-session in compartment o-p-om2-cmp-land-001 where sets-intersect(target.resource.compartment.tag.o-p-om2-tagns-name-001.o-p-om2-tag-role-001, ('o-p-om2-tag-role-network-001'))\",\n                    \"allow group 'o-p-om2-id-common-001'/'o-p-om2-grp-neta-001' to manage cloudevents-rules in compartment o-p-om2-cmp-land-001 where sets-intersect(target.resource.compartment.tag.o-p-om2-tagns-name-001.o-p-om2-tag-role-001, ('o-p-om2-tag-role-network-001'))\",\n                    \"allow group 'o-p-om2-id-common-001'/'o-p-om2-grp-neta-001' to read instance-agent-plugins in compartment o-p-om2-cmp-land-001 where sets-intersect(target.resource.compartment.tag.o-p-om2-tagns-name-001.o-p-om2-tag-role-001, ('o-p-om2-tag-role-network-001'))\",\n                    \"allow group 'o-p-om2-id-common-001'/'o-p-om2-grp-neta-001' to manage keys in compartment o-p-om2-cmp-land-001 where sets-intersect(target.resource.compartment.tag.o-p-om2-tagns-name-001.o-p-om2-tag-role-001, ('o-p-om2-tag-role-network-001'))\",\n                    \"allow group 'o-p-om2-id-common-001'/'o-p-om2-grp-neta-001' to use key-delegate in compartment o-p-om2-cmp-land-001 where sets-intersect(target.resource.compartment.tag.o-p-om2-tagns-name-001.o-p-om2-tag-role-001, ('o-p-om2-tag-role-network-001'))\",\n                    \"allow group 'o-p-om2-id-common-001'/'o-p-om2-grp-neta-001' to manage secret-family in compartment o-p-om2-cmp-land-001 where sets-intersect(target.resource.compartment.tag.o-p-om2-tagns-name-001.o-p-om2-tag-role-001, ('o-p-om2-tag-role-network-001'))\",\n                    \"allow group 'o-p-om2-id-common-001'/'o-p-om2-grp-neta-001' to manage repos in compartment o-p-om2-cmp-land-001 where sets-intersect(target.resource.compartment.tag.o-p-om2-tagns-name-001.o-p-om2-tag-role-001, ('o-p-om2-tag-role-network-001'))\",\n                    \"allow group 'o-p-om2-id-common-001'/'o-p-om2-grp-neta-001' to read vss-family in compartment o-p-om2-cmp-land-001 where sets-intersect(target.resource.compartment.tag.o-p-om2-tagns-name-001.o-p-om2-tag-role-001, ('o-p-om2-tag-role-network-001'))\",\n                    \"allow group 'o-p-om2-id-common-001'/'o-p-om2-grp-neta-001' to read ons-topics in compartment o-p-om2-cmp-land-001 where sets-intersect(target.resource.compartment.tag.o-p-om2-tagns-name-001.o-p-om2-tag-role-001, ('o-p-om2-tag-role-security-001'))\",\n                    \"allow group 'o-p-om2-id-common-001'/'o-p-om2-grp-neta-001' to use bastion in compartment o-p-om2-cmp-land-001 where sets-intersect(target.resource.compartment.tag.o-p-om2-tagns-name-001.o-p-om2-tag-role-001, ('o-p-om2-tag-role-security-001'))\",\n                    \"allow group 'o-p-om2-id-common-001'/'o-p-om2-grp-neta-001' to use bastion-session in compartment o-p-om2-cmp-land-001 where sets-intersect(target.resource.compartment.tag.o-p-om2-tagns-name-001.o-p-om2-tag-role-001, ('o-p-om2-tag-role-security-001'))\",\n                    \"allow group 'o-p-om2-id-common-001'/'o-p-om2-grp-neta-001' to use vaults in compartment o-p-om2-cmp-land-001 where sets-intersect(target.resource.compartment.tag.o-p-om2-tagns-name-001.o-p-om2-tag-role-001, ('o-p-om2-tag-role-security-001'))\",\n                    \"allow group 'o-p-om2-id-common-001'/'o-p-om2-grp-neta-001' to read logging-family in compartment o-p-om2-cmp-land-001 where sets-intersect(target.resource.compartment.tag.o-p-om2-tagns-name-001.o-p-om2-tag-role-001, ('o-p-om2-tag-role-security-001'))\"\n                ]\n            },\n\n            \"PCY-SECURITY-ADMIN-KEY\": {\n                \"name\"                                         : \"o-p-om2-pcy-secua-001\",\n                \"description\"                                  : \"Allow o-p-om2-grp-admi-security-001 group users to manage all security resources in the child compartments of o-p-om2-cmp-001 with the matching tags.\",\n                \"compartment_id\"                               : \"CMP-LANDINGZONE-KEY\",\n\n                \"statements\": [\n                    \"allow group 'o-p-om2-id-common-001'/'o-p-om2-grp-admi-security-001' to manage tag-namespaces in compartment o-p-om2-cmp-land-001 where sets-intersect(target.resource.compartment.tag.o-p-om2-tagns-name-001.o-p-om2-tag-role-001, ('o-p-om2-tag-role-security-001'))\",\n                    \"allow group 'o-p-om2-id-common-001'/'o-p-om2-grp-admi-security-001' to manage tag-defaults in compartment o-p-om2-cmp-land-001 where sets-intersect(target.resource.compartment.tag.o-p-om2-tagns-name-001.o-p-om2-tag-role-001, ('o-p-om2-tag-role-security-001'))\",\n                    \"allow group 'o-p-om2-id-common-001'/'o-p-om2-grp-admi-security-001' to manage repos in compartment o-p-om2-cmp-land-001 where sets-intersect(target.resource.compartment.tag.o-p-om2-tagns-name-001.o-p-om2-tag-role-001, ('o-p-om2-tag-role-security-001'))\",\n                    \"allow group 'o-p-om2-id-common-001'/'o-p-om2-grp-admi-security-001' to read audit-events in compartment o-p-om2-cmp-land-001 where sets-intersect(target.resource.compartment.tag.o-p-om2-tagns-name-001.o-p-om2-tag-role-001, ('o-p-om2-tag-role-security-001'))\",\n                    \"allow group 'o-p-om2-id-common-001'/'o-p-om2-grp-admi-security-001' to read app-catalog-listing in compartment o-p-om2-cmp-land-001 where sets-intersect(target.resource.compartment.tag.o-p-om2-tagns-name-001.o-p-om2-tag-role-001, ('o-p-om2-tag-role-security-001'))\",\n                    \"allow group 'o-p-om2-id-common-001'/'o-p-om2-grp-admi-security-001' to read instance-images in compartment o-p-om2-cmp-land-001 where sets-intersect(target.resource.compartment.tag.o-p-om2-tagns-name-001.o-p-om2-tag-role-001, ('o-p-om2-tag-role-security-001'))\",\n                    \"allow group 'o-p-om2-id-common-001'/'o-p-om2-grp-admi-security-001' to inspect buckets in compartment o-p-om2-cmp-land-001 where sets-intersect(target.resource.compartment.tag.o-p-om2-tagns-name-001.o-p-om2-tag-role-001, ('o-p-om2-tag-role-security-001'))\",\n                    \"allow group 'o-p-om2-id-common-001'/'o-p-om2-grp-admi-security-001' to read all-resources in compartment o-p-om2-cmp-land-001 where sets-intersect(target.resource.compartment.tag.o-p-om2-tagns-name-001.o-p-om2-tag-role-001, ('o-p-om2-tag-role-security-001'))\",\n                    \"allow group 'o-p-om2-id-common-001'/'o-p-om2-grp-admi-security-001' to manage instance-family in compartment o-p-om2-cmp-land-001 where sets-intersect(target.resource.compartment.tag.o-p-om2-tagns-name-001.o-p-om2-tag-role-001, ('o-p-om2-tag-role-security-001'))\",\n                    \"allow group 'o-p-om2-id-common-001'/'o-p-om2-grp-admi-security-001' to manage volume-family in compartment o-p-om2-cmp-land-001 where all{sets-intersect(target.resource.compartment.tag.o-p-om2-tagns-name-001.o-p-om2-tag-role-001, ('o-p-om2-tag-role-security-001')), request.permission != 'VOLUME_BACKUP_DELETE', request.permission != 'VOLUME_DELETE', request.permission != 'BOOT_VOLUME_BACKUP_DELETE'}\",\n                    \"allow group 'o-p-om2-id-common-001'/'o-p-om2-grp-admi-security-001' to manage object-family in compartment o-p-om2-cmp-land-001 where all{sets-intersect(target.resource.compartment.tag.o-p-om2-tagns-name-001.o-p-om2-tag-role-001, ('o-p-om2-tag-role-security-001')), request.permission != 'OBJECT_DELETE', request.permission != 'BUCKET_DELETE'}\",\n                    \"allow group 'o-p-om2-id-common-001'/'o-p-om2-grp-admi-security-001' to manage file-family in compartment o-p-om2-cmp-land-001 where all{sets-intersect(target.resource.compartment.tag.o-p-om2-tagns-name-001.o-p-om2-tag-role-001, ('o-p-om2-tag-role-security-001')), request.permission != 'FILE_SYSTEM_DELETE', request.permission != 'MOUNT_TARGET_DELETE', request.permission != 'EXPORT_SET_DELETE', request.permission != 'FILE_SYSTEM_DELETE_SNAPSHOT', request.permission != 'FILE_SYSTEM_NFSv3_UNEXPORT'}\",\n                    \"allow group 'o-p-om2-id-common-001'/'o-p-om2-grp-admi-security-001' to manage vaults in compartment o-p-om2-cmp-land-001 where sets-intersect(target.resource.compartment.tag.o-p-om2-tagns-name-001.o-p-om2-tag-role-001, ('o-p-om2-tag-role-security-001'))\",\n                    \"allow group 'o-p-om2-id-common-001'/'o-p-om2-grp-admi-security-001' to manage keys in compartment o-p-om2-cmp-land-001 where sets-intersect(target.resource.compartment.tag.o-p-om2-tagns-name-001.o-p-om2-tag-role-001, ('o-p-om2-tag-role-security-001'))\",\n                    \"allow group 'o-p-om2-id-common-001'/'o-p-om2-grp-admi-security-001' to manage secret-family in compartment o-p-om2-cmp-land-001 where sets-intersect(target.resource.compartment.tag.o-p-om2-tagns-name-001.o-p-om2-tag-role-001, ('o-p-om2-tag-role-security-001'))\",\n                    \"allow group 'o-p-om2-id-common-001'/'o-p-om2-grp-admi-security-001' to manage logging-family in compartment o-p-om2-cmp-land-001 where sets-intersect(target.resource.compartment.tag.o-p-om2-tagns-name-001.o-p-om2-tag-role-001, ('o-p-om2-tag-role-security-001'))\",\n                    \"allow group 'o-p-om2-id-common-001'/'o-p-om2-grp-admi-security-001' to manage serviceconnectors in compartment o-p-om2-cmp-land-001 where sets-intersect(target.resource.compartment.tag.o-p-om2-tagns-name-001.o-p-om2-tag-role-001, ('o-p-om2-tag-role-security-001'))\",\n                    \"allow group 'o-p-om2-id-common-001'/'o-p-om2-grp-admi-security-001' to manage streams in compartment o-p-om2-cmp-land-001 where sets-intersect(target.resource.compartment.tag.o-p-om2-tagns-name-001.o-p-om2-tag-role-001, ('o-p-om2-tag-role-security-001'))\",\n                    \"allow group 'o-p-om2-id-common-001'/'o-p-om2-grp-admi-security-001' to manage ons-family in compartment o-p-om2-cmp-land-001 where sets-intersect(target.resource.compartment.tag.o-p-om2-tagns-name-001.o-p-om2-tag-role-001, ('o-p-om2-tag-role-security-001'))\",\n                    \"allow group 'o-p-om2-id-common-001'/'o-p-om2-grp-admi-security-001' to manage functions-family in compartment o-p-om2-cmp-land-001 where sets-intersect(target.resource.compartment.tag.o-p-om2-tagns-name-001.o-p-om2-tag-role-001, ('o-p-om2-tag-role-security-001'))\",\n                    \"allow group 'o-p-om2-id-common-001'/'o-p-om2-grp-admi-security-001' to manage waas-family in compartment o-p-om2-cmp-land-001 where sets-intersect(target.resource.compartment.tag.o-p-om2-tagns-name-001.o-p-om2-tag-role-001, ('o-p-om2-tag-role-security-001'))\",\n                    \"allow group 'o-p-om2-id-common-001'/'o-p-om2-grp-admi-security-001' to manage security-zone in compartment o-p-om2-cmp-land-001 where sets-intersect(target.resource.compartment.tag.o-p-om2-tagns-name-001.o-p-om2-tag-role-001, ('o-p-om2-tag-role-security-001'))\",\n                    \"allow group 'o-p-om2-id-common-001'/'o-p-om2-grp-admi-security-001' to manage orm-stacks in compartment o-p-om2-cmp-land-001 where sets-intersect(target.resource.compartment.tag.o-p-om2-tagns-name-001.o-p-om2-tag-role-001, ('o-p-om2-tag-role-security-001'))\",\n                    \"allow group 'o-p-om2-id-common-001'/'o-p-om2-grp-admi-security-001' to manage orm-jobs in compartment o-p-om2-cmp-land-001 where sets-intersect(target.resource.compartment.tag.o-p-om2-tagns-name-001.o-p-om2-tag-role-001, ('o-p-om2-tag-role-security-001'))\",\n                    \"allow group 'o-p-om2-id-common-001'/'o-p-om2-grp-admi-security-001' to manage orm-config-source-providers in compartment o-p-om2-cmp-land-001 where sets-intersect(target.resource.compartment.tag.o-p-om2-tagns-name-001.o-p-om2-tag-role-001, ('o-p-om2-tag-role-security-001'))\",\n                    \"allow group 'o-p-om2-id-common-001'/'o-p-om2-grp-admi-security-001' to manage vss-family in compartment o-p-om2-cmp-land-001 where sets-intersect(target.resource.compartment.tag.o-p-om2-tagns-name-001.o-p-om2-tag-role-001, ('o-p-om2-tag-role-security-001'))\",\n                    \"allow group 'o-p-om2-id-common-001'/'o-p-om2-grp-admi-security-001' to read work-requests in compartment o-p-om2-cmp-land-001 where sets-intersect(target.resource.compartment.tag.o-p-om2-tagns-name-001.o-p-om2-tag-role-001, ('o-p-om2-tag-role-security-001'))\",\n                    \"allow group 'o-p-om2-id-common-001'/'o-p-om2-grp-admi-security-001' to manage bastion-family in compartment o-p-om2-cmp-land-001 where sets-intersect(target.resource.compartment.tag.o-p-om2-tagns-name-001.o-p-om2-tag-role-001, ('o-p-om2-tag-role-security-001'))\",\n                    \"allow group 'o-p-om2-id-common-001'/'o-p-om2-grp-admi-security-001' to read instance-agent-plugins in compartment o-p-om2-cmp-land-001 where sets-intersect(target.resource.compartment.tag.o-p-om2-tagns-name-001.o-p-om2-tag-role-001, ('o-p-om2-tag-role-security-001'))\",\n                    \"allow group 'o-p-om2-id-common-001'/'o-p-om2-grp-admi-security-001' to manage cloudevents-rules in compartment o-p-om2-cmp-land-001 where sets-intersect(target.resource.compartment.tag.o-p-om2-tagns-name-001.o-p-om2-tag-role-001, ('o-p-om2-tag-role-security-001'))\",\n                    \"allow group 'o-p-om2-id-common-001'/'o-p-om2-grp-admi-security-001' to manage alarms in compartment o-p-om2-cmp-land-001 where sets-intersect(target.resource.compartment.tag.o-p-om2-tagns-name-001.o-p-om2-tag-role-001, ('o-p-om2-tag-role-security-001'))\",\n                    \"allow group 'o-p-om2-id-common-001'/'o-p-om2-grp-admi-security-001' to manage metrics in compartment o-p-om2-cmp-land-001 where sets-intersect(target.resource.compartment.tag.o-p-om2-tagns-name-001.o-p-om2-tag-role-001, ('o-p-om2-tag-role-security-001'))\",\n                    \"allow group 'o-p-om2-id-common-001'/'o-p-om2-grp-admi-security-001' to use key-delegate in compartment o-p-om2-cmp-land-001 where sets-intersect(target.resource.compartment.tag.o-p-om2-tagns-name-001.o-p-om2-tag-role-001, ('o-p-om2-tag-role-security-001'))\",\n                    \"allow group 'o-p-om2-id-common-001'/'o-p-om2-grp-admi-security-001' to read virtual-network-family in compartment o-p-om2-cmp-land-001 where sets-intersect(target.resource.compartment.tag.o-p-om2-tagns-name-001.o-p-om2-tag-role-001, ('o-p-om2-tag-role-network-001'))\",\n                    \"allow group 'o-p-om2-id-common-001'/'o-p-om2-grp-admi-security-001' to use subnets in compartment o-p-om2-cmp-land-001 where sets-intersect(target.resource.compartment.tag.o-p-om2-tagns-name-001.o-p-om2-tag-role-001, ('o-p-om2-tag-role-network-001'))\",\n                    \"allow group 'o-p-om2-id-common-001'/'o-p-om2-grp-admi-security-001' to use network-security-groups in compartment o-p-om2-cmp-land-001 where sets-intersect(target.resource.compartment.tag.o-p-om2-tagns-name-001.o-p-om2-tag-role-001, ('o-p-om2-tag-role-network-001'))\",\n                    \"allow group 'o-p-om2-id-common-001'/'o-p-om2-grp-admi-security-001' to use vnics in compartment o-p-om2-cmp-land-001 where sets-intersect(target.resource.compartment.tag.o-p-om2-tagns-name-001.o-p-om2-tag-role-001, ('o-p-om2-tag-role-network-001'))\",\n                    \"allow group 'o-p-om2-id-common-001'/'o-p-om2-grp-admi-security-001' to manage private-ips in compartment o-p-om2-cmp-land-001 where sets-intersect(target.resource.compartment.tag.o-p-om2-tagns-name-001.o-p-om2-tag-role-001, ('o-p-om2-tag-role-network-001'))\",\n                    \"allow group 'o-p-om2-id-common-001'/'o-p-om2-grp-admi-security-001' to read keys in compartment o-p-om2-cmp-land-001 where sets-intersect(target.resource.compartment.tag.o-p-om2-tagns-name-001.o-p-om2-tag-role-001, ('o-p-om2-tag-role-network-001'))\",\n                    \"allow group 'o-p-om2-id-common-001'/'o-p-om2-grp-admi-security-001' to manage operator-control-family in compartment o-p-om2-cmp-land-001 where sets-intersect(target.resource.compartment.tag.o-p-om2-tagns-name-001.o-p-om2-tag-role-001, ('o-p-om2-tag-role-security-001'))\"\n                ]\n            },\n\n            \"PCY-GLOBALSERV-ADMIN-KEY\": {\n                \"name\"                                         : \"o-p-om2-pcy-globalserv-001\",\n                \"description\"                                  : \"Allow o-p-om2-grp-admi-globresou-001 group users to manage gloabal service, as cloud guard\",\n                \"compartment_id\"                               : \"TENANCY-ROOT\",\n\n                \"statements\": [\n                    \"allow group 'o-p-om2-id-common-001'/'o-p-om2-grp-admi-globalserv-001' to manage cloudevents-rules in tenancy\",\n                    \"allow group 'o-p-om2-id-common-001'/'o-p-om2-grp-admi-globalserv-001' to manage cloud-guard-family in tenancy\",\n                    \"allow group 'o-p-om2-id-common-001'/'o-p-om2-grp-admi-globalserv-001' to read tenancies in tenancy\"\n                ]\n            },\n\n            \"PCY-SERVICES-ADMIN-KEY\": {\n                \"name\"                                         : \"o-p-om2-pcy-srva-001\",\n                \"description\"                                  : \"Policy for all supported services in the tenancy.\",\n                \"compartment_id\"                               : \"TENANCY-ROOT\",\n\n                \"statements\": [\n                    \"allow service cloudguard to manage cloudevents-rules in tenancy where target.rule.type='managed'\",\n                    \"allow service cloudguard to read tenancies in tenancy\",\n                    \"allow service cloudguard to read all-resources in tenancy\",\n                    \"allow service cloudguard to use network-security-groups in tenancy\",\n                    \"allow any-user to { WLP_BOM_READ, WLP_CONFIG_READ } in tenancy where all { request.principal.id = target.agent.id, request.principal.type = 'workloadprotectionagent'}\",\n                    \"endorse any-user to { WLP_LOG_CREATE, WLP_METRICS_CREATE, WLP_ADHOC_QUERY_READ, WLP_ADHOC_RESULTS_CREATE } in any-tenancy where all { request.principal.id = target.agent.id, request.principal.type = 'workloadprotectionagent' }\",\n                    \"allow service vulnerability-scanning-service to manage instances in tenancy\",\n                    \"allow service vulnerability-scanning-service to read compartments in tenancy\",\n                    \"allow service vulnerability-scanning-service to read repos in tenancy\",\n                    \"allow service vulnerability-scanning-service to read vnics in tenancy\",\n                    \"allow service vulnerability-scanning-service to read vnic-attachments in tenancy\",\n                    \"allow service osms to read instances in tenancy\",\n                    \"allow service blockstorage, oke, streaming to use keys in tenancy\"\n                ]\n            },\n\n            \"PCY-LZ-PLATFORM-EXACS-GENERIC-ADMIN-KEY\": {\n                \"name\"                                              : \"o-p-om2-pcy-eadm-001\",\n                \"description\"                                       : \"Policy which allows the groups o-p-om2-grp-admi-infra-001 and o-p-om2-grp-admi-database-001 to have shared privilegies in all exacs compartments\",\n                \"compartment_id\"                                    : \"TENANCY-ROOT\",\n                \"statements\": [\n                    \"allow group 'o-p-om2-id-common-001'/'o-p-om2-grp-admi-infra-001','o-p-om2-id-common-001'/'o-p-om2-grp-admi-database-001' to use cloud-shell in tenancy\",\n                    \"allow group 'o-p-om2-id-common-001'/'o-p-om2-grp-admi-infra-001','o-p-om2-id-common-001'/'o-p-om2-grp-admi-database-001' to read compartments in tenancy\",\n                    \"allow group 'o-p-om2-id-common-001'/'o-p-om2-grp-admi-infra-001','o-p-om2-id-common-001'/'o-p-om2-grp-admi-database-001' to read all-resources in compartment o-p-om2-cmp-land-001 where sets-intersect(target.resource.compartment.tag.o-p-om2-tagns-name-001.o-p-om2-tag-role-001, ('o-p-om2-tag-role-exa-001'))\",\n                    \"allow group 'o-p-om2-id-common-001'/'o-p-om2-grp-admi-infra-001','o-p-om2-id-common-001'/'o-p-om2-grp-admi-database-001' to manage alarms in compartment o-p-om2-cmp-land-001 where sets-intersect(target.resource.compartment.tag.o-p-om2-tagns-name-001.o-p-om2-tag-role-001, ('o-p-om2-tag-role-exa-001'))\",\n                    \"allow group 'o-p-om2-id-common-001'/'o-p-om2-grp-admi-infra-001','o-p-om2-id-common-001'/'o-p-om2-grp-admi-database-001' to manage metrics in compartment o-p-om2-cmp-land-001 where sets-intersect(target.resource.compartment.tag.o-p-om2-tagns-name-001.o-p-om2-tag-role-001, ('o-p-om2-tag-role-exa-001'))\",\n                    \"allow group 'o-p-om2-id-common-001'/'o-p-om2-grp-admi-infra-001','o-p-om2-id-common-001'/'o-p-om2-grp-admi-database-001' to read audit-events in compartment o-p-om2-cmp-land-001 where sets-intersect(target.resource.compartment.tag.o-p-om2-tagns-name-001.o-p-om2-tag-role-001, ('o-p-om2-tag-role-exa-001'))\",\n                    \"allow group 'o-p-om2-id-common-001'/'o-p-om2-grp-admi-infra-001','o-p-om2-id-common-001'/'o-p-om2-grp-admi-database-001' to read work-requests in compartment o-p-om2-cmp-land-001 where sets-intersect(target.resource.compartment.tag.o-p-om2-tagns-name-001.o-p-om2-tag-role-001, ('o-p-om2-tag-role-exa-001'))\",\n                    \"allow group 'o-p-om2-id-common-001'/'o-p-om2-grp-admi-infra-001','o-p-om2-id-common-001'/'o-p-om2-grp-admi-database-001' to manage cloudevents-rules in compartment o-p-om2-cmp-land-001 where sets-intersect(target.resource.compartment.tag.o-p-om2-tagns-name-001.o-p-om2-tag-role-001, ('o-p-om2-tag-role-exa-001'))\",\n                    \"allow group 'o-p-om2-id-common-001'/'o-p-om2-grp-admi-infra-001','o-p-om2-id-common-001'/'o-p-om2-grp-admi-database-001' to manage ons-family in compartment o-p-om2-cmp-land-001 where sets-intersect(target.resource.compartment.tag.o-p-om2-tagns-name-001.o-p-om2-tag-role-001, ('o-p-om2-tag-role-exa-001'))\",\n                    \"allow group 'o-p-om2-id-common-001'/'o-p-om2-grp-admi-infra-001','o-p-om2-id-common-001'/'o-p-om2-grp-admi-database-001' to manage alarms in compartment o-p-om2-cmp-land-001 where sets-intersect(target.resource.compartment.tag.o-p-om2-tagns-name-001.o-p-om2-tag-role-001, ('o-p-om2-tag-role-exa-001'))\",\n                    \"allow group 'o-p-om2-id-common-001'/'o-p-om2-grp-admi-infra-001','o-p-om2-id-common-001'/'o-p-om2-grp-admi-database-001' to manage metrics in compartment o-p-om2-cmp-land-001 where sets-intersect(target.resource.compartment.tag.o-p-om2-tagns-name-001.o-p-om2-tag-role-001, ('o-p-om2-tag-role-exa-001'))\"\n\n                ]\n            },\n\n            \"PCY-LZ-PLATFORM-EXACS-DB-ADMIN-KEY\": {\n                \"name\"                                              : \"o-p-om2-pcy-edb-001\",\n                \"description\"                                       : \"Example policy which allows the o-p-om2-grp-admi-database-001 group users to manage databases in all the environments and projects.\",\n                \"compartment_id\"                                    : \"CMP-LANDINGZONE-KEY\",\n                \"statements\": [\n                    \"allow group 'o-p-om2-id-common-001'/'o-p-om2-grp-admi-database-001' to manage orm-stacks in compartment o-p-om2-cmp-land-001 where sets-intersect(target.resource.compartment.tag.o-p-om2-tagns-name-001.o-p-om2-tag-role-001, ('o-p-om2-tag-role-exadb-001'))\",\n                    \"allow group 'o-p-om2-id-common-001'/'o-p-om2-grp-admi-database-001' to manage orm-jobs in compartment o-p-om2-cmp-land-001 where sets-intersect(target.resource.compartment.tag.o-p-om2-tagns-name-001.o-p-om2-tag-role-001, ('o-p-om2-tag-role-exadb-001'))\",\n                    \"allow group 'o-p-om2-id-common-001'/'o-p-om2-grp-admi-database-001' to manage orm-config-source-providers in compartment o-p-om2-cmp-land-001 where sets-intersect(target.resource.compartment.tag.o-p-om2-tagns-name-001.o-p-om2-tag-role-001, ('o-p-om2-tag-role-exadb-001'))\",\n                    \"allow group 'o-p-om2-id-common-001'/'o-p-om2-grp-admi-database-001' to read audit-events in compartment o-p-om2-cmp-land-001 where sets-intersect(target.resource.compartment.tag.o-p-om2-tagns-name-001.o-p-om2-tag-role-001, ('o-p-om2-tag-role-exadb-001'))\",\n                    \"allow group 'o-p-om2-id-common-001'/'o-p-om2-grp-admi-database-001' to read work-requests in compartment o-p-om2-cmp-land-001 where sets-intersect(target.resource.compartment.tag.o-p-om2-tagns-name-001.o-p-om2-tag-role-001, ('o-p-om2-tag-role-exadb-001'))\",\n                    \"allow group 'o-p-om2-id-common-001'/'o-p-om2-grp-admi-database-001' to manage data-safe-family in compartment o-p-om2-cmp-land-001 where sets-intersect(target.resource.compartment.tag.o-p-om2-tagns-name-001.o-p-om2-tag-role-001, ('o-p-om2-tag-role-exadb-001'))\",\n                    \"allow group 'o-p-om2-id-common-001'/'o-p-om2-grp-admi-database-001' to manage cloudevents-rules in compartment o-p-om2-cmp-land-001 where sets-intersect(target.resource.compartment.tag.o-p-om2-tagns-name-001.o-p-om2-tag-role-001, ('o-p-om2-tag-role-exadb-001'))\",\n                    \"allow group 'o-p-om2-id-common-001'/'o-p-om2-grp-admi-database-001' to use cloud-exadata-infrastructures in compartment o-p-om2-cmp-land-001 where all{sets-intersect(target.resource.compartment.tag.o-p-om2-tagns-name-001.o-p-om2-tag-role-001, ('o-p-om2-tag-role-exadb-001')), request.operation != 'ChangeCloudExadataInfrastructureCompartment', request.operation != 'AddStorageCapacityCloudExadataInfrastructure'}\",\n                    \"allow group 'o-p-om2-id-common-001'/'o-p-om2-grp-admi-database-001' to use cloud-vmclusters in compartment o-p-om2-cmp-land-001 where all{sets-intersect(target.resource.compartment.tag.o-p-om2-tagns-name-001.o-p-om2-tag-role-001, ('o-p-om2-tag-role-exadb-001')), request.permission != 'CLOUD_VM_CLUSTER_UPDATE_SSH_KEY', request.permission != 'CLOUD_VM_CLUSTER_UPDATE_CPU', request.permission != 'CLOUD_VM_CLUSTER_UPDATE_MEMORY', request.permission !='CLOUD_VM_CLUSTER_UPDATE_LOCAL_STORAGE', request.permission != 'CLOUD_VM_CLUSTER_UPDATE_FILE_SYSTEM'}\",\n                    \"allow group 'o-p-om2-id-common-001'/'o-p-om2-grp-admi-database-001' to manage backups in compartment o-p-om2-cmp-land-001 where sets-intersect(target.resource.compartment.tag.o-p-om2-tagns-name-001.o-p-om2-tag-role-001, ('o-p-om2-tag-role-exadb-001'))\",\n                    \"allow group 'o-p-om2-id-common-001'/'o-p-om2-grp-admi-database-001' to manage database-software-image in compartment o-p-om2-cmp-land-001 where sets-intersect(target.resource.compartment.tag.o-p-om2-tagns-name-001.o-p-om2-tag-role-001, ('o-p-om2-tag-role-exadb-001'))\",\n                    \"allow group 'o-p-om2-id-common-001'/'o-p-om2-grp-admi-database-001' to manage db-homes in compartment o-p-om2-cmp-land-001 where sets-intersect(target.resource.compartment.tag.o-p-om2-tagns-name-001.o-p-om2-tag-role-001, ('o-p-om2-tag-role-exadb-001'))\",\n                    \"allow group 'o-p-om2-id-common-001'/'o-p-om2-grp-admi-database-001' to manage databases in compartment o-p-om2-cmp-land-001 where sets-intersect(target.resource.compartment.tag.o-p-om2-tagns-name-001.o-p-om2-tag-role-001, ('o-p-om2-tag-role-exadb-001'))\",\n                    \"allow group 'o-p-om2-id-common-001'/'o-p-om2-grp-admi-database-001' to manage pluggable-databases in compartment o-p-om2-cmp-land-001 where sets-intersect(target.resource.compartment.tag.o-p-om2-tagns-name-001.o-p-om2-tag-role-001, ('o-p-om2-tag-role-exadb-001'))\",\n                    \"allow group 'o-p-om2-id-common-001'/'o-p-om2-grp-admi-database-001' to manage autonomous-databases in compartment o-p-om2-cmp-land-001 where sets-intersect(target.resource.compartment.tag.o-p-om2-tagns-name-001.o-p-om2-tag-role-001, ('o-p-om2-tag-role-exadb-001'))\",\n                    \"allow group 'o-p-om2-id-common-001'/'o-p-om2-grp-admi-database-001' to manage autonomous-backups in compartment o-p-om2-cmp-land-001 where sets-intersect(target.resource.compartment.tag.o-p-om2-tagns-name-001.o-p-om2-tag-role-001, ('o-p-om2-tag-role-exadb-001'))\",\n                    \"allow group 'o-p-om2-id-common-001'/'o-p-om2-grp-admi-database-001' to manage autonomous-container-databases in compartment o-p-om2-cmp-land-001 where sets-intersect(target.resource.compartment.tag.o-p-om2-tagns-name-001.o-p-om2-tag-role-001, ('o-p-om2-tag-role-exadb-001'))\",\n                    \"allow group 'o-p-om2-id-common-001'/'o-p-om2-grp-admi-database-001' to read virtual-network-family in compartment o-p-om2-cmp-land-001 where sets-intersect(target.resource.compartment.tag.o-p-om2-tagns-name-001.o-p-om2-tag-role-001, ('o-p-om2-tag-role-network-001'))\"\n                ]\n            },\n            \n            \"PCY-LZ-PLATFORM-EXACS-INFRA-ADMIN-KEY\": {\n                \"name\"                                          : \"o-p-om2-pcy-einf-001\",\n                \"description\"                                   : \"Example policy which allows the o-p-om2-grp-admi-infra-001 group users to manage the DB infra in all the environments and projects.\",\n                \"compartment_id\"                                : \"CMP-LANDINGZONE-KEY\",\n                \"statements\": [\n                    \"allow group 'o-p-om2-id-common-001'/'o-p-om2-grp-admi-infra-001' to manage cloud-exadata-infrastructures in compartment o-p-om2-cmp-land-001 where sets-intersect(target.resource.compartment.tag.o-p-om2-tagns-name-001.o-p-om2-tag-role-001, ('o-p-om2-tag-role-exainfra-001'))\",\n                    \"allow group 'o-p-om2-id-common-001'/'o-p-om2-grp-admi-infra-001' to manage scheduling-policies in compartment o-p-om2-cmp-land-001 where sets-intersect(target.resource.compartment.tag.o-p-om2-tagns-name-001.o-p-om2-tag-role-001, ('o-p-om2-tag-role-exainfra-001'))\",\n                    \"allow group 'o-p-om2-id-common-001'/'o-p-om2-grp-admi-infra-001' to manage scheduling-windows in compartment o-p-om2-cmp-land-001 where sets-intersect(target.resource.compartment.tag.o-p-om2-tagns-name-001.o-p-om2-tag-role-001, ('o-p-om2-tag-role-exainfra-001'))\",\n                    \"allow group 'o-p-om2-id-common-001'/'o-p-om2-grp-admi-infra-001' to manage execution-windows in compartment o-p-om2-cmp-land-001 where sets-intersect(target.resource.compartment.tag.o-p-om2-tagns-name-001.o-p-om2-tag-role-001, ('o-p-om2-tag-role-exainfra-001'))\",\n                    \"allow group 'o-p-om2-id-common-001'/'o-p-om2-grp-admi-infra-001' to manage orm-stacks in compartment o-p-om2-cmp-land-001 where sets-intersect(target.resource.compartment.tag.o-p-om2-tagns-name-001.o-p-om2-tag-role-001, ('o-p-om2-tag-role-exainfra-001'))\",\n                    \"allow group 'o-p-om2-id-common-001'/'o-p-om2-grp-admi-infra-001' to manage orm-jobs in compartment o-p-om2-cmp-land-001 where sets-intersect(target.resource.compartment.tag.o-p-om2-tagns-name-001.o-p-om2-tag-role-001, ('o-p-om2-tag-role-exainfra-001'))\",\n                    \"allow group 'o-p-om2-id-common-001'/'o-p-om2-grp-admi-infra-001' to manage orm-config-source-providers in compartment o-p-om2-cmp-land-001 where sets-intersect(target.resource.compartment.tag.o-p-om2-tagns-name-001.o-p-om2-tag-role-001, ('o-p-om2-tag-role-exainfra-001'))\",\n                    \"allow group 'o-p-om2-id-common-001'/'o-p-om2-grp-admi-infra-001' to read audit-events in compartment o-p-om2-cmp-land-001 where sets-intersect(target.resource.compartment.tag.o-p-om2-tagns-name-001.o-p-om2-tag-role-001, ('o-p-om2-tag-role-exainfra-001'))\",\n                    \"allow group 'o-p-om2-id-common-001'/'o-p-om2-grp-admi-infra-001' to read work-requests in compartment o-p-om2-cmp-land-001 where sets-intersect(target.resource.compartment.tag.o-p-om2-tagns-name-001.o-p-om2-tag-role-001, ('o-p-om2-tag-role-exainfra-001'))\",\n                    \"allow group 'o-p-om2-id-common-001'/'o-p-om2-grp-admi-infra-001' to manage cloudevents-rules in compartment o-p-om2-cmp-land-001 where sets-intersect(target.resource.compartment.tag.o-p-om2-tagns-name-001.o-p-om2-tag-role-001, ('o-p-om2-tag-role-exainfra-001'))\",\n                    \"allow group 'o-p-om2-id-common-001'/'o-p-om2-grp-admi-infra-001' to manage cloud-vmclusters in compartment o-p-om2-cmp-land-001 where all{sets-intersect(target.resource.compartment.tag.o-p-om2-tagns-name-001.o-p-om2-tag-role-001, ('o-p-om2-tag-role-exainfra-001')), request.permission != 'CLOUD_VM_CLUSTER_UPDATE_GI_SOFTWARE', request.permission != 'CLOUD_VM_CLUSTER_UPDATE_EXADATA_STORAGE'}\",\n                    \"allow group 'o-p-om2-id-common-001'/'o-p-om2-grp-admi-infra-001' to use dbServers in compartment o-p-om2-cmp-land-001 where sets-intersect(target.resource.compartment.tag.o-p-om2-tagns-name-001.o-p-om2-tag-role-001, ('o-p-om2-tag-role-exainfra-001'))\",\n                    \"allow group 'o-p-om2-id-common-001'/'o-p-om2-grp-admi-infra-001' to manage dbnode-console-connection in compartment o-p-om2-cmp-land-001 where sets-intersect(target.resource.compartment.tag.o-p-om2-tagns-name-001.o-p-om2-tag-role-001, ('o-p-om2-tag-role-exainfra-001'))\",\n                    \"allow group 'o-p-om2-id-common-001'/'o-p-om2-grp-admi-infra-001' to manage dbnode-console-history in compartment o-p-om2-cmp-land-001 where sets-intersect(target.resource.compartment.tag.o-p-om2-tagns-name-001.o-p-om2-tag-role-001, ('o-p-om2-tag-role-exainfra-001'))\",\n                    \"allow group 'o-p-om2-id-common-001'/'o-p-om2-grp-admi-infra-001' to manage cloud-autonomous-vmclusters in compartment o-p-om2-cmp-land-001 where sets-intersect(target.resource.compartment.tag.o-p-om2-tagns-name-001.o-p-om2-tag-role-001, ('o-p-om2-tag-role-exainfra-001'))\",\n                    \"allow group 'o-p-om2-id-common-001'/'o-p-om2-grp-admi-infra-001' to use subnets in compartment o-p-om2-cmp-land-001  where sets-intersect(target.resource.compartment.tag.o-p-om2-tagns-name-001.o-p-om2-tag-role-001, ('o-p-om2-tag-role-network-001'))\",\n                    \"allow group 'o-p-om2-id-common-001'/'o-p-om2-grp-admi-infra-001' to use vnics in compartment o-p-om2-cmp-land-001 where sets-intersect(target.resource.compartment.tag.o-p-om2-tagns-name-001.o-p-om2-tag-role-001, ('o-p-om2-tag-role-network-001'))\",\n                    \"allow group 'o-p-om2-id-common-001'/'o-p-om2-grp-admi-infra-001' to manage db-nodes in compartment o-p-om2-cmp-land-001 where sets-intersect(target.resource.compartment.tag.o-p-om2-tagns-name-001.o-p-om2-tag-role-001, ('o-p-om2-tag-role-exainfra-001'))\",\n                    \"allow group 'o-p-om2-id-common-001'/'o-p-om2-grp-admi-infra-001' to use database-software-images in compartment o-p-om2-cmp-land-001 where sets-intersect(target.resource.compartment.tag.o-p-om2-tagns-name-001.o-p-om2-tag-role-001, ('o-p-om2-tag-role-network-001'))\"\n                ]\n            }\n        }\n    }\n}\n",
            "content_disposition": null,
            "content_encoding": null,
            "content_language": null,
            "content_length": "60364",
            "content_length_limit": 1048576,
            "content_md5": "4uKt0iUF4kl8jR6bR8nUBg==",
            "content_type": "application/json",
            "http_response_cache_control": null,
            "http_response_content_disposition": null,
            "http_response_content_encoding": null,
            "http_response_content_language": null,
            "http_response_content_type": null,
            "http_response_expires": null,
            "id": "ObjectStorageObjectDataSource-2181577607",
            "metadata": {},
            "namespace": "axbfcjqpx8cc",
            "object": "giss_iam_v3.2.json",
            "storage_tier": "Standard",
            "version_id": "e2c22374-426f-4ea6-a722-41ab561f4962"
          },
          "sensitive_attributes": []
        },
        {
          "index_key": 2,
          "schema_version": 0,
          "attributes": {
            "base64_encode_content": false,
            "bucket": "bucket-lz-20260227",
            "cache_control": null,
            "content": "{\n    \"network_configuration\": {\n        \"default_compartment_id\"                                          : \"CMP-LZ-NETWORK-KEY\",\n        \"default_enable_cis_checks\"                                       : false,\n\n        \"network_configuration_categories\": {\n            \"0-shared\": {\n                \"category_compartment_id\"                                 : \"CMP-LZ-NETWORK-KEY\",\n\n                \"vcns\": {\n                    \"VCN-VLL-LZ-HUB-KEY\": {\n                        \"display_name\"                                    : \"o-p-om2-vcn-hub-001\",\n                        \"cidr_blocks\"                                     : [\"10.0.0.0/21\"],\n                        \"dns_label\"                                       : \"opom2vcnhub\",\n                        \"block_nat_traffic\"                               : false,\n                        \"is_attach_drg\"                                   : false,\n                        \"is_create_igw\"                                   : false,\n                        \"is_ipv6enabled\"                                  : false,\n                        \"is_oracle_gua_allocation_enabled\"                : false,\n\n                        \"subnets\": {\n              \n                            \"SN-VLL-LZ-HUB-FW-KEY\": {\n                                \"display_name\"                            : \"o-p-om2-sub-hubfw-001\",\n                                \"cidr_block\"                              : \"10.0.1.0/24\",\n                                \"dns_label\"                               : \"opom2snhubfw\",\n                                \"dhcp_options_key\"                        : \"default_dhcp_options\",\n                                \"prohibit_internet_ingress\"               : true,\n                                \"prohibit_public_ip_on_vnic\"              : true,\n                                \"route_table_key\"                         : \"RT-VLL-LZ-HUB-FW-KEY\",\n                                \"security_list_keys\"                      : [\"SL-VLL-LZ-HUB-FW-KEY\"]\n                            },\n\n                            \"SN-VLL-LZ-HUB-MGMT-KEY\": {\n                                \"display_name\"                            : \"o-p-om2-sub-hubmgmt-001\",\n                                \"cidr_block\"                              : \"10.0.2.0/24\",\n                                \"dns_label\"                               : \"opom2snhubmgmt\",\n                                \"dhcp_options_key\"                        : \"default_dhcp_options\",\n                                \"prohibit_internet_ingress\"               : true,\n                                \"prohibit_public_ip_on_vnic\"              : true,\n                                \"route_table_key\"                         : \"RT-VLL-LZ-HUB-MGMT-KEY\",\n                                \"security_list_keys\"                      : [\"SL-VLL-LZ-HUB-MGMT-KEY\"]\n                            },\n\n                            \"SN-VLL-LZ-HUB-MON-KEY\": {\n                                \"display_name\"                            : \"o-p-om2-sub-hubmon-001\",\n                                \"cidr_block\"                              : \"10.0.3.0/24\",\n                                \"dns_label\"                               : \"opom2snhubmm\",\n                                \"dhcp_options_key\"                        : \"default_dhcp_options\",\n                                \"prohibit_internet_ingress\"               : true,\n                                \"prohibit_public_ip_on_vnic\"              : true,\n                                \"route_table_key\"                         : \"RT-VLL-LZ-HUB-MGMT-KEY\",\n                                \"security_list_keys\"                      : [\"SL-VLL-LZ-HUB-MGMT-KEY\"]\n                            },\n\n                            \"SN-VLL-LZ-HUB-DNS\": {\n                                \"display_name\"                            : \"o-p-om2-sub-hubdns-001\",\n                                \"cidr_block\"                              : \"10.0.4.0/24\",\n                                \"dns_label\"                               : \"opom2snhubdns\",\n                                \"dhcp_options_key\"                        : \"default_dhcp_options\",\n                                \"prohibit_internet_ingress\"               : true,\n                                \"prohibit_public_ip_on_vnic\"              : true,\n                                \"route_table_key\"                         : \"RT-VLL-LZ-HUB-MGMT-KEY\",\n                                \"security_list_keys\"                      : [\"SL-VLL-LZ-HUB-MGMT-KEY\"]\n                            }\n                        },\n\n                        \"route_tables\": {\n                            \"RT-VLL-LZ-HUB-INGRESS-KEY\": {\n                                \"display_name\"                            : \"o-p-om2-rtb-hubingress-001\",\n                                \"route_rules\"                             : {}\n                            },\n\n                            \"RT-VLL-LZ-HUB-FW-KEY\": {\n                                \"display_name\"                            : \"o-p-om2-rtb-hubfw-001\",\n\n                                \"route_rules\": {\n                                    \"rt-natgw\": {\n                                        \"description\"                     : \"Route to Internet through NAT GW\",\n                                        \"destination\"                     : \"0.0.0.0/0\",\n                                        \"destination_type\"                : \"CIDR_BLOCK\",\n                                        \"network_entity_key\"              : \"NGW-VLL-LZ-HUB-KEY\"\n                                    }\n                                }\n                            },\n\n                            \"RT-VLL-LZ-HUB-NATGW-KEY\": {\n                                \"display_name\"                            : \"o-p-om2-rtb-hubnatgw-001\",\n                                \"route_rules\"                             : {}\n                            },\n\n                            \"RT-VLL-LZ-HUB-MGMT-KEY\": {\n                                \"display_name\"                            : \"o-p-om2-rtb-hubmgmt-001\",\n\n                                \"route_rules\": {\n                                    \"rt-sgw\": {\n                                        \"description\"                     : \"Route to Oracle Services Network through Service GW\",\n                                        \"destination\"                     : \"all-services\",\n                                        \"destination_type\"                : \"SERVICE_CIDR_BLOCK\",\n                                        \"network_entity_key\"              : \"SGW-VLL-LZ-HUB-KEY\"\n                                    }\n                                }\n                            }\n                        },\n\n                        \"default_security_list\": {\n                            \"egress_rules\"                                : [],\n                            \"ingress_rules\"                               : []\n                        },\n\n                        \"security_lists\": {\n             \n                            \"SL-VLL-LZ-HUB-FW-KEY\": {\n                                \"display_name\"                            : \"o-p-om2-sl-hubfw-001\",\n                                \"egress_rules\"                            : [],\n\n                                \"ingress_rules\": [\n                                    {\n                                        \"description\"                     : \"ICMP type 3 code 4\",\n                                        \"src\"                             : \"0.0.0.0/0\",\n                                        \"src_type\"                        : \"CIDR_BLOCK\",\n                                        \"protocol\"                        : \"ICMP\",\n                                        \"icmp_type\"                       : 3,\n                                        \"icmp_code\"                       : 4,\n                                        \"stateless\"                       : false\n                                    },\n                                    {\n                                        \"description\"                     : \"ICMP type 3\",\n                                        \"src\"                             : \"10.0.0.0/21\",\n                                        \"src_type\"                        : \"CIDR_BLOCK\",\n                                        \"protocol\"                        : \"ICMP\",\n                                        \"icmp_type\"                       : 3,\n                                        \"stateless\"                       : false\n                                    },\n                                    {\n                                        \"description\"                     : \"ICMP type 8 (Echo)\",\n                                        \"src\"                             : \"10.0.0.0/21\",\n                                        \"src_type\"                        : \"CIDR_BLOCK\",\n                                        \"protocol\"                        : \"ICMP\",\n                                        \"icmp_type\"                       : 8,\n                                        \"icmp_code\"                       : 0,\n                                        \"stateless\"                       : false\n                                    }\n                                ]\n                            },\n\n                            \"SL-VLL-LZ-HUB-MGMT-KEY\": {\n                                \"display_name\"                            : \"o-p-om2-sl-hubmgmt-001\",\n\n                                \"egress_rules\": [\n                                    {\n                                        \"description\"                     : \"Allow all outbound traffic to 0.0.0.0/0 over all protocols\",\n                                        \"dst\"                             : \"0.0.0.0/0\",\n                                        \"dst_type\"                        : \"CIDR_BLOCK\",\n                                        \"protocol\"                        : \"ALL\",\n                                        \"stateless\"                       : false\n                                    }\n                                ],\n\n                                \"ingress_rules\": [\n                                    {\n                                        \"description\"                     : \"ICMP type 3 code 4\",\n                                        \"src\"                             : \"0.0.0.0/0\",\n                                        \"src_type\"                        : \"CIDR_BLOCK\",\n                                        \"protocol\"                        : \"ICMP\",\n                                        \"icmp_type\"                       : 3,\n                                        \"icmp_code\"                       : 4,\n                                        \"stateless\"                       : false\n                                    },\n                                    {\n                                        \"description\"                     : \"ICMP type 3\",\n                                        \"src\"                             : \"10.0.0.0/21\",\n                                        \"src_type\"                        : \"CIDR_BLOCK\",\n                                        \"protocol\"                        : \"ICMP\",\n                                        \"icmp_type\"                       : 3,\n                                        \"stateless\"                       : false\n                                    },\n                                    {\n                                        \"description\"                     : \"ICMP type 8 (Echo)\",\n                                        \"src\"                             : \"10.0.0.0/21\",\n                                        \"src_type\"                        : \"CIDR_BLOCK\",\n                                        \"protocol\"                        : \"ICMP\",\n                                        \"icmp_type\"                       : 8,\n                                        \"icmp_code\"                       : 0,\n                                        \"stateless\"                       : false\n                                    },\n                                    {\n                                        \"description\"                     : \"EXAMPLE: Allow inbound traffic from the Bastion Service private endpoint IP address\",\n                                        \"src\"                             : \"10.0.2.123/32\",\n                                        \"src_type\"                        : \"CIDR_BLOCK\",\n                                        \"dst_port_max\"                    : 22,\n                                        \"dst_port_min\"                    : 22,\n                                        \"protocol\"                        : \"TCP\",\n                                        \"stateless\"                       : false\n                                    }\n                                ]\n                            }\n                        },\n\n                        \"network_security_groups\": {\n                            \"NSG-VLL-LZ-HUB-LB-KEY\": {\n                                \"display_name\"                            : \"o-p-om2-nsg-hublb-001\",\n\n                                \"egress_rules\": {\n                                    \"anywhere\": {\n                                        \"description\"                     : \"Allow all outbound traffic to 0.0.0.0/0 over all protocols\",\n                                        \"dst\"                             : \"0.0.0.0/0\",\n                                        \"dst_type\"                        : \"CIDR_BLOCK\",\n                                        \"protocol\"                        : \"TCP\",\n                                        \"stateless\"                       : false\n                                    }\n                                },\n\n                                \"ingress_rules\": {\n                                    \"http_80\": {\n                                        \"description\"                     : \"Allow inbound traffic from 0.0.0.0/0 over HTTP\",\n                                        \"src\"                             : \"0.0.0.0/0\",\n                                        \"src_type\"                        : \"CIDR_BLOCK\",\n                                        \"dst_port_max\"                    : 80,\n                                        \"dst_port_min\"                    : 80,\n                                        \"protocol\"                        : \"TCP\",\n                                        \"stateless\"                       : false\n                                    },\n\n                                    \"http_443\": {\n                                        \"description\"                     : \"Allow inbound traffic from 0.0.0.0/0 over HTTPS\",\n                                        \"src\"                             : \"0.0.0.0/0\",\n                                        \"src_type\"                        : \"CIDR_BLOCK\",\n                                        \"dst_port_max\"                    : 443,\n                                        \"dst_port_min\"                    : 443,\n                                        \"protocol\"                        : \"TCP\",\n                                        \"stateless\"                       : false\n                                    }\n                                }\n                            },\n\n                            \"NSG-VLL-LZ-HUB-FW-KEY\": {\n                                \"display_name\"                            : \"o-p-om2-nsg-hubfw-001\",\n\n                                \"egress_rules\": {\n                                    \"to_lb\": {\n                                        \"description\"                     : \"Allow all outbound traffic to LB subnet over all protocols\",\n                                        \"dst\"                             : \"10.0.0.0/24\",\n                                        \"dst_type\"                        : \"CIDR_BLOCK\",\n                                        \"protocol\"                        : \"ALL\",\n                                        \"stateless\"                       : true\n                                    },\n\n                                    \"anywhere\": {\n                                        \"description\"                     : \"Allow all outbound traffic to 0.0.0.0/0 over all protocols\",\n                                        \"dst\"                             : \"0.0.0.0/0\",\n                                        \"dst_type\"                        : \"CIDR_BLOCK\",\n                                        \"protocol\"                        : \"ALL\",\n                                        \"stateless\"                       : false\n                                    }\n                                },\n\n                                \"ingress_rules\": {\n                                    \"from_lb\": {\n                                        \"description\"                     : \"Allow inbound traffic from Hub LB subnet over all protocols\",\n                                        \"src\"                             : \"10.0.0.0/24\",\n                                        \"src_type\"                        : \"CIDR_BLOCK\",\n                                        \"protocol\"                        : \"ALL\",\n                                        \"stateless\"                       : true\n                                    }\n                                }\n                            }\n                        },\n\n                        \"vcn_specific_gateways\": {\n                        \n                            \"nat_gateways\": {\n                                \"NGW-VLL-LZ-HUB-KEY\": {\n                                    \"display_name\"                        : \"o-p-om2-ngw-hub-001\",\n                                    \"route_table_key\"                     : \"RT-VLL-LZ-HUB-NATGW-KEY\"\n                                }\n                            },\n\n                            \"service_gateways\": {\n                                \"SGW-VLL-LZ-HUB-KEY\": {\n                                    \"display_name\"                        : \"o-p-om2-sgw-hub-001\",\n                                    \"services\"                            : \"all-services\"\n                                }\n                            }\n                        }\n                    }\n                },\n\n                \"non_vcn_specific_gateways\": {\n                    \"dynamic_routing_gateways\": {\n                        \"DRG-VLL-LZ-HUB-KEY\": {\n                            \"display_name\"                                : \"o-p-om2-drg-hub-001\",\n\n                            \"drg_attachments\": {\n                                \"DRGATT-VLL-LZ-HUB-VCN-KEY\": {\n                                    \"display_name\"                        : \"o-p-om2-drgatt-hub-001\",\n                                    \"drg_route_table_key\"                 : \"DRGRT-VLL-LZ-HUB-KEY\",\n\n                                    \"network_details\": {\n                                        \"attached_resource_key\"           : \"VCN-VLL-LZ-HUB-KEY\",\n                                        \"type\"                            : \"VCN\",\n                                        \"route_table_key\"                 : \"RT-VLL-LZ-HUB-INGRESS-KEY\"\n                                    }\n                                },\n\n                                \"DRGATT-VLL-LZ-EXACS-PRO-VCN-KEY\": {\n                                    \"display_name\"                        : \"o-p-om2-drgatt-exap-001\",\n                                    \"network_details\": {\n                                        \"attached_resource_key\"           : \"VCN-VLL-LZ-EXACS-PRO-KEY\",\n                                        \"type\"                            : \"VCN\"\n                                                        }\n                                },\n\n                                \"DRGATT-VLL-LZ-EXACS-NPR-VCN-KEY\": {\n                                    \"display_name\"                        : \"o-p-om2-drgatt-exad-001\",\n                                    \"network_details\": {\n                                        \"attached_resource_key\"           : \"VCN-VLL-LZ-EXACS-NPR-KEY\",\n                                        \"type\"                            : \"VCN\"\n                                                        }\n                                }\n                    \n                            },\n\n                            \"drg_route_distributions\": {\n                                \"DRGRD-VLL-LZ-HUB-KEY\": {\n                                    \"display_name\"                        : \"o-p-om2-drgrd-hub-001\",\n                                    \"distribution_type\"                   : \"IMPORT\",\n                                    \"statements\"                          : {}\n                                }\n                            },\n\n                            \"drg_route_tables\": {\n                                \"DRGRT-VLL-LZ-HUB-KEY\": {\n                                    \"display_name\"                        : \"o-p-om2-drgrt-hub-001b\",\n                                    \"import_drg_route_distribution_key\"   : \"DRGRD-VLL-LZ-HUB-KEY\",\n                                    \"is_ecmp_enabled\"                     : false,\n                                    \"route_rules\"                         : {}\n                                },\n\n                                \"DRGRT-VLL-LZ-SPOKES-KEY\": {\n                                    \"display_name\"                        : \"o-p-om2-drgrt-spokes-001\",\n                                    \"is_ecmp_enabled\"                     : false,\n\n                                    \"route_rules\": {\n                                        \"DRGRT-VLL-LZ-SPOKES-STATIC-ROUTE\": {\n                                            \"destination\"                 : \"0.0.0.0/0\",\n                                            \"destination_type\"            : \"CIDR_BLOCK\",\n                                            \"next_hop_drg_attachment_key\" : \"DRGATT-VLL-LZ-HUB-VCN-KEY\"\n                                        }\n                                    }\n                                }\n                            }\n                        }\n                    }\n                }\n            },\n\n            \"1-shared-exacs-pro\": {\n                \"category_compartment_id\"                                 : \"CMP-LZ-NETWORK-KEY\",\n\n                \"vcns\": {\n                    \"VCN-VLL-LZ-EXACS-PRO-KEY\": {\n                        \"display_name\"                                    : \"o-p-om2-vcn-exacspro-001\",\n                        \"cidr_blocks\"                                     : [\"10.197.132.0/23\"],\n                        \"dns_label\"                                       : \"opom2vcnexacpro\",\n                        \"block_nat_traffic\"                               : false,\n                        \"is_attach_drg\"                                   : false,\n                        \"is_create_igw\"                                   : false,\n                        \"is_ipv6enabled\"                                  : false,\n                        \"is_oracle_gua_allocation_enabled\"                : false,\n\n                        \"subnets\": {\n                            \"SN-VLL-LZ-EXACS-PRO-CLIENT-KEY\": {\n                                \"display_name\"                            : \"o-p-om2-sub-exacsprocli-001\",\n                                \"cidr_block\"                              : \"10.197.132.0/27\",\n                                \"dns_label\"                               : \"opom2subexapcli\",\n                                \"dhcp_options_key\"                        : \"default_dhcp_options\",\n                                \"prohibit_internet_ingress\"               : true,\n                                \"prohibit_public_ip_on_vnic\"              : true,\n                                \"route_table_key\"                         : \"RT-VLL-LZ-EXACS-PRO-CLIENT-KEY\",\n                                \"security_list_keys\"                      : [\"SL-VLL-LZ-EXACS-PRO-CLIENT-KEY\"]\n                            },\n                            \"SN-VLL-LZ-EXACS-PRO-BACKUP-KEY\": {\n                                \"display_name\"                            : \"o-p-om2-sub-exacsprobck-001\",\n                                \"cidr_block\"                              : \"10.197.132.32/27\",\n                                \"dns_label\"                               : \"opom2subexapbck\",\n                                \"dhcp_options_key\"                        : \"default_dhcp_options\",\n                                \"prohibit_internet_ingress\"               : true,\n                                \"prohibit_public_ip_on_vnic\"              : true,\n                                \"route_table_key\"                         : \"RT-VLL-LZ-EXACS-PRO-BACKUP-KEY\",\n                                \"security_list_keys\"                      : [\"SL-VLL-LZ-EXACS-PRO-BACKUP-KEY\"]\n                            }\n\n                        },\n\n                        \"route_tables\": {\n\n                            \"RT-VLL-LZ-EXACS-PRO-CLIENT-KEY\": {\n                                \"display_name\"                            : \"o-p-om2-rtb-exacs-procli-001\",\n                                \"route_rules\"                             : {\n                                    \"drg_route\": {\n                                        \"description\"                     : \"Route to the 0.0.0.0/0 through DRG\",\n                                        \"destination\"                     : \"0.0.0.0/0\",\n                                        \"destination_type\"                : \"CIDR_BLOCK\",\n                                        \"network_entity_key\"              : \"DRG-VLL-LZ-HUB-KEY\"\n                                    },\n\n                                    \"sgw_route\": {\n                                        \"description\"                     : \"Route to Oracle Services Network through Service GW\",\n                                        \"destination\"                     : \"all-services\",\n                                        \"destination_type\"                : \"SERVICE_CIDR_BLOCK\",\n                                        \"network_entity_key\"              : \"SGW-VLL-LZ-EXACS-PRO-KEY\"\n                                    }\n                                }\n                            },\n                            \"RT-VLL-LZ-EXACS-PRO-BACKUP-KEY\": {\n                                \"display_name\"                            : \"o-p-om2-rtb-exacs-procbck-001\",\n                                    \"route_rules\"                         : {\n                                    \"drg_route\": {\n                                        \"description\"                     : \"Route to the 0.0.0.0/0 through DRG\",\n                                        \"destination\"                     : \"0.0.0.0/0\",\n                                        \"destination_type\"                : \"CIDR_BLOCK\",\n                                        \"network_entity_key\"              : \"DRG-VLL-LZ-HUB-KEY\"\n                                    },\n\n                                    \"sgw_route\": {\n                                        \"description\"                     : \"Route to Oracle Services Network through Service GW\",\n                                        \"destination\"                     : \"all-services\",\n                                        \"destination_type\"                : \"SERVICE_CIDR_BLOCK\",\n                                        \"network_entity_key\"              : \"SGW-VLL-LZ-EXACS-PRO-KEY\"\n                                    }\n                                }\n                            }\n                        },\n\n                        \"default_security_list\": {\n                            \"egress_rules\"                                : [],\n                            \"ingress_rules\"                               : []\n                        },\n\n                        \"security_lists\": {\n                        \n                            \"SL-VLL-LZ-EXACS-PRO-CLIENT-KEY\": {\n                                \"display_name\"                            : \"o-p-om2-sl-exacs-procli-001\",\n\n                                \"egress_rules\": [\n                                    {\n                                        \"description\"                     : \"Allow all outbound traffic to 0.0.0.0/0 over all protocols\",\n                                        \"dst\"                             : \"0.0.0.0/0\",\n                                        \"dst_type\"                        : \"CIDR_BLOCK\",\n                                        \"protocol\"                        : \"ALL\",\n                                        \"stateless\"                       : false\n                                    }\n                                ],\n\n                                \"ingress_rules\": [\n                                    {\n                                        \"description\"                     : \"ICMP type 3 code 4\",\n                                        \"src\"                             : \"0.0.0.0/0\",\n                                        \"src_type\"                        : \"CIDR_BLOCK\",\n                                        \"protocol\"                        : \"ICMP\",\n                                        \"icmp_type\"                       : 3,\n                                        \"icmp_code\"                       : 4,\n                                        \"stateless\"                       : false\n                                    },\n                                    {\n                                        \"description\"                     : \"ICMP type 3\",\n                                        \"src\"                             : \"10.0.0.0/21\",\n                                        \"src_type\"                        : \"CIDR_BLOCK\",\n                                        \"protocol\"                        : \"ICMP\",\n                                        \"icmp_type\"                       : 3,\n                                        \"stateless\"                       : false\n                                    },\n                                    {\n                                        \"description\"                     : \"ICMP type 8 (Echo)\",\n                                        \"src\"                             : \"10.0.0.0/21\",\n                                        \"src_type\"                        : \"CIDR_BLOCK\",\n                                        \"protocol\"                        : \"ICMP\",\n                                        \"icmp_type\"                       : 8,\n                                        \"icmp_code\"                       : 0,\n                                        \"stateless\"                       : false\n                                    }\n                                ]\n                            },\n                            \"SL-VLL-LZ-EXACS-PRO-BACKUP-KEY\": {\n                                \"display_name\"                            : \"o-p-om2-sl-exacs-probkc-001\",\n\n                                \"egress_rules\": [\n                                    {\n                                        \"description\"                     : \"Allow all outbound traffic to 0.0.0.0/0 over all protocols\",\n                                        \"dst\"                             : \"0.0.0.0/0\",\n                                        \"dst_type\"                        : \"CIDR_BLOCK\",\n                                        \"protocol\"                        : \"ALL\",\n                                        \"stateless\"                       : false\n                                    }\n                                ],\n\n                                \"ingress_rules\": [\n                                    {\n                                        \"description\"                     : \"ICMP type 3 code 4\",\n                                        \"src\"                             : \"0.0.0.0/0\",\n                                        \"src_type\"                        : \"CIDR_BLOCK\",\n                                        \"protocol\"                        : \"ICMP\",\n                                        \"icmp_type\"                       : 3,\n                                        \"icmp_code\"                       : 4,\n                                        \"stateless\"                       : false\n                                    },\n                                    {\n                                        \"description\"                     : \"ICMP type 3\",\n                                        \"src\"                             : \"10.0.0.0/21\",\n                                        \"src_type\"                        : \"CIDR_BLOCK\",\n                                        \"protocol\"                        : \"ICMP\",\n                                        \"icmp_type\"                       : 3,\n                                        \"stateless\"                       : false\n                                    },\n                                    {\n                                        \"description\"                     : \"ICMP type 8 (Echo)\",\n                                        \"src\"                             : \"10.0.0.0/21\",\n                                        \"src_type\"                        : \"CIDR_BLOCK\",\n                                        \"protocol\"                        : \"ICMP\",\n                                        \"icmp_type\"                       : 8,\n                                        \"icmp_code\"                       : 0,\n                                        \"stateless\"                       : false\n                                    }\n                                ]\n                            }\n                        },\n\n                        \"network_security_groups\": {\n                        },\n\n                        \"vcn_specific_gateways\": {\n\n                            \"service_gateways\": {\n                                \"SGW-VLL-LZ-EXACS-PRO-KEY\": {\n                                    \"display_name\"                        : \"o-p-om2-sgw-exacs-pro-001\",\n                                    \"services\"                            : \"all-services\"\n                                }\n                            }\n                        }\n                    }\n                }\n            },\n\n            \"2-shared-exacs-nonpro\": {\n                \"category_compartment_id\"                                 : \"CMP-LZ-NETWORK-KEY\",\n\n                \"vcns\": {\n                    \"VCN-VLL-LZ-EXACS-NPR-KEY\": {\n                        \"display_name\"                                    : \"o-np-om2-vcn-exacsnpr-001\",\n                        \"cidr_blocks\"                                     : [\"10.197.134.0/23\"],\n                        \"dns_label\"                                       : \"opom2vcnexanpr\",\n                        \"block_nat_traffic\"                               : false,\n                        \"is_attach_drg\"                                   : false,\n                        \"is_create_igw\"                                   : false,\n                        \"is_ipv6enabled\"                                  : false,\n                        \"is_oracle_gua_allocation_enabled\"                : false,\n\n                        \"subnets\": {\n                            \"SN-VLL-LZ-EXACS-NPR-CLIENT-KEY\": {\n                                \"display_name\"                            : \"o-np-om2-sub-exacs-nprcli-001\",\n                                \"cidr_block\"                              : \"10.197.134.0/27\",\n                                \"dns_label\"                               : \"onpom2snexnpcli\",\n                                \"dhcp_options_key\"                        : \"default_dhcp_options\",\n                                \"prohibit_internet_ingress\"               : true,\n                                \"prohibit_public_ip_on_vnic\"              : true,\n                                \"route_table_key\"                         : \"RT-VLL-LZ-EXACS-NPR-CLIENT-KEY\",\n                                \"security_list_keys\"                      : [\"SL-VLL-LZ-EXACS-NPR-CLIENT-KEY\"]\n                            },\n                            \"SN-VLL-LZ-EXACS-NPR-BACKUP-KEY\": {\n                                \"display_name\"                            : \"o-np-om2-sub-exacs-nprbck-001\",\n                                \"cidr_block\"                              : \"10.197.134.32/27\",\n                                \"dns_label\"                               : \"onpom2snexnpbck\",\n                                \"dhcp_options_key\"                        : \"default_dhcp_options\",\n                                \"prohibit_internet_ingress\"               : true,\n                                \"prohibit_public_ip_on_vnic\"              : true,\n                                \"route_table_key\"                         : \"RT-VLL-LZ-EXACS-NPR-BACKUP-KEY\",\n                                \"security_list_keys\"                      : [\"SL-VLL-LZ-EXACS-NPR-BACKUP-KEY\"]\n                            }\n\n                        },\n\n                        \"route_tables\": {\n\n                            \"RT-VLL-LZ-EXACS-NPR-CLIENT-KEY\": {\n                                \"display_name\"                            : \"o-np-om2-rtb-exacs-nprcli-001\",\n                                 \"route_rules\"                             : {\n                                    \"drg_route\": {\n                                        \"description\"                     : \"Route to the 0.0.0.0/0 through DRG\",\n                                        \"destination\"                     : \"0.0.0.0/0\",\n                                        \"destination_type\"                : \"CIDR_BLOCK\",\n                                        \"network_entity_key\"              : \"DRG-VLL-LZ-HUB-KEY\"\n                                    },\n\n                                    \"sgw_route\": {\n                                        \"description\"                     : \"Route to Oracle Services Network through Service GW\",\n                                        \"destination\"                     : \"all-services\",\n                                        \"destination_type\"                : \"SERVICE_CIDR_BLOCK\",\n                                        \"network_entity_key\"              : \"SGW-VLL-LZ-EXACS-NPR-KEY\"\n                                    }\n                                }\n                            },\n                            \"RT-VLL-LZ-EXACS-NPR-BACKUP-KEY\": {\n                                \"display_name\"                            : \"o-np-om2-rtb-exacs-nprbck-001\",\n                                \"route_rules\"                             : {\n                                    \"drg_route\": {\n                                        \"description\"                     : \"Route to the 0.0.0.0/0 through DRG\",\n                                        \"destination\"                     : \"0.0.0.0/0\",\n                                        \"destination_type\"                : \"CIDR_BLOCK\",\n                                        \"network_entity_key\"              : \"DRG-VLL-LZ-HUB-KEY\"\n                                    },\n\n                                    \"sgw_route\": {\n                                        \"description\"                     : \"Route to Oracle Services Network through Service GW\",\n                                        \"destination\"                     : \"all-services\",\n                                        \"destination_type\"                : \"SERVICE_CIDR_BLOCK\",\n                                        \"network_entity_key\"              : \"SGW-VLL-LZ-EXACS-NPR-KEY\"\n                                    }\n                                }\n                            }\n                        },\n\n                        \"default_security_list\": {\n                            \"egress_rules\"                                : [],\n                            \"ingress_rules\"                               : []\n                        },\n\n                        \"security_lists\": {\n                        \n                            \"SL-VLL-LZ-EXACS-NPR-CLIENT-KEY\": {\n                                \"display_name\"                            : \"o-np-om2-sl-exacs-nprcli-001\",\n\n                                \"egress_rules\": [\n                                    {\n                                        \"description\"                     : \"Allow all outbound traffic to 0.0.0.0/0 over all protocols\",\n                                        \"dst\"                             : \"0.0.0.0/0\",\n                                        \"dst_type\"                        : \"CIDR_BLOCK\",\n                                        \"protocol\"                        : \"ALL\",\n                                        \"stateless\"                       : false\n                                    }\n                                ],\n\n                                \"ingress_rules\": [\n                                    {\n                                        \"description\"                     : \"ICMP type 3 code 4\",\n                                        \"src\"                             : \"0.0.0.0/0\",\n                                        \"src_type\"                        : \"CIDR_BLOCK\",\n                                        \"protocol\"                        : \"ICMP\",\n                                        \"icmp_type\"                       : 3,\n                                        \"icmp_code\"                       : 4,\n                                        \"stateless\"                       : false\n                                    },\n                                    {\n                                        \"description\"                     : \"ICMP type 3\",\n                                        \"src\"                             : \"10.0.0.0/21\",\n                                        \"src_type\"                        : \"CIDR_BLOCK\",\n                                        \"protocol\"                        : \"ICMP\",\n                                        \"icmp_type\"                       : 3,\n                                        \"stateless\"                       : false\n                                    },\n                                    {\n                                        \"description\"                     : \"ICMP type 8 (Echo)\",\n                                        \"src\"                             : \"10.0.0.0/21\",\n                                        \"src_type\"                        : \"CIDR_BLOCK\",\n                                        \"protocol\"                        : \"ICMP\",\n                                        \"icmp_type\"                       : 8,\n                                        \"icmp_code\"                       : 0,\n                                        \"stateless\"                       : false\n                                    }\n                                ]\n                            },\n                            \"SL-VLL-LZ-EXACS-NPR-BACKUP-KEY\": {\n                                \"display_name\"                            : \"o-np-om2-sl-exacs-nprbck-001\",\n\n                                \"egress_rules\": [\n                                    {\n                                        \"description\"                     : \"Allow all outbound traffic to 0.0.0.0/0 over all protocols\",\n                                        \"dst\"                             : \"0.0.0.0/0\",\n                                        \"dst_type\"                        : \"CIDR_BLOCK\",\n                                        \"protocol\"                        : \"ALL\",\n                                        \"stateless\"                       : false\n                                    }\n                                ],\n\n                                \"ingress_rules\": [\n                                    {\n                                        \"description\"                     : \"ICMP type 3 code 4\",\n                                        \"src\"                             : \"0.0.0.0/0\",\n                                        \"src_type\"                        : \"CIDR_BLOCK\",\n                                        \"protocol\"                        : \"ICMP\",\n                                        \"icmp_type\"                       : 3,\n                                        \"icmp_code\"                       : 4,\n                                        \"stateless\"                       : false\n                                    },\n                                    {\n                                        \"description\"                     : \"ICMP type 3\",\n                                        \"src\"                             : \"10.0.0.0/21\",\n                                        \"src_type\"                        : \"CIDR_BLOCK\",\n                                        \"protocol\"                        : \"ICMP\",\n                                        \"icmp_type\"                       : 3,\n                                        \"stateless\"                       : false\n                                    },\n                                    {\n                                        \"description\"                     : \"ICMP type 8 (Echo)\",\n                                        \"src\"                             : \"10.0.0.0/21\",\n                                        \"src_type\"                        : \"CIDR_BLOCK\",\n                                        \"protocol\"                        : \"ICMP\",\n                                        \"icmp_type\"                       : 8,\n                                        \"icmp_code\"                       : 0,\n                                        \"stateless\"                       : false\n                                    }\n                                ]\n                            }\n                        },\n\n                        \"network_security_groups\": {\n                        },\n\n                        \"vcn_specific_gateways\": {\n\n\n                            \"service_gateways\": {\n                                \"SGW-VLL-LZ-EXACS-NPR-KEY\": {\n                                    \"display_name\"                        : \"o-np-om2-sgw-exacs-npr-001\",\n                                    \"services\"                            : \"all-services\"\n                                }\n                            }\n                        }\n                    }\n                }\n            }\n        }\n    }\n}\n",
            "content_disposition": null,
            "content_encoding": null,
            "content_language": null,
            "content_length": "46527",
            "content_length_limit": 1048576,
            "content_md5": "iH4aaIjLfQ25bWPv4srRtg==",
            "content_type": "application/json",
            "http_response_cache_control": null,
            "http_response_content_disposition": null,
            "http_response_content_encoding": null,
            "http_response_content_language": null,
            "http_response_content_type": null,
            "http_response_expires": null,
            "id": "ObjectStorageObjectDataSource-3137310331",
            "metadata": {},
            "namespace": "axbfcjqpx8cc",
            "object": "giss_network_hub_b_empty_v3.2.json",
            "storage_tier": "Standard",
            "version_id": "bd84dcc9-924a-4a85-ae7a-578c6943a733"
          },
          "sensitive_attributes": []
        }
      ]
    },
    {
      "module": "module.oci_lz_orchestrator",
      "mode": "data",
      "type": "oci_identity_regions",
      "name": "these",
      "provider": "module.oci_lz_orchestrator.provider[\"registry.terraform.io/oracle/oci\"]",
      "instances": [
        {
          "schema_version": 0,
          "attributes": {
            "filter": null,
            "id": "IdentityRegionsDataSource-0",
            "regions": [
              {
                "key": "STR",
                "name": "eu-frankfurt-2"
              },
              {
                "key": "VLL",
                "name": "eu-madrid-2"
              }
            ]
          },
          "sensitive_attributes": []
        }
      ]
    },
    {
      "module": "module.oci_lz_orchestrator",
      "mode": "data",
      "type": "oci_identity_tenancy",
      "name": "this",
      "provider": "module.oci_lz_orchestrator.provider[\"registry.terraform.io/oracle/oci\"]",
      "instances": [
        {
          "schema_version": 0,
          "attributes": {
            "defined_tags": {},
            "description": "TENLS-6209",
            "freeform_tags": {},
            "home_region_key": "VLL",
            "id": "ocid1.tenancy.oc19..aaaaaaaa4ftkyx3ao73kndo3mbltj6gtbf27mxbgpu65a33ipgo2wqyj4zba",
            "name": "seguridadsocial",
            "tenancy_id": "ocid1.tenancy.oc19..aaaaaaaa4ftkyx3ao73kndo3mbltj6gtbf27mxbgpu65a33ipgo2wqyj4zba",
            "upi_idcs_compatibility_layer_endpoint": null
          },
          "sensitive_attributes": []
        }
      ]
    },
    {
      "module": "module.oci_lz_orchestrator.module.oci_lz_compartments[0]",
      "mode": "managed",
      "type": "oci_identity_compartment",
      "name": "level_2",
      "provider": "module.oci_lz_orchestrator.provider[\"registry.terraform.io/oracle/oci\"].home",
      "instances": [
        {
          "index_key": "CMP-LZ-CDINSS-KEY",
          "schema_version": 0,
          "attributes": {
            "compartment_id": "ocid1.compartment.oc19..aaaaaaaay3khgdz6euxlks7pja7uxv6d4czkxlp75ynqgyjkrjylf3tgsubq",
            "defined_tags": {
              "Oracle-Tags.CreatedBy": "default/jorge.e.torlaschi@accenture.com",
              "Oracle-Tags.CreatedOn": "2026-02-27T12:25:54.152Z"
            },
            "description": "Coretech Entity Environment Compartment",
            "enable_delete": true,
            "freeform_tags": {
              "ocilz-terraform-module": "iam-compartments/0.3.3\n"
            },
            "id": "ocid1.compartment.oc19..aaaaaaaaswac7tv5jwoglr7lgpbkpcx2lnibsv6qofpjearyuemwxc5kaaga",
            "inactive_state": null,
            "is_accessible": true,
            "name": "o-p-om2-cmp-cdin-core-001",
            "state": "ACTIVE",
            "time_created": "2026-02-27 12:25:54.16 +0000 UTC",
            "timeouts": null
          },
          "sensitive_attributes": [],
          "private": "eyJlMmJmYjczMC1lY2FhLTExZTYtOGY4OC0zNDM2M2JjN2M0YzAiOnsiZGVsZXRlIjo1NDAwMDAwMDAwMDAwfX0=",
          "dependencies": [
            "data.github_repository_file.configurations",
            "data.github_repository_file.dependencies",
            "data.github_repository_file.url_dependencies",
            "data.http.configurations",
            "data.oci_objectstorage_namespace.this",
            "data.oci_objectstorage_object.configurations",
            "data.oci_objectstorage_object.dependencies",
            "data.oci_objectstorage_object.url_dependencies",
            "module.oci_lz_orchestrator.data.oci_identity_regions.these",
            "module.oci_lz_orchestrator.data.oci_identity_tenancy.this",
            "module.oci_lz_orchestrator.module.oci_lz_compartments.oci_identity_compartment.these"
          ],
          "create_before_destroy": true
        },
        {
          "index_key": "CMP-LZ-NETWORK-KEY",
          "schema_version": 0,
          "attributes": {
            "compartment_id": "ocid1.compartment.oc19..aaaaaaaay3khgdz6euxlks7pja7uxv6d4czkxlp75ynqgyjkrjylf3tgsubq",
            "defined_tags": {
              "Oracle-Tags.CreatedBy": "default/jorge.e.torlaschi@accenture.com",
              "Oracle-Tags.CreatedOn": "2026-02-27T12:25:53.003Z",
              "o-p-om2-tagns-name-001.o-p-om2-tag-role-001": "o-p-om2-tag-role-network-001"
            },
            "description": "Shared Network Compartment",
            "enable_delete": true,
            "freeform_tags": {
              "ocilz-terraform-module": "iam-compartments/0.3.3\n"
            },
            "id": "ocid1.compartment.oc19..aaaaaaaacmlk3n2cqqujnnw4fqzg4ciprpltm6m4qzfl3hjbtlvr2ohjnfka",
            "inactive_state": null,
            "is_accessible": true,
            "name": "o-p-om2-cmp-network-001",
            "state": "ACTIVE",
            "time_created": "2026-02-27 12:25:53.006 +0000 UTC",
            "timeouts": null
          },
          "sensitive_attributes": [],
          "private": "eyJlMmJmYjczMC1lY2FhLTExZTYtOGY4OC0zNDM2M2JjN2M0YzAiOnsiZGVsZXRlIjo1NDAwMDAwMDAwMDAwfX0=",
          "dependencies": [
            "data.github_repository_file.configurations",
            "data.github_repository_file.dependencies",
            "data.github_repository_file.url_dependencies",
            "data.http.configurations",
            "data.oci_objectstorage_namespace.this",
            "data.oci_objectstorage_object.configurations",
            "data.oci_objectstorage_object.dependencies",
            "data.oci_objectstorage_object.url_dependencies",
            "module.oci_lz_orchestrator.data.oci_identity_regions.these",
            "module.oci_lz_orchestrator.data.oci_identity_tenancy.this",
            "module.oci_lz_orchestrator.module.oci_lz_compartments.oci_identity_compartment.these"
          ],
          "create_before_destroy": true
        },
        {
          "index_key": "CMP-LZ-PLATFORM-KEY",
          "schema_version": 0,
          "attributes": {
            "compartment_id": "ocid1.compartment.oc19..aaaaaaaay3khgdz6euxlks7pja7uxv6d4czkxlp75ynqgyjkrjylf3tgsubq",
            "defined_tags": {
              "Oracle-Tags.CreatedBy": "default/jorge.e.torlaschi@accenture.com",
              "Oracle-Tags.CreatedOn": "2026-02-27T12:25:53.013Z"
            },
            "description": "Shared Platform Compartment",
            "enable_delete": true,
            "freeform_tags": {
              "ocilz-terraform-module": "iam-compartments/0.3.3\n"
            },
            "id": "ocid1.compartment.oc19..aaaaaaaa35xfjuhf63zuppelfbjuiqaqx6jg2zmknmhironxdolsaa2b4vsa",
            "inactive_state": null,
            "is_accessible": true,
            "name": "o-p-om2-cmp-platform-001",
            "state": "ACTIVE",
            "time_created": "2026-02-27 12:25:53.357 +0000 UTC",
            "timeouts": null
          },
          "sensitive_attributes": [],
          "private": "eyJlMmJmYjczMC1lY2FhLTExZTYtOGY4OC0zNDM2M2JjN2M0YzAiOnsiZGVsZXRlIjo1NDAwMDAwMDAwMDAwfX0=",
          "dependencies": [
            "data.github_repository_file.configurations",
            "data.github_repository_file.dependencies",
            "data.github_repository_file.url_dependencies",
            "data.http.configurations",
            "data.oci_objectstorage_namespace.this",
            "data.oci_objectstorage_object.configurations",
            "data.oci_objectstorage_object.dependencies",
            "data.oci_objectstorage_object.url_dependencies",
            "module.oci_lz_orchestrator.data.oci_identity_regions.these",
            "module.oci_lz_orchestrator.data.oci_identity_tenancy.this",
            "module.oci_lz_orchestrator.module.oci_lz_compartments.oci_identity_compartment.these"
          ],
          "create_before_destroy": true
        },
        {
          "index_key": "CMP-LZ-SECURITY-KEY",
          "schema_version": 0,
          "attributes": {
            "compartment_id": "ocid1.compartment.oc19..aaaaaaaay3khgdz6euxlks7pja7uxv6d4czkxlp75ynqgyjkrjylf3tgsubq",
            "defined_tags": {
              "Oracle-Tags.CreatedBy": "default/jorge.e.torlaschi@accenture.com",
              "Oracle-Tags.CreatedOn": "2026-02-27T12:25:53.013Z",
              "o-p-om2-tagns-name-001.o-p-om2-tag-role-001": "o-p-om2-tag-role-security-001"
            },
            "description": "Shared Security Compartment",
            "enable_delete": true,
            "freeform_tags": {
              "ocilz-terraform-module": "iam-compartments/0.3.3\n"
            },
            "id": "ocid1.compartment.oc19..aaaaaaaa4l6yiqjisrshqpkbz3a7n7btevp4wbnzr4c2uympzc5bzywuuwoa",
            "inactive_state": null,
            "is_accessible": true,
            "name": "o-p-om2-cmp-security-001",
            "state": "ACTIVE",
            "time_created": "2026-02-27 12:25:53.159 +0000 UTC",
            "timeouts": null
          },
          "sensitive_attributes": [],
          "private": "eyJlMmJmYjczMC1lY2FhLTExZTYtOGY4OC0zNDM2M2JjN2M0YzAiOnsiZGVsZXRlIjo1NDAwMDAwMDAwMDAwfX0=",
          "dependencies": [
            "data.github_repository_file.configurations",
            "data.github_repository_file.dependencies",
            "data.github_repository_file.url_dependencies",
            "data.http.configurations",
            "data.oci_objectstorage_namespace.this",
            "data.oci_objectstorage_object.configurations",
            "data.oci_objectstorage_object.dependencies",
            "data.oci_objectstorage_object.url_dependencies",
            "module.oci_lz_orchestrator.data.oci_identity_regions.these",
            "module.oci_lz_orchestrator.data.oci_identity_tenancy.this",
            "module.oci_lz_orchestrator.module.oci_lz_compartments.oci_identity_compartment.these"
          ],
          "create_before_destroy": true
        }
      ]
    },
    {
      "module": "module.oci_lz_orchestrator.module.oci_lz_compartments[0]",
      "mode": "managed",
      "type": "oci_identity_compartment",
      "name": "level_3",
      "provider": "module.oci_lz_orchestrator.provider[\"registry.terraform.io/oracle/oci\"].home",
      "instances": [
        {
          "index_key": "CMP-LZ-CDINSS-NPR-KEY",
          "schema_version": 0,
          "attributes": {
            "compartment_id": "ocid1.compartment.oc19..aaaaaaaaswac7tv5jwoglr7lgpbkpcx2lnibsv6qofpjearyuemwxc5kaaga",
            "defined_tags": {
              "Oracle-Tags.CreatedBy": "default/jorge.e.torlaschi@accenture.com",
              "Oracle-Tags.CreatedOn": "2026-02-27T12:26:15.860Z"
            },
            "description": "Non Production Environment Compartment",
            "enable_delete": true,
            "freeform_tags": {
              "ocilz-terraform-module": "iam-compartments/0.3.3\n"
            },
            "id": "ocid1.compartment.oc19..aaaaaaaavgqzcwmsbb7geulfugjiscqgzryu3tnw4eb6rfe2gb5t2vpmyy4q",
            "inactive_state": null,
            "is_accessible": true,
            "name": "o-np-om2-cmp-cdin-001",
            "state": "ACTIVE",
            "time_created": "2026-02-27 12:26:15.863 +0000 UTC",
            "timeouts": null
          },
          "sensitive_attributes": [],
          "private": "eyJlMmJmYjczMC1lY2FhLTExZTYtOGY4OC0zNDM2M2JjN2M0YzAiOnsiZGVsZXRlIjo1NDAwMDAwMDAwMDAwfX0=",
          "dependencies": [
            "data.github_repository_file.configurations",
            "data.github_repository_file.dependencies",
            "data.github_repository_file.url_dependencies",
            "data.http.configurations",
            "data.oci_objectstorage_namespace.this",
            "data.oci_objectstorage_object.configurations",
            "data.oci_objectstorage_object.dependencies",
            "data.oci_objectstorage_object.url_dependencies",
            "module.oci_lz_orchestrator.data.oci_identity_regions.these",
            "module.oci_lz_orchestrator.data.oci_identity_tenancy.this",
            "module.oci_lz_orchestrator.module.oci_lz_compartments.oci_identity_compartment.level_2",
            "module.oci_lz_orchestrator.module.oci_lz_compartments.oci_identity_compartment.these"
          ],
          "create_before_destroy": true
        },
        {
          "index_key": "CMP-LZ-CDINSS-PROD-KEY",
          "schema_version": 0,
          "attributes": {
            "compartment_id": "ocid1.compartment.oc19..aaaaaaaaswac7tv5jwoglr7lgpbkpcx2lnibsv6qofpjearyuemwxc5kaaga",
            "defined_tags": {
              "Oracle-Tags.CreatedBy": "default/jorge.e.torlaschi@accenture.com",
              "Oracle-Tags.CreatedOn": "2026-02-27T12:26:14.462Z"
            },
            "description": "Production Environment Compartment",
            "enable_delete": true,
            "freeform_tags": {
              "ocilz-terraform-module": "iam-compartments/0.3.3\n"
            },
            "id": "ocid1.compartment.oc19..aaaaaaaadnwmhsflikywkbw737p4fiqev5kb3nyou2fuefrkblart5yqph6a",
            "inactive_state": null,
            "is_accessible": true,
            "name": "o-p-om2-cmp-cdin-001",
            "state": "ACTIVE",
            "time_created": "2026-02-27 12:26:14.471 +0000 UTC",
            "timeouts": null
          },
          "sensitive_attributes": [],
          "private": "eyJlMmJmYjczMC1lY2FhLTExZTYtOGY4OC0zNDM2M2JjN2M0YzAiOnsiZGVsZXRlIjo1NDAwMDAwMDAwMDAwfX0=",
          "dependencies": [
            "data.github_repository_file.configurations",
            "data.github_repository_file.dependencies",
            "data.github_repository_file.url_dependencies",
            "data.http.configurations",
            "data.oci_objectstorage_namespace.this",
            "data.oci_objectstorage_object.configurations",
            "data.oci_objectstorage_object.dependencies",
            "data.oci_objectstorage_object.url_dependencies",
            "module.oci_lz_orchestrator.data.oci_identity_regions.these",
            "module.oci_lz_orchestrator.data.oci_identity_tenancy.this",
            "module.oci_lz_orchestrator.module.oci_lz_compartments.oci_identity_compartment.level_2",
            "module.oci_lz_orchestrator.module.oci_lz_compartments.oci_identity_compartment.these"
          ],
          "create_before_destroy": true
        },
        {
          "index_key": "CMP-LZ-DEVOPS-KEY",
          "schema_version": 0,
          "attributes": {
            "compartment_id": "ocid1.compartment.oc19..aaaaaaaa35xfjuhf63zuppelfbjuiqaqx6jg2zmknmhironxdolsaa2b4vsa",
            "defined_tags": {
              "Oracle-Tags.CreatedBy": "default/jorge.e.torlaschi@accenture.com",
              "Oracle-Tags.CreatedOn": "2026-02-27T12:26:14.487Z"
            },
            "description": "Shared devops Platform",
            "enable_delete": true,
            "freeform_tags": {
              "ocilz-terraform-module": "iam-compartments/0.3.3\n"
            },
            "id": "ocid1.compartment.oc19..aaaaaaaaf2ry2isj3goiv2p2z62hjfqbbdkvhxh2cpoxeb2juycvmbejrf6a",
            "inactive_state": null,
            "is_accessible": true,
            "name": "o-p-om2-cmp-devop-001",
            "state": "ACTIVE",
            "time_created": "2026-02-27 12:26:14.769 +0000 UTC",
            "timeouts": null
          },
          "sensitive_attributes": [],
          "private": "eyJlMmJmYjczMC1lY2FhLTExZTYtOGY4OC0zNDM2M2JjN2M0YzAiOnsiZGVsZXRlIjo1NDAwMDAwMDAwMDAwfX0=",
          "dependencies": [
            "data.github_repository_file.configurations",
            "data.github_repository_file.dependencies",
            "data.github_repository_file.url_dependencies",
            "data.http.configurations",
            "data.oci_objectstorage_namespace.this",
            "data.oci_objectstorage_object.configurations",
            "data.oci_objectstorage_object.dependencies",
            "data.oci_objectstorage_object.url_dependencies",
            "module.oci_lz_orchestrator.data.oci_identity_regions.these",
            "module.oci_lz_orchestrator.data.oci_identity_tenancy.this",
            "module.oci_lz_orchestrator.module.oci_lz_compartments.oci_identity_compartment.level_2",
            "module.oci_lz_orchestrator.module.oci_lz_compartments.oci_identity_compartment.these"
          ],
          "create_before_destroy": true
        },
        {
          "index_key": "CMP-LZ-EXACS-KEY",
          "schema_version": 0,
          "attributes": {
            "compartment_id": "ocid1.compartment.oc19..aaaaaaaa35xfjuhf63zuppelfbjuiqaqx6jg2zmknmhironxdolsaa2b4vsa",
            "defined_tags": {
              "Oracle-Tags.CreatedBy": "default/jorge.e.torlaschi@accenture.com",
              "Oracle-Tags.CreatedOn": "2026-02-27T12:26:14.493Z",
              "o-p-om2-tagns-name-001.o-p-om2-tag-role-001": "o-p-om2-tag-role-exa-001"
            },
            "description": "Shared exacs Platform",
            "enable_delete": true,
            "freeform_tags": {
              "ocilz-terraform-module": "iam-compartments/0.3.3\n"
            },
            "id": "ocid1.compartment.oc19..aaaaaaaa6hytt3sw5hlhehht6oxhay66t3ukkbwiwh6sy2odfgs7ir6m4xua",
            "inactive_state": null,
            "is_accessible": true,
            "name": "o-p-om2-cmp-exacs-001",
            "state": "ACTIVE",
            "time_created": "2026-02-27 12:26:14.61 +0000 UTC",
            "timeouts": null
          },
          "sensitive_attributes": [],
          "private": "eyJlMmJmYjczMC1lY2FhLTExZTYtOGY4OC0zNDM2M2JjN2M0YzAiOnsiZGVsZXRlIjo1NDAwMDAwMDAwMDAwfX0=",
          "dependencies": [
            "data.github_repository_file.configurations",
            "data.github_repository_file.dependencies",
            "data.github_repository_file.url_dependencies",
            "data.http.configurations",
            "data.oci_objectstorage_namespace.this",
            "data.oci_objectstorage_object.configurations",
            "data.oci_objectstorage_object.dependencies",
            "data.oci_objectstorage_object.url_dependencies",
            "module.oci_lz_orchestrator.data.oci_identity_regions.these",
            "module.oci_lz_orchestrator.data.oci_identity_tenancy.this",
            "module.oci_lz_orchestrator.module.oci_lz_compartments.oci_identity_compartment.level_2",
            "module.oci_lz_orchestrator.module.oci_lz_compartments.oci_identity_compartment.these"
          ],
          "create_before_destroy": true
        },
        {
          "index_key": "CMP-LZ-LOGGING-KEY",
          "schema_version": 0,
          "attributes": {
            "compartment_id": "ocid1.compartment.oc19..aaaaaaaa35xfjuhf63zuppelfbjuiqaqx6jg2zmknmhironxdolsaa2b4vsa",
            "defined_tags": {
              "Oracle-Tags.CreatedBy": "default/jorge.e.torlaschi@accenture.com",
              "Oracle-Tags.CreatedOn": "2026-02-27T12:26:14.501Z"
            },
            "description": "Shared Logging Platform",
            "enable_delete": true,
            "freeform_tags": {
              "ocilz-terraform-module": "iam-compartments/0.3.3\n"
            },
            "id": "ocid1.compartment.oc19..aaaaaaaani3hclsxpse5m7fot6rrr77qhetmsfkhthp6k5ovwne7o7bofrfq",
            "inactive_state": null,
            "is_accessible": true,
            "name": "o-p-om2-cmp-logg-001",
            "state": "ACTIVE",
            "time_created": "2026-02-27 12:26:15.112 +0000 UTC",
            "timeouts": null
          },
          "sensitive_attributes": [],
          "private": "eyJlMmJmYjczMC1lY2FhLTExZTYtOGY4OC0zNDM2M2JjN2M0YzAiOnsiZGVsZXRlIjo1NDAwMDAwMDAwMDAwfX0=",
          "dependencies": [
            "data.github_repository_file.configurations",
            "data.github_repository_file.dependencies",
            "data.github_repository_file.url_dependencies",
            "data.http.configurations",
            "data.oci_objectstorage_namespace.this",
            "data.oci_objectstorage_object.configurations",
            "data.oci_objectstorage_object.dependencies",
            "data.oci_objectstorage_object.url_dependencies",
            "module.oci_lz_orchestrator.data.oci_identity_regions.these",
            "module.oci_lz_orchestrator.data.oci_identity_tenancy.this",
            "module.oci_lz_orchestrator.module.oci_lz_compartments.oci_identity_compartment.level_2",
            "module.oci_lz_orchestrator.module.oci_lz_compartments.oci_identity_compartment.these"
          ],
          "create_before_destroy": true
        }
      ]
    },
    {
      "module": "module.oci_lz_orchestrator.module.oci_lz_compartments[0]",
      "mode": "managed",
      "type": "oci_identity_compartment",
      "name": "level_4",
      "provider": "module.oci_lz_orchestrator.provider[\"registry.terraform.io/oracle/oci\"].home",
      "instances": [
        {
          "index_key": "CMP-LZ-CDINSS-NPR-NETWORK-KEY",
          "schema_version": 0,
          "attributes": {
            "compartment_id": "ocid1.compartment.oc19..aaaaaaaavgqzcwmsbb7geulfugjiscqgzryu3tnw4eb6rfe2gb5t2vpmyy4q",
            "defined_tags": {
              "Oracle-Tags.CreatedBy": "default/jorge.e.torlaschi@accenture.com",
              "Oracle-Tags.CreatedOn": "2026-02-27T12:26:30.217Z",
              "o-p-om2-tagns-name-001.o-p-om2-tag-role-001": "o-p-om2-tag-role-network-001"
            },
            "description": "Non Production Workload Environment, Common Network Compartment",
            "enable_delete": true,
            "freeform_tags": {
              "ocilz-terraform-module": "iam-compartments/0.3.3\n"
            },
            "id": "ocid1.compartment.oc19..aaaaaaaaw4gr5jpqwjarciveal3ba7hg3lm43ugdukvsf2tii7hriwwqvt4q",
            "inactive_state": null,
            "is_accessible": true,
            "name": "o-np-om2-cmp-cdin-network-001",
            "state": "ACTIVE",
            "time_created": "2026-02-27 12:26:30.773 +0000 UTC",
            "timeouts": null
          },
          "sensitive_attributes": [],
          "private": "eyJlMmJmYjczMC1lY2FhLTExZTYtOGY4OC0zNDM2M2JjN2M0YzAiOnsiZGVsZXRlIjo1NDAwMDAwMDAwMDAwfX0=",
          "dependencies": [
            "data.github_repository_file.configurations",
            "data.github_repository_file.dependencies",
            "data.github_repository_file.url_dependencies",
            "data.http.configurations",
            "data.oci_objectstorage_namespace.this",
            "data.oci_objectstorage_object.configurations",
            "data.oci_objectstorage_object.dependencies",
            "data.oci_objectstorage_object.url_dependencies",
            "module.oci_lz_orchestrator.data.oci_identity_regions.these",
            "module.oci_lz_orchestrator.data.oci_identity_tenancy.this",
            "module.oci_lz_orchestrator.module.oci_lz_compartments.oci_identity_compartment.level_2",
            "module.oci_lz_orchestrator.module.oci_lz_compartments.oci_identity_compartment.level_3",
            "module.oci_lz_orchestrator.module.oci_lz_compartments.oci_identity_compartment.these"
          ],
          "create_before_destroy": true
        },
        {
          "index_key": "CMP-LZ-CDINSS-NPR-PLATFORM-KEY",
          "schema_version": 0,
          "attributes": {
            "compartment_id": "ocid1.compartment.oc19..aaaaaaaavgqzcwmsbb7geulfugjiscqgzryu3tnw4eb6rfe2gb5t2vpmyy4q",
            "defined_tags": {
              "Oracle-Tags.CreatedBy": "default/jorge.e.torlaschi@accenture.com",
              "Oracle-Tags.CreatedOn": "2026-02-27T12:26:30.213Z"
            },
            "description": "Non Production Workload Environment, Common Platform Compartment",
            "enable_delete": true,
            "freeform_tags": {
              "ocilz-terraform-module": "iam-compartments/0.3.3\n"
            },
            "id": "ocid1.compartment.oc19..aaaaaaaaf6iym57chj3lh5y2rhn3u7a2fnbbgsprqrue43pp3ddzme3vpq5a",
            "inactive_state": null,
            "is_accessible": true,
            "name": "o-np-om2-cmp-cdin-platform-001",
            "state": "ACTIVE",
            "time_created": "2026-02-27 12:26:30.51 +0000 UTC",
            "timeouts": null
          },
          "sensitive_attributes": [],
          "private": "eyJlMmJmYjczMC1lY2FhLTExZTYtOGY4OC0zNDM2M2JjN2M0YzAiOnsiZGVsZXRlIjo1NDAwMDAwMDAwMDAwfX0=",
          "dependencies": [
            "data.github_repository_file.configurations",
            "data.github_repository_file.dependencies",
            "data.github_repository_file.url_dependencies",
            "data.http.configurations",
            "data.oci_objectstorage_namespace.this",
            "data.oci_objectstorage_object.configurations",
            "data.oci_objectstorage_object.dependencies",
            "data.oci_objectstorage_object.url_dependencies",
            "module.oci_lz_orchestrator.data.oci_identity_regions.these",
            "module.oci_lz_orchestrator.data.oci_identity_tenancy.this",
            "module.oci_lz_orchestrator.module.oci_lz_compartments.oci_identity_compartment.level_2",
            "module.oci_lz_orchestrator.module.oci_lz_compartments.oci_identity_compartment.level_3",
            "module.oci_lz_orchestrator.module.oci_lz_compartments.oci_identity_compartment.these"
          ],
          "create_before_destroy": true
        },
        {
          "index_key": "CMP-LZ-CDINSS-NPR-PROJECTS-KEY",
          "schema_version": 0,
          "attributes": {
            "compartment_id": "ocid1.compartment.oc19..aaaaaaaavgqzcwmsbb7geulfugjiscqgzryu3tnw4eb6rfe2gb5t2vpmyy4q",
            "defined_tags": {
              "Oracle-Tags.CreatedBy": "default/jorge.e.torlaschi@accenture.com",
              "Oracle-Tags.CreatedOn": "2026-02-27T12:26:31.980Z"
            },
            "description": "Non Production Workload Environment, Common Projects Compartment",
            "enable_delete": true,
            "freeform_tags": {
              "ocilz-terraform-module": "iam-compartments/0.3.3\n"
            },
            "id": "ocid1.compartment.oc19..aaaaaaaai6a22hxphr7kdfx33aoisouc7lvpzuwnnabjgok4ve5ladsv7dna",
            "inactive_state": null,
            "is_accessible": true,
            "name": "o-np-om2-cmp-cdin-projects-001",
            "state": "ACTIVE",
            "time_created": "2026-02-27 12:26:32.244 +0000 UTC",
            "timeouts": null
          },
          "sensitive_attributes": [],
          "private": "eyJlMmJmYjczMC1lY2FhLTExZTYtOGY4OC0zNDM2M2JjN2M0YzAiOnsiZGVsZXRlIjo1NDAwMDAwMDAwMDAwfX0=",
          "dependencies": [
            "data.github_repository_file.configurations",
            "data.github_repository_file.dependencies",
            "data.github_repository_file.url_dependencies",
            "data.http.configurations",
            "data.oci_objectstorage_namespace.this",
            "data.oci_objectstorage_object.configurations",
            "data.oci_objectstorage_object.dependencies",
            "data.oci_objectstorage_object.url_dependencies",
            "module.oci_lz_orchestrator.data.oci_identity_regions.these",
            "module.oci_lz_orchestrator.data.oci_identity_tenancy.this",
            "module.oci_lz_orchestrator.module.oci_lz_compartments.oci_identity_compartment.level_2",
            "module.oci_lz_orchestrator.module.oci_lz_compartments.oci_identity_compartment.level_3",
            "module.oci_lz_orchestrator.module.oci_lz_compartments.oci_identity_compartment.these"
          ],
          "create_before_destroy": true
        },
        {
          "index_key": "CMP-LZ-CDINSS-NPR-SECURITY-KEY",
          "schema_version": 0,
          "attributes": {
            "compartment_id": "ocid1.compartment.oc19..aaaaaaaavgqzcwmsbb7geulfugjiscqgzryu3tnw4eb6rfe2gb5t2vpmyy4q",
            "defined_tags": {
              "Oracle-Tags.CreatedBy": "default/jorge.e.torlaschi@accenture.com",
              "Oracle-Tags.CreatedOn": "2026-02-27T12:26:30.204Z",
              "o-p-om2-tagns-name-001.o-p-om2-tag-role-001": "o-p-om2-tag-role-security-001"
            },
            "description": "Non Production Workload Environment, Common Security Compartment",
            "enable_delete": true,
            "freeform_tags": {
              "ocilz-terraform-module": "iam-compartments/0.3.3\n"
            },
            "id": "ocid1.compartment.oc19..aaaaaaaafs7c4d4435k2nlyhdajxdbuepoblruz3lbhjd6owaterby4xhzgq",
            "inactive_state": null,
            "is_accessible": true,
            "name": "o-np-om2-cmp-cdin-security-001",
            "state": "ACTIVE",
            "time_created": "2026-02-27 12:26:30.207 +0000 UTC",
            "timeouts": null
          },
          "sensitive_attributes": [],
          "private": "eyJlMmJmYjczMC1lY2FhLTExZTYtOGY4OC0zNDM2M2JjN2M0YzAiOnsiZGVsZXRlIjo1NDAwMDAwMDAwMDAwfX0=",
          "dependencies": [
            "data.github_repository_file.configurations",
            "data.github_repository_file.dependencies",
            "data.github_repository_file.url_dependencies",
            "data.http.configurations",
            "data.oci_objectstorage_namespace.this",
            "data.oci_objectstorage_object.configurations",
            "data.oci_objectstorage_object.dependencies",
            "data.oci_objectstorage_object.url_dependencies",
            "module.oci_lz_orchestrator.data.oci_identity_regions.these",
            "module.oci_lz_orchestrator.data.oci_identity_tenancy.this",
            "module.oci_lz_orchestrator.module.oci_lz_compartments.oci_identity_compartment.level_2",
            "module.oci_lz_orchestrator.module.oci_lz_compartments.oci_identity_compartment.level_3",
            "module.oci_lz_orchestrator.module.oci_lz_compartments.oci_identity_compartment.these"
          ],
          "create_before_destroy": true
        },
        {
          "index_key": "CMP-LZ-CDINSS-PROD-NETWORK-KEY",
          "schema_version": 0,
          "attributes": {
            "compartment_id": "ocid1.compartment.oc19..aaaaaaaadnwmhsflikywkbw737p4fiqev5kb3nyou2fuefrkblart5yqph6a",
            "defined_tags": {
              "Oracle-Tags.CreatedBy": "default/jorge.e.torlaschi@accenture.com",
              "Oracle-Tags.CreatedOn": "2026-02-27T12:26:31.293Z",
              "o-p-om2-tagns-name-001.o-p-om2-tag-role-001": "o-p-om2-tag-role-network-001"
            },
            "description": "Prod Workload Environment, Common Network Compartment",
            "enable_delete": true,
            "freeform_tags": {
              "ocilz-terraform-module": "iam-compartments/0.3.3\n"
            },
            "id": "ocid1.compartment.oc19..aaaaaaaasu37hpsyfmxeggxhyykhybvy3mkp3qrnhmzzc5p6hrsta4rfhtoq",
            "inactive_state": null,
            "is_accessible": true,
            "name": "o-p-om2-cmp-cdin-network-001",
            "state": "ACTIVE",
            "time_created": "2026-02-27 12:26:31.296 +0000 UTC",
            "timeouts": null
          },
          "sensitive_attributes": [],
          "private": "eyJlMmJmYjczMC1lY2FhLTExZTYtOGY4OC0zNDM2M2JjN2M0YzAiOnsiZGVsZXRlIjo1NDAwMDAwMDAwMDAwfX0=",
          "dependencies": [
            "data.github_repository_file.configurations",
            "data.github_repository_file.dependencies",
            "data.github_repository_file.url_dependencies",
            "data.http.configurations",
            "data.oci_objectstorage_namespace.this",
            "data.oci_objectstorage_object.configurations",
            "data.oci_objectstorage_object.dependencies",
            "data.oci_objectstorage_object.url_dependencies",
            "module.oci_lz_orchestrator.data.oci_identity_regions.these",
            "module.oci_lz_orchestrator.data.oci_identity_tenancy.this",
            "module.oci_lz_orchestrator.module.oci_lz_compartments.oci_identity_compartment.level_2",
            "module.oci_lz_orchestrator.module.oci_lz_compartments.oci_identity_compartment.level_3",
            "module.oci_lz_orchestrator.module.oci_lz_compartments.oci_identity_compartment.these"
          ],
          "create_before_destroy": true
        },
        {
          "index_key": "CMP-LZ-CDINSS-PROD-PLATFORM-KEY",
          "schema_version": 0,
          "attributes": {
            "compartment_id": "ocid1.compartment.oc19..aaaaaaaadnwmhsflikywkbw737p4fiqev5kb3nyou2fuefrkblart5yqph6a",
            "defined_tags": {
              "Oracle-Tags.CreatedBy": "default/jorge.e.torlaschi@accenture.com",
              "Oracle-Tags.CreatedOn": "2026-02-27T12:26:31.844Z"
            },
            "description": "Production Workload Environment, Common Platform Compartment",
            "enable_delete": true,
            "freeform_tags": {
              "ocilz-terraform-module": "iam-compartments/0.3.3\n"
            },
            "id": "ocid1.compartment.oc19..aaaaaaaag2mh2cnqqjavc3loq526ujrbhowoay62h7phexdkwpi5htg7ns4a",
            "inactive_state": null,
            "is_accessible": true,
            "name": "o-p-om2-cmp-cdin-platform-001",
            "state": "ACTIVE",
            "time_created": "2026-02-27 12:26:31.846 +0000 UTC",
            "timeouts": null
          },
          "sensitive_attributes": [],
          "private": "eyJlMmJmYjczMC1lY2FhLTExZTYtOGY4OC0zNDM2M2JjN2M0YzAiOnsiZGVsZXRlIjo1NDAwMDAwMDAwMDAwfX0=",
          "dependencies": [
            "data.github_repository_file.configurations",
            "data.github_repository_file.dependencies",
            "data.github_repository_file.url_dependencies",
            "data.http.configurations",
            "data.oci_objectstorage_namespace.this",
            "data.oci_objectstorage_object.configurations",
            "data.oci_objectstorage_object.dependencies",
            "data.oci_objectstorage_object.url_dependencies",
            "module.oci_lz_orchestrator.data.oci_identity_regions.these",
            "module.oci_lz_orchestrator.data.oci_identity_tenancy.this",
            "module.oci_lz_orchestrator.module.oci_lz_compartments.oci_identity_compartment.level_2",
            "module.oci_lz_orchestrator.module.oci_lz_compartments.oci_identity_compartment.level_3",
            "module.oci_lz_orchestrator.module.oci_lz_compartments.oci_identity_compartment.these"
          ],
          "create_before_destroy": true
        },
        {
          "index_key": "CMP-LZ-CDINSS-PROD-PROJECTS-KEY",
          "schema_version": 0,
          "attributes": {
            "compartment_id": "ocid1.compartment.oc19..aaaaaaaadnwmhsflikywkbw737p4fiqev5kb3nyou2fuefrkblart5yqph6a",
            "defined_tags": {
              "Oracle-Tags.CreatedBy": "default/jorge.e.torlaschi@accenture.com",
              "Oracle-Tags.CreatedOn": "2026-02-27T12:26:31.937Z"
            },
            "description": "Production Workload Environment, Common Projects Compartment",
            "enable_delete": true,
            "freeform_tags": {
              "ocilz-terraform-module": "iam-compartments/0.3.3\n"
            },
            "id": "ocid1.compartment.oc19..aaaaaaaapga7o2t3iwg4ceab3xytvtuxewaxbwyarcjjbfi3qnozrvtwmbja",
            "inactive_state": null,
            "is_accessible": true,
            "name": "o-p-om2-cmp-cdin-projects-001",
            "state": "ACTIVE",
            "time_created": "2026-02-27 12:26:31.939 +0000 UTC",
            "timeouts": null
          },
          "sensitive_attributes": [],
          "private": "eyJlMmJmYjczMC1lY2FhLTExZTYtOGY4OC0zNDM2M2JjN2M0YzAiOnsiZGVsZXRlIjo1NDAwMDAwMDAwMDAwfX0=",
          "dependencies": [
            "data.github_repository_file.configurations",
            "data.github_repository_file.dependencies",
            "data.github_repository_file.url_dependencies",
            "data.http.configurations",
            "data.oci_objectstorage_namespace.this",
            "data.oci_objectstorage_object.configurations",
            "data.oci_objectstorage_object.dependencies",
            "data.oci_objectstorage_object.url_dependencies",
            "module.oci_lz_orchestrator.data.oci_identity_regions.these",
            "module.oci_lz_orchestrator.data.oci_identity_tenancy.this",
            "module.oci_lz_orchestrator.module.oci_lz_compartments.oci_identity_compartment.level_2",
            "module.oci_lz_orchestrator.module.oci_lz_compartments.oci_identity_compartment.level_3",
            "module.oci_lz_orchestrator.module.oci_lz_compartments.oci_identity_compartment.these"
          ],
          "create_before_destroy": true
        },
        {
          "index_key": "CMP-LZ-CDINSS-PROD-SECURITY-KEY",
          "schema_version": 0,
          "attributes": {
            "compartment_id": "ocid1.compartment.oc19..aaaaaaaadnwmhsflikywkbw737p4fiqev5kb3nyou2fuefrkblart5yqph6a",
            "defined_tags": {
              "Oracle-Tags.CreatedBy": "default/jorge.e.torlaschi@accenture.com",
              "Oracle-Tags.CreatedOn": "2026-02-27T12:26:31.581Z",
              "o-p-om2-tagns-name-001.o-p-om2-tag-role-001": "o-p-om2-tag-role-security-001"
            },
            "description": "Production Workload Environment, Common Security Compartment",
            "enable_delete": true,
            "freeform_tags": {
              "ocilz-terraform-module": "iam-compartments/0.3.3\n"
            },
            "id": "ocid1.compartment.oc19..aaaaaaaa6vzu5nvsq6b4uolta7balhrasnw5g24ftjxo34ctsmzs557dtfzq",
            "inactive_state": null,
            "is_accessible": true,
            "name": "o-p-om2-cmp-cdin-security-001",
            "state": "ACTIVE",
            "time_created": "2026-02-27 12:26:31.584 +0000 UTC",
            "timeouts": null
          },
          "sensitive_attributes": [],
          "private": "eyJlMmJmYjczMC1lY2FhLTExZTYtOGY4OC0zNDM2M2JjN2M0YzAiOnsiZGVsZXRlIjo1NDAwMDAwMDAwMDAwfX0=",
          "dependencies": [
            "data.github_repository_file.configurations",
            "data.github_repository_file.dependencies",
            "data.github_repository_file.url_dependencies",
            "data.http.configurations",
            "data.oci_objectstorage_namespace.this",
            "data.oci_objectstorage_object.configurations",
            "data.oci_objectstorage_object.dependencies",
            "data.oci_objectstorage_object.url_dependencies",
            "module.oci_lz_orchestrator.data.oci_identity_regions.these",
            "module.oci_lz_orchestrator.data.oci_identity_tenancy.this",
            "module.oci_lz_orchestrator.module.oci_lz_compartments.oci_identity_compartment.level_2",
            "module.oci_lz_orchestrator.module.oci_lz_compartments.oci_identity_compartment.level_3",
            "module.oci_lz_orchestrator.module.oci_lz_compartments.oci_identity_compartment.these"
          ],
          "create_before_destroy": true
        },
        {
          "index_key": "CMP-LZ-EXACS-DB-KEY",
          "schema_version": 0,
          "attributes": {
            "compartment_id": "ocid1.compartment.oc19..aaaaaaaa6hytt3sw5hlhehht6oxhay66t3ukkbwiwh6sy2odfgs7ir6m4xua",
            "defined_tags": {
              "Oracle-Tags.CreatedBy": "default/jorge.e.torlaschi@accenture.com",
              "Oracle-Tags.CreatedOn": "2026-02-27T12:26:30.217Z",
              "o-p-om2-tagns-name-001.o-p-om2-tag-role-001": "o-p-om2-tag-role-exadb-001"
            },
            "description": "Shared exacs Platform, db compartment",
            "enable_delete": true,
            "freeform_tags": {
              "ocilz-terraform-module": "iam-compartments/0.3.3\n"
            },
            "id": "ocid1.compartment.oc19..aaaaaaaa6zzvt2ubsvxdevbhw3zwwxqockofqolvbyid2w5ee54sp7vqdeoa",
            "inactive_state": null,
            "is_accessible": true,
            "name": "o-p-om2-cmp-exacsdb-001",
            "state": "ACTIVE",
            "time_created": "2026-02-27 12:26:30.334 +0000 UTC",
            "timeouts": null
          },
          "sensitive_attributes": [],
          "private": "eyJlMmJmYjczMC1lY2FhLTExZTYtOGY4OC0zNDM2M2JjN2M0YzAiOnsiZGVsZXRlIjo1NDAwMDAwMDAwMDAwfX0=",
          "dependencies": [
            "data.github_repository_file.configurations",
            "data.github_repository_file.dependencies",
            "data.github_repository_file.url_dependencies",
            "data.http.configurations",
            "data.oci_objectstorage_namespace.this",
            "data.oci_objectstorage_object.configurations",
            "data.oci_objectstorage_object.dependencies",
            "data.oci_objectstorage_object.url_dependencies",
            "module.oci_lz_orchestrator.data.oci_identity_regions.these",
            "module.oci_lz_orchestrator.data.oci_identity_tenancy.this",
            "module.oci_lz_orchestrator.module.oci_lz_compartments.oci_identity_compartment.level_2",
            "module.oci_lz_orchestrator.module.oci_lz_compartments.oci_identity_compartment.level_3",
            "module.oci_lz_orchestrator.module.oci_lz_compartments.oci_identity_compartment.these"
          ],
          "create_before_destroy": true
        },
        {
          "index_key": "CMP-LZ-EXACS-INFRA-KEY",
          "schema_version": 0,
          "attributes": {
            "compartment_id": "ocid1.compartment.oc19..aaaaaaaa6hytt3sw5hlhehht6oxhay66t3ukkbwiwh6sy2odfgs7ir6m4xua",
            "defined_tags": {
              "Oracle-Tags.CreatedBy": "default/jorge.e.torlaschi@accenture.com",
              "Oracle-Tags.CreatedOn": "2026-02-27T12:26:32.050Z",
              "o-p-om2-tagns-name-001.o-p-om2-tag-role-001": "o-p-om2-tag-role-exainfra-001"
            },
            "description": "Shared exacs Platform, infra compartment",
            "enable_delete": true,
            "freeform_tags": {
              "ocilz-terraform-module": "iam-compartments/0.3.3\n"
            },
            "id": "ocid1.compartment.oc19..aaaaaaaajkhv34xzh5qvfqm2frwkqu3iv5r7azvolhvwahje5geg73qdywza",
            "inactive_state": null,
            "is_accessible": true,
            "name": "o-p-om2-cmp-exacsinfra-001",
            "state": "ACTIVE",
            "time_created": "2026-02-27 12:26:32.053 +0000 UTC",
            "timeouts": null
          },
          "sensitive_attributes": [],
          "private": "eyJlMmJmYjczMC1lY2FhLTExZTYtOGY4OC0zNDM2M2JjN2M0YzAiOnsiZGVsZXRlIjo1NDAwMDAwMDAwMDAwfX0=",
          "dependencies": [
            "data.github_repository_file.configurations",
            "data.github_repository_file.dependencies",
            "data.github_repository_file.url_dependencies",
            "data.http.configurations",
            "data.oci_objectstorage_namespace.this",
            "data.oci_objectstorage_object.configurations",
            "data.oci_objectstorage_object.dependencies",
            "data.oci_objectstorage_object.url_dependencies",
            "module.oci_lz_orchestrator.data.oci_identity_regions.these",
            "module.oci_lz_orchestrator.data.oci_identity_tenancy.this",
            "module.oci_lz_orchestrator.module.oci_lz_compartments.oci_identity_compartment.level_2",
            "module.oci_lz_orchestrator.module.oci_lz_compartments.oci_identity_compartment.level_3",
            "module.oci_lz_orchestrator.module.oci_lz_compartments.oci_identity_compartment.these"
          ],
          "create_before_destroy": true
        }
      ]
    },
    {
      "module": "module.oci_lz_orchestrator.module.oci_lz_compartments[0]",
      "mode": "managed",
      "type": "oci_identity_compartment",
      "name": "these",
      "provider": "module.oci_lz_orchestrator.provider[\"registry.terraform.io/oracle/oci\"].home",
      "instances": [
        {
          "index_key": "CMP-LANDINGZONE-KEY",
          "schema_version": 0,
          "attributes": {
            "compartment_id": "ocid1.tenancy.oc19..aaaaaaaa4ftkyx3ao73kndo3mbltj6gtbf27mxbgpu65a33ipgo2wqyj4zba",
            "defined_tags": {
              "Oracle-Tags.CreatedBy": "default/jorge.e.torlaschi@accenture.com",
              "Oracle-Tags.CreatedOn": "2026-02-27T12:25:28.758Z"
            },
            "description": "Enclosing Production Landing Zone Compartment",
            "enable_delete": true,
            "freeform_tags": {
              "ocilz-terraform-module": "iam-compartments/0.3.3\n"
            },
            "id": "ocid1.compartment.oc19..aaaaaaaay3khgdz6euxlks7pja7uxv6d4czkxlp75ynqgyjkrjylf3tgsubq",
            "inactive_state": null,
            "is_accessible": true,
            "name": "o-p-om2-cmp-land-001",
            "state": "ACTIVE",
            "time_created": "2026-02-27 12:25:28.769 +0000 UTC",
            "timeouts": null
          },
          "sensitive_attributes": [],
          "private": "eyJlMmJmYjczMC1lY2FhLTExZTYtOGY4OC0zNDM2M2JjN2M0YzAiOnsiZGVsZXRlIjo1NDAwMDAwMDAwMDAwfX0=",
          "dependencies": [
            "data.github_repository_file.configurations",
            "data.github_repository_file.dependencies",
            "data.github_repository_file.url_dependencies",
            "data.http.configurations",
            "data.oci_objectstorage_namespace.this",
            "data.oci_objectstorage_object.configurations",
            "data.oci_objectstorage_object.dependencies",
            "data.oci_objectstorage_object.url_dependencies",
            "module.oci_lz_orchestrator.data.oci_identity_regions.these",
            "module.oci_lz_orchestrator.data.oci_identity_tenancy.this"
          ],
          "create_before_destroy": true
        }
      ]
    },
    {
      "module": "module.oci_lz_orchestrator.module.oci_lz_identity_domains[0]",
      "mode": "data",
      "type": "oci_identity_domain",
      "name": "grp_domain",
      "provider": "module.oci_lz_orchestrator.provider[\"registry.terraform.io/oracle/oci\"].home",
      "instances": [
        {
          "index_key": "GRP-AUDITORS-ADMIN-KEY",
          "schema_version": 0,
          "attributes": {
            "admin_email": null,
            "admin_first_name": null,
            "admin_last_name": null,
            "admin_user_name": null,
            "compartment_id": null,
            "defined_tags": null,
            "description": null,
            "display_name": null,
            "domain_id": null,
            "freeform_tags": null,
            "home_region": null,
            "home_region_url": null,
            "id": null,
            "is_hidden_on_login": null,
            "is_notification_bypassed": null,
            "is_primary_email_required": null,
            "license_type": null,
            "lifecycle_details": null,
            "replica_regions": null,
            "state": null,
            "time_created": null,
            "type": null,
            "url": null
          },
          "sensitive_attributes": []
        },
        {
          "index_key": "GRP-COST-ADMIN-KEY",
          "schema_version": 0,
          "attributes": {
            "admin_email": null,
            "admin_first_name": null,
            "admin_last_name": null,
            "admin_user_name": null,
            "compartment_id": null,
            "defined_tags": null,
            "description": null,
            "display_name": null,
            "domain_id": null,
            "freeform_tags": null,
            "home_region": null,
            "home_region_url": null,
            "id": null,
            "is_hidden_on_login": null,
            "is_notification_bypassed": null,
            "is_primary_email_required": null,
            "license_type": null,
            "lifecycle_details": null,
            "replica_regions": null,
            "state": null,
            "time_created": null,
            "type": null,
            "url": null
          },
          "sensitive_attributes": []
        },
        {
          "index_key": "GRP-GLOBALSERV-ADMIN-KEY",
          "schema_version": 0,
          "attributes": {
            "admin_email": null,
            "admin_first_name": null,
            "admin_last_name": null,
            "admin_user_name": null,
            "compartment_id": null,
            "defined_tags": null,
            "description": null,
            "display_name": null,
            "domain_id": null,
            "freeform_tags": null,
            "home_region": null,
            "home_region_url": null,
            "id": null,
            "is_hidden_on_login": null,
            "is_notification_bypassed": null,
            "is_primary_email_required": null,
            "license_type": null,
            "lifecycle_details": null,
            "replica_regions": null,
            "state": null,
            "time_created": null,
            "type": null,
            "url": null
          },
          "sensitive_attributes": []
        },
        {
          "index_key": "GRP-IAM-ADMIN-KEY",
          "schema_version": 0,
          "attributes": {
            "admin_email": null,
            "admin_first_name": null,
            "admin_last_name": null,
            "admin_user_name": null,
            "compartment_id": null,
            "defined_tags": null,
            "description": null,
            "display_name": null,
            "domain_id": null,
            "freeform_tags": null,
            "home_region": null,
            "home_region_url": null,
            "id": null,
            "is_hidden_on_login": null,
            "is_notification_bypassed": null,
            "is_primary_email_required": null,
            "license_type": null,
            "lifecycle_details": null,
            "replica_regions": null,
            "state": null,
            "time_created": null,
            "type": null,
            "url": null
          },
          "sensitive_attributes": []
        },
        {
          "index_key": "GRP-LZ-DB-ADMINS",
          "schema_version": 0,
          "attributes": {
            "admin_email": null,
            "admin_first_name": null,
            "admin_last_name": null,
            "admin_user_name": null,
            "compartment_id": null,
            "defined_tags": null,
            "description": null,
            "display_name": null,
            "domain_id": null,
            "freeform_tags": null,
            "home_region": null,
            "home_region_url": null,
            "id": null,
            "is_hidden_on_login": null,
            "is_notification_bypassed": null,
            "is_primary_email_required": null,
            "license_type": null,
            "lifecycle_details": null,
            "replica_regions": null,
            "state": null,
            "time_created": null,
            "type": null,
            "url": null
          },
          "sensitive_attributes": []
        },
        {
          "index_key": "GRP-LZ-INFRA-ADMINS",
          "schema_version": 0,
          "attributes": {
            "admin_email": null,
            "admin_first_name": null,
            "admin_last_name": null,
            "admin_user_name": null,
            "compartment_id": null,
            "defined_tags": null,
            "description": null,
            "display_name": null,
            "domain_id": null,
            "freeform_tags": null,
            "home_region": null,
            "home_region_url": null,
            "id": null,
            "is_hidden_on_login": null,
            "is_notification_bypassed": null,
            "is_primary_email_required": null,
            "license_type": null,
            "lifecycle_details": null,
            "replica_regions": null,
            "state": null,
            "time_created": null,
            "type": null,
            "url": null
          },
          "sensitive_attributes": []
        },
        {
          "index_key": "GRP-NETWORK-ADMIN-KEY",
          "schema_version": 0,
          "attributes": {
            "admin_email": null,
            "admin_first_name": null,
            "admin_last_name": null,
            "admin_user_name": null,
            "compartment_id": null,
            "defined_tags": null,
            "description": null,
            "display_name": null,
            "domain_id": null,
            "freeform_tags": null,
            "home_region": null,
            "home_region_url": null,
            "id": null,
            "is_hidden_on_login": null,
            "is_notification_bypassed": null,
            "is_primary_email_required": null,
            "license_type": null,
            "lifecycle_details": null,
            "replica_regions": null,
            "state": null,
            "time_created": null,
            "type": null,
            "url": null
          },
          "sensitive_attributes": []
        },
        {
          "index_key": "GRP-SECURITY-ADMIN-KEY",
          "schema_version": 0,
          "attributes": {
            "admin_email": null,
            "admin_first_name": null,
            "admin_last_name": null,
            "admin_user_name": null,
            "compartment_id": null,
            "defined_tags": null,
            "description": null,
            "display_name": null,
            "domain_id": null,
            "freeform_tags": null,
            "home_region": null,
            "home_region_url": null,
            "id": null,
            "is_hidden_on_login": null,
            "is_notification_bypassed": null,
            "is_primary_email_required": null,
            "license_type": null,
            "lifecycle_details": null,
            "replica_regions": null,
            "state": null,
            "time_created": null,
            "type": null,
            "url": null
          },
          "sensitive_attributes": []
        }
      ]
    },
    {
      "module": "module.oci_lz_orchestrator.module.oci_lz_identity_domains[0]",
      "mode": "data",
      "type": "oci_identity_region_subscriptions",
      "name": "this",
      "provider": "module.oci_lz_orchestrator.provider[\"registry.terraform.io/oracle/oci\"].home",
      "instances": [
        {
          "schema_version": 0,
          "attributes": {
            "filter": null,
            "id": "IdentityRegionSubscriptionsDataSource-1032845147",
            "region_subscriptions": [
              {
                "is_home_region": true,
                "region_key": "VLL",
                "region_name": "eu-madrid-2",
                "state": "READY",
                "tenancy_id": ""
              }
            ],
            "tenancy_id": "ocid1.tenancy.oc19..aaaaaaaa4ftkyx3ao73kndo3mbltj6gtbf27mxbgpu65a33ipgo2wqyj4zba"
          },
          "sensitive_attributes": []
        }
      ]
    },
    {
      "module": "module.oci_lz_orchestrator.module.oci_lz_identity_domains[0]",
      "mode": "data",
      "type": "oci_identity_regions",
      "name": "these",
      "provider": "module.oci_lz_orchestrator.provider[\"registry.terraform.io/oracle/oci\"].home",
      "instances": [
        {
          "schema_version": 0,
          "attributes": {
            "filter": null,
            "id": "IdentityRegionsDataSource-0",
            "regions": [
              {
                "key": "STR",
                "name": "eu-frankfurt-2"
              },
              {
                "key": "VLL",
                "name": "eu-madrid-2"
              }
            ]
          },
          "sensitive_attributes": []
        }
      ]
    },
    {
      "module": "module.oci_lz_orchestrator.module.oci_lz_identity_domains[0]",
      "mode": "data",
      "type": "oci_identity_tenancy",
      "name": "this",
      "provider": "module.oci_lz_orchestrator.provider[\"registry.terraform.io/oracle/oci\"].home",
      "instances": [
        {
          "schema_version": 0,
          "attributes": {
            "defined_tags": {},
            "description": "TENLS-6209",
            "freeform_tags": {},
            "home_region_key": "VLL",
            "id": "ocid1.tenancy.oc19..aaaaaaaa4ftkyx3ao73kndo3mbltj6gtbf27mxbgpu65a33ipgo2wqyj4zba",
            "name": "seguridadsocial",
            "tenancy_id": "ocid1.tenancy.oc19..aaaaaaaa4ftkyx3ao73kndo3mbltj6gtbf27mxbgpu65a33ipgo2wqyj4zba",
            "upi_idcs_compatibility_layer_endpoint": null
          },
          "sensitive_attributes": []
        }
      ]
    },
    {
      "module": "module.oci_lz_orchestrator.module.oci_lz_identity_domains[0]",
      "mode": "managed",
      "type": "oci_identity_domain",
      "name": "these",
      "provider": "module.oci_lz_orchestrator.provider[\"registry.terraform.io/oracle/oci\"].home",
      "instances": [
        {
          "index_key": "COMMON-DOMAIN",
          "schema_version": 0,
          "attributes": {
            "admin_email": null,
            "admin_first_name": null,
            "admin_last_name": null,
            "admin_user_name": null,
            "compartment_id": "ocid1.tenancy.oc19..aaaaaaaa4ftkyx3ao73kndo3mbltj6gtbf27mxbgpu65a33ipgo2wqyj4zba",
            "defined_tags": {
              "Oracle-Tags.CreatedBy": "default/jorge.e.torlaschi@accenture.com",
              "Oracle-Tags.CreatedOn": "2026-02-27T12:26:54.977Z"
            },
            "description": "One-OE LZ common Identity Domain",
            "display_name": "o-p-om2-id-common-001",
            "freeform_tags": {
              "ocilz-terraform-module": "iam-identity-domains/0.3.3\n"
            },
            "home_region": "eu-madrid-2",
            "home_region_url": "https://idcs-c7663bed225442979666084375b24424.eu-madrid-idcs-2.identity.eu-madrid-2.oci.oraclecloud.eu:443",
            "id": "ocid1.domain.oc19..aaaaaaaa2ywz7d44io4o6ok3haiem46yfofbtg2fea4ladbarkfg3qwwbcqa",
            "is_hidden_on_login": false,
            "is_notification_bypassed": false,
            "is_primary_email_required": false,
            "license_type": "free",
            "lifecycle_details": "",
            "replica_regions": [],
            "state": "ACTIVE",
            "time_created": "2026-02-27 12:26:55.223 +0000 UTC",
            "timeouts": null,
            "type": "SECONDARY",
            "url": "https://idcs-c7663bed225442979666084375b24424.eu-madrid-idcs-2.identity.oci.oraclecloud.eu:443"
          },
          "sensitive_attributes": [],
          "private": "eyJlMmJmYjczMC1lY2FhLTExZTYtOGY4OC0zNDM2M2JjN2M0YzAiOnsiY3JlYXRlIjoxMjAwMDAwMDAwMDAwLCJkZWxldGUiOjEyMDAwMDAwMDAwMDAsInVwZGF0ZSI6MTIwMDAwMDAwMDAwMH19",
          "dependencies": [
            "data.github_repository_file.configurations",
            "data.github_repository_file.dependencies",
            "data.github_repository_file.url_dependencies",
            "data.http.configurations",
            "data.oci_objectstorage_namespace.this",
            "data.oci_objectstorage_object.configurations",
            "data.oci_objectstorage_object.dependencies",
            "data.oci_objectstorage_object.url_dependencies",
            "module.oci_lz_orchestrator.data.oci_identity_regions.these",
            "module.oci_lz_orchestrator.data.oci_identity_tenancy.this",
            "module.oci_lz_orchestrator.module.oci_lz_compartments.oci_identity_compartment.level_2",
            "module.oci_lz_orchestrator.module.oci_lz_compartments.oci_identity_compartment.level_3",
            "module.oci_lz_orchestrator.module.oci_lz_compartments.oci_identity_compartment.level_4",
            "module.oci_lz_orchestrator.module.oci_lz_compartments.oci_identity_compartment.level_5",
            "module.oci_lz_orchestrator.module.oci_lz_compartments.oci_identity_compartment.level_6",
            "module.oci_lz_orchestrator.module.oci_lz_compartments.oci_identity_compartment.these",
            "module.oci_lz_orchestrator.module.oci_lz_compartments.oci_identity_tag_default.these",
            "module.oci_lz_orchestrator.module.oci_lz_identity_domains.data.oci_identity_regions.these",
            "module.oci_lz_orchestrator.module.oci_lz_identity_domains.data.oci_identity_tenancy.this",
            "module.oci_lz_orchestrator.module.oci_lz_tags.data.oci_identity_tag.default_created_by",
            "module.oci_lz_orchestrator.module.oci_lz_tags.data.oci_identity_tag.default_created_on",
            "module.oci_lz_orchestrator.module.oci_lz_tags.data.oci_identity_tag_namespaces.oracle_default",
            "module.oci_lz_orchestrator.module.oci_lz_tags.oci_identity_tag.these",
            "module.oci_lz_orchestrator.module.oci_lz_tags.oci_identity_tag_default.these",
            "module.oci_lz_orchestrator.module.oci_lz_tags.oci_identity_tag_namespace.these"
          ]
        }
      ]
    },
    {
      "module": "module.oci_lz_orchestrator.module.oci_lz_identity_domains[0]",
      "mode": "managed",
      "type": "oci_identity_domains_group",
      "name": "these",
      "provider": "module.oci_lz_orchestrator.provider[\"registry.terraform.io/oracle/oci\"].home",
      "instances": [
        {
          "index_key": "GRP-AUDITORS-ADMIN-KEY",
          "schema_version": 0,
          "attributes": {
            "attribute_sets": null,
            "attributes": null,
            "authorization": null,
            "compartment_ocid": "ocid1.tenancy.oc19..aaaaaaaa4ftkyx3ao73kndo3mbltj6gtbf27mxbgpu65a33ipgo2wqyj4zba",
            "delete_in_progress": null,
            "display_name": "o-p-om2-grp-admi-auditors-001",
            "domain_ocid": "ocid1.domain.oc19..aaaaaaaa2ywz7d44io4o6ok3haiem46yfofbtg2fea4ladbarkfg3qwwbcqa",
            "external_id": null,
            "force_delete": null,
            "id": "309be67af6af4fd7a6849cf68049e41b",
            "idcs_created_by": [
              {
                "display": "Jorge torlaschi",
                "ocid": "ocid1.user.oc19..aaaaaaaa5ccj642agovx5r4ag2efhpd5tak66j7s3dtoogvne4d2fxwcgfrq",
                "ref": "https://idcs-c7663bed225442979666084375b24424.eu-madrid-idcs-2.identity.oci.oraclecloud.eu:443/admin/v1/Users/bd17c9849edd447bbacd840ac616d92a",
                "type": "User",
                "value": "bd17c9849edd447bbacd840ac616d92a"
              }
            ],
            "idcs_endpoint": "https://idcs-c7663bed225442979666084375b24424.eu-madrid-idcs-2.identity.oci.oraclecloud.eu:443",
            "idcs_last_modified_by": [
              {
                "display": "Jorge torlaschi",
                "ocid": "ocid1.user.oc19..aaaaaaaa5ccj642agovx5r4ag2efhpd5tak66j7s3dtoogvne4d2fxwcgfrq",
                "ref": "https://idcs-c7663bed225442979666084375b24424.eu-madrid-idcs-2.identity.oci.oraclecloud.eu:443/admin/v1/Users/bd17c9849edd447bbacd840ac616d92a",
                "type": "User",
                "value": "bd17c9849edd447bbacd840ac616d92a"
              }
            ],
            "idcs_last_upgraded_in_release": null,
            "idcs_prevented_operations": [],
            "members": [],
            "meta": [
              {
                "created": "2026-02-27T12:27:18.200Z",
                "last_modified": "2026-02-27T12:33:55.021Z",
                "location": "https://idcs-c7663bed225442979666084375b24424.eu-madrid-idcs-2.identity.oci.oraclecloud.eu:443/admin/v1/Groups/309be67af6af4fd7a6849cf68049e41b",
                "resource_type": "Group",
                "version": "28bd1089e05d41e2ac229064ddab24f8"
              }
            ],
            "non_unique_display_name": null,
            "ocid": "ocid1.group.oc19..aaaaaaaazz3syrgod5ddh5nl6rkly3sjggavktxsizvc6slsobr7tyy7twpq",
            "resource_type_schema_version": null,
            "schemas": [
              "urn:ietf:params:scim:schemas:core:2.0:Group",
              "urn:ietf:params:scim:schemas:oracle:idcs:extension:dynamic:Group",
              "urn:ietf:params:scim:schemas:oracle:idcs:extension:OCITags",
              "urn:ietf:params:scim:schemas:oracle:idcs:extension:group:Group"
            ],
            "tags": [],
            "tenancy_ocid": "ocid1.tenancy.oc19..aaaaaaaa4ftkyx3ao73kndo3mbltj6gtbf27mxbgpu65a33ipgo2wqyj4zba",
            "timeouts": null,
            "urnietfparamsscimschemasoracleidcsextension_oci_tags": [
              {
                "defined_tags": [
                  {
                    "key": "CreatedBy",
                    "namespace": "Oracle-Tags",
                    "value": "default/jorge.e.torlaschi@accenture.com"
                  },
                  {
                    "key": "CreatedOn",
                    "namespace": "Oracle-Tags",
                    "value": "2026-02-27T12:27:18.175Z"
                  }
                ],
                "freeform_tags": [
                  {
                    "key": "ocilz-terraform-module",
                    "value": "iam-identity-domains/0.3.3"
                  }
                ],
                "tag_slug": ""
              }
            ],
            "urnietfparamsscimschemasoracleidcsextensiondbcs_group": [],
            "urnietfparamsscimschemasoracleidcsextensiondynamic_group": [
              {
                "membership_rule": "",
                "membership_type": "static"
              }
            ],
            "urnietfparamsscimschemasoracleidcsextensiongroup_group": [
              {
                "app_roles": [],
                "creation_mechanism": "",
                "description": "Tenancy global read access group(for security auditing or health checks).",
                "grants": [],
                "owners": [],
                "password_policy": [],
                "synced_from_app": []
              }
            ],
            "urnietfparamsscimschemasoracleidcsextensionposix_group": [],
            "urnietfparamsscimschemasoracleidcsextensionrequestable_group": []
          },
          "sensitive_attributes": [],
          "private": "eyJlMmJmYjczMC1lY2FhLTExZTYtOGY4OC0zNDM2M2JjN2M0YzAiOnsiY3JlYXRlIjoxMjAwMDAwMDAwMDAwLCJkZWxldGUiOjEyMDAwMDAwMDAwMDAsInVwZGF0ZSI6MTIwMDAwMDAwMDAwMH19",
          "dependencies": [
            "data.github_repository_file.configurations",
            "data.http.configurations",
            "data.oci_objectstorage_object.configurations",
            "module.oci_lz_orchestrator.data.oci_identity_regions.these",
            "module.oci_lz_orchestrator.data.oci_identity_tenancy.this",
            "module.oci_lz_orchestrator.module.oci_lz_identity_domains.data.oci_identity_domain.grp_domain",
            "module.oci_lz_orchestrator.module.oci_lz_identity_domains.data.oci_identity_domains_users.these",
            "module.oci_lz_orchestrator.module.oci_lz_identity_domains.oci_identity_domain.these"
          ]
        },
        {
          "index_key": "GRP-COST-ADMIN-KEY",
          "schema_version": 0,
          "attributes": {
            "attribute_sets": null,
            "attributes": null,
            "authorization": null,
            "compartment_ocid": "ocid1.tenancy.oc19..aaaaaaaa4ftkyx3ao73kndo3mbltj6gtbf27mxbgpu65a33ipgo2wqyj4zba",
            "delete_in_progress": null,
            "display_name": "o-p-om2-grp-admi-costs-001",
            "domain_ocid": "ocid1.domain.oc19..aaaaaaaa2ywz7d44io4o6ok3haiem46yfofbtg2fea4ladbarkfg3qwwbcqa",
            "external_id": null,
            "force_delete": null,
            "id": "61b5c148f767459eb36c316685dfacc6",
            "idcs_created_by": [
              {
                "display": "Jorge torlaschi",
                "ocid": "ocid1.user.oc19..aaaaaaaa5ccj642agovx5r4ag2efhpd5tak66j7s3dtoogvne4d2fxwcgfrq",
                "ref": "https://idcs-c7663bed225442979666084375b24424.eu-madrid-idcs-2.identity.oci.oraclecloud.eu:443/admin/v1/Users/bd17c9849edd447bbacd840ac616d92a",
                "type": "User",
                "value": "bd17c9849edd447bbacd840ac616d92a"
              }
            ],
            "idcs_endpoint": "https://idcs-c7663bed225442979666084375b24424.eu-madrid-idcs-2.identity.oci.oraclecloud.eu:443",
            "idcs_last_modified_by": [
              {
                "display": "Jorge torlaschi",
                "ocid": "ocid1.user.oc19..aaaaaaaa5ccj642agovx5r4ag2efhpd5tak66j7s3dtoogvne4d2fxwcgfrq",
                "ref": "https://idcs-c7663bed225442979666084375b24424.eu-madrid-idcs-2.identity.oci.oraclecloud.eu:443/admin/v1/Users/bd17c9849edd447bbacd840ac616d92a",
                "type": "User",
                "value": "bd17c9849edd447bbacd840ac616d92a"
              }
            ],
            "idcs_last_upgraded_in_release": null,
            "idcs_prevented_operations": [],
            "members": [],
            "meta": [
              {
                "created": "2026-02-27T12:27:18.209Z",
                "last_modified": "2026-02-27T12:33:55.040Z",
                "location": "https://idcs-c7663bed225442979666084375b24424.eu-madrid-idcs-2.identity.oci.oraclecloud.eu:443/admin/v1/Groups/61b5c148f767459eb36c316685dfacc6",
                "resource_type": "Group",
                "version": "48377512408343878daaf5b3bc743fa4"
              }
            ],
            "non_unique_display_name": null,
            "ocid": "ocid1.group.oc19..aaaaaaaasmgf5htb33ioit2exxajwluvuv4jexievp2otbvvfozwiwrobipq",
            "resource_type_schema_version": null,
            "schemas": [
              "urn:ietf:params:scim:schemas:core:2.0:Group",
              "urn:ietf:params:scim:schemas:oracle:idcs:extension:dynamic:Group",
              "urn:ietf:params:scim:schemas:oracle:idcs:extension:OCITags",
              "urn:ietf:params:scim:schemas:oracle:idcs:extension:group:Group"
            ],
            "tags": [],
            "tenancy_ocid": "ocid1.tenancy.oc19..aaaaaaaa4ftkyx3ao73kndo3mbltj6gtbf27mxbgpu65a33ipgo2wqyj4zba",
            "timeouts": null,
            "urnietfparamsscimschemasoracleidcsextension_oci_tags": [
              {
                "defined_tags": [
                  {
                    "key": "CreatedBy",
                    "namespace": "Oracle-Tags",
                    "value": "default/jorge.e.torlaschi@accenture.com"
                  },
                  {
                    "key": "CreatedOn",
                    "namespace": "Oracle-Tags",
                    "value": "2026-02-27T12:27:18.180Z"
                  }
                ],
                "freeform_tags": [
                  {
                    "key": "ocilz-terraform-module",
                    "value": "iam-identity-domains/0.3.3"
                  }
                ],
                "tag_slug": ""
              }
            ],
            "urnietfparamsscimschemasoracleidcsextensiondbcs_group": [],
            "urnietfparamsscimschemasoracleidcsextensiondynamic_group": [
              {
                "membership_rule": "",
                "membership_type": "static"
              }
            ],
            "urnietfparamsscimschemasoracleidcsextensiongroup_group": [
              {
                "app_roles": [],
                "creation_mechanism": "",
                "description": "Tenancy global cost control group.",
                "grants": [],
                "owners": [],
                "password_policy": [],
                "synced_from_app": []
              }
            ],
            "urnietfparamsscimschemasoracleidcsextensionposix_group": [],
            "urnietfparamsscimschemasoracleidcsextensionrequestable_group": []
          },
          "sensitive_attributes": [],
          "private": "eyJlMmJmYjczMC1lY2FhLTExZTYtOGY4OC0zNDM2M2JjN2M0YzAiOnsiY3JlYXRlIjoxMjAwMDAwMDAwMDAwLCJkZWxldGUiOjEyMDAwMDAwMDAwMDAsInVwZGF0ZSI6MTIwMDAwMDAwMDAwMH19",
          "dependencies": [
            "data.github_repository_file.configurations",
            "data.http.configurations",
            "data.oci_objectstorage_object.configurations",
            "module.oci_lz_orchestrator.data.oci_identity_regions.these",
            "module.oci_lz_orchestrator.data.oci_identity_tenancy.this",
            "module.oci_lz_orchestrator.module.oci_lz_identity_domains.data.oci_identity_domain.grp_domain",
            "module.oci_lz_orchestrator.module.oci_lz_identity_domains.data.oci_identity_domains_users.these",
            "module.oci_lz_orchestrator.module.oci_lz_identity_domains.oci_identity_domain.these"
          ]
        },
        {
          "index_key": "GRP-GLOBALSERV-ADMIN-KEY",
          "schema_version": 0,
          "attributes": {
            "attribute_sets": null,
            "attributes": null,
            "authorization": null,
            "compartment_ocid": "ocid1.tenancy.oc19..aaaaaaaa4ftkyx3ao73kndo3mbltj6gtbf27mxbgpu65a33ipgo2wqyj4zba",
            "delete_in_progress": null,
            "display_name": "o-p-om2-grp-admi-globalserv-001",
            "domain_ocid": "ocid1.domain.oc19..aaaaaaaa2ywz7d44io4o6ok3haiem46yfofbtg2fea4ladbarkfg3qwwbcqa",
            "external_id": null,
            "force_delete": null,
            "id": "2c06182e589641aea8a30ea49f2be392",
            "idcs_created_by": [
              {
                "display": "Jorge torlaschi",
                "ocid": "ocid1.user.oc19..aaaaaaaa5ccj642agovx5r4ag2efhpd5tak66j7s3dtoogvne4d2fxwcgfrq",
                "ref": "https://idcs-c7663bed225442979666084375b24424.eu-madrid-idcs-2.identity.oci.oraclecloud.eu:443/admin/v1/Users/bd17c9849edd447bbacd840ac616d92a",
                "type": "User",
                "value": "bd17c9849edd447bbacd840ac616d92a"
              }
            ],
            "idcs_endpoint": "https://idcs-c7663bed225442979666084375b24424.eu-madrid-idcs-2.identity.oci.oraclecloud.eu:443",
            "idcs_last_modified_by": [
              {
                "display": "Jorge torlaschi",
                "ocid": "ocid1.user.oc19..aaaaaaaa5ccj642agovx5r4ag2efhpd5tak66j7s3dtoogvne4d2fxwcgfrq",
                "ref": "https://idcs-c7663bed225442979666084375b24424.eu-madrid-idcs-2.identity.oci.oraclecloud.eu:443/admin/v1/Users/bd17c9849edd447bbacd840ac616d92a",
                "type": "User",
                "value": "bd17c9849edd447bbacd840ac616d92a"
              }
            ],
            "idcs_last_upgraded_in_release": null,
            "idcs_prevented_operations": [],
            "members": [],
            "meta": [
              {
                "created": "2026-02-27T12:27:18.209Z",
                "last_modified": "2026-02-27T12:33:55.014Z",
                "location": "https://idcs-c7663bed225442979666084375b24424.eu-madrid-idcs-2.identity.oci.oraclecloud.eu:443/admin/v1/Groups/2c06182e589641aea8a30ea49f2be392",
                "resource_type": "Group",
                "version": "c479545cb9a24fc2b95c701357b2cf62"
              }
            ],
            "non_unique_display_name": null,
            "ocid": "ocid1.group.oc19..aaaaaaaazuxdknlmsc4ztsawjkljtpcdzxomfxvkgor5pmimfo5izsc5zhla",
            "resource_type_schema_version": null,
            "schemas": [
              "urn:ietf:params:scim:schemas:core:2.0:Group",
              "urn:ietf:params:scim:schemas:oracle:idcs:extension:dynamic:Group",
              "urn:ietf:params:scim:schemas:oracle:idcs:extension:OCITags",
              "urn:ietf:params:scim:schemas:oracle:idcs:extension:group:Group"
            ],
            "tags": [],
            "tenancy_ocid": "ocid1.tenancy.oc19..aaaaaaaa4ftkyx3ao73kndo3mbltj6gtbf27mxbgpu65a33ipgo2wqyj4zba",
            "timeouts": null,
            "urnietfparamsscimschemasoracleidcsextension_oci_tags": [
              {
                "defined_tags": [
                  {
                    "key": "CreatedBy",
                    "namespace": "Oracle-Tags",
                    "value": "default/jorge.e.torlaschi@accenture.com"
                  },
                  {
                    "key": "CreatedOn",
                    "namespace": "Oracle-Tags",
                    "value": "2026-02-27T12:27:18.190Z"
                  }
                ],
                "freeform_tags": [
                  {
                    "key": "ocilz-terraform-module",
                    "value": "iam-identity-domains/0.3.3"
                  }
                ],
                "tag_slug": ""
              }
            ],
            "urnietfparamsscimschemasoracleidcsextensiondbcs_group": [],
            "urnietfparamsscimschemasoracleidcsextensiondynamic_group": [
              {
                "membership_rule": "",
                "membership_type": "static"
              }
            ],
            "urnietfparamsscimschemasoracleidcsextensiongroup_group": [
              {
                "app_roles": [],
                "creation_mechanism": "",
                "description": "Tenancy Administrators for global services, as Cloud Guard.",
                "grants": [],
                "owners": [],
                "password_policy": [],
                "synced_from_app": []
              }
            ],
            "urnietfparamsscimschemasoracleidcsextensionposix_group": [],
            "urnietfparamsscimschemasoracleidcsextensionrequestable_group": []
          },
          "sensitive_attributes": [],
          "private": "eyJlMmJmYjczMC1lY2FhLTExZTYtOGY4OC0zNDM2M2JjN2M0YzAiOnsiY3JlYXRlIjoxMjAwMDAwMDAwMDAwLCJkZWxldGUiOjEyMDAwMDAwMDAwMDAsInVwZGF0ZSI6MTIwMDAwMDAwMDAwMH19",
          "dependencies": [
            "data.github_repository_file.configurations",
            "data.http.configurations",
            "data.oci_objectstorage_object.configurations",
            "module.oci_lz_orchestrator.data.oci_identity_regions.these",
            "module.oci_lz_orchestrator.data.oci_identity_tenancy.this",
            "module.oci_lz_orchestrator.module.oci_lz_identity_domains.data.oci_identity_domain.grp_domain",
            "module.oci_lz_orchestrator.module.oci_lz_identity_domains.data.oci_identity_domains_users.these",
            "module.oci_lz_orchestrator.module.oci_lz_identity_domains.oci_identity_domain.these"
          ]
        },
        {
          "index_key": "GRP-IAM-ADMIN-KEY",
          "schema_version": 0,
          "attributes": {
            "attribute_sets": null,
            "attributes": null,
            "authorization": null,
            "compartment_ocid": "ocid1.tenancy.oc19..aaaaaaaa4ftkyx3ao73kndo3mbltj6gtbf27mxbgpu65a33ipgo2wqyj4zba",
            "delete_in_progress": null,
            "display_name": "o-p-om2-grp-admi-iam-001",
            "domain_ocid": "ocid1.domain.oc19..aaaaaaaa2ywz7d44io4o6ok3haiem46yfofbtg2fea4ladbarkfg3qwwbcqa",
            "external_id": null,
            "force_delete": null,
            "id": "060fe6e7b25247979329b422191a9529",
            "idcs_created_by": [
              {
                "display": "Jorge torlaschi",
                "ocid": "ocid1.user.oc19..aaaaaaaa5ccj642agovx5r4ag2efhpd5tak66j7s3dtoogvne4d2fxwcgfrq",
                "ref": "https://idcs-c7663bed225442979666084375b24424.eu-madrid-idcs-2.identity.oci.oraclecloud.eu:443/admin/v1/Users/bd17c9849edd447bbacd840ac616d92a",
                "type": "User",
                "value": "bd17c9849edd447bbacd840ac616d92a"
              }
            ],
            "idcs_endpoint": "https://idcs-c7663bed225442979666084375b24424.eu-madrid-idcs-2.identity.oci.oraclecloud.eu:443",
            "idcs_last_modified_by": [
              {
                "display": "Jorge torlaschi",
                "ocid": "ocid1.user.oc19..aaaaaaaa5ccj642agovx5r4ag2efhpd5tak66j7s3dtoogvne4d2fxwcgfrq",
                "ref": "https://idcs-c7663bed225442979666084375b24424.eu-madrid-idcs-2.identity.oci.oraclecloud.eu:443/admin/v1/Users/bd17c9849edd447bbacd840ac616d92a",
                "type": "User",
                "value": "bd17c9849edd447bbacd840ac616d92a"
              }
            ],
            "idcs_last_upgraded_in_release": null,
            "idcs_prevented_operations": [],
            "members": [],
            "meta": [
              {
                "created": "2026-02-27T12:27:18.203Z",
                "last_modified": "2026-02-27T12:33:55.040Z",
                "location": "https://idcs-c7663bed225442979666084375b24424.eu-madrid-idcs-2.identity.oci.oraclecloud.eu:443/admin/v1/Groups/060fe6e7b25247979329b422191a9529",
                "resource_type": "Group",
                "version": "4491c2a715e1405f950270c6db6ebe5a"
              }
            ],
            "non_unique_display_name": null,
            "ocid": "ocid1.group.oc19..aaaaaaaazw47yclwpsdfjqpxj3j2i26gj6vcosn7g7zrfqejlw5ol3eo46uq",
            "resource_type_schema_version": null,
            "schemas": [
              "urn:ietf:params:scim:schemas:core:2.0:Group",
              "urn:ietf:params:scim:schemas:oracle:idcs:extension:dynamic:Group",
              "urn:ietf:params:scim:schemas:oracle:idcs:extension:OCITags",
              "urn:ietf:params:scim:schemas:oracle:idcs:extension:group:Group"
            ],
            "tags": [],
            "tenancy_ocid": "ocid1.tenancy.oc19..aaaaaaaa4ftkyx3ao73kndo3mbltj6gtbf27mxbgpu65a33ipgo2wqyj4zba",
            "timeouts": null,
            "urnietfparamsscimschemasoracleidcsextension_oci_tags": [
              {
                "defined_tags": [
                  {
                    "key": "CreatedBy",
                    "namespace": "Oracle-Tags",
                    "value": "default/jorge.e.torlaschi@accenture.com"
                  },
                  {
                    "key": "CreatedOn",
                    "namespace": "Oracle-Tags",
                    "value": "2026-02-27T12:27:18.180Z"
                  }
                ],
                "freeform_tags": [
                  {
                    "key": "ocilz-terraform-module",
                    "value": "iam-identity-domains/0.3.3"
                  }
                ],
                "tag_slug": ""
              }
            ],
            "urnietfparamsscimschemasoracleidcsextensiondbcs_group": [],
            "urnietfparamsscimschemasoracleidcsextensiondynamic_group": [
              {
                "membership_rule": "",
                "membership_type": "static"
              }
            ],
            "urnietfparamsscimschemasoracleidcsextensiongroup_group": [
              {
                "app_roles": [],
                "creation_mechanism": "",
                "description": "Tenancy global Identity and access management administrator group.",
                "grants": [],
                "owners": [],
                "password_policy": [],
                "synced_from_app": []
              }
            ],
            "urnietfparamsscimschemasoracleidcsextensionposix_group": [],
            "urnietfparamsscimschemasoracleidcsextensionrequestable_group": []
          },
          "sensitive_attributes": [],
          "private": "eyJlMmJmYjczMC1lY2FhLTExZTYtOGY4OC0zNDM2M2JjN2M0YzAiOnsiY3JlYXRlIjoxMjAwMDAwMDAwMDAwLCJkZWxldGUiOjEyMDAwMDAwMDAwMDAsInVwZGF0ZSI6MTIwMDAwMDAwMDAwMH19",
          "dependencies": [
            "data.github_repository_file.configurations",
            "data.http.configurations",
            "data.oci_objectstorage_object.configurations",
            "module.oci_lz_orchestrator.data.oci_identity_regions.these",
            "module.oci_lz_orchestrator.data.oci_identity_tenancy.this",
            "module.oci_lz_orchestrator.module.oci_lz_identity_domains.data.oci_identity_domain.grp_domain",
            "module.oci_lz_orchestrator.module.oci_lz_identity_domains.data.oci_identity_domains_users.these",
            "module.oci_lz_orchestrator.module.oci_lz_identity_domains.oci_identity_domain.these"
          ]
        },
        {
          "index_key": "GRP-LZ-DB-ADMINS",
          "schema_version": 0,
          "attributes": {
            "attribute_sets": null,
            "attributes": null,
            "authorization": null,
            "compartment_ocid": "ocid1.tenancy.oc19..aaaaaaaa4ftkyx3ao73kndo3mbltj6gtbf27mxbgpu65a33ipgo2wqyj4zba",
            "delete_in_progress": null,
            "display_name": "o-p-om2-grp-admi-database-001",
            "domain_ocid": "ocid1.domain.oc19..aaaaaaaa2ywz7d44io4o6ok3haiem46yfofbtg2fea4ladbarkfg3qwwbcqa",
            "external_id": null,
            "force_delete": null,
            "id": "4b64cb0a74654aebac432fe0c4a8aaa0",
            "idcs_created_by": [
              {
                "display": "Jorge torlaschi",
                "ocid": "ocid1.user.oc19..aaaaaaaa5ccj642agovx5r4ag2efhpd5tak66j7s3dtoogvne4d2fxwcgfrq",
                "ref": "https://idcs-c7663bed225442979666084375b24424.eu-madrid-idcs-2.identity.oci.oraclecloud.eu:443/admin/v1/Users/bd17c9849edd447bbacd840ac616d92a",
                "type": "User",
                "value": "bd17c9849edd447bbacd840ac616d92a"
              }
            ],
            "idcs_endpoint": "https://idcs-c7663bed225442979666084375b24424.eu-madrid-idcs-2.identity.oci.oraclecloud.eu:443",
            "idcs_last_modified_by": [
              {
                "display": "Jorge torlaschi",
                "ocid": "ocid1.user.oc19..aaaaaaaa5ccj642agovx5r4ag2efhpd5tak66j7s3dtoogvne4d2fxwcgfrq",
                "ref": "https://idcs-c7663bed225442979666084375b24424.eu-madrid-idcs-2.identity.oci.oraclecloud.eu:443/admin/v1/Users/bd17c9849edd447bbacd840ac616d92a",
                "type": "User",
                "value": "bd17c9849edd447bbacd840ac616d92a"
              }
            ],
            "idcs_last_upgraded_in_release": null,
            "idcs_prevented_operations": [],
            "members": [],
            "meta": [
              {
                "created": "2026-02-27T12:27:18.213Z",
                "last_modified": "2026-02-27T12:33:55.039Z",
                "location": "https://idcs-c7663bed225442979666084375b24424.eu-madrid-idcs-2.identity.oci.oraclecloud.eu:443/admin/v1/Groups/4b64cb0a74654aebac432fe0c4a8aaa0",
                "resource_type": "Group",
                "version": "a5a673a748e24890bfcf9a8ba36b386b"
              }
            ],
            "non_unique_display_name": null,
            "ocid": "ocid1.group.oc19..aaaaaaaayj4cqrzbjb3yphdvoqgnnpehahqib5clw7ef3xmtvbb7ph5r64xq",
            "resource_type_schema_version": null,
            "schemas": [
              "urn:ietf:params:scim:schemas:core:2.0:Group",
              "urn:ietf:params:scim:schemas:oracle:idcs:extension:dynamic:Group",
              "urn:ietf:params:scim:schemas:oracle:idcs:extension:OCITags",
              "urn:ietf:params:scim:schemas:oracle:idcs:extension:group:Group"
            ],
            "tags": [],
            "tenancy_ocid": "ocid1.tenancy.oc19..aaaaaaaa4ftkyx3ao73kndo3mbltj6gtbf27mxbgpu65a33ipgo2wqyj4zba",
            "timeouts": null,
            "urnietfparamsscimschemasoracleidcsextension_oci_tags": [
              {
                "defined_tags": [
                  {
                    "key": "CreatedBy",
                    "namespace": "Oracle-Tags",
                    "value": "default/jorge.e.torlaschi@accenture.com"
                  },
                  {
                    "key": "CreatedOn",
                    "namespace": "Oracle-Tags",
                    "value": "2026-02-27T12:27:18.185Z"
                  }
                ],
                "freeform_tags": [
                  {
                    "key": "ocilz-terraform-module",
                    "value": "iam-identity-domains/0.3.3"
                  }
                ],
                "tag_slug": ""
              }
            ],
            "urnietfparamsscimschemasoracleidcsextensiondbcs_group": [],
            "urnietfparamsscimschemasoracleidcsextensiondynamic_group": [
              {
                "membership_rule": "",
                "membership_type": "static"
              }
            ],
            "urnietfparamsscimschemasoracleidcsextensiongroup_group": [
              {
                "app_roles": [],
                "creation_mechanism": "",
                "description": "Global exacs administration, DBA Team group",
                "grants": [],
                "owners": [],
                "password_policy": [],
                "synced_from_app": []
              }
            ],
            "urnietfparamsscimschemasoracleidcsextensionposix_group": [],
            "urnietfparamsscimschemasoracleidcsextensionrequestable_group": []
          },
          "sensitive_attributes": [],
          "private": "eyJlMmJmYjczMC1lY2FhLTExZTYtOGY4OC0zNDM2M2JjN2M0YzAiOnsiY3JlYXRlIjoxMjAwMDAwMDAwMDAwLCJkZWxldGUiOjEyMDAwMDAwMDAwMDAsInVwZGF0ZSI6MTIwMDAwMDAwMDAwMH19",
          "dependencies": [
            "data.github_repository_file.configurations",
            "data.http.configurations",
            "data.oci_objectstorage_object.configurations",
            "module.oci_lz_orchestrator.data.oci_identity_regions.these",
            "module.oci_lz_orchestrator.data.oci_identity_tenancy.this",
            "module.oci_lz_orchestrator.module.oci_lz_identity_domains.data.oci_identity_domain.grp_domain",
            "module.oci_lz_orchestrator.module.oci_lz_identity_domains.data.oci_identity_domains_users.these",
            "module.oci_lz_orchestrator.module.oci_lz_identity_domains.oci_identity_domain.these"
          ]
        },
        {
          "index_key": "GRP-LZ-INFRA-ADMINS",
          "schema_version": 0,
          "attributes": {
            "attribute_sets": null,
            "attributes": null,
            "authorization": null,
            "compartment_ocid": "ocid1.tenancy.oc19..aaaaaaaa4ftkyx3ao73kndo3mbltj6gtbf27mxbgpu65a33ipgo2wqyj4zba",
            "delete_in_progress": null,
            "display_name": "o-p-om2-grp-admi-infra-001",
            "domain_ocid": "ocid1.domain.oc19..aaaaaaaa2ywz7d44io4o6ok3haiem46yfofbtg2fea4ladbarkfg3qwwbcqa",
            "external_id": null,
            "force_delete": null,
            "id": "75719b59873d47478fa9c769866b03a1",
            "idcs_created_by": [
              {
                "display": "Jorge torlaschi",
                "ocid": "ocid1.user.oc19..aaaaaaaa5ccj642agovx5r4ag2efhpd5tak66j7s3dtoogvne4d2fxwcgfrq",
                "ref": "https://idcs-c7663bed225442979666084375b24424.eu-madrid-idcs-2.identity.oci.oraclecloud.eu:443/admin/v1/Users/bd17c9849edd447bbacd840ac616d92a",
                "type": "User",
                "value": "bd17c9849edd447bbacd840ac616d92a"
              }
            ],
            "idcs_endpoint": "https://idcs-c7663bed225442979666084375b24424.eu-madrid-idcs-2.identity.oci.oraclecloud.eu:443",
            "idcs_last_modified_by": [
              {
                "display": "Jorge torlaschi",
                "ocid": "ocid1.user.oc19..aaaaaaaa5ccj642agovx5r4ag2efhpd5tak66j7s3dtoogvne4d2fxwcgfrq",
                "ref": "https://idcs-c7663bed225442979666084375b24424.eu-madrid-idcs-2.identity.oci.oraclecloud.eu:443/admin/v1/Users/bd17c9849edd447bbacd840ac616d92a",
                "type": "User",
                "value": "bd17c9849edd447bbacd840ac616d92a"
              }
            ],
            "idcs_last_upgraded_in_release": null,
            "idcs_prevented_operations": [],
            "members": [],
            "meta": [
              {
                "created": "2026-02-27T12:27:18.210Z",
                "last_modified": "2026-02-27T12:33:55.021Z",
                "location": "https://idcs-c7663bed225442979666084375b24424.eu-madrid-idcs-2.identity.oci.oraclecloud.eu:443/admin/v1/Groups/75719b59873d47478fa9c769866b03a1",
                "resource_type": "Group",
                "version": "b735319119394403bb8d1bb02c3dee09"
              }
            ],
            "non_unique_display_name": null,
            "ocid": "ocid1.group.oc19..aaaaaaaaut4i5aqlix6mcq3d6vhtlx27v6qq7bfttn35ofztvbhmsfm3krra",
            "resource_type_schema_version": null,
            "schemas": [
              "urn:ietf:params:scim:schemas:core:2.0:Group",
              "urn:ietf:params:scim:schemas:oracle:idcs:extension:dynamic:Group",
              "urn:ietf:params:scim:schemas:oracle:idcs:extension:OCITags",
              "urn:ietf:params:scim:schemas:oracle:idcs:extension:group:Group"
            ],
            "tags": [],
            "tenancy_ocid": "ocid1.tenancy.oc19..aaaaaaaa4ftkyx3ao73kndo3mbltj6gtbf27mxbgpu65a33ipgo2wqyj4zba",
            "timeouts": null,
            "urnietfparamsscimschemasoracleidcsextension_oci_tags": [
              {
                "defined_tags": [
                  {
                    "key": "CreatedBy",
                    "namespace": "Oracle-Tags",
                    "value": "default/jorge.e.torlaschi@accenture.com"
                  },
                  {
                    "key": "CreatedOn",
                    "namespace": "Oracle-Tags",
                    "value": "2026-02-27T12:27:18.185Z"
                  }
                ],
                "freeform_tags": [
                  {
                    "key": "ocilz-terraform-module",
                    "value": "iam-identity-domains/0.3.3"
                  }
                ],
                "tag_slug": ""
              }
            ],
            "urnietfparamsscimschemasoracleidcsextensiondbcs_group": [],
            "urnietfparamsscimschemasoracleidcsextensiondynamic_group": [
              {
                "membership_rule": "",
                "membership_type": "static"
              }
            ],
            "urnietfparamsscimschemasoracleidcsextensiongroup_group": [
              {
                "app_roles": [],
                "creation_mechanism": "",
                "description": "Global exacs administration, Infra Team group",
                "grants": [],
                "owners": [],
                "password_policy": [],
                "synced_from_app": []
              }
            ],
            "urnietfparamsscimschemasoracleidcsextensionposix_group": [],
            "urnietfparamsscimschemasoracleidcsextensionrequestable_group": []
          },
          "sensitive_attributes": [],
          "private": "eyJlMmJmYjczMC1lY2FhLTExZTYtOGY4OC0zNDM2M2JjN2M0YzAiOnsiY3JlYXRlIjoxMjAwMDAwMDAwMDAwLCJkZWxldGUiOjEyMDAwMDAwMDAwMDAsInVwZGF0ZSI6MTIwMDAwMDAwMDAwMH19",
          "dependencies": [
            "data.github_repository_file.configurations",
            "data.http.configurations",
            "data.oci_objectstorage_object.configurations",
            "module.oci_lz_orchestrator.data.oci_identity_regions.these",
            "module.oci_lz_orchestrator.data.oci_identity_tenancy.this",
            "module.oci_lz_orchestrator.module.oci_lz_identity_domains.data.oci_identity_domain.grp_domain",
            "module.oci_lz_orchestrator.module.oci_lz_identity_domains.data.oci_identity_domains_users.these",
            "module.oci_lz_orchestrator.module.oci_lz_identity_domains.oci_identity_domain.these"
          ]
        },
        {
          "index_key": "GRP-NETWORK-ADMIN-KEY",
          "schema_version": 0,
          "attributes": {
            "attribute_sets": null,
            "attributes": null,
            "authorization": null,
            "compartment_ocid": "ocid1.tenancy.oc19..aaaaaaaa4ftkyx3ao73kndo3mbltj6gtbf27mxbgpu65a33ipgo2wqyj4zba",
            "delete_in_progress": null,
            "display_name": "o-p-om2-grp-admi-network-001",
            "domain_ocid": "ocid1.domain.oc19..aaaaaaaa2ywz7d44io4o6ok3haiem46yfofbtg2fea4ladbarkfg3qwwbcqa",
            "external_id": null,
            "force_delete": null,
            "id": "9c779cbe7b504421bfa61d7fc36b5ac5",
            "idcs_created_by": [
              {
                "display": "Jorge torlaschi",
                "ocid": "ocid1.user.oc19..aaaaaaaa5ccj642agovx5r4ag2efhpd5tak66j7s3dtoogvne4d2fxwcgfrq",
                "ref": "https://idcs-c7663bed225442979666084375b24424.eu-madrid-idcs-2.identity.oci.oraclecloud.eu:443/admin/v1/Users/bd17c9849edd447bbacd840ac616d92a",
                "type": "User",
                "value": "bd17c9849edd447bbacd840ac616d92a"
              }
            ],
            "idcs_endpoint": "https://idcs-c7663bed225442979666084375b24424.eu-madrid-idcs-2.identity.oci.oraclecloud.eu:443",
            "idcs_last_modified_by": [
              {
                "display": "Jorge torlaschi",
                "ocid": "ocid1.user.oc19..aaaaaaaa5ccj642agovx5r4ag2efhpd5tak66j7s3dtoogvne4d2fxwcgfrq",
                "ref": "https://idcs-c7663bed225442979666084375b24424.eu-madrid-idcs-2.identity.oci.oraclecloud.eu:443/admin/v1/Users/bd17c9849edd447bbacd840ac616d92a",
                "type": "User",
                "value": "bd17c9849edd447bbacd840ac616d92a"
              }
            ],
            "idcs_last_upgraded_in_release": null,
            "idcs_prevented_operations": [],
            "members": [],
            "meta": [
              {
                "created": "2026-02-27T12:27:18.209Z",
                "last_modified": "2026-02-27T12:33:54.991Z",
                "location": "https://idcs-c7663bed225442979666084375b24424.eu-madrid-idcs-2.identity.oci.oraclecloud.eu:443/admin/v1/Groups/9c779cbe7b504421bfa61d7fc36b5ac5",
                "resource_type": "Group",
                "version": "1ae47a45f98b49f88d4c1c182bd23960"
              }
            ],
            "non_unique_display_name": null,
            "ocid": "ocid1.group.oc19..aaaaaaaatepp7lsovhmxzifrxhftzfjsmn4mfxneejtmpqmsvvj6zcmytknq",
            "resource_type_schema_version": null,
            "schemas": [
              "urn:ietf:params:scim:schemas:core:2.0:Group",
              "urn:ietf:params:scim:schemas:oracle:idcs:extension:dynamic:Group",
              "urn:ietf:params:scim:schemas:oracle:idcs:extension:OCITags",
              "urn:ietf:params:scim:schemas:oracle:idcs:extension:group:Group"
            ],
            "tags": [],
            "tenancy_ocid": "ocid1.tenancy.oc19..aaaaaaaa4ftkyx3ao73kndo3mbltj6gtbf27mxbgpu65a33ipgo2wqyj4zba",
            "timeouts": null,
            "urnietfparamsscimschemasoracleidcsextension_oci_tags": [
              {
                "defined_tags": [
                  {
                    "key": "CreatedBy",
                    "namespace": "Oracle-Tags",
                    "value": "default/jorge.e.torlaschi@accenture.com"
                  },
                  {
                    "key": "CreatedOn",
                    "namespace": "Oracle-Tags",
                    "value": "2026-02-27T12:27:18.183Z"
                  }
                ],
                "freeform_tags": [
                  {
                    "key": "ocilz-terraform-module",
                    "value": "iam-identity-domains/0.3.3"
                  }
                ],
                "tag_slug": ""
              }
            ],
            "urnietfparamsscimschemasoracleidcsextensiondbcs_group": [],
            "urnietfparamsscimschemasoracleidcsextensiondynamic_group": [
              {
                "membership_rule": "",
                "membership_type": "static"
              }
            ],
            "urnietfparamsscimschemasoracleidcsextensiongroup_group": [
              {
                "app_roles": [],
                "creation_mechanism": "",
                "description": "Shared network administration group, including common OE network elements.",
                "grants": [],
                "owners": [],
                "password_policy": [],
                "synced_from_app": []
              }
            ],
            "urnietfparamsscimschemasoracleidcsextensionposix_group": [],
            "urnietfparamsscimschemasoracleidcsextensionrequestable_group": []
          },
          "sensitive_attributes": [],
          "private": "eyJlMmJmYjczMC1lY2FhLTExZTYtOGY4OC0zNDM2M2JjN2M0YzAiOnsiY3JlYXRlIjoxMjAwMDAwMDAwMDAwLCJkZWxldGUiOjEyMDAwMDAwMDAwMDAsInVwZGF0ZSI6MTIwMDAwMDAwMDAwMH19",
          "dependencies": [
            "data.github_repository_file.configurations",
            "data.http.configurations",
            "data.oci_objectstorage_object.configurations",
            "module.oci_lz_orchestrator.data.oci_identity_regions.these",
            "module.oci_lz_orchestrator.data.oci_identity_tenancy.this",
            "module.oci_lz_orchestrator.module.oci_lz_identity_domains.data.oci_identity_domain.grp_domain",
            "module.oci_lz_orchestrator.module.oci_lz_identity_domains.data.oci_identity_domains_users.these",
            "module.oci_lz_orchestrator.module.oci_lz_identity_domains.oci_identity_domain.these"
          ]
        },
        {
          "index_key": "GRP-SECURITY-ADMIN-KEY",
          "schema_version": 0,
          "attributes": {
            "attribute_sets": null,
            "attributes": null,
            "authorization": null,
            "compartment_ocid": "ocid1.tenancy.oc19..aaaaaaaa4ftkyx3ao73kndo3mbltj6gtbf27mxbgpu65a33ipgo2wqyj4zba",
            "delete_in_progress": null,
            "display_name": "o-p-om2-grp-admi-security-001",
            "domain_ocid": "ocid1.domain.oc19..aaaaaaaa2ywz7d44io4o6ok3haiem46yfofbtg2fea4ladbarkfg3qwwbcqa",
            "external_id": null,
            "force_delete": null,
            "id": "910f44eac03e4f25abb2554d0cd051de",
            "idcs_created_by": [
              {
                "display": "Jorge torlaschi",
                "ocid": "ocid1.user.oc19..aaaaaaaa5ccj642agovx5r4ag2efhpd5tak66j7s3dtoogvne4d2fxwcgfrq",
                "ref": "https://idcs-c7663bed225442979666084375b24424.eu-madrid-idcs-2.identity.oci.oraclecloud.eu:443/admin/v1/Users/bd17c9849edd447bbacd840ac616d92a",
                "type": "User",
                "value": "bd17c9849edd447bbacd840ac616d92a"
              }
            ],
            "idcs_endpoint": "https://idcs-c7663bed225442979666084375b24424.eu-madrid-idcs-2.identity.oci.oraclecloud.eu:443",
            "idcs_last_modified_by": [
              {
                "display": "Jorge torlaschi",
                "ocid": "ocid1.user.oc19..aaaaaaaa5ccj642agovx5r4ag2efhpd5tak66j7s3dtoogvne4d2fxwcgfrq",
                "ref": "https://idcs-c7663bed225442979666084375b24424.eu-madrid-idcs-2.identity.oci.oraclecloud.eu:443/admin/v1/Users/bd17c9849edd447bbacd840ac616d92a",
                "type": "User",
                "value": "bd17c9849edd447bbacd840ac616d92a"
              }
            ],
            "idcs_last_upgraded_in_release": null,
            "idcs_prevented_operations": [],
            "members": [],
            "meta": [
              {
                "created": "2026-02-27T12:27:18.567Z",
                "last_modified": "2026-02-27T12:33:54.991Z",
                "location": "https://idcs-c7663bed225442979666084375b24424.eu-madrid-idcs-2.identity.oci.oraclecloud.eu:443/admin/v1/Groups/910f44eac03e4f25abb2554d0cd051de",
                "resource_type": "Group",
                "version": "d7021acbbbcb4ac190884a902b235efa"
              }
            ],
            "non_unique_display_name": null,
            "ocid": "ocid1.group.oc19..aaaaaaaayfhzjwsd3dkza4fasr25mu2wbjr7dsnj2sh6gnb5laqvxgier6sa",
            "resource_type_schema_version": null,
            "schemas": [
              "urn:ietf:params:scim:schemas:core:2.0:Group",
              "urn:ietf:params:scim:schemas:oracle:idcs:extension:dynamic:Group",
              "urn:ietf:params:scim:schemas:oracle:idcs:extension:OCITags",
              "urn:ietf:params:scim:schemas:oracle:idcs:extension:group:Group"
            ],
            "tags": [],
            "tenancy_ocid": "ocid1.tenancy.oc19..aaaaaaaa4ftkyx3ao73kndo3mbltj6gtbf27mxbgpu65a33ipgo2wqyj4zba",
            "timeouts": null,
            "urnietfparamsscimschemasoracleidcsextension_oci_tags": [
              {
                "defined_tags": [
                  {
                    "key": "CreatedBy",
                    "namespace": "Oracle-Tags",
                    "value": "default/jorge.e.torlaschi@accenture.com"
                  },
                  {
                    "key": "CreatedOn",
                    "namespace": "Oracle-Tags",
                    "value": "2026-02-27T12:27:18.541Z"
                  }
                ],
                "freeform_tags": [
                  {
                    "key": "ocilz-terraform-module",
                    "value": "iam-identity-domains/0.3.3"
                  }
                ],
                "tag_slug": ""
              }
            ],
            "urnietfparamsscimschemasoracleidcsextensiondbcs_group": [],
            "urnietfparamsscimschemasoracleidcsextensiondynamic_group": [
              {
                "membership_rule": "",
                "membership_type": "static"
              }
            ],
            "urnietfparamsscimschemasoracleidcsextensiongroup_group": [
              {
                "app_roles": [],
                "creation_mechanism": "",
                "description": "Shared security administration group, including common OE network elements.",
                "grants": [],
                "owners": [],
                "password_policy": [],
                "synced_from_app": []
              }
            ],
            "urnietfparamsscimschemasoracleidcsextensionposix_group": [],
            "urnietfparamsscimschemasoracleidcsextensionrequestable_group": []
          },
          "sensitive_attributes": [],
          "private": "eyJlMmJmYjczMC1lY2FhLTExZTYtOGY4OC0zNDM2M2JjN2M0YzAiOnsiY3JlYXRlIjoxMjAwMDAwMDAwMDAwLCJkZWxldGUiOjEyMDAwMDAwMDAwMDAsInVwZGF0ZSI6MTIwMDAwMDAwMDAwMH19",
          "dependencies": [
            "data.github_repository_file.configurations",
            "data.http.configurations",
            "data.oci_objectstorage_object.configurations",
            "module.oci_lz_orchestrator.data.oci_identity_regions.these",
            "module.oci_lz_orchestrator.data.oci_identity_tenancy.this",
            "module.oci_lz_orchestrator.module.oci_lz_identity_domains.data.oci_identity_domain.grp_domain",
            "module.oci_lz_orchestrator.module.oci_lz_identity_domains.data.oci_identity_domains_users.these",
            "module.oci_lz_orchestrator.module.oci_lz_identity_domains.oci_identity_domain.these"
          ]
        }
      ]
    },
    {
      "module": "module.oci_lz_orchestrator.module.oci_lz_network[0]",
      "mode": "data",
      "type": "oci_core_cpe_device_shapes",
      "name": "cpe_device_shapes",
      "provider": "module.oci_lz_orchestrator.provider[\"registry.terraform.io/oracle/oci\"]",
      "instances": [
        {
          "index_key": 0,
          "schema_version": 0,
          "attributes": {
            "cpe_device_shapes": [
              {
                "cpe_device_info": [
                  {
                    "platform_software_version": "FITELnet-F220/F221 Firmware 01.00(00)[0]00.00.0 [2019/07/05 15:00]",
                    "vendor": "Furukawa"
                  }
                ],
                "cpe_device_shape_id": "07e31f12-24ba-44b2-9dcc-801497261905",
                "template": ""
              },
              {
                "cpe_device_info": [
                  {
                    "platform_software_version": "IX Series 10.1.16",
                    "vendor": "NEC"
                  }
                ],
                "cpe_device_shape_id": "0c915c1e-c805-43ca-b555-76d229dfc6e6",
                "template": ""
              },
              {
                "cpe_device_info": [
                  {
                    "platform_software_version": "RTX RTX830 Firmware Rev.15.02.03",
                    "vendor": "Yamaha"
                  }
                ],
                "cpe_device_shape_id": "135a4bcc-42cc-424b-926f-ebe08fd61ba5",
                "template": ""
              },
              {
                "cpe_device_info": [
                  {
                    "platform_software_version": "IOS version 15.4M or later",
                    "vendor": "Cisco"
                  }
                ],
                "cpe_device_shape_id": "2e00008c-124f-4991-a2c6-131e543b612c",
                "template": ""
              },
              {
                "cpe_device_info": [
                  {
                    "platform_software_version": "PAN-OS 8.0.0",
                    "vendor": "Palo Alto"
                  }
                ],
                "cpe_device_shape_id": "326b2a10-fe1f-4944-9f91-f1f050f075d1",
                "template": ""
              },
              {
                "cpe_device_info": [
                  {
                    "platform_software_version": "3.18 or later",
                    "vendor": "Libreswan"
                  }
                ],
                "cpe_device_shape_id": "3bdfe4d5-9090-4c53-b165-05c1f5582507",
                "template": ""
              },
              {
                "cpe_device_info": [
                  {
                    "platform_software_version": "SRX Series - JunOS 11.0 or later",
                    "vendor": "Juniper"
                  }
                ],
                "cpe_device_shape_id": "88869e85-c7ae-4c6c-a74e-0c6d9eeac0a9",
                "template": ""
              },
              {
                "cpe_device_info": [
                  {
                    "platform_software_version": "MX Series - JunOS 15.1 or later",
                    "vendor": "Juniper"
                  }
                ],
                "cpe_device_shape_id": "8e39db8d-d515-4e3c-b94a-070368300a65",
                "template": ""
              },
              {
                "cpe_device_info": [
                  {
                    "platform_software_version": "ASA Route-Based VPN 9.7.1 or later",
                    "vendor": "Cisco"
                  }
                ],
                "cpe_device_shape_id": "94229f13-e787-46e7-a9d8-53916b5ec5f7",
                "template": ""
              },
              {
                "cpe_device_info": [
                  {
                    "platform_software_version": "N.A",
                    "vendor": "Other"
                  }
                ],
                "cpe_device_shape_id": "b294cebb-91cd-40d5-9161-a0dddaafdbb9",
                "template": ""
              },
              {
                "cpe_device_info": [
                  {
                    "platform_software_version": "FortiGate 6.0.4 or later",
                    "vendor": "Fortinet"
                  }
                ],
                "cpe_device_shape_id": "c894a103-7463-4985-95ea-6c1d14b7e0d0",
                "template": ""
              },
              {
                "cpe_device_info": [
                  {
                    "platform_software_version": "R80.20",
                    "vendor": "Check Point"
                  }
                ],
                "cpe_device_shape_id": "d4684ab8-b7b0-4fcd-b26c-af47f7b7976a",
                "template": ""
              },
              {
                "cpe_device_info": [
                  {
                    "platform_software_version": "RTX RTX1210 Firmware Rev.14.01.28",
                    "vendor": "Yamaha"
                  }
                ],
                "cpe_device_shape_id": "d8b06919-3c38-43c7-a1f5-6368a444039e",
                "template": ""
              },
              {
                "cpe_device_info": [
                  {
                    "platform_software_version": "ASA Policy-Based VPN 8.5+ (single tunnel, static)",
                    "vendor": "Cisco"
                  }
                ],
                "cpe_device_shape_id": "f09b77c8-859c-4ec0-94fd-2ab372cf8b84",
                "template": ""
              },
              {
                "cpe_device_info": [
                  {
                    "platform_software_version": "Firebox with Fireware v12",
                    "vendor": "WatchGuard"
                  }
                ],
                "cpe_device_shape_id": "f915b932-238e-4abd-a396-9d30b00c9099",
                "template": ""
              }
            ],
            "filter": null,
            "id": "CoreCpeDeviceShapesDataSource-0"
          },
          "sensitive_attributes": []
        }
      ]
    },
    {
      "module": "module.oci_lz_orchestrator.module.oci_lz_network[0]",
      "mode": "data",
      "type": "oci_core_services",
      "name": "oci_services",
      "provider": "module.oci_lz_orchestrator.provider[\"registry.terraform.io/oracle/oci\"]",
      "instances": [
        {
          "index_key": 0,
          "schema_version": 0,
          "attributes": {
            "filter": null,
            "id": "CoreServicesDataSource-0",
            "services": [
              {
                "cidr_block": "all-vll-services-in-oracle-services-network",
                "description": "All VLL Services In Oracle Services Network",
                "id": "ocid1.service.oc19.eu-madrid-2.aaaaaaaaalasrvugb3zwk4lghxvnjnbgdmgywqhhywrnkx47yjkbt4vlfhxq",
                "name": "All VLL Services In Oracle Services Network"
              },
              {
                "cidr_block": "oci-vll-objectstorage",
                "description": "OCI VLL Object Storage",
                "id": "ocid1.service.oc19.eu-madrid-2.aaaaaaaatykfic3r7kf3cvc4rjyf7xnd3gi77u6uasajrp2lzasn24hrugcq",
                "name": "OCI VLL Object Storage"
              }
            ]
          },
          "sensitive_attributes": []
        }
      ]
    },
    {
      "module": "module.oci_lz_orchestrator.module.oci_lz_network[0]",
      "mode": "data",
      "type": "oci_core_vcn_dns_resolver_association",
      "name": "dns_resolvers",
      "provider": "module.oci_lz_orchestrator.provider[\"registry.terraform.io/oracle/oci\"]",
      "instances": [
        {
          "index_key": "VCN-VLL-LZ-EXACS-NPR-KEY",
          "schema_version": 0,
          "attributes": {
            "dns_resolver_id": "ocid1.dnsresolver.oc19.eu-madrid-2.amaaaaaapw27gbaadryfoqz3qqjojq44c4rcbxa3jzxeeqr7zo5e6vjzndva",
            "id": "CoreVcnDnsResolverAssociationDataSource-2033389721",
            "state": "AVAILABLE",
            "vcn_id": "ocid1.vcn.oc19.eu-madrid-2.amaaaaaapw27gbaayo6t2kvr7yjnawvlnzarrfrjpyftfbmmsikkrkikqaiq"
          },
          "sensitive_attributes": []
        },
        {
          "index_key": "VCN-VLL-LZ-EXACS-PRO-KEY",
          "schema_version": 0,
          "attributes": {
            "dns_resolver_id": "ocid1.dnsresolver.oc19.eu-madrid-2.amaaaaaapw27gbaaavgksfqsuxxvdswqiznpsgujd2ha76wq3upok3s3sphq",
            "id": "CoreVcnDnsResolverAssociationDataSource-1981513667",
            "state": "AVAILABLE",
            "vcn_id": "ocid1.vcn.oc19.eu-madrid-2.amaaaaaapw27gbaassqe6euwqixubwp2tftzf6fjhggl4ygxogcgzhhzdtuq"
          },
          "sensitive_attributes": []
        },
        {
          "index_key": "VCN-VLL-LZ-HUB-KEY",
          "schema_version": 0,
          "attributes": {
            "dns_resolver_id": "ocid1.dnsresolver.oc19.eu-madrid-2.amaaaaaapw27gbaavlzhi2hhuxpzcldy423v53osq4ccmrdvaaalwzonm6iq",
            "id": "CoreVcnDnsResolverAssociationDataSource-191678614",
            "state": "AVAILABLE",
            "vcn_id": "ocid1.vcn.oc19.eu-madrid-2.amaaaaaapw27gbaavhnugozcm43roj3pnvotywuipi267sbvesvt7mxsaraq"
          },
          "sensitive_attributes": []
        }
      ]
    },
    {
      "module": "module.oci_lz_orchestrator.module.oci_lz_network[0]",
      "mode": "managed",
      "type": "oci_core_default_security_list",
      "name": "these",
      "provider": "module.oci_lz_orchestrator.provider[\"registry.terraform.io/oracle/oci\"]",
      "instances": [
        {
          "index_key": "CUSTOM-DEFAULT-SEC-LIST-VCN-VLL-LZ-EXACS-NPR-KEY",
          "schema_version": 0,
          "attributes": {
            "compartment_id": "ocid1.compartment.oc19..aaaaaaaacmlk3n2cqqujnnw4fqzg4ciprpltm6m4qzfl3hjbtlvr2ohjnfka",
            "defined_tags": {
              "Oracle-Tags.CreatedBy": "default/jorge.e.torlaschi@accenture.com",
              "Oracle-Tags.CreatedOn": "2026-02-27T12:33:54.942Z"
            },
            "display_name": "Default Security List for o-np-om2-vcn-exacsnpr-001",
            "egress_security_rules": [],
            "freeform_tags": {
              "ocilz-terraform-module": "networking/0.8.1"
            },
            "id": "ocid1.securitylist.oc19.eu-madrid-2.aaaaaaaa6xrusqr4y7kp7lxfezzg3zex3ovbx7cadwt36zrmvwdvoxuolchq",
            "ingress_security_rules": [],
            "manage_default_resource_id": "ocid1.securitylist.oc19.eu-madrid-2.aaaaaaaa6xrusqr4y7kp7lxfezzg3zex3ovbx7cadwt36zrmvwdvoxuolchq",
            "state": "AVAILABLE",
            "time_created": "2026-02-27 12:33:55.252 +0000 UTC",
            "timeouts": null
          },
          "sensitive_attributes": [],
          "private": "eyJlMmJmYjczMC1lY2FhLTExZTYtOGY4OC0zNDM2M2JjN2M0YzAiOnsiY3JlYXRlIjoxMjAwMDAwMDAwMDAwLCJkZWxldGUiOjEyMDAwMDAwMDAwMDAsInVwZGF0ZSI6MTIwMDAwMDAwMDAwMH19",
          "dependencies": [
            "data.github_repository_file.configurations",
            "data.github_repository_file.dependencies",
            "data.github_repository_file.url_dependencies",
            "data.http.configurations",
            "data.oci_objectstorage_object.configurations",
            "data.oci_objectstorage_object.dependencies",
            "data.oci_objectstorage_object.url_dependencies",
            "module.oci_lz_orchestrator.data.oci_identity_regions.these",
            "module.oci_lz_orchestrator.data.oci_identity_tenancy.this",
            "module.oci_lz_orchestrator.module.oci_lz_compartments.oci_identity_compartment.level_2",
            "module.oci_lz_orchestrator.module.oci_lz_compartments.oci_identity_compartment.level_3",
            "module.oci_lz_orchestrator.module.oci_lz_compartments.oci_identity_compartment.level_4",
            "module.oci_lz_orchestrator.module.oci_lz_compartments.oci_identity_compartment.level_5",
            "module.oci_lz_orchestrator.module.oci_lz_compartments.oci_identity_compartment.level_6",
            "module.oci_lz_orchestrator.module.oci_lz_compartments.oci_identity_compartment.these",
            "module.oci_lz_orchestrator.module.oci_lz_compartments.oci_identity_tag_default.these",
            "module.oci_lz_orchestrator.module.oci_lz_network.data.oci_core_vcn.existing_vcns",
            "module.oci_lz_orchestrator.module.oci_lz_network.oci_core_vcn.these",
            "module.oci_lz_orchestrator.module.oci_lz_tags.data.oci_identity_tag.default_created_by",
            "module.oci_lz_orchestrator.module.oci_lz_tags.data.oci_identity_tag.default_created_on",
            "module.oci_lz_orchestrator.module.oci_lz_tags.data.oci_identity_tag_namespaces.oracle_default",
            "module.oci_lz_orchestrator.module.oci_lz_tags.oci_identity_tag.these",
            "module.oci_lz_orchestrator.module.oci_lz_tags.oci_identity_tag_default.these",
            "module.oci_lz_orchestrator.module.oci_lz_tags.oci_identity_tag_namespace.these",
            "module.oci_lz_orchestrator.module.oci_lz_zpr.data.oci_identity_regions.these",
            "module.oci_lz_orchestrator.module.oci_lz_zpr.data.oci_security_attribute_security_attribute_namespaces.default_security_attribute_namespaces",
            "module.oci_lz_orchestrator.module.oci_lz_zpr.data.oci_security_attribute_security_attribute_namespaces.query_security_attribute_namespaces",
            "module.oci_lz_orchestrator.module.oci_lz_zpr.data.oci_zpr_configuration.this",
            "module.oci_lz_orchestrator.module.oci_lz_zpr.oci_security_attribute_security_attribute.these",
            "module.oci_lz_orchestrator.module.oci_lz_zpr.oci_security_attribute_security_attribute_namespace.these",
            "module.oci_lz_orchestrator.module.oci_lz_zpr.oci_zpr_configuration.this",
            "module.oci_lz_orchestrator.module.oci_lz_zpr.oci_zpr_zpr_policy.these",
            "module.oci_lz_orchestrator.module.oci_lz_zpr.time_sleep.wait_after_zpr_configuration"
          ]
        },
        {
          "index_key": "CUSTOM-DEFAULT-SEC-LIST-VCN-VLL-LZ-EXACS-PRO-KEY",
          "schema_version": 0,
          "attributes": {
            "compartment_id": "ocid1.compartment.oc19..aaaaaaaacmlk3n2cqqujnnw4fqzg4ciprpltm6m4qzfl3hjbtlvr2ohjnfka",
            "defined_tags": {
              "Oracle-Tags.CreatedBy": "default/jorge.e.torlaschi@accenture.com",
              "Oracle-Tags.CreatedOn": "2026-02-27T12:33:54.935Z"
            },
            "display_name": "Default Security List for o-p-om2-vcn-exacspro-001",
            "egress_security_rules": [],
            "freeform_tags": {
              "ocilz-terraform-module": "networking/0.8.1"
            },
            "id": "ocid1.securitylist.oc19.eu-madrid-2.aaaaaaaagume7n4a2pkkl35z5tnujjpa2hayh7dxboj5l3dibcn5hgze5bfa",
            "ingress_security_rules": [],
            "manage_default_resource_id": "ocid1.securitylist.oc19.eu-madrid-2.aaaaaaaagume7n4a2pkkl35z5tnujjpa2hayh7dxboj5l3dibcn5hgze5bfa",
            "state": "AVAILABLE",
            "time_created": "2026-02-27 12:33:54.965 +0000 UTC",
            "timeouts": null
          },
          "sensitive_attributes": [],
          "private": "eyJlMmJmYjczMC1lY2FhLTExZTYtOGY4OC0zNDM2M2JjN2M0YzAiOnsiY3JlYXRlIjoxMjAwMDAwMDAwMDAwLCJkZWxldGUiOjEyMDAwMDAwMDAwMDAsInVwZGF0ZSI6MTIwMDAwMDAwMDAwMH19",
          "dependencies": [
            "data.github_repository_file.configurations",
            "data.github_repository_file.dependencies",
            "data.github_repository_file.url_dependencies",
            "data.http.configurations",
            "data.oci_objectstorage_object.configurations",
            "data.oci_objectstorage_object.dependencies",
            "data.oci_objectstorage_object.url_dependencies",
            "module.oci_lz_orchestrator.data.oci_identity_regions.these",
            "module.oci_lz_orchestrator.data.oci_identity_tenancy.this",
            "module.oci_lz_orchestrator.module.oci_lz_compartments.oci_identity_compartment.level_2",
            "module.oci_lz_orchestrator.module.oci_lz_compartments.oci_identity_compartment.level_3",
            "module.oci_lz_orchestrator.module.oci_lz_compartments.oci_identity_compartment.level_4",
            "module.oci_lz_orchestrator.module.oci_lz_compartments.oci_identity_compartment.level_5",
            "module.oci_lz_orchestrator.module.oci_lz_compartments.oci_identity_compartment.level_6",
            "module.oci_lz_orchestrator.module.oci_lz_compartments.oci_identity_compartment.these",
            "module.oci_lz_orchestrator.module.oci_lz_compartments.oci_identity_tag_default.these",
            "module.oci_lz_orchestrator.module.oci_lz_network.data.oci_core_vcn.existing_vcns",
            "module.oci_lz_orchestrator.module.oci_lz_network.oci_core_vcn.these",
            "module.oci_lz_orchestrator.module.oci_lz_tags.data.oci_identity_tag.default_created_by",
            "module.oci_lz_orchestrator.module.oci_lz_tags.data.oci_identity_tag.default_created_on",
            "module.oci_lz_orchestrator.module.oci_lz_tags.data.oci_identity_tag_namespaces.oracle_default",
            "module.oci_lz_orchestrator.module.oci_lz_tags.oci_identity_tag.these",
            "module.oci_lz_orchestrator.module.oci_lz_tags.oci_identity_tag_default.these",
            "module.oci_lz_orchestrator.module.oci_lz_tags.oci_identity_tag_namespace.these",
            "module.oci_lz_orchestrator.module.oci_lz_zpr.data.oci_identity_regions.these",
            "module.oci_lz_orchestrator.module.oci_lz_zpr.data.oci_security_attribute_security_attribute_namespaces.default_security_attribute_namespaces",
            "module.oci_lz_orchestrator.module.oci_lz_zpr.data.oci_security_attribute_security_attribute_namespaces.query_security_attribute_namespaces",
            "module.oci_lz_orchestrator.module.oci_lz_zpr.data.oci_zpr_configuration.this",
            "module.oci_lz_orchestrator.module.oci_lz_zpr.oci_security_attribute_security_attribute.these",
            "module.oci_lz_orchestrator.module.oci_lz_zpr.oci_security_attribute_security_attribute_namespace.these",
            "module.oci_lz_orchestrator.module.oci_lz_zpr.oci_zpr_configuration.this",
            "module.oci_lz_orchestrator.module.oci_lz_zpr.oci_zpr_zpr_policy.these",
            "module.oci_lz_orchestrator.module.oci_lz_zpr.time_sleep.wait_after_zpr_configuration"
          ]
        },
        {
          "index_key": "CUSTOM-DEFAULT-SEC-LIST-VCN-VLL-LZ-HUB-KEY",
          "schema_version": 0,
          "attributes": {
            "compartment_id": "ocid1.compartment.oc19..aaaaaaaacmlk3n2cqqujnnw4fqzg4ciprpltm6m4qzfl3hjbtlvr2ohjnfka",
            "defined_tags": {
              "Oracle-Tags.CreatedBy": "default/jorge.e.torlaschi@accenture.com",
              "Oracle-Tags.CreatedOn": "2026-02-27T12:33:54.942Z"
            },
            "display_name": "Default Security List for o-p-om2-vcn-hub-001",
            "egress_security_rules": [],
            "freeform_tags": {
              "ocilz-terraform-module": "networking/0.8.1"
            },
            "id": "ocid1.securitylist.oc19.eu-madrid-2.aaaaaaaaulzr5sbc4lkfxpyn6hc3ttyeiy755d6vsjbwctog42e4gagwoz3a",
            "ingress_security_rules": [],
            "manage_default_resource_id": "ocid1.securitylist.oc19.eu-madrid-2.aaaaaaaaulzr5sbc4lkfxpyn6hc3ttyeiy755d6vsjbwctog42e4gagwoz3a",
            "state": "AVAILABLE",
            "time_created": "2026-02-27 12:33:55.38 +0000 UTC",
            "timeouts": null
          },
          "sensitive_attributes": [],
          "private": "eyJlMmJmYjczMC1lY2FhLTExZTYtOGY4OC0zNDM2M2JjN2M0YzAiOnsiY3JlYXRlIjoxMjAwMDAwMDAwMDAwLCJkZWxldGUiOjEyMDAwMDAwMDAwMDAsInVwZGF0ZSI6MTIwMDAwMDAwMDAwMH19",
          "dependencies": [
            "data.github_repository_file.configurations",
            "data.github_repository_file.dependencies",
            "data.github_repository_file.url_dependencies",
            "data.http.configurations",
            "data.oci_objectstorage_object.configurations",
            "data.oci_objectstorage_object.dependencies",
            "data.oci_objectstorage_object.url_dependencies",
            "module.oci_lz_orchestrator.data.oci_identity_regions.these",
            "module.oci_lz_orchestrator.data.oci_identity_tenancy.this",
            "module.oci_lz_orchestrator.module.oci_lz_compartments.oci_identity_compartment.level_2",
            "module.oci_lz_orchestrator.module.oci_lz_compartments.oci_identity_compartment.level_3",
            "module.oci_lz_orchestrator.module.oci_lz_compartments.oci_identity_compartment.level_4",
            "module.oci_lz_orchestrator.module.oci_lz_compartments.oci_identity_compartment.level_5",
            "module.oci_lz_orchestrator.module.oci_lz_compartments.oci_identity_compartment.level_6",
            "module.oci_lz_orchestrator.module.oci_lz_compartments.oci_identity_compartment.these",
            "module.oci_lz_orchestrator.module.oci_lz_compartments.oci_identity_tag_default.these",
            "module.oci_lz_orchestrator.module.oci_lz_network.data.oci_core_vcn.existing_vcns",
            "module.oci_lz_orchestrator.module.oci_lz_network.oci_core_vcn.these",
            "module.oci_lz_orchestrator.module.oci_lz_tags.data.oci_identity_tag.default_created_by",
            "module.oci_lz_orchestrator.module.oci_lz_tags.data.oci_identity_tag.default_created_on",
            "module.oci_lz_orchestrator.module.oci_lz_tags.data.oci_identity_tag_namespaces.oracle_default",
            "module.oci_lz_orchestrator.module.oci_lz_tags.oci_identity_tag.these",
            "module.oci_lz_orchestrator.module.oci_lz_tags.oci_identity_tag_default.these",
            "module.oci_lz_orchestrator.module.oci_lz_tags.oci_identity_tag_namespace.these",
            "module.oci_lz_orchestrator.module.oci_lz_zpr.data.oci_identity_regions.these",
            "module.oci_lz_orchestrator.module.oci_lz_zpr.data.oci_security_attribute_security_attribute_namespaces.default_security_attribute_namespaces",
            "module.oci_lz_orchestrator.module.oci_lz_zpr.data.oci_security_attribute_security_attribute_namespaces.query_security_attribute_namespaces",
            "module.oci_lz_orchestrator.module.oci_lz_zpr.data.oci_zpr_configuration.this",
            "module.oci_lz_orchestrator.module.oci_lz_zpr.oci_security_attribute_security_attribute.these",
            "module.oci_lz_orchestrator.module.oci_lz_zpr.oci_security_attribute_security_attribute_namespace.these",
            "module.oci_lz_orchestrator.module.oci_lz_zpr.oci_zpr_configuration.this",
            "module.oci_lz_orchestrator.module.oci_lz_zpr.oci_zpr_zpr_policy.these",
            "module.oci_lz_orchestrator.module.oci_lz_zpr.time_sleep.wait_after_zpr_configuration"
          ]
        }
      ]
    },
    {
      "module": "module.oci_lz_orchestrator.module.oci_lz_network[0]",
      "mode": "managed",
      "type": "oci_core_drg",
      "name": "these",
      "provider": "module.oci_lz_orchestrator.provider[\"registry.terraform.io/oracle/oci\"]",
      "instances": [
        {
          "index_key": "DRG-VLL-LZ-HUB-KEY",
          "schema_version": 0,
          "attributes": {
            "compartment_id": "ocid1.compartment.oc19..aaaaaaaacmlk3n2cqqujnnw4fqzg4ciprpltm6m4qzfl3hjbtlvr2ohjnfka",
            "default_drg_route_tables": [
              {
                "ipsec_tunnel": "ocid1.drgroutetable.oc19.eu-madrid-2.aaaaaaaa2ayqbepduntqpt3eryyjk4glxmcn64fltxhzc46dvikvln3bx5pq",
                "remote_peering_connection": "ocid1.drgroutetable.oc19.eu-madrid-2.aaaaaaaa2ayqbepduntqpt3eryyjk4glxmcn64fltxhzc46dvikvln3bx5pq",
                "vcn": "ocid1.drgroutetable.oc19.eu-madrid-2.aaaaaaaas4v3f2x75jddbrn72djlw7reqgv7v3us5rtokxydpdqtpljbcsea",
                "virtual_circuit": "ocid1.drgroutetable.oc19.eu-madrid-2.aaaaaaaa2ayqbepduntqpt3eryyjk4glxmcn64fltxhzc46dvikvln3bx5pq"
              }
            ],
            "default_export_drg_route_distribution_id": "ocid1.drgroutedistribution.oc19.eu-madrid-2.aaaaaaaacyuigit3wlhczzeg2srpzpohmbsfsdtku2354u7nnfmhcvcn5whq",
            "defined_tags": {
              "Oracle-Tags.CreatedBy": "default/jorge.e.torlaschi@accenture.com",
              "Oracle-Tags.CreatedOn": "2026-02-27T12:33:55.166Z"
            },
            "display_name": "o-p-om2-drg-hub-001",
            "freeform_tags": {
              "ocilz-terraform-module": "networking/0.8.1"
            },
            "id": "ocid1.drg.oc19.eu-madrid-2.aaaaaaaaccouhsq6q4wh27qujgiqgckdm5uwnzyecjr2o3glewn6jtntxvva",
            "redundancy_status": "NOT_AVAILABLE",
            "state": "AVAILABLE",
            "time_created": "2026-02-27 12:33:55.183 +0000 UTC",
            "timeouts": null
          },
          "sensitive_attributes": [],
          "private": "eyJlMmJmYjczMC1lY2FhLTExZTYtOGY4OC0zNDM2M2JjN2M0YzAiOnsiY3JlYXRlIjoxMjAwMDAwMDAwMDAwLCJkZWxldGUiOjEyMDAwMDAwMDAwMDAsInVwZGF0ZSI6MTIwMDAwMDAwMDAwMH19",
          "dependencies": [
            "data.github_repository_file.configurations",
            "data.github_repository_file.dependencies",
            "data.github_repository_file.url_dependencies",
            "data.http.configurations",
            "data.oci_objectstorage_object.configurations",
            "data.oci_objectstorage_object.dependencies",
            "data.oci_objectstorage_object.url_dependencies",
            "module.oci_lz_orchestrator.data.oci_identity_regions.these",
            "module.oci_lz_orchestrator.data.oci_identity_tenancy.this",
            "module.oci_lz_orchestrator.module.oci_lz_compartments.oci_identity_compartment.level_2",
            "module.oci_lz_orchestrator.module.oci_lz_compartments.oci_identity_compartment.level_3",
            "module.oci_lz_orchestrator.module.oci_lz_compartments.oci_identity_compartment.level_4",
            "module.oci_lz_orchestrator.module.oci_lz_compartments.oci_identity_compartment.level_5",
            "module.oci_lz_orchestrator.module.oci_lz_compartments.oci_identity_compartment.level_6",
            "module.oci_lz_orchestrator.module.oci_lz_compartments.oci_identity_compartment.these",
            "module.oci_lz_orchestrator.module.oci_lz_compartments.oci_identity_tag_default.these",
            "module.oci_lz_orchestrator.module.oci_lz_tags.data.oci_identity_tag.default_created_by",
            "module.oci_lz_orchestrator.module.oci_lz_tags.data.oci_identity_tag.default_created_on",
            "module.oci_lz_orchestrator.module.oci_lz_tags.data.oci_identity_tag_namespaces.oracle_default",
            "module.oci_lz_orchestrator.module.oci_lz_tags.oci_identity_tag.these",
            "module.oci_lz_orchestrator.module.oci_lz_tags.oci_identity_tag_default.these",
            "module.oci_lz_orchestrator.module.oci_lz_tags.oci_identity_tag_namespace.these",
            "module.oci_lz_orchestrator.module.oci_lz_zpr.data.oci_identity_regions.these",
            "module.oci_lz_orchestrator.module.oci_lz_zpr.data.oci_security_attribute_security_attribute_namespaces.default_security_attribute_namespaces",
            "module.oci_lz_orchestrator.module.oci_lz_zpr.data.oci_security_attribute_security_attribute_namespaces.query_security_attribute_namespaces",
            "module.oci_lz_orchestrator.module.oci_lz_zpr.data.oci_zpr_configuration.this",
            "module.oci_lz_orchestrator.module.oci_lz_zpr.oci_security_attribute_security_attribute.these",
            "module.oci_lz_orchestrator.module.oci_lz_zpr.oci_security_attribute_security_attribute_namespace.these",
            "module.oci_lz_orchestrator.module.oci_lz_zpr.oci_zpr_configuration.this",
            "module.oci_lz_orchestrator.module.oci_lz_zpr.oci_zpr_zpr_policy.these",
            "module.oci_lz_orchestrator.module.oci_lz_zpr.time_sleep.wait_after_zpr_configuration"
          ]
        }
      ]
    },
    {
      "module": "module.oci_lz_orchestrator.module.oci_lz_network[0]",
      "mode": "managed",
      "type": "oci_core_drg_attachment",
      "name": "these",
      "provider": "module.oci_lz_orchestrator.provider[\"registry.terraform.io/oracle/oci\"]",
      "instances": [
        {
          "index_key": "DRGATT-VLL-LZ-EXACS-NPR-VCN-KEY",
          "schema_version": 0,
          "attributes": {
            "compartment_id": "ocid1.compartment.oc19..aaaaaaaacmlk3n2cqqujnnw4fqzg4ciprpltm6m4qzfl3hjbtlvr2ohjnfka",
            "defined_tags": {
              "Oracle-Tags.CreatedBy": "default/jorge.e.torlaschi@accenture.com",
              "Oracle-Tags.CreatedOn": "2026-02-27T12:34:09.276Z"
            },
            "display_name": "o-p-om2-drgatt-exad-001",
            "drg_id": "ocid1.drg.oc19.eu-madrid-2.aaaaaaaaccouhsq6q4wh27qujgiqgckdm5uwnzyecjr2o3glewn6jtntxvva",
            "drg_route_table_id": "ocid1.drgroutetable.oc19.eu-madrid-2.aaaaaaaas4v3f2x75jddbrn72djlw7reqgv7v3us5rtokxydpdqtpljbcsea",
            "export_drg_route_distribution_id": null,
            "freeform_tags": {
              "ocilz-terraform-module": "networking/0.8.1"
            },
            "id": "ocid1.drgattachment.oc19.eu-madrid-2.aaaaaaaae3sz67onrewzrrsq3vz4cane7shdxooxbt3gaouyg76mjk7hptca",
            "is_cross_tenancy": false,
            "network_details": [
              {
                "id": "ocid1.vcn.oc19.eu-madrid-2.amaaaaaapw27gbaayo6t2kvr7yjnawvlnzarrfrjpyftfbmmsikkrkikqaiq",
                "ids": [],
                "ipsec_connection_id": "",
                "route_table_id": "",
                "transport_attachment_id": "",
                "transport_only_mode": false,
                "type": "VCN",
                "vcn_route_type": "SUBNET_CIDRS"
              }
            ],
            "remove_export_drg_route_distribution_trigger": null,
            "route_table_id": null,
            "state": "ATTACHED",
            "time_created": "2026-02-27 12:34:09.321 +0000 UTC",
            "timeouts": null,
            "vcn_id": "ocid1.vcn.oc19.eu-madrid-2.amaaaaaapw27gbaayo6t2kvr7yjnawvlnzarrfrjpyftfbmmsikkrkikqaiq"
          },
          "sensitive_attributes": [],
          "private": "eyJlMmJmYjczMC1lY2FhLTExZTYtOGY4OC0zNDM2M2JjN2M0YzAiOnsiY3JlYXRlIjoxMjAwMDAwMDAwMDAwLCJkZWxldGUiOjEyMDAwMDAwMDAwMDAsInVwZGF0ZSI6MTIwMDAwMDAwMDAwMH19",
          "dependencies": [
            "data.github_repository_file.configurations",
            "data.github_repository_file.dependencies",
            "data.github_repository_file.url_dependencies",
            "data.http.configurations",
            "data.oci_objectstorage_object.configurations",
            "data.oci_objectstorage_object.dependencies",
            "data.oci_objectstorage_object.url_dependencies",
            "module.oci_lz_orchestrator.data.oci_identity_regions.these",
            "module.oci_lz_orchestrator.data.oci_identity_tenancy.this",
            "module.oci_lz_orchestrator.module.oci_lz_compartments.oci_identity_compartment.level_2",
            "module.oci_lz_orchestrator.module.oci_lz_compartments.oci_identity_compartment.level_3",
            "module.oci_lz_orchestrator.module.oci_lz_compartments.oci_identity_compartment.level_4",
            "module.oci_lz_orchestrator.module.oci_lz_compartments.oci_identity_compartment.level_5",
            "module.oci_lz_orchestrator.module.oci_lz_compartments.oci_identity_compartment.level_6",
            "module.oci_lz_orchestrator.module.oci_lz_compartments.oci_identity_compartment.these",
            "module.oci_lz_orchestrator.module.oci_lz_compartments.oci_identity_tag_default.these",
            "module.oci_lz_orchestrator.module.oci_lz_network.data.oci_core_services.oci_services",
            "module.oci_lz_orchestrator.module.oci_lz_network.data.oci_core_vcn.existing_vcns",
            "module.oci_lz_orchestrator.module.oci_lz_network.oci_core_drg.these",
            "module.oci_lz_orchestrator.module.oci_lz_network.oci_core_drg_route_distribution.these",
            "module.oci_lz_orchestrator.module.oci_lz_network.oci_core_drg_route_table.these",
            "module.oci_lz_orchestrator.module.oci_lz_network.oci_core_public_ip.these",
            "module.oci_lz_orchestrator.module.oci_lz_network.oci_core_public_ip_pool.these",
            "module.oci_lz_orchestrator.module.oci_lz_network.oci_core_route_table.drga_specific_route_tables",
            "module.oci_lz_orchestrator.module.oci_lz_network.oci_core_route_table.igw_natgw_specific_route_tables",
            "module.oci_lz_orchestrator.module.oci_lz_network.oci_core_route_table.lpg_specific_route_tables",
            "module.oci_lz_orchestrator.module.oci_lz_network.oci_core_route_table.sgw_specific_route_tables",
            "module.oci_lz_orchestrator.module.oci_lz_network.oci_core_service_gateway.these",
            "module.oci_lz_orchestrator.module.oci_lz_network.oci_core_vcn.these",
            "module.oci_lz_orchestrator.module.oci_lz_tags.data.oci_identity_tag.default_created_by",
            "module.oci_lz_orchestrator.module.oci_lz_tags.data.oci_identity_tag.default_created_on",
            "module.oci_lz_orchestrator.module.oci_lz_tags.data.oci_identity_tag_namespaces.oracle_default",
            "module.oci_lz_orchestrator.module.oci_lz_tags.oci_identity_tag.these",
            "module.oci_lz_orchestrator.module.oci_lz_tags.oci_identity_tag_default.these",
            "module.oci_lz_orchestrator.module.oci_lz_tags.oci_identity_tag_namespace.these",
            "module.oci_lz_orchestrator.module.oci_lz_zpr.data.oci_identity_regions.these",
            "module.oci_lz_orchestrator.module.oci_lz_zpr.data.oci_security_attribute_security_attribute_namespaces.default_security_attribute_namespaces",
            "module.oci_lz_orchestrator.module.oci_lz_zpr.data.oci_security_attribute_security_attribute_namespaces.query_security_attribute_namespaces",
            "module.oci_lz_orchestrator.module.oci_lz_zpr.data.oci_zpr_configuration.this",
            "module.oci_lz_orchestrator.module.oci_lz_zpr.oci_security_attribute_security_attribute.these",
            "module.oci_lz_orchestrator.module.oci_lz_zpr.oci_security_attribute_security_attribute_namespace.these",
            "module.oci_lz_orchestrator.module.oci_lz_zpr.oci_zpr_configuration.this",
            "module.oci_lz_orchestrator.module.oci_lz_zpr.oci_zpr_zpr_policy.these",
            "module.oci_lz_orchestrator.module.oci_lz_zpr.time_sleep.wait_after_zpr_configuration"
          ]
        },
        {
          "index_key": "DRGATT-VLL-LZ-EXACS-PRO-VCN-KEY",
          "schema_version": 0,
          "attributes": {
            "compartment_id": "ocid1.compartment.oc19..aaaaaaaacmlk3n2cqqujnnw4fqzg4ciprpltm6m4qzfl3hjbtlvr2ohjnfka",
            "defined_tags": {
              "Oracle-Tags.CreatedBy": "default/jorge.e.torlaschi@accenture.com",
              "Oracle-Tags.CreatedOn": "2026-02-27T12:34:09.281Z"
            },
            "display_name": "o-p-om2-drgatt-exap-001",
            "drg_id": "ocid1.drg.oc19.eu-madrid-2.aaaaaaaaccouhsq6q4wh27qujgiqgckdm5uwnzyecjr2o3glewn6jtntxvva",
            "drg_route_table_id": "ocid1.drgroutetable.oc19.eu-madrid-2.aaaaaaaas4v3f2x75jddbrn72djlw7reqgv7v3us5rtokxydpdqtpljbcsea",
            "export_drg_route_distribution_id": null,
            "freeform_tags": {
              "ocilz-terraform-module": "networking/0.8.1"
            },
            "id": "ocid1.drgattachment.oc19.eu-madrid-2.aaaaaaaasnhxlqgti7bjnrusigfso3543tdn5xuyy3tichlobpwdlwsgvpwq",
            "is_cross_tenancy": false,
            "network_details": [
              {
                "id": "ocid1.vcn.oc19.eu-madrid-2.amaaaaaapw27gbaassqe6euwqixubwp2tftzf6fjhggl4ygxogcgzhhzdtuq",
                "ids": [],
                "ipsec_connection_id": "",
                "route_table_id": "",
                "transport_attachment_id": "",
                "transport_only_mode": false,
                "type": "VCN",
                "vcn_route_type": "SUBNET_CIDRS"
              }
            ],
            "remove_export_drg_route_distribution_trigger": null,
            "route_table_id": null,
            "state": "ATTACHED",
            "time_created": "2026-02-27 12:34:09.362 +0000 UTC",
            "timeouts": null,
            "vcn_id": "ocid1.vcn.oc19.eu-madrid-2.amaaaaaapw27gbaassqe6euwqixubwp2tftzf6fjhggl4ygxogcgzhhzdtuq"
          },
          "sensitive_attributes": [],
          "private": "eyJlMmJmYjczMC1lY2FhLTExZTYtOGY4OC0zNDM2M2JjN2M0YzAiOnsiY3JlYXRlIjoxMjAwMDAwMDAwMDAwLCJkZWxldGUiOjEyMDAwMDAwMDAwMDAsInVwZGF0ZSI6MTIwMDAwMDAwMDAwMH19",
          "dependencies": [
            "data.github_repository_file.configurations",
            "data.github_repository_file.dependencies",
            "data.github_repository_file.url_dependencies",
            "data.http.configurations",
            "data.oci_objectstorage_object.configurations",
            "data.oci_objectstorage_object.dependencies",
            "data.oci_objectstorage_object.url_dependencies",
            "module.oci_lz_orchestrator.data.oci_identity_regions.these",
            "module.oci_lz_orchestrator.data.oci_identity_tenancy.this",
            "module.oci_lz_orchestrator.module.oci_lz_compartments.oci_identity_compartment.level_2",
            "module.oci_lz_orchestrator.module.oci_lz_compartments.oci_identity_compartment.level_3",
            "module.oci_lz_orchestrator.module.oci_lz_compartments.oci_identity_compartment.level_4",
            "module.oci_lz_orchestrator.module.oci_lz_compartments.oci_identity_compartment.level_5",
            "module.oci_lz_orchestrator.module.oci_lz_compartments.oci_identity_compartment.level_6",
            "module.oci_lz_orchestrator.module.oci_lz_compartments.oci_identity_compartment.these",
            "module.oci_lz_orchestrator.module.oci_lz_compartments.oci_identity_tag_default.these",
            "module.oci_lz_orchestrator.module.oci_lz_network.data.oci_core_services.oci_services",
            "module.oci_lz_orchestrator.module.oci_lz_network.data.oci_core_vcn.existing_vcns",
            "module.oci_lz_orchestrator.module.oci_lz_network.oci_core_drg.these",
            "module.oci_lz_orchestrator.module.oci_lz_network.oci_core_drg_route_distribution.these",
            "module.oci_lz_orchestrator.module.oci_lz_network.oci_core_drg_route_table.these",
            "module.oci_lz_orchestrator.module.oci_lz_network.oci_core_public_ip.these",
            "module.oci_lz_orchestrator.module.oci_lz_network.oci_core_public_ip_pool.these",
            "module.oci_lz_orchestrator.module.oci_lz_network.oci_core_route_table.drga_specific_route_tables",
            "module.oci_lz_orchestrator.module.oci_lz_network.oci_core_route_table.igw_natgw_specific_route_tables",
            "module.oci_lz_orchestrator.module.oci_lz_network.oci_core_route_table.lpg_specific_route_tables",
            "module.oci_lz_orchestrator.module.oci_lz_network.oci_core_route_table.sgw_specific_route_tables",
            "module.oci_lz_orchestrator.module.oci_lz_network.oci_core_service_gateway.these",
            "module.oci_lz_orchestrator.module.oci_lz_network.oci_core_vcn.these",
            "module.oci_lz_orchestrator.module.oci_lz_tags.data.oci_identity_tag.default_created_by",
            "module.oci_lz_orchestrator.module.oci_lz_tags.data.oci_identity_tag.default_created_on",
            "module.oci_lz_orchestrator.module.oci_lz_tags.data.oci_identity_tag_namespaces.oracle_default",
            "module.oci_lz_orchestrator.module.oci_lz_tags.oci_identity_tag.these",
            "module.oci_lz_orchestrator.module.oci_lz_tags.oci_identity_tag_default.these",
            "module.oci_lz_orchestrator.module.oci_lz_tags.oci_identity_tag_namespace.these",
            "module.oci_lz_orchestrator.module.oci_lz_zpr.data.oci_identity_regions.these",
            "module.oci_lz_orchestrator.module.oci_lz_zpr.data.oci_security_attribute_security_attribute_namespaces.default_security_attribute_namespaces",
            "module.oci_lz_orchestrator.module.oci_lz_zpr.data.oci_security_attribute_security_attribute_namespaces.query_security_attribute_namespaces",
            "module.oci_lz_orchestrator.module.oci_lz_zpr.data.oci_zpr_configuration.this",
            "module.oci_lz_orchestrator.module.oci_lz_zpr.oci_security_attribute_security_attribute.these",
            "module.oci_lz_orchestrator.module.oci_lz_zpr.oci_security_attribute_security_attribute_namespace.these",
            "module.oci_lz_orchestrator.module.oci_lz_zpr.oci_zpr_configuration.this",
            "module.oci_lz_orchestrator.module.oci_lz_zpr.oci_zpr_zpr_policy.these",
            "module.oci_lz_orchestrator.module.oci_lz_zpr.time_sleep.wait_after_zpr_configuration"
          ]
        },
        {
          "index_key": "DRGATT-VLL-LZ-HUB-VCN-KEY",
          "schema_version": 0,
          "attributes": {
            "compartment_id": "ocid1.compartment.oc19..aaaaaaaacmlk3n2cqqujnnw4fqzg4ciprpltm6m4qzfl3hjbtlvr2ohjnfka",
            "defined_tags": {
              "Oracle-Tags.CreatedBy": "default/jorge.e.torlaschi@accenture.com",
              "Oracle-Tags.CreatedOn": "2026-02-27T12:34:09.377Z"
            },
            "display_name": "o-p-om2-drgatt-hub-001",
            "drg_id": "ocid1.drg.oc19.eu-madrid-2.aaaaaaaaccouhsq6q4wh27qujgiqgckdm5uwnzyecjr2o3glewn6jtntxvva",
            "drg_route_table_id": "ocid1.drgroutetable.oc19.eu-madrid-2.aaaaaaaanrelsrmkwtjf4e256idtsgctkalvrnyjneornvicziuzznobckna",
            "export_drg_route_distribution_id": null,
            "freeform_tags": {
              "ocilz-terraform-module": "networking/0.8.1"
            },
            "id": "ocid1.drgattachment.oc19.eu-madrid-2.aaaaaaaaflbuuw5hz2nqpdnazjx2rwyokebbaxtgj7awtfrgm7miwrihqfja",
            "is_cross_tenancy": false,
            "network_details": [
              {
                "id": "ocid1.vcn.oc19.eu-madrid-2.amaaaaaapw27gbaavhnugozcm43roj3pnvotywuipi267sbvesvt7mxsaraq",
                "ids": [],
                "ipsec_connection_id": "",
                "route_table_id": "ocid1.routetable.oc19.eu-madrid-2.aaaaaaaacoudfgh3blgkfxf7pqnua7xzf6cvfer3iwh5mktshlpebgqqcuca",
                "transport_attachment_id": "",
                "transport_only_mode": false,
                "type": "VCN",
                "vcn_route_type": "SUBNET_CIDRS"
              }
            ],
            "remove_export_drg_route_distribution_trigger": null,
            "route_table_id": "ocid1.routetable.oc19.eu-madrid-2.aaaaaaaacoudfgh3blgkfxf7pqnua7xzf6cvfer3iwh5mktshlpebgqqcuca",
            "state": "ATTACHED",
            "time_created": "2026-02-27 12:34:09.43 +0000 UTC",
            "timeouts": null,
            "vcn_id": "ocid1.vcn.oc19.eu-madrid-2.amaaaaaapw27gbaavhnugozcm43roj3pnvotywuipi267sbvesvt7mxsaraq"
          },
          "sensitive_attributes": [],
          "private": "eyJlMmJmYjczMC1lY2FhLTExZTYtOGY4OC0zNDM2M2JjN2M0YzAiOnsiY3JlYXRlIjoxMjAwMDAwMDAwMDAwLCJkZWxldGUiOjEyMDAwMDAwMDAwMDAsInVwZGF0ZSI6MTIwMDAwMDAwMDAwMH19",
          "dependencies": [
            "data.github_repository_file.configurations",
            "data.github_repository_file.dependencies",
            "data.github_repository_file.url_dependencies",
            "data.http.configurations",
            "data.oci_objectstorage_object.configurations",
            "data.oci_objectstorage_object.dependencies",
            "data.oci_objectstorage_object.url_dependencies",
            "module.oci_lz_orchestrator.data.oci_identity_regions.these",
            "module.oci_lz_orchestrator.data.oci_identity_tenancy.this",
            "module.oci_lz_orchestrator.module.oci_lz_compartments.oci_identity_compartment.level_2",
            "module.oci_lz_orchestrator.module.oci_lz_compartments.oci_identity_compartment.level_3",
            "module.oci_lz_orchestrator.module.oci_lz_compartments.oci_identity_compartment.level_4",
            "module.oci_lz_orchestrator.module.oci_lz_compartments.oci_identity_compartment.level_5",
            "module.oci_lz_orchestrator.module.oci_lz_compartments.oci_identity_compartment.level_6",
            "module.oci_lz_orchestrator.module.oci_lz_compartments.oci_identity_compartment.these",
            "module.oci_lz_orchestrator.module.oci_lz_compartments.oci_identity_tag_default.these",
            "module.oci_lz_orchestrator.module.oci_lz_network.data.oci_core_services.oci_services",
            "module.oci_lz_orchestrator.module.oci_lz_network.data.oci_core_vcn.existing_vcns",
            "module.oci_lz_orchestrator.module.oci_lz_network.oci_core_drg.these",
            "module.oci_lz_orchestrator.module.oci_lz_network.oci_core_drg_route_distribution.these",
            "module.oci_lz_orchestrator.module.oci_lz_network.oci_core_drg_route_table.these",
            "module.oci_lz_orchestrator.module.oci_lz_network.oci_core_public_ip.these",
            "module.oci_lz_orchestrator.module.oci_lz_network.oci_core_public_ip_pool.these",
            "module.oci_lz_orchestrator.module.oci_lz_network.oci_core_route_table.drga_specific_route_tables",
            "module.oci_lz_orchestrator.module.oci_lz_network.oci_core_route_table.igw_natgw_specific_route_tables",
            "module.oci_lz_orchestrator.module.oci_lz_network.oci_core_route_table.lpg_specific_route_tables",
            "module.oci_lz_orchestrator.module.oci_lz_network.oci_core_route_table.sgw_specific_route_tables",
            "module.oci_lz_orchestrator.module.oci_lz_network.oci_core_service_gateway.these",
            "module.oci_lz_orchestrator.module.oci_lz_network.oci_core_vcn.these",
            "module.oci_lz_orchestrator.module.oci_lz_tags.data.oci_identity_tag.default_created_by",
            "module.oci_lz_orchestrator.module.oci_lz_tags.data.oci_identity_tag.default_created_on",
            "module.oci_lz_orchestrator.module.oci_lz_tags.data.oci_identity_tag_namespaces.oracle_default",
            "module.oci_lz_orchestrator.module.oci_lz_tags.oci_identity_tag.these",
            "module.oci_lz_orchestrator.module.oci_lz_tags.oci_identity_tag_default.these",
            "module.oci_lz_orchestrator.module.oci_lz_tags.oci_identity_tag_namespace.these",
            "module.oci_lz_orchestrator.module.oci_lz_zpr.data.oci_identity_regions.these",
            "module.oci_lz_orchestrator.module.oci_lz_zpr.data.oci_security_attribute_security_attribute_namespaces.default_security_attribute_namespaces",
            "module.oci_lz_orchestrator.module.oci_lz_zpr.data.oci_security_attribute_security_attribute_namespaces.query_security_attribute_namespaces",
            "module.oci_lz_orchestrator.module.oci_lz_zpr.data.oci_zpr_configuration.this",
            "module.oci_lz_orchestrator.module.oci_lz_zpr.oci_security_attribute_security_attribute.these",
            "module.oci_lz_orchestrator.module.oci_lz_zpr.oci_security_attribute_security_attribute_namespace.these",
            "module.oci_lz_orchestrator.module.oci_lz_zpr.oci_zpr_configuration.this",
            "module.oci_lz_orchestrator.module.oci_lz_zpr.oci_zpr_zpr_policy.these",
            "module.oci_lz_orchestrator.module.oci_lz_zpr.time_sleep.wait_after_zpr_configuration"
          ]
        }
      ]
    },
    {
      "module": "module.oci_lz_orchestrator.module.oci_lz_network[0]",
      "mode": "managed",
      "type": "oci_core_drg_route_distribution",
      "name": "these",
      "provider": "module.oci_lz_orchestrator.provider[\"registry.terraform.io/oracle/oci\"]",
      "instances": [
        {
          "index_key": "DRGRD-VLL-LZ-HUB-KEY",
          "schema_version": 0,
          "attributes": {
            "compartment_id": "ocid1.compartment.oc19..aaaaaaaacmlk3n2cqqujnnw4fqzg4ciprpltm6m4qzfl3hjbtlvr2ohjnfka",
            "defined_tags": {
              "Oracle-Tags.CreatedBy": "default/jorge.e.torlaschi@accenture.com",
              "Oracle-Tags.CreatedOn": "2026-02-27T12:33:55.166Z"
            },
            "display_name": "o-p-om2-drgrd-hub-001",
            "distribution_type": "IMPORT",
            "drg_id": "ocid1.drg.oc19.eu-madrid-2.aaaaaaaaccouhsq6q4wh27qujgiqgckdm5uwnzyecjr2o3glewn6jtntxvva",
            "freeform_tags": {
              "ocilz-terraform-module": "networking/0.8.1"
            },
            "id": "ocid1.drgroutedistribution.oc19.eu-madrid-2.aaaaaaaah2m2z7m7i6qog542tu2dtn3xyvu6ve7nksewhxrfmdjtmmmpfwua",
            "state": "AVAILABLE",
            "time_created": "2026-02-27 12:34:02.237 +0000 UTC",
            "timeouts": null
          },
          "sensitive_attributes": [],
          "private": "eyJlMmJmYjczMC1lY2FhLTExZTYtOGY4OC0zNDM2M2JjN2M0YzAiOnsiY3JlYXRlIjoxMjAwMDAwMDAwMDAwLCJkZWxldGUiOjEyMDAwMDAwMDAwMDAsInVwZGF0ZSI6MTIwMDAwMDAwMDAwMH19",
          "dependencies": [
            "data.github_repository_file.configurations",
            "data.github_repository_file.dependencies",
            "data.github_repository_file.url_dependencies",
            "data.http.configurations",
            "data.oci_objectstorage_object.configurations",
            "data.oci_objectstorage_object.dependencies",
            "data.oci_objectstorage_object.url_dependencies",
            "module.oci_lz_orchestrator.data.oci_identity_regions.these",
            "module.oci_lz_orchestrator.data.oci_identity_tenancy.this",
            "module.oci_lz_orchestrator.module.oci_lz_compartments.oci_identity_compartment.level_2",
            "module.oci_lz_orchestrator.module.oci_lz_compartments.oci_identity_compartment.level_3",
            "module.oci_lz_orchestrator.module.oci_lz_compartments.oci_identity_compartment.level_4",
            "module.oci_lz_orchestrator.module.oci_lz_compartments.oci_identity_compartment.level_5",
            "module.oci_lz_orchestrator.module.oci_lz_compartments.oci_identity_compartment.level_6",
            "module.oci_lz_orchestrator.module.oci_lz_compartments.oci_identity_compartment.these",
            "module.oci_lz_orchestrator.module.oci_lz_compartments.oci_identity_tag_default.these",
            "module.oci_lz_orchestrator.module.oci_lz_network.oci_core_drg.these",
            "module.oci_lz_orchestrator.module.oci_lz_tags.data.oci_identity_tag.default_created_by",
            "module.oci_lz_orchestrator.module.oci_lz_tags.data.oci_identity_tag.default_created_on",
            "module.oci_lz_orchestrator.module.oci_lz_tags.data.oci_identity_tag_namespaces.oracle_default",
            "module.oci_lz_orchestrator.module.oci_lz_tags.oci_identity_tag.these",
            "module.oci_lz_orchestrator.module.oci_lz_tags.oci_identity_tag_default.these",
            "module.oci_lz_orchestrator.module.oci_lz_tags.oci_identity_tag_namespace.these",
            "module.oci_lz_orchestrator.module.oci_lz_zpr.data.oci_identity_regions.these",
            "module.oci_lz_orchestrator.module.oci_lz_zpr.data.oci_security_attribute_security_attribute_namespaces.default_security_attribute_namespaces",
            "module.oci_lz_orchestrator.module.oci_lz_zpr.data.oci_security_attribute_security_attribute_namespaces.query_security_attribute_namespaces",
            "module.oci_lz_orchestrator.module.oci_lz_zpr.data.oci_zpr_configuration.this",
            "module.oci_lz_orchestrator.module.oci_lz_zpr.oci_security_attribute_security_attribute.these",
            "module.oci_lz_orchestrator.module.oci_lz_zpr.oci_security_attribute_security_attribute_namespace.these",
            "module.oci_lz_orchestrator.module.oci_lz_zpr.oci_zpr_configuration.this",
            "module.oci_lz_orchestrator.module.oci_lz_zpr.oci_zpr_zpr_policy.these",
            "module.oci_lz_orchestrator.module.oci_lz_zpr.time_sleep.wait_after_zpr_configuration"
          ]
        }
      ]
    },
    {
      "module": "module.oci_lz_orchestrator.module.oci_lz_network[0]",
      "mode": "managed",
      "type": "oci_core_drg_route_table",
      "name": "these",
      "provider": "module.oci_lz_orchestrator.provider[\"registry.terraform.io/oracle/oci\"]",
      "instances": [
        {
          "index_key": "DRGRT-VLL-LZ-HUB-KEY",
          "schema_version": 0,
          "attributes": {
            "compartment_id": "ocid1.compartment.oc19..aaaaaaaacmlk3n2cqqujnnw4fqzg4ciprpltm6m4qzfl3hjbtlvr2ohjnfka",
            "defined_tags": {
              "Oracle-Tags.CreatedBy": "default/jorge.e.torlaschi@accenture.com",
              "Oracle-Tags.CreatedOn": "2026-02-27T12:33:55.166Z"
            },
            "display_name": "o-p-om2-drgrt-hub-001b",
            "drg_id": "ocid1.drg.oc19.eu-madrid-2.aaaaaaaaccouhsq6q4wh27qujgiqgckdm5uwnzyecjr2o3glewn6jtntxvva",
            "freeform_tags": {
              "ocilz-terraform-module": "networking/0.8.1"
            },
            "id": "ocid1.drgroutetable.oc19.eu-madrid-2.aaaaaaaanrelsrmkwtjf4e256idtsgctkalvrnyjneornvicziuzznobckna",
            "import_drg_route_distribution_id": "ocid1.drgroutedistribution.oc19.eu-madrid-2.aaaaaaaah2m2z7m7i6qog542tu2dtn3xyvu6ve7nksewhxrfmdjtmmmpfwua",
            "is_ecmp_enabled": false,
            "remove_import_trigger": null,
            "state": "AVAILABLE",
            "time_created": "2026-02-27 12:34:02.392 +0000 UTC",
            "timeouts": null
          },
          "sensitive_attributes": [],
          "private": "eyJlMmJmYjczMC1lY2FhLTExZTYtOGY4OC0zNDM2M2JjN2M0YzAiOnsiY3JlYXRlIjoxMjAwMDAwMDAwMDAwLCJkZWxldGUiOjEyMDAwMDAwMDAwMDAsInVwZGF0ZSI6MTIwMDAwMDAwMDAwMH19",
          "dependencies": [
            "data.github_repository_file.configurations",
            "data.github_repository_file.dependencies",
            "data.github_repository_file.url_dependencies",
            "data.http.configurations",
            "data.oci_objectstorage_object.configurations",
            "data.oci_objectstorage_object.dependencies",
            "data.oci_objectstorage_object.url_dependencies",
            "module.oci_lz_orchestrator.data.oci_identity_regions.these",
            "module.oci_lz_orchestrator.data.oci_identity_tenancy.this",
            "module.oci_lz_orchestrator.module.oci_lz_compartments.oci_identity_compartment.level_2",
            "module.oci_lz_orchestrator.module.oci_lz_compartments.oci_identity_compartment.level_3",
            "module.oci_lz_orchestrator.module.oci_lz_compartments.oci_identity_compartment.level_4",
            "module.oci_lz_orchestrator.module.oci_lz_compartments.oci_identity_compartment.level_5",
            "module.oci_lz_orchestrator.module.oci_lz_compartments.oci_identity_compartment.level_6",
            "module.oci_lz_orchestrator.module.oci_lz_compartments.oci_identity_compartment.these",
            "module.oci_lz_orchestrator.module.oci_lz_compartments.oci_identity_tag_default.these",
            "module.oci_lz_orchestrator.module.oci_lz_network.oci_core_drg.these",
            "module.oci_lz_orchestrator.module.oci_lz_network.oci_core_drg_route_distribution.these",
            "module.oci_lz_orchestrator.module.oci_lz_tags.data.oci_identity_tag.default_created_by",
            "module.oci_lz_orchestrator.module.oci_lz_tags.data.oci_identity_tag.default_created_on",
            "module.oci_lz_orchestrator.module.oci_lz_tags.data.oci_identity_tag_namespaces.oracle_default",
            "module.oci_lz_orchestrator.module.oci_lz_tags.oci_identity_tag.these",
            "module.oci_lz_orchestrator.module.oci_lz_tags.oci_identity_tag_default.these",
            "module.oci_lz_orchestrator.module.oci_lz_tags.oci_identity_tag_namespace.these",
            "module.oci_lz_orchestrator.module.oci_lz_zpr.data.oci_identity_regions.these",
            "module.oci_lz_orchestrator.module.oci_lz_zpr.data.oci_security_attribute_security_attribute_namespaces.default_security_attribute_namespaces",
            "module.oci_lz_orchestrator.module.oci_lz_zpr.data.oci_security_attribute_security_attribute_namespaces.query_security_attribute_namespaces",
            "module.oci_lz_orchestrator.module.oci_lz_zpr.data.oci_zpr_configuration.this",
            "module.oci_lz_orchestrator.module.oci_lz_zpr.oci_security_attribute_security_attribute.these",
            "module.oci_lz_orchestrator.module.oci_lz_zpr.oci_security_attribute_security_attribute_namespace.these",
            "module.oci_lz_orchestrator.module.oci_lz_zpr.oci_zpr_configuration.this",
            "module.oci_lz_orchestrator.module.oci_lz_zpr.oci_zpr_zpr_policy.these",
            "module.oci_lz_orchestrator.module.oci_lz_zpr.time_sleep.wait_after_zpr_configuration"
          ]
        },
        {
          "index_key": "DRGRT-VLL-LZ-SPOKES-KEY",
          "schema_version": 0,
          "attributes": {
            "compartment_id": "ocid1.compartment.oc19..aaaaaaaacmlk3n2cqqujnnw4fqzg4ciprpltm6m4qzfl3hjbtlvr2ohjnfka",
            "defined_tags": {
              "Oracle-Tags.CreatedBy": "default/jorge.e.torlaschi@accenture.com",
              "Oracle-Tags.CreatedOn": "2026-02-27T12:33:55.166Z"
            },
            "display_name": "o-p-om2-drgrt-spokes-001",
            "drg_id": "ocid1.drg.oc19.eu-madrid-2.aaaaaaaaccouhsq6q4wh27qujgiqgckdm5uwnzyecjr2o3glewn6jtntxvva",
            "freeform_tags": {
              "ocilz-terraform-module": "networking/0.8.1"
            },
            "id": "ocid1.drgroutetable.oc19.eu-madrid-2.aaaaaaaagswfkfonwokyraogkuzugpzcxcwydv2gvc722qsrdnclas4pzlrq",
            "import_drg_route_distribution_id": null,
            "is_ecmp_enabled": false,
            "remove_import_trigger": null,
            "state": "AVAILABLE",
            "time_created": "2026-02-27 12:34:02.367 +0000 UTC",
            "timeouts": null
          },
          "sensitive_attributes": [],
          "private": "eyJlMmJmYjczMC1lY2FhLTExZTYtOGY4OC0zNDM2M2JjN2M0YzAiOnsiY3JlYXRlIjoxMjAwMDAwMDAwMDAwLCJkZWxldGUiOjEyMDAwMDAwMDAwMDAsInVwZGF0ZSI6MTIwMDAwMDAwMDAwMH19",
          "dependencies": [
            "data.github_repository_file.configurations",
            "data.github_repository_file.dependencies",
            "data.github_repository_file.url_dependencies",
            "data.http.configurations",
            "data.oci_objectstorage_object.configurations",
            "data.oci_objectstorage_object.dependencies",
            "data.oci_objectstorage_object.url_dependencies",
            "module.oci_lz_orchestrator.data.oci_identity_regions.these",
            "module.oci_lz_orchestrator.data.oci_identity_tenancy.this",
            "module.oci_lz_orchestrator.module.oci_lz_compartments.oci_identity_compartment.level_2",
            "module.oci_lz_orchestrator.module.oci_lz_compartments.oci_identity_compartment.level_3",
            "module.oci_lz_orchestrator.module.oci_lz_compartments.oci_identity_compartment.level_4",
            "module.oci_lz_orchestrator.module.oci_lz_compartments.oci_identity_compartment.level_5",
            "module.oci_lz_orchestrator.module.oci_lz_compartments.oci_identity_compartment.level_6",
            "module.oci_lz_orchestrator.module.oci_lz_compartments.oci_identity_compartment.these",
            "module.oci_lz_orchestrator.module.oci_lz_compartments.oci_identity_tag_default.these",
            "module.oci_lz_orchestrator.module.oci_lz_network.oci_core_drg.these",
            "module.oci_lz_orchestrator.module.oci_lz_network.oci_core_drg_route_distribution.these",
            "module.oci_lz_orchestrator.module.oci_lz_tags.data.oci_identity_tag.default_created_by",
            "module.oci_lz_orchestrator.module.oci_lz_tags.data.oci_identity_tag.default_created_on",
            "module.oci_lz_orchestrator.module.oci_lz_tags.data.oci_identity_tag_namespaces.oracle_default",
            "module.oci_lz_orchestrator.module.oci_lz_tags.oci_identity_tag.these",
            "module.oci_lz_orchestrator.module.oci_lz_tags.oci_identity_tag_default.these",
            "module.oci_lz_orchestrator.module.oci_lz_tags.oci_identity_tag_namespace.these",
            "module.oci_lz_orchestrator.module.oci_lz_zpr.data.oci_identity_regions.these",
            "module.oci_lz_orchestrator.module.oci_lz_zpr.data.oci_security_attribute_security_attribute_namespaces.default_security_attribute_namespaces",
            "module.oci_lz_orchestrator.module.oci_lz_zpr.data.oci_security_attribute_security_attribute_namespaces.query_security_attribute_namespaces",
            "module.oci_lz_orchestrator.module.oci_lz_zpr.data.oci_zpr_configuration.this",
            "module.oci_lz_orchestrator.module.oci_lz_zpr.oci_security_attribute_security_attribute.these",
            "module.oci_lz_orchestrator.module.oci_lz_zpr.oci_security_attribute_security_attribute_namespace.these",
            "module.oci_lz_orchestrator.module.oci_lz_zpr.oci_zpr_configuration.this",
            "module.oci_lz_orchestrator.module.oci_lz_zpr.oci_zpr_zpr_policy.these",
            "module.oci_lz_orchestrator.module.oci_lz_zpr.time_sleep.wait_after_zpr_configuration"
          ]
        }
      ]
    },
    {
      "module": "module.oci_lz_orchestrator.module.oci_lz_network[0]",
      "mode": "managed",
      "type": "oci_core_drg_route_table_route_rule",
      "name": "these",
      "provider": "module.oci_lz_orchestrator.provider[\"registry.terraform.io/oracle/oci\"]",
      "instances": [
        {
          "index_key": "DRGRT-VLL-LZ-SPOKES-STATIC-ROUTE",
          "schema_version": 0,
          "attributes": {
            "attributes": {},
            "destination": "0.0.0.0/0",
            "destination_type": "CIDR_BLOCK",
            "drg_route_table_id": "ocid1.drgroutetable.oc19.eu-madrid-2.aaaaaaaagswfkfonwokyraogkuzugpzcxcwydv2gvc722qsrdnclas4pzlrq",
            "id": "drgRouteTables/ocid1.drgroutetable.oc19.eu-madrid-2.aaaaaaaagswfkfonwokyraogkuzugpzcxcwydv2gvc722qsrdnclas4pzlrq/routeRules/9989",
            "is_blackhole": false,
            "is_conflict": false,
            "next_hop_drg_attachment_id": "ocid1.drgattachment.oc19.eu-madrid-2.aaaaaaaaflbuuw5hz2nqpdnazjx2rwyokebbaxtgj7awtfrgm7miwrihqfja",
            "route_provenance": "",
            "route_type": "STATIC",
            "timeouts": null
          },
          "sensitive_attributes": [],
          "private": "eyJlMmJmYjczMC1lY2FhLTExZTYtOGY4OC0zNDM2M2JjN2M0YzAiOnsiY3JlYXRlIjoxMjAwMDAwMDAwMDAwLCJkZWxldGUiOjEyMDAwMDAwMDAwMDAsInVwZGF0ZSI6MTIwMDAwMDAwMDAwMH19",
          "dependencies": [
            "data.github_repository_file.configurations",
            "data.github_repository_file.dependencies",
            "data.github_repository_file.url_dependencies",
            "data.http.configurations",
            "data.oci_objectstorage_object.configurations",
            "data.oci_objectstorage_object.dependencies",
            "data.oci_objectstorage_object.url_dependencies",
            "module.oci_lz_orchestrator.data.oci_identity_regions.these",
            "module.oci_lz_orchestrator.data.oci_identity_tenancy.this",
            "module.oci_lz_orchestrator.module.oci_lz_compartments.oci_identity_compartment.level_2",
            "module.oci_lz_orchestrator.module.oci_lz_compartments.oci_identity_compartment.level_3",
            "module.oci_lz_orchestrator.module.oci_lz_compartments.oci_identity_compartment.level_4",
            "module.oci_lz_orchestrator.module.oci_lz_compartments.oci_identity_compartment.level_5",
            "module.oci_lz_orchestrator.module.oci_lz_compartments.oci_identity_compartment.level_6",
            "module.oci_lz_orchestrator.module.oci_lz_compartments.oci_identity_compartment.these",
            "module.oci_lz_orchestrator.module.oci_lz_compartments.oci_identity_tag_default.these",
            "module.oci_lz_orchestrator.module.oci_lz_network.data.oci_core_drg_attachments.rpc_drg_attachments",
            "module.oci_lz_orchestrator.module.oci_lz_network.data.oci_core_fast_connect_provider_services.fast_connect_provider_services",
            "module.oci_lz_orchestrator.module.oci_lz_network.data.oci_core_services.oci_services",
            "module.oci_lz_orchestrator.module.oci_lz_network.data.oci_core_vcn.existing_vcns",
            "module.oci_lz_orchestrator.module.oci_lz_network.oci_core_drg.these",
            "module.oci_lz_orchestrator.module.oci_lz_network.oci_core_drg_attachment.these",
            "module.oci_lz_orchestrator.module.oci_lz_network.oci_core_drg_route_distribution.these",
            "module.oci_lz_orchestrator.module.oci_lz_network.oci_core_drg_route_table.these",
            "module.oci_lz_orchestrator.module.oci_lz_network.oci_core_public_ip.these",
            "module.oci_lz_orchestrator.module.oci_lz_network.oci_core_public_ip_pool.these",
            "module.oci_lz_orchestrator.module.oci_lz_network.oci_core_remote_peering_connection.oci_acceptor_remote_peering_connections",
            "module.oci_lz_orchestrator.module.oci_lz_network.oci_core_remote_peering_connection.oci_requestor_remote_peering_connections",
            "module.oci_lz_orchestrator.module.oci_lz_network.oci_core_route_table.drga_specific_route_tables",
            "module.oci_lz_orchestrator.module.oci_lz_network.oci_core_route_table.igw_natgw_specific_route_tables",
            "module.oci_lz_orchestrator.module.oci_lz_network.oci_core_route_table.lpg_specific_route_tables",
            "module.oci_lz_orchestrator.module.oci_lz_network.oci_core_route_table.sgw_specific_route_tables",
            "module.oci_lz_orchestrator.module.oci_lz_network.oci_core_service_gateway.these",
            "module.oci_lz_orchestrator.module.oci_lz_network.oci_core_vcn.these",
            "module.oci_lz_orchestrator.module.oci_lz_network.oci_core_virtual_circuit.these",
            "module.oci_lz_orchestrator.module.oci_lz_tags.data.oci_identity_tag.default_created_by",
            "module.oci_lz_orchestrator.module.oci_lz_tags.data.oci_identity_tag.default_created_on",
            "module.oci_lz_orchestrator.module.oci_lz_tags.data.oci_identity_tag_namespaces.oracle_default",
            "module.oci_lz_orchestrator.module.oci_lz_tags.oci_identity_tag.these",
            "module.oci_lz_orchestrator.module.oci_lz_tags.oci_identity_tag_default.these",
            "module.oci_lz_orchestrator.module.oci_lz_tags.oci_identity_tag_namespace.these",
            "module.oci_lz_orchestrator.module.oci_lz_zpr.data.oci_identity_regions.these",
            "module.oci_lz_orchestrator.module.oci_lz_zpr.data.oci_security_attribute_security_attribute_namespaces.default_security_attribute_namespaces",
            "module.oci_lz_orchestrator.module.oci_lz_zpr.data.oci_security_attribute_security_attribute_namespaces.query_security_attribute_namespaces",
            "module.oci_lz_orchestrator.module.oci_lz_zpr.data.oci_zpr_configuration.this",
            "module.oci_lz_orchestrator.module.oci_lz_zpr.oci_security_attribute_security_attribute.these",
            "module.oci_lz_orchestrator.module.oci_lz_zpr.oci_security_attribute_security_attribute_namespace.these",
            "module.oci_lz_orchestrator.module.oci_lz_zpr.oci_zpr_configuration.this",
            "module.oci_lz_orchestrator.module.oci_lz_zpr.oci_zpr_zpr_policy.these",
            "module.oci_lz_orchestrator.module.oci_lz_zpr.time_sleep.wait_after_zpr_configuration"
          ]
        }
      ]
    },
    {
      "module": "module.oci_lz_orchestrator.module.oci_lz_network[0]",
      "mode": "managed",
      "type": "oci_core_nat_gateway",
      "name": "these",
      "provider": "module.oci_lz_orchestrator.provider[\"registry.terraform.io/oracle/oci\"]",
      "instances": [
        {
          "index_key": "NGW-VLL-LZ-HUB-KEY",
          "schema_version": 0,
          "attributes": {
            "block_traffic": false,
            "compartment_id": "ocid1.compartment.oc19..aaaaaaaacmlk3n2cqqujnnw4fqzg4ciprpltm6m4qzfl3hjbtlvr2ohjnfka",
            "defined_tags": {
              "Oracle-Tags.CreatedBy": "default/jorge.e.torlaschi@accenture.com",
              "Oracle-Tags.CreatedOn": "2026-02-27T12:33:56.145Z"
            },
            "display_name": "o-p-om2-ngw-hub-001",
            "freeform_tags": {
              "ocilz-terraform-module": "networking/0.8.1"
            },
            "id": "ocid1.natgateway.oc19.eu-madrid-2.aaaaaaaappcuns474gt6m4qqetozo4vl54kozz7tv6nbsr3kbuaelr7sdipq",
            "nat_ip": "158.179.42.209",
            "public_ip_id": "ocid1.publicip.oc19.eu-madrid-2.aaaaaaaapnhghasthefz3la2v3cganxuwfpx33auxlnl6osgdag3plj7o5pa",
            "route_table_id": "ocid1.routetable.oc19.eu-madrid-2.aaaaaaaa5anpfln3ucpbnep7vip7kiz6fnnyslaozuf6o4kyjhob5pp7q7ya",
            "state": "AVAILABLE",
            "time_created": "2026-02-27 12:33:56.325 +0000 UTC",
            "timeouts": null,
            "vcn_id": "ocid1.vcn.oc19.eu-madrid-2.amaaaaaapw27gbaavhnugozcm43roj3pnvotywuipi267sbvesvt7mxsaraq"
          },
          "sensitive_attributes": [],
          "private": "eyJlMmJmYjczMC1lY2FhLTExZTYtOGY4OC0zNDM2M2JjN2M0YzAiOnsiY3JlYXRlIjoxMjAwMDAwMDAwMDAwLCJkZWxldGUiOjEyMDAwMDAwMDAwMDAsInVwZGF0ZSI6MTIwMDAwMDAwMDAwMH19",
          "dependencies": [
            "data.github_repository_file.configurations",
            "data.github_repository_file.dependencies",
            "data.github_repository_file.url_dependencies",
            "data.http.configurations",
            "data.oci_objectstorage_object.configurations",
            "data.oci_objectstorage_object.dependencies",
            "data.oci_objectstorage_object.url_dependencies",
            "module.oci_lz_orchestrator.data.oci_identity_regions.these",
            "module.oci_lz_orchestrator.data.oci_identity_tenancy.this",
            "module.oci_lz_orchestrator.module.oci_lz_compartments.oci_identity_compartment.level_2",
            "module.oci_lz_orchestrator.module.oci_lz_compartments.oci_identity_compartment.level_3",
            "module.oci_lz_orchestrator.module.oci_lz_compartments.oci_identity_compartment.level_4",
            "module.oci_lz_orchestrator.module.oci_lz_compartments.oci_identity_compartment.level_5",
            "module.oci_lz_orchestrator.module.oci_lz_compartments.oci_identity_compartment.level_6",
            "module.oci_lz_orchestrator.module.oci_lz_compartments.oci_identity_compartment.these",
            "module.oci_lz_orchestrator.module.oci_lz_compartments.oci_identity_tag_default.these",
            "module.oci_lz_orchestrator.module.oci_lz_network.data.oci_core_services.oci_services",
            "module.oci_lz_orchestrator.module.oci_lz_network.data.oci_core_vcn.existing_vcns",
            "module.oci_lz_orchestrator.module.oci_lz_network.oci_core_public_ip.these",
            "module.oci_lz_orchestrator.module.oci_lz_network.oci_core_public_ip_pool.these",
            "module.oci_lz_orchestrator.module.oci_lz_network.oci_core_route_table.igw_natgw_specific_route_tables",
            "module.oci_lz_orchestrator.module.oci_lz_network.oci_core_vcn.these",
            "module.oci_lz_orchestrator.module.oci_lz_tags.data.oci_identity_tag.default_created_by",
            "module.oci_lz_orchestrator.module.oci_lz_tags.data.oci_identity_tag.default_created_on",
            "module.oci_lz_orchestrator.module.oci_lz_tags.data.oci_identity_tag_namespaces.oracle_default",
            "module.oci_lz_orchestrator.module.oci_lz_tags.oci_identity_tag.these",
            "module.oci_lz_orchestrator.module.oci_lz_tags.oci_identity_tag_default.these",
            "module.oci_lz_orchestrator.module.oci_lz_tags.oci_identity_tag_namespace.these",
            "module.oci_lz_orchestrator.module.oci_lz_zpr.data.oci_identity_regions.these",
            "module.oci_lz_orchestrator.module.oci_lz_zpr.data.oci_security_attribute_security_attribute_namespaces.default_security_attribute_namespaces",
            "module.oci_lz_orchestrator.module.oci_lz_zpr.data.oci_security_attribute_security_attribute_namespaces.query_security_attribute_namespaces",
            "module.oci_lz_orchestrator.module.oci_lz_zpr.data.oci_zpr_configuration.this",
            "module.oci_lz_orchestrator.module.oci_lz_zpr.oci_security_attribute_security_attribute.these",
            "module.oci_lz_orchestrator.module.oci_lz_zpr.oci_security_attribute_security_attribute_namespace.these",
            "module.oci_lz_orchestrator.module.oci_lz_zpr.oci_zpr_configuration.this",
            "module.oci_lz_orchestrator.module.oci_lz_zpr.oci_zpr_zpr_policy.these",
            "module.oci_lz_orchestrator.module.oci_lz_zpr.time_sleep.wait_after_zpr_configuration"
          ]
        }
      ]
    },
    {
      "module": "module.oci_lz_orchestrator.module.oci_lz_network[0]",
      "mode": "managed",
      "type": "oci_core_network_security_group",
      "name": "these",
      "provider": "module.oci_lz_orchestrator.provider[\"registry.terraform.io/oracle/oci\"]",
      "instances": [
        {
          "index_key": "NSG-VLL-LZ-HUB-FW-KEY",
          "schema_version": 0,
          "attributes": {
            "compartment_id": "ocid1.compartment.oc19..aaaaaaaacmlk3n2cqqujnnw4fqzg4ciprpltm6m4qzfl3hjbtlvr2ohjnfka",
            "defined_tags": {
              "Oracle-Tags.CreatedBy": "default/jorge.e.torlaschi@accenture.com",
              "Oracle-Tags.CreatedOn": "2026-02-27T12:33:55.652Z"
            },
            "display_name": "o-p-om2-nsg-hubfw-001",
            "freeform_tags": {
              "ocilz-terraform-module": "networking/0.8.1"
            },
            "id": "ocid1.networksecuritygroup.oc19.eu-madrid-2.aaaaaaaax4ee4wk2tevuxwqdtuolhvfp2cq7aoul2lgwj7k62grqiyy3q52a",
            "state": "AVAILABLE",
            "time_created": "2026-02-27 12:33:56.314 +0000 UTC",
            "timeouts": null,
            "vcn_id": "ocid1.vcn.oc19.eu-madrid-2.amaaaaaapw27gbaavhnugozcm43roj3pnvotywuipi267sbvesvt7mxsaraq"
          },
          "sensitive_attributes": [],
          "private": "eyJlMmJmYjczMC1lY2FhLTExZTYtOGY4OC0zNDM2M2JjN2M0YzAiOnsiY3JlYXRlIjoxMjAwMDAwMDAwMDAwLCJkZWxldGUiOjEyMDAwMDAwMDAwMDAsInVwZGF0ZSI6MTIwMDAwMDAwMDAwMH19",
          "dependencies": [
            "data.github_repository_file.configurations",
            "data.github_repository_file.dependencies",
            "data.github_repository_file.url_dependencies",
            "data.http.configurations",
            "data.oci_objectstorage_object.configurations",
            "data.oci_objectstorage_object.dependencies",
            "data.oci_objectstorage_object.url_dependencies",
            "module.oci_lz_orchestrator.data.oci_identity_regions.these",
            "module.oci_lz_orchestrator.data.oci_identity_tenancy.this",
            "module.oci_lz_orchestrator.module.oci_lz_compartments.oci_identity_compartment.level_2",
            "module.oci_lz_orchestrator.module.oci_lz_compartments.oci_identity_compartment.level_3",
            "module.oci_lz_orchestrator.module.oci_lz_compartments.oci_identity_compartment.level_4",
            "module.oci_lz_orchestrator.module.oci_lz_compartments.oci_identity_compartment.level_5",
            "module.oci_lz_orchestrator.module.oci_lz_compartments.oci_identity_compartment.level_6",
            "module.oci_lz_orchestrator.module.oci_lz_compartments.oci_identity_compartment.these",
            "module.oci_lz_orchestrator.module.oci_lz_compartments.oci_identity_tag_default.these",
            "module.oci_lz_orchestrator.module.oci_lz_network.data.oci_core_vcn.existing_vcns",
            "module.oci_lz_orchestrator.module.oci_lz_network.oci_core_vcn.these",
            "module.oci_lz_orchestrator.module.oci_lz_tags.data.oci_identity_tag.default_created_by",
            "module.oci_lz_orchestrator.module.oci_lz_tags.data.oci_identity_tag.default_created_on",
            "module.oci_lz_orchestrator.module.oci_lz_tags.data.oci_identity_tag_namespaces.oracle_default",
            "module.oci_lz_orchestrator.module.oci_lz_tags.oci_identity_tag.these",
            "module.oci_lz_orchestrator.module.oci_lz_tags.oci_identity_tag_default.these",
            "module.oci_lz_orchestrator.module.oci_lz_tags.oci_identity_tag_namespace.these",
            "module.oci_lz_orchestrator.module.oci_lz_zpr.data.oci_identity_regions.these",
            "module.oci_lz_orchestrator.module.oci_lz_zpr.data.oci_security_attribute_security_attribute_namespaces.default_security_attribute_namespaces",
            "module.oci_lz_orchestrator.module.oci_lz_zpr.data.oci_security_attribute_security_attribute_namespaces.query_security_attribute_namespaces",
            "module.oci_lz_orchestrator.module.oci_lz_zpr.data.oci_zpr_configuration.this",
            "module.oci_lz_orchestrator.module.oci_lz_zpr.oci_security_attribute_security_attribute.these",
            "module.oci_lz_orchestrator.module.oci_lz_zpr.oci_security_attribute_security_attribute_namespace.these",
            "module.oci_lz_orchestrator.module.oci_lz_zpr.oci_zpr_configuration.this",
            "module.oci_lz_orchestrator.module.oci_lz_zpr.oci_zpr_zpr_policy.these",
            "module.oci_lz_orchestrator.module.oci_lz_zpr.time_sleep.wait_after_zpr_configuration"
          ]
        },
        {
          "index_key": "NSG-VLL-LZ-HUB-LB-KEY",
          "schema_version": 0,
          "attributes": {
            "compartment_id": "ocid1.compartment.oc19..aaaaaaaacmlk3n2cqqujnnw4fqzg4ciprpltm6m4qzfl3hjbtlvr2ohjnfka",
            "defined_tags": {
              "Oracle-Tags.CreatedBy": "default/jorge.e.torlaschi@accenture.com",
              "Oracle-Tags.CreatedOn": "2026-02-27T12:33:55.644Z"
            },
            "display_name": "o-p-om2-nsg-hublb-001",
            "freeform_tags": {
              "ocilz-terraform-module": "networking/0.8.1"
            },
            "id": "ocid1.networksecuritygroup.oc19.eu-madrid-2.aaaaaaaaxrkpnzjsahiw7bfjyj3uj3zivoencv7wbynkib6bg4rgmo6zcriq",
            "state": "AVAILABLE",
            "time_created": "2026-02-27 12:33:55.693 +0000 UTC",
            "timeouts": null,
            "vcn_id": "ocid1.vcn.oc19.eu-madrid-2.amaaaaaapw27gbaavhnugozcm43roj3pnvotywuipi267sbvesvt7mxsaraq"
          },
          "sensitive_attributes": [],
          "private": "eyJlMmJmYjczMC1lY2FhLTExZTYtOGY4OC0zNDM2M2JjN2M0YzAiOnsiY3JlYXRlIjoxMjAwMDAwMDAwMDAwLCJkZWxldGUiOjEyMDAwMDAwMDAwMDAsInVwZGF0ZSI6MTIwMDAwMDAwMDAwMH19",
          "dependencies": [
            "data.github_repository_file.configurations",
            "data.github_repository_file.dependencies",
            "data.github_repository_file.url_dependencies",
            "data.http.configurations",
            "data.oci_objectstorage_object.configurations",
            "data.oci_objectstorage_object.dependencies",
            "data.oci_objectstorage_object.url_dependencies",
            "module.oci_lz_orchestrator.data.oci_identity_regions.these",
            "module.oci_lz_orchestrator.data.oci_identity_tenancy.this",
            "module.oci_lz_orchestrator.module.oci_lz_compartments.oci_identity_compartment.level_2",
            "module.oci_lz_orchestrator.module.oci_lz_compartments.oci_identity_compartment.level_3",
            "module.oci_lz_orchestrator.module.oci_lz_compartments.oci_identity_compartment.level_4",
            "module.oci_lz_orchestrator.module.oci_lz_compartments.oci_identity_compartment.level_5",
            "module.oci_lz_orchestrator.module.oci_lz_compartments.oci_identity_compartment.level_6",
            "module.oci_lz_orchestrator.module.oci_lz_compartments.oci_identity_compartment.these",
            "module.oci_lz_orchestrator.module.oci_lz_compartments.oci_identity_tag_default.these",
            "module.oci_lz_orchestrator.module.oci_lz_network.data.oci_core_vcn.existing_vcns",
            "module.oci_lz_orchestrator.module.oci_lz_network.oci_core_vcn.these",
            "module.oci_lz_orchestrator.module.oci_lz_tags.data.oci_identity_tag.default_created_by",
            "module.oci_lz_orchestrator.module.oci_lz_tags.data.oci_identity_tag.default_created_on",
            "module.oci_lz_orchestrator.module.oci_lz_tags.data.oci_identity_tag_namespaces.oracle_default",
            "module.oci_lz_orchestrator.module.oci_lz_tags.oci_identity_tag.these",
            "module.oci_lz_orchestrator.module.oci_lz_tags.oci_identity_tag_default.these",
            "module.oci_lz_orchestrator.module.oci_lz_tags.oci_identity_tag_namespace.these",
            "module.oci_lz_orchestrator.module.oci_lz_zpr.data.oci_identity_regions.these",
            "module.oci_lz_orchestrator.module.oci_lz_zpr.data.oci_security_attribute_security_attribute_namespaces.default_security_attribute_namespaces",
            "module.oci_lz_orchestrator.module.oci_lz_zpr.data.oci_security_attribute_security_attribute_namespaces.query_security_attribute_namespaces",
            "module.oci_lz_orchestrator.module.oci_lz_zpr.data.oci_zpr_configuration.this",
            "module.oci_lz_orchestrator.module.oci_lz_zpr.oci_security_attribute_security_attribute.these",
            "module.oci_lz_orchestrator.module.oci_lz_zpr.oci_security_attribute_security_attribute_namespace.these",
            "module.oci_lz_orchestrator.module.oci_lz_zpr.oci_zpr_configuration.this",
            "module.oci_lz_orchestrator.module.oci_lz_zpr.oci_zpr_zpr_policy.these",
            "module.oci_lz_orchestrator.module.oci_lz_zpr.time_sleep.wait_after_zpr_configuration"
          ]
        }
      ]
    },
    {
      "module": "module.oci_lz_orchestrator.module.oci_lz_network[0]",
      "mode": "managed",
      "type": "oci_core_network_security_group_security_rule",
      "name": "egress",
      "provider": "module.oci_lz_orchestrator.provider[\"registry.terraform.io/oracle/oci\"]",
      "instances": [
        {
          "index_key": "NSG-VLL-LZ-HUB-FW-KEY.anywhere",
          "schema_version": 0,
          "attributes": {
            "description": "Allow all outbound traffic to 0.0.0.0/0 over all protocols",
            "destination": "0.0.0.0/0",
            "destination_type": "CIDR_BLOCK",
            "direction": "EGRESS",
            "icmp_options": [],
            "id": "7C8EFC",
            "is_valid": true,
            "network_security_group_id": "ocid1.networksecuritygroup.oc19.eu-madrid-2.aaaaaaaax4ee4wk2tevuxwqdtuolhvfp2cq7aoul2lgwj7k62grqiyy3q52a",
            "protocol": "all",
            "source": null,
            "source_type": "",
            "stateless": false,
            "tcp_options": [],
            "time_created": "2026-02-27 12:33:56.479 +0000 UTC",
            "timeouts": null,
            "udp_options": []
          },
          "sensitive_attributes": [],
          "private": "eyJlMmJmYjczMC1lY2FhLTExZTYtOGY4OC0zNDM2M2JjN2M0YzAiOnsiY3JlYXRlIjoxMjAwMDAwMDAwMDAwLCJkZWxldGUiOjEyMDAwMDAwMDAwMDAsInVwZGF0ZSI6MTIwMDAwMDAwMDAwMH19",
          "dependencies": [
            "data.github_repository_file.configurations",
            "data.github_repository_file.dependencies",
            "data.github_repository_file.url_dependencies",
            "data.http.configurations",
            "data.oci_objectstorage_object.configurations",
            "data.oci_objectstorage_object.dependencies",
            "data.oci_objectstorage_object.url_dependencies",
            "module.oci_lz_orchestrator.data.oci_identity_regions.these",
            "module.oci_lz_orchestrator.data.oci_identity_tenancy.this",
            "module.oci_lz_orchestrator.module.oci_lz_compartments.oci_identity_compartment.level_2",
            "module.oci_lz_orchestrator.module.oci_lz_compartments.oci_identity_compartment.level_3",
            "module.oci_lz_orchestrator.module.oci_lz_compartments.oci_identity_compartment.level_4",
            "module.oci_lz_orchestrator.module.oci_lz_compartments.oci_identity_compartment.level_5",
            "module.oci_lz_orchestrator.module.oci_lz_compartments.oci_identity_compartment.level_6",
            "module.oci_lz_orchestrator.module.oci_lz_compartments.oci_identity_compartment.these",
            "module.oci_lz_orchestrator.module.oci_lz_compartments.oci_identity_tag_default.these",
            "module.oci_lz_orchestrator.module.oci_lz_network.data.oci_core_services.oci_services",
            "module.oci_lz_orchestrator.module.oci_lz_network.data.oci_core_vcn.existing_vcns",
            "module.oci_lz_orchestrator.module.oci_lz_network.oci_core_network_security_group.these",
            "module.oci_lz_orchestrator.module.oci_lz_network.oci_core_vcn.these",
            "module.oci_lz_orchestrator.module.oci_lz_tags.data.oci_identity_tag.default_created_by",
            "module.oci_lz_orchestrator.module.oci_lz_tags.data.oci_identity_tag.default_created_on",
            "module.oci_lz_orchestrator.module.oci_lz_tags.data.oci_identity_tag_namespaces.oracle_default",
            "module.oci_lz_orchestrator.module.oci_lz_tags.oci_identity_tag.these",
            "module.oci_lz_orchestrator.module.oci_lz_tags.oci_identity_tag_default.these",
            "module.oci_lz_orchestrator.module.oci_lz_tags.oci_identity_tag_namespace.these",
            "module.oci_lz_orchestrator.module.oci_lz_zpr.data.oci_identity_regions.these",
            "module.oci_lz_orchestrator.module.oci_lz_zpr.data.oci_security_attribute_security_attribute_namespaces.default_security_attribute_namespaces",
            "module.oci_lz_orchestrator.module.oci_lz_zpr.data.oci_security_attribute_security_attribute_namespaces.query_security_attribute_namespaces",
            "module.oci_lz_orchestrator.module.oci_lz_zpr.data.oci_zpr_configuration.this",
            "module.oci_lz_orchestrator.module.oci_lz_zpr.oci_security_attribute_security_attribute.these",
            "module.oci_lz_orchestrator.module.oci_lz_zpr.oci_security_attribute_security_attribute_namespace.these",
            "module.oci_lz_orchestrator.module.oci_lz_zpr.oci_zpr_configuration.this",
            "module.oci_lz_orchestrator.module.oci_lz_zpr.oci_zpr_zpr_policy.these",
            "module.oci_lz_orchestrator.module.oci_lz_zpr.time_sleep.wait_after_zpr_configuration"
          ]
        },
        {
          "index_key": "NSG-VLL-LZ-HUB-FW-KEY.to_lb",
          "schema_version": 0,
          "attributes": {
            "description": "Allow all outbound traffic to LB subnet over all protocols",
            "destination": "10.0.0.0/24",
            "destination_type": "CIDR_BLOCK",
            "direction": "EGRESS",
            "icmp_options": [],
            "id": "9120D2",
            "is_valid": true,
            "network_security_group_id": "ocid1.networksecuritygroup.oc19.eu-madrid-2.aaaaaaaax4ee4wk2tevuxwqdtuolhvfp2cq7aoul2lgwj7k62grqiyy3q52a",
            "protocol": "all",
            "source": null,
            "source_type": "",
            "stateless": true,
            "tcp_options": [],
            "time_created": "2026-02-27 12:33:56.536 +0000 UTC",
            "timeouts": null,
            "udp_options": []
          },
          "sensitive_attributes": [],
          "private": "eyJlMmJmYjczMC1lY2FhLTExZTYtOGY4OC0zNDM2M2JjN2M0YzAiOnsiY3JlYXRlIjoxMjAwMDAwMDAwMDAwLCJkZWxldGUiOjEyMDAwMDAwMDAwMDAsInVwZGF0ZSI6MTIwMDAwMDAwMDAwMH19",
          "dependencies": [
            "data.github_repository_file.configurations",
            "data.github_repository_file.dependencies",
            "data.github_repository_file.url_dependencies",
            "data.http.configurations",
            "data.oci_objectstorage_object.configurations",
            "data.oci_objectstorage_object.dependencies",
            "data.oci_objectstorage_object.url_dependencies",
            "module.oci_lz_orchestrator.data.oci_identity_regions.these",
            "module.oci_lz_orchestrator.data.oci_identity_tenancy.this",
            "module.oci_lz_orchestrator.module.oci_lz_compartments.oci_identity_compartment.level_2",
            "module.oci_lz_orchestrator.module.oci_lz_compartments.oci_identity_compartment.level_3",
            "module.oci_lz_orchestrator.module.oci_lz_compartments.oci_identity_compartment.level_4",
            "module.oci_lz_orchestrator.module.oci_lz_compartments.oci_identity_compartment.level_5",
            "module.oci_lz_orchestrator.module.oci_lz_compartments.oci_identity_compartment.level_6",
            "module.oci_lz_orchestrator.module.oci_lz_compartments.oci_identity_compartment.these",
            "module.oci_lz_orchestrator.module.oci_lz_compartments.oci_identity_tag_default.these",
            "module.oci_lz_orchestrator.module.oci_lz_network.data.oci_core_services.oci_services",
            "module.oci_lz_orchestrator.module.oci_lz_network.data.oci_core_vcn.existing_vcns",
            "module.oci_lz_orchestrator.module.oci_lz_network.oci_core_network_security_group.these",
            "module.oci_lz_orchestrator.module.oci_lz_network.oci_core_vcn.these",
            "module.oci_lz_orchestrator.module.oci_lz_tags.data.oci_identity_tag.default_created_by",
            "module.oci_lz_orchestrator.module.oci_lz_tags.data.oci_identity_tag.default_created_on",
            "module.oci_lz_orchestrator.module.oci_lz_tags.data.oci_identity_tag_namespaces.oracle_default",
            "module.oci_lz_orchestrator.module.oci_lz_tags.oci_identity_tag.these",
            "module.oci_lz_orchestrator.module.oci_lz_tags.oci_identity_tag_default.these",
            "module.oci_lz_orchestrator.module.oci_lz_tags.oci_identity_tag_namespace.these",
            "module.oci_lz_orchestrator.module.oci_lz_zpr.data.oci_identity_regions.these",
            "module.oci_lz_orchestrator.module.oci_lz_zpr.data.oci_security_attribute_security_attribute_namespaces.default_security_attribute_namespaces",
            "module.oci_lz_orchestrator.module.oci_lz_zpr.data.oci_security_attribute_security_attribute_namespaces.query_security_attribute_namespaces",
            "module.oci_lz_orchestrator.module.oci_lz_zpr.data.oci_zpr_configuration.this",
            "module.oci_lz_orchestrator.module.oci_lz_zpr.oci_security_attribute_security_attribute.these",
            "module.oci_lz_orchestrator.module.oci_lz_zpr.oci_security_attribute_security_attribute_namespace.these",
            "module.oci_lz_orchestrator.module.oci_lz_zpr.oci_zpr_configuration.this",
            "module.oci_lz_orchestrator.module.oci_lz_zpr.oci_zpr_zpr_policy.these",
            "module.oci_lz_orchestrator.module.oci_lz_zpr.time_sleep.wait_after_zpr_configuration"
          ]
        },
        {
          "index_key": "NSG-VLL-LZ-HUB-LB-KEY.anywhere",
          "schema_version": 0,
          "attributes": {
            "description": "Allow all outbound traffic to 0.0.0.0/0 over all protocols",
            "destination": "0.0.0.0/0",
            "destination_type": "CIDR_BLOCK",
            "direction": "EGRESS",
            "icmp_options": [],
            "id": "5DCD2A",
            "is_valid": true,
            "network_security_group_id": "ocid1.networksecuritygroup.oc19.eu-madrid-2.aaaaaaaaxrkpnzjsahiw7bfjyj3uj3zivoencv7wbynkib6bg4rgmo6zcriq",
            "protocol": "6",
            "source": null,
            "source_type": "",
            "stateless": false,
            "tcp_options": [
              {
                "destination_port_range": [],
                "source_port_range": []
              }
            ],
            "time_created": "2026-02-27 12:33:56.527 +0000 UTC",
            "timeouts": null,
            "udp_options": []
          },
          "sensitive_attributes": [],
          "private": "eyJlMmJmYjczMC1lY2FhLTExZTYtOGY4OC0zNDM2M2JjN2M0YzAiOnsiY3JlYXRlIjoxMjAwMDAwMDAwMDAwLCJkZWxldGUiOjEyMDAwMDAwMDAwMDAsInVwZGF0ZSI6MTIwMDAwMDAwMDAwMH19",
          "dependencies": [
            "data.github_repository_file.configurations",
            "data.github_repository_file.dependencies",
            "data.github_repository_file.url_dependencies",
            "data.http.configurations",
            "data.oci_objectstorage_object.configurations",
            "data.oci_objectstorage_object.dependencies",
            "data.oci_objectstorage_object.url_dependencies",
            "module.oci_lz_orchestrator.data.oci_identity_regions.these",
            "module.oci_lz_orchestrator.data.oci_identity_tenancy.this",
            "module.oci_lz_orchestrator.module.oci_lz_compartments.oci_identity_compartment.level_2",
            "module.oci_lz_orchestrator.module.oci_lz_compartments.oci_identity_compartment.level_3",
            "module.oci_lz_orchestrator.module.oci_lz_compartments.oci_identity_compartment.level_4",
            "module.oci_lz_orchestrator.module.oci_lz_compartments.oci_identity_compartment.level_5",
            "module.oci_lz_orchestrator.module.oci_lz_compartments.oci_identity_compartment.level_6",
            "module.oci_lz_orchestrator.module.oci_lz_compartments.oci_identity_compartment.these",
            "module.oci_lz_orchestrator.module.oci_lz_compartments.oci_identity_tag_default.these",
            "module.oci_lz_orchestrator.module.oci_lz_network.data.oci_core_services.oci_services",
            "module.oci_lz_orchestrator.module.oci_lz_network.data.oci_core_vcn.existing_vcns",
            "module.oci_lz_orchestrator.module.oci_lz_network.oci_core_network_security_group.these",
            "module.oci_lz_orchestrator.module.oci_lz_network.oci_core_vcn.these",
            "module.oci_lz_orchestrator.module.oci_lz_tags.data.oci_identity_tag.default_created_by",
            "module.oci_lz_orchestrator.module.oci_lz_tags.data.oci_identity_tag.default_created_on",
            "module.oci_lz_orchestrator.module.oci_lz_tags.data.oci_identity_tag_namespaces.oracle_default",
            "module.oci_lz_orchestrator.module.oci_lz_tags.oci_identity_tag.these",
            "module.oci_lz_orchestrator.module.oci_lz_tags.oci_identity_tag_default.these",
            "module.oci_lz_orchestrator.module.oci_lz_tags.oci_identity_tag_namespace.these",
            "module.oci_lz_orchestrator.module.oci_lz_zpr.data.oci_identity_regions.these",
            "module.oci_lz_orchestrator.module.oci_lz_zpr.data.oci_security_attribute_security_attribute_namespaces.default_security_attribute_namespaces",
            "module.oci_lz_orchestrator.module.oci_lz_zpr.data.oci_security_attribute_security_attribute_namespaces.query_security_attribute_namespaces",
            "module.oci_lz_orchestrator.module.oci_lz_zpr.data.oci_zpr_configuration.this",
            "module.oci_lz_orchestrator.module.oci_lz_zpr.oci_security_attribute_security_attribute.these",
            "module.oci_lz_orchestrator.module.oci_lz_zpr.oci_security_attribute_security_attribute_namespace.these",
            "module.oci_lz_orchestrator.module.oci_lz_zpr.oci_zpr_configuration.this",
            "module.oci_lz_orchestrator.module.oci_lz_zpr.oci_zpr_zpr_policy.these",
            "module.oci_lz_orchestrator.module.oci_lz_zpr.time_sleep.wait_after_zpr_configuration"
          ]
        }
      ]
    },
    {
      "module": "module.oci_lz_orchestrator.module.oci_lz_network[0]",
      "mode": "managed",
      "type": "oci_core_network_security_group_security_rule",
      "name": "ingress",
      "provider": "module.oci_lz_orchestrator.provider[\"registry.terraform.io/oracle/oci\"]",
      "instances": [
        {
          "index_key": "NSG-VLL-LZ-HUB-FW-KEY.from_lb",
          "schema_version": 0,
          "attributes": {
            "description": "Allow inbound traffic from Hub LB subnet over all protocols",
            "destination": null,
            "destination_type": "",
            "direction": "INGRESS",
            "icmp_options": [],
            "id": "38CCC2",
            "is_valid": true,
            "network_security_group_id": "ocid1.networksecuritygroup.oc19.eu-madrid-2.aaaaaaaax4ee4wk2tevuxwqdtuolhvfp2cq7aoul2lgwj7k62grqiyy3q52a",
            "protocol": "all",
            "source": "10.0.0.0/24",
            "source_type": "CIDR_BLOCK",
            "stateless": true,
            "tcp_options": [],
            "time_created": "2026-02-27 12:33:56.646 +0000 UTC",
            "timeouts": null,
            "udp_options": []
          },
          "sensitive_attributes": [],
          "private": "eyJlMmJmYjczMC1lY2FhLTExZTYtOGY4OC0zNDM2M2JjN2M0YzAiOnsiY3JlYXRlIjoxMjAwMDAwMDAwMDAwLCJkZWxldGUiOjEyMDAwMDAwMDAwMDAsInVwZGF0ZSI6MTIwMDAwMDAwMDAwMH19",
          "dependencies": [
            "data.github_repository_file.configurations",
            "data.github_repository_file.dependencies",
            "data.github_repository_file.url_dependencies",
            "data.http.configurations",
            "data.oci_objectstorage_object.configurations",
            "data.oci_objectstorage_object.dependencies",
            "data.oci_objectstorage_object.url_dependencies",
            "module.oci_lz_orchestrator.data.oci_identity_regions.these",
            "module.oci_lz_orchestrator.data.oci_identity_tenancy.this",
            "module.oci_lz_orchestrator.module.oci_lz_compartments.oci_identity_compartment.level_2",
            "module.oci_lz_orchestrator.module.oci_lz_compartments.oci_identity_compartment.level_3",
            "module.oci_lz_orchestrator.module.oci_lz_compartments.oci_identity_compartment.level_4",
            "module.oci_lz_orchestrator.module.oci_lz_compartments.oci_identity_compartment.level_5",
            "module.oci_lz_orchestrator.module.oci_lz_compartments.oci_identity_compartment.level_6",
            "module.oci_lz_orchestrator.module.oci_lz_compartments.oci_identity_compartment.these",
            "module.oci_lz_orchestrator.module.oci_lz_compartments.oci_identity_tag_default.these",
            "module.oci_lz_orchestrator.module.oci_lz_network.data.oci_core_vcn.existing_vcns",
            "module.oci_lz_orchestrator.module.oci_lz_network.oci_core_network_security_group.these",
            "module.oci_lz_orchestrator.module.oci_lz_network.oci_core_vcn.these",
            "module.oci_lz_orchestrator.module.oci_lz_tags.data.oci_identity_tag.default_created_by",
            "module.oci_lz_orchestrator.module.oci_lz_tags.data.oci_identity_tag.default_created_on",
            "module.oci_lz_orchestrator.module.oci_lz_tags.data.oci_identity_tag_namespaces.oracle_default",
            "module.oci_lz_orchestrator.module.oci_lz_tags.oci_identity_tag.these",
            "module.oci_lz_orchestrator.module.oci_lz_tags.oci_identity_tag_default.these",
            "module.oci_lz_orchestrator.module.oci_lz_tags.oci_identity_tag_namespace.these",
            "module.oci_lz_orchestrator.module.oci_lz_zpr.data.oci_identity_regions.these",
            "module.oci_lz_orchestrator.module.oci_lz_zpr.data.oci_security_attribute_security_attribute_namespaces.default_security_attribute_namespaces",
            "module.oci_lz_orchestrator.module.oci_lz_zpr.data.oci_security_attribute_security_attribute_namespaces.query_security_attribute_namespaces",
            "module.oci_lz_orchestrator.module.oci_lz_zpr.data.oci_zpr_configuration.this",
            "module.oci_lz_orchestrator.module.oci_lz_zpr.oci_security_attribute_security_attribute.these",
            "module.oci_lz_orchestrator.module.oci_lz_zpr.oci_security_attribute_security_attribute_namespace.these",
            "module.oci_lz_orchestrator.module.oci_lz_zpr.oci_zpr_configuration.this",
            "module.oci_lz_orchestrator.module.oci_lz_zpr.oci_zpr_zpr_policy.these",
            "module.oci_lz_orchestrator.module.oci_lz_zpr.time_sleep.wait_after_zpr_configuration"
          ]
        },
        {
          "index_key": "NSG-VLL-LZ-HUB-LB-KEY.http_443",
          "schema_version": 0,
          "attributes": {
            "description": "Allow inbound traffic from 0.0.0.0/0 over HTTPS",
            "destination": null,
            "destination_type": "",
            "direction": "INGRESS",
            "icmp_options": [],
            "id": "59BFF9",
            "is_valid": true,
            "network_security_group_id": "ocid1.networksecuritygroup.oc19.eu-madrid-2.aaaaaaaaxrkpnzjsahiw7bfjyj3uj3zivoencv7wbynkib6bg4rgmo6zcriq",
            "protocol": "6",
            "source": "0.0.0.0/0",
            "source_type": "CIDR_BLOCK",
            "stateless": false,
            "tcp_options": [
              {
                "destination_port_range": [
                  {
                    "max": 443,
                    "min": 443
                  }
                ],
                "source_port_range": []
              }
            ],
            "time_created": "2026-02-27 12:33:56.576 +0000 UTC",
            "timeouts": null,
            "udp_options": []
          },
          "sensitive_attributes": [],
          "private": "eyJlMmJmYjczMC1lY2FhLTExZTYtOGY4OC0zNDM2M2JjN2M0YzAiOnsiY3JlYXRlIjoxMjAwMDAwMDAwMDAwLCJkZWxldGUiOjEyMDAwMDAwMDAwMDAsInVwZGF0ZSI6MTIwMDAwMDAwMDAwMH19",
          "dependencies": [
            "data.github_repository_file.configurations",
            "data.github_repository_file.dependencies",
            "data.github_repository_file.url_dependencies",
            "data.http.configurations",
            "data.oci_objectstorage_object.configurations",
            "data.oci_objectstorage_object.dependencies",
            "data.oci_objectstorage_object.url_dependencies",
            "module.oci_lz_orchestrator.data.oci_identity_regions.these",
            "module.oci_lz_orchestrator.data.oci_identity_tenancy.this",
            "module.oci_lz_orchestrator.module.oci_lz_compartments.oci_identity_compartment.level_2",
            "module.oci_lz_orchestrator.module.oci_lz_compartments.oci_identity_compartment.level_3",
            "module.oci_lz_orchestrator.module.oci_lz_compartments.oci_identity_compartment.level_4",
            "module.oci_lz_orchestrator.module.oci_lz_compartments.oci_identity_compartment.level_5",
            "module.oci_lz_orchestrator.module.oci_lz_compartments.oci_identity_compartment.level_6",
            "module.oci_lz_orchestrator.module.oci_lz_compartments.oci_identity_compartment.these",
            "module.oci_lz_orchestrator.module.oci_lz_compartments.oci_identity_tag_default.these",
            "module.oci_lz_orchestrator.module.oci_lz_network.data.oci_core_vcn.existing_vcns",
            "module.oci_lz_orchestrator.module.oci_lz_network.oci_core_network_security_group.these",
            "module.oci_lz_orchestrator.module.oci_lz_network.oci_core_vcn.these",
            "module.oci_lz_orchestrator.module.oci_lz_tags.data.oci_identity_tag.default_created_by",
            "module.oci_lz_orchestrator.module.oci_lz_tags.data.oci_identity_tag.default_created_on",
            "module.oci_lz_orchestrator.module.oci_lz_tags.data.oci_identity_tag_namespaces.oracle_default",
            "module.oci_lz_orchestrator.module.oci_lz_tags.oci_identity_tag.these",
            "module.oci_lz_orchestrator.module.oci_lz_tags.oci_identity_tag_default.these",
            "module.oci_lz_orchestrator.module.oci_lz_tags.oci_identity_tag_namespace.these",
            "module.oci_lz_orchestrator.module.oci_lz_zpr.data.oci_identity_regions.these",
            "module.oci_lz_orchestrator.module.oci_lz_zpr.data.oci_security_attribute_security_attribute_namespaces.default_security_attribute_namespaces",
            "module.oci_lz_orchestrator.module.oci_lz_zpr.data.oci_security_attribute_security_attribute_namespaces.query_security_attribute_namespaces",
            "module.oci_lz_orchestrator.module.oci_lz_zpr.data.oci_zpr_configuration.this",
            "module.oci_lz_orchestrator.module.oci_lz_zpr.oci_security_attribute_security_attribute.these",
            "module.oci_lz_orchestrator.module.oci_lz_zpr.oci_security_attribute_security_attribute_namespace.these",
            "module.oci_lz_orchestrator.module.oci_lz_zpr.oci_zpr_configuration.this",
            "module.oci_lz_orchestrator.module.oci_lz_zpr.oci_zpr_zpr_policy.these",
            "module.oci_lz_orchestrator.module.oci_lz_zpr.time_sleep.wait_after_zpr_configuration"
          ]
        },
        {
          "index_key": "NSG-VLL-LZ-HUB-LB-KEY.http_80",
          "schema_version": 0,
          "attributes": {
            "description": "Allow inbound traffic from 0.0.0.0/0 over HTTP",
            "destination": null,
            "destination_type": "",
            "direction": "INGRESS",
            "icmp_options": [],
            "id": "F98CE9",
            "is_valid": true,
            "network_security_group_id": "ocid1.networksecuritygroup.oc19.eu-madrid-2.aaaaaaaaxrkpnzjsahiw7bfjyj3uj3zivoencv7wbynkib6bg4rgmo6zcriq",
            "protocol": "6",
            "source": "0.0.0.0/0",
            "source_type": "CIDR_BLOCK",
            "stateless": false,
            "tcp_options": [
              {
                "destination_port_range": [
                  {
                    "max": 80,
                    "min": 80
                  }
                ],
                "source_port_range": []
              }
            ],
            "time_created": "2026-02-27 12:33:56.646 +0000 UTC",
            "timeouts": null,
            "udp_options": []
          },
          "sensitive_attributes": [],
          "private": "eyJlMmJmYjczMC1lY2FhLTExZTYtOGY4OC0zNDM2M2JjN2M0YzAiOnsiY3JlYXRlIjoxMjAwMDAwMDAwMDAwLCJkZWxldGUiOjEyMDAwMDAwMDAwMDAsInVwZGF0ZSI6MTIwMDAwMDAwMDAwMH19",
          "dependencies": [
            "data.github_repository_file.configurations",
            "data.github_repository_file.dependencies",
            "data.github_repository_file.url_dependencies",
            "data.http.configurations",
            "data.oci_objectstorage_object.configurations",
            "data.oci_objectstorage_object.dependencies",
            "data.oci_objectstorage_object.url_dependencies",
            "module.oci_lz_orchestrator.data.oci_identity_regions.these",
            "module.oci_lz_orchestrator.data.oci_identity_tenancy.this",
            "module.oci_lz_orchestrator.module.oci_lz_compartments.oci_identity_compartment.level_2",
            "module.oci_lz_orchestrator.module.oci_lz_compartments.oci_identity_compartment.level_3",
            "module.oci_lz_orchestrator.module.oci_lz_compartments.oci_identity_compartment.level_4",
            "module.oci_lz_orchestrator.module.oci_lz_compartments.oci_identity_compartment.level_5",
            "module.oci_lz_orchestrator.module.oci_lz_compartments.oci_identity_compartment.level_6",
            "module.oci_lz_orchestrator.module.oci_lz_compartments.oci_identity_compartment.these",
            "module.oci_lz_orchestrator.module.oci_lz_compartments.oci_identity_tag_default.these",
            "module.oci_lz_orchestrator.module.oci_lz_network.data.oci_core_vcn.existing_vcns",
            "module.oci_lz_orchestrator.module.oci_lz_network.oci_core_network_security_group.these",
            "module.oci_lz_orchestrator.module.oci_lz_network.oci_core_vcn.these",
            "module.oci_lz_orchestrator.module.oci_lz_tags.data.oci_identity_tag.default_created_by",
            "module.oci_lz_orchestrator.module.oci_lz_tags.data.oci_identity_tag.default_created_on",
            "module.oci_lz_orchestrator.module.oci_lz_tags.data.oci_identity_tag_namespaces.oracle_default",
            "module.oci_lz_orchestrator.module.oci_lz_tags.oci_identity_tag.these",
            "module.oci_lz_orchestrator.module.oci_lz_tags.oci_identity_tag_default.these",
            "module.oci_lz_orchestrator.module.oci_lz_tags.oci_identity_tag_namespace.these",
            "module.oci_lz_orchestrator.module.oci_lz_zpr.data.oci_identity_regions.these",
            "module.oci_lz_orchestrator.module.oci_lz_zpr.data.oci_security_attribute_security_attribute_namespaces.default_security_attribute_namespaces",
            "module.oci_lz_orchestrator.module.oci_lz_zpr.data.oci_security_attribute_security_attribute_namespaces.query_security_attribute_namespaces",
            "module.oci_lz_orchestrator.module.oci_lz_zpr.data.oci_zpr_configuration.this",
            "module.oci_lz_orchestrator.module.oci_lz_zpr.oci_security_attribute_security_attribute.these",
            "module.oci_lz_orchestrator.module.oci_lz_zpr.oci_security_attribute_security_attribute_namespace.these",
            "module.oci_lz_orchestrator.module.oci_lz_zpr.oci_zpr_configuration.this",
            "module.oci_lz_orchestrator.module.oci_lz_zpr.oci_zpr_zpr_policy.these",
            "module.oci_lz_orchestrator.module.oci_lz_zpr.time_sleep.wait_after_zpr_configuration"
          ]
        }
      ]
    },
    {
      "module": "module.oci_lz_orchestrator.module.oci_lz_network[0]",
      "mode": "managed",
      "type": "oci_core_route_table",
      "name": "igw_natgw_specific_route_tables",
      "provider": "module.oci_lz_orchestrator.provider[\"registry.terraform.io/oracle/oci\"]",
      "instances": [
        {
          "index_key": "RT-VLL-LZ-HUB-INGRESS-KEY",
          "schema_version": 0,
          "attributes": {
            "compartment_id": "ocid1.compartment.oc19..aaaaaaaacmlk3n2cqqujnnw4fqzg4ciprpltm6m4qzfl3hjbtlvr2ohjnfka",
            "defined_tags": {
              "Oracle-Tags.CreatedBy": "default/jorge.e.torlaschi@accenture.com",
              "Oracle-Tags.CreatedOn": "2026-02-27T12:33:55.921Z"
            },
            "display_name": "o-p-om2-rtb-hubingress-001",
            "freeform_tags": {},
            "id": "ocid1.routetable.oc19.eu-madrid-2.aaaaaaaacoudfgh3blgkfxf7pqnua7xzf6cvfer3iwh5mktshlpebgqqcuca",
            "route_rules": [],
            "state": "AVAILABLE",
            "time_created": "2026-02-27 12:33:55.928 +0000 UTC",
            "timeouts": null,
            "vcn_id": "ocid1.vcn.oc19.eu-madrid-2.amaaaaaapw27gbaavhnugozcm43roj3pnvotywuipi267sbvesvt7mxsaraq"
          },
          "sensitive_attributes": [],
          "private": "eyJlMmJmYjczMC1lY2FhLTExZTYtOGY4OC0zNDM2M2JjN2M0YzAiOnsiY3JlYXRlIjoxMjAwMDAwMDAwMDAwLCJkZWxldGUiOjEyMDAwMDAwMDAwMDAsInVwZGF0ZSI6MTIwMDAwMDAwMDAwMH19",
          "dependencies": [
            "data.github_repository_file.configurations",
            "data.github_repository_file.dependencies",
            "data.github_repository_file.url_dependencies",
            "data.http.configurations",
            "data.oci_objectstorage_object.configurations",
            "data.oci_objectstorage_object.dependencies",
            "data.oci_objectstorage_object.url_dependencies",
            "module.oci_lz_orchestrator.data.oci_identity_regions.these",
            "module.oci_lz_orchestrator.data.oci_identity_tenancy.this",
            "module.oci_lz_orchestrator.module.oci_lz_compartments.oci_identity_compartment.level_2",
            "module.oci_lz_orchestrator.module.oci_lz_compartments.oci_identity_compartment.level_3",
            "module.oci_lz_orchestrator.module.oci_lz_compartments.oci_identity_compartment.level_4",
            "module.oci_lz_orchestrator.module.oci_lz_compartments.oci_identity_compartment.level_5",
            "module.oci_lz_orchestrator.module.oci_lz_compartments.oci_identity_compartment.level_6",
            "module.oci_lz_orchestrator.module.oci_lz_compartments.oci_identity_compartment.these",
            "module.oci_lz_orchestrator.module.oci_lz_compartments.oci_identity_tag_default.these",
            "module.oci_lz_orchestrator.module.oci_lz_network.data.oci_core_services.oci_services",
            "module.oci_lz_orchestrator.module.oci_lz_network.data.oci_core_vcn.existing_vcns",
            "module.oci_lz_orchestrator.module.oci_lz_network.oci_core_public_ip.these",
            "module.oci_lz_orchestrator.module.oci_lz_network.oci_core_public_ip_pool.these",
            "module.oci_lz_orchestrator.module.oci_lz_network.oci_core_vcn.these",
            "module.oci_lz_orchestrator.module.oci_lz_tags.data.oci_identity_tag.default_created_by",
            "module.oci_lz_orchestrator.module.oci_lz_tags.data.oci_identity_tag.default_created_on",
            "module.oci_lz_orchestrator.module.oci_lz_tags.data.oci_identity_tag_namespaces.oracle_default",
            "module.oci_lz_orchestrator.module.oci_lz_tags.oci_identity_tag.these",
            "module.oci_lz_orchestrator.module.oci_lz_tags.oci_identity_tag_default.these",
            "module.oci_lz_orchestrator.module.oci_lz_tags.oci_identity_tag_namespace.these",
            "module.oci_lz_orchestrator.module.oci_lz_zpr.data.oci_identity_regions.these",
            "module.oci_lz_orchestrator.module.oci_lz_zpr.data.oci_security_attribute_security_attribute_namespaces.default_security_attribute_namespaces",
            "module.oci_lz_orchestrator.module.oci_lz_zpr.data.oci_security_attribute_security_attribute_namespaces.query_security_attribute_namespaces",
            "module.oci_lz_orchestrator.module.oci_lz_zpr.data.oci_zpr_configuration.this",
            "module.oci_lz_orchestrator.module.oci_lz_zpr.oci_security_attribute_security_attribute.these",
            "module.oci_lz_orchestrator.module.oci_lz_zpr.oci_security_attribute_security_attribute_namespace.these",
            "module.oci_lz_orchestrator.module.oci_lz_zpr.oci_zpr_configuration.this",
            "module.oci_lz_orchestrator.module.oci_lz_zpr.oci_zpr_zpr_policy.these",
            "module.oci_lz_orchestrator.module.oci_lz_zpr.time_sleep.wait_after_zpr_configuration"
          ]
        },
        {
          "index_key": "RT-VLL-LZ-HUB-NATGW-KEY",
          "schema_version": 0,
          "attributes": {
            "compartment_id": "ocid1.compartment.oc19..aaaaaaaacmlk3n2cqqujnnw4fqzg4ciprpltm6m4qzfl3hjbtlvr2ohjnfka",
            "defined_tags": {
              "Oracle-Tags.CreatedBy": "default/jorge.e.torlaschi@accenture.com",
              "Oracle-Tags.CreatedOn": "2026-02-27T12:33:55.924Z"
            },
            "display_name": "o-p-om2-rtb-hubnatgw-001",
            "freeform_tags": {},
            "id": "ocid1.routetable.oc19.eu-madrid-2.aaaaaaaa5anpfln3ucpbnep7vip7kiz6fnnyslaozuf6o4kyjhob5pp7q7ya",
            "route_rules": [],
            "state": "AVAILABLE",
            "time_created": "2026-02-27 12:33:55.93 +0000 UTC",
            "timeouts": null,
            "vcn_id": "ocid1.vcn.oc19.eu-madrid-2.amaaaaaapw27gbaavhnugozcm43roj3pnvotywuipi267sbvesvt7mxsaraq"
          },
          "sensitive_attributes": [],
          "private": "eyJlMmJmYjczMC1lY2FhLTExZTYtOGY4OC0zNDM2M2JjN2M0YzAiOnsiY3JlYXRlIjoxMjAwMDAwMDAwMDAwLCJkZWxldGUiOjEyMDAwMDAwMDAwMDAsInVwZGF0ZSI6MTIwMDAwMDAwMDAwMH19",
          "dependencies": [
            "data.github_repository_file.configurations",
            "data.github_repository_file.dependencies",
            "data.github_repository_file.url_dependencies",
            "data.http.configurations",
            "data.oci_objectstorage_object.configurations",
            "data.oci_objectstorage_object.dependencies",
            "data.oci_objectstorage_object.url_dependencies",
            "module.oci_lz_orchestrator.data.oci_identity_regions.these",
            "module.oci_lz_orchestrator.data.oci_identity_tenancy.this",
            "module.oci_lz_orchestrator.module.oci_lz_compartments.oci_identity_compartment.level_2",
            "module.oci_lz_orchestrator.module.oci_lz_compartments.oci_identity_compartment.level_3",
            "module.oci_lz_orchestrator.module.oci_lz_compartments.oci_identity_compartment.level_4",
            "module.oci_lz_orchestrator.module.oci_lz_compartments.oci_identity_compartment.level_5",
            "module.oci_lz_orchestrator.module.oci_lz_compartments.oci_identity_compartment.level_6",
            "module.oci_lz_orchestrator.module.oci_lz_compartments.oci_identity_compartment.these",
            "module.oci_lz_orchestrator.module.oci_lz_compartments.oci_identity_tag_default.these",
            "module.oci_lz_orchestrator.module.oci_lz_network.data.oci_core_services.oci_services",
            "module.oci_lz_orchestrator.module.oci_lz_network.data.oci_core_vcn.existing_vcns",
            "module.oci_lz_orchestrator.module.oci_lz_network.oci_core_public_ip.these",
            "module.oci_lz_orchestrator.module.oci_lz_network.oci_core_public_ip_pool.these",
            "module.oci_lz_orchestrator.module.oci_lz_network.oci_core_vcn.these",
            "module.oci_lz_orchestrator.module.oci_lz_tags.data.oci_identity_tag.default_created_by",
            "module.oci_lz_orchestrator.module.oci_lz_tags.data.oci_identity_tag.default_created_on",
            "module.oci_lz_orchestrator.module.oci_lz_tags.data.oci_identity_tag_namespaces.oracle_default",
            "module.oci_lz_orchestrator.module.oci_lz_tags.oci_identity_tag.these",
            "module.oci_lz_orchestrator.module.oci_lz_tags.oci_identity_tag_default.these",
            "module.oci_lz_orchestrator.module.oci_lz_tags.oci_identity_tag_namespace.these",
            "module.oci_lz_orchestrator.module.oci_lz_zpr.data.oci_identity_regions.these",
            "module.oci_lz_orchestrator.module.oci_lz_zpr.data.oci_security_attribute_security_attribute_namespaces.default_security_attribute_namespaces",
            "module.oci_lz_orchestrator.module.oci_lz_zpr.data.oci_security_attribute_security_attribute_namespaces.query_security_attribute_namespaces",
            "module.oci_lz_orchestrator.module.oci_lz_zpr.data.oci_zpr_configuration.this",
            "module.oci_lz_orchestrator.module.oci_lz_zpr.oci_security_attribute_security_attribute.these",
            "module.oci_lz_orchestrator.module.oci_lz_zpr.oci_security_attribute_security_attribute_namespace.these",
            "module.oci_lz_orchestrator.module.oci_lz_zpr.oci_zpr_configuration.this",
            "module.oci_lz_orchestrator.module.oci_lz_zpr.oci_zpr_zpr_policy.these",
            "module.oci_lz_orchestrator.module.oci_lz_zpr.time_sleep.wait_after_zpr_configuration"
          ]
        }
      ]
    },
    {
      "module": "module.oci_lz_orchestrator.module.oci_lz_network[0]",
      "mode": "managed",
      "type": "oci_core_route_table",
      "name": "lpg_specific_route_tables",
      "provider": "module.oci_lz_orchestrator.provider[\"registry.terraform.io/oracle/oci\"]",
      "instances": [
        {
          "index_key": "RT-VLL-LZ-HUB-MGMT-KEY",
          "schema_version": 0,
          "attributes": {
            "compartment_id": "ocid1.compartment.oc19..aaaaaaaacmlk3n2cqqujnnw4fqzg4ciprpltm6m4qzfl3hjbtlvr2ohjnfka",
            "defined_tags": {
              "Oracle-Tags.CreatedBy": "default/jorge.e.torlaschi@accenture.com",
              "Oracle-Tags.CreatedOn": "2026-02-27T12:33:58.857Z"
            },
            "display_name": "o-p-om2-rtb-hubmgmt-001",
            "freeform_tags": {},
            "id": "ocid1.routetable.oc19.eu-madrid-2.aaaaaaaaxnlln5qgunwceglywutphkzaqunzs6zt5pmswehx4oeisihw63jq",
            "route_rules": [
              {
                "cidr_block": "",
                "description": "Route to Oracle Services Network through Service GW",
                "destination": "all-vll-services-in-oracle-services-network",
                "destination_type": "SERVICE_CIDR_BLOCK",
                "network_entity_id": "ocid1.servicegateway.oc19.eu-madrid-2.aaaaaaaadaqxxgszekrgze6iptyqc26eufl6zzsl6w7fctq732wwy6kvzfdq",
                "route_type": "STATIC"
              }
            ],
            "state": "AVAILABLE",
            "time_created": "2026-02-27 12:33:58.866 +0000 UTC",
            "timeouts": null,
            "vcn_id": "ocid1.vcn.oc19.eu-madrid-2.amaaaaaapw27gbaavhnugozcm43roj3pnvotywuipi267sbvesvt7mxsaraq"
          },
          "sensitive_attributes": [],
          "private": "eyJlMmJmYjczMC1lY2FhLTExZTYtOGY4OC0zNDM2M2JjN2M0YzAiOnsiY3JlYXRlIjoxMjAwMDAwMDAwMDAwLCJkZWxldGUiOjEyMDAwMDAwMDAwMDAsInVwZGF0ZSI6MTIwMDAwMDAwMDAwMH19",
          "dependencies": [
            "data.github_repository_file.configurations",
            "data.github_repository_file.dependencies",
            "data.github_repository_file.url_dependencies",
            "data.http.configurations",
            "data.oci_objectstorage_object.configurations",
            "data.oci_objectstorage_object.dependencies",
            "data.oci_objectstorage_object.url_dependencies",
            "module.oci_lz_orchestrator.data.oci_identity_regions.these",
            "module.oci_lz_orchestrator.data.oci_identity_tenancy.this",
            "module.oci_lz_orchestrator.module.oci_lz_compartments.oci_identity_compartment.level_2",
            "module.oci_lz_orchestrator.module.oci_lz_compartments.oci_identity_compartment.level_3",
            "module.oci_lz_orchestrator.module.oci_lz_compartments.oci_identity_compartment.level_4",
            "module.oci_lz_orchestrator.module.oci_lz_compartments.oci_identity_compartment.level_5",
            "module.oci_lz_orchestrator.module.oci_lz_compartments.oci_identity_compartment.level_6",
            "module.oci_lz_orchestrator.module.oci_lz_compartments.oci_identity_compartment.these",
            "module.oci_lz_orchestrator.module.oci_lz_compartments.oci_identity_tag_default.these",
            "module.oci_lz_orchestrator.module.oci_lz_network.data.oci_core_services.oci_services",
            "module.oci_lz_orchestrator.module.oci_lz_network.data.oci_core_vcn.existing_vcns",
            "module.oci_lz_orchestrator.module.oci_lz_network.oci_core_public_ip.these",
            "module.oci_lz_orchestrator.module.oci_lz_network.oci_core_public_ip_pool.these",
            "module.oci_lz_orchestrator.module.oci_lz_network.oci_core_route_table.igw_natgw_specific_route_tables",
            "module.oci_lz_orchestrator.module.oci_lz_network.oci_core_route_table.sgw_specific_route_tables",
            "module.oci_lz_orchestrator.module.oci_lz_network.oci_core_service_gateway.these",
            "module.oci_lz_orchestrator.module.oci_lz_network.oci_core_vcn.these",
            "module.oci_lz_orchestrator.module.oci_lz_tags.data.oci_identity_tag.default_created_by",
            "module.oci_lz_orchestrator.module.oci_lz_tags.data.oci_identity_tag.default_created_on",
            "module.oci_lz_orchestrator.module.oci_lz_tags.data.oci_identity_tag_namespaces.oracle_default",
            "module.oci_lz_orchestrator.module.oci_lz_tags.oci_identity_tag.these",
            "module.oci_lz_orchestrator.module.oci_lz_tags.oci_identity_tag_default.these",
            "module.oci_lz_orchestrator.module.oci_lz_tags.oci_identity_tag_namespace.these",
            "module.oci_lz_orchestrator.module.oci_lz_zpr.data.oci_identity_regions.these",
            "module.oci_lz_orchestrator.module.oci_lz_zpr.data.oci_security_attribute_security_attribute_namespaces.default_security_attribute_namespaces",
            "module.oci_lz_orchestrator.module.oci_lz_zpr.data.oci_security_attribute_security_attribute_namespaces.query_security_attribute_namespaces",
            "module.oci_lz_orchestrator.module.oci_lz_zpr.data.oci_zpr_configuration.this",
            "module.oci_lz_orchestrator.module.oci_lz_zpr.oci_security_attribute_security_attribute.these",
            "module.oci_lz_orchestrator.module.oci_lz_zpr.oci_security_attribute_security_attribute_namespace.these",
            "module.oci_lz_orchestrator.module.oci_lz_zpr.oci_zpr_configuration.this",
            "module.oci_lz_orchestrator.module.oci_lz_zpr.oci_zpr_zpr_policy.these",
            "module.oci_lz_orchestrator.module.oci_lz_zpr.time_sleep.wait_after_zpr_configuration"
          ]
        }
      ]
    },
    {
      "module": "module.oci_lz_orchestrator.module.oci_lz_network[0]",
      "mode": "managed",
      "type": "oci_core_route_table",
      "name": "non_gw_specific_remaining_route_tables",
      "provider": "module.oci_lz_orchestrator.provider[\"registry.terraform.io/oracle/oci\"]",
      "instances": [
        {
          "index_key": "RT-VLL-LZ-EXACS-NPR-BACKUP-KEY",
          "schema_version": 0,
          "attributes": {
            "compartment_id": "ocid1.compartment.oc19..aaaaaaaacmlk3n2cqqujnnw4fqzg4ciprpltm6m4qzfl3hjbtlvr2ohjnfka",
            "defined_tags": {
              "Oracle-Tags.CreatedBy": "default/jorge.e.torlaschi@accenture.com",
              "Oracle-Tags.CreatedOn": "2026-02-27T12:34:02.224Z"
            },
            "display_name": "o-np-om2-rtb-exacs-nprbck-001",
            "freeform_tags": {
              "ocilz-terraform-module": "networking/0.8.1"
            },
            "id": "ocid1.routetable.oc19.eu-madrid-2.aaaaaaaaytqy4srqez2edaijo6ngwggfyvcokolcbfd4nutfhfi5p3xyoobq",
            "route_rules": [
              {
                "cidr_block": "",
                "description": "Route to Oracle Services Network through Service GW",
                "destination": "all-vll-services-in-oracle-services-network",
                "destination_type": "SERVICE_CIDR_BLOCK",
                "network_entity_id": "ocid1.servicegateway.oc19.eu-madrid-2.aaaaaaaap6d6cay2c5udss67ppq5qkkwkdyosumzmugdvqmdljcvdcyzo5wq",
                "route_type": "STATIC"
              },
              {
                "cidr_block": "",
                "description": "Route to the 0.0.0.0/0 through DRG",
                "destination": "0.0.0.0/0",
                "destination_type": "CIDR_BLOCK",
                "network_entity_id": "ocid1.drg.oc19.eu-madrid-2.aaaaaaaaccouhsq6q4wh27qujgiqgckdm5uwnzyecjr2o3glewn6jtntxvva",
                "route_type": "STATIC"
              }
            ],
            "state": "AVAILABLE",
            "time_created": "2026-02-27 12:34:02.242 +0000 UTC",
            "timeouts": null,
            "vcn_id": "ocid1.vcn.oc19.eu-madrid-2.amaaaaaapw27gbaayo6t2kvr7yjnawvlnzarrfrjpyftfbmmsikkrkikqaiq"
          },
          "sensitive_attributes": [],
          "private": "eyJlMmJmYjczMC1lY2FhLTExZTYtOGY4OC0zNDM2M2JjN2M0YzAiOnsiY3JlYXRlIjoxMjAwMDAwMDAwMDAwLCJkZWxldGUiOjEyMDAwMDAwMDAwMDAsInVwZGF0ZSI6MTIwMDAwMDAwMDAwMH19",
          "dependencies": [
            "data.github_repository_file.configurations",
            "data.github_repository_file.dependencies",
            "data.github_repository_file.url_dependencies",
            "data.http.configurations",
            "data.oci_objectstorage_object.configurations",
            "data.oci_objectstorage_object.dependencies",
            "data.oci_objectstorage_object.url_dependencies",
            "module.oci_lz_orchestrator.data.oci_identity_regions.these",
            "module.oci_lz_orchestrator.data.oci_identity_tenancy.this",
            "module.oci_lz_orchestrator.module.oci_lz_compartments.oci_identity_compartment.level_2",
            "module.oci_lz_orchestrator.module.oci_lz_compartments.oci_identity_compartment.level_3",
            "module.oci_lz_orchestrator.module.oci_lz_compartments.oci_identity_compartment.level_4",
            "module.oci_lz_orchestrator.module.oci_lz_compartments.oci_identity_compartment.level_5",
            "module.oci_lz_orchestrator.module.oci_lz_compartments.oci_identity_compartment.level_6",
            "module.oci_lz_orchestrator.module.oci_lz_compartments.oci_identity_compartment.these",
            "module.oci_lz_orchestrator.module.oci_lz_compartments.oci_identity_tag_default.these",
            "module.oci_lz_orchestrator.module.oci_lz_network.data.oci_core_services.oci_services",
            "module.oci_lz_orchestrator.module.oci_lz_network.data.oci_core_vcn.existing_vcns",
            "module.oci_lz_orchestrator.module.oci_lz_network.oci_core_drg.these",
            "module.oci_lz_orchestrator.module.oci_lz_network.oci_core_internet_gateway.these",
            "module.oci_lz_orchestrator.module.oci_lz_network.oci_core_local_peering_gateway.oci_acceptor_local_peering_gateways",
            "module.oci_lz_orchestrator.module.oci_lz_network.oci_core_local_peering_gateway.oci_requestor_local_peering_gateways",
            "module.oci_lz_orchestrator.module.oci_lz_network.oci_core_nat_gateway.these",
            "module.oci_lz_orchestrator.module.oci_lz_network.oci_core_public_ip.these",
            "module.oci_lz_orchestrator.module.oci_lz_network.oci_core_public_ip_pool.these",
            "module.oci_lz_orchestrator.module.oci_lz_network.oci_core_route_table.igw_natgw_specific_route_tables",
            "module.oci_lz_orchestrator.module.oci_lz_network.oci_core_route_table.lpg_specific_route_tables",
            "module.oci_lz_orchestrator.module.oci_lz_network.oci_core_route_table.sgw_specific_route_tables",
            "module.oci_lz_orchestrator.module.oci_lz_network.oci_core_service_gateway.these",
            "module.oci_lz_orchestrator.module.oci_lz_network.oci_core_vcn.these",
            "module.oci_lz_orchestrator.module.oci_lz_tags.data.oci_identity_tag.default_created_by",
            "module.oci_lz_orchestrator.module.oci_lz_tags.data.oci_identity_tag.default_created_on",
            "module.oci_lz_orchestrator.module.oci_lz_tags.data.oci_identity_tag_namespaces.oracle_default",
            "module.oci_lz_orchestrator.module.oci_lz_tags.oci_identity_tag.these",
            "module.oci_lz_orchestrator.module.oci_lz_tags.oci_identity_tag_default.these",
            "module.oci_lz_orchestrator.module.oci_lz_tags.oci_identity_tag_namespace.these",
            "module.oci_lz_orchestrator.module.oci_lz_zpr.data.oci_identity_regions.these",
            "module.oci_lz_orchestrator.module.oci_lz_zpr.data.oci_security_attribute_security_attribute_namespaces.default_security_attribute_namespaces",
            "module.oci_lz_orchestrator.module.oci_lz_zpr.data.oci_security_attribute_security_attribute_namespaces.query_security_attribute_namespaces",
            "module.oci_lz_orchestrator.module.oci_lz_zpr.data.oci_zpr_configuration.this",
            "module.oci_lz_orchestrator.module.oci_lz_zpr.oci_security_attribute_security_attribute.these",
            "module.oci_lz_orchestrator.module.oci_lz_zpr.oci_security_attribute_security_attribute_namespace.these",
            "module.oci_lz_orchestrator.module.oci_lz_zpr.oci_zpr_configuration.this",
            "module.oci_lz_orchestrator.module.oci_lz_zpr.oci_zpr_zpr_policy.these",
            "module.oci_lz_orchestrator.module.oci_lz_zpr.time_sleep.wait_after_zpr_configuration"
          ]
        },
        {
          "index_key": "RT-VLL-LZ-EXACS-NPR-CLIENT-KEY",
          "schema_version": 0,
          "attributes": {
            "compartment_id": "ocid1.compartment.oc19..aaaaaaaacmlk3n2cqqujnnw4fqzg4ciprpltm6m4qzfl3hjbtlvr2ohjnfka",
            "defined_tags": {
              "Oracle-Tags.CreatedBy": "default/jorge.e.torlaschi@accenture.com",
              "Oracle-Tags.CreatedOn": "2026-02-27T12:34:02.227Z"
            },
            "display_name": "o-np-om2-rtb-exacs-nprcli-001",
            "freeform_tags": {
              "ocilz-terraform-module": "networking/0.8.1"
            },
            "id": "ocid1.routetable.oc19.eu-madrid-2.aaaaaaaa5amxpfvrgf7yedpqokkyco7xgcxsamqjjpckzyiwfuu45jdmdbtq",
            "route_rules": [
              {
                "cidr_block": "",
                "description": "Route to Oracle Services Network through Service GW",
                "destination": "all-vll-services-in-oracle-services-network",
                "destination_type": "SERVICE_CIDR_BLOCK",
                "network_entity_id": "ocid1.servicegateway.oc19.eu-madrid-2.aaaaaaaap6d6cay2c5udss67ppq5qkkwkdyosumzmugdvqmdljcvdcyzo5wq",
                "route_type": "STATIC"
              },
              {
                "cidr_block": "",
                "description": "Route to the 0.0.0.0/0 through DRG",
                "destination": "0.0.0.0/0",
                "destination_type": "CIDR_BLOCK",
                "network_entity_id": "ocid1.drg.oc19.eu-madrid-2.aaaaaaaaccouhsq6q4wh27qujgiqgckdm5uwnzyecjr2o3glewn6jtntxvva",
                "route_type": "STATIC"
              }
            ],
            "state": "AVAILABLE",
            "time_created": "2026-02-27 12:34:02.253 +0000 UTC",
            "timeouts": null,
            "vcn_id": "ocid1.vcn.oc19.eu-madrid-2.amaaaaaapw27gbaayo6t2kvr7yjnawvlnzarrfrjpyftfbmmsikkrkikqaiq"
          },
          "sensitive_attributes": [],
          "private": "eyJlMmJmYjczMC1lY2FhLTExZTYtOGY4OC0zNDM2M2JjN2M0YzAiOnsiY3JlYXRlIjoxMjAwMDAwMDAwMDAwLCJkZWxldGUiOjEyMDAwMDAwMDAwMDAsInVwZGF0ZSI6MTIwMDAwMDAwMDAwMH19",
          "dependencies": [
            "data.github_repository_file.configurations",
            "data.github_repository_file.dependencies",
            "data.github_repository_file.url_dependencies",
            "data.http.configurations",
            "data.oci_objectstorage_object.configurations",
            "data.oci_objectstorage_object.dependencies",
            "data.oci_objectstorage_object.url_dependencies",
            "module.oci_lz_orchestrator.data.oci_identity_regions.these",
            "module.oci_lz_orchestrator.data.oci_identity_tenancy.this",
            "module.oci_lz_orchestrator.module.oci_lz_compartments.oci_identity_compartment.level_2",
            "module.oci_lz_orchestrator.module.oci_lz_compartments.oci_identity_compartment.level_3",
            "module.oci_lz_orchestrator.module.oci_lz_compartments.oci_identity_compartment.level_4",
            "module.oci_lz_orchestrator.module.oci_lz_compartments.oci_identity_compartment.level_5",
            "module.oci_lz_orchestrator.module.oci_lz_compartments.oci_identity_compartment.level_6",
            "module.oci_lz_orchestrator.module.oci_lz_compartments.oci_identity_compartment.these",
            "module.oci_lz_orchestrator.module.oci_lz_compartments.oci_identity_tag_default.these",
            "module.oci_lz_orchestrator.module.oci_lz_network.data.oci_core_services.oci_services",
            "module.oci_lz_orchestrator.module.oci_lz_network.data.oci_core_vcn.existing_vcns",
            "module.oci_lz_orchestrator.module.oci_lz_network.oci_core_drg.these",
            "module.oci_lz_orchestrator.module.oci_lz_network.oci_core_internet_gateway.these",
            "module.oci_lz_orchestrator.module.oci_lz_network.oci_core_local_peering_gateway.oci_acceptor_local_peering_gateways",
            "module.oci_lz_orchestrator.module.oci_lz_network.oci_core_local_peering_gateway.oci_requestor_local_peering_gateways",
            "module.oci_lz_orchestrator.module.oci_lz_network.oci_core_nat_gateway.these",
            "module.oci_lz_orchestrator.module.oci_lz_network.oci_core_public_ip.these",
            "module.oci_lz_orchestrator.module.oci_lz_network.oci_core_public_ip_pool.these",
            "module.oci_lz_orchestrator.module.oci_lz_network.oci_core_route_table.igw_natgw_specific_route_tables",
            "module.oci_lz_orchestrator.module.oci_lz_network.oci_core_route_table.lpg_specific_route_tables",
            "module.oci_lz_orchestrator.module.oci_lz_network.oci_core_route_table.sgw_specific_route_tables",
            "module.oci_lz_orchestrator.module.oci_lz_network.oci_core_service_gateway.these",
            "module.oci_lz_orchestrator.module.oci_lz_network.oci_core_vcn.these",
            "module.oci_lz_orchestrator.module.oci_lz_tags.data.oci_identity_tag.default_created_by",
            "module.oci_lz_orchestrator.module.oci_lz_tags.data.oci_identity_tag.default_created_on",
            "module.oci_lz_orchestrator.module.oci_lz_tags.data.oci_identity_tag_namespaces.oracle_default",
            "module.oci_lz_orchestrator.module.oci_lz_tags.oci_identity_tag.these",
            "module.oci_lz_orchestrator.module.oci_lz_tags.oci_identity_tag_default.these",
            "module.oci_lz_orchestrator.module.oci_lz_tags.oci_identity_tag_namespace.these",
            "module.oci_lz_orchestrator.module.oci_lz_zpr.data.oci_identity_regions.these",
            "module.oci_lz_orchestrator.module.oci_lz_zpr.data.oci_security_attribute_security_attribute_namespaces.default_security_attribute_namespaces",
            "module.oci_lz_orchestrator.module.oci_lz_zpr.data.oci_security_attribute_security_attribute_namespaces.query_security_attribute_namespaces",
            "module.oci_lz_orchestrator.module.oci_lz_zpr.data.oci_zpr_configuration.this",
            "module.oci_lz_orchestrator.module.oci_lz_zpr.oci_security_attribute_security_attribute.these",
            "module.oci_lz_orchestrator.module.oci_lz_zpr.oci_security_attribute_security_attribute_namespace.these",
            "module.oci_lz_orchestrator.module.oci_lz_zpr.oci_zpr_configuration.this",
            "module.oci_lz_orchestrator.module.oci_lz_zpr.oci_zpr_zpr_policy.these",
            "module.oci_lz_orchestrator.module.oci_lz_zpr.time_sleep.wait_after_zpr_configuration"
          ]
        },
        {
          "index_key": "RT-VLL-LZ-EXACS-PRO-BACKUP-KEY",
          "schema_version": 0,
          "attributes": {
            "compartment_id": "ocid1.compartment.oc19..aaaaaaaacmlk3n2cqqujnnw4fqzg4ciprpltm6m4qzfl3hjbtlvr2ohjnfka",
            "defined_tags": {
              "Oracle-Tags.CreatedBy": "default/jorge.e.torlaschi@accenture.com",
              "Oracle-Tags.CreatedOn": "2026-02-27T12:34:02.235Z"
            },
            "display_name": "o-p-om2-rtb-exacs-procbck-001",
            "freeform_tags": {
              "ocilz-terraform-module": "networking/0.8.1"
            },
            "id": "ocid1.routetable.oc19.eu-madrid-2.aaaaaaaamamu7k2omvvtuygxskboycx4cbhum7ysykfaqhbu2xzjjhlrebca",
            "route_rules": [
              {
                "cidr_block": "",
                "description": "Route to Oracle Services Network through Service GW",
                "destination": "all-vll-services-in-oracle-services-network",
                "destination_type": "SERVICE_CIDR_BLOCK",
                "network_entity_id": "ocid1.servicegateway.oc19.eu-madrid-2.aaaaaaaafxbdthyrkrgcp3bx5s2z4uu7665cej23abuo3r5rb4gobirsht4q",
                "route_type": "STATIC"
              },
              {
                "cidr_block": "",
                "description": "Route to the 0.0.0.0/0 through DRG",
                "destination": "0.0.0.0/0",
                "destination_type": "CIDR_BLOCK",
                "network_entity_id": "ocid1.drg.oc19.eu-madrid-2.aaaaaaaaccouhsq6q4wh27qujgiqgckdm5uwnzyecjr2o3glewn6jtntxvva",
                "route_type": "STATIC"
              }
            ],
            "state": "AVAILABLE",
            "time_created": "2026-02-27 12:34:02.252 +0000 UTC",
            "timeouts": null,
            "vcn_id": "ocid1.vcn.oc19.eu-madrid-2.amaaaaaapw27gbaassqe6euwqixubwp2tftzf6fjhggl4ygxogcgzhhzdtuq"
          },
          "sensitive_attributes": [],
          "private": "eyJlMmJmYjczMC1lY2FhLTExZTYtOGY4OC0zNDM2M2JjN2M0YzAiOnsiY3JlYXRlIjoxMjAwMDAwMDAwMDAwLCJkZWxldGUiOjEyMDAwMDAwMDAwMDAsInVwZGF0ZSI6MTIwMDAwMDAwMDAwMH19",
          "dependencies": [
            "data.github_repository_file.configurations",
            "data.github_repository_file.dependencies",
            "data.github_repository_file.url_dependencies",
            "data.http.configurations",
            "data.oci_objectstorage_object.configurations",
            "data.oci_objectstorage_object.dependencies",
            "data.oci_objectstorage_object.url_dependencies",
            "module.oci_lz_orchestrator.data.oci_identity_regions.these",
            "module.oci_lz_orchestrator.data.oci_identity_tenancy.this",
            "module.oci_lz_orchestrator.module.oci_lz_compartments.oci_identity_compartment.level_2",
            "module.oci_lz_orchestrator.module.oci_lz_compartments.oci_identity_compartment.level_3",
            "module.oci_lz_orchestrator.module.oci_lz_compartments.oci_identity_compartment.level_4",
            "module.oci_lz_orchestrator.module.oci_lz_compartments.oci_identity_compartment.level_5",
            "module.oci_lz_orchestrator.module.oci_lz_compartments.oci_identity_compartment.level_6",
            "module.oci_lz_orchestrator.module.oci_lz_compartments.oci_identity_compartment.these",
            "module.oci_lz_orchestrator.module.oci_lz_compartments.oci_identity_tag_default.these",
            "module.oci_lz_orchestrator.module.oci_lz_network.data.oci_core_services.oci_services",
            "module.oci_lz_orchestrator.module.oci_lz_network.data.oci_core_vcn.existing_vcns",
            "module.oci_lz_orchestrator.module.oci_lz_network.oci_core_drg.these",
            "module.oci_lz_orchestrator.module.oci_lz_network.oci_core_internet_gateway.these",
            "module.oci_lz_orchestrator.module.oci_lz_network.oci_core_local_peering_gateway.oci_acceptor_local_peering_gateways",
            "module.oci_lz_orchestrator.module.oci_lz_network.oci_core_local_peering_gateway.oci_requestor_local_peering_gateways",
            "module.oci_lz_orchestrator.module.oci_lz_network.oci_core_nat_gateway.these",
            "module.oci_lz_orchestrator.module.oci_lz_network.oci_core_public_ip.these",
            "module.oci_lz_orchestrator.module.oci_lz_network.oci_core_public_ip_pool.these",
            "module.oci_lz_orchestrator.module.oci_lz_network.oci_core_route_table.igw_natgw_specific_route_tables",
            "module.oci_lz_orchestrator.module.oci_lz_network.oci_core_route_table.lpg_specific_route_tables",
            "module.oci_lz_orchestrator.module.oci_lz_network.oci_core_route_table.sgw_specific_route_tables",
            "module.oci_lz_orchestrator.module.oci_lz_network.oci_core_service_gateway.these",
            "module.oci_lz_orchestrator.module.oci_lz_network.oci_core_vcn.these",
            "module.oci_lz_orchestrator.module.oci_lz_tags.data.oci_identity_tag.default_created_by",
            "module.oci_lz_orchestrator.module.oci_lz_tags.data.oci_identity_tag.default_created_on",
            "module.oci_lz_orchestrator.module.oci_lz_tags.data.oci_identity_tag_namespaces.oracle_default",
            "module.oci_lz_orchestrator.module.oci_lz_tags.oci_identity_tag.these",
            "module.oci_lz_orchestrator.module.oci_lz_tags.oci_identity_tag_default.these",
            "module.oci_lz_orchestrator.module.oci_lz_tags.oci_identity_tag_namespace.these",
            "module.oci_lz_orchestrator.module.oci_lz_zpr.data.oci_identity_regions.these",
            "module.oci_lz_orchestrator.module.oci_lz_zpr.data.oci_security_attribute_security_attribute_namespaces.default_security_attribute_namespaces",
            "module.oci_lz_orchestrator.module.oci_lz_zpr.data.oci_security_attribute_security_attribute_namespaces.query_security_attribute_namespaces",
            "module.oci_lz_orchestrator.module.oci_lz_zpr.data.oci_zpr_configuration.this",
            "module.oci_lz_orchestrator.module.oci_lz_zpr.oci_security_attribute_security_attribute.these",
            "module.oci_lz_orchestrator.module.oci_lz_zpr.oci_security_attribute_security_attribute_namespace.these",
            "module.oci_lz_orchestrator.module.oci_lz_zpr.oci_zpr_configuration.this",
            "module.oci_lz_orchestrator.module.oci_lz_zpr.oci_zpr_zpr_policy.these",
            "module.oci_lz_orchestrator.module.oci_lz_zpr.time_sleep.wait_after_zpr_configuration"
          ]
        },
        {
          "index_key": "RT-VLL-LZ-EXACS-PRO-CLIENT-KEY",
          "schema_version": 0,
          "attributes": {
            "compartment_id": "ocid1.compartment.oc19..aaaaaaaacmlk3n2cqqujnnw4fqzg4ciprpltm6m4qzfl3hjbtlvr2ohjnfka",
            "defined_tags": {
              "Oracle-Tags.CreatedBy": "default/jorge.e.torlaschi@accenture.com",
              "Oracle-Tags.CreatedOn": "2026-02-27T12:34:02.214Z"
            },
            "display_name": "o-p-om2-rtb-exacs-procli-001",
            "freeform_tags": {
              "ocilz-terraform-module": "networking/0.8.1"
            },
            "id": "ocid1.routetable.oc19.eu-madrid-2.aaaaaaaavqhu3cgjak7btpxq47ol6bisvjxkmzyellqh7siivooh5cjig6ea",
            "route_rules": [
              {
                "cidr_block": "",
                "description": "Route to Oracle Services Network through Service GW",
                "destination": "all-vll-services-in-oracle-services-network",
                "destination_type": "SERVICE_CIDR_BLOCK",
                "network_entity_id": "ocid1.servicegateway.oc19.eu-madrid-2.aaaaaaaafxbdthyrkrgcp3bx5s2z4uu7665cej23abuo3r5rb4gobirsht4q",
                "route_type": "STATIC"
              },
              {
                "cidr_block": "",
                "description": "Route to the 0.0.0.0/0 through DRG",
                "destination": "0.0.0.0/0",
                "destination_type": "CIDR_BLOCK",
                "network_entity_id": "ocid1.drg.oc19.eu-madrid-2.aaaaaaaaccouhsq6q4wh27qujgiqgckdm5uwnzyecjr2o3glewn6jtntxvva",
                "route_type": "STATIC"
              }
            ],
            "state": "AVAILABLE",
            "time_created": "2026-02-27 12:34:02.251 +0000 UTC",
            "timeouts": null,
            "vcn_id": "ocid1.vcn.oc19.eu-madrid-2.amaaaaaapw27gbaassqe6euwqixubwp2tftzf6fjhggl4ygxogcgzhhzdtuq"
          },
          "sensitive_attributes": [],
          "private": "eyJlMmJmYjczMC1lY2FhLTExZTYtOGY4OC0zNDM2M2JjN2M0YzAiOnsiY3JlYXRlIjoxMjAwMDAwMDAwMDAwLCJkZWxldGUiOjEyMDAwMDAwMDAwMDAsInVwZGF0ZSI6MTIwMDAwMDAwMDAwMH19",
          "dependencies": [
            "data.github_repository_file.configurations",
            "data.github_repository_file.dependencies",
            "data.github_repository_file.url_dependencies",
            "data.http.configurations",
            "data.oci_objectstorage_object.configurations",
            "data.oci_objectstorage_object.dependencies",
            "data.oci_objectstorage_object.url_dependencies",
            "module.oci_lz_orchestrator.data.oci_identity_regions.these",
            "module.oci_lz_orchestrator.data.oci_identity_tenancy.this",
            "module.oci_lz_orchestrator.module.oci_lz_compartments.oci_identity_compartment.level_2",
            "module.oci_lz_orchestrator.module.oci_lz_compartments.oci_identity_compartment.level_3",
            "module.oci_lz_orchestrator.module.oci_lz_compartments.oci_identity_compartment.level_4",
            "module.oci_lz_orchestrator.module.oci_lz_compartments.oci_identity_compartment.level_5",
            "module.oci_lz_orchestrator.module.oci_lz_compartments.oci_identity_compartment.level_6",
            "module.oci_lz_orchestrator.module.oci_lz_compartments.oci_identity_compartment.these",
            "module.oci_lz_orchestrator.module.oci_lz_compartments.oci_identity_tag_default.these",
            "module.oci_lz_orchestrator.module.oci_lz_network.data.oci_core_services.oci_services",
            "module.oci_lz_orchestrator.module.oci_lz_network.data.oci_core_vcn.existing_vcns",
            "module.oci_lz_orchestrator.module.oci_lz_network.oci_core_drg.these",
            "module.oci_lz_orchestrator.module.oci_lz_network.oci_core_internet_gateway.these",
            "module.oci_lz_orchestrator.module.oci_lz_network.oci_core_local_peering_gateway.oci_acceptor_local_peering_gateways",
            "module.oci_lz_orchestrator.module.oci_lz_network.oci_core_local_peering_gateway.oci_requestor_local_peering_gateways",
            "module.oci_lz_orchestrator.module.oci_lz_network.oci_core_nat_gateway.these",
            "module.oci_lz_orchestrator.module.oci_lz_network.oci_core_public_ip.these",
            "module.oci_lz_orchestrator.module.oci_lz_network.oci_core_public_ip_pool.these",
            "module.oci_lz_orchestrator.module.oci_lz_network.oci_core_route_table.igw_natgw_specific_route_tables",
            "module.oci_lz_orchestrator.module.oci_lz_network.oci_core_route_table.lpg_specific_route_tables",
            "module.oci_lz_orchestrator.module.oci_lz_network.oci_core_route_table.sgw_specific_route_tables",
            "module.oci_lz_orchestrator.module.oci_lz_network.oci_core_service_gateway.these",
            "module.oci_lz_orchestrator.module.oci_lz_network.oci_core_vcn.these",
            "module.oci_lz_orchestrator.module.oci_lz_tags.data.oci_identity_tag.default_created_by",
            "module.oci_lz_orchestrator.module.oci_lz_tags.data.oci_identity_tag.default_created_on",
            "module.oci_lz_orchestrator.module.oci_lz_tags.data.oci_identity_tag_namespaces.oracle_default",
            "module.oci_lz_orchestrator.module.oci_lz_tags.oci_identity_tag.these",
            "module.oci_lz_orchestrator.module.oci_lz_tags.oci_identity_tag_default.these",
            "module.oci_lz_orchestrator.module.oci_lz_tags.oci_identity_tag_namespace.these",
            "module.oci_lz_orchestrator.module.oci_lz_zpr.data.oci_identity_regions.these",
            "module.oci_lz_orchestrator.module.oci_lz_zpr.data.oci_security_attribute_security_attribute_namespaces.default_security_attribute_namespaces",
            "module.oci_lz_orchestrator.module.oci_lz_zpr.data.oci_security_attribute_security_attribute_namespaces.query_security_attribute_namespaces",
            "module.oci_lz_orchestrator.module.oci_lz_zpr.data.oci_zpr_configuration.this",
            "module.oci_lz_orchestrator.module.oci_lz_zpr.oci_security_attribute_security_attribute.these",
            "module.oci_lz_orchestrator.module.oci_lz_zpr.oci_security_attribute_security_attribute_namespace.these",
            "module.oci_lz_orchestrator.module.oci_lz_zpr.oci_zpr_configuration.this",
            "module.oci_lz_orchestrator.module.oci_lz_zpr.oci_zpr_zpr_policy.these",
            "module.oci_lz_orchestrator.module.oci_lz_zpr.time_sleep.wait_after_zpr_configuration"
          ]
        },
        {
          "index_key": "RT-VLL-LZ-HUB-FW-KEY",
          "schema_version": 0,
          "attributes": {
            "compartment_id": "ocid1.compartment.oc19..aaaaaaaacmlk3n2cqqujnnw4fqzg4ciprpltm6m4qzfl3hjbtlvr2ohjnfka",
            "defined_tags": {
              "Oracle-Tags.CreatedBy": "default/jorge.e.torlaschi@accenture.com",
              "Oracle-Tags.CreatedOn": "2026-02-27T12:34:02.216Z"
            },
            "display_name": "o-p-om2-rtb-hubfw-001",
            "freeform_tags": {
              "ocilz-terraform-module": "networking/0.8.1"
            },
            "id": "ocid1.routetable.oc19.eu-madrid-2.aaaaaaaaepcadnrinnf5i4c4dl2kidsnb6ctadjdynuoshyhtomtefry5ida",
            "route_rules": [
              {
                "cidr_block": "",
                "description": "Route to Internet through NAT GW",
                "destination": "0.0.0.0/0",
                "destination_type": "CIDR_BLOCK",
                "network_entity_id": "ocid1.natgateway.oc19.eu-madrid-2.aaaaaaaappcuns474gt6m4qqetozo4vl54kozz7tv6nbsr3kbuaelr7sdipq",
                "route_type": "STATIC"
              }
            ],
            "state": "AVAILABLE",
            "time_created": "2026-02-27 12:34:02.232 +0000 UTC",
            "timeouts": null,
            "vcn_id": "ocid1.vcn.oc19.eu-madrid-2.amaaaaaapw27gbaavhnugozcm43roj3pnvotywuipi267sbvesvt7mxsaraq"
          },
          "sensitive_attributes": [],
          "private": "eyJlMmJmYjczMC1lY2FhLTExZTYtOGY4OC0zNDM2M2JjN2M0YzAiOnsiY3JlYXRlIjoxMjAwMDAwMDAwMDAwLCJkZWxldGUiOjEyMDAwMDAwMDAwMDAsInVwZGF0ZSI6MTIwMDAwMDAwMDAwMH19",
          "dependencies": [
            "data.github_repository_file.configurations",
            "data.github_repository_file.dependencies",
            "data.github_repository_file.url_dependencies",
            "data.http.configurations",
            "data.oci_objectstorage_object.configurations",
            "data.oci_objectstorage_object.dependencies",
            "data.oci_objectstorage_object.url_dependencies",
            "module.oci_lz_orchestrator.data.oci_identity_regions.these",
            "module.oci_lz_orchestrator.data.oci_identity_tenancy.this",
            "module.oci_lz_orchestrator.module.oci_lz_compartments.oci_identity_compartment.level_2",
            "module.oci_lz_orchestrator.module.oci_lz_compartments.oci_identity_compartment.level_3",
            "module.oci_lz_orchestrator.module.oci_lz_compartments.oci_identity_compartment.level_4",
            "module.oci_lz_orchestrator.module.oci_lz_compartments.oci_identity_compartment.level_5",
            "module.oci_lz_orchestrator.module.oci_lz_compartments.oci_identity_compartment.level_6",
            "module.oci_lz_orchestrator.module.oci_lz_compartments.oci_identity_compartment.these",
            "module.oci_lz_orchestrator.module.oci_lz_compartments.oci_identity_tag_default.these",
            "module.oci_lz_orchestrator.module.oci_lz_network.data.oci_core_services.oci_services",
            "module.oci_lz_orchestrator.module.oci_lz_network.data.oci_core_vcn.existing_vcns",
            "module.oci_lz_orchestrator.module.oci_lz_network.oci_core_drg.these",
            "module.oci_lz_orchestrator.module.oci_lz_network.oci_core_internet_gateway.these",
            "module.oci_lz_orchestrator.module.oci_lz_network.oci_core_local_peering_gateway.oci_acceptor_local_peering_gateways",
            "module.oci_lz_orchestrator.module.oci_lz_network.oci_core_local_peering_gateway.oci_requestor_local_peering_gateways",
            "module.oci_lz_orchestrator.module.oci_lz_network.oci_core_nat_gateway.these",
            "module.oci_lz_orchestrator.module.oci_lz_network.oci_core_public_ip.these",
            "module.oci_lz_orchestrator.module.oci_lz_network.oci_core_public_ip_pool.these",
            "module.oci_lz_orchestrator.module.oci_lz_network.oci_core_route_table.igw_natgw_specific_route_tables",
            "module.oci_lz_orchestrator.module.oci_lz_network.oci_core_route_table.lpg_specific_route_tables",
            "module.oci_lz_orchestrator.module.oci_lz_network.oci_core_route_table.sgw_specific_route_tables",
            "module.oci_lz_orchestrator.module.oci_lz_network.oci_core_service_gateway.these",
            "module.oci_lz_orchestrator.module.oci_lz_network.oci_core_vcn.these",
            "module.oci_lz_orchestrator.module.oci_lz_tags.data.oci_identity_tag.default_created_by",
            "module.oci_lz_orchestrator.module.oci_lz_tags.data.oci_identity_tag.default_created_on",
            "module.oci_lz_orchestrator.module.oci_lz_tags.data.oci_identity_tag_namespaces.oracle_default",
            "module.oci_lz_orchestrator.module.oci_lz_tags.oci_identity_tag.these",
            "module.oci_lz_orchestrator.module.oci_lz_tags.oci_identity_tag_default.these",
            "module.oci_lz_orchestrator.module.oci_lz_tags.oci_identity_tag_namespace.these",
            "module.oci_lz_orchestrator.module.oci_lz_zpr.data.oci_identity_regions.these",
            "module.oci_lz_orchestrator.module.oci_lz_zpr.data.oci_security_attribute_security_attribute_namespaces.default_security_attribute_namespaces",
            "module.oci_lz_orchestrator.module.oci_lz_zpr.data.oci_security_attribute_security_attribute_namespaces.query_security_attribute_namespaces",
            "module.oci_lz_orchestrator.module.oci_lz_zpr.data.oci_zpr_configuration.this",
            "module.oci_lz_orchestrator.module.oci_lz_zpr.oci_security_attribute_security_attribute.these",
            "module.oci_lz_orchestrator.module.oci_lz_zpr.oci_security_attribute_security_attribute_namespace.these",
            "module.oci_lz_orchestrator.module.oci_lz_zpr.oci_zpr_configuration.this",
            "module.oci_lz_orchestrator.module.oci_lz_zpr.oci_zpr_zpr_policy.these",
            "module.oci_lz_orchestrator.module.oci_lz_zpr.time_sleep.wait_after_zpr_configuration"
          ]
        }
      ]
    },
    {
      "module": "module.oci_lz_orchestrator.module.oci_lz_network[0]",
      "mode": "managed",
      "type": "oci_core_route_table_attachment",
      "name": "these",
      "provider": "module.oci_lz_orchestrator.provider[\"registry.terraform.io/oracle/oci\"]",
      "instances": [
        {
          "index_key": "SN-VLL-LZ-EXACS-NPR-BACKUP-KEY",
          "schema_version": 0,
          "attributes": {
            "id": "ocid1.subnet.oc19.eu-madrid-2.aaaaaaaazscwxajvroxtakjxpdopeia2qf5y7bi674pm6irccvxxz5zkixta/ocid1.routetable.oc19.eu-madrid-2.aaaaaaaaytqy4srqez2edaijo6ngwggfyvcokolcbfd4nutfhfi5p3xyoobq",
            "route_table_id": "ocid1.routetable.oc19.eu-madrid-2.aaaaaaaaytqy4srqez2edaijo6ngwggfyvcokolcbfd4nutfhfi5p3xyoobq",
            "subnet_id": "ocid1.subnet.oc19.eu-madrid-2.aaaaaaaazscwxajvroxtakjxpdopeia2qf5y7bi674pm6irccvxxz5zkixta",
            "timeouts": null
          },
          "sensitive_attributes": [],
          "private": "eyJlMmJmYjczMC1lY2FhLTExZTYtOGY4OC0zNDM2M2JjN2M0YzAiOnsiY3JlYXRlIjoxMjAwMDAwMDAwMDAwLCJkZWxldGUiOjEyMDAwMDAwMDAwMDAsInVwZGF0ZSI6MTIwMDAwMDAwMDAwMH19",
          "dependencies": [
            "data.github_repository_file.configurations",
            "data.github_repository_file.dependencies",
            "data.github_repository_file.url_dependencies",
            "data.http.configurations",
            "data.oci_objectstorage_object.configurations",
            "data.oci_objectstorage_object.dependencies",
            "data.oci_objectstorage_object.url_dependencies",
            "module.oci_lz_orchestrator.data.oci_identity_regions.these",
            "module.oci_lz_orchestrator.data.oci_identity_tenancy.this",
            "module.oci_lz_orchestrator.module.oci_lz_compartments.oci_identity_compartment.level_2",
            "module.oci_lz_orchestrator.module.oci_lz_compartments.oci_identity_compartment.level_3",
            "module.oci_lz_orchestrator.module.oci_lz_compartments.oci_identity_compartment.level_4",
            "module.oci_lz_orchestrator.module.oci_lz_compartments.oci_identity_compartment.level_5",
            "module.oci_lz_orchestrator.module.oci_lz_compartments.oci_identity_compartment.level_6",
            "module.oci_lz_orchestrator.module.oci_lz_compartments.oci_identity_compartment.these",
            "module.oci_lz_orchestrator.module.oci_lz_compartments.oci_identity_tag_default.these",
            "module.oci_lz_orchestrator.module.oci_lz_network.data.oci_core_services.oci_services",
            "module.oci_lz_orchestrator.module.oci_lz_network.data.oci_core_vcn.existing_vcns",
            "module.oci_lz_orchestrator.module.oci_lz_network.oci_core_dhcp_options.these",
            "module.oci_lz_orchestrator.module.oci_lz_network.oci_core_drg.these",
            "module.oci_lz_orchestrator.module.oci_lz_network.oci_core_internet_gateway.these",
            "module.oci_lz_orchestrator.module.oci_lz_network.oci_core_local_peering_gateway.oci_acceptor_local_peering_gateways",
            "module.oci_lz_orchestrator.module.oci_lz_network.oci_core_local_peering_gateway.oci_requestor_local_peering_gateways",
            "module.oci_lz_orchestrator.module.oci_lz_network.oci_core_nat_gateway.these",
            "module.oci_lz_orchestrator.module.oci_lz_network.oci_core_public_ip.these",
            "module.oci_lz_orchestrator.module.oci_lz_network.oci_core_public_ip_pool.these",
            "module.oci_lz_orchestrator.module.oci_lz_network.oci_core_route_table.drga_specific_route_tables",
            "module.oci_lz_orchestrator.module.oci_lz_network.oci_core_route_table.igw_natgw_specific_route_tables",
            "module.oci_lz_orchestrator.module.oci_lz_network.oci_core_route_table.lpg_specific_route_tables",
            "module.oci_lz_orchestrator.module.oci_lz_network.oci_core_route_table.non_gw_specific_remaining_route_tables",
            "module.oci_lz_orchestrator.module.oci_lz_network.oci_core_route_table.sgw_specific_route_tables",
            "module.oci_lz_orchestrator.module.oci_lz_network.oci_core_security_list.these",
            "module.oci_lz_orchestrator.module.oci_lz_network.oci_core_service_gateway.these",
            "module.oci_lz_orchestrator.module.oci_lz_network.oci_core_subnet.these",
            "module.oci_lz_orchestrator.module.oci_lz_network.oci_core_vcn.these",
            "module.oci_lz_orchestrator.module.oci_lz_tags.data.oci_identity_tag.default_created_by",
            "module.oci_lz_orchestrator.module.oci_lz_tags.data.oci_identity_tag.default_created_on",
            "module.oci_lz_orchestrator.module.oci_lz_tags.data.oci_identity_tag_namespaces.oracle_default",
            "module.oci_lz_orchestrator.module.oci_lz_tags.oci_identity_tag.these",
            "module.oci_lz_orchestrator.module.oci_lz_tags.oci_identity_tag_default.these",
            "module.oci_lz_orchestrator.module.oci_lz_tags.oci_identity_tag_namespace.these",
            "module.oci_lz_orchestrator.module.oci_lz_zpr.data.oci_identity_regions.these",
            "module.oci_lz_orchestrator.module.oci_lz_zpr.data.oci_security_attribute_security_attribute_namespaces.default_security_attribute_namespaces",
            "module.oci_lz_orchestrator.module.oci_lz_zpr.data.oci_security_attribute_security_attribute_namespaces.query_security_attribute_namespaces",
            "module.oci_lz_orchestrator.module.oci_lz_zpr.data.oci_zpr_configuration.this",
            "module.oci_lz_orchestrator.module.oci_lz_zpr.oci_security_attribute_security_attribute.these",
            "module.oci_lz_orchestrator.module.oci_lz_zpr.oci_security_attribute_security_attribute_namespace.these",
            "module.oci_lz_orchestrator.module.oci_lz_zpr.oci_zpr_configuration.this",
            "module.oci_lz_orchestrator.module.oci_lz_zpr.oci_zpr_zpr_policy.these",
            "module.oci_lz_orchestrator.module.oci_lz_zpr.time_sleep.wait_after_zpr_configuration"
          ]
        },
        {
          "index_key": "SN-VLL-LZ-EXACS-NPR-CLIENT-KEY",
          "schema_version": 0,
          "attributes": {
            "id": "ocid1.subnet.oc19.eu-madrid-2.aaaaaaaa6jltm5vlnbxa7iyxfdp3rmbazofz3is4s6bkimkismxbef22zrfa/ocid1.routetable.oc19.eu-madrid-2.aaaaaaaa5amxpfvrgf7yedpqokkyco7xgcxsamqjjpckzyiwfuu45jdmdbtq",
            "route_table_id": "ocid1.routetable.oc19.eu-madrid-2.aaaaaaaa5amxpfvrgf7yedpqokkyco7xgcxsamqjjpckzyiwfuu45jdmdbtq",
            "subnet_id": "ocid1.subnet.oc19.eu-madrid-2.aaaaaaaa6jltm5vlnbxa7iyxfdp3rmbazofz3is4s6bkimkismxbef22zrfa",
            "timeouts": null
          },
          "sensitive_attributes": [],
          "private": "eyJlMmJmYjczMC1lY2FhLTExZTYtOGY4OC0zNDM2M2JjN2M0YzAiOnsiY3JlYXRlIjoxMjAwMDAwMDAwMDAwLCJkZWxldGUiOjEyMDAwMDAwMDAwMDAsInVwZGF0ZSI6MTIwMDAwMDAwMDAwMH19",
          "dependencies": [
            "data.github_repository_file.configurations",
            "data.github_repository_file.dependencies",
            "data.github_repository_file.url_dependencies",
            "data.http.configurations",
            "data.oci_objectstorage_object.configurations",
            "data.oci_objectstorage_object.dependencies",
            "data.oci_objectstorage_object.url_dependencies",
            "module.oci_lz_orchestrator.data.oci_identity_regions.these",
            "module.oci_lz_orchestrator.data.oci_identity_tenancy.this",
            "module.oci_lz_orchestrator.module.oci_lz_compartments.oci_identity_compartment.level_2",
            "module.oci_lz_orchestrator.module.oci_lz_compartments.oci_identity_compartment.level_3",
            "module.oci_lz_orchestrator.module.oci_lz_compartments.oci_identity_compartment.level_4",
            "module.oci_lz_orchestrator.module.oci_lz_compartments.oci_identity_compartment.level_5",
            "module.oci_lz_orchestrator.module.oci_lz_compartments.oci_identity_compartment.level_6",
            "module.oci_lz_orchestrator.module.oci_lz_compartments.oci_identity_compartment.these",
            "module.oci_lz_orchestrator.module.oci_lz_compartments.oci_identity_tag_default.these",
            "module.oci_lz_orchestrator.module.oci_lz_network.data.oci_core_services.oci_services",
            "module.oci_lz_orchestrator.module.oci_lz_network.data.oci_core_vcn.existing_vcns",
            "module.oci_lz_orchestrator.module.oci_lz_network.oci_core_dhcp_options.these",
            "module.oci_lz_orchestrator.module.oci_lz_network.oci_core_drg.these",
            "module.oci_lz_orchestrator.module.oci_lz_network.oci_core_internet_gateway.these",
            "module.oci_lz_orchestrator.module.oci_lz_network.oci_core_local_peering_gateway.oci_acceptor_local_peering_gateways",
            "module.oci_lz_orchestrator.module.oci_lz_network.oci_core_local_peering_gateway.oci_requestor_local_peering_gateways",
            "module.oci_lz_orchestrator.module.oci_lz_network.oci_core_nat_gateway.these",
            "module.oci_lz_orchestrator.module.oci_lz_network.oci_core_public_ip.these",
            "module.oci_lz_orchestrator.module.oci_lz_network.oci_core_public_ip_pool.these",
            "module.oci_lz_orchestrator.module.oci_lz_network.oci_core_route_table.drga_specific_route_tables",
            "module.oci_lz_orchestrator.module.oci_lz_network.oci_core_route_table.igw_natgw_specific_route_tables",
            "module.oci_lz_orchestrator.module.oci_lz_network.oci_core_route_table.lpg_specific_route_tables",
            "module.oci_lz_orchestrator.module.oci_lz_network.oci_core_route_table.non_gw_specific_remaining_route_tables",
            "module.oci_lz_orchestrator.module.oci_lz_network.oci_core_route_table.sgw_specific_route_tables",
            "module.oci_lz_orchestrator.module.oci_lz_network.oci_core_security_list.these",
            "module.oci_lz_orchestrator.module.oci_lz_network.oci_core_service_gateway.these",
            "module.oci_lz_orchestrator.module.oci_lz_network.oci_core_subnet.these",
            "module.oci_lz_orchestrator.module.oci_lz_network.oci_core_vcn.these",
            "module.oci_lz_orchestrator.module.oci_lz_tags.data.oci_identity_tag.default_created_by",
            "module.oci_lz_orchestrator.module.oci_lz_tags.data.oci_identity_tag.default_created_on",
            "module.oci_lz_orchestrator.module.oci_lz_tags.data.oci_identity_tag_namespaces.oracle_default",
            "module.oci_lz_orchestrator.module.oci_lz_tags.oci_identity_tag.these",
            "module.oci_lz_orchestrator.module.oci_lz_tags.oci_identity_tag_default.these",
            "module.oci_lz_orchestrator.module.oci_lz_tags.oci_identity_tag_namespace.these",
            "module.oci_lz_orchestrator.module.oci_lz_zpr.data.oci_identity_regions.these",
            "module.oci_lz_orchestrator.module.oci_lz_zpr.data.oci_security_attribute_security_attribute_namespaces.default_security_attribute_namespaces",
            "module.oci_lz_orchestrator.module.oci_lz_zpr.data.oci_security_attribute_security_attribute_namespaces.query_security_attribute_namespaces",
            "module.oci_lz_orchestrator.module.oci_lz_zpr.data.oci_zpr_configuration.this",
            "module.oci_lz_orchestrator.module.oci_lz_zpr.oci_security_attribute_security_attribute.these",
            "module.oci_lz_orchestrator.module.oci_lz_zpr.oci_security_attribute_security_attribute_namespace.these",
            "module.oci_lz_orchestrator.module.oci_lz_zpr.oci_zpr_configuration.this",
            "module.oci_lz_orchestrator.module.oci_lz_zpr.oci_zpr_zpr_policy.these",
            "module.oci_lz_orchestrator.module.oci_lz_zpr.time_sleep.wait_after_zpr_configuration"
          ]
        },
        {
          "index_key": "SN-VLL-LZ-EXACS-PRO-BACKUP-KEY",
          "schema_version": 0,
          "attributes": {
            "id": "ocid1.subnet.oc19.eu-madrid-2.aaaaaaaapsv4lccinokppucooio3k4367i5adfqijalgjnnspgdfbwatkyga/ocid1.routetable.oc19.eu-madrid-2.aaaaaaaamamu7k2omvvtuygxskboycx4cbhum7ysykfaqhbu2xzjjhlrebca",
            "route_table_id": "ocid1.routetable.oc19.eu-madrid-2.aaaaaaaamamu7k2omvvtuygxskboycx4cbhum7ysykfaqhbu2xzjjhlrebca",
            "subnet_id": "ocid1.subnet.oc19.eu-madrid-2.aaaaaaaapsv4lccinokppucooio3k4367i5adfqijalgjnnspgdfbwatkyga",
            "timeouts": null
          },
          "sensitive_attributes": [],
          "private": "eyJlMmJmYjczMC1lY2FhLTExZTYtOGY4OC0zNDM2M2JjN2M0YzAiOnsiY3JlYXRlIjoxMjAwMDAwMDAwMDAwLCJkZWxldGUiOjEyMDAwMDAwMDAwMDAsInVwZGF0ZSI6MTIwMDAwMDAwMDAwMH19",
          "dependencies": [
            "data.github_repository_file.configurations",
            "data.github_repository_file.dependencies",
            "data.github_repository_file.url_dependencies",
            "data.http.configurations",
            "data.oci_objectstorage_object.configurations",
            "data.oci_objectstorage_object.dependencies",
            "data.oci_objectstorage_object.url_dependencies",
            "module.oci_lz_orchestrator.data.oci_identity_regions.these",
            "module.oci_lz_orchestrator.data.oci_identity_tenancy.this",
            "module.oci_lz_orchestrator.module.oci_lz_compartments.oci_identity_compartment.level_2",
            "module.oci_lz_orchestrator.module.oci_lz_compartments.oci_identity_compartment.level_3",
            "module.oci_lz_orchestrator.module.oci_lz_compartments.oci_identity_compartment.level_4",
            "module.oci_lz_orchestrator.module.oci_lz_compartments.oci_identity_compartment.level_5",
            "module.oci_lz_orchestrator.module.oci_lz_compartments.oci_identity_compartment.level_6",
            "module.oci_lz_orchestrator.module.oci_lz_compartments.oci_identity_compartment.these",
            "module.oci_lz_orchestrator.module.oci_lz_compartments.oci_identity_tag_default.these",
            "module.oci_lz_orchestrator.module.oci_lz_network.data.oci_core_services.oci_services",
            "module.oci_lz_orchestrator.module.oci_lz_network.data.oci_core_vcn.existing_vcns",
            "module.oci_lz_orchestrator.module.oci_lz_network.oci_core_dhcp_options.these",
            "module.oci_lz_orchestrator.module.oci_lz_network.oci_core_drg.these",
            "module.oci_lz_orchestrator.module.oci_lz_network.oci_core_internet_gateway.these",
            "module.oci_lz_orchestrator.module.oci_lz_network.oci_core_local_peering_gateway.oci_acceptor_local_peering_gateways",
            "module.oci_lz_orchestrator.module.oci_lz_network.oci_core_local_peering_gateway.oci_requestor_local_peering_gateways",
            "module.oci_lz_orchestrator.module.oci_lz_network.oci_core_nat_gateway.these",
            "module.oci_lz_orchestrator.module.oci_lz_network.oci_core_public_ip.these",
            "module.oci_lz_orchestrator.module.oci_lz_network.oci_core_public_ip_pool.these",
            "module.oci_lz_orchestrator.module.oci_lz_network.oci_core_route_table.drga_specific_route_tables",
            "module.oci_lz_orchestrator.module.oci_lz_network.oci_core_route_table.igw_natgw_specific_route_tables",
            "module.oci_lz_orchestrator.module.oci_lz_network.oci_core_route_table.lpg_specific_route_tables",
            "module.oci_lz_orchestrator.module.oci_lz_network.oci_core_route_table.non_gw_specific_remaining_route_tables",
            "module.oci_lz_orchestrator.module.oci_lz_network.oci_core_route_table.sgw_specific_route_tables",
            "module.oci_lz_orchestrator.module.oci_lz_network.oci_core_security_list.these",
            "module.oci_lz_orchestrator.module.oci_lz_network.oci_core_service_gateway.these",
            "module.oci_lz_orchestrator.module.oci_lz_network.oci_core_subnet.these",
            "module.oci_lz_orchestrator.module.oci_lz_network.oci_core_vcn.these",
            "module.oci_lz_orchestrator.module.oci_lz_tags.data.oci_identity_tag.default_created_by",
            "module.oci_lz_orchestrator.module.oci_lz_tags.data.oci_identity_tag.default_created_on",
            "module.oci_lz_orchestrator.module.oci_lz_tags.data.oci_identity_tag_namespaces.oracle_default",
            "module.oci_lz_orchestrator.module.oci_lz_tags.oci_identity_tag.these",
            "module.oci_lz_orchestrator.module.oci_lz_tags.oci_identity_tag_default.these",
            "module.oci_lz_orchestrator.module.oci_lz_tags.oci_identity_tag_namespace.these",
            "module.oci_lz_orchestrator.module.oci_lz_zpr.data.oci_identity_regions.these",
            "module.oci_lz_orchestrator.module.oci_lz_zpr.data.oci_security_attribute_security_attribute_namespaces.default_security_attribute_namespaces",
            "module.oci_lz_orchestrator.module.oci_lz_zpr.data.oci_security_attribute_security_attribute_namespaces.query_security_attribute_namespaces",
            "module.oci_lz_orchestrator.module.oci_lz_zpr.data.oci_zpr_configuration.this",
            "module.oci_lz_orchestrator.module.oci_lz_zpr.oci_security_attribute_security_attribute.these",
            "module.oci_lz_orchestrator.module.oci_lz_zpr.oci_security_attribute_security_attribute_namespace.these",
            "module.oci_lz_orchestrator.module.oci_lz_zpr.oci_zpr_configuration.this",
            "module.oci_lz_orchestrator.module.oci_lz_zpr.oci_zpr_zpr_policy.these",
            "module.oci_lz_orchestrator.module.oci_lz_zpr.time_sleep.wait_after_zpr_configuration"
          ]
        },
        {
          "index_key": "SN-VLL-LZ-EXACS-PRO-CLIENT-KEY",
          "schema_version": 0,
          "attributes": {
            "id": "ocid1.subnet.oc19.eu-madrid-2.aaaaaaaa3w6maqevw47o3ws5dsamwaajoyiyijlkje5vaexxdddw2eza7ewq/ocid1.routetable.oc19.eu-madrid-2.aaaaaaaavqhu3cgjak7btpxq47ol6bisvjxkmzyellqh7siivooh5cjig6ea",
            "route_table_id": "ocid1.routetable.oc19.eu-madrid-2.aaaaaaaavqhu3cgjak7btpxq47ol6bisvjxkmzyellqh7siivooh5cjig6ea",
            "subnet_id": "ocid1.subnet.oc19.eu-madrid-2.aaaaaaaa3w6maqevw47o3ws5dsamwaajoyiyijlkje5vaexxdddw2eza7ewq",
            "timeouts": null
          },
          "sensitive_attributes": [],
          "private": "eyJlMmJmYjczMC1lY2FhLTExZTYtOGY4OC0zNDM2M2JjN2M0YzAiOnsiY3JlYXRlIjoxMjAwMDAwMDAwMDAwLCJkZWxldGUiOjEyMDAwMDAwMDAwMDAsInVwZGF0ZSI6MTIwMDAwMDAwMDAwMH19",
          "dependencies": [
            "data.github_repository_file.configurations",
            "data.github_repository_file.dependencies",
            "data.github_repository_file.url_dependencies",
            "data.http.configurations",
            "data.oci_objectstorage_object.configurations",
            "data.oci_objectstorage_object.dependencies",
            "data.oci_objectstorage_object.url_dependencies",
            "module.oci_lz_orchestrator.data.oci_identity_regions.these",
            "module.oci_lz_orchestrator.data.oci_identity_tenancy.this",
            "module.oci_lz_orchestrator.module.oci_lz_compartments.oci_identity_compartment.level_2",
            "module.oci_lz_orchestrator.module.oci_lz_compartments.oci_identity_compartment.level_3",
            "module.oci_lz_orchestrator.module.oci_lz_compartments.oci_identity_compartment.level_4",
            "module.oci_lz_orchestrator.module.oci_lz_compartments.oci_identity_compartment.level_5",
            "module.oci_lz_orchestrator.module.oci_lz_compartments.oci_identity_compartment.level_6",
            "module.oci_lz_orchestrator.module.oci_lz_compartments.oci_identity_compartment.these",
            "module.oci_lz_orchestrator.module.oci_lz_compartments.oci_identity_tag_default.these",
            "module.oci_lz_orchestrator.module.oci_lz_network.data.oci_core_services.oci_services",
            "module.oci_lz_orchestrator.module.oci_lz_network.data.oci_core_vcn.existing_vcns",
            "module.oci_lz_orchestrator.module.oci_lz_network.oci_core_dhcp_options.these",
            "module.oci_lz_orchestrator.module.oci_lz_network.oci_core_drg.these",
            "module.oci_lz_orchestrator.module.oci_lz_network.oci_core_internet_gateway.these",
            "module.oci_lz_orchestrator.module.oci_lz_network.oci_core_local_peering_gateway.oci_acceptor_local_peering_gateways",
            "module.oci_lz_orchestrator.module.oci_lz_network.oci_core_local_peering_gateway.oci_requestor_local_peering_gateways",
            "module.oci_lz_orchestrator.module.oci_lz_network.oci_core_nat_gateway.these",
            "module.oci_lz_orchestrator.module.oci_lz_network.oci_core_public_ip.these",
            "module.oci_lz_orchestrator.module.oci_lz_network.oci_core_public_ip_pool.these",
            "module.oci_lz_orchestrator.module.oci_lz_network.oci_core_route_table.drga_specific_route_tables",
            "module.oci_lz_orchestrator.module.oci_lz_network.oci_core_route_table.igw_natgw_specific_route_tables",
            "module.oci_lz_orchestrator.module.oci_lz_network.oci_core_route_table.lpg_specific_route_tables",
            "module.oci_lz_orchestrator.module.oci_lz_network.oci_core_route_table.non_gw_specific_remaining_route_tables",
            "module.oci_lz_orchestrator.module.oci_lz_network.oci_core_route_table.sgw_specific_route_tables",
            "module.oci_lz_orchestrator.module.oci_lz_network.oci_core_security_list.these",
            "module.oci_lz_orchestrator.module.oci_lz_network.oci_core_service_gateway.these",
            "module.oci_lz_orchestrator.module.oci_lz_network.oci_core_subnet.these",
            "module.oci_lz_orchestrator.module.oci_lz_network.oci_core_vcn.these",
            "module.oci_lz_orchestrator.module.oci_lz_tags.data.oci_identity_tag.default_created_by",
            "module.oci_lz_orchestrator.module.oci_lz_tags.data.oci_identity_tag.default_created_on",
            "module.oci_lz_orchestrator.module.oci_lz_tags.data.oci_identity_tag_namespaces.oracle_default",
            "module.oci_lz_orchestrator.module.oci_lz_tags.oci_identity_tag.these",
            "module.oci_lz_orchestrator.module.oci_lz_tags.oci_identity_tag_default.these",
            "module.oci_lz_orchestrator.module.oci_lz_tags.oci_identity_tag_namespace.these",
            "module.oci_lz_orchestrator.module.oci_lz_zpr.data.oci_identity_regions.these",
            "module.oci_lz_orchestrator.module.oci_lz_zpr.data.oci_security_attribute_security_attribute_namespaces.default_security_attribute_namespaces",
            "module.oci_lz_orchestrator.module.oci_lz_zpr.data.oci_security_attribute_security_attribute_namespaces.query_security_attribute_namespaces",
            "module.oci_lz_orchestrator.module.oci_lz_zpr.data.oci_zpr_configuration.this",
            "module.oci_lz_orchestrator.module.oci_lz_zpr.oci_security_attribute_security_attribute.these",
            "module.oci_lz_orchestrator.module.oci_lz_zpr.oci_security_attribute_security_attribute_namespace.these",
            "module.oci_lz_orchestrator.module.oci_lz_zpr.oci_zpr_configuration.this",
            "module.oci_lz_orchestrator.module.oci_lz_zpr.oci_zpr_zpr_policy.these",
            "module.oci_lz_orchestrator.module.oci_lz_zpr.time_sleep.wait_after_zpr_configuration"
          ]
        },
        {
          "index_key": "SN-VLL-LZ-HUB-DNS",
          "schema_version": 0,
          "attributes": {
            "id": "ocid1.subnet.oc19.eu-madrid-2.aaaaaaaa2j4falxbeooif4scjhsf7smnz6to4bqipd35xavo7itx6k335tua/ocid1.routetable.oc19.eu-madrid-2.aaaaaaaaxnlln5qgunwceglywutphkzaqunzs6zt5pmswehx4oeisihw63jq",
            "route_table_id": "ocid1.routetable.oc19.eu-madrid-2.aaaaaaaaxnlln5qgunwceglywutphkzaqunzs6zt5pmswehx4oeisihw63jq",
            "subnet_id": "ocid1.subnet.oc19.eu-madrid-2.aaaaaaaa2j4falxbeooif4scjhsf7smnz6to4bqipd35xavo7itx6k335tua",
            "timeouts": null
          },
          "sensitive_attributes": [],
          "private": "eyJlMmJmYjczMC1lY2FhLTExZTYtOGY4OC0zNDM2M2JjN2M0YzAiOnsiY3JlYXRlIjoxMjAwMDAwMDAwMDAwLCJkZWxldGUiOjEyMDAwMDAwMDAwMDAsInVwZGF0ZSI6MTIwMDAwMDAwMDAwMH19",
          "dependencies": [
            "data.github_repository_file.configurations",
            "data.github_repository_file.dependencies",
            "data.github_repository_file.url_dependencies",
            "data.http.configurations",
            "data.oci_objectstorage_object.configurations",
            "data.oci_objectstorage_object.dependencies",
            "data.oci_objectstorage_object.url_dependencies",
            "module.oci_lz_orchestrator.data.oci_identity_regions.these",
            "module.oci_lz_orchestrator.data.oci_identity_tenancy.this",
            "module.oci_lz_orchestrator.module.oci_lz_compartments.oci_identity_compartment.level_2",
            "module.oci_lz_orchestrator.module.oci_lz_compartments.oci_identity_compartment.level_3",
            "module.oci_lz_orchestrator.module.oci_lz_compartments.oci_identity_compartment.level_4",
            "module.oci_lz_orchestrator.module.oci_lz_compartments.oci_identity_compartment.level_5",
            "module.oci_lz_orchestrator.module.oci_lz_compartments.oci_identity_compartment.level_6",
            "module.oci_lz_orchestrator.module.oci_lz_compartments.oci_identity_compartment.these",
            "module.oci_lz_orchestrator.module.oci_lz_compartments.oci_identity_tag_default.these",
            "module.oci_lz_orchestrator.module.oci_lz_network.data.oci_core_services.oci_services",
            "module.oci_lz_orchestrator.module.oci_lz_network.data.oci_core_vcn.existing_vcns",
            "module.oci_lz_orchestrator.module.oci_lz_network.oci_core_dhcp_options.these",
            "module.oci_lz_orchestrator.module.oci_lz_network.oci_core_drg.these",
            "module.oci_lz_orchestrator.module.oci_lz_network.oci_core_internet_gateway.these",
            "module.oci_lz_orchestrator.module.oci_lz_network.oci_core_local_peering_gateway.oci_acceptor_local_peering_gateways",
            "module.oci_lz_orchestrator.module.oci_lz_network.oci_core_local_peering_gateway.oci_requestor_local_peering_gateways",
            "module.oci_lz_orchestrator.module.oci_lz_network.oci_core_nat_gateway.these",
            "module.oci_lz_orchestrator.module.oci_lz_network.oci_core_public_ip.these",
            "module.oci_lz_orchestrator.module.oci_lz_network.oci_core_public_ip_pool.these",
            "module.oci_lz_orchestrator.module.oci_lz_network.oci_core_route_table.drga_specific_route_tables",
            "module.oci_lz_orchestrator.module.oci_lz_network.oci_core_route_table.igw_natgw_specific_route_tables",
            "module.oci_lz_orchestrator.module.oci_lz_network.oci_core_route_table.lpg_specific_route_tables",
            "module.oci_lz_orchestrator.module.oci_lz_network.oci_core_route_table.non_gw_specific_remaining_route_tables",
            "module.oci_lz_orchestrator.module.oci_lz_network.oci_core_route_table.sgw_specific_route_tables",
            "module.oci_lz_orchestrator.module.oci_lz_network.oci_core_security_list.these",
            "module.oci_lz_orchestrator.module.oci_lz_network.oci_core_service_gateway.these",
            "module.oci_lz_orchestrator.module.oci_lz_network.oci_core_subnet.these",
            "module.oci_lz_orchestrator.module.oci_lz_network.oci_core_vcn.these",
            "module.oci_lz_orchestrator.module.oci_lz_tags.data.oci_identity_tag.default_created_by",
            "module.oci_lz_orchestrator.module.oci_lz_tags.data.oci_identity_tag.default_created_on",
            "module.oci_lz_orchestrator.module.oci_lz_tags.data.oci_identity_tag_namespaces.oracle_default",
            "module.oci_lz_orchestrator.module.oci_lz_tags.oci_identity_tag.these",
            "module.oci_lz_orchestrator.module.oci_lz_tags.oci_identity_tag_default.these",
            "module.oci_lz_orchestrator.module.oci_lz_tags.oci_identity_tag_namespace.these",
            "module.oci_lz_orchestrator.module.oci_lz_zpr.data.oci_identity_regions.these",
            "module.oci_lz_orchestrator.module.oci_lz_zpr.data.oci_security_attribute_security_attribute_namespaces.default_security_attribute_namespaces",
            "module.oci_lz_orchestrator.module.oci_lz_zpr.data.oci_security_attribute_security_attribute_namespaces.query_security_attribute_namespaces",
            "module.oci_lz_orchestrator.module.oci_lz_zpr.data.oci_zpr_configuration.this",
            "module.oci_lz_orchestrator.module.oci_lz_zpr.oci_security_attribute_security_attribute.these",
            "module.oci_lz_orchestrator.module.oci_lz_zpr.oci_security_attribute_security_attribute_namespace.these",
            "module.oci_lz_orchestrator.module.oci_lz_zpr.oci_zpr_configuration.this",
            "module.oci_lz_orchestrator.module.oci_lz_zpr.oci_zpr_zpr_policy.these",
            "module.oci_lz_orchestrator.module.oci_lz_zpr.time_sleep.wait_after_zpr_configuration"
          ]
        },
        {
          "index_key": "SN-VLL-LZ-HUB-FW-KEY",
          "schema_version": 0,
          "attributes": {
            "id": "ocid1.subnet.oc19.eu-madrid-2.aaaaaaaa7iiznwrrx7jdkoxj7dt27tscvnybharc7dxie7jriysyqzda4chq/ocid1.routetable.oc19.eu-madrid-2.aaaaaaaaepcadnrinnf5i4c4dl2kidsnb6ctadjdynuoshyhtomtefry5ida",
            "route_table_id": "ocid1.routetable.oc19.eu-madrid-2.aaaaaaaaepcadnrinnf5i4c4dl2kidsnb6ctadjdynuoshyhtomtefry5ida",
            "subnet_id": "ocid1.subnet.oc19.eu-madrid-2.aaaaaaaa7iiznwrrx7jdkoxj7dt27tscvnybharc7dxie7jriysyqzda4chq",
            "timeouts": null
          },
          "sensitive_attributes": [],
          "private": "eyJlMmJmYjczMC1lY2FhLTExZTYtOGY4OC0zNDM2M2JjN2M0YzAiOnsiY3JlYXRlIjoxMjAwMDAwMDAwMDAwLCJkZWxldGUiOjEyMDAwMDAwMDAwMDAsInVwZGF0ZSI6MTIwMDAwMDAwMDAwMH19",
          "dependencies": [
            "data.github_repository_file.configurations",
            "data.github_repository_file.dependencies",
            "data.github_repository_file.url_dependencies",
            "data.http.configurations",
            "data.oci_objectstorage_object.configurations",
            "data.oci_objectstorage_object.dependencies",
            "data.oci_objectstorage_object.url_dependencies",
            "module.oci_lz_orchestrator.data.oci_identity_regions.these",
            "module.oci_lz_orchestrator.data.oci_identity_tenancy.this",
            "module.oci_lz_orchestrator.module.oci_lz_compartments.oci_identity_compartment.level_2",
            "module.oci_lz_orchestrator.module.oci_lz_compartments.oci_identity_compartment.level_3",
            "module.oci_lz_orchestrator.module.oci_lz_compartments.oci_identity_compartment.level_4",
            "module.oci_lz_orchestrator.module.oci_lz_compartments.oci_identity_compartment.level_5",
            "module.oci_lz_orchestrator.module.oci_lz_compartments.oci_identity_compartment.level_6",
            "module.oci_lz_orchestrator.module.oci_lz_compartments.oci_identity_compartment.these",
            "module.oci_lz_orchestrator.module.oci_lz_compartments.oci_identity_tag_default.these",
            "module.oci_lz_orchestrator.module.oci_lz_network.data.oci_core_services.oci_services",
            "module.oci_lz_orchestrator.module.oci_lz_network.data.oci_core_vcn.existing_vcns",
            "module.oci_lz_orchestrator.module.oci_lz_network.oci_core_dhcp_options.these",
            "module.oci_lz_orchestrator.module.oci_lz_network.oci_core_drg.these",
            "module.oci_lz_orchestrator.module.oci_lz_network.oci_core_internet_gateway.these",
            "module.oci_lz_orchestrator.module.oci_lz_network.oci_core_local_peering_gateway.oci_acceptor_local_peering_gateways",
            "module.oci_lz_orchestrator.module.oci_lz_network.oci_core_local_peering_gateway.oci_requestor_local_peering_gateways",
            "module.oci_lz_orchestrator.module.oci_lz_network.oci_core_nat_gateway.these",
            "module.oci_lz_orchestrator.module.oci_lz_network.oci_core_public_ip.these",
            "module.oci_lz_orchestrator.module.oci_lz_network.oci_core_public_ip_pool.these",
            "module.oci_lz_orchestrator.module.oci_lz_network.oci_core_route_table.drga_specific_route_tables",
            "module.oci_lz_orchestrator.module.oci_lz_network.oci_core_route_table.igw_natgw_specific_route_tables",
            "module.oci_lz_orchestrator.module.oci_lz_network.oci_core_route_table.lpg_specific_route_tables",
            "module.oci_lz_orchestrator.module.oci_lz_network.oci_core_route_table.non_gw_specific_remaining_route_tables",
            "module.oci_lz_orchestrator.module.oci_lz_network.oci_core_route_table.sgw_specific_route_tables",
            "module.oci_lz_orchestrator.module.oci_lz_network.oci_core_security_list.these",
            "module.oci_lz_orchestrator.module.oci_lz_network.oci_core_service_gateway.these",
            "module.oci_lz_orchestrator.module.oci_lz_network.oci_core_subnet.these",
            "module.oci_lz_orchestrator.module.oci_lz_network.oci_core_vcn.these",
            "module.oci_lz_orchestrator.module.oci_lz_tags.data.oci_identity_tag.default_created_by",
            "module.oci_lz_orchestrator.module.oci_lz_tags.data.oci_identity_tag.default_created_on",
            "module.oci_lz_orchestrator.module.oci_lz_tags.data.oci_identity_tag_namespaces.oracle_default",
            "module.oci_lz_orchestrator.module.oci_lz_tags.oci_identity_tag.these",
            "module.oci_lz_orchestrator.module.oci_lz_tags.oci_identity_tag_default.these",
            "module.oci_lz_orchestrator.module.oci_lz_tags.oci_identity_tag_namespace.these",
            "module.oci_lz_orchestrator.module.oci_lz_zpr.data.oci_identity_regions.these",
            "module.oci_lz_orchestrator.module.oci_lz_zpr.data.oci_security_attribute_security_attribute_namespaces.default_security_attribute_namespaces",
            "module.oci_lz_orchestrator.module.oci_lz_zpr.data.oci_security_attribute_security_attribute_namespaces.query_security_attribute_namespaces",
            "module.oci_lz_orchestrator.module.oci_lz_zpr.data.oci_zpr_configuration.this",
            "module.oci_lz_orchestrator.module.oci_lz_zpr.oci_security_attribute_security_attribute.these",
            "module.oci_lz_orchestrator.module.oci_lz_zpr.oci_security_attribute_security_attribute_namespace.these",
            "module.oci_lz_orchestrator.module.oci_lz_zpr.oci_zpr_configuration.this",
            "module.oci_lz_orchestrator.module.oci_lz_zpr.oci_zpr_zpr_policy.these",
            "module.oci_lz_orchestrator.module.oci_lz_zpr.time_sleep.wait_after_zpr_configuration"
          ]
        },
        {
          "index_key": "SN-VLL-LZ-HUB-MGMT-KEY",
          "schema_version": 0,
          "attributes": {
            "id": "ocid1.subnet.oc19.eu-madrid-2.aaaaaaaamcmntrl4aahekbmipupvl7vcusvjo63t6qfdq43ymtrfkwvp4nbq/ocid1.routetable.oc19.eu-madrid-2.aaaaaaaaxnlln5qgunwceglywutphkzaqunzs6zt5pmswehx4oeisihw63jq",
            "route_table_id": "ocid1.routetable.oc19.eu-madrid-2.aaaaaaaaxnlln5qgunwceglywutphkzaqunzs6zt5pmswehx4oeisihw63jq",
            "subnet_id": "ocid1.subnet.oc19.eu-madrid-2.aaaaaaaamcmntrl4aahekbmipupvl7vcusvjo63t6qfdq43ymtrfkwvp4nbq",
            "timeouts": null
          },
          "sensitive_attributes": [],
          "private": "eyJlMmJmYjczMC1lY2FhLTExZTYtOGY4OC0zNDM2M2JjN2M0YzAiOnsiY3JlYXRlIjoxMjAwMDAwMDAwMDAwLCJkZWxldGUiOjEyMDAwMDAwMDAwMDAsInVwZGF0ZSI6MTIwMDAwMDAwMDAwMH19",
          "dependencies": [
            "data.github_repository_file.configurations",
            "data.github_repository_file.dependencies",
            "data.github_repository_file.url_dependencies",
            "data.http.configurations",
            "data.oci_objectstorage_object.configurations",
            "data.oci_objectstorage_object.dependencies",
            "data.oci_objectstorage_object.url_dependencies",
            "module.oci_lz_orchestrator.data.oci_identity_regions.these",
            "module.oci_lz_orchestrator.data.oci_identity_tenancy.this",
            "module.oci_lz_orchestrator.module.oci_lz_compartments.oci_identity_compartment.level_2",
            "module.oci_lz_orchestrator.module.oci_lz_compartments.oci_identity_compartment.level_3",
            "module.oci_lz_orchestrator.module.oci_lz_compartments.oci_identity_compartment.level_4",
            "module.oci_lz_orchestrator.module.oci_lz_compartments.oci_identity_compartment.level_5",
            "module.oci_lz_orchestrator.module.oci_lz_compartments.oci_identity_compartment.level_6",
            "module.oci_lz_orchestrator.module.oci_lz_compartments.oci_identity_compartment.these",
            "module.oci_lz_orchestrator.module.oci_lz_compartments.oci_identity_tag_default.these",
            "module.oci_lz_orchestrator.module.oci_lz_network.data.oci_core_services.oci_services",
            "module.oci_lz_orchestrator.module.oci_lz_network.data.oci_core_vcn.existing_vcns",
            "module.oci_lz_orchestrator.module.oci_lz_network.oci_core_dhcp_options.these",
            "module.oci_lz_orchestrator.module.oci_lz_network.oci_core_drg.these",
            "module.oci_lz_orchestrator.module.oci_lz_network.oci_core_internet_gateway.these",
            "module.oci_lz_orchestrator.module.oci_lz_network.oci_core_local_peering_gateway.oci_acceptor_local_peering_gateways",
            "module.oci_lz_orchestrator.module.oci_lz_network.oci_core_local_peering_gateway.oci_requestor_local_peering_gateways",
            "module.oci_lz_orchestrator.module.oci_lz_network.oci_core_nat_gateway.these",
            "module.oci_lz_orchestrator.module.oci_lz_network.oci_core_public_ip.these",
            "module.oci_lz_orchestrator.module.oci_lz_network.oci_core_public_ip_pool.these",
            "module.oci_lz_orchestrator.module.oci_lz_network.oci_core_route_table.drga_specific_route_tables",
            "module.oci_lz_orchestrator.module.oci_lz_network.oci_core_route_table.igw_natgw_specific_route_tables",
            "module.oci_lz_orchestrator.module.oci_lz_network.oci_core_route_table.lpg_specific_route_tables",
            "module.oci_lz_orchestrator.module.oci_lz_network.oci_core_route_table.non_gw_specific_remaining_route_tables",
            "module.oci_lz_orchestrator.module.oci_lz_network.oci_core_route_table.sgw_specific_route_tables",
            "module.oci_lz_orchestrator.module.oci_lz_network.oci_core_security_list.these",
            "module.oci_lz_orchestrator.module.oci_lz_network.oci_core_service_gateway.these",
            "module.oci_lz_orchestrator.module.oci_lz_network.oci_core_subnet.these",
            "module.oci_lz_orchestrator.module.oci_lz_network.oci_core_vcn.these",
            "module.oci_lz_orchestrator.module.oci_lz_tags.data.oci_identity_tag.default_created_by",
            "module.oci_lz_orchestrator.module.oci_lz_tags.data.oci_identity_tag.default_created_on",
            "module.oci_lz_orchestrator.module.oci_lz_tags.data.oci_identity_tag_namespaces.oracle_default",
            "module.oci_lz_orchestrator.module.oci_lz_tags.oci_identity_tag.these",
            "module.oci_lz_orchestrator.module.oci_lz_tags.oci_identity_tag_default.these",
            "module.oci_lz_orchestrator.module.oci_lz_tags.oci_identity_tag_namespace.these",
            "module.oci_lz_orchestrator.module.oci_lz_zpr.data.oci_identity_regions.these",
            "module.oci_lz_orchestrator.module.oci_lz_zpr.data.oci_security_attribute_security_attribute_namespaces.default_security_attribute_namespaces",
            "module.oci_lz_orchestrator.module.oci_lz_zpr.data.oci_security_attribute_security_attribute_namespaces.query_security_attribute_namespaces",
            "module.oci_lz_orchestrator.module.oci_lz_zpr.data.oci_zpr_configuration.this",
            "module.oci_lz_orchestrator.module.oci_lz_zpr.oci_security_attribute_security_attribute.these",
            "module.oci_lz_orchestrator.module.oci_lz_zpr.oci_security_attribute_security_attribute_namespace.these",
            "module.oci_lz_orchestrator.module.oci_lz_zpr.oci_zpr_configuration.this",
            "module.oci_lz_orchestrator.module.oci_lz_zpr.oci_zpr_zpr_policy.these",
            "module.oci_lz_orchestrator.module.oci_lz_zpr.time_sleep.wait_after_zpr_configuration"
          ]
        },
        {
          "index_key": "SN-VLL-LZ-HUB-MON-KEY",
          "schema_version": 0,
          "attributes": {
            "id": "ocid1.subnet.oc19.eu-madrid-2.aaaaaaaafblxsemsfu6ybrpphztdrynxch5jqttspqtz2sz7orjphbvfkqqa/ocid1.routetable.oc19.eu-madrid-2.aaaaaaaaxnlln5qgunwceglywutphkzaqunzs6zt5pmswehx4oeisihw63jq",
            "route_table_id": "ocid1.routetable.oc19.eu-madrid-2.aaaaaaaaxnlln5qgunwceglywutphkzaqunzs6zt5pmswehx4oeisihw63jq",
            "subnet_id": "ocid1.subnet.oc19.eu-madrid-2.aaaaaaaafblxsemsfu6ybrpphztdrynxch5jqttspqtz2sz7orjphbvfkqqa",
            "timeouts": null
          },
          "sensitive_attributes": [],
          "private": "eyJlMmJmYjczMC1lY2FhLTExZTYtOGY4OC0zNDM2M2JjN2M0YzAiOnsiY3JlYXRlIjoxMjAwMDAwMDAwMDAwLCJkZWxldGUiOjEyMDAwMDAwMDAwMDAsInVwZGF0ZSI6MTIwMDAwMDAwMDAwMH19",
          "dependencies": [
            "data.github_repository_file.configurations",
            "data.github_repository_file.dependencies",
            "data.github_repository_file.url_dependencies",
            "data.http.configurations",
            "data.oci_objectstorage_object.configurations",
            "data.oci_objectstorage_object.dependencies",
            "data.oci_objectstorage_object.url_dependencies",
            "module.oci_lz_orchestrator.data.oci_identity_regions.these",
            "module.oci_lz_orchestrator.data.oci_identity_tenancy.this",
            "module.oci_lz_orchestrator.module.oci_lz_compartments.oci_identity_compartment.level_2",
            "module.oci_lz_orchestrator.module.oci_lz_compartments.oci_identity_compartment.level_3",
            "module.oci_lz_orchestrator.module.oci_lz_compartments.oci_identity_compartment.level_4",
            "module.oci_lz_orchestrator.module.oci_lz_compartments.oci_identity_compartment.level_5",
            "module.oci_lz_orchestrator.module.oci_lz_compartments.oci_identity_compartment.level_6",
            "module.oci_lz_orchestrator.module.oci_lz_compartments.oci_identity_compartment.these",
            "module.oci_lz_orchestrator.module.oci_lz_compartments.oci_identity_tag_default.these",
            "module.oci_lz_orchestrator.module.oci_lz_network.data.oci_core_services.oci_services",
            "module.oci_lz_orchestrator.module.oci_lz_network.data.oci_core_vcn.existing_vcns",
            "module.oci_lz_orchestrator.module.oci_lz_network.oci_core_dhcp_options.these",
            "module.oci_lz_orchestrator.module.oci_lz_network.oci_core_drg.these",
            "module.oci_lz_orchestrator.module.oci_lz_network.oci_core_internet_gateway.these",
            "module.oci_lz_orchestrator.module.oci_lz_network.oci_core_local_peering_gateway.oci_acceptor_local_peering_gateways",
            "module.oci_lz_orchestrator.module.oci_lz_network.oci_core_local_peering_gateway.oci_requestor_local_peering_gateways",
            "module.oci_lz_orchestrator.module.oci_lz_network.oci_core_nat_gateway.these",
            "module.oci_lz_orchestrator.module.oci_lz_network.oci_core_public_ip.these",
            "module.oci_lz_orchestrator.module.oci_lz_network.oci_core_public_ip_pool.these",
            "module.oci_lz_orchestrator.module.oci_lz_network.oci_core_route_table.drga_specific_route_tables",
            "module.oci_lz_orchestrator.module.oci_lz_network.oci_core_route_table.igw_natgw_specific_route_tables",
            "module.oci_lz_orchestrator.module.oci_lz_network.oci_core_route_table.lpg_specific_route_tables",
            "module.oci_lz_orchestrator.module.oci_lz_network.oci_core_route_table.non_gw_specific_remaining_route_tables",
            "module.oci_lz_orchestrator.module.oci_lz_network.oci_core_route_table.sgw_specific_route_tables",
            "module.oci_lz_orchestrator.module.oci_lz_network.oci_core_security_list.these",
            "module.oci_lz_orchestrator.module.oci_lz_network.oci_core_service_gateway.these",
            "module.oci_lz_orchestrator.module.oci_lz_network.oci_core_subnet.these",
            "module.oci_lz_orchestrator.module.oci_lz_network.oci_core_vcn.these",
            "module.oci_lz_orchestrator.module.oci_lz_tags.data.oci_identity_tag.default_created_by",
            "module.oci_lz_orchestrator.module.oci_lz_tags.data.oci_identity_tag.default_created_on",
            "module.oci_lz_orchestrator.module.oci_lz_tags.data.oci_identity_tag_namespaces.oracle_default",
            "module.oci_lz_orchestrator.module.oci_lz_tags.oci_identity_tag.these",
            "module.oci_lz_orchestrator.module.oci_lz_tags.oci_identity_tag_default.these",
            "module.oci_lz_orchestrator.module.oci_lz_tags.oci_identity_tag_namespace.these",
            "module.oci_lz_orchestrator.module.oci_lz_zpr.data.oci_identity_regions.these",
            "module.oci_lz_orchestrator.module.oci_lz_zpr.data.oci_security_attribute_security_attribute_namespaces.default_security_attribute_namespaces",
            "module.oci_lz_orchestrator.module.oci_lz_zpr.data.oci_security_attribute_security_attribute_namespaces.query_security_attribute_namespaces",
            "module.oci_lz_orchestrator.module.oci_lz_zpr.data.oci_zpr_configuration.this",
            "module.oci_lz_orchestrator.module.oci_lz_zpr.oci_security_attribute_security_attribute.these",
            "module.oci_lz_orchestrator.module.oci_lz_zpr.oci_security_attribute_security_attribute_namespace.these",
            "module.oci_lz_orchestrator.module.oci_lz_zpr.oci_zpr_configuration.this",
            "module.oci_lz_orchestrator.module.oci_lz_zpr.oci_zpr_zpr_policy.these",
            "module.oci_lz_orchestrator.module.oci_lz_zpr.time_sleep.wait_after_zpr_configuration"
          ]
        }
      ]
    },
    {
      "module": "module.oci_lz_orchestrator.module.oci_lz_network[0]",
      "mode": "managed",
      "type": "oci_core_security_list",
      "name": "these",
      "provider": "module.oci_lz_orchestrator.provider[\"registry.terraform.io/oracle/oci\"]",
      "instances": [
        {
          "index_key": "SL-VLL-LZ-EXACS-NPR-BACKUP-KEY",
          "schema_version": 0,
          "attributes": {
            "compartment_id": "ocid1.compartment.oc19..aaaaaaaacmlk3n2cqqujnnw4fqzg4ciprpltm6m4qzfl3hjbtlvr2ohjnfka",
            "defined_tags": {
              "Oracle-Tags.CreatedBy": "default/jorge.e.torlaschi@accenture.com",
              "Oracle-Tags.CreatedOn": "2026-02-27T12:33:55.672Z"
            },
            "display_name": "o-np-om2-sl-exacs-nprbck-001",
            "egress_security_rules": [
              {
                "description": "Allow all outbound traffic to 0.0.0.0/0 over all protocols",
                "destination": "0.0.0.0/0",
                "destination_type": "CIDR_BLOCK",
                "icmp_options": [],
                "protocol": "all",
                "stateless": false,
                "tcp_options": [],
                "udp_options": []
              }
            ],
            "freeform_tags": {
              "ocilz-terraform-module": "networking/0.8.1"
            },
            "id": "ocid1.securitylist.oc19.eu-madrid-2.aaaaaaaa23hczsykoeseknstxxo2cmnwgxwkkftq2qmu26izg2koqrvotm7a",
            "ingress_security_rules": [
              {
                "description": "ICMP type 3 code 4",
                "icmp_options": [
                  {
                    "code": 4,
                    "type": 3
                  }
                ],
                "protocol": "1",
                "source": "0.0.0.0/0",
                "source_type": "CIDR_BLOCK",
                "stateless": false,
                "tcp_options": [],
                "udp_options": []
              },
              {
                "description": "ICMP type 3",
                "icmp_options": [
                  {
                    "code": -1,
                    "type": 3
                  }
                ],
                "protocol": "1",
                "source": "10.0.0.0/21",
                "source_type": "CIDR_BLOCK",
                "stateless": false,
                "tcp_options": [],
                "udp_options": []
              },
              {
                "description": "ICMP type 8 (Echo)",
                "icmp_options": [
                  {
                    "code": 0,
                    "type": 8
                  }
                ],
                "protocol": "1",
                "source": "10.0.0.0/21",
                "source_type": "CIDR_BLOCK",
                "stateless": false,
                "tcp_options": [],
                "udp_options": []
              }
            ],
            "state": "AVAILABLE",
            "time_created": "2026-02-27 12:33:55.686 +0000 UTC",
            "timeouts": null,
            "vcn_id": "ocid1.vcn.oc19.eu-madrid-2.amaaaaaapw27gbaayo6t2kvr7yjnawvlnzarrfrjpyftfbmmsikkrkikqaiq"
          },
          "sensitive_attributes": [],
          "private": "eyJlMmJmYjczMC1lY2FhLTExZTYtOGY4OC0zNDM2M2JjN2M0YzAiOnsiY3JlYXRlIjoxMjAwMDAwMDAwMDAwLCJkZWxldGUiOjEyMDAwMDAwMDAwMDAsInVwZGF0ZSI6MTIwMDAwMDAwMDAwMH19",
          "dependencies": [
            "data.github_repository_file.configurations",
            "data.github_repository_file.dependencies",
            "data.github_repository_file.url_dependencies",
            "data.http.configurations",
            "data.oci_objectstorage_object.configurations",
            "data.oci_objectstorage_object.dependencies",
            "data.oci_objectstorage_object.url_dependencies",
            "module.oci_lz_orchestrator.data.oci_identity_regions.these",
            "module.oci_lz_orchestrator.data.oci_identity_tenancy.this",
            "module.oci_lz_orchestrator.module.oci_lz_compartments.oci_identity_compartment.level_2",
            "module.oci_lz_orchestrator.module.oci_lz_compartments.oci_identity_compartment.level_3",
            "module.oci_lz_orchestrator.module.oci_lz_compartments.oci_identity_compartment.level_4",
            "module.oci_lz_orchestrator.module.oci_lz_compartments.oci_identity_compartment.level_5",
            "module.oci_lz_orchestrator.module.oci_lz_compartments.oci_identity_compartment.level_6",
            "module.oci_lz_orchestrator.module.oci_lz_compartments.oci_identity_compartment.these",
            "module.oci_lz_orchestrator.module.oci_lz_compartments.oci_identity_tag_default.these",
            "module.oci_lz_orchestrator.module.oci_lz_network.data.oci_core_services.oci_services",
            "module.oci_lz_orchestrator.module.oci_lz_network.data.oci_core_vcn.existing_vcns",
            "module.oci_lz_orchestrator.module.oci_lz_network.oci_core_vcn.these",
            "module.oci_lz_orchestrator.module.oci_lz_tags.data.oci_identity_tag.default_created_by",
            "module.oci_lz_orchestrator.module.oci_lz_tags.data.oci_identity_tag.default_created_on",
            "module.oci_lz_orchestrator.module.oci_lz_tags.data.oci_identity_tag_namespaces.oracle_default",
            "module.oci_lz_orchestrator.module.oci_lz_tags.oci_identity_tag.these",
            "module.oci_lz_orchestrator.module.oci_lz_tags.oci_identity_tag_default.these",
            "module.oci_lz_orchestrator.module.oci_lz_tags.oci_identity_tag_namespace.these",
            "module.oci_lz_orchestrator.module.oci_lz_zpr.data.oci_identity_regions.these",
            "module.oci_lz_orchestrator.module.oci_lz_zpr.data.oci_security_attribute_security_attribute_namespaces.default_security_attribute_namespaces",
            "module.oci_lz_orchestrator.module.oci_lz_zpr.data.oci_security_attribute_security_attribute_namespaces.query_security_attribute_namespaces",
            "module.oci_lz_orchestrator.module.oci_lz_zpr.data.oci_zpr_configuration.this",
            "module.oci_lz_orchestrator.module.oci_lz_zpr.oci_security_attribute_security_attribute.these",
            "module.oci_lz_orchestrator.module.oci_lz_zpr.oci_security_attribute_security_attribute_namespace.these",
            "module.oci_lz_orchestrator.module.oci_lz_zpr.oci_zpr_configuration.this",
            "module.oci_lz_orchestrator.module.oci_lz_zpr.oci_zpr_zpr_policy.these",
            "module.oci_lz_orchestrator.module.oci_lz_zpr.time_sleep.wait_after_zpr_configuration"
          ]
        },
        {
          "index_key": "SL-VLL-LZ-EXACS-NPR-CLIENT-KEY",
          "schema_version": 0,
          "attributes": {
            "compartment_id": "ocid1.compartment.oc19..aaaaaaaacmlk3n2cqqujnnw4fqzg4ciprpltm6m4qzfl3hjbtlvr2ohjnfka",
            "defined_tags": {
              "Oracle-Tags.CreatedBy": "default/jorge.e.torlaschi@accenture.com",
              "Oracle-Tags.CreatedOn": "2026-02-27T12:33:55.898Z"
            },
            "display_name": "o-np-om2-sl-exacs-nprcli-001",
            "egress_security_rules": [
              {
                "description": "Allow all outbound traffic to 0.0.0.0/0 over all protocols",
                "destination": "0.0.0.0/0",
                "destination_type": "CIDR_BLOCK",
                "icmp_options": [],
                "protocol": "all",
                "stateless": false,
                "tcp_options": [],
                "udp_options": []
              }
            ],
            "freeform_tags": {
              "ocilz-terraform-module": "networking/0.8.1"
            },
            "id": "ocid1.securitylist.oc19.eu-madrid-2.aaaaaaaa5kcog5ebv3hoxi5s77e365orqzvmypuuizyw77xi3qia6psaz6jq",
            "ingress_security_rules": [
              {
                "description": "ICMP type 3 code 4",
                "icmp_options": [
                  {
                    "code": 4,
                    "type": 3
                  }
                ],
                "protocol": "1",
                "source": "0.0.0.0/0",
                "source_type": "CIDR_BLOCK",
                "stateless": false,
                "tcp_options": [],
                "udp_options": []
              },
              {
                "description": "ICMP type 3",
                "icmp_options": [
                  {
                    "code": -1,
                    "type": 3
                  }
                ],
                "protocol": "1",
                "source": "10.0.0.0/21",
                "source_type": "CIDR_BLOCK",
                "stateless": false,
                "tcp_options": [],
                "udp_options": []
              },
              {
                "description": "ICMP type 8 (Echo)",
                "icmp_options": [
                  {
                    "code": 0,
                    "type": 8
                  }
                ],
                "protocol": "1",
                "source": "10.0.0.0/21",
                "source_type": "CIDR_BLOCK",
                "stateless": false,
                "tcp_options": [],
                "udp_options": []
              }
            ],
            "state": "AVAILABLE",
            "time_created": "2026-02-27 12:33:55.913 +0000 UTC",
            "timeouts": null,
            "vcn_id": "ocid1.vcn.oc19.eu-madrid-2.amaaaaaapw27gbaayo6t2kvr7yjnawvlnzarrfrjpyftfbmmsikkrkikqaiq"
          },
          "sensitive_attributes": [],
          "private": "eyJlMmJmYjczMC1lY2FhLTExZTYtOGY4OC0zNDM2M2JjN2M0YzAiOnsiY3JlYXRlIjoxMjAwMDAwMDAwMDAwLCJkZWxldGUiOjEyMDAwMDAwMDAwMDAsInVwZGF0ZSI6MTIwMDAwMDAwMDAwMH19",
          "dependencies": [
            "data.github_repository_file.configurations",
            "data.github_repository_file.dependencies",
            "data.github_repository_file.url_dependencies",
            "data.http.configurations",
            "data.oci_objectstorage_object.configurations",
            "data.oci_objectstorage_object.dependencies",
            "data.oci_objectstorage_object.url_dependencies",
            "module.oci_lz_orchestrator.data.oci_identity_regions.these",
            "module.oci_lz_orchestrator.data.oci_identity_tenancy.this",
            "module.oci_lz_orchestrator.module.oci_lz_compartments.oci_identity_compartment.level_2",
            "module.oci_lz_orchestrator.module.oci_lz_compartments.oci_identity_compartment.level_3",
            "module.oci_lz_orchestrator.module.oci_lz_compartments.oci_identity_compartment.level_4",
            "module.oci_lz_orchestrator.module.oci_lz_compartments.oci_identity_compartment.level_5",
            "module.oci_lz_orchestrator.module.oci_lz_compartments.oci_identity_compartment.level_6",
            "module.oci_lz_orchestrator.module.oci_lz_compartments.oci_identity_compartment.these",
            "module.oci_lz_orchestrator.module.oci_lz_compartments.oci_identity_tag_default.these",
            "module.oci_lz_orchestrator.module.oci_lz_network.data.oci_core_services.oci_services",
            "module.oci_lz_orchestrator.module.oci_lz_network.data.oci_core_vcn.existing_vcns",
            "module.oci_lz_orchestrator.module.oci_lz_network.oci_core_vcn.these",
            "module.oci_lz_orchestrator.module.oci_lz_tags.data.oci_identity_tag.default_created_by",
            "module.oci_lz_orchestrator.module.oci_lz_tags.data.oci_identity_tag.default_created_on",
            "module.oci_lz_orchestrator.module.oci_lz_tags.data.oci_identity_tag_namespaces.oracle_default",
            "module.oci_lz_orchestrator.module.oci_lz_tags.oci_identity_tag.these",
            "module.oci_lz_orchestrator.module.oci_lz_tags.oci_identity_tag_default.these",
            "module.oci_lz_orchestrator.module.oci_lz_tags.oci_identity_tag_namespace.these",
            "module.oci_lz_orchestrator.module.oci_lz_zpr.data.oci_identity_regions.these",
            "module.oci_lz_orchestrator.module.oci_lz_zpr.data.oci_security_attribute_security_attribute_namespaces.default_security_attribute_namespaces",
            "module.oci_lz_orchestrator.module.oci_lz_zpr.data.oci_security_attribute_security_attribute_namespaces.query_security_attribute_namespaces",
            "module.oci_lz_orchestrator.module.oci_lz_zpr.data.oci_zpr_configuration.this",
            "module.oci_lz_orchestrator.module.oci_lz_zpr.oci_security_attribute_security_attribute.these",
            "module.oci_lz_orchestrator.module.oci_lz_zpr.oci_security_attribute_security_attribute_namespace.these",
            "module.oci_lz_orchestrator.module.oci_lz_zpr.oci_zpr_configuration.this",
            "module.oci_lz_orchestrator.module.oci_lz_zpr.oci_zpr_zpr_policy.these",
            "module.oci_lz_orchestrator.module.oci_lz_zpr.time_sleep.wait_after_zpr_configuration"
          ]
        },
        {
          "index_key": "SL-VLL-LZ-EXACS-PRO-BACKUP-KEY",
          "schema_version": 0,
          "attributes": {
            "compartment_id": "ocid1.compartment.oc19..aaaaaaaacmlk3n2cqqujnnw4fqzg4ciprpltm6m4qzfl3hjbtlvr2ohjnfka",
            "defined_tags": {
              "Oracle-Tags.CreatedBy": "default/jorge.e.torlaschi@accenture.com",
              "Oracle-Tags.CreatedOn": "2026-02-27T12:33:55.922Z"
            },
            "display_name": "o-p-om2-sl-exacs-probkc-001",
            "egress_security_rules": [
              {
                "description": "Allow all outbound traffic to 0.0.0.0/0 over all protocols",
                "destination": "0.0.0.0/0",
                "destination_type": "CIDR_BLOCK",
                "icmp_options": [],
                "protocol": "all",
                "stateless": false,
                "tcp_options": [],
                "udp_options": []
              }
            ],
            "freeform_tags": {
              "ocilz-terraform-module": "networking/0.8.1"
            },
            "id": "ocid1.securitylist.oc19.eu-madrid-2.aaaaaaaam5jo3csoylcvtc5cvzcgo4onpxhpfahegssdy2vdwsiez6yh6yoa",
            "ingress_security_rules": [
              {
                "description": "ICMP type 3 code 4",
                "icmp_options": [
                  {
                    "code": 4,
                    "type": 3
                  }
                ],
                "protocol": "1",
                "source": "0.0.0.0/0",
                "source_type": "CIDR_BLOCK",
                "stateless": false,
                "tcp_options": [],
                "udp_options": []
              },
              {
                "description": "ICMP type 3",
                "icmp_options": [
                  {
                    "code": -1,
                    "type": 3
                  }
                ],
                "protocol": "1",
                "source": "10.0.0.0/21",
                "source_type": "CIDR_BLOCK",
                "stateless": false,
                "tcp_options": [],
                "udp_options": []
              },
              {
                "description": "ICMP type 8 (Echo)",
                "icmp_options": [
                  {
                    "code": 0,
                    "type": 8
                  }
                ],
                "protocol": "1",
                "source": "10.0.0.0/21",
                "source_type": "CIDR_BLOCK",
                "stateless": false,
                "tcp_options": [],
                "udp_options": []
              }
            ],
            "state": "AVAILABLE",
            "time_created": "2026-02-27 12:33:55.936 +0000 UTC",
            "timeouts": null,
            "vcn_id": "ocid1.vcn.oc19.eu-madrid-2.amaaaaaapw27gbaassqe6euwqixubwp2tftzf6fjhggl4ygxogcgzhhzdtuq"
          },
          "sensitive_attributes": [],
          "private": "eyJlMmJmYjczMC1lY2FhLTExZTYtOGY4OC0zNDM2M2JjN2M0YzAiOnsiY3JlYXRlIjoxMjAwMDAwMDAwMDAwLCJkZWxldGUiOjEyMDAwMDAwMDAwMDAsInVwZGF0ZSI6MTIwMDAwMDAwMDAwMH19",
          "dependencies": [
            "data.github_repository_file.configurations",
            "data.github_repository_file.dependencies",
            "data.github_repository_file.url_dependencies",
            "data.http.configurations",
            "data.oci_objectstorage_object.configurations",
            "data.oci_objectstorage_object.dependencies",
            "data.oci_objectstorage_object.url_dependencies",
            "module.oci_lz_orchestrator.data.oci_identity_regions.these",
            "module.oci_lz_orchestrator.data.oci_identity_tenancy.this",
            "module.oci_lz_orchestrator.module.oci_lz_compartments.oci_identity_compartment.level_2",
            "module.oci_lz_orchestrator.module.oci_lz_compartments.oci_identity_compartment.level_3",
            "module.oci_lz_orchestrator.module.oci_lz_compartments.oci_identity_compartment.level_4",
            "module.oci_lz_orchestrator.module.oci_lz_compartments.oci_identity_compartment.level_5",
            "module.oci_lz_orchestrator.module.oci_lz_compartments.oci_identity_compartment.level_6",
            "module.oci_lz_orchestrator.module.oci_lz_compartments.oci_identity_compartment.these",
            "module.oci_lz_orchestrator.module.oci_lz_compartments.oci_identity_tag_default.these",
            "module.oci_lz_orchestrator.module.oci_lz_network.data.oci_core_services.oci_services",
            "module.oci_lz_orchestrator.module.oci_lz_network.data.oci_core_vcn.existing_vcns",
            "module.oci_lz_orchestrator.module.oci_lz_network.oci_core_vcn.these",
            "module.oci_lz_orchestrator.module.oci_lz_tags.data.oci_identity_tag.default_created_by",
            "module.oci_lz_orchestrator.module.oci_lz_tags.data.oci_identity_tag.default_created_on",
            "module.oci_lz_orchestrator.module.oci_lz_tags.data.oci_identity_tag_namespaces.oracle_default",
            "module.oci_lz_orchestrator.module.oci_lz_tags.oci_identity_tag.these",
            "module.oci_lz_orchestrator.module.oci_lz_tags.oci_identity_tag_default.these",
            "module.oci_lz_orchestrator.module.oci_lz_tags.oci_identity_tag_namespace.these",
            "module.oci_lz_orchestrator.module.oci_lz_zpr.data.oci_identity_regions.these",
            "module.oci_lz_orchestrator.module.oci_lz_zpr.data.oci_security_attribute_security_attribute_namespaces.default_security_attribute_namespaces",
            "module.oci_lz_orchestrator.module.oci_lz_zpr.data.oci_security_attribute_security_attribute_namespaces.query_security_attribute_namespaces",
            "module.oci_lz_orchestrator.module.oci_lz_zpr.data.oci_zpr_configuration.this",
            "module.oci_lz_orchestrator.module.oci_lz_zpr.oci_security_attribute_security_attribute.these",
            "module.oci_lz_orchestrator.module.oci_lz_zpr.oci_security_attribute_security_attribute_namespace.these",
            "module.oci_lz_orchestrator.module.oci_lz_zpr.oci_zpr_configuration.this",
            "module.oci_lz_orchestrator.module.oci_lz_zpr.oci_zpr_zpr_policy.these",
            "module.oci_lz_orchestrator.module.oci_lz_zpr.time_sleep.wait_after_zpr_configuration"
          ]
        },
        {
          "index_key": "SL-VLL-LZ-EXACS-PRO-CLIENT-KEY",
          "schema_version": 0,
          "attributes": {
            "compartment_id": "ocid1.compartment.oc19..aaaaaaaacmlk3n2cqqujnnw4fqzg4ciprpltm6m4qzfl3hjbtlvr2ohjnfka",
            "defined_tags": {
              "Oracle-Tags.CreatedBy": "default/jorge.e.torlaschi@accenture.com",
              "Oracle-Tags.CreatedOn": "2026-02-27T12:33:55.910Z"
            },
            "display_name": "o-p-om2-sl-exacs-procli-001",
            "egress_security_rules": [
              {
                "description": "Allow all outbound traffic to 0.0.0.0/0 over all protocols",
                "destination": "0.0.0.0/0",
                "destination_type": "CIDR_BLOCK",
                "icmp_options": [],
                "protocol": "all",
                "stateless": false,
                "tcp_options": [],
                "udp_options": []
              }
            ],
            "freeform_tags": {
              "ocilz-terraform-module": "networking/0.8.1"
            },
            "id": "ocid1.securitylist.oc19.eu-madrid-2.aaaaaaaa5oaxnpbbe4e63ovgoagkdpya6x6wh5ay5prlelchkmscvegaquga",
            "ingress_security_rules": [
              {
                "description": "ICMP type 3 code 4",
                "icmp_options": [
                  {
                    "code": 4,
                    "type": 3
                  }
                ],
                "protocol": "1",
                "source": "0.0.0.0/0",
                "source_type": "CIDR_BLOCK",
                "stateless": false,
                "tcp_options": [],
                "udp_options": []
              },
              {
                "description": "ICMP type 3",
                "icmp_options": [
                  {
                    "code": -1,
                    "type": 3
                  }
                ],
                "protocol": "1",
                "source": "10.0.0.0/21",
                "source_type": "CIDR_BLOCK",
                "stateless": false,
                "tcp_options": [],
                "udp_options": []
              },
              {
                "description": "ICMP type 8 (Echo)",
                "icmp_options": [
                  {
                    "code": 0,
                    "type": 8
                  }
                ],
                "protocol": "1",
                "source": "10.0.0.0/21",
                "source_type": "CIDR_BLOCK",
                "stateless": false,
                "tcp_options": [],
                "udp_options": []
              }
            ],
            "state": "AVAILABLE",
            "time_created": "2026-02-27 12:33:55.927 +0000 UTC",
            "timeouts": null,
            "vcn_id": "ocid1.vcn.oc19.eu-madrid-2.amaaaaaapw27gbaassqe6euwqixubwp2tftzf6fjhggl4ygxogcgzhhzdtuq"
          },
          "sensitive_attributes": [],
          "private": "eyJlMmJmYjczMC1lY2FhLTExZTYtOGY4OC0zNDM2M2JjN2M0YzAiOnsiY3JlYXRlIjoxMjAwMDAwMDAwMDAwLCJkZWxldGUiOjEyMDAwMDAwMDAwMDAsInVwZGF0ZSI6MTIwMDAwMDAwMDAwMH19",
          "dependencies": [
            "data.github_repository_file.configurations",
            "data.github_repository_file.dependencies",
            "data.github_repository_file.url_dependencies",
            "data.http.configurations",
            "data.oci_objectstorage_object.configurations",
            "data.oci_objectstorage_object.dependencies",
            "data.oci_objectstorage_object.url_dependencies",
            "module.oci_lz_orchestrator.data.oci_identity_regions.these",
            "module.oci_lz_orchestrator.data.oci_identity_tenancy.this",
            "module.oci_lz_orchestrator.module.oci_lz_compartments.oci_identity_compartment.level_2",
            "module.oci_lz_orchestrator.module.oci_lz_compartments.oci_identity_compartment.level_3",
            "module.oci_lz_orchestrator.module.oci_lz_compartments.oci_identity_compartment.level_4",
            "module.oci_lz_orchestrator.module.oci_lz_compartments.oci_identity_compartment.level_5",
            "module.oci_lz_orchestrator.module.oci_lz_compartments.oci_identity_compartment.level_6",
            "module.oci_lz_orchestrator.module.oci_lz_compartments.oci_identity_compartment.these",
            "module.oci_lz_orchestrator.module.oci_lz_compartments.oci_identity_tag_default.these",
            "module.oci_lz_orchestrator.module.oci_lz_network.data.oci_core_services.oci_services",
            "module.oci_lz_orchestrator.module.oci_lz_network.data.oci_core_vcn.existing_vcns",
            "module.oci_lz_orchestrator.module.oci_lz_network.oci_core_vcn.these",
            "module.oci_lz_orchestrator.module.oci_lz_tags.data.oci_identity_tag.default_created_by",
            "module.oci_lz_orchestrator.module.oci_lz_tags.data.oci_identity_tag.default_created_on",
            "module.oci_lz_orchestrator.module.oci_lz_tags.data.oci_identity_tag_namespaces.oracle_default",
            "module.oci_lz_orchestrator.module.oci_lz_tags.oci_identity_tag.these",
            "module.oci_lz_orchestrator.module.oci_lz_tags.oci_identity_tag_default.these",
            "module.oci_lz_orchestrator.module.oci_lz_tags.oci_identity_tag_namespace.these",
            "module.oci_lz_orchestrator.module.oci_lz_zpr.data.oci_identity_regions.these",
            "module.oci_lz_orchestrator.module.oci_lz_zpr.data.oci_security_attribute_security_attribute_namespaces.default_security_attribute_namespaces",
            "module.oci_lz_orchestrator.module.oci_lz_zpr.data.oci_security_attribute_security_attribute_namespaces.query_security_attribute_namespaces",
            "module.oci_lz_orchestrator.module.oci_lz_zpr.data.oci_zpr_configuration.this",
            "module.oci_lz_orchestrator.module.oci_lz_zpr.oci_security_attribute_security_attribute.these",
            "module.oci_lz_orchestrator.module.oci_lz_zpr.oci_security_attribute_security_attribute_namespace.these",
            "module.oci_lz_orchestrator.module.oci_lz_zpr.oci_zpr_configuration.this",
            "module.oci_lz_orchestrator.module.oci_lz_zpr.oci_zpr_zpr_policy.these",
            "module.oci_lz_orchestrator.module.oci_lz_zpr.time_sleep.wait_after_zpr_configuration"
          ]
        },
        {
          "index_key": "SL-VLL-LZ-HUB-FW-KEY",
          "schema_version": 0,
          "attributes": {
            "compartment_id": "ocid1.compartment.oc19..aaaaaaaacmlk3n2cqqujnnw4fqzg4ciprpltm6m4qzfl3hjbtlvr2ohjnfka",
            "defined_tags": {
              "Oracle-Tags.CreatedBy": "default/jorge.e.torlaschi@accenture.com",
              "Oracle-Tags.CreatedOn": "2026-02-27T12:33:55.676Z"
            },
            "display_name": "o-p-om2-sl-hubfw-001",
            "egress_security_rules": [],
            "freeform_tags": {
              "ocilz-terraform-module": "networking/0.8.1"
            },
            "id": "ocid1.securitylist.oc19.eu-madrid-2.aaaaaaaa5hk2si3r4r57fnosz3iifyysrai4whjw5wcx7z2x5dt57vep2scq",
            "ingress_security_rules": [
              {
                "description": "ICMP type 3 code 4",
                "icmp_options": [
                  {
                    "code": 4,
                    "type": 3
                  }
                ],
                "protocol": "1",
                "source": "0.0.0.0/0",
                "source_type": "CIDR_BLOCK",
                "stateless": false,
                "tcp_options": [],
                "udp_options": []
              },
              {
                "description": "ICMP type 3",
                "icmp_options": [
                  {
                    "code": -1,
                    "type": 3
                  }
                ],
                "protocol": "1",
                "source": "10.0.0.0/21",
                "source_type": "CIDR_BLOCK",
                "stateless": false,
                "tcp_options": [],
                "udp_options": []
              },
              {
                "description": "ICMP type 8 (Echo)",
                "icmp_options": [
                  {
                    "code": 0,
                    "type": 8
                  }
                ],
                "protocol": "1",
                "source": "10.0.0.0/21",
                "source_type": "CIDR_BLOCK",
                "stateless": false,
                "tcp_options": [],
                "udp_options": []
              }
            ],
            "state": "AVAILABLE",
            "time_created": "2026-02-27 12:33:55.689 +0000 UTC",
            "timeouts": null,
            "vcn_id": "ocid1.vcn.oc19.eu-madrid-2.amaaaaaapw27gbaavhnugozcm43roj3pnvotywuipi267sbvesvt7mxsaraq"
          },
          "sensitive_attributes": [],
          "private": "eyJlMmJmYjczMC1lY2FhLTExZTYtOGY4OC0zNDM2M2JjN2M0YzAiOnsiY3JlYXRlIjoxMjAwMDAwMDAwMDAwLCJkZWxldGUiOjEyMDAwMDAwMDAwMDAsInVwZGF0ZSI6MTIwMDAwMDAwMDAwMH19",
          "dependencies": [
            "data.github_repository_file.configurations",
            "data.github_repository_file.dependencies",
            "data.github_repository_file.url_dependencies",
            "data.http.configurations",
            "data.oci_objectstorage_object.configurations",
            "data.oci_objectstorage_object.dependencies",
            "data.oci_objectstorage_object.url_dependencies",
            "module.oci_lz_orchestrator.data.oci_identity_regions.these",
            "module.oci_lz_orchestrator.data.oci_identity_tenancy.this",
            "module.oci_lz_orchestrator.module.oci_lz_compartments.oci_identity_compartment.level_2",
            "module.oci_lz_orchestrator.module.oci_lz_compartments.oci_identity_compartment.level_3",
            "module.oci_lz_orchestrator.module.oci_lz_compartments.oci_identity_compartment.level_4",
            "module.oci_lz_orchestrator.module.oci_lz_compartments.oci_identity_compartment.level_5",
            "module.oci_lz_orchestrator.module.oci_lz_compartments.oci_identity_compartment.level_6",
            "module.oci_lz_orchestrator.module.oci_lz_compartments.oci_identity_compartment.these",
            "module.oci_lz_orchestrator.module.oci_lz_compartments.oci_identity_tag_default.these",
            "module.oci_lz_orchestrator.module.oci_lz_network.data.oci_core_services.oci_services",
            "module.oci_lz_orchestrator.module.oci_lz_network.data.oci_core_vcn.existing_vcns",
            "module.oci_lz_orchestrator.module.oci_lz_network.oci_core_vcn.these",
            "module.oci_lz_orchestrator.module.oci_lz_tags.data.oci_identity_tag.default_created_by",
            "module.oci_lz_orchestrator.module.oci_lz_tags.data.oci_identity_tag.default_created_on",
            "module.oci_lz_orchestrator.module.oci_lz_tags.data.oci_identity_tag_namespaces.oracle_default",
            "module.oci_lz_orchestrator.module.oci_lz_tags.oci_identity_tag.these",
            "module.oci_lz_orchestrator.module.oci_lz_tags.oci_identity_tag_default.these",
            "module.oci_lz_orchestrator.module.oci_lz_tags.oci_identity_tag_namespace.these",
            "module.oci_lz_orchestrator.module.oci_lz_zpr.data.oci_identity_regions.these",
            "module.oci_lz_orchestrator.module.oci_lz_zpr.data.oci_security_attribute_security_attribute_namespaces.default_security_attribute_namespaces",
            "module.oci_lz_orchestrator.module.oci_lz_zpr.data.oci_security_attribute_security_attribute_namespaces.query_security_attribute_namespaces",
            "module.oci_lz_orchestrator.module.oci_lz_zpr.data.oci_zpr_configuration.this",
            "module.oci_lz_orchestrator.module.oci_lz_zpr.oci_security_attribute_security_attribute.these",
            "module.oci_lz_orchestrator.module.oci_lz_zpr.oci_security_attribute_security_attribute_namespace.these",
            "module.oci_lz_orchestrator.module.oci_lz_zpr.oci_zpr_configuration.this",
            "module.oci_lz_orchestrator.module.oci_lz_zpr.oci_zpr_zpr_policy.these",
            "module.oci_lz_orchestrator.module.oci_lz_zpr.time_sleep.wait_after_zpr_configuration"
          ]
        },
        {
          "index_key": "SL-VLL-LZ-HUB-MGMT-KEY",
          "schema_version": 0,
          "attributes": {
            "compartment_id": "ocid1.compartment.oc19..aaaaaaaacmlk3n2cqqujnnw4fqzg4ciprpltm6m4qzfl3hjbtlvr2ohjnfka",
            "defined_tags": {
              "Oracle-Tags.CreatedBy": "default/jorge.e.torlaschi@accenture.com",
              "Oracle-Tags.CreatedOn": "2026-02-27T12:33:55.676Z"
            },
            "display_name": "o-p-om2-sl-hubmgmt-001",
            "egress_security_rules": [
              {
                "description": "Allow all outbound traffic to 0.0.0.0/0 over all protocols",
                "destination": "0.0.0.0/0",
                "destination_type": "CIDR_BLOCK",
                "icmp_options": [],
                "protocol": "all",
                "stateless": false,
                "tcp_options": [],
                "udp_options": []
              }
            ],
            "freeform_tags": {
              "ocilz-terraform-module": "networking/0.8.1"
            },
            "id": "ocid1.securitylist.oc19.eu-madrid-2.aaaaaaaa3aih3jcrctb4jjgwuhgcfsj3krk3i5beycdfuzjaqce7j7yygufq",
            "ingress_security_rules": [
              {
                "description": "EXAMPLE: Allow inbound traffic from the Bastion Service private endpoint IP address",
                "icmp_options": [],
                "protocol": "6",
                "source": "10.0.2.123/32",
                "source_type": "CIDR_BLOCK",
                "stateless": false,
                "tcp_options": [
                  {
                    "max": 22,
                    "min": 22,
                    "source_port_range": []
                  }
                ],
                "udp_options": []
              },
              {
                "description": "ICMP type 3 code 4",
                "icmp_options": [
                  {
                    "code": 4,
                    "type": 3
                  }
                ],
                "protocol": "1",
                "source": "0.0.0.0/0",
                "source_type": "CIDR_BLOCK",
                "stateless": false,
                "tcp_options": [],
                "udp_options": []
              },
              {
                "description": "ICMP type 3",
                "icmp_options": [
                  {
                    "code": -1,
                    "type": 3
                  }
                ],
                "protocol": "1",
                "source": "10.0.0.0/21",
                "source_type": "CIDR_BLOCK",
                "stateless": false,
                "tcp_options": [],
                "udp_options": []
              },
              {
                "description": "ICMP type 8 (Echo)",
                "icmp_options": [
                  {
                    "code": 0,
                    "type": 8
                  }
                ],
                "protocol": "1",
                "source": "10.0.0.0/21",
                "source_type": "CIDR_BLOCK",
                "stateless": false,
                "tcp_options": [],
                "udp_options": []
              }
            ],
            "state": "AVAILABLE",
            "time_created": "2026-02-27 12:33:55.701 +0000 UTC",
            "timeouts": null,
            "vcn_id": "ocid1.vcn.oc19.eu-madrid-2.amaaaaaapw27gbaavhnugozcm43roj3pnvotywuipi267sbvesvt7mxsaraq"
          },
          "sensitive_attributes": [],
          "private": "eyJlMmJmYjczMC1lY2FhLTExZTYtOGY4OC0zNDM2M2JjN2M0YzAiOnsiY3JlYXRlIjoxMjAwMDAwMDAwMDAwLCJkZWxldGUiOjEyMDAwMDAwMDAwMDAsInVwZGF0ZSI6MTIwMDAwMDAwMDAwMH19",
          "dependencies": [
            "data.github_repository_file.configurations",
            "data.github_repository_file.dependencies",
            "data.github_repository_file.url_dependencies",
            "data.http.configurations",
            "data.oci_objectstorage_object.configurations",
            "data.oci_objectstorage_object.dependencies",
            "data.oci_objectstorage_object.url_dependencies",
            "module.oci_lz_orchestrator.data.oci_identity_regions.these",
            "module.oci_lz_orchestrator.data.oci_identity_tenancy.this",
            "module.oci_lz_orchestrator.module.oci_lz_compartments.oci_identity_compartment.level_2",
            "module.oci_lz_orchestrator.module.oci_lz_compartments.oci_identity_compartment.level_3",
            "module.oci_lz_orchestrator.module.oci_lz_compartments.oci_identity_compartment.level_4",
            "module.oci_lz_orchestrator.module.oci_lz_compartments.oci_identity_compartment.level_5",
            "module.oci_lz_orchestrator.module.oci_lz_compartments.oci_identity_compartment.level_6",
            "module.oci_lz_orchestrator.module.oci_lz_compartments.oci_identity_compartment.these",
            "module.oci_lz_orchestrator.module.oci_lz_compartments.oci_identity_tag_default.these",
            "module.oci_lz_orchestrator.module.oci_lz_network.data.oci_core_services.oci_services",
            "module.oci_lz_orchestrator.module.oci_lz_network.data.oci_core_vcn.existing_vcns",
            "module.oci_lz_orchestrator.module.oci_lz_network.oci_core_vcn.these",
            "module.oci_lz_orchestrator.module.oci_lz_tags.data.oci_identity_tag.default_created_by",
            "module.oci_lz_orchestrator.module.oci_lz_tags.data.oci_identity_tag.default_created_on",
            "module.oci_lz_orchestrator.module.oci_lz_tags.data.oci_identity_tag_namespaces.oracle_default",
            "module.oci_lz_orchestrator.module.oci_lz_tags.oci_identity_tag.these",
            "module.oci_lz_orchestrator.module.oci_lz_tags.oci_identity_tag_default.these",
            "module.oci_lz_orchestrator.module.oci_lz_tags.oci_identity_tag_namespace.these",
            "module.oci_lz_orchestrator.module.oci_lz_zpr.data.oci_identity_regions.these",
            "module.oci_lz_orchestrator.module.oci_lz_zpr.data.oci_security_attribute_security_attribute_namespaces.default_security_attribute_namespaces",
            "module.oci_lz_orchestrator.module.oci_lz_zpr.data.oci_security_attribute_security_attribute_namespaces.query_security_attribute_namespaces",
            "module.oci_lz_orchestrator.module.oci_lz_zpr.data.oci_zpr_configuration.this",
            "module.oci_lz_orchestrator.module.oci_lz_zpr.oci_security_attribute_security_attribute.these",
            "module.oci_lz_orchestrator.module.oci_lz_zpr.oci_security_attribute_security_attribute_namespace.these",
            "module.oci_lz_orchestrator.module.oci_lz_zpr.oci_zpr_configuration.this",
            "module.oci_lz_orchestrator.module.oci_lz_zpr.oci_zpr_zpr_policy.these",
            "module.oci_lz_orchestrator.module.oci_lz_zpr.time_sleep.wait_after_zpr_configuration"
          ]
        }
      ]
    },
    {
      "module": "module.oci_lz_orchestrator.module.oci_lz_network[0]",
      "mode": "managed",
      "type": "oci_core_service_gateway",
      "name": "these",
      "provider": "module.oci_lz_orchestrator.provider[\"registry.terraform.io/oracle/oci\"]",
      "instances": [
        {
          "index_key": "SGW-VLL-LZ-EXACS-NPR-KEY",
          "schema_version": 0,
          "attributes": {
            "block_traffic": false,
            "compartment_id": "ocid1.compartment.oc19..aaaaaaaacmlk3n2cqqujnnw4fqzg4ciprpltm6m4qzfl3hjbtlvr2ohjnfka",
            "defined_tags": {
              "Oracle-Tags.CreatedBy": "default/jorge.e.torlaschi@accenture.com",
              "Oracle-Tags.CreatedOn": "2026-02-27T12:33:56.109Z"
            },
            "display_name": "o-np-om2-sgw-exacs-npr-001",
            "freeform_tags": {
              "ocilz-terraform-module": "networking/0.8.1"
            },
            "id": "ocid1.servicegateway.oc19.eu-madrid-2.aaaaaaaap6d6cay2c5udss67ppq5qkkwkdyosumzmugdvqmdljcvdcyzo5wq",
            "route_table_id": null,
            "services": [
              {
                "service_id": "ocid1.service.oc19.eu-madrid-2.aaaaaaaaalasrvugb3zwk4lghxvnjnbgdmgywqhhywrnkx47yjkbt4vlfhxq",
                "service_name": "All VLL Services In Oracle Services Network"
              }
            ],
            "state": "AVAILABLE",
            "time_created": "2026-02-27 12:33:57.232 +0000 UTC",
            "timeouts": null,
            "vcn_id": "ocid1.vcn.oc19.eu-madrid-2.amaaaaaapw27gbaayo6t2kvr7yjnawvlnzarrfrjpyftfbmmsikkrkikqaiq"
          },
          "sensitive_attributes": [],
          "private": "eyJlMmJmYjczMC1lY2FhLTExZTYtOGY4OC0zNDM2M2JjN2M0YzAiOnsiY3JlYXRlIjoxMjAwMDAwMDAwMDAwLCJkZWxldGUiOjEyMDAwMDAwMDAwMDAsInVwZGF0ZSI6MTIwMDAwMDAwMDAwMH19",
          "dependencies": [
            "data.github_repository_file.configurations",
            "data.github_repository_file.dependencies",
            "data.github_repository_file.url_dependencies",
            "data.http.configurations",
            "data.oci_objectstorage_object.configurations",
            "data.oci_objectstorage_object.dependencies",
            "data.oci_objectstorage_object.url_dependencies",
            "module.oci_lz_orchestrator.data.oci_identity_regions.these",
            "module.oci_lz_orchestrator.data.oci_identity_tenancy.this",
            "module.oci_lz_orchestrator.module.oci_lz_compartments.oci_identity_compartment.level_2",
            "module.oci_lz_orchestrator.module.oci_lz_compartments.oci_identity_compartment.level_3",
            "module.oci_lz_orchestrator.module.oci_lz_compartments.oci_identity_compartment.level_4",
            "module.oci_lz_orchestrator.module.oci_lz_compartments.oci_identity_compartment.level_5",
            "module.oci_lz_orchestrator.module.oci_lz_compartments.oci_identity_compartment.level_6",
            "module.oci_lz_orchestrator.module.oci_lz_compartments.oci_identity_compartment.these",
            "module.oci_lz_orchestrator.module.oci_lz_compartments.oci_identity_tag_default.these",
            "module.oci_lz_orchestrator.module.oci_lz_network.data.oci_core_services.oci_services",
            "module.oci_lz_orchestrator.module.oci_lz_network.data.oci_core_vcn.existing_vcns",
            "module.oci_lz_orchestrator.module.oci_lz_network.oci_core_public_ip.these",
            "module.oci_lz_orchestrator.module.oci_lz_network.oci_core_public_ip_pool.these",
            "module.oci_lz_orchestrator.module.oci_lz_network.oci_core_route_table.igw_natgw_specific_route_tables",
            "module.oci_lz_orchestrator.module.oci_lz_network.oci_core_route_table.sgw_specific_route_tables",
            "module.oci_lz_orchestrator.module.oci_lz_network.oci_core_vcn.these",
            "module.oci_lz_orchestrator.module.oci_lz_tags.data.oci_identity_tag.default_created_by",
            "module.oci_lz_orchestrator.module.oci_lz_tags.data.oci_identity_tag.default_created_on",
            "module.oci_lz_orchestrator.module.oci_lz_tags.data.oci_identity_tag_namespaces.oracle_default",
            "module.oci_lz_orchestrator.module.oci_lz_tags.oci_identity_tag.these",
            "module.oci_lz_orchestrator.module.oci_lz_tags.oci_identity_tag_default.these",
            "module.oci_lz_orchestrator.module.oci_lz_tags.oci_identity_tag_namespace.these",
            "module.oci_lz_orchestrator.module.oci_lz_zpr.data.oci_identity_regions.these",
            "module.oci_lz_orchestrator.module.oci_lz_zpr.data.oci_security_attribute_security_attribute_namespaces.default_security_attribute_namespaces",
            "module.oci_lz_orchestrator.module.oci_lz_zpr.data.oci_security_attribute_security_attribute_namespaces.query_security_attribute_namespaces",
            "module.oci_lz_orchestrator.module.oci_lz_zpr.data.oci_zpr_configuration.this",
            "module.oci_lz_orchestrator.module.oci_lz_zpr.oci_security_attribute_security_attribute.these",
            "module.oci_lz_orchestrator.module.oci_lz_zpr.oci_security_attribute_security_attribute_namespace.these",
            "module.oci_lz_orchestrator.module.oci_lz_zpr.oci_zpr_configuration.this",
            "module.oci_lz_orchestrator.module.oci_lz_zpr.oci_zpr_zpr_policy.these",
            "module.oci_lz_orchestrator.module.oci_lz_zpr.time_sleep.wait_after_zpr_configuration"
          ]
        },
        {
          "index_key": "SGW-VLL-LZ-EXACS-PRO-KEY",
          "schema_version": 0,
          "attributes": {
            "block_traffic": false,
            "compartment_id": "ocid1.compartment.oc19..aaaaaaaacmlk3n2cqqujnnw4fqzg4ciprpltm6m4qzfl3hjbtlvr2ohjnfka",
            "defined_tags": {
              "Oracle-Tags.CreatedBy": "default/jorge.e.torlaschi@accenture.com",
              "Oracle-Tags.CreatedOn": "2026-02-27T12:33:56.118Z"
            },
            "display_name": "o-p-om2-sgw-exacs-pro-001",
            "freeform_tags": {
              "ocilz-terraform-module": "networking/0.8.1"
            },
            "id": "ocid1.servicegateway.oc19.eu-madrid-2.aaaaaaaafxbdthyrkrgcp3bx5s2z4uu7665cej23abuo3r5rb4gobirsht4q",
            "route_table_id": null,
            "services": [
              {
                "service_id": "ocid1.service.oc19.eu-madrid-2.aaaaaaaaalasrvugb3zwk4lghxvnjnbgdmgywqhhywrnkx47yjkbt4vlfhxq",
                "service_name": "All VLL Services In Oracle Services Network"
              }
            ],
            "state": "AVAILABLE",
            "time_created": "2026-02-27 12:33:57.392 +0000 UTC",
            "timeouts": null,
            "vcn_id": "ocid1.vcn.oc19.eu-madrid-2.amaaaaaapw27gbaassqe6euwqixubwp2tftzf6fjhggl4ygxogcgzhhzdtuq"
          },
          "sensitive_attributes": [],
          "private": "eyJlMmJmYjczMC1lY2FhLTExZTYtOGY4OC0zNDM2M2JjN2M0YzAiOnsiY3JlYXRlIjoxMjAwMDAwMDAwMDAwLCJkZWxldGUiOjEyMDAwMDAwMDAwMDAsInVwZGF0ZSI6MTIwMDAwMDAwMDAwMH19",
          "dependencies": [
            "data.github_repository_file.configurations",
            "data.github_repository_file.dependencies",
            "data.github_repository_file.url_dependencies",
            "data.http.configurations",
            "data.oci_objectstorage_object.configurations",
            "data.oci_objectstorage_object.dependencies",
            "data.oci_objectstorage_object.url_dependencies",
            "module.oci_lz_orchestrator.data.oci_identity_regions.these",
            "module.oci_lz_orchestrator.data.oci_identity_tenancy.this",
            "module.oci_lz_orchestrator.module.oci_lz_compartments.oci_identity_compartment.level_2",
            "module.oci_lz_orchestrator.module.oci_lz_compartments.oci_identity_compartment.level_3",
            "module.oci_lz_orchestrator.module.oci_lz_compartments.oci_identity_compartment.level_4",
            "module.oci_lz_orchestrator.module.oci_lz_compartments.oci_identity_compartment.level_5",
            "module.oci_lz_orchestrator.module.oci_lz_compartments.oci_identity_compartment.level_6",
            "module.oci_lz_orchestrator.module.oci_lz_compartments.oci_identity_compartment.these",
            "module.oci_lz_orchestrator.module.oci_lz_compartments.oci_identity_tag_default.these",
            "module.oci_lz_orchestrator.module.oci_lz_network.data.oci_core_services.oci_services",
            "module.oci_lz_orchestrator.module.oci_lz_network.data.oci_core_vcn.existing_vcns",
            "module.oci_lz_orchestrator.module.oci_lz_network.oci_core_public_ip.these",
            "module.oci_lz_orchestrator.module.oci_lz_network.oci_core_public_ip_pool.these",
            "module.oci_lz_orchestrator.module.oci_lz_network.oci_core_route_table.igw_natgw_specific_route_tables",
            "module.oci_lz_orchestrator.module.oci_lz_network.oci_core_route_table.sgw_specific_route_tables",
            "module.oci_lz_orchestrator.module.oci_lz_network.oci_core_vcn.these",
            "module.oci_lz_orchestrator.module.oci_lz_tags.data.oci_identity_tag.default_created_by",
            "module.oci_lz_orchestrator.module.oci_lz_tags.data.oci_identity_tag.default_created_on",
            "module.oci_lz_orchestrator.module.oci_lz_tags.data.oci_identity_tag_namespaces.oracle_default",
            "module.oci_lz_orchestrator.module.oci_lz_tags.oci_identity_tag.these",
            "module.oci_lz_orchestrator.module.oci_lz_tags.oci_identity_tag_default.these",
            "module.oci_lz_orchestrator.module.oci_lz_tags.oci_identity_tag_namespace.these",
            "module.oci_lz_orchestrator.module.oci_lz_zpr.data.oci_identity_regions.these",
            "module.oci_lz_orchestrator.module.oci_lz_zpr.data.oci_security_attribute_security_attribute_namespaces.default_security_attribute_namespaces",
            "module.oci_lz_orchestrator.module.oci_lz_zpr.data.oci_security_attribute_security_attribute_namespaces.query_security_attribute_namespaces",
            "module.oci_lz_orchestrator.module.oci_lz_zpr.data.oci_zpr_configuration.this",
            "module.oci_lz_orchestrator.module.oci_lz_zpr.oci_security_attribute_security_attribute.these",
            "module.oci_lz_orchestrator.module.oci_lz_zpr.oci_security_attribute_security_attribute_namespace.these",
            "module.oci_lz_orchestrator.module.oci_lz_zpr.oci_zpr_configuration.this",
            "module.oci_lz_orchestrator.module.oci_lz_zpr.oci_zpr_zpr_policy.these",
            "module.oci_lz_orchestrator.module.oci_lz_zpr.time_sleep.wait_after_zpr_configuration"
          ]
        },
        {
          "index_key": "SGW-VLL-LZ-HUB-KEY",
          "schema_version": 0,
          "attributes": {
            "block_traffic": false,
            "compartment_id": "ocid1.compartment.oc19..aaaaaaaacmlk3n2cqqujnnw4fqzg4ciprpltm6m4qzfl3hjbtlvr2ohjnfka",
            "defined_tags": {
              "Oracle-Tags.CreatedBy": "default/jorge.e.torlaschi@accenture.com",
              "Oracle-Tags.CreatedOn": "2026-02-27T12:33:56.102Z"
            },
            "display_name": "o-p-om2-sgw-hub-001",
            "freeform_tags": {
              "ocilz-terraform-module": "networking/0.8.1"
            },
            "id": "ocid1.servicegateway.oc19.eu-madrid-2.aaaaaaaadaqxxgszekrgze6iptyqc26eufl6zzsl6w7fctq732wwy6kvzfdq",
            "route_table_id": null,
            "services": [
              {
                "service_id": "ocid1.service.oc19.eu-madrid-2.aaaaaaaaalasrvugb3zwk4lghxvnjnbgdmgywqhhywrnkx47yjkbt4vlfhxq",
                "service_name": "All VLL Services In Oracle Services Network"
              }
            ],
            "state": "AVAILABLE",
            "time_created": "2026-02-27 12:33:57.148 +0000 UTC",
            "timeouts": null,
            "vcn_id": "ocid1.vcn.oc19.eu-madrid-2.amaaaaaapw27gbaavhnugozcm43roj3pnvotywuipi267sbvesvt7mxsaraq"
          },
          "sensitive_attributes": [],
          "private": "eyJlMmJmYjczMC1lY2FhLTExZTYtOGY4OC0zNDM2M2JjN2M0YzAiOnsiY3JlYXRlIjoxMjAwMDAwMDAwMDAwLCJkZWxldGUiOjEyMDAwMDAwMDAwMDAsInVwZGF0ZSI6MTIwMDAwMDAwMDAwMH19",
          "dependencies": [
            "data.github_repository_file.configurations",
            "data.github_repository_file.dependencies",
            "data.github_repository_file.url_dependencies",
            "data.http.configurations",
            "data.oci_objectstorage_object.configurations",
            "data.oci_objectstorage_object.dependencies",
            "data.oci_objectstorage_object.url_dependencies",
            "module.oci_lz_orchestrator.data.oci_identity_regions.these",
            "module.oci_lz_orchestrator.data.oci_identity_tenancy.this",
            "module.oci_lz_orchestrator.module.oci_lz_compartments.oci_identity_compartment.level_2",
            "module.oci_lz_orchestrator.module.oci_lz_compartments.oci_identity_compartment.level_3",
            "module.oci_lz_orchestrator.module.oci_lz_compartments.oci_identity_compartment.level_4",
            "module.oci_lz_orchestrator.module.oci_lz_compartments.oci_identity_compartment.level_5",
            "module.oci_lz_orchestrator.module.oci_lz_compartments.oci_identity_compartment.level_6",
            "module.oci_lz_orchestrator.module.oci_lz_compartments.oci_identity_compartment.these",
            "module.oci_lz_orchestrator.module.oci_lz_compartments.oci_identity_tag_default.these",
            "module.oci_lz_orchestrator.module.oci_lz_network.data.oci_core_services.oci_services",
            "module.oci_lz_orchestrator.module.oci_lz_network.data.oci_core_vcn.existing_vcns",
            "module.oci_lz_orchestrator.module.oci_lz_network.oci_core_public_ip.these",
            "module.oci_lz_orchestrator.module.oci_lz_network.oci_core_public_ip_pool.these",
            "module.oci_lz_orchestrator.module.oci_lz_network.oci_core_route_table.igw_natgw_specific_route_tables",
            "module.oci_lz_orchestrator.module.oci_lz_network.oci_core_route_table.sgw_specific_route_tables",
            "module.oci_lz_orchestrator.module.oci_lz_network.oci_core_vcn.these",
            "module.oci_lz_orchestrator.module.oci_lz_tags.data.oci_identity_tag.default_created_by",
            "module.oci_lz_orchestrator.module.oci_lz_tags.data.oci_identity_tag.default_created_on",
            "module.oci_lz_orchestrator.module.oci_lz_tags.data.oci_identity_tag_namespaces.oracle_default",
            "module.oci_lz_orchestrator.module.oci_lz_tags.oci_identity_tag.these",
            "module.oci_lz_orchestrator.module.oci_lz_tags.oci_identity_tag_default.these",
            "module.oci_lz_orchestrator.module.oci_lz_tags.oci_identity_tag_namespace.these",
            "module.oci_lz_orchestrator.module.oci_lz_zpr.data.oci_identity_regions.these",
            "module.oci_lz_orchestrator.module.oci_lz_zpr.data.oci_security_attribute_security_attribute_namespaces.default_security_attribute_namespaces",
            "module.oci_lz_orchestrator.module.oci_lz_zpr.data.oci_security_attribute_security_attribute_namespaces.query_security_attribute_namespaces",
            "module.oci_lz_orchestrator.module.oci_lz_zpr.data.oci_zpr_configuration.this",
            "module.oci_lz_orchestrator.module.oci_lz_zpr.oci_security_attribute_security_attribute.these",
            "module.oci_lz_orchestrator.module.oci_lz_zpr.oci_security_attribute_security_attribute_namespace.these",
            "module.oci_lz_orchestrator.module.oci_lz_zpr.oci_zpr_configuration.this",
            "module.oci_lz_orchestrator.module.oci_lz_zpr.oci_zpr_zpr_policy.these",
            "module.oci_lz_orchestrator.module.oci_lz_zpr.time_sleep.wait_after_zpr_configuration"
          ]
        }
      ]
    },
    {
      "module": "module.oci_lz_orchestrator.module.oci_lz_network[0]",
      "mode": "managed",
      "type": "oci_core_subnet",
      "name": "these",
      "provider": "module.oci_lz_orchestrator.provider[\"registry.terraform.io/oracle/oci\"]",
      "instances": [
        {
          "index_key": "SN-VLL-LZ-EXACS-NPR-BACKUP-KEY",
          "schema_version": 0,
          "attributes": {
            "availability_domain": null,
            "cidr_block": "10.197.134.32/27",
            "compartment_id": "ocid1.compartment.oc19..aaaaaaaacmlk3n2cqqujnnw4fqzg4ciprpltm6m4qzfl3hjbtlvr2ohjnfka",
            "defined_tags": {
              "Oracle-Tags.CreatedBy": "default/jorge.e.torlaschi@accenture.com",
              "Oracle-Tags.CreatedOn": "2026-02-27T12:34:02.579Z"
            },
            "dhcp_options_id": "ocid1.dhcpoptions.oc19.eu-madrid-2.aaaaaaaa5zbfnsqmx2725sm76slbnv6vl7qkfhq5t4eexbotrtq2augq4hva",
            "display_name": "o-np-om2-sub-exacs-nprbck-001",
            "dns_label": "onpom2snexnpbck",
            "freeform_tags": {
              "ocilz-terraform-module": "networking/0.8.1"
            },
            "id": "ocid1.subnet.oc19.eu-madrid-2.aaaaaaaazscwxajvroxtakjxpdopeia2qf5y7bi674pm6irccvxxz5zkixta",
            "ipv4cidr_blocks": [
              "10.197.134.32/27"
            ],
            "ipv6cidr_block": null,
            "ipv6cidr_blocks": [],
            "ipv6virtual_router_ip": null,
            "prohibit_internet_ingress": true,
            "prohibit_public_ip_on_vnic": true,
            "route_table_id": "ocid1.routetable.oc19.eu-madrid-2.aaaaaaaaytqy4srqez2edaijo6ngwggfyvcokolcbfd4nutfhfi5p3xyoobq",
            "security_list_ids": [
              "ocid1.securitylist.oc19.eu-madrid-2.aaaaaaaa23hczsykoeseknstxxo2cmnwgxwkkftq2qmu26izg2koqrvotm7a"
            ],
            "state": "AVAILABLE",
            "subnet_domain_name": "onpom2snexnpbck.opom2vcnexanpr.oraclevcn.com",
            "time_created": "2026-02-27 12:34:02.728 +0000 UTC",
            "timeouts": null,
            "vcn_id": "ocid1.vcn.oc19.eu-madrid-2.amaaaaaapw27gbaayo6t2kvr7yjnawvlnzarrfrjpyftfbmmsikkrkikqaiq",
            "virtual_router_ip": "10.197.134.33",
            "virtual_router_mac": "00:00:17:09:09:B1"
          },
          "sensitive_attributes": [],
          "private": "eyJlMmJmYjczMC1lY2FhLTExZTYtOGY4OC0zNDM2M2JjN2M0YzAiOnsiY3JlYXRlIjoxMjAwMDAwMDAwMDAwLCJkZWxldGUiOjEyMDAwMDAwMDAwMDAsInVwZGF0ZSI6MTIwMDAwMDAwMDAwMH19",
          "dependencies": [
            "data.github_repository_file.configurations",
            "data.github_repository_file.dependencies",
            "data.github_repository_file.url_dependencies",
            "data.http.configurations",
            "data.oci_objectstorage_object.configurations",
            "data.oci_objectstorage_object.dependencies",
            "data.oci_objectstorage_object.url_dependencies",
            "module.oci_lz_orchestrator.data.oci_identity_regions.these",
            "module.oci_lz_orchestrator.data.oci_identity_tenancy.this",
            "module.oci_lz_orchestrator.module.oci_lz_compartments.oci_identity_compartment.level_2",
            "module.oci_lz_orchestrator.module.oci_lz_compartments.oci_identity_compartment.level_3",
            "module.oci_lz_orchestrator.module.oci_lz_compartments.oci_identity_compartment.level_4",
            "module.oci_lz_orchestrator.module.oci_lz_compartments.oci_identity_compartment.level_5",
            "module.oci_lz_orchestrator.module.oci_lz_compartments.oci_identity_compartment.level_6",
            "module.oci_lz_orchestrator.module.oci_lz_compartments.oci_identity_compartment.these",
            "module.oci_lz_orchestrator.module.oci_lz_compartments.oci_identity_tag_default.these",
            "module.oci_lz_orchestrator.module.oci_lz_network.data.oci_core_services.oci_services",
            "module.oci_lz_orchestrator.module.oci_lz_network.data.oci_core_vcn.existing_vcns",
            "module.oci_lz_orchestrator.module.oci_lz_network.oci_core_dhcp_options.these",
            "module.oci_lz_orchestrator.module.oci_lz_network.oci_core_drg.these",
            "module.oci_lz_orchestrator.module.oci_lz_network.oci_core_internet_gateway.these",
            "module.oci_lz_orchestrator.module.oci_lz_network.oci_core_local_peering_gateway.oci_acceptor_local_peering_gateways",
            "module.oci_lz_orchestrator.module.oci_lz_network.oci_core_local_peering_gateway.oci_requestor_local_peering_gateways",
            "module.oci_lz_orchestrator.module.oci_lz_network.oci_core_nat_gateway.these",
            "module.oci_lz_orchestrator.module.oci_lz_network.oci_core_public_ip.these",
            "module.oci_lz_orchestrator.module.oci_lz_network.oci_core_public_ip_pool.these",
            "module.oci_lz_orchestrator.module.oci_lz_network.oci_core_route_table.drga_specific_route_tables",
            "module.oci_lz_orchestrator.module.oci_lz_network.oci_core_route_table.igw_natgw_specific_route_tables",
            "module.oci_lz_orchestrator.module.oci_lz_network.oci_core_route_table.lpg_specific_route_tables",
            "module.oci_lz_orchestrator.module.oci_lz_network.oci_core_route_table.non_gw_specific_remaining_route_tables",
            "module.oci_lz_orchestrator.module.oci_lz_network.oci_core_route_table.sgw_specific_route_tables",
            "module.oci_lz_orchestrator.module.oci_lz_network.oci_core_security_list.these",
            "module.oci_lz_orchestrator.module.oci_lz_network.oci_core_service_gateway.these",
            "module.oci_lz_orchestrator.module.oci_lz_network.oci_core_vcn.these",
            "module.oci_lz_orchestrator.module.oci_lz_tags.data.oci_identity_tag.default_created_by",
            "module.oci_lz_orchestrator.module.oci_lz_tags.data.oci_identity_tag.default_created_on",
            "module.oci_lz_orchestrator.module.oci_lz_tags.data.oci_identity_tag_namespaces.oracle_default",
            "module.oci_lz_orchestrator.module.oci_lz_tags.oci_identity_tag.these",
            "module.oci_lz_orchestrator.module.oci_lz_tags.oci_identity_tag_default.these",
            "module.oci_lz_orchestrator.module.oci_lz_tags.oci_identity_tag_namespace.these",
            "module.oci_lz_orchestrator.module.oci_lz_zpr.data.oci_identity_regions.these",
            "module.oci_lz_orchestrator.module.oci_lz_zpr.data.oci_security_attribute_security_attribute_namespaces.default_security_attribute_namespaces",
            "module.oci_lz_orchestrator.module.oci_lz_zpr.data.oci_security_attribute_security_attribute_namespaces.query_security_attribute_namespaces",
            "module.oci_lz_orchestrator.module.oci_lz_zpr.data.oci_zpr_configuration.this",
            "module.oci_lz_orchestrator.module.oci_lz_zpr.oci_security_attribute_security_attribute.these",
            "module.oci_lz_orchestrator.module.oci_lz_zpr.oci_security_attribute_security_attribute_namespace.these",
            "module.oci_lz_orchestrator.module.oci_lz_zpr.oci_zpr_configuration.this",
            "module.oci_lz_orchestrator.module.oci_lz_zpr.oci_zpr_zpr_policy.these",
            "module.oci_lz_orchestrator.module.oci_lz_zpr.time_sleep.wait_after_zpr_configuration"
          ]
        },
        {
          "index_key": "SN-VLL-LZ-EXACS-NPR-CLIENT-KEY",
          "schema_version": 0,
          "attributes": {
            "availability_domain": null,
            "cidr_block": "10.197.134.0/27",
            "compartment_id": "ocid1.compartment.oc19..aaaaaaaacmlk3n2cqqujnnw4fqzg4ciprpltm6m4qzfl3hjbtlvr2ohjnfka",
            "defined_tags": {
              "Oracle-Tags.CreatedBy": "default/jorge.e.torlaschi@accenture.com",
              "Oracle-Tags.CreatedOn": "2026-02-27T12:34:02.544Z"
            },
            "dhcp_options_id": "ocid1.dhcpoptions.oc19.eu-madrid-2.aaaaaaaa5zbfnsqmx2725sm76slbnv6vl7qkfhq5t4eexbotrtq2augq4hva",
            "display_name": "o-np-om2-sub-exacs-nprcli-001",
            "dns_label": "onpom2snexnpcli",
            "freeform_tags": {
              "ocilz-terraform-module": "networking/0.8.1"
            },
            "id": "ocid1.subnet.oc19.eu-madrid-2.aaaaaaaa6jltm5vlnbxa7iyxfdp3rmbazofz3is4s6bkimkismxbef22zrfa",
            "ipv4cidr_blocks": [
              "10.197.134.0/27"
            ],
            "ipv6cidr_block": null,
            "ipv6cidr_blocks": [],
            "ipv6virtual_router_ip": null,
            "prohibit_internet_ingress": true,
            "prohibit_public_ip_on_vnic": true,
            "route_table_id": "ocid1.routetable.oc19.eu-madrid-2.aaaaaaaa5amxpfvrgf7yedpqokkyco7xgcxsamqjjpckzyiwfuu45jdmdbtq",
            "security_list_ids": [
              "ocid1.securitylist.oc19.eu-madrid-2.aaaaaaaa5kcog5ebv3hoxi5s77e365orqzvmypuuizyw77xi3qia6psaz6jq"
            ],
            "state": "AVAILABLE",
            "subnet_domain_name": "onpom2snexnpcli.opom2vcnexanpr.oraclevcn.com",
            "time_created": "2026-02-27 12:34:02.569 +0000 UTC",
            "timeouts": null,
            "vcn_id": "ocid1.vcn.oc19.eu-madrid-2.amaaaaaapw27gbaayo6t2kvr7yjnawvlnzarrfrjpyftfbmmsikkrkikqaiq",
            "virtual_router_ip": "10.197.134.1",
            "virtual_router_mac": "00:00:17:09:09:B1"
          },
          "sensitive_attributes": [],
          "private": "eyJlMmJmYjczMC1lY2FhLTExZTYtOGY4OC0zNDM2M2JjN2M0YzAiOnsiY3JlYXRlIjoxMjAwMDAwMDAwMDAwLCJkZWxldGUiOjEyMDAwMDAwMDAwMDAsInVwZGF0ZSI6MTIwMDAwMDAwMDAwMH19",
          "dependencies": [
            "data.github_repository_file.configurations",
            "data.github_repository_file.dependencies",
            "data.github_repository_file.url_dependencies",
            "data.http.configurations",
            "data.oci_objectstorage_object.configurations",
            "data.oci_objectstorage_object.dependencies",
            "data.oci_objectstorage_object.url_dependencies",
            "module.oci_lz_orchestrator.data.oci_identity_regions.these",
            "module.oci_lz_orchestrator.data.oci_identity_tenancy.this",
            "module.oci_lz_orchestrator.module.oci_lz_compartments.oci_identity_compartment.level_2",
            "module.oci_lz_orchestrator.module.oci_lz_compartments.oci_identity_compartment.level_3",
            "module.oci_lz_orchestrator.module.oci_lz_compartments.oci_identity_compartment.level_4",
            "module.oci_lz_orchestrator.module.oci_lz_compartments.oci_identity_compartment.level_5",
            "module.oci_lz_orchestrator.module.oci_lz_compartments.oci_identity_compartment.level_6",
            "module.oci_lz_orchestrator.module.oci_lz_compartments.oci_identity_compartment.these",
            "module.oci_lz_orchestrator.module.oci_lz_compartments.oci_identity_tag_default.these",
            "module.oci_lz_orchestrator.module.oci_lz_network.data.oci_core_services.oci_services",
            "module.oci_lz_orchestrator.module.oci_lz_network.data.oci_core_vcn.existing_vcns",
            "module.oci_lz_orchestrator.module.oci_lz_network.oci_core_dhcp_options.these",
            "module.oci_lz_orchestrator.module.oci_lz_network.oci_core_drg.these",
            "module.oci_lz_orchestrator.module.oci_lz_network.oci_core_internet_gateway.these",
            "module.oci_lz_orchestrator.module.oci_lz_network.oci_core_local_peering_gateway.oci_acceptor_local_peering_gateways",
            "module.oci_lz_orchestrator.module.oci_lz_network.oci_core_local_peering_gateway.oci_requestor_local_peering_gateways",
            "module.oci_lz_orchestrator.module.oci_lz_network.oci_core_nat_gateway.these",
            "module.oci_lz_orchestrator.module.oci_lz_network.oci_core_public_ip.these",
            "module.oci_lz_orchestrator.module.oci_lz_network.oci_core_public_ip_pool.these",
            "module.oci_lz_orchestrator.module.oci_lz_network.oci_core_route_table.drga_specific_route_tables",
            "module.oci_lz_orchestrator.module.oci_lz_network.oci_core_route_table.igw_natgw_specific_route_tables",
            "module.oci_lz_orchestrator.module.oci_lz_network.oci_core_route_table.lpg_specific_route_tables",
            "module.oci_lz_orchestrator.module.oci_lz_network.oci_core_route_table.non_gw_specific_remaining_route_tables",
            "module.oci_lz_orchestrator.module.oci_lz_network.oci_core_route_table.sgw_specific_route_tables",
            "module.oci_lz_orchestrator.module.oci_lz_network.oci_core_security_list.these",
            "module.oci_lz_orchestrator.module.oci_lz_network.oci_core_service_gateway.these",
            "module.oci_lz_orchestrator.module.oci_lz_network.oci_core_vcn.these",
            "module.oci_lz_orchestrator.module.oci_lz_tags.data.oci_identity_tag.default_created_by",
            "module.oci_lz_orchestrator.module.oci_lz_tags.data.oci_identity_tag.default_created_on",
            "module.oci_lz_orchestrator.module.oci_lz_tags.data.oci_identity_tag_namespaces.oracle_default",
            "module.oci_lz_orchestrator.module.oci_lz_tags.oci_identity_tag.these",
            "module.oci_lz_orchestrator.module.oci_lz_tags.oci_identity_tag_default.these",
            "module.oci_lz_orchestrator.module.oci_lz_tags.oci_identity_tag_namespace.these",
            "module.oci_lz_orchestrator.module.oci_lz_zpr.data.oci_identity_regions.these",
            "module.oci_lz_orchestrator.module.oci_lz_zpr.data.oci_security_attribute_security_attribute_namespaces.default_security_attribute_namespaces",
            "module.oci_lz_orchestrator.module.oci_lz_zpr.data.oci_security_attribute_security_attribute_namespaces.query_security_attribute_namespaces",
            "module.oci_lz_orchestrator.module.oci_lz_zpr.data.oci_zpr_configuration.this",
            "module.oci_lz_orchestrator.module.oci_lz_zpr.oci_security_attribute_security_attribute.these",
            "module.oci_lz_orchestrator.module.oci_lz_zpr.oci_security_attribute_security_attribute_namespace.these",
            "module.oci_lz_orchestrator.module.oci_lz_zpr.oci_zpr_configuration.this",
            "module.oci_lz_orchestrator.module.oci_lz_zpr.oci_zpr_zpr_policy.these",
            "module.oci_lz_orchestrator.module.oci_lz_zpr.time_sleep.wait_after_zpr_configuration"
          ]
        },
        {
          "index_key": "SN-VLL-LZ-EXACS-PRO-BACKUP-KEY",
          "schema_version": 0,
          "attributes": {
            "availability_domain": null,
            "cidr_block": "10.197.132.32/27",
            "compartment_id": "ocid1.compartment.oc19..aaaaaaaacmlk3n2cqqujnnw4fqzg4ciprpltm6m4qzfl3hjbtlvr2ohjnfka",
            "defined_tags": {
              "Oracle-Tags.CreatedBy": "default/jorge.e.torlaschi@accenture.com",
              "Oracle-Tags.CreatedOn": "2026-02-27T12:34:02.546Z"
            },
            "dhcp_options_id": "ocid1.dhcpoptions.oc19.eu-madrid-2.aaaaaaaa52jfpaaydzzy27lzhc4f2raqywjcjcjy2aa42nha3p4ruzrgumxa",
            "display_name": "o-p-om2-sub-exacsprobck-001",
            "dns_label": "opom2subexapbck",
            "freeform_tags": {
              "ocilz-terraform-module": "networking/0.8.1"
            },
            "id": "ocid1.subnet.oc19.eu-madrid-2.aaaaaaaapsv4lccinokppucooio3k4367i5adfqijalgjnnspgdfbwatkyga",
            "ipv4cidr_blocks": [
              "10.197.132.32/27"
            ],
            "ipv6cidr_block": null,
            "ipv6cidr_blocks": [],
            "ipv6virtual_router_ip": null,
            "prohibit_internet_ingress": true,
            "prohibit_public_ip_on_vnic": true,
            "route_table_id": "ocid1.routetable.oc19.eu-madrid-2.aaaaaaaamamu7k2omvvtuygxskboycx4cbhum7ysykfaqhbu2xzjjhlrebca",
            "security_list_ids": [
              "ocid1.securitylist.oc19.eu-madrid-2.aaaaaaaam5jo3csoylcvtc5cvzcgo4onpxhpfahegssdy2vdwsiez6yh6yoa"
            ],
            "state": "AVAILABLE",
            "subnet_domain_name": "opom2subexapbck.opom2vcnexacpro.oraclevcn.com",
            "time_created": "2026-02-27 12:34:02.569 +0000 UTC",
            "timeouts": null,
            "vcn_id": "ocid1.vcn.oc19.eu-madrid-2.amaaaaaapw27gbaassqe6euwqixubwp2tftzf6fjhggl4ygxogcgzhhzdtuq",
            "virtual_router_ip": "10.197.132.33",
            "virtual_router_mac": "00:00:17:19:8A:57"
          },
          "sensitive_attributes": [],
          "private": "eyJlMmJmYjczMC1lY2FhLTExZTYtOGY4OC0zNDM2M2JjN2M0YzAiOnsiY3JlYXRlIjoxMjAwMDAwMDAwMDAwLCJkZWxldGUiOjEyMDAwMDAwMDAwMDAsInVwZGF0ZSI6MTIwMDAwMDAwMDAwMH19",
          "dependencies": [
            "data.github_repository_file.configurations",
            "data.github_repository_file.dependencies",
            "data.github_repository_file.url_dependencies",
            "data.http.configurations",
            "data.oci_objectstorage_object.configurations",
            "data.oci_objectstorage_object.dependencies",
            "data.oci_objectstorage_object.url_dependencies",
            "module.oci_lz_orchestrator.data.oci_identity_regions.these",
            "module.oci_lz_orchestrator.data.oci_identity_tenancy.this",
            "module.oci_lz_orchestrator.module.oci_lz_compartments.oci_identity_compartment.level_2",
            "module.oci_lz_orchestrator.module.oci_lz_compartments.oci_identity_compartment.level_3",
            "module.oci_lz_orchestrator.module.oci_lz_compartments.oci_identity_compartment.level_4",
            "module.oci_lz_orchestrator.module.oci_lz_compartments.oci_identity_compartment.level_5",
            "module.oci_lz_orchestrator.module.oci_lz_compartments.oci_identity_compartment.level_6",
            "module.oci_lz_orchestrator.module.oci_lz_compartments.oci_identity_compartment.these",
            "module.oci_lz_orchestrator.module.oci_lz_compartments.oci_identity_tag_default.these",
            "module.oci_lz_orchestrator.module.oci_lz_network.data.oci_core_services.oci_services",
            "module.oci_lz_orchestrator.module.oci_lz_network.data.oci_core_vcn.existing_vcns",
            "module.oci_lz_orchestrator.module.oci_lz_network.oci_core_dhcp_options.these",
            "module.oci_lz_orchestrator.module.oci_lz_network.oci_core_drg.these",
            "module.oci_lz_orchestrator.module.oci_lz_network.oci_core_internet_gateway.these",
            "module.oci_lz_orchestrator.module.oci_lz_network.oci_core_local_peering_gateway.oci_acceptor_local_peering_gateways",
            "module.oci_lz_orchestrator.module.oci_lz_network.oci_core_local_peering_gateway.oci_requestor_local_peering_gateways",
            "module.oci_lz_orchestrator.module.oci_lz_network.oci_core_nat_gateway.these",
            "module.oci_lz_orchestrator.module.oci_lz_network.oci_core_public_ip.these",
            "module.oci_lz_orchestrator.module.oci_lz_network.oci_core_public_ip_pool.these",
            "module.oci_lz_orchestrator.module.oci_lz_network.oci_core_route_table.drga_specific_route_tables",
            "module.oci_lz_orchestrator.module.oci_lz_network.oci_core_route_table.igw_natgw_specific_route_tables",
            "module.oci_lz_orchestrator.module.oci_lz_network.oci_core_route_table.lpg_specific_route_tables",
            "module.oci_lz_orchestrator.module.oci_lz_network.oci_core_route_table.non_gw_specific_remaining_route_tables",
            "module.oci_lz_orchestrator.module.oci_lz_network.oci_core_route_table.sgw_specific_route_tables",
            "module.oci_lz_orchestrator.module.oci_lz_network.oci_core_security_list.these",
            "module.oci_lz_orchestrator.module.oci_lz_network.oci_core_service_gateway.these",
            "module.oci_lz_orchestrator.module.oci_lz_network.oci_core_vcn.these",
            "module.oci_lz_orchestrator.module.oci_lz_tags.data.oci_identity_tag.default_created_by",
            "module.oci_lz_orchestrator.module.oci_lz_tags.data.oci_identity_tag.default_created_on",
            "module.oci_lz_orchestrator.module.oci_lz_tags.data.oci_identity_tag_namespaces.oracle_default",
            "module.oci_lz_orchestrator.module.oci_lz_tags.oci_identity_tag.these",
            "module.oci_lz_orchestrator.module.oci_lz_tags.oci_identity_tag_default.these",
            "module.oci_lz_orchestrator.module.oci_lz_tags.oci_identity_tag_namespace.these",
            "module.oci_lz_orchestrator.module.oci_lz_zpr.data.oci_identity_regions.these",
            "module.oci_lz_orchestrator.module.oci_lz_zpr.data.oci_security_attribute_security_attribute_namespaces.default_security_attribute_namespaces",
            "module.oci_lz_orchestrator.module.oci_lz_zpr.data.oci_security_attribute_security_attribute_namespaces.query_security_attribute_namespaces",
            "module.oci_lz_orchestrator.module.oci_lz_zpr.data.oci_zpr_configuration.this",
            "module.oci_lz_orchestrator.module.oci_lz_zpr.oci_security_attribute_security_attribute.these",
            "module.oci_lz_orchestrator.module.oci_lz_zpr.oci_security_attribute_security_attribute_namespace.these",
            "module.oci_lz_orchestrator.module.oci_lz_zpr.oci_zpr_configuration.this",
            "module.oci_lz_orchestrator.module.oci_lz_zpr.oci_zpr_zpr_policy.these",
            "module.oci_lz_orchestrator.module.oci_lz_zpr.time_sleep.wait_after_zpr_configuration"
          ]
        },
        {
          "index_key": "SN-VLL-LZ-EXACS-PRO-CLIENT-KEY",
          "schema_version": 0,
          "attributes": {
            "availability_domain": null,
            "cidr_block": "10.197.132.0/27",
            "compartment_id": "ocid1.compartment.oc19..aaaaaaaacmlk3n2cqqujnnw4fqzg4ciprpltm6m4qzfl3hjbtlvr2ohjnfka",
            "defined_tags": {
              "Oracle-Tags.CreatedBy": "default/jorge.e.torlaschi@accenture.com",
              "Oracle-Tags.CreatedOn": "2026-02-27T12:34:02.573Z"
            },
            "dhcp_options_id": "ocid1.dhcpoptions.oc19.eu-madrid-2.aaaaaaaa52jfpaaydzzy27lzhc4f2raqywjcjcjy2aa42nha3p4ruzrgumxa",
            "display_name": "o-p-om2-sub-exacsprocli-001",
            "dns_label": "opom2subexapcli",
            "freeform_tags": {
              "ocilz-terraform-module": "networking/0.8.1"
            },
            "id": "ocid1.subnet.oc19.eu-madrid-2.aaaaaaaa3w6maqevw47o3ws5dsamwaajoyiyijlkje5vaexxdddw2eza7ewq",
            "ipv4cidr_blocks": [
              "10.197.132.0/27"
            ],
            "ipv6cidr_block": null,
            "ipv6cidr_blocks": [],
            "ipv6virtual_router_ip": null,
            "prohibit_internet_ingress": true,
            "prohibit_public_ip_on_vnic": true,
            "route_table_id": "ocid1.routetable.oc19.eu-madrid-2.aaaaaaaavqhu3cgjak7btpxq47ol6bisvjxkmzyellqh7siivooh5cjig6ea",
            "security_list_ids": [
              "ocid1.securitylist.oc19.eu-madrid-2.aaaaaaaa5oaxnpbbe4e63ovgoagkdpya6x6wh5ay5prlelchkmscvegaquga"
            ],
            "state": "AVAILABLE",
            "subnet_domain_name": "opom2subexapcli.opom2vcnexacpro.oraclevcn.com",
            "time_created": "2026-02-27 12:34:02.724 +0000 UTC",
            "timeouts": null,
            "vcn_id": "ocid1.vcn.oc19.eu-madrid-2.amaaaaaapw27gbaassqe6euwqixubwp2tftzf6fjhggl4ygxogcgzhhzdtuq",
            "virtual_router_ip": "10.197.132.1",
            "virtual_router_mac": "00:00:17:19:8A:57"
          },
          "sensitive_attributes": [],
          "private": "eyJlMmJmYjczMC1lY2FhLTExZTYtOGY4OC0zNDM2M2JjN2M0YzAiOnsiY3JlYXRlIjoxMjAwMDAwMDAwMDAwLCJkZWxldGUiOjEyMDAwMDAwMDAwMDAsInVwZGF0ZSI6MTIwMDAwMDAwMDAwMH19",
          "dependencies": [
            "data.github_repository_file.configurations",
            "data.github_repository_file.dependencies",
            "data.github_repository_file.url_dependencies",
            "data.http.configurations",
            "data.oci_objectstorage_object.configurations",
            "data.oci_objectstorage_object.dependencies",
            "data.oci_objectstorage_object.url_dependencies",
            "module.oci_lz_orchestrator.data.oci_identity_regions.these",
            "module.oci_lz_orchestrator.data.oci_identity_tenancy.this",
            "module.oci_lz_orchestrator.module.oci_lz_compartments.oci_identity_compartment.level_2",
            "module.oci_lz_orchestrator.module.oci_lz_compartments.oci_identity_compartment.level_3",
            "module.oci_lz_orchestrator.module.oci_lz_compartments.oci_identity_compartment.level_4",
            "module.oci_lz_orchestrator.module.oci_lz_compartments.oci_identity_compartment.level_5",
            "module.oci_lz_orchestrator.module.oci_lz_compartments.oci_identity_compartment.level_6",
            "module.oci_lz_orchestrator.module.oci_lz_compartments.oci_identity_compartment.these",
            "module.oci_lz_orchestrator.module.oci_lz_compartments.oci_identity_tag_default.these",
            "module.oci_lz_orchestrator.module.oci_lz_network.data.oci_core_services.oci_services",
            "module.oci_lz_orchestrator.module.oci_lz_network.data.oci_core_vcn.existing_vcns",
            "module.oci_lz_orchestrator.module.oci_lz_network.oci_core_dhcp_options.these",
            "module.oci_lz_orchestrator.module.oci_lz_network.oci_core_drg.these",
            "module.oci_lz_orchestrator.module.oci_lz_network.oci_core_internet_gateway.these",
            "module.oci_lz_orchestrator.module.oci_lz_network.oci_core_local_peering_gateway.oci_acceptor_local_peering_gateways",
            "module.oci_lz_orchestrator.module.oci_lz_network.oci_core_local_peering_gateway.oci_requestor_local_peering_gateways",
            "module.oci_lz_orchestrator.module.oci_lz_network.oci_core_nat_gateway.these",
            "module.oci_lz_orchestrator.module.oci_lz_network.oci_core_public_ip.these",
            "module.oci_lz_orchestrator.module.oci_lz_network.oci_core_public_ip_pool.these",
            "module.oci_lz_orchestrator.module.oci_lz_network.oci_core_route_table.drga_specific_route_tables",
            "module.oci_lz_orchestrator.module.oci_lz_network.oci_core_route_table.igw_natgw_specific_route_tables",
            "module.oci_lz_orchestrator.module.oci_lz_network.oci_core_route_table.lpg_specific_route_tables",
            "module.oci_lz_orchestrator.module.oci_lz_network.oci_core_route_table.non_gw_specific_remaining_route_tables",
            "module.oci_lz_orchestrator.module.oci_lz_network.oci_core_route_table.sgw_specific_route_tables",
            "module.oci_lz_orchestrator.module.oci_lz_network.oci_core_security_list.these",
            "module.oci_lz_orchestrator.module.oci_lz_network.oci_core_service_gateway.these",
            "module.oci_lz_orchestrator.module.oci_lz_network.oci_core_vcn.these",
            "module.oci_lz_orchestrator.module.oci_lz_tags.data.oci_identity_tag.default_created_by",
            "module.oci_lz_orchestrator.module.oci_lz_tags.data.oci_identity_tag.default_created_on",
            "module.oci_lz_orchestrator.module.oci_lz_tags.data.oci_identity_tag_namespaces.oracle_default",
            "module.oci_lz_orchestrator.module.oci_lz_tags.oci_identity_tag.these",
            "module.oci_lz_orchestrator.module.oci_lz_tags.oci_identity_tag_default.these",
            "module.oci_lz_orchestrator.module.oci_lz_tags.oci_identity_tag_namespace.these",
            "module.oci_lz_orchestrator.module.oci_lz_zpr.data.oci_identity_regions.these",
            "module.oci_lz_orchestrator.module.oci_lz_zpr.data.oci_security_attribute_security_attribute_namespaces.default_security_attribute_namespaces",
            "module.oci_lz_orchestrator.module.oci_lz_zpr.data.oci_security_attribute_security_attribute_namespaces.query_security_attribute_namespaces",
            "module.oci_lz_orchestrator.module.oci_lz_zpr.data.oci_zpr_configuration.this",
            "module.oci_lz_orchestrator.module.oci_lz_zpr.oci_security_attribute_security_attribute.these",
            "module.oci_lz_orchestrator.module.oci_lz_zpr.oci_security_attribute_security_attribute_namespace.these",
            "module.oci_lz_orchestrator.module.oci_lz_zpr.oci_zpr_configuration.this",
            "module.oci_lz_orchestrator.module.oci_lz_zpr.oci_zpr_zpr_policy.these",
            "module.oci_lz_orchestrator.module.oci_lz_zpr.time_sleep.wait_after_zpr_configuration"
          ]
        },
        {
          "index_key": "SN-VLL-LZ-HUB-DNS",
          "schema_version": 0,
          "attributes": {
            "availability_domain": null,
            "cidr_block": "10.0.4.0/24",
            "compartment_id": "ocid1.compartment.oc19..aaaaaaaacmlk3n2cqqujnnw4fqzg4ciprpltm6m4qzfl3hjbtlvr2ohjnfka",
            "defined_tags": {
              "Oracle-Tags.CreatedBy": "default/jorge.e.torlaschi@accenture.com",
              "Oracle-Tags.CreatedOn": "2026-02-27T12:34:02.544Z"
            },
            "dhcp_options_id": "ocid1.dhcpoptions.oc19.eu-madrid-2.aaaaaaaalrocqj5heb5toqcrgku4nz4hno4ff6zlqer7kutzpyiw3ajp6ycq",
            "display_name": "o-p-om2-sub-hubdns-001",
            "dns_label": "opom2snhubdns",
            "freeform_tags": {
              "ocilz-terraform-module": "networking/0.8.1"
            },
            "id": "ocid1.subnet.oc19.eu-madrid-2.aaaaaaaa2j4falxbeooif4scjhsf7smnz6to4bqipd35xavo7itx6k335tua",
            "ipv4cidr_blocks": [
              "10.0.4.0/24"
            ],
            "ipv6cidr_block": null,
            "ipv6cidr_blocks": [],
            "ipv6virtual_router_ip": null,
            "prohibit_internet_ingress": true,
            "prohibit_public_ip_on_vnic": true,
            "route_table_id": "ocid1.routetable.oc19.eu-madrid-2.aaaaaaaaxnlln5qgunwceglywutphkzaqunzs6zt5pmswehx4oeisihw63jq",
            "security_list_ids": [
              "ocid1.securitylist.oc19.eu-madrid-2.aaaaaaaa3aih3jcrctb4jjgwuhgcfsj3krk3i5beycdfuzjaqce7j7yygufq"
            ],
            "state": "AVAILABLE",
            "subnet_domain_name": "opom2snhubdns.opom2vcnhub.oraclevcn.com",
            "time_created": "2026-02-27 12:34:02.586 +0000 UTC",
            "timeouts": null,
            "vcn_id": "ocid1.vcn.oc19.eu-madrid-2.amaaaaaapw27gbaavhnugozcm43roj3pnvotywuipi267sbvesvt7mxsaraq",
            "virtual_router_ip": "10.0.4.1",
            "virtual_router_mac": "00:00:17:66:FA:D7"
          },
          "sensitive_attributes": [],
          "private": "eyJlMmJmYjczMC1lY2FhLTExZTYtOGY4OC0zNDM2M2JjN2M0YzAiOnsiY3JlYXRlIjoxMjAwMDAwMDAwMDAwLCJkZWxldGUiOjEyMDAwMDAwMDAwMDAsInVwZGF0ZSI6MTIwMDAwMDAwMDAwMH19",
          "dependencies": [
            "data.github_repository_file.configurations",
            "data.github_repository_file.dependencies",
            "data.github_repository_file.url_dependencies",
            "data.http.configurations",
            "data.oci_objectstorage_object.configurations",
            "data.oci_objectstorage_object.dependencies",
            "data.oci_objectstorage_object.url_dependencies",
            "module.oci_lz_orchestrator.data.oci_identity_regions.these",
            "module.oci_lz_orchestrator.data.oci_identity_tenancy.this",
            "module.oci_lz_orchestrator.module.oci_lz_compartments.oci_identity_compartment.level_2",
            "module.oci_lz_orchestrator.module.oci_lz_compartments.oci_identity_compartment.level_3",
            "module.oci_lz_orchestrator.module.oci_lz_compartments.oci_identity_compartment.level_4",
            "module.oci_lz_orchestrator.module.oci_lz_compartments.oci_identity_compartment.level_5",
            "module.oci_lz_orchestrator.module.oci_lz_compartments.oci_identity_compartment.level_6",
            "module.oci_lz_orchestrator.module.oci_lz_compartments.oci_identity_compartment.these",
            "module.oci_lz_orchestrator.module.oci_lz_compartments.oci_identity_tag_default.these",
            "module.oci_lz_orchestrator.module.oci_lz_network.data.oci_core_services.oci_services",
            "module.oci_lz_orchestrator.module.oci_lz_network.data.oci_core_vcn.existing_vcns",
            "module.oci_lz_orchestrator.module.oci_lz_network.oci_core_dhcp_options.these",
            "module.oci_lz_orchestrator.module.oci_lz_network.oci_core_drg.these",
            "module.oci_lz_orchestrator.module.oci_lz_network.oci_core_internet_gateway.these",
            "module.oci_lz_orchestrator.module.oci_lz_network.oci_core_local_peering_gateway.oci_acceptor_local_peering_gateways",
            "module.oci_lz_orchestrator.module.oci_lz_network.oci_core_local_peering_gateway.oci_requestor_local_peering_gateways",
            "module.oci_lz_orchestrator.module.oci_lz_network.oci_core_nat_gateway.these",
            "module.oci_lz_orchestrator.module.oci_lz_network.oci_core_public_ip.these",
            "module.oci_lz_orchestrator.module.oci_lz_network.oci_core_public_ip_pool.these",
            "module.oci_lz_orchestrator.module.oci_lz_network.oci_core_route_table.drga_specific_route_tables",
            "module.oci_lz_orchestrator.module.oci_lz_network.oci_core_route_table.igw_natgw_specific_route_tables",
            "module.oci_lz_orchestrator.module.oci_lz_network.oci_core_route_table.lpg_specific_route_tables",
            "module.oci_lz_orchestrator.module.oci_lz_network.oci_core_route_table.non_gw_specific_remaining_route_tables",
            "module.oci_lz_orchestrator.module.oci_lz_network.oci_core_route_table.sgw_specific_route_tables",
            "module.oci_lz_orchestrator.module.oci_lz_network.oci_core_security_list.these",
            "module.oci_lz_orchestrator.module.oci_lz_network.oci_core_service_gateway.these",
            "module.oci_lz_orchestrator.module.oci_lz_network.oci_core_vcn.these",
            "module.oci_lz_orchestrator.module.oci_lz_tags.data.oci_identity_tag.default_created_by",
            "module.oci_lz_orchestrator.module.oci_lz_tags.data.oci_identity_tag.default_created_on",
            "module.oci_lz_orchestrator.module.oci_lz_tags.data.oci_identity_tag_namespaces.oracle_default",
            "module.oci_lz_orchestrator.module.oci_lz_tags.oci_identity_tag.these",
            "module.oci_lz_orchestrator.module.oci_lz_tags.oci_identity_tag_default.these",
            "module.oci_lz_orchestrator.module.oci_lz_tags.oci_identity_tag_namespace.these",
            "module.oci_lz_orchestrator.module.oci_lz_zpr.data.oci_identity_regions.these",
            "module.oci_lz_orchestrator.module.oci_lz_zpr.data.oci_security_attribute_security_attribute_namespaces.default_security_attribute_namespaces",
            "module.oci_lz_orchestrator.module.oci_lz_zpr.data.oci_security_attribute_security_attribute_namespaces.query_security_attribute_namespaces",
            "module.oci_lz_orchestrator.module.oci_lz_zpr.data.oci_zpr_configuration.this",
            "module.oci_lz_orchestrator.module.oci_lz_zpr.oci_security_attribute_security_attribute.these",
            "module.oci_lz_orchestrator.module.oci_lz_zpr.oci_security_attribute_security_attribute_namespace.these",
            "module.oci_lz_orchestrator.module.oci_lz_zpr.oci_zpr_configuration.this",
            "module.oci_lz_orchestrator.module.oci_lz_zpr.oci_zpr_zpr_policy.these",
            "module.oci_lz_orchestrator.module.oci_lz_zpr.time_sleep.wait_after_zpr_configuration"
          ]
        },
        {
          "index_key": "SN-VLL-LZ-HUB-FW-KEY",
          "schema_version": 0,
          "attributes": {
            "availability_domain": null,
            "cidr_block": "10.0.1.0/24",
            "compartment_id": "ocid1.compartment.oc19..aaaaaaaacmlk3n2cqqujnnw4fqzg4ciprpltm6m4qzfl3hjbtlvr2ohjnfka",
            "defined_tags": {
              "Oracle-Tags.CreatedBy": "default/jorge.e.torlaschi@accenture.com",
              "Oracle-Tags.CreatedOn": "2026-02-27T12:34:02.544Z"
            },
            "dhcp_options_id": "ocid1.dhcpoptions.oc19.eu-madrid-2.aaaaaaaalrocqj5heb5toqcrgku4nz4hno4ff6zlqer7kutzpyiw3ajp6ycq",
            "display_name": "o-p-om2-sub-hubfw-001",
            "dns_label": "opom2snhubfw",
            "freeform_tags": {
              "ocilz-terraform-module": "networking/0.8.1"
            },
            "id": "ocid1.subnet.oc19.eu-madrid-2.aaaaaaaa7iiznwrrx7jdkoxj7dt27tscvnybharc7dxie7jriysyqzda4chq",
            "ipv4cidr_blocks": [
              "10.0.1.0/24"
            ],
            "ipv6cidr_block": null,
            "ipv6cidr_blocks": [],
            "ipv6virtual_router_ip": null,
            "prohibit_internet_ingress": true,
            "prohibit_public_ip_on_vnic": true,
            "route_table_id": "ocid1.routetable.oc19.eu-madrid-2.aaaaaaaaepcadnrinnf5i4c4dl2kidsnb6ctadjdynuoshyhtomtefry5ida",
            "security_list_ids": [
              "ocid1.securitylist.oc19.eu-madrid-2.aaaaaaaa5hk2si3r4r57fnosz3iifyysrai4whjw5wcx7z2x5dt57vep2scq"
            ],
            "state": "AVAILABLE",
            "subnet_domain_name": "opom2snhubfw.opom2vcnhub.oraclevcn.com",
            "time_created": "2026-02-27 12:34:02.727 +0000 UTC",
            "timeouts": null,
            "vcn_id": "ocid1.vcn.oc19.eu-madrid-2.amaaaaaapw27gbaavhnugozcm43roj3pnvotywuipi267sbvesvt7mxsaraq",
            "virtual_router_ip": "10.0.1.1",
            "virtual_router_mac": "00:00:17:66:FA:D7"
          },
          "sensitive_attributes": [],
          "private": "eyJlMmJmYjczMC1lY2FhLTExZTYtOGY4OC0zNDM2M2JjN2M0YzAiOnsiY3JlYXRlIjoxMjAwMDAwMDAwMDAwLCJkZWxldGUiOjEyMDAwMDAwMDAwMDAsInVwZGF0ZSI6MTIwMDAwMDAwMDAwMH19",
          "dependencies": [
            "data.github_repository_file.configurations",
            "data.github_repository_file.dependencies",
            "data.github_repository_file.url_dependencies",
            "data.http.configurations",
            "data.oci_objectstorage_object.configurations",
            "data.oci_objectstorage_object.dependencies",
            "data.oci_objectstorage_object.url_dependencies",
            "module.oci_lz_orchestrator.data.oci_identity_regions.these",
            "module.oci_lz_orchestrator.data.oci_identity_tenancy.this",
            "module.oci_lz_orchestrator.module.oci_lz_compartments.oci_identity_compartment.level_2",
            "module.oci_lz_orchestrator.module.oci_lz_compartments.oci_identity_compartment.level_3",
            "module.oci_lz_orchestrator.module.oci_lz_compartments.oci_identity_compartment.level_4",
            "module.oci_lz_orchestrator.module.oci_lz_compartments.oci_identity_compartment.level_5",
            "module.oci_lz_orchestrator.module.oci_lz_compartments.oci_identity_compartment.level_6",
            "module.oci_lz_orchestrator.module.oci_lz_compartments.oci_identity_compartment.these",
            "module.oci_lz_orchestrator.module.oci_lz_compartments.oci_identity_tag_default.these",
            "module.oci_lz_orchestrator.module.oci_lz_network.data.oci_core_services.oci_services",
            "module.oci_lz_orchestrator.module.oci_lz_network.data.oci_core_vcn.existing_vcns",
            "module.oci_lz_orchestrator.module.oci_lz_network.oci_core_dhcp_options.these",
            "module.oci_lz_orchestrator.module.oci_lz_network.oci_core_drg.these",
            "module.oci_lz_orchestrator.module.oci_lz_network.oci_core_internet_gateway.these",
            "module.oci_lz_orchestrator.module.oci_lz_network.oci_core_local_peering_gateway.oci_acceptor_local_peering_gateways",
            "module.oci_lz_orchestrator.module.oci_lz_network.oci_core_local_peering_gateway.oci_requestor_local_peering_gateways",
            "module.oci_lz_orchestrator.module.oci_lz_network.oci_core_nat_gateway.these",
            "module.oci_lz_orchestrator.module.oci_lz_network.oci_core_public_ip.these",
            "module.oci_lz_orchestrator.module.oci_lz_network.oci_core_public_ip_pool.these",
            "module.oci_lz_orchestrator.module.oci_lz_network.oci_core_route_table.drga_specific_route_tables",
            "module.oci_lz_orchestrator.module.oci_lz_network.oci_core_route_table.igw_natgw_specific_route_tables",
            "module.oci_lz_orchestrator.module.oci_lz_network.oci_core_route_table.lpg_specific_route_tables",
            "module.oci_lz_orchestrator.module.oci_lz_network.oci_core_route_table.non_gw_specific_remaining_route_tables",
            "module.oci_lz_orchestrator.module.oci_lz_network.oci_core_route_table.sgw_specific_route_tables",
            "module.oci_lz_orchestrator.module.oci_lz_network.oci_core_security_list.these",
            "module.oci_lz_orchestrator.module.oci_lz_network.oci_core_service_gateway.these",
            "module.oci_lz_orchestrator.module.oci_lz_network.oci_core_vcn.these",
            "module.oci_lz_orchestrator.module.oci_lz_tags.data.oci_identity_tag.default_created_by",
            "module.oci_lz_orchestrator.module.oci_lz_tags.data.oci_identity_tag.default_created_on",
            "module.oci_lz_orchestrator.module.oci_lz_tags.data.oci_identity_tag_namespaces.oracle_default",
            "module.oci_lz_orchestrator.module.oci_lz_tags.oci_identity_tag.these",
            "module.oci_lz_orchestrator.module.oci_lz_tags.oci_identity_tag_default.these",
            "module.oci_lz_orchestrator.module.oci_lz_tags.oci_identity_tag_namespace.these",
            "module.oci_lz_orchestrator.module.oci_lz_zpr.data.oci_identity_regions.these",
            "module.oci_lz_orchestrator.module.oci_lz_zpr.data.oci_security_attribute_security_attribute_namespaces.default_security_attribute_namespaces",
            "module.oci_lz_orchestrator.module.oci_lz_zpr.data.oci_security_attribute_security_attribute_namespaces.query_security_attribute_namespaces",
            "module.oci_lz_orchestrator.module.oci_lz_zpr.data.oci_zpr_configuration.this",
            "module.oci_lz_orchestrator.module.oci_lz_zpr.oci_security_attribute_security_attribute.these",
            "module.oci_lz_orchestrator.module.oci_lz_zpr.oci_security_attribute_security_attribute_namespace.these",
            "module.oci_lz_orchestrator.module.oci_lz_zpr.oci_zpr_configuration.this",
            "module.oci_lz_orchestrator.module.oci_lz_zpr.oci_zpr_zpr_policy.these",
            "module.oci_lz_orchestrator.module.oci_lz_zpr.time_sleep.wait_after_zpr_configuration"
          ]
        },
        {
          "index_key": "SN-VLL-LZ-HUB-MGMT-KEY",
          "schema_version": 0,
          "attributes": {
            "availability_domain": null,
            "cidr_block": "10.0.2.0/24",
            "compartment_id": "ocid1.compartment.oc19..aaaaaaaacmlk3n2cqqujnnw4fqzg4ciprpltm6m4qzfl3hjbtlvr2ohjnfka",
            "defined_tags": {
              "Oracle-Tags.CreatedBy": "default/jorge.e.torlaschi@accenture.com",
              "Oracle-Tags.CreatedOn": "2026-02-27T12:34:02.544Z"
            },
            "dhcp_options_id": "ocid1.dhcpoptions.oc19.eu-madrid-2.aaaaaaaalrocqj5heb5toqcrgku4nz4hno4ff6zlqer7kutzpyiw3ajp6ycq",
            "display_name": "o-p-om2-sub-hubmgmt-001",
            "dns_label": "opom2snhubmgmt",
            "freeform_tags": {
              "ocilz-terraform-module": "networking/0.8.1"
            },
            "id": "ocid1.subnet.oc19.eu-madrid-2.aaaaaaaamcmntrl4aahekbmipupvl7vcusvjo63t6qfdq43ymtrfkwvp4nbq",
            "ipv4cidr_blocks": [
              "10.0.2.0/24"
            ],
            "ipv6cidr_block": null,
            "ipv6cidr_blocks": [],
            "ipv6virtual_router_ip": null,
            "prohibit_internet_ingress": true,
            "prohibit_public_ip_on_vnic": true,
            "route_table_id": "ocid1.routetable.oc19.eu-madrid-2.aaaaaaaaxnlln5qgunwceglywutphkzaqunzs6zt5pmswehx4oeisihw63jq",
            "security_list_ids": [
              "ocid1.securitylist.oc19.eu-madrid-2.aaaaaaaa3aih3jcrctb4jjgwuhgcfsj3krk3i5beycdfuzjaqce7j7yygufq"
            ],
            "state": "AVAILABLE",
            "subnet_domain_name": "opom2snhubmgmt.opom2vcnhub.oraclevcn.com",
            "time_created": "2026-02-27 12:34:02.925 +0000 UTC",
            "timeouts": null,
            "vcn_id": "ocid1.vcn.oc19.eu-madrid-2.amaaaaaapw27gbaavhnugozcm43roj3pnvotywuipi267sbvesvt7mxsaraq",
            "virtual_router_ip": "10.0.2.1",
            "virtual_router_mac": "00:00:17:66:FA:D7"
          },
          "sensitive_attributes": [],
          "private": "eyJlMmJmYjczMC1lY2FhLTExZTYtOGY4OC0zNDM2M2JjN2M0YzAiOnsiY3JlYXRlIjoxMjAwMDAwMDAwMDAwLCJkZWxldGUiOjEyMDAwMDAwMDAwMDAsInVwZGF0ZSI6MTIwMDAwMDAwMDAwMH19",
          "dependencies": [
            "data.github_repository_file.configurations",
            "data.github_repository_file.dependencies",
            "data.github_repository_file.url_dependencies",
            "data.http.configurations",
            "data.oci_objectstorage_object.configurations",
            "data.oci_objectstorage_object.dependencies",
            "data.oci_objectstorage_object.url_dependencies",
            "module.oci_lz_orchestrator.data.oci_identity_regions.these",
            "module.oci_lz_orchestrator.data.oci_identity_tenancy.this",
            "module.oci_lz_orchestrator.module.oci_lz_compartments.oci_identity_compartment.level_2",
            "module.oci_lz_orchestrator.module.oci_lz_compartments.oci_identity_compartment.level_3",
            "module.oci_lz_orchestrator.module.oci_lz_compartments.oci_identity_compartment.level_4",
            "module.oci_lz_orchestrator.module.oci_lz_compartments.oci_identity_compartment.level_5",
            "module.oci_lz_orchestrator.module.oci_lz_compartments.oci_identity_compartment.level_6",
            "module.oci_lz_orchestrator.module.oci_lz_compartments.oci_identity_compartment.these",
            "module.oci_lz_orchestrator.module.oci_lz_compartments.oci_identity_tag_default.these",
            "module.oci_lz_orchestrator.module.oci_lz_network.data.oci_core_services.oci_services",
            "module.oci_lz_orchestrator.module.oci_lz_network.data.oci_core_vcn.existing_vcns",
            "module.oci_lz_orchestrator.module.oci_lz_network.oci_core_dhcp_options.these",
            "module.oci_lz_orchestrator.module.oci_lz_network.oci_core_drg.these",
            "module.oci_lz_orchestrator.module.oci_lz_network.oci_core_internet_gateway.these",
            "module.oci_lz_orchestrator.module.oci_lz_network.oci_core_local_peering_gateway.oci_acceptor_local_peering_gateways",
            "module.oci_lz_orchestrator.module.oci_lz_network.oci_core_local_peering_gateway.oci_requestor_local_peering_gateways",
            "module.oci_lz_orchestrator.module.oci_lz_network.oci_core_nat_gateway.these",
            "module.oci_lz_orchestrator.module.oci_lz_network.oci_core_public_ip.these",
            "module.oci_lz_orchestrator.module.oci_lz_network.oci_core_public_ip_pool.these",
            "module.oci_lz_orchestrator.module.oci_lz_network.oci_core_route_table.drga_specific_route_tables",
            "module.oci_lz_orchestrator.module.oci_lz_network.oci_core_route_table.igw_natgw_specific_route_tables",
            "module.oci_lz_orchestrator.module.oci_lz_network.oci_core_route_table.lpg_specific_route_tables",
            "module.oci_lz_orchestrator.module.oci_lz_network.oci_core_route_table.non_gw_specific_remaining_route_tables",
            "module.oci_lz_orchestrator.module.oci_lz_network.oci_core_route_table.sgw_specific_route_tables",
            "module.oci_lz_orchestrator.module.oci_lz_network.oci_core_security_list.these",
            "module.oci_lz_orchestrator.module.oci_lz_network.oci_core_service_gateway.these",
            "module.oci_lz_orchestrator.module.oci_lz_network.oci_core_vcn.these",
            "module.oci_lz_orchestrator.module.oci_lz_tags.data.oci_identity_tag.default_created_by",
            "module.oci_lz_orchestrator.module.oci_lz_tags.data.oci_identity_tag.default_created_on",
            "module.oci_lz_orchestrator.module.oci_lz_tags.data.oci_identity_tag_namespaces.oracle_default",
            "module.oci_lz_orchestrator.module.oci_lz_tags.oci_identity_tag.these",
            "module.oci_lz_orchestrator.module.oci_lz_tags.oci_identity_tag_default.these",
            "module.oci_lz_orchestrator.module.oci_lz_tags.oci_identity_tag_namespace.these",
            "module.oci_lz_orchestrator.module.oci_lz_zpr.data.oci_identity_regions.these",
            "module.oci_lz_orchestrator.module.oci_lz_zpr.data.oci_security_attribute_security_attribute_namespaces.default_security_attribute_namespaces",
            "module.oci_lz_orchestrator.module.oci_lz_zpr.data.oci_security_attribute_security_attribute_namespaces.query_security_attribute_namespaces",
            "module.oci_lz_orchestrator.module.oci_lz_zpr.data.oci_zpr_configuration.this",
            "module.oci_lz_orchestrator.module.oci_lz_zpr.oci_security_attribute_security_attribute.these",
            "module.oci_lz_orchestrator.module.oci_lz_zpr.oci_security_attribute_security_attribute_namespace.these",
            "module.oci_lz_orchestrator.module.oci_lz_zpr.oci_zpr_configuration.this",
            "module.oci_lz_orchestrator.module.oci_lz_zpr.oci_zpr_zpr_policy.these",
            "module.oci_lz_orchestrator.module.oci_lz_zpr.time_sleep.wait_after_zpr_configuration"
          ]
        },
        {
          "index_key": "SN-VLL-LZ-HUB-MON-KEY",
          "schema_version": 0,
          "attributes": {
            "availability_domain": null,
            "cidr_block": "10.0.3.0/24",
            "compartment_id": "ocid1.compartment.oc19..aaaaaaaacmlk3n2cqqujnnw4fqzg4ciprpltm6m4qzfl3hjbtlvr2ohjnfka",
            "defined_tags": {
              "Oracle-Tags.CreatedBy": "default/jorge.e.torlaschi@accenture.com",
              "Oracle-Tags.CreatedOn": "2026-02-27T12:34:04.343Z"
            },
            "dhcp_options_id": "ocid1.dhcpoptions.oc19.eu-madrid-2.aaaaaaaalrocqj5heb5toqcrgku4nz4hno4ff6zlqer7kutzpyiw3ajp6ycq",
            "display_name": "o-p-om2-sub-hubmon-001",
            "dns_label": "opom2snhubmm",
            "freeform_tags": {
              "ocilz-terraform-module": "networking/0.8.1"
            },
            "id": "ocid1.subnet.oc19.eu-madrid-2.aaaaaaaafblxsemsfu6ybrpphztdrynxch5jqttspqtz2sz7orjphbvfkqqa",
            "ipv4cidr_blocks": [
              "10.0.3.0/24"
            ],
            "ipv6cidr_block": null,
            "ipv6cidr_blocks": [],
            "ipv6virtual_router_ip": null,
            "prohibit_internet_ingress": true,
            "prohibit_public_ip_on_vnic": true,
            "route_table_id": "ocid1.routetable.oc19.eu-madrid-2.aaaaaaaaxnlln5qgunwceglywutphkzaqunzs6zt5pmswehx4oeisihw63jq",
            "security_list_ids": [
              "ocid1.securitylist.oc19.eu-madrid-2.aaaaaaaa3aih3jcrctb4jjgwuhgcfsj3krk3i5beycdfuzjaqce7j7yygufq"
            ],
            "state": "AVAILABLE",
            "subnet_domain_name": "opom2snhubmm.opom2vcnhub.oraclevcn.com",
            "time_created": "2026-02-27 12:34:04.499 +0000 UTC",
            "timeouts": null,
            "vcn_id": "ocid1.vcn.oc19.eu-madrid-2.amaaaaaapw27gbaavhnugozcm43roj3pnvotywuipi267sbvesvt7mxsaraq",
            "virtual_router_ip": "10.0.3.1",
            "virtual_router_mac": "00:00:17:66:FA:D7"
          },
          "sensitive_attributes": [],
          "private": "eyJlMmJmYjczMC1lY2FhLTExZTYtOGY4OC0zNDM2M2JjN2M0YzAiOnsiY3JlYXRlIjoxMjAwMDAwMDAwMDAwLCJkZWxldGUiOjEyMDAwMDAwMDAwMDAsInVwZGF0ZSI6MTIwMDAwMDAwMDAwMH19",
          "dependencies": [
            "data.github_repository_file.configurations",
            "data.github_repository_file.dependencies",
            "data.github_repository_file.url_dependencies",
            "data.http.configurations",
            "data.oci_objectstorage_object.configurations",
            "data.oci_objectstorage_object.dependencies",
            "data.oci_objectstorage_object.url_dependencies",
            "module.oci_lz_orchestrator.data.oci_identity_regions.these",
            "module.oci_lz_orchestrator.data.oci_identity_tenancy.this",
            "module.oci_lz_orchestrator.module.oci_lz_compartments.oci_identity_compartment.level_2",
            "module.oci_lz_orchestrator.module.oci_lz_compartments.oci_identity_compartment.level_3",
            "module.oci_lz_orchestrator.module.oci_lz_compartments.oci_identity_compartment.level_4",
            "module.oci_lz_orchestrator.module.oci_lz_compartments.oci_identity_compartment.level_5",
            "module.oci_lz_orchestrator.module.oci_lz_compartments.oci_identity_compartment.level_6",
            "module.oci_lz_orchestrator.module.oci_lz_compartments.oci_identity_compartment.these",
            "module.oci_lz_orchestrator.module.oci_lz_compartments.oci_identity_tag_default.these",
            "module.oci_lz_orchestrator.module.oci_lz_network.data.oci_core_services.oci_services",
            "module.oci_lz_orchestrator.module.oci_lz_network.data.oci_core_vcn.existing_vcns",
            "module.oci_lz_orchestrator.module.oci_lz_network.oci_core_dhcp_options.these",
            "module.oci_lz_orchestrator.module.oci_lz_network.oci_core_drg.these",
            "module.oci_lz_orchestrator.module.oci_lz_network.oci_core_internet_gateway.these",
            "module.oci_lz_orchestrator.module.oci_lz_network.oci_core_local_peering_gateway.oci_acceptor_local_peering_gateways",
            "module.oci_lz_orchestrator.module.oci_lz_network.oci_core_local_peering_gateway.oci_requestor_local_peering_gateways",
            "module.oci_lz_orchestrator.module.oci_lz_network.oci_core_nat_gateway.these",
            "module.oci_lz_orchestrator.module.oci_lz_network.oci_core_public_ip.these",
            "module.oci_lz_orchestrator.module.oci_lz_network.oci_core_public_ip_pool.these",
            "module.oci_lz_orchestrator.module.oci_lz_network.oci_core_route_table.drga_specific_route_tables",
            "module.oci_lz_orchestrator.module.oci_lz_network.oci_core_route_table.igw_natgw_specific_route_tables",
            "module.oci_lz_orchestrator.module.oci_lz_network.oci_core_route_table.lpg_specific_route_tables",
            "module.oci_lz_orchestrator.module.oci_lz_network.oci_core_route_table.non_gw_specific_remaining_route_tables",
            "module.oci_lz_orchestrator.module.oci_lz_network.oci_core_route_table.sgw_specific_route_tables",
            "module.oci_lz_orchestrator.module.oci_lz_network.oci_core_security_list.these",
            "module.oci_lz_orchestrator.module.oci_lz_network.oci_core_service_gateway.these",
            "module.oci_lz_orchestrator.module.oci_lz_network.oci_core_vcn.these",
            "module.oci_lz_orchestrator.module.oci_lz_tags.data.oci_identity_tag.default_created_by",
            "module.oci_lz_orchestrator.module.oci_lz_tags.data.oci_identity_tag.default_created_on",
            "module.oci_lz_orchestrator.module.oci_lz_tags.data.oci_identity_tag_namespaces.oracle_default",
            "module.oci_lz_orchestrator.module.oci_lz_tags.oci_identity_tag.these",
            "module.oci_lz_orchestrator.module.oci_lz_tags.oci_identity_tag_default.these",
            "module.oci_lz_orchestrator.module.oci_lz_tags.oci_identity_tag_namespace.these",
            "module.oci_lz_orchestrator.module.oci_lz_zpr.data.oci_identity_regions.these",
            "module.oci_lz_orchestrator.module.oci_lz_zpr.data.oci_security_attribute_security_attribute_namespaces.default_security_attribute_namespaces",
            "module.oci_lz_orchestrator.module.oci_lz_zpr.data.oci_security_attribute_security_attribute_namespaces.query_security_attribute_namespaces",
            "module.oci_lz_orchestrator.module.oci_lz_zpr.data.oci_zpr_configuration.this",
            "module.oci_lz_orchestrator.module.oci_lz_zpr.oci_security_attribute_security_attribute.these",
            "module.oci_lz_orchestrator.module.oci_lz_zpr.oci_security_attribute_security_attribute_namespace.these",
            "module.oci_lz_orchestrator.module.oci_lz_zpr.oci_zpr_configuration.this",
            "module.oci_lz_orchestrator.module.oci_lz_zpr.oci_zpr_zpr_policy.these",
            "module.oci_lz_orchestrator.module.oci_lz_zpr.time_sleep.wait_after_zpr_configuration"
          ]
        }
      ]
    },
    {
      "module": "module.oci_lz_orchestrator.module.oci_lz_network[0]",
      "mode": "managed",
      "type": "oci_core_vcn",
      "name": "these",
      "provider": "module.oci_lz_orchestrator.provider[\"registry.terraform.io/oracle/oci\"]",
      "instances": [
        {
          "index_key": "VCN-VLL-LZ-EXACS-NPR-KEY",
          "schema_version": 0,
          "attributes": {
            "byoipv6cidr_blocks": [],
            "byoipv6cidr_details": null,
            "cidr_block": "10.197.134.0/23",
            "cidr_blocks": [
              "10.197.134.0/23"
            ],
            "compartment_id": "ocid1.compartment.oc19..aaaaaaaacmlk3n2cqqujnnw4fqzg4ciprpltm6m4qzfl3hjbtlvr2ohjnfka",
            "default_dhcp_options_id": "ocid1.dhcpoptions.oc19.eu-madrid-2.aaaaaaaa5zbfnsqmx2725sm76slbnv6vl7qkfhq5t4eexbotrtq2augq4hva",
            "default_route_table_id": "ocid1.routetable.oc19.eu-madrid-2.aaaaaaaadbqjgowe3zj5rzc52lf6mzy42rzzdpcupkl7qhehnk5bxt3raz4q",
            "default_security_list_id": "ocid1.securitylist.oc19.eu-madrid-2.aaaaaaaa6xrusqr4y7kp7lxfezzg3zex3ovbx7cadwt36zrmvwdvoxuolchq",
            "defined_tags": {
              "Oracle-Tags.CreatedBy": "default/jorge.e.torlaschi@accenture.com",
              "Oracle-Tags.CreatedOn": "2026-02-27T12:33:54.942Z"
            },
            "display_name": "o-np-om2-vcn-exacsnpr-001",
            "dns_label": "opom2vcnexanpr",
            "freeform_tags": {
              "ocilz-terraform-module": "networking/0.8.1"
            },
            "id": "ocid1.vcn.oc19.eu-madrid-2.amaaaaaapw27gbaayo6t2kvr7yjnawvlnzarrfrjpyftfbmmsikkrkikqaiq",
            "ipv6cidr_blocks": [],
            "ipv6private_cidr_blocks": [],
            "is_ipv6enabled": false,
            "is_oracle_gua_allocation_enabled": null,
            "security_attributes": {},
            "state": "AVAILABLE",
            "time_created": "2026-02-27 12:33:55.252 +0000 UTC",
            "timeouts": null,
            "vcn_domain_name": "opom2vcnexanpr.oraclevcn.com"
          },
          "sensitive_attributes": [],
          "private": "eyJlMmJmYjczMC1lY2FhLTExZTYtOGY4OC0zNDM2M2JjN2M0YzAiOnsiY3JlYXRlIjoxMjAwMDAwMDAwMDAwLCJkZWxldGUiOjEyMDAwMDAwMDAwMDAsInVwZGF0ZSI6MTIwMDAwMDAwMDAwMH19",
          "dependencies": [
            "data.github_repository_file.configurations",
            "data.github_repository_file.dependencies",
            "data.github_repository_file.url_dependencies",
            "data.http.configurations",
            "data.oci_objectstorage_object.configurations",
            "data.oci_objectstorage_object.dependencies",
            "data.oci_objectstorage_object.url_dependencies",
            "module.oci_lz_orchestrator.data.oci_identity_regions.these",
            "module.oci_lz_orchestrator.data.oci_identity_tenancy.this",
            "module.oci_lz_orchestrator.module.oci_lz_compartments.oci_identity_compartment.level_2",
            "module.oci_lz_orchestrator.module.oci_lz_compartments.oci_identity_compartment.level_3",
            "module.oci_lz_orchestrator.module.oci_lz_compartments.oci_identity_compartment.level_4",
            "module.oci_lz_orchestrator.module.oci_lz_compartments.oci_identity_compartment.level_5",
            "module.oci_lz_orchestrator.module.oci_lz_compartments.oci_identity_compartment.level_6",
            "module.oci_lz_orchestrator.module.oci_lz_compartments.oci_identity_compartment.these",
            "module.oci_lz_orchestrator.module.oci_lz_compartments.oci_identity_tag_default.these",
            "module.oci_lz_orchestrator.module.oci_lz_tags.data.oci_identity_tag.default_created_by",
            "module.oci_lz_orchestrator.module.oci_lz_tags.data.oci_identity_tag.default_created_on",
            "module.oci_lz_orchestrator.module.oci_lz_tags.data.oci_identity_tag_namespaces.oracle_default",
            "module.oci_lz_orchestrator.module.oci_lz_tags.oci_identity_tag.these",
            "module.oci_lz_orchestrator.module.oci_lz_tags.oci_identity_tag_default.these",
            "module.oci_lz_orchestrator.module.oci_lz_tags.oci_identity_tag_namespace.these",
            "module.oci_lz_orchestrator.module.oci_lz_zpr.data.oci_identity_regions.these",
            "module.oci_lz_orchestrator.module.oci_lz_zpr.data.oci_security_attribute_security_attribute_namespaces.default_security_attribute_namespaces",
            "module.oci_lz_orchestrator.module.oci_lz_zpr.data.oci_security_attribute_security_attribute_namespaces.query_security_attribute_namespaces",
            "module.oci_lz_orchestrator.module.oci_lz_zpr.data.oci_zpr_configuration.this",
            "module.oci_lz_orchestrator.module.oci_lz_zpr.oci_security_attribute_security_attribute.these",
            "module.oci_lz_orchestrator.module.oci_lz_zpr.oci_security_attribute_security_attribute_namespace.these",
            "module.oci_lz_orchestrator.module.oci_lz_zpr.oci_zpr_configuration.this",
            "module.oci_lz_orchestrator.module.oci_lz_zpr.oci_zpr_zpr_policy.these",
            "module.oci_lz_orchestrator.module.oci_lz_zpr.time_sleep.wait_after_zpr_configuration"
          ]
        },
        {
          "index_key": "VCN-VLL-LZ-EXACS-PRO-KEY",
          "schema_version": 0,
          "attributes": {
            "byoipv6cidr_blocks": [],
            "byoipv6cidr_details": null,
            "cidr_block": "10.197.132.0/23",
            "cidr_blocks": [
              "10.197.132.0/23"
            ],
            "compartment_id": "ocid1.compartment.oc19..aaaaaaaacmlk3n2cqqujnnw4fqzg4ciprpltm6m4qzfl3hjbtlvr2ohjnfka",
            "default_dhcp_options_id": "ocid1.dhcpoptions.oc19.eu-madrid-2.aaaaaaaa52jfpaaydzzy27lzhc4f2raqywjcjcjy2aa42nha3p4ruzrgumxa",
            "default_route_table_id": "ocid1.routetable.oc19.eu-madrid-2.aaaaaaaavi2j5nijkq57yh2ddprewlttxz56pt5nxka53tnfrnzp6yr2r2gq",
            "default_security_list_id": "ocid1.securitylist.oc19.eu-madrid-2.aaaaaaaagume7n4a2pkkl35z5tnujjpa2hayh7dxboj5l3dibcn5hgze5bfa",
            "defined_tags": {
              "Oracle-Tags.CreatedBy": "default/jorge.e.torlaschi@accenture.com",
              "Oracle-Tags.CreatedOn": "2026-02-27T12:33:54.935Z"
            },
            "display_name": "o-p-om2-vcn-exacspro-001",
            "dns_label": "opom2vcnexacpro",
            "freeform_tags": {
              "ocilz-terraform-module": "networking/0.8.1"
            },
            "id": "ocid1.vcn.oc19.eu-madrid-2.amaaaaaapw27gbaassqe6euwqixubwp2tftzf6fjhggl4ygxogcgzhhzdtuq",
            "ipv6cidr_blocks": [],
            "ipv6private_cidr_blocks": [],
            "is_ipv6enabled": false,
            "is_oracle_gua_allocation_enabled": null,
            "security_attributes": {},
            "state": "AVAILABLE",
            "time_created": "2026-02-27 12:33:54.965 +0000 UTC",
            "timeouts": null,
            "vcn_domain_name": "opom2vcnexacpro.oraclevcn.com"
          },
          "sensitive_attributes": [],
          "private": "eyJlMmJmYjczMC1lY2FhLTExZTYtOGY4OC0zNDM2M2JjN2M0YzAiOnsiY3JlYXRlIjoxMjAwMDAwMDAwMDAwLCJkZWxldGUiOjEyMDAwMDAwMDAwMDAsInVwZGF0ZSI6MTIwMDAwMDAwMDAwMH19",
          "dependencies": [
            "data.github_repository_file.configurations",
            "data.github_repository_file.dependencies",
            "data.github_repository_file.url_dependencies",
            "data.http.configurations",
            "data.oci_objectstorage_object.configurations",
            "data.oci_objectstorage_object.dependencies",
            "data.oci_objectstorage_object.url_dependencies",
            "module.oci_lz_orchestrator.data.oci_identity_regions.these",
            "module.oci_lz_orchestrator.data.oci_identity_tenancy.this",
            "module.oci_lz_orchestrator.module.oci_lz_compartments.oci_identity_compartment.level_2",
            "module.oci_lz_orchestrator.module.oci_lz_compartments.oci_identity_compartment.level_3",
            "module.oci_lz_orchestrator.module.oci_lz_compartments.oci_identity_compartment.level_4",
            "module.oci_lz_orchestrator.module.oci_lz_compartments.oci_identity_compartment.level_5",
            "module.oci_lz_orchestrator.module.oci_lz_compartments.oci_identity_compartment.level_6",
            "module.oci_lz_orchestrator.module.oci_lz_compartments.oci_identity_compartment.these",
            "module.oci_lz_orchestrator.module.oci_lz_compartments.oci_identity_tag_default.these",
            "module.oci_lz_orchestrator.module.oci_lz_tags.data.oci_identity_tag.default_created_by",
            "module.oci_lz_orchestrator.module.oci_lz_tags.data.oci_identity_tag.default_created_on",
            "module.oci_lz_orchestrator.module.oci_lz_tags.data.oci_identity_tag_namespaces.oracle_default",
            "module.oci_lz_orchestrator.module.oci_lz_tags.oci_identity_tag.these",
            "module.oci_lz_orchestrator.module.oci_lz_tags.oci_identity_tag_default.these",
            "module.oci_lz_orchestrator.module.oci_lz_tags.oci_identity_tag_namespace.these",
            "module.oci_lz_orchestrator.module.oci_lz_zpr.data.oci_identity_regions.these",
            "module.oci_lz_orchestrator.module.oci_lz_zpr.data.oci_security_attribute_security_attribute_namespaces.default_security_attribute_namespaces",
            "module.oci_lz_orchestrator.module.oci_lz_zpr.data.oci_security_attribute_security_attribute_namespaces.query_security_attribute_namespaces",
            "module.oci_lz_orchestrator.module.oci_lz_zpr.data.oci_zpr_configuration.this",
            "module.oci_lz_orchestrator.module.oci_lz_zpr.oci_security_attribute_security_attribute.these",
            "module.oci_lz_orchestrator.module.oci_lz_zpr.oci_security_attribute_security_attribute_namespace.these",
            "module.oci_lz_orchestrator.module.oci_lz_zpr.oci_zpr_configuration.this",
            "module.oci_lz_orchestrator.module.oci_lz_zpr.oci_zpr_zpr_policy.these",
            "module.oci_lz_orchestrator.module.oci_lz_zpr.time_sleep.wait_after_zpr_configuration"
          ]
        },
        {
          "index_key": "VCN-VLL-LZ-HUB-KEY",
          "schema_version": 0,
          "attributes": {
            "byoipv6cidr_blocks": [],
            "byoipv6cidr_details": null,
            "cidr_block": "10.0.0.0/21",
            "cidr_blocks": [
              "10.0.0.0/21"
            ],
            "compartment_id": "ocid1.compartment.oc19..aaaaaaaacmlk3n2cqqujnnw4fqzg4ciprpltm6m4qzfl3hjbtlvr2ohjnfka",
            "default_dhcp_options_id": "ocid1.dhcpoptions.oc19.eu-madrid-2.aaaaaaaalrocqj5heb5toqcrgku4nz4hno4ff6zlqer7kutzpyiw3ajp6ycq",
            "default_route_table_id": "ocid1.routetable.oc19.eu-madrid-2.aaaaaaaa6kgwbatjg5hcort6dnr5hx3fans2laep73izfjfuatukgapojdlq",
            "default_security_list_id": "ocid1.securitylist.oc19.eu-madrid-2.aaaaaaaaulzr5sbc4lkfxpyn6hc3ttyeiy755d6vsjbwctog42e4gagwoz3a",
            "defined_tags": {
              "Oracle-Tags.CreatedBy": "default/jorge.e.torlaschi@accenture.com",
              "Oracle-Tags.CreatedOn": "2026-02-27T12:33:54.942Z"
            },
            "display_name": "o-p-om2-vcn-hub-001",
            "dns_label": "opom2vcnhub",
            "freeform_tags": {
              "ocilz-terraform-module": "networking/0.8.1"
            },
            "id": "ocid1.vcn.oc19.eu-madrid-2.amaaaaaapw27gbaavhnugozcm43roj3pnvotywuipi267sbvesvt7mxsaraq",
            "ipv6cidr_blocks": [],
            "ipv6private_cidr_blocks": [],
            "is_ipv6enabled": false,
            "is_oracle_gua_allocation_enabled": null,
            "security_attributes": {},
            "state": "AVAILABLE",
            "time_created": "2026-02-27 12:33:55.38 +0000 UTC",
            "timeouts": null,
            "vcn_domain_name": "opom2vcnhub.oraclevcn.com"
          },
          "sensitive_attributes": [],
          "private": "eyJlMmJmYjczMC1lY2FhLTExZTYtOGY4OC0zNDM2M2JjN2M0YzAiOnsiY3JlYXRlIjoxMjAwMDAwMDAwMDAwLCJkZWxldGUiOjEyMDAwMDAwMDAwMDAsInVwZGF0ZSI6MTIwMDAwMDAwMDAwMH19",
          "dependencies": [
            "data.github_repository_file.configurations",
            "data.github_repository_file.dependencies",
            "data.github_repository_file.url_dependencies",
            "data.http.configurations",
            "data.oci_objectstorage_object.configurations",
            "data.oci_objectstorage_object.dependencies",
            "data.oci_objectstorage_object.url_dependencies",
            "module.oci_lz_orchestrator.data.oci_identity_regions.these",
            "module.oci_lz_orchestrator.data.oci_identity_tenancy.this",
            "module.oci_lz_orchestrator.module.oci_lz_compartments.oci_identity_compartment.level_2",
            "module.oci_lz_orchestrator.module.oci_lz_compartments.oci_identity_compartment.level_3",
            "module.oci_lz_orchestrator.module.oci_lz_compartments.oci_identity_compartment.level_4",
            "module.oci_lz_orchestrator.module.oci_lz_compartments.oci_identity_compartment.level_5",
            "module.oci_lz_orchestrator.module.oci_lz_compartments.oci_identity_compartment.level_6",
            "module.oci_lz_orchestrator.module.oci_lz_compartments.oci_identity_compartment.these",
            "module.oci_lz_orchestrator.module.oci_lz_compartments.oci_identity_tag_default.these",
            "module.oci_lz_orchestrator.module.oci_lz_tags.data.oci_identity_tag.default_created_by",
            "module.oci_lz_orchestrator.module.oci_lz_tags.data.oci_identity_tag.default_created_on",
            "module.oci_lz_orchestrator.module.oci_lz_tags.data.oci_identity_tag_namespaces.oracle_default",
            "module.oci_lz_orchestrator.module.oci_lz_tags.oci_identity_tag.these",
            "module.oci_lz_orchestrator.module.oci_lz_tags.oci_identity_tag_default.these",
            "module.oci_lz_orchestrator.module.oci_lz_tags.oci_identity_tag_namespace.these",
            "module.oci_lz_orchestrator.module.oci_lz_zpr.data.oci_identity_regions.these",
            "module.oci_lz_orchestrator.module.oci_lz_zpr.data.oci_security_attribute_security_attribute_namespaces.default_security_attribute_namespaces",
            "module.oci_lz_orchestrator.module.oci_lz_zpr.data.oci_security_attribute_security_attribute_namespaces.query_security_attribute_namespaces",
            "module.oci_lz_orchestrator.module.oci_lz_zpr.data.oci_zpr_configuration.this",
            "module.oci_lz_orchestrator.module.oci_lz_zpr.oci_security_attribute_security_attribute.these",
            "module.oci_lz_orchestrator.module.oci_lz_zpr.oci_security_attribute_security_attribute_namespace.these",
            "module.oci_lz_orchestrator.module.oci_lz_zpr.oci_zpr_configuration.this",
            "module.oci_lz_orchestrator.module.oci_lz_zpr.oci_zpr_zpr_policy.these",
            "module.oci_lz_orchestrator.module.oci_lz_zpr.time_sleep.wait_after_zpr_configuration"
          ]
        }
      ]
    },
    {
      "module": "module.oci_lz_orchestrator.module.oci_lz_network[0]",
      "mode": "managed",
      "type": "time_sleep",
      "name": "wait_for_dns_resolver",
      "provider": "provider[\"registry.terraform.io/hashicorp/time\"]",
      "instances": [
        {
          "schema_version": 0,
          "attributes": {
            "create_duration": "60s",
            "destroy_duration": null,
            "id": "2026-02-27T12:34:54Z",
            "triggers": null
          },
          "sensitive_attributes": [],
          "dependencies": [
            "data.github_repository_file.configurations",
            "data.github_repository_file.dependencies",
            "data.github_repository_file.url_dependencies",
            "data.http.configurations",
            "data.oci_objectstorage_object.configurations",
            "data.oci_objectstorage_object.dependencies",
            "data.oci_objectstorage_object.url_dependencies",
            "module.oci_lz_orchestrator.data.oci_identity_regions.these",
            "module.oci_lz_orchestrator.data.oci_identity_tenancy.this",
            "module.oci_lz_orchestrator.module.oci_lz_compartments.oci_identity_compartment.level_2",
            "module.oci_lz_orchestrator.module.oci_lz_compartments.oci_identity_compartment.level_3",
            "module.oci_lz_orchestrator.module.oci_lz_compartments.oci_identity_compartment.level_4",
            "module.oci_lz_orchestrator.module.oci_lz_compartments.oci_identity_compartment.level_5",
            "module.oci_lz_orchestrator.module.oci_lz_compartments.oci_identity_compartment.level_6",
            "module.oci_lz_orchestrator.module.oci_lz_compartments.oci_identity_compartment.these",
            "module.oci_lz_orchestrator.module.oci_lz_compartments.oci_identity_tag_default.these",
            "module.oci_lz_orchestrator.module.oci_lz_network.oci_core_vcn.these",
            "module.oci_lz_orchestrator.module.oci_lz_tags.data.oci_identity_tag.default_created_by",
            "module.oci_lz_orchestrator.module.oci_lz_tags.data.oci_identity_tag.default_created_on",
            "module.oci_lz_orchestrator.module.oci_lz_tags.data.oci_identity_tag_namespaces.oracle_default",
            "module.oci_lz_orchestrator.module.oci_lz_tags.oci_identity_tag.these",
            "module.oci_lz_orchestrator.module.oci_lz_tags.oci_identity_tag_default.these",
            "module.oci_lz_orchestrator.module.oci_lz_tags.oci_identity_tag_namespace.these",
            "module.oci_lz_orchestrator.module.oci_lz_zpr.data.oci_identity_regions.these",
            "module.oci_lz_orchestrator.module.oci_lz_zpr.data.oci_security_attribute_security_attribute_namespaces.default_security_attribute_namespaces",
            "module.oci_lz_orchestrator.module.oci_lz_zpr.data.oci_security_attribute_security_attribute_namespaces.query_security_attribute_namespaces",
            "module.oci_lz_orchestrator.module.oci_lz_zpr.data.oci_zpr_configuration.this",
            "module.oci_lz_orchestrator.module.oci_lz_zpr.oci_security_attribute_security_attribute.these",
            "module.oci_lz_orchestrator.module.oci_lz_zpr.oci_security_attribute_security_attribute_namespace.these",
            "module.oci_lz_orchestrator.module.oci_lz_zpr.oci_zpr_configuration.this",
            "module.oci_lz_orchestrator.module.oci_lz_zpr.oci_zpr_zpr_policy.these",
            "module.oci_lz_orchestrator.module.oci_lz_zpr.time_sleep.wait_after_zpr_configuration"
          ]
        }
      ]
    },
    {
      "module": "module.oci_lz_orchestrator.module.oci_lz_policies[0]",
      "mode": "data",
      "type": "oci_identity_region_subscriptions",
      "name": "these",
      "provider": "module.oci_lz_orchestrator.provider[\"registry.terraform.io/oracle/oci\"].home",
      "instances": [
        {
          "schema_version": 0,
          "attributes": {
            "filter": null,
            "id": "IdentityRegionSubscriptionsDataSource-1032845147",
            "region_subscriptions": [
              {
                "is_home_region": true,
                "region_key": "VLL",
                "region_name": "eu-madrid-2",
                "state": "READY",
                "tenancy_id": ""
              }
            ],
            "tenancy_id": "ocid1.tenancy.oc19..aaaaaaaa4ftkyx3ao73kndo3mbltj6gtbf27mxbgpu65a33ipgo2wqyj4zba"
          },
          "sensitive_attributes": []
        }
      ]
    },
    {
      "module": "module.oci_lz_orchestrator.module.oci_lz_policies[0]",
      "mode": "data",
      "type": "oci_identity_tenancy",
      "name": "this",
      "provider": "module.oci_lz_orchestrator.provider[\"registry.terraform.io/oracle/oci\"].home",
      "instances": [
        {
          "schema_version": 0,
          "attributes": {
            "defined_tags": {},
            "description": "TENLS-6209",
            "freeform_tags": {},
            "home_region_key": "VLL",
            "id": "ocid1.tenancy.oc19..aaaaaaaa4ftkyx3ao73kndo3mbltj6gtbf27mxbgpu65a33ipgo2wqyj4zba",
            "name": "seguridadsocial",
            "tenancy_id": "ocid1.tenancy.oc19..aaaaaaaa4ftkyx3ao73kndo3mbltj6gtbf27mxbgpu65a33ipgo2wqyj4zba",
            "upi_idcs_compatibility_layer_endpoint": null
          },
          "sensitive_attributes": []
        }
      ]
    },
    {
      "module": "module.oci_lz_orchestrator.module.oci_lz_policies[0]",
      "mode": "managed",
      "type": "oci_identity_policy",
      "name": "these",
      "provider": "module.oci_lz_orchestrator.provider[\"registry.terraform.io/oracle/oci\"].home",
      "instances": [
        {
          "index_key": "PCY-AUDITING-ADMIN-KEY",
          "schema_version": 0,
          "attributes": {
            "ETag": "aa1b75067c9cc345d7e2b6f3b872f24803e80993",
            "compartment_id": "ocid1.tenancy.oc19..aaaaaaaa4ftkyx3ao73kndo3mbltj6gtbf27mxbgpu65a33ipgo2wqyj4zba",
            "defined_tags": {
              "Oracle-Tags.CreatedBy": "default/jorge.e.torlaschi@accenture.com",
              "Oracle-Tags.CreatedOn": "2026-02-27T12:26:54.905Z"
            },
            "description": "Allow o-p-om2-grp-admi-auditors-001 group users to read all the resources in the tenancy.",
            "freeform_tags": {
              "ocilz-terraform-module": "iam-policies/0.3.3\n"
            },
            "id": "ocid1.policy.oc19..aaaaaaaavv72x3qutpmd4o7knjrdb3vfavgws6qsorogwqdnnnhrpwmclaja",
            "inactive_state": null,
            "lastUpdateETag": "aa1b75067c9cc345d7e2b6f3b872f24803e80993",
            "name": "o-p-om2-pcy-auda-001",
            "policyHash": "e730b8858c9ae7d01d367098d53dc7b6",
            "state": "ACTIVE",
            "statements": [
              "allow group 'o-p-om2-id-common-001'/'o-p-om2-grp-admi-auditors-001' to inspect all-resources in tenancy",
              "allow group 'o-p-om2-id-common-001'/'o-p-om2-grp-admi-auditors-001' to read instances in tenancy",
              "allow group 'o-p-om2-id-common-001'/'o-p-om2-grp-admi-auditors-001' to read load-balancers in tenancy",
              "allow group 'o-p-om2-id-common-001'/'o-p-om2-grp-admi-auditors-001' to read buckets in tenancy",
              "allow group 'o-p-om2-id-common-001'/'o-p-om2-grp-admi-auditors-001' to read nat-gateways in tenancy",
              "allow group 'o-p-om2-id-common-001'/'o-p-om2-grp-admi-auditors-001' to read public-ips in tenancy",
              "allow group 'o-p-om2-id-common-001'/'o-p-om2-grp-admi-auditors-001' to read file-family in tenancy",
              "allow group 'o-p-om2-id-common-001'/'o-p-om2-grp-admi-auditors-001' to read instance-configurations in tenancy",
              "allow group 'o-p-om2-id-common-001'/'o-p-om2-grp-admi-auditors-001' to read network-security-groups in tenancy",
              "allow group 'o-p-om2-id-common-001'/'o-p-om2-grp-admi-auditors-001' to read resource-availability in tenancy",
              "allow group 'o-p-om2-id-common-001'/'o-p-om2-grp-admi-auditors-001' to read audit-events in tenancy",
              "allow group 'o-p-om2-id-common-001'/'o-p-om2-grp-admi-auditors-001' to read users in tenancy",
              "allow group 'o-p-om2-id-common-001'/'o-p-om2-grp-admi-auditors-001' to use cloud-shell in tenancy",
              "allow group 'o-p-om2-id-common-001'/'o-p-om2-grp-admi-auditors-001' to read vss-family in tenancy",
              "allow group 'o-p-om2-id-common-001'/'o-p-om2-grp-admi-auditors-001' to read usage-budgets in tenancy",
              "allow group 'o-p-om2-id-common-001'/'o-p-om2-grp-admi-auditors-001' to read usage-reports in tenancy",
              "allow group 'o-p-om2-id-common-001'/'o-p-om2-grp-admi-auditors-001' to read data-safe-family in tenancy",
              "allow group 'o-p-om2-id-common-001'/'o-p-om2-grp-admi-auditors-001' to read vaults in tenancy",
              "allow group 'o-p-om2-id-common-001'/'o-p-om2-grp-admi-auditors-001' to read keys in tenancy",
              "allow group 'o-p-om2-id-common-001'/'o-p-om2-grp-admi-auditors-001' to read tag-namespaces in tenancy",
              "allow group 'o-p-om2-id-common-001'/'o-p-om2-grp-admi-auditors-001' to read serviceconnectors in tenancy",
              "allow group 'o-p-om2-id-common-001'/'o-p-om2-grp-admi-auditors-001' to use ons-family in tenancy where any {request.operation!=/Create*/, request.operation!=/Update*/, request.operation!=/Delete*/, request.operation!=/Change*/}"
            ],
            "time_created": "2026-02-27 12:26:54.937 +0000 UTC",
            "timeouts": null,
            "version_date": null
          },
          "sensitive_attributes": [],
          "private": "eyJlMmJmYjczMC1lY2FhLTExZTYtOGY4OC0zNDM2M2JjN2M0YzAiOnsiY3JlYXRlIjoxMjAwMDAwMDAwMDAwLCJkZWxldGUiOjEyMDAwMDAwMDAwMDAsInVwZGF0ZSI6MTIwMDAwMDAwMDAwMH19",
          "dependencies": [
            "data.github_repository_file.configurations",
            "data.github_repository_file.dependencies",
            "data.github_repository_file.url_dependencies",
            "data.http.configurations",
            "data.oci_objectstorage_namespace.this",
            "data.oci_objectstorage_object.configurations",
            "data.oci_objectstorage_object.dependencies",
            "data.oci_objectstorage_object.url_dependencies",
            "module.oci_lz_orchestrator.data.oci_identity_regions.these",
            "module.oci_lz_orchestrator.data.oci_identity_tenancy.this",
            "module.oci_lz_orchestrator.module.oci_lz_compartments.oci_identity_compartment.level_2",
            "module.oci_lz_orchestrator.module.oci_lz_compartments.oci_identity_compartment.level_3",
            "module.oci_lz_orchestrator.module.oci_lz_compartments.oci_identity_compartment.level_4",
            "module.oci_lz_orchestrator.module.oci_lz_compartments.oci_identity_compartment.level_5",
            "module.oci_lz_orchestrator.module.oci_lz_compartments.oci_identity_compartment.level_6",
            "module.oci_lz_orchestrator.module.oci_lz_compartments.oci_identity_compartment.these",
            "module.oci_lz_orchestrator.module.oci_lz_compartments.oci_identity_tag_default.these",
            "module.oci_lz_orchestrator.module.oci_lz_dynamic_groups.oci_identity_dynamic_group.these",
            "module.oci_lz_orchestrator.module.oci_lz_groups.data.oci_identity_users.these",
            "module.oci_lz_orchestrator.module.oci_lz_groups.oci_identity_group.these",
            "module.oci_lz_orchestrator.module.oci_lz_groups.oci_identity_user_group_membership.these",
            "module.oci_lz_orchestrator.module.oci_lz_policies.data.oci_identity_region_subscriptions.these",
            "module.oci_lz_orchestrator.module.oci_lz_policies.data.oci_identity_tenancy.this",
            "module.oci_lz_orchestrator.module.oci_lz_tags.data.oci_identity_tag.default_created_by",
            "module.oci_lz_orchestrator.module.oci_lz_tags.data.oci_identity_tag.default_created_on",
            "module.oci_lz_orchestrator.module.oci_lz_tags.data.oci_identity_tag_namespaces.oracle_default",
            "module.oci_lz_orchestrator.module.oci_lz_tags.oci_identity_tag.these",
            "module.oci_lz_orchestrator.module.oci_lz_tags.oci_identity_tag_default.these",
            "module.oci_lz_orchestrator.module.oci_lz_tags.oci_identity_tag_namespace.these"
          ]
        },
        {
          "index_key": "PCY-COST-ADMIN-KEY",
          "schema_version": 0,
          "attributes": {
            "ETag": "6c5b4817b8bf5bea2d769a7e96735b7592085ed9",
            "compartment_id": "ocid1.tenancy.oc19..aaaaaaaa4ftkyx3ao73kndo3mbltj6gtbf27mxbgpu65a33ipgo2wqyj4zba",
            "defined_tags": {
              "Oracle-Tags.CreatedBy": "default/jorge.e.torlaschi@accenture.com",
              "Oracle-Tags.CreatedOn": "2026-02-27T12:26:54.894Z"
            },
            "description": "Allow o-p-om2-grp-admi-costs-001 group users to manage all budget resources in the tenancy.",
            "freeform_tags": {
              "ocilz-terraform-module": "iam-policies/0.3.3\n"
            },
            "id": "ocid1.policy.oc19..aaaaaaaa7nmplikf2gheffadglhcdd3bj6grbhazddgbjekvaob4bp6zv4uq",
            "inactive_state": null,
            "lastUpdateETag": "6c5b4817b8bf5bea2d769a7e96735b7592085ed9",
            "name": "o-p-om2-pcy-costs-001",
            "policyHash": "e1e37c44f80a74ae67bf4a7091b9e660",
            "state": "ACTIVE",
            "statements": [
              "define tenancy usage-report as ocid1.tenancy.oc1..aaaaaaaaned4fkpkisbwjlr56u7cj63lf3wffbilvqknstgtvzub7vhqkggq",
              "endorse group 'o-p-om2-id-common-001'/'o-p-om2-grp-admi-costs-001' to read objects in tenancy usage-report",
              "allow group 'o-p-om2-id-common-001'/'o-p-om2-grp-admi-costs-001' to manage usage-report in tenancy",
              "allow group 'o-p-om2-id-common-001'/'o-p-om2-grp-admi-costs-001' to manage usage-budgets in tenancy"
            ],
            "time_created": "2026-02-27 12:26:54.969 +0000 UTC",
            "timeouts": null,
            "version_date": null
          },
          "sensitive_attributes": [],
          "private": "eyJlMmJmYjczMC1lY2FhLTExZTYtOGY4OC0zNDM2M2JjN2M0YzAiOnsiY3JlYXRlIjoxMjAwMDAwMDAwMDAwLCJkZWxldGUiOjEyMDAwMDAwMDAwMDAsInVwZGF0ZSI6MTIwMDAwMDAwMDAwMH19",
          "dependencies": [
            "data.github_repository_file.configurations",
            "data.github_repository_file.dependencies",
            "data.github_repository_file.url_dependencies",
            "data.http.configurations",
            "data.oci_objectstorage_namespace.this",
            "data.oci_objectstorage_object.configurations",
            "data.oci_objectstorage_object.dependencies",
            "data.oci_objectstorage_object.url_dependencies",
            "module.oci_lz_orchestrator.data.oci_identity_regions.these",
            "module.oci_lz_orchestrator.data.oci_identity_tenancy.this",
            "module.oci_lz_orchestrator.module.oci_lz_compartments.oci_identity_compartment.level_2",
            "module.oci_lz_orchestrator.module.oci_lz_compartments.oci_identity_compartment.level_3",
            "module.oci_lz_orchestrator.module.oci_lz_compartments.oci_identity_compartment.level_4",
            "module.oci_lz_orchestrator.module.oci_lz_compartments.oci_identity_compartment.level_5",
            "module.oci_lz_orchestrator.module.oci_lz_compartments.oci_identity_compartment.level_6",
            "module.oci_lz_orchestrator.module.oci_lz_compartments.oci_identity_compartment.these",
            "module.oci_lz_orchestrator.module.oci_lz_compartments.oci_identity_tag_default.these",
            "module.oci_lz_orchestrator.module.oci_lz_dynamic_groups.oci_identity_dynamic_group.these",
            "module.oci_lz_orchestrator.module.oci_lz_groups.data.oci_identity_users.these",
            "module.oci_lz_orchestrator.module.oci_lz_groups.oci_identity_group.these",
            "module.oci_lz_orchestrator.module.oci_lz_groups.oci_identity_user_group_membership.these",
            "module.oci_lz_orchestrator.module.oci_lz_policies.data.oci_identity_region_subscriptions.these",
            "module.oci_lz_orchestrator.module.oci_lz_policies.data.oci_identity_tenancy.this",
            "module.oci_lz_orchestrator.module.oci_lz_tags.data.oci_identity_tag.default_created_by",
            "module.oci_lz_orchestrator.module.oci_lz_tags.data.oci_identity_tag.default_created_on",
            "module.oci_lz_orchestrator.module.oci_lz_tags.data.oci_identity_tag_namespaces.oracle_default",
            "module.oci_lz_orchestrator.module.oci_lz_tags.oci_identity_tag.these",
            "module.oci_lz_orchestrator.module.oci_lz_tags.oci_identity_tag_default.these",
            "module.oci_lz_orchestrator.module.oci_lz_tags.oci_identity_tag_namespace.these"
          ]
        },
        {
          "index_key": "PCY-GENERIC-ADMIN-KEY",
          "schema_version": 0,
          "attributes": {
            "ETag": "f4b25ad23e2bf0d1a30e51e574a02d48f6c5ed31",
            "compartment_id": "ocid1.tenancy.oc19..aaaaaaaa4ftkyx3ao73kndo3mbltj6gtbf27mxbgpu65a33ipgo2wqyj4zba",
            "defined_tags": {
              "Oracle-Tags.CreatedBy": "default/jorge.e.torlaschi@accenture.com",
              "Oracle-Tags.CreatedOn": "2026-02-27T12:26:54.846Z"
            },
            "description": "Allow defined groups to use generic services.",
            "freeform_tags": {
              "ocilz-terraform-module": "iam-policies/0.3.3\n"
            },
            "id": "ocid1.policy.oc19..aaaaaaaautkyvbl5sn27bxiah72ho667727kmmzyvelgoc4kat4vhohiw34a",
            "inactive_state": null,
            "lastUpdateETag": "f4b25ad23e2bf0d1a30e51e574a02d48f6c5ed31",
            "name": "o-p-om2-pcy-gadm-001",
            "policyHash": "098c2c5f32df88edf88841034c20a864",
            "state": "ACTIVE",
            "statements": [
              "allow group 'o-p-om2-id-common-001'/'o-p-om2-grp-admi-iam-001', 'o-p-om2-id-common-001'/'o-p-om2-grp-admi-auditors-001', 'o-p-om2-id-common-001'/'o-p-om2-grp-seca-001', 'o-p-om2-id-common-001'/'o-p-om2-grp-neta-001' to use cloud-shell in tenancy",
              "allow group 'o-p-om2-id-common-001'/'o-p-om2-grp-admi-iam-001', 'o-p-om2-id-common-001'/'o-p-om2-grp-admi-auditors-001', 'o-p-om2-id-common-001'/'o-p-om2-grp-seca-001', 'o-p-om2-id-common-001'/'o-p-om2-grp-neta-001' to use cloud-shell-public-network in tenancy",
              "allow group 'o-p-om2-id-common-001'/'o-p-om2-grp-admi-iam-001', 'o-p-om2-id-common-001'/'o-p-om2-grp-admi-auditors-001', 'o-p-om2-id-common-001'/'o-p-om2-grp-seca-001', 'o-p-om2-id-common-001'/'o-p-om2-grp-neta-001' to read usage-budgets in tenancy",
              "allow group 'o-p-om2-id-common-001'/'o-p-om2-grp-admi-iam-001', 'o-p-om2-id-common-001'/'o-p-om2-grp-admi-auditors-001', 'o-p-om2-id-common-001'/'o-p-om2-grp-seca-001', 'o-p-om2-id-common-001'/'o-p-om2-grp-neta-001' to read usage-reports in tenancy",
              "allow group 'o-p-om2-id-common-001'/'o-p-om2-grp-admi-iam-001', 'o-p-om2-id-common-001'/'o-p-om2-grp-admi-auditors-001', 'o-p-om2-id-common-001'/'o-p-om2-grp-seca-001', 'o-p-om2-id-common-001'/'o-p-om2-grp-neta-001' to read objectstorage-namespaces in tenancy",
              "allow any-user to inspect tag-namespaces in tenancy where target.tag-namespace.name='o-p-om2-tagns-name-001'"
            ],
            "time_created": "2026-02-27 12:26:54.857 +0000 UTC",
            "timeouts": null,
            "version_date": null
          },
          "sensitive_attributes": [],
          "private": "eyJlMmJmYjczMC1lY2FhLTExZTYtOGY4OC0zNDM2M2JjN2M0YzAiOnsiY3JlYXRlIjoxMjAwMDAwMDAwMDAwLCJkZWxldGUiOjEyMDAwMDAwMDAwMDAsInVwZGF0ZSI6MTIwMDAwMDAwMDAwMH19",
          "dependencies": [
            "data.github_repository_file.configurations",
            "data.github_repository_file.dependencies",
            "data.github_repository_file.url_dependencies",
            "data.http.configurations",
            "data.oci_objectstorage_namespace.this",
            "data.oci_objectstorage_object.configurations",
            "data.oci_objectstorage_object.dependencies",
            "data.oci_objectstorage_object.url_dependencies",
            "module.oci_lz_orchestrator.data.oci_identity_regions.these",
            "module.oci_lz_orchestrator.data.oci_identity_tenancy.this",
            "module.oci_lz_orchestrator.module.oci_lz_compartments.oci_identity_compartment.level_2",
            "module.oci_lz_orchestrator.module.oci_lz_compartments.oci_identity_compartment.level_3",
            "module.oci_lz_orchestrator.module.oci_lz_compartments.oci_identity_compartment.level_4",
            "module.oci_lz_orchestrator.module.oci_lz_compartments.oci_identity_compartment.level_5",
            "module.oci_lz_orchestrator.module.oci_lz_compartments.oci_identity_compartment.level_6",
            "module.oci_lz_orchestrator.module.oci_lz_compartments.oci_identity_compartment.these",
            "module.oci_lz_orchestrator.module.oci_lz_compartments.oci_identity_tag_default.these",
            "module.oci_lz_orchestrator.module.oci_lz_dynamic_groups.oci_identity_dynamic_group.these",
            "module.oci_lz_orchestrator.module.oci_lz_groups.data.oci_identity_users.these",
            "module.oci_lz_orchestrator.module.oci_lz_groups.oci_identity_group.these",
            "module.oci_lz_orchestrator.module.oci_lz_groups.oci_identity_user_group_membership.these",
            "module.oci_lz_orchestrator.module.oci_lz_policies.data.oci_identity_region_subscriptions.these",
            "module.oci_lz_orchestrator.module.oci_lz_policies.data.oci_identity_tenancy.this",
            "module.oci_lz_orchestrator.module.oci_lz_tags.data.oci_identity_tag.default_created_by",
            "module.oci_lz_orchestrator.module.oci_lz_tags.data.oci_identity_tag.default_created_on",
            "module.oci_lz_orchestrator.module.oci_lz_tags.data.oci_identity_tag_namespaces.oracle_default",
            "module.oci_lz_orchestrator.module.oci_lz_tags.oci_identity_tag.these",
            "module.oci_lz_orchestrator.module.oci_lz_tags.oci_identity_tag_default.these",
            "module.oci_lz_orchestrator.module.oci_lz_tags.oci_identity_tag_namespace.these"
          ]
        },
        {
          "index_key": "PCY-GLOBALSERV-ADMIN-KEY",
          "schema_version": 0,
          "attributes": {
            "ETag": "92eded79ece30f227a51842cba6ad2712b0434e0",
            "compartment_id": "ocid1.tenancy.oc19..aaaaaaaa4ftkyx3ao73kndo3mbltj6gtbf27mxbgpu65a33ipgo2wqyj4zba",
            "defined_tags": {
              "Oracle-Tags.CreatedBy": "default/jorge.e.torlaschi@accenture.com",
              "Oracle-Tags.CreatedOn": "2026-02-27T12:26:55.001Z"
            },
            "description": "Allow o-p-om2-grp-admi-globresou-001 group users to manage gloabal service, as cloud guard",
            "freeform_tags": {
              "ocilz-terraform-module": "iam-policies/0.3.3\n"
            },
            "id": "ocid1.policy.oc19..aaaaaaaadpicfmbs2dnvgwv57sdmai4svrao5a2rvj7iez2rzurtmt4domwa",
            "inactive_state": null,
            "lastUpdateETag": "92eded79ece30f227a51842cba6ad2712b0434e0",
            "name": "o-p-om2-pcy-globalserv-001",
            "policyHash": "419e4cdc17ae7e02d99eebe7dbf51203",
            "state": "ACTIVE",
            "statements": [
              "allow group 'o-p-om2-id-common-001'/'o-p-om2-grp-admi-globalserv-001' to manage cloudevents-rules in tenancy",
              "allow group 'o-p-om2-id-common-001'/'o-p-om2-grp-admi-globalserv-001' to manage cloud-guard-family in tenancy",
              "allow group 'o-p-om2-id-common-001'/'o-p-om2-grp-admi-globalserv-001' to read tenancies in tenancy"
            ],
            "time_created": "2026-02-27 12:26:55.134 +0000 UTC",
            "timeouts": null,
            "version_date": null
          },
          "sensitive_attributes": [],
          "private": "eyJlMmJmYjczMC1lY2FhLTExZTYtOGY4OC0zNDM2M2JjN2M0YzAiOnsiY3JlYXRlIjoxMjAwMDAwMDAwMDAwLCJkZWxldGUiOjEyMDAwMDAwMDAwMDAsInVwZGF0ZSI6MTIwMDAwMDAwMDAwMH19",
          "dependencies": [
            "data.github_repository_file.configurations",
            "data.github_repository_file.dependencies",
            "data.github_repository_file.url_dependencies",
            "data.http.configurations",
            "data.oci_objectstorage_namespace.this",
            "data.oci_objectstorage_object.configurations",
            "data.oci_objectstorage_object.dependencies",
            "data.oci_objectstorage_object.url_dependencies",
            "module.oci_lz_orchestrator.data.oci_identity_regions.these",
            "module.oci_lz_orchestrator.data.oci_identity_tenancy.this",
            "module.oci_lz_orchestrator.module.oci_lz_compartments.oci_identity_compartment.level_2",
            "module.oci_lz_orchestrator.module.oci_lz_compartments.oci_identity_compartment.level_3",
            "module.oci_lz_orchestrator.module.oci_lz_compartments.oci_identity_compartment.level_4",
            "module.oci_lz_orchestrator.module.oci_lz_compartments.oci_identity_compartment.level_5",
            "module.oci_lz_orchestrator.module.oci_lz_compartments.oci_identity_compartment.level_6",
            "module.oci_lz_orchestrator.module.oci_lz_compartments.oci_identity_compartment.these",
            "module.oci_lz_orchestrator.module.oci_lz_compartments.oci_identity_tag_default.these",
            "module.oci_lz_orchestrator.module.oci_lz_dynamic_groups.oci_identity_dynamic_group.these",
            "module.oci_lz_orchestrator.module.oci_lz_groups.data.oci_identity_users.these",
            "module.oci_lz_orchestrator.module.oci_lz_groups.oci_identity_group.these",
            "module.oci_lz_orchestrator.module.oci_lz_groups.oci_identity_user_group_membership.these",
            "module.oci_lz_orchestrator.module.oci_lz_policies.data.oci_identity_region_subscriptions.these",
            "module.oci_lz_orchestrator.module.oci_lz_policies.data.oci_identity_tenancy.this",
            "module.oci_lz_orchestrator.module.oci_lz_tags.data.oci_identity_tag.default_created_by",
            "module.oci_lz_orchestrator.module.oci_lz_tags.data.oci_identity_tag.default_created_on",
            "module.oci_lz_orchestrator.module.oci_lz_tags.data.oci_identity_tag_namespaces.oracle_default",
            "module.oci_lz_orchestrator.module.oci_lz_tags.oci_identity_tag.these",
            "module.oci_lz_orchestrator.module.oci_lz_tags.oci_identity_tag_default.these",
            "module.oci_lz_orchestrator.module.oci_lz_tags.oci_identity_tag_namespace.these"
          ]
        },
        {
          "index_key": "PCY-IAM-ADMIN-KEY",
          "schema_version": 0,
          "attributes": {
            "ETag": "9a3f70383b38bf1882d70f1c74d1e485969a6d58",
            "compartment_id": "ocid1.tenancy.oc19..aaaaaaaa4ftkyx3ao73kndo3mbltj6gtbf27mxbgpu65a33ipgo2wqyj4zba",
            "defined_tags": {
              "Oracle-Tags.CreatedBy": "default/jorge.e.torlaschi@accenture.com",
              "Oracle-Tags.CreatedOn": "2026-02-27T12:26:54.889Z"
            },
            "description": "Allow o-p-om2-grp-admi-iam-001 group users to manage IAM resources in the tenancy.",
            "freeform_tags": {
              "ocilz-terraform-module": "iam-policies/0.3.3\n"
            },
            "id": "ocid1.policy.oc19..aaaaaaaage5nrb3jgwxinm6pfzwaszqj3ejetyucx5hnvf56c76oe45gxqza",
            "inactive_state": null,
            "lastUpdateETag": "9a3f70383b38bf1882d70f1c74d1e485969a6d58",
            "name": "o-p-om2-pcy-iam-001",
            "policyHash": "b8f9253922cf4d9d983d83f30208ecb5",
            "state": "ACTIVE",
            "statements": [
              "allow group 'o-p-om2-id-common-001'/'o-p-om2-grp-admi-iam-001' to manage policies in tenancy",
              "allow group 'o-p-om2-id-common-001'/'o-p-om2-grp-admi-iam-001' to manage users in tenancy",
              "allow group 'o-p-om2-id-common-001'/'o-p-om2-grp-admi-iam-001' to inspect groups in tenancy",
              "allow group 'o-p-om2-id-common-001'/'o-p-om2-grp-admi-iam-001' to manage groups in tenancy where all {target.group.name != 'Administrators'}",
              "allow group 'o-p-om2-id-common-001'/'o-p-om2-grp-admi-iam-001' to manage identity-providers in tenancy",
              "allow group 'o-p-om2-id-common-001'/'o-p-om2-grp-admi-iam-001' to manage dynamic-groups in tenancy",
              "allow group 'o-p-om2-id-common-001'/'o-p-om2-grp-admi-iam-001' to manage authentication-policies in tenancy",
              "allow group 'o-p-om2-id-common-001'/'o-p-om2-grp-admi-iam-001' to manage network-sources in tenancy",
              "allow group 'o-p-om2-id-common-001'/'o-p-om2-grp-admi-iam-001' to manage quota in tenancy",
              "allow group 'o-p-om2-id-common-001'/'o-p-om2-grp-admi-iam-001' to manage tag-defaults in tenancy",
              "allow group 'o-p-om2-id-common-001'/'o-p-om2-grp-admi-iam-001' to manage tag-namespaces in tenancy",
              "allow group 'o-p-om2-id-common-001'/'o-p-om2-grp-admi-iam-001' to manage orm-jobs in tenancy",
              "allow group 'o-p-om2-id-common-001'/'o-p-om2-grp-admi-iam-001' to manage orm-config-source-providers in tenancy"
            ],
            "time_created": "2026-02-27 12:26:55.276 +0000 UTC",
            "timeouts": null,
            "version_date": null
          },
          "sensitive_attributes": [],
          "private": "eyJlMmJmYjczMC1lY2FhLTExZTYtOGY4OC0zNDM2M2JjN2M0YzAiOnsiY3JlYXRlIjoxMjAwMDAwMDAwMDAwLCJkZWxldGUiOjEyMDAwMDAwMDAwMDAsInVwZGF0ZSI6MTIwMDAwMDAwMDAwMH19",
          "dependencies": [
            "data.github_repository_file.configurations",
            "data.github_repository_file.dependencies",
            "data.github_repository_file.url_dependencies",
            "data.http.configurations",
            "data.oci_objectstorage_namespace.this",
            "data.oci_objectstorage_object.configurations",
            "data.oci_objectstorage_object.dependencies",
            "data.oci_objectstorage_object.url_dependencies",
            "module.oci_lz_orchestrator.data.oci_identity_regions.these",
            "module.oci_lz_orchestrator.data.oci_identity_tenancy.this",
            "module.oci_lz_orchestrator.module.oci_lz_compartments.oci_identity_compartment.level_2",
            "module.oci_lz_orchestrator.module.oci_lz_compartments.oci_identity_compartment.level_3",
            "module.oci_lz_orchestrator.module.oci_lz_compartments.oci_identity_compartment.level_4",
            "module.oci_lz_orchestrator.module.oci_lz_compartments.oci_identity_compartment.level_5",
            "module.oci_lz_orchestrator.module.oci_lz_compartments.oci_identity_compartment.level_6",
            "module.oci_lz_orchestrator.module.oci_lz_compartments.oci_identity_compartment.these",
            "module.oci_lz_orchestrator.module.oci_lz_compartments.oci_identity_tag_default.these",
            "module.oci_lz_orchestrator.module.oci_lz_dynamic_groups.oci_identity_dynamic_group.these",
            "module.oci_lz_orchestrator.module.oci_lz_groups.data.oci_identity_users.these",
            "module.oci_lz_orchestrator.module.oci_lz_groups.oci_identity_group.these",
            "module.oci_lz_orchestrator.module.oci_lz_groups.oci_identity_user_group_membership.these",
            "module.oci_lz_orchestrator.module.oci_lz_policies.data.oci_identity_region_subscriptions.these",
            "module.oci_lz_orchestrator.module.oci_lz_policies.data.oci_identity_tenancy.this",
            "module.oci_lz_orchestrator.module.oci_lz_tags.data.oci_identity_tag.default_created_by",
            "module.oci_lz_orchestrator.module.oci_lz_tags.data.oci_identity_tag.default_created_on",
            "module.oci_lz_orchestrator.module.oci_lz_tags.data.oci_identity_tag_namespaces.oracle_default",
            "module.oci_lz_orchestrator.module.oci_lz_tags.oci_identity_tag.these",
            "module.oci_lz_orchestrator.module.oci_lz_tags.oci_identity_tag_default.these",
            "module.oci_lz_orchestrator.module.oci_lz_tags.oci_identity_tag_namespace.these"
          ]
        },
        {
          "index_key": "PCY-LZ-PLATFORM-EXACS-DB-ADMIN-KEY",
          "schema_version": 0,
          "attributes": {
            "ETag": "5359009245a556e60c0a2d865fc6d355aaccc1bd",
            "compartment_id": "ocid1.compartment.oc19..aaaaaaaay3khgdz6euxlks7pja7uxv6d4czkxlp75ynqgyjkrjylf3tgsubq",
            "defined_tags": {
              "Oracle-Tags.CreatedBy": "default/jorge.e.torlaschi@accenture.com",
              "Oracle-Tags.CreatedOn": "2026-02-27T12:26:54.990Z"
            },
            "description": "Example policy which allows the o-p-om2-grp-admi-database-001 group users to manage databases in all the environments and projects.",
            "freeform_tags": {
              "ocilz-terraform-module": "iam-policies/0.3.3\n"
            },
            "id": "ocid1.policy.oc19..aaaaaaaafpwyhpv66ai3gh5lyc36pnegduo6jre2hjb6dpyz6by2ogonatna",
            "inactive_state": null,
            "lastUpdateETag": "5359009245a556e60c0a2d865fc6d355aaccc1bd",
            "name": "o-p-om2-pcy-edb-001",
            "policyHash": "135bfe713093193469f48d45db269945",
            "state": "ACTIVE",
            "statements": [
              "allow group 'o-p-om2-id-common-001'/'o-p-om2-grp-admi-database-001' to manage orm-stacks in compartment o-p-om2-cmp-land-001 where sets-intersect(target.resource.compartment.tag.o-p-om2-tagns-name-001.o-p-om2-tag-role-001, ('o-p-om2-tag-role-exadb-001'))",
              "allow group 'o-p-om2-id-common-001'/'o-p-om2-grp-admi-database-001' to manage orm-jobs in compartment o-p-om2-cmp-land-001 where sets-intersect(target.resource.compartment.tag.o-p-om2-tagns-name-001.o-p-om2-tag-role-001, ('o-p-om2-tag-role-exadb-001'))",
              "allow group 'o-p-om2-id-common-001'/'o-p-om2-grp-admi-database-001' to manage orm-config-source-providers in compartment o-p-om2-cmp-land-001 where sets-intersect(target.resource.compartment.tag.o-p-om2-tagns-name-001.o-p-om2-tag-role-001, ('o-p-om2-tag-role-exadb-001'))",
              "allow group 'o-p-om2-id-common-001'/'o-p-om2-grp-admi-database-001' to read audit-events in compartment o-p-om2-cmp-land-001 where sets-intersect(target.resource.compartment.tag.o-p-om2-tagns-name-001.o-p-om2-tag-role-001, ('o-p-om2-tag-role-exadb-001'))",
              "allow group 'o-p-om2-id-common-001'/'o-p-om2-grp-admi-database-001' to read work-requests in compartment o-p-om2-cmp-land-001 where sets-intersect(target.resource.compartment.tag.o-p-om2-tagns-name-001.o-p-om2-tag-role-001, ('o-p-om2-tag-role-exadb-001'))",
              "allow group 'o-p-om2-id-common-001'/'o-p-om2-grp-admi-database-001' to manage data-safe-family in compartment o-p-om2-cmp-land-001 where sets-intersect(target.resource.compartment.tag.o-p-om2-tagns-name-001.o-p-om2-tag-role-001, ('o-p-om2-tag-role-exadb-001'))",
              "allow group 'o-p-om2-id-common-001'/'o-p-om2-grp-admi-database-001' to manage cloudevents-rules in compartment o-p-om2-cmp-land-001 where sets-intersect(target.resource.compartment.tag.o-p-om2-tagns-name-001.o-p-om2-tag-role-001, ('o-p-om2-tag-role-exadb-001'))",
              "allow group 'o-p-om2-id-common-001'/'o-p-om2-grp-admi-database-001' to use cloud-exadata-infrastructures in compartment o-p-om2-cmp-land-001 where all{sets-intersect(target.resource.compartment.tag.o-p-om2-tagns-name-001.o-p-om2-tag-role-001, ('o-p-om2-tag-role-exadb-001')), request.operation != 'ChangeCloudExadataInfrastructureCompartment', request.operation != 'AddStorageCapacityCloudExadataInfrastructure'}",
              "allow group 'o-p-om2-id-common-001'/'o-p-om2-grp-admi-database-001' to use cloud-vmclusters in compartment o-p-om2-cmp-land-001 where all{sets-intersect(target.resource.compartment.tag.o-p-om2-tagns-name-001.o-p-om2-tag-role-001, ('o-p-om2-tag-role-exadb-001')), request.permission != 'CLOUD_VM_CLUSTER_UPDATE_SSH_KEY', request.permission != 'CLOUD_VM_CLUSTER_UPDATE_CPU', request.permission != 'CLOUD_VM_CLUSTER_UPDATE_MEMORY', request.permission !='CLOUD_VM_CLUSTER_UPDATE_LOCAL_STORAGE', request.permission != 'CLOUD_VM_CLUSTER_UPDATE_FILE_SYSTEM'}",
              "allow group 'o-p-om2-id-common-001'/'o-p-om2-grp-admi-database-001' to manage backups in compartment o-p-om2-cmp-land-001 where sets-intersect(target.resource.compartment.tag.o-p-om2-tagns-name-001.o-p-om2-tag-role-001, ('o-p-om2-tag-role-exadb-001'))",
              "allow group 'o-p-om2-id-common-001'/'o-p-om2-grp-admi-database-001' to manage database-software-image in compartment o-p-om2-cmp-land-001 where sets-intersect(target.resource.compartment.tag.o-p-om2-tagns-name-001.o-p-om2-tag-role-001, ('o-p-om2-tag-role-exadb-001'))",
              "allow group 'o-p-om2-id-common-001'/'o-p-om2-grp-admi-database-001' to manage db-homes in compartment o-p-om2-cmp-land-001 where sets-intersect(target.resource.compartment.tag.o-p-om2-tagns-name-001.o-p-om2-tag-role-001, ('o-p-om2-tag-role-exadb-001'))",
              "allow group 'o-p-om2-id-common-001'/'o-p-om2-grp-admi-database-001' to manage databases in compartment o-p-om2-cmp-land-001 where sets-intersect(target.resource.compartment.tag.o-p-om2-tagns-name-001.o-p-om2-tag-role-001, ('o-p-om2-tag-role-exadb-001'))",
              "allow group 'o-p-om2-id-common-001'/'o-p-om2-grp-admi-database-001' to manage pluggable-databases in compartment o-p-om2-cmp-land-001 where sets-intersect(target.resource.compartment.tag.o-p-om2-tagns-name-001.o-p-om2-tag-role-001, ('o-p-om2-tag-role-exadb-001'))",
              "allow group 'o-p-om2-id-common-001'/'o-p-om2-grp-admi-database-001' to manage autonomous-databases in compartment o-p-om2-cmp-land-001 where sets-intersect(target.resource.compartment.tag.o-p-om2-tagns-name-001.o-p-om2-tag-role-001, ('o-p-om2-tag-role-exadb-001'))",
              "allow group 'o-p-om2-id-common-001'/'o-p-om2-grp-admi-database-001' to manage autonomous-backups in compartment o-p-om2-cmp-land-001 where sets-intersect(target.resource.compartment.tag.o-p-om2-tagns-name-001.o-p-om2-tag-role-001, ('o-p-om2-tag-role-exadb-001'))",
              "allow group 'o-p-om2-id-common-001'/'o-p-om2-grp-admi-database-001' to manage autonomous-container-databases in compartment o-p-om2-cmp-land-001 where sets-intersect(target.resource.compartment.tag.o-p-om2-tagns-name-001.o-p-om2-tag-role-001, ('o-p-om2-tag-role-exadb-001'))",
              "allow group 'o-p-om2-id-common-001'/'o-p-om2-grp-admi-database-001' to read virtual-network-family in compartment o-p-om2-cmp-land-001 where sets-intersect(target.resource.compartment.tag.o-p-om2-tagns-name-001.o-p-om2-tag-role-001, ('o-p-om2-tag-role-network-001'))"
            ],
            "time_created": "2026-02-27 12:26:54.999 +0000 UTC",
            "timeouts": null,
            "version_date": null
          },
          "sensitive_attributes": [],
          "private": "eyJlMmJmYjczMC1lY2FhLTExZTYtOGY4OC0zNDM2M2JjN2M0YzAiOnsiY3JlYXRlIjoxMjAwMDAwMDAwMDAwLCJkZWxldGUiOjEyMDAwMDAwMDAwMDAsInVwZGF0ZSI6MTIwMDAwMDAwMDAwMH19",
          "dependencies": [
            "data.github_repository_file.configurations",
            "data.github_repository_file.dependencies",
            "data.github_repository_file.url_dependencies",
            "data.http.configurations",
            "data.oci_objectstorage_namespace.this",
            "data.oci_objectstorage_object.configurations",
            "data.oci_objectstorage_object.dependencies",
            "data.oci_objectstorage_object.url_dependencies",
            "module.oci_lz_orchestrator.data.oci_identity_regions.these",
            "module.oci_lz_orchestrator.data.oci_identity_tenancy.this",
            "module.oci_lz_orchestrator.module.oci_lz_compartments.oci_identity_compartment.level_2",
            "module.oci_lz_orchestrator.module.oci_lz_compartments.oci_identity_compartment.level_3",
            "module.oci_lz_orchestrator.module.oci_lz_compartments.oci_identity_compartment.level_4",
            "module.oci_lz_orchestrator.module.oci_lz_compartments.oci_identity_compartment.level_5",
            "module.oci_lz_orchestrator.module.oci_lz_compartments.oci_identity_compartment.level_6",
            "module.oci_lz_orchestrator.module.oci_lz_compartments.oci_identity_compartment.these",
            "module.oci_lz_orchestrator.module.oci_lz_compartments.oci_identity_tag_default.these",
            "module.oci_lz_orchestrator.module.oci_lz_dynamic_groups.oci_identity_dynamic_group.these",
            "module.oci_lz_orchestrator.module.oci_lz_groups.data.oci_identity_users.these",
            "module.oci_lz_orchestrator.module.oci_lz_groups.oci_identity_group.these",
            "module.oci_lz_orchestrator.module.oci_lz_groups.oci_identity_user_group_membership.these",
            "module.oci_lz_orchestrator.module.oci_lz_policies.data.oci_identity_region_subscriptions.these",
            "module.oci_lz_orchestrator.module.oci_lz_policies.data.oci_identity_tenancy.this",
            "module.oci_lz_orchestrator.module.oci_lz_tags.data.oci_identity_tag.default_created_by",
            "module.oci_lz_orchestrator.module.oci_lz_tags.data.oci_identity_tag.default_created_on",
            "module.oci_lz_orchestrator.module.oci_lz_tags.data.oci_identity_tag_namespaces.oracle_default",
            "module.oci_lz_orchestrator.module.oci_lz_tags.oci_identity_tag.these",
            "module.oci_lz_orchestrator.module.oci_lz_tags.oci_identity_tag_default.these",
            "module.oci_lz_orchestrator.module.oci_lz_tags.oci_identity_tag_namespace.these"
          ]
        },
        {
          "index_key": "PCY-LZ-PLATFORM-EXACS-GENERIC-ADMIN-KEY",
          "schema_version": 0,
          "attributes": {
            "ETag": "59fdcf7fa0d85df65660b49cba2a0f9bfcb52fdb",
            "compartment_id": "ocid1.tenancy.oc19..aaaaaaaa4ftkyx3ao73kndo3mbltj6gtbf27mxbgpu65a33ipgo2wqyj4zba",
            "defined_tags": {
              "Oracle-Tags.CreatedBy": "default/jorge.e.torlaschi@accenture.com",
              "Oracle-Tags.CreatedOn": "2026-02-27T12:26:54.891Z"
            },
            "description": "Policy which allows the groups o-p-om2-grp-admi-infra-001 and o-p-om2-grp-admi-database-001 to have shared privilegies in all exacs compartments",
            "freeform_tags": {
              "ocilz-terraform-module": "iam-policies/0.3.3\n"
            },
            "id": "ocid1.policy.oc19..aaaaaaaaxlw6stwqssw6rmhdnagfr7utzdaqq4qk7jqqawe5chsr4j7ufrdq",
            "inactive_state": null,
            "lastUpdateETag": "59fdcf7fa0d85df65660b49cba2a0f9bfcb52fdb",
            "name": "o-p-om2-pcy-eadm-001",
            "policyHash": "bc9a59bbf068eea96c5646a62e40e53d",
            "state": "ACTIVE",
            "statements": [
              "allow group 'o-p-om2-id-common-001'/'o-p-om2-grp-admi-infra-001','o-p-om2-id-common-001'/'o-p-om2-grp-admi-database-001' to use cloud-shell in tenancy",
              "allow group 'o-p-om2-id-common-001'/'o-p-om2-grp-admi-infra-001','o-p-om2-id-common-001'/'o-p-om2-grp-admi-database-001' to read compartments in tenancy",
              "allow group 'o-p-om2-id-common-001'/'o-p-om2-grp-admi-infra-001','o-p-om2-id-common-001'/'o-p-om2-grp-admi-database-001' to read all-resources in compartment o-p-om2-cmp-land-001 where sets-intersect(target.resource.compartment.tag.o-p-om2-tagns-name-001.o-p-om2-tag-role-001, ('o-p-om2-tag-role-exa-001'))",
              "allow group 'o-p-om2-id-common-001'/'o-p-om2-grp-admi-infra-001','o-p-om2-id-common-001'/'o-p-om2-grp-admi-database-001' to manage alarms in compartment o-p-om2-cmp-land-001 where sets-intersect(target.resource.compartment.tag.o-p-om2-tagns-name-001.o-p-om2-tag-role-001, ('o-p-om2-tag-role-exa-001'))",
              "allow group 'o-p-om2-id-common-001'/'o-p-om2-grp-admi-infra-001','o-p-om2-id-common-001'/'o-p-om2-grp-admi-database-001' to manage metrics in compartment o-p-om2-cmp-land-001 where sets-intersect(target.resource.compartment.tag.o-p-om2-tagns-name-001.o-p-om2-tag-role-001, ('o-p-om2-tag-role-exa-001'))",
              "allow group 'o-p-om2-id-common-001'/'o-p-om2-grp-admi-infra-001','o-p-om2-id-common-001'/'o-p-om2-grp-admi-database-001' to read audit-events in compartment o-p-om2-cmp-land-001 where sets-intersect(target.resource.compartment.tag.o-p-om2-tagns-name-001.o-p-om2-tag-role-001, ('o-p-om2-tag-role-exa-001'))",
              "allow group 'o-p-om2-id-common-001'/'o-p-om2-grp-admi-infra-001','o-p-om2-id-common-001'/'o-p-om2-grp-admi-database-001' to read work-requests in compartment o-p-om2-cmp-land-001 where sets-intersect(target.resource.compartment.tag.o-p-om2-tagns-name-001.o-p-om2-tag-role-001, ('o-p-om2-tag-role-exa-001'))",
              "allow group 'o-p-om2-id-common-001'/'o-p-om2-grp-admi-infra-001','o-p-om2-id-common-001'/'o-p-om2-grp-admi-database-001' to manage cloudevents-rules in compartment o-p-om2-cmp-land-001 where sets-intersect(target.resource.compartment.tag.o-p-om2-tagns-name-001.o-p-om2-tag-role-001, ('o-p-om2-tag-role-exa-001'))",
              "allow group 'o-p-om2-id-common-001'/'o-p-om2-grp-admi-infra-001','o-p-om2-id-common-001'/'o-p-om2-grp-admi-database-001' to manage ons-family in compartment o-p-om2-cmp-land-001 where sets-intersect(target.resource.compartment.tag.o-p-om2-tagns-name-001.o-p-om2-tag-role-001, ('o-p-om2-tag-role-exa-001'))",
              "allow group 'o-p-om2-id-common-001'/'o-p-om2-grp-admi-infra-001','o-p-om2-id-common-001'/'o-p-om2-grp-admi-database-001' to manage alarms in compartment o-p-om2-cmp-land-001 where sets-intersect(target.resource.compartment.tag.o-p-om2-tagns-name-001.o-p-om2-tag-role-001, ('o-p-om2-tag-role-exa-001'))",
              "allow group 'o-p-om2-id-common-001'/'o-p-om2-grp-admi-infra-001','o-p-om2-id-common-001'/'o-p-om2-grp-admi-database-001' to manage metrics in compartment o-p-om2-cmp-land-001 where sets-intersect(target.resource.compartment.tag.o-p-om2-tagns-name-001.o-p-om2-tag-role-001, ('o-p-om2-tag-role-exa-001'))"
            ],
            "time_created": "2026-02-27 12:26:55.098 +0000 UTC",
            "timeouts": null,
            "version_date": null
          },
          "sensitive_attributes": [],
          "private": "eyJlMmJmYjczMC1lY2FhLTExZTYtOGY4OC0zNDM2M2JjN2M0YzAiOnsiY3JlYXRlIjoxMjAwMDAwMDAwMDAwLCJkZWxldGUiOjEyMDAwMDAwMDAwMDAsInVwZGF0ZSI6MTIwMDAwMDAwMDAwMH19",
          "dependencies": [
            "data.github_repository_file.configurations",
            "data.github_repository_file.dependencies",
            "data.github_repository_file.url_dependencies",
            "data.http.configurations",
            "data.oci_objectstorage_namespace.this",
            "data.oci_objectstorage_object.configurations",
            "data.oci_objectstorage_object.dependencies",
            "data.oci_objectstorage_object.url_dependencies",
            "module.oci_lz_orchestrator.data.oci_identity_regions.these",
            "module.oci_lz_orchestrator.data.oci_identity_tenancy.this",
            "module.oci_lz_orchestrator.module.oci_lz_compartments.oci_identity_compartment.level_2",
            "module.oci_lz_orchestrator.module.oci_lz_compartments.oci_identity_compartment.level_3",
            "module.oci_lz_orchestrator.module.oci_lz_compartments.oci_identity_compartment.level_4",
            "module.oci_lz_orchestrator.module.oci_lz_compartments.oci_identity_compartment.level_5",
            "module.oci_lz_orchestrator.module.oci_lz_compartments.oci_identity_compartment.level_6",
            "module.oci_lz_orchestrator.module.oci_lz_compartments.oci_identity_compartment.these",
            "module.oci_lz_orchestrator.module.oci_lz_compartments.oci_identity_tag_default.these",
            "module.oci_lz_orchestrator.module.oci_lz_dynamic_groups.oci_identity_dynamic_group.these",
            "module.oci_lz_orchestrator.module.oci_lz_groups.data.oci_identity_users.these",
            "module.oci_lz_orchestrator.module.oci_lz_groups.oci_identity_group.these",
            "module.oci_lz_orchestrator.module.oci_lz_groups.oci_identity_user_group_membership.these",
            "module.oci_lz_orchestrator.module.oci_lz_policies.data.oci_identity_region_subscriptions.these",
            "module.oci_lz_orchestrator.module.oci_lz_policies.data.oci_identity_tenancy.this",
            "module.oci_lz_orchestrator.module.oci_lz_tags.data.oci_identity_tag.default_created_by",
            "module.oci_lz_orchestrator.module.oci_lz_tags.data.oci_identity_tag.default_created_on",
            "module.oci_lz_orchestrator.module.oci_lz_tags.data.oci_identity_tag_namespaces.oracle_default",
            "module.oci_lz_orchestrator.module.oci_lz_tags.oci_identity_tag.these",
            "module.oci_lz_orchestrator.module.oci_lz_tags.oci_identity_tag_default.these",
            "module.oci_lz_orchestrator.module.oci_lz_tags.oci_identity_tag_namespace.these"
          ]
        },
        {
          "index_key": "PCY-LZ-PLATFORM-EXACS-INFRA-ADMIN-KEY",
          "schema_version": 0,
          "attributes": {
            "ETag": "8f0b93609ec457221090078e6d705fa86014d2a1",
            "compartment_id": "ocid1.compartment.oc19..aaaaaaaay3khgdz6euxlks7pja7uxv6d4czkxlp75ynqgyjkrjylf3tgsubq",
            "defined_tags": {
              "Oracle-Tags.CreatedBy": "default/jorge.e.torlaschi@accenture.com",
              "Oracle-Tags.CreatedOn": "2026-02-27T12:26:54.853Z"
            },
            "description": "Example policy which allows the o-p-om2-grp-admi-infra-001 group users to manage the DB infra in all the environments and projects.",
            "freeform_tags": {
              "ocilz-terraform-module": "iam-policies/0.3.3\n"
            },
            "id": "ocid1.policy.oc19..aaaaaaaaehldeg24ylp476gdincqutpmxdim322cjd5e4wda7p5ajtxaxjba",
            "inactive_state": null,
            "lastUpdateETag": "8f0b93609ec457221090078e6d705fa86014d2a1",
            "name": "o-p-om2-pcy-einf-001",
            "policyHash": "71f96ec712511f129190d8ae706da976",
            "state": "ACTIVE",
            "statements": [
              "allow group 'o-p-om2-id-common-001'/'o-p-om2-grp-admi-infra-001' to manage cloud-exadata-infrastructures in compartment o-p-om2-cmp-land-001 where sets-intersect(target.resource.compartment.tag.o-p-om2-tagns-name-001.o-p-om2-tag-role-001, ('o-p-om2-tag-role-exainfra-001'))",
              "allow group 'o-p-om2-id-common-001'/'o-p-om2-grp-admi-infra-001' to manage scheduling-policies in compartment o-p-om2-cmp-land-001 where sets-intersect(target.resource.compartment.tag.o-p-om2-tagns-name-001.o-p-om2-tag-role-001, ('o-p-om2-tag-role-exainfra-001'))",
              "allow group 'o-p-om2-id-common-001'/'o-p-om2-grp-admi-infra-001' to manage scheduling-windows in compartment o-p-om2-cmp-land-001 where sets-intersect(target.resource.compartment.tag.o-p-om2-tagns-name-001.o-p-om2-tag-role-001, ('o-p-om2-tag-role-exainfra-001'))",
              "allow group 'o-p-om2-id-common-001'/'o-p-om2-grp-admi-infra-001' to manage execution-windows in compartment o-p-om2-cmp-land-001 where sets-intersect(target.resource.compartment.tag.o-p-om2-tagns-name-001.o-p-om2-tag-role-001, ('o-p-om2-tag-role-exainfra-001'))",
              "allow group 'o-p-om2-id-common-001'/'o-p-om2-grp-admi-infra-001' to manage orm-stacks in compartment o-p-om2-cmp-land-001 where sets-intersect(target.resource.compartment.tag.o-p-om2-tagns-name-001.o-p-om2-tag-role-001, ('o-p-om2-tag-role-exainfra-001'))",
              "allow group 'o-p-om2-id-common-001'/'o-p-om2-grp-admi-infra-001' to manage orm-jobs in compartment o-p-om2-cmp-land-001 where sets-intersect(target.resource.compartment.tag.o-p-om2-tagns-name-001.o-p-om2-tag-role-001, ('o-p-om2-tag-role-exainfra-001'))",
              "allow group 'o-p-om2-id-common-001'/'o-p-om2-grp-admi-infra-001' to manage orm-config-source-providers in compartment o-p-om2-cmp-land-001 where sets-intersect(target.resource.compartment.tag.o-p-om2-tagns-name-001.o-p-om2-tag-role-001, ('o-p-om2-tag-role-exainfra-001'))",
              "allow group 'o-p-om2-id-common-001'/'o-p-om2-grp-admi-infra-001' to read audit-events in compartment o-p-om2-cmp-land-001 where sets-intersect(target.resource.compartment.tag.o-p-om2-tagns-name-001.o-p-om2-tag-role-001, ('o-p-om2-tag-role-exainfra-001'))",
              "allow group 'o-p-om2-id-common-001'/'o-p-om2-grp-admi-infra-001' to read work-requests in compartment o-p-om2-cmp-land-001 where sets-intersect(target.resource.compartment.tag.o-p-om2-tagns-name-001.o-p-om2-tag-role-001, ('o-p-om2-tag-role-exainfra-001'))",
              "allow group 'o-p-om2-id-common-001'/'o-p-om2-grp-admi-infra-001' to manage cloudevents-rules in compartment o-p-om2-cmp-land-001 where sets-intersect(target.resource.compartment.tag.o-p-om2-tagns-name-001.o-p-om2-tag-role-001, ('o-p-om2-tag-role-exainfra-001'))",
              "allow group 'o-p-om2-id-common-001'/'o-p-om2-grp-admi-infra-001' to manage cloud-vmclusters in compartment o-p-om2-cmp-land-001 where all{sets-intersect(target.resource.compartment.tag.o-p-om2-tagns-name-001.o-p-om2-tag-role-001, ('o-p-om2-tag-role-exainfra-001')), request.permission != 'CLOUD_VM_CLUSTER_UPDATE_GI_SOFTWARE', request.permission != 'CLOUD_VM_CLUSTER_UPDATE_EXADATA_STORAGE'}",
              "allow group 'o-p-om2-id-common-001'/'o-p-om2-grp-admi-infra-001' to use dbServers in compartment o-p-om2-cmp-land-001 where sets-intersect(target.resource.compartment.tag.o-p-om2-tagns-name-001.o-p-om2-tag-role-001, ('o-p-om2-tag-role-exainfra-001'))",
              "allow group 'o-p-om2-id-common-001'/'o-p-om2-grp-admi-infra-001' to manage dbnode-console-connection in compartment o-p-om2-cmp-land-001 where sets-intersect(target.resource.compartment.tag.o-p-om2-tagns-name-001.o-p-om2-tag-role-001, ('o-p-om2-tag-role-exainfra-001'))",
              "allow group 'o-p-om2-id-common-001'/'o-p-om2-grp-admi-infra-001' to manage dbnode-console-history in compartment o-p-om2-cmp-land-001 where sets-intersect(target.resource.compartment.tag.o-p-om2-tagns-name-001.o-p-om2-tag-role-001, ('o-p-om2-tag-role-exainfra-001'))",
              "allow group 'o-p-om2-id-common-001'/'o-p-om2-grp-admi-infra-001' to manage cloud-autonomous-vmclusters in compartment o-p-om2-cmp-land-001 where sets-intersect(target.resource.compartment.tag.o-p-om2-tagns-name-001.o-p-om2-tag-role-001, ('o-p-om2-tag-role-exainfra-001'))",
              "allow group 'o-p-om2-id-common-001'/'o-p-om2-grp-admi-infra-001' to use subnets in compartment o-p-om2-cmp-land-001  where sets-intersect(target.resource.compartment.tag.o-p-om2-tagns-name-001.o-p-om2-tag-role-001, ('o-p-om2-tag-role-network-001'))",
              "allow group 'o-p-om2-id-common-001'/'o-p-om2-grp-admi-infra-001' to use vnics in compartment o-p-om2-cmp-land-001 where sets-intersect(target.resource.compartment.tag.o-p-om2-tagns-name-001.o-p-om2-tag-role-001, ('o-p-om2-tag-role-network-001'))",
              "allow group 'o-p-om2-id-common-001'/'o-p-om2-grp-admi-infra-001' to manage db-nodes in compartment o-p-om2-cmp-land-001 where sets-intersect(target.resource.compartment.tag.o-p-om2-tagns-name-001.o-p-om2-tag-role-001, ('o-p-om2-tag-role-exainfra-001'))",
              "allow group 'o-p-om2-id-common-001'/'o-p-om2-grp-admi-infra-001' to use database-software-images in compartment o-p-om2-cmp-land-001 where sets-intersect(target.resource.compartment.tag.o-p-om2-tagns-name-001.o-p-om2-tag-role-001, ('o-p-om2-tag-role-network-001'))"
            ],
            "time_created": "2026-02-27 12:26:54.893 +0000 UTC",
            "timeouts": null,
            "version_date": null
          },
          "sensitive_attributes": [],
          "private": "eyJlMmJmYjczMC1lY2FhLTExZTYtOGY4OC0zNDM2M2JjN2M0YzAiOnsiY3JlYXRlIjoxMjAwMDAwMDAwMDAwLCJkZWxldGUiOjEyMDAwMDAwMDAwMDAsInVwZGF0ZSI6MTIwMDAwMDAwMDAwMH19",
          "dependencies": [
            "data.github_repository_file.configurations",
            "data.github_repository_file.dependencies",
            "data.github_repository_file.url_dependencies",
            "data.http.configurations",
            "data.oci_objectstorage_namespace.this",
            "data.oci_objectstorage_object.configurations",
            "data.oci_objectstorage_object.dependencies",
            "data.oci_objectstorage_object.url_dependencies",
            "module.oci_lz_orchestrator.data.oci_identity_regions.these",
            "module.oci_lz_orchestrator.data.oci_identity_tenancy.this",
            "module.oci_lz_orchestrator.module.oci_lz_compartments.oci_identity_compartment.level_2",
            "module.oci_lz_orchestrator.module.oci_lz_compartments.oci_identity_compartment.level_3",
            "module.oci_lz_orchestrator.module.oci_lz_compartments.oci_identity_compartment.level_4",
            "module.oci_lz_orchestrator.module.oci_lz_compartments.oci_identity_compartment.level_5",
            "module.oci_lz_orchestrator.module.oci_lz_compartments.oci_identity_compartment.level_6",
            "module.oci_lz_orchestrator.module.oci_lz_compartments.oci_identity_compartment.these",
            "module.oci_lz_orchestrator.module.oci_lz_compartments.oci_identity_tag_default.these",
            "module.oci_lz_orchestrator.module.oci_lz_dynamic_groups.oci_identity_dynamic_group.these",
            "module.oci_lz_orchestrator.module.oci_lz_groups.data.oci_identity_users.these",
            "module.oci_lz_orchestrator.module.oci_lz_groups.oci_identity_group.these",
            "module.oci_lz_orchestrator.module.oci_lz_groups.oci_identity_user_group_membership.these",
            "module.oci_lz_orchestrator.module.oci_lz_policies.data.oci_identity_region_subscriptions.these",
            "module.oci_lz_orchestrator.module.oci_lz_policies.data.oci_identity_tenancy.this",
            "module.oci_lz_orchestrator.module.oci_lz_tags.data.oci_identity_tag.default_created_by",
            "module.oci_lz_orchestrator.module.oci_lz_tags.data.oci_identity_tag.default_created_on",
            "module.oci_lz_orchestrator.module.oci_lz_tags.data.oci_identity_tag_namespaces.oracle_default",
            "module.oci_lz_orchestrator.module.oci_lz_tags.oci_identity_tag.these",
            "module.oci_lz_orchestrator.module.oci_lz_tags.oci_identity_tag_default.these",
            "module.oci_lz_orchestrator.module.oci_lz_tags.oci_identity_tag_namespace.these"
          ]
        },
        {
          "index_key": "PCY-NETWORK-ADMIN-KEY",
          "schema_version": 0,
          "attributes": {
            "ETag": "890906110d587f66e3877dc6c800192d36521a68",
            "compartment_id": "ocid1.compartment.oc19..aaaaaaaay3khgdz6euxlks7pja7uxv6d4czkxlp75ynqgyjkrjylf3tgsubq",
            "defined_tags": {
              "Oracle-Tags.CreatedBy": "default/jorge.e.torlaschi@accenture.com",
              "Oracle-Tags.CreatedOn": "2026-02-27T12:26:54.914Z"
            },
            "description": "Allow o-p-om2-grp-neta-001 group users to manage all network resources in the child compartments of o-p-om2-cmp-001 with the matching tags.",
            "freeform_tags": {
              "ocilz-terraform-module": "iam-policies/0.3.3\n"
            },
            "id": "ocid1.policy.oc19..aaaaaaaaz2m3ngw2j54vlamtj7fmeyl2ndsy4gkflsesxsflk5z4lkogryea",
            "inactive_state": null,
            "lastUpdateETag": "890906110d587f66e3877dc6c800192d36521a68",
            "name": "o-p-om2-pcy-nadm-001",
            "policyHash": "8d463b4db6bc68cf67df5fe819ddddf7",
            "state": "ACTIVE",
            "statements": [
              "allow group 'o-p-om2-id-common-001'/'o-p-om2-grp-neta-001' to read all-resources in compartment o-p-om2-cmp-land-001 where sets-intersect(target.resource.compartment.tag.o-p-om2-tagns-name-001.o-p-om2-tag-role-001, ('o-p-om2-tag-role-network-001'))",
              "allow group 'o-p-om2-id-common-001'/'o-p-om2-grp-neta-001' to manage virtual-network-family in compartment o-p-om2-cmp-land-001 where sets-intersect(target.resource.compartment.tag.o-p-om2-tagns-name-001.o-p-om2-tag-role-001, ('o-p-om2-tag-role-network-001'))",
              "allow group 'o-p-om2-id-common-001'/'o-p-om2-grp-neta-001' to manage dns in compartment o-p-om2-cmp-land-001 where sets-intersect(target.resource.compartment.tag.o-p-om2-tagns-name-001.o-p-om2-tag-role-001, ('o-p-om2-tag-role-network-001'))",
              "allow group 'o-p-om2-id-common-001'/'o-p-om2-grp-neta-001' to manage load-balancers in compartment o-p-om2-cmp-land-001 where sets-intersect(target.resource.compartment.tag.o-p-om2-tagns-name-001.o-p-om2-tag-role-001, ('o-p-om2-tag-role-network-001'))",
              "allow group 'o-p-om2-id-common-001'/'o-p-om2-grp-neta-001' to manage alarms in compartment o-p-om2-cmp-land-001 where sets-intersect(target.resource.compartment.tag.o-p-om2-tagns-name-001.o-p-om2-tag-role-001, ('o-p-om2-tag-role-network-001'))",
              "allow group 'o-p-om2-id-common-001'/'o-p-om2-grp-neta-001' to manage metrics in compartment o-p-om2-cmp-land-001 where sets-intersect(target.resource.compartment.tag.o-p-om2-tagns-name-001.o-p-om2-tag-role-001, ('o-p-om2-tag-role-network-001'))",
              "allow group 'o-p-om2-id-common-001'/'o-p-om2-grp-neta-001' to manage orm-stacks in compartment o-p-om2-cmp-land-001 where sets-intersect(target.resource.compartment.tag.o-p-om2-tagns-name-001.o-p-om2-tag-role-001, ('o-p-om2-tag-role-network-001'))",
              "allow group 'o-p-om2-id-common-001'/'o-p-om2-grp-neta-001' to manage orm-jobs in compartment o-p-om2-cmp-land-001 where sets-intersect(target.resource.compartment.tag.o-p-om2-tagns-name-001.o-p-om2-tag-role-001, ('o-p-om2-tag-role-network-001'))",
              "allow group 'o-p-om2-id-common-001'/'o-p-om2-grp-neta-001' to manage orm-config-source-providers in compartment o-p-om2-cmp-land-001 where sets-intersect(target.resource.compartment.tag.o-p-om2-tagns-name-001.o-p-om2-tag-role-001, ('o-p-om2-tag-role-network-001'))",
              "allow group 'o-p-om2-id-common-001'/'o-p-om2-grp-neta-001' to read audit-events in compartment o-p-om2-cmp-land-001 where sets-intersect(target.resource.compartment.tag.o-p-om2-tagns-name-001.o-p-om2-tag-role-001, ('o-p-om2-tag-role-network-001'))",
              "allow group 'o-p-om2-id-common-001'/'o-p-om2-grp-neta-001' to read work-requests in compartment o-p-om2-cmp-land-001 where sets-intersect(target.resource.compartment.tag.o-p-om2-tagns-name-001.o-p-om2-tag-role-001, ('o-p-om2-tag-role-network-001'))",
              "allow group 'o-p-om2-id-common-001'/'o-p-om2-grp-neta-001' to manage instance-family in compartment o-p-om2-cmp-land-001 where sets-intersect(target.resource.compartment.tag.o-p-om2-tagns-name-001.o-p-om2-tag-role-001, ('o-p-om2-tag-role-network-001'))",
              "allow group 'o-p-om2-id-common-001'/'o-p-om2-grp-neta-001' to manage volume-family in compartment o-p-om2-cmp-land-001 where all{sets-intersect(target.resource.compartment.tag.o-p-om2-tagns-name-001.o-p-om2-tag-role-001, ('o-p-om2-tag-role-network-001')), request.permission != 'VOLUME_BACKUP_DELETE', request.permission != 'VOLUME_DELETE', request.permission != 'BOOT_VOLUME_BACKUP_DELETE'}",
              "allow group 'o-p-om2-id-common-001'/'o-p-om2-grp-neta-001' to manage object-family in compartment o-p-om2-cmp-land-001 where all{sets-intersect(target.resource.compartment.tag.o-p-om2-tagns-name-001.o-p-om2-tag-role-001, ('o-p-om2-tag-role-network-001')), request.permission != 'OBJECT_DELETE', request.permission != 'BUCKET_DELETE'}",
              "allow group 'o-p-om2-id-common-001'/'o-p-om2-grp-neta-001' to manage file-family in compartment o-p-om2-cmp-land-001 where all{sets-intersect(target.resource.compartment.tag.o-p-om2-tagns-name-001.o-p-om2-tag-role-001, ('o-p-om2-tag-role-network-001')), request.permission != 'FILE_SYSTEM_DELETE', request.permission != 'MOUNT_TARGET_DELETE', request.permission != 'EXPORT_SET_DELETE', request.permission != 'FILE_SYSTEM_DELETE_SNAPSHOT', request.permission != 'FILE_SYSTEM_NFSv3_UNEXPORT'}",
              "allow group 'o-p-om2-id-common-001'/'o-p-om2-grp-neta-001' to manage bastion-session in compartment o-p-om2-cmp-land-001 where sets-intersect(target.resource.compartment.tag.o-p-om2-tagns-name-001.o-p-om2-tag-role-001, ('o-p-om2-tag-role-network-001'))",
              "allow group 'o-p-om2-id-common-001'/'o-p-om2-grp-neta-001' to manage cloudevents-rules in compartment o-p-om2-cmp-land-001 where sets-intersect(target.resource.compartment.tag.o-p-om2-tagns-name-001.o-p-om2-tag-role-001, ('o-p-om2-tag-role-network-001'))",
              "allow group 'o-p-om2-id-common-001'/'o-p-om2-grp-neta-001' to read instance-agent-plugins in compartment o-p-om2-cmp-land-001 where sets-intersect(target.resource.compartment.tag.o-p-om2-tagns-name-001.o-p-om2-tag-role-001, ('o-p-om2-tag-role-network-001'))",
              "allow group 'o-p-om2-id-common-001'/'o-p-om2-grp-neta-001' to manage keys in compartment o-p-om2-cmp-land-001 where sets-intersect(target.resource.compartment.tag.o-p-om2-tagns-name-001.o-p-om2-tag-role-001, ('o-p-om2-tag-role-network-001'))",
              "allow group 'o-p-om2-id-common-001'/'o-p-om2-grp-neta-001' to use key-delegate in compartment o-p-om2-cmp-land-001 where sets-intersect(target.resource.compartment.tag.o-p-om2-tagns-name-001.o-p-om2-tag-role-001, ('o-p-om2-tag-role-network-001'))",
              "allow group 'o-p-om2-id-common-001'/'o-p-om2-grp-neta-001' to manage secret-family in compartment o-p-om2-cmp-land-001 where sets-intersect(target.resource.compartment.tag.o-p-om2-tagns-name-001.o-p-om2-tag-role-001, ('o-p-om2-tag-role-network-001'))",
              "allow group 'o-p-om2-id-common-001'/'o-p-om2-grp-neta-001' to manage repos in compartment o-p-om2-cmp-land-001 where sets-intersect(target.resource.compartment.tag.o-p-om2-tagns-name-001.o-p-om2-tag-role-001, ('o-p-om2-tag-role-network-001'))",
              "allow group 'o-p-om2-id-common-001'/'o-p-om2-grp-neta-001' to read vss-family in compartment o-p-om2-cmp-land-001 where sets-intersect(target.resource.compartment.tag.o-p-om2-tagns-name-001.o-p-om2-tag-role-001, ('o-p-om2-tag-role-network-001'))",
              "allow group 'o-p-om2-id-common-001'/'o-p-om2-grp-neta-001' to read ons-topics in compartment o-p-om2-cmp-land-001 where sets-intersect(target.resource.compartment.tag.o-p-om2-tagns-name-001.o-p-om2-tag-role-001, ('o-p-om2-tag-role-security-001'))",
              "allow group 'o-p-om2-id-common-001'/'o-p-om2-grp-neta-001' to use bastion in compartment o-p-om2-cmp-land-001 where sets-intersect(target.resource.compartment.tag.o-p-om2-tagns-name-001.o-p-om2-tag-role-001, ('o-p-om2-tag-role-security-001'))",
              "allow group 'o-p-om2-id-common-001'/'o-p-om2-grp-neta-001' to use bastion-session in compartment o-p-om2-cmp-land-001 where sets-intersect(target.resource.compartment.tag.o-p-om2-tagns-name-001.o-p-om2-tag-role-001, ('o-p-om2-tag-role-security-001'))",
              "allow group 'o-p-om2-id-common-001'/'o-p-om2-grp-neta-001' to use vaults in compartment o-p-om2-cmp-land-001 where sets-intersect(target.resource.compartment.tag.o-p-om2-tagns-name-001.o-p-om2-tag-role-001, ('o-p-om2-tag-role-security-001'))",
              "allow group 'o-p-om2-id-common-001'/'o-p-om2-grp-neta-001' to read logging-family in compartment o-p-om2-cmp-land-001 where sets-intersect(target.resource.compartment.tag.o-p-om2-tagns-name-001.o-p-om2-tag-role-001, ('o-p-om2-tag-role-security-001'))"
            ],
            "time_created": "2026-02-27 12:26:55.186 +0000 UTC",
            "timeouts": null,
            "version_date": null
          },
          "sensitive_attributes": [],
          "private": "eyJlMmJmYjczMC1lY2FhLTExZTYtOGY4OC0zNDM2M2JjN2M0YzAiOnsiY3JlYXRlIjoxMjAwMDAwMDAwMDAwLCJkZWxldGUiOjEyMDAwMDAwMDAwMDAsInVwZGF0ZSI6MTIwMDAwMDAwMDAwMH19",
          "dependencies": [
            "data.github_repository_file.configurations",
            "data.github_repository_file.dependencies",
            "data.github_repository_file.url_dependencies",
            "data.http.configurations",
            "data.oci_objectstorage_namespace.this",
            "data.oci_objectstorage_object.configurations",
            "data.oci_objectstorage_object.dependencies",
            "data.oci_objectstorage_object.url_dependencies",
            "module.oci_lz_orchestrator.data.oci_identity_regions.these",
            "module.oci_lz_orchestrator.data.oci_identity_tenancy.this",
            "module.oci_lz_orchestrator.module.oci_lz_compartments.oci_identity_compartment.level_2",
            "module.oci_lz_orchestrator.module.oci_lz_compartments.oci_identity_compartment.level_3",
            "module.oci_lz_orchestrator.module.oci_lz_compartments.oci_identity_compartment.level_4",
            "module.oci_lz_orchestrator.module.oci_lz_compartments.oci_identity_compartment.level_5",
            "module.oci_lz_orchestrator.module.oci_lz_compartments.oci_identity_compartment.level_6",
            "module.oci_lz_orchestrator.module.oci_lz_compartments.oci_identity_compartment.these",
            "module.oci_lz_orchestrator.module.oci_lz_compartments.oci_identity_tag_default.these",
            "module.oci_lz_orchestrator.module.oci_lz_dynamic_groups.oci_identity_dynamic_group.these",
            "module.oci_lz_orchestrator.module.oci_lz_groups.data.oci_identity_users.these",
            "module.oci_lz_orchestrator.module.oci_lz_groups.oci_identity_group.these",
            "module.oci_lz_orchestrator.module.oci_lz_groups.oci_identity_user_group_membership.these",
            "module.oci_lz_orchestrator.module.oci_lz_policies.data.oci_identity_region_subscriptions.these",
            "module.oci_lz_orchestrator.module.oci_lz_policies.data.oci_identity_tenancy.this",
            "module.oci_lz_orchestrator.module.oci_lz_tags.data.oci_identity_tag.default_created_by",
            "module.oci_lz_orchestrator.module.oci_lz_tags.data.oci_identity_tag.default_created_on",
            "module.oci_lz_orchestrator.module.oci_lz_tags.data.oci_identity_tag_namespaces.oracle_default",
            "module.oci_lz_orchestrator.module.oci_lz_tags.oci_identity_tag.these",
            "module.oci_lz_orchestrator.module.oci_lz_tags.oci_identity_tag_default.these",
            "module.oci_lz_orchestrator.module.oci_lz_tags.oci_identity_tag_namespace.these"
          ]
        },
        {
          "index_key": "PCY-SECURITY-ADMIN-KEY",
          "schema_version": 0,
          "attributes": {
            "ETag": "e70e5c6a0cc9064da7ecacdd724bb0d921b362bb",
            "compartment_id": "ocid1.compartment.oc19..aaaaaaaay3khgdz6euxlks7pja7uxv6d4czkxlp75ynqgyjkrjylf3tgsubq",
            "defined_tags": {
              "Oracle-Tags.CreatedBy": "default/jorge.e.torlaschi@accenture.com",
              "Oracle-Tags.CreatedOn": "2026-02-27T12:26:54.916Z"
            },
            "description": "Allow o-p-om2-grp-admi-security-001 group users to manage all security resources in the child compartments of o-p-om2-cmp-001 with the matching tags.",
            "freeform_tags": {
              "ocilz-terraform-module": "iam-policies/0.3.3\n"
            },
            "id": "ocid1.policy.oc19..aaaaaaaafwl4xha3l5np3nb3f6nr3b2f27klqpoysnhp4gw7hcni3fwffndq",
            "inactive_state": null,
            "lastUpdateETag": "e70e5c6a0cc9064da7ecacdd724bb0d921b362bb",
            "name": "o-p-om2-pcy-secua-001",
            "policyHash": "34c8e4a8891d797b453fd4c21cc6fdf1",
            "state": "ACTIVE",
            "statements": [
              "allow group 'o-p-om2-id-common-001'/'o-p-om2-grp-admi-security-001' to manage tag-namespaces in compartment o-p-om2-cmp-land-001 where sets-intersect(target.resource.compartment.tag.o-p-om2-tagns-name-001.o-p-om2-tag-role-001, ('o-p-om2-tag-role-security-001'))",
              "allow group 'o-p-om2-id-common-001'/'o-p-om2-grp-admi-security-001' to manage tag-defaults in compartment o-p-om2-cmp-land-001 where sets-intersect(target.resource.compartment.tag.o-p-om2-tagns-name-001.o-p-om2-tag-role-001, ('o-p-om2-tag-role-security-001'))",
              "allow group 'o-p-om2-id-common-001'/'o-p-om2-grp-admi-security-001' to manage repos in compartment o-p-om2-cmp-land-001 where sets-intersect(target.resource.compartment.tag.o-p-om2-tagns-name-001.o-p-om2-tag-role-001, ('o-p-om2-tag-role-security-001'))",
              "allow group 'o-p-om2-id-common-001'/'o-p-om2-grp-admi-security-001' to read audit-events in compartment o-p-om2-cmp-land-001 where sets-intersect(target.resource.compartment.tag.o-p-om2-tagns-name-001.o-p-om2-tag-role-001, ('o-p-om2-tag-role-security-001'))",
              "allow group 'o-p-om2-id-common-001'/'o-p-om2-grp-admi-security-001' to read app-catalog-listing in compartment o-p-om2-cmp-land-001 where sets-intersect(target.resource.compartment.tag.o-p-om2-tagns-name-001.o-p-om2-tag-role-001, ('o-p-om2-tag-role-security-001'))",
              "allow group 'o-p-om2-id-common-001'/'o-p-om2-grp-admi-security-001' to read instance-images in compartment o-p-om2-cmp-land-001 where sets-intersect(target.resource.compartment.tag.o-p-om2-tagns-name-001.o-p-om2-tag-role-001, ('o-p-om2-tag-role-security-001'))",
              "allow group 'o-p-om2-id-common-001'/'o-p-om2-grp-admi-security-001' to inspect buckets in compartment o-p-om2-cmp-land-001 where sets-intersect(target.resource.compartment.tag.o-p-om2-tagns-name-001.o-p-om2-tag-role-001, ('o-p-om2-tag-role-security-001'))",
              "allow group 'o-p-om2-id-common-001'/'o-p-om2-grp-admi-security-001' to read all-resources in compartment o-p-om2-cmp-land-001 where sets-intersect(target.resource.compartment.tag.o-p-om2-tagns-name-001.o-p-om2-tag-role-001, ('o-p-om2-tag-role-security-001'))",
              "allow group 'o-p-om2-id-common-001'/'o-p-om2-grp-admi-security-001' to manage instance-family in compartment o-p-om2-cmp-land-001 where sets-intersect(target.resource.compartment.tag.o-p-om2-tagns-name-001.o-p-om2-tag-role-001, ('o-p-om2-tag-role-security-001'))",
              "allow group 'o-p-om2-id-common-001'/'o-p-om2-grp-admi-security-001' to manage volume-family in compartment o-p-om2-cmp-land-001 where all{sets-intersect(target.resource.compartment.tag.o-p-om2-tagns-name-001.o-p-om2-tag-role-001, ('o-p-om2-tag-role-security-001')), request.permission != 'VOLUME_BACKUP_DELETE', request.permission != 'VOLUME_DELETE', request.permission != 'BOOT_VOLUME_BACKUP_DELETE'}",
              "allow group 'o-p-om2-id-common-001'/'o-p-om2-grp-admi-security-001' to manage object-family in compartment o-p-om2-cmp-land-001 where all{sets-intersect(target.resource.compartment.tag.o-p-om2-tagns-name-001.o-p-om2-tag-role-001, ('o-p-om2-tag-role-security-001')), request.permission != 'OBJECT_DELETE', request.permission != 'BUCKET_DELETE'}",
              "allow group 'o-p-om2-id-common-001'/'o-p-om2-grp-admi-security-001' to manage file-family in compartment o-p-om2-cmp-land-001 where all{sets-intersect(target.resource.compartment.tag.o-p-om2-tagns-name-001.o-p-om2-tag-role-001, ('o-p-om2-tag-role-security-001')), request.permission != 'FILE_SYSTEM_DELETE', request.permission != 'MOUNT_TARGET_DELETE', request.permission != 'EXPORT_SET_DELETE', request.permission != 'FILE_SYSTEM_DELETE_SNAPSHOT', request.permission != 'FILE_SYSTEM_NFSv3_UNEXPORT'}",
              "allow group 'o-p-om2-id-common-001'/'o-p-om2-grp-admi-security-001' to manage vaults in compartment o-p-om2-cmp-land-001 where sets-intersect(target.resource.compartment.tag.o-p-om2-tagns-name-001.o-p-om2-tag-role-001, ('o-p-om2-tag-role-security-001'))",
              "allow group 'o-p-om2-id-common-001'/'o-p-om2-grp-admi-security-001' to manage keys in compartment o-p-om2-cmp-land-001 where sets-intersect(target.resource.compartment.tag.o-p-om2-tagns-name-001.o-p-om2-tag-role-001, ('o-p-om2-tag-role-security-001'))",
              "allow group 'o-p-om2-id-common-001'/'o-p-om2-grp-admi-security-001' to manage secret-family in compartment o-p-om2-cmp-land-001 where sets-intersect(target.resource.compartment.tag.o-p-om2-tagns-name-001.o-p-om2-tag-role-001, ('o-p-om2-tag-role-security-001'))",
              "allow group 'o-p-om2-id-common-001'/'o-p-om2-grp-admi-security-001' to manage logging-family in compartment o-p-om2-cmp-land-001 where sets-intersect(target.resource.compartment.tag.o-p-om2-tagns-name-001.o-p-om2-tag-role-001, ('o-p-om2-tag-role-security-001'))",
              "allow group 'o-p-om2-id-common-001'/'o-p-om2-grp-admi-security-001' to manage serviceconnectors in compartment o-p-om2-cmp-land-001 where sets-intersect(target.resource.compartment.tag.o-p-om2-tagns-name-001.o-p-om2-tag-role-001, ('o-p-om2-tag-role-security-001'))",
              "allow group 'o-p-om2-id-common-001'/'o-p-om2-grp-admi-security-001' to manage streams in compartment o-p-om2-cmp-land-001 where sets-intersect(target.resource.compartment.tag.o-p-om2-tagns-name-001.o-p-om2-tag-role-001, ('o-p-om2-tag-role-security-001'))",
              "allow group 'o-p-om2-id-common-001'/'o-p-om2-grp-admi-security-001' to manage ons-family in compartment o-p-om2-cmp-land-001 where sets-intersect(target.resource.compartment.tag.o-p-om2-tagns-name-001.o-p-om2-tag-role-001, ('o-p-om2-tag-role-security-001'))",
              "allow group 'o-p-om2-id-common-001'/'o-p-om2-grp-admi-security-001' to manage functions-family in compartment o-p-om2-cmp-land-001 where sets-intersect(target.resource.compartment.tag.o-p-om2-tagns-name-001.o-p-om2-tag-role-001, ('o-p-om2-tag-role-security-001'))",
              "allow group 'o-p-om2-id-common-001'/'o-p-om2-grp-admi-security-001' to manage waas-family in compartment o-p-om2-cmp-land-001 where sets-intersect(target.resource.compartment.tag.o-p-om2-tagns-name-001.o-p-om2-tag-role-001, ('o-p-om2-tag-role-security-001'))",
              "allow group 'o-p-om2-id-common-001'/'o-p-om2-grp-admi-security-001' to manage security-zone in compartment o-p-om2-cmp-land-001 where sets-intersect(target.resource.compartment.tag.o-p-om2-tagns-name-001.o-p-om2-tag-role-001, ('o-p-om2-tag-role-security-001'))",
              "allow group 'o-p-om2-id-common-001'/'o-p-om2-grp-admi-security-001' to manage orm-stacks in compartment o-p-om2-cmp-land-001 where sets-intersect(target.resource.compartment.tag.o-p-om2-tagns-name-001.o-p-om2-tag-role-001, ('o-p-om2-tag-role-security-001'))",
              "allow group 'o-p-om2-id-common-001'/'o-p-om2-grp-admi-security-001' to manage orm-jobs in compartment o-p-om2-cmp-land-001 where sets-intersect(target.resource.compartment.tag.o-p-om2-tagns-name-001.o-p-om2-tag-role-001, ('o-p-om2-tag-role-security-001'))",
              "allow group 'o-p-om2-id-common-001'/'o-p-om2-grp-admi-security-001' to manage orm-config-source-providers in compartment o-p-om2-cmp-land-001 where sets-intersect(target.resource.compartment.tag.o-p-om2-tagns-name-001.o-p-om2-tag-role-001, ('o-p-om2-tag-role-security-001'))",
              "allow group 'o-p-om2-id-common-001'/'o-p-om2-grp-admi-security-001' to manage vss-family in compartment o-p-om2-cmp-land-001 where sets-intersect(target.resource.compartment.tag.o-p-om2-tagns-name-001.o-p-om2-tag-role-001, ('o-p-om2-tag-role-security-001'))",
              "allow group 'o-p-om2-id-common-001'/'o-p-om2-grp-admi-security-001' to read work-requests in compartment o-p-om2-cmp-land-001 where sets-intersect(target.resource.compartment.tag.o-p-om2-tagns-name-001.o-p-om2-tag-role-001, ('o-p-om2-tag-role-security-001'))",
              "allow group 'o-p-om2-id-common-001'/'o-p-om2-grp-admi-security-001' to manage bastion-family in compartment o-p-om2-cmp-land-001 where sets-intersect(target.resource.compartment.tag.o-p-om2-tagns-name-001.o-p-om2-tag-role-001, ('o-p-om2-tag-role-security-001'))",
              "allow group 'o-p-om2-id-common-001'/'o-p-om2-grp-admi-security-001' to read instance-agent-plugins in compartment o-p-om2-cmp-land-001 where sets-intersect(target.resource.compartment.tag.o-p-om2-tagns-name-001.o-p-om2-tag-role-001, ('o-p-om2-tag-role-security-001'))",
              "allow group 'o-p-om2-id-common-001'/'o-p-om2-grp-admi-security-001' to manage cloudevents-rules in compartment o-p-om2-cmp-land-001 where sets-intersect(target.resource.compartment.tag.o-p-om2-tagns-name-001.o-p-om2-tag-role-001, ('o-p-om2-tag-role-security-001'))",
              "allow group 'o-p-om2-id-common-001'/'o-p-om2-grp-admi-security-001' to manage alarms in compartment o-p-om2-cmp-land-001 where sets-intersect(target.resource.compartment.tag.o-p-om2-tagns-name-001.o-p-om2-tag-role-001, ('o-p-om2-tag-role-security-001'))",
              "allow group 'o-p-om2-id-common-001'/'o-p-om2-grp-admi-security-001' to manage metrics in compartment o-p-om2-cmp-land-001 where sets-intersect(target.resource.compartment.tag.o-p-om2-tagns-name-001.o-p-om2-tag-role-001, ('o-p-om2-tag-role-security-001'))",
              "allow group 'o-p-om2-id-common-001'/'o-p-om2-grp-admi-security-001' to use key-delegate in compartment o-p-om2-cmp-land-001 where sets-intersect(target.resource.compartment.tag.o-p-om2-tagns-name-001.o-p-om2-tag-role-001, ('o-p-om2-tag-role-security-001'))",
              "allow group 'o-p-om2-id-common-001'/'o-p-om2-grp-admi-security-001' to read virtual-network-family in compartment o-p-om2-cmp-land-001 where sets-intersect(target.resource.compartment.tag.o-p-om2-tagns-name-001.o-p-om2-tag-role-001, ('o-p-om2-tag-role-network-001'))",
              "allow group 'o-p-om2-id-common-001'/'o-p-om2-grp-admi-security-001' to use subnets in compartment o-p-om2-cmp-land-001 where sets-intersect(target.resource.compartment.tag.o-p-om2-tagns-name-001.o-p-om2-tag-role-001, ('o-p-om2-tag-role-network-001'))",
              "allow group 'o-p-om2-id-common-001'/'o-p-om2-grp-admi-security-001' to use network-security-groups in compartment o-p-om2-cmp-land-001 where sets-intersect(target.resource.compartment.tag.o-p-om2-tagns-name-001.o-p-om2-tag-role-001, ('o-p-om2-tag-role-network-001'))",
              "allow group 'o-p-om2-id-common-001'/'o-p-om2-grp-admi-security-001' to use vnics in compartment o-p-om2-cmp-land-001 where sets-intersect(target.resource.compartment.tag.o-p-om2-tagns-name-001.o-p-om2-tag-role-001, ('o-p-om2-tag-role-network-001'))",
              "allow group 'o-p-om2-id-common-001'/'o-p-om2-grp-admi-security-001' to manage private-ips in compartment o-p-om2-cmp-land-001 where sets-intersect(target.resource.compartment.tag.o-p-om2-tagns-name-001.o-p-om2-tag-role-001, ('o-p-om2-tag-role-network-001'))",
              "allow group 'o-p-om2-id-common-001'/'o-p-om2-grp-admi-security-001' to read keys in compartment o-p-om2-cmp-land-001 where sets-intersect(target.resource.compartment.tag.o-p-om2-tagns-name-001.o-p-om2-tag-role-001, ('o-p-om2-tag-role-network-001'))",
              "allow group 'o-p-om2-id-common-001'/'o-p-om2-grp-admi-security-001' to manage operator-control-family in compartment o-p-om2-cmp-land-001 where sets-intersect(target.resource.compartment.tag.o-p-om2-tagns-name-001.o-p-om2-tag-role-001, ('o-p-om2-tag-role-security-001'))"
            ],
            "time_created": "2026-02-27 12:26:55.031 +0000 UTC",
            "timeouts": null,
            "version_date": null
          },
          "sensitive_attributes": [],
          "private": "eyJlMmJmYjczMC1lY2FhLTExZTYtOGY4OC0zNDM2M2JjN2M0YzAiOnsiY3JlYXRlIjoxMjAwMDAwMDAwMDAwLCJkZWxldGUiOjEyMDAwMDAwMDAwMDAsInVwZGF0ZSI6MTIwMDAwMDAwMDAwMH19",
          "dependencies": [
            "data.github_repository_file.configurations",
            "data.github_repository_file.dependencies",
            "data.github_repository_file.url_dependencies",
            "data.http.configurations",
            "data.oci_objectstorage_namespace.this",
            "data.oci_objectstorage_object.configurations",
            "data.oci_objectstorage_object.dependencies",
            "data.oci_objectstorage_object.url_dependencies",
            "module.oci_lz_orchestrator.data.oci_identity_regions.these",
            "module.oci_lz_orchestrator.data.oci_identity_tenancy.this",
            "module.oci_lz_orchestrator.module.oci_lz_compartments.oci_identity_compartment.level_2",
            "module.oci_lz_orchestrator.module.oci_lz_compartments.oci_identity_compartment.level_3",
            "module.oci_lz_orchestrator.module.oci_lz_compartments.oci_identity_compartment.level_4",
            "module.oci_lz_orchestrator.module.oci_lz_compartments.oci_identity_compartment.level_5",
            "module.oci_lz_orchestrator.module.oci_lz_compartments.oci_identity_compartment.level_6",
            "module.oci_lz_orchestrator.module.oci_lz_compartments.oci_identity_compartment.these",
            "module.oci_lz_orchestrator.module.oci_lz_compartments.oci_identity_tag_default.these",
            "module.oci_lz_orchestrator.module.oci_lz_dynamic_groups.oci_identity_dynamic_group.these",
            "module.oci_lz_orchestrator.module.oci_lz_groups.data.oci_identity_users.these",
            "module.oci_lz_orchestrator.module.oci_lz_groups.oci_identity_group.these",
            "module.oci_lz_orchestrator.module.oci_lz_groups.oci_identity_user_group_membership.these",
            "module.oci_lz_orchestrator.module.oci_lz_policies.data.oci_identity_region_subscriptions.these",
            "module.oci_lz_orchestrator.module.oci_lz_policies.data.oci_identity_tenancy.this",
            "module.oci_lz_orchestrator.module.oci_lz_tags.data.oci_identity_tag.default_created_by",
            "module.oci_lz_orchestrator.module.oci_lz_tags.data.oci_identity_tag.default_created_on",
            "module.oci_lz_orchestrator.module.oci_lz_tags.data.oci_identity_tag_namespaces.oracle_default",
            "module.oci_lz_orchestrator.module.oci_lz_tags.oci_identity_tag.these",
            "module.oci_lz_orchestrator.module.oci_lz_tags.oci_identity_tag_default.these",
            "module.oci_lz_orchestrator.module.oci_lz_tags.oci_identity_tag_namespace.these"
          ]
        },
        {
          "index_key": "PCY-SERVICES-ADMIN-KEY",
          "schema_version": 0,
          "attributes": {
            "ETag": "e73dd6e25b2b46e862ee048a8698fdff8d628710",
            "compartment_id": "ocid1.tenancy.oc19..aaaaaaaa4ftkyx3ao73kndo3mbltj6gtbf27mxbgpu65a33ipgo2wqyj4zba",
            "defined_tags": {
              "Oracle-Tags.CreatedBy": "default/jorge.e.torlaschi@accenture.com",
              "Oracle-Tags.CreatedOn": "2026-02-27T12:26:54.901Z"
            },
            "description": "Policy for all supported services in the tenancy.",
            "freeform_tags": {
              "ocilz-terraform-module": "iam-policies/0.3.3\n"
            },
            "id": "ocid1.policy.oc19..aaaaaaaad44w3wpxupoezmu7uptg4zhpkovm7253gzmxle5qxavdxulmy6ia",
            "inactive_state": null,
            "lastUpdateETag": "e73dd6e25b2b46e862ee048a8698fdff8d628710",
            "name": "o-p-om2-pcy-srva-001",
            "policyHash": "37080dceb48abc3666f1339770564194",
            "state": "ACTIVE",
            "statements": [
              "allow service cloudguard to manage cloudevents-rules in tenancy where target.rule.type='managed'",
              "allow service cloudguard to read tenancies in tenancy",
              "allow service cloudguard to read all-resources in tenancy",
              "allow service cloudguard to use network-security-groups in tenancy",
              "allow any-user to { WLP_BOM_READ, WLP_CONFIG_READ } in tenancy where all { request.principal.id = target.agent.id, request.principal.type = 'workloadprotectionagent'}",
              "endorse any-user to { WLP_LOG_CREATE, WLP_METRICS_CREATE, WLP_ADHOC_QUERY_READ, WLP_ADHOC_RESULTS_CREATE } in any-tenancy where all { request.principal.id = target.agent.id, request.principal.type = 'workloadprotectionagent' }",
              "allow service vulnerability-scanning-service to manage instances in tenancy",
              "allow service vulnerability-scanning-service to read compartments in tenancy",
              "allow service vulnerability-scanning-service to read repos in tenancy",
              "allow service vulnerability-scanning-service to read vnics in tenancy",
              "allow service vulnerability-scanning-service to read vnic-attachments in tenancy",
              "allow service osms to read instances in tenancy",
              "allow service blockstorage, oke, streaming to use keys in tenancy"
            ],
            "time_created": "2026-02-27 12:26:55.063 +0000 UTC",
            "timeouts": null,
            "version_date": null
          },
          "sensitive_attributes": [],
          "private": "eyJlMmJmYjczMC1lY2FhLTExZTYtOGY4OC0zNDM2M2JjN2M0YzAiOnsiY3JlYXRlIjoxMjAwMDAwMDAwMDAwLCJkZWxldGUiOjEyMDAwMDAwMDAwMDAsInVwZGF0ZSI6MTIwMDAwMDAwMDAwMH19",
          "dependencies": [
            "data.github_repository_file.configurations",
            "data.github_repository_file.dependencies",
            "data.github_repository_file.url_dependencies",
            "data.http.configurations",
            "data.oci_objectstorage_namespace.this",
            "data.oci_objectstorage_object.configurations",
            "data.oci_objectstorage_object.dependencies",
            "data.oci_objectstorage_object.url_dependencies",
            "module.oci_lz_orchestrator.data.oci_identity_regions.these",
            "module.oci_lz_orchestrator.data.oci_identity_tenancy.this",
            "module.oci_lz_orchestrator.module.oci_lz_compartments.oci_identity_compartment.level_2",
            "module.oci_lz_orchestrator.module.oci_lz_compartments.oci_identity_compartment.level_3",
            "module.oci_lz_orchestrator.module.oci_lz_compartments.oci_identity_compartment.level_4",
            "module.oci_lz_orchestrator.module.oci_lz_compartments.oci_identity_compartment.level_5",
            "module.oci_lz_orchestrator.module.oci_lz_compartments.oci_identity_compartment.level_6",
            "module.oci_lz_orchestrator.module.oci_lz_compartments.oci_identity_compartment.these",
            "module.oci_lz_orchestrator.module.oci_lz_compartments.oci_identity_tag_default.these",
            "module.oci_lz_orchestrator.module.oci_lz_dynamic_groups.oci_identity_dynamic_group.these",
            "module.oci_lz_orchestrator.module.oci_lz_groups.data.oci_identity_users.these",
            "module.oci_lz_orchestrator.module.oci_lz_groups.oci_identity_group.these",
            "module.oci_lz_orchestrator.module.oci_lz_groups.oci_identity_user_group_membership.these",
            "module.oci_lz_orchestrator.module.oci_lz_policies.data.oci_identity_region_subscriptions.these",
            "module.oci_lz_orchestrator.module.oci_lz_policies.data.oci_identity_tenancy.this",
            "module.oci_lz_orchestrator.module.oci_lz_tags.data.oci_identity_tag.default_created_by",
            "module.oci_lz_orchestrator.module.oci_lz_tags.data.oci_identity_tag.default_created_on",
            "module.oci_lz_orchestrator.module.oci_lz_tags.data.oci_identity_tag_namespaces.oracle_default",
            "module.oci_lz_orchestrator.module.oci_lz_tags.oci_identity_tag.these",
            "module.oci_lz_orchestrator.module.oci_lz_tags.oci_identity_tag_default.these",
            "module.oci_lz_orchestrator.module.oci_lz_tags.oci_identity_tag_namespace.these"
          ]
        }
      ]
    },
    {
      "module": "module.oci_lz_orchestrator.module.oci_lz_tags[0]",
      "mode": "data",
      "type": "oci_identity_tag",
      "name": "default_created_by",
      "provider": "module.oci_lz_orchestrator.provider[\"registry.terraform.io/oracle/oci\"]",
      "instances": [
        {
          "index_key": 0,
          "schema_version": 0,
          "attributes": {
            "defined_tags": {},
            "description": "The name of the principal that created the resource.",
            "freeform_tags": {},
            "id": "ocid1.tagdefinition.oc19..aaaaaaaall6sqrsh2yuvd637kelyfr7w2h5ll2juolz4pjsyeut7l7ilkcva",
            "is_cost_tracking": true,
            "is_retired": false,
            "name": "CreatedBy",
            "state": "ACTIVE",
            "tag_name": "CreatedBy",
            "tag_namespace_id": "ocid1.tagnamespace.oc19..aaaaaaaa7hf3uz6sp77wwc5eim27muxbxdjptvt6yzk72uj4k7i6eu4rbhfq",
            "time_created": "2026-02-20 08:33:52.637 +0000 UTC",
            "validator": []
          },
          "sensitive_attributes": []
        }
      ]
    },
    {
      "module": "module.oci_lz_orchestrator.module.oci_lz_tags[0]",
      "mode": "data",
      "type": "oci_identity_tag",
      "name": "default_created_on",
      "provider": "module.oci_lz_orchestrator.provider[\"registry.terraform.io/oracle/oci\"]",
      "instances": [
        {
          "index_key": 0,
          "schema_version": 0,
          "attributes": {
            "defined_tags": {},
            "description": "The date and time that the resource was created.",
            "freeform_tags": {},
            "id": "ocid1.tagdefinition.oc19..aaaaaaaaaglupfcjdya6tfufliurys3tvrxv5bsdlpmnmvid4ptvvdlr5foa",
            "is_cost_tracking": false,
            "is_retired": false,
            "name": "CreatedOn",
            "state": "ACTIVE",
            "tag_name": "CreatedOn",
            "tag_namespace_id": "ocid1.tagnamespace.oc19..aaaaaaaa7hf3uz6sp77wwc5eim27muxbxdjptvt6yzk72uj4k7i6eu4rbhfq",
            "time_created": "2026-02-20 08:33:52.726 +0000 UTC",
            "validator": []
          },
          "sensitive_attributes": []
        }
      ]
    },
    {
      "module": "module.oci_lz_orchestrator.module.oci_lz_tags[0]",
      "mode": "data",
      "type": "oci_identity_tag_namespaces",
      "name": "oracle_default",
      "provider": "module.oci_lz_orchestrator.provider[\"registry.terraform.io/oracle/oci\"]",
      "instances": [
        {
          "schema_version": 0,
          "attributes": {
            "compartment_id": "ocid1.tenancy.oc19..aaaaaaaa4ftkyx3ao73kndo3mbltj6gtbf27mxbgpu65a33ipgo2wqyj4zba",
            "filter": [
              {
                "name": "name",
                "regex": false,
                "values": [
                  "Oracle-Tags"
                ]
              }
            ],
            "id": "IdentityTagNamespacesDataSource-1032845147",
            "include_subcompartments": null,
            "state": null,
            "tag_namespaces": [
              {
                "compartment_id": "ocid1.tenancy.oc19..aaaaaaaa4ftkyx3ao73kndo3mbltj6gtbf27mxbgpu65a33ipgo2wqyj4zba",
                "defined_tags": {},
                "description": "The namespace for the automatic tags.",
                "freeform_tags": {},
                "id": "ocid1.tagnamespace.oc19..aaaaaaaa7hf3uz6sp77wwc5eim27muxbxdjptvt6yzk72uj4k7i6eu4rbhfq",
                "is_retired": false,
                "name": "Oracle-Tags",
                "state": "ACTIVE",
                "time_created": "2026-02-20 08:33:52.568 +0000 UTC"
              }
            ]
          },
          "sensitive_attributes": []
        }
      ]
    },
    {
      "module": "module.oci_lz_orchestrator.module.oci_lz_tags[0]",
      "mode": "managed",
      "type": "oci_identity_tag",
      "name": "these",
      "provider": "module.oci_lz_orchestrator.provider[\"registry.terraform.io/oracle/oci\"]",
      "instances": [
        {
          "index_key": "TAG-LZ-ROLE-KEY",
          "schema_version": 0,
          "attributes": {
            "defined_tags": {
              "Oracle-Tags.CreatedBy": "default/jorge.e.torlaschi@accenture.com",
              "Oracle-Tags.CreatedOn": "2026-02-27T12:19:42.935Z"
            },
            "description": "Tag used to identify different administrative roles within the Landing Zone, across network and security compartments",
            "freeform_tags": {
              "ocilz-terraform-module": "tags/0.1.6\n"
            },
            "id": "ocid1.tagdefinition.oc19..aaaaaaaagkeqxwcllge4h3usxmmeexu5ltnxeodrsyhg4n7wx35dsv5nrniq",
            "is_cost_tracking": false,
            "is_retired": false,
            "name": "o-p-om2-tag-role-001",
            "state": "ACTIVE",
            "tag_namespace_id": "ocid1.tagnamespace.oc19..aaaaaaaahjrsl6sspslpixrjbybphzq6rpij5qzl3nc7kuf7ldknso3g7gdq",
            "time_created": "2026-02-27 12:19:43.167 +0000 UTC",
            "timeouts": null,
            "validator": []
          },
          "sensitive_attributes": [],
          "private": "eyJlMmJmYjczMC1lY2FhLTExZTYtOGY4OC0zNDM2M2JjN2M0YzAiOnsiY3JlYXRlIjo5MDAwMDAwMDAwMDAsImRlbGV0ZSI6NDMyMDAwMDAwMDAwMDAsInVwZGF0ZSI6OTAwMDAwMDAwMDAwfX0=",
          "dependencies": [
            "data.github_repository_file.configurations",
            "data.github_repository_file.dependencies",
            "data.github_repository_file.url_dependencies",
            "data.http.configurations",
            "data.oci_objectstorage_namespace.this",
            "data.oci_objectstorage_object.configurations",
            "data.oci_objectstorage_object.dependencies",
            "data.oci_objectstorage_object.url_dependencies",
            "module.oci_lz_orchestrator.module.oci_lz_tags.data.oci_identity_tag.default_created_by",
            "module.oci_lz_orchestrator.module.oci_lz_tags.data.oci_identity_tag.default_created_on",
            "module.oci_lz_orchestrator.module.oci_lz_tags.data.oci_identity_tag_namespaces.oracle_default",
            "module.oci_lz_orchestrator.module.oci_lz_tags.oci_identity_tag_namespace.these"
          ],
          "create_before_destroy": true
        }
      ]
    },
    {
      "module": "module.oci_lz_orchestrator.module.oci_lz_tags[0]",
      "mode": "managed",
      "type": "oci_identity_tag_namespace",
      "name": "these",
      "provider": "module.oci_lz_orchestrator.provider[\"registry.terraform.io/oracle/oci\"]",
      "instances": [
        {
          "index_key": "TAGNS-LZ-ROLE-KEY",
          "schema_version": 0,
          "attributes": {
            "compartment_id": "ocid1.tenancy.oc19..aaaaaaaa4ftkyx3ao73kndo3mbltj6gtbf27mxbgpu65a33ipgo2wqyj4zba",
            "defined_tags": {
              "Oracle-Tags.CreatedBy": "default/jorge.e.torlaschi@accenture.com",
              "Oracle-Tags.CreatedOn": "2026-02-27T12:19:42.935Z"
            },
            "description": "Tag namespace for Tag Based Access Controls of Landing Zone Roles.",
            "freeform_tags": {
              "ocilz-terraform-module": "tags/0.1.6\n"
            },
            "id": "ocid1.tagnamespace.oc19..aaaaaaaahjrsl6sspslpixrjbybphzq6rpij5qzl3nc7kuf7ldknso3g7gdq",
            "is_retired": false,
            "name": "o-p-om2-tagns-name-001",
            "state": "ACTIVE",
            "time_created": "2026-02-27 12:19:42.959 +0000 UTC",
            "timeouts": null
          },
          "sensitive_attributes": [],
          "private": "eyJlMmJmYjczMC1lY2FhLTExZTYtOGY4OC0zNDM2M2JjN2M0YzAiOnsiY3JlYXRlIjoxMjAwMDAwMDAwMDAwLCJkZWxldGUiOjEyMDAwMDAwMDAwMDAsInVwZGF0ZSI6MTIwMDAwMDAwMDAwMH19",
          "dependencies": [
            "data.github_repository_file.configurations",
            "data.github_repository_file.dependencies",
            "data.github_repository_file.url_dependencies",
            "data.http.configurations",
            "data.oci_objectstorage_namespace.this",
            "data.oci_objectstorage_object.configurations",
            "data.oci_objectstorage_object.dependencies",
            "data.oci_objectstorage_object.url_dependencies",
            "module.oci_lz_orchestrator.module.oci_lz_tags.data.oci_identity_tag_namespaces.oracle_default"
          ],
          "create_before_destroy": true
        }
      ]
    }
  ],
  "check_results": [
    {
      "object_kind": "resource",
      "config_addr": "module.oci_lz_orchestrator.module.oci_lz_network.oci_core_vcn.these",
      "status": "pass",
      "objects": [
        {
          "object_addr": "module.oci_lz_orchestrator.module.oci_lz_network[0].oci_core_vcn.these[\"VCN-VLL-LZ-EXACS-PRO-KEY\"]",
          "status": "pass"
        },
        {
          "object_addr": "module.oci_lz_orchestrator.module.oci_lz_network[0].oci_core_vcn.these[\"VCN-VLL-LZ-HUB-KEY\"]",
          "status": "pass"
        },
        {
          "object_addr": "module.oci_lz_orchestrator.module.oci_lz_network[0].oci_core_vcn.these[\"VCN-VLL-LZ-EXACS-NPR-KEY\"]",
          "status": "pass"
        }
      ]
    },
    {
      "object_kind": "resource",
      "config_addr": "module.oci_lz_orchestrator.module.oci_lz_logging.oci_logging_log.bucket_logs",
      "status": "pass",
      "objects": null
    },
    {
      "object_kind": "resource",
      "config_addr": "module.oci_lz_orchestrator.module.oci_lz_vaults.oci_kms_key.these",
      "status": "pass",
      "objects": null
    },
    {
      "object_kind": "resource",
      "config_addr": "module.oci_lz_orchestrator.module.oci_lz_identity_domains.oci_identity_domain_replication_to_region.these",
      "status": "pass",
      "objects": null
    },
    {
      "object_kind": "resource",
      "config_addr": "module.oci_lz_orchestrator.module.oci_lz_compute.oci_core_cluster_network.these",
      "status": "pass",
      "objects": null
    },
    {
      "object_kind": "resource",
      "config_addr": "module.oci_lz_orchestrator.module.oci_lz_compute.data.oci_marketplace_listing.this",
      "status": "pass",
      "objects": null
    },
    {
      "object_kind": "resource",
      "config_addr": "module.oci_lz_orchestrator.module.oci_lz_compute.data.oci_core_images.these_custom",
      "status": "pass",
      "objects": null
    },
    {
      "object_kind": "resource",
      "config_addr": "module.oci_lz_orchestrator.module.oci_lz_logging.oci_logging_log.these",
      "status": "pass",
      "objects": null
    },
    {
      "object_kind": "resource",
      "config_addr": "module.oci_lz_orchestrator.module.oci_lz_policies.oci_identity_policy.these",
      "status": "pass",
      "objects": [
        {
          "object_addr": "module.oci_lz_orchestrator.module.oci_lz_policies[0].oci_identity_policy.these[\"PCY-LZ-PLATFORM-EXACS-INFRA-ADMIN-KEY\"]",
          "status": "pass"
        },
        {
          "object_addr": "module.oci_lz_orchestrator.module.oci_lz_policies[0].oci_identity_policy.these[\"PCY-NETWORK-ADMIN-KEY\"]",
          "status": "pass"
        },
        {
          "object_addr": "module.oci_lz_orchestrator.module.oci_lz_policies[0].oci_identity_policy.these[\"PCY-COST-ADMIN-KEY\"]",
          "status": "pass"
        },
        {
          "object_addr": "module.oci_lz_orchestrator.module.oci_lz_policies[0].oci_identity_policy.these[\"PCY-GLOBALSERV-ADMIN-KEY\"]",
          "status": "pass"
        },
        {
          "object_addr": "module.oci_lz_orchestrator.module.oci_lz_policies[0].oci_identity_policy.these[\"PCY-GENERIC-ADMIN-KEY\"]",
          "status": "pass"
        },
        {
          "object_addr": "module.oci_lz_orchestrator.module.oci_lz_policies[0].oci_identity_policy.these[\"PCY-IAM-ADMIN-KEY\"]",
          "status": "pass"
        },
        {
          "object_addr": "module.oci_lz_orchestrator.module.oci_lz_policies[0].oci_identity_policy.these[\"PCY-AUDITING-ADMIN-KEY\"]",
          "status": "pass"
        },
        {
          "object_addr": "module.oci_lz_orchestrator.module.oci_lz_policies[0].oci_identity_policy.these[\"PCY-SERVICES-ADMIN-KEY\"]",
          "status": "pass"
        },
        {
          "object_addr": "module.oci_lz_orchestrator.module.oci_lz_policies[0].oci_identity_policy.these[\"PCY-SECURITY-ADMIN-KEY\"]",
          "status": "pass"
        },
        {
          "object_addr": "module.oci_lz_orchestrator.module.oci_lz_policies[0].oci_identity_policy.these[\"PCY-LZ-PLATFORM-EXACS-DB-ADMIN-KEY\"]",
          "status": "pass"
        },
        {
          "object_addr": "module.oci_lz_orchestrator.module.oci_lz_policies[0].oci_identity_policy.these[\"PCY-LZ-PLATFORM-EXACS-GENERIC-ADMIN-KEY\"]",
          "status": "pass"
        }
      ]
    },
    {
      "object_kind": "resource",
      "config_addr": "module.oci_lz_orchestrator.module.oci_lz_compute.oci_core_volume_backup_policy_assignment.these",
      "status": "pass",
      "objects": null
    },
    {
      "object_kind": "resource",
      "config_addr": "module.oci_lz_orchestrator.module.oci_lz_compute.oci_file_storage_file_system.these",
      "status": "pass",
      "objects": null
    },
    {
      "object_kind": "resource",
      "config_addr": "module.oci_lz_orchestrator.module.oci_lz_alarms.oci_ons_subscription.these",
      "status": "pass",
      "objects": null
    },
    {
      "object_kind": "resource",
      "config_addr": "module.oci_lz_orchestrator.module.oci_lz_compute.oci_file_storage_mount_target.these",
      "status": "pass",
      "objects": null
    },
    {
      "object_kind": "resource",
      "config_addr": "module.oci_lz_orchestrator.module.oci_lz_oke.oci_containerengine_virtual_node_pool.these",
      "status": "pass",
      "objects": null
    },
    {
      "object_kind": "resource",
      "config_addr": "module.oci_lz_orchestrator.module.oci_lz_home_region_events.oci_ons_subscription.these",
      "status": "pass",
      "objects": null
    },
    {
      "object_kind": "resource",
      "config_addr": "module.oci_lz_orchestrator.module.oci_lz_network.oci_core_network_security_group_security_rule.ingress",
      "status": "pass",
      "objects": [
        {
          "object_addr": "module.oci_lz_orchestrator.module.oci_lz_network[0].oci_core_network_security_group_security_rule.ingress[\"NSG-VLL-LZ-HUB-LB-KEY.http_443\"]",
          "status": "pass"
        },
        {
          "object_addr": "module.oci_lz_orchestrator.module.oci_lz_network[0].oci_core_network_security_group_security_rule.ingress[\"NSG-VLL-LZ-HUB-LB-KEY.http_80\"]",
          "status": "pass"
        },
        {
          "object_addr": "module.oci_lz_orchestrator.module.oci_lz_network[0].oci_core_network_security_group_security_rule.ingress[\"NSG-VLL-LZ-HUB-FW-KEY.from_lb\"]",
          "status": "pass"
        }
      ]
    },
    {
      "object_kind": "resource",
      "config_addr": "module.oci_lz_orchestrator.module.oci_lz_oke.oci_containerengine_cluster.these",
      "status": "pass",
      "objects": null
    },
    {
      "object_kind": "resource",
      "config_addr": "module.oci_lz_orchestrator.module.oci_lz_compute.oci_file_storage_replication.these",
      "status": "pass",
      "objects": null
    },
    {
      "object_kind": "resource",
      "config_addr": "module.oci_lz_orchestrator.module.oci_lz_events.oci_streaming_stream.these",
      "status": "pass",
      "objects": null
    },
    {
      "object_kind": "resource",
      "config_addr": "module.oci_lz_orchestrator.module.oci_lz_logging.data.oci_identity_compartment.these",
      "status": "pass",
      "objects": null
    },
    {
      "object_kind": "resource",
      "config_addr": "module.oci_lz_orchestrator.module.oci_lz_identity_domains.oci_identity_domains_group.these_with_external_membership_updates",
      "status": "pass",
      "objects": null
    },
    {
      "object_kind": "resource",
      "config_addr": "module.oci_lz_orchestrator.module.oci_lz_service_connectors.oci_objectstorage_bucket.these",
      "status": "pass",
      "objects": null
    },
    {
      "object_kind": "resource",
      "config_addr": "module.oci_lz_orchestrator.module.oci_lz_security_zones.oci_cloud_guard_security_recipe.these",
      "status": "pass",
      "objects": null
    },
    {
      "object_kind": "resource",
      "config_addr": "module.oci_lz_orchestrator.module.oci_lz_compute.oci_core_app_catalog_listing_resource_version_agreement.these",
      "status": "pass",
      "objects": null
    },
    {
      "object_kind": "resource",
      "config_addr": "module.oci_lz_orchestrator.module.oci_lz_home_region_events.oci_ons_notification_topic.these",
      "status": "pass",
      "objects": null
    },
    {
      "object_kind": "resource",
      "config_addr": "module.oci_lz_orchestrator.module.oci_lz_compute.oci_core_vnic_attachment.these",
      "status": "pass",
      "objects": null
    },
    {
      "object_kind": "resource",
      "config_addr": "module.oci_lz_orchestrator.module.oci_lz_notifications.oci_ons_subscription.these",
      "status": "pass",
      "objects": null
    },
    {
      "object_kind": "resource",
      "config_addr": "module.oci_lz_orchestrator.module.oci_lz_logging.oci_logging_log.flow_logs",
      "status": "pass",
      "objects": null
    },
    {
      "object_kind": "resource",
      "config_addr": "module.oci_lz_orchestrator.module.oci_lz_events.oci_ons_notification_topic.these",
      "status": "pass",
      "objects": null
    },
    {
      "object_kind": "resource",
      "config_addr": "module.oci_lz_orchestrator.module.oci_lz_alarms.oci_streaming_stream.these",
      "status": "pass",
      "objects": null
    },
    {
      "object_kind": "resource",
      "config_addr": "module.oci_lz_orchestrator.module.oci_lz_alarms.oci_monitoring_alarm.these",
      "status": "pass",
      "objects": null
    },
    {
      "object_kind": "resource",
      "config_addr": "module.oci_lz_orchestrator.module.oci_lz_compute.data.oci_core_app_catalog_listing_resource_versions.these",
      "status": "pass",
      "objects": null
    },
    {
      "object_kind": "resource",
      "config_addr": "module.oci_lz_orchestrator.module.oci_lz_identity_domains.oci_identity_domains_group.these",
      "status": "pass",
      "objects": [
        {
          "object_addr": "module.oci_lz_orchestrator.module.oci_lz_identity_domains[0].oci_identity_domains_group.these[\"GRP-LZ-DB-ADMINS\"]",
          "status": "pass"
        },
        {
          "object_addr": "module.oci_lz_orchestrator.module.oci_lz_identity_domains[0].oci_identity_domains_group.these[\"GRP-LZ-INFRA-ADMINS\"]",
          "status": "pass"
        },
        {
          "object_addr": "module.oci_lz_orchestrator.module.oci_lz_identity_domains[0].oci_identity_domains_group.these[\"GRP-NETWORK-ADMIN-KEY\"]",
          "status": "pass"
        },
        {
          "object_addr": "module.oci_lz_orchestrator.module.oci_lz_identity_domains[0].oci_identity_domains_group.these[\"GRP-SECURITY-ADMIN-KEY\"]",
          "status": "pass"
        },
        {
          "object_addr": "module.oci_lz_orchestrator.module.oci_lz_identity_domains[0].oci_identity_domains_group.these[\"GRP-AUDITORS-ADMIN-KEY\"]",
          "status": "pass"
        },
        {
          "object_addr": "module.oci_lz_orchestrator.module.oci_lz_identity_domains[0].oci_identity_domains_group.these[\"GRP-COST-ADMIN-KEY\"]",
          "status": "pass"
        },
        {
          "object_addr": "module.oci_lz_orchestrator.module.oci_lz_identity_domains[0].oci_identity_domains_group.these[\"GRP-GLOBALSERV-ADMIN-KEY\"]",
          "status": "pass"
        },
        {
          "object_addr": "module.oci_lz_orchestrator.module.oci_lz_identity_domains[0].oci_identity_domains_group.these[\"GRP-IAM-ADMIN-KEY\"]",
          "status": "pass"
        }
      ]
    },
    {
      "object_kind": "resource",
      "config_addr": "module.oci_lz_orchestrator.module.oci_lz_service_connectors.oci_objectstorage_bucket.bucket_replica",
      "status": "pass",
      "objects": null
    },
    {
      "object_kind": "resource",
      "config_addr": "module.oci_lz_orchestrator.module.oci_lz_service_connectors.oci_ons_subscription.these",
      "status": "pass",
      "objects": null
    },
    {
      "object_kind": "resource",
      "config_addr": "module.oci_lz_orchestrator.module.oci_lz_network.oci_core_default_security_list.these",
      "status": "pass",
      "objects": [
        {
          "object_addr": "module.oci_lz_orchestrator.module.oci_lz_network[0].oci_core_default_security_list.these[\"CUSTOM-DEFAULT-SEC-LIST-VCN-VLL-LZ-EXACS-PRO-KEY\"]",
          "status": "pass"
        },
        {
          "object_addr": "module.oci_lz_orchestrator.module.oci_lz_network[0].oci_core_default_security_list.these[\"CUSTOM-DEFAULT-SEC-LIST-VCN-VLL-LZ-HUB-KEY\"]",
          "status": "pass"
        },
        {
          "object_addr": "module.oci_lz_orchestrator.module.oci_lz_network[0].oci_core_default_security_list.these[\"CUSTOM-DEFAULT-SEC-LIST-VCN-VLL-LZ-EXACS-NPR-KEY\"]",
          "status": "pass"
        }
      ]
    },
    {
      "object_kind": "resource",
      "config_addr": "module.oci_lz_orchestrator.module.oci_lz_logging.data.oci_core_vnic_attachments.these",
      "status": "pass",
      "objects": null
    },
    {
      "object_kind": "resource",
      "config_addr": "module.oci_lz_orchestrator.module.oci_lz_streams.oci_streaming_stream.these",
      "status": "pass",
      "objects": null
    },
    {
      "object_kind": "resource",
      "config_addr": "module.oci_lz_orchestrator.module.oci_lz_compute.oci_core_instance.these",
      "status": "pass",
      "objects": null
    },
    {
      "object_kind": "resource",
      "config_addr": "module.oci_lz_orchestrator.module.oci_lz_security_zones.oci_cloud_guard_security_zone.these",
      "status": "pass",
      "objects": null
    },
    {
      "object_kind": "resource",
      "config_addr": "module.oci_lz_orchestrator.module.oci_lz_oke.oci_containerengine_node_pool.these",
      "status": "pass",
      "objects": null
    },
    {
      "object_kind": "resource",
      "config_addr": "module.oci_lz_orchestrator.module.oci_lz_logging.data.oci_core_subnets.these",
      "status": "pass",
      "objects": null
    },
    {
      "object_kind": "resource",
      "config_addr": "module.oci_lz_orchestrator.module.oci_lz_bastions.oci_bastion_session.these",
      "status": "pass",
      "objects": null
    },
    {
      "object_kind": "resource",
      "config_addr": "module.oci_lz_orchestrator.module.oci_lz_service_connectors.oci_sch_service_connector.these",
      "status": "pass",
      "objects": null
    },
    {
      "object_kind": "resource",
      "config_addr": "module.oci_lz_orchestrator.module.oci_lz_bastions.oci_bastion_bastion.these",
      "status": "pass",
      "objects": null
    },
    {
      "object_kind": "resource",
      "config_addr": "module.oci_lz_orchestrator.module.oci_lz_logging.data.oci_network_load_balancer_network_load_balancers.these",
      "status": "pass",
      "objects": null
    },
    {
      "object_kind": "resource",
      "config_addr": "module.oci_lz_orchestrator.module.oci_lz_home_region_events.oci_events_rule.these",
      "status": "pass",
      "objects": null
    },
    {
      "object_kind": "resource",
      "config_addr": "module.oci_lz_orchestrator.module.oci_lz_identity_domains.oci_identity_domains_identity_provider.these",
      "status": "pass",
      "objects": null
    },
    {
      "object_kind": "resource",
      "config_addr": "module.oci_lz_orchestrator.module.oci_lz_scanning.oci_vulnerability_scanning_container_scan_target.these",
      "status": "pass",
      "objects": null
    },
    {
      "object_kind": "resource",
      "config_addr": "module.oci_lz_orchestrator.module.oci_lz_compute.oci_file_storage_export.these",
      "status": "pass",
      "objects": null
    },
    {
      "object_kind": "resource",
      "config_addr": "module.oci_lz_orchestrator.module.oci_lz_network.data.oci_security_attribute_security_attribute_namespaces.these",
      "status": "pass",
      "objects": null
    },
    {
      "object_kind": "resource",
      "config_addr": "module.oci_lz_orchestrator.module.oci_lz_nlb.oci_network_load_balancer_network_load_balancer.these",
      "status": "pass",
      "objects": null
    },
    {
      "object_kind": "resource",
      "config_addr": "module.oci_lz_orchestrator.module.oci_lz_service_connectors.oci_identity_policy.these",
      "status": "pass",
      "objects": null
    },
    {
      "object_kind": "resource",
      "config_addr": "module.oci_lz_orchestrator.module.oci_lz_home_region_events.oci_streaming_stream.these",
      "status": "pass",
      "objects": null
    },
    {
      "object_kind": "resource",
      "config_addr": "module.oci_lz_orchestrator.module.oci_lz_streams.oci_streaming_stream_pool.these",
      "status": "pass",
      "objects": null
    },
    {
      "object_kind": "resource",
      "config_addr": "module.oci_lz_orchestrator.module.oci_lz_network.oci_core_security_list.these",
      "status": "pass",
      "objects": [
        {
          "object_addr": "module.oci_lz_orchestrator.module.oci_lz_network[0].oci_core_security_list.these[\"SL-VLL-LZ-EXACS-PRO-BACKUP-KEY\"]",
          "status": "pass"
        },
        {
          "object_addr": "module.oci_lz_orchestrator.module.oci_lz_network[0].oci_core_security_list.these[\"SL-VLL-LZ-EXACS-PRO-CLIENT-KEY\"]",
          "status": "pass"
        },
        {
          "object_addr": "module.oci_lz_orchestrator.module.oci_lz_network[0].oci_core_security_list.these[\"SL-VLL-LZ-HUB-FW-KEY\"]",
          "status": "pass"
        },
        {
          "object_addr": "module.oci_lz_orchestrator.module.oci_lz_network[0].oci_core_security_list.these[\"SL-VLL-LZ-HUB-MGMT-KEY\"]",
          "status": "pass"
        },
        {
          "object_addr": "module.oci_lz_orchestrator.module.oci_lz_network[0].oci_core_security_list.these[\"SL-VLL-LZ-EXACS-NPR-BACKUP-KEY\"]",
          "status": "pass"
        },
        {
          "object_addr": "module.oci_lz_orchestrator.module.oci_lz_network[0].oci_core_security_list.these[\"SL-VLL-LZ-EXACS-NPR-CLIENT-KEY\"]",
          "status": "pass"
        }
      ]
    },
    {
      "object_kind": "resource",
      "config_addr": "module.oci_lz_orchestrator.module.oci_lz_events.oci_events_rule.these",
      "status": "pass",
      "objects": null
    },
    {
      "object_kind": "resource",
      "config_addr": "module.oci_lz_orchestrator.module.oci_lz_compute.data.oci_core_app_catalog_listing_resource_version.this",
      "status": "pass",
      "objects": null
    },
    {
      "object_kind": "resource",
      "config_addr": "module.oci_lz_orchestrator.module.oci_lz_compute.oci_core_volume_attachment.these",
      "status": "pass",
      "objects": null
    },
    {
      "object_kind": "resource",
      "config_addr": "module.oci_lz_orchestrator.module.oci_lz_events.oci_ons_subscription.these",
      "status": "pass",
      "objects": null
    },
    {
      "object_kind": "resource",
      "config_addr": "module.oci_lz_orchestrator.module.oci_lz_compute.oci_core_volume.these",
      "status": "pass",
      "objects": null
    },
    {
      "object_kind": "resource",
      "config_addr": "module.oci_lz_orchestrator.module.oci_lz_alarms.oci_ons_notification_topic.these",
      "status": "pass",
      "objects": null
    },
    {
      "object_kind": "resource",
      "config_addr": "module.oci_lz_orchestrator.module.oci_lz_identity_domains.oci_identity_domains_app.these",
      "status": "pass",
      "objects": null
    }
  ]
}
