{
  "version": 4,
  "terraform_version": "1.14.5",
  "serial": 473,
  "lineage": "90606ece-dcbd-5b9b-edd4-5a490acb24ed",
  "outputs": {},
  "resources": [
    {
      "module": "module.oci_lz_orchestrator",
      "mode": "data",
      "type": "oci_identity_regions",
      "name": "these",
      "provider": "module.oci_lz_orchestrator.provider[\"registry.terraform.io/oracle/oci\"]",
      "instances": [
        {
          "schema_version": 0,
          "attributes": {
            "filter": null,
            "id": "IdentityRegionsDataSource-0",
            "regions": [
              {
                "key": "STR",
                "name": "eu-frankfurt-2"
              },
              {
                "key": "VLL",
                "name": "eu-madrid-2"
              }
            ]
          },
          "sensitive_attributes": [],
          "identity_schema_version": 0
        }
      ]
    },
    {
      "module": "module.oci_lz_orchestrator",
      "mode": "data",
      "type": "oci_identity_tenancy",
      "name": "this",
      "provider": "module.oci_lz_orchestrator.provider[\"registry.terraform.io/oracle/oci\"]",
      "instances": [
        {
          "schema_version": 0,
          "attributes": {
            "defined_tags": {},
            "description": "TENLS-6209",
            "freeform_tags": {},
            "home_region_key": "VLL",
            "id": "ocid1.tenancy.oc19..aaaaaaaa4ftkyx3ao73kndo3mbltj6gtbf27mxbgpu65a33ipgo2wqyj4zba",
            "name": "seguridadsocial",
            "tenancy_id": "ocid1.tenancy.oc19..aaaaaaaa4ftkyx3ao73kndo3mbltj6gtbf27mxbgpu65a33ipgo2wqyj4zba",
            "upi_idcs_compatibility_layer_endpoint": null
          },
          "sensitive_attributes": [],
          "identity_schema_version": 0
        }
      ]
    },
    {
      "module": "module.oci_lz_orchestrator.module.oci_lz_compartments[0]",
      "mode": "managed",
      "type": "oci_identity_compartment",
      "name": "level_2",
      "provider": "module.oci_lz_orchestrator.provider[\"registry.terraform.io/oracle/oci\"].home",
      "instances": [
        {
          "index_key": "CMP-LZ-CDINSS-KEY",
          "schema_version": 0,
          "attributes": {
            "compartment_id": "ocid1.compartment.oc19..aaaaaaaa43gu35rhrbtmirjlkxilrma3v5s2bqzhico4up6jvstnluiud3oa",
            "defined_tags": {
              "Oracle-Tags.CreatedBy": "default/jorge.e.torlaschi@accenture.com",
              "Oracle-Tags.CreatedOn": "2026-03-10T14:41:37.680Z"
            },
            "description": "Coretech Entity Environment Compartment",
            "enable_delete": true,
            "freeform_tags": {
              "ocilz-terraform-module": "iam-compartments/0.3.3\n"
            },
            "id": "ocid1.compartment.oc19..aaaaaaaanalnmbuht65cel33bkqu2aowgdi3hvfcqofq2q7tsod5jcurxpxq",
            "inactive_state": null,
            "is_accessible": true,
            "name": "o-p-om2-cmp-cdin-core-001",
            "state": "ACTIVE",
            "time_created": "2026-03-10 14:41:37.96 +0000 UTC",
            "timeouts": null
          },
          "sensitive_attributes": [],
          "identity_schema_version": 0,
          "private": "eyJlMmJmYjczMC1lY2FhLTExZTYtOGY4OC0zNDM2M2JjN2M0YzAiOnsiZGVsZXRlIjo1NDAwMDAwMDAwMDAwfX0=",
          "dependencies": [
            "module.oci_lz_orchestrator.data.oci_identity_regions.these",
            "module.oci_lz_orchestrator.data.oci_identity_tenancy.this",
            "module.oci_lz_orchestrator.module.oci_lz_compartments.oci_identity_compartment.these"
          ],
          "create_before_destroy": true
        },
        {
          "index_key": "CMP-LZ-NETWORK-KEY",
          "schema_version": 0,
          "attributes": {
            "compartment_id": "ocid1.compartment.oc19..aaaaaaaa43gu35rhrbtmirjlkxilrma3v5s2bqzhico4up6jvstnluiud3oa",
            "defined_tags": {
              "Oracle-Tags.CreatedBy": "default/jorge.e.torlaschi@accenture.com",
              "Oracle-Tags.CreatedOn": "2026-03-10T14:41:37.644Z",
              "o-p-om2-tagns-name-001.o-p-om2-tag-role-001": "o-p-om2-tag-role-network-001"
            },
            "description": "Shared Network Compartment",
            "enable_delete": true,
            "freeform_tags": {
              "ocilz-terraform-module": "iam-compartments/0.3.3\n"
            },
            "id": "ocid1.compartment.oc19..aaaaaaaa5gtrrkqmob4ummcgl52exbo4d4vf55uvlzdku5j4fammf3b2pmlq",
            "inactive_state": null,
            "is_accessible": true,
            "name": "o-p-om2-cmp-network-001",
            "state": "ACTIVE",
            "time_created": "2026-03-10 14:41:37.646 +0000 UTC",
            "timeouts": null
          },
          "sensitive_attributes": [],
          "identity_schema_version": 0,
          "private": "eyJlMmJmYjczMC1lY2FhLTExZTYtOGY4OC0zNDM2M2JjN2M0YzAiOnsiZGVsZXRlIjo1NDAwMDAwMDAwMDAwfX0=",
          "dependencies": [
            "module.oci_lz_orchestrator.data.oci_identity_regions.these",
            "module.oci_lz_orchestrator.data.oci_identity_tenancy.this",
            "module.oci_lz_orchestrator.module.oci_lz_compartments.oci_identity_compartment.these"
          ],
          "create_before_destroy": true
        },
        {
          "index_key": "CMP-LZ-PLATFORM-KEY",
          "schema_version": 0,
          "attributes": {
            "compartment_id": "ocid1.compartment.oc19..aaaaaaaa43gu35rhrbtmirjlkxilrma3v5s2bqzhico4up6jvstnluiud3oa",
            "defined_tags": {
              "Oracle-Tags.CreatedBy": "default/jorge.e.torlaschi@accenture.com",
              "Oracle-Tags.CreatedOn": "2026-03-10T14:41:37.677Z"
            },
            "description": "Shared Platform Compartment",
            "enable_delete": true,
            "freeform_tags": {
              "ocilz-terraform-module": "iam-compartments/0.3.3\n"
            },
            "id": "ocid1.compartment.oc19..aaaaaaaa6xwlxfjdyxcozp274vtvpp2ar5cahjmyljyxbb44wh726jjppm4q",
            "inactive_state": null,
            "is_accessible": true,
            "name": "o-p-om2-cmp-platform-001",
            "state": "ACTIVE",
            "time_created": "2026-03-10 14:41:37.777 +0000 UTC",
            "timeouts": null
          },
          "sensitive_attributes": [],
          "identity_schema_version": 0,
          "private": "eyJlMmJmYjczMC1lY2FhLTExZTYtOGY4OC0zNDM2M2JjN2M0YzAiOnsiZGVsZXRlIjo1NDAwMDAwMDAwMDAwfX0=",
          "dependencies": [
            "module.oci_lz_orchestrator.data.oci_identity_regions.these",
            "module.oci_lz_orchestrator.data.oci_identity_tenancy.this",
            "module.oci_lz_orchestrator.module.oci_lz_compartments.oci_identity_compartment.these"
          ],
          "create_before_destroy": true
        },
        {
          "index_key": "CMP-LZ-SECURITY-KEY",
          "schema_version": 0,
          "attributes": {
            "compartment_id": "ocid1.compartment.oc19..aaaaaaaa43gu35rhrbtmirjlkxilrma3v5s2bqzhico4up6jvstnluiud3oa",
            "defined_tags": {
              "Oracle-Tags.CreatedBy": "default/jorge.e.torlaschi@accenture.com",
              "Oracle-Tags.CreatedOn": "2026-03-10T14:41:35.537Z",
              "o-p-om2-tagns-name-001.o-p-om2-tag-role-001": "o-p-om2-tag-role-security-001"
            },
            "description": "Shared Security Compartment",
            "enable_delete": true,
            "freeform_tags": {
              "ocilz-terraform-module": "iam-compartments/0.3.3\n"
            },
            "id": "ocid1.compartment.oc19..aaaaaaaayw5yjsj6mh5smp5piyjpjelequhd777a66psqqoxcw7czj4dyiua",
            "inactive_state": null,
            "is_accessible": true,
            "name": "o-p-om2-cmp-security-001",
            "state": "ACTIVE",
            "time_created": "2026-03-10 14:41:35.542 +0000 UTC",
            "timeouts": null
          },
          "sensitive_attributes": [],
          "identity_schema_version": 0,
          "private": "eyJlMmJmYjczMC1lY2FhLTExZTYtOGY4OC0zNDM2M2JjN2M0YzAiOnsiZGVsZXRlIjo1NDAwMDAwMDAwMDAwfX0=",
          "dependencies": [
            "module.oci_lz_orchestrator.data.oci_identity_regions.these",
            "module.oci_lz_orchestrator.data.oci_identity_tenancy.this",
            "module.oci_lz_orchestrator.module.oci_lz_compartments.oci_identity_compartment.these"
          ],
          "create_before_destroy": true
        }
      ]
    },
    {
      "module": "module.oci_lz_orchestrator.module.oci_lz_compartments[0]",
      "mode": "managed",
      "type": "oci_identity_compartment",
      "name": "level_3",
      "provider": "module.oci_lz_orchestrator.provider[\"registry.terraform.io/oracle/oci\"].home",
      "instances": [
        {
          "index_key": "CMP-LZ-CDINSS-NPR-KEY",
          "schema_version": 0,
          "attributes": {
            "compartment_id": "ocid1.compartment.oc19..aaaaaaaanalnmbuht65cel33bkqu2aowgdi3hvfcqofq2q7tsod5jcurxpxq",
            "defined_tags": {
              "Oracle-Tags.CreatedBy": "default/jorge.e.torlaschi@accenture.com",
              "Oracle-Tags.CreatedOn": "2026-03-10T14:41:57.271Z"
            },
            "description": "Non Production Environment Compartment",
            "enable_delete": true,
            "freeform_tags": {
              "ocilz-terraform-module": "iam-compartments/0.3.3\n"
            },
            "id": "ocid1.compartment.oc19..aaaaaaaas5tb4msd3rlj6luy7smtqmnybp3cm4sprqoya3v4fbqvycpe6ewq",
            "inactive_state": null,
            "is_accessible": true,
            "name": "o-d-om2-cmp-cdin-001",
            "state": "ACTIVE",
            "time_created": "2026-03-10 14:41:57.287 +0000 UTC",
            "timeouts": null
          },
          "sensitive_attributes": [],
          "identity_schema_version": 0,
          "private": "eyJlMmJmYjczMC1lY2FhLTExZTYtOGY4OC0zNDM2M2JjN2M0YzAiOnsiZGVsZXRlIjo1NDAwMDAwMDAwMDAwfX0=",
          "dependencies": [
            "module.oci_lz_orchestrator.data.oci_identity_regions.these",
            "module.oci_lz_orchestrator.data.oci_identity_tenancy.this",
            "module.oci_lz_orchestrator.module.oci_lz_compartments.oci_identity_compartment.level_2",
            "module.oci_lz_orchestrator.module.oci_lz_compartments.oci_identity_compartment.these"
          ],
          "create_before_destroy": true
        },
        {
          "index_key": "CMP-LZ-CDINSS-PROD-KEY",
          "schema_version": 0,
          "attributes": {
            "compartment_id": "ocid1.compartment.oc19..aaaaaaaanalnmbuht65cel33bkqu2aowgdi3hvfcqofq2q7tsod5jcurxpxq",
            "defined_tags": {
              "Oracle-Tags.CreatedBy": "default/jorge.e.torlaschi@accenture.com",
              "Oracle-Tags.CreatedOn": "2026-03-10T14:41:57.150Z"
            },
            "description": "Production Environment Compartment",
            "enable_delete": true,
            "freeform_tags": {
              "ocilz-terraform-module": "iam-compartments/0.3.3\n"
            },
            "id": "ocid1.compartment.oc19..aaaaaaaavug4kpn4sdoskxdzgkfi2uvke26grr6gbxtvg2f3x6ve3ngs5jfq",
            "inactive_state": null,
            "is_accessible": true,
            "name": "o-p-om2-cmp-cdin-001",
            "state": "ACTIVE",
            "time_created": "2026-03-10 14:41:57.72 +0000 UTC",
            "timeouts": null
          },
          "sensitive_attributes": [],
          "identity_schema_version": 0,
          "private": "eyJlMmJmYjczMC1lY2FhLTExZTYtOGY4OC0zNDM2M2JjN2M0YzAiOnsiZGVsZXRlIjo1NDAwMDAwMDAwMDAwfX0=",
          "dependencies": [
            "module.oci_lz_orchestrator.data.oci_identity_regions.these",
            "module.oci_lz_orchestrator.data.oci_identity_tenancy.this",
            "module.oci_lz_orchestrator.module.oci_lz_compartments.oci_identity_compartment.level_2",
            "module.oci_lz_orchestrator.module.oci_lz_compartments.oci_identity_compartment.these"
          ],
          "create_before_destroy": true
        },
        {
          "index_key": "CMP-LZ-DEVOPS-KEY",
          "schema_version": 0,
          "attributes": {
            "compartment_id": "ocid1.compartment.oc19..aaaaaaaa6xwlxfjdyxcozp274vtvpp2ar5cahjmyljyxbb44wh726jjppm4q",
            "defined_tags": {
              "Oracle-Tags.CreatedBy": "default/jorge.e.torlaschi@accenture.com",
              "Oracle-Tags.CreatedOn": "2026-03-10T14:41:57.221Z"
            },
            "description": "Shared devops Platform",
            "enable_delete": true,
            "freeform_tags": {
              "ocilz-terraform-module": "iam-compartments/0.3.3\n"
            },
            "id": "ocid1.compartment.oc19..aaaaaaaapmdgp7bcad4vembnxe3t3iajxbpvztrlp3dk2p7y6xzwgnlbwslq",
            "inactive_state": null,
            "is_accessible": true,
            "name": "o-p-om2-cmp-devop-001",
            "state": "ACTIVE",
            "time_created": "2026-03-10 14:41:57.224 +0000 UTC",
            "timeouts": null
          },
          "sensitive_attributes": [],
          "identity_schema_version": 0,
          "private": "eyJlMmJmYjczMC1lY2FhLTExZTYtOGY4OC0zNDM2M2JjN2M0YzAiOnsiZGVsZXRlIjo1NDAwMDAwMDAwMDAwfX0=",
          "dependencies": [
            "module.oci_lz_orchestrator.data.oci_identity_regions.these",
            "module.oci_lz_orchestrator.data.oci_identity_tenancy.this",
            "module.oci_lz_orchestrator.module.oci_lz_compartments.oci_identity_compartment.level_2",
            "module.oci_lz_orchestrator.module.oci_lz_compartments.oci_identity_compartment.these"
          ],
          "create_before_destroy": true
        },
        {
          "index_key": "CMP-LZ-EXACS-KEY",
          "schema_version": 0,
          "attributes": {
            "compartment_id": "ocid1.compartment.oc19..aaaaaaaa6xwlxfjdyxcozp274vtvpp2ar5cahjmyljyxbb44wh726jjppm4q",
            "defined_tags": {
              "Oracle-Tags.CreatedBy": "default/jorge.e.torlaschi@accenture.com",
              "Oracle-Tags.CreatedOn": "2026-03-10T14:41:57.224Z",
              "o-p-om2-tagns-name-001.o-p-om2-tag-role-001": "o-p-om2-tag-role-exa-001"
            },
            "description": "Shared exacs Platform",
            "enable_delete": true,
            "freeform_tags": {
              "ocilz-terraform-module": "iam-compartments/0.3.3\n"
            },
            "id": "ocid1.compartment.oc19..aaaaaaaaexcetgujt75cw4hxoyttqpq5lqqfe4zcutegmvlk5vwikibcf3na",
            "inactive_state": null,
            "is_accessible": true,
            "name": "o-p-om2-cmp-exacs-001",
            "state": "ACTIVE",
            "time_created": "2026-03-10 14:41:57.401 +0000 UTC",
            "timeouts": null
          },
          "sensitive_attributes": [],
          "identity_schema_version": 0,
          "private": "eyJlMmJmYjczMC1lY2FhLTExZTYtOGY4OC0zNDM2M2JjN2M0YzAiOnsiZGVsZXRlIjo1NDAwMDAwMDAwMDAwfX0=",
          "dependencies": [
            "module.oci_lz_orchestrator.data.oci_identity_regions.these",
            "module.oci_lz_orchestrator.data.oci_identity_tenancy.this",
            "module.oci_lz_orchestrator.module.oci_lz_compartments.oci_identity_compartment.level_2",
            "module.oci_lz_orchestrator.module.oci_lz_compartments.oci_identity_compartment.these"
          ],
          "create_before_destroy": true
        },
        {
          "index_key": "CMP-LZ-LOGGING-KEY",
          "schema_version": 0,
          "attributes": {
            "compartment_id": "ocid1.compartment.oc19..aaaaaaaa6xwlxfjdyxcozp274vtvpp2ar5cahjmyljyxbb44wh726jjppm4q",
            "defined_tags": {
              "Oracle-Tags.CreatedBy": "default/jorge.e.torlaschi@accenture.com",
              "Oracle-Tags.CreatedOn": "2026-03-10T14:41:57.152Z"
            },
            "description": "Shared Logging Platform",
            "enable_delete": true,
            "freeform_tags": {
              "ocilz-terraform-module": "iam-compartments/0.3.3\n"
            },
            "id": "ocid1.compartment.oc19..aaaaaaaaljtgrfd42d76gps36ryevoufbxk3cns7ri7zfwjvlauu4bq6r3na",
            "inactive_state": null,
            "is_accessible": true,
            "name": "o-p-om2-cmp-logg-001",
            "state": "ACTIVE",
            "time_created": "2026-03-10 14:41:57.153 +0000 UTC",
            "timeouts": null
          },
          "sensitive_attributes": [],
          "identity_schema_version": 0,
          "private": "eyJlMmJmYjczMC1lY2FhLTExZTYtOGY4OC0zNDM2M2JjN2M0YzAiOnsiZGVsZXRlIjo1NDAwMDAwMDAwMDAwfX0=",
          "dependencies": [
            "module.oci_lz_orchestrator.data.oci_identity_regions.these",
            "module.oci_lz_orchestrator.data.oci_identity_tenancy.this",
            "module.oci_lz_orchestrator.module.oci_lz_compartments.oci_identity_compartment.level_2",
            "module.oci_lz_orchestrator.module.oci_lz_compartments.oci_identity_compartment.these"
          ],
          "create_before_destroy": true
        }
      ]
    },
    {
      "module": "module.oci_lz_orchestrator.module.oci_lz_compartments[0]",
      "mode": "managed",
      "type": "oci_identity_compartment",
      "name": "level_4",
      "provider": "module.oci_lz_orchestrator.provider[\"registry.terraform.io/oracle/oci\"].home",
      "instances": [
        {
          "index_key": "CMP-LZ-CDINSS-NPR-NETWORK-KEY",
          "schema_version": 0,
          "attributes": {
            "compartment_id": "ocid1.compartment.oc19..aaaaaaaas5tb4msd3rlj6luy7smtqmnybp3cm4sprqoya3v4fbqvycpe6ewq",
            "defined_tags": {
              "Oracle-Tags.CreatedBy": "default/jorge.e.torlaschi@accenture.com",
              "Oracle-Tags.CreatedOn": "2026-03-10T14:42:20.157Z",
              "o-p-om2-tagns-name-001.o-p-om2-tag-role-001": "o-p-om2-tag-role-network-001"
            },
            "description": "Non Production Workload Environment, Common Network Compartment",
            "enable_delete": true,
            "freeform_tags": {
              "ocilz-terraform-module": "iam-compartments/0.3.3\n"
            },
            "id": "ocid1.compartment.oc19..aaaaaaaauvyilp65vl56pmzfvqqcv2dehlsykptzfbvliyrqwsqxmvsy3xcq",
            "inactive_state": null,
            "is_accessible": true,
            "name": "o-d-om2-cmp-cdin-network-001",
            "state": "ACTIVE",
            "time_created": "2026-03-10 14:42:20.469 +0000 UTC",
            "timeouts": null
          },
          "sensitive_attributes": [],
          "identity_schema_version": 0,
          "private": "eyJlMmJmYjczMC1lY2FhLTExZTYtOGY4OC0zNDM2M2JjN2M0YzAiOnsiZGVsZXRlIjo1NDAwMDAwMDAwMDAwfX0=",
          "dependencies": [
            "module.oci_lz_orchestrator.data.oci_identity_regions.these",
            "module.oci_lz_orchestrator.data.oci_identity_tenancy.this",
            "module.oci_lz_orchestrator.module.oci_lz_compartments.oci_identity_compartment.level_2",
            "module.oci_lz_orchestrator.module.oci_lz_compartments.oci_identity_compartment.level_3",
            "module.oci_lz_orchestrator.module.oci_lz_compartments.oci_identity_compartment.these"
          ],
          "create_before_destroy": true
        },
        {
          "index_key": "CMP-LZ-CDINSS-NPR-PLATFORM-KEY",
          "schema_version": 0,
          "attributes": {
            "compartment_id": "ocid1.compartment.oc19..aaaaaaaas5tb4msd3rlj6luy7smtqmnybp3cm4sprqoya3v4fbqvycpe6ewq",
            "defined_tags": {
              "Oracle-Tags.CreatedBy": "default/jorge.e.torlaschi@accenture.com",
              "Oracle-Tags.CreatedOn": "2026-03-10T14:42:21.185Z"
            },
            "description": "Non Production Workload Environment, Common Platform Compartment",
            "enable_delete": true,
            "freeform_tags": {
              "ocilz-terraform-module": "iam-compartments/0.3.3\n"
            },
            "id": "ocid1.compartment.oc19..aaaaaaaa7ct5zrs6wj5uyr4ooofev5pnrzktmz3ut35kxajmr72olgw3eo5a",
            "inactive_state": null,
            "is_accessible": true,
            "name": "o-d-om2-cmp-cdin-platform-001",
            "state": "ACTIVE",
            "time_created": "2026-03-10 14:42:21.186 +0000 UTC",
            "timeouts": null
          },
          "sensitive_attributes": [],
          "identity_schema_version": 0,
          "private": "eyJlMmJmYjczMC1lY2FhLTExZTYtOGY4OC0zNDM2M2JjN2M0YzAiOnsiZGVsZXRlIjo1NDAwMDAwMDAwMDAwfX0=",
          "dependencies": [
            "module.oci_lz_orchestrator.data.oci_identity_regions.these",
            "module.oci_lz_orchestrator.data.oci_identity_tenancy.this",
            "module.oci_lz_orchestrator.module.oci_lz_compartments.oci_identity_compartment.level_2",
            "module.oci_lz_orchestrator.module.oci_lz_compartments.oci_identity_compartment.level_3",
            "module.oci_lz_orchestrator.module.oci_lz_compartments.oci_identity_compartment.these"
          ],
          "create_before_destroy": true
        },
        {
          "index_key": "CMP-LZ-CDINSS-NPR-PROJECTS-KEY",
          "schema_version": 0,
          "attributes": {
            "compartment_id": "ocid1.compartment.oc19..aaaaaaaas5tb4msd3rlj6luy7smtqmnybp3cm4sprqoya3v4fbqvycpe6ewq",
            "defined_tags": {
              "Oracle-Tags.CreatedBy": "default/jorge.e.torlaschi@accenture.com",
              "Oracle-Tags.CreatedOn": "2026-03-10T14:42:20.144Z"
            },
            "description": "Non Production Workload Environment, Common Projects Compartment",
            "enable_delete": true,
            "freeform_tags": {
              "ocilz-terraform-module": "iam-compartments/0.3.3\n"
            },
            "id": "ocid1.compartment.oc19..aaaaaaaa5ve7hl23gcpq4s3imssn3z4sext3mncvmk3i43h3rjts4uaw45hq",
            "inactive_state": null,
            "is_accessible": true,
            "name": "o-d-om2-cmp-cdin-projects-001",
            "state": "ACTIVE",
            "time_created": "2026-03-10 14:42:20.147 +0000 UTC",
            "timeouts": null
          },
          "sensitive_attributes": [],
          "identity_schema_version": 0,
          "private": "eyJlMmJmYjczMC1lY2FhLTExZTYtOGY4OC0zNDM2M2JjN2M0YzAiOnsiZGVsZXRlIjo1NDAwMDAwMDAwMDAwfX0=",
          "dependencies": [
            "module.oci_lz_orchestrator.data.oci_identity_regions.these",
            "module.oci_lz_orchestrator.data.oci_identity_tenancy.this",
            "module.oci_lz_orchestrator.module.oci_lz_compartments.oci_identity_compartment.level_2",
            "module.oci_lz_orchestrator.module.oci_lz_compartments.oci_identity_compartment.level_3",
            "module.oci_lz_orchestrator.module.oci_lz_compartments.oci_identity_compartment.these"
          ],
          "create_before_destroy": true
        },
        {
          "index_key": "CMP-LZ-CDINSS-NPR-SECURITY-KEY",
          "schema_version": 0,
          "attributes": {
            "compartment_id": "ocid1.compartment.oc19..aaaaaaaas5tb4msd3rlj6luy7smtqmnybp3cm4sprqoya3v4fbqvycpe6ewq",
            "defined_tags": {
              "Oracle-Tags.CreatedBy": "default/jorge.e.torlaschi@accenture.com",
              "Oracle-Tags.CreatedOn": "2026-03-10T14:42:17.965Z",
              "o-p-om2-tagns-name-001.o-p-om2-tag-role-001": "o-p-om2-tag-role-security-001"
            },
            "description": "Non Production Workload Environment, Common Security Compartment",
            "enable_delete": true,
            "freeform_tags": {
              "ocilz-terraform-module": "iam-compartments/0.3.3\n"
            },
            "id": "ocid1.compartment.oc19..aaaaaaaalzthcr6advj52mbrtu6h4viq523mko3gcyjc3nyppdu2ysxevqua",
            "inactive_state": null,
            "is_accessible": true,
            "name": "o-d-om2-cmp-cdin-security-001",
            "state": "ACTIVE",
            "time_created": "2026-03-10 14:42:18.079 +0000 UTC",
            "timeouts": null
          },
          "sensitive_attributes": [],
          "identity_schema_version": 0,
          "private": "eyJlMmJmYjczMC1lY2FhLTExZTYtOGY4OC0zNDM2M2JjN2M0YzAiOnsiZGVsZXRlIjo1NDAwMDAwMDAwMDAwfX0=",
          "dependencies": [
            "module.oci_lz_orchestrator.data.oci_identity_regions.these",
            "module.oci_lz_orchestrator.data.oci_identity_tenancy.this",
            "module.oci_lz_orchestrator.module.oci_lz_compartments.oci_identity_compartment.level_2",
            "module.oci_lz_orchestrator.module.oci_lz_compartments.oci_identity_compartment.level_3",
            "module.oci_lz_orchestrator.module.oci_lz_compartments.oci_identity_compartment.these"
          ],
          "create_before_destroy": true
        },
        {
          "index_key": "CMP-LZ-CDINSS-PROD-NETWORK-KEY",
          "schema_version": 0,
          "attributes": {
            "compartment_id": "ocid1.compartment.oc19..aaaaaaaavug4kpn4sdoskxdzgkfi2uvke26grr6gbxtvg2f3x6ve3ngs5jfq",
            "defined_tags": {
              "Oracle-Tags.CreatedBy": "default/jorge.e.torlaschi@accenture.com",
              "Oracle-Tags.CreatedOn": "2026-03-10T14:42:20.102Z",
              "o-p-om2-tagns-name-001.o-p-om2-tag-role-001": "o-p-om2-tag-role-network-001"
            },
            "description": "Prod Workload Environment, Common Network Compartment",
            "enable_delete": true,
            "freeform_tags": {
              "ocilz-terraform-module": "iam-compartments/0.3.3\n"
            },
            "id": "ocid1.compartment.oc19..aaaaaaaandgh7xjaze7etcofiogdw3vmeyeh73w6aj4aowtxynrr7hlla77a",
            "inactive_state": null,
            "is_accessible": true,
            "name": "o-p-om2-cmp-cdin-network-001",
            "state": "ACTIVE",
            "time_created": "2026-03-10 14:42:20.372 +0000 UTC",
            "timeouts": null
          },
          "sensitive_attributes": [],
          "identity_schema_version": 0,
          "private": "eyJlMmJmYjczMC1lY2FhLTExZTYtOGY4OC0zNDM2M2JjN2M0YzAiOnsiZGVsZXRlIjo1NDAwMDAwMDAwMDAwfX0=",
          "dependencies": [
            "module.oci_lz_orchestrator.data.oci_identity_regions.these",
            "module.oci_lz_orchestrator.data.oci_identity_tenancy.this",
            "module.oci_lz_orchestrator.module.oci_lz_compartments.oci_identity_compartment.level_2",
            "module.oci_lz_orchestrator.module.oci_lz_compartments.oci_identity_compartment.level_3",
            "module.oci_lz_orchestrator.module.oci_lz_compartments.oci_identity_compartment.these"
          ],
          "create_before_destroy": true
        },
        {
          "index_key": "CMP-LZ-CDINSS-PROD-PLATFORM-KEY",
          "schema_version": 0,
          "attributes": {
            "compartment_id": "ocid1.compartment.oc19..aaaaaaaavug4kpn4sdoskxdzgkfi2uvke26grr6gbxtvg2f3x6ve3ngs5jfq",
            "defined_tags": {
              "Oracle-Tags.CreatedBy": "default/jorge.e.torlaschi@accenture.com",
              "Oracle-Tags.CreatedOn": "2026-03-10T14:42:20.095Z"
            },
            "description": "Production Workload Environment, Common Platform Compartment",
            "enable_delete": true,
            "freeform_tags": {
              "ocilz-terraform-module": "iam-compartments/0.3.3\n"
            },
            "id": "ocid1.compartment.oc19..aaaaaaaatphkv6k4akaip3w5gvdauibjy5ag3p2hyhssgmfu5xgmivtykgha",
            "inactive_state": null,
            "is_accessible": true,
            "name": "o-p-om2-cmp-cdin-platform-001",
            "state": "ACTIVE",
            "time_created": "2026-03-10 14:42:20.674 +0000 UTC",
            "timeouts": null
          },
          "sensitive_attributes": [],
          "identity_schema_version": 0,
          "private": "eyJlMmJmYjczMC1lY2FhLTExZTYtOGY4OC0zNDM2M2JjN2M0YzAiOnsiZGVsZXRlIjo1NDAwMDAwMDAwMDAwfX0=",
          "dependencies": [
            "module.oci_lz_orchestrator.data.oci_identity_regions.these",
            "module.oci_lz_orchestrator.data.oci_identity_tenancy.this",
            "module.oci_lz_orchestrator.module.oci_lz_compartments.oci_identity_compartment.level_2",
            "module.oci_lz_orchestrator.module.oci_lz_compartments.oci_identity_compartment.level_3",
            "module.oci_lz_orchestrator.module.oci_lz_compartments.oci_identity_compartment.these"
          ],
          "create_before_destroy": true
        },
        {
          "index_key": "CMP-LZ-CDINSS-PROD-PROJECTS-KEY",
          "schema_version": 0,
          "attributes": {
            "compartment_id": "ocid1.compartment.oc19..aaaaaaaavug4kpn4sdoskxdzgkfi2uvke26grr6gbxtvg2f3x6ve3ngs5jfq",
            "defined_tags": {
              "Oracle-Tags.CreatedBy": "default/jorge.e.torlaschi@accenture.com",
              "Oracle-Tags.CreatedOn": "2026-03-10T14:42:20.133Z"
            },
            "description": "Production Workload Environment, Common Projects Compartment",
            "enable_delete": true,
            "freeform_tags": {
              "ocilz-terraform-module": "iam-compartments/0.3.3\n"
            },
            "id": "ocid1.compartment.oc19..aaaaaaaag2d27gjmfsd36j45w7mi7piyfz6uvstpiuszd2gh2wto7kvmf5rq",
            "inactive_state": null,
            "is_accessible": true,
            "name": "o-p-om2-cmp-cdin-projects-001",
            "state": "ACTIVE",
            "time_created": "2026-03-10 14:42:20.245 +0000 UTC",
            "timeouts": null
          },
          "sensitive_attributes": [],
          "identity_schema_version": 0,
          "private": "eyJlMmJmYjczMC1lY2FhLTExZTYtOGY4OC0zNDM2M2JjN2M0YzAiOnsiZGVsZXRlIjo1NDAwMDAwMDAwMDAwfX0=",
          "dependencies": [
            "module.oci_lz_orchestrator.data.oci_identity_regions.these",
            "module.oci_lz_orchestrator.data.oci_identity_tenancy.this",
            "module.oci_lz_orchestrator.module.oci_lz_compartments.oci_identity_compartment.level_2",
            "module.oci_lz_orchestrator.module.oci_lz_compartments.oci_identity_compartment.level_3",
            "module.oci_lz_orchestrator.module.oci_lz_compartments.oci_identity_compartment.these"
          ],
          "create_before_destroy": true
        },
        {
          "index_key": "CMP-LZ-CDINSS-PROD-SECURITY-KEY",
          "schema_version": 0,
          "attributes": {
            "compartment_id": "ocid1.compartment.oc19..aaaaaaaavug4kpn4sdoskxdzgkfi2uvke26grr6gbxtvg2f3x6ve3ngs5jfq",
            "defined_tags": {
              "Oracle-Tags.CreatedBy": "default/jorge.e.torlaschi@accenture.com",
              "Oracle-Tags.CreatedOn": "2026-03-10T14:42:21.282Z",
              "o-p-om2-tagns-name-001.o-p-om2-tag-role-001": "o-p-om2-tag-role-security-001"
            },
            "description": "Production Workload Environment, Common Security Compartment",
            "enable_delete": true,
            "freeform_tags": {
              "ocilz-terraform-module": "iam-compartments/0.3.3\n"
            },
            "id": "ocid1.compartment.oc19..aaaaaaaakq3vum5nnnrkpl5ro7qt7qorb3a7p2nrwwdpzn7wzkbh3vwqa2dq",
            "inactive_state": null,
            "is_accessible": true,
            "name": "o-p-om2-cmp-cdin-security-001",
            "state": "ACTIVE",
            "time_created": "2026-03-10 14:42:21.284 +0000 UTC",
            "timeouts": null
          },
          "sensitive_attributes": [],
          "identity_schema_version": 0,
          "private": "eyJlMmJmYjczMC1lY2FhLTExZTYtOGY4OC0zNDM2M2JjN2M0YzAiOnsiZGVsZXRlIjo1NDAwMDAwMDAwMDAwfX0=",
          "dependencies": [
            "module.oci_lz_orchestrator.data.oci_identity_regions.these",
            "module.oci_lz_orchestrator.data.oci_identity_tenancy.this",
            "module.oci_lz_orchestrator.module.oci_lz_compartments.oci_identity_compartment.level_2",
            "module.oci_lz_orchestrator.module.oci_lz_compartments.oci_identity_compartment.level_3",
            "module.oci_lz_orchestrator.module.oci_lz_compartments.oci_identity_compartment.these"
          ],
          "create_before_destroy": true
        },
        {
          "index_key": "CMP-LZ-EXACS-DB-KEY",
          "schema_version": 0,
          "attributes": {
            "compartment_id": "ocid1.compartment.oc19..aaaaaaaaexcetgujt75cw4hxoyttqpq5lqqfe4zcutegmvlk5vwikibcf3na",
            "defined_tags": {
              "Oracle-Tags.CreatedBy": "default/jorge.e.torlaschi@accenture.com",
              "Oracle-Tags.CreatedOn": "2026-03-10T14:42:17.953Z",
              "o-p-om2-tagns-name-001.o-p-om2-tag-role-001": "o-p-om2-tag-role-exadb-001"
            },
            "description": "Shared exacs Platform, db compartment",
            "enable_delete": true,
            "freeform_tags": {
              "ocilz-terraform-module": "iam-compartments/0.3.3\n"
            },
            "id": "ocid1.compartment.oc19..aaaaaaaaepzjuq4cjhkstzgva5nrliugyqgakoxjby5nudywy2ptpjc5jxaq",
            "inactive_state": null,
            "is_accessible": true,
            "name": "o-p-om2-cmp-exacsdb-001",
            "state": "ACTIVE",
            "time_created": "2026-03-10 14:42:17.96 +0000 UTC",
            "timeouts": null
          },
          "sensitive_attributes": [],
          "identity_schema_version": 0,
          "private": "eyJlMmJmYjczMC1lY2FhLTExZTYtOGY4OC0zNDM2M2JjN2M0YzAiOnsiZGVsZXRlIjo1NDAwMDAwMDAwMDAwfX0=",
          "dependencies": [
            "module.oci_lz_orchestrator.data.oci_identity_regions.these",
            "module.oci_lz_orchestrator.data.oci_identity_tenancy.this",
            "module.oci_lz_orchestrator.module.oci_lz_compartments.oci_identity_compartment.level_2",
            "module.oci_lz_orchestrator.module.oci_lz_compartments.oci_identity_compartment.level_3",
            "module.oci_lz_orchestrator.module.oci_lz_compartments.oci_identity_compartment.these"
          ],
          "create_before_destroy": true
        },
        {
          "index_key": "CMP-LZ-EXACS-INFRA-KEY",
          "schema_version": 0,
          "attributes": {
            "compartment_id": "ocid1.compartment.oc19..aaaaaaaaexcetgujt75cw4hxoyttqpq5lqqfe4zcutegmvlk5vwikibcf3na",
            "defined_tags": {
              "Oracle-Tags.CreatedBy": "default/jorge.e.torlaschi@accenture.com",
              "Oracle-Tags.CreatedOn": "2026-03-10T14:42:20.073Z",
              "o-p-om2-tagns-name-001.o-p-om2-tag-role-001": "o-p-om2-tag-role-exainfra-001"
            },
            "description": "Shared exacs Platform, infra compartment",
            "enable_delete": true,
            "freeform_tags": {
              "ocilz-terraform-module": "iam-compartments/0.3.3\n"
            },
            "id": "ocid1.compartment.oc19..aaaaaaaa2n4o2xmgt5b5auwg4ud6akdrdcnqqcrdmv6eiftlythr3ajhk7aa",
            "inactive_state": null,
            "is_accessible": true,
            "name": "o-p-om2-cmp-exacsinfra-001",
            "state": "ACTIVE",
            "time_created": "2026-03-10 14:42:20.076 +0000 UTC",
            "timeouts": null
          },
          "sensitive_attributes": [],
          "identity_schema_version": 0,
          "private": "eyJlMmJmYjczMC1lY2FhLTExZTYtOGY4OC0zNDM2M2JjN2M0YzAiOnsiZGVsZXRlIjo1NDAwMDAwMDAwMDAwfX0=",
          "dependencies": [
            "module.oci_lz_orchestrator.data.oci_identity_regions.these",
            "module.oci_lz_orchestrator.data.oci_identity_tenancy.this",
            "module.oci_lz_orchestrator.module.oci_lz_compartments.oci_identity_compartment.level_2",
            "module.oci_lz_orchestrator.module.oci_lz_compartments.oci_identity_compartment.level_3",
            "module.oci_lz_orchestrator.module.oci_lz_compartments.oci_identity_compartment.these"
          ],
          "create_before_destroy": true
        }
      ]
    },
    {
      "module": "module.oci_lz_orchestrator.module.oci_lz_compartments[0]",
      "mode": "managed",
      "type": "oci_identity_compartment",
      "name": "these",
      "provider": "module.oci_lz_orchestrator.provider[\"registry.terraform.io/oracle/oci\"].home",
      "instances": [
        {
          "index_key": "CMP-LANDINGZONE-KEY",
          "schema_version": 0,
          "attributes": {
            "compartment_id": "ocid1.tenancy.oc19..aaaaaaaa4ftkyx3ao73kndo3mbltj6gtbf27mxbgpu65a33ipgo2wqyj4zba",
            "defined_tags": {
              "Oracle-Tags.CreatedBy": "default/jorge.e.torlaschi@accenture.com",
              "Oracle-Tags.CreatedOn": "2026-03-10T14:41:08.872Z"
            },
            "description": "Enclosing Production Landing Zone Compartment",
            "enable_delete": true,
            "freeform_tags": {
              "ocilz-terraform-module": "iam-compartments/0.3.3\n"
            },
            "id": "ocid1.compartment.oc19..aaaaaaaa43gu35rhrbtmirjlkxilrma3v5s2bqzhico4up6jvstnluiud3oa",
            "inactive_state": null,
            "is_accessible": true,
            "name": "o-p-om2-cmp-land-001",
            "state": "ACTIVE",
            "time_created": "2026-03-10 14:41:08.883 +0000 UTC",
            "timeouts": null
          },
          "sensitive_attributes": [],
          "identity_schema_version": 0,
          "private": "eyJlMmJmYjczMC1lY2FhLTExZTYtOGY4OC0zNDM2M2JjN2M0YzAiOnsiZGVsZXRlIjo1NDAwMDAwMDAwMDAwfX0=",
          "dependencies": [
            "module.oci_lz_orchestrator.data.oci_identity_regions.these",
            "module.oci_lz_orchestrator.data.oci_identity_tenancy.this"
          ],
          "create_before_destroy": true
        }
      ]
    },
    {
      "module": "module.oci_lz_orchestrator.module.oci_lz_identity_domains[0]",
      "mode": "data",
      "type": "oci_identity_domain",
      "name": "grp_domain",
      "provider": "module.oci_lz_orchestrator.provider[\"registry.terraform.io/oracle/oci\"].home",
      "instances": [
        {
          "index_key": "GRP-AUDITORS-ADMIN-KEY",
          "schema_version": 0,
          "attributes": {
            "admin_email": null,
            "admin_first_name": null,
            "admin_last_name": null,
            "admin_user_name": null,
            "compartment_id": null,
            "defined_tags": null,
            "description": null,
            "display_name": null,
            "domain_id": null,
            "freeform_tags": null,
            "home_region": null,
            "home_region_url": null,
            "id": null,
            "is_hidden_on_login": null,
            "is_notification_bypassed": null,
            "is_primary_email_required": null,
            "license_type": null,
            "lifecycle_details": null,
            "replica_regions": null,
            "state": null,
            "time_created": null,
            "type": null,
            "url": null
          },
          "sensitive_attributes": [],
          "identity_schema_version": 0
        },
        {
          "index_key": "GRP-COST-ADMIN-KEY",
          "schema_version": 0,
          "attributes": {
            "admin_email": null,
            "admin_first_name": null,
            "admin_last_name": null,
            "admin_user_name": null,
            "compartment_id": null,
            "defined_tags": null,
            "description": null,
            "display_name": null,
            "domain_id": null,
            "freeform_tags": null,
            "home_region": null,
            "home_region_url": null,
            "id": null,
            "is_hidden_on_login": null,
            "is_notification_bypassed": null,
            "is_primary_email_required": null,
            "license_type": null,
            "lifecycle_details": null,
            "replica_regions": null,
            "state": null,
            "time_created": null,
            "type": null,
            "url": null
          },
          "sensitive_attributes": [],
          "identity_schema_version": 0
        },
        {
          "index_key": "GRP-GLOBALSERV-ADMIN-KEY",
          "schema_version": 0,
          "attributes": {
            "admin_email": null,
            "admin_first_name": null,
            "admin_last_name": null,
            "admin_user_name": null,
            "compartment_id": null,
            "defined_tags": null,
            "description": null,
            "display_name": null,
            "domain_id": null,
            "freeform_tags": null,
            "home_region": null,
            "home_region_url": null,
            "id": null,
            "is_hidden_on_login": null,
            "is_notification_bypassed": null,
            "is_primary_email_required": null,
            "license_type": null,
            "lifecycle_details": null,
            "replica_regions": null,
            "state": null,
            "time_created": null,
            "type": null,
            "url": null
          },
          "sensitive_attributes": [],
          "identity_schema_version": 0
        },
        {
          "index_key": "GRP-IAM-ADMIN-KEY",
          "schema_version": 0,
          "attributes": {
            "admin_email": null,
            "admin_first_name": null,
            "admin_last_name": null,
            "admin_user_name": null,
            "compartment_id": null,
            "defined_tags": null,
            "description": null,
            "display_name": null,
            "domain_id": null,
            "freeform_tags": null,
            "home_region": null,
            "home_region_url": null,
            "id": null,
            "is_hidden_on_login": null,
            "is_notification_bypassed": null,
            "is_primary_email_required": null,
            "license_type": null,
            "lifecycle_details": null,
            "replica_regions": null,
            "state": null,
            "time_created": null,
            "type": null,
            "url": null
          },
          "sensitive_attributes": [],
          "identity_schema_version": 0
        },
        {
          "index_key": "GRP-LZ-DB-ADMINS",
          "schema_version": 0,
          "attributes": {
            "admin_email": null,
            "admin_first_name": null,
            "admin_last_name": null,
            "admin_user_name": null,
            "compartment_id": null,
            "defined_tags": null,
            "description": null,
            "display_name": null,
            "domain_id": null,
            "freeform_tags": null,
            "home_region": null,
            "home_region_url": null,
            "id": null,
            "is_hidden_on_login": null,
            "is_notification_bypassed": null,
            "is_primary_email_required": null,
            "license_type": null,
            "lifecycle_details": null,
            "replica_regions": null,
            "state": null,
            "time_created": null,
            "type": null,
            "url": null
          },
          "sensitive_attributes": [],
          "identity_schema_version": 0
        },
        {
          "index_key": "GRP-LZ-INFRA-ADMINS",
          "schema_version": 0,
          "attributes": {
            "admin_email": null,
            "admin_first_name": null,
            "admin_last_name": null,
            "admin_user_name": null,
            "compartment_id": null,
            "defined_tags": null,
            "description": null,
            "display_name": null,
            "domain_id": null,
            "freeform_tags": null,
            "home_region": null,
            "home_region_url": null,
            "id": null,
            "is_hidden_on_login": null,
            "is_notification_bypassed": null,
            "is_primary_email_required": null,
            "license_type": null,
            "lifecycle_details": null,
            "replica_regions": null,
            "state": null,
            "time_created": null,
            "type": null,
            "url": null
          },
          "sensitive_attributes": [],
          "identity_schema_version": 0
        },
        {
          "index_key": "GRP-NETWORK-ADMIN-KEY",
          "schema_version": 0,
          "attributes": {
            "admin_email": null,
            "admin_first_name": null,
            "admin_last_name": null,
            "admin_user_name": null,
            "compartment_id": null,
            "defined_tags": null,
            "description": null,
            "display_name": null,
            "domain_id": null,
            "freeform_tags": null,
            "home_region": null,
            "home_region_url": null,
            "id": null,
            "is_hidden_on_login": null,
            "is_notification_bypassed": null,
            "is_primary_email_required": null,
            "license_type": null,
            "lifecycle_details": null,
            "replica_regions": null,
            "state": null,
            "time_created": null,
            "type": null,
            "url": null
          },
          "sensitive_attributes": [],
          "identity_schema_version": 0
        },
        {
          "index_key": "GRP-SECURITY-ADMIN-KEY",
          "schema_version": 0,
          "attributes": {
            "admin_email": null,
            "admin_first_name": null,
            "admin_last_name": null,
            "admin_user_name": null,
            "compartment_id": null,
            "defined_tags": null,
            "description": null,
            "display_name": null,
            "domain_id": null,
            "freeform_tags": null,
            "home_region": null,
            "home_region_url": null,
            "id": null,
            "is_hidden_on_login": null,
            "is_notification_bypassed": null,
            "is_primary_email_required": null,
            "license_type": null,
            "lifecycle_details": null,
            "replica_regions": null,
            "state": null,
            "time_created": null,
            "type": null,
            "url": null
          },
          "sensitive_attributes": [],
          "identity_schema_version": 0
        }
      ]
    },
    {
      "module": "module.oci_lz_orchestrator.module.oci_lz_identity_domains[0]",
      "mode": "data",
      "type": "oci_identity_region_subscriptions",
      "name": "this",
      "provider": "module.oci_lz_orchestrator.provider[\"registry.terraform.io/oracle/oci\"].home",
      "instances": [
        {
          "schema_version": 0,
          "attributes": {
            "filter": null,
            "id": "IdentityRegionSubscriptionsDataSource-1032845147",
            "region_subscriptions": [
              {
                "is_home_region": true,
                "region_key": "VLL",
                "region_name": "eu-madrid-2",
                "state": "READY",
                "tenancy_id": ""
              }
            ],
            "tenancy_id": "ocid1.tenancy.oc19..aaaaaaaa4ftkyx3ao73kndo3mbltj6gtbf27mxbgpu65a33ipgo2wqyj4zba"
          },
          "sensitive_attributes": [],
          "identity_schema_version": 0
        }
      ]
    },
    {
      "module": "module.oci_lz_orchestrator.module.oci_lz_identity_domains[0]",
      "mode": "data",
      "type": "oci_identity_regions",
      "name": "these",
      "provider": "module.oci_lz_orchestrator.provider[\"registry.terraform.io/oracle/oci\"].home",
      "instances": [
        {
          "schema_version": 0,
          "attributes": {
            "filter": null,
            "id": "IdentityRegionsDataSource-0",
            "regions": [
              {
                "key": "STR",
                "name": "eu-frankfurt-2"
              },
              {
                "key": "VLL",
                "name": "eu-madrid-2"
              }
            ]
          },
          "sensitive_attributes": [],
          "identity_schema_version": 0
        }
      ]
    },
    {
      "module": "module.oci_lz_orchestrator.module.oci_lz_identity_domains[0]",
      "mode": "data",
      "type": "oci_identity_tenancy",
      "name": "this",
      "provider": "module.oci_lz_orchestrator.provider[\"registry.terraform.io/oracle/oci\"].home",
      "instances": [
        {
          "schema_version": 0,
          "attributes": {
            "defined_tags": {},
            "description": "TENLS-6209",
            "freeform_tags": {},
            "home_region_key": "VLL",
            "id": "ocid1.tenancy.oc19..aaaaaaaa4ftkyx3ao73kndo3mbltj6gtbf27mxbgpu65a33ipgo2wqyj4zba",
            "name": "seguridadsocial",
            "tenancy_id": "ocid1.tenancy.oc19..aaaaaaaa4ftkyx3ao73kndo3mbltj6gtbf27mxbgpu65a33ipgo2wqyj4zba",
            "upi_idcs_compatibility_layer_endpoint": null
          },
          "sensitive_attributes": [],
          "identity_schema_version": 0
        }
      ]
    },
    {
      "module": "module.oci_lz_orchestrator.module.oci_lz_identity_domains[0]",
      "mode": "managed",
      "type": "oci_identity_domain",
      "name": "these",
      "provider": "module.oci_lz_orchestrator.provider[\"registry.terraform.io/oracle/oci\"].home",
      "instances": [
        {
          "index_key": "COMMON-DOMAIN",
          "schema_version": 0,
          "attributes": {
            "admin_email": null,
            "admin_first_name": null,
            "admin_last_name": null,
            "admin_user_name": null,
            "compartment_id": "ocid1.tenancy.oc19..aaaaaaaa4ftkyx3ao73kndo3mbltj6gtbf27mxbgpu65a33ipgo2wqyj4zba",
            "defined_tags": {
              "Oracle-Tags.CreatedBy": "default/jorge.e.torlaschi@accenture.com",
              "Oracle-Tags.CreatedOn": "2026-03-10T14:42:39.176Z"
            },
            "description": "One-OE LZ common Identity Domain",
            "display_name": "o-p-om2-id-common-001",
            "freeform_tags": {
              "ocilz-terraform-module": "iam-identity-domains/0.3.3\n"
            },
            "home_region": "eu-madrid-2",
            "home_region_url": "https://idcs-e0138a37daa84b4aacdb004b63eb5d75.eu-madrid-idcs-2.identity.eu-madrid-2.oci.oraclecloud.eu:443",
            "id": "ocid1.domain.oc19..aaaaaaaaeuc6e6twowrhwgh6i4dxyp22x7g6mf4sf6x7kg7bbddovq6q33aa",
            "is_hidden_on_login": false,
            "is_notification_bypassed": false,
            "is_primary_email_required": false,
            "license_type": "free",
            "lifecycle_details": "",
            "replica_regions": [],
            "state": "ACTIVE",
            "time_created": "2026-03-10 14:42:39.244 +0000 UTC",
            "timeouts": null,
            "type": "SECONDARY",
            "url": "https://idcs-e0138a37daa84b4aacdb004b63eb5d75.eu-madrid-idcs-2.identity.oci.oraclecloud.eu:443"
          },
          "sensitive_attributes": [],
          "identity_schema_version": 0,
          "private": "eyJlMmJmYjczMC1lY2FhLTExZTYtOGY4OC0zNDM2M2JjN2M0YzAiOnsiY3JlYXRlIjoxMjAwMDAwMDAwMDAwLCJkZWxldGUiOjEyMDAwMDAwMDAwMDAsInVwZGF0ZSI6MTIwMDAwMDAwMDAwMH19",
          "dependencies": [
            "module.oci_lz_orchestrator.data.oci_identity_regions.these",
            "module.oci_lz_orchestrator.data.oci_identity_tenancy.this",
            "module.oci_lz_orchestrator.module.oci_lz_compartments.oci_identity_compartment.level_2",
            "module.oci_lz_orchestrator.module.oci_lz_compartments.oci_identity_compartment.level_3",
            "module.oci_lz_orchestrator.module.oci_lz_compartments.oci_identity_compartment.level_4",
            "module.oci_lz_orchestrator.module.oci_lz_compartments.oci_identity_compartment.level_5",
            "module.oci_lz_orchestrator.module.oci_lz_compartments.oci_identity_compartment.level_6",
            "module.oci_lz_orchestrator.module.oci_lz_compartments.oci_identity_compartment.these",
            "module.oci_lz_orchestrator.module.oci_lz_compartments.oci_identity_tag_default.these",
            "module.oci_lz_orchestrator.module.oci_lz_identity_domains.data.oci_identity_regions.these",
            "module.oci_lz_orchestrator.module.oci_lz_identity_domains.data.oci_identity_tenancy.this",
            "module.oci_lz_orchestrator.module.oci_lz_tags.data.oci_identity_tag.default_created_by",
            "module.oci_lz_orchestrator.module.oci_lz_tags.data.oci_identity_tag.default_created_on",
            "module.oci_lz_orchestrator.module.oci_lz_tags.data.oci_identity_tag_namespaces.oracle_default",
            "module.oci_lz_orchestrator.module.oci_lz_tags.oci_identity_tag.these",
            "module.oci_lz_orchestrator.module.oci_lz_tags.oci_identity_tag_default.these",
            "module.oci_lz_orchestrator.module.oci_lz_tags.oci_identity_tag_namespace.these"
          ]
        }
      ]
    },
    {
      "module": "module.oci_lz_orchestrator.module.oci_lz_identity_domains[0]",
      "mode": "managed",
      "type": "oci_identity_domains_group",
      "name": "these",
      "provider": "module.oci_lz_orchestrator.provider[\"registry.terraform.io/oracle/oci\"].home",
      "instances": [
        {
          "index_key": "GRP-AUDITORS-ADMIN-KEY",
          "schema_version": 0,
          "attributes": {
            "attribute_sets": null,
            "attributes": null,
            "authorization": null,
            "compartment_ocid": "ocid1.tenancy.oc19..aaaaaaaa4ftkyx3ao73kndo3mbltj6gtbf27mxbgpu65a33ipgo2wqyj4zba",
            "delete_in_progress": null,
            "display_name": "o-p-om2-grp-admi-auditors-001",
            "domain_ocid": "ocid1.domain.oc19..aaaaaaaaeuc6e6twowrhwgh6i4dxyp22x7g6mf4sf6x7kg7bbddovq6q33aa",
            "external_id": null,
            "force_delete": null,
            "id": "fd59251e7ca84afbbd5276e6eb9fbc82",
            "idcs_created_by": [
              {
                "display": "Jorge torlaschi",
                "ocid": "ocid1.user.oc19..aaaaaaaa5ccj642agovx5r4ag2efhpd5tak66j7s3dtoogvne4d2fxwcgfrq",
                "ref": "https://idcs-e0138a37daa84b4aacdb004b63eb5d75.eu-madrid-idcs-2.identity.oci.oraclecloud.eu:443/admin/v1/Users/bd17c9849edd447bbacd840ac616d92a",
                "type": "User",
                "value": "bd17c9849edd447bbacd840ac616d92a"
              }
            ],
            "idcs_endpoint": "https://idcs-e0138a37daa84b4aacdb004b63eb5d75.eu-madrid-idcs-2.identity.oci.oraclecloud.eu:443",
            "idcs_last_modified_by": [
              {
                "display": "Jorge torlaschi",
                "ocid": "ocid1.user.oc19..aaaaaaaa5ccj642agovx5r4ag2efhpd5tak66j7s3dtoogvne4d2fxwcgfrq",
                "ref": "https://idcs-e0138a37daa84b4aacdb004b63eb5d75.eu-madrid-idcs-2.identity.oci.oraclecloud.eu:443/admin/v1/Users/bd17c9849edd447bbacd840ac616d92a",
                "type": "User",
                "value": "bd17c9849edd447bbacd840ac616d92a"
              }
            ],
            "idcs_last_upgraded_in_release": null,
            "idcs_prevented_operations": [],
            "members": [],
            "meta": [
              {
                "created": "2026-03-10T14:42:52.705Z",
                "last_modified": "2026-03-10T14:42:52.705Z",
                "location": "https://idcs-e0138a37daa84b4aacdb004b63eb5d75.eu-madrid-idcs-2.identity.oci.oraclecloud.eu:443/admin/v1/Groups/fd59251e7ca84afbbd5276e6eb9fbc82",
                "resource_type": "Group",
                "version": "114672c5a39c4c319fd7f20f7370dd13"
              }
            ],
            "non_unique_display_name": null,
            "ocid": "ocid1.group.oc19..aaaaaaaa3hvruvjpb2prr63enccwhj3s2yx7kecnaxqkfmxcilbi4vob73lq",
            "resource_type_schema_version": null,
            "schemas": [
              "urn:ietf:params:scim:schemas:core:2.0:Group",
              "urn:ietf:params:scim:schemas:oracle:idcs:extension:OCITags",
              "urn:ietf:params:scim:schemas:oracle:idcs:extension:group:Group"
            ],
            "tags": [],
            "tenancy_ocid": "ocid1.tenancy.oc19..aaaaaaaa4ftkyx3ao73kndo3mbltj6gtbf27mxbgpu65a33ipgo2wqyj4zba",
            "timeouts": null,
            "urnietfparamsscimschemasoracleidcsextension_oci_tags": [
              {
                "defined_tags": [
                  {
                    "key": "CreatedBy",
                    "namespace": "Oracle-Tags",
                    "value": "default/jorge.e.torlaschi@accenture.com"
                  },
                  {
                    "key": "CreatedOn",
                    "namespace": "Oracle-Tags",
                    "value": "2026-03-10T14:42:52.678Z"
                  }
                ],
                "freeform_tags": [
                  {
                    "key": "ocilz-terraform-module",
                    "value": "iam-identity-domains/0.3.3"
                  }
                ],
                "tag_slug": ""
              }
            ],
            "urnietfparamsscimschemasoracleidcsextensiondbcs_group": [],
            "urnietfparamsscimschemasoracleidcsextensiondynamic_group": [],
            "urnietfparamsscimschemasoracleidcsextensiongroup_group": [
              {
                "app_roles": [],
                "creation_mechanism": "",
                "description": "Tenancy global read access group(for security auditing or health checks).",
                "grants": [],
                "owners": [],
                "password_policy": [],
                "synced_from_app": []
              }
            ],
            "urnietfparamsscimschemasoracleidcsextensionposix_group": [],
            "urnietfparamsscimschemasoracleidcsextensionrequestable_group": []
          },
          "sensitive_attributes": [],
          "identity_schema_version": 0,
          "private": "eyJlMmJmYjczMC1lY2FhLTExZTYtOGY4OC0zNDM2M2JjN2M0YzAiOnsiY3JlYXRlIjoxMjAwMDAwMDAwMDAwLCJkZWxldGUiOjEyMDAwMDAwMDAwMDAsInVwZGF0ZSI6MTIwMDAwMDAwMDAwMH19",
          "dependencies": [
            "module.oci_lz_orchestrator.data.oci_identity_regions.these",
            "module.oci_lz_orchestrator.data.oci_identity_tenancy.this",
            "module.oci_lz_orchestrator.module.oci_lz_compartments.oci_identity_compartment.level_2",
            "module.oci_lz_orchestrator.module.oci_lz_compartments.oci_identity_compartment.level_3",
            "module.oci_lz_orchestrator.module.oci_lz_compartments.oci_identity_compartment.level_4",
            "module.oci_lz_orchestrator.module.oci_lz_compartments.oci_identity_compartment.level_5",
            "module.oci_lz_orchestrator.module.oci_lz_compartments.oci_identity_compartment.level_6",
            "module.oci_lz_orchestrator.module.oci_lz_compartments.oci_identity_compartment.these",
            "module.oci_lz_orchestrator.module.oci_lz_compartments.oci_identity_tag_default.these",
            "module.oci_lz_orchestrator.module.oci_lz_identity_domains.data.oci_identity_domain.grp_domain",
            "module.oci_lz_orchestrator.module.oci_lz_identity_domains.data.oci_identity_domains_users.these",
            "module.oci_lz_orchestrator.module.oci_lz_identity_domains.data.oci_identity_regions.these",
            "module.oci_lz_orchestrator.module.oci_lz_identity_domains.data.oci_identity_tenancy.this",
            "module.oci_lz_orchestrator.module.oci_lz_identity_domains.oci_identity_domain.these",
            "module.oci_lz_orchestrator.module.oci_lz_tags.data.oci_identity_tag.default_created_by",
            "module.oci_lz_orchestrator.module.oci_lz_tags.data.oci_identity_tag.default_created_on",
            "module.oci_lz_orchestrator.module.oci_lz_tags.data.oci_identity_tag_namespaces.oracle_default",
            "module.oci_lz_orchestrator.module.oci_lz_tags.oci_identity_tag.these",
            "module.oci_lz_orchestrator.module.oci_lz_tags.oci_identity_tag_default.these",
            "module.oci_lz_orchestrator.module.oci_lz_tags.oci_identity_tag_namespace.these"
          ]
        },
        {
          "index_key": "GRP-COST-ADMIN-KEY",
          "schema_version": 0,
          "attributes": {
            "attribute_sets": null,
            "attributes": null,
            "authorization": null,
            "compartment_ocid": "ocid1.tenancy.oc19..aaaaaaaa4ftkyx3ao73kndo3mbltj6gtbf27mxbgpu65a33ipgo2wqyj4zba",
            "delete_in_progress": null,
            "display_name": "o-p-om2-grp-admi-costs-001",
            "domain_ocid": "ocid1.domain.oc19..aaaaaaaaeuc6e6twowrhwgh6i4dxyp22x7g6mf4sf6x7kg7bbddovq6q33aa",
            "external_id": null,
            "force_delete": null,
            "id": "7c6989c51bdf4e3b96efb129c2812166",
            "idcs_created_by": [
              {
                "display": "Jorge torlaschi",
                "ocid": "ocid1.user.oc19..aaaaaaaa5ccj642agovx5r4ag2efhpd5tak66j7s3dtoogvne4d2fxwcgfrq",
                "ref": "https://idcs-e0138a37daa84b4aacdb004b63eb5d75.eu-madrid-idcs-2.identity.oci.oraclecloud.eu:443/admin/v1/Users/bd17c9849edd447bbacd840ac616d92a",
                "type": "User",
                "value": "bd17c9849edd447bbacd840ac616d92a"
              }
            ],
            "idcs_endpoint": "https://idcs-e0138a37daa84b4aacdb004b63eb5d75.eu-madrid-idcs-2.identity.oci.oraclecloud.eu:443",
            "idcs_last_modified_by": [
              {
                "display": "Jorge torlaschi",
                "ocid": "ocid1.user.oc19..aaaaaaaa5ccj642agovx5r4ag2efhpd5tak66j7s3dtoogvne4d2fxwcgfrq",
                "ref": "https://idcs-e0138a37daa84b4aacdb004b63eb5d75.eu-madrid-idcs-2.identity.oci.oraclecloud.eu:443/admin/v1/Users/bd17c9849edd447bbacd840ac616d92a",
                "type": "User",
                "value": "bd17c9849edd447bbacd840ac616d92a"
              }
            ],
            "idcs_last_upgraded_in_release": null,
            "idcs_prevented_operations": [],
            "members": [],
            "meta": [
              {
                "created": "2026-03-10T14:42:52.762Z",
                "last_modified": "2026-03-10T14:42:52.762Z",
                "location": "https://idcs-e0138a37daa84b4aacdb004b63eb5d75.eu-madrid-idcs-2.identity.oci.oraclecloud.eu:443/admin/v1/Groups/7c6989c51bdf4e3b96efb129c2812166",
                "resource_type": "Group",
                "version": "8b71b2ae8df94b4680377cea0cab79b6"
              }
            ],
            "non_unique_display_name": null,
            "ocid": "ocid1.group.oc19..aaaaaaaaea7efpuh2x7fbuumuesttduvmhx232mv6gwci3kij7wqboog6v3q",
            "resource_type_schema_version": null,
            "schemas": [
              "urn:ietf:params:scim:schemas:core:2.0:Group",
              "urn:ietf:params:scim:schemas:oracle:idcs:extension:OCITags",
              "urn:ietf:params:scim:schemas:oracle:idcs:extension:group:Group"
            ],
            "tags": [],
            "tenancy_ocid": "ocid1.tenancy.oc19..aaaaaaaa4ftkyx3ao73kndo3mbltj6gtbf27mxbgpu65a33ipgo2wqyj4zba",
            "timeouts": null,
            "urnietfparamsscimschemasoracleidcsextension_oci_tags": [
              {
                "defined_tags": [
                  {
                    "key": "CreatedBy",
                    "namespace": "Oracle-Tags",
                    "value": "default/jorge.e.torlaschi@accenture.com"
                  },
                  {
                    "key": "CreatedOn",
                    "namespace": "Oracle-Tags",
                    "value": "2026-03-10T14:42:52.743Z"
                  }
                ],
                "freeform_tags": [
                  {
                    "key": "ocilz-terraform-module",
                    "value": "iam-identity-domains/0.3.3"
                  }
                ],
                "tag_slug": ""
              }
            ],
            "urnietfparamsscimschemasoracleidcsextensiondbcs_group": [],
            "urnietfparamsscimschemasoracleidcsextensiondynamic_group": [],
            "urnietfparamsscimschemasoracleidcsextensiongroup_group": [
              {
                "app_roles": [],
                "creation_mechanism": "",
                "description": "Tenancy global cost control group.",
                "grants": [],
                "owners": [],
                "password_policy": [],
                "synced_from_app": []
              }
            ],
            "urnietfparamsscimschemasoracleidcsextensionposix_group": [],
            "urnietfparamsscimschemasoracleidcsextensionrequestable_group": []
          },
          "sensitive_attributes": [],
          "identity_schema_version": 0,
          "private": "eyJlMmJmYjczMC1lY2FhLTExZTYtOGY4OC0zNDM2M2JjN2M0YzAiOnsiY3JlYXRlIjoxMjAwMDAwMDAwMDAwLCJkZWxldGUiOjEyMDAwMDAwMDAwMDAsInVwZGF0ZSI6MTIwMDAwMDAwMDAwMH19",
          "dependencies": [
            "module.oci_lz_orchestrator.data.oci_identity_regions.these",
            "module.oci_lz_orchestrator.data.oci_identity_tenancy.this",
            "module.oci_lz_orchestrator.module.oci_lz_compartments.oci_identity_compartment.level_2",
            "module.oci_lz_orchestrator.module.oci_lz_compartments.oci_identity_compartment.level_3",
            "module.oci_lz_orchestrator.module.oci_lz_compartments.oci_identity_compartment.level_4",
            "module.oci_lz_orchestrator.module.oci_lz_compartments.oci_identity_compartment.level_5",
            "module.oci_lz_orchestrator.module.oci_lz_compartments.oci_identity_compartment.level_6",
            "module.oci_lz_orchestrator.module.oci_lz_compartments.oci_identity_compartment.these",
            "module.oci_lz_orchestrator.module.oci_lz_compartments.oci_identity_tag_default.these",
            "module.oci_lz_orchestrator.module.oci_lz_identity_domains.data.oci_identity_domain.grp_domain",
            "module.oci_lz_orchestrator.module.oci_lz_identity_domains.data.oci_identity_domains_users.these",
            "module.oci_lz_orchestrator.module.oci_lz_identity_domains.data.oci_identity_regions.these",
            "module.oci_lz_orchestrator.module.oci_lz_identity_domains.data.oci_identity_tenancy.this",
            "module.oci_lz_orchestrator.module.oci_lz_identity_domains.oci_identity_domain.these",
            "module.oci_lz_orchestrator.module.oci_lz_tags.data.oci_identity_tag.default_created_by",
            "module.oci_lz_orchestrator.module.oci_lz_tags.data.oci_identity_tag.default_created_on",
            "module.oci_lz_orchestrator.module.oci_lz_tags.data.oci_identity_tag_namespaces.oracle_default",
            "module.oci_lz_orchestrator.module.oci_lz_tags.oci_identity_tag.these",
            "module.oci_lz_orchestrator.module.oci_lz_tags.oci_identity_tag_default.these",
            "module.oci_lz_orchestrator.module.oci_lz_tags.oci_identity_tag_namespace.these"
          ]
        },
        {
          "index_key": "GRP-GLOBALSERV-ADMIN-KEY",
          "schema_version": 0,
          "attributes": {
            "attribute_sets": null,
            "attributes": null,
            "authorization": null,
            "compartment_ocid": "ocid1.tenancy.oc19..aaaaaaaa4ftkyx3ao73kndo3mbltj6gtbf27mxbgpu65a33ipgo2wqyj4zba",
            "delete_in_progress": null,
            "display_name": "o-p-om2-grp-admi-globalserv-001",
            "domain_ocid": "ocid1.domain.oc19..aaaaaaaaeuc6e6twowrhwgh6i4dxyp22x7g6mf4sf6x7kg7bbddovq6q33aa",
            "external_id": null,
            "force_delete": null,
            "id": "23ef3bf6cadb4c569054a54dba4eec97",
            "idcs_created_by": [
              {
                "display": "Jorge torlaschi",
                "ocid": "ocid1.user.oc19..aaaaaaaa5ccj642agovx5r4ag2efhpd5tak66j7s3dtoogvne4d2fxwcgfrq",
                "ref": "https://idcs-e0138a37daa84b4aacdb004b63eb5d75.eu-madrid-idcs-2.identity.oci.oraclecloud.eu:443/admin/v1/Users/bd17c9849edd447bbacd840ac616d92a",
                "type": "User",
                "value": "bd17c9849edd447bbacd840ac616d92a"
              }
            ],
            "idcs_endpoint": "https://idcs-e0138a37daa84b4aacdb004b63eb5d75.eu-madrid-idcs-2.identity.oci.oraclecloud.eu:443",
            "idcs_last_modified_by": [
              {
                "display": "Jorge torlaschi",
                "ocid": "ocid1.user.oc19..aaaaaaaa5ccj642agovx5r4ag2efhpd5tak66j7s3dtoogvne4d2fxwcgfrq",
                "ref": "https://idcs-e0138a37daa84b4aacdb004b63eb5d75.eu-madrid-idcs-2.identity.oci.oraclecloud.eu:443/admin/v1/Users/bd17c9849edd447bbacd840ac616d92a",
                "type": "User",
                "value": "bd17c9849edd447bbacd840ac616d92a"
              }
            ],
            "idcs_last_upgraded_in_release": null,
            "idcs_prevented_operations": [],
            "members": [],
            "meta": [
              {
                "created": "2026-03-10T14:42:52.843Z",
                "last_modified": "2026-03-10T14:42:52.843Z",
                "location": "https://idcs-e0138a37daa84b4aacdb004b63eb5d75.eu-madrid-idcs-2.identity.oci.oraclecloud.eu:443/admin/v1/Groups/23ef3bf6cadb4c569054a54dba4eec97",
                "resource_type": "Group",
                "version": "d07a11efcc4e4286a321d3003b247088"
              }
            ],
            "non_unique_display_name": null,
            "ocid": "ocid1.group.oc19..aaaaaaaaeuquftofnq4gmm4ouyzueslglg5te7ucqoj6k4dyaceuhfisvwka",
            "resource_type_schema_version": null,
            "schemas": [
              "urn:ietf:params:scim:schemas:core:2.0:Group",
              "urn:ietf:params:scim:schemas:oracle:idcs:extension:OCITags",
              "urn:ietf:params:scim:schemas:oracle:idcs:extension:group:Group"
            ],
            "tags": [],
            "tenancy_ocid": "ocid1.tenancy.oc19..aaaaaaaa4ftkyx3ao73kndo3mbltj6gtbf27mxbgpu65a33ipgo2wqyj4zba",
            "timeouts": null,
            "urnietfparamsscimschemasoracleidcsextension_oci_tags": [
              {
                "defined_tags": [
                  {
                    "key": "CreatedBy",
                    "namespace": "Oracle-Tags",
                    "value": "default/jorge.e.torlaschi@accenture.com"
                  },
                  {
                    "key": "CreatedOn",
                    "namespace": "Oracle-Tags",
                    "value": "2026-03-10T14:42:52.817Z"
                  }
                ],
                "freeform_tags": [
                  {
                    "key": "ocilz-terraform-module",
                    "value": "iam-identity-domains/0.3.3"
                  }
                ],
                "tag_slug": ""
              }
            ],
            "urnietfparamsscimschemasoracleidcsextensiondbcs_group": [],
            "urnietfparamsscimschemasoracleidcsextensiondynamic_group": [],
            "urnietfparamsscimschemasoracleidcsextensiongroup_group": [
              {
                "app_roles": [],
                "creation_mechanism": "",
                "description": "Tenancy Administrators for global services, as Cloud Guard.",
                "grants": [],
                "owners": [],
                "password_policy": [],
                "synced_from_app": []
              }
            ],
            "urnietfparamsscimschemasoracleidcsextensionposix_group": [],
            "urnietfparamsscimschemasoracleidcsextensionrequestable_group": []
          },
          "sensitive_attributes": [],
          "identity_schema_version": 0,
          "private": "eyJlMmJmYjczMC1lY2FhLTExZTYtOGY4OC0zNDM2M2JjN2M0YzAiOnsiY3JlYXRlIjoxMjAwMDAwMDAwMDAwLCJkZWxldGUiOjEyMDAwMDAwMDAwMDAsInVwZGF0ZSI6MTIwMDAwMDAwMDAwMH19",
          "dependencies": [
            "module.oci_lz_orchestrator.data.oci_identity_regions.these",
            "module.oci_lz_orchestrator.data.oci_identity_tenancy.this",
            "module.oci_lz_orchestrator.module.oci_lz_compartments.oci_identity_compartment.level_2",
            "module.oci_lz_orchestrator.module.oci_lz_compartments.oci_identity_compartment.level_3",
            "module.oci_lz_orchestrator.module.oci_lz_compartments.oci_identity_compartment.level_4",
            "module.oci_lz_orchestrator.module.oci_lz_compartments.oci_identity_compartment.level_5",
            "module.oci_lz_orchestrator.module.oci_lz_compartments.oci_identity_compartment.level_6",
            "module.oci_lz_orchestrator.module.oci_lz_compartments.oci_identity_compartment.these",
            "module.oci_lz_orchestrator.module.oci_lz_compartments.oci_identity_tag_default.these",
            "module.oci_lz_orchestrator.module.oci_lz_identity_domains.data.oci_identity_domain.grp_domain",
            "module.oci_lz_orchestrator.module.oci_lz_identity_domains.data.oci_identity_domains_users.these",
            "module.oci_lz_orchestrator.module.oci_lz_identity_domains.data.oci_identity_regions.these",
            "module.oci_lz_orchestrator.module.oci_lz_identity_domains.data.oci_identity_tenancy.this",
            "module.oci_lz_orchestrator.module.oci_lz_identity_domains.oci_identity_domain.these",
            "module.oci_lz_orchestrator.module.oci_lz_tags.data.oci_identity_tag.default_created_by",
            "module.oci_lz_orchestrator.module.oci_lz_tags.data.oci_identity_tag.default_created_on",
            "module.oci_lz_orchestrator.module.oci_lz_tags.data.oci_identity_tag_namespaces.oracle_default",
            "module.oci_lz_orchestrator.module.oci_lz_tags.oci_identity_tag.these",
            "module.oci_lz_orchestrator.module.oci_lz_tags.oci_identity_tag_default.these",
            "module.oci_lz_orchestrator.module.oci_lz_tags.oci_identity_tag_namespace.these"
          ]
        },
        {
          "index_key": "GRP-IAM-ADMIN-KEY",
          "schema_version": 0,
          "attributes": {
            "attribute_sets": null,
            "attributes": null,
            "authorization": null,
            "compartment_ocid": "ocid1.tenancy.oc19..aaaaaaaa4ftkyx3ao73kndo3mbltj6gtbf27mxbgpu65a33ipgo2wqyj4zba",
            "delete_in_progress": null,
            "display_name": "o-p-om2-grp-admi-iam-001",
            "domain_ocid": "ocid1.domain.oc19..aaaaaaaaeuc6e6twowrhwgh6i4dxyp22x7g6mf4sf6x7kg7bbddovq6q33aa",
            "external_id": null,
            "force_delete": null,
            "id": "8db5d4ee2d4d4872ba1174f6f9d3a72b",
            "idcs_created_by": [
              {
                "display": "Jorge torlaschi",
                "ocid": "ocid1.user.oc19..aaaaaaaa5ccj642agovx5r4ag2efhpd5tak66j7s3dtoogvne4d2fxwcgfrq",
                "ref": "https://idcs-e0138a37daa84b4aacdb004b63eb5d75.eu-madrid-idcs-2.identity.oci.oraclecloud.eu:443/admin/v1/Users/bd17c9849edd447bbacd840ac616d92a",
                "type": "User",
                "value": "bd17c9849edd447bbacd840ac616d92a"
              }
            ],
            "idcs_endpoint": "https://idcs-e0138a37daa84b4aacdb004b63eb5d75.eu-madrid-idcs-2.identity.oci.oraclecloud.eu:443",
            "idcs_last_modified_by": [
              {
                "display": "Jorge torlaschi",
                "ocid": "ocid1.user.oc19..aaaaaaaa5ccj642agovx5r4ag2efhpd5tak66j7s3dtoogvne4d2fxwcgfrq",
                "ref": "https://idcs-e0138a37daa84b4aacdb004b63eb5d75.eu-madrid-idcs-2.identity.oci.oraclecloud.eu:443/admin/v1/Users/bd17c9849edd447bbacd840ac616d92a",
                "type": "User",
                "value": "bd17c9849edd447bbacd840ac616d92a"
              }
            ],
            "idcs_last_upgraded_in_release": null,
            "idcs_prevented_operations": [],
            "members": [],
            "meta": [
              {
                "created": "2026-03-10T14:42:52.706Z",
                "last_modified": "2026-03-10T14:42:52.706Z",
                "location": "https://idcs-e0138a37daa84b4aacdb004b63eb5d75.eu-madrid-idcs-2.identity.oci.oraclecloud.eu:443/admin/v1/Groups/8db5d4ee2d4d4872ba1174f6f9d3a72b",
                "resource_type": "Group",
                "version": "583f59460e564ae8b1648242b3b840bd"
              }
            ],
            "non_unique_display_name": null,
            "ocid": "ocid1.group.oc19..aaaaaaaaqmdpmbptjf3dtu6mwjve4hzg5bx3435oho6raesgvbuguunx3zgq",
            "resource_type_schema_version": null,
            "schemas": [
              "urn:ietf:params:scim:schemas:core:2.0:Group",
              "urn:ietf:params:scim:schemas:oracle:idcs:extension:OCITags",
              "urn:ietf:params:scim:schemas:oracle:idcs:extension:group:Group"
            ],
            "tags": [],
            "tenancy_ocid": "ocid1.tenancy.oc19..aaaaaaaa4ftkyx3ao73kndo3mbltj6gtbf27mxbgpu65a33ipgo2wqyj4zba",
            "timeouts": null,
            "urnietfparamsscimschemasoracleidcsextension_oci_tags": [
              {
                "defined_tags": [
                  {
                    "key": "CreatedBy",
                    "namespace": "Oracle-Tags",
                    "value": "default/jorge.e.torlaschi@accenture.com"
                  },
                  {
                    "key": "CreatedOn",
                    "namespace": "Oracle-Tags",
                    "value": "2026-03-10T14:42:52.683Z"
                  }
                ],
                "freeform_tags": [
                  {
                    "key": "ocilz-terraform-module",
                    "value": "iam-identity-domains/0.3.3"
                  }
                ],
                "tag_slug": ""
              }
            ],
            "urnietfparamsscimschemasoracleidcsextensiondbcs_group": [],
            "urnietfparamsscimschemasoracleidcsextensiondynamic_group": [],
            "urnietfparamsscimschemasoracleidcsextensiongroup_group": [
              {
                "app_roles": [],
                "creation_mechanism": "",
                "description": "Tenancy global Identity and access management administrator group.",
                "grants": [],
                "owners": [],
                "password_policy": [],
                "synced_from_app": []
              }
            ],
            "urnietfparamsscimschemasoracleidcsextensionposix_group": [],
            "urnietfparamsscimschemasoracleidcsextensionrequestable_group": []
          },
          "sensitive_attributes": [],
          "identity_schema_version": 0,
          "private": "eyJlMmJmYjczMC1lY2FhLTExZTYtOGY4OC0zNDM2M2JjN2M0YzAiOnsiY3JlYXRlIjoxMjAwMDAwMDAwMDAwLCJkZWxldGUiOjEyMDAwMDAwMDAwMDAsInVwZGF0ZSI6MTIwMDAwMDAwMDAwMH19",
          "dependencies": [
            "module.oci_lz_orchestrator.data.oci_identity_regions.these",
            "module.oci_lz_orchestrator.data.oci_identity_tenancy.this",
            "module.oci_lz_orchestrator.module.oci_lz_compartments.oci_identity_compartment.level_2",
            "module.oci_lz_orchestrator.module.oci_lz_compartments.oci_identity_compartment.level_3",
            "module.oci_lz_orchestrator.module.oci_lz_compartments.oci_identity_compartment.level_4",
            "module.oci_lz_orchestrator.module.oci_lz_compartments.oci_identity_compartment.level_5",
            "module.oci_lz_orchestrator.module.oci_lz_compartments.oci_identity_compartment.level_6",
            "module.oci_lz_orchestrator.module.oci_lz_compartments.oci_identity_compartment.these",
            "module.oci_lz_orchestrator.module.oci_lz_compartments.oci_identity_tag_default.these",
            "module.oci_lz_orchestrator.module.oci_lz_identity_domains.data.oci_identity_domain.grp_domain",
            "module.oci_lz_orchestrator.module.oci_lz_identity_domains.data.oci_identity_domains_users.these",
            "module.oci_lz_orchestrator.module.oci_lz_identity_domains.data.oci_identity_regions.these",
            "module.oci_lz_orchestrator.module.oci_lz_identity_domains.data.oci_identity_tenancy.this",
            "module.oci_lz_orchestrator.module.oci_lz_identity_domains.oci_identity_domain.these",
            "module.oci_lz_orchestrator.module.oci_lz_tags.data.oci_identity_tag.default_created_by",
            "module.oci_lz_orchestrator.module.oci_lz_tags.data.oci_identity_tag.default_created_on",
            "module.oci_lz_orchestrator.module.oci_lz_tags.data.oci_identity_tag_namespaces.oracle_default",
            "module.oci_lz_orchestrator.module.oci_lz_tags.oci_identity_tag.these",
            "module.oci_lz_orchestrator.module.oci_lz_tags.oci_identity_tag_default.these",
            "module.oci_lz_orchestrator.module.oci_lz_tags.oci_identity_tag_namespace.these"
          ]
        },
        {
          "index_key": "GRP-LZ-DB-ADMINS",
          "schema_version": 0,
          "attributes": {
            "attribute_sets": null,
            "attributes": null,
            "authorization": null,
            "compartment_ocid": "ocid1.tenancy.oc19..aaaaaaaa4ftkyx3ao73kndo3mbltj6gtbf27mxbgpu65a33ipgo2wqyj4zba",
            "delete_in_progress": null,
            "display_name": "o-p-om2-grp-admi-database-001",
            "domain_ocid": "ocid1.domain.oc19..aaaaaaaaeuc6e6twowrhwgh6i4dxyp22x7g6mf4sf6x7kg7bbddovq6q33aa",
            "external_id": null,
            "force_delete": null,
            "id": "32ed5ce0c1e94813aa968f24cc79d4b1",
            "idcs_created_by": [
              {
                "display": "Jorge torlaschi",
                "ocid": "ocid1.user.oc19..aaaaaaaa5ccj642agovx5r4ag2efhpd5tak66j7s3dtoogvne4d2fxwcgfrq",
                "ref": "https://idcs-e0138a37daa84b4aacdb004b63eb5d75.eu-madrid-idcs-2.identity.oci.oraclecloud.eu:443/admin/v1/Users/bd17c9849edd447bbacd840ac616d92a",
                "type": "User",
                "value": "bd17c9849edd447bbacd840ac616d92a"
              }
            ],
            "idcs_endpoint": "https://idcs-e0138a37daa84b4aacdb004b63eb5d75.eu-madrid-idcs-2.identity.oci.oraclecloud.eu:443",
            "idcs_last_modified_by": [
              {
                "display": "Jorge torlaschi",
                "ocid": "ocid1.user.oc19..aaaaaaaa5ccj642agovx5r4ag2efhpd5tak66j7s3dtoogvne4d2fxwcgfrq",
                "ref": "https://idcs-e0138a37daa84b4aacdb004b63eb5d75.eu-madrid-idcs-2.identity.oci.oraclecloud.eu:443/admin/v1/Users/bd17c9849edd447bbacd840ac616d92a",
                "type": "User",
                "value": "bd17c9849edd447bbacd840ac616d92a"
              }
            ],
            "idcs_last_upgraded_in_release": null,
            "idcs_prevented_operations": [],
            "members": [],
            "meta": [
              {
                "created": "2026-03-10T14:42:52.535Z",
                "last_modified": "2026-03-10T14:42:52.535Z",
                "location": "https://idcs-e0138a37daa84b4aacdb004b63eb5d75.eu-madrid-idcs-2.identity.oci.oraclecloud.eu:443/admin/v1/Groups/32ed5ce0c1e94813aa968f24cc79d4b1",
                "resource_type": "Group",
                "version": "750be221d6984827a4ea0bb936bb8d5f"
              }
            ],
            "non_unique_display_name": null,
            "ocid": "ocid1.group.oc19..aaaaaaaaajzreoseaygb5dqpkxwyhlewlwo5tukil6rn3c7gsh363kmze63q",
            "resource_type_schema_version": null,
            "schemas": [
              "urn:ietf:params:scim:schemas:core:2.0:Group",
              "urn:ietf:params:scim:schemas:oracle:idcs:extension:OCITags",
              "urn:ietf:params:scim:schemas:oracle:idcs:extension:group:Group"
            ],
            "tags": [],
            "tenancy_ocid": "ocid1.tenancy.oc19..aaaaaaaa4ftkyx3ao73kndo3mbltj6gtbf27mxbgpu65a33ipgo2wqyj4zba",
            "timeouts": null,
            "urnietfparamsscimschemasoracleidcsextension_oci_tags": [
              {
                "defined_tags": [
                  {
                    "key": "CreatedBy",
                    "namespace": "Oracle-Tags",
                    "value": "default/jorge.e.torlaschi@accenture.com"
                  },
                  {
                    "key": "CreatedOn",
                    "namespace": "Oracle-Tags",
                    "value": "2026-03-10T14:42:52.506Z"
                  }
                ],
                "freeform_tags": [
                  {
                    "key": "ocilz-terraform-module",
                    "value": "iam-identity-domains/0.3.3"
                  }
                ],
                "tag_slug": ""
              }
            ],
            "urnietfparamsscimschemasoracleidcsextensiondbcs_group": [],
            "urnietfparamsscimschemasoracleidcsextensiondynamic_group": [],
            "urnietfparamsscimschemasoracleidcsextensiongroup_group": [
              {
                "app_roles": [],
                "creation_mechanism": "",
                "description": "Global exacs administration, DBA Team group",
                "grants": [],
                "owners": [],
                "password_policy": [],
                "synced_from_app": []
              }
            ],
            "urnietfparamsscimschemasoracleidcsextensionposix_group": [],
            "urnietfparamsscimschemasoracleidcsextensionrequestable_group": []
          },
          "sensitive_attributes": [],
          "identity_schema_version": 0,
          "private": "eyJlMmJmYjczMC1lY2FhLTExZTYtOGY4OC0zNDM2M2JjN2M0YzAiOnsiY3JlYXRlIjoxMjAwMDAwMDAwMDAwLCJkZWxldGUiOjEyMDAwMDAwMDAwMDAsInVwZGF0ZSI6MTIwMDAwMDAwMDAwMH19",
          "dependencies": [
            "module.oci_lz_orchestrator.data.oci_identity_regions.these",
            "module.oci_lz_orchestrator.data.oci_identity_tenancy.this",
            "module.oci_lz_orchestrator.module.oci_lz_compartments.oci_identity_compartment.level_2",
            "module.oci_lz_orchestrator.module.oci_lz_compartments.oci_identity_compartment.level_3",
            "module.oci_lz_orchestrator.module.oci_lz_compartments.oci_identity_compartment.level_4",
            "module.oci_lz_orchestrator.module.oci_lz_compartments.oci_identity_compartment.level_5",
            "module.oci_lz_orchestrator.module.oci_lz_compartments.oci_identity_compartment.level_6",
            "module.oci_lz_orchestrator.module.oci_lz_compartments.oci_identity_compartment.these",
            "module.oci_lz_orchestrator.module.oci_lz_compartments.oci_identity_tag_default.these",
            "module.oci_lz_orchestrator.module.oci_lz_identity_domains.data.oci_identity_domain.grp_domain",
            "module.oci_lz_orchestrator.module.oci_lz_identity_domains.data.oci_identity_domains_users.these",
            "module.oci_lz_orchestrator.module.oci_lz_identity_domains.data.oci_identity_regions.these",
            "module.oci_lz_orchestrator.module.oci_lz_identity_domains.data.oci_identity_tenancy.this",
            "module.oci_lz_orchestrator.module.oci_lz_identity_domains.oci_identity_domain.these",
            "module.oci_lz_orchestrator.module.oci_lz_tags.data.oci_identity_tag.default_created_by",
            "module.oci_lz_orchestrator.module.oci_lz_tags.data.oci_identity_tag.default_created_on",
            "module.oci_lz_orchestrator.module.oci_lz_tags.data.oci_identity_tag_namespaces.oracle_default",
            "module.oci_lz_orchestrator.module.oci_lz_tags.oci_identity_tag.these",
            "module.oci_lz_orchestrator.module.oci_lz_tags.oci_identity_tag_default.these",
            "module.oci_lz_orchestrator.module.oci_lz_tags.oci_identity_tag_namespace.these"
          ]
        },
        {
          "index_key": "GRP-LZ-INFRA-ADMINS",
          "schema_version": 0,
          "attributes": {
            "attribute_sets": null,
            "attributes": null,
            "authorization": null,
            "compartment_ocid": "ocid1.tenancy.oc19..aaaaaaaa4ftkyx3ao73kndo3mbltj6gtbf27mxbgpu65a33ipgo2wqyj4zba",
            "delete_in_progress": null,
            "display_name": "o-p-om2-grp-admi-infra-001",
            "domain_ocid": "ocid1.domain.oc19..aaaaaaaaeuc6e6twowrhwgh6i4dxyp22x7g6mf4sf6x7kg7bbddovq6q33aa",
            "external_id": null,
            "force_delete": null,
            "id": "1f2d6edbbdba48de93f4fedd4c65173d",
            "idcs_created_by": [
              {
                "display": "Jorge torlaschi",
                "ocid": "ocid1.user.oc19..aaaaaaaa5ccj642agovx5r4ag2efhpd5tak66j7s3dtoogvne4d2fxwcgfrq",
                "ref": "https://idcs-e0138a37daa84b4aacdb004b63eb5d75.eu-madrid-idcs-2.identity.oci.oraclecloud.eu:443/admin/v1/Users/bd17c9849edd447bbacd840ac616d92a",
                "type": "User",
                "value": "bd17c9849edd447bbacd840ac616d92a"
              }
            ],
            "idcs_endpoint": "https://idcs-e0138a37daa84b4aacdb004b63eb5d75.eu-madrid-idcs-2.identity.oci.oraclecloud.eu:443",
            "idcs_last_modified_by": [
              {
                "display": "Jorge torlaschi",
                "ocid": "ocid1.user.oc19..aaaaaaaa5ccj642agovx5r4ag2efhpd5tak66j7s3dtoogvne4d2fxwcgfrq",
                "ref": "https://idcs-e0138a37daa84b4aacdb004b63eb5d75.eu-madrid-idcs-2.identity.oci.oraclecloud.eu:443/admin/v1/Users/bd17c9849edd447bbacd840ac616d92a",
                "type": "User",
                "value": "bd17c9849edd447bbacd840ac616d92a"
              }
            ],
            "idcs_last_upgraded_in_release": null,
            "idcs_prevented_operations": [],
            "members": [],
            "meta": [
              {
                "created": "2026-03-10T14:42:52.541Z",
                "last_modified": "2026-03-10T14:42:52.541Z",
                "location": "https://idcs-e0138a37daa84b4aacdb004b63eb5d75.eu-madrid-idcs-2.identity.oci.oraclecloud.eu:443/admin/v1/Groups/1f2d6edbbdba48de93f4fedd4c65173d",
                "resource_type": "Group",
                "version": "2290b358fcb84db89069220bd3bd6fc6"
              }
            ],
            "non_unique_display_name": null,
            "ocid": "ocid1.group.oc19..aaaaaaaatuzlxo6zodvdt2hxmkslxkgqw2othkssr6ix7d2nan5uipq227aq",
            "resource_type_schema_version": null,
            "schemas": [
              "urn:ietf:params:scim:schemas:core:2.0:Group",
              "urn:ietf:params:scim:schemas:oracle:idcs:extension:OCITags",
              "urn:ietf:params:scim:schemas:oracle:idcs:extension:group:Group"
            ],
            "tags": [],
            "tenancy_ocid": "ocid1.tenancy.oc19..aaaaaaaa4ftkyx3ao73kndo3mbltj6gtbf27mxbgpu65a33ipgo2wqyj4zba",
            "timeouts": null,
            "urnietfparamsscimschemasoracleidcsextension_oci_tags": [
              {
                "defined_tags": [
                  {
                    "key": "CreatedBy",
                    "namespace": "Oracle-Tags",
                    "value": "default/jorge.e.torlaschi@accenture.com"
                  },
                  {
                    "key": "CreatedOn",
                    "namespace": "Oracle-Tags",
                    "value": "2026-03-10T14:42:52.512Z"
                  }
                ],
                "freeform_tags": [
                  {
                    "key": "ocilz-terraform-module",
                    "value": "iam-identity-domains/0.3.3"
                  }
                ],
                "tag_slug": ""
              }
            ],
            "urnietfparamsscimschemasoracleidcsextensiondbcs_group": [],
            "urnietfparamsscimschemasoracleidcsextensiondynamic_group": [],
            "urnietfparamsscimschemasoracleidcsextensiongroup_group": [
              {
                "app_roles": [],
                "creation_mechanism": "",
                "description": "Global exacs administration, Infra Team group",
                "grants": [],
                "owners": [],
                "password_policy": [],
                "synced_from_app": []
              }
            ],
            "urnietfparamsscimschemasoracleidcsextensionposix_group": [],
            "urnietfparamsscimschemasoracleidcsextensionrequestable_group": []
          },
          "sensitive_attributes": [],
          "identity_schema_version": 0,
          "private": "eyJlMmJmYjczMC1lY2FhLTExZTYtOGY4OC0zNDM2M2JjN2M0YzAiOnsiY3JlYXRlIjoxMjAwMDAwMDAwMDAwLCJkZWxldGUiOjEyMDAwMDAwMDAwMDAsInVwZGF0ZSI6MTIwMDAwMDAwMDAwMH19",
          "dependencies": [
            "module.oci_lz_orchestrator.data.oci_identity_regions.these",
            "module.oci_lz_orchestrator.data.oci_identity_tenancy.this",
            "module.oci_lz_orchestrator.module.oci_lz_compartments.oci_identity_compartment.level_2",
            "module.oci_lz_orchestrator.module.oci_lz_compartments.oci_identity_compartment.level_3",
            "module.oci_lz_orchestrator.module.oci_lz_compartments.oci_identity_compartment.level_4",
            "module.oci_lz_orchestrator.module.oci_lz_compartments.oci_identity_compartment.level_5",
            "module.oci_lz_orchestrator.module.oci_lz_compartments.oci_identity_compartment.level_6",
            "module.oci_lz_orchestrator.module.oci_lz_compartments.oci_identity_compartment.these",
            "module.oci_lz_orchestrator.module.oci_lz_compartments.oci_identity_tag_default.these",
            "module.oci_lz_orchestrator.module.oci_lz_identity_domains.data.oci_identity_domain.grp_domain",
            "module.oci_lz_orchestrator.module.oci_lz_identity_domains.data.oci_identity_domains_users.these",
            "module.oci_lz_orchestrator.module.oci_lz_identity_domains.data.oci_identity_regions.these",
            "module.oci_lz_orchestrator.module.oci_lz_identity_domains.data.oci_identity_tenancy.this",
            "module.oci_lz_orchestrator.module.oci_lz_identity_domains.oci_identity_domain.these",
            "module.oci_lz_orchestrator.module.oci_lz_tags.data.oci_identity_tag.default_created_by",
            "module.oci_lz_orchestrator.module.oci_lz_tags.data.oci_identity_tag.default_created_on",
            "module.oci_lz_orchestrator.module.oci_lz_tags.data.oci_identity_tag_namespaces.oracle_default",
            "module.oci_lz_orchestrator.module.oci_lz_tags.oci_identity_tag.these",
            "module.oci_lz_orchestrator.module.oci_lz_tags.oci_identity_tag_default.these",
            "module.oci_lz_orchestrator.module.oci_lz_tags.oci_identity_tag_namespace.these"
          ]
        },
        {
          "index_key": "GRP-NETWORK-ADMIN-KEY",
          "schema_version": 0,
          "attributes": {
            "attribute_sets": null,
            "attributes": null,
            "authorization": null,
            "compartment_ocid": "ocid1.tenancy.oc19..aaaaaaaa4ftkyx3ao73kndo3mbltj6gtbf27mxbgpu65a33ipgo2wqyj4zba",
            "delete_in_progress": null,
            "display_name": "o-p-om2-grp-admi-network-001",
            "domain_ocid": "ocid1.domain.oc19..aaaaaaaaeuc6e6twowrhwgh6i4dxyp22x7g6mf4sf6x7kg7bbddovq6q33aa",
            "external_id": null,
            "force_delete": null,
            "id": "1f2d88b9fb024af691e8993071ec3bc7",
            "idcs_created_by": [
              {
                "display": "Jorge torlaschi",
                "ocid": "ocid1.user.oc19..aaaaaaaa5ccj642agovx5r4ag2efhpd5tak66j7s3dtoogvne4d2fxwcgfrq",
                "ref": "https://idcs-e0138a37daa84b4aacdb004b63eb5d75.eu-madrid-idcs-2.identity.oci.oraclecloud.eu:443/admin/v1/Users/bd17c9849edd447bbacd840ac616d92a",
                "type": "User",
                "value": "bd17c9849edd447bbacd840ac616d92a"
              }
            ],
            "idcs_endpoint": "https://idcs-e0138a37daa84b4aacdb004b63eb5d75.eu-madrid-idcs-2.identity.oci.oraclecloud.eu:443",
            "idcs_last_modified_by": [
              {
                "display": "Jorge torlaschi",
                "ocid": "ocid1.user.oc19..aaaaaaaa5ccj642agovx5r4ag2efhpd5tak66j7s3dtoogvne4d2fxwcgfrq",
                "ref": "https://idcs-e0138a37daa84b4aacdb004b63eb5d75.eu-madrid-idcs-2.identity.oci.oraclecloud.eu:443/admin/v1/Users/bd17c9849edd447bbacd840ac616d92a",
                "type": "User",
                "value": "bd17c9849edd447bbacd840ac616d92a"
              }
            ],
            "idcs_last_upgraded_in_release": null,
            "idcs_prevented_operations": [],
            "members": [],
            "meta": [
              {
                "created": "2026-03-10T14:42:52.535Z",
                "last_modified": "2026-03-10T14:42:52.535Z",
                "location": "https://idcs-e0138a37daa84b4aacdb004b63eb5d75.eu-madrid-idcs-2.identity.oci.oraclecloud.eu:443/admin/v1/Groups/1f2d88b9fb024af691e8993071ec3bc7",
                "resource_type": "Group",
                "version": "4ef84fc79da34bfa973f8e08f524d0e6"
              }
            ],
            "non_unique_display_name": null,
            "ocid": "ocid1.group.oc19..aaaaaaaar3h7eyjzyg7huk6hdhygeibsgumvijcf64gvp25eda2wy5amqqoq",
            "resource_type_schema_version": null,
            "schemas": [
              "urn:ietf:params:scim:schemas:core:2.0:Group",
              "urn:ietf:params:scim:schemas:oracle:idcs:extension:OCITags",
              "urn:ietf:params:scim:schemas:oracle:idcs:extension:group:Group"
            ],
            "tags": [],
            "tenancy_ocid": "ocid1.tenancy.oc19..aaaaaaaa4ftkyx3ao73kndo3mbltj6gtbf27mxbgpu65a33ipgo2wqyj4zba",
            "timeouts": null,
            "urnietfparamsscimschemasoracleidcsextension_oci_tags": [
              {
                "defined_tags": [
                  {
                    "key": "CreatedBy",
                    "namespace": "Oracle-Tags",
                    "value": "default/jorge.e.torlaschi@accenture.com"
                  },
                  {
                    "key": "CreatedOn",
                    "namespace": "Oracle-Tags",
                    "value": "2026-03-10T14:42:52.507Z"
                  }
                ],
                "freeform_tags": [
                  {
                    "key": "ocilz-terraform-module",
                    "value": "iam-identity-domains/0.3.3"
                  }
                ],
                "tag_slug": ""
              }
            ],
            "urnietfparamsscimschemasoracleidcsextensiondbcs_group": [],
            "urnietfparamsscimschemasoracleidcsextensiondynamic_group": [],
            "urnietfparamsscimschemasoracleidcsextensiongroup_group": [
              {
                "app_roles": [],
                "creation_mechanism": "",
                "description": "Shared network administration group, including common OE network elements.",
                "grants": [],
                "owners": [],
                "password_policy": [],
                "synced_from_app": []
              }
            ],
            "urnietfparamsscimschemasoracleidcsextensionposix_group": [],
            "urnietfparamsscimschemasoracleidcsextensionrequestable_group": []
          },
          "sensitive_attributes": [],
          "identity_schema_version": 0,
          "private": "eyJlMmJmYjczMC1lY2FhLTExZTYtOGY4OC0zNDM2M2JjN2M0YzAiOnsiY3JlYXRlIjoxMjAwMDAwMDAwMDAwLCJkZWxldGUiOjEyMDAwMDAwMDAwMDAsInVwZGF0ZSI6MTIwMDAwMDAwMDAwMH19",
          "dependencies": [
            "module.oci_lz_orchestrator.data.oci_identity_regions.these",
            "module.oci_lz_orchestrator.data.oci_identity_tenancy.this",
            "module.oci_lz_orchestrator.module.oci_lz_compartments.oci_identity_compartment.level_2",
            "module.oci_lz_orchestrator.module.oci_lz_compartments.oci_identity_compartment.level_3",
            "module.oci_lz_orchestrator.module.oci_lz_compartments.oci_identity_compartment.level_4",
            "module.oci_lz_orchestrator.module.oci_lz_compartments.oci_identity_compartment.level_5",
            "module.oci_lz_orchestrator.module.oci_lz_compartments.oci_identity_compartment.level_6",
            "module.oci_lz_orchestrator.module.oci_lz_compartments.oci_identity_compartment.these",
            "module.oci_lz_orchestrator.module.oci_lz_compartments.oci_identity_tag_default.these",
            "module.oci_lz_orchestrator.module.oci_lz_identity_domains.data.oci_identity_domain.grp_domain",
            "module.oci_lz_orchestrator.module.oci_lz_identity_domains.data.oci_identity_domains_users.these",
            "module.oci_lz_orchestrator.module.oci_lz_identity_domains.data.oci_identity_regions.these",
            "module.oci_lz_orchestrator.module.oci_lz_identity_domains.data.oci_identity_tenancy.this",
            "module.oci_lz_orchestrator.module.oci_lz_identity_domains.oci_identity_domain.these",
            "module.oci_lz_orchestrator.module.oci_lz_tags.data.oci_identity_tag.default_created_by",
            "module.oci_lz_orchestrator.module.oci_lz_tags.data.oci_identity_tag.default_created_on",
            "module.oci_lz_orchestrator.module.oci_lz_tags.data.oci_identity_tag_namespaces.oracle_default",
            "module.oci_lz_orchestrator.module.oci_lz_tags.oci_identity_tag.these",
            "module.oci_lz_orchestrator.module.oci_lz_tags.oci_identity_tag_default.these",
            "module.oci_lz_orchestrator.module.oci_lz_tags.oci_identity_tag_namespace.these"
          ]
        },
        {
          "index_key": "GRP-SECURITY-ADMIN-KEY",
          "schema_version": 0,
          "attributes": {
            "attribute_sets": null,
            "attributes": null,
            "authorization": null,
            "compartment_ocid": "ocid1.tenancy.oc19..aaaaaaaa4ftkyx3ao73kndo3mbltj6gtbf27mxbgpu65a33ipgo2wqyj4zba",
            "delete_in_progress": null,
            "display_name": "o-p-om2-grp-admi-security-001",
            "domain_ocid": "ocid1.domain.oc19..aaaaaaaaeuc6e6twowrhwgh6i4dxyp22x7g6mf4sf6x7kg7bbddovq6q33aa",
            "external_id": null,
            "force_delete": null,
            "id": "ee74da9199a543b9b01813e0d0f1df5a",
            "idcs_created_by": [
              {
                "display": "Jorge torlaschi",
                "ocid": "ocid1.user.oc19..aaaaaaaa5ccj642agovx5r4ag2efhpd5tak66j7s3dtoogvne4d2fxwcgfrq",
                "ref": "https://idcs-e0138a37daa84b4aacdb004b63eb5d75.eu-madrid-idcs-2.identity.oci.oraclecloud.eu:443/admin/v1/Users/bd17c9849edd447bbacd840ac616d92a",
                "type": "User",
                "value": "bd17c9849edd447bbacd840ac616d92a"
              }
            ],
            "idcs_endpoint": "https://idcs-e0138a37daa84b4aacdb004b63eb5d75.eu-madrid-idcs-2.identity.oci.oraclecloud.eu:443",
            "idcs_last_modified_by": [
              {
                "display": "Jorge torlaschi",
                "ocid": "ocid1.user.oc19..aaaaaaaa5ccj642agovx5r4ag2efhpd5tak66j7s3dtoogvne4d2fxwcgfrq",
                "ref": "https://idcs-e0138a37daa84b4aacdb004b63eb5d75.eu-madrid-idcs-2.identity.oci.oraclecloud.eu:443/admin/v1/Users/bd17c9849edd447bbacd840ac616d92a",
                "type": "User",
                "value": "bd17c9849edd447bbacd840ac616d92a"
              }
            ],
            "idcs_last_upgraded_in_release": null,
            "idcs_prevented_operations": [],
            "members": [],
            "meta": [
              {
                "created": "2026-03-10T14:42:52.825Z",
                "last_modified": "2026-03-10T14:42:52.825Z",
                "location": "https://idcs-e0138a37daa84b4aacdb004b63eb5d75.eu-madrid-idcs-2.identity.oci.oraclecloud.eu:443/admin/v1/Groups/ee74da9199a543b9b01813e0d0f1df5a",
                "resource_type": "Group",
                "version": "c578be3feb5a4606989e5fe096407820"
              }
            ],
            "non_unique_display_name": null,
            "ocid": "ocid1.group.oc19..aaaaaaaaew4timz2siqgmopkmc5tiifzjowe2zoe7l3ghljrgjf5cxg5ahjq",
            "resource_type_schema_version": null,
            "schemas": [
              "urn:ietf:params:scim:schemas:core:2.0:Group",
              "urn:ietf:params:scim:schemas:oracle:idcs:extension:OCITags",
              "urn:ietf:params:scim:schemas:oracle:idcs:extension:group:Group"
            ],
            "tags": [],
            "tenancy_ocid": "ocid1.tenancy.oc19..aaaaaaaa4ftkyx3ao73kndo3mbltj6gtbf27mxbgpu65a33ipgo2wqyj4zba",
            "timeouts": null,
            "urnietfparamsscimschemasoracleidcsextension_oci_tags": [
              {
                "defined_tags": [
                  {
                    "key": "CreatedBy",
                    "namespace": "Oracle-Tags",
                    "value": "default/jorge.e.torlaschi@accenture.com"
                  },
                  {
                    "key": "CreatedOn",
                    "namespace": "Oracle-Tags",
                    "value": "2026-03-10T14:42:52.807Z"
                  }
                ],
                "freeform_tags": [
                  {
                    "key": "ocilz-terraform-module",
                    "value": "iam-identity-domains/0.3.3"
                  }
                ],
                "tag_slug": ""
              }
            ],
            "urnietfparamsscimschemasoracleidcsextensiondbcs_group": [],
            "urnietfparamsscimschemasoracleidcsextensiondynamic_group": [],
            "urnietfparamsscimschemasoracleidcsextensiongroup_group": [
              {
                "app_roles": [],
                "creation_mechanism": "",
                "description": "Shared security administration group, including common OE network elements.",
                "grants": [],
                "owners": [],
                "password_policy": [],
                "synced_from_app": []
              }
            ],
            "urnietfparamsscimschemasoracleidcsextensionposix_group": [],
            "urnietfparamsscimschemasoracleidcsextensionrequestable_group": []
          },
          "sensitive_attributes": [],
          "identity_schema_version": 0,
          "private": "eyJlMmJmYjczMC1lY2FhLTExZTYtOGY4OC0zNDM2M2JjN2M0YzAiOnsiY3JlYXRlIjoxMjAwMDAwMDAwMDAwLCJkZWxldGUiOjEyMDAwMDAwMDAwMDAsInVwZGF0ZSI6MTIwMDAwMDAwMDAwMH19",
          "dependencies": [
            "module.oci_lz_orchestrator.data.oci_identity_regions.these",
            "module.oci_lz_orchestrator.data.oci_identity_tenancy.this",
            "module.oci_lz_orchestrator.module.oci_lz_compartments.oci_identity_compartment.level_2",
            "module.oci_lz_orchestrator.module.oci_lz_compartments.oci_identity_compartment.level_3",
            "module.oci_lz_orchestrator.module.oci_lz_compartments.oci_identity_compartment.level_4",
            "module.oci_lz_orchestrator.module.oci_lz_compartments.oci_identity_compartment.level_5",
            "module.oci_lz_orchestrator.module.oci_lz_compartments.oci_identity_compartment.level_6",
            "module.oci_lz_orchestrator.module.oci_lz_compartments.oci_identity_compartment.these",
            "module.oci_lz_orchestrator.module.oci_lz_compartments.oci_identity_tag_default.these",
            "module.oci_lz_orchestrator.module.oci_lz_identity_domains.data.oci_identity_domain.grp_domain",
            "module.oci_lz_orchestrator.module.oci_lz_identity_domains.data.oci_identity_domains_users.these",
            "module.oci_lz_orchestrator.module.oci_lz_identity_domains.data.oci_identity_regions.these",
            "module.oci_lz_orchestrator.module.oci_lz_identity_domains.data.oci_identity_tenancy.this",
            "module.oci_lz_orchestrator.module.oci_lz_identity_domains.oci_identity_domain.these",
            "module.oci_lz_orchestrator.module.oci_lz_tags.data.oci_identity_tag.default_created_by",
            "module.oci_lz_orchestrator.module.oci_lz_tags.data.oci_identity_tag.default_created_on",
            "module.oci_lz_orchestrator.module.oci_lz_tags.data.oci_identity_tag_namespaces.oracle_default",
            "module.oci_lz_orchestrator.module.oci_lz_tags.oci_identity_tag.these",
            "module.oci_lz_orchestrator.module.oci_lz_tags.oci_identity_tag_default.these",
            "module.oci_lz_orchestrator.module.oci_lz_tags.oci_identity_tag_namespace.these"
          ]
        }
      ]
    },
    {
      "module": "module.oci_lz_orchestrator.module.oci_lz_network[0]",
      "mode": "data",
      "type": "oci_core_cpe_device_shapes",
      "name": "cpe_device_shapes",
      "provider": "module.oci_lz_orchestrator.provider[\"registry.terraform.io/oracle/oci\"]",
      "instances": [
        {
          "index_key": 0,
          "schema_version": 0,
          "attributes": {
            "cpe_device_shapes": [
              {
                "cpe_device_info": [
                  {
                    "platform_software_version": "FITELnet-F220/F221 Firmware 01.00(00)[0]00.00.0 [2019/07/05 15:00]",
                    "vendor": "Furukawa"
                  }
                ],
                "cpe_device_shape_id": "07e31f12-24ba-44b2-9dcc-801497261905",
                "template": ""
              },
              {
                "cpe_device_info": [
                  {
                    "platform_software_version": "IX Series 10.1.16",
                    "vendor": "NEC"
                  }
                ],
                "cpe_device_shape_id": "0c915c1e-c805-43ca-b555-76d229dfc6e6",
                "template": ""
              },
              {
                "cpe_device_info": [
                  {
                    "platform_software_version": "RTX RTX830 Firmware Rev.15.02.03",
                    "vendor": "Yamaha"
                  }
                ],
                "cpe_device_shape_id": "135a4bcc-42cc-424b-926f-ebe08fd61ba5",
                "template": ""
              },
              {
                "cpe_device_info": [
                  {
                    "platform_software_version": "IOS version 15.4M or later",
                    "vendor": "Cisco"
                  }
                ],
                "cpe_device_shape_id": "2e00008c-124f-4991-a2c6-131e543b612c",
                "template": ""
              },
              {
                "cpe_device_info": [
                  {
                    "platform_software_version": "PAN-OS 8.0.0",
                    "vendor": "Palo Alto"
                  }
                ],
                "cpe_device_shape_id": "326b2a10-fe1f-4944-9f91-f1f050f075d1",
                "template": ""
              },
              {
                "cpe_device_info": [
                  {
                    "platform_software_version": "3.18 or later",
                    "vendor": "Libreswan"
                  }
                ],
                "cpe_device_shape_id": "3bdfe4d5-9090-4c53-b165-05c1f5582507",
                "template": ""
              },
              {
                "cpe_device_info": [
                  {
                    "platform_software_version": "SRX Series - JunOS 11.0 or later",
                    "vendor": "Juniper"
                  }
                ],
                "cpe_device_shape_id": "88869e85-c7ae-4c6c-a74e-0c6d9eeac0a9",
                "template": ""
              },
              {
                "cpe_device_info": [
                  {
                    "platform_software_version": "MX Series - JunOS 15.1 or later",
                    "vendor": "Juniper"
                  }
                ],
                "cpe_device_shape_id": "8e39db8d-d515-4e3c-b94a-070368300a65",
                "template": ""
              },
              {
                "cpe_device_info": [
                  {
                    "platform_software_version": "ASA Route-Based VPN 9.7.1 or later",
                    "vendor": "Cisco"
                  }
                ],
                "cpe_device_shape_id": "94229f13-e787-46e7-a9d8-53916b5ec5f7",
                "template": ""
              },
              {
                "cpe_device_info": [
                  {
                    "platform_software_version": "N.A",
                    "vendor": "Other"
                  }
                ],
                "cpe_device_shape_id": "b294cebb-91cd-40d5-9161-a0dddaafdbb9",
                "template": ""
              },
              {
                "cpe_device_info": [
                  {
                    "platform_software_version": "FortiGate 6.0.4 or later",
                    "vendor": "Fortinet"
                  }
                ],
                "cpe_device_shape_id": "c894a103-7463-4985-95ea-6c1d14b7e0d0",
                "template": ""
              },
              {
                "cpe_device_info": [
                  {
                    "platform_software_version": "R80.20",
                    "vendor": "Check Point"
                  }
                ],
                "cpe_device_shape_id": "d4684ab8-b7b0-4fcd-b26c-af47f7b7976a",
                "template": ""
              },
              {
                "cpe_device_info": [
                  {
                    "platform_software_version": "RTX RTX1210 Firmware Rev.14.01.28",
                    "vendor": "Yamaha"
                  }
                ],
                "cpe_device_shape_id": "d8b06919-3c38-43c7-a1f5-6368a444039e",
                "template": ""
              },
              {
                "cpe_device_info": [
                  {
                    "platform_software_version": "ASA Policy-Based VPN 8.5+ (single tunnel, static)",
                    "vendor": "Cisco"
                  }
                ],
                "cpe_device_shape_id": "f09b77c8-859c-4ec0-94fd-2ab372cf8b84",
                "template": ""
              },
              {
                "cpe_device_info": [
                  {
                    "platform_software_version": "Firebox with Fireware v12",
                    "vendor": "WatchGuard"
                  }
                ],
                "cpe_device_shape_id": "f915b932-238e-4abd-a396-9d30b00c9099",
                "template": ""
              }
            ],
            "filter": null,
            "id": "CoreCpeDeviceShapesDataSource-0"
          },
          "sensitive_attributes": [],
          "identity_schema_version": 0
        }
      ]
    },
    {
      "module": "module.oci_lz_orchestrator.module.oci_lz_network[0]",
      "mode": "data",
      "type": "oci_core_services",
      "name": "oci_services",
      "provider": "module.oci_lz_orchestrator.provider[\"registry.terraform.io/oracle/oci\"]",
      "instances": [
        {
          "index_key": 0,
          "schema_version": 0,
          "attributes": {
            "filter": null,
            "id": "CoreServicesDataSource-0",
            "services": [
              {
                "cidr_block": "all-vll-services-in-oracle-services-network",
                "description": "All VLL Services In Oracle Services Network",
                "id": "ocid1.service.oc19.eu-madrid-2.aaaaaaaaalasrvugb3zwk4lghxvnjnbgdmgywqhhywrnkx47yjkbt4vlfhxq",
                "name": "All VLL Services In Oracle Services Network"
              },
              {
                "cidr_block": "oci-vll-objectstorage",
                "description": "OCI VLL Object Storage",
                "id": "ocid1.service.oc19.eu-madrid-2.aaaaaaaatykfic3r7kf3cvc4rjyf7xnd3gi77u6uasajrp2lzasn24hrugcq",
                "name": "OCI VLL Object Storage"
              }
            ]
          },
          "sensitive_attributes": [],
          "identity_schema_version": 0
        }
      ]
    },
    {
      "module": "module.oci_lz_orchestrator.module.oci_lz_network[0]",
      "mode": "data",
      "type": "oci_core_vcn_dns_resolver_association",
      "name": "dns_resolvers",
      "provider": "module.oci_lz_orchestrator.provider[\"registry.terraform.io/oracle/oci\"]",
      "instances": [
        {
          "index_key": "VCN-VLL-LZ-EXACS-NPR-KEY",
          "schema_version": 0,
          "attributes": {
            "dns_resolver_id": "ocid1.dnsresolver.oc19.eu-madrid-2.amaaaaaapw27gbaapospy4rld4krvaschf7wrrn623j3g6yhfqu5q25c7c7q",
            "id": "CoreVcnDnsResolverAssociationDataSource-680422038",
            "state": "AVAILABLE",
            "vcn_id": "ocid1.vcn.oc19.eu-madrid-2.amaaaaaapw27gbaatri7xmitendke5zbqpwk3dzghwa7apab56eya5rb2fza"
          },
          "sensitive_attributes": [],
          "identity_schema_version": 0
        },
        {
          "index_key": "VCN-VLL-LZ-EXACS-PRO-KEY",
          "schema_version": 0,
          "attributes": {
            "dns_resolver_id": "ocid1.dnsresolver.oc19.eu-madrid-2.amaaaaaapw27gbaacumb5dk4whp2scpx362nknhsel3aqkkhq6lxt5wlcn6a",
            "id": "CoreVcnDnsResolverAssociationDataSource-1705156658",
            "state": "AVAILABLE",
            "vcn_id": "ocid1.vcn.oc19.eu-madrid-2.amaaaaaapw27gbaa26l4e3e3jodcwszp52idisn7ntkehkfskz3zzbp7eliq"
          },
          "sensitive_attributes": [],
          "identity_schema_version": 0
        },
        {
          "index_key": "VCN-VLL-LZ-HUB-KEY",
          "schema_version": 0,
          "attributes": {
            "dns_resolver_id": "ocid1.dnsresolver.oc19.eu-madrid-2.amaaaaaapw27gbaa3koiis46ieog5j7n53qacs6t5sjtlsonoh6v3dvea3za",
            "id": "CoreVcnDnsResolverAssociationDataSource-724000676",
            "state": "AVAILABLE",
            "vcn_id": "ocid1.vcn.oc19.eu-madrid-2.amaaaaaapw27gbaahaampmaqpuconyvwmecndp6epapf6uv4p2okvyd2qe4q"
          },
          "sensitive_attributes": [],
          "identity_schema_version": 0
        }
      ]
    },
    {
      "module": "module.oci_lz_orchestrator.module.oci_lz_network[0]",
      "mode": "managed",
      "type": "oci_core_default_security_list",
      "name": "these",
      "provider": "module.oci_lz_orchestrator.provider[\"registry.terraform.io/oracle/oci\"]",
      "instances": [
        {
          "index_key": "CUSTOM-DEFAULT-SEC-LIST-VCN-VLL-LZ-EXACS-NPR-KEY",
          "schema_version": 0,
          "attributes": {
            "compartment_id": "ocid1.compartment.oc19..aaaaaaaa5gtrrkqmob4ummcgl52exbo4d4vf55uvlzdku5j4fammf3b2pmlq",
            "defined_tags": {
              "Oracle-Tags.CreatedBy": "default/jorge.e.torlaschi@accenture.com",
              "Oracle-Tags.CreatedOn": "2026-03-10T14:42:39.229Z"
            },
            "display_name": "Default Security List for o-d-om2-vcn-exacsnpr-001",
            "egress_security_rules": [],
            "freeform_tags": {
              "ocilz-terraform-module": "networking/0.8.1"
            },
            "id": "ocid1.securitylist.oc19.eu-madrid-2.aaaaaaaa4jrnotramft6warg26vgbevq65zihdr5lw55dyhuqouuniphifqa",
            "ingress_security_rules": [],
            "manage_default_resource_id": "ocid1.securitylist.oc19.eu-madrid-2.aaaaaaaa4jrnotramft6warg26vgbevq65zihdr5lw55dyhuqouuniphifqa",
            "state": "AVAILABLE",
            "time_created": "2026-03-10 14:42:39.275 +0000 UTC",
            "timeouts": null
          },
          "sensitive_attributes": [],
          "identity_schema_version": 0,
          "private": "eyJlMmJmYjczMC1lY2FhLTExZTYtOGY4OC0zNDM2M2JjN2M0YzAiOnsiY3JlYXRlIjoxMjAwMDAwMDAwMDAwLCJkZWxldGUiOjEyMDAwMDAwMDAwMDAsInVwZGF0ZSI6MTIwMDAwMDAwMDAwMH19",
          "dependencies": [
            "module.oci_lz_orchestrator.data.oci_identity_regions.these",
            "module.oci_lz_orchestrator.data.oci_identity_tenancy.this",
            "module.oci_lz_orchestrator.module.oci_lz_compartments.oci_identity_compartment.level_2",
            "module.oci_lz_orchestrator.module.oci_lz_compartments.oci_identity_compartment.level_3",
            "module.oci_lz_orchestrator.module.oci_lz_compartments.oci_identity_compartment.level_4",
            "module.oci_lz_orchestrator.module.oci_lz_compartments.oci_identity_compartment.level_5",
            "module.oci_lz_orchestrator.module.oci_lz_compartments.oci_identity_compartment.level_6",
            "module.oci_lz_orchestrator.module.oci_lz_compartments.oci_identity_compartment.these",
            "module.oci_lz_orchestrator.module.oci_lz_compartments.oci_identity_tag_default.these",
            "module.oci_lz_orchestrator.module.oci_lz_network.data.oci_core_vcn.existing_vcns",
            "module.oci_lz_orchestrator.module.oci_lz_network.oci_core_vcn.these",
            "module.oci_lz_orchestrator.module.oci_lz_tags.data.oci_identity_tag.default_created_by",
            "module.oci_lz_orchestrator.module.oci_lz_tags.data.oci_identity_tag.default_created_on",
            "module.oci_lz_orchestrator.module.oci_lz_tags.data.oci_identity_tag_namespaces.oracle_default",
            "module.oci_lz_orchestrator.module.oci_lz_tags.oci_identity_tag.these",
            "module.oci_lz_orchestrator.module.oci_lz_tags.oci_identity_tag_default.these",
            "module.oci_lz_orchestrator.module.oci_lz_tags.oci_identity_tag_namespace.these",
            "module.oci_lz_orchestrator.module.oci_lz_zpr.data.oci_identity_regions.these",
            "module.oci_lz_orchestrator.module.oci_lz_zpr.data.oci_security_attribute_security_attribute_namespaces.default_security_attribute_namespaces",
            "module.oci_lz_orchestrator.module.oci_lz_zpr.data.oci_security_attribute_security_attribute_namespaces.query_security_attribute_namespaces",
            "module.oci_lz_orchestrator.module.oci_lz_zpr.data.oci_zpr_configuration.this",
            "module.oci_lz_orchestrator.module.oci_lz_zpr.oci_security_attribute_security_attribute.these",
            "module.oci_lz_orchestrator.module.oci_lz_zpr.oci_security_attribute_security_attribute_namespace.these",
            "module.oci_lz_orchestrator.module.oci_lz_zpr.oci_zpr_configuration.this",
            "module.oci_lz_orchestrator.module.oci_lz_zpr.oci_zpr_zpr_policy.these",
            "module.oci_lz_orchestrator.module.oci_lz_zpr.time_sleep.wait_after_zpr_configuration"
          ]
        },
        {
          "index_key": "CUSTOM-DEFAULT-SEC-LIST-VCN-VLL-LZ-EXACS-PRO-KEY",
          "schema_version": 0,
          "attributes": {
            "compartment_id": "ocid1.compartment.oc19..aaaaaaaa5gtrrkqmob4ummcgl52exbo4d4vf55uvlzdku5j4fammf3b2pmlq",
            "defined_tags": {
              "Oracle-Tags.CreatedBy": "default/jorge.e.torlaschi@accenture.com",
              "Oracle-Tags.CreatedOn": "2026-03-10T14:42:39.230Z"
            },
            "display_name": "Default Security List for o-p-om2-vcn-exacspro-001",
            "egress_security_rules": [],
            "freeform_tags": {
              "ocilz-terraform-module": "networking/0.8.1"
            },
            "id": "ocid1.securitylist.oc19.eu-madrid-2.aaaaaaaam7bfpsyqjshbavhxef26hprqbywe6gbkbdpujtylf3mut5v6jtza",
            "ingress_security_rules": [],
            "manage_default_resource_id": "ocid1.securitylist.oc19.eu-madrid-2.aaaaaaaam7bfpsyqjshbavhxef26hprqbywe6gbkbdpujtylf3mut5v6jtza",
            "state": "AVAILABLE",
            "time_created": "2026-03-10 14:42:39.266 +0000 UTC",
            "timeouts": null
          },
          "sensitive_attributes": [],
          "identity_schema_version": 0,
          "private": "eyJlMmJmYjczMC1lY2FhLTExZTYtOGY4OC0zNDM2M2JjN2M0YzAiOnsiY3JlYXRlIjoxMjAwMDAwMDAwMDAwLCJkZWxldGUiOjEyMDAwMDAwMDAwMDAsInVwZGF0ZSI6MTIwMDAwMDAwMDAwMH19",
          "dependencies": [
            "module.oci_lz_orchestrator.data.oci_identity_regions.these",
            "module.oci_lz_orchestrator.data.oci_identity_tenancy.this",
            "module.oci_lz_orchestrator.module.oci_lz_compartments.oci_identity_compartment.level_2",
            "module.oci_lz_orchestrator.module.oci_lz_compartments.oci_identity_compartment.level_3",
            "module.oci_lz_orchestrator.module.oci_lz_compartments.oci_identity_compartment.level_4",
            "module.oci_lz_orchestrator.module.oci_lz_compartments.oci_identity_compartment.level_5",
            "module.oci_lz_orchestrator.module.oci_lz_compartments.oci_identity_compartment.level_6",
            "module.oci_lz_orchestrator.module.oci_lz_compartments.oci_identity_compartment.these",
            "module.oci_lz_orchestrator.module.oci_lz_compartments.oci_identity_tag_default.these",
            "module.oci_lz_orchestrator.module.oci_lz_network.data.oci_core_vcn.existing_vcns",
            "module.oci_lz_orchestrator.module.oci_lz_network.oci_core_vcn.these",
            "module.oci_lz_orchestrator.module.oci_lz_tags.data.oci_identity_tag.default_created_by",
            "module.oci_lz_orchestrator.module.oci_lz_tags.data.oci_identity_tag.default_created_on",
            "module.oci_lz_orchestrator.module.oci_lz_tags.data.oci_identity_tag_namespaces.oracle_default",
            "module.oci_lz_orchestrator.module.oci_lz_tags.oci_identity_tag.these",
            "module.oci_lz_orchestrator.module.oci_lz_tags.oci_identity_tag_default.these",
            "module.oci_lz_orchestrator.module.oci_lz_tags.oci_identity_tag_namespace.these",
            "module.oci_lz_orchestrator.module.oci_lz_zpr.data.oci_identity_regions.these",
            "module.oci_lz_orchestrator.module.oci_lz_zpr.data.oci_security_attribute_security_attribute_namespaces.default_security_attribute_namespaces",
            "module.oci_lz_orchestrator.module.oci_lz_zpr.data.oci_security_attribute_security_attribute_namespaces.query_security_attribute_namespaces",
            "module.oci_lz_orchestrator.module.oci_lz_zpr.data.oci_zpr_configuration.this",
            "module.oci_lz_orchestrator.module.oci_lz_zpr.oci_security_attribute_security_attribute.these",
            "module.oci_lz_orchestrator.module.oci_lz_zpr.oci_security_attribute_security_attribute_namespace.these",
            "module.oci_lz_orchestrator.module.oci_lz_zpr.oci_zpr_configuration.this",
            "module.oci_lz_orchestrator.module.oci_lz_zpr.oci_zpr_zpr_policy.these",
            "module.oci_lz_orchestrator.module.oci_lz_zpr.time_sleep.wait_after_zpr_configuration"
          ]
        },
        {
          "index_key": "CUSTOM-DEFAULT-SEC-LIST-VCN-VLL-LZ-HUB-KEY",
          "schema_version": 0,
          "attributes": {
            "compartment_id": "ocid1.compartment.oc19..aaaaaaaa5gtrrkqmob4ummcgl52exbo4d4vf55uvlzdku5j4fammf3b2pmlq",
            "defined_tags": {
              "Oracle-Tags.CreatedBy": "default/jorge.e.torlaschi@accenture.com",
              "Oracle-Tags.CreatedOn": "2026-03-10T14:42:39.230Z"
            },
            "display_name": "Default Security List for o-p-om2-vcn-hub-001",
            "egress_security_rules": [],
            "freeform_tags": {
              "ocilz-terraform-module": "networking/0.8.1"
            },
            "id": "ocid1.securitylist.oc19.eu-madrid-2.aaaaaaaat22ufnlfb5ss4hzw6j5cl7s34itv7uzvgiidxorwkoqlzzde6zcq",
            "ingress_security_rules": [],
            "manage_default_resource_id": "ocid1.securitylist.oc19.eu-madrid-2.aaaaaaaat22ufnlfb5ss4hzw6j5cl7s34itv7uzvgiidxorwkoqlzzde6zcq",
            "state": "AVAILABLE",
            "time_created": "2026-03-10 14:42:39.275 +0000 UTC",
            "timeouts": null
          },
          "sensitive_attributes": [],
          "identity_schema_version": 0,
          "private": "eyJlMmJmYjczMC1lY2FhLTExZTYtOGY4OC0zNDM2M2JjN2M0YzAiOnsiY3JlYXRlIjoxMjAwMDAwMDAwMDAwLCJkZWxldGUiOjEyMDAwMDAwMDAwMDAsInVwZGF0ZSI6MTIwMDAwMDAwMDAwMH19",
          "dependencies": [
            "module.oci_lz_orchestrator.data.oci_identity_regions.these",
            "module.oci_lz_orchestrator.data.oci_identity_tenancy.this",
            "module.oci_lz_orchestrator.module.oci_lz_compartments.oci_identity_compartment.level_2",
            "module.oci_lz_orchestrator.module.oci_lz_compartments.oci_identity_compartment.level_3",
            "module.oci_lz_orchestrator.module.oci_lz_compartments.oci_identity_compartment.level_4",
            "module.oci_lz_orchestrator.module.oci_lz_compartments.oci_identity_compartment.level_5",
            "module.oci_lz_orchestrator.module.oci_lz_compartments.oci_identity_compartment.level_6",
            "module.oci_lz_orchestrator.module.oci_lz_compartments.oci_identity_compartment.these",
            "module.oci_lz_orchestrator.module.oci_lz_compartments.oci_identity_tag_default.these",
            "module.oci_lz_orchestrator.module.oci_lz_network.data.oci_core_vcn.existing_vcns",
            "module.oci_lz_orchestrator.module.oci_lz_network.oci_core_vcn.these",
            "module.oci_lz_orchestrator.module.oci_lz_tags.data.oci_identity_tag.default_created_by",
            "module.oci_lz_orchestrator.module.oci_lz_tags.data.oci_identity_tag.default_created_on",
            "module.oci_lz_orchestrator.module.oci_lz_tags.data.oci_identity_tag_namespaces.oracle_default",
            "module.oci_lz_orchestrator.module.oci_lz_tags.oci_identity_tag.these",
            "module.oci_lz_orchestrator.module.oci_lz_tags.oci_identity_tag_default.these",
            "module.oci_lz_orchestrator.module.oci_lz_tags.oci_identity_tag_namespace.these",
            "module.oci_lz_orchestrator.module.oci_lz_zpr.data.oci_identity_regions.these",
            "module.oci_lz_orchestrator.module.oci_lz_zpr.data.oci_security_attribute_security_attribute_namespaces.default_security_attribute_namespaces",
            "module.oci_lz_orchestrator.module.oci_lz_zpr.data.oci_security_attribute_security_attribute_namespaces.query_security_attribute_namespaces",
            "module.oci_lz_orchestrator.module.oci_lz_zpr.data.oci_zpr_configuration.this",
            "module.oci_lz_orchestrator.module.oci_lz_zpr.oci_security_attribute_security_attribute.these",
            "module.oci_lz_orchestrator.module.oci_lz_zpr.oci_security_attribute_security_attribute_namespace.these",
            "module.oci_lz_orchestrator.module.oci_lz_zpr.oci_zpr_configuration.this",
            "module.oci_lz_orchestrator.module.oci_lz_zpr.oci_zpr_zpr_policy.these",
            "module.oci_lz_orchestrator.module.oci_lz_zpr.time_sleep.wait_after_zpr_configuration"
          ]
        }
      ]
    },
    {
      "module": "module.oci_lz_orchestrator.module.oci_lz_network[0]",
      "mode": "managed",
      "type": "oci_core_drg",
      "name": "these",
      "provider": "module.oci_lz_orchestrator.provider[\"registry.terraform.io/oracle/oci\"]",
      "instances": [
        {
          "index_key": "DRG-VLL-LZ-HUB-KEY",
          "schema_version": 0,
          "attributes": {
            "compartment_id": "ocid1.compartment.oc19..aaaaaaaa5gtrrkqmob4ummcgl52exbo4d4vf55uvlzdku5j4fammf3b2pmlq",
            "default_drg_route_tables": [
              {
                "ipsec_tunnel": "ocid1.drgroutetable.oc19.eu-madrid-2.aaaaaaaamzattzpud3u4kdwz3u3dvpuhck3bwqv2bmhwhbnwtvml7gikm7mq",
                "remote_peering_connection": "ocid1.drgroutetable.oc19.eu-madrid-2.aaaaaaaamzattzpud3u4kdwz3u3dvpuhck3bwqv2bmhwhbnwtvml7gikm7mq",
                "vcn": "ocid1.drgroutetable.oc19.eu-madrid-2.aaaaaaaamxcbl4euaomsloyjrfnxbboyqpxyxfvxlbyxsydfusihejrvl62a",
                "virtual_circuit": "ocid1.drgroutetable.oc19.eu-madrid-2.aaaaaaaamzattzpud3u4kdwz3u3dvpuhck3bwqv2bmhwhbnwtvml7gikm7mq"
              }
            ],
            "default_export_drg_route_distribution_id": "ocid1.drgroutedistribution.oc19.eu-madrid-2.aaaaaaaahw3pca72u5tulwuemifjviinskpw5z37z6nf5gykygz2zyfxoplq",
            "defined_tags": {
              "Oracle-Tags.CreatedBy": "default/jorge.e.torlaschi@accenture.com",
              "Oracle-Tags.CreatedOn": "2026-03-10T14:42:39.268Z"
            },
            "display_name": "o-p-om2-drg-hub-001",
            "freeform_tags": {
              "ocilz-terraform-module": "networking/0.8.1"
            },
            "id": "ocid1.drg.oc19.eu-madrid-2.aaaaaaaa7mto5domu4v7gk3bxq2rnlnslpdc2mnxlue7gatndpienpgmq5wa",
            "redundancy_status": "NOT_AVAILABLE",
            "state": "AVAILABLE",
            "time_created": "2026-03-10 14:42:39.285 +0000 UTC",
            "timeouts": null
          },
          "sensitive_attributes": [],
          "identity_schema_version": 0,
          "private": "eyJlMmJmYjczMC1lY2FhLTExZTYtOGY4OC0zNDM2M2JjN2M0YzAiOnsiY3JlYXRlIjoxMjAwMDAwMDAwMDAwLCJkZWxldGUiOjEyMDAwMDAwMDAwMDAsInVwZGF0ZSI6MTIwMDAwMDAwMDAwMH19",
          "dependencies": [
            "module.oci_lz_orchestrator.data.oci_identity_regions.these",
            "module.oci_lz_orchestrator.data.oci_identity_tenancy.this",
            "module.oci_lz_orchestrator.module.oci_lz_compartments.oci_identity_compartment.level_2",
            "module.oci_lz_orchestrator.module.oci_lz_compartments.oci_identity_compartment.level_3",
            "module.oci_lz_orchestrator.module.oci_lz_compartments.oci_identity_compartment.level_4",
            "module.oci_lz_orchestrator.module.oci_lz_compartments.oci_identity_compartment.level_5",
            "module.oci_lz_orchestrator.module.oci_lz_compartments.oci_identity_compartment.level_6",
            "module.oci_lz_orchestrator.module.oci_lz_compartments.oci_identity_compartment.these",
            "module.oci_lz_orchestrator.module.oci_lz_compartments.oci_identity_tag_default.these",
            "module.oci_lz_orchestrator.module.oci_lz_tags.data.oci_identity_tag.default_created_by",
            "module.oci_lz_orchestrator.module.oci_lz_tags.data.oci_identity_tag.default_created_on",
            "module.oci_lz_orchestrator.module.oci_lz_tags.data.oci_identity_tag_namespaces.oracle_default",
            "module.oci_lz_orchestrator.module.oci_lz_tags.oci_identity_tag.these",
            "module.oci_lz_orchestrator.module.oci_lz_tags.oci_identity_tag_default.these",
            "module.oci_lz_orchestrator.module.oci_lz_tags.oci_identity_tag_namespace.these",
            "module.oci_lz_orchestrator.module.oci_lz_zpr.data.oci_identity_regions.these",
            "module.oci_lz_orchestrator.module.oci_lz_zpr.data.oci_security_attribute_security_attribute_namespaces.default_security_attribute_namespaces",
            "module.oci_lz_orchestrator.module.oci_lz_zpr.data.oci_security_attribute_security_attribute_namespaces.query_security_attribute_namespaces",
            "module.oci_lz_orchestrator.module.oci_lz_zpr.data.oci_zpr_configuration.this",
            "module.oci_lz_orchestrator.module.oci_lz_zpr.oci_security_attribute_security_attribute.these",
            "module.oci_lz_orchestrator.module.oci_lz_zpr.oci_security_attribute_security_attribute_namespace.these",
            "module.oci_lz_orchestrator.module.oci_lz_zpr.oci_zpr_configuration.this",
            "module.oci_lz_orchestrator.module.oci_lz_zpr.oci_zpr_zpr_policy.these",
            "module.oci_lz_orchestrator.module.oci_lz_zpr.time_sleep.wait_after_zpr_configuration"
          ],
          "create_before_destroy": true
        }
      ]
    },
    {
      "module": "module.oci_lz_orchestrator.module.oci_lz_network[0]",
      "mode": "managed",
      "type": "oci_core_drg_attachment",
      "name": "these",
      "provider": "module.oci_lz_orchestrator.provider[\"registry.terraform.io/oracle/oci\"]",
      "instances": [
        {
          "index_key": "DRGATT-VLL-LZ-EXACS-NPR-VCN-KEY",
          "schema_version": 0,
          "attributes": {
            "compartment_id": "ocid1.compartment.oc19..aaaaaaaa5gtrrkqmob4ummcgl52exbo4d4vf55uvlzdku5j4fammf3b2pmlq",
            "defined_tags": {
              "Oracle-Tags.CreatedBy": "default/jorge.e.torlaschi@accenture.com",
              "Oracle-Tags.CreatedOn": "2026-03-10T14:42:53.288Z"
            },
            "display_name": "o-p-om2-drgatt-exad-001",
            "drg_id": "ocid1.drg.oc19.eu-madrid-2.aaaaaaaa7mto5domu4v7gk3bxq2rnlnslpdc2mnxlue7gatndpienpgmq5wa",
            "drg_route_table_id": "ocid1.drgroutetable.oc19.eu-madrid-2.aaaaaaaamxcbl4euaomsloyjrfnxbboyqpxyxfvxlbyxsydfusihejrvl62a",
            "export_drg_route_distribution_id": null,
            "freeform_tags": {
              "ocilz-terraform-module": "networking/0.8.1"
            },
            "id": "ocid1.drgattachment.oc19.eu-madrid-2.aaaaaaaapbha2jrstqqnvl4hq3zvk35jq5m56vufoznlphbdgqonuygo4bfa",
            "is_cross_tenancy": false,
            "network_details": [
              {
                "id": "ocid1.vcn.oc19.eu-madrid-2.amaaaaaapw27gbaatri7xmitendke5zbqpwk3dzghwa7apab56eya5rb2fza",
                "ids": [],
                "ipsec_connection_id": "",
                "route_table_id": "",
                "transport_attachment_id": "",
                "transport_only_mode": false,
                "type": "VCN",
                "vcn_route_type": "SUBNET_CIDRS"
              }
            ],
            "remove_export_drg_route_distribution_trigger": null,
            "route_table_id": null,
            "state": "ATTACHED",
            "time_created": "2026-03-10 14:42:53.319 +0000 UTC",
            "timeouts": null,
            "vcn_id": "ocid1.vcn.oc19.eu-madrid-2.amaaaaaapw27gbaatri7xmitendke5zbqpwk3dzghwa7apab56eya5rb2fza"
          },
          "sensitive_attributes": [],
          "identity_schema_version": 0,
          "private": "eyJlMmJmYjczMC1lY2FhLTExZTYtOGY4OC0zNDM2M2JjN2M0YzAiOnsiY3JlYXRlIjoxMjAwMDAwMDAwMDAwLCJkZWxldGUiOjEyMDAwMDAwMDAwMDAsInVwZGF0ZSI6MTIwMDAwMDAwMDAwMH19",
          "dependencies": [
            "module.oci_lz_orchestrator.data.oci_identity_regions.these",
            "module.oci_lz_orchestrator.data.oci_identity_tenancy.this",
            "module.oci_lz_orchestrator.module.oci_lz_compartments.oci_identity_compartment.level_2",
            "module.oci_lz_orchestrator.module.oci_lz_compartments.oci_identity_compartment.level_3",
            "module.oci_lz_orchestrator.module.oci_lz_compartments.oci_identity_compartment.level_4",
            "module.oci_lz_orchestrator.module.oci_lz_compartments.oci_identity_compartment.level_5",
            "module.oci_lz_orchestrator.module.oci_lz_compartments.oci_identity_compartment.level_6",
            "module.oci_lz_orchestrator.module.oci_lz_compartments.oci_identity_compartment.these",
            "module.oci_lz_orchestrator.module.oci_lz_compartments.oci_identity_tag_default.these",
            "module.oci_lz_orchestrator.module.oci_lz_network.data.oci_core_services.oci_services",
            "module.oci_lz_orchestrator.module.oci_lz_network.data.oci_core_vcn.existing_vcns",
            "module.oci_lz_orchestrator.module.oci_lz_network.oci_core_drg.these",
            "module.oci_lz_orchestrator.module.oci_lz_network.oci_core_drg_route_distribution.these",
            "module.oci_lz_orchestrator.module.oci_lz_network.oci_core_drg_route_table.these",
            "module.oci_lz_orchestrator.module.oci_lz_network.oci_core_local_peering_gateway.oci_acceptor_local_peering_gateways",
            "module.oci_lz_orchestrator.module.oci_lz_network.oci_core_local_peering_gateway.oci_requestor_local_peering_gateways",
            "module.oci_lz_orchestrator.module.oci_lz_network.oci_core_public_ip.these",
            "module.oci_lz_orchestrator.module.oci_lz_network.oci_core_public_ip_pool.these",
            "module.oci_lz_orchestrator.module.oci_lz_network.oci_core_route_table.drga_specific_route_tables",
            "module.oci_lz_orchestrator.module.oci_lz_network.oci_core_route_table.igw_natgw_specific_route_tables",
            "module.oci_lz_orchestrator.module.oci_lz_network.oci_core_route_table.lpg_specific_route_tables",
            "module.oci_lz_orchestrator.module.oci_lz_network.oci_core_route_table.sgw_specific_route_tables",
            "module.oci_lz_orchestrator.module.oci_lz_network.oci_core_service_gateway.these",
            "module.oci_lz_orchestrator.module.oci_lz_network.oci_core_vcn.these",
            "module.oci_lz_orchestrator.module.oci_lz_tags.data.oci_identity_tag.default_created_by",
            "module.oci_lz_orchestrator.module.oci_lz_tags.data.oci_identity_tag.default_created_on",
            "module.oci_lz_orchestrator.module.oci_lz_tags.data.oci_identity_tag_namespaces.oracle_default",
            "module.oci_lz_orchestrator.module.oci_lz_tags.oci_identity_tag.these",
            "module.oci_lz_orchestrator.module.oci_lz_tags.oci_identity_tag_default.these",
            "module.oci_lz_orchestrator.module.oci_lz_tags.oci_identity_tag_namespace.these",
            "module.oci_lz_orchestrator.module.oci_lz_zpr.data.oci_identity_regions.these",
            "module.oci_lz_orchestrator.module.oci_lz_zpr.data.oci_security_attribute_security_attribute_namespaces.default_security_attribute_namespaces",
            "module.oci_lz_orchestrator.module.oci_lz_zpr.data.oci_security_attribute_security_attribute_namespaces.query_security_attribute_namespaces",
            "module.oci_lz_orchestrator.module.oci_lz_zpr.data.oci_zpr_configuration.this",
            "module.oci_lz_orchestrator.module.oci_lz_zpr.oci_security_attribute_security_attribute.these",
            "module.oci_lz_orchestrator.module.oci_lz_zpr.oci_security_attribute_security_attribute_namespace.these",
            "module.oci_lz_orchestrator.module.oci_lz_zpr.oci_zpr_configuration.this",
            "module.oci_lz_orchestrator.module.oci_lz_zpr.oci_zpr_zpr_policy.these",
            "module.oci_lz_orchestrator.module.oci_lz_zpr.time_sleep.wait_after_zpr_configuration"
          ]
        },
        {
          "index_key": "DRGATT-VLL-LZ-EXACS-PRO-VCN-KEY",
          "schema_version": 0,
          "attributes": {
            "compartment_id": "ocid1.compartment.oc19..aaaaaaaa5gtrrkqmob4ummcgl52exbo4d4vf55uvlzdku5j4fammf3b2pmlq",
            "defined_tags": {
              "Oracle-Tags.CreatedBy": "default/jorge.e.torlaschi@accenture.com",
              "Oracle-Tags.CreatedOn": "2026-03-10T14:42:53.418Z"
            },
            "display_name": "o-p-om2-drgatt-exap-001",
            "drg_id": "ocid1.drg.oc19.eu-madrid-2.aaaaaaaa7mto5domu4v7gk3bxq2rnlnslpdc2mnxlue7gatndpienpgmq5wa",
            "drg_route_table_id": "ocid1.drgroutetable.oc19.eu-madrid-2.aaaaaaaamxcbl4euaomsloyjrfnxbboyqpxyxfvxlbyxsydfusihejrvl62a",
            "export_drg_route_distribution_id": null,
            "freeform_tags": {
              "ocilz-terraform-module": "networking/0.8.1"
            },
            "id": "ocid1.drgattachment.oc19.eu-madrid-2.aaaaaaaaj33nwa5zf5dtjjbalee7p6eigxki26bmxpqejenw77q2u6secvaq",
            "is_cross_tenancy": false,
            "network_details": [
              {
                "id": "ocid1.vcn.oc19.eu-madrid-2.amaaaaaapw27gbaa26l4e3e3jodcwszp52idisn7ntkehkfskz3zzbp7eliq",
                "ids": [],
                "ipsec_connection_id": "",
                "route_table_id": "",
                "transport_attachment_id": "",
                "transport_only_mode": false,
                "type": "VCN",
                "vcn_route_type": "SUBNET_CIDRS"
              }
            ],
            "remove_export_drg_route_distribution_trigger": null,
            "route_table_id": null,
            "state": "ATTACHED",
            "time_created": "2026-03-10 14:42:53.462 +0000 UTC",
            "timeouts": null,
            "vcn_id": "ocid1.vcn.oc19.eu-madrid-2.amaaaaaapw27gbaa26l4e3e3jodcwszp52idisn7ntkehkfskz3zzbp7eliq"
          },
          "sensitive_attributes": [],
          "identity_schema_version": 0,
          "private": "eyJlMmJmYjczMC1lY2FhLTExZTYtOGY4OC0zNDM2M2JjN2M0YzAiOnsiY3JlYXRlIjoxMjAwMDAwMDAwMDAwLCJkZWxldGUiOjEyMDAwMDAwMDAwMDAsInVwZGF0ZSI6MTIwMDAwMDAwMDAwMH19",
          "dependencies": [
            "module.oci_lz_orchestrator.data.oci_identity_regions.these",
            "module.oci_lz_orchestrator.data.oci_identity_tenancy.this",
            "module.oci_lz_orchestrator.module.oci_lz_compartments.oci_identity_compartment.level_2",
            "module.oci_lz_orchestrator.module.oci_lz_compartments.oci_identity_compartment.level_3",
            "module.oci_lz_orchestrator.module.oci_lz_compartments.oci_identity_compartment.level_4",
            "module.oci_lz_orchestrator.module.oci_lz_compartments.oci_identity_compartment.level_5",
            "module.oci_lz_orchestrator.module.oci_lz_compartments.oci_identity_compartment.level_6",
            "module.oci_lz_orchestrator.module.oci_lz_compartments.oci_identity_compartment.these",
            "module.oci_lz_orchestrator.module.oci_lz_compartments.oci_identity_tag_default.these",
            "module.oci_lz_orchestrator.module.oci_lz_network.data.oci_core_services.oci_services",
            "module.oci_lz_orchestrator.module.oci_lz_network.data.oci_core_vcn.existing_vcns",
            "module.oci_lz_orchestrator.module.oci_lz_network.oci_core_drg.these",
            "module.oci_lz_orchestrator.module.oci_lz_network.oci_core_drg_route_distribution.these",
            "module.oci_lz_orchestrator.module.oci_lz_network.oci_core_drg_route_table.these",
            "module.oci_lz_orchestrator.module.oci_lz_network.oci_core_local_peering_gateway.oci_acceptor_local_peering_gateways",
            "module.oci_lz_orchestrator.module.oci_lz_network.oci_core_local_peering_gateway.oci_requestor_local_peering_gateways",
            "module.oci_lz_orchestrator.module.oci_lz_network.oci_core_public_ip.these",
            "module.oci_lz_orchestrator.module.oci_lz_network.oci_core_public_ip_pool.these",
            "module.oci_lz_orchestrator.module.oci_lz_network.oci_core_route_table.drga_specific_route_tables",
            "module.oci_lz_orchestrator.module.oci_lz_network.oci_core_route_table.igw_natgw_specific_route_tables",
            "module.oci_lz_orchestrator.module.oci_lz_network.oci_core_route_table.lpg_specific_route_tables",
            "module.oci_lz_orchestrator.module.oci_lz_network.oci_core_route_table.sgw_specific_route_tables",
            "module.oci_lz_orchestrator.module.oci_lz_network.oci_core_service_gateway.these",
            "module.oci_lz_orchestrator.module.oci_lz_network.oci_core_vcn.these",
            "module.oci_lz_orchestrator.module.oci_lz_tags.data.oci_identity_tag.default_created_by",
            "module.oci_lz_orchestrator.module.oci_lz_tags.data.oci_identity_tag.default_created_on",
            "module.oci_lz_orchestrator.module.oci_lz_tags.data.oci_identity_tag_namespaces.oracle_default",
            "module.oci_lz_orchestrator.module.oci_lz_tags.oci_identity_tag.these",
            "module.oci_lz_orchestrator.module.oci_lz_tags.oci_identity_tag_default.these",
            "module.oci_lz_orchestrator.module.oci_lz_tags.oci_identity_tag_namespace.these",
            "module.oci_lz_orchestrator.module.oci_lz_zpr.data.oci_identity_regions.these",
            "module.oci_lz_orchestrator.module.oci_lz_zpr.data.oci_security_attribute_security_attribute_namespaces.default_security_attribute_namespaces",
            "module.oci_lz_orchestrator.module.oci_lz_zpr.data.oci_security_attribute_security_attribute_namespaces.query_security_attribute_namespaces",
            "module.oci_lz_orchestrator.module.oci_lz_zpr.data.oci_zpr_configuration.this",
            "module.oci_lz_orchestrator.module.oci_lz_zpr.oci_security_attribute_security_attribute.these",
            "module.oci_lz_orchestrator.module.oci_lz_zpr.oci_security_attribute_security_attribute_namespace.these",
            "module.oci_lz_orchestrator.module.oci_lz_zpr.oci_zpr_configuration.this",
            "module.oci_lz_orchestrator.module.oci_lz_zpr.oci_zpr_zpr_policy.these",
            "module.oci_lz_orchestrator.module.oci_lz_zpr.time_sleep.wait_after_zpr_configuration"
          ]
        },
        {
          "index_key": "DRGATT-VLL-LZ-HUB-VCN-KEY",
          "schema_version": 0,
          "attributes": {
            "compartment_id": "ocid1.compartment.oc19..aaaaaaaa5gtrrkqmob4ummcgl52exbo4d4vf55uvlzdku5j4fammf3b2pmlq",
            "defined_tags": {
              "Oracle-Tags.CreatedBy": "default/jorge.e.torlaschi@accenture.com",
              "Oracle-Tags.CreatedOn": "2026-03-10T14:42:53.452Z"
            },
            "display_name": "o-p-om2-drgatt-hub-001",
            "drg_id": "ocid1.drg.oc19.eu-madrid-2.aaaaaaaa7mto5domu4v7gk3bxq2rnlnslpdc2mnxlue7gatndpienpgmq5wa",
            "drg_route_table_id": "ocid1.drgroutetable.oc19.eu-madrid-2.aaaaaaaagrypb4d6mrlafpq5de6uukf2ytbdppaprzayjty2ur2zkwjvtc3q",
            "export_drg_route_distribution_id": null,
            "freeform_tags": {
              "ocilz-terraform-module": "networking/0.8.1"
            },
            "id": "ocid1.drgattachment.oc19.eu-madrid-2.aaaaaaaau5svtwnjv7cxgsdkjvf7qci5weqczdxvyfsn64vzf7hjrzdzsmva",
            "is_cross_tenancy": false,
            "network_details": [
              {
                "id": "ocid1.vcn.oc19.eu-madrid-2.amaaaaaapw27gbaahaampmaqpuconyvwmecndp6epapf6uv4p2okvyd2qe4q",
                "ids": [],
                "ipsec_connection_id": "",
                "route_table_id": "ocid1.routetable.oc19.eu-madrid-2.aaaaaaaa7rjao6irht6lazfqd3slojdxok4yqdyl62f6wnfqg2knnuv62qta",
                "transport_attachment_id": "",
                "transport_only_mode": false,
                "type": "VCN",
                "vcn_route_type": "SUBNET_CIDRS"
              }
            ],
            "remove_export_drg_route_distribution_trigger": null,
            "route_table_id": "ocid1.routetable.oc19.eu-madrid-2.aaaaaaaa7rjao6irht6lazfqd3slojdxok4yqdyl62f6wnfqg2knnuv62qta",
            "state": "ATTACHED",
            "time_created": "2026-03-10 14:42:53.496 +0000 UTC",
            "timeouts": null,
            "vcn_id": "ocid1.vcn.oc19.eu-madrid-2.amaaaaaapw27gbaahaampmaqpuconyvwmecndp6epapf6uv4p2okvyd2qe4q"
          },
          "sensitive_attributes": [],
          "identity_schema_version": 0,
          "private": "eyJlMmJmYjczMC1lY2FhLTExZTYtOGY4OC0zNDM2M2JjN2M0YzAiOnsiY3JlYXRlIjoxMjAwMDAwMDAwMDAwLCJkZWxldGUiOjEyMDAwMDAwMDAwMDAsInVwZGF0ZSI6MTIwMDAwMDAwMDAwMH19",
          "dependencies": [
            "module.oci_lz_orchestrator.data.oci_identity_regions.these",
            "module.oci_lz_orchestrator.data.oci_identity_tenancy.this",
            "module.oci_lz_orchestrator.module.oci_lz_compartments.oci_identity_compartment.level_2",
            "module.oci_lz_orchestrator.module.oci_lz_compartments.oci_identity_compartment.level_3",
            "module.oci_lz_orchestrator.module.oci_lz_compartments.oci_identity_compartment.level_4",
            "module.oci_lz_orchestrator.module.oci_lz_compartments.oci_identity_compartment.level_5",
            "module.oci_lz_orchestrator.module.oci_lz_compartments.oci_identity_compartment.level_6",
            "module.oci_lz_orchestrator.module.oci_lz_compartments.oci_identity_compartment.these",
            "module.oci_lz_orchestrator.module.oci_lz_compartments.oci_identity_tag_default.these",
            "module.oci_lz_orchestrator.module.oci_lz_network.data.oci_core_services.oci_services",
            "module.oci_lz_orchestrator.module.oci_lz_network.data.oci_core_vcn.existing_vcns",
            "module.oci_lz_orchestrator.module.oci_lz_network.oci_core_drg.these",
            "module.oci_lz_orchestrator.module.oci_lz_network.oci_core_drg_route_distribution.these",
            "module.oci_lz_orchestrator.module.oci_lz_network.oci_core_drg_route_table.these",
            "module.oci_lz_orchestrator.module.oci_lz_network.oci_core_local_peering_gateway.oci_acceptor_local_peering_gateways",
            "module.oci_lz_orchestrator.module.oci_lz_network.oci_core_local_peering_gateway.oci_requestor_local_peering_gateways",
            "module.oci_lz_orchestrator.module.oci_lz_network.oci_core_public_ip.these",
            "module.oci_lz_orchestrator.module.oci_lz_network.oci_core_public_ip_pool.these",
            "module.oci_lz_orchestrator.module.oci_lz_network.oci_core_route_table.drga_specific_route_tables",
            "module.oci_lz_orchestrator.module.oci_lz_network.oci_core_route_table.igw_natgw_specific_route_tables",
            "module.oci_lz_orchestrator.module.oci_lz_network.oci_core_route_table.lpg_specific_route_tables",
            "module.oci_lz_orchestrator.module.oci_lz_network.oci_core_route_table.sgw_specific_route_tables",
            "module.oci_lz_orchestrator.module.oci_lz_network.oci_core_service_gateway.these",
            "module.oci_lz_orchestrator.module.oci_lz_network.oci_core_vcn.these",
            "module.oci_lz_orchestrator.module.oci_lz_tags.data.oci_identity_tag.default_created_by",
            "module.oci_lz_orchestrator.module.oci_lz_tags.data.oci_identity_tag.default_created_on",
            "module.oci_lz_orchestrator.module.oci_lz_tags.data.oci_identity_tag_namespaces.oracle_default",
            "module.oci_lz_orchestrator.module.oci_lz_tags.oci_identity_tag.these",
            "module.oci_lz_orchestrator.module.oci_lz_tags.oci_identity_tag_default.these",
            "module.oci_lz_orchestrator.module.oci_lz_tags.oci_identity_tag_namespace.these",
            "module.oci_lz_orchestrator.module.oci_lz_zpr.data.oci_identity_regions.these",
            "module.oci_lz_orchestrator.module.oci_lz_zpr.data.oci_security_attribute_security_attribute_namespaces.default_security_attribute_namespaces",
            "module.oci_lz_orchestrator.module.oci_lz_zpr.data.oci_security_attribute_security_attribute_namespaces.query_security_attribute_namespaces",
            "module.oci_lz_orchestrator.module.oci_lz_zpr.data.oci_zpr_configuration.this",
            "module.oci_lz_orchestrator.module.oci_lz_zpr.oci_security_attribute_security_attribute.these",
            "module.oci_lz_orchestrator.module.oci_lz_zpr.oci_security_attribute_security_attribute_namespace.these",
            "module.oci_lz_orchestrator.module.oci_lz_zpr.oci_zpr_configuration.this",
            "module.oci_lz_orchestrator.module.oci_lz_zpr.oci_zpr_zpr_policy.these",
            "module.oci_lz_orchestrator.module.oci_lz_zpr.time_sleep.wait_after_zpr_configuration"
          ]
        }
      ]
    },
    {
      "module": "module.oci_lz_orchestrator.module.oci_lz_network[0]",
      "mode": "managed",
      "type": "oci_core_drg_route_distribution",
      "name": "these",
      "provider": "module.oci_lz_orchestrator.provider[\"registry.terraform.io/oracle/oci\"]",
      "instances": [
        {
          "index_key": "DRGRD-VLL-LZ-HUB-KEY",
          "schema_version": 0,
          "attributes": {
            "compartment_id": "ocid1.compartment.oc19..aaaaaaaa5gtrrkqmob4ummcgl52exbo4d4vf55uvlzdku5j4fammf3b2pmlq",
            "defined_tags": {
              "Oracle-Tags.CreatedBy": "default/jorge.e.torlaschi@accenture.com",
              "Oracle-Tags.CreatedOn": "2026-03-10T14:42:39.268Z"
            },
            "display_name": "o-p-om2-drgrd-hub-001",
            "distribution_type": "IMPORT",
            "drg_id": "ocid1.drg.oc19.eu-madrid-2.aaaaaaaa7mto5domu4v7gk3bxq2rnlnslpdc2mnxlue7gatndpienpgmq5wa",
            "freeform_tags": {
              "ocilz-terraform-module": "networking/0.8.1"
            },
            "id": "ocid1.drgroutedistribution.oc19.eu-madrid-2.aaaaaaaazwzwsiygf2o2topuugf27l4vaqv44eumhaqpekx7levcokk2uaja",
            "state": "AVAILABLE",
            "time_created": "2026-03-10 14:42:46.289 +0000 UTC",
            "timeouts": null
          },
          "sensitive_attributes": [],
          "identity_schema_version": 0,
          "private": "eyJlMmJmYjczMC1lY2FhLTExZTYtOGY4OC0zNDM2M2JjN2M0YzAiOnsiY3JlYXRlIjoxMjAwMDAwMDAwMDAwLCJkZWxldGUiOjEyMDAwMDAwMDAwMDAsInVwZGF0ZSI6MTIwMDAwMDAwMDAwMH19",
          "dependencies": [
            "module.oci_lz_orchestrator.data.oci_identity_regions.these",
            "module.oci_lz_orchestrator.data.oci_identity_tenancy.this",
            "module.oci_lz_orchestrator.module.oci_lz_compartments.oci_identity_compartment.level_2",
            "module.oci_lz_orchestrator.module.oci_lz_compartments.oci_identity_compartment.level_3",
            "module.oci_lz_orchestrator.module.oci_lz_compartments.oci_identity_compartment.level_4",
            "module.oci_lz_orchestrator.module.oci_lz_compartments.oci_identity_compartment.level_5",
            "module.oci_lz_orchestrator.module.oci_lz_compartments.oci_identity_compartment.level_6",
            "module.oci_lz_orchestrator.module.oci_lz_compartments.oci_identity_compartment.these",
            "module.oci_lz_orchestrator.module.oci_lz_compartments.oci_identity_tag_default.these",
            "module.oci_lz_orchestrator.module.oci_lz_network.oci_core_drg.these",
            "module.oci_lz_orchestrator.module.oci_lz_tags.data.oci_identity_tag.default_created_by",
            "module.oci_lz_orchestrator.module.oci_lz_tags.data.oci_identity_tag.default_created_on",
            "module.oci_lz_orchestrator.module.oci_lz_tags.data.oci_identity_tag_namespaces.oracle_default",
            "module.oci_lz_orchestrator.module.oci_lz_tags.oci_identity_tag.these",
            "module.oci_lz_orchestrator.module.oci_lz_tags.oci_identity_tag_default.these",
            "module.oci_lz_orchestrator.module.oci_lz_tags.oci_identity_tag_namespace.these",
            "module.oci_lz_orchestrator.module.oci_lz_zpr.data.oci_identity_regions.these",
            "module.oci_lz_orchestrator.module.oci_lz_zpr.data.oci_security_attribute_security_attribute_namespaces.default_security_attribute_namespaces",
            "module.oci_lz_orchestrator.module.oci_lz_zpr.data.oci_security_attribute_security_attribute_namespaces.query_security_attribute_namespaces",
            "module.oci_lz_orchestrator.module.oci_lz_zpr.data.oci_zpr_configuration.this",
            "module.oci_lz_orchestrator.module.oci_lz_zpr.oci_security_attribute_security_attribute.these",
            "module.oci_lz_orchestrator.module.oci_lz_zpr.oci_security_attribute_security_attribute_namespace.these",
            "module.oci_lz_orchestrator.module.oci_lz_zpr.oci_zpr_configuration.this",
            "module.oci_lz_orchestrator.module.oci_lz_zpr.oci_zpr_zpr_policy.these",
            "module.oci_lz_orchestrator.module.oci_lz_zpr.time_sleep.wait_after_zpr_configuration"
          ]
        }
      ]
    },
    {
      "module": "module.oci_lz_orchestrator.module.oci_lz_network[0]",
      "mode": "managed",
      "type": "oci_core_drg_route_table",
      "name": "these",
      "provider": "module.oci_lz_orchestrator.provider[\"registry.terraform.io/oracle/oci\"]",
      "instances": [
        {
          "index_key": "DRGRT-VLL-LZ-HUB-KEY",
          "schema_version": 0,
          "attributes": {
            "compartment_id": "ocid1.compartment.oc19..aaaaaaaa5gtrrkqmob4ummcgl52exbo4d4vf55uvlzdku5j4fammf3b2pmlq",
            "defined_tags": {
              "Oracle-Tags.CreatedBy": "default/jorge.e.torlaschi@accenture.com",
              "Oracle-Tags.CreatedOn": "2026-03-10T14:42:39.268Z"
            },
            "display_name": "o-p-om2-drgrt-hub-001b",
            "drg_id": "ocid1.drg.oc19.eu-madrid-2.aaaaaaaa7mto5domu4v7gk3bxq2rnlnslpdc2mnxlue7gatndpienpgmq5wa",
            "freeform_tags": {
              "ocilz-terraform-module": "networking/0.8.1"
            },
            "id": "ocid1.drgroutetable.oc19.eu-madrid-2.aaaaaaaagrypb4d6mrlafpq5de6uukf2ytbdppaprzayjty2ur2zkwjvtc3q",
            "import_drg_route_distribution_id": "ocid1.drgroutedistribution.oc19.eu-madrid-2.aaaaaaaazwzwsiygf2o2topuugf27l4vaqv44eumhaqpekx7levcokk2uaja",
            "is_ecmp_enabled": false,
            "remove_import_trigger": null,
            "state": "AVAILABLE",
            "time_created": "2026-03-10 14:42:46.524 +0000 UTC",
            "timeouts": null
          },
          "sensitive_attributes": [],
          "identity_schema_version": 0,
          "private": "eyJlMmJmYjczMC1lY2FhLTExZTYtOGY4OC0zNDM2M2JjN2M0YzAiOnsiY3JlYXRlIjoxMjAwMDAwMDAwMDAwLCJkZWxldGUiOjEyMDAwMDAwMDAwMDAsInVwZGF0ZSI6MTIwMDAwMDAwMDAwMH19",
          "dependencies": [
            "module.oci_lz_orchestrator.data.oci_identity_regions.these",
            "module.oci_lz_orchestrator.data.oci_identity_tenancy.this",
            "module.oci_lz_orchestrator.module.oci_lz_compartments.oci_identity_compartment.level_2",
            "module.oci_lz_orchestrator.module.oci_lz_compartments.oci_identity_compartment.level_3",
            "module.oci_lz_orchestrator.module.oci_lz_compartments.oci_identity_compartment.level_4",
            "module.oci_lz_orchestrator.module.oci_lz_compartments.oci_identity_compartment.level_5",
            "module.oci_lz_orchestrator.module.oci_lz_compartments.oci_identity_compartment.level_6",
            "module.oci_lz_orchestrator.module.oci_lz_compartments.oci_identity_compartment.these",
            "module.oci_lz_orchestrator.module.oci_lz_compartments.oci_identity_tag_default.these",
            "module.oci_lz_orchestrator.module.oci_lz_network.oci_core_drg.these",
            "module.oci_lz_orchestrator.module.oci_lz_network.oci_core_drg_route_distribution.these",
            "module.oci_lz_orchestrator.module.oci_lz_tags.data.oci_identity_tag.default_created_by",
            "module.oci_lz_orchestrator.module.oci_lz_tags.data.oci_identity_tag.default_created_on",
            "module.oci_lz_orchestrator.module.oci_lz_tags.data.oci_identity_tag_namespaces.oracle_default",
            "module.oci_lz_orchestrator.module.oci_lz_tags.oci_identity_tag.these",
            "module.oci_lz_orchestrator.module.oci_lz_tags.oci_identity_tag_default.these",
            "module.oci_lz_orchestrator.module.oci_lz_tags.oci_identity_tag_namespace.these",
            "module.oci_lz_orchestrator.module.oci_lz_zpr.data.oci_identity_regions.these",
            "module.oci_lz_orchestrator.module.oci_lz_zpr.data.oci_security_attribute_security_attribute_namespaces.default_security_attribute_namespaces",
            "module.oci_lz_orchestrator.module.oci_lz_zpr.data.oci_security_attribute_security_attribute_namespaces.query_security_attribute_namespaces",
            "module.oci_lz_orchestrator.module.oci_lz_zpr.data.oci_zpr_configuration.this",
            "module.oci_lz_orchestrator.module.oci_lz_zpr.oci_security_attribute_security_attribute.these",
            "module.oci_lz_orchestrator.module.oci_lz_zpr.oci_security_attribute_security_attribute_namespace.these",
            "module.oci_lz_orchestrator.module.oci_lz_zpr.oci_zpr_configuration.this",
            "module.oci_lz_orchestrator.module.oci_lz_zpr.oci_zpr_zpr_policy.these",
            "module.oci_lz_orchestrator.module.oci_lz_zpr.time_sleep.wait_after_zpr_configuration"
          ]
        },
        {
          "index_key": "DRGRT-VLL-LZ-SPOKES-KEY",
          "schema_version": 0,
          "attributes": {
            "compartment_id": "ocid1.compartment.oc19..aaaaaaaa5gtrrkqmob4ummcgl52exbo4d4vf55uvlzdku5j4fammf3b2pmlq",
            "defined_tags": {
              "Oracle-Tags.CreatedBy": "default/jorge.e.torlaschi@accenture.com",
              "Oracle-Tags.CreatedOn": "2026-03-10T14:42:39.268Z"
            },
            "display_name": "o-p-om2-drgrt-spokes-001",
            "drg_id": "ocid1.drg.oc19.eu-madrid-2.aaaaaaaa7mto5domu4v7gk3bxq2rnlnslpdc2mnxlue7gatndpienpgmq5wa",
            "freeform_tags": {
              "ocilz-terraform-module": "networking/0.8.1"
            },
            "id": "ocid1.drgroutetable.oc19.eu-madrid-2.aaaaaaaaty742znqtrv7jvixwrldirgntsxk6kvrnuoqzkluxfrpe4nib3ja",
            "import_drg_route_distribution_id": null,
            "is_ecmp_enabled": false,
            "remove_import_trigger": null,
            "state": "AVAILABLE",
            "time_created": "2026-03-10 14:42:46.539 +0000 UTC",
            "timeouts": null
          },
          "sensitive_attributes": [],
          "identity_schema_version": 0,
          "private": "eyJlMmJmYjczMC1lY2FhLTExZTYtOGY4OC0zNDM2M2JjN2M0YzAiOnsiY3JlYXRlIjoxMjAwMDAwMDAwMDAwLCJkZWxldGUiOjEyMDAwMDAwMDAwMDAsInVwZGF0ZSI6MTIwMDAwMDAwMDAwMH19",
          "dependencies": [
            "module.oci_lz_orchestrator.data.oci_identity_regions.these",
            "module.oci_lz_orchestrator.data.oci_identity_tenancy.this",
            "module.oci_lz_orchestrator.module.oci_lz_compartments.oci_identity_compartment.level_2",
            "module.oci_lz_orchestrator.module.oci_lz_compartments.oci_identity_compartment.level_3",
            "module.oci_lz_orchestrator.module.oci_lz_compartments.oci_identity_compartment.level_4",
            "module.oci_lz_orchestrator.module.oci_lz_compartments.oci_identity_compartment.level_5",
            "module.oci_lz_orchestrator.module.oci_lz_compartments.oci_identity_compartment.level_6",
            "module.oci_lz_orchestrator.module.oci_lz_compartments.oci_identity_compartment.these",
            "module.oci_lz_orchestrator.module.oci_lz_compartments.oci_identity_tag_default.these",
            "module.oci_lz_orchestrator.module.oci_lz_network.oci_core_drg.these",
            "module.oci_lz_orchestrator.module.oci_lz_network.oci_core_drg_route_distribution.these",
            "module.oci_lz_orchestrator.module.oci_lz_tags.data.oci_identity_tag.default_created_by",
            "module.oci_lz_orchestrator.module.oci_lz_tags.data.oci_identity_tag.default_created_on",
            "module.oci_lz_orchestrator.module.oci_lz_tags.data.oci_identity_tag_namespaces.oracle_default",
            "module.oci_lz_orchestrator.module.oci_lz_tags.oci_identity_tag.these",
            "module.oci_lz_orchestrator.module.oci_lz_tags.oci_identity_tag_default.these",
            "module.oci_lz_orchestrator.module.oci_lz_tags.oci_identity_tag_namespace.these",
            "module.oci_lz_orchestrator.module.oci_lz_zpr.data.oci_identity_regions.these",
            "module.oci_lz_orchestrator.module.oci_lz_zpr.data.oci_security_attribute_security_attribute_namespaces.default_security_attribute_namespaces",
            "module.oci_lz_orchestrator.module.oci_lz_zpr.data.oci_security_attribute_security_attribute_namespaces.query_security_attribute_namespaces",
            "module.oci_lz_orchestrator.module.oci_lz_zpr.data.oci_zpr_configuration.this",
            "module.oci_lz_orchestrator.module.oci_lz_zpr.oci_security_attribute_security_attribute.these",
            "module.oci_lz_orchestrator.module.oci_lz_zpr.oci_security_attribute_security_attribute_namespace.these",
            "module.oci_lz_orchestrator.module.oci_lz_zpr.oci_zpr_configuration.this",
            "module.oci_lz_orchestrator.module.oci_lz_zpr.oci_zpr_zpr_policy.these",
            "module.oci_lz_orchestrator.module.oci_lz_zpr.time_sleep.wait_after_zpr_configuration"
          ]
        }
      ]
    },
    {
      "module": "module.oci_lz_orchestrator.module.oci_lz_network[0]",
      "mode": "managed",
      "type": "oci_core_drg_route_table_route_rule",
      "name": "these",
      "provider": "module.oci_lz_orchestrator.provider[\"registry.terraform.io/oracle/oci\"]",
      "instances": [
        {
          "index_key": "DRGRT-VLL-LZ-SPOKES-STATIC-ROUTE",
          "schema_version": 0,
          "attributes": {
            "attributes": {},
            "destination": "0.0.0.0/0",
            "destination_type": "CIDR_BLOCK",
            "drg_route_table_id": "ocid1.drgroutetable.oc19.eu-madrid-2.aaaaaaaaty742znqtrv7jvixwrldirgntsxk6kvrnuoqzkluxfrpe4nib3ja",
            "id": "drgRouteTables/ocid1.drgroutetable.oc19.eu-madrid-2.aaaaaaaaty742znqtrv7jvixwrldirgntsxk6kvrnuoqzkluxfrpe4nib3ja/routeRules/5554",
            "is_blackhole": false,
            "is_conflict": false,
            "next_hop_drg_attachment_id": "ocid1.drgattachment.oc19.eu-madrid-2.aaaaaaaau5svtwnjv7cxgsdkjvf7qci5weqczdxvyfsn64vzf7hjrzdzsmva",
            "route_provenance": "",
            "route_type": "STATIC",
            "timeouts": null
          },
          "sensitive_attributes": [],
          "identity_schema_version": 0,
          "private": "eyJlMmJmYjczMC1lY2FhLTExZTYtOGY4OC0zNDM2M2JjN2M0YzAiOnsiY3JlYXRlIjoxMjAwMDAwMDAwMDAwLCJkZWxldGUiOjEyMDAwMDAwMDAwMDAsInVwZGF0ZSI6MTIwMDAwMDAwMDAwMH19",
          "dependencies": [
            "module.oci_lz_orchestrator.data.oci_identity_regions.these",
            "module.oci_lz_orchestrator.data.oci_identity_tenancy.this",
            "module.oci_lz_orchestrator.module.oci_lz_compartments.oci_identity_compartment.level_2",
            "module.oci_lz_orchestrator.module.oci_lz_compartments.oci_identity_compartment.level_3",
            "module.oci_lz_orchestrator.module.oci_lz_compartments.oci_identity_compartment.level_4",
            "module.oci_lz_orchestrator.module.oci_lz_compartments.oci_identity_compartment.level_5",
            "module.oci_lz_orchestrator.module.oci_lz_compartments.oci_identity_compartment.level_6",
            "module.oci_lz_orchestrator.module.oci_lz_compartments.oci_identity_compartment.these",
            "module.oci_lz_orchestrator.module.oci_lz_compartments.oci_identity_tag_default.these",
            "module.oci_lz_orchestrator.module.oci_lz_network.data.oci_core_drg_attachments.rpc_drg_attachments",
            "module.oci_lz_orchestrator.module.oci_lz_network.data.oci_core_fast_connect_provider_services.fast_connect_provider_services",
            "module.oci_lz_orchestrator.module.oci_lz_network.data.oci_core_services.oci_services",
            "module.oci_lz_orchestrator.module.oci_lz_network.data.oci_core_vcn.existing_vcns",
            "module.oci_lz_orchestrator.module.oci_lz_network.oci_core_drg.these",
            "module.oci_lz_orchestrator.module.oci_lz_network.oci_core_drg_attachment.these",
            "module.oci_lz_orchestrator.module.oci_lz_network.oci_core_drg_route_distribution.these",
            "module.oci_lz_orchestrator.module.oci_lz_network.oci_core_drg_route_table.these",
            "module.oci_lz_orchestrator.module.oci_lz_network.oci_core_local_peering_gateway.oci_acceptor_local_peering_gateways",
            "module.oci_lz_orchestrator.module.oci_lz_network.oci_core_local_peering_gateway.oci_requestor_local_peering_gateways",
            "module.oci_lz_orchestrator.module.oci_lz_network.oci_core_public_ip.these",
            "module.oci_lz_orchestrator.module.oci_lz_network.oci_core_public_ip_pool.these",
            "module.oci_lz_orchestrator.module.oci_lz_network.oci_core_remote_peering_connection.oci_acceptor_remote_peering_connections",
            "module.oci_lz_orchestrator.module.oci_lz_network.oci_core_remote_peering_connection.oci_requestor_remote_peering_connections",
            "module.oci_lz_orchestrator.module.oci_lz_network.oci_core_route_table.drga_specific_route_tables",
            "module.oci_lz_orchestrator.module.oci_lz_network.oci_core_route_table.igw_natgw_specific_route_tables",
            "module.oci_lz_orchestrator.module.oci_lz_network.oci_core_route_table.lpg_specific_route_tables",
            "module.oci_lz_orchestrator.module.oci_lz_network.oci_core_route_table.sgw_specific_route_tables",
            "module.oci_lz_orchestrator.module.oci_lz_network.oci_core_service_gateway.these",
            "module.oci_lz_orchestrator.module.oci_lz_network.oci_core_vcn.these",
            "module.oci_lz_orchestrator.module.oci_lz_network.oci_core_virtual_circuit.these",
            "module.oci_lz_orchestrator.module.oci_lz_tags.data.oci_identity_tag.default_created_by",
            "module.oci_lz_orchestrator.module.oci_lz_tags.data.oci_identity_tag.default_created_on",
            "module.oci_lz_orchestrator.module.oci_lz_tags.data.oci_identity_tag_namespaces.oracle_default",
            "module.oci_lz_orchestrator.module.oci_lz_tags.oci_identity_tag.these",
            "module.oci_lz_orchestrator.module.oci_lz_tags.oci_identity_tag_default.these",
            "module.oci_lz_orchestrator.module.oci_lz_tags.oci_identity_tag_namespace.these",
            "module.oci_lz_orchestrator.module.oci_lz_zpr.data.oci_identity_regions.these",
            "module.oci_lz_orchestrator.module.oci_lz_zpr.data.oci_security_attribute_security_attribute_namespaces.default_security_attribute_namespaces",
            "module.oci_lz_orchestrator.module.oci_lz_zpr.data.oci_security_attribute_security_attribute_namespaces.query_security_attribute_namespaces",
            "module.oci_lz_orchestrator.module.oci_lz_zpr.data.oci_zpr_configuration.this",
            "module.oci_lz_orchestrator.module.oci_lz_zpr.oci_security_attribute_security_attribute.these",
            "module.oci_lz_orchestrator.module.oci_lz_zpr.oci_security_attribute_security_attribute_namespace.these",
            "module.oci_lz_orchestrator.module.oci_lz_zpr.oci_zpr_configuration.this",
            "module.oci_lz_orchestrator.module.oci_lz_zpr.oci_zpr_zpr_policy.these",
            "module.oci_lz_orchestrator.module.oci_lz_zpr.time_sleep.wait_after_zpr_configuration"
          ]
        }
      ]
    },
    {
      "module": "module.oci_lz_orchestrator.module.oci_lz_network[0]",
      "mode": "managed",
      "type": "oci_core_nat_gateway",
      "name": "these",
      "provider": "module.oci_lz_orchestrator.provider[\"registry.terraform.io/oracle/oci\"]",
      "instances": [
        {
          "index_key": "NGW-VLL-LZ-HUB-KEY",
          "schema_version": 0,
          "attributes": {
            "block_traffic": false,
            "compartment_id": "ocid1.compartment.oc19..aaaaaaaa5gtrrkqmob4ummcgl52exbo4d4vf55uvlzdku5j4fammf3b2pmlq",
            "defined_tags": {
              "Oracle-Tags.CreatedBy": "default/jorge.e.torlaschi@accenture.com",
              "Oracle-Tags.CreatedOn": "2026-03-10T14:42:40.038Z"
            },
            "display_name": "o-p-om2-ngw-hub-001",
            "freeform_tags": {
              "ocilz-terraform-module": "networking/0.8.1"
            },
            "id": "ocid1.natgateway.oc19.eu-madrid-2.aaaaaaaanu7fddyxgdcchizzlez6bbfeomnnwrffuasiou7dpm7aem4fwmwa",
            "nat_ip": "209.196.46.202",
            "public_ip_id": "ocid1.publicip.oc19.eu-madrid-2.aaaaaaaa6jpsybmwyhhvlyt3ocbwufe6qurmdyj6ug4ppz5ywsdxmdh5m43q",
            "route_table_id": "ocid1.routetable.oc19.eu-madrid-2.aaaaaaaa7qnu4kwqdf6p7vt3ert6n6xyivqmavhegslyazq3nuna6zawzida",
            "state": "AVAILABLE",
            "time_created": "2026-03-10 14:42:40.213 +0000 UTC",
            "timeouts": null,
            "vcn_id": "ocid1.vcn.oc19.eu-madrid-2.amaaaaaapw27gbaahaampmaqpuconyvwmecndp6epapf6uv4p2okvyd2qe4q"
          },
          "sensitive_attributes": [],
          "identity_schema_version": 0,
          "private": "eyJlMmJmYjczMC1lY2FhLTExZTYtOGY4OC0zNDM2M2JjN2M0YzAiOnsiY3JlYXRlIjoxMjAwMDAwMDAwMDAwLCJkZWxldGUiOjEyMDAwMDAwMDAwMDAsInVwZGF0ZSI6MTIwMDAwMDAwMDAwMH19",
          "dependencies": [
            "module.oci_lz_orchestrator.data.oci_identity_regions.these",
            "module.oci_lz_orchestrator.data.oci_identity_tenancy.this",
            "module.oci_lz_orchestrator.module.oci_lz_compartments.oci_identity_compartment.level_2",
            "module.oci_lz_orchestrator.module.oci_lz_compartments.oci_identity_compartment.level_3",
            "module.oci_lz_orchestrator.module.oci_lz_compartments.oci_identity_compartment.level_4",
            "module.oci_lz_orchestrator.module.oci_lz_compartments.oci_identity_compartment.level_5",
            "module.oci_lz_orchestrator.module.oci_lz_compartments.oci_identity_compartment.level_6",
            "module.oci_lz_orchestrator.module.oci_lz_compartments.oci_identity_compartment.these",
            "module.oci_lz_orchestrator.module.oci_lz_compartments.oci_identity_tag_default.these",
            "module.oci_lz_orchestrator.module.oci_lz_network.data.oci_core_services.oci_services",
            "module.oci_lz_orchestrator.module.oci_lz_network.data.oci_core_vcn.existing_vcns",
            "module.oci_lz_orchestrator.module.oci_lz_network.oci_core_public_ip.these",
            "module.oci_lz_orchestrator.module.oci_lz_network.oci_core_public_ip_pool.these",
            "module.oci_lz_orchestrator.module.oci_lz_network.oci_core_route_table.igw_natgw_specific_route_tables",
            "module.oci_lz_orchestrator.module.oci_lz_network.oci_core_vcn.these",
            "module.oci_lz_orchestrator.module.oci_lz_tags.data.oci_identity_tag.default_created_by",
            "module.oci_lz_orchestrator.module.oci_lz_tags.data.oci_identity_tag.default_created_on",
            "module.oci_lz_orchestrator.module.oci_lz_tags.data.oci_identity_tag_namespaces.oracle_default",
            "module.oci_lz_orchestrator.module.oci_lz_tags.oci_identity_tag.these",
            "module.oci_lz_orchestrator.module.oci_lz_tags.oci_identity_tag_default.these",
            "module.oci_lz_orchestrator.module.oci_lz_tags.oci_identity_tag_namespace.these",
            "module.oci_lz_orchestrator.module.oci_lz_zpr.data.oci_identity_regions.these",
            "module.oci_lz_orchestrator.module.oci_lz_zpr.data.oci_security_attribute_security_attribute_namespaces.default_security_attribute_namespaces",
            "module.oci_lz_orchestrator.module.oci_lz_zpr.data.oci_security_attribute_security_attribute_namespaces.query_security_attribute_namespaces",
            "module.oci_lz_orchestrator.module.oci_lz_zpr.data.oci_zpr_configuration.this",
            "module.oci_lz_orchestrator.module.oci_lz_zpr.oci_security_attribute_security_attribute.these",
            "module.oci_lz_orchestrator.module.oci_lz_zpr.oci_security_attribute_security_attribute_namespace.these",
            "module.oci_lz_orchestrator.module.oci_lz_zpr.oci_zpr_configuration.this",
            "module.oci_lz_orchestrator.module.oci_lz_zpr.oci_zpr_zpr_policy.these",
            "module.oci_lz_orchestrator.module.oci_lz_zpr.time_sleep.wait_after_zpr_configuration"
          ],
          "create_before_destroy": true
        }
      ]
    },
    {
      "module": "module.oci_lz_orchestrator.module.oci_lz_network[0]",
      "mode": "managed",
      "type": "oci_core_network_security_group",
      "name": "these",
      "provider": "module.oci_lz_orchestrator.provider[\"registry.terraform.io/oracle/oci\"]",
      "instances": [
        {
          "index_key": "NSG-VLL-LZ-HUB-FW-KEY",
          "schema_version": 0,
          "attributes": {
            "compartment_id": "ocid1.compartment.oc19..aaaaaaaa5gtrrkqmob4ummcgl52exbo4d4vf55uvlzdku5j4fammf3b2pmlq",
            "defined_tags": {
              "Oracle-Tags.CreatedBy": "default/jorge.e.torlaschi@accenture.com",
              "Oracle-Tags.CreatedOn": "2026-03-10T14:42:39.597Z"
            },
            "display_name": "o-p-om2-nsg-hubfw-001",
            "freeform_tags": {
              "ocilz-terraform-module": "networking/0.8.1"
            },
            "id": "ocid1.networksecuritygroup.oc19.eu-madrid-2.aaaaaaaa5xxr7iqsclnzmnuo67fi2tvkwt6dcbxvunm5iidssolqfiifhmka",
            "state": "AVAILABLE",
            "time_created": "2026-03-10 14:42:40.5 +0000 UTC",
            "timeouts": null,
            "vcn_id": "ocid1.vcn.oc19.eu-madrid-2.amaaaaaapw27gbaahaampmaqpuconyvwmecndp6epapf6uv4p2okvyd2qe4q"
          },
          "sensitive_attributes": [],
          "identity_schema_version": 0,
          "private": "eyJlMmJmYjczMC1lY2FhLTExZTYtOGY4OC0zNDM2M2JjN2M0YzAiOnsiY3JlYXRlIjoxMjAwMDAwMDAwMDAwLCJkZWxldGUiOjEyMDAwMDAwMDAwMDAsInVwZGF0ZSI6MTIwMDAwMDAwMDAwMH19",
          "dependencies": [
            "module.oci_lz_orchestrator.data.oci_identity_regions.these",
            "module.oci_lz_orchestrator.data.oci_identity_tenancy.this",
            "module.oci_lz_orchestrator.module.oci_lz_compartments.oci_identity_compartment.level_2",
            "module.oci_lz_orchestrator.module.oci_lz_compartments.oci_identity_compartment.level_3",
            "module.oci_lz_orchestrator.module.oci_lz_compartments.oci_identity_compartment.level_4",
            "module.oci_lz_orchestrator.module.oci_lz_compartments.oci_identity_compartment.level_5",
            "module.oci_lz_orchestrator.module.oci_lz_compartments.oci_identity_compartment.level_6",
            "module.oci_lz_orchestrator.module.oci_lz_compartments.oci_identity_compartment.these",
            "module.oci_lz_orchestrator.module.oci_lz_compartments.oci_identity_tag_default.these",
            "module.oci_lz_orchestrator.module.oci_lz_network.data.oci_core_vcn.existing_vcns",
            "module.oci_lz_orchestrator.module.oci_lz_network.oci_core_vcn.these",
            "module.oci_lz_orchestrator.module.oci_lz_tags.data.oci_identity_tag.default_created_by",
            "module.oci_lz_orchestrator.module.oci_lz_tags.data.oci_identity_tag.default_created_on",
            "module.oci_lz_orchestrator.module.oci_lz_tags.data.oci_identity_tag_namespaces.oracle_default",
            "module.oci_lz_orchestrator.module.oci_lz_tags.oci_identity_tag.these",
            "module.oci_lz_orchestrator.module.oci_lz_tags.oci_identity_tag_default.these",
            "module.oci_lz_orchestrator.module.oci_lz_tags.oci_identity_tag_namespace.these",
            "module.oci_lz_orchestrator.module.oci_lz_zpr.data.oci_identity_regions.these",
            "module.oci_lz_orchestrator.module.oci_lz_zpr.data.oci_security_attribute_security_attribute_namespaces.default_security_attribute_namespaces",
            "module.oci_lz_orchestrator.module.oci_lz_zpr.data.oci_security_attribute_security_attribute_namespaces.query_security_attribute_namespaces",
            "module.oci_lz_orchestrator.module.oci_lz_zpr.data.oci_zpr_configuration.this",
            "module.oci_lz_orchestrator.module.oci_lz_zpr.oci_security_attribute_security_attribute.these",
            "module.oci_lz_orchestrator.module.oci_lz_zpr.oci_security_attribute_security_attribute_namespace.these",
            "module.oci_lz_orchestrator.module.oci_lz_zpr.oci_zpr_configuration.this",
            "module.oci_lz_orchestrator.module.oci_lz_zpr.oci_zpr_zpr_policy.these",
            "module.oci_lz_orchestrator.module.oci_lz_zpr.time_sleep.wait_after_zpr_configuration"
          ],
          "create_before_destroy": true
        },
        {
          "index_key": "NSG-VLL-LZ-HUB-LB-KEY",
          "schema_version": 0,
          "attributes": {
            "compartment_id": "ocid1.compartment.oc19..aaaaaaaa5gtrrkqmob4ummcgl52exbo4d4vf55uvlzdku5j4fammf3b2pmlq",
            "defined_tags": {
              "Oracle-Tags.CreatedBy": "default/jorge.e.torlaschi@accenture.com",
              "Oracle-Tags.CreatedOn": "2026-03-10T14:42:39.597Z"
            },
            "display_name": "o-p-om2-nsg-hublb-001",
            "freeform_tags": {
              "ocilz-terraform-module": "networking/0.8.1"
            },
            "id": "ocid1.networksecuritygroup.oc19.eu-madrid-2.aaaaaaaa7t76tg6awptn6iw2flr7jqtf5ut6n7y3rvcjk4cxknm6evfl2yea",
            "state": "AVAILABLE",
            "time_created": "2026-03-10 14:42:39.653 +0000 UTC",
            "timeouts": null,
            "vcn_id": "ocid1.vcn.oc19.eu-madrid-2.amaaaaaapw27gbaahaampmaqpuconyvwmecndp6epapf6uv4p2okvyd2qe4q"
          },
          "sensitive_attributes": [],
          "identity_schema_version": 0,
          "private": "eyJlMmJmYjczMC1lY2FhLTExZTYtOGY4OC0zNDM2M2JjN2M0YzAiOnsiY3JlYXRlIjoxMjAwMDAwMDAwMDAwLCJkZWxldGUiOjEyMDAwMDAwMDAwMDAsInVwZGF0ZSI6MTIwMDAwMDAwMDAwMH19",
          "dependencies": [
            "module.oci_lz_orchestrator.data.oci_identity_regions.these",
            "module.oci_lz_orchestrator.data.oci_identity_tenancy.this",
            "module.oci_lz_orchestrator.module.oci_lz_compartments.oci_identity_compartment.level_2",
            "module.oci_lz_orchestrator.module.oci_lz_compartments.oci_identity_compartment.level_3",
            "module.oci_lz_orchestrator.module.oci_lz_compartments.oci_identity_compartment.level_4",
            "module.oci_lz_orchestrator.module.oci_lz_compartments.oci_identity_compartment.level_5",
            "module.oci_lz_orchestrator.module.oci_lz_compartments.oci_identity_compartment.level_6",
            "module.oci_lz_orchestrator.module.oci_lz_compartments.oci_identity_compartment.these",
            "module.oci_lz_orchestrator.module.oci_lz_compartments.oci_identity_tag_default.these",
            "module.oci_lz_orchestrator.module.oci_lz_network.data.oci_core_vcn.existing_vcns",
            "module.oci_lz_orchestrator.module.oci_lz_network.oci_core_vcn.these",
            "module.oci_lz_orchestrator.module.oci_lz_tags.data.oci_identity_tag.default_created_by",
            "module.oci_lz_orchestrator.module.oci_lz_tags.data.oci_identity_tag.default_created_on",
            "module.oci_lz_orchestrator.module.oci_lz_tags.data.oci_identity_tag_namespaces.oracle_default",
            "module.oci_lz_orchestrator.module.oci_lz_tags.oci_identity_tag.these",
            "module.oci_lz_orchestrator.module.oci_lz_tags.oci_identity_tag_default.these",
            "module.oci_lz_orchestrator.module.oci_lz_tags.oci_identity_tag_namespace.these",
            "module.oci_lz_orchestrator.module.oci_lz_zpr.data.oci_identity_regions.these",
            "module.oci_lz_orchestrator.module.oci_lz_zpr.data.oci_security_attribute_security_attribute_namespaces.default_security_attribute_namespaces",
            "module.oci_lz_orchestrator.module.oci_lz_zpr.data.oci_security_attribute_security_attribute_namespaces.query_security_attribute_namespaces",
            "module.oci_lz_orchestrator.module.oci_lz_zpr.data.oci_zpr_configuration.this",
            "module.oci_lz_orchestrator.module.oci_lz_zpr.oci_security_attribute_security_attribute.these",
            "module.oci_lz_orchestrator.module.oci_lz_zpr.oci_security_attribute_security_attribute_namespace.these",
            "module.oci_lz_orchestrator.module.oci_lz_zpr.oci_zpr_configuration.this",
            "module.oci_lz_orchestrator.module.oci_lz_zpr.oci_zpr_zpr_policy.these",
            "module.oci_lz_orchestrator.module.oci_lz_zpr.time_sleep.wait_after_zpr_configuration"
          ],
          "create_before_destroy": true
        }
      ]
    },
    {
      "module": "module.oci_lz_orchestrator.module.oci_lz_network[0]",
      "mode": "managed",
      "type": "oci_core_network_security_group_security_rule",
      "name": "egress",
      "provider": "module.oci_lz_orchestrator.provider[\"registry.terraform.io/oracle/oci\"]",
      "instances": [
        {
          "index_key": "NSG-VLL-LZ-HUB-FW-KEY.anywhere",
          "schema_version": 0,
          "attributes": {
            "description": "Allow all outbound traffic to 0.0.0.0/0 over all protocols",
            "destination": "0.0.0.0/0",
            "destination_type": "CIDR_BLOCK",
            "direction": "EGRESS",
            "icmp_options": [],
            "id": "7D5DE8",
            "is_valid": true,
            "network_security_group_id": "ocid1.networksecuritygroup.oc19.eu-madrid-2.aaaaaaaa5xxr7iqsclnzmnuo67fi2tvkwt6dcbxvunm5iidssolqfiifhmka",
            "protocol": "all",
            "source": null,
            "source_type": "",
            "stateless": false,
            "tcp_options": [],
            "time_created": "2026-03-10 14:42:40.724 +0000 UTC",
            "timeouts": null,
            "udp_options": []
          },
          "sensitive_attributes": [],
          "identity_schema_version": 0,
          "private": "eyJlMmJmYjczMC1lY2FhLTExZTYtOGY4OC0zNDM2M2JjN2M0YzAiOnsiY3JlYXRlIjoxMjAwMDAwMDAwMDAwLCJkZWxldGUiOjEyMDAwMDAwMDAwMDAsInVwZGF0ZSI6MTIwMDAwMDAwMDAwMH19",
          "dependencies": [
            "module.oci_lz_orchestrator.data.oci_identity_regions.these",
            "module.oci_lz_orchestrator.data.oci_identity_tenancy.this",
            "module.oci_lz_orchestrator.module.oci_lz_compartments.oci_identity_compartment.level_2",
            "module.oci_lz_orchestrator.module.oci_lz_compartments.oci_identity_compartment.level_3",
            "module.oci_lz_orchestrator.module.oci_lz_compartments.oci_identity_compartment.level_4",
            "module.oci_lz_orchestrator.module.oci_lz_compartments.oci_identity_compartment.level_5",
            "module.oci_lz_orchestrator.module.oci_lz_compartments.oci_identity_compartment.level_6",
            "module.oci_lz_orchestrator.module.oci_lz_compartments.oci_identity_compartment.these",
            "module.oci_lz_orchestrator.module.oci_lz_compartments.oci_identity_tag_default.these",
            "module.oci_lz_orchestrator.module.oci_lz_network.data.oci_core_services.oci_services",
            "module.oci_lz_orchestrator.module.oci_lz_network.data.oci_core_vcn.existing_vcns",
            "module.oci_lz_orchestrator.module.oci_lz_network.oci_core_network_security_group.these",
            "module.oci_lz_orchestrator.module.oci_lz_network.oci_core_vcn.these",
            "module.oci_lz_orchestrator.module.oci_lz_tags.data.oci_identity_tag.default_created_by",
            "module.oci_lz_orchestrator.module.oci_lz_tags.data.oci_identity_tag.default_created_on",
            "module.oci_lz_orchestrator.module.oci_lz_tags.data.oci_identity_tag_namespaces.oracle_default",
            "module.oci_lz_orchestrator.module.oci_lz_tags.oci_identity_tag.these",
            "module.oci_lz_orchestrator.module.oci_lz_tags.oci_identity_tag_default.these",
            "module.oci_lz_orchestrator.module.oci_lz_tags.oci_identity_tag_namespace.these",
            "module.oci_lz_orchestrator.module.oci_lz_zpr.data.oci_identity_regions.these",
            "module.oci_lz_orchestrator.module.oci_lz_zpr.data.oci_security_attribute_security_attribute_namespaces.default_security_attribute_namespaces",
            "module.oci_lz_orchestrator.module.oci_lz_zpr.data.oci_security_attribute_security_attribute_namespaces.query_security_attribute_namespaces",
            "module.oci_lz_orchestrator.module.oci_lz_zpr.data.oci_zpr_configuration.this",
            "module.oci_lz_orchestrator.module.oci_lz_zpr.oci_security_attribute_security_attribute.these",
            "module.oci_lz_orchestrator.module.oci_lz_zpr.oci_security_attribute_security_attribute_namespace.these",
            "module.oci_lz_orchestrator.module.oci_lz_zpr.oci_zpr_configuration.this",
            "module.oci_lz_orchestrator.module.oci_lz_zpr.oci_zpr_zpr_policy.these",
            "module.oci_lz_orchestrator.module.oci_lz_zpr.time_sleep.wait_after_zpr_configuration"
          ]
        },
        {
          "index_key": "NSG-VLL-LZ-HUB-FW-KEY.to_lb",
          "schema_version": 0,
          "attributes": {
            "description": "Allow all outbound traffic to LB subnet over all protocols",
            "destination": "10.197.128.0/27",
            "destination_type": "CIDR_BLOCK",
            "direction": "EGRESS",
            "icmp_options": [],
            "id": "CE333E",
            "is_valid": true,
            "network_security_group_id": "ocid1.networksecuritygroup.oc19.eu-madrid-2.aaaaaaaa5xxr7iqsclnzmnuo67fi2tvkwt6dcbxvunm5iidssolqfiifhmka",
            "protocol": "all",
            "source": null,
            "source_type": "",
            "stateless": true,
            "tcp_options": [],
            "time_created": "2026-03-10 14:42:40.787 +0000 UTC",
            "timeouts": null,
            "udp_options": []
          },
          "sensitive_attributes": [],
          "identity_schema_version": 0,
          "private": "eyJlMmJmYjczMC1lY2FhLTExZTYtOGY4OC0zNDM2M2JjN2M0YzAiOnsiY3JlYXRlIjoxMjAwMDAwMDAwMDAwLCJkZWxldGUiOjEyMDAwMDAwMDAwMDAsInVwZGF0ZSI6MTIwMDAwMDAwMDAwMH19",
          "dependencies": [
            "module.oci_lz_orchestrator.data.oci_identity_regions.these",
            "module.oci_lz_orchestrator.data.oci_identity_tenancy.this",
            "module.oci_lz_orchestrator.module.oci_lz_compartments.oci_identity_compartment.level_2",
            "module.oci_lz_orchestrator.module.oci_lz_compartments.oci_identity_compartment.level_3",
            "module.oci_lz_orchestrator.module.oci_lz_compartments.oci_identity_compartment.level_4",
            "module.oci_lz_orchestrator.module.oci_lz_compartments.oci_identity_compartment.level_5",
            "module.oci_lz_orchestrator.module.oci_lz_compartments.oci_identity_compartment.level_6",
            "module.oci_lz_orchestrator.module.oci_lz_compartments.oci_identity_compartment.these",
            "module.oci_lz_orchestrator.module.oci_lz_compartments.oci_identity_tag_default.these",
            "module.oci_lz_orchestrator.module.oci_lz_network.data.oci_core_services.oci_services",
            "module.oci_lz_orchestrator.module.oci_lz_network.data.oci_core_vcn.existing_vcns",
            "module.oci_lz_orchestrator.module.oci_lz_network.oci_core_network_security_group.these",
            "module.oci_lz_orchestrator.module.oci_lz_network.oci_core_vcn.these",
            "module.oci_lz_orchestrator.module.oci_lz_tags.data.oci_identity_tag.default_created_by",
            "module.oci_lz_orchestrator.module.oci_lz_tags.data.oci_identity_tag.default_created_on",
            "module.oci_lz_orchestrator.module.oci_lz_tags.data.oci_identity_tag_namespaces.oracle_default",
            "module.oci_lz_orchestrator.module.oci_lz_tags.oci_identity_tag.these",
            "module.oci_lz_orchestrator.module.oci_lz_tags.oci_identity_tag_default.these",
            "module.oci_lz_orchestrator.module.oci_lz_tags.oci_identity_tag_namespace.these",
            "module.oci_lz_orchestrator.module.oci_lz_zpr.data.oci_identity_regions.these",
            "module.oci_lz_orchestrator.module.oci_lz_zpr.data.oci_security_attribute_security_attribute_namespaces.default_security_attribute_namespaces",
            "module.oci_lz_orchestrator.module.oci_lz_zpr.data.oci_security_attribute_security_attribute_namespaces.query_security_attribute_namespaces",
            "module.oci_lz_orchestrator.module.oci_lz_zpr.data.oci_zpr_configuration.this",
            "module.oci_lz_orchestrator.module.oci_lz_zpr.oci_security_attribute_security_attribute.these",
            "module.oci_lz_orchestrator.module.oci_lz_zpr.oci_security_attribute_security_attribute_namespace.these",
            "module.oci_lz_orchestrator.module.oci_lz_zpr.oci_zpr_configuration.this",
            "module.oci_lz_orchestrator.module.oci_lz_zpr.oci_zpr_zpr_policy.these",
            "module.oci_lz_orchestrator.module.oci_lz_zpr.time_sleep.wait_after_zpr_configuration"
          ]
        },
        {
          "index_key": "NSG-VLL-LZ-HUB-LB-KEY.anywhere",
          "schema_version": 0,
          "attributes": {
            "description": "Allow all outbound traffic to 0.0.0.0/0 over all protocols",
            "destination": "0.0.0.0/0",
            "destination_type": "CIDR_BLOCK",
            "direction": "EGRESS",
            "icmp_options": [],
            "id": "3C8E41",
            "is_valid": true,
            "network_security_group_id": "ocid1.networksecuritygroup.oc19.eu-madrid-2.aaaaaaaa7t76tg6awptn6iw2flr7jqtf5ut6n7y3rvcjk4cxknm6evfl2yea",
            "protocol": "6",
            "source": null,
            "source_type": "",
            "stateless": false,
            "tcp_options": [
              {
                "destination_port_range": [],
                "source_port_range": []
              }
            ],
            "time_created": "2026-03-10 14:42:40.786 +0000 UTC",
            "timeouts": null,
            "udp_options": []
          },
          "sensitive_attributes": [],
          "identity_schema_version": 0,
          "private": "eyJlMmJmYjczMC1lY2FhLTExZTYtOGY4OC0zNDM2M2JjN2M0YzAiOnsiY3JlYXRlIjoxMjAwMDAwMDAwMDAwLCJkZWxldGUiOjEyMDAwMDAwMDAwMDAsInVwZGF0ZSI6MTIwMDAwMDAwMDAwMH19",
          "dependencies": [
            "module.oci_lz_orchestrator.data.oci_identity_regions.these",
            "module.oci_lz_orchestrator.data.oci_identity_tenancy.this",
            "module.oci_lz_orchestrator.module.oci_lz_compartments.oci_identity_compartment.level_2",
            "module.oci_lz_orchestrator.module.oci_lz_compartments.oci_identity_compartment.level_3",
            "module.oci_lz_orchestrator.module.oci_lz_compartments.oci_identity_compartment.level_4",
            "module.oci_lz_orchestrator.module.oci_lz_compartments.oci_identity_compartment.level_5",
            "module.oci_lz_orchestrator.module.oci_lz_compartments.oci_identity_compartment.level_6",
            "module.oci_lz_orchestrator.module.oci_lz_compartments.oci_identity_compartment.these",
            "module.oci_lz_orchestrator.module.oci_lz_compartments.oci_identity_tag_default.these",
            "module.oci_lz_orchestrator.module.oci_lz_network.data.oci_core_services.oci_services",
            "module.oci_lz_orchestrator.module.oci_lz_network.data.oci_core_vcn.existing_vcns",
            "module.oci_lz_orchestrator.module.oci_lz_network.oci_core_network_security_group.these",
            "module.oci_lz_orchestrator.module.oci_lz_network.oci_core_vcn.these",
            "module.oci_lz_orchestrator.module.oci_lz_tags.data.oci_identity_tag.default_created_by",
            "module.oci_lz_orchestrator.module.oci_lz_tags.data.oci_identity_tag.default_created_on",
            "module.oci_lz_orchestrator.module.oci_lz_tags.data.oci_identity_tag_namespaces.oracle_default",
            "module.oci_lz_orchestrator.module.oci_lz_tags.oci_identity_tag.these",
            "module.oci_lz_orchestrator.module.oci_lz_tags.oci_identity_tag_default.these",
            "module.oci_lz_orchestrator.module.oci_lz_tags.oci_identity_tag_namespace.these",
            "module.oci_lz_orchestrator.module.oci_lz_zpr.data.oci_identity_regions.these",
            "module.oci_lz_orchestrator.module.oci_lz_zpr.data.oci_security_attribute_security_attribute_namespaces.default_security_attribute_namespaces",
            "module.oci_lz_orchestrator.module.oci_lz_zpr.data.oci_security_attribute_security_attribute_namespaces.query_security_attribute_namespaces",
            "module.oci_lz_orchestrator.module.oci_lz_zpr.data.oci_zpr_configuration.this",
            "module.oci_lz_orchestrator.module.oci_lz_zpr.oci_security_attribute_security_attribute.these",
            "module.oci_lz_orchestrator.module.oci_lz_zpr.oci_security_attribute_security_attribute_namespace.these",
            "module.oci_lz_orchestrator.module.oci_lz_zpr.oci_zpr_configuration.this",
            "module.oci_lz_orchestrator.module.oci_lz_zpr.oci_zpr_zpr_policy.these",
            "module.oci_lz_orchestrator.module.oci_lz_zpr.time_sleep.wait_after_zpr_configuration"
          ]
        }
      ]
    },
    {
      "module": "module.oci_lz_orchestrator.module.oci_lz_network[0]",
      "mode": "managed",
      "type": "oci_core_network_security_group_security_rule",
      "name": "ingress",
      "provider": "module.oci_lz_orchestrator.provider[\"registry.terraform.io/oracle/oci\"]",
      "instances": [
        {
          "index_key": "NSG-VLL-LZ-HUB-FW-KEY.from_lb",
          "schema_version": 0,
          "attributes": {
            "description": "Allow inbound traffic from Hub LB subnet over all protocols",
            "destination": null,
            "destination_type": "",
            "direction": "INGRESS",
            "icmp_options": [],
            "id": "CF899D",
            "is_valid": true,
            "network_security_group_id": "ocid1.networksecuritygroup.oc19.eu-madrid-2.aaaaaaaa5xxr7iqsclnzmnuo67fi2tvkwt6dcbxvunm5iidssolqfiifhmka",
            "protocol": "all",
            "source": "10.197.128.0/27",
            "source_type": "CIDR_BLOCK",
            "stateless": true,
            "tcp_options": [],
            "time_created": "2026-03-10 14:42:40.678 +0000 UTC",
            "timeouts": null,
            "udp_options": []
          },
          "sensitive_attributes": [],
          "identity_schema_version": 0,
          "private": "eyJlMmJmYjczMC1lY2FhLTExZTYtOGY4OC0zNDM2M2JjN2M0YzAiOnsiY3JlYXRlIjoxMjAwMDAwMDAwMDAwLCJkZWxldGUiOjEyMDAwMDAwMDAwMDAsInVwZGF0ZSI6MTIwMDAwMDAwMDAwMH19",
          "dependencies": [
            "module.oci_lz_orchestrator.data.oci_identity_regions.these",
            "module.oci_lz_orchestrator.data.oci_identity_tenancy.this",
            "module.oci_lz_orchestrator.module.oci_lz_compartments.oci_identity_compartment.level_2",
            "module.oci_lz_orchestrator.module.oci_lz_compartments.oci_identity_compartment.level_3",
            "module.oci_lz_orchestrator.module.oci_lz_compartments.oci_identity_compartment.level_4",
            "module.oci_lz_orchestrator.module.oci_lz_compartments.oci_identity_compartment.level_5",
            "module.oci_lz_orchestrator.module.oci_lz_compartments.oci_identity_compartment.level_6",
            "module.oci_lz_orchestrator.module.oci_lz_compartments.oci_identity_compartment.these",
            "module.oci_lz_orchestrator.module.oci_lz_compartments.oci_identity_tag_default.these",
            "module.oci_lz_orchestrator.module.oci_lz_network.data.oci_core_vcn.existing_vcns",
            "module.oci_lz_orchestrator.module.oci_lz_network.oci_core_network_security_group.these",
            "module.oci_lz_orchestrator.module.oci_lz_network.oci_core_vcn.these",
            "module.oci_lz_orchestrator.module.oci_lz_tags.data.oci_identity_tag.default_created_by",
            "module.oci_lz_orchestrator.module.oci_lz_tags.data.oci_identity_tag.default_created_on",
            "module.oci_lz_orchestrator.module.oci_lz_tags.data.oci_identity_tag_namespaces.oracle_default",
            "module.oci_lz_orchestrator.module.oci_lz_tags.oci_identity_tag.these",
            "module.oci_lz_orchestrator.module.oci_lz_tags.oci_identity_tag_default.these",
            "module.oci_lz_orchestrator.module.oci_lz_tags.oci_identity_tag_namespace.these",
            "module.oci_lz_orchestrator.module.oci_lz_zpr.data.oci_identity_regions.these",
            "module.oci_lz_orchestrator.module.oci_lz_zpr.data.oci_security_attribute_security_attribute_namespaces.default_security_attribute_namespaces",
            "module.oci_lz_orchestrator.module.oci_lz_zpr.data.oci_security_attribute_security_attribute_namespaces.query_security_attribute_namespaces",
            "module.oci_lz_orchestrator.module.oci_lz_zpr.data.oci_zpr_configuration.this",
            "module.oci_lz_orchestrator.module.oci_lz_zpr.oci_security_attribute_security_attribute.these",
            "module.oci_lz_orchestrator.module.oci_lz_zpr.oci_security_attribute_security_attribute_namespace.these",
            "module.oci_lz_orchestrator.module.oci_lz_zpr.oci_zpr_configuration.this",
            "module.oci_lz_orchestrator.module.oci_lz_zpr.oci_zpr_zpr_policy.these",
            "module.oci_lz_orchestrator.module.oci_lz_zpr.time_sleep.wait_after_zpr_configuration"
          ]
        },
        {
          "index_key": "NSG-VLL-LZ-HUB-LB-KEY.http_443",
          "schema_version": 0,
          "attributes": {
            "description": "Allow inbound traffic from 0.0.0.0/0 over HTTPS",
            "destination": null,
            "destination_type": "",
            "direction": "INGRESS",
            "icmp_options": [],
            "id": "F43365",
            "is_valid": true,
            "network_security_group_id": "ocid1.networksecuritygroup.oc19.eu-madrid-2.aaaaaaaa7t76tg6awptn6iw2flr7jqtf5ut6n7y3rvcjk4cxknm6evfl2yea",
            "protocol": "6",
            "source": "0.0.0.0/0",
            "source_type": "CIDR_BLOCK",
            "stateless": false,
            "tcp_options": [
              {
                "destination_port_range": [
                  {
                    "max": 443,
                    "min": 443
                  }
                ],
                "source_port_range": []
              }
            ],
            "time_created": "2026-03-10 14:42:40.709 +0000 UTC",
            "timeouts": null,
            "udp_options": []
          },
          "sensitive_attributes": [],
          "identity_schema_version": 0,
          "private": "eyJlMmJmYjczMC1lY2FhLTExZTYtOGY4OC0zNDM2M2JjN2M0YzAiOnsiY3JlYXRlIjoxMjAwMDAwMDAwMDAwLCJkZWxldGUiOjEyMDAwMDAwMDAwMDAsInVwZGF0ZSI6MTIwMDAwMDAwMDAwMH19",
          "dependencies": [
            "module.oci_lz_orchestrator.data.oci_identity_regions.these",
            "module.oci_lz_orchestrator.data.oci_identity_tenancy.this",
            "module.oci_lz_orchestrator.module.oci_lz_compartments.oci_identity_compartment.level_2",
            "module.oci_lz_orchestrator.module.oci_lz_compartments.oci_identity_compartment.level_3",
            "module.oci_lz_orchestrator.module.oci_lz_compartments.oci_identity_compartment.level_4",
            "module.oci_lz_orchestrator.module.oci_lz_compartments.oci_identity_compartment.level_5",
            "module.oci_lz_orchestrator.module.oci_lz_compartments.oci_identity_compartment.level_6",
            "module.oci_lz_orchestrator.module.oci_lz_compartments.oci_identity_compartment.these",
            "module.oci_lz_orchestrator.module.oci_lz_compartments.oci_identity_tag_default.these",
            "module.oci_lz_orchestrator.module.oci_lz_network.data.oci_core_vcn.existing_vcns",
            "module.oci_lz_orchestrator.module.oci_lz_network.oci_core_network_security_group.these",
            "module.oci_lz_orchestrator.module.oci_lz_network.oci_core_vcn.these",
            "module.oci_lz_orchestrator.module.oci_lz_tags.data.oci_identity_tag.default_created_by",
            "module.oci_lz_orchestrator.module.oci_lz_tags.data.oci_identity_tag.default_created_on",
            "module.oci_lz_orchestrator.module.oci_lz_tags.data.oci_identity_tag_namespaces.oracle_default",
            "module.oci_lz_orchestrator.module.oci_lz_tags.oci_identity_tag.these",
            "module.oci_lz_orchestrator.module.oci_lz_tags.oci_identity_tag_default.these",
            "module.oci_lz_orchestrator.module.oci_lz_tags.oci_identity_tag_namespace.these",
            "module.oci_lz_orchestrator.module.oci_lz_zpr.data.oci_identity_regions.these",
            "module.oci_lz_orchestrator.module.oci_lz_zpr.data.oci_security_attribute_security_attribute_namespaces.default_security_attribute_namespaces",
            "module.oci_lz_orchestrator.module.oci_lz_zpr.data.oci_security_attribute_security_attribute_namespaces.query_security_attribute_namespaces",
            "module.oci_lz_orchestrator.module.oci_lz_zpr.data.oci_zpr_configuration.this",
            "module.oci_lz_orchestrator.module.oci_lz_zpr.oci_security_attribute_security_attribute.these",
            "module.oci_lz_orchestrator.module.oci_lz_zpr.oci_security_attribute_security_attribute_namespace.these",
            "module.oci_lz_orchestrator.module.oci_lz_zpr.oci_zpr_configuration.this",
            "module.oci_lz_orchestrator.module.oci_lz_zpr.oci_zpr_zpr_policy.these",
            "module.oci_lz_orchestrator.module.oci_lz_zpr.time_sleep.wait_after_zpr_configuration"
          ]
        },
        {
          "index_key": "NSG-VLL-LZ-HUB-LB-KEY.http_80",
          "schema_version": 0,
          "attributes": {
            "description": "Allow inbound traffic from 0.0.0.0/0 over HTTP",
            "destination": null,
            "destination_type": "",
            "direction": "INGRESS",
            "icmp_options": [],
            "id": "6ECC18",
            "is_valid": true,
            "network_security_group_id": "ocid1.networksecuritygroup.oc19.eu-madrid-2.aaaaaaaa7t76tg6awptn6iw2flr7jqtf5ut6n7y3rvcjk4cxknm6evfl2yea",
            "protocol": "6",
            "source": "0.0.0.0/0",
            "source_type": "CIDR_BLOCK",
            "stateless": false,
            "tcp_options": [
              {
                "destination_port_range": [
                  {
                    "max": 80,
                    "min": 80
                  }
                ],
                "source_port_range": []
              }
            ],
            "time_created": "2026-03-10 14:42:40.887 +0000 UTC",
            "timeouts": null,
            "udp_options": []
          },
          "sensitive_attributes": [],
          "identity_schema_version": 0,
          "private": "eyJlMmJmYjczMC1lY2FhLTExZTYtOGY4OC0zNDM2M2JjN2M0YzAiOnsiY3JlYXRlIjoxMjAwMDAwMDAwMDAwLCJkZWxldGUiOjEyMDAwMDAwMDAwMDAsInVwZGF0ZSI6MTIwMDAwMDAwMDAwMH19",
          "dependencies": [
            "module.oci_lz_orchestrator.data.oci_identity_regions.these",
            "module.oci_lz_orchestrator.data.oci_identity_tenancy.this",
            "module.oci_lz_orchestrator.module.oci_lz_compartments.oci_identity_compartment.level_2",
            "module.oci_lz_orchestrator.module.oci_lz_compartments.oci_identity_compartment.level_3",
            "module.oci_lz_orchestrator.module.oci_lz_compartments.oci_identity_compartment.level_4",
            "module.oci_lz_orchestrator.module.oci_lz_compartments.oci_identity_compartment.level_5",
            "module.oci_lz_orchestrator.module.oci_lz_compartments.oci_identity_compartment.level_6",
            "module.oci_lz_orchestrator.module.oci_lz_compartments.oci_identity_compartment.these",
            "module.oci_lz_orchestrator.module.oci_lz_compartments.oci_identity_tag_default.these",
            "module.oci_lz_orchestrator.module.oci_lz_network.data.oci_core_vcn.existing_vcns",
            "module.oci_lz_orchestrator.module.oci_lz_network.oci_core_network_security_group.these",
            "module.oci_lz_orchestrator.module.oci_lz_network.oci_core_vcn.these",
            "module.oci_lz_orchestrator.module.oci_lz_tags.data.oci_identity_tag.default_created_by",
            "module.oci_lz_orchestrator.module.oci_lz_tags.data.oci_identity_tag.default_created_on",
            "module.oci_lz_orchestrator.module.oci_lz_tags.data.oci_identity_tag_namespaces.oracle_default",
            "module.oci_lz_orchestrator.module.oci_lz_tags.oci_identity_tag.these",
            "module.oci_lz_orchestrator.module.oci_lz_tags.oci_identity_tag_default.these",
            "module.oci_lz_orchestrator.module.oci_lz_tags.oci_identity_tag_namespace.these",
            "module.oci_lz_orchestrator.module.oci_lz_zpr.data.oci_identity_regions.these",
            "module.oci_lz_orchestrator.module.oci_lz_zpr.data.oci_security_attribute_security_attribute_namespaces.default_security_attribute_namespaces",
            "module.oci_lz_orchestrator.module.oci_lz_zpr.data.oci_security_attribute_security_attribute_namespaces.query_security_attribute_namespaces",
            "module.oci_lz_orchestrator.module.oci_lz_zpr.data.oci_zpr_configuration.this",
            "module.oci_lz_orchestrator.module.oci_lz_zpr.oci_security_attribute_security_attribute.these",
            "module.oci_lz_orchestrator.module.oci_lz_zpr.oci_security_attribute_security_attribute_namespace.these",
            "module.oci_lz_orchestrator.module.oci_lz_zpr.oci_zpr_configuration.this",
            "module.oci_lz_orchestrator.module.oci_lz_zpr.oci_zpr_zpr_policy.these",
            "module.oci_lz_orchestrator.module.oci_lz_zpr.time_sleep.wait_after_zpr_configuration"
          ]
        }
      ]
    },
    {
      "module": "module.oci_lz_orchestrator.module.oci_lz_network[0]",
      "mode": "managed",
      "type": "oci_core_route_table",
      "name": "igw_natgw_specific_route_tables",
      "provider": "module.oci_lz_orchestrator.provider[\"registry.terraform.io/oracle/oci\"]",
      "instances": [
        {
          "index_key": "RT-VLL-LZ-HUB-INGRESS-KEY",
          "schema_version": 0,
          "attributes": {
            "compartment_id": "ocid1.compartment.oc19..aaaaaaaa5gtrrkqmob4ummcgl52exbo4d4vf55uvlzdku5j4fammf3b2pmlq",
            "defined_tags": {
              "Oracle-Tags.CreatedBy": "default/jorge.e.torlaschi@accenture.com",
              "Oracle-Tags.CreatedOn": "2026-03-10T14:42:39.894Z"
            },
            "display_name": "o-p-om2-rtb-hubingress-001",
            "freeform_tags": {},
            "id": "ocid1.routetable.oc19.eu-madrid-2.aaaaaaaa7rjao6irht6lazfqd3slojdxok4yqdyl62f6wnfqg2knnuv62qta",
            "route_rules": [],
            "state": "AVAILABLE",
            "time_created": "2026-03-10 14:42:39.895 +0000 UTC",
            "timeouts": null,
            "vcn_id": "ocid1.vcn.oc19.eu-madrid-2.amaaaaaapw27gbaahaampmaqpuconyvwmecndp6epapf6uv4p2okvyd2qe4q"
          },
          "sensitive_attributes": [],
          "identity_schema_version": 0,
          "private": "eyJlMmJmYjczMC1lY2FhLTExZTYtOGY4OC0zNDM2M2JjN2M0YzAiOnsiY3JlYXRlIjoxMjAwMDAwMDAwMDAwLCJkZWxldGUiOjEyMDAwMDAwMDAwMDAsInVwZGF0ZSI6MTIwMDAwMDAwMDAwMH19",
          "dependencies": [
            "module.oci_lz_orchestrator.data.oci_identity_regions.these",
            "module.oci_lz_orchestrator.data.oci_identity_tenancy.this",
            "module.oci_lz_orchestrator.module.oci_lz_compartments.oci_identity_compartment.level_2",
            "module.oci_lz_orchestrator.module.oci_lz_compartments.oci_identity_compartment.level_3",
            "module.oci_lz_orchestrator.module.oci_lz_compartments.oci_identity_compartment.level_4",
            "module.oci_lz_orchestrator.module.oci_lz_compartments.oci_identity_compartment.level_5",
            "module.oci_lz_orchestrator.module.oci_lz_compartments.oci_identity_compartment.level_6",
            "module.oci_lz_orchestrator.module.oci_lz_compartments.oci_identity_compartment.these",
            "module.oci_lz_orchestrator.module.oci_lz_compartments.oci_identity_tag_default.these",
            "module.oci_lz_orchestrator.module.oci_lz_network.data.oci_core_services.oci_services",
            "module.oci_lz_orchestrator.module.oci_lz_network.data.oci_core_vcn.existing_vcns",
            "module.oci_lz_orchestrator.module.oci_lz_network.oci_core_public_ip.these",
            "module.oci_lz_orchestrator.module.oci_lz_network.oci_core_public_ip_pool.these",
            "module.oci_lz_orchestrator.module.oci_lz_network.oci_core_vcn.these",
            "module.oci_lz_orchestrator.module.oci_lz_tags.data.oci_identity_tag.default_created_by",
            "module.oci_lz_orchestrator.module.oci_lz_tags.data.oci_identity_tag.default_created_on",
            "module.oci_lz_orchestrator.module.oci_lz_tags.data.oci_identity_tag_namespaces.oracle_default",
            "module.oci_lz_orchestrator.module.oci_lz_tags.oci_identity_tag.these",
            "module.oci_lz_orchestrator.module.oci_lz_tags.oci_identity_tag_default.these",
            "module.oci_lz_orchestrator.module.oci_lz_tags.oci_identity_tag_namespace.these",
            "module.oci_lz_orchestrator.module.oci_lz_zpr.data.oci_identity_regions.these",
            "module.oci_lz_orchestrator.module.oci_lz_zpr.data.oci_security_attribute_security_attribute_namespaces.default_security_attribute_namespaces",
            "module.oci_lz_orchestrator.module.oci_lz_zpr.data.oci_security_attribute_security_attribute_namespaces.query_security_attribute_namespaces",
            "module.oci_lz_orchestrator.module.oci_lz_zpr.data.oci_zpr_configuration.this",
            "module.oci_lz_orchestrator.module.oci_lz_zpr.oci_security_attribute_security_attribute.these",
            "module.oci_lz_orchestrator.module.oci_lz_zpr.oci_security_attribute_security_attribute_namespace.these",
            "module.oci_lz_orchestrator.module.oci_lz_zpr.oci_zpr_configuration.this",
            "module.oci_lz_orchestrator.module.oci_lz_zpr.oci_zpr_zpr_policy.these",
            "module.oci_lz_orchestrator.module.oci_lz_zpr.time_sleep.wait_after_zpr_configuration"
          ],
          "create_before_destroy": true
        },
        {
          "index_key": "RT-VLL-LZ-HUB-NATGW-KEY",
          "schema_version": 0,
          "attributes": {
            "compartment_id": "ocid1.compartment.oc19..aaaaaaaa5gtrrkqmob4ummcgl52exbo4d4vf55uvlzdku5j4fammf3b2pmlq",
            "defined_tags": {
              "Oracle-Tags.CreatedBy": "default/jorge.e.torlaschi@accenture.com",
              "Oracle-Tags.CreatedOn": "2026-03-10T14:42:39.869Z"
            },
            "display_name": "o-p-om2-rtb-hubnatgw-001",
            "freeform_tags": {},
            "id": "ocid1.routetable.oc19.eu-madrid-2.aaaaaaaa7qnu4kwqdf6p7vt3ert6n6xyivqmavhegslyazq3nuna6zawzida",
            "route_rules": [],
            "state": "AVAILABLE",
            "time_created": "2026-03-10 14:42:39.874 +0000 UTC",
            "timeouts": null,
            "vcn_id": "ocid1.vcn.oc19.eu-madrid-2.amaaaaaapw27gbaahaampmaqpuconyvwmecndp6epapf6uv4p2okvyd2qe4q"
          },
          "sensitive_attributes": [],
          "identity_schema_version": 0,
          "private": "eyJlMmJmYjczMC1lY2FhLTExZTYtOGY4OC0zNDM2M2JjN2M0YzAiOnsiY3JlYXRlIjoxMjAwMDAwMDAwMDAwLCJkZWxldGUiOjEyMDAwMDAwMDAwMDAsInVwZGF0ZSI6MTIwMDAwMDAwMDAwMH19",
          "dependencies": [
            "module.oci_lz_orchestrator.data.oci_identity_regions.these",
            "module.oci_lz_orchestrator.data.oci_identity_tenancy.this",
            "module.oci_lz_orchestrator.module.oci_lz_compartments.oci_identity_compartment.level_2",
            "module.oci_lz_orchestrator.module.oci_lz_compartments.oci_identity_compartment.level_3",
            "module.oci_lz_orchestrator.module.oci_lz_compartments.oci_identity_compartment.level_4",
            "module.oci_lz_orchestrator.module.oci_lz_compartments.oci_identity_compartment.level_5",
            "module.oci_lz_orchestrator.module.oci_lz_compartments.oci_identity_compartment.level_6",
            "module.oci_lz_orchestrator.module.oci_lz_compartments.oci_identity_compartment.these",
            "module.oci_lz_orchestrator.module.oci_lz_compartments.oci_identity_tag_default.these",
            "module.oci_lz_orchestrator.module.oci_lz_network.data.oci_core_services.oci_services",
            "module.oci_lz_orchestrator.module.oci_lz_network.data.oci_core_vcn.existing_vcns",
            "module.oci_lz_orchestrator.module.oci_lz_network.oci_core_public_ip.these",
            "module.oci_lz_orchestrator.module.oci_lz_network.oci_core_public_ip_pool.these",
            "module.oci_lz_orchestrator.module.oci_lz_network.oci_core_vcn.these",
            "module.oci_lz_orchestrator.module.oci_lz_tags.data.oci_identity_tag.default_created_by",
            "module.oci_lz_orchestrator.module.oci_lz_tags.data.oci_identity_tag.default_created_on",
            "module.oci_lz_orchestrator.module.oci_lz_tags.data.oci_identity_tag_namespaces.oracle_default",
            "module.oci_lz_orchestrator.module.oci_lz_tags.oci_identity_tag.these",
            "module.oci_lz_orchestrator.module.oci_lz_tags.oci_identity_tag_default.these",
            "module.oci_lz_orchestrator.module.oci_lz_tags.oci_identity_tag_namespace.these",
            "module.oci_lz_orchestrator.module.oci_lz_zpr.data.oci_identity_regions.these",
            "module.oci_lz_orchestrator.module.oci_lz_zpr.data.oci_security_attribute_security_attribute_namespaces.default_security_attribute_namespaces",
            "module.oci_lz_orchestrator.module.oci_lz_zpr.data.oci_security_attribute_security_attribute_namespaces.query_security_attribute_namespaces",
            "module.oci_lz_orchestrator.module.oci_lz_zpr.data.oci_zpr_configuration.this",
            "module.oci_lz_orchestrator.module.oci_lz_zpr.oci_security_attribute_security_attribute.these",
            "module.oci_lz_orchestrator.module.oci_lz_zpr.oci_security_attribute_security_attribute_namespace.these",
            "module.oci_lz_orchestrator.module.oci_lz_zpr.oci_zpr_configuration.this",
            "module.oci_lz_orchestrator.module.oci_lz_zpr.oci_zpr_zpr_policy.these",
            "module.oci_lz_orchestrator.module.oci_lz_zpr.time_sleep.wait_after_zpr_configuration"
          ],
          "create_before_destroy": true
        }
      ]
    },
    {
      "module": "module.oci_lz_orchestrator.module.oci_lz_network[0]",
      "mode": "managed",
      "type": "oci_core_route_table",
      "name": "lpg_specific_route_tables",
      "provider": "module.oci_lz_orchestrator.provider[\"registry.terraform.io/oracle/oci\"]",
      "instances": [
        {
          "index_key": "RT-VLL-LZ-HUB-MGMT-KEY",
          "schema_version": 0,
          "attributes": {
            "compartment_id": "ocid1.compartment.oc19..aaaaaaaa5gtrrkqmob4ummcgl52exbo4d4vf55uvlzdku5j4fammf3b2pmlq",
            "defined_tags": {
              "Oracle-Tags.CreatedBy": "default/jorge.e.torlaschi@accenture.com",
              "Oracle-Tags.CreatedOn": "2026-03-10T14:42:49.751Z"
            },
            "display_name": "o-p-om2-rtb-hubmgmt-001",
            "freeform_tags": {},
            "id": "ocid1.routetable.oc19.eu-madrid-2.aaaaaaaaplxulbv5ftsmxk3t23zaqo6zbest5cc7epsnx3l5i7k2g6geivbq",
            "route_rules": [
              {
                "cidr_block": "",
                "description": "Route to Oracle Services Network through Service GW",
                "destination": "all-vll-services-in-oracle-services-network",
                "destination_type": "SERVICE_CIDR_BLOCK",
                "network_entity_id": "ocid1.servicegateway.oc19.eu-madrid-2.aaaaaaaao3zwviqb3hw7jylshx4zk4bbsyoipquitxuh5qu3xkkyx6uutjua",
                "route_type": "STATIC"
              }
            ],
            "state": "AVAILABLE",
            "time_created": "2026-03-10 14:42:49.762 +0000 UTC",
            "timeouts": null,
            "vcn_id": "ocid1.vcn.oc19.eu-madrid-2.amaaaaaapw27gbaahaampmaqpuconyvwmecndp6epapf6uv4p2okvyd2qe4q"
          },
          "sensitive_attributes": [],
          "identity_schema_version": 0,
          "private": "eyJlMmJmYjczMC1lY2FhLTExZTYtOGY4OC0zNDM2M2JjN2M0YzAiOnsiY3JlYXRlIjoxMjAwMDAwMDAwMDAwLCJkZWxldGUiOjEyMDAwMDAwMDAwMDAsInVwZGF0ZSI6MTIwMDAwMDAwMDAwMH19",
          "dependencies": [
            "module.oci_lz_orchestrator.data.oci_identity_regions.these",
            "module.oci_lz_orchestrator.data.oci_identity_tenancy.this",
            "module.oci_lz_orchestrator.module.oci_lz_compartments.oci_identity_compartment.level_2",
            "module.oci_lz_orchestrator.module.oci_lz_compartments.oci_identity_compartment.level_3",
            "module.oci_lz_orchestrator.module.oci_lz_compartments.oci_identity_compartment.level_4",
            "module.oci_lz_orchestrator.module.oci_lz_compartments.oci_identity_compartment.level_5",
            "module.oci_lz_orchestrator.module.oci_lz_compartments.oci_identity_compartment.level_6",
            "module.oci_lz_orchestrator.module.oci_lz_compartments.oci_identity_compartment.these",
            "module.oci_lz_orchestrator.module.oci_lz_compartments.oci_identity_tag_default.these",
            "module.oci_lz_orchestrator.module.oci_lz_network.data.oci_core_services.oci_services",
            "module.oci_lz_orchestrator.module.oci_lz_network.data.oci_core_vcn.existing_vcns",
            "module.oci_lz_orchestrator.module.oci_lz_network.oci_core_drg.these",
            "module.oci_lz_orchestrator.module.oci_lz_network.oci_core_public_ip.these",
            "module.oci_lz_orchestrator.module.oci_lz_network.oci_core_public_ip_pool.these",
            "module.oci_lz_orchestrator.module.oci_lz_network.oci_core_route_table.igw_natgw_specific_route_tables",
            "module.oci_lz_orchestrator.module.oci_lz_network.oci_core_route_table.sgw_specific_route_tables",
            "module.oci_lz_orchestrator.module.oci_lz_network.oci_core_service_gateway.these",
            "module.oci_lz_orchestrator.module.oci_lz_network.oci_core_vcn.these",
            "module.oci_lz_orchestrator.module.oci_lz_tags.data.oci_identity_tag.default_created_by",
            "module.oci_lz_orchestrator.module.oci_lz_tags.data.oci_identity_tag.default_created_on",
            "module.oci_lz_orchestrator.module.oci_lz_tags.data.oci_identity_tag_namespaces.oracle_default",
            "module.oci_lz_orchestrator.module.oci_lz_tags.oci_identity_tag.these",
            "module.oci_lz_orchestrator.module.oci_lz_tags.oci_identity_tag_default.these",
            "module.oci_lz_orchestrator.module.oci_lz_tags.oci_identity_tag_namespace.these",
            "module.oci_lz_orchestrator.module.oci_lz_zpr.data.oci_identity_regions.these",
            "module.oci_lz_orchestrator.module.oci_lz_zpr.data.oci_security_attribute_security_attribute_namespaces.default_security_attribute_namespaces",
            "module.oci_lz_orchestrator.module.oci_lz_zpr.data.oci_security_attribute_security_attribute_namespaces.query_security_attribute_namespaces",
            "module.oci_lz_orchestrator.module.oci_lz_zpr.data.oci_zpr_configuration.this",
            "module.oci_lz_orchestrator.module.oci_lz_zpr.oci_security_attribute_security_attribute.these",
            "module.oci_lz_orchestrator.module.oci_lz_zpr.oci_security_attribute_security_attribute_namespace.these",
            "module.oci_lz_orchestrator.module.oci_lz_zpr.oci_zpr_configuration.this",
            "module.oci_lz_orchestrator.module.oci_lz_zpr.oci_zpr_zpr_policy.these",
            "module.oci_lz_orchestrator.module.oci_lz_zpr.time_sleep.wait_after_zpr_configuration"
          ],
          "create_before_destroy": true
        }
      ]
    },
    {
      "module": "module.oci_lz_orchestrator.module.oci_lz_network[0]",
      "mode": "managed",
      "type": "oci_core_route_table",
      "name": "non_gw_specific_remaining_route_tables",
      "provider": "module.oci_lz_orchestrator.provider[\"registry.terraform.io/oracle/oci\"]",
      "instances": [
        {
          "index_key": "RT-VLL-LZ-EXACS-NPR-BACKUP-KEY",
          "schema_version": 0,
          "attributes": {
            "compartment_id": "ocid1.compartment.oc19..aaaaaaaa5gtrrkqmob4ummcgl52exbo4d4vf55uvlzdku5j4fammf3b2pmlq",
            "defined_tags": {
              "Oracle-Tags.CreatedBy": "default/jorge.e.torlaschi@accenture.com",
              "Oracle-Tags.CreatedOn": "2026-03-10T14:42:49.942Z"
            },
            "display_name": "o-d-om2-rtb-exacs-nprbck-001",
            "freeform_tags": {
              "ocilz-terraform-module": "networking/0.8.1"
            },
            "id": "ocid1.routetable.oc19.eu-madrid-2.aaaaaaaaxj3cpw5v7ck6pshlzysnpxep73cvbfv6wunmzcxesun4ewxnmkxa",
            "route_rules": [
              {
                "cidr_block": "",
                "description": "Route to Oracle Services Network through Service GW",
                "destination": "all-vll-services-in-oracle-services-network",
                "destination_type": "SERVICE_CIDR_BLOCK",
                "network_entity_id": "ocid1.servicegateway.oc19.eu-madrid-2.aaaaaaaa3gxhavba3sykmzt2reypnwomdrcozlkmixnpu2elhenu5u6oripa",
                "route_type": "STATIC"
              },
              {
                "cidr_block": "",
                "description": "Route to the 0.0.0.0/0 through DRG",
                "destination": "0.0.0.0/0",
                "destination_type": "CIDR_BLOCK",
                "network_entity_id": "ocid1.drg.oc19.eu-madrid-2.aaaaaaaa7mto5domu4v7gk3bxq2rnlnslpdc2mnxlue7gatndpienpgmq5wa",
                "route_type": "STATIC"
              }
            ],
            "state": "AVAILABLE",
            "time_created": "2026-03-10 14:42:49.957 +0000 UTC",
            "timeouts": null,
            "vcn_id": "ocid1.vcn.oc19.eu-madrid-2.amaaaaaapw27gbaatri7xmitendke5zbqpwk3dzghwa7apab56eya5rb2fza"
          },
          "sensitive_attributes": [],
          "identity_schema_version": 0,
          "private": "eyJlMmJmYjczMC1lY2FhLTExZTYtOGY4OC0zNDM2M2JjN2M0YzAiOnsiY3JlYXRlIjoxMjAwMDAwMDAwMDAwLCJkZWxldGUiOjEyMDAwMDAwMDAwMDAsInVwZGF0ZSI6MTIwMDAwMDAwMDAwMH19",
          "dependencies": [
            "module.oci_lz_orchestrator.data.oci_identity_regions.these",
            "module.oci_lz_orchestrator.data.oci_identity_tenancy.this",
            "module.oci_lz_orchestrator.module.oci_lz_compartments.oci_identity_compartment.level_2",
            "module.oci_lz_orchestrator.module.oci_lz_compartments.oci_identity_compartment.level_3",
            "module.oci_lz_orchestrator.module.oci_lz_compartments.oci_identity_compartment.level_4",
            "module.oci_lz_orchestrator.module.oci_lz_compartments.oci_identity_compartment.level_5",
            "module.oci_lz_orchestrator.module.oci_lz_compartments.oci_identity_compartment.level_6",
            "module.oci_lz_orchestrator.module.oci_lz_compartments.oci_identity_compartment.these",
            "module.oci_lz_orchestrator.module.oci_lz_compartments.oci_identity_tag_default.these",
            "module.oci_lz_orchestrator.module.oci_lz_network.data.oci_core_services.oci_services",
            "module.oci_lz_orchestrator.module.oci_lz_network.data.oci_core_vcn.existing_vcns",
            "module.oci_lz_orchestrator.module.oci_lz_network.oci_core_drg.these",
            "module.oci_lz_orchestrator.module.oci_lz_network.oci_core_internet_gateway.these",
            "module.oci_lz_orchestrator.module.oci_lz_network.oci_core_local_peering_gateway.oci_acceptor_local_peering_gateways",
            "module.oci_lz_orchestrator.module.oci_lz_network.oci_core_local_peering_gateway.oci_requestor_local_peering_gateways",
            "module.oci_lz_orchestrator.module.oci_lz_network.oci_core_nat_gateway.these",
            "module.oci_lz_orchestrator.module.oci_lz_network.oci_core_public_ip.these",
            "module.oci_lz_orchestrator.module.oci_lz_network.oci_core_public_ip_pool.these",
            "module.oci_lz_orchestrator.module.oci_lz_network.oci_core_route_table.igw_natgw_specific_route_tables",
            "module.oci_lz_orchestrator.module.oci_lz_network.oci_core_route_table.lpg_specific_route_tables",
            "module.oci_lz_orchestrator.module.oci_lz_network.oci_core_route_table.sgw_specific_route_tables",
            "module.oci_lz_orchestrator.module.oci_lz_network.oci_core_service_gateway.these",
            "module.oci_lz_orchestrator.module.oci_lz_network.oci_core_vcn.these",
            "module.oci_lz_orchestrator.module.oci_lz_tags.data.oci_identity_tag.default_created_by",
            "module.oci_lz_orchestrator.module.oci_lz_tags.data.oci_identity_tag.default_created_on",
            "module.oci_lz_orchestrator.module.oci_lz_tags.data.oci_identity_tag_namespaces.oracle_default",
            "module.oci_lz_orchestrator.module.oci_lz_tags.oci_identity_tag.these",
            "module.oci_lz_orchestrator.module.oci_lz_tags.oci_identity_tag_default.these",
            "module.oci_lz_orchestrator.module.oci_lz_tags.oci_identity_tag_namespace.these",
            "module.oci_lz_orchestrator.module.oci_lz_zpr.data.oci_identity_regions.these",
            "module.oci_lz_orchestrator.module.oci_lz_zpr.data.oci_security_attribute_security_attribute_namespaces.default_security_attribute_namespaces",
            "module.oci_lz_orchestrator.module.oci_lz_zpr.data.oci_security_attribute_security_attribute_namespaces.query_security_attribute_namespaces",
            "module.oci_lz_orchestrator.module.oci_lz_zpr.data.oci_zpr_configuration.this",
            "module.oci_lz_orchestrator.module.oci_lz_zpr.oci_security_attribute_security_attribute.these",
            "module.oci_lz_orchestrator.module.oci_lz_zpr.oci_security_attribute_security_attribute_namespace.these",
            "module.oci_lz_orchestrator.module.oci_lz_zpr.oci_zpr_configuration.this",
            "module.oci_lz_orchestrator.module.oci_lz_zpr.oci_zpr_zpr_policy.these",
            "module.oci_lz_orchestrator.module.oci_lz_zpr.time_sleep.wait_after_zpr_configuration"
          ],
          "create_before_destroy": true
        },
        {
          "index_key": "RT-VLL-LZ-EXACS-NPR-CLIENT-KEY",
          "schema_version": 0,
          "attributes": {
            "compartment_id": "ocid1.compartment.oc19..aaaaaaaa5gtrrkqmob4ummcgl52exbo4d4vf55uvlzdku5j4fammf3b2pmlq",
            "defined_tags": {
              "Oracle-Tags.CreatedBy": "default/jorge.e.torlaschi@accenture.com",
              "Oracle-Tags.CreatedOn": "2026-03-10T14:42:50.004Z"
            },
            "display_name": "o-d-om2-rtb-exacs-nprcli-001",
            "freeform_tags": {
              "ocilz-terraform-module": "networking/0.8.1"
            },
            "id": "ocid1.routetable.oc19.eu-madrid-2.aaaaaaaa26d4p6ngnmfwyddmi7ayygbwkypfgw5sxh4wb7kznmfuparwdwjq",
            "route_rules": [
              {
                "cidr_block": "",
                "description": "Route to Oracle Services Network through Service GW",
                "destination": "all-vll-services-in-oracle-services-network",
                "destination_type": "SERVICE_CIDR_BLOCK",
                "network_entity_id": "ocid1.servicegateway.oc19.eu-madrid-2.aaaaaaaa3gxhavba3sykmzt2reypnwomdrcozlkmixnpu2elhenu5u6oripa",
                "route_type": "STATIC"
              },
              {
                "cidr_block": "",
                "description": "Route to the 0.0.0.0/0 through DRG",
                "destination": "0.0.0.0/0",
                "destination_type": "CIDR_BLOCK",
                "network_entity_id": "ocid1.drg.oc19.eu-madrid-2.aaaaaaaa7mto5domu4v7gk3bxq2rnlnslpdc2mnxlue7gatndpienpgmq5wa",
                "route_type": "STATIC"
              }
            ],
            "state": "AVAILABLE",
            "time_created": "2026-03-10 14:42:50.02 +0000 UTC",
            "timeouts": null,
            "vcn_id": "ocid1.vcn.oc19.eu-madrid-2.amaaaaaapw27gbaatri7xmitendke5zbqpwk3dzghwa7apab56eya5rb2fza"
          },
          "sensitive_attributes": [],
          "identity_schema_version": 0,
          "private": "eyJlMmJmYjczMC1lY2FhLTExZTYtOGY4OC0zNDM2M2JjN2M0YzAiOnsiY3JlYXRlIjoxMjAwMDAwMDAwMDAwLCJkZWxldGUiOjEyMDAwMDAwMDAwMDAsInVwZGF0ZSI6MTIwMDAwMDAwMDAwMH19",
          "dependencies": [
            "module.oci_lz_orchestrator.data.oci_identity_regions.these",
            "module.oci_lz_orchestrator.data.oci_identity_tenancy.this",
            "module.oci_lz_orchestrator.module.oci_lz_compartments.oci_identity_compartment.level_2",
            "module.oci_lz_orchestrator.module.oci_lz_compartments.oci_identity_compartment.level_3",
            "module.oci_lz_orchestrator.module.oci_lz_compartments.oci_identity_compartment.level_4",
            "module.oci_lz_orchestrator.module.oci_lz_compartments.oci_identity_compartment.level_5",
            "module.oci_lz_orchestrator.module.oci_lz_compartments.oci_identity_compartment.level_6",
            "module.oci_lz_orchestrator.module.oci_lz_compartments.oci_identity_compartment.these",
            "module.oci_lz_orchestrator.module.oci_lz_compartments.oci_identity_tag_default.these",
            "module.oci_lz_orchestrator.module.oci_lz_network.data.oci_core_services.oci_services",
            "module.oci_lz_orchestrator.module.oci_lz_network.data.oci_core_vcn.existing_vcns",
            "module.oci_lz_orchestrator.module.oci_lz_network.oci_core_drg.these",
            "module.oci_lz_orchestrator.module.oci_lz_network.oci_core_internet_gateway.these",
            "module.oci_lz_orchestrator.module.oci_lz_network.oci_core_local_peering_gateway.oci_acceptor_local_peering_gateways",
            "module.oci_lz_orchestrator.module.oci_lz_network.oci_core_local_peering_gateway.oci_requestor_local_peering_gateways",
            "module.oci_lz_orchestrator.module.oci_lz_network.oci_core_nat_gateway.these",
            "module.oci_lz_orchestrator.module.oci_lz_network.oci_core_public_ip.these",
            "module.oci_lz_orchestrator.module.oci_lz_network.oci_core_public_ip_pool.these",
            "module.oci_lz_orchestrator.module.oci_lz_network.oci_core_route_table.igw_natgw_specific_route_tables",
            "module.oci_lz_orchestrator.module.oci_lz_network.oci_core_route_table.lpg_specific_route_tables",
            "module.oci_lz_orchestrator.module.oci_lz_network.oci_core_route_table.sgw_specific_route_tables",
            "module.oci_lz_orchestrator.module.oci_lz_network.oci_core_service_gateway.these",
            "module.oci_lz_orchestrator.module.oci_lz_network.oci_core_vcn.these",
            "module.oci_lz_orchestrator.module.oci_lz_tags.data.oci_identity_tag.default_created_by",
            "module.oci_lz_orchestrator.module.oci_lz_tags.data.oci_identity_tag.default_created_on",
            "module.oci_lz_orchestrator.module.oci_lz_tags.data.oci_identity_tag_namespaces.oracle_default",
            "module.oci_lz_orchestrator.module.oci_lz_tags.oci_identity_tag.these",
            "module.oci_lz_orchestrator.module.oci_lz_tags.oci_identity_tag_default.these",
            "module.oci_lz_orchestrator.module.oci_lz_tags.oci_identity_tag_namespace.these",
            "module.oci_lz_orchestrator.module.oci_lz_zpr.data.oci_identity_regions.these",
            "module.oci_lz_orchestrator.module.oci_lz_zpr.data.oci_security_attribute_security_attribute_namespaces.default_security_attribute_namespaces",
            "module.oci_lz_orchestrator.module.oci_lz_zpr.data.oci_security_attribute_security_attribute_namespaces.query_security_attribute_namespaces",
            "module.oci_lz_orchestrator.module.oci_lz_zpr.data.oci_zpr_configuration.this",
            "module.oci_lz_orchestrator.module.oci_lz_zpr.oci_security_attribute_security_attribute.these",
            "module.oci_lz_orchestrator.module.oci_lz_zpr.oci_security_attribute_security_attribute_namespace.these",
            "module.oci_lz_orchestrator.module.oci_lz_zpr.oci_zpr_configuration.this",
            "module.oci_lz_orchestrator.module.oci_lz_zpr.oci_zpr_zpr_policy.these",
            "module.oci_lz_orchestrator.module.oci_lz_zpr.time_sleep.wait_after_zpr_configuration"
          ],
          "create_before_destroy": true
        },
        {
          "index_key": "RT-VLL-LZ-EXACS-PRO-BACKUP-KEY",
          "schema_version": 0,
          "attributes": {
            "compartment_id": "ocid1.compartment.oc19..aaaaaaaa5gtrrkqmob4ummcgl52exbo4d4vf55uvlzdku5j4fammf3b2pmlq",
            "defined_tags": {
              "Oracle-Tags.CreatedBy": "default/jorge.e.torlaschi@accenture.com",
              "Oracle-Tags.CreatedOn": "2026-03-10T14:42:50.006Z"
            },
            "display_name": "o-p-om2-rtb-exacs-procbck-001",
            "freeform_tags": {
              "ocilz-terraform-module": "networking/0.8.1"
            },
            "id": "ocid1.routetable.oc19.eu-madrid-2.aaaaaaaalajl2baakfooxs77yvz6qt3ybptz6vxrc3fapjnc37i53ijhywqa",
            "route_rules": [
              {
                "cidr_block": "",
                "description": "Route to Oracle Services Network through Service GW",
                "destination": "all-vll-services-in-oracle-services-network",
                "destination_type": "SERVICE_CIDR_BLOCK",
                "network_entity_id": "ocid1.servicegateway.oc19.eu-madrid-2.aaaaaaaavxjuqe7azfv344j6xgkbhuk2u5j6az5ndjzmrljhupocmfpejm7a",
                "route_type": "STATIC"
              },
              {
                "cidr_block": "",
                "description": "Route to the 0.0.0.0/0 through DRG",
                "destination": "0.0.0.0/0",
                "destination_type": "CIDR_BLOCK",
                "network_entity_id": "ocid1.drg.oc19.eu-madrid-2.aaaaaaaa7mto5domu4v7gk3bxq2rnlnslpdc2mnxlue7gatndpienpgmq5wa",
                "route_type": "STATIC"
              }
            ],
            "state": "AVAILABLE",
            "time_created": "2026-03-10 14:42:50.014 +0000 UTC",
            "timeouts": null,
            "vcn_id": "ocid1.vcn.oc19.eu-madrid-2.amaaaaaapw27gbaa26l4e3e3jodcwszp52idisn7ntkehkfskz3zzbp7eliq"
          },
          "sensitive_attributes": [],
          "identity_schema_version": 0,
          "private": "eyJlMmJmYjczMC1lY2FhLTExZTYtOGY4OC0zNDM2M2JjN2M0YzAiOnsiY3JlYXRlIjoxMjAwMDAwMDAwMDAwLCJkZWxldGUiOjEyMDAwMDAwMDAwMDAsInVwZGF0ZSI6MTIwMDAwMDAwMDAwMH19",
          "dependencies": [
            "module.oci_lz_orchestrator.data.oci_identity_regions.these",
            "module.oci_lz_orchestrator.data.oci_identity_tenancy.this",
            "module.oci_lz_orchestrator.module.oci_lz_compartments.oci_identity_compartment.level_2",
            "module.oci_lz_orchestrator.module.oci_lz_compartments.oci_identity_compartment.level_3",
            "module.oci_lz_orchestrator.module.oci_lz_compartments.oci_identity_compartment.level_4",
            "module.oci_lz_orchestrator.module.oci_lz_compartments.oci_identity_compartment.level_5",
            "module.oci_lz_orchestrator.module.oci_lz_compartments.oci_identity_compartment.level_6",
            "module.oci_lz_orchestrator.module.oci_lz_compartments.oci_identity_compartment.these",
            "module.oci_lz_orchestrator.module.oci_lz_compartments.oci_identity_tag_default.these",
            "module.oci_lz_orchestrator.module.oci_lz_network.data.oci_core_services.oci_services",
            "module.oci_lz_orchestrator.module.oci_lz_network.data.oci_core_vcn.existing_vcns",
            "module.oci_lz_orchestrator.module.oci_lz_network.oci_core_drg.these",
            "module.oci_lz_orchestrator.module.oci_lz_network.oci_core_internet_gateway.these",
            "module.oci_lz_orchestrator.module.oci_lz_network.oci_core_local_peering_gateway.oci_acceptor_local_peering_gateways",
            "module.oci_lz_orchestrator.module.oci_lz_network.oci_core_local_peering_gateway.oci_requestor_local_peering_gateways",
            "module.oci_lz_orchestrator.module.oci_lz_network.oci_core_nat_gateway.these",
            "module.oci_lz_orchestrator.module.oci_lz_network.oci_core_public_ip.these",
            "module.oci_lz_orchestrator.module.oci_lz_network.oci_core_public_ip_pool.these",
            "module.oci_lz_orchestrator.module.oci_lz_network.oci_core_route_table.igw_natgw_specific_route_tables",
            "module.oci_lz_orchestrator.module.oci_lz_network.oci_core_route_table.lpg_specific_route_tables",
            "module.oci_lz_orchestrator.module.oci_lz_network.oci_core_route_table.sgw_specific_route_tables",
            "module.oci_lz_orchestrator.module.oci_lz_network.oci_core_service_gateway.these",
            "module.oci_lz_orchestrator.module.oci_lz_network.oci_core_vcn.these",
            "module.oci_lz_orchestrator.module.oci_lz_tags.data.oci_identity_tag.default_created_by",
            "module.oci_lz_orchestrator.module.oci_lz_tags.data.oci_identity_tag.default_created_on",
            "module.oci_lz_orchestrator.module.oci_lz_tags.data.oci_identity_tag_namespaces.oracle_default",
            "module.oci_lz_orchestrator.module.oci_lz_tags.oci_identity_tag.these",
            "module.oci_lz_orchestrator.module.oci_lz_tags.oci_identity_tag_default.these",
            "module.oci_lz_orchestrator.module.oci_lz_tags.oci_identity_tag_namespace.these",
            "module.oci_lz_orchestrator.module.oci_lz_zpr.data.oci_identity_regions.these",
            "module.oci_lz_orchestrator.module.oci_lz_zpr.data.oci_security_attribute_security_attribute_namespaces.default_security_attribute_namespaces",
            "module.oci_lz_orchestrator.module.oci_lz_zpr.data.oci_security_attribute_security_attribute_namespaces.query_security_attribute_namespaces",
            "module.oci_lz_orchestrator.module.oci_lz_zpr.data.oci_zpr_configuration.this",
            "module.oci_lz_orchestrator.module.oci_lz_zpr.oci_security_attribute_security_attribute.these",
            "module.oci_lz_orchestrator.module.oci_lz_zpr.oci_security_attribute_security_attribute_namespace.these",
            "module.oci_lz_orchestrator.module.oci_lz_zpr.oci_zpr_configuration.this",
            "module.oci_lz_orchestrator.module.oci_lz_zpr.oci_zpr_zpr_policy.these",
            "module.oci_lz_orchestrator.module.oci_lz_zpr.time_sleep.wait_after_zpr_configuration"
          ],
          "create_before_destroy": true
        },
        {
          "index_key": "RT-VLL-LZ-EXACS-PRO-CLIENT-KEY",
          "schema_version": 0,
          "attributes": {
            "compartment_id": "ocid1.compartment.oc19..aaaaaaaa5gtrrkqmob4ummcgl52exbo4d4vf55uvlzdku5j4fammf3b2pmlq",
            "defined_tags": {
              "Oracle-Tags.CreatedBy": "default/jorge.e.torlaschi@accenture.com",
              "Oracle-Tags.CreatedOn": "2026-03-10T14:42:49.999Z"
            },
            "display_name": "o-p-om2-rtb-exacs-procli-001",
            "freeform_tags": {
              "ocilz-terraform-module": "networking/0.8.1"
            },
            "id": "ocid1.routetable.oc19.eu-madrid-2.aaaaaaaavysyvwdx5ejpjsmd5jxgvjam6oiflmsiidryhomite4ennv5enfq",
            "route_rules": [
              {
                "cidr_block": "",
                "description": "Route to Oracle Services Network through Service GW",
                "destination": "all-vll-services-in-oracle-services-network",
                "destination_type": "SERVICE_CIDR_BLOCK",
                "network_entity_id": "ocid1.servicegateway.oc19.eu-madrid-2.aaaaaaaavxjuqe7azfv344j6xgkbhuk2u5j6az5ndjzmrljhupocmfpejm7a",
                "route_type": "STATIC"
              },
              {
                "cidr_block": "",
                "description": "Route to the 0.0.0.0/0 through DRG",
                "destination": "0.0.0.0/0",
                "destination_type": "CIDR_BLOCK",
                "network_entity_id": "ocid1.drg.oc19.eu-madrid-2.aaaaaaaa7mto5domu4v7gk3bxq2rnlnslpdc2mnxlue7gatndpienpgmq5wa",
                "route_type": "STATIC"
              }
            ],
            "state": "AVAILABLE",
            "time_created": "2026-03-10 14:42:50.016 +0000 UTC",
            "timeouts": null,
            "vcn_id": "ocid1.vcn.oc19.eu-madrid-2.amaaaaaapw27gbaa26l4e3e3jodcwszp52idisn7ntkehkfskz3zzbp7eliq"
          },
          "sensitive_attributes": [],
          "identity_schema_version": 0,
          "private": "eyJlMmJmYjczMC1lY2FhLTExZTYtOGY4OC0zNDM2M2JjN2M0YzAiOnsiY3JlYXRlIjoxMjAwMDAwMDAwMDAwLCJkZWxldGUiOjEyMDAwMDAwMDAwMDAsInVwZGF0ZSI6MTIwMDAwMDAwMDAwMH19",
          "dependencies": [
            "module.oci_lz_orchestrator.data.oci_identity_regions.these",
            "module.oci_lz_orchestrator.data.oci_identity_tenancy.this",
            "module.oci_lz_orchestrator.module.oci_lz_compartments.oci_identity_compartment.level_2",
            "module.oci_lz_orchestrator.module.oci_lz_compartments.oci_identity_compartment.level_3",
            "module.oci_lz_orchestrator.module.oci_lz_compartments.oci_identity_compartment.level_4",
            "module.oci_lz_orchestrator.module.oci_lz_compartments.oci_identity_compartment.level_5",
            "module.oci_lz_orchestrator.module.oci_lz_compartments.oci_identity_compartment.level_6",
            "module.oci_lz_orchestrator.module.oci_lz_compartments.oci_identity_compartment.these",
            "module.oci_lz_orchestrator.module.oci_lz_compartments.oci_identity_tag_default.these",
            "module.oci_lz_orchestrator.module.oci_lz_network.data.oci_core_services.oci_services",
            "module.oci_lz_orchestrator.module.oci_lz_network.data.oci_core_vcn.existing_vcns",
            "module.oci_lz_orchestrator.module.oci_lz_network.oci_core_drg.these",
            "module.oci_lz_orchestrator.module.oci_lz_network.oci_core_internet_gateway.these",
            "module.oci_lz_orchestrator.module.oci_lz_network.oci_core_local_peering_gateway.oci_acceptor_local_peering_gateways",
            "module.oci_lz_orchestrator.module.oci_lz_network.oci_core_local_peering_gateway.oci_requestor_local_peering_gateways",
            "module.oci_lz_orchestrator.module.oci_lz_network.oci_core_nat_gateway.these",
            "module.oci_lz_orchestrator.module.oci_lz_network.oci_core_public_ip.these",
            "module.oci_lz_orchestrator.module.oci_lz_network.oci_core_public_ip_pool.these",
            "module.oci_lz_orchestrator.module.oci_lz_network.oci_core_route_table.igw_natgw_specific_route_tables",
            "module.oci_lz_orchestrator.module.oci_lz_network.oci_core_route_table.lpg_specific_route_tables",
            "module.oci_lz_orchestrator.module.oci_lz_network.oci_core_route_table.sgw_specific_route_tables",
            "module.oci_lz_orchestrator.module.oci_lz_network.oci_core_service_gateway.these",
            "module.oci_lz_orchestrator.module.oci_lz_network.oci_core_vcn.these",
            "module.oci_lz_orchestrator.module.oci_lz_tags.data.oci_identity_tag.default_created_by",
            "module.oci_lz_orchestrator.module.oci_lz_tags.data.oci_identity_tag.default_created_on",
            "module.oci_lz_orchestrator.module.oci_lz_tags.data.oci_identity_tag_namespaces.oracle_default",
            "module.oci_lz_orchestrator.module.oci_lz_tags.oci_identity_tag.these",
            "module.oci_lz_orchestrator.module.oci_lz_tags.oci_identity_tag_default.these",
            "module.oci_lz_orchestrator.module.oci_lz_tags.oci_identity_tag_namespace.these",
            "module.oci_lz_orchestrator.module.oci_lz_zpr.data.oci_identity_regions.these",
            "module.oci_lz_orchestrator.module.oci_lz_zpr.data.oci_security_attribute_security_attribute_namespaces.default_security_attribute_namespaces",
            "module.oci_lz_orchestrator.module.oci_lz_zpr.data.oci_security_attribute_security_attribute_namespaces.query_security_attribute_namespaces",
            "module.oci_lz_orchestrator.module.oci_lz_zpr.data.oci_zpr_configuration.this",
            "module.oci_lz_orchestrator.module.oci_lz_zpr.oci_security_attribute_security_attribute.these",
            "module.oci_lz_orchestrator.module.oci_lz_zpr.oci_security_attribute_security_attribute_namespace.these",
            "module.oci_lz_orchestrator.module.oci_lz_zpr.oci_zpr_configuration.this",
            "module.oci_lz_orchestrator.module.oci_lz_zpr.oci_zpr_zpr_policy.these",
            "module.oci_lz_orchestrator.module.oci_lz_zpr.time_sleep.wait_after_zpr_configuration"
          ],
          "create_before_destroy": true
        },
        {
          "index_key": "RT-VLL-LZ-HUB-FW-KEY",
          "schema_version": 0,
          "attributes": {
            "compartment_id": "ocid1.compartment.oc19..aaaaaaaa5gtrrkqmob4ummcgl52exbo4d4vf55uvlzdku5j4fammf3b2pmlq",
            "defined_tags": {
              "Oracle-Tags.CreatedBy": "default/jorge.e.torlaschi@accenture.com",
              "Oracle-Tags.CreatedOn": "2026-03-10T14:42:49.935Z"
            },
            "display_name": "o-p-om2-rtb-hubfw-001",
            "freeform_tags": {
              "ocilz-terraform-module": "networking/0.8.1"
            },
            "id": "ocid1.routetable.oc19.eu-madrid-2.aaaaaaaamhwcecichg7l26fnd2rgvqk7ni5x2worom4hblpff3oax6fwie4a",
            "route_rules": [
              {
                "cidr_block": "",
                "description": "Route to Internet through NAT GW",
                "destination": "0.0.0.0/0",
                "destination_type": "CIDR_BLOCK",
                "network_entity_id": "ocid1.natgateway.oc19.eu-madrid-2.aaaaaaaanu7fddyxgdcchizzlez6bbfeomnnwrffuasiou7dpm7aem4fwmwa",
                "route_type": "STATIC"
              }
            ],
            "state": "AVAILABLE",
            "time_created": "2026-03-10 14:42:49.948 +0000 UTC",
            "timeouts": null,
            "vcn_id": "ocid1.vcn.oc19.eu-madrid-2.amaaaaaapw27gbaahaampmaqpuconyvwmecndp6epapf6uv4p2okvyd2qe4q"
          },
          "sensitive_attributes": [],
          "identity_schema_version": 0,
          "private": "eyJlMmJmYjczMC1lY2FhLTExZTYtOGY4OC0zNDM2M2JjN2M0YzAiOnsiY3JlYXRlIjoxMjAwMDAwMDAwMDAwLCJkZWxldGUiOjEyMDAwMDAwMDAwMDAsInVwZGF0ZSI6MTIwMDAwMDAwMDAwMH19",
          "dependencies": [
            "module.oci_lz_orchestrator.data.oci_identity_regions.these",
            "module.oci_lz_orchestrator.data.oci_identity_tenancy.this",
            "module.oci_lz_orchestrator.module.oci_lz_compartments.oci_identity_compartment.level_2",
            "module.oci_lz_orchestrator.module.oci_lz_compartments.oci_identity_compartment.level_3",
            "module.oci_lz_orchestrator.module.oci_lz_compartments.oci_identity_compartment.level_4",
            "module.oci_lz_orchestrator.module.oci_lz_compartments.oci_identity_compartment.level_5",
            "module.oci_lz_orchestrator.module.oci_lz_compartments.oci_identity_compartment.level_6",
            "module.oci_lz_orchestrator.module.oci_lz_compartments.oci_identity_compartment.these",
            "module.oci_lz_orchestrator.module.oci_lz_compartments.oci_identity_tag_default.these",
            "module.oci_lz_orchestrator.module.oci_lz_network.data.oci_core_services.oci_services",
            "module.oci_lz_orchestrator.module.oci_lz_network.data.oci_core_vcn.existing_vcns",
            "module.oci_lz_orchestrator.module.oci_lz_network.oci_core_drg.these",
            "module.oci_lz_orchestrator.module.oci_lz_network.oci_core_internet_gateway.these",
            "module.oci_lz_orchestrator.module.oci_lz_network.oci_core_local_peering_gateway.oci_acceptor_local_peering_gateways",
            "module.oci_lz_orchestrator.module.oci_lz_network.oci_core_local_peering_gateway.oci_requestor_local_peering_gateways",
            "module.oci_lz_orchestrator.module.oci_lz_network.oci_core_nat_gateway.these",
            "module.oci_lz_orchestrator.module.oci_lz_network.oci_core_public_ip.these",
            "module.oci_lz_orchestrator.module.oci_lz_network.oci_core_public_ip_pool.these",
            "module.oci_lz_orchestrator.module.oci_lz_network.oci_core_route_table.igw_natgw_specific_route_tables",
            "module.oci_lz_orchestrator.module.oci_lz_network.oci_core_route_table.lpg_specific_route_tables",
            "module.oci_lz_orchestrator.module.oci_lz_network.oci_core_route_table.sgw_specific_route_tables",
            "module.oci_lz_orchestrator.module.oci_lz_network.oci_core_service_gateway.these",
            "module.oci_lz_orchestrator.module.oci_lz_network.oci_core_vcn.these",
            "module.oci_lz_orchestrator.module.oci_lz_tags.data.oci_identity_tag.default_created_by",
            "module.oci_lz_orchestrator.module.oci_lz_tags.data.oci_identity_tag.default_created_on",
            "module.oci_lz_orchestrator.module.oci_lz_tags.data.oci_identity_tag_namespaces.oracle_default",
            "module.oci_lz_orchestrator.module.oci_lz_tags.oci_identity_tag.these",
            "module.oci_lz_orchestrator.module.oci_lz_tags.oci_identity_tag_default.these",
            "module.oci_lz_orchestrator.module.oci_lz_tags.oci_identity_tag_namespace.these",
            "module.oci_lz_orchestrator.module.oci_lz_zpr.data.oci_identity_regions.these",
            "module.oci_lz_orchestrator.module.oci_lz_zpr.data.oci_security_attribute_security_attribute_namespaces.default_security_attribute_namespaces",
            "module.oci_lz_orchestrator.module.oci_lz_zpr.data.oci_security_attribute_security_attribute_namespaces.query_security_attribute_namespaces",
            "module.oci_lz_orchestrator.module.oci_lz_zpr.data.oci_zpr_configuration.this",
            "module.oci_lz_orchestrator.module.oci_lz_zpr.oci_security_attribute_security_attribute.these",
            "module.oci_lz_orchestrator.module.oci_lz_zpr.oci_security_attribute_security_attribute_namespace.these",
            "module.oci_lz_orchestrator.module.oci_lz_zpr.oci_zpr_configuration.this",
            "module.oci_lz_orchestrator.module.oci_lz_zpr.oci_zpr_zpr_policy.these",
            "module.oci_lz_orchestrator.module.oci_lz_zpr.time_sleep.wait_after_zpr_configuration"
          ],
          "create_before_destroy": true
        }
      ]
    },
    {
      "module": "module.oci_lz_orchestrator.module.oci_lz_network[0]",
      "mode": "managed",
      "type": "oci_core_route_table_attachment",
      "name": "these",
      "provider": "module.oci_lz_orchestrator.provider[\"registry.terraform.io/oracle/oci\"]",
      "instances": [
        {
          "index_key": "SN-VLL-LZ-EXACS-NPR-BACKUP-KEY",
          "schema_version": 0,
          "attributes": {
            "id": "ocid1.subnet.oc19.eu-madrid-2.aaaaaaaapzxknvaxdzhxhy6bnelwuyqykfwccruyrftnshskkcc2upjphvka/ocid1.routetable.oc19.eu-madrid-2.aaaaaaaaxj3cpw5v7ck6pshlzysnpxep73cvbfv6wunmzcxesun4ewxnmkxa",
            "route_table_id": "ocid1.routetable.oc19.eu-madrid-2.aaaaaaaaxj3cpw5v7ck6pshlzysnpxep73cvbfv6wunmzcxesun4ewxnmkxa",
            "subnet_id": "ocid1.subnet.oc19.eu-madrid-2.aaaaaaaapzxknvaxdzhxhy6bnelwuyqykfwccruyrftnshskkcc2upjphvka",
            "timeouts": null
          },
          "sensitive_attributes": [],
          "identity_schema_version": 0,
          "private": "eyJlMmJmYjczMC1lY2FhLTExZTYtOGY4OC0zNDM2M2JjN2M0YzAiOnsiY3JlYXRlIjoxMjAwMDAwMDAwMDAwLCJkZWxldGUiOjEyMDAwMDAwMDAwMDAsInVwZGF0ZSI6MTIwMDAwMDAwMDAwMH19",
          "dependencies": [
            "module.oci_lz_orchestrator.data.oci_identity_regions.these",
            "module.oci_lz_orchestrator.data.oci_identity_tenancy.this",
            "module.oci_lz_orchestrator.module.oci_lz_compartments.oci_identity_compartment.level_2",
            "module.oci_lz_orchestrator.module.oci_lz_compartments.oci_identity_compartment.level_3",
            "module.oci_lz_orchestrator.module.oci_lz_compartments.oci_identity_compartment.level_4",
            "module.oci_lz_orchestrator.module.oci_lz_compartments.oci_identity_compartment.level_5",
            "module.oci_lz_orchestrator.module.oci_lz_compartments.oci_identity_compartment.level_6",
            "module.oci_lz_orchestrator.module.oci_lz_compartments.oci_identity_compartment.these",
            "module.oci_lz_orchestrator.module.oci_lz_compartments.oci_identity_tag_default.these",
            "module.oci_lz_orchestrator.module.oci_lz_network.data.oci_core_services.oci_services",
            "module.oci_lz_orchestrator.module.oci_lz_network.data.oci_core_vcn.existing_vcns",
            "module.oci_lz_orchestrator.module.oci_lz_network.oci_core_dhcp_options.these",
            "module.oci_lz_orchestrator.module.oci_lz_network.oci_core_drg.these",
            "module.oci_lz_orchestrator.module.oci_lz_network.oci_core_internet_gateway.these",
            "module.oci_lz_orchestrator.module.oci_lz_network.oci_core_local_peering_gateway.oci_acceptor_local_peering_gateways",
            "module.oci_lz_orchestrator.module.oci_lz_network.oci_core_local_peering_gateway.oci_requestor_local_peering_gateways",
            "module.oci_lz_orchestrator.module.oci_lz_network.oci_core_nat_gateway.these",
            "module.oci_lz_orchestrator.module.oci_lz_network.oci_core_public_ip.these",
            "module.oci_lz_orchestrator.module.oci_lz_network.oci_core_public_ip_pool.these",
            "module.oci_lz_orchestrator.module.oci_lz_network.oci_core_route_table.drga_specific_route_tables",
            "module.oci_lz_orchestrator.module.oci_lz_network.oci_core_route_table.igw_natgw_specific_route_tables",
            "module.oci_lz_orchestrator.module.oci_lz_network.oci_core_route_table.lpg_specific_route_tables",
            "module.oci_lz_orchestrator.module.oci_lz_network.oci_core_route_table.non_gw_specific_remaining_route_tables",
            "module.oci_lz_orchestrator.module.oci_lz_network.oci_core_route_table.sgw_specific_route_tables",
            "module.oci_lz_orchestrator.module.oci_lz_network.oci_core_security_list.these",
            "module.oci_lz_orchestrator.module.oci_lz_network.oci_core_service_gateway.these",
            "module.oci_lz_orchestrator.module.oci_lz_network.oci_core_subnet.these",
            "module.oci_lz_orchestrator.module.oci_lz_network.oci_core_vcn.these",
            "module.oci_lz_orchestrator.module.oci_lz_tags.data.oci_identity_tag.default_created_by",
            "module.oci_lz_orchestrator.module.oci_lz_tags.data.oci_identity_tag.default_created_on",
            "module.oci_lz_orchestrator.module.oci_lz_tags.data.oci_identity_tag_namespaces.oracle_default",
            "module.oci_lz_orchestrator.module.oci_lz_tags.oci_identity_tag.these",
            "module.oci_lz_orchestrator.module.oci_lz_tags.oci_identity_tag_default.these",
            "module.oci_lz_orchestrator.module.oci_lz_tags.oci_identity_tag_namespace.these",
            "module.oci_lz_orchestrator.module.oci_lz_zpr.data.oci_identity_regions.these",
            "module.oci_lz_orchestrator.module.oci_lz_zpr.data.oci_security_attribute_security_attribute_namespaces.default_security_attribute_namespaces",
            "module.oci_lz_orchestrator.module.oci_lz_zpr.data.oci_security_attribute_security_attribute_namespaces.query_security_attribute_namespaces",
            "module.oci_lz_orchestrator.module.oci_lz_zpr.data.oci_zpr_configuration.this",
            "module.oci_lz_orchestrator.module.oci_lz_zpr.oci_security_attribute_security_attribute.these",
            "module.oci_lz_orchestrator.module.oci_lz_zpr.oci_security_attribute_security_attribute_namespace.these",
            "module.oci_lz_orchestrator.module.oci_lz_zpr.oci_zpr_configuration.this",
            "module.oci_lz_orchestrator.module.oci_lz_zpr.oci_zpr_zpr_policy.these",
            "module.oci_lz_orchestrator.module.oci_lz_zpr.time_sleep.wait_after_zpr_configuration"
          ]
        },
        {
          "index_key": "SN-VLL-LZ-EXACS-NPR-CLIENT-KEY",
          "schema_version": 0,
          "attributes": {
            "id": "ocid1.subnet.oc19.eu-madrid-2.aaaaaaaakekfuzcbd43hvuufgzx6x5uybwjcst35azjilncmjgc254i22gpa/ocid1.routetable.oc19.eu-madrid-2.aaaaaaaa26d4p6ngnmfwyddmi7ayygbwkypfgw5sxh4wb7kznmfuparwdwjq",
            "route_table_id": "ocid1.routetable.oc19.eu-madrid-2.aaaaaaaa26d4p6ngnmfwyddmi7ayygbwkypfgw5sxh4wb7kznmfuparwdwjq",
            "subnet_id": "ocid1.subnet.oc19.eu-madrid-2.aaaaaaaakekfuzcbd43hvuufgzx6x5uybwjcst35azjilncmjgc254i22gpa",
            "timeouts": null
          },
          "sensitive_attributes": [],
          "identity_schema_version": 0,
          "private": "eyJlMmJmYjczMC1lY2FhLTExZTYtOGY4OC0zNDM2M2JjN2M0YzAiOnsiY3JlYXRlIjoxMjAwMDAwMDAwMDAwLCJkZWxldGUiOjEyMDAwMDAwMDAwMDAsInVwZGF0ZSI6MTIwMDAwMDAwMDAwMH19",
          "dependencies": [
            "module.oci_lz_orchestrator.data.oci_identity_regions.these",
            "module.oci_lz_orchestrator.data.oci_identity_tenancy.this",
            "module.oci_lz_orchestrator.module.oci_lz_compartments.oci_identity_compartment.level_2",
            "module.oci_lz_orchestrator.module.oci_lz_compartments.oci_identity_compartment.level_3",
            "module.oci_lz_orchestrator.module.oci_lz_compartments.oci_identity_compartment.level_4",
            "module.oci_lz_orchestrator.module.oci_lz_compartments.oci_identity_compartment.level_5",
            "module.oci_lz_orchestrator.module.oci_lz_compartments.oci_identity_compartment.level_6",
            "module.oci_lz_orchestrator.module.oci_lz_compartments.oci_identity_compartment.these",
            "module.oci_lz_orchestrator.module.oci_lz_compartments.oci_identity_tag_default.these",
            "module.oci_lz_orchestrator.module.oci_lz_network.data.oci_core_services.oci_services",
            "module.oci_lz_orchestrator.module.oci_lz_network.data.oci_core_vcn.existing_vcns",
            "module.oci_lz_orchestrator.module.oci_lz_network.oci_core_dhcp_options.these",
            "module.oci_lz_orchestrator.module.oci_lz_network.oci_core_drg.these",
            "module.oci_lz_orchestrator.module.oci_lz_network.oci_core_internet_gateway.these",
            "module.oci_lz_orchestrator.module.oci_lz_network.oci_core_local_peering_gateway.oci_acceptor_local_peering_gateways",
            "module.oci_lz_orchestrator.module.oci_lz_network.oci_core_local_peering_gateway.oci_requestor_local_peering_gateways",
            "module.oci_lz_orchestrator.module.oci_lz_network.oci_core_nat_gateway.these",
            "module.oci_lz_orchestrator.module.oci_lz_network.oci_core_public_ip.these",
            "module.oci_lz_orchestrator.module.oci_lz_network.oci_core_public_ip_pool.these",
            "module.oci_lz_orchestrator.module.oci_lz_network.oci_core_route_table.drga_specific_route_tables",
            "module.oci_lz_orchestrator.module.oci_lz_network.oci_core_route_table.igw_natgw_specific_route_tables",
            "module.oci_lz_orchestrator.module.oci_lz_network.oci_core_route_table.lpg_specific_route_tables",
            "module.oci_lz_orchestrator.module.oci_lz_network.oci_core_route_table.non_gw_specific_remaining_route_tables",
            "module.oci_lz_orchestrator.module.oci_lz_network.oci_core_route_table.sgw_specific_route_tables",
            "module.oci_lz_orchestrator.module.oci_lz_network.oci_core_security_list.these",
            "module.oci_lz_orchestrator.module.oci_lz_network.oci_core_service_gateway.these",
            "module.oci_lz_orchestrator.module.oci_lz_network.oci_core_subnet.these",
            "module.oci_lz_orchestrator.module.oci_lz_network.oci_core_vcn.these",
            "module.oci_lz_orchestrator.module.oci_lz_tags.data.oci_identity_tag.default_created_by",
            "module.oci_lz_orchestrator.module.oci_lz_tags.data.oci_identity_tag.default_created_on",
            "module.oci_lz_orchestrator.module.oci_lz_tags.data.oci_identity_tag_namespaces.oracle_default",
            "module.oci_lz_orchestrator.module.oci_lz_tags.oci_identity_tag.these",
            "module.oci_lz_orchestrator.module.oci_lz_tags.oci_identity_tag_default.these",
            "module.oci_lz_orchestrator.module.oci_lz_tags.oci_identity_tag_namespace.these",
            "module.oci_lz_orchestrator.module.oci_lz_zpr.data.oci_identity_regions.these",
            "module.oci_lz_orchestrator.module.oci_lz_zpr.data.oci_security_attribute_security_attribute_namespaces.default_security_attribute_namespaces",
            "module.oci_lz_orchestrator.module.oci_lz_zpr.data.oci_security_attribute_security_attribute_namespaces.query_security_attribute_namespaces",
            "module.oci_lz_orchestrator.module.oci_lz_zpr.data.oci_zpr_configuration.this",
            "module.oci_lz_orchestrator.module.oci_lz_zpr.oci_security_attribute_security_attribute.these",
            "module.oci_lz_orchestrator.module.oci_lz_zpr.oci_security_attribute_security_attribute_namespace.these",
            "module.oci_lz_orchestrator.module.oci_lz_zpr.oci_zpr_configuration.this",
            "module.oci_lz_orchestrator.module.oci_lz_zpr.oci_zpr_zpr_policy.these",
            "module.oci_lz_orchestrator.module.oci_lz_zpr.time_sleep.wait_after_zpr_configuration"
          ]
        },
        {
          "index_key": "SN-VLL-LZ-EXACS-PRO-BACKUP-KEY",
          "schema_version": 0,
          "attributes": {
            "id": "ocid1.subnet.oc19.eu-madrid-2.aaaaaaaakmjkmcwkvu6a3aq4izcvnpsqlgcac7aivh55zn7p4bg22xvwdw4q/ocid1.routetable.oc19.eu-madrid-2.aaaaaaaalajl2baakfooxs77yvz6qt3ybptz6vxrc3fapjnc37i53ijhywqa",
            "route_table_id": "ocid1.routetable.oc19.eu-madrid-2.aaaaaaaalajl2baakfooxs77yvz6qt3ybptz6vxrc3fapjnc37i53ijhywqa",
            "subnet_id": "ocid1.subnet.oc19.eu-madrid-2.aaaaaaaakmjkmcwkvu6a3aq4izcvnpsqlgcac7aivh55zn7p4bg22xvwdw4q",
            "timeouts": null
          },
          "sensitive_attributes": [],
          "identity_schema_version": 0,
          "private": "eyJlMmJmYjczMC1lY2FhLTExZTYtOGY4OC0zNDM2M2JjN2M0YzAiOnsiY3JlYXRlIjoxMjAwMDAwMDAwMDAwLCJkZWxldGUiOjEyMDAwMDAwMDAwMDAsInVwZGF0ZSI6MTIwMDAwMDAwMDAwMH19",
          "dependencies": [
            "module.oci_lz_orchestrator.data.oci_identity_regions.these",
            "module.oci_lz_orchestrator.data.oci_identity_tenancy.this",
            "module.oci_lz_orchestrator.module.oci_lz_compartments.oci_identity_compartment.level_2",
            "module.oci_lz_orchestrator.module.oci_lz_compartments.oci_identity_compartment.level_3",
            "module.oci_lz_orchestrator.module.oci_lz_compartments.oci_identity_compartment.level_4",
            "module.oci_lz_orchestrator.module.oci_lz_compartments.oci_identity_compartment.level_5",
            "module.oci_lz_orchestrator.module.oci_lz_compartments.oci_identity_compartment.level_6",
            "module.oci_lz_orchestrator.module.oci_lz_compartments.oci_identity_compartment.these",
            "module.oci_lz_orchestrator.module.oci_lz_compartments.oci_identity_tag_default.these",
            "module.oci_lz_orchestrator.module.oci_lz_network.data.oci_core_services.oci_services",
            "module.oci_lz_orchestrator.module.oci_lz_network.data.oci_core_vcn.existing_vcns",
            "module.oci_lz_orchestrator.module.oci_lz_network.oci_core_dhcp_options.these",
            "module.oci_lz_orchestrator.module.oci_lz_network.oci_core_drg.these",
            "module.oci_lz_orchestrator.module.oci_lz_network.oci_core_internet_gateway.these",
            "module.oci_lz_orchestrator.module.oci_lz_network.oci_core_local_peering_gateway.oci_acceptor_local_peering_gateways",
            "module.oci_lz_orchestrator.module.oci_lz_network.oci_core_local_peering_gateway.oci_requestor_local_peering_gateways",
            "module.oci_lz_orchestrator.module.oci_lz_network.oci_core_nat_gateway.these",
            "module.oci_lz_orchestrator.module.oci_lz_network.oci_core_public_ip.these",
            "module.oci_lz_orchestrator.module.oci_lz_network.oci_core_public_ip_pool.these",
            "module.oci_lz_orchestrator.module.oci_lz_network.oci_core_route_table.drga_specific_route_tables",
            "module.oci_lz_orchestrator.module.oci_lz_network.oci_core_route_table.igw_natgw_specific_route_tables",
            "module.oci_lz_orchestrator.module.oci_lz_network.oci_core_route_table.lpg_specific_route_tables",
            "module.oci_lz_orchestrator.module.oci_lz_network.oci_core_route_table.non_gw_specific_remaining_route_tables",
            "module.oci_lz_orchestrator.module.oci_lz_network.oci_core_route_table.sgw_specific_route_tables",
            "module.oci_lz_orchestrator.module.oci_lz_network.oci_core_security_list.these",
            "module.oci_lz_orchestrator.module.oci_lz_network.oci_core_service_gateway.these",
            "module.oci_lz_orchestrator.module.oci_lz_network.oci_core_subnet.these",
            "module.oci_lz_orchestrator.module.oci_lz_network.oci_core_vcn.these",
            "module.oci_lz_orchestrator.module.oci_lz_tags.data.oci_identity_tag.default_created_by",
            "module.oci_lz_orchestrator.module.oci_lz_tags.data.oci_identity_tag.default_created_on",
            "module.oci_lz_orchestrator.module.oci_lz_tags.data.oci_identity_tag_namespaces.oracle_default",
            "module.oci_lz_orchestrator.module.oci_lz_tags.oci_identity_tag.these",
            "module.oci_lz_orchestrator.module.oci_lz_tags.oci_identity_tag_default.these",
            "module.oci_lz_orchestrator.module.oci_lz_tags.oci_identity_tag_namespace.these",
            "module.oci_lz_orchestrator.module.oci_lz_zpr.data.oci_identity_regions.these",
            "module.oci_lz_orchestrator.module.oci_lz_zpr.data.oci_security_attribute_security_attribute_namespaces.default_security_attribute_namespaces",
            "module.oci_lz_orchestrator.module.oci_lz_zpr.data.oci_security_attribute_security_attribute_namespaces.query_security_attribute_namespaces",
            "module.oci_lz_orchestrator.module.oci_lz_zpr.data.oci_zpr_configuration.this",
            "module.oci_lz_orchestrator.module.oci_lz_zpr.oci_security_attribute_security_attribute.these",
            "module.oci_lz_orchestrator.module.oci_lz_zpr.oci_security_attribute_security_attribute_namespace.these",
            "module.oci_lz_orchestrator.module.oci_lz_zpr.oci_zpr_configuration.this",
            "module.oci_lz_orchestrator.module.oci_lz_zpr.oci_zpr_zpr_policy.these",
            "module.oci_lz_orchestrator.module.oci_lz_zpr.time_sleep.wait_after_zpr_configuration"
          ]
        },
        {
          "index_key": "SN-VLL-LZ-EXACS-PRO-CLIENT-KEY",
          "schema_version": 0,
          "attributes": {
            "id": "ocid1.subnet.oc19.eu-madrid-2.aaaaaaaa25at3fn2vvtxylgqpchpy6lwgcerzodsg3sc53qctppm7fqaddzq/ocid1.routetable.oc19.eu-madrid-2.aaaaaaaavysyvwdx5ejpjsmd5jxgvjam6oiflmsiidryhomite4ennv5enfq",
            "route_table_id": "ocid1.routetable.oc19.eu-madrid-2.aaaaaaaavysyvwdx5ejpjsmd5jxgvjam6oiflmsiidryhomite4ennv5enfq",
            "subnet_id": "ocid1.subnet.oc19.eu-madrid-2.aaaaaaaa25at3fn2vvtxylgqpchpy6lwgcerzodsg3sc53qctppm7fqaddzq",
            "timeouts": null
          },
          "sensitive_attributes": [],
          "identity_schema_version": 0,
          "private": "eyJlMmJmYjczMC1lY2FhLTExZTYtOGY4OC0zNDM2M2JjN2M0YzAiOnsiY3JlYXRlIjoxMjAwMDAwMDAwMDAwLCJkZWxldGUiOjEyMDAwMDAwMDAwMDAsInVwZGF0ZSI6MTIwMDAwMDAwMDAwMH19",
          "dependencies": [
            "module.oci_lz_orchestrator.data.oci_identity_regions.these",
            "module.oci_lz_orchestrator.data.oci_identity_tenancy.this",
            "module.oci_lz_orchestrator.module.oci_lz_compartments.oci_identity_compartment.level_2",
            "module.oci_lz_orchestrator.module.oci_lz_compartments.oci_identity_compartment.level_3",
            "module.oci_lz_orchestrator.module.oci_lz_compartments.oci_identity_compartment.level_4",
            "module.oci_lz_orchestrator.module.oci_lz_compartments.oci_identity_compartment.level_5",
            "module.oci_lz_orchestrator.module.oci_lz_compartments.oci_identity_compartment.level_6",
            "module.oci_lz_orchestrator.module.oci_lz_compartments.oci_identity_compartment.these",
            "module.oci_lz_orchestrator.module.oci_lz_compartments.oci_identity_tag_default.these",
            "module.oci_lz_orchestrator.module.oci_lz_network.data.oci_core_services.oci_services",
            "module.oci_lz_orchestrator.module.oci_lz_network.data.oci_core_vcn.existing_vcns",
            "module.oci_lz_orchestrator.module.oci_lz_network.oci_core_dhcp_options.these",
            "module.oci_lz_orchestrator.module.oci_lz_network.oci_core_drg.these",
            "module.oci_lz_orchestrator.module.oci_lz_network.oci_core_internet_gateway.these",
            "module.oci_lz_orchestrator.module.oci_lz_network.oci_core_local_peering_gateway.oci_acceptor_local_peering_gateways",
            "module.oci_lz_orchestrator.module.oci_lz_network.oci_core_local_peering_gateway.oci_requestor_local_peering_gateways",
            "module.oci_lz_orchestrator.module.oci_lz_network.oci_core_nat_gateway.these",
            "module.oci_lz_orchestrator.module.oci_lz_network.oci_core_public_ip.these",
            "module.oci_lz_orchestrator.module.oci_lz_network.oci_core_public_ip_pool.these",
            "module.oci_lz_orchestrator.module.oci_lz_network.oci_core_route_table.drga_specific_route_tables",
            "module.oci_lz_orchestrator.module.oci_lz_network.oci_core_route_table.igw_natgw_specific_route_tables",
            "module.oci_lz_orchestrator.module.oci_lz_network.oci_core_route_table.lpg_specific_route_tables",
            "module.oci_lz_orchestrator.module.oci_lz_network.oci_core_route_table.non_gw_specific_remaining_route_tables",
            "module.oci_lz_orchestrator.module.oci_lz_network.oci_core_route_table.sgw_specific_route_tables",
            "module.oci_lz_orchestrator.module.oci_lz_network.oci_core_security_list.these",
            "module.oci_lz_orchestrator.module.oci_lz_network.oci_core_service_gateway.these",
            "module.oci_lz_orchestrator.module.oci_lz_network.oci_core_subnet.these",
            "module.oci_lz_orchestrator.module.oci_lz_network.oci_core_vcn.these",
            "module.oci_lz_orchestrator.module.oci_lz_tags.data.oci_identity_tag.default_created_by",
            "module.oci_lz_orchestrator.module.oci_lz_tags.data.oci_identity_tag.default_created_on",
            "module.oci_lz_orchestrator.module.oci_lz_tags.data.oci_identity_tag_namespaces.oracle_default",
            "module.oci_lz_orchestrator.module.oci_lz_tags.oci_identity_tag.these",
            "module.oci_lz_orchestrator.module.oci_lz_tags.oci_identity_tag_default.these",
            "module.oci_lz_orchestrator.module.oci_lz_tags.oci_identity_tag_namespace.these",
            "module.oci_lz_orchestrator.module.oci_lz_zpr.data.oci_identity_regions.these",
            "module.oci_lz_orchestrator.module.oci_lz_zpr.data.oci_security_attribute_security_attribute_namespaces.default_security_attribute_namespaces",
            "module.oci_lz_orchestrator.module.oci_lz_zpr.data.oci_security_attribute_security_attribute_namespaces.query_security_attribute_namespaces",
            "module.oci_lz_orchestrator.module.oci_lz_zpr.data.oci_zpr_configuration.this",
            "module.oci_lz_orchestrator.module.oci_lz_zpr.oci_security_attribute_security_attribute.these",
            "module.oci_lz_orchestrator.module.oci_lz_zpr.oci_security_attribute_security_attribute_namespace.these",
            "module.oci_lz_orchestrator.module.oci_lz_zpr.oci_zpr_configuration.this",
            "module.oci_lz_orchestrator.module.oci_lz_zpr.oci_zpr_zpr_policy.these",
            "module.oci_lz_orchestrator.module.oci_lz_zpr.time_sleep.wait_after_zpr_configuration"
          ]
        },
        {
          "index_key": "SN-VLL-LZ-HUB-DNS",
          "schema_version": 0,
          "attributes": {
            "id": "ocid1.subnet.oc19.eu-madrid-2.aaaaaaaana6o4ztydw3u3i7f4nv4xkmmjkscvdj6aiv5t6wnuxqlcfrjp3bq/ocid1.routetable.oc19.eu-madrid-2.aaaaaaaaplxulbv5ftsmxk3t23zaqo6zbest5cc7epsnx3l5i7k2g6geivbq",
            "route_table_id": "ocid1.routetable.oc19.eu-madrid-2.aaaaaaaaplxulbv5ftsmxk3t23zaqo6zbest5cc7epsnx3l5i7k2g6geivbq",
            "subnet_id": "ocid1.subnet.oc19.eu-madrid-2.aaaaaaaana6o4ztydw3u3i7f4nv4xkmmjkscvdj6aiv5t6wnuxqlcfrjp3bq",
            "timeouts": null
          },
          "sensitive_attributes": [],
          "identity_schema_version": 0,
          "private": "eyJlMmJmYjczMC1lY2FhLTExZTYtOGY4OC0zNDM2M2JjN2M0YzAiOnsiY3JlYXRlIjoxMjAwMDAwMDAwMDAwLCJkZWxldGUiOjEyMDAwMDAwMDAwMDAsInVwZGF0ZSI6MTIwMDAwMDAwMDAwMH19",
          "dependencies": [
            "module.oci_lz_orchestrator.data.oci_identity_regions.these",
            "module.oci_lz_orchestrator.data.oci_identity_tenancy.this",
            "module.oci_lz_orchestrator.module.oci_lz_compartments.oci_identity_compartment.level_2",
            "module.oci_lz_orchestrator.module.oci_lz_compartments.oci_identity_compartment.level_3",
            "module.oci_lz_orchestrator.module.oci_lz_compartments.oci_identity_compartment.level_4",
            "module.oci_lz_orchestrator.module.oci_lz_compartments.oci_identity_compartment.level_5",
            "module.oci_lz_orchestrator.module.oci_lz_compartments.oci_identity_compartment.level_6",
            "module.oci_lz_orchestrator.module.oci_lz_compartments.oci_identity_compartment.these",
            "module.oci_lz_orchestrator.module.oci_lz_compartments.oci_identity_tag_default.these",
            "module.oci_lz_orchestrator.module.oci_lz_network.data.oci_core_services.oci_services",
            "module.oci_lz_orchestrator.module.oci_lz_network.data.oci_core_vcn.existing_vcns",
            "module.oci_lz_orchestrator.module.oci_lz_network.oci_core_dhcp_options.these",
            "module.oci_lz_orchestrator.module.oci_lz_network.oci_core_drg.these",
            "module.oci_lz_orchestrator.module.oci_lz_network.oci_core_internet_gateway.these",
            "module.oci_lz_orchestrator.module.oci_lz_network.oci_core_local_peering_gateway.oci_acceptor_local_peering_gateways",
            "module.oci_lz_orchestrator.module.oci_lz_network.oci_core_local_peering_gateway.oci_requestor_local_peering_gateways",
            "module.oci_lz_orchestrator.module.oci_lz_network.oci_core_nat_gateway.these",
            "module.oci_lz_orchestrator.module.oci_lz_network.oci_core_public_ip.these",
            "module.oci_lz_orchestrator.module.oci_lz_network.oci_core_public_ip_pool.these",
            "module.oci_lz_orchestrator.module.oci_lz_network.oci_core_route_table.drga_specific_route_tables",
            "module.oci_lz_orchestrator.module.oci_lz_network.oci_core_route_table.igw_natgw_specific_route_tables",
            "module.oci_lz_orchestrator.module.oci_lz_network.oci_core_route_table.lpg_specific_route_tables",
            "module.oci_lz_orchestrator.module.oci_lz_network.oci_core_route_table.non_gw_specific_remaining_route_tables",
            "module.oci_lz_orchestrator.module.oci_lz_network.oci_core_route_table.sgw_specific_route_tables",
            "module.oci_lz_orchestrator.module.oci_lz_network.oci_core_security_list.these",
            "module.oci_lz_orchestrator.module.oci_lz_network.oci_core_service_gateway.these",
            "module.oci_lz_orchestrator.module.oci_lz_network.oci_core_subnet.these",
            "module.oci_lz_orchestrator.module.oci_lz_network.oci_core_vcn.these",
            "module.oci_lz_orchestrator.module.oci_lz_tags.data.oci_identity_tag.default_created_by",
            "module.oci_lz_orchestrator.module.oci_lz_tags.data.oci_identity_tag.default_created_on",
            "module.oci_lz_orchestrator.module.oci_lz_tags.data.oci_identity_tag_namespaces.oracle_default",
            "module.oci_lz_orchestrator.module.oci_lz_tags.oci_identity_tag.these",
            "module.oci_lz_orchestrator.module.oci_lz_tags.oci_identity_tag_default.these",
            "module.oci_lz_orchestrator.module.oci_lz_tags.oci_identity_tag_namespace.these",
            "module.oci_lz_orchestrator.module.oci_lz_zpr.data.oci_identity_regions.these",
            "module.oci_lz_orchestrator.module.oci_lz_zpr.data.oci_security_attribute_security_attribute_namespaces.default_security_attribute_namespaces",
            "module.oci_lz_orchestrator.module.oci_lz_zpr.data.oci_security_attribute_security_attribute_namespaces.query_security_attribute_namespaces",
            "module.oci_lz_orchestrator.module.oci_lz_zpr.data.oci_zpr_configuration.this",
            "module.oci_lz_orchestrator.module.oci_lz_zpr.oci_security_attribute_security_attribute.these",
            "module.oci_lz_orchestrator.module.oci_lz_zpr.oci_security_attribute_security_attribute_namespace.these",
            "module.oci_lz_orchestrator.module.oci_lz_zpr.oci_zpr_configuration.this",
            "module.oci_lz_orchestrator.module.oci_lz_zpr.oci_zpr_zpr_policy.these",
            "module.oci_lz_orchestrator.module.oci_lz_zpr.time_sleep.wait_after_zpr_configuration"
          ]
        },
        {
          "index_key": "SN-VLL-LZ-HUB-FW-KEY",
          "schema_version": 0,
          "attributes": {
            "id": "ocid1.subnet.oc19.eu-madrid-2.aaaaaaaayg3uwvlk4sppnxnqwcqgwcw4egv3b2uwdim36mjqg7gzfvfvzmda/ocid1.routetable.oc19.eu-madrid-2.aaaaaaaamhwcecichg7l26fnd2rgvqk7ni5x2worom4hblpff3oax6fwie4a",
            "route_table_id": "ocid1.routetable.oc19.eu-madrid-2.aaaaaaaamhwcecichg7l26fnd2rgvqk7ni5x2worom4hblpff3oax6fwie4a",
            "subnet_id": "ocid1.subnet.oc19.eu-madrid-2.aaaaaaaayg3uwvlk4sppnxnqwcqgwcw4egv3b2uwdim36mjqg7gzfvfvzmda",
            "timeouts": null
          },
          "sensitive_attributes": [],
          "identity_schema_version": 0,
          "private": "eyJlMmJmYjczMC1lY2FhLTExZTYtOGY4OC0zNDM2M2JjN2M0YzAiOnsiY3JlYXRlIjoxMjAwMDAwMDAwMDAwLCJkZWxldGUiOjEyMDAwMDAwMDAwMDAsInVwZGF0ZSI6MTIwMDAwMDAwMDAwMH19",
          "dependencies": [
            "module.oci_lz_orchestrator.data.oci_identity_regions.these",
            "module.oci_lz_orchestrator.data.oci_identity_tenancy.this",
            "module.oci_lz_orchestrator.module.oci_lz_compartments.oci_identity_compartment.level_2",
            "module.oci_lz_orchestrator.module.oci_lz_compartments.oci_identity_compartment.level_3",
            "module.oci_lz_orchestrator.module.oci_lz_compartments.oci_identity_compartment.level_4",
            "module.oci_lz_orchestrator.module.oci_lz_compartments.oci_identity_compartment.level_5",
            "module.oci_lz_orchestrator.module.oci_lz_compartments.oci_identity_compartment.level_6",
            "module.oci_lz_orchestrator.module.oci_lz_compartments.oci_identity_compartment.these",
            "module.oci_lz_orchestrator.module.oci_lz_compartments.oci_identity_tag_default.these",
            "module.oci_lz_orchestrator.module.oci_lz_network.data.oci_core_services.oci_services",
            "module.oci_lz_orchestrator.module.oci_lz_network.data.oci_core_vcn.existing_vcns",
            "module.oci_lz_orchestrator.module.oci_lz_network.oci_core_dhcp_options.these",
            "module.oci_lz_orchestrator.module.oci_lz_network.oci_core_drg.these",
            "module.oci_lz_orchestrator.module.oci_lz_network.oci_core_internet_gateway.these",
            "module.oci_lz_orchestrator.module.oci_lz_network.oci_core_local_peering_gateway.oci_acceptor_local_peering_gateways",
            "module.oci_lz_orchestrator.module.oci_lz_network.oci_core_local_peering_gateway.oci_requestor_local_peering_gateways",
            "module.oci_lz_orchestrator.module.oci_lz_network.oci_core_nat_gateway.these",
            "module.oci_lz_orchestrator.module.oci_lz_network.oci_core_public_ip.these",
            "module.oci_lz_orchestrator.module.oci_lz_network.oci_core_public_ip_pool.these",
            "module.oci_lz_orchestrator.module.oci_lz_network.oci_core_route_table.drga_specific_route_tables",
            "module.oci_lz_orchestrator.module.oci_lz_network.oci_core_route_table.igw_natgw_specific_route_tables",
            "module.oci_lz_orchestrator.module.oci_lz_network.oci_core_route_table.lpg_specific_route_tables",
            "module.oci_lz_orchestrator.module.oci_lz_network.oci_core_route_table.non_gw_specific_remaining_route_tables",
            "module.oci_lz_orchestrator.module.oci_lz_network.oci_core_route_table.sgw_specific_route_tables",
            "module.oci_lz_orchestrator.module.oci_lz_network.oci_core_security_list.these",
            "module.oci_lz_orchestrator.module.oci_lz_network.oci_core_service_gateway.these",
            "module.oci_lz_orchestrator.module.oci_lz_network.oci_core_subnet.these",
            "module.oci_lz_orchestrator.module.oci_lz_network.oci_core_vcn.these",
            "module.oci_lz_orchestrator.module.oci_lz_tags.data.oci_identity_tag.default_created_by",
            "module.oci_lz_orchestrator.module.oci_lz_tags.data.oci_identity_tag.default_created_on",
            "module.oci_lz_orchestrator.module.oci_lz_tags.data.oci_identity_tag_namespaces.oracle_default",
            "module.oci_lz_orchestrator.module.oci_lz_tags.oci_identity_tag.these",
            "module.oci_lz_orchestrator.module.oci_lz_tags.oci_identity_tag_default.these",
            "module.oci_lz_orchestrator.module.oci_lz_tags.oci_identity_tag_namespace.these",
            "module.oci_lz_orchestrator.module.oci_lz_zpr.data.oci_identity_regions.these",
            "module.oci_lz_orchestrator.module.oci_lz_zpr.data.oci_security_attribute_security_attribute_namespaces.default_security_attribute_namespaces",
            "module.oci_lz_orchestrator.module.oci_lz_zpr.data.oci_security_attribute_security_attribute_namespaces.query_security_attribute_namespaces",
            "module.oci_lz_orchestrator.module.oci_lz_zpr.data.oci_zpr_configuration.this",
            "module.oci_lz_orchestrator.module.oci_lz_zpr.oci_security_attribute_security_attribute.these",
            "module.oci_lz_orchestrator.module.oci_lz_zpr.oci_security_attribute_security_attribute_namespace.these",
            "module.oci_lz_orchestrator.module.oci_lz_zpr.oci_zpr_configuration.this",
            "module.oci_lz_orchestrator.module.oci_lz_zpr.oci_zpr_zpr_policy.these",
            "module.oci_lz_orchestrator.module.oci_lz_zpr.time_sleep.wait_after_zpr_configuration"
          ]
        },
        {
          "index_key": "SN-VLL-LZ-HUB-MGMT-KEY",
          "schema_version": 0,
          "attributes": {
            "id": "ocid1.subnet.oc19.eu-madrid-2.aaaaaaaavcjg6zczpbp4h2avcsawctp2su5x6nbzsfeqizy5edgy7b2chwxa/ocid1.routetable.oc19.eu-madrid-2.aaaaaaaaplxulbv5ftsmxk3t23zaqo6zbest5cc7epsnx3l5i7k2g6geivbq",
            "route_table_id": "ocid1.routetable.oc19.eu-madrid-2.aaaaaaaaplxulbv5ftsmxk3t23zaqo6zbest5cc7epsnx3l5i7k2g6geivbq",
            "subnet_id": "ocid1.subnet.oc19.eu-madrid-2.aaaaaaaavcjg6zczpbp4h2avcsawctp2su5x6nbzsfeqizy5edgy7b2chwxa",
            "timeouts": null
          },
          "sensitive_attributes": [],
          "identity_schema_version": 0,
          "private": "eyJlMmJmYjczMC1lY2FhLTExZTYtOGY4OC0zNDM2M2JjN2M0YzAiOnsiY3JlYXRlIjoxMjAwMDAwMDAwMDAwLCJkZWxldGUiOjEyMDAwMDAwMDAwMDAsInVwZGF0ZSI6MTIwMDAwMDAwMDAwMH19",
          "dependencies": [
            "module.oci_lz_orchestrator.data.oci_identity_regions.these",
            "module.oci_lz_orchestrator.data.oci_identity_tenancy.this",
            "module.oci_lz_orchestrator.module.oci_lz_compartments.oci_identity_compartment.level_2",
            "module.oci_lz_orchestrator.module.oci_lz_compartments.oci_identity_compartment.level_3",
            "module.oci_lz_orchestrator.module.oci_lz_compartments.oci_identity_compartment.level_4",
            "module.oci_lz_orchestrator.module.oci_lz_compartments.oci_identity_compartment.level_5",
            "module.oci_lz_orchestrator.module.oci_lz_compartments.oci_identity_compartment.level_6",
            "module.oci_lz_orchestrator.module.oci_lz_compartments.oci_identity_compartment.these",
            "module.oci_lz_orchestrator.module.oci_lz_compartments.oci_identity_tag_default.these",
            "module.oci_lz_orchestrator.module.oci_lz_network.data.oci_core_services.oci_services",
            "module.oci_lz_orchestrator.module.oci_lz_network.data.oci_core_vcn.existing_vcns",
            "module.oci_lz_orchestrator.module.oci_lz_network.oci_core_dhcp_options.these",
            "module.oci_lz_orchestrator.module.oci_lz_network.oci_core_drg.these",
            "module.oci_lz_orchestrator.module.oci_lz_network.oci_core_internet_gateway.these",
            "module.oci_lz_orchestrator.module.oci_lz_network.oci_core_local_peering_gateway.oci_acceptor_local_peering_gateways",
            "module.oci_lz_orchestrator.module.oci_lz_network.oci_core_local_peering_gateway.oci_requestor_local_peering_gateways",
            "module.oci_lz_orchestrator.module.oci_lz_network.oci_core_nat_gateway.these",
            "module.oci_lz_orchestrator.module.oci_lz_network.oci_core_public_ip.these",
            "module.oci_lz_orchestrator.module.oci_lz_network.oci_core_public_ip_pool.these",
            "module.oci_lz_orchestrator.module.oci_lz_network.oci_core_route_table.drga_specific_route_tables",
            "module.oci_lz_orchestrator.module.oci_lz_network.oci_core_route_table.igw_natgw_specific_route_tables",
            "module.oci_lz_orchestrator.module.oci_lz_network.oci_core_route_table.lpg_specific_route_tables",
            "module.oci_lz_orchestrator.module.oci_lz_network.oci_core_route_table.non_gw_specific_remaining_route_tables",
            "module.oci_lz_orchestrator.module.oci_lz_network.oci_core_route_table.sgw_specific_route_tables",
            "module.oci_lz_orchestrator.module.oci_lz_network.oci_core_security_list.these",
            "module.oci_lz_orchestrator.module.oci_lz_network.oci_core_service_gateway.these",
            "module.oci_lz_orchestrator.module.oci_lz_network.oci_core_subnet.these",
            "module.oci_lz_orchestrator.module.oci_lz_network.oci_core_vcn.these",
            "module.oci_lz_orchestrator.module.oci_lz_tags.data.oci_identity_tag.default_created_by",
            "module.oci_lz_orchestrator.module.oci_lz_tags.data.oci_identity_tag.default_created_on",
            "module.oci_lz_orchestrator.module.oci_lz_tags.data.oci_identity_tag_namespaces.oracle_default",
            "module.oci_lz_orchestrator.module.oci_lz_tags.oci_identity_tag.these",
            "module.oci_lz_orchestrator.module.oci_lz_tags.oci_identity_tag_default.these",
            "module.oci_lz_orchestrator.module.oci_lz_tags.oci_identity_tag_namespace.these",
            "module.oci_lz_orchestrator.module.oci_lz_zpr.data.oci_identity_regions.these",
            "module.oci_lz_orchestrator.module.oci_lz_zpr.data.oci_security_attribute_security_attribute_namespaces.default_security_attribute_namespaces",
            "module.oci_lz_orchestrator.module.oci_lz_zpr.data.oci_security_attribute_security_attribute_namespaces.query_security_attribute_namespaces",
            "module.oci_lz_orchestrator.module.oci_lz_zpr.data.oci_zpr_configuration.this",
            "module.oci_lz_orchestrator.module.oci_lz_zpr.oci_security_attribute_security_attribute.these",
            "module.oci_lz_orchestrator.module.oci_lz_zpr.oci_security_attribute_security_attribute_namespace.these",
            "module.oci_lz_orchestrator.module.oci_lz_zpr.oci_zpr_configuration.this",
            "module.oci_lz_orchestrator.module.oci_lz_zpr.oci_zpr_zpr_policy.these",
            "module.oci_lz_orchestrator.module.oci_lz_zpr.time_sleep.wait_after_zpr_configuration"
          ]
        },
        {
          "index_key": "SN-VLL-LZ-HUB-MON-KEY",
          "schema_version": 0,
          "attributes": {
            "id": "ocid1.subnet.oc19.eu-madrid-2.aaaaaaaay4uhy4psi4rga5wpyz2ciq4ev4bw6ijmgjqqwj5at77l77xx6yhq/ocid1.routetable.oc19.eu-madrid-2.aaaaaaaaplxulbv5ftsmxk3t23zaqo6zbest5cc7epsnx3l5i7k2g6geivbq",
            "route_table_id": "ocid1.routetable.oc19.eu-madrid-2.aaaaaaaaplxulbv5ftsmxk3t23zaqo6zbest5cc7epsnx3l5i7k2g6geivbq",
            "subnet_id": "ocid1.subnet.oc19.eu-madrid-2.aaaaaaaay4uhy4psi4rga5wpyz2ciq4ev4bw6ijmgjqqwj5at77l77xx6yhq",
            "timeouts": null
          },
          "sensitive_attributes": [],
          "identity_schema_version": 0,
          "private": "eyJlMmJmYjczMC1lY2FhLTExZTYtOGY4OC0zNDM2M2JjN2M0YzAiOnsiY3JlYXRlIjoxMjAwMDAwMDAwMDAwLCJkZWxldGUiOjEyMDAwMDAwMDAwMDAsInVwZGF0ZSI6MTIwMDAwMDAwMDAwMH19",
          "dependencies": [
            "module.oci_lz_orchestrator.data.oci_identity_regions.these",
            "module.oci_lz_orchestrator.data.oci_identity_tenancy.this",
            "module.oci_lz_orchestrator.module.oci_lz_compartments.oci_identity_compartment.level_2",
            "module.oci_lz_orchestrator.module.oci_lz_compartments.oci_identity_compartment.level_3",
            "module.oci_lz_orchestrator.module.oci_lz_compartments.oci_identity_compartment.level_4",
            "module.oci_lz_orchestrator.module.oci_lz_compartments.oci_identity_compartment.level_5",
            "module.oci_lz_orchestrator.module.oci_lz_compartments.oci_identity_compartment.level_6",
            "module.oci_lz_orchestrator.module.oci_lz_compartments.oci_identity_compartment.these",
            "module.oci_lz_orchestrator.module.oci_lz_compartments.oci_identity_tag_default.these",
            "module.oci_lz_orchestrator.module.oci_lz_network.data.oci_core_services.oci_services",
            "module.oci_lz_orchestrator.module.oci_lz_network.data.oci_core_vcn.existing_vcns",
            "module.oci_lz_orchestrator.module.oci_lz_network.oci_core_dhcp_options.these",
            "module.oci_lz_orchestrator.module.oci_lz_network.oci_core_drg.these",
            "module.oci_lz_orchestrator.module.oci_lz_network.oci_core_internet_gateway.these",
            "module.oci_lz_orchestrator.module.oci_lz_network.oci_core_local_peering_gateway.oci_acceptor_local_peering_gateways",
            "module.oci_lz_orchestrator.module.oci_lz_network.oci_core_local_peering_gateway.oci_requestor_local_peering_gateways",
            "module.oci_lz_orchestrator.module.oci_lz_network.oci_core_nat_gateway.these",
            "module.oci_lz_orchestrator.module.oci_lz_network.oci_core_public_ip.these",
            "module.oci_lz_orchestrator.module.oci_lz_network.oci_core_public_ip_pool.these",
            "module.oci_lz_orchestrator.module.oci_lz_network.oci_core_route_table.drga_specific_route_tables",
            "module.oci_lz_orchestrator.module.oci_lz_network.oci_core_route_table.igw_natgw_specific_route_tables",
            "module.oci_lz_orchestrator.module.oci_lz_network.oci_core_route_table.lpg_specific_route_tables",
            "module.oci_lz_orchestrator.module.oci_lz_network.oci_core_route_table.non_gw_specific_remaining_route_tables",
            "module.oci_lz_orchestrator.module.oci_lz_network.oci_core_route_table.sgw_specific_route_tables",
            "module.oci_lz_orchestrator.module.oci_lz_network.oci_core_security_list.these",
            "module.oci_lz_orchestrator.module.oci_lz_network.oci_core_service_gateway.these",
            "module.oci_lz_orchestrator.module.oci_lz_network.oci_core_subnet.these",
            "module.oci_lz_orchestrator.module.oci_lz_network.oci_core_vcn.these",
            "module.oci_lz_orchestrator.module.oci_lz_tags.data.oci_identity_tag.default_created_by",
            "module.oci_lz_orchestrator.module.oci_lz_tags.data.oci_identity_tag.default_created_on",
            "module.oci_lz_orchestrator.module.oci_lz_tags.data.oci_identity_tag_namespaces.oracle_default",
            "module.oci_lz_orchestrator.module.oci_lz_tags.oci_identity_tag.these",
            "module.oci_lz_orchestrator.module.oci_lz_tags.oci_identity_tag_default.these",
            "module.oci_lz_orchestrator.module.oci_lz_tags.oci_identity_tag_namespace.these",
            "module.oci_lz_orchestrator.module.oci_lz_zpr.data.oci_identity_regions.these",
            "module.oci_lz_orchestrator.module.oci_lz_zpr.data.oci_security_attribute_security_attribute_namespaces.default_security_attribute_namespaces",
            "module.oci_lz_orchestrator.module.oci_lz_zpr.data.oci_security_attribute_security_attribute_namespaces.query_security_attribute_namespaces",
            "module.oci_lz_orchestrator.module.oci_lz_zpr.data.oci_zpr_configuration.this",
            "module.oci_lz_orchestrator.module.oci_lz_zpr.oci_security_attribute_security_attribute.these",
            "module.oci_lz_orchestrator.module.oci_lz_zpr.oci_security_attribute_security_attribute_namespace.these",
            "module.oci_lz_orchestrator.module.oci_lz_zpr.oci_zpr_configuration.this",
            "module.oci_lz_orchestrator.module.oci_lz_zpr.oci_zpr_zpr_policy.these",
            "module.oci_lz_orchestrator.module.oci_lz_zpr.time_sleep.wait_after_zpr_configuration"
          ]
        }
      ]
    },
    {
      "module": "module.oci_lz_orchestrator.module.oci_lz_network[0]",
      "mode": "managed",
      "type": "oci_core_security_list",
      "name": "these",
      "provider": "module.oci_lz_orchestrator.provider[\"registry.terraform.io/oracle/oci\"]",
      "instances": [
        {
          "index_key": "SL-VLL-LZ-EXACS-NPR-BACKUP-KEY",
          "schema_version": 0,
          "attributes": {
            "compartment_id": "ocid1.compartment.oc19..aaaaaaaa5gtrrkqmob4ummcgl52exbo4d4vf55uvlzdku5j4fammf3b2pmlq",
            "defined_tags": {
              "Oracle-Tags.CreatedBy": "default/jorge.e.torlaschi@accenture.com",
              "Oracle-Tags.CreatedOn": "2026-03-10T14:42:39.679Z"
            },
            "display_name": "o-d-om2-sl-exacs-nprbck-001",
            "egress_security_rules": [
              {
                "description": "Allow all outbound traffic to 0.0.0.0/0 over all protocols",
                "destination": "0.0.0.0/0",
                "destination_type": "CIDR_BLOCK",
                "icmp_options": [],
                "protocol": "all",
                "stateless": false,
                "tcp_options": [],
                "udp_options": []
              }
            ],
            "freeform_tags": {
              "ocilz-terraform-module": "networking/0.8.1"
            },
            "id": "ocid1.securitylist.oc19.eu-madrid-2.aaaaaaaaq3gxlqmzhihavo2fq4ftdt4lh2nwcvngfneo4oj6ihx7sjaetiiq",
            "ingress_security_rules": [
              {
                "description": "ICMP type 3 code 4",
                "icmp_options": [
                  {
                    "code": 4,
                    "type": 3
                  }
                ],
                "protocol": "1",
                "source": "0.0.0.0/0",
                "source_type": "CIDR_BLOCK",
                "stateless": false,
                "tcp_options": [],
                "udp_options": []
              },
              {
                "description": "ICMP type 3",
                "icmp_options": [
                  {
                    "code": -1,
                    "type": 3
                  }
                ],
                "protocol": "1",
                "source": "10.197.128.0/23",
                "source_type": "CIDR_BLOCK",
                "stateless": false,
                "tcp_options": [],
                "udp_options": []
              },
              {
                "description": "ICMP type 8 (Echo)",
                "icmp_options": [
                  {
                    "code": 0,
                    "type": 8
                  }
                ],
                "protocol": "1",
                "source": "10.197.128.0/23",
                "source_type": "CIDR_BLOCK",
                "stateless": false,
                "tcp_options": [],
                "udp_options": []
              }
            ],
            "state": "AVAILABLE",
            "time_created": "2026-03-10 14:42:39.692 +0000 UTC",
            "timeouts": null,
            "vcn_id": "ocid1.vcn.oc19.eu-madrid-2.amaaaaaapw27gbaatri7xmitendke5zbqpwk3dzghwa7apab56eya5rb2fza"
          },
          "sensitive_attributes": [],
          "identity_schema_version": 0,
          "private": "eyJlMmJmYjczMC1lY2FhLTExZTYtOGY4OC0zNDM2M2JjN2M0YzAiOnsiY3JlYXRlIjoxMjAwMDAwMDAwMDAwLCJkZWxldGUiOjEyMDAwMDAwMDAwMDAsInVwZGF0ZSI6MTIwMDAwMDAwMDAwMH19",
          "dependencies": [
            "module.oci_lz_orchestrator.data.oci_identity_regions.these",
            "module.oci_lz_orchestrator.data.oci_identity_tenancy.this",
            "module.oci_lz_orchestrator.module.oci_lz_compartments.oci_identity_compartment.level_2",
            "module.oci_lz_orchestrator.module.oci_lz_compartments.oci_identity_compartment.level_3",
            "module.oci_lz_orchestrator.module.oci_lz_compartments.oci_identity_compartment.level_4",
            "module.oci_lz_orchestrator.module.oci_lz_compartments.oci_identity_compartment.level_5",
            "module.oci_lz_orchestrator.module.oci_lz_compartments.oci_identity_compartment.level_6",
            "module.oci_lz_orchestrator.module.oci_lz_compartments.oci_identity_compartment.these",
            "module.oci_lz_orchestrator.module.oci_lz_compartments.oci_identity_tag_default.these",
            "module.oci_lz_orchestrator.module.oci_lz_network.data.oci_core_services.oci_services",
            "module.oci_lz_orchestrator.module.oci_lz_network.data.oci_core_vcn.existing_vcns",
            "module.oci_lz_orchestrator.module.oci_lz_network.oci_core_vcn.these",
            "module.oci_lz_orchestrator.module.oci_lz_tags.data.oci_identity_tag.default_created_by",
            "module.oci_lz_orchestrator.module.oci_lz_tags.data.oci_identity_tag.default_created_on",
            "module.oci_lz_orchestrator.module.oci_lz_tags.data.oci_identity_tag_namespaces.oracle_default",
            "module.oci_lz_orchestrator.module.oci_lz_tags.oci_identity_tag.these",
            "module.oci_lz_orchestrator.module.oci_lz_tags.oci_identity_tag_default.these",
            "module.oci_lz_orchestrator.module.oci_lz_tags.oci_identity_tag_namespace.these",
            "module.oci_lz_orchestrator.module.oci_lz_zpr.data.oci_identity_regions.these",
            "module.oci_lz_orchestrator.module.oci_lz_zpr.data.oci_security_attribute_security_attribute_namespaces.default_security_attribute_namespaces",
            "module.oci_lz_orchestrator.module.oci_lz_zpr.data.oci_security_attribute_security_attribute_namespaces.query_security_attribute_namespaces",
            "module.oci_lz_orchestrator.module.oci_lz_zpr.data.oci_zpr_configuration.this",
            "module.oci_lz_orchestrator.module.oci_lz_zpr.oci_security_attribute_security_attribute.these",
            "module.oci_lz_orchestrator.module.oci_lz_zpr.oci_security_attribute_security_attribute_namespace.these",
            "module.oci_lz_orchestrator.module.oci_lz_zpr.oci_zpr_configuration.this",
            "module.oci_lz_orchestrator.module.oci_lz_zpr.oci_zpr_zpr_policy.these",
            "module.oci_lz_orchestrator.module.oci_lz_zpr.time_sleep.wait_after_zpr_configuration"
          ],
          "create_before_destroy": true
        },
        {
          "index_key": "SL-VLL-LZ-EXACS-NPR-CLIENT-KEY",
          "schema_version": 0,
          "attributes": {
            "compartment_id": "ocid1.compartment.oc19..aaaaaaaa5gtrrkqmob4ummcgl52exbo4d4vf55uvlzdku5j4fammf3b2pmlq",
            "defined_tags": {
              "Oracle-Tags.CreatedBy": "default/jorge.e.torlaschi@accenture.com",
              "Oracle-Tags.CreatedOn": "2026-03-10T14:42:39.716Z"
            },
            "display_name": "o-d-om2-sl-exacs-nprcli-001",
            "egress_security_rules": [
              {
                "description": "Allow all outbound traffic to 0.0.0.0/0 over all protocols",
                "destination": "0.0.0.0/0",
                "destination_type": "CIDR_BLOCK",
                "icmp_options": [],
                "protocol": "all",
                "stateless": false,
                "tcp_options": [],
                "udp_options": []
              }
            ],
            "freeform_tags": {
              "ocilz-terraform-module": "networking/0.8.1"
            },
            "id": "ocid1.securitylist.oc19.eu-madrid-2.aaaaaaaaj3ondyeq6escsvhcprydlvvdrc36vjgnx5q3gdw2bitgtpf2sctq",
            "ingress_security_rules": [
              {
                "description": "ICMP type 3 code 4",
                "icmp_options": [
                  {
                    "code": 4,
                    "type": 3
                  }
                ],
                "protocol": "1",
                "source": "0.0.0.0/0",
                "source_type": "CIDR_BLOCK",
                "stateless": false,
                "tcp_options": [],
                "udp_options": []
              },
              {
                "description": "ICMP type 3",
                "icmp_options": [
                  {
                    "code": -1,
                    "type": 3
                  }
                ],
                "protocol": "1",
                "source": "10.197.128.0/23",
                "source_type": "CIDR_BLOCK",
                "stateless": false,
                "tcp_options": [],
                "udp_options": []
              },
              {
                "description": "ICMP type 8 (Echo)",
                "icmp_options": [
                  {
                    "code": 0,
                    "type": 8
                  }
                ],
                "protocol": "1",
                "source": "10.197.128.0/23",
                "source_type": "CIDR_BLOCK",
                "stateless": false,
                "tcp_options": [],
                "udp_options": []
              }
            ],
            "state": "AVAILABLE",
            "time_created": "2026-03-10 14:42:39.729 +0000 UTC",
            "timeouts": null,
            "vcn_id": "ocid1.vcn.oc19.eu-madrid-2.amaaaaaapw27gbaatri7xmitendke5zbqpwk3dzghwa7apab56eya5rb2fza"
          },
          "sensitive_attributes": [],
          "identity_schema_version": 0,
          "private": "eyJlMmJmYjczMC1lY2FhLTExZTYtOGY4OC0zNDM2M2JjN2M0YzAiOnsiY3JlYXRlIjoxMjAwMDAwMDAwMDAwLCJkZWxldGUiOjEyMDAwMDAwMDAwMDAsInVwZGF0ZSI6MTIwMDAwMDAwMDAwMH19",
          "dependencies": [
            "module.oci_lz_orchestrator.data.oci_identity_regions.these",
            "module.oci_lz_orchestrator.data.oci_identity_tenancy.this",
            "module.oci_lz_orchestrator.module.oci_lz_compartments.oci_identity_compartment.level_2",
            "module.oci_lz_orchestrator.module.oci_lz_compartments.oci_identity_compartment.level_3",
            "module.oci_lz_orchestrator.module.oci_lz_compartments.oci_identity_compartment.level_4",
            "module.oci_lz_orchestrator.module.oci_lz_compartments.oci_identity_compartment.level_5",
            "module.oci_lz_orchestrator.module.oci_lz_compartments.oci_identity_compartment.level_6",
            "module.oci_lz_orchestrator.module.oci_lz_compartments.oci_identity_compartment.these",
            "module.oci_lz_orchestrator.module.oci_lz_compartments.oci_identity_tag_default.these",
            "module.oci_lz_orchestrator.module.oci_lz_network.data.oci_core_services.oci_services",
            "module.oci_lz_orchestrator.module.oci_lz_network.data.oci_core_vcn.existing_vcns",
            "module.oci_lz_orchestrator.module.oci_lz_network.oci_core_vcn.these",
            "module.oci_lz_orchestrator.module.oci_lz_tags.data.oci_identity_tag.default_created_by",
            "module.oci_lz_orchestrator.module.oci_lz_tags.data.oci_identity_tag.default_created_on",
            "module.oci_lz_orchestrator.module.oci_lz_tags.data.oci_identity_tag_namespaces.oracle_default",
            "module.oci_lz_orchestrator.module.oci_lz_tags.oci_identity_tag.these",
            "module.oci_lz_orchestrator.module.oci_lz_tags.oci_identity_tag_default.these",
            "module.oci_lz_orchestrator.module.oci_lz_tags.oci_identity_tag_namespace.these",
            "module.oci_lz_orchestrator.module.oci_lz_zpr.data.oci_identity_regions.these",
            "module.oci_lz_orchestrator.module.oci_lz_zpr.data.oci_security_attribute_security_attribute_namespaces.default_security_attribute_namespaces",
            "module.oci_lz_orchestrator.module.oci_lz_zpr.data.oci_security_attribute_security_attribute_namespaces.query_security_attribute_namespaces",
            "module.oci_lz_orchestrator.module.oci_lz_zpr.data.oci_zpr_configuration.this",
            "module.oci_lz_orchestrator.module.oci_lz_zpr.oci_security_attribute_security_attribute.these",
            "module.oci_lz_orchestrator.module.oci_lz_zpr.oci_security_attribute_security_attribute_namespace.these",
            "module.oci_lz_orchestrator.module.oci_lz_zpr.oci_zpr_configuration.this",
            "module.oci_lz_orchestrator.module.oci_lz_zpr.oci_zpr_zpr_policy.these",
            "module.oci_lz_orchestrator.module.oci_lz_zpr.time_sleep.wait_after_zpr_configuration"
          ],
          "create_before_destroy": true
        },
        {
          "index_key": "SL-VLL-LZ-EXACS-PRO-BACKUP-KEY",
          "schema_version": 0,
          "attributes": {
            "compartment_id": "ocid1.compartment.oc19..aaaaaaaa5gtrrkqmob4ummcgl52exbo4d4vf55uvlzdku5j4fammf3b2pmlq",
            "defined_tags": {
              "Oracle-Tags.CreatedBy": "default/jorge.e.torlaschi@accenture.com",
              "Oracle-Tags.CreatedOn": "2026-03-10T14:42:39.696Z"
            },
            "display_name": "o-p-om2-sl-exacs-probkc-001",
            "egress_security_rules": [
              {
                "description": "Allow all outbound traffic to 0.0.0.0/0 over all protocols",
                "destination": "0.0.0.0/0",
                "destination_type": "CIDR_BLOCK",
                "icmp_options": [],
                "protocol": "all",
                "stateless": false,
                "tcp_options": [],
                "udp_options": []
              }
            ],
            "freeform_tags": {
              "ocilz-terraform-module": "networking/0.8.1"
            },
            "id": "ocid1.securitylist.oc19.eu-madrid-2.aaaaaaaa52gfgvniilio5mgu475f5k2bjfbnoaslvbvvnhfwwm4ztheyd7ua",
            "ingress_security_rules": [
              {
                "description": "ICMP type 3 code 4",
                "icmp_options": [
                  {
                    "code": 4,
                    "type": 3
                  }
                ],
                "protocol": "1",
                "source": "0.0.0.0/0",
                "source_type": "CIDR_BLOCK",
                "stateless": false,
                "tcp_options": [],
                "udp_options": []
              },
              {
                "description": "ICMP type 3",
                "icmp_options": [
                  {
                    "code": -1,
                    "type": 3
                  }
                ],
                "protocol": "1",
                "source": "10.197.128.0/23",
                "source_type": "CIDR_BLOCK",
                "stateless": false,
                "tcp_options": [],
                "udp_options": []
              },
              {
                "description": "ICMP type 8 (Echo)",
                "icmp_options": [
                  {
                    "code": 0,
                    "type": 8
                  }
                ],
                "protocol": "1",
                "source": "10.197.128.0/23",
                "source_type": "CIDR_BLOCK",
                "stateless": false,
                "tcp_options": [],
                "udp_options": []
              }
            ],
            "state": "AVAILABLE",
            "time_created": "2026-03-10 14:42:39.708 +0000 UTC",
            "timeouts": null,
            "vcn_id": "ocid1.vcn.oc19.eu-madrid-2.amaaaaaapw27gbaa26l4e3e3jodcwszp52idisn7ntkehkfskz3zzbp7eliq"
          },
          "sensitive_attributes": [],
          "identity_schema_version": 0,
          "private": "eyJlMmJmYjczMC1lY2FhLTExZTYtOGY4OC0zNDM2M2JjN2M0YzAiOnsiY3JlYXRlIjoxMjAwMDAwMDAwMDAwLCJkZWxldGUiOjEyMDAwMDAwMDAwMDAsInVwZGF0ZSI6MTIwMDAwMDAwMDAwMH19",
          "dependencies": [
            "module.oci_lz_orchestrator.data.oci_identity_regions.these",
            "module.oci_lz_orchestrator.data.oci_identity_tenancy.this",
            "module.oci_lz_orchestrator.module.oci_lz_compartments.oci_identity_compartment.level_2",
            "module.oci_lz_orchestrator.module.oci_lz_compartments.oci_identity_compartment.level_3",
            "module.oci_lz_orchestrator.module.oci_lz_compartments.oci_identity_compartment.level_4",
            "module.oci_lz_orchestrator.module.oci_lz_compartments.oci_identity_compartment.level_5",
            "module.oci_lz_orchestrator.module.oci_lz_compartments.oci_identity_compartment.level_6",
            "module.oci_lz_orchestrator.module.oci_lz_compartments.oci_identity_compartment.these",
            "module.oci_lz_orchestrator.module.oci_lz_compartments.oci_identity_tag_default.these",
            "module.oci_lz_orchestrator.module.oci_lz_network.data.oci_core_services.oci_services",
            "module.oci_lz_orchestrator.module.oci_lz_network.data.oci_core_vcn.existing_vcns",
            "module.oci_lz_orchestrator.module.oci_lz_network.oci_core_vcn.these",
            "module.oci_lz_orchestrator.module.oci_lz_tags.data.oci_identity_tag.default_created_by",
            "module.oci_lz_orchestrator.module.oci_lz_tags.data.oci_identity_tag.default_created_on",
            "module.oci_lz_orchestrator.module.oci_lz_tags.data.oci_identity_tag_namespaces.oracle_default",
            "module.oci_lz_orchestrator.module.oci_lz_tags.oci_identity_tag.these",
            "module.oci_lz_orchestrator.module.oci_lz_tags.oci_identity_tag_default.these",
            "module.oci_lz_orchestrator.module.oci_lz_tags.oci_identity_tag_namespace.these",
            "module.oci_lz_orchestrator.module.oci_lz_zpr.data.oci_identity_regions.these",
            "module.oci_lz_orchestrator.module.oci_lz_zpr.data.oci_security_attribute_security_attribute_namespaces.default_security_attribute_namespaces",
            "module.oci_lz_orchestrator.module.oci_lz_zpr.data.oci_security_attribute_security_attribute_namespaces.query_security_attribute_namespaces",
            "module.oci_lz_orchestrator.module.oci_lz_zpr.data.oci_zpr_configuration.this",
            "module.oci_lz_orchestrator.module.oci_lz_zpr.oci_security_attribute_security_attribute.these",
            "module.oci_lz_orchestrator.module.oci_lz_zpr.oci_security_attribute_security_attribute_namespace.these",
            "module.oci_lz_orchestrator.module.oci_lz_zpr.oci_zpr_configuration.this",
            "module.oci_lz_orchestrator.module.oci_lz_zpr.oci_zpr_zpr_policy.these",
            "module.oci_lz_orchestrator.module.oci_lz_zpr.time_sleep.wait_after_zpr_configuration"
          ],
          "create_before_destroy": true
        },
        {
          "index_key": "SL-VLL-LZ-EXACS-PRO-CLIENT-KEY",
          "schema_version": 0,
          "attributes": {
            "compartment_id": "ocid1.compartment.oc19..aaaaaaaa5gtrrkqmob4ummcgl52exbo4d4vf55uvlzdku5j4fammf3b2pmlq",
            "defined_tags": {
              "Oracle-Tags.CreatedBy": "default/jorge.e.torlaschi@accenture.com",
              "Oracle-Tags.CreatedOn": "2026-03-10T14:42:39.781Z"
            },
            "display_name": "o-p-om2-sl-exacs-procli-001",
            "egress_security_rules": [
              {
                "description": "Allow all outbound traffic to 0.0.0.0/0 over all protocols",
                "destination": "0.0.0.0/0",
                "destination_type": "CIDR_BLOCK",
                "icmp_options": [],
                "protocol": "all",
                "stateless": false,
                "tcp_options": [],
                "udp_options": []
              }
            ],
            "freeform_tags": {
              "ocilz-terraform-module": "networking/0.8.1"
            },
            "id": "ocid1.securitylist.oc19.eu-madrid-2.aaaaaaaa5a3rinjqw7rsclpltq5hh64ec7gldm5jocgm2h2u2scjdvxoj7fq",
            "ingress_security_rules": [
              {
                "description": "ICMP type 3 code 4",
                "icmp_options": [
                  {
                    "code": 4,
                    "type": 3
                  }
                ],
                "protocol": "1",
                "source": "0.0.0.0/0",
                "source_type": "CIDR_BLOCK",
                "stateless": false,
                "tcp_options": [],
                "udp_options": []
              },
              {
                "description": "ICMP type 3",
                "icmp_options": [
                  {
                    "code": -1,
                    "type": 3
                  }
                ],
                "protocol": "1",
                "source": "10.197.128.0/23",
                "source_type": "CIDR_BLOCK",
                "stateless": false,
                "tcp_options": [],
                "udp_options": []
              },
              {
                "description": "ICMP type 8 (Echo)",
                "icmp_options": [
                  {
                    "code": 0,
                    "type": 8
                  }
                ],
                "protocol": "1",
                "source": "10.197.128.0/23",
                "source_type": "CIDR_BLOCK",
                "stateless": false,
                "tcp_options": [],
                "udp_options": []
              }
            ],
            "state": "AVAILABLE",
            "time_created": "2026-03-10 14:42:39.797 +0000 UTC",
            "timeouts": null,
            "vcn_id": "ocid1.vcn.oc19.eu-madrid-2.amaaaaaapw27gbaa26l4e3e3jodcwszp52idisn7ntkehkfskz3zzbp7eliq"
          },
          "sensitive_attributes": [],
          "identity_schema_version": 0,
          "private": "eyJlMmJmYjczMC1lY2FhLTExZTYtOGY4OC0zNDM2M2JjN2M0YzAiOnsiY3JlYXRlIjoxMjAwMDAwMDAwMDAwLCJkZWxldGUiOjEyMDAwMDAwMDAwMDAsInVwZGF0ZSI6MTIwMDAwMDAwMDAwMH19",
          "dependencies": [
            "module.oci_lz_orchestrator.data.oci_identity_regions.these",
            "module.oci_lz_orchestrator.data.oci_identity_tenancy.this",
            "module.oci_lz_orchestrator.module.oci_lz_compartments.oci_identity_compartment.level_2",
            "module.oci_lz_orchestrator.module.oci_lz_compartments.oci_identity_compartment.level_3",
            "module.oci_lz_orchestrator.module.oci_lz_compartments.oci_identity_compartment.level_4",
            "module.oci_lz_orchestrator.module.oci_lz_compartments.oci_identity_compartment.level_5",
            "module.oci_lz_orchestrator.module.oci_lz_compartments.oci_identity_compartment.level_6",
            "module.oci_lz_orchestrator.module.oci_lz_compartments.oci_identity_compartment.these",
            "module.oci_lz_orchestrator.module.oci_lz_compartments.oci_identity_tag_default.these",
            "module.oci_lz_orchestrator.module.oci_lz_network.data.oci_core_services.oci_services",
            "module.oci_lz_orchestrator.module.oci_lz_network.data.oci_core_vcn.existing_vcns",
            "module.oci_lz_orchestrator.module.oci_lz_network.oci_core_vcn.these",
            "module.oci_lz_orchestrator.module.oci_lz_tags.data.oci_identity_tag.default_created_by",
            "module.oci_lz_orchestrator.module.oci_lz_tags.data.oci_identity_tag.default_created_on",
            "module.oci_lz_orchestrator.module.oci_lz_tags.data.oci_identity_tag_namespaces.oracle_default",
            "module.oci_lz_orchestrator.module.oci_lz_tags.oci_identity_tag.these",
            "module.oci_lz_orchestrator.module.oci_lz_tags.oci_identity_tag_default.these",
            "module.oci_lz_orchestrator.module.oci_lz_tags.oci_identity_tag_namespace.these",
            "module.oci_lz_orchestrator.module.oci_lz_zpr.data.oci_identity_regions.these",
            "module.oci_lz_orchestrator.module.oci_lz_zpr.data.oci_security_attribute_security_attribute_namespaces.default_security_attribute_namespaces",
            "module.oci_lz_orchestrator.module.oci_lz_zpr.data.oci_security_attribute_security_attribute_namespaces.query_security_attribute_namespaces",
            "module.oci_lz_orchestrator.module.oci_lz_zpr.data.oci_zpr_configuration.this",
            "module.oci_lz_orchestrator.module.oci_lz_zpr.oci_security_attribute_security_attribute.these",
            "module.oci_lz_orchestrator.module.oci_lz_zpr.oci_security_attribute_security_attribute_namespace.these",
            "module.oci_lz_orchestrator.module.oci_lz_zpr.oci_zpr_configuration.this",
            "module.oci_lz_orchestrator.module.oci_lz_zpr.oci_zpr_zpr_policy.these",
            "module.oci_lz_orchestrator.module.oci_lz_zpr.time_sleep.wait_after_zpr_configuration"
          ],
          "create_before_destroy": true
        },
        {
          "index_key": "SL-VLL-LZ-HUB-FW-KEY",
          "schema_version": 0,
          "attributes": {
            "compartment_id": "ocid1.compartment.oc19..aaaaaaaa5gtrrkqmob4ummcgl52exbo4d4vf55uvlzdku5j4fammf3b2pmlq",
            "defined_tags": {
              "Oracle-Tags.CreatedBy": "default/jorge.e.torlaschi@accenture.com",
              "Oracle-Tags.CreatedOn": "2026-03-10T14:42:39.817Z"
            },
            "display_name": "o-p-om2-sl-hubfw-001",
            "egress_security_rules": [],
            "freeform_tags": {
              "ocilz-terraform-module": "networking/0.8.1"
            },
            "id": "ocid1.securitylist.oc19.eu-madrid-2.aaaaaaaacnodbu3y73ugby74ryrr7c5aoa2pzwdryyyoenq2frlckcoedj3a",
            "ingress_security_rules": [
              {
                "description": "ICMP type 3 code 4",
                "icmp_options": [
                  {
                    "code": 4,
                    "type": 3
                  }
                ],
                "protocol": "1",
                "source": "0.0.0.0/0",
                "source_type": "CIDR_BLOCK",
                "stateless": false,
                "tcp_options": [],
                "udp_options": []
              },
              {
                "description": "ICMP type 3",
                "icmp_options": [
                  {
                    "code": -1,
                    "type": 3
                  }
                ],
                "protocol": "1",
                "source": "10.197.128.0/23",
                "source_type": "CIDR_BLOCK",
                "stateless": false,
                "tcp_options": [],
                "udp_options": []
              },
              {
                "description": "ICMP type 8 (Echo)",
                "icmp_options": [
                  {
                    "code": 0,
                    "type": 8
                  }
                ],
                "protocol": "1",
                "source": "10.197.128.0/23",
                "source_type": "CIDR_BLOCK",
                "stateless": false,
                "tcp_options": [],
                "udp_options": []
              }
            ],
            "state": "AVAILABLE",
            "time_created": "2026-03-10 14:42:39.829 +0000 UTC",
            "timeouts": null,
            "vcn_id": "ocid1.vcn.oc19.eu-madrid-2.amaaaaaapw27gbaahaampmaqpuconyvwmecndp6epapf6uv4p2okvyd2qe4q"
          },
          "sensitive_attributes": [],
          "identity_schema_version": 0,
          "private": "eyJlMmJmYjczMC1lY2FhLTExZTYtOGY4OC0zNDM2M2JjN2M0YzAiOnsiY3JlYXRlIjoxMjAwMDAwMDAwMDAwLCJkZWxldGUiOjEyMDAwMDAwMDAwMDAsInVwZGF0ZSI6MTIwMDAwMDAwMDAwMH19",
          "dependencies": [
            "module.oci_lz_orchestrator.data.oci_identity_regions.these",
            "module.oci_lz_orchestrator.data.oci_identity_tenancy.this",
            "module.oci_lz_orchestrator.module.oci_lz_compartments.oci_identity_compartment.level_2",
            "module.oci_lz_orchestrator.module.oci_lz_compartments.oci_identity_compartment.level_3",
            "module.oci_lz_orchestrator.module.oci_lz_compartments.oci_identity_compartment.level_4",
            "module.oci_lz_orchestrator.module.oci_lz_compartments.oci_identity_compartment.level_5",
            "module.oci_lz_orchestrator.module.oci_lz_compartments.oci_identity_compartment.level_6",
            "module.oci_lz_orchestrator.module.oci_lz_compartments.oci_identity_compartment.these",
            "module.oci_lz_orchestrator.module.oci_lz_compartments.oci_identity_tag_default.these",
            "module.oci_lz_orchestrator.module.oci_lz_network.data.oci_core_services.oci_services",
            "module.oci_lz_orchestrator.module.oci_lz_network.data.oci_core_vcn.existing_vcns",
            "module.oci_lz_orchestrator.module.oci_lz_network.oci_core_vcn.these",
            "module.oci_lz_orchestrator.module.oci_lz_tags.data.oci_identity_tag.default_created_by",
            "module.oci_lz_orchestrator.module.oci_lz_tags.data.oci_identity_tag.default_created_on",
            "module.oci_lz_orchestrator.module.oci_lz_tags.data.oci_identity_tag_namespaces.oracle_default",
            "module.oci_lz_orchestrator.module.oci_lz_tags.oci_identity_tag.these",
            "module.oci_lz_orchestrator.module.oci_lz_tags.oci_identity_tag_default.these",
            "module.oci_lz_orchestrator.module.oci_lz_tags.oci_identity_tag_namespace.these",
            "module.oci_lz_orchestrator.module.oci_lz_zpr.data.oci_identity_regions.these",
            "module.oci_lz_orchestrator.module.oci_lz_zpr.data.oci_security_attribute_security_attribute_namespaces.default_security_attribute_namespaces",
            "module.oci_lz_orchestrator.module.oci_lz_zpr.data.oci_security_attribute_security_attribute_namespaces.query_security_attribute_namespaces",
            "module.oci_lz_orchestrator.module.oci_lz_zpr.data.oci_zpr_configuration.this",
            "module.oci_lz_orchestrator.module.oci_lz_zpr.oci_security_attribute_security_attribute.these",
            "module.oci_lz_orchestrator.module.oci_lz_zpr.oci_security_attribute_security_attribute_namespace.these",
            "module.oci_lz_orchestrator.module.oci_lz_zpr.oci_zpr_configuration.this",
            "module.oci_lz_orchestrator.module.oci_lz_zpr.oci_zpr_zpr_policy.these",
            "module.oci_lz_orchestrator.module.oci_lz_zpr.time_sleep.wait_after_zpr_configuration"
          ],
          "create_before_destroy": true
        },
        {
          "index_key": "SL-VLL-LZ-HUB-MGMT-KEY",
          "schema_version": 0,
          "attributes": {
            "compartment_id": "ocid1.compartment.oc19..aaaaaaaa5gtrrkqmob4ummcgl52exbo4d4vf55uvlzdku5j4fammf3b2pmlq",
            "defined_tags": {
              "Oracle-Tags.CreatedBy": "default/jorge.e.torlaschi@accenture.com",
              "Oracle-Tags.CreatedOn": "2026-03-10T14:42:39.856Z"
            },
            "display_name": "o-p-om2-sl-hubmgmt-001",
            "egress_security_rules": [
              {
                "description": "Allow all outbound traffic to 0.0.0.0/0 over all protocols",
                "destination": "0.0.0.0/0",
                "destination_type": "CIDR_BLOCK",
                "icmp_options": [],
                "protocol": "all",
                "stateless": false,
                "tcp_options": [],
                "udp_options": []
              }
            ],
            "freeform_tags": {
              "ocilz-terraform-module": "networking/0.8.1"
            },
            "id": "ocid1.securitylist.oc19.eu-madrid-2.aaaaaaaax4r77poacckw7t2nmbxddnkqmrxeh3sbdys6tbm2voyrtumnnbuq",
            "ingress_security_rules": [
              {
                "description": "EXAMPLE: Allow inbound traffic from the Bastion Service private endpoint IP address",
                "icmp_options": [],
                "protocol": "6",
                "source": "10.197.128.32/27",
                "source_type": "CIDR_BLOCK",
                "stateless": false,
                "tcp_options": [
                  {
                    "max": 22,
                    "min": 22,
                    "source_port_range": []
                  }
                ],
                "udp_options": []
              },
              {
                "description": "ICMP type 3 code 4",
                "icmp_options": [
                  {
                    "code": 4,
                    "type": 3
                  }
                ],
                "protocol": "1",
                "source": "0.0.0.0/0",
                "source_type": "CIDR_BLOCK",
                "stateless": false,
                "tcp_options": [],
                "udp_options": []
              },
              {
                "description": "ICMP type 3",
                "icmp_options": [
                  {
                    "code": -1,
                    "type": 3
                  }
                ],
                "protocol": "1",
                "source": "10.197.128.0/23",
                "source_type": "CIDR_BLOCK",
                "stateless": false,
                "tcp_options": [],
                "udp_options": []
              },
              {
                "description": "ICMP type 8 (Echo)",
                "icmp_options": [
                  {
                    "code": 0,
                    "type": 8
                  }
                ],
                "protocol": "1",
                "source": "10.197.128.0/23",
                "source_type": "CIDR_BLOCK",
                "stateless": false,
                "tcp_options": [],
                "udp_options": []
              }
            ],
            "state": "AVAILABLE",
            "time_created": "2026-03-10 14:42:39.868 +0000 UTC",
            "timeouts": null,
            "vcn_id": "ocid1.vcn.oc19.eu-madrid-2.amaaaaaapw27gbaahaampmaqpuconyvwmecndp6epapf6uv4p2okvyd2qe4q"
          },
          "sensitive_attributes": [],
          "identity_schema_version": 0,
          "private": "eyJlMmJmYjczMC1lY2FhLTExZTYtOGY4OC0zNDM2M2JjN2M0YzAiOnsiY3JlYXRlIjoxMjAwMDAwMDAwMDAwLCJkZWxldGUiOjEyMDAwMDAwMDAwMDAsInVwZGF0ZSI6MTIwMDAwMDAwMDAwMH19",
          "dependencies": [
            "module.oci_lz_orchestrator.data.oci_identity_regions.these",
            "module.oci_lz_orchestrator.data.oci_identity_tenancy.this",
            "module.oci_lz_orchestrator.module.oci_lz_compartments.oci_identity_compartment.level_2",
            "module.oci_lz_orchestrator.module.oci_lz_compartments.oci_identity_compartment.level_3",
            "module.oci_lz_orchestrator.module.oci_lz_compartments.oci_identity_compartment.level_4",
            "module.oci_lz_orchestrator.module.oci_lz_compartments.oci_identity_compartment.level_5",
            "module.oci_lz_orchestrator.module.oci_lz_compartments.oci_identity_compartment.level_6",
            "module.oci_lz_orchestrator.module.oci_lz_compartments.oci_identity_compartment.these",
            "module.oci_lz_orchestrator.module.oci_lz_compartments.oci_identity_tag_default.these",
            "module.oci_lz_orchestrator.module.oci_lz_network.data.oci_core_services.oci_services",
            "module.oci_lz_orchestrator.module.oci_lz_network.data.oci_core_vcn.existing_vcns",
            "module.oci_lz_orchestrator.module.oci_lz_network.oci_core_vcn.these",
            "module.oci_lz_orchestrator.module.oci_lz_tags.data.oci_identity_tag.default_created_by",
            "module.oci_lz_orchestrator.module.oci_lz_tags.data.oci_identity_tag.default_created_on",
            "module.oci_lz_orchestrator.module.oci_lz_tags.data.oci_identity_tag_namespaces.oracle_default",
            "module.oci_lz_orchestrator.module.oci_lz_tags.oci_identity_tag.these",
            "module.oci_lz_orchestrator.module.oci_lz_tags.oci_identity_tag_default.these",
            "module.oci_lz_orchestrator.module.oci_lz_tags.oci_identity_tag_namespace.these",
            "module.oci_lz_orchestrator.module.oci_lz_zpr.data.oci_identity_regions.these",
            "module.oci_lz_orchestrator.module.oci_lz_zpr.data.oci_security_attribute_security_attribute_namespaces.default_security_attribute_namespaces",
            "module.oci_lz_orchestrator.module.oci_lz_zpr.data.oci_security_attribute_security_attribute_namespaces.query_security_attribute_namespaces",
            "module.oci_lz_orchestrator.module.oci_lz_zpr.data.oci_zpr_configuration.this",
            "module.oci_lz_orchestrator.module.oci_lz_zpr.oci_security_attribute_security_attribute.these",
            "module.oci_lz_orchestrator.module.oci_lz_zpr.oci_security_attribute_security_attribute_namespace.these",
            "module.oci_lz_orchestrator.module.oci_lz_zpr.oci_zpr_configuration.this",
            "module.oci_lz_orchestrator.module.oci_lz_zpr.oci_zpr_zpr_policy.these",
            "module.oci_lz_orchestrator.module.oci_lz_zpr.time_sleep.wait_after_zpr_configuration"
          ],
          "create_before_destroy": true
        }
      ]
    },
    {
      "module": "module.oci_lz_orchestrator.module.oci_lz_network[0]",
      "mode": "managed",
      "type": "oci_core_service_gateway",
      "name": "these",
      "provider": "module.oci_lz_orchestrator.provider[\"registry.terraform.io/oracle/oci\"]",
      "instances": [
        {
          "index_key": "SGW-VLL-LZ-EXACS-NPR-KEY",
          "schema_version": 0,
          "attributes": {
            "block_traffic": false,
            "compartment_id": "ocid1.compartment.oc19..aaaaaaaa5gtrrkqmob4ummcgl52exbo4d4vf55uvlzdku5j4fammf3b2pmlq",
            "defined_tags": {
              "Oracle-Tags.CreatedBy": "default/jorge.e.torlaschi@accenture.com",
              "Oracle-Tags.CreatedOn": "2026-03-10T14:42:46.265Z"
            },
            "display_name": "o-d-om2-sgw-exacs-npr-001",
            "freeform_tags": {
              "ocilz-terraform-module": "networking/0.8.1"
            },
            "id": "ocid1.servicegateway.oc19.eu-madrid-2.aaaaaaaa3gxhavba3sykmzt2reypnwomdrcozlkmixnpu2elhenu5u6oripa",
            "route_table_id": null,
            "services": [
              {
                "service_id": "ocid1.service.oc19.eu-madrid-2.aaaaaaaaalasrvugb3zwk4lghxvnjnbgdmgywqhhywrnkx47yjkbt4vlfhxq",
                "service_name": "All VLL Services In Oracle Services Network"
              }
            ],
            "state": "AVAILABLE",
            "time_created": "2026-03-10 14:42:47.386 +0000 UTC",
            "timeouts": null,
            "vcn_id": "ocid1.vcn.oc19.eu-madrid-2.amaaaaaapw27gbaatri7xmitendke5zbqpwk3dzghwa7apab56eya5rb2fza"
          },
          "sensitive_attributes": [],
          "identity_schema_version": 0,
          "private": "eyJlMmJmYjczMC1lY2FhLTExZTYtOGY4OC0zNDM2M2JjN2M0YzAiOnsiY3JlYXRlIjoxMjAwMDAwMDAwMDAwLCJkZWxldGUiOjEyMDAwMDAwMDAwMDAsInVwZGF0ZSI6MTIwMDAwMDAwMDAwMH19",
          "dependencies": [
            "module.oci_lz_orchestrator.data.oci_identity_regions.these",
            "module.oci_lz_orchestrator.data.oci_identity_tenancy.this",
            "module.oci_lz_orchestrator.module.oci_lz_compartments.oci_identity_compartment.level_2",
            "module.oci_lz_orchestrator.module.oci_lz_compartments.oci_identity_compartment.level_3",
            "module.oci_lz_orchestrator.module.oci_lz_compartments.oci_identity_compartment.level_4",
            "module.oci_lz_orchestrator.module.oci_lz_compartments.oci_identity_compartment.level_5",
            "module.oci_lz_orchestrator.module.oci_lz_compartments.oci_identity_compartment.level_6",
            "module.oci_lz_orchestrator.module.oci_lz_compartments.oci_identity_compartment.these",
            "module.oci_lz_orchestrator.module.oci_lz_compartments.oci_identity_tag_default.these",
            "module.oci_lz_orchestrator.module.oci_lz_network.data.oci_core_services.oci_services",
            "module.oci_lz_orchestrator.module.oci_lz_network.data.oci_core_vcn.existing_vcns",
            "module.oci_lz_orchestrator.module.oci_lz_network.oci_core_drg.these",
            "module.oci_lz_orchestrator.module.oci_lz_network.oci_core_public_ip.these",
            "module.oci_lz_orchestrator.module.oci_lz_network.oci_core_public_ip_pool.these",
            "module.oci_lz_orchestrator.module.oci_lz_network.oci_core_route_table.igw_natgw_specific_route_tables",
            "module.oci_lz_orchestrator.module.oci_lz_network.oci_core_route_table.sgw_specific_route_tables",
            "module.oci_lz_orchestrator.module.oci_lz_network.oci_core_vcn.these",
            "module.oci_lz_orchestrator.module.oci_lz_tags.data.oci_identity_tag.default_created_by",
            "module.oci_lz_orchestrator.module.oci_lz_tags.data.oci_identity_tag.default_created_on",
            "module.oci_lz_orchestrator.module.oci_lz_tags.data.oci_identity_tag_namespaces.oracle_default",
            "module.oci_lz_orchestrator.module.oci_lz_tags.oci_identity_tag.these",
            "module.oci_lz_orchestrator.module.oci_lz_tags.oci_identity_tag_default.these",
            "module.oci_lz_orchestrator.module.oci_lz_tags.oci_identity_tag_namespace.these",
            "module.oci_lz_orchestrator.module.oci_lz_zpr.data.oci_identity_regions.these",
            "module.oci_lz_orchestrator.module.oci_lz_zpr.data.oci_security_attribute_security_attribute_namespaces.default_security_attribute_namespaces",
            "module.oci_lz_orchestrator.module.oci_lz_zpr.data.oci_security_attribute_security_attribute_namespaces.query_security_attribute_namespaces",
            "module.oci_lz_orchestrator.module.oci_lz_zpr.data.oci_zpr_configuration.this",
            "module.oci_lz_orchestrator.module.oci_lz_zpr.oci_security_attribute_security_attribute.these",
            "module.oci_lz_orchestrator.module.oci_lz_zpr.oci_security_attribute_security_attribute_namespace.these",
            "module.oci_lz_orchestrator.module.oci_lz_zpr.oci_zpr_configuration.this",
            "module.oci_lz_orchestrator.module.oci_lz_zpr.oci_zpr_zpr_policy.these",
            "module.oci_lz_orchestrator.module.oci_lz_zpr.time_sleep.wait_after_zpr_configuration"
          ],
          "create_before_destroy": true
        },
        {
          "index_key": "SGW-VLL-LZ-EXACS-PRO-KEY",
          "schema_version": 0,
          "attributes": {
            "block_traffic": false,
            "compartment_id": "ocid1.compartment.oc19..aaaaaaaa5gtrrkqmob4ummcgl52exbo4d4vf55uvlzdku5j4fammf3b2pmlq",
            "defined_tags": {
              "Oracle-Tags.CreatedBy": "default/jorge.e.torlaschi@accenture.com",
              "Oracle-Tags.CreatedOn": "2026-03-10T14:42:46.331Z"
            },
            "display_name": "o-p-om2-sgw-exacs-pro-001",
            "freeform_tags": {
              "ocilz-terraform-module": "networking/0.8.1"
            },
            "id": "ocid1.servicegateway.oc19.eu-madrid-2.aaaaaaaavxjuqe7azfv344j6xgkbhuk2u5j6az5ndjzmrljhupocmfpejm7a",
            "route_table_id": null,
            "services": [
              {
                "service_id": "ocid1.service.oc19.eu-madrid-2.aaaaaaaaalasrvugb3zwk4lghxvnjnbgdmgywqhhywrnkx47yjkbt4vlfhxq",
                "service_name": "All VLL Services In Oracle Services Network"
              }
            ],
            "state": "AVAILABLE",
            "time_created": "2026-03-10 14:42:48.147 +0000 UTC",
            "timeouts": null,
            "vcn_id": "ocid1.vcn.oc19.eu-madrid-2.amaaaaaapw27gbaa26l4e3e3jodcwszp52idisn7ntkehkfskz3zzbp7eliq"
          },
          "sensitive_attributes": [],
          "identity_schema_version": 0,
          "private": "eyJlMmJmYjczMC1lY2FhLTExZTYtOGY4OC0zNDM2M2JjN2M0YzAiOnsiY3JlYXRlIjoxMjAwMDAwMDAwMDAwLCJkZWxldGUiOjEyMDAwMDAwMDAwMDAsInVwZGF0ZSI6MTIwMDAwMDAwMDAwMH19",
          "dependencies": [
            "module.oci_lz_orchestrator.data.oci_identity_regions.these",
            "module.oci_lz_orchestrator.data.oci_identity_tenancy.this",
            "module.oci_lz_orchestrator.module.oci_lz_compartments.oci_identity_compartment.level_2",
            "module.oci_lz_orchestrator.module.oci_lz_compartments.oci_identity_compartment.level_3",
            "module.oci_lz_orchestrator.module.oci_lz_compartments.oci_identity_compartment.level_4",
            "module.oci_lz_orchestrator.module.oci_lz_compartments.oci_identity_compartment.level_5",
            "module.oci_lz_orchestrator.module.oci_lz_compartments.oci_identity_compartment.level_6",
            "module.oci_lz_orchestrator.module.oci_lz_compartments.oci_identity_compartment.these",
            "module.oci_lz_orchestrator.module.oci_lz_compartments.oci_identity_tag_default.these",
            "module.oci_lz_orchestrator.module.oci_lz_network.data.oci_core_services.oci_services",
            "module.oci_lz_orchestrator.module.oci_lz_network.data.oci_core_vcn.existing_vcns",
            "module.oci_lz_orchestrator.module.oci_lz_network.oci_core_drg.these",
            "module.oci_lz_orchestrator.module.oci_lz_network.oci_core_public_ip.these",
            "module.oci_lz_orchestrator.module.oci_lz_network.oci_core_public_ip_pool.these",
            "module.oci_lz_orchestrator.module.oci_lz_network.oci_core_route_table.igw_natgw_specific_route_tables",
            "module.oci_lz_orchestrator.module.oci_lz_network.oci_core_route_table.sgw_specific_route_tables",
            "module.oci_lz_orchestrator.module.oci_lz_network.oci_core_vcn.these",
            "module.oci_lz_orchestrator.module.oci_lz_tags.data.oci_identity_tag.default_created_by",
            "module.oci_lz_orchestrator.module.oci_lz_tags.data.oci_identity_tag.default_created_on",
            "module.oci_lz_orchestrator.module.oci_lz_tags.data.oci_identity_tag_namespaces.oracle_default",
            "module.oci_lz_orchestrator.module.oci_lz_tags.oci_identity_tag.these",
            "module.oci_lz_orchestrator.module.oci_lz_tags.oci_identity_tag_default.these",
            "module.oci_lz_orchestrator.module.oci_lz_tags.oci_identity_tag_namespace.these",
            "module.oci_lz_orchestrator.module.oci_lz_zpr.data.oci_identity_regions.these",
            "module.oci_lz_orchestrator.module.oci_lz_zpr.data.oci_security_attribute_security_attribute_namespaces.default_security_attribute_namespaces",
            "module.oci_lz_orchestrator.module.oci_lz_zpr.data.oci_security_attribute_security_attribute_namespaces.query_security_attribute_namespaces",
            "module.oci_lz_orchestrator.module.oci_lz_zpr.data.oci_zpr_configuration.this",
            "module.oci_lz_orchestrator.module.oci_lz_zpr.oci_security_attribute_security_attribute.these",
            "module.oci_lz_orchestrator.module.oci_lz_zpr.oci_security_attribute_security_attribute_namespace.these",
            "module.oci_lz_orchestrator.module.oci_lz_zpr.oci_zpr_configuration.this",
            "module.oci_lz_orchestrator.module.oci_lz_zpr.oci_zpr_zpr_policy.these",
            "module.oci_lz_orchestrator.module.oci_lz_zpr.time_sleep.wait_after_zpr_configuration"
          ],
          "create_before_destroy": true
        },
        {
          "index_key": "SGW-VLL-LZ-HUB-KEY",
          "schema_version": 0,
          "attributes": {
            "block_traffic": false,
            "compartment_id": "ocid1.compartment.oc19..aaaaaaaa5gtrrkqmob4ummcgl52exbo4d4vf55uvlzdku5j4fammf3b2pmlq",
            "defined_tags": {
              "Oracle-Tags.CreatedBy": "default/jorge.e.torlaschi@accenture.com",
              "Oracle-Tags.CreatedOn": "2026-03-10T14:42:46.335Z"
            },
            "display_name": "o-p-om2-sgw-hub-001",
            "freeform_tags": {
              "ocilz-terraform-module": "networking/0.8.1"
            },
            "id": "ocid1.servicegateway.oc19.eu-madrid-2.aaaaaaaao3zwviqb3hw7jylshx4zk4bbsyoipquitxuh5qu3xkkyx6uutjua",
            "route_table_id": null,
            "services": [
              {
                "service_id": "ocid1.service.oc19.eu-madrid-2.aaaaaaaaalasrvugb3zwk4lghxvnjnbgdmgywqhhywrnkx47yjkbt4vlfhxq",
                "service_name": "All VLL Services In Oracle Services Network"
              }
            ],
            "state": "AVAILABLE",
            "time_created": "2026-03-10 14:42:47.554 +0000 UTC",
            "timeouts": null,
            "vcn_id": "ocid1.vcn.oc19.eu-madrid-2.amaaaaaapw27gbaahaampmaqpuconyvwmecndp6epapf6uv4p2okvyd2qe4q"
          },
          "sensitive_attributes": [],
          "identity_schema_version": 0,
          "private": "eyJlMmJmYjczMC1lY2FhLTExZTYtOGY4OC0zNDM2M2JjN2M0YzAiOnsiY3JlYXRlIjoxMjAwMDAwMDAwMDAwLCJkZWxldGUiOjEyMDAwMDAwMDAwMDAsInVwZGF0ZSI6MTIwMDAwMDAwMDAwMH19",
          "dependencies": [
            "module.oci_lz_orchestrator.data.oci_identity_regions.these",
            "module.oci_lz_orchestrator.data.oci_identity_tenancy.this",
            "module.oci_lz_orchestrator.module.oci_lz_compartments.oci_identity_compartment.level_2",
            "module.oci_lz_orchestrator.module.oci_lz_compartments.oci_identity_compartment.level_3",
            "module.oci_lz_orchestrator.module.oci_lz_compartments.oci_identity_compartment.level_4",
            "module.oci_lz_orchestrator.module.oci_lz_compartments.oci_identity_compartment.level_5",
            "module.oci_lz_orchestrator.module.oci_lz_compartments.oci_identity_compartment.level_6",
            "module.oci_lz_orchestrator.module.oci_lz_compartments.oci_identity_compartment.these",
            "module.oci_lz_orchestrator.module.oci_lz_compartments.oci_identity_tag_default.these",
            "module.oci_lz_orchestrator.module.oci_lz_network.data.oci_core_services.oci_services",
            "module.oci_lz_orchestrator.module.oci_lz_network.data.oci_core_vcn.existing_vcns",
            "module.oci_lz_orchestrator.module.oci_lz_network.oci_core_drg.these",
            "module.oci_lz_orchestrator.module.oci_lz_network.oci_core_public_ip.these",
            "module.oci_lz_orchestrator.module.oci_lz_network.oci_core_public_ip_pool.these",
            "module.oci_lz_orchestrator.module.oci_lz_network.oci_core_route_table.igw_natgw_specific_route_tables",
            "module.oci_lz_orchestrator.module.oci_lz_network.oci_core_route_table.sgw_specific_route_tables",
            "module.oci_lz_orchestrator.module.oci_lz_network.oci_core_vcn.these",
            "module.oci_lz_orchestrator.module.oci_lz_tags.data.oci_identity_tag.default_created_by",
            "module.oci_lz_orchestrator.module.oci_lz_tags.data.oci_identity_tag.default_created_on",
            "module.oci_lz_orchestrator.module.oci_lz_tags.data.oci_identity_tag_namespaces.oracle_default",
            "module.oci_lz_orchestrator.module.oci_lz_tags.oci_identity_tag.these",
            "module.oci_lz_orchestrator.module.oci_lz_tags.oci_identity_tag_default.these",
            "module.oci_lz_orchestrator.module.oci_lz_tags.oci_identity_tag_namespace.these",
            "module.oci_lz_orchestrator.module.oci_lz_zpr.data.oci_identity_regions.these",
            "module.oci_lz_orchestrator.module.oci_lz_zpr.data.oci_security_attribute_security_attribute_namespaces.default_security_attribute_namespaces",
            "module.oci_lz_orchestrator.module.oci_lz_zpr.data.oci_security_attribute_security_attribute_namespaces.query_security_attribute_namespaces",
            "module.oci_lz_orchestrator.module.oci_lz_zpr.data.oci_zpr_configuration.this",
            "module.oci_lz_orchestrator.module.oci_lz_zpr.oci_security_attribute_security_attribute.these",
            "module.oci_lz_orchestrator.module.oci_lz_zpr.oci_security_attribute_security_attribute_namespace.these",
            "module.oci_lz_orchestrator.module.oci_lz_zpr.oci_zpr_configuration.this",
            "module.oci_lz_orchestrator.module.oci_lz_zpr.oci_zpr_zpr_policy.these",
            "module.oci_lz_orchestrator.module.oci_lz_zpr.time_sleep.wait_after_zpr_configuration"
          ],
          "create_before_destroy": true
        }
      ]
    },
    {
      "module": "module.oci_lz_orchestrator.module.oci_lz_network[0]",
      "mode": "managed",
      "type": "oci_core_subnet",
      "name": "these",
      "provider": "module.oci_lz_orchestrator.provider[\"registry.terraform.io/oracle/oci\"]",
      "instances": [
        {
          "index_key": "SN-VLL-LZ-EXACS-NPR-BACKUP-KEY",
          "schema_version": 0,
          "attributes": {
            "availability_domain": null,
            "cidr_block": "10.197.134.32/27",
            "compartment_id": "ocid1.compartment.oc19..aaaaaaaa5gtrrkqmob4ummcgl52exbo4d4vf55uvlzdku5j4fammf3b2pmlq",
            "defined_tags": {
              "Oracle-Tags.CreatedBy": "default/jorge.e.torlaschi@accenture.com",
              "Oracle-Tags.CreatedOn": "2026-03-10T14:42:50.449Z"
            },
            "dhcp_options_id": "ocid1.dhcpoptions.oc19.eu-madrid-2.aaaaaaaaiveoeszbsy22dpwetbfxte7drprdenorygl52hluqgqijvj3eraq",
            "display_name": "o-d-om2-sub-exacs-nprbck-001",
            "dns_label": "onpom2snexnpbck",
            "freeform_tags": {
              "ocilz-terraform-module": "networking/0.8.1"
            },
            "id": "ocid1.subnet.oc19.eu-madrid-2.aaaaaaaapzxknvaxdzhxhy6bnelwuyqykfwccruyrftnshskkcc2upjphvka",
            "ipv4cidr_blocks": [
              "10.197.134.32/27"
            ],
            "ipv6cidr_block": null,
            "ipv6cidr_blocks": [],
            "ipv6virtual_router_ip": null,
            "prohibit_internet_ingress": true,
            "prohibit_public_ip_on_vnic": true,
            "route_table_id": "ocid1.routetable.oc19.eu-madrid-2.aaaaaaaaxj3cpw5v7ck6pshlzysnpxep73cvbfv6wunmzcxesun4ewxnmkxa",
            "security_list_ids": [
              "ocid1.securitylist.oc19.eu-madrid-2.aaaaaaaaq3gxlqmzhihavo2fq4ftdt4lh2nwcvngfneo4oj6ihx7sjaetiiq"
            ],
            "state": "AVAILABLE",
            "subnet_domain_name": "onpom2snexnpbck.opom2vcnexanpr.oraclevcn.com",
            "time_created": "2026-03-10 14:42:50.642 +0000 UTC",
            "timeouts": null,
            "vcn_id": "ocid1.vcn.oc19.eu-madrid-2.amaaaaaapw27gbaatri7xmitendke5zbqpwk3dzghwa7apab56eya5rb2fza",
            "virtual_router_ip": "10.197.134.33",
            "virtual_router_mac": "00:00:17:49:31:78"
          },
          "sensitive_attributes": [],
          "identity_schema_version": 0,
          "private": "eyJlMmJmYjczMC1lY2FhLTExZTYtOGY4OC0zNDM2M2JjN2M0YzAiOnsiY3JlYXRlIjoxMjAwMDAwMDAwMDAwLCJkZWxldGUiOjEyMDAwMDAwMDAwMDAsInVwZGF0ZSI6MTIwMDAwMDAwMDAwMH19",
          "dependencies": [
            "module.oci_lz_orchestrator.data.oci_identity_regions.these",
            "module.oci_lz_orchestrator.data.oci_identity_tenancy.this",
            "module.oci_lz_orchestrator.module.oci_lz_compartments.oci_identity_compartment.level_2",
            "module.oci_lz_orchestrator.module.oci_lz_compartments.oci_identity_compartment.level_3",
            "module.oci_lz_orchestrator.module.oci_lz_compartments.oci_identity_compartment.level_4",
            "module.oci_lz_orchestrator.module.oci_lz_compartments.oci_identity_compartment.level_5",
            "module.oci_lz_orchestrator.module.oci_lz_compartments.oci_identity_compartment.level_6",
            "module.oci_lz_orchestrator.module.oci_lz_compartments.oci_identity_compartment.these",
            "module.oci_lz_orchestrator.module.oci_lz_compartments.oci_identity_tag_default.these",
            "module.oci_lz_orchestrator.module.oci_lz_network.data.oci_core_services.oci_services",
            "module.oci_lz_orchestrator.module.oci_lz_network.data.oci_core_vcn.existing_vcns",
            "module.oci_lz_orchestrator.module.oci_lz_network.oci_core_dhcp_options.these",
            "module.oci_lz_orchestrator.module.oci_lz_network.oci_core_drg.these",
            "module.oci_lz_orchestrator.module.oci_lz_network.oci_core_internet_gateway.these",
            "module.oci_lz_orchestrator.module.oci_lz_network.oci_core_local_peering_gateway.oci_acceptor_local_peering_gateways",
            "module.oci_lz_orchestrator.module.oci_lz_network.oci_core_local_peering_gateway.oci_requestor_local_peering_gateways",
            "module.oci_lz_orchestrator.module.oci_lz_network.oci_core_nat_gateway.these",
            "module.oci_lz_orchestrator.module.oci_lz_network.oci_core_public_ip.these",
            "module.oci_lz_orchestrator.module.oci_lz_network.oci_core_public_ip_pool.these",
            "module.oci_lz_orchestrator.module.oci_lz_network.oci_core_route_table.drga_specific_route_tables",
            "module.oci_lz_orchestrator.module.oci_lz_network.oci_core_route_table.igw_natgw_specific_route_tables",
            "module.oci_lz_orchestrator.module.oci_lz_network.oci_core_route_table.lpg_specific_route_tables",
            "module.oci_lz_orchestrator.module.oci_lz_network.oci_core_route_table.non_gw_specific_remaining_route_tables",
            "module.oci_lz_orchestrator.module.oci_lz_network.oci_core_route_table.sgw_specific_route_tables",
            "module.oci_lz_orchestrator.module.oci_lz_network.oci_core_security_list.these",
            "module.oci_lz_orchestrator.module.oci_lz_network.oci_core_service_gateway.these",
            "module.oci_lz_orchestrator.module.oci_lz_network.oci_core_vcn.these",
            "module.oci_lz_orchestrator.module.oci_lz_tags.data.oci_identity_tag.default_created_by",
            "module.oci_lz_orchestrator.module.oci_lz_tags.data.oci_identity_tag.default_created_on",
            "module.oci_lz_orchestrator.module.oci_lz_tags.data.oci_identity_tag_namespaces.oracle_default",
            "module.oci_lz_orchestrator.module.oci_lz_tags.oci_identity_tag.these",
            "module.oci_lz_orchestrator.module.oci_lz_tags.oci_identity_tag_default.these",
            "module.oci_lz_orchestrator.module.oci_lz_tags.oci_identity_tag_namespace.these",
            "module.oci_lz_orchestrator.module.oci_lz_zpr.data.oci_identity_regions.these",
            "module.oci_lz_orchestrator.module.oci_lz_zpr.data.oci_security_attribute_security_attribute_namespaces.default_security_attribute_namespaces",
            "module.oci_lz_orchestrator.module.oci_lz_zpr.data.oci_security_attribute_security_attribute_namespaces.query_security_attribute_namespaces",
            "module.oci_lz_orchestrator.module.oci_lz_zpr.data.oci_zpr_configuration.this",
            "module.oci_lz_orchestrator.module.oci_lz_zpr.oci_security_attribute_security_attribute.these",
            "module.oci_lz_orchestrator.module.oci_lz_zpr.oci_security_attribute_security_attribute_namespace.these",
            "module.oci_lz_orchestrator.module.oci_lz_zpr.oci_zpr_configuration.this",
            "module.oci_lz_orchestrator.module.oci_lz_zpr.oci_zpr_zpr_policy.these",
            "module.oci_lz_orchestrator.module.oci_lz_zpr.time_sleep.wait_after_zpr_configuration"
          ],
          "create_before_destroy": true
        },
        {
          "index_key": "SN-VLL-LZ-EXACS-NPR-CLIENT-KEY",
          "schema_version": 0,
          "attributes": {
            "availability_domain": null,
            "cidr_block": "10.197.134.0/27",
            "compartment_id": "ocid1.compartment.oc19..aaaaaaaa5gtrrkqmob4ummcgl52exbo4d4vf55uvlzdku5j4fammf3b2pmlq",
            "defined_tags": {
              "Oracle-Tags.CreatedBy": "default/jorge.e.torlaschi@accenture.com",
              "Oracle-Tags.CreatedOn": "2026-03-10T14:42:50.449Z"
            },
            "dhcp_options_id": "ocid1.dhcpoptions.oc19.eu-madrid-2.aaaaaaaaiveoeszbsy22dpwetbfxte7drprdenorygl52hluqgqijvj3eraq",
            "display_name": "o-d-om2-sub-exacs-nprcli-001",
            "dns_label": "onpom2snexnpcli",
            "freeform_tags": {
              "ocilz-terraform-module": "networking/0.8.1"
            },
            "id": "ocid1.subnet.oc19.eu-madrid-2.aaaaaaaakekfuzcbd43hvuufgzx6x5uybwjcst35azjilncmjgc254i22gpa",
            "ipv4cidr_blocks": [
              "10.197.134.0/27"
            ],
            "ipv6cidr_block": null,
            "ipv6cidr_blocks": [],
            "ipv6virtual_router_ip": null,
            "prohibit_internet_ingress": true,
            "prohibit_public_ip_on_vnic": true,
            "route_table_id": "ocid1.routetable.oc19.eu-madrid-2.aaaaaaaa26d4p6ngnmfwyddmi7ayygbwkypfgw5sxh4wb7kznmfuparwdwjq",
            "security_list_ids": [
              "ocid1.securitylist.oc19.eu-madrid-2.aaaaaaaaj3ondyeq6escsvhcprydlvvdrc36vjgnx5q3gdw2bitgtpf2sctq"
            ],
            "state": "AVAILABLE",
            "subnet_domain_name": "onpom2snexnpcli.opom2vcnexanpr.oraclevcn.com",
            "time_created": "2026-03-10 14:42:50.471 +0000 UTC",
            "timeouts": null,
            "vcn_id": "ocid1.vcn.oc19.eu-madrid-2.amaaaaaapw27gbaatri7xmitendke5zbqpwk3dzghwa7apab56eya5rb2fza",
            "virtual_router_ip": "10.197.134.1",
            "virtual_router_mac": "00:00:17:49:31:78"
          },
          "sensitive_attributes": [],
          "identity_schema_version": 0,
          "private": "eyJlMmJmYjczMC1lY2FhLTExZTYtOGY4OC0zNDM2M2JjN2M0YzAiOnsiY3JlYXRlIjoxMjAwMDAwMDAwMDAwLCJkZWxldGUiOjEyMDAwMDAwMDAwMDAsInVwZGF0ZSI6MTIwMDAwMDAwMDAwMH19",
          "dependencies": [
            "module.oci_lz_orchestrator.data.oci_identity_regions.these",
            "module.oci_lz_orchestrator.data.oci_identity_tenancy.this",
            "module.oci_lz_orchestrator.module.oci_lz_compartments.oci_identity_compartment.level_2",
            "module.oci_lz_orchestrator.module.oci_lz_compartments.oci_identity_compartment.level_3",
            "module.oci_lz_orchestrator.module.oci_lz_compartments.oci_identity_compartment.level_4",
            "module.oci_lz_orchestrator.module.oci_lz_compartments.oci_identity_compartment.level_5",
            "module.oci_lz_orchestrator.module.oci_lz_compartments.oci_identity_compartment.level_6",
            "module.oci_lz_orchestrator.module.oci_lz_compartments.oci_identity_compartment.these",
            "module.oci_lz_orchestrator.module.oci_lz_compartments.oci_identity_tag_default.these",
            "module.oci_lz_orchestrator.module.oci_lz_network.data.oci_core_services.oci_services",
            "module.oci_lz_orchestrator.module.oci_lz_network.data.oci_core_vcn.existing_vcns",
            "module.oci_lz_orchestrator.module.oci_lz_network.oci_core_dhcp_options.these",
            "module.oci_lz_orchestrator.module.oci_lz_network.oci_core_drg.these",
            "module.oci_lz_orchestrator.module.oci_lz_network.oci_core_internet_gateway.these",
            "module.oci_lz_orchestrator.module.oci_lz_network.oci_core_local_peering_gateway.oci_acceptor_local_peering_gateways",
            "module.oci_lz_orchestrator.module.oci_lz_network.oci_core_local_peering_gateway.oci_requestor_local_peering_gateways",
            "module.oci_lz_orchestrator.module.oci_lz_network.oci_core_nat_gateway.these",
            "module.oci_lz_orchestrator.module.oci_lz_network.oci_core_public_ip.these",
            "module.oci_lz_orchestrator.module.oci_lz_network.oci_core_public_ip_pool.these",
            "module.oci_lz_orchestrator.module.oci_lz_network.oci_core_route_table.drga_specific_route_tables",
            "module.oci_lz_orchestrator.module.oci_lz_network.oci_core_route_table.igw_natgw_specific_route_tables",
            "module.oci_lz_orchestrator.module.oci_lz_network.oci_core_route_table.lpg_specific_route_tables",
            "module.oci_lz_orchestrator.module.oci_lz_network.oci_core_route_table.non_gw_specific_remaining_route_tables",
            "module.oci_lz_orchestrator.module.oci_lz_network.oci_core_route_table.sgw_specific_route_tables",
            "module.oci_lz_orchestrator.module.oci_lz_network.oci_core_security_list.these",
            "module.oci_lz_orchestrator.module.oci_lz_network.oci_core_service_gateway.these",
            "module.oci_lz_orchestrator.module.oci_lz_network.oci_core_vcn.these",
            "module.oci_lz_orchestrator.module.oci_lz_tags.data.oci_identity_tag.default_created_by",
            "module.oci_lz_orchestrator.module.oci_lz_tags.data.oci_identity_tag.default_created_on",
            "module.oci_lz_orchestrator.module.oci_lz_tags.data.oci_identity_tag_namespaces.oracle_default",
            "module.oci_lz_orchestrator.module.oci_lz_tags.oci_identity_tag.these",
            "module.oci_lz_orchestrator.module.oci_lz_tags.oci_identity_tag_default.these",
            "module.oci_lz_orchestrator.module.oci_lz_tags.oci_identity_tag_namespace.these",
            "module.oci_lz_orchestrator.module.oci_lz_zpr.data.oci_identity_regions.these",
            "module.oci_lz_orchestrator.module.oci_lz_zpr.data.oci_security_attribute_security_attribute_namespaces.default_security_attribute_namespaces",
            "module.oci_lz_orchestrator.module.oci_lz_zpr.data.oci_security_attribute_security_attribute_namespaces.query_security_attribute_namespaces",
            "module.oci_lz_orchestrator.module.oci_lz_zpr.data.oci_zpr_configuration.this",
            "module.oci_lz_orchestrator.module.oci_lz_zpr.oci_security_attribute_security_attribute.these",
            "module.oci_lz_orchestrator.module.oci_lz_zpr.oci_security_attribute_security_attribute_namespace.these",
            "module.oci_lz_orchestrator.module.oci_lz_zpr.oci_zpr_configuration.this",
            "module.oci_lz_orchestrator.module.oci_lz_zpr.oci_zpr_zpr_policy.these",
            "module.oci_lz_orchestrator.module.oci_lz_zpr.time_sleep.wait_after_zpr_configuration"
          ],
          "create_before_destroy": true
        },
        {
          "index_key": "SN-VLL-LZ-EXACS-PRO-BACKUP-KEY",
          "schema_version": 0,
          "attributes": {
            "availability_domain": null,
            "cidr_block": "10.197.132.32/27",
            "compartment_id": "ocid1.compartment.oc19..aaaaaaaa5gtrrkqmob4ummcgl52exbo4d4vf55uvlzdku5j4fammf3b2pmlq",
            "defined_tags": {
              "Oracle-Tags.CreatedBy": "default/jorge.e.torlaschi@accenture.com",
              "Oracle-Tags.CreatedOn": "2026-03-10T14:42:50.248Z"
            },
            "dhcp_options_id": "ocid1.dhcpoptions.oc19.eu-madrid-2.aaaaaaaaxohssgow5zxkuozcxzyidithouuuhsgsmoy5uoe245thflp36uxq",
            "display_name": "o-p-om2-sub-exacsprobck-001",
            "dns_label": "opom2subexapbck",
            "freeform_tags": {
              "ocilz-terraform-module": "networking/0.8.1"
            },
            "id": "ocid1.subnet.oc19.eu-madrid-2.aaaaaaaakmjkmcwkvu6a3aq4izcvnpsqlgcac7aivh55zn7p4bg22xvwdw4q",
            "ipv4cidr_blocks": [
              "10.197.132.32/27"
            ],
            "ipv6cidr_block": null,
            "ipv6cidr_blocks": [],
            "ipv6virtual_router_ip": null,
            "prohibit_internet_ingress": true,
            "prohibit_public_ip_on_vnic": true,
            "route_table_id": "ocid1.routetable.oc19.eu-madrid-2.aaaaaaaalajl2baakfooxs77yvz6qt3ybptz6vxrc3fapjnc37i53ijhywqa",
            "security_list_ids": [
              "ocid1.securitylist.oc19.eu-madrid-2.aaaaaaaa52gfgvniilio5mgu475f5k2bjfbnoaslvbvvnhfwwm4ztheyd7ua"
            ],
            "state": "AVAILABLE",
            "subnet_domain_name": "opom2subexapbck.opom2vcnexacpro.oraclevcn.com",
            "time_created": "2026-03-10 14:42:50.267 +0000 UTC",
            "timeouts": null,
            "vcn_id": "ocid1.vcn.oc19.eu-madrid-2.amaaaaaapw27gbaa26l4e3e3jodcwszp52idisn7ntkehkfskz3zzbp7eliq",
            "virtual_router_ip": "10.197.132.33",
            "virtual_router_mac": "00:00:17:96:E2:7A"
          },
          "sensitive_attributes": [],
          "identity_schema_version": 0,
          "private": "eyJlMmJmYjczMC1lY2FhLTExZTYtOGY4OC0zNDM2M2JjN2M0YzAiOnsiY3JlYXRlIjoxMjAwMDAwMDAwMDAwLCJkZWxldGUiOjEyMDAwMDAwMDAwMDAsInVwZGF0ZSI6MTIwMDAwMDAwMDAwMH19",
          "dependencies": [
            "module.oci_lz_orchestrator.data.oci_identity_regions.these",
            "module.oci_lz_orchestrator.data.oci_identity_tenancy.this",
            "module.oci_lz_orchestrator.module.oci_lz_compartments.oci_identity_compartment.level_2",
            "module.oci_lz_orchestrator.module.oci_lz_compartments.oci_identity_compartment.level_3",
            "module.oci_lz_orchestrator.module.oci_lz_compartments.oci_identity_compartment.level_4",
            "module.oci_lz_orchestrator.module.oci_lz_compartments.oci_identity_compartment.level_5",
            "module.oci_lz_orchestrator.module.oci_lz_compartments.oci_identity_compartment.level_6",
            "module.oci_lz_orchestrator.module.oci_lz_compartments.oci_identity_compartment.these",
            "module.oci_lz_orchestrator.module.oci_lz_compartments.oci_identity_tag_default.these",
            "module.oci_lz_orchestrator.module.oci_lz_network.data.oci_core_services.oci_services",
            "module.oci_lz_orchestrator.module.oci_lz_network.data.oci_core_vcn.existing_vcns",
            "module.oci_lz_orchestrator.module.oci_lz_network.oci_core_dhcp_options.these",
            "module.oci_lz_orchestrator.module.oci_lz_network.oci_core_drg.these",
            "module.oci_lz_orchestrator.module.oci_lz_network.oci_core_internet_gateway.these",
            "module.oci_lz_orchestrator.module.oci_lz_network.oci_core_local_peering_gateway.oci_acceptor_local_peering_gateways",
            "module.oci_lz_orchestrator.module.oci_lz_network.oci_core_local_peering_gateway.oci_requestor_local_peering_gateways",
            "module.oci_lz_orchestrator.module.oci_lz_network.oci_core_nat_gateway.these",
            "module.oci_lz_orchestrator.module.oci_lz_network.oci_core_public_ip.these",
            "module.oci_lz_orchestrator.module.oci_lz_network.oci_core_public_ip_pool.these",
            "module.oci_lz_orchestrator.module.oci_lz_network.oci_core_route_table.drga_specific_route_tables",
            "module.oci_lz_orchestrator.module.oci_lz_network.oci_core_route_table.igw_natgw_specific_route_tables",
            "module.oci_lz_orchestrator.module.oci_lz_network.oci_core_route_table.lpg_specific_route_tables",
            "module.oci_lz_orchestrator.module.oci_lz_network.oci_core_route_table.non_gw_specific_remaining_route_tables",
            "module.oci_lz_orchestrator.module.oci_lz_network.oci_core_route_table.sgw_specific_route_tables",
            "module.oci_lz_orchestrator.module.oci_lz_network.oci_core_security_list.these",
            "module.oci_lz_orchestrator.module.oci_lz_network.oci_core_service_gateway.these",
            "module.oci_lz_orchestrator.module.oci_lz_network.oci_core_vcn.these",
            "module.oci_lz_orchestrator.module.oci_lz_tags.data.oci_identity_tag.default_created_by",
            "module.oci_lz_orchestrator.module.oci_lz_tags.data.oci_identity_tag.default_created_on",
            "module.oci_lz_orchestrator.module.oci_lz_tags.data.oci_identity_tag_namespaces.oracle_default",
            "module.oci_lz_orchestrator.module.oci_lz_tags.oci_identity_tag.these",
            "module.oci_lz_orchestrator.module.oci_lz_tags.oci_identity_tag_default.these",
            "module.oci_lz_orchestrator.module.oci_lz_tags.oci_identity_tag_namespace.these",
            "module.oci_lz_orchestrator.module.oci_lz_zpr.data.oci_identity_regions.these",
            "module.oci_lz_orchestrator.module.oci_lz_zpr.data.oci_security_attribute_security_attribute_namespaces.default_security_attribute_namespaces",
            "module.oci_lz_orchestrator.module.oci_lz_zpr.data.oci_security_attribute_security_attribute_namespaces.query_security_attribute_namespaces",
            "module.oci_lz_orchestrator.module.oci_lz_zpr.data.oci_zpr_configuration.this",
            "module.oci_lz_orchestrator.module.oci_lz_zpr.oci_security_attribute_security_attribute.these",
            "module.oci_lz_orchestrator.module.oci_lz_zpr.oci_security_attribute_security_attribute_namespace.these",
            "module.oci_lz_orchestrator.module.oci_lz_zpr.oci_zpr_configuration.this",
            "module.oci_lz_orchestrator.module.oci_lz_zpr.oci_zpr_zpr_policy.these",
            "module.oci_lz_orchestrator.module.oci_lz_zpr.time_sleep.wait_after_zpr_configuration"
          ],
          "create_before_destroy": true
        },
        {
          "index_key": "SN-VLL-LZ-EXACS-PRO-CLIENT-KEY",
          "schema_version": 0,
          "attributes": {
            "availability_domain": null,
            "cidr_block": "10.197.132.0/27",
            "compartment_id": "ocid1.compartment.oc19..aaaaaaaa5gtrrkqmob4ummcgl52exbo4d4vf55uvlzdku5j4fammf3b2pmlq",
            "defined_tags": {
              "Oracle-Tags.CreatedBy": "default/jorge.e.torlaschi@accenture.com",
              "Oracle-Tags.CreatedOn": "2026-03-10T14:42:50.248Z"
            },
            "dhcp_options_id": "ocid1.dhcpoptions.oc19.eu-madrid-2.aaaaaaaaxohssgow5zxkuozcxzyidithouuuhsgsmoy5uoe245thflp36uxq",
            "display_name": "o-p-om2-sub-exacsprocli-001",
            "dns_label": "opom2subexapcli",
            "freeform_tags": {
              "ocilz-terraform-module": "networking/0.8.1"
            },
            "id": "ocid1.subnet.oc19.eu-madrid-2.aaaaaaaa25at3fn2vvtxylgqpchpy6lwgcerzodsg3sc53qctppm7fqaddzq",
            "ipv4cidr_blocks": [
              "10.197.132.0/27"
            ],
            "ipv6cidr_block": null,
            "ipv6cidr_blocks": [],
            "ipv6virtual_router_ip": null,
            "prohibit_internet_ingress": true,
            "prohibit_public_ip_on_vnic": true,
            "route_table_id": "ocid1.routetable.oc19.eu-madrid-2.aaaaaaaavysyvwdx5ejpjsmd5jxgvjam6oiflmsiidryhomite4ennv5enfq",
            "security_list_ids": [
              "ocid1.securitylist.oc19.eu-madrid-2.aaaaaaaa5a3rinjqw7rsclpltq5hh64ec7gldm5jocgm2h2u2scjdvxoj7fq"
            ],
            "state": "AVAILABLE",
            "subnet_domain_name": "opom2subexapcli.opom2vcnexacpro.oraclevcn.com",
            "time_created": "2026-03-10 14:42:52.399 +0000 UTC",
            "timeouts": null,
            "vcn_id": "ocid1.vcn.oc19.eu-madrid-2.amaaaaaapw27gbaa26l4e3e3jodcwszp52idisn7ntkehkfskz3zzbp7eliq",
            "virtual_router_ip": "10.197.132.1",
            "virtual_router_mac": "00:00:17:96:E2:7A"
          },
          "sensitive_attributes": [],
          "identity_schema_version": 0,
          "private": "eyJlMmJmYjczMC1lY2FhLTExZTYtOGY4OC0zNDM2M2JjN2M0YzAiOnsiY3JlYXRlIjoxMjAwMDAwMDAwMDAwLCJkZWxldGUiOjEyMDAwMDAwMDAwMDAsInVwZGF0ZSI6MTIwMDAwMDAwMDAwMH19",
          "dependencies": [
            "module.oci_lz_orchestrator.data.oci_identity_regions.these",
            "module.oci_lz_orchestrator.data.oci_identity_tenancy.this",
            "module.oci_lz_orchestrator.module.oci_lz_compartments.oci_identity_compartment.level_2",
            "module.oci_lz_orchestrator.module.oci_lz_compartments.oci_identity_compartment.level_3",
            "module.oci_lz_orchestrator.module.oci_lz_compartments.oci_identity_compartment.level_4",
            "module.oci_lz_orchestrator.module.oci_lz_compartments.oci_identity_compartment.level_5",
            "module.oci_lz_orchestrator.module.oci_lz_compartments.oci_identity_compartment.level_6",
            "module.oci_lz_orchestrator.module.oci_lz_compartments.oci_identity_compartment.these",
            "module.oci_lz_orchestrator.module.oci_lz_compartments.oci_identity_tag_default.these",
            "module.oci_lz_orchestrator.module.oci_lz_network.data.oci_core_services.oci_services",
            "module.oci_lz_orchestrator.module.oci_lz_network.data.oci_core_vcn.existing_vcns",
            "module.oci_lz_orchestrator.module.oci_lz_network.oci_core_dhcp_options.these",
            "module.oci_lz_orchestrator.module.oci_lz_network.oci_core_drg.these",
            "module.oci_lz_orchestrator.module.oci_lz_network.oci_core_internet_gateway.these",
            "module.oci_lz_orchestrator.module.oci_lz_network.oci_core_local_peering_gateway.oci_acceptor_local_peering_gateways",
            "module.oci_lz_orchestrator.module.oci_lz_network.oci_core_local_peering_gateway.oci_requestor_local_peering_gateways",
            "module.oci_lz_orchestrator.module.oci_lz_network.oci_core_nat_gateway.these",
            "module.oci_lz_orchestrator.module.oci_lz_network.oci_core_public_ip.these",
            "module.oci_lz_orchestrator.module.oci_lz_network.oci_core_public_ip_pool.these",
            "module.oci_lz_orchestrator.module.oci_lz_network.oci_core_route_table.drga_specific_route_tables",
            "module.oci_lz_orchestrator.module.oci_lz_network.oci_core_route_table.igw_natgw_specific_route_tables",
            "module.oci_lz_orchestrator.module.oci_lz_network.oci_core_route_table.lpg_specific_route_tables",
            "module.oci_lz_orchestrator.module.oci_lz_network.oci_core_route_table.non_gw_specific_remaining_route_tables",
            "module.oci_lz_orchestrator.module.oci_lz_network.oci_core_route_table.sgw_specific_route_tables",
            "module.oci_lz_orchestrator.module.oci_lz_network.oci_core_security_list.these",
            "module.oci_lz_orchestrator.module.oci_lz_network.oci_core_service_gateway.these",
            "module.oci_lz_orchestrator.module.oci_lz_network.oci_core_vcn.these",
            "module.oci_lz_orchestrator.module.oci_lz_tags.data.oci_identity_tag.default_created_by",
            "module.oci_lz_orchestrator.module.oci_lz_tags.data.oci_identity_tag.default_created_on",
            "module.oci_lz_orchestrator.module.oci_lz_tags.data.oci_identity_tag_namespaces.oracle_default",
            "module.oci_lz_orchestrator.module.oci_lz_tags.oci_identity_tag.these",
            "module.oci_lz_orchestrator.module.oci_lz_tags.oci_identity_tag_default.these",
            "module.oci_lz_orchestrator.module.oci_lz_tags.oci_identity_tag_namespace.these",
            "module.oci_lz_orchestrator.module.oci_lz_zpr.data.oci_identity_regions.these",
            "module.oci_lz_orchestrator.module.oci_lz_zpr.data.oci_security_attribute_security_attribute_namespaces.default_security_attribute_namespaces",
            "module.oci_lz_orchestrator.module.oci_lz_zpr.data.oci_security_attribute_security_attribute_namespaces.query_security_attribute_namespaces",
            "module.oci_lz_orchestrator.module.oci_lz_zpr.data.oci_zpr_configuration.this",
            "module.oci_lz_orchestrator.module.oci_lz_zpr.oci_security_attribute_security_attribute.these",
            "module.oci_lz_orchestrator.module.oci_lz_zpr.oci_security_attribute_security_attribute_namespace.these",
            "module.oci_lz_orchestrator.module.oci_lz_zpr.oci_zpr_configuration.this",
            "module.oci_lz_orchestrator.module.oci_lz_zpr.oci_zpr_zpr_policy.these",
            "module.oci_lz_orchestrator.module.oci_lz_zpr.time_sleep.wait_after_zpr_configuration"
          ],
          "create_before_destroy": true
        },
        {
          "index_key": "SN-VLL-LZ-HUB-DNS",
          "schema_version": 0,
          "attributes": {
            "availability_domain": null,
            "cidr_block": "10.197.128.96/27",
            "compartment_id": "ocid1.compartment.oc19..aaaaaaaa5gtrrkqmob4ummcgl52exbo4d4vf55uvlzdku5j4fammf3b2pmlq",
            "defined_tags": {
              "Oracle-Tags.CreatedBy": "default/jorge.e.torlaschi@accenture.com",
              "Oracle-Tags.CreatedOn": "2026-03-10T14:42:50.248Z"
            },
            "dhcp_options_id": "ocid1.dhcpoptions.oc19.eu-madrid-2.aaaaaaaabv5bwyjsl3fvpposrj2mclh4t7cfjj6b7svqlswovh5gam3tnwra",
            "display_name": "o-p-om2-sub-hubdns-001",
            "dns_label": "opom2snhubdns",
            "freeform_tags": {
              "ocilz-terraform-module": "networking/0.8.1"
            },
            "id": "ocid1.subnet.oc19.eu-madrid-2.aaaaaaaana6o4ztydw3u3i7f4nv4xkmmjkscvdj6aiv5t6wnuxqlcfrjp3bq",
            "ipv4cidr_blocks": [
              "10.197.128.96/27"
            ],
            "ipv6cidr_block": null,
            "ipv6cidr_blocks": [],
            "ipv6virtual_router_ip": null,
            "prohibit_internet_ingress": true,
            "prohibit_public_ip_on_vnic": true,
            "route_table_id": "ocid1.routetable.oc19.eu-madrid-2.aaaaaaaaplxulbv5ftsmxk3t23zaqo6zbest5cc7epsnx3l5i7k2g6geivbq",
            "security_list_ids": [
              "ocid1.securitylist.oc19.eu-madrid-2.aaaaaaaax4r77poacckw7t2nmbxddnkqmrxeh3sbdys6tbm2voyrtumnnbuq"
            ],
            "state": "AVAILABLE",
            "subnet_domain_name": "opom2snhubdns.opom2vcnhub.oraclevcn.com",
            "time_created": "2026-03-10 14:42:50.632 +0000 UTC",
            "timeouts": null,
            "vcn_id": "ocid1.vcn.oc19.eu-madrid-2.amaaaaaapw27gbaahaampmaqpuconyvwmecndp6epapf6uv4p2okvyd2qe4q",
            "virtual_router_ip": "10.197.128.97",
            "virtual_router_mac": "00:00:17:46:E6:9D"
          },
          "sensitive_attributes": [],
          "identity_schema_version": 0,
          "private": "eyJlMmJmYjczMC1lY2FhLTExZTYtOGY4OC0zNDM2M2JjN2M0YzAiOnsiY3JlYXRlIjoxMjAwMDAwMDAwMDAwLCJkZWxldGUiOjEyMDAwMDAwMDAwMDAsInVwZGF0ZSI6MTIwMDAwMDAwMDAwMH19",
          "dependencies": [
            "module.oci_lz_orchestrator.data.oci_identity_regions.these",
            "module.oci_lz_orchestrator.data.oci_identity_tenancy.this",
            "module.oci_lz_orchestrator.module.oci_lz_compartments.oci_identity_compartment.level_2",
            "module.oci_lz_orchestrator.module.oci_lz_compartments.oci_identity_compartment.level_3",
            "module.oci_lz_orchestrator.module.oci_lz_compartments.oci_identity_compartment.level_4",
            "module.oci_lz_orchestrator.module.oci_lz_compartments.oci_identity_compartment.level_5",
            "module.oci_lz_orchestrator.module.oci_lz_compartments.oci_identity_compartment.level_6",
            "module.oci_lz_orchestrator.module.oci_lz_compartments.oci_identity_compartment.these",
            "module.oci_lz_orchestrator.module.oci_lz_compartments.oci_identity_tag_default.these",
            "module.oci_lz_orchestrator.module.oci_lz_network.data.oci_core_services.oci_services",
            "module.oci_lz_orchestrator.module.oci_lz_network.data.oci_core_vcn.existing_vcns",
            "module.oci_lz_orchestrator.module.oci_lz_network.oci_core_dhcp_options.these",
            "module.oci_lz_orchestrator.module.oci_lz_network.oci_core_drg.these",
            "module.oci_lz_orchestrator.module.oci_lz_network.oci_core_internet_gateway.these",
            "module.oci_lz_orchestrator.module.oci_lz_network.oci_core_local_peering_gateway.oci_acceptor_local_peering_gateways",
            "module.oci_lz_orchestrator.module.oci_lz_network.oci_core_local_peering_gateway.oci_requestor_local_peering_gateways",
            "module.oci_lz_orchestrator.module.oci_lz_network.oci_core_nat_gateway.these",
            "module.oci_lz_orchestrator.module.oci_lz_network.oci_core_public_ip.these",
            "module.oci_lz_orchestrator.module.oci_lz_network.oci_core_public_ip_pool.these",
            "module.oci_lz_orchestrator.module.oci_lz_network.oci_core_route_table.drga_specific_route_tables",
            "module.oci_lz_orchestrator.module.oci_lz_network.oci_core_route_table.igw_natgw_specific_route_tables",
            "module.oci_lz_orchestrator.module.oci_lz_network.oci_core_route_table.lpg_specific_route_tables",
            "module.oci_lz_orchestrator.module.oci_lz_network.oci_core_route_table.non_gw_specific_remaining_route_tables",
            "module.oci_lz_orchestrator.module.oci_lz_network.oci_core_route_table.sgw_specific_route_tables",
            "module.oci_lz_orchestrator.module.oci_lz_network.oci_core_security_list.these",
            "module.oci_lz_orchestrator.module.oci_lz_network.oci_core_service_gateway.these",
            "module.oci_lz_orchestrator.module.oci_lz_network.oci_core_vcn.these",
            "module.oci_lz_orchestrator.module.oci_lz_tags.data.oci_identity_tag.default_created_by",
            "module.oci_lz_orchestrator.module.oci_lz_tags.data.oci_identity_tag.default_created_on",
            "module.oci_lz_orchestrator.module.oci_lz_tags.data.oci_identity_tag_namespaces.oracle_default",
            "module.oci_lz_orchestrator.module.oci_lz_tags.oci_identity_tag.these",
            "module.oci_lz_orchestrator.module.oci_lz_tags.oci_identity_tag_default.these",
            "module.oci_lz_orchestrator.module.oci_lz_tags.oci_identity_tag_namespace.these",
            "module.oci_lz_orchestrator.module.oci_lz_zpr.data.oci_identity_regions.these",
            "module.oci_lz_orchestrator.module.oci_lz_zpr.data.oci_security_attribute_security_attribute_namespaces.default_security_attribute_namespaces",
            "module.oci_lz_orchestrator.module.oci_lz_zpr.data.oci_security_attribute_security_attribute_namespaces.query_security_attribute_namespaces",
            "module.oci_lz_orchestrator.module.oci_lz_zpr.data.oci_zpr_configuration.this",
            "module.oci_lz_orchestrator.module.oci_lz_zpr.oci_security_attribute_security_attribute.these",
            "module.oci_lz_orchestrator.module.oci_lz_zpr.oci_security_attribute_security_attribute_namespace.these",
            "module.oci_lz_orchestrator.module.oci_lz_zpr.oci_zpr_configuration.this",
            "module.oci_lz_orchestrator.module.oci_lz_zpr.oci_zpr_zpr_policy.these",
            "module.oci_lz_orchestrator.module.oci_lz_zpr.time_sleep.wait_after_zpr_configuration"
          ],
          "create_before_destroy": true
        },
        {
          "index_key": "SN-VLL-LZ-HUB-FW-KEY",
          "schema_version": 0,
          "attributes": {
            "availability_domain": null,
            "cidr_block": "10.197.128.0/27",
            "compartment_id": "ocid1.compartment.oc19..aaaaaaaa5gtrrkqmob4ummcgl52exbo4d4vf55uvlzdku5j4fammf3b2pmlq",
            "defined_tags": {
              "Oracle-Tags.CreatedBy": "default/jorge.e.torlaschi@accenture.com",
              "Oracle-Tags.CreatedOn": "2026-03-10T14:42:50.248Z"
            },
            "dhcp_options_id": "ocid1.dhcpoptions.oc19.eu-madrid-2.aaaaaaaabv5bwyjsl3fvpposrj2mclh4t7cfjj6b7svqlswovh5gam3tnwra",
            "display_name": "o-p-om2-sub-hubfw-001",
            "dns_label": "opom2snhubfw",
            "freeform_tags": {
              "ocilz-terraform-module": "networking/0.8.1"
            },
            "id": "ocid1.subnet.oc19.eu-madrid-2.aaaaaaaayg3uwvlk4sppnxnqwcqgwcw4egv3b2uwdim36mjqg7gzfvfvzmda",
            "ipv4cidr_blocks": [
              "10.197.128.0/27"
            ],
            "ipv6cidr_block": null,
            "ipv6cidr_blocks": [],
            "ipv6virtual_router_ip": null,
            "prohibit_internet_ingress": true,
            "prohibit_public_ip_on_vnic": true,
            "route_table_id": "ocid1.routetable.oc19.eu-madrid-2.aaaaaaaamhwcecichg7l26fnd2rgvqk7ni5x2worom4hblpff3oax6fwie4a",
            "security_list_ids": [
              "ocid1.securitylist.oc19.eu-madrid-2.aaaaaaaacnodbu3y73ugby74ryrr7c5aoa2pzwdryyyoenq2frlckcoedj3a"
            ],
            "state": "AVAILABLE",
            "subnet_domain_name": "opom2snhubfw.opom2vcnhub.oraclevcn.com",
            "time_created": "2026-03-10 14:42:52.295 +0000 UTC",
            "timeouts": null,
            "vcn_id": "ocid1.vcn.oc19.eu-madrid-2.amaaaaaapw27gbaahaampmaqpuconyvwmecndp6epapf6uv4p2okvyd2qe4q",
            "virtual_router_ip": "10.197.128.1",
            "virtual_router_mac": "00:00:17:46:E6:9D"
          },
          "sensitive_attributes": [],
          "identity_schema_version": 0,
          "private": "eyJlMmJmYjczMC1lY2FhLTExZTYtOGY4OC0zNDM2M2JjN2M0YzAiOnsiY3JlYXRlIjoxMjAwMDAwMDAwMDAwLCJkZWxldGUiOjEyMDAwMDAwMDAwMDAsInVwZGF0ZSI6MTIwMDAwMDAwMDAwMH19",
          "dependencies": [
            "module.oci_lz_orchestrator.data.oci_identity_regions.these",
            "module.oci_lz_orchestrator.data.oci_identity_tenancy.this",
            "module.oci_lz_orchestrator.module.oci_lz_compartments.oci_identity_compartment.level_2",
            "module.oci_lz_orchestrator.module.oci_lz_compartments.oci_identity_compartment.level_3",
            "module.oci_lz_orchestrator.module.oci_lz_compartments.oci_identity_compartment.level_4",
            "module.oci_lz_orchestrator.module.oci_lz_compartments.oci_identity_compartment.level_5",
            "module.oci_lz_orchestrator.module.oci_lz_compartments.oci_identity_compartment.level_6",
            "module.oci_lz_orchestrator.module.oci_lz_compartments.oci_identity_compartment.these",
            "module.oci_lz_orchestrator.module.oci_lz_compartments.oci_identity_tag_default.these",
            "module.oci_lz_orchestrator.module.oci_lz_network.data.oci_core_services.oci_services",
            "module.oci_lz_orchestrator.module.oci_lz_network.data.oci_core_vcn.existing_vcns",
            "module.oci_lz_orchestrator.module.oci_lz_network.oci_core_dhcp_options.these",
            "module.oci_lz_orchestrator.module.oci_lz_network.oci_core_drg.these",
            "module.oci_lz_orchestrator.module.oci_lz_network.oci_core_internet_gateway.these",
            "module.oci_lz_orchestrator.module.oci_lz_network.oci_core_local_peering_gateway.oci_acceptor_local_peering_gateways",
            "module.oci_lz_orchestrator.module.oci_lz_network.oci_core_local_peering_gateway.oci_requestor_local_peering_gateways",
            "module.oci_lz_orchestrator.module.oci_lz_network.oci_core_nat_gateway.these",
            "module.oci_lz_orchestrator.module.oci_lz_network.oci_core_public_ip.these",
            "module.oci_lz_orchestrator.module.oci_lz_network.oci_core_public_ip_pool.these",
            "module.oci_lz_orchestrator.module.oci_lz_network.oci_core_route_table.drga_specific_route_tables",
            "module.oci_lz_orchestrator.module.oci_lz_network.oci_core_route_table.igw_natgw_specific_route_tables",
            "module.oci_lz_orchestrator.module.oci_lz_network.oci_core_route_table.lpg_specific_route_tables",
            "module.oci_lz_orchestrator.module.oci_lz_network.oci_core_route_table.non_gw_specific_remaining_route_tables",
            "module.oci_lz_orchestrator.module.oci_lz_network.oci_core_route_table.sgw_specific_route_tables",
            "module.oci_lz_orchestrator.module.oci_lz_network.oci_core_security_list.these",
            "module.oci_lz_orchestrator.module.oci_lz_network.oci_core_service_gateway.these",
            "module.oci_lz_orchestrator.module.oci_lz_network.oci_core_vcn.these",
            "module.oci_lz_orchestrator.module.oci_lz_tags.data.oci_identity_tag.default_created_by",
            "module.oci_lz_orchestrator.module.oci_lz_tags.data.oci_identity_tag.default_created_on",
            "module.oci_lz_orchestrator.module.oci_lz_tags.data.oci_identity_tag_namespaces.oracle_default",
            "module.oci_lz_orchestrator.module.oci_lz_tags.oci_identity_tag.these",
            "module.oci_lz_orchestrator.module.oci_lz_tags.oci_identity_tag_default.these",
            "module.oci_lz_orchestrator.module.oci_lz_tags.oci_identity_tag_namespace.these",
            "module.oci_lz_orchestrator.module.oci_lz_zpr.data.oci_identity_regions.these",
            "module.oci_lz_orchestrator.module.oci_lz_zpr.data.oci_security_attribute_security_attribute_namespaces.default_security_attribute_namespaces",
            "module.oci_lz_orchestrator.module.oci_lz_zpr.data.oci_security_attribute_security_attribute_namespaces.query_security_attribute_namespaces",
            "module.oci_lz_orchestrator.module.oci_lz_zpr.data.oci_zpr_configuration.this",
            "module.oci_lz_orchestrator.module.oci_lz_zpr.oci_security_attribute_security_attribute.these",
            "module.oci_lz_orchestrator.module.oci_lz_zpr.oci_security_attribute_security_attribute_namespace.these",
            "module.oci_lz_orchestrator.module.oci_lz_zpr.oci_zpr_configuration.this",
            "module.oci_lz_orchestrator.module.oci_lz_zpr.oci_zpr_zpr_policy.these",
            "module.oci_lz_orchestrator.module.oci_lz_zpr.time_sleep.wait_after_zpr_configuration"
          ],
          "create_before_destroy": true
        },
        {
          "index_key": "SN-VLL-LZ-HUB-MGMT-KEY",
          "schema_version": 0,
          "attributes": {
            "availability_domain": null,
            "cidr_block": "10.197.128.32/27",
            "compartment_id": "ocid1.compartment.oc19..aaaaaaaa5gtrrkqmob4ummcgl52exbo4d4vf55uvlzdku5j4fammf3b2pmlq",
            "defined_tags": {
              "Oracle-Tags.CreatedBy": "default/jorge.e.torlaschi@accenture.com",
              "Oracle-Tags.CreatedOn": "2026-03-10T14:42:50.248Z"
            },
            "dhcp_options_id": "ocid1.dhcpoptions.oc19.eu-madrid-2.aaaaaaaabv5bwyjsl3fvpposrj2mclh4t7cfjj6b7svqlswovh5gam3tnwra",
            "display_name": "o-p-om2-sub-hubmgmt-001",
            "dns_label": "opom2snhubmgmt",
            "freeform_tags": {
              "ocilz-terraform-module": "networking/0.8.1"
            },
            "id": "ocid1.subnet.oc19.eu-madrid-2.aaaaaaaavcjg6zczpbp4h2avcsawctp2su5x6nbzsfeqizy5edgy7b2chwxa",
            "ipv4cidr_blocks": [
              "10.197.128.32/27"
            ],
            "ipv6cidr_block": null,
            "ipv6cidr_blocks": [],
            "ipv6virtual_router_ip": null,
            "prohibit_internet_ingress": true,
            "prohibit_public_ip_on_vnic": true,
            "route_table_id": "ocid1.routetable.oc19.eu-madrid-2.aaaaaaaaplxulbv5ftsmxk3t23zaqo6zbest5cc7epsnx3l5i7k2g6geivbq",
            "security_list_ids": [
              "ocid1.securitylist.oc19.eu-madrid-2.aaaaaaaax4r77poacckw7t2nmbxddnkqmrxeh3sbdys6tbm2voyrtumnnbuq"
            ],
            "state": "AVAILABLE",
            "subnet_domain_name": "opom2snhubmgmt.opom2vcnhub.oraclevcn.com",
            "time_created": "2026-03-10 14:42:50.269 +0000 UTC",
            "timeouts": null,
            "vcn_id": "ocid1.vcn.oc19.eu-madrid-2.amaaaaaapw27gbaahaampmaqpuconyvwmecndp6epapf6uv4p2okvyd2qe4q",
            "virtual_router_ip": "10.197.128.33",
            "virtual_router_mac": "00:00:17:46:E6:9D"
          },
          "sensitive_attributes": [],
          "identity_schema_version": 0,
          "private": "eyJlMmJmYjczMC1lY2FhLTExZTYtOGY4OC0zNDM2M2JjN2M0YzAiOnsiY3JlYXRlIjoxMjAwMDAwMDAwMDAwLCJkZWxldGUiOjEyMDAwMDAwMDAwMDAsInVwZGF0ZSI6MTIwMDAwMDAwMDAwMH19",
          "dependencies": [
            "module.oci_lz_orchestrator.data.oci_identity_regions.these",
            "module.oci_lz_orchestrator.data.oci_identity_tenancy.this",
            "module.oci_lz_orchestrator.module.oci_lz_compartments.oci_identity_compartment.level_2",
            "module.oci_lz_orchestrator.module.oci_lz_compartments.oci_identity_compartment.level_3",
            "module.oci_lz_orchestrator.module.oci_lz_compartments.oci_identity_compartment.level_4",
            "module.oci_lz_orchestrator.module.oci_lz_compartments.oci_identity_compartment.level_5",
            "module.oci_lz_orchestrator.module.oci_lz_compartments.oci_identity_compartment.level_6",
            "module.oci_lz_orchestrator.module.oci_lz_compartments.oci_identity_compartment.these",
            "module.oci_lz_orchestrator.module.oci_lz_compartments.oci_identity_tag_default.these",
            "module.oci_lz_orchestrator.module.oci_lz_network.data.oci_core_services.oci_services",
            "module.oci_lz_orchestrator.module.oci_lz_network.data.oci_core_vcn.existing_vcns",
            "module.oci_lz_orchestrator.module.oci_lz_network.oci_core_dhcp_options.these",
            "module.oci_lz_orchestrator.module.oci_lz_network.oci_core_drg.these",
            "module.oci_lz_orchestrator.module.oci_lz_network.oci_core_internet_gateway.these",
            "module.oci_lz_orchestrator.module.oci_lz_network.oci_core_local_peering_gateway.oci_acceptor_local_peering_gateways",
            "module.oci_lz_orchestrator.module.oci_lz_network.oci_core_local_peering_gateway.oci_requestor_local_peering_gateways",
            "module.oci_lz_orchestrator.module.oci_lz_network.oci_core_nat_gateway.these",
            "module.oci_lz_orchestrator.module.oci_lz_network.oci_core_public_ip.these",
            "module.oci_lz_orchestrator.module.oci_lz_network.oci_core_public_ip_pool.these",
            "module.oci_lz_orchestrator.module.oci_lz_network.oci_core_route_table.drga_specific_route_tables",
            "module.oci_lz_orchestrator.module.oci_lz_network.oci_core_route_table.igw_natgw_specific_route_tables",
            "module.oci_lz_orchestrator.module.oci_lz_network.oci_core_route_table.lpg_specific_route_tables",
            "module.oci_lz_orchestrator.module.oci_lz_network.oci_core_route_table.non_gw_specific_remaining_route_tables",
            "module.oci_lz_orchestrator.module.oci_lz_network.oci_core_route_table.sgw_specific_route_tables",
            "module.oci_lz_orchestrator.module.oci_lz_network.oci_core_security_list.these",
            "module.oci_lz_orchestrator.module.oci_lz_network.oci_core_service_gateway.these",
            "module.oci_lz_orchestrator.module.oci_lz_network.oci_core_vcn.these",
            "module.oci_lz_orchestrator.module.oci_lz_tags.data.oci_identity_tag.default_created_by",
            "module.oci_lz_orchestrator.module.oci_lz_tags.data.oci_identity_tag.default_created_on",
            "module.oci_lz_orchestrator.module.oci_lz_tags.data.oci_identity_tag_namespaces.oracle_default",
            "module.oci_lz_orchestrator.module.oci_lz_tags.oci_identity_tag.these",
            "module.oci_lz_orchestrator.module.oci_lz_tags.oci_identity_tag_default.these",
            "module.oci_lz_orchestrator.module.oci_lz_tags.oci_identity_tag_namespace.these",
            "module.oci_lz_orchestrator.module.oci_lz_zpr.data.oci_identity_regions.these",
            "module.oci_lz_orchestrator.module.oci_lz_zpr.data.oci_security_attribute_security_attribute_namespaces.default_security_attribute_namespaces",
            "module.oci_lz_orchestrator.module.oci_lz_zpr.data.oci_security_attribute_security_attribute_namespaces.query_security_attribute_namespaces",
            "module.oci_lz_orchestrator.module.oci_lz_zpr.data.oci_zpr_configuration.this",
            "module.oci_lz_orchestrator.module.oci_lz_zpr.oci_security_attribute_security_attribute.these",
            "module.oci_lz_orchestrator.module.oci_lz_zpr.oci_security_attribute_security_attribute_namespace.these",
            "module.oci_lz_orchestrator.module.oci_lz_zpr.oci_zpr_configuration.this",
            "module.oci_lz_orchestrator.module.oci_lz_zpr.oci_zpr_zpr_policy.these",
            "module.oci_lz_orchestrator.module.oci_lz_zpr.time_sleep.wait_after_zpr_configuration"
          ],
          "create_before_destroy": true
        },
        {
          "index_key": "SN-VLL-LZ-HUB-MON-KEY",
          "schema_version": 0,
          "attributes": {
            "availability_domain": null,
            "cidr_block": "10.197.128.64/27",
            "compartment_id": "ocid1.compartment.oc19..aaaaaaaa5gtrrkqmob4ummcgl52exbo4d4vf55uvlzdku5j4fammf3b2pmlq",
            "defined_tags": {
              "Oracle-Tags.CreatedBy": "default/jorge.e.torlaschi@accenture.com",
              "Oracle-Tags.CreatedOn": "2026-03-10T14:42:50.248Z"
            },
            "dhcp_options_id": "ocid1.dhcpoptions.oc19.eu-madrid-2.aaaaaaaabv5bwyjsl3fvpposrj2mclh4t7cfjj6b7svqlswovh5gam3tnwra",
            "display_name": "o-p-om2-sub-hubmon-001",
            "dns_label": "opom2snhubmm",
            "freeform_tags": {
              "ocilz-terraform-module": "networking/0.8.1"
            },
            "id": "ocid1.subnet.oc19.eu-madrid-2.aaaaaaaay4uhy4psi4rga5wpyz2ciq4ev4bw6ijmgjqqwj5at77l77xx6yhq",
            "ipv4cidr_blocks": [
              "10.197.128.64/27"
            ],
            "ipv6cidr_block": null,
            "ipv6cidr_blocks": [],
            "ipv6virtual_router_ip": null,
            "prohibit_internet_ingress": true,
            "prohibit_public_ip_on_vnic": true,
            "route_table_id": "ocid1.routetable.oc19.eu-madrid-2.aaaaaaaaplxulbv5ftsmxk3t23zaqo6zbest5cc7epsnx3l5i7k2g6geivbq",
            "security_list_ids": [
              "ocid1.securitylist.oc19.eu-madrid-2.aaaaaaaax4r77poacckw7t2nmbxddnkqmrxeh3sbdys6tbm2voyrtumnnbuq"
            ],
            "state": "AVAILABLE",
            "subnet_domain_name": "opom2snhubmm.opom2vcnhub.oraclevcn.com",
            "time_created": "2026-03-10 14:42:50.446 +0000 UTC",
            "timeouts": null,
            "vcn_id": "ocid1.vcn.oc19.eu-madrid-2.amaaaaaapw27gbaahaampmaqpuconyvwmecndp6epapf6uv4p2okvyd2qe4q",
            "virtual_router_ip": "10.197.128.65",
            "virtual_router_mac": "00:00:17:46:E6:9D"
          },
          "sensitive_attributes": [],
          "identity_schema_version": 0,
          "private": "eyJlMmJmYjczMC1lY2FhLTExZTYtOGY4OC0zNDM2M2JjN2M0YzAiOnsiY3JlYXRlIjoxMjAwMDAwMDAwMDAwLCJkZWxldGUiOjEyMDAwMDAwMDAwMDAsInVwZGF0ZSI6MTIwMDAwMDAwMDAwMH19",
          "dependencies": [
            "module.oci_lz_orchestrator.data.oci_identity_regions.these",
            "module.oci_lz_orchestrator.data.oci_identity_tenancy.this",
            "module.oci_lz_orchestrator.module.oci_lz_compartments.oci_identity_compartment.level_2",
            "module.oci_lz_orchestrator.module.oci_lz_compartments.oci_identity_compartment.level_3",
            "module.oci_lz_orchestrator.module.oci_lz_compartments.oci_identity_compartment.level_4",
            "module.oci_lz_orchestrator.module.oci_lz_compartments.oci_identity_compartment.level_5",
            "module.oci_lz_orchestrator.module.oci_lz_compartments.oci_identity_compartment.level_6",
            "module.oci_lz_orchestrator.module.oci_lz_compartments.oci_identity_compartment.these",
            "module.oci_lz_orchestrator.module.oci_lz_compartments.oci_identity_tag_default.these",
            "module.oci_lz_orchestrator.module.oci_lz_network.data.oci_core_services.oci_services",
            "module.oci_lz_orchestrator.module.oci_lz_network.data.oci_core_vcn.existing_vcns",
            "module.oci_lz_orchestrator.module.oci_lz_network.oci_core_dhcp_options.these",
            "module.oci_lz_orchestrator.module.oci_lz_network.oci_core_drg.these",
            "module.oci_lz_orchestrator.module.oci_lz_network.oci_core_internet_gateway.these",
            "module.oci_lz_orchestrator.module.oci_lz_network.oci_core_local_peering_gateway.oci_acceptor_local_peering_gateways",
            "module.oci_lz_orchestrator.module.oci_lz_network.oci_core_local_peering_gateway.oci_requestor_local_peering_gateways",
            "module.oci_lz_orchestrator.module.oci_lz_network.oci_core_nat_gateway.these",
            "module.oci_lz_orchestrator.module.oci_lz_network.oci_core_public_ip.these",
            "module.oci_lz_orchestrator.module.oci_lz_network.oci_core_public_ip_pool.these",
            "module.oci_lz_orchestrator.module.oci_lz_network.oci_core_route_table.drga_specific_route_tables",
            "module.oci_lz_orchestrator.module.oci_lz_network.oci_core_route_table.igw_natgw_specific_route_tables",
            "module.oci_lz_orchestrator.module.oci_lz_network.oci_core_route_table.lpg_specific_route_tables",
            "module.oci_lz_orchestrator.module.oci_lz_network.oci_core_route_table.non_gw_specific_remaining_route_tables",
            "module.oci_lz_orchestrator.module.oci_lz_network.oci_core_route_table.sgw_specific_route_tables",
            "module.oci_lz_orchestrator.module.oci_lz_network.oci_core_security_list.these",
            "module.oci_lz_orchestrator.module.oci_lz_network.oci_core_service_gateway.these",
            "module.oci_lz_orchestrator.module.oci_lz_network.oci_core_vcn.these",
            "module.oci_lz_orchestrator.module.oci_lz_tags.data.oci_identity_tag.default_created_by",
            "module.oci_lz_orchestrator.module.oci_lz_tags.data.oci_identity_tag.default_created_on",
            "module.oci_lz_orchestrator.module.oci_lz_tags.data.oci_identity_tag_namespaces.oracle_default",
            "module.oci_lz_orchestrator.module.oci_lz_tags.oci_identity_tag.these",
            "module.oci_lz_orchestrator.module.oci_lz_tags.oci_identity_tag_default.these",
            "module.oci_lz_orchestrator.module.oci_lz_tags.oci_identity_tag_namespace.these",
            "module.oci_lz_orchestrator.module.oci_lz_zpr.data.oci_identity_regions.these",
            "module.oci_lz_orchestrator.module.oci_lz_zpr.data.oci_security_attribute_security_attribute_namespaces.default_security_attribute_namespaces",
            "module.oci_lz_orchestrator.module.oci_lz_zpr.data.oci_security_attribute_security_attribute_namespaces.query_security_attribute_namespaces",
            "module.oci_lz_orchestrator.module.oci_lz_zpr.data.oci_zpr_configuration.this",
            "module.oci_lz_orchestrator.module.oci_lz_zpr.oci_security_attribute_security_attribute.these",
            "module.oci_lz_orchestrator.module.oci_lz_zpr.oci_security_attribute_security_attribute_namespace.these",
            "module.oci_lz_orchestrator.module.oci_lz_zpr.oci_zpr_configuration.this",
            "module.oci_lz_orchestrator.module.oci_lz_zpr.oci_zpr_zpr_policy.these",
            "module.oci_lz_orchestrator.module.oci_lz_zpr.time_sleep.wait_after_zpr_configuration"
          ],
          "create_before_destroy": true
        }
      ]
    },
    {
      "module": "module.oci_lz_orchestrator.module.oci_lz_network[0]",
      "mode": "managed",
      "type": "oci_core_vcn",
      "name": "these",
      "provider": "module.oci_lz_orchestrator.provider[\"registry.terraform.io/oracle/oci\"]",
      "instances": [
        {
          "index_key": "VCN-VLL-LZ-EXACS-NPR-KEY",
          "schema_version": 0,
          "attributes": {
            "byoipv6cidr_blocks": [],
            "byoipv6cidr_details": null,
            "cidr_block": "10.197.134.0/23",
            "cidr_blocks": [
              "10.197.134.0/23"
            ],
            "compartment_id": "ocid1.compartment.oc19..aaaaaaaa5gtrrkqmob4ummcgl52exbo4d4vf55uvlzdku5j4fammf3b2pmlq",
            "default_dhcp_options_id": "ocid1.dhcpoptions.oc19.eu-madrid-2.aaaaaaaaiveoeszbsy22dpwetbfxte7drprdenorygl52hluqgqijvj3eraq",
            "default_route_table_id": "ocid1.routetable.oc19.eu-madrid-2.aaaaaaaanwbkdz5wzrvu5hzodtsdwcrbv72xuqa3f4ldof4bcyttslv64nma",
            "default_security_list_id": "ocid1.securitylist.oc19.eu-madrid-2.aaaaaaaa4jrnotramft6warg26vgbevq65zihdr5lw55dyhuqouuniphifqa",
            "defined_tags": {
              "Oracle-Tags.CreatedBy": "default/jorge.e.torlaschi@accenture.com",
              "Oracle-Tags.CreatedOn": "2026-03-10T14:42:39.229Z"
            },
            "display_name": "o-d-om2-vcn-exacsnpr-001",
            "dns_label": "opom2vcnexanpr",
            "freeform_tags": {
              "ocilz-terraform-module": "networking/0.8.1"
            },
            "id": "ocid1.vcn.oc19.eu-madrid-2.amaaaaaapw27gbaatri7xmitendke5zbqpwk3dzghwa7apab56eya5rb2fza",
            "ipv6cidr_blocks": [],
            "ipv6private_cidr_blocks": [],
            "is_ipv6enabled": false,
            "is_oracle_gua_allocation_enabled": null,
            "security_attributes": {},
            "state": "AVAILABLE",
            "time_created": "2026-03-10 14:42:39.275 +0000 UTC",
            "timeouts": null,
            "vcn_domain_name": "opom2vcnexanpr.oraclevcn.com"
          },
          "sensitive_attributes": [],
          "identity_schema_version": 0,
          "private": "eyJlMmJmYjczMC1lY2FhLTExZTYtOGY4OC0zNDM2M2JjN2M0YzAiOnsiY3JlYXRlIjoxMjAwMDAwMDAwMDAwLCJkZWxldGUiOjEyMDAwMDAwMDAwMDAsInVwZGF0ZSI6MTIwMDAwMDAwMDAwMH19",
          "dependencies": [
            "module.oci_lz_orchestrator.data.oci_identity_regions.these",
            "module.oci_lz_orchestrator.data.oci_identity_tenancy.this",
            "module.oci_lz_orchestrator.module.oci_lz_compartments.oci_identity_compartment.level_2",
            "module.oci_lz_orchestrator.module.oci_lz_compartments.oci_identity_compartment.level_3",
            "module.oci_lz_orchestrator.module.oci_lz_compartments.oci_identity_compartment.level_4",
            "module.oci_lz_orchestrator.module.oci_lz_compartments.oci_identity_compartment.level_5",
            "module.oci_lz_orchestrator.module.oci_lz_compartments.oci_identity_compartment.level_6",
            "module.oci_lz_orchestrator.module.oci_lz_compartments.oci_identity_compartment.these",
            "module.oci_lz_orchestrator.module.oci_lz_compartments.oci_identity_tag_default.these",
            "module.oci_lz_orchestrator.module.oci_lz_tags.data.oci_identity_tag.default_created_by",
            "module.oci_lz_orchestrator.module.oci_lz_tags.data.oci_identity_tag.default_created_on",
            "module.oci_lz_orchestrator.module.oci_lz_tags.data.oci_identity_tag_namespaces.oracle_default",
            "module.oci_lz_orchestrator.module.oci_lz_tags.oci_identity_tag.these",
            "module.oci_lz_orchestrator.module.oci_lz_tags.oci_identity_tag_default.these",
            "module.oci_lz_orchestrator.module.oci_lz_tags.oci_identity_tag_namespace.these",
            "module.oci_lz_orchestrator.module.oci_lz_zpr.data.oci_identity_regions.these",
            "module.oci_lz_orchestrator.module.oci_lz_zpr.data.oci_security_attribute_security_attribute_namespaces.default_security_attribute_namespaces",
            "module.oci_lz_orchestrator.module.oci_lz_zpr.data.oci_security_attribute_security_attribute_namespaces.query_security_attribute_namespaces",
            "module.oci_lz_orchestrator.module.oci_lz_zpr.data.oci_zpr_configuration.this",
            "module.oci_lz_orchestrator.module.oci_lz_zpr.oci_security_attribute_security_attribute.these",
            "module.oci_lz_orchestrator.module.oci_lz_zpr.oci_security_attribute_security_attribute_namespace.these",
            "module.oci_lz_orchestrator.module.oci_lz_zpr.oci_zpr_configuration.this",
            "module.oci_lz_orchestrator.module.oci_lz_zpr.oci_zpr_zpr_policy.these",
            "module.oci_lz_orchestrator.module.oci_lz_zpr.time_sleep.wait_after_zpr_configuration"
          ],
          "create_before_destroy": true
        },
        {
          "index_key": "VCN-VLL-LZ-EXACS-PRO-KEY",
          "schema_version": 0,
          "attributes": {
            "byoipv6cidr_blocks": [],
            "byoipv6cidr_details": null,
            "cidr_block": "10.197.132.0/23",
            "cidr_blocks": [
              "10.197.132.0/23"
            ],
            "compartment_id": "ocid1.compartment.oc19..aaaaaaaa5gtrrkqmob4ummcgl52exbo4d4vf55uvlzdku5j4fammf3b2pmlq",
            "default_dhcp_options_id": "ocid1.dhcpoptions.oc19.eu-madrid-2.aaaaaaaaxohssgow5zxkuozcxzyidithouuuhsgsmoy5uoe245thflp36uxq",
            "default_route_table_id": "ocid1.routetable.oc19.eu-madrid-2.aaaaaaaajd6fyd3ftr4q36b36cp634345dy4566gxaukgbcv33trgzklzr3q",
            "default_security_list_id": "ocid1.securitylist.oc19.eu-madrid-2.aaaaaaaam7bfpsyqjshbavhxef26hprqbywe6gbkbdpujtylf3mut5v6jtza",
            "defined_tags": {
              "Oracle-Tags.CreatedBy": "default/jorge.e.torlaschi@accenture.com",
              "Oracle-Tags.CreatedOn": "2026-03-10T14:42:39.230Z"
            },
            "display_name": "o-p-om2-vcn-exacspro-001",
            "dns_label": "opom2vcnexacpro",
            "freeform_tags": {
              "ocilz-terraform-module": "networking/0.8.1"
            },
            "id": "ocid1.vcn.oc19.eu-madrid-2.amaaaaaapw27gbaa26l4e3e3jodcwszp52idisn7ntkehkfskz3zzbp7eliq",
            "ipv6cidr_blocks": [],
            "ipv6private_cidr_blocks": [],
            "is_ipv6enabled": false,
            "is_oracle_gua_allocation_enabled": null,
            "security_attributes": {},
            "state": "AVAILABLE",
            "time_created": "2026-03-10 14:42:39.266 +0000 UTC",
            "timeouts": null,
            "vcn_domain_name": "opom2vcnexacpro.oraclevcn.com"
          },
          "sensitive_attributes": [],
          "identity_schema_version": 0,
          "private": "eyJlMmJmYjczMC1lY2FhLTExZTYtOGY4OC0zNDM2M2JjN2M0YzAiOnsiY3JlYXRlIjoxMjAwMDAwMDAwMDAwLCJkZWxldGUiOjEyMDAwMDAwMDAwMDAsInVwZGF0ZSI6MTIwMDAwMDAwMDAwMH19",
          "dependencies": [
            "module.oci_lz_orchestrator.data.oci_identity_regions.these",
            "module.oci_lz_orchestrator.data.oci_identity_tenancy.this",
            "module.oci_lz_orchestrator.module.oci_lz_compartments.oci_identity_compartment.level_2",
            "module.oci_lz_orchestrator.module.oci_lz_compartments.oci_identity_compartment.level_3",
            "module.oci_lz_orchestrator.module.oci_lz_compartments.oci_identity_compartment.level_4",
            "module.oci_lz_orchestrator.module.oci_lz_compartments.oci_identity_compartment.level_5",
            "module.oci_lz_orchestrator.module.oci_lz_compartments.oci_identity_compartment.level_6",
            "module.oci_lz_orchestrator.module.oci_lz_compartments.oci_identity_compartment.these",
            "module.oci_lz_orchestrator.module.oci_lz_compartments.oci_identity_tag_default.these",
            "module.oci_lz_orchestrator.module.oci_lz_tags.data.oci_identity_tag.default_created_by",
            "module.oci_lz_orchestrator.module.oci_lz_tags.data.oci_identity_tag.default_created_on",
            "module.oci_lz_orchestrator.module.oci_lz_tags.data.oci_identity_tag_namespaces.oracle_default",
            "module.oci_lz_orchestrator.module.oci_lz_tags.oci_identity_tag.these",
            "module.oci_lz_orchestrator.module.oci_lz_tags.oci_identity_tag_default.these",
            "module.oci_lz_orchestrator.module.oci_lz_tags.oci_identity_tag_namespace.these",
            "module.oci_lz_orchestrator.module.oci_lz_zpr.data.oci_identity_regions.these",
            "module.oci_lz_orchestrator.module.oci_lz_zpr.data.oci_security_attribute_security_attribute_namespaces.default_security_attribute_namespaces",
            "module.oci_lz_orchestrator.module.oci_lz_zpr.data.oci_security_attribute_security_attribute_namespaces.query_security_attribute_namespaces",
            "module.oci_lz_orchestrator.module.oci_lz_zpr.data.oci_zpr_configuration.this",
            "module.oci_lz_orchestrator.module.oci_lz_zpr.oci_security_attribute_security_attribute.these",
            "module.oci_lz_orchestrator.module.oci_lz_zpr.oci_security_attribute_security_attribute_namespace.these",
            "module.oci_lz_orchestrator.module.oci_lz_zpr.oci_zpr_configuration.this",
            "module.oci_lz_orchestrator.module.oci_lz_zpr.oci_zpr_zpr_policy.these",
            "module.oci_lz_orchestrator.module.oci_lz_zpr.time_sleep.wait_after_zpr_configuration"
          ],
          "create_before_destroy": true
        },
        {
          "index_key": "VCN-VLL-LZ-HUB-KEY",
          "schema_version": 0,
          "attributes": {
            "byoipv6cidr_blocks": [],
            "byoipv6cidr_details": null,
            "cidr_block": "10.197.128.0/23",
            "cidr_blocks": [
              "10.197.128.0/23"
            ],
            "compartment_id": "ocid1.compartment.oc19..aaaaaaaa5gtrrkqmob4ummcgl52exbo4d4vf55uvlzdku5j4fammf3b2pmlq",
            "default_dhcp_options_id": "ocid1.dhcpoptions.oc19.eu-madrid-2.aaaaaaaabv5bwyjsl3fvpposrj2mclh4t7cfjj6b7svqlswovh5gam3tnwra",
            "default_route_table_id": "ocid1.routetable.oc19.eu-madrid-2.aaaaaaaapqfknyslwsofrk3gc3t3ukmm34qrkvw5zx3xjeeihd4mv45pfu4q",
            "default_security_list_id": "ocid1.securitylist.oc19.eu-madrid-2.aaaaaaaat22ufnlfb5ss4hzw6j5cl7s34itv7uzvgiidxorwkoqlzzde6zcq",
            "defined_tags": {
              "Oracle-Tags.CreatedBy": "default/jorge.e.torlaschi@accenture.com",
              "Oracle-Tags.CreatedOn": "2026-03-10T14:42:39.230Z"
            },
            "display_name": "o-p-om2-vcn-hub-001",
            "dns_label": "opom2vcnhub",
            "freeform_tags": {
              "ocilz-terraform-module": "networking/0.8.1"
            },
            "id": "ocid1.vcn.oc19.eu-madrid-2.amaaaaaapw27gbaahaampmaqpuconyvwmecndp6epapf6uv4p2okvyd2qe4q",
            "ipv6cidr_blocks": [],
            "ipv6private_cidr_blocks": [],
            "is_ipv6enabled": false,
            "is_oracle_gua_allocation_enabled": null,
            "security_attributes": {},
            "state": "AVAILABLE",
            "time_created": "2026-03-10 14:42:39.275 +0000 UTC",
            "timeouts": null,
            "vcn_domain_name": "opom2vcnhub.oraclevcn.com"
          },
          "sensitive_attributes": [],
          "identity_schema_version": 0,
          "private": "eyJlMmJmYjczMC1lY2FhLTExZTYtOGY4OC0zNDM2M2JjN2M0YzAiOnsiY3JlYXRlIjoxMjAwMDAwMDAwMDAwLCJkZWxldGUiOjEyMDAwMDAwMDAwMDAsInVwZGF0ZSI6MTIwMDAwMDAwMDAwMH19",
          "dependencies": [
            "module.oci_lz_orchestrator.data.oci_identity_regions.these",
            "module.oci_lz_orchestrator.data.oci_identity_tenancy.this",
            "module.oci_lz_orchestrator.module.oci_lz_compartments.oci_identity_compartment.level_2",
            "module.oci_lz_orchestrator.module.oci_lz_compartments.oci_identity_compartment.level_3",
            "module.oci_lz_orchestrator.module.oci_lz_compartments.oci_identity_compartment.level_4",
            "module.oci_lz_orchestrator.module.oci_lz_compartments.oci_identity_compartment.level_5",
            "module.oci_lz_orchestrator.module.oci_lz_compartments.oci_identity_compartment.level_6",
            "module.oci_lz_orchestrator.module.oci_lz_compartments.oci_identity_compartment.these",
            "module.oci_lz_orchestrator.module.oci_lz_compartments.oci_identity_tag_default.these",
            "module.oci_lz_orchestrator.module.oci_lz_tags.data.oci_identity_tag.default_created_by",
            "module.oci_lz_orchestrator.module.oci_lz_tags.data.oci_identity_tag.default_created_on",
            "module.oci_lz_orchestrator.module.oci_lz_tags.data.oci_identity_tag_namespaces.oracle_default",
            "module.oci_lz_orchestrator.module.oci_lz_tags.oci_identity_tag.these",
            "module.oci_lz_orchestrator.module.oci_lz_tags.oci_identity_tag_default.these",
            "module.oci_lz_orchestrator.module.oci_lz_tags.oci_identity_tag_namespace.these",
            "module.oci_lz_orchestrator.module.oci_lz_zpr.data.oci_identity_regions.these",
            "module.oci_lz_orchestrator.module.oci_lz_zpr.data.oci_security_attribute_security_attribute_namespaces.default_security_attribute_namespaces",
            "module.oci_lz_orchestrator.module.oci_lz_zpr.data.oci_security_attribute_security_attribute_namespaces.query_security_attribute_namespaces",
            "module.oci_lz_orchestrator.module.oci_lz_zpr.data.oci_zpr_configuration.this",
            "module.oci_lz_orchestrator.module.oci_lz_zpr.oci_security_attribute_security_attribute.these",
            "module.oci_lz_orchestrator.module.oci_lz_zpr.oci_security_attribute_security_attribute_namespace.these",
            "module.oci_lz_orchestrator.module.oci_lz_zpr.oci_zpr_configuration.this",
            "module.oci_lz_orchestrator.module.oci_lz_zpr.oci_zpr_zpr_policy.these",
            "module.oci_lz_orchestrator.module.oci_lz_zpr.time_sleep.wait_after_zpr_configuration"
          ],
          "create_before_destroy": true
        }
      ]
    },
    {
      "module": "module.oci_lz_orchestrator.module.oci_lz_network[0]",
      "mode": "managed",
      "type": "time_sleep",
      "name": "wait_for_dns_resolver",
      "provider": "provider[\"registry.terraform.io/hashicorp/time\"]",
      "instances": [
        {
          "schema_version": 0,
          "attributes": {
            "create_duration": "60s",
            "destroy_duration": null,
            "id": "2026-03-10T14:43:39Z",
            "triggers": null
          },
          "sensitive_attributes": [],
          "identity_schema_version": 0,
          "dependencies": [
            "module.oci_lz_orchestrator.data.oci_identity_regions.these",
            "module.oci_lz_orchestrator.data.oci_identity_tenancy.this",
            "module.oci_lz_orchestrator.module.oci_lz_compartments.oci_identity_compartment.level_2",
            "module.oci_lz_orchestrator.module.oci_lz_compartments.oci_identity_compartment.level_3",
            "module.oci_lz_orchestrator.module.oci_lz_compartments.oci_identity_compartment.level_4",
            "module.oci_lz_orchestrator.module.oci_lz_compartments.oci_identity_compartment.level_5",
            "module.oci_lz_orchestrator.module.oci_lz_compartments.oci_identity_compartment.level_6",
            "module.oci_lz_orchestrator.module.oci_lz_compartments.oci_identity_compartment.these",
            "module.oci_lz_orchestrator.module.oci_lz_compartments.oci_identity_tag_default.these",
            "module.oci_lz_orchestrator.module.oci_lz_network.oci_core_vcn.these",
            "module.oci_lz_orchestrator.module.oci_lz_tags.data.oci_identity_tag.default_created_by",
            "module.oci_lz_orchestrator.module.oci_lz_tags.data.oci_identity_tag.default_created_on",
            "module.oci_lz_orchestrator.module.oci_lz_tags.data.oci_identity_tag_namespaces.oracle_default",
            "module.oci_lz_orchestrator.module.oci_lz_tags.oci_identity_tag.these",
            "module.oci_lz_orchestrator.module.oci_lz_tags.oci_identity_tag_default.these",
            "module.oci_lz_orchestrator.module.oci_lz_tags.oci_identity_tag_namespace.these",
            "module.oci_lz_orchestrator.module.oci_lz_zpr.data.oci_identity_regions.these",
            "module.oci_lz_orchestrator.module.oci_lz_zpr.data.oci_security_attribute_security_attribute_namespaces.default_security_attribute_namespaces",
            "module.oci_lz_orchestrator.module.oci_lz_zpr.data.oci_security_attribute_security_attribute_namespaces.query_security_attribute_namespaces",
            "module.oci_lz_orchestrator.module.oci_lz_zpr.data.oci_zpr_configuration.this",
            "module.oci_lz_orchestrator.module.oci_lz_zpr.oci_security_attribute_security_attribute.these",
            "module.oci_lz_orchestrator.module.oci_lz_zpr.oci_security_attribute_security_attribute_namespace.these",
            "module.oci_lz_orchestrator.module.oci_lz_zpr.oci_zpr_configuration.this",
            "module.oci_lz_orchestrator.module.oci_lz_zpr.oci_zpr_zpr_policy.these",
            "module.oci_lz_orchestrator.module.oci_lz_zpr.time_sleep.wait_after_zpr_configuration"
          ]
        }
      ]
    },
    {
      "module": "module.oci_lz_orchestrator.module.oci_lz_policies[0]",
      "mode": "data",
      "type": "oci_identity_region_subscriptions",
      "name": "these",
      "provider": "module.oci_lz_orchestrator.provider[\"registry.terraform.io/oracle/oci\"].home",
      "instances": [
        {
          "schema_version": 0,
          "attributes": {
            "filter": null,
            "id": "IdentityRegionSubscriptionsDataSource-1032845147",
            "region_subscriptions": [
              {
                "is_home_region": true,
                "region_key": "VLL",
                "region_name": "eu-madrid-2",
                "state": "READY",
                "tenancy_id": ""
              }
            ],
            "tenancy_id": "ocid1.tenancy.oc19..aaaaaaaa4ftkyx3ao73kndo3mbltj6gtbf27mxbgpu65a33ipgo2wqyj4zba"
          },
          "sensitive_attributes": [],
          "identity_schema_version": 0
        }
      ]
    },
    {
      "module": "module.oci_lz_orchestrator.module.oci_lz_policies[0]",
      "mode": "data",
      "type": "oci_identity_tenancy",
      "name": "this",
      "provider": "module.oci_lz_orchestrator.provider[\"registry.terraform.io/oracle/oci\"].home",
      "instances": [
        {
          "schema_version": 0,
          "attributes": {
            "defined_tags": {},
            "description": "TENLS-6209",
            "freeform_tags": {},
            "home_region_key": "VLL",
            "id": "ocid1.tenancy.oc19..aaaaaaaa4ftkyx3ao73kndo3mbltj6gtbf27mxbgpu65a33ipgo2wqyj4zba",
            "name": "seguridadsocial",
            "tenancy_id": "ocid1.tenancy.oc19..aaaaaaaa4ftkyx3ao73kndo3mbltj6gtbf27mxbgpu65a33ipgo2wqyj4zba",
            "upi_idcs_compatibility_layer_endpoint": null
          },
          "sensitive_attributes": [],
          "identity_schema_version": 0
        }
      ]
    },
    {
      "module": "module.oci_lz_orchestrator.module.oci_lz_policies[0]",
      "mode": "managed",
      "type": "oci_identity_policy",
      "name": "these",
      "provider": "module.oci_lz_orchestrator.provider[\"registry.terraform.io/oracle/oci\"].home",
      "instances": [
        {
          "index_key": "PCY-AUDITING-ADMIN-KEY",
          "schema_version": 0,
          "attributes": {
            "ETag": "46306b267e145f14336e51af724d0106a20e4de9",
            "compartment_id": "ocid1.tenancy.oc19..aaaaaaaa4ftkyx3ao73kndo3mbltj6gtbf27mxbgpu65a33ipgo2wqyj4zba",
            "defined_tags": {
              "Oracle-Tags.CreatedBy": "default/jorge.e.torlaschi@accenture.com",
              "Oracle-Tags.CreatedOn": "2026-03-10T14:42:39.515Z"
            },
            "description": "Allow o-p-om2-grp-admi-auditors-001 group users to read all the resources in the tenancy.",
            "freeform_tags": {
              "ocilz-terraform-module": "iam-policies/0.3.3\n"
            },
            "id": "ocid1.policy.oc19..aaaaaaaabjxgam7szuyh4d5eo7qudjqw3guez4datmm5bbuztshg4kde6zeq",
            "inactive_state": null,
            "lastUpdateETag": "46306b267e145f14336e51af724d0106a20e4de9",
            "name": "o-p-om2-pcy-auda-001",
            "policyHash": "e730b8858c9ae7d01d367098d53dc7b6",
            "state": "ACTIVE",
            "statements": [
              "allow group 'o-p-om2-id-common-001'/'o-p-om2-grp-admi-auditors-001' to inspect all-resources in tenancy",
              "allow group 'o-p-om2-id-common-001'/'o-p-om2-grp-admi-auditors-001' to read instances in tenancy",
              "allow group 'o-p-om2-id-common-001'/'o-p-om2-grp-admi-auditors-001' to read load-balancers in tenancy",
              "allow group 'o-p-om2-id-common-001'/'o-p-om2-grp-admi-auditors-001' to read buckets in tenancy",
              "allow group 'o-p-om2-id-common-001'/'o-p-om2-grp-admi-auditors-001' to read nat-gateways in tenancy",
              "allow group 'o-p-om2-id-common-001'/'o-p-om2-grp-admi-auditors-001' to read public-ips in tenancy",
              "allow group 'o-p-om2-id-common-001'/'o-p-om2-grp-admi-auditors-001' to read file-family in tenancy",
              "allow group 'o-p-om2-id-common-001'/'o-p-om2-grp-admi-auditors-001' to read instance-configurations in tenancy",
              "allow group 'o-p-om2-id-common-001'/'o-p-om2-grp-admi-auditors-001' to read network-security-groups in tenancy",
              "allow group 'o-p-om2-id-common-001'/'o-p-om2-grp-admi-auditors-001' to read resource-availability in tenancy",
              "allow group 'o-p-om2-id-common-001'/'o-p-om2-grp-admi-auditors-001' to read audit-events in tenancy",
              "allow group 'o-p-om2-id-common-001'/'o-p-om2-grp-admi-auditors-001' to read users in tenancy",
              "allow group 'o-p-om2-id-common-001'/'o-p-om2-grp-admi-auditors-001' to use cloud-shell in tenancy",
              "allow group 'o-p-om2-id-common-001'/'o-p-om2-grp-admi-auditors-001' to read vss-family in tenancy",
              "allow group 'o-p-om2-id-common-001'/'o-p-om2-grp-admi-auditors-001' to read usage-budgets in tenancy",
              "allow group 'o-p-om2-id-common-001'/'o-p-om2-grp-admi-auditors-001' to read usage-reports in tenancy",
              "allow group 'o-p-om2-id-common-001'/'o-p-om2-grp-admi-auditors-001' to read data-safe-family in tenancy",
              "allow group 'o-p-om2-id-common-001'/'o-p-om2-grp-admi-auditors-001' to read vaults in tenancy",
              "allow group 'o-p-om2-id-common-001'/'o-p-om2-grp-admi-auditors-001' to read keys in tenancy",
              "allow group 'o-p-om2-id-common-001'/'o-p-om2-grp-admi-auditors-001' to read tag-namespaces in tenancy",
              "allow group 'o-p-om2-id-common-001'/'o-p-om2-grp-admi-auditors-001' to read serviceconnectors in tenancy",
              "allow group 'o-p-om2-id-common-001'/'o-p-om2-grp-admi-auditors-001' to use ons-family in tenancy where any {request.operation!=/Create*/, request.operation!=/Update*/, request.operation!=/Delete*/, request.operation!=/Change*/}"
            ],
            "time_created": "2026-03-10 14:42:39.535 +0000 UTC",
            "timeouts": null,
            "version_date": null
          },
          "sensitive_attributes": [],
          "identity_schema_version": 0,
          "private": "eyJlMmJmYjczMC1lY2FhLTExZTYtOGY4OC0zNDM2M2JjN2M0YzAiOnsiY3JlYXRlIjoxMjAwMDAwMDAwMDAwLCJkZWxldGUiOjEyMDAwMDAwMDAwMDAsInVwZGF0ZSI6MTIwMDAwMDAwMDAwMH19",
          "dependencies": [
            "module.oci_lz_orchestrator.data.oci_identity_regions.these",
            "module.oci_lz_orchestrator.data.oci_identity_tenancy.this",
            "module.oci_lz_orchestrator.module.oci_lz_compartments.oci_identity_compartment.level_2",
            "module.oci_lz_orchestrator.module.oci_lz_compartments.oci_identity_compartment.level_3",
            "module.oci_lz_orchestrator.module.oci_lz_compartments.oci_identity_compartment.level_4",
            "module.oci_lz_orchestrator.module.oci_lz_compartments.oci_identity_compartment.level_5",
            "module.oci_lz_orchestrator.module.oci_lz_compartments.oci_identity_compartment.level_6",
            "module.oci_lz_orchestrator.module.oci_lz_compartments.oci_identity_compartment.these",
            "module.oci_lz_orchestrator.module.oci_lz_compartments.oci_identity_tag_default.these",
            "module.oci_lz_orchestrator.module.oci_lz_dynamic_groups.oci_identity_dynamic_group.these",
            "module.oci_lz_orchestrator.module.oci_lz_groups.data.oci_identity_users.these",
            "module.oci_lz_orchestrator.module.oci_lz_groups.oci_identity_group.these",
            "module.oci_lz_orchestrator.module.oci_lz_groups.oci_identity_user_group_membership.these",
            "module.oci_lz_orchestrator.module.oci_lz_policies.data.oci_identity_region_subscriptions.these",
            "module.oci_lz_orchestrator.module.oci_lz_policies.data.oci_identity_tenancy.this",
            "module.oci_lz_orchestrator.module.oci_lz_tags.data.oci_identity_tag.default_created_by",
            "module.oci_lz_orchestrator.module.oci_lz_tags.data.oci_identity_tag.default_created_on",
            "module.oci_lz_orchestrator.module.oci_lz_tags.data.oci_identity_tag_namespaces.oracle_default",
            "module.oci_lz_orchestrator.module.oci_lz_tags.oci_identity_tag.these",
            "module.oci_lz_orchestrator.module.oci_lz_tags.oci_identity_tag_default.these",
            "module.oci_lz_orchestrator.module.oci_lz_tags.oci_identity_tag_namespace.these"
          ]
        },
        {
          "index_key": "PCY-COST-ADMIN-KEY",
          "schema_version": 0,
          "attributes": {
            "ETag": "5d3d271b38266cc5b32b189825d7e51e3c79daf0",
            "compartment_id": "ocid1.tenancy.oc19..aaaaaaaa4ftkyx3ao73kndo3mbltj6gtbf27mxbgpu65a33ipgo2wqyj4zba",
            "defined_tags": {
              "Oracle-Tags.CreatedBy": "default/jorge.e.torlaschi@accenture.com",
              "Oracle-Tags.CreatedOn": "2026-03-10T14:42:39.278Z"
            },
            "description": "Allow o-p-om2-grp-admi-costs-001 group users to manage all budget resources in the tenancy.",
            "freeform_tags": {
              "ocilz-terraform-module": "iam-policies/0.3.3\n"
            },
            "id": "ocid1.policy.oc19..aaaaaaaa5dumus2g7hu5wzdhl5ldz6k4b3b3cwk6z3uawcvqps5y46nvoaiq",
            "inactive_state": null,
            "lastUpdateETag": "5d3d271b38266cc5b32b189825d7e51e3c79daf0",
            "name": "o-p-om2-pcy-costs-001",
            "policyHash": "e1e37c44f80a74ae67bf4a7091b9e660",
            "state": "ACTIVE",
            "statements": [
              "define tenancy usage-report as ocid1.tenancy.oc1..aaaaaaaaned4fkpkisbwjlr56u7cj63lf3wffbilvqknstgtvzub7vhqkggq",
              "endorse group 'o-p-om2-id-common-001'/'o-p-om2-grp-admi-costs-001' to read objects in tenancy usage-report",
              "allow group 'o-p-om2-id-common-001'/'o-p-om2-grp-admi-costs-001' to manage usage-report in tenancy",
              "allow group 'o-p-om2-id-common-001'/'o-p-om2-grp-admi-costs-001' to manage usage-budgets in tenancy"
            ],
            "time_created": "2026-03-10 14:42:39.503 +0000 UTC",
            "timeouts": null,
            "version_date": null
          },
          "sensitive_attributes": [],
          "identity_schema_version": 0,
          "private": "eyJlMmJmYjczMC1lY2FhLTExZTYtOGY4OC0zNDM2M2JjN2M0YzAiOnsiY3JlYXRlIjoxMjAwMDAwMDAwMDAwLCJkZWxldGUiOjEyMDAwMDAwMDAwMDAsInVwZGF0ZSI6MTIwMDAwMDAwMDAwMH19",
          "dependencies": [
            "module.oci_lz_orchestrator.data.oci_identity_regions.these",
            "module.oci_lz_orchestrator.data.oci_identity_tenancy.this",
            "module.oci_lz_orchestrator.module.oci_lz_compartments.oci_identity_compartment.level_2",
            "module.oci_lz_orchestrator.module.oci_lz_compartments.oci_identity_compartment.level_3",
            "module.oci_lz_orchestrator.module.oci_lz_compartments.oci_identity_compartment.level_4",
            "module.oci_lz_orchestrator.module.oci_lz_compartments.oci_identity_compartment.level_5",
            "module.oci_lz_orchestrator.module.oci_lz_compartments.oci_identity_compartment.level_6",
            "module.oci_lz_orchestrator.module.oci_lz_compartments.oci_identity_compartment.these",
            "module.oci_lz_orchestrator.module.oci_lz_compartments.oci_identity_tag_default.these",
            "module.oci_lz_orchestrator.module.oci_lz_dynamic_groups.oci_identity_dynamic_group.these",
            "module.oci_lz_orchestrator.module.oci_lz_groups.data.oci_identity_users.these",
            "module.oci_lz_orchestrator.module.oci_lz_groups.oci_identity_group.these",
            "module.oci_lz_orchestrator.module.oci_lz_groups.oci_identity_user_group_membership.these",
            "module.oci_lz_orchestrator.module.oci_lz_policies.data.oci_identity_region_subscriptions.these",
            "module.oci_lz_orchestrator.module.oci_lz_policies.data.oci_identity_tenancy.this",
            "module.oci_lz_orchestrator.module.oci_lz_tags.data.oci_identity_tag.default_created_by",
            "module.oci_lz_orchestrator.module.oci_lz_tags.data.oci_identity_tag.default_created_on",
            "module.oci_lz_orchestrator.module.oci_lz_tags.data.oci_identity_tag_namespaces.oracle_default",
            "module.oci_lz_orchestrator.module.oci_lz_tags.oci_identity_tag.these",
            "module.oci_lz_orchestrator.module.oci_lz_tags.oci_identity_tag_default.these",
            "module.oci_lz_orchestrator.module.oci_lz_tags.oci_identity_tag_namespace.these"
          ]
        },
        {
          "index_key": "PCY-GENERIC-ADMIN-KEY",
          "schema_version": 0,
          "attributes": {
            "ETag": "14dc702e27dd9b207ce56a3347f21786d86346f6",
            "compartment_id": "ocid1.tenancy.oc19..aaaaaaaa4ftkyx3ao73kndo3mbltj6gtbf27mxbgpu65a33ipgo2wqyj4zba",
            "defined_tags": {
              "Oracle-Tags.CreatedBy": "default/jorge.e.torlaschi@accenture.com",
              "Oracle-Tags.CreatedOn": "2026-03-10T14:42:39.116Z"
            },
            "description": "Allow defined groups to use generic services.",
            "freeform_tags": {
              "ocilz-terraform-module": "iam-policies/0.3.3\n"
            },
            "id": "ocid1.policy.oc19..aaaaaaaauuq6o2yznkigajumychulk7wji33rtqxj6poqmxyer25zhbaxnfa",
            "inactive_state": null,
            "lastUpdateETag": "14dc702e27dd9b207ce56a3347f21786d86346f6",
            "name": "o-p-om2-pcy-gadm-001",
            "policyHash": "098c2c5f32df88edf88841034c20a864",
            "state": "ACTIVE",
            "statements": [
              "allow group 'o-p-om2-id-common-001'/'o-p-om2-grp-admi-iam-001', 'o-p-om2-id-common-001'/'o-p-om2-grp-admi-auditors-001', 'o-p-om2-id-common-001'/'o-p-om2-grp-seca-001', 'o-p-om2-id-common-001'/'o-p-om2-grp-neta-001' to use cloud-shell in tenancy",
              "allow group 'o-p-om2-id-common-001'/'o-p-om2-grp-admi-iam-001', 'o-p-om2-id-common-001'/'o-p-om2-grp-admi-auditors-001', 'o-p-om2-id-common-001'/'o-p-om2-grp-seca-001', 'o-p-om2-id-common-001'/'o-p-om2-grp-neta-001' to use cloud-shell-public-network in tenancy",
              "allow group 'o-p-om2-id-common-001'/'o-p-om2-grp-admi-iam-001', 'o-p-om2-id-common-001'/'o-p-om2-grp-admi-auditors-001', 'o-p-om2-id-common-001'/'o-p-om2-grp-seca-001', 'o-p-om2-id-common-001'/'o-p-om2-grp-neta-001' to read usage-budgets in tenancy",
              "allow group 'o-p-om2-id-common-001'/'o-p-om2-grp-admi-iam-001', 'o-p-om2-id-common-001'/'o-p-om2-grp-admi-auditors-001', 'o-p-om2-id-common-001'/'o-p-om2-grp-seca-001', 'o-p-om2-id-common-001'/'o-p-om2-grp-neta-001' to read usage-reports in tenancy",
              "allow group 'o-p-om2-id-common-001'/'o-p-om2-grp-admi-iam-001', 'o-p-om2-id-common-001'/'o-p-om2-grp-admi-auditors-001', 'o-p-om2-id-common-001'/'o-p-om2-grp-seca-001', 'o-p-om2-id-common-001'/'o-p-om2-grp-neta-001' to read objectstorage-namespaces in tenancy",
              "allow any-user to inspect tag-namespaces in tenancy where target.tag-namespace.name='o-p-om2-tagns-name-001'"
            ],
            "time_created": "2026-03-10 14:42:39.126 +0000 UTC",
            "timeouts": null,
            "version_date": null
          },
          "sensitive_attributes": [],
          "identity_schema_version": 0,
          "private": "eyJlMmJmYjczMC1lY2FhLTExZTYtOGY4OC0zNDM2M2JjN2M0YzAiOnsiY3JlYXRlIjoxMjAwMDAwMDAwMDAwLCJkZWxldGUiOjEyMDAwMDAwMDAwMDAsInVwZGF0ZSI6MTIwMDAwMDAwMDAwMH19",
          "dependencies": [
            "module.oci_lz_orchestrator.data.oci_identity_regions.these",
            "module.oci_lz_orchestrator.data.oci_identity_tenancy.this",
            "module.oci_lz_orchestrator.module.oci_lz_compartments.oci_identity_compartment.level_2",
            "module.oci_lz_orchestrator.module.oci_lz_compartments.oci_identity_compartment.level_3",
            "module.oci_lz_orchestrator.module.oci_lz_compartments.oci_identity_compartment.level_4",
            "module.oci_lz_orchestrator.module.oci_lz_compartments.oci_identity_compartment.level_5",
            "module.oci_lz_orchestrator.module.oci_lz_compartments.oci_identity_compartment.level_6",
            "module.oci_lz_orchestrator.module.oci_lz_compartments.oci_identity_compartment.these",
            "module.oci_lz_orchestrator.module.oci_lz_compartments.oci_identity_tag_default.these",
            "module.oci_lz_orchestrator.module.oci_lz_dynamic_groups.oci_identity_dynamic_group.these",
            "module.oci_lz_orchestrator.module.oci_lz_groups.data.oci_identity_users.these",
            "module.oci_lz_orchestrator.module.oci_lz_groups.oci_identity_group.these",
            "module.oci_lz_orchestrator.module.oci_lz_groups.oci_identity_user_group_membership.these",
            "module.oci_lz_orchestrator.module.oci_lz_policies.data.oci_identity_region_subscriptions.these",
            "module.oci_lz_orchestrator.module.oci_lz_policies.data.oci_identity_tenancy.this",
            "module.oci_lz_orchestrator.module.oci_lz_tags.data.oci_identity_tag.default_created_by",
            "module.oci_lz_orchestrator.module.oci_lz_tags.data.oci_identity_tag.default_created_on",
            "module.oci_lz_orchestrator.module.oci_lz_tags.data.oci_identity_tag_namespaces.oracle_default",
            "module.oci_lz_orchestrator.module.oci_lz_tags.oci_identity_tag.these",
            "module.oci_lz_orchestrator.module.oci_lz_tags.oci_identity_tag_default.these",
            "module.oci_lz_orchestrator.module.oci_lz_tags.oci_identity_tag_namespace.these"
          ]
        },
        {
          "index_key": "PCY-GLOBALSERV-ADMIN-KEY",
          "schema_version": 0,
          "attributes": {
            "ETag": "ea4da16880c7315fc2b174b8ec3ab01b295064a2",
            "compartment_id": "ocid1.tenancy.oc19..aaaaaaaa4ftkyx3ao73kndo3mbltj6gtbf27mxbgpu65a33ipgo2wqyj4zba",
            "defined_tags": {
              "Oracle-Tags.CreatedBy": "default/jorge.e.torlaschi@accenture.com",
              "Oracle-Tags.CreatedOn": "2026-03-10T14:42:39.265Z"
            },
            "description": "Allow o-p-om2-grp-admi-globresou-001 group users to manage gloabal service, as cloud guard",
            "freeform_tags": {
              "ocilz-terraform-module": "iam-policies/0.3.3\n"
            },
            "id": "ocid1.policy.oc19..aaaaaaaanlp7wszhvfigqkbqqd7gcky4c2p6n4rpshpsgsakmjf5jlvd64xa",
            "inactive_state": null,
            "lastUpdateETag": "ea4da16880c7315fc2b174b8ec3ab01b295064a2",
            "name": "o-p-om2-pcy-globalserv-001",
            "policyHash": "419e4cdc17ae7e02d99eebe7dbf51203",
            "state": "ACTIVE",
            "statements": [
              "allow group 'o-p-om2-id-common-001'/'o-p-om2-grp-admi-globalserv-001' to manage cloudevents-rules in tenancy",
              "allow group 'o-p-om2-id-common-001'/'o-p-om2-grp-admi-globalserv-001' to manage cloud-guard-family in tenancy",
              "allow group 'o-p-om2-id-common-001'/'o-p-om2-grp-admi-globalserv-001' to read tenancies in tenancy"
            ],
            "time_created": "2026-03-10 14:42:39.298 +0000 UTC",
            "timeouts": null,
            "version_date": null
          },
          "sensitive_attributes": [],
          "identity_schema_version": 0,
          "private": "eyJlMmJmYjczMC1lY2FhLTExZTYtOGY4OC0zNDM2M2JjN2M0YzAiOnsiY3JlYXRlIjoxMjAwMDAwMDAwMDAwLCJkZWxldGUiOjEyMDAwMDAwMDAwMDAsInVwZGF0ZSI6MTIwMDAwMDAwMDAwMH19",
          "dependencies": [
            "module.oci_lz_orchestrator.data.oci_identity_regions.these",
            "module.oci_lz_orchestrator.data.oci_identity_tenancy.this",
            "module.oci_lz_orchestrator.module.oci_lz_compartments.oci_identity_compartment.level_2",
            "module.oci_lz_orchestrator.module.oci_lz_compartments.oci_identity_compartment.level_3",
            "module.oci_lz_orchestrator.module.oci_lz_compartments.oci_identity_compartment.level_4",
            "module.oci_lz_orchestrator.module.oci_lz_compartments.oci_identity_compartment.level_5",
            "module.oci_lz_orchestrator.module.oci_lz_compartments.oci_identity_compartment.level_6",
            "module.oci_lz_orchestrator.module.oci_lz_compartments.oci_identity_compartment.these",
            "module.oci_lz_orchestrator.module.oci_lz_compartments.oci_identity_tag_default.these",
            "module.oci_lz_orchestrator.module.oci_lz_dynamic_groups.oci_identity_dynamic_group.these",
            "module.oci_lz_orchestrator.module.oci_lz_groups.data.oci_identity_users.these",
            "module.oci_lz_orchestrator.module.oci_lz_groups.oci_identity_group.these",
            "module.oci_lz_orchestrator.module.oci_lz_groups.oci_identity_user_group_membership.these",
            "module.oci_lz_orchestrator.module.oci_lz_policies.data.oci_identity_region_subscriptions.these",
            "module.oci_lz_orchestrator.module.oci_lz_policies.data.oci_identity_tenancy.this",
            "module.oci_lz_orchestrator.module.oci_lz_tags.data.oci_identity_tag.default_created_by",
            "module.oci_lz_orchestrator.module.oci_lz_tags.data.oci_identity_tag.default_created_on",
            "module.oci_lz_orchestrator.module.oci_lz_tags.data.oci_identity_tag_namespaces.oracle_default",
            "module.oci_lz_orchestrator.module.oci_lz_tags.oci_identity_tag.these",
            "module.oci_lz_orchestrator.module.oci_lz_tags.oci_identity_tag_default.these",
            "module.oci_lz_orchestrator.module.oci_lz_tags.oci_identity_tag_namespace.these"
          ]
        },
        {
          "index_key": "PCY-IAM-ADMIN-KEY",
          "schema_version": 0,
          "attributes": {
            "ETag": "827c823f243f3e7ef6f0c144f244c92ac3c6c7d2",
            "compartment_id": "ocid1.tenancy.oc19..aaaaaaaa4ftkyx3ao73kndo3mbltj6gtbf27mxbgpu65a33ipgo2wqyj4zba",
            "defined_tags": {
              "Oracle-Tags.CreatedBy": "default/jorge.e.torlaschi@accenture.com",
              "Oracle-Tags.CreatedOn": "2026-03-10T14:42:39.172Z"
            },
            "description": "Allow o-p-om2-grp-admi-iam-001 group users to manage IAM resources in the tenancy.",
            "freeform_tags": {
              "ocilz-terraform-module": "iam-policies/0.3.3\n"
            },
            "id": "ocid1.policy.oc19..aaaaaaaabmf4pp2dkjiimszoovt5szhe4odf5venihdww26pg7lgvr7l7hhq",
            "inactive_state": null,
            "lastUpdateETag": "827c823f243f3e7ef6f0c144f244c92ac3c6c7d2",
            "name": "o-p-om2-pcy-iam-001",
            "policyHash": "b8f9253922cf4d9d983d83f30208ecb5",
            "state": "ACTIVE",
            "statements": [
              "allow group 'o-p-om2-id-common-001'/'o-p-om2-grp-admi-iam-001' to manage policies in tenancy",
              "allow group 'o-p-om2-id-common-001'/'o-p-om2-grp-admi-iam-001' to manage users in tenancy",
              "allow group 'o-p-om2-id-common-001'/'o-p-om2-grp-admi-iam-001' to inspect groups in tenancy",
              "allow group 'o-p-om2-id-common-001'/'o-p-om2-grp-admi-iam-001' to manage groups in tenancy where all {target.group.name != 'Administrators'}",
              "allow group 'o-p-om2-id-common-001'/'o-p-om2-grp-admi-iam-001' to manage identity-providers in tenancy",
              "allow group 'o-p-om2-id-common-001'/'o-p-om2-grp-admi-iam-001' to manage dynamic-groups in tenancy",
              "allow group 'o-p-om2-id-common-001'/'o-p-om2-grp-admi-iam-001' to manage authentication-policies in tenancy",
              "allow group 'o-p-om2-id-common-001'/'o-p-om2-grp-admi-iam-001' to manage network-sources in tenancy",
              "allow group 'o-p-om2-id-common-001'/'o-p-om2-grp-admi-iam-001' to manage quota in tenancy",
              "allow group 'o-p-om2-id-common-001'/'o-p-om2-grp-admi-iam-001' to manage tag-defaults in tenancy",
              "allow group 'o-p-om2-id-common-001'/'o-p-om2-grp-admi-iam-001' to manage tag-namespaces in tenancy",
              "allow group 'o-p-om2-id-common-001'/'o-p-om2-grp-admi-iam-001' to manage orm-jobs in tenancy",
              "allow group 'o-p-om2-id-common-001'/'o-p-om2-grp-admi-iam-001' to manage orm-config-source-providers in tenancy"
            ],
            "time_created": "2026-03-10 14:42:39.175 +0000 UTC",
            "timeouts": null,
            "version_date": null
          },
          "sensitive_attributes": [],
          "identity_schema_version": 0,
          "private": "eyJlMmJmYjczMC1lY2FhLTExZTYtOGY4OC0zNDM2M2JjN2M0YzAiOnsiY3JlYXRlIjoxMjAwMDAwMDAwMDAwLCJkZWxldGUiOjEyMDAwMDAwMDAwMDAsInVwZGF0ZSI6MTIwMDAwMDAwMDAwMH19",
          "dependencies": [
            "module.oci_lz_orchestrator.data.oci_identity_regions.these",
            "module.oci_lz_orchestrator.data.oci_identity_tenancy.this",
            "module.oci_lz_orchestrator.module.oci_lz_compartments.oci_identity_compartment.level_2",
            "module.oci_lz_orchestrator.module.oci_lz_compartments.oci_identity_compartment.level_3",
            "module.oci_lz_orchestrator.module.oci_lz_compartments.oci_identity_compartment.level_4",
            "module.oci_lz_orchestrator.module.oci_lz_compartments.oci_identity_compartment.level_5",
            "module.oci_lz_orchestrator.module.oci_lz_compartments.oci_identity_compartment.level_6",
            "module.oci_lz_orchestrator.module.oci_lz_compartments.oci_identity_compartment.these",
            "module.oci_lz_orchestrator.module.oci_lz_compartments.oci_identity_tag_default.these",
            "module.oci_lz_orchestrator.module.oci_lz_dynamic_groups.oci_identity_dynamic_group.these",
            "module.oci_lz_orchestrator.module.oci_lz_groups.data.oci_identity_users.these",
            "module.oci_lz_orchestrator.module.oci_lz_groups.oci_identity_group.these",
            "module.oci_lz_orchestrator.module.oci_lz_groups.oci_identity_user_group_membership.these",
            "module.oci_lz_orchestrator.module.oci_lz_policies.data.oci_identity_region_subscriptions.these",
            "module.oci_lz_orchestrator.module.oci_lz_policies.data.oci_identity_tenancy.this",
            "module.oci_lz_orchestrator.module.oci_lz_tags.data.oci_identity_tag.default_created_by",
            "module.oci_lz_orchestrator.module.oci_lz_tags.data.oci_identity_tag.default_created_on",
            "module.oci_lz_orchestrator.module.oci_lz_tags.data.oci_identity_tag_namespaces.oracle_default",
            "module.oci_lz_orchestrator.module.oci_lz_tags.oci_identity_tag.these",
            "module.oci_lz_orchestrator.module.oci_lz_tags.oci_identity_tag_default.these",
            "module.oci_lz_orchestrator.module.oci_lz_tags.oci_identity_tag_namespace.these"
          ]
        },
        {
          "index_key": "PCY-LZ-PLATFORM-EXACS-DB-ADMIN-KEY",
          "schema_version": 0,
          "attributes": {
            "ETag": "c1aec21394fc2c3c7c7ea8af0df3769667a84bd4",
            "compartment_id": "ocid1.compartment.oc19..aaaaaaaa43gu35rhrbtmirjlkxilrma3v5s2bqzhico4up6jvstnluiud3oa",
            "defined_tags": {
              "Oracle-Tags.CreatedBy": "default/jorge.e.torlaschi@accenture.com",
              "Oracle-Tags.CreatedOn": "2026-03-10T14:42:39.472Z"
            },
            "description": "Example policy which allows the o-p-om2-grp-admi-database-001 group users to manage databases in all the environments and projects.",
            "freeform_tags": {
              "ocilz-terraform-module": "iam-policies/0.3.3\n"
            },
            "id": "ocid1.policy.oc19..aaaaaaaa6mkjpk4romgxowgqgwkzobk67ysco6bdmkfwcfotk6uy5w6fcwlq",
            "inactive_state": null,
            "lastUpdateETag": "c1aec21394fc2c3c7c7ea8af0df3769667a84bd4",
            "name": "o-p-om2-pcy-edb-001",
            "policyHash": "135bfe713093193469f48d45db269945",
            "state": "ACTIVE",
            "statements": [
              "allow group 'o-p-om2-id-common-001'/'o-p-om2-grp-admi-database-001' to manage orm-stacks in compartment o-p-om2-cmp-land-001 where sets-intersect(target.resource.compartment.tag.o-p-om2-tagns-name-001.o-p-om2-tag-role-001, ('o-p-om2-tag-role-exadb-001'))",
              "allow group 'o-p-om2-id-common-001'/'o-p-om2-grp-admi-database-001' to manage orm-jobs in compartment o-p-om2-cmp-land-001 where sets-intersect(target.resource.compartment.tag.o-p-om2-tagns-name-001.o-p-om2-tag-role-001, ('o-p-om2-tag-role-exadb-001'))",
              "allow group 'o-p-om2-id-common-001'/'o-p-om2-grp-admi-database-001' to manage orm-config-source-providers in compartment o-p-om2-cmp-land-001 where sets-intersect(target.resource.compartment.tag.o-p-om2-tagns-name-001.o-p-om2-tag-role-001, ('o-p-om2-tag-role-exadb-001'))",
              "allow group 'o-p-om2-id-common-001'/'o-p-om2-grp-admi-database-001' to read audit-events in compartment o-p-om2-cmp-land-001 where sets-intersect(target.resource.compartment.tag.o-p-om2-tagns-name-001.o-p-om2-tag-role-001, ('o-p-om2-tag-role-exadb-001'))",
              "allow group 'o-p-om2-id-common-001'/'o-p-om2-grp-admi-database-001' to read work-requests in compartment o-p-om2-cmp-land-001 where sets-intersect(target.resource.compartment.tag.o-p-om2-tagns-name-001.o-p-om2-tag-role-001, ('o-p-om2-tag-role-exadb-001'))",
              "allow group 'o-p-om2-id-common-001'/'o-p-om2-grp-admi-database-001' to manage data-safe-family in compartment o-p-om2-cmp-land-001 where sets-intersect(target.resource.compartment.tag.o-p-om2-tagns-name-001.o-p-om2-tag-role-001, ('o-p-om2-tag-role-exadb-001'))",
              "allow group 'o-p-om2-id-common-001'/'o-p-om2-grp-admi-database-001' to manage cloudevents-rules in compartment o-p-om2-cmp-land-001 where sets-intersect(target.resource.compartment.tag.o-p-om2-tagns-name-001.o-p-om2-tag-role-001, ('o-p-om2-tag-role-exadb-001'))",
              "allow group 'o-p-om2-id-common-001'/'o-p-om2-grp-admi-database-001' to use cloud-exadata-infrastructures in compartment o-p-om2-cmp-land-001 where all{sets-intersect(target.resource.compartment.tag.o-p-om2-tagns-name-001.o-p-om2-tag-role-001, ('o-p-om2-tag-role-exadb-001')), request.operation != 'ChangeCloudExadataInfrastructureCompartment', request.operation != 'AddStorageCapacityCloudExadataInfrastructure'}",
              "allow group 'o-p-om2-id-common-001'/'o-p-om2-grp-admi-database-001' to use cloud-vmclusters in compartment o-p-om2-cmp-land-001 where all{sets-intersect(target.resource.compartment.tag.o-p-om2-tagns-name-001.o-p-om2-tag-role-001, ('o-p-om2-tag-role-exadb-001')), request.permission != 'CLOUD_VM_CLUSTER_UPDATE_SSH_KEY', request.permission != 'CLOUD_VM_CLUSTER_UPDATE_CPU', request.permission != 'CLOUD_VM_CLUSTER_UPDATE_MEMORY', request.permission !='CLOUD_VM_CLUSTER_UPDATE_LOCAL_STORAGE', request.permission != 'CLOUD_VM_CLUSTER_UPDATE_FILE_SYSTEM'}",
              "allow group 'o-p-om2-id-common-001'/'o-p-om2-grp-admi-database-001' to manage backups in compartment o-p-om2-cmp-land-001 where sets-intersect(target.resource.compartment.tag.o-p-om2-tagns-name-001.o-p-om2-tag-role-001, ('o-p-om2-tag-role-exadb-001'))",
              "allow group 'o-p-om2-id-common-001'/'o-p-om2-grp-admi-database-001' to manage database-software-image in compartment o-p-om2-cmp-land-001 where sets-intersect(target.resource.compartment.tag.o-p-om2-tagns-name-001.o-p-om2-tag-role-001, ('o-p-om2-tag-role-exadb-001'))",
              "allow group 'o-p-om2-id-common-001'/'o-p-om2-grp-admi-database-001' to manage db-homes in compartment o-p-om2-cmp-land-001 where sets-intersect(target.resource.compartment.tag.o-p-om2-tagns-name-001.o-p-om2-tag-role-001, ('o-p-om2-tag-role-exadb-001'))",
              "allow group 'o-p-om2-id-common-001'/'o-p-om2-grp-admi-database-001' to manage databases in compartment o-p-om2-cmp-land-001 where sets-intersect(target.resource.compartment.tag.o-p-om2-tagns-name-001.o-p-om2-tag-role-001, ('o-p-om2-tag-role-exadb-001'))",
              "allow group 'o-p-om2-id-common-001'/'o-p-om2-grp-admi-database-001' to manage pluggable-databases in compartment o-p-om2-cmp-land-001 where sets-intersect(target.resource.compartment.tag.o-p-om2-tagns-name-001.o-p-om2-tag-role-001, ('o-p-om2-tag-role-exadb-001'))",
              "allow group 'o-p-om2-id-common-001'/'o-p-om2-grp-admi-database-001' to manage autonomous-databases in compartment o-p-om2-cmp-land-001 where sets-intersect(target.resource.compartment.tag.o-p-om2-tagns-name-001.o-p-om2-tag-role-001, ('o-p-om2-tag-role-exadb-001'))",
              "allow group 'o-p-om2-id-common-001'/'o-p-om2-grp-admi-database-001' to manage autonomous-backups in compartment o-p-om2-cmp-land-001 where sets-intersect(target.resource.compartment.tag.o-p-om2-tagns-name-001.o-p-om2-tag-role-001, ('o-p-om2-tag-role-exadb-001'))",
              "allow group 'o-p-om2-id-common-001'/'o-p-om2-grp-admi-database-001' to manage autonomous-container-databases in compartment o-p-om2-cmp-land-001 where sets-intersect(target.resource.compartment.tag.o-p-om2-tagns-name-001.o-p-om2-tag-role-001, ('o-p-om2-tag-role-exadb-001'))",
              "allow group 'o-p-om2-id-common-001'/'o-p-om2-grp-admi-database-001' to read virtual-network-family in compartment o-p-om2-cmp-land-001 where sets-intersect(target.resource.compartment.tag.o-p-om2-tagns-name-001.o-p-om2-tag-role-001, ('o-p-om2-tag-role-network-001'))"
            ],
            "time_created": "2026-03-10 14:42:39.572 +0000 UTC",
            "timeouts": null,
            "version_date": null
          },
          "sensitive_attributes": [],
          "identity_schema_version": 0,
          "private": "eyJlMmJmYjczMC1lY2FhLTExZTYtOGY4OC0zNDM2M2JjN2M0YzAiOnsiY3JlYXRlIjoxMjAwMDAwMDAwMDAwLCJkZWxldGUiOjEyMDAwMDAwMDAwMDAsInVwZGF0ZSI6MTIwMDAwMDAwMDAwMH19",
          "dependencies": [
            "module.oci_lz_orchestrator.data.oci_identity_regions.these",
            "module.oci_lz_orchestrator.data.oci_identity_tenancy.this",
            "module.oci_lz_orchestrator.module.oci_lz_compartments.oci_identity_compartment.level_2",
            "module.oci_lz_orchestrator.module.oci_lz_compartments.oci_identity_compartment.level_3",
            "module.oci_lz_orchestrator.module.oci_lz_compartments.oci_identity_compartment.level_4",
            "module.oci_lz_orchestrator.module.oci_lz_compartments.oci_identity_compartment.level_5",
            "module.oci_lz_orchestrator.module.oci_lz_compartments.oci_identity_compartment.level_6",
            "module.oci_lz_orchestrator.module.oci_lz_compartments.oci_identity_compartment.these",
            "module.oci_lz_orchestrator.module.oci_lz_compartments.oci_identity_tag_default.these",
            "module.oci_lz_orchestrator.module.oci_lz_dynamic_groups.oci_identity_dynamic_group.these",
            "module.oci_lz_orchestrator.module.oci_lz_groups.data.oci_identity_users.these",
            "module.oci_lz_orchestrator.module.oci_lz_groups.oci_identity_group.these",
            "module.oci_lz_orchestrator.module.oci_lz_groups.oci_identity_user_group_membership.these",
            "module.oci_lz_orchestrator.module.oci_lz_policies.data.oci_identity_region_subscriptions.these",
            "module.oci_lz_orchestrator.module.oci_lz_policies.data.oci_identity_tenancy.this",
            "module.oci_lz_orchestrator.module.oci_lz_tags.data.oci_identity_tag.default_created_by",
            "module.oci_lz_orchestrator.module.oci_lz_tags.data.oci_identity_tag.default_created_on",
            "module.oci_lz_orchestrator.module.oci_lz_tags.data.oci_identity_tag_namespaces.oracle_default",
            "module.oci_lz_orchestrator.module.oci_lz_tags.oci_identity_tag.these",
            "module.oci_lz_orchestrator.module.oci_lz_tags.oci_identity_tag_default.these",
            "module.oci_lz_orchestrator.module.oci_lz_tags.oci_identity_tag_namespace.these"
          ]
        },
        {
          "index_key": "PCY-LZ-PLATFORM-EXACS-GENERIC-ADMIN-KEY",
          "schema_version": 0,
          "attributes": {
            "ETag": "73a5a93223b37a25c73aab08daf2a6be9f18431a",
            "compartment_id": "ocid1.tenancy.oc19..aaaaaaaa4ftkyx3ao73kndo3mbltj6gtbf27mxbgpu65a33ipgo2wqyj4zba",
            "defined_tags": {
              "Oracle-Tags.CreatedBy": "default/jorge.e.torlaschi@accenture.com",
              "Oracle-Tags.CreatedOn": "2026-03-10T14:42:39.378Z"
            },
            "description": "Policy which allows the groups o-p-om2-grp-admi-infra-001 and o-p-om2-grp-admi-database-001 to have shared privilegies in all exacs compartments",
            "freeform_tags": {
              "ocilz-terraform-module": "iam-policies/0.3.3\n"
            },
            "id": "ocid1.policy.oc19..aaaaaaaadzr3fb2ot5oxhthk3ns3kjeyitjob6qqq24wee2f2ofmejgqmjaa",
            "inactive_state": null,
            "lastUpdateETag": "73a5a93223b37a25c73aab08daf2a6be9f18431a",
            "name": "o-p-om2-pcy-eadm-001",
            "policyHash": "bc9a59bbf068eea96c5646a62e40e53d",
            "state": "ACTIVE",
            "statements": [
              "allow group 'o-p-om2-id-common-001'/'o-p-om2-grp-admi-infra-001','o-p-om2-id-common-001'/'o-p-om2-grp-admi-database-001' to use cloud-shell in tenancy",
              "allow group 'o-p-om2-id-common-001'/'o-p-om2-grp-admi-infra-001','o-p-om2-id-common-001'/'o-p-om2-grp-admi-database-001' to read compartments in tenancy",
              "allow group 'o-p-om2-id-common-001'/'o-p-om2-grp-admi-infra-001','o-p-om2-id-common-001'/'o-p-om2-grp-admi-database-001' to read all-resources in compartment o-p-om2-cmp-land-001 where sets-intersect(target.resource.compartment.tag.o-p-om2-tagns-name-001.o-p-om2-tag-role-001, ('o-p-om2-tag-role-exa-001'))",
              "allow group 'o-p-om2-id-common-001'/'o-p-om2-grp-admi-infra-001','o-p-om2-id-common-001'/'o-p-om2-grp-admi-database-001' to manage alarms in compartment o-p-om2-cmp-land-001 where sets-intersect(target.resource.compartment.tag.o-p-om2-tagns-name-001.o-p-om2-tag-role-001, ('o-p-om2-tag-role-exa-001'))",
              "allow group 'o-p-om2-id-common-001'/'o-p-om2-grp-admi-infra-001','o-p-om2-id-common-001'/'o-p-om2-grp-admi-database-001' to manage metrics in compartment o-p-om2-cmp-land-001 where sets-intersect(target.resource.compartment.tag.o-p-om2-tagns-name-001.o-p-om2-tag-role-001, ('o-p-om2-tag-role-exa-001'))",
              "allow group 'o-p-om2-id-common-001'/'o-p-om2-grp-admi-infra-001','o-p-om2-id-common-001'/'o-p-om2-grp-admi-database-001' to read audit-events in compartment o-p-om2-cmp-land-001 where sets-intersect(target.resource.compartment.tag.o-p-om2-tagns-name-001.o-p-om2-tag-role-001, ('o-p-om2-tag-role-exa-001'))",
              "allow group 'o-p-om2-id-common-001'/'o-p-om2-grp-admi-infra-001','o-p-om2-id-common-001'/'o-p-om2-grp-admi-database-001' to read work-requests in compartment o-p-om2-cmp-land-001 where sets-intersect(target.resource.compartment.tag.o-p-om2-tagns-name-001.o-p-om2-tag-role-001, ('o-p-om2-tag-role-exa-001'))",
              "allow group 'o-p-om2-id-common-001'/'o-p-om2-grp-admi-infra-001','o-p-om2-id-common-001'/'o-p-om2-grp-admi-database-001' to manage cloudevents-rules in compartment o-p-om2-cmp-land-001 where sets-intersect(target.resource.compartment.tag.o-p-om2-tagns-name-001.o-p-om2-tag-role-001, ('o-p-om2-tag-role-exa-001'))",
              "allow group 'o-p-om2-id-common-001'/'o-p-om2-grp-admi-infra-001','o-p-om2-id-common-001'/'o-p-om2-grp-admi-database-001' to manage ons-family in compartment o-p-om2-cmp-land-001 where sets-intersect(target.resource.compartment.tag.o-p-om2-tagns-name-001.o-p-om2-tag-role-001, ('o-p-om2-tag-role-exa-001'))",
              "allow group 'o-p-om2-id-common-001'/'o-p-om2-grp-admi-infra-001','o-p-om2-id-common-001'/'o-p-om2-grp-admi-database-001' to manage alarms in compartment o-p-om2-cmp-land-001 where sets-intersect(target.resource.compartment.tag.o-p-om2-tagns-name-001.o-p-om2-tag-role-001, ('o-p-om2-tag-role-exa-001'))",
              "allow group 'o-p-om2-id-common-001'/'o-p-om2-grp-admi-infra-001','o-p-om2-id-common-001'/'o-p-om2-grp-admi-database-001' to manage metrics in compartment o-p-om2-cmp-land-001 where sets-intersect(target.resource.compartment.tag.o-p-om2-tagns-name-001.o-p-om2-tag-role-001, ('o-p-om2-tag-role-exa-001'))"
            ],
            "time_created": "2026-03-10 14:42:39.396 +0000 UTC",
            "timeouts": null,
            "version_date": null
          },
          "sensitive_attributes": [],
          "identity_schema_version": 0,
          "private": "eyJlMmJmYjczMC1lY2FhLTExZTYtOGY4OC0zNDM2M2JjN2M0YzAiOnsiY3JlYXRlIjoxMjAwMDAwMDAwMDAwLCJkZWxldGUiOjEyMDAwMDAwMDAwMDAsInVwZGF0ZSI6MTIwMDAwMDAwMDAwMH19",
          "dependencies": [
            "module.oci_lz_orchestrator.data.oci_identity_regions.these",
            "module.oci_lz_orchestrator.data.oci_identity_tenancy.this",
            "module.oci_lz_orchestrator.module.oci_lz_compartments.oci_identity_compartment.level_2",
            "module.oci_lz_orchestrator.module.oci_lz_compartments.oci_identity_compartment.level_3",
            "module.oci_lz_orchestrator.module.oci_lz_compartments.oci_identity_compartment.level_4",
            "module.oci_lz_orchestrator.module.oci_lz_compartments.oci_identity_compartment.level_5",
            "module.oci_lz_orchestrator.module.oci_lz_compartments.oci_identity_compartment.level_6",
            "module.oci_lz_orchestrator.module.oci_lz_compartments.oci_identity_compartment.these",
            "module.oci_lz_orchestrator.module.oci_lz_compartments.oci_identity_tag_default.these",
            "module.oci_lz_orchestrator.module.oci_lz_dynamic_groups.oci_identity_dynamic_group.these",
            "module.oci_lz_orchestrator.module.oci_lz_groups.data.oci_identity_users.these",
            "module.oci_lz_orchestrator.module.oci_lz_groups.oci_identity_group.these",
            "module.oci_lz_orchestrator.module.oci_lz_groups.oci_identity_user_group_membership.these",
            "module.oci_lz_orchestrator.module.oci_lz_policies.data.oci_identity_region_subscriptions.these",
            "module.oci_lz_orchestrator.module.oci_lz_policies.data.oci_identity_tenancy.this",
            "module.oci_lz_orchestrator.module.oci_lz_tags.data.oci_identity_tag.default_created_by",
            "module.oci_lz_orchestrator.module.oci_lz_tags.data.oci_identity_tag.default_created_on",
            "module.oci_lz_orchestrator.module.oci_lz_tags.data.oci_identity_tag_namespaces.oracle_default",
            "module.oci_lz_orchestrator.module.oci_lz_tags.oci_identity_tag.these",
            "module.oci_lz_orchestrator.module.oci_lz_tags.oci_identity_tag_default.these",
            "module.oci_lz_orchestrator.module.oci_lz_tags.oci_identity_tag_namespace.these"
          ]
        },
        {
          "index_key": "PCY-LZ-PLATFORM-EXACS-INFRA-ADMIN-KEY",
          "schema_version": 0,
          "attributes": {
            "ETag": "2c0794748d521707b48b856225331326a8b6fe6c",
            "compartment_id": "ocid1.compartment.oc19..aaaaaaaa43gu35rhrbtmirjlkxilrma3v5s2bqzhico4up6jvstnluiud3oa",
            "defined_tags": {
              "Oracle-Tags.CreatedBy": "default/jorge.e.torlaschi@accenture.com",
              "Oracle-Tags.CreatedOn": "2026-03-10T14:42:39.193Z"
            },
            "description": "Example policy which allows the o-p-om2-grp-admi-infra-001 group users to manage the DB infra in all the environments and projects.",
            "freeform_tags": {
              "ocilz-terraform-module": "iam-policies/0.3.3\n"
            },
            "id": "ocid1.policy.oc19..aaaaaaaatvfyywb5ed64yslueu4wlpur4xnc2orplqrljaxsvwsatlszhqjq",
            "inactive_state": null,
            "lastUpdateETag": "2c0794748d521707b48b856225331326a8b6fe6c",
            "name": "o-p-om2-pcy-einf-001",
            "policyHash": "71f96ec712511f129190d8ae706da976",
            "state": "ACTIVE",
            "statements": [
              "allow group 'o-p-om2-id-common-001'/'o-p-om2-grp-admi-infra-001' to manage cloud-exadata-infrastructures in compartment o-p-om2-cmp-land-001 where sets-intersect(target.resource.compartment.tag.o-p-om2-tagns-name-001.o-p-om2-tag-role-001, ('o-p-om2-tag-role-exainfra-001'))",
              "allow group 'o-p-om2-id-common-001'/'o-p-om2-grp-admi-infra-001' to manage scheduling-policies in compartment o-p-om2-cmp-land-001 where sets-intersect(target.resource.compartment.tag.o-p-om2-tagns-name-001.o-p-om2-tag-role-001, ('o-p-om2-tag-role-exainfra-001'))",
              "allow group 'o-p-om2-id-common-001'/'o-p-om2-grp-admi-infra-001' to manage scheduling-windows in compartment o-p-om2-cmp-land-001 where sets-intersect(target.resource.compartment.tag.o-p-om2-tagns-name-001.o-p-om2-tag-role-001, ('o-p-om2-tag-role-exainfra-001'))",
              "allow group 'o-p-om2-id-common-001'/'o-p-om2-grp-admi-infra-001' to manage execution-windows in compartment o-p-om2-cmp-land-001 where sets-intersect(target.resource.compartment.tag.o-p-om2-tagns-name-001.o-p-om2-tag-role-001, ('o-p-om2-tag-role-exainfra-001'))",
              "allow group 'o-p-om2-id-common-001'/'o-p-om2-grp-admi-infra-001' to manage orm-stacks in compartment o-p-om2-cmp-land-001 where sets-intersect(target.resource.compartment.tag.o-p-om2-tagns-name-001.o-p-om2-tag-role-001, ('o-p-om2-tag-role-exainfra-001'))",
              "allow group 'o-p-om2-id-common-001'/'o-p-om2-grp-admi-infra-001' to manage orm-jobs in compartment o-p-om2-cmp-land-001 where sets-intersect(target.resource.compartment.tag.o-p-om2-tagns-name-001.o-p-om2-tag-role-001, ('o-p-om2-tag-role-exainfra-001'))",
              "allow group 'o-p-om2-id-common-001'/'o-p-om2-grp-admi-infra-001' to manage orm-config-source-providers in compartment o-p-om2-cmp-land-001 where sets-intersect(target.resource.compartment.tag.o-p-om2-tagns-name-001.o-p-om2-tag-role-001, ('o-p-om2-tag-role-exainfra-001'))",
              "allow group 'o-p-om2-id-common-001'/'o-p-om2-grp-admi-infra-001' to read audit-events in compartment o-p-om2-cmp-land-001 where sets-intersect(target.resource.compartment.tag.o-p-om2-tagns-name-001.o-p-om2-tag-role-001, ('o-p-om2-tag-role-exainfra-001'))",
              "allow group 'o-p-om2-id-common-001'/'o-p-om2-grp-admi-infra-001' to read work-requests in compartment o-p-om2-cmp-land-001 where sets-intersect(target.resource.compartment.tag.o-p-om2-tagns-name-001.o-p-om2-tag-role-001, ('o-p-om2-tag-role-exainfra-001'))",
              "allow group 'o-p-om2-id-common-001'/'o-p-om2-grp-admi-infra-001' to manage cloudevents-rules in compartment o-p-om2-cmp-land-001 where sets-intersect(target.resource.compartment.tag.o-p-om2-tagns-name-001.o-p-om2-tag-role-001, ('o-p-om2-tag-role-exainfra-001'))",
              "allow group 'o-p-om2-id-common-001'/'o-p-om2-grp-admi-infra-001' to manage cloud-vmclusters in compartment o-p-om2-cmp-land-001 where all{sets-intersect(target.resource.compartment.tag.o-p-om2-tagns-name-001.o-p-om2-tag-role-001, ('o-p-om2-tag-role-exainfra-001')), request.permission != 'CLOUD_VM_CLUSTER_UPDATE_GI_SOFTWARE', request.permission != 'CLOUD_VM_CLUSTER_UPDATE_EXADATA_STORAGE'}",
              "allow group 'o-p-om2-id-common-001'/'o-p-om2-grp-admi-infra-001' to use dbServers in compartment o-p-om2-cmp-land-001 where sets-intersect(target.resource.compartment.tag.o-p-om2-tagns-name-001.o-p-om2-tag-role-001, ('o-p-om2-tag-role-exainfra-001'))",
              "allow group 'o-p-om2-id-common-001'/'o-p-om2-grp-admi-infra-001' to manage dbnode-console-connection in compartment o-p-om2-cmp-land-001 where sets-intersect(target.resource.compartment.tag.o-p-om2-tagns-name-001.o-p-om2-tag-role-001, ('o-p-om2-tag-role-exainfra-001'))",
              "allow group 'o-p-om2-id-common-001'/'o-p-om2-grp-admi-infra-001' to manage dbnode-console-history in compartment o-p-om2-cmp-land-001 where sets-intersect(target.resource.compartment.tag.o-p-om2-tagns-name-001.o-p-om2-tag-role-001, ('o-p-om2-tag-role-exainfra-001'))",
              "allow group 'o-p-om2-id-common-001'/'o-p-om2-grp-admi-infra-001' to manage cloud-autonomous-vmclusters in compartment o-p-om2-cmp-land-001 where sets-intersect(target.resource.compartment.tag.o-p-om2-tagns-name-001.o-p-om2-tag-role-001, ('o-p-om2-tag-role-exainfra-001'))",
              "allow group 'o-p-om2-id-common-001'/'o-p-om2-grp-admi-infra-001' to use subnets in compartment o-p-om2-cmp-land-001  where sets-intersect(target.resource.compartment.tag.o-p-om2-tagns-name-001.o-p-om2-tag-role-001, ('o-p-om2-tag-role-network-001'))",
              "allow group 'o-p-om2-id-common-001'/'o-p-om2-grp-admi-infra-001' to use vnics in compartment o-p-om2-cmp-land-001 where sets-intersect(target.resource.compartment.tag.o-p-om2-tagns-name-001.o-p-om2-tag-role-001, ('o-p-om2-tag-role-network-001'))",
              "allow group 'o-p-om2-id-common-001'/'o-p-om2-grp-admi-infra-001' to manage db-nodes in compartment o-p-om2-cmp-land-001 where sets-intersect(target.resource.compartment.tag.o-p-om2-tagns-name-001.o-p-om2-tag-role-001, ('o-p-om2-tag-role-exainfra-001'))",
              "allow group 'o-p-om2-id-common-001'/'o-p-om2-grp-admi-infra-001' to use database-software-images in compartment o-p-om2-cmp-land-001 where sets-intersect(target.resource.compartment.tag.o-p-om2-tagns-name-001.o-p-om2-tag-role-001, ('o-p-om2-tag-role-network-001'))"
            ],
            "time_created": "2026-03-10 14:42:39.209 +0000 UTC",
            "timeouts": null,
            "version_date": null
          },
          "sensitive_attributes": [],
          "identity_schema_version": 0,
          "private": "eyJlMmJmYjczMC1lY2FhLTExZTYtOGY4OC0zNDM2M2JjN2M0YzAiOnsiY3JlYXRlIjoxMjAwMDAwMDAwMDAwLCJkZWxldGUiOjEyMDAwMDAwMDAwMDAsInVwZGF0ZSI6MTIwMDAwMDAwMDAwMH19",
          "dependencies": [
            "module.oci_lz_orchestrator.data.oci_identity_regions.these",
            "module.oci_lz_orchestrator.data.oci_identity_tenancy.this",
            "module.oci_lz_orchestrator.module.oci_lz_compartments.oci_identity_compartment.level_2",
            "module.oci_lz_orchestrator.module.oci_lz_compartments.oci_identity_compartment.level_3",
            "module.oci_lz_orchestrator.module.oci_lz_compartments.oci_identity_compartment.level_4",
            "module.oci_lz_orchestrator.module.oci_lz_compartments.oci_identity_compartment.level_5",
            "module.oci_lz_orchestrator.module.oci_lz_compartments.oci_identity_compartment.level_6",
            "module.oci_lz_orchestrator.module.oci_lz_compartments.oci_identity_compartment.these",
            "module.oci_lz_orchestrator.module.oci_lz_compartments.oci_identity_tag_default.these",
            "module.oci_lz_orchestrator.module.oci_lz_dynamic_groups.oci_identity_dynamic_group.these",
            "module.oci_lz_orchestrator.module.oci_lz_groups.data.oci_identity_users.these",
            "module.oci_lz_orchestrator.module.oci_lz_groups.oci_identity_group.these",
            "module.oci_lz_orchestrator.module.oci_lz_groups.oci_identity_user_group_membership.these",
            "module.oci_lz_orchestrator.module.oci_lz_policies.data.oci_identity_region_subscriptions.these",
            "module.oci_lz_orchestrator.module.oci_lz_policies.data.oci_identity_tenancy.this",
            "module.oci_lz_orchestrator.module.oci_lz_tags.data.oci_identity_tag.default_created_by",
            "module.oci_lz_orchestrator.module.oci_lz_tags.data.oci_identity_tag.default_created_on",
            "module.oci_lz_orchestrator.module.oci_lz_tags.data.oci_identity_tag_namespaces.oracle_default",
            "module.oci_lz_orchestrator.module.oci_lz_tags.oci_identity_tag.these",
            "module.oci_lz_orchestrator.module.oci_lz_tags.oci_identity_tag_default.these",
            "module.oci_lz_orchestrator.module.oci_lz_tags.oci_identity_tag_namespace.these"
          ]
        },
        {
          "index_key": "PCY-NETWORK-ADMIN-KEY",
          "schema_version": 0,
          "attributes": {
            "ETag": "c6a3687a1c78ed28e18498c5a413453166cfc752",
            "compartment_id": "ocid1.compartment.oc19..aaaaaaaa43gu35rhrbtmirjlkxilrma3v5s2bqzhico4up6jvstnluiud3oa",
            "defined_tags": {
              "Oracle-Tags.CreatedBy": "default/jorge.e.torlaschi@accenture.com",
              "Oracle-Tags.CreatedOn": "2026-03-10T14:42:39.469Z"
            },
            "description": "Allow o-p-om2-grp-neta-001 group users to manage all network resources in the child compartments of o-p-om2-cmp-001 with the matching tags.",
            "freeform_tags": {
              "ocilz-terraform-module": "iam-policies/0.3.3\n"
            },
            "id": "ocid1.policy.oc19..aaaaaaaau7hj5voz2en3kpe4yqdsydyxy2s6ocdxlptsup3vwugugvdvunva",
            "inactive_state": null,
            "lastUpdateETag": "c6a3687a1c78ed28e18498c5a413453166cfc752",
            "name": "o-p-om2-pcy-nadm-001",
            "policyHash": "8d463b4db6bc68cf67df5fe819ddddf7",
            "state": "ACTIVE",
            "statements": [
              "allow group 'o-p-om2-id-common-001'/'o-p-om2-grp-neta-001' to read all-resources in compartment o-p-om2-cmp-land-001 where sets-intersect(target.resource.compartment.tag.o-p-om2-tagns-name-001.o-p-om2-tag-role-001, ('o-p-om2-tag-role-network-001'))",
              "allow group 'o-p-om2-id-common-001'/'o-p-om2-grp-neta-001' to manage virtual-network-family in compartment o-p-om2-cmp-land-001 where sets-intersect(target.resource.compartment.tag.o-p-om2-tagns-name-001.o-p-om2-tag-role-001, ('o-p-om2-tag-role-network-001'))",
              "allow group 'o-p-om2-id-common-001'/'o-p-om2-grp-neta-001' to manage dns in compartment o-p-om2-cmp-land-001 where sets-intersect(target.resource.compartment.tag.o-p-om2-tagns-name-001.o-p-om2-tag-role-001, ('o-p-om2-tag-role-network-001'))",
              "allow group 'o-p-om2-id-common-001'/'o-p-om2-grp-neta-001' to manage load-balancers in compartment o-p-om2-cmp-land-001 where sets-intersect(target.resource.compartment.tag.o-p-om2-tagns-name-001.o-p-om2-tag-role-001, ('o-p-om2-tag-role-network-001'))",
              "allow group 'o-p-om2-id-common-001'/'o-p-om2-grp-neta-001' to manage alarms in compartment o-p-om2-cmp-land-001 where sets-intersect(target.resource.compartment.tag.o-p-om2-tagns-name-001.o-p-om2-tag-role-001, ('o-p-om2-tag-role-network-001'))",
              "allow group 'o-p-om2-id-common-001'/'o-p-om2-grp-neta-001' to manage metrics in compartment o-p-om2-cmp-land-001 where sets-intersect(target.resource.compartment.tag.o-p-om2-tagns-name-001.o-p-om2-tag-role-001, ('o-p-om2-tag-role-network-001'))",
              "allow group 'o-p-om2-id-common-001'/'o-p-om2-grp-neta-001' to manage orm-stacks in compartment o-p-om2-cmp-land-001 where sets-intersect(target.resource.compartment.tag.o-p-om2-tagns-name-001.o-p-om2-tag-role-001, ('o-p-om2-tag-role-network-001'))",
              "allow group 'o-p-om2-id-common-001'/'o-p-om2-grp-neta-001' to manage orm-jobs in compartment o-p-om2-cmp-land-001 where sets-intersect(target.resource.compartment.tag.o-p-om2-tagns-name-001.o-p-om2-tag-role-001, ('o-p-om2-tag-role-network-001'))",
              "allow group 'o-p-om2-id-common-001'/'o-p-om2-grp-neta-001' to manage orm-config-source-providers in compartment o-p-om2-cmp-land-001 where sets-intersect(target.resource.compartment.tag.o-p-om2-tagns-name-001.o-p-om2-tag-role-001, ('o-p-om2-tag-role-network-001'))",
              "allow group 'o-p-om2-id-common-001'/'o-p-om2-grp-neta-001' to read audit-events in compartment o-p-om2-cmp-land-001 where sets-intersect(target.resource.compartment.tag.o-p-om2-tagns-name-001.o-p-om2-tag-role-001, ('o-p-om2-tag-role-network-001'))",
              "allow group 'o-p-om2-id-common-001'/'o-p-om2-grp-neta-001' to read work-requests in compartment o-p-om2-cmp-land-001 where sets-intersect(target.resource.compartment.tag.o-p-om2-tagns-name-001.o-p-om2-tag-role-001, ('o-p-om2-tag-role-network-001'))",
              "allow group 'o-p-om2-id-common-001'/'o-p-om2-grp-neta-001' to manage instance-family in compartment o-p-om2-cmp-land-001 where sets-intersect(target.resource.compartment.tag.o-p-om2-tagns-name-001.o-p-om2-tag-role-001, ('o-p-om2-tag-role-network-001'))",
              "allow group 'o-p-om2-id-common-001'/'o-p-om2-grp-neta-001' to manage volume-family in compartment o-p-om2-cmp-land-001 where all{sets-intersect(target.resource.compartment.tag.o-p-om2-tagns-name-001.o-p-om2-tag-role-001, ('o-p-om2-tag-role-network-001')), request.permission != 'VOLUME_BACKUP_DELETE', request.permission != 'VOLUME_DELETE', request.permission != 'BOOT_VOLUME_BACKUP_DELETE'}",
              "allow group 'o-p-om2-id-common-001'/'o-p-om2-grp-neta-001' to manage object-family in compartment o-p-om2-cmp-land-001 where all{sets-intersect(target.resource.compartment.tag.o-p-om2-tagns-name-001.o-p-om2-tag-role-001, ('o-p-om2-tag-role-network-001')), request.permission != 'OBJECT_DELETE', request.permission != 'BUCKET_DELETE'}",
              "allow group 'o-p-om2-id-common-001'/'o-p-om2-grp-neta-001' to manage file-family in compartment o-p-om2-cmp-land-001 where all{sets-intersect(target.resource.compartment.tag.o-p-om2-tagns-name-001.o-p-om2-tag-role-001, ('o-p-om2-tag-role-network-001')), request.permission != 'FILE_SYSTEM_DELETE', request.permission != 'MOUNT_TARGET_DELETE', request.permission != 'EXPORT_SET_DELETE', request.permission != 'FILE_SYSTEM_DELETE_SNAPSHOT', request.permission != 'FILE_SYSTEM_NFSv3_UNEXPORT'}",
              "allow group 'o-p-om2-id-common-001'/'o-p-om2-grp-neta-001' to manage bastion-session in compartment o-p-om2-cmp-land-001 where sets-intersect(target.resource.compartment.tag.o-p-om2-tagns-name-001.o-p-om2-tag-role-001, ('o-p-om2-tag-role-network-001'))",
              "allow group 'o-p-om2-id-common-001'/'o-p-om2-grp-neta-001' to manage cloudevents-rules in compartment o-p-om2-cmp-land-001 where sets-intersect(target.resource.compartment.tag.o-p-om2-tagns-name-001.o-p-om2-tag-role-001, ('o-p-om2-tag-role-network-001'))",
              "allow group 'o-p-om2-id-common-001'/'o-p-om2-grp-neta-001' to read instance-agent-plugins in compartment o-p-om2-cmp-land-001 where sets-intersect(target.resource.compartment.tag.o-p-om2-tagns-name-001.o-p-om2-tag-role-001, ('o-p-om2-tag-role-network-001'))",
              "allow group 'o-p-om2-id-common-001'/'o-p-om2-grp-neta-001' to manage keys in compartment o-p-om2-cmp-land-001 where sets-intersect(target.resource.compartment.tag.o-p-om2-tagns-name-001.o-p-om2-tag-role-001, ('o-p-om2-tag-role-network-001'))",
              "allow group 'o-p-om2-id-common-001'/'o-p-om2-grp-neta-001' to use key-delegate in compartment o-p-om2-cmp-land-001 where sets-intersect(target.resource.compartment.tag.o-p-om2-tagns-name-001.o-p-om2-tag-role-001, ('o-p-om2-tag-role-network-001'))",
              "allow group 'o-p-om2-id-common-001'/'o-p-om2-grp-neta-001' to manage secret-family in compartment o-p-om2-cmp-land-001 where sets-intersect(target.resource.compartment.tag.o-p-om2-tagns-name-001.o-p-om2-tag-role-001, ('o-p-om2-tag-role-network-001'))",
              "allow group 'o-p-om2-id-common-001'/'o-p-om2-grp-neta-001' to manage repos in compartment o-p-om2-cmp-land-001 where sets-intersect(target.resource.compartment.tag.o-p-om2-tagns-name-001.o-p-om2-tag-role-001, ('o-p-om2-tag-role-network-001'))",
              "allow group 'o-p-om2-id-common-001'/'o-p-om2-grp-neta-001' to read vss-family in compartment o-p-om2-cmp-land-001 where sets-intersect(target.resource.compartment.tag.o-p-om2-tagns-name-001.o-p-om2-tag-role-001, ('o-p-om2-tag-role-network-001'))",
              "allow group 'o-p-om2-id-common-001'/'o-p-om2-grp-neta-001' to read ons-topics in compartment o-p-om2-cmp-land-001 where sets-intersect(target.resource.compartment.tag.o-p-om2-tagns-name-001.o-p-om2-tag-role-001, ('o-p-om2-tag-role-security-001'))",
              "allow group 'o-p-om2-id-common-001'/'o-p-om2-grp-neta-001' to use bastion in compartment o-p-om2-cmp-land-001 where sets-intersect(target.resource.compartment.tag.o-p-om2-tagns-name-001.o-p-om2-tag-role-001, ('o-p-om2-tag-role-security-001'))",
              "allow group 'o-p-om2-id-common-001'/'o-p-om2-grp-neta-001' to use bastion-session in compartment o-p-om2-cmp-land-001 where sets-intersect(target.resource.compartment.tag.o-p-om2-tagns-name-001.o-p-om2-tag-role-001, ('o-p-om2-tag-role-security-001'))",
              "allow group 'o-p-om2-id-common-001'/'o-p-om2-grp-neta-001' to use vaults in compartment o-p-om2-cmp-land-001 where sets-intersect(target.resource.compartment.tag.o-p-om2-tagns-name-001.o-p-om2-tag-role-001, ('o-p-om2-tag-role-security-001'))",
              "allow group 'o-p-om2-id-common-001'/'o-p-om2-grp-neta-001' to read logging-family in compartment o-p-om2-cmp-land-001 where sets-intersect(target.resource.compartment.tag.o-p-om2-tagns-name-001.o-p-om2-tag-role-001, ('o-p-om2-tag-role-security-001'))"
            ],
            "time_created": "2026-03-10 14:42:39.668 +0000 UTC",
            "timeouts": null,
            "version_date": null
          },
          "sensitive_attributes": [],
          "identity_schema_version": 0,
          "private": "eyJlMmJmYjczMC1lY2FhLTExZTYtOGY4OC0zNDM2M2JjN2M0YzAiOnsiY3JlYXRlIjoxMjAwMDAwMDAwMDAwLCJkZWxldGUiOjEyMDAwMDAwMDAwMDAsInVwZGF0ZSI6MTIwMDAwMDAwMDAwMH19",
          "dependencies": [
            "module.oci_lz_orchestrator.data.oci_identity_regions.these",
            "module.oci_lz_orchestrator.data.oci_identity_tenancy.this",
            "module.oci_lz_orchestrator.module.oci_lz_compartments.oci_identity_compartment.level_2",
            "module.oci_lz_orchestrator.module.oci_lz_compartments.oci_identity_compartment.level_3",
            "module.oci_lz_orchestrator.module.oci_lz_compartments.oci_identity_compartment.level_4",
            "module.oci_lz_orchestrator.module.oci_lz_compartments.oci_identity_compartment.level_5",
            "module.oci_lz_orchestrator.module.oci_lz_compartments.oci_identity_compartment.level_6",
            "module.oci_lz_orchestrator.module.oci_lz_compartments.oci_identity_compartment.these",
            "module.oci_lz_orchestrator.module.oci_lz_compartments.oci_identity_tag_default.these",
            "module.oci_lz_orchestrator.module.oci_lz_dynamic_groups.oci_identity_dynamic_group.these",
            "module.oci_lz_orchestrator.module.oci_lz_groups.data.oci_identity_users.these",
            "module.oci_lz_orchestrator.module.oci_lz_groups.oci_identity_group.these",
            "module.oci_lz_orchestrator.module.oci_lz_groups.oci_identity_user_group_membership.these",
            "module.oci_lz_orchestrator.module.oci_lz_policies.data.oci_identity_region_subscriptions.these",
            "module.oci_lz_orchestrator.module.oci_lz_policies.data.oci_identity_tenancy.this",
            "module.oci_lz_orchestrator.module.oci_lz_tags.data.oci_identity_tag.default_created_by",
            "module.oci_lz_orchestrator.module.oci_lz_tags.data.oci_identity_tag.default_created_on",
            "module.oci_lz_orchestrator.module.oci_lz_tags.data.oci_identity_tag_namespaces.oracle_default",
            "module.oci_lz_orchestrator.module.oci_lz_tags.oci_identity_tag.these",
            "module.oci_lz_orchestrator.module.oci_lz_tags.oci_identity_tag_default.these",
            "module.oci_lz_orchestrator.module.oci_lz_tags.oci_identity_tag_namespace.these"
          ]
        },
        {
          "index_key": "PCY-SECURITY-ADMIN-KEY",
          "schema_version": 0,
          "attributes": {
            "ETag": "c353c1a633fa75e38b00bc8ffb0c336634866c2d",
            "compartment_id": "ocid1.compartment.oc19..aaaaaaaa43gu35rhrbtmirjlkxilrma3v5s2bqzhico4up6jvstnluiud3oa",
            "defined_tags": {
              "Oracle-Tags.CreatedBy": "default/jorge.e.torlaschi@accenture.com",
              "Oracle-Tags.CreatedOn": "2026-03-10T14:42:39.324Z"
            },
            "description": "Allow o-p-om2-grp-admi-security-001 group users to manage all security resources in the child compartments of o-p-om2-cmp-001 with the matching tags.",
            "freeform_tags": {
              "ocilz-terraform-module": "iam-policies/0.3.3\n"
            },
            "id": "ocid1.policy.oc19..aaaaaaaadw4yg722zptouzynqhvixgzor4elnceb3s2ezpgj3cpffgvafcsq",
            "inactive_state": null,
            "lastUpdateETag": "c353c1a633fa75e38b00bc8ffb0c336634866c2d",
            "name": "o-p-om2-pcy-secua-001",
            "policyHash": "34c8e4a8891d797b453fd4c21cc6fdf1",
            "state": "ACTIVE",
            "statements": [
              "allow group 'o-p-om2-id-common-001'/'o-p-om2-grp-admi-security-001' to manage tag-namespaces in compartment o-p-om2-cmp-land-001 where sets-intersect(target.resource.compartment.tag.o-p-om2-tagns-name-001.o-p-om2-tag-role-001, ('o-p-om2-tag-role-security-001'))",
              "allow group 'o-p-om2-id-common-001'/'o-p-om2-grp-admi-security-001' to manage tag-defaults in compartment o-p-om2-cmp-land-001 where sets-intersect(target.resource.compartment.tag.o-p-om2-tagns-name-001.o-p-om2-tag-role-001, ('o-p-om2-tag-role-security-001'))",
              "allow group 'o-p-om2-id-common-001'/'o-p-om2-grp-admi-security-001' to manage repos in compartment o-p-om2-cmp-land-001 where sets-intersect(target.resource.compartment.tag.o-p-om2-tagns-name-001.o-p-om2-tag-role-001, ('o-p-om2-tag-role-security-001'))",
              "allow group 'o-p-om2-id-common-001'/'o-p-om2-grp-admi-security-001' to read audit-events in compartment o-p-om2-cmp-land-001 where sets-intersect(target.resource.compartment.tag.o-p-om2-tagns-name-001.o-p-om2-tag-role-001, ('o-p-om2-tag-role-security-001'))",
              "allow group 'o-p-om2-id-common-001'/'o-p-om2-grp-admi-security-001' to read app-catalog-listing in compartment o-p-om2-cmp-land-001 where sets-intersect(target.resource.compartment.tag.o-p-om2-tagns-name-001.o-p-om2-tag-role-001, ('o-p-om2-tag-role-security-001'))",
              "allow group 'o-p-om2-id-common-001'/'o-p-om2-grp-admi-security-001' to read instance-images in compartment o-p-om2-cmp-land-001 where sets-intersect(target.resource.compartment.tag.o-p-om2-tagns-name-001.o-p-om2-tag-role-001, ('o-p-om2-tag-role-security-001'))",
              "allow group 'o-p-om2-id-common-001'/'o-p-om2-grp-admi-security-001' to inspect buckets in compartment o-p-om2-cmp-land-001 where sets-intersect(target.resource.compartment.tag.o-p-om2-tagns-name-001.o-p-om2-tag-role-001, ('o-p-om2-tag-role-security-001'))",
              "allow group 'o-p-om2-id-common-001'/'o-p-om2-grp-admi-security-001' to read all-resources in compartment o-p-om2-cmp-land-001 where sets-intersect(target.resource.compartment.tag.o-p-om2-tagns-name-001.o-p-om2-tag-role-001, ('o-p-om2-tag-role-security-001'))",
              "allow group 'o-p-om2-id-common-001'/'o-p-om2-grp-admi-security-001' to manage instance-family in compartment o-p-om2-cmp-land-001 where sets-intersect(target.resource.compartment.tag.o-p-om2-tagns-name-001.o-p-om2-tag-role-001, ('o-p-om2-tag-role-security-001'))",
              "allow group 'o-p-om2-id-common-001'/'o-p-om2-grp-admi-security-001' to manage volume-family in compartment o-p-om2-cmp-land-001 where all{sets-intersect(target.resource.compartment.tag.o-p-om2-tagns-name-001.o-p-om2-tag-role-001, ('o-p-om2-tag-role-security-001')), request.permission != 'VOLUME_BACKUP_DELETE', request.permission != 'VOLUME_DELETE', request.permission != 'BOOT_VOLUME_BACKUP_DELETE'}",
              "allow group 'o-p-om2-id-common-001'/'o-p-om2-grp-admi-security-001' to manage object-family in compartment o-p-om2-cmp-land-001 where all{sets-intersect(target.resource.compartment.tag.o-p-om2-tagns-name-001.o-p-om2-tag-role-001, ('o-p-om2-tag-role-security-001')), request.permission != 'OBJECT_DELETE', request.permission != 'BUCKET_DELETE'}",
              "allow group 'o-p-om2-id-common-001'/'o-p-om2-grp-admi-security-001' to manage file-family in compartment o-p-om2-cmp-land-001 where all{sets-intersect(target.resource.compartment.tag.o-p-om2-tagns-name-001.o-p-om2-tag-role-001, ('o-p-om2-tag-role-security-001')), request.permission != 'FILE_SYSTEM_DELETE', request.permission != 'MOUNT_TARGET_DELETE', request.permission != 'EXPORT_SET_DELETE', request.permission != 'FILE_SYSTEM_DELETE_SNAPSHOT', request.permission != 'FILE_SYSTEM_NFSv3_UNEXPORT'}",
              "allow group 'o-p-om2-id-common-001'/'o-p-om2-grp-admi-security-001' to manage vaults in compartment o-p-om2-cmp-land-001 where sets-intersect(target.resource.compartment.tag.o-p-om2-tagns-name-001.o-p-om2-tag-role-001, ('o-p-om2-tag-role-security-001'))",
              "allow group 'o-p-om2-id-common-001'/'o-p-om2-grp-admi-security-001' to manage keys in compartment o-p-om2-cmp-land-001 where sets-intersect(target.resource.compartment.tag.o-p-om2-tagns-name-001.o-p-om2-tag-role-001, ('o-p-om2-tag-role-security-001'))",
              "allow group 'o-p-om2-id-common-001'/'o-p-om2-grp-admi-security-001' to manage secret-family in compartment o-p-om2-cmp-land-001 where sets-intersect(target.resource.compartment.tag.o-p-om2-tagns-name-001.o-p-om2-tag-role-001, ('o-p-om2-tag-role-security-001'))",
              "allow group 'o-p-om2-id-common-001'/'o-p-om2-grp-admi-security-001' to manage logging-family in compartment o-p-om2-cmp-land-001 where sets-intersect(target.resource.compartment.tag.o-p-om2-tagns-name-001.o-p-om2-tag-role-001, ('o-p-om2-tag-role-security-001'))",
              "allow group 'o-p-om2-id-common-001'/'o-p-om2-grp-admi-security-001' to manage serviceconnectors in compartment o-p-om2-cmp-land-001 where sets-intersect(target.resource.compartment.tag.o-p-om2-tagns-name-001.o-p-om2-tag-role-001, ('o-p-om2-tag-role-security-001'))",
              "allow group 'o-p-om2-id-common-001'/'o-p-om2-grp-admi-security-001' to manage streams in compartment o-p-om2-cmp-land-001 where sets-intersect(target.resource.compartment.tag.o-p-om2-tagns-name-001.o-p-om2-tag-role-001, ('o-p-om2-tag-role-security-001'))",
              "allow group 'o-p-om2-id-common-001'/'o-p-om2-grp-admi-security-001' to manage ons-family in compartment o-p-om2-cmp-land-001 where sets-intersect(target.resource.compartment.tag.o-p-om2-tagns-name-001.o-p-om2-tag-role-001, ('o-p-om2-tag-role-security-001'))",
              "allow group 'o-p-om2-id-common-001'/'o-p-om2-grp-admi-security-001' to manage functions-family in compartment o-p-om2-cmp-land-001 where sets-intersect(target.resource.compartment.tag.o-p-om2-tagns-name-001.o-p-om2-tag-role-001, ('o-p-om2-tag-role-security-001'))",
              "allow group 'o-p-om2-id-common-001'/'o-p-om2-grp-admi-security-001' to manage waas-family in compartment o-p-om2-cmp-land-001 where sets-intersect(target.resource.compartment.tag.o-p-om2-tagns-name-001.o-p-om2-tag-role-001, ('o-p-om2-tag-role-security-001'))",
              "allow group 'o-p-om2-id-common-001'/'o-p-om2-grp-admi-security-001' to manage security-zone in compartment o-p-om2-cmp-land-001 where sets-intersect(target.resource.compartment.tag.o-p-om2-tagns-name-001.o-p-om2-tag-role-001, ('o-p-om2-tag-role-security-001'))",
              "allow group 'o-p-om2-id-common-001'/'o-p-om2-grp-admi-security-001' to manage orm-stacks in compartment o-p-om2-cmp-land-001 where sets-intersect(target.resource.compartment.tag.o-p-om2-tagns-name-001.o-p-om2-tag-role-001, ('o-p-om2-tag-role-security-001'))",
              "allow group 'o-p-om2-id-common-001'/'o-p-om2-grp-admi-security-001' to manage orm-jobs in compartment o-p-om2-cmp-land-001 where sets-intersect(target.resource.compartment.tag.o-p-om2-tagns-name-001.o-p-om2-tag-role-001, ('o-p-om2-tag-role-security-001'))",
              "allow group 'o-p-om2-id-common-001'/'o-p-om2-grp-admi-security-001' to manage orm-config-source-providers in compartment o-p-om2-cmp-land-001 where sets-intersect(target.resource.compartment.tag.o-p-om2-tagns-name-001.o-p-om2-tag-role-001, ('o-p-om2-tag-role-security-001'))",
              "allow group 'o-p-om2-id-common-001'/'o-p-om2-grp-admi-security-001' to manage vss-family in compartment o-p-om2-cmp-land-001 where sets-intersect(target.resource.compartment.tag.o-p-om2-tagns-name-001.o-p-om2-tag-role-001, ('o-p-om2-tag-role-security-001'))",
              "allow group 'o-p-om2-id-common-001'/'o-p-om2-grp-admi-security-001' to read work-requests in compartment o-p-om2-cmp-land-001 where sets-intersect(target.resource.compartment.tag.o-p-om2-tagns-name-001.o-p-om2-tag-role-001, ('o-p-om2-tag-role-security-001'))",
              "allow group 'o-p-om2-id-common-001'/'o-p-om2-grp-admi-security-001' to manage bastion-family in compartment o-p-om2-cmp-land-001 where sets-intersect(target.resource.compartment.tag.o-p-om2-tagns-name-001.o-p-om2-tag-role-001, ('o-p-om2-tag-role-security-001'))",
              "allow group 'o-p-om2-id-common-001'/'o-p-om2-grp-admi-security-001' to read instance-agent-plugins in compartment o-p-om2-cmp-land-001 where sets-intersect(target.resource.compartment.tag.o-p-om2-tagns-name-001.o-p-om2-tag-role-001, ('o-p-om2-tag-role-security-001'))",
              "allow group 'o-p-om2-id-common-001'/'o-p-om2-grp-admi-security-001' to manage cloudevents-rules in compartment o-p-om2-cmp-land-001 where sets-intersect(target.resource.compartment.tag.o-p-om2-tagns-name-001.o-p-om2-tag-role-001, ('o-p-om2-tag-role-security-001'))",
              "allow group 'o-p-om2-id-common-001'/'o-p-om2-grp-admi-security-001' to manage alarms in compartment o-p-om2-cmp-land-001 where sets-intersect(target.resource.compartment.tag.o-p-om2-tagns-name-001.o-p-om2-tag-role-001, ('o-p-om2-tag-role-security-001'))",
              "allow group 'o-p-om2-id-common-001'/'o-p-om2-grp-admi-security-001' to manage metrics in compartment o-p-om2-cmp-land-001 where sets-intersect(target.resource.compartment.tag.o-p-om2-tagns-name-001.o-p-om2-tag-role-001, ('o-p-om2-tag-role-security-001'))",
              "allow group 'o-p-om2-id-common-001'/'o-p-om2-grp-admi-security-001' to use key-delegate in compartment o-p-om2-cmp-land-001 where sets-intersect(target.resource.compartment.tag.o-p-om2-tagns-name-001.o-p-om2-tag-role-001, ('o-p-om2-tag-role-security-001'))",
              "allow group 'o-p-om2-id-common-001'/'o-p-om2-grp-admi-security-001' to read virtual-network-family in compartment o-p-om2-cmp-land-001 where sets-intersect(target.resource.compartment.tag.o-p-om2-tagns-name-001.o-p-om2-tag-role-001, ('o-p-om2-tag-role-network-001'))",
              "allow group 'o-p-om2-id-common-001'/'o-p-om2-grp-admi-security-001' to use subnets in compartment o-p-om2-cmp-land-001 where sets-intersect(target.resource.compartment.tag.o-p-om2-tagns-name-001.o-p-om2-tag-role-001, ('o-p-om2-tag-role-network-001'))",
              "allow group 'o-p-om2-id-common-001'/'o-p-om2-grp-admi-security-001' to use network-security-groups in compartment o-p-om2-cmp-land-001 where sets-intersect(target.resource.compartment.tag.o-p-om2-tagns-name-001.o-p-om2-tag-role-001, ('o-p-om2-tag-role-network-001'))",
              "allow group 'o-p-om2-id-common-001'/'o-p-om2-grp-admi-security-001' to use vnics in compartment o-p-om2-cmp-land-001 where sets-intersect(target.resource.compartment.tag.o-p-om2-tagns-name-001.o-p-om2-tag-role-001, ('o-p-om2-tag-role-network-001'))",
              "allow group 'o-p-om2-id-common-001'/'o-p-om2-grp-admi-security-001' to manage private-ips in compartment o-p-om2-cmp-land-001 where sets-intersect(target.resource.compartment.tag.o-p-om2-tagns-name-001.o-p-om2-tag-role-001, ('o-p-om2-tag-role-network-001'))",
              "allow group 'o-p-om2-id-common-001'/'o-p-om2-grp-admi-security-001' to read keys in compartment o-p-om2-cmp-land-001 where sets-intersect(target.resource.compartment.tag.o-p-om2-tagns-name-001.o-p-om2-tag-role-001, ('o-p-om2-tag-role-network-001'))",
              "allow group 'o-p-om2-id-common-001'/'o-p-om2-grp-admi-security-001' to manage operator-control-family in compartment o-p-om2-cmp-land-001 where sets-intersect(target.resource.compartment.tag.o-p-om2-tagns-name-001.o-p-om2-tag-role-001, ('o-p-om2-tag-role-security-001'))"
            ],
            "time_created": "2026-03-10 14:42:39.334 +0000 UTC",
            "timeouts": null,
            "version_date": null
          },
          "sensitive_attributes": [],
          "identity_schema_version": 0,
          "private": "eyJlMmJmYjczMC1lY2FhLTExZTYtOGY4OC0zNDM2M2JjN2M0YzAiOnsiY3JlYXRlIjoxMjAwMDAwMDAwMDAwLCJkZWxldGUiOjEyMDAwMDAwMDAwMDAsInVwZGF0ZSI6MTIwMDAwMDAwMDAwMH19",
          "dependencies": [
            "module.oci_lz_orchestrator.data.oci_identity_regions.these",
            "module.oci_lz_orchestrator.data.oci_identity_tenancy.this",
            "module.oci_lz_orchestrator.module.oci_lz_compartments.oci_identity_compartment.level_2",
            "module.oci_lz_orchestrator.module.oci_lz_compartments.oci_identity_compartment.level_3",
            "module.oci_lz_orchestrator.module.oci_lz_compartments.oci_identity_compartment.level_4",
            "module.oci_lz_orchestrator.module.oci_lz_compartments.oci_identity_compartment.level_5",
            "module.oci_lz_orchestrator.module.oci_lz_compartments.oci_identity_compartment.level_6",
            "module.oci_lz_orchestrator.module.oci_lz_compartments.oci_identity_compartment.these",
            "module.oci_lz_orchestrator.module.oci_lz_compartments.oci_identity_tag_default.these",
            "module.oci_lz_orchestrator.module.oci_lz_dynamic_groups.oci_identity_dynamic_group.these",
            "module.oci_lz_orchestrator.module.oci_lz_groups.data.oci_identity_users.these",
            "module.oci_lz_orchestrator.module.oci_lz_groups.oci_identity_group.these",
            "module.oci_lz_orchestrator.module.oci_lz_groups.oci_identity_user_group_membership.these",
            "module.oci_lz_orchestrator.module.oci_lz_policies.data.oci_identity_region_subscriptions.these",
            "module.oci_lz_orchestrator.module.oci_lz_policies.data.oci_identity_tenancy.this",
            "module.oci_lz_orchestrator.module.oci_lz_tags.data.oci_identity_tag.default_created_by",
            "module.oci_lz_orchestrator.module.oci_lz_tags.data.oci_identity_tag.default_created_on",
            "module.oci_lz_orchestrator.module.oci_lz_tags.data.oci_identity_tag_namespaces.oracle_default",
            "module.oci_lz_orchestrator.module.oci_lz_tags.oci_identity_tag.these",
            "module.oci_lz_orchestrator.module.oci_lz_tags.oci_identity_tag_default.these",
            "module.oci_lz_orchestrator.module.oci_lz_tags.oci_identity_tag_namespace.these"
          ]
        },
        {
          "index_key": "PCY-SERVICES-ADMIN-KEY",
          "schema_version": 0,
          "attributes": {
            "ETag": "b5c69b0e7f419b687cf3516f04da8e4fe7cad400",
            "compartment_id": "ocid1.tenancy.oc19..aaaaaaaa4ftkyx3ao73kndo3mbltj6gtbf27mxbgpu65a33ipgo2wqyj4zba",
            "defined_tags": {
              "Oracle-Tags.CreatedBy": "default/jorge.e.torlaschi@accenture.com",
              "Oracle-Tags.CreatedOn": "2026-03-10T14:42:39.353Z"
            },
            "description": "Policy for all supported services in the tenancy.",
            "freeform_tags": {
              "ocilz-terraform-module": "iam-policies/0.3.3\n"
            },
            "id": "ocid1.policy.oc19..aaaaaaaayo4vgbniuac6igjmwzmp7jiyvbfcg4e2gvea6vmmdxjbgh2rezva",
            "inactive_state": null,
            "lastUpdateETag": "b5c69b0e7f419b687cf3516f04da8e4fe7cad400",
            "name": "o-p-om2-pcy-srva-001",
            "policyHash": "37080dceb48abc3666f1339770564194",
            "state": "ACTIVE",
            "statements": [
              "allow service cloudguard to manage cloudevents-rules in tenancy where target.rule.type='managed'",
              "allow service cloudguard to read tenancies in tenancy",
              "allow service cloudguard to read all-resources in tenancy",
              "allow service cloudguard to use network-security-groups in tenancy",
              "allow any-user to { WLP_BOM_READ, WLP_CONFIG_READ } in tenancy where all { request.principal.id = target.agent.id, request.principal.type = 'workloadprotectionagent'}",
              "endorse any-user to { WLP_LOG_CREATE, WLP_METRICS_CREATE, WLP_ADHOC_QUERY_READ, WLP_ADHOC_RESULTS_CREATE } in any-tenancy where all { request.principal.id = target.agent.id, request.principal.type = 'workloadprotectionagent' }",
              "allow service vulnerability-scanning-service to manage instances in tenancy",
              "allow service vulnerability-scanning-service to read compartments in tenancy",
              "allow service vulnerability-scanning-service to read repos in tenancy",
              "allow service vulnerability-scanning-service to read vnics in tenancy",
              "allow service vulnerability-scanning-service to read vnic-attachments in tenancy",
              "allow service osms to read instances in tenancy",
              "allow service blockstorage, oke, streaming to use keys in tenancy"
            ],
            "time_created": "2026-03-10 14:42:39.467 +0000 UTC",
            "timeouts": null,
            "version_date": null
          },
          "sensitive_attributes": [],
          "identity_schema_version": 0,
          "private": "eyJlMmJmYjczMC1lY2FhLTExZTYtOGY4OC0zNDM2M2JjN2M0YzAiOnsiY3JlYXRlIjoxMjAwMDAwMDAwMDAwLCJkZWxldGUiOjEyMDAwMDAwMDAwMDAsInVwZGF0ZSI6MTIwMDAwMDAwMDAwMH19",
          "dependencies": [
            "module.oci_lz_orchestrator.data.oci_identity_regions.these",
            "module.oci_lz_orchestrator.data.oci_identity_tenancy.this",
            "module.oci_lz_orchestrator.module.oci_lz_compartments.oci_identity_compartment.level_2",
            "module.oci_lz_orchestrator.module.oci_lz_compartments.oci_identity_compartment.level_3",
            "module.oci_lz_orchestrator.module.oci_lz_compartments.oci_identity_compartment.level_4",
            "module.oci_lz_orchestrator.module.oci_lz_compartments.oci_identity_compartment.level_5",
            "module.oci_lz_orchestrator.module.oci_lz_compartments.oci_identity_compartment.level_6",
            "module.oci_lz_orchestrator.module.oci_lz_compartments.oci_identity_compartment.these",
            "module.oci_lz_orchestrator.module.oci_lz_compartments.oci_identity_tag_default.these",
            "module.oci_lz_orchestrator.module.oci_lz_dynamic_groups.oci_identity_dynamic_group.these",
            "module.oci_lz_orchestrator.module.oci_lz_groups.data.oci_identity_users.these",
            "module.oci_lz_orchestrator.module.oci_lz_groups.oci_identity_group.these",
            "module.oci_lz_orchestrator.module.oci_lz_groups.oci_identity_user_group_membership.these",
            "module.oci_lz_orchestrator.module.oci_lz_policies.data.oci_identity_region_subscriptions.these",
            "module.oci_lz_orchestrator.module.oci_lz_policies.data.oci_identity_tenancy.this",
            "module.oci_lz_orchestrator.module.oci_lz_tags.data.oci_identity_tag.default_created_by",
            "module.oci_lz_orchestrator.module.oci_lz_tags.data.oci_identity_tag.default_created_on",
            "module.oci_lz_orchestrator.module.oci_lz_tags.data.oci_identity_tag_namespaces.oracle_default",
            "module.oci_lz_orchestrator.module.oci_lz_tags.oci_identity_tag.these",
            "module.oci_lz_orchestrator.module.oci_lz_tags.oci_identity_tag_default.these",
            "module.oci_lz_orchestrator.module.oci_lz_tags.oci_identity_tag_namespace.these"
          ]
        }
      ]
    },
    {
      "module": "module.oci_lz_orchestrator.module.oci_lz_tags[0]",
      "mode": "data",
      "type": "oci_identity_tag",
      "name": "default_created_by",
      "provider": "module.oci_lz_orchestrator.provider[\"registry.terraform.io/oracle/oci\"]",
      "instances": [
        {
          "index_key": 0,
          "schema_version": 0,
          "attributes": {
            "defined_tags": {},
            "description": "The name of the principal that created the resource.",
            "freeform_tags": {},
            "id": "ocid1.tagdefinition.oc19..aaaaaaaall6sqrsh2yuvd637kelyfr7w2h5ll2juolz4pjsyeut7l7ilkcva",
            "is_cost_tracking": true,
            "is_retired": false,
            "name": "CreatedBy",
            "state": "ACTIVE",
            "tag_name": "CreatedBy",
            "tag_namespace_id": "ocid1.tagnamespace.oc19..aaaaaaaa7hf3uz6sp77wwc5eim27muxbxdjptvt6yzk72uj4k7i6eu4rbhfq",
            "time_created": "2026-02-20 08:33:52.637 +0000 UTC",
            "validator": []
          },
          "sensitive_attributes": [],
          "identity_schema_version": 0
        }
      ]
    },
    {
      "module": "module.oci_lz_orchestrator.module.oci_lz_tags[0]",
      "mode": "data",
      "type": "oci_identity_tag",
      "name": "default_created_on",
      "provider": "module.oci_lz_orchestrator.provider[\"registry.terraform.io/oracle/oci\"]",
      "instances": [
        {
          "index_key": 0,
          "schema_version": 0,
          "attributes": {
            "defined_tags": {},
            "description": "The date and time that the resource was created.",
            "freeform_tags": {},
            "id": "ocid1.tagdefinition.oc19..aaaaaaaaaglupfcjdya6tfufliurys3tvrxv5bsdlpmnmvid4ptvvdlr5foa",
            "is_cost_tracking": false,
            "is_retired": false,
            "name": "CreatedOn",
            "state": "ACTIVE",
            "tag_name": "CreatedOn",
            "tag_namespace_id": "ocid1.tagnamespace.oc19..aaaaaaaa7hf3uz6sp77wwc5eim27muxbxdjptvt6yzk72uj4k7i6eu4rbhfq",
            "time_created": "2026-02-20 08:33:52.726 +0000 UTC",
            "validator": []
          },
          "sensitive_attributes": [],
          "identity_schema_version": 0
        }
      ]
    },
    {
      "module": "module.oci_lz_orchestrator.module.oci_lz_tags[0]",
      "mode": "data",
      "type": "oci_identity_tag_namespaces",
      "name": "oracle_default",
      "provider": "module.oci_lz_orchestrator.provider[\"registry.terraform.io/oracle/oci\"]",
      "instances": [
        {
          "schema_version": 0,
          "attributes": {
            "compartment_id": "ocid1.tenancy.oc19..aaaaaaaa4ftkyx3ao73kndo3mbltj6gtbf27mxbgpu65a33ipgo2wqyj4zba",
            "filter": [
              {
                "name": "name",
                "regex": false,
                "values": [
                  "Oracle-Tags"
                ]
              }
            ],
            "id": "IdentityTagNamespacesDataSource-1032845147",
            "include_subcompartments": null,
            "state": null,
            "tag_namespaces": [
              {
                "compartment_id": "ocid1.tenancy.oc19..aaaaaaaa4ftkyx3ao73kndo3mbltj6gtbf27mxbgpu65a33ipgo2wqyj4zba",
                "defined_tags": {},
                "description": "The namespace for the automatic tags.",
                "freeform_tags": {},
                "id": "ocid1.tagnamespace.oc19..aaaaaaaa7hf3uz6sp77wwc5eim27muxbxdjptvt6yzk72uj4k7i6eu4rbhfq",
                "is_retired": false,
                "name": "Oracle-Tags",
                "state": "ACTIVE",
                "time_created": "2026-02-20 08:33:52.568 +0000 UTC"
              }
            ]
          },
          "sensitive_attributes": [],
          "identity_schema_version": 0
        }
      ]
    },
    {
      "module": "module.oci_lz_orchestrator.module.oci_lz_tags[0]",
      "mode": "managed",
      "type": "oci_identity_tag",
      "name": "these",
      "provider": "module.oci_lz_orchestrator.provider[\"registry.terraform.io/oracle/oci\"]",
      "instances": [
        {
          "index_key": "TAG-LZ-ROLE-KEY",
          "schema_version": 0,
          "attributes": {
            "defined_tags": {
              "Oracle-Tags.CreatedBy": "default/jorge.e.torlaschi@accenture.com",
              "Oracle-Tags.CreatedOn": "2026-03-10T14:41:06.814Z"
            },
            "description": "Tag used to identify different administrative roles within the Landing Zone, across network and security compartments",
            "freeform_tags": {
              "ocilz-terraform-module": "tags/0.1.6\n"
            },
            "id": "ocid1.tagdefinition.oc19..aaaaaaaa5nn6xvol36j5hhk7vl4t2h6jvj2nionfjbspjg22jx5jruyxveeq",
            "is_cost_tracking": false,
            "is_retired": false,
            "name": "o-p-om2-tag-role-001",
            "state": "ACTIVE",
            "tag_namespace_id": "ocid1.tagnamespace.oc19..aaaaaaaa6u3i3nhokejdygnepikolj7qp6647p3wum25s3dnpjtt7shlqzuq",
            "time_created": "2026-03-10 14:41:07.131 +0000 UTC",
            "timeouts": null,
            "validator": []
          },
          "sensitive_attributes": [],
          "identity_schema_version": 0,
          "private": "eyJlMmJmYjczMC1lY2FhLTExZTYtOGY4OC0zNDM2M2JjN2M0YzAiOnsiY3JlYXRlIjo5MDAwMDAwMDAwMDAsImRlbGV0ZSI6NDMyMDAwMDAwMDAwMDAsInVwZGF0ZSI6OTAwMDAwMDAwMDAwfX0=",
          "dependencies": [
            "module.oci_lz_orchestrator.module.oci_lz_tags.data.oci_identity_tag.default_created_by",
            "module.oci_lz_orchestrator.module.oci_lz_tags.data.oci_identity_tag.default_created_on",
            "module.oci_lz_orchestrator.module.oci_lz_tags.data.oci_identity_tag_namespaces.oracle_default",
            "module.oci_lz_orchestrator.module.oci_lz_tags.oci_identity_tag_namespace.these"
          ],
          "create_before_destroy": true
        }
      ]
    },
    {
      "module": "module.oci_lz_orchestrator.module.oci_lz_tags[0]",
      "mode": "managed",
      "type": "oci_identity_tag_namespace",
      "name": "these",
      "provider": "module.oci_lz_orchestrator.provider[\"registry.terraform.io/oracle/oci\"]",
      "instances": [
        {
          "index_key": "TAGNS-LZ-ROLE-KEY",
          "schema_version": 0,
          "attributes": {
            "compartment_id": "ocid1.tenancy.oc19..aaaaaaaa4ftkyx3ao73kndo3mbltj6gtbf27mxbgpu65a33ipgo2wqyj4zba",
            "defined_tags": {
              "Oracle-Tags.CreatedBy": "default/jorge.e.torlaschi@accenture.com",
              "Oracle-Tags.CreatedOn": "2026-03-10T14:41:06.814Z"
            },
            "description": "Tag namespace for Tag Based Access Controls of Landing Zone Roles.",
            "freeform_tags": {
              "ocilz-terraform-module": "tags/0.1.6\n"
            },
            "id": "ocid1.tagnamespace.oc19..aaaaaaaa6u3i3nhokejdygnepikolj7qp6647p3wum25s3dnpjtt7shlqzuq",
            "is_retired": false,
            "name": "o-p-om2-tagns-name-001",
            "state": "ACTIVE",
            "time_created": "2026-03-10 14:41:06.863 +0000 UTC",
            "timeouts": null
          },
          "sensitive_attributes": [],
          "identity_schema_version": 0,
          "private": "eyJlMmJmYjczMC1lY2FhLTExZTYtOGY4OC0zNDM2M2JjN2M0YzAiOnsiY3JlYXRlIjoxMjAwMDAwMDAwMDAwLCJkZWxldGUiOjEyMDAwMDAwMDAwMDAsInVwZGF0ZSI6MTIwMDAwMDAwMDAwMH19",
          "dependencies": [
            "module.oci_lz_orchestrator.module.oci_lz_tags.data.oci_identity_tag_namespaces.oracle_default"
          ],
          "create_before_destroy": true
        }
      ]
    }
  ],
  "check_results": [
    {
      "object_kind": "resource",
      "config_addr": "module.oci_lz_orchestrator.module.oci_lz_streams.oci_streaming_stream.these",
      "status": "pass",
      "objects": null
    },
    {
      "object_kind": "resource",
      "config_addr": "module.oci_lz_orchestrator.module.oci_lz_home_region_events.oci_ons_notification_topic.these",
      "status": "pass",
      "objects": null
    },
    {
      "object_kind": "resource",
      "config_addr": "module.oci_lz_orchestrator.module.oci_lz_oke.oci_containerengine_cluster.these",
      "status": "pass",
      "objects": null
    },
    {
      "object_kind": "resource",
      "config_addr": "module.oci_lz_orchestrator.module.oci_lz_compute.oci_core_volume.these",
      "status": "pass",
      "objects": null
    },
    {
      "object_kind": "resource",
      "config_addr": "module.oci_lz_orchestrator.module.oci_lz_bastions.oci_bastion_session.these",
      "status": "pass",
      "objects": null
    },
    {
      "object_kind": "resource",
      "config_addr": "module.oci_lz_orchestrator.module.oci_lz_network.oci_core_network_security_group_security_rule.ingress",
      "status": "pass",
      "objects": [
        {
          "object_addr": "module.oci_lz_orchestrator.module.oci_lz_network[0].oci_core_network_security_group_security_rule.ingress[\"NSG-VLL-LZ-HUB-LB-KEY.http_80\"]",
          "status": "pass"
        },
        {
          "object_addr": "module.oci_lz_orchestrator.module.oci_lz_network[0].oci_core_network_security_group_security_rule.ingress[\"NSG-VLL-LZ-HUB-FW-KEY.from_lb\"]",
          "status": "pass"
        },
        {
          "object_addr": "module.oci_lz_orchestrator.module.oci_lz_network[0].oci_core_network_security_group_security_rule.ingress[\"NSG-VLL-LZ-HUB-LB-KEY.http_443\"]",
          "status": "pass"
        }
      ]
    },
    {
      "object_kind": "resource",
      "config_addr": "module.oci_lz_orchestrator.module.oci_lz_logging.data.oci_identity_compartment.these",
      "status": "pass",
      "objects": null
    },
    {
      "object_kind": "resource",
      "config_addr": "module.oci_lz_orchestrator.module.oci_lz_logging.data.oci_core_vnic_attachments.these",
      "status": "pass",
      "objects": null
    },
    {
      "object_kind": "resource",
      "config_addr": "module.oci_lz_orchestrator.module.oci_lz_identity_domains.oci_identity_domains_group.these",
      "status": "pass",
      "objects": [
        {
          "object_addr": "module.oci_lz_orchestrator.module.oci_lz_identity_domains[0].oci_identity_domains_group.these[\"GRP-NETWORK-ADMIN-KEY\"]",
          "status": "pass"
        },
        {
          "object_addr": "module.oci_lz_orchestrator.module.oci_lz_identity_domains[0].oci_identity_domains_group.these[\"GRP-SECURITY-ADMIN-KEY\"]",
          "status": "pass"
        },
        {
          "object_addr": "module.oci_lz_orchestrator.module.oci_lz_identity_domains[0].oci_identity_domains_group.these[\"GRP-AUDITORS-ADMIN-KEY\"]",
          "status": "pass"
        },
        {
          "object_addr": "module.oci_lz_orchestrator.module.oci_lz_identity_domains[0].oci_identity_domains_group.these[\"GRP-COST-ADMIN-KEY\"]",
          "status": "pass"
        },
        {
          "object_addr": "module.oci_lz_orchestrator.module.oci_lz_identity_domains[0].oci_identity_domains_group.these[\"GRP-GLOBALSERV-ADMIN-KEY\"]",
          "status": "pass"
        },
        {
          "object_addr": "module.oci_lz_orchestrator.module.oci_lz_identity_domains[0].oci_identity_domains_group.these[\"GRP-IAM-ADMIN-KEY\"]",
          "status": "pass"
        },
        {
          "object_addr": "module.oci_lz_orchestrator.module.oci_lz_identity_domains[0].oci_identity_domains_group.these[\"GRP-LZ-DB-ADMINS\"]",
          "status": "pass"
        },
        {
          "object_addr": "module.oci_lz_orchestrator.module.oci_lz_identity_domains[0].oci_identity_domains_group.these[\"GRP-LZ-INFRA-ADMINS\"]",
          "status": "pass"
        }
      ]
    },
    {
      "object_kind": "resource",
      "config_addr": "module.oci_lz_orchestrator.module.oci_lz_identity_domains.oci_identity_domains_group.these_with_external_membership_updates",
      "status": "pass",
      "objects": null
    },
    {
      "object_kind": "resource",
      "config_addr": "module.oci_lz_orchestrator.module.oci_lz_alarms.oci_monitoring_alarm.these",
      "status": "pass",
      "objects": null
    },
    {
      "object_kind": "resource",
      "config_addr": "module.oci_lz_orchestrator.module.oci_lz_notifications.oci_ons_subscription.these",
      "status": "pass",
      "objects": null
    },
    {
      "object_kind": "resource",
      "config_addr": "module.oci_lz_orchestrator.module.oci_lz_compute.data.oci_core_app_catalog_listing_resource_versions.these",
      "status": "pass",
      "objects": null
    },
    {
      "object_kind": "resource",
      "config_addr": "module.oci_lz_orchestrator.module.oci_lz_alarms.oci_streaming_stream.these",
      "status": "pass",
      "objects": null
    },
    {
      "object_kind": "resource",
      "config_addr": "module.oci_lz_orchestrator.module.oci_lz_logging.data.oci_network_load_balancer_network_load_balancers.these",
      "status": "pass",
      "objects": null
    },
    {
      "object_kind": "resource",
      "config_addr": "module.oci_lz_orchestrator.module.oci_lz_compute.oci_file_storage_file_system.these",
      "status": "pass",
      "objects": null
    },
    {
      "object_kind": "resource",
      "config_addr": "module.oci_lz_orchestrator.module.oci_lz_logging.oci_logging_log.flow_logs",
      "status": "pass",
      "objects": null
    },
    {
      "object_kind": "resource",
      "config_addr": "module.oci_lz_orchestrator.module.oci_lz_compute.oci_core_cluster_network.these",
      "status": "pass",
      "objects": null
    },
    {
      "object_kind": "resource",
      "config_addr": "module.oci_lz_orchestrator.module.oci_lz_network.oci_core_vcn.these",
      "status": "pass",
      "objects": [
        {
          "object_addr": "module.oci_lz_orchestrator.module.oci_lz_network[0].oci_core_vcn.these[\"VCN-VLL-LZ-HUB-KEY\"]",
          "status": "pass"
        },
        {
          "object_addr": "module.oci_lz_orchestrator.module.oci_lz_network[0].oci_core_vcn.these[\"VCN-VLL-LZ-EXACS-NPR-KEY\"]",
          "status": "pass"
        },
        {
          "object_addr": "module.oci_lz_orchestrator.module.oci_lz_network[0].oci_core_vcn.these[\"VCN-VLL-LZ-EXACS-PRO-KEY\"]",
          "status": "pass"
        }
      ]
    },
    {
      "object_kind": "resource",
      "config_addr": "module.oci_lz_orchestrator.module.oci_lz_service_connectors.oci_ons_subscription.these",
      "status": "pass",
      "objects": null
    },
    {
      "object_kind": "resource",
      "config_addr": "module.oci_lz_orchestrator.module.oci_lz_events.oci_events_rule.these",
      "status": "pass",
      "objects": null
    },
    {
      "object_kind": "resource",
      "config_addr": "module.oci_lz_orchestrator.module.oci_lz_compute.oci_core_vnic_attachment.these",
      "status": "pass",
      "objects": null
    },
    {
      "object_kind": "resource",
      "config_addr": "module.oci_lz_orchestrator.module.oci_lz_identity_domains.oci_identity_domains_app.these",
      "status": "pass",
      "objects": null
    },
    {
      "object_kind": "resource",
      "config_addr": "module.oci_lz_orchestrator.module.oci_lz_compute.data.oci_core_app_catalog_listing_resource_version.this",
      "status": "pass",
      "objects": null
    },
    {
      "object_kind": "resource",
      "config_addr": "module.oci_lz_orchestrator.module.oci_lz_compute.oci_core_volume_attachment.these",
      "status": "pass",
      "objects": null
    },
    {
      "object_kind": "resource",
      "config_addr": "module.oci_lz_orchestrator.module.oci_lz_streams.oci_streaming_stream_pool.these",
      "status": "pass",
      "objects": null
    },
    {
      "object_kind": "resource",
      "config_addr": "module.oci_lz_orchestrator.module.oci_lz_logging.oci_logging_log.these",
      "status": "pass",
      "objects": null
    },
    {
      "object_kind": "resource",
      "config_addr": "module.oci_lz_orchestrator.module.oci_lz_compute.oci_file_storage_replication.these",
      "status": "pass",
      "objects": null
    },
    {
      "object_kind": "resource",
      "config_addr": "module.oci_lz_orchestrator.module.oci_lz_events.oci_ons_subscription.these",
      "status": "pass",
      "objects": null
    },
    {
      "object_kind": "resource",
      "config_addr": "module.oci_lz_orchestrator.module.oci_lz_network.oci_core_security_list.these",
      "status": "pass",
      "objects": [
        {
          "object_addr": "module.oci_lz_orchestrator.module.oci_lz_network[0].oci_core_security_list.these[\"SL-VLL-LZ-EXACS-PRO-CLIENT-KEY\"]",
          "status": "pass"
        },
        {
          "object_addr": "module.oci_lz_orchestrator.module.oci_lz_network[0].oci_core_security_list.these[\"SL-VLL-LZ-HUB-FW-KEY\"]",
          "status": "pass"
        },
        {
          "object_addr": "module.oci_lz_orchestrator.module.oci_lz_network[0].oci_core_security_list.these[\"SL-VLL-LZ-HUB-MGMT-KEY\"]",
          "status": "pass"
        },
        {
          "object_addr": "module.oci_lz_orchestrator.module.oci_lz_network[0].oci_core_security_list.these[\"SL-VLL-LZ-EXACS-NPR-BACKUP-KEY\"]",
          "status": "pass"
        },
        {
          "object_addr": "module.oci_lz_orchestrator.module.oci_lz_network[0].oci_core_security_list.these[\"SL-VLL-LZ-EXACS-NPR-CLIENT-KEY\"]",
          "status": "pass"
        },
        {
          "object_addr": "module.oci_lz_orchestrator.module.oci_lz_network[0].oci_core_security_list.these[\"SL-VLL-LZ-EXACS-PRO-BACKUP-KEY\"]",
          "status": "pass"
        }
      ]
    },
    {
      "object_kind": "resource",
      "config_addr": "module.oci_lz_orchestrator.module.oci_lz_service_connectors.oci_objectstorage_bucket.these",
      "status": "pass",
      "objects": null
    },
    {
      "object_kind": "resource",
      "config_addr": "module.oci_lz_orchestrator.module.oci_lz_home_region_events.oci_ons_subscription.these",
      "status": "pass",
      "objects": null
    },
    {
      "object_kind": "resource",
      "config_addr": "module.oci_lz_orchestrator.module.oci_lz_policies.oci_identity_policy.these",
      "status": "pass",
      "objects": [
        {
          "object_addr": "module.oci_lz_orchestrator.module.oci_lz_policies[0].oci_identity_policy.these[\"PCY-AUDITING-ADMIN-KEY\"]",
          "status": "pass"
        },
        {
          "object_addr": "module.oci_lz_orchestrator.module.oci_lz_policies[0].oci_identity_policy.these[\"PCY-GLOBALSERV-ADMIN-KEY\"]",
          "status": "pass"
        },
        {
          "object_addr": "module.oci_lz_orchestrator.module.oci_lz_policies[0].oci_identity_policy.these[\"PCY-LZ-PLATFORM-EXACS-DB-ADMIN-KEY\"]",
          "status": "pass"
        },
        {
          "object_addr": "module.oci_lz_orchestrator.module.oci_lz_policies[0].oci_identity_policy.these[\"PCY-NETWORK-ADMIN-KEY\"]",
          "status": "pass"
        },
        {
          "object_addr": "module.oci_lz_orchestrator.module.oci_lz_policies[0].oci_identity_policy.these[\"PCY-COST-ADMIN-KEY\"]",
          "status": "pass"
        },
        {
          "object_addr": "module.oci_lz_orchestrator.module.oci_lz_policies[0].oci_identity_policy.these[\"PCY-IAM-ADMIN-KEY\"]",
          "status": "pass"
        },
        {
          "object_addr": "module.oci_lz_orchestrator.module.oci_lz_policies[0].oci_identity_policy.these[\"PCY-LZ-PLATFORM-EXACS-GENERIC-ADMIN-KEY\"]",
          "status": "pass"
        },
        {
          "object_addr": "module.oci_lz_orchestrator.module.oci_lz_policies[0].oci_identity_policy.these[\"PCY-SECURITY-ADMIN-KEY\"]",
          "status": "pass"
        },
        {
          "object_addr": "module.oci_lz_orchestrator.module.oci_lz_policies[0].oci_identity_policy.these[\"PCY-LZ-PLATFORM-EXACS-INFRA-ADMIN-KEY\"]",
          "status": "pass"
        },
        {
          "object_addr": "module.oci_lz_orchestrator.module.oci_lz_policies[0].oci_identity_policy.these[\"PCY-GENERIC-ADMIN-KEY\"]",
          "status": "pass"
        },
        {
          "object_addr": "module.oci_lz_orchestrator.module.oci_lz_policies[0].oci_identity_policy.these[\"PCY-SERVICES-ADMIN-KEY\"]",
          "status": "pass"
        }
      ]
    },
    {
      "object_kind": "resource",
      "config_addr": "module.oci_lz_orchestrator.module.oci_lz_security_zones.oci_cloud_guard_security_recipe.these",
      "status": "pass",
      "objects": null
    },
    {
      "object_kind": "resource",
      "config_addr": "module.oci_lz_orchestrator.module.oci_lz_compute.oci_core_app_catalog_listing_resource_version_agreement.these",
      "status": "pass",
      "objects": null
    },
    {
      "object_kind": "resource",
      "config_addr": "module.oci_lz_orchestrator.module.oci_lz_vaults.oci_kms_key.these",
      "status": "pass",
      "objects": null
    },
    {
      "object_kind": "resource",
      "config_addr": "module.oci_lz_orchestrator.module.oci_lz_nlb.oci_network_load_balancer_network_load_balancer.these",
      "status": "pass",
      "objects": null
    },
    {
      "object_kind": "resource",
      "config_addr": "module.oci_lz_orchestrator.module.oci_lz_oke.oci_containerengine_node_pool.these",
      "status": "pass",
      "objects": null
    },
    {
      "object_kind": "resource",
      "config_addr": "module.oci_lz_orchestrator.module.oci_lz_compute.data.oci_core_images.these_custom",
      "status": "pass",
      "objects": null
    },
    {
      "object_kind": "resource",
      "config_addr": "module.oci_lz_orchestrator.module.oci_lz_scanning.oci_vulnerability_scanning_container_scan_target.these",
      "status": "pass",
      "objects": null
    },
    {
      "object_kind": "resource",
      "config_addr": "module.oci_lz_orchestrator.module.oci_lz_service_connectors.oci_identity_policy.these",
      "status": "pass",
      "objects": null
    },
    {
      "object_kind": "resource",
      "config_addr": "module.oci_lz_orchestrator.module.oci_lz_oke.oci_containerengine_virtual_node_pool.these",
      "status": "pass",
      "objects": null
    },
    {
      "object_kind": "resource",
      "config_addr": "module.oci_lz_orchestrator.module.oci_lz_home_region_events.oci_events_rule.these",
      "status": "pass",
      "objects": null
    },
    {
      "object_kind": "resource",
      "config_addr": "module.oci_lz_orchestrator.module.oci_lz_security_zones.oci_cloud_guard_security_zone.these",
      "status": "pass",
      "objects": null
    },
    {
      "object_kind": "resource",
      "config_addr": "module.oci_lz_orchestrator.module.oci_lz_alarms.oci_ons_subscription.these",
      "status": "pass",
      "objects": null
    },
    {
      "object_kind": "resource",
      "config_addr": "module.oci_lz_orchestrator.module.oci_lz_home_region_events.oci_streaming_stream.these",
      "status": "pass",
      "objects": null
    },
    {
      "object_kind": "resource",
      "config_addr": "module.oci_lz_orchestrator.module.oci_lz_compute.oci_core_volume_backup_policy_assignment.these",
      "status": "pass",
      "objects": null
    },
    {
      "object_kind": "resource",
      "config_addr": "module.oci_lz_orchestrator.module.oci_lz_alarms.oci_ons_notification_topic.these",
      "status": "pass",
      "objects": null
    },
    {
      "object_kind": "resource",
      "config_addr": "module.oci_lz_orchestrator.module.oci_lz_network.data.oci_security_attribute_security_attribute_namespaces.these",
      "status": "pass",
      "objects": null
    },
    {
      "object_kind": "resource",
      "config_addr": "module.oci_lz_orchestrator.module.oci_lz_network.oci_core_default_security_list.these",
      "status": "pass",
      "objects": [
        {
          "object_addr": "module.oci_lz_orchestrator.module.oci_lz_network[0].oci_core_default_security_list.these[\"CUSTOM-DEFAULT-SEC-LIST-VCN-VLL-LZ-HUB-KEY\"]",
          "status": "pass"
        },
        {
          "object_addr": "module.oci_lz_orchestrator.module.oci_lz_network[0].oci_core_default_security_list.these[\"CUSTOM-DEFAULT-SEC-LIST-VCN-VLL-LZ-EXACS-NPR-KEY\"]",
          "status": "pass"
        },
        {
          "object_addr": "module.oci_lz_orchestrator.module.oci_lz_network[0].oci_core_default_security_list.these[\"CUSTOM-DEFAULT-SEC-LIST-VCN-VLL-LZ-EXACS-PRO-KEY\"]",
          "status": "pass"
        }
      ]
    },
    {
      "object_kind": "resource",
      "config_addr": "module.oci_lz_orchestrator.module.oci_lz_events.oci_streaming_stream.these",
      "status": "pass",
      "objects": null
    },
    {
      "object_kind": "resource",
      "config_addr": "module.oci_lz_orchestrator.module.oci_lz_identity_domains.oci_identity_domain_replication_to_region.these",
      "status": "pass",
      "objects": null
    },
    {
      "object_kind": "resource",
      "config_addr": "module.oci_lz_orchestrator.module.oci_lz_events.oci_ons_notification_topic.these",
      "status": "pass",
      "objects": null
    },
    {
      "object_kind": "resource",
      "config_addr": "module.oci_lz_orchestrator.module.oci_lz_compute.oci_file_storage_mount_target.these",
      "status": "pass",
      "objects": null
    },
    {
      "object_kind": "resource",
      "config_addr": "module.oci_lz_orchestrator.module.oci_lz_compute.data.oci_marketplace_listing.this",
      "status": "pass",
      "objects": null
    },
    {
      "object_kind": "resource",
      "config_addr": "module.oci_lz_orchestrator.module.oci_lz_service_connectors.oci_objectstorage_bucket.bucket_replica",
      "status": "pass",
      "objects": null
    },
    {
      "object_kind": "resource",
      "config_addr": "module.oci_lz_orchestrator.module.oci_lz_identity_domains.oci_identity_domains_identity_provider.these",
      "status": "pass",
      "objects": null
    },
    {
      "object_kind": "resource",
      "config_addr": "module.oci_lz_orchestrator.module.oci_lz_bastions.oci_bastion_bastion.these",
      "status": "pass",
      "objects": null
    },
    {
      "object_kind": "resource",
      "config_addr": "module.oci_lz_orchestrator.module.oci_lz_compute.oci_file_storage_export.these",
      "status": "pass",
      "objects": null
    },
    {
      "object_kind": "resource",
      "config_addr": "module.oci_lz_orchestrator.module.oci_lz_service_connectors.oci_sch_service_connector.these",
      "status": "pass",
      "objects": null
    },
    {
      "object_kind": "resource",
      "config_addr": "module.oci_lz_orchestrator.module.oci_lz_logging.oci_logging_log.bucket_logs",
      "status": "pass",
      "objects": null
    },
    {
      "object_kind": "resource",
      "config_addr": "module.oci_lz_orchestrator.module.oci_lz_logging.data.oci_core_subnets.these",
      "status": "pass",
      "objects": null
    },
    {
      "object_kind": "resource",
      "config_addr": "module.oci_lz_orchestrator.module.oci_lz_compute.oci_core_instance.these",
      "status": "pass",
      "objects": null
    }
  ]
}
