{
  "version": 4,
  "terraform_version": "1.14.5",
  "serial": 107,
  "lineage": "90606ece-dcbd-5b9b-edd4-5a490acb24ed",
  "outputs": {},
  "resources": [
    {
      "module": "module.oci_lz_orchestrator",
      "mode": "data",
      "type": "oci_identity_regions",
      "name": "these",
      "provider": "module.oci_lz_orchestrator.provider[\"registry.terraform.io/oracle/oci\"]",
      "instances": [
        {
          "schema_version": 0,
          "attributes": {
            "filter": null,
            "id": "IdentityRegionsDataSource-0",
            "regions": [
              {
                "key": "STR",
                "name": "eu-frankfurt-2"
              },
              {
                "key": "VLL",
                "name": "eu-madrid-2"
              }
            ]
          },
          "sensitive_attributes": [],
          "identity_schema_version": 0
        }
      ]
    },
    {
      "module": "module.oci_lz_orchestrator",
      "mode": "data",
      "type": "oci_identity_tenancy",
      "name": "this",
      "provider": "module.oci_lz_orchestrator.provider[\"registry.terraform.io/oracle/oci\"]",
      "instances": [
        {
          "schema_version": 0,
          "attributes": {
            "defined_tags": {},
            "description": "TENLS-6209",
            "freeform_tags": {},
            "home_region_key": "VLL",
            "id": "ocid1.tenancy.oc19..aaaaaaaa4ftkyx3ao73kndo3mbltj6gtbf27mxbgpu65a33ipgo2wqyj4zba",
            "name": "seguridadsocial",
            "tenancy_id": "ocid1.tenancy.oc19..aaaaaaaa4ftkyx3ao73kndo3mbltj6gtbf27mxbgpu65a33ipgo2wqyj4zba",
            "upi_idcs_compatibility_layer_endpoint": null
          },
          "sensitive_attributes": [],
          "identity_schema_version": 0
        }
      ]
    },
    {
      "module": "module.oci_lz_orchestrator.module.oci_lz_compartments[0]",
      "mode": "managed",
      "type": "oci_identity_compartment",
      "name": "level_2",
      "provider": "module.oci_lz_orchestrator.provider[\"registry.terraform.io/oracle/oci\"].home",
      "instances": [
        {
          "index_key": "CMP-LZ-CDINSS-KEY",
          "schema_version": 0,
          "attributes": {
            "compartment_id": "ocid1.compartment.oc19..aaaaaaaa64nf6r6r2sjiqnyl7rzujvboeyj55psfrwqycdp6fydhncte7v7q",
            "defined_tags": {
              "Oracle-Tags.CreatedBy": "default/jorge.e.torlaschi@accenture.com",
              "Oracle-Tags.CreatedOn": "2026-03-02T14:48:07.776Z"
            },
            "description": "Coretech Entity Environment Compartment",
            "enable_delete": true,
            "freeform_tags": {
              "ocilz-terraform-module": "iam-compartments/0.3.3\n"
            },
            "id": "ocid1.compartment.oc19..aaaaaaaadv2yan2qns2udpovoxoh7pcfwkfigajx2letwory5ms4ssrvqtzq",
            "inactive_state": null,
            "is_accessible": true,
            "name": "o-p-om2-cmp-cdin-core-001",
            "state": "ACTIVE",
            "time_created": "2026-03-02 14:48:07.785 +0000 UTC",
            "timeouts": null
          },
          "sensitive_attributes": [],
          "identity_schema_version": 0,
          "private": "eyJlMmJmYjczMC1lY2FhLTExZTYtOGY4OC0zNDM2M2JjN2M0YzAiOnsiZGVsZXRlIjo1NDAwMDAwMDAwMDAwfX0=",
          "dependencies": [
            "module.oci_lz_orchestrator.data.oci_identity_regions.these",
            "module.oci_lz_orchestrator.data.oci_identity_tenancy.this",
            "module.oci_lz_orchestrator.module.oci_lz_compartments.oci_identity_compartment.these"
          ],
          "create_before_destroy": true
        },
        {
          "index_key": "CMP-LZ-NETWORK-KEY",
          "schema_version": 0,
          "attributes": {
            "compartment_id": "ocid1.compartment.oc19..aaaaaaaa64nf6r6r2sjiqnyl7rzujvboeyj55psfrwqycdp6fydhncte7v7q",
            "defined_tags": {
              "Oracle-Tags.CreatedBy": "default/jorge.e.torlaschi@accenture.com",
              "Oracle-Tags.CreatedOn": "2026-03-02T14:48:09.895Z",
              "o-p-om2-tagns-name-001.o-p-om2-tag-role-001": "o-p-om2-tag-role-network-001"
            },
            "description": "Shared Network Compartment",
            "enable_delete": true,
            "freeform_tags": {
              "ocilz-terraform-module": "iam-compartments/0.3.3\n"
            },
            "id": "ocid1.compartment.oc19..aaaaaaaaycsxnmvquse26nkoz23unmg4gw4ditynt5gpvjfy4c35oaw33pja",
            "inactive_state": null,
            "is_accessible": true,
            "name": "o-p-om2-cmp-network-001",
            "state": "ACTIVE",
            "time_created": "2026-03-02 14:48:09.9 +0000 UTC",
            "timeouts": null
          },
          "sensitive_attributes": [],
          "identity_schema_version": 0,
          "private": "eyJlMmJmYjczMC1lY2FhLTExZTYtOGY4OC0zNDM2M2JjN2M0YzAiOnsiZGVsZXRlIjo1NDAwMDAwMDAwMDAwfX0=",
          "dependencies": [
            "module.oci_lz_orchestrator.data.oci_identity_regions.these",
            "module.oci_lz_orchestrator.data.oci_identity_tenancy.this",
            "module.oci_lz_orchestrator.module.oci_lz_compartments.oci_identity_compartment.these"
          ],
          "create_before_destroy": true
        },
        {
          "index_key": "CMP-LZ-PLATFORM-KEY",
          "schema_version": 0,
          "attributes": {
            "compartment_id": "ocid1.compartment.oc19..aaaaaaaa64nf6r6r2sjiqnyl7rzujvboeyj55psfrwqycdp6fydhncte7v7q",
            "defined_tags": {
              "Oracle-Tags.CreatedBy": "default/jorge.e.torlaschi@accenture.com",
              "Oracle-Tags.CreatedOn": "2026-03-02T14:48:09.969Z"
            },
            "description": "Shared Platform Compartment",
            "enable_delete": true,
            "freeform_tags": {
              "ocilz-terraform-module": "iam-compartments/0.3.3\n"
            },
            "id": "ocid1.compartment.oc19..aaaaaaaaaerkxnu2s5xfrzqd6atollkjcpl7adoycj4xqf6gmf43lrfo3ylq",
            "inactive_state": null,
            "is_accessible": true,
            "name": "o-p-om2-cmp-platform-001",
            "state": "ACTIVE",
            "time_created": "2026-03-02 14:48:10.073 +0000 UTC",
            "timeouts": null
          },
          "sensitive_attributes": [],
          "identity_schema_version": 0,
          "private": "eyJlMmJmYjczMC1lY2FhLTExZTYtOGY4OC0zNDM2M2JjN2M0YzAiOnsiZGVsZXRlIjo1NDAwMDAwMDAwMDAwfX0=",
          "dependencies": [
            "module.oci_lz_orchestrator.data.oci_identity_regions.these",
            "module.oci_lz_orchestrator.data.oci_identity_tenancy.this",
            "module.oci_lz_orchestrator.module.oci_lz_compartments.oci_identity_compartment.these"
          ],
          "create_before_destroy": true
        },
        {
          "index_key": "CMP-LZ-SECURITY-KEY",
          "schema_version": 0,
          "attributes": {
            "compartment_id": "ocid1.compartment.oc19..aaaaaaaa64nf6r6r2sjiqnyl7rzujvboeyj55psfrwqycdp6fydhncte7v7q",
            "defined_tags": {
              "Oracle-Tags.CreatedBy": "default/jorge.e.torlaschi@accenture.com",
              "Oracle-Tags.CreatedOn": "2026-03-02T14:48:09.989Z",
              "o-p-om2-tagns-name-001.o-p-om2-tag-role-001": "o-p-om2-tag-role-security-001"
            },
            "description": "Shared Security Compartment",
            "enable_delete": true,
            "freeform_tags": {
              "ocilz-terraform-module": "iam-compartments/0.3.3\n"
            },
            "id": "ocid1.compartment.oc19..aaaaaaaausgzkemsjtgd6mdb3otff6mc5bb5i4adojkyfkpfqv7djwbdv7va",
            "inactive_state": null,
            "is_accessible": true,
            "name": "o-p-om2-cmp-security-001",
            "state": "ACTIVE",
            "time_created": "2026-03-02 14:48:09.991 +0000 UTC",
            "timeouts": null
          },
          "sensitive_attributes": [],
          "identity_schema_version": 0,
          "private": "eyJlMmJmYjczMC1lY2FhLTExZTYtOGY4OC0zNDM2M2JjN2M0YzAiOnsiZGVsZXRlIjo1NDAwMDAwMDAwMDAwfX0=",
          "dependencies": [
            "module.oci_lz_orchestrator.data.oci_identity_regions.these",
            "module.oci_lz_orchestrator.data.oci_identity_tenancy.this",
            "module.oci_lz_orchestrator.module.oci_lz_compartments.oci_identity_compartment.these"
          ],
          "create_before_destroy": true
        }
      ]
    },
    {
      "module": "module.oci_lz_orchestrator.module.oci_lz_compartments[0]",
      "mode": "managed",
      "type": "oci_identity_compartment",
      "name": "level_3",
      "provider": "module.oci_lz_orchestrator.provider[\"registry.terraform.io/oracle/oci\"].home",
      "instances": [
        {
          "index_key": "CMP-LZ-CDINSS-NPR-KEY",
          "schema_version": 0,
          "attributes": {
            "compartment_id": "ocid1.compartment.oc19..aaaaaaaadv2yan2qns2udpovoxoh7pcfwkfigajx2letwory5ms4ssrvqtzq",
            "defined_tags": {
              "Oracle-Tags.CreatedBy": "default/jorge.e.torlaschi@accenture.com",
              "Oracle-Tags.CreatedOn": "2026-03-02T14:48:19.320Z"
            },
            "description": "Non Production Environment Compartment",
            "enable_delete": true,
            "freeform_tags": {
              "ocilz-terraform-module": "iam-compartments/0.3.3\n"
            },
            "id": "ocid1.compartment.oc19..aaaaaaaanhn7icivpxf7blsa4obb56kfja3dainnwlr34o7f2hpu2dxfosza",
            "inactive_state": null,
            "is_accessible": true,
            "name": "o-np-om2-cmp-cdin-001",
            "state": "ACTIVE",
            "time_created": "2026-03-02 14:48:19.322 +0000 UTC",
            "timeouts": null
          },
          "sensitive_attributes": [],
          "identity_schema_version": 0,
          "private": "eyJlMmJmYjczMC1lY2FhLTExZTYtOGY4OC0zNDM2M2JjN2M0YzAiOnsiZGVsZXRlIjo1NDAwMDAwMDAwMDAwfX0=",
          "dependencies": [
            "module.oci_lz_orchestrator.data.oci_identity_regions.these",
            "module.oci_lz_orchestrator.data.oci_identity_tenancy.this",
            "module.oci_lz_orchestrator.module.oci_lz_compartments.oci_identity_compartment.level_2",
            "module.oci_lz_orchestrator.module.oci_lz_compartments.oci_identity_compartment.these"
          ],
          "create_before_destroy": true
        },
        {
          "index_key": "CMP-LZ-CDINSS-PROD-KEY",
          "schema_version": 0,
          "attributes": {
            "compartment_id": "ocid1.compartment.oc19..aaaaaaaadv2yan2qns2udpovoxoh7pcfwkfigajx2letwory5ms4ssrvqtzq",
            "defined_tags": {
              "Oracle-Tags.CreatedBy": "default/jorge.e.torlaschi@accenture.com",
              "Oracle-Tags.CreatedOn": "2026-03-02T14:48:19.249Z"
            },
            "description": "Production Environment Compartment",
            "enable_delete": true,
            "freeform_tags": {
              "ocilz-terraform-module": "iam-compartments/0.3.3\n"
            },
            "id": "ocid1.compartment.oc19..aaaaaaaammyoi6gnuiko5ron4wtc2mam2zvrt3h5vtx7h46cqxtvggcqjnbq",
            "inactive_state": null,
            "is_accessible": true,
            "name": "o-p-om2-cmp-cdin-001",
            "state": "ACTIVE",
            "time_created": "2026-03-02 14:48:19.251 +0000 UTC",
            "timeouts": null
          },
          "sensitive_attributes": [],
          "identity_schema_version": 0,
          "private": "eyJlMmJmYjczMC1lY2FhLTExZTYtOGY4OC0zNDM2M2JjN2M0YzAiOnsiZGVsZXRlIjo1NDAwMDAwMDAwMDAwfX0=",
          "dependencies": [
            "module.oci_lz_orchestrator.data.oci_identity_regions.these",
            "module.oci_lz_orchestrator.data.oci_identity_tenancy.this",
            "module.oci_lz_orchestrator.module.oci_lz_compartments.oci_identity_compartment.level_2",
            "module.oci_lz_orchestrator.module.oci_lz_compartments.oci_identity_compartment.these"
          ],
          "create_before_destroy": true
        },
        {
          "index_key": "CMP-LZ-DEVOPS-KEY",
          "schema_version": 0,
          "attributes": {
            "compartment_id": "ocid1.compartment.oc19..aaaaaaaaaerkxnu2s5xfrzqd6atollkjcpl7adoycj4xqf6gmf43lrfo3ylq",
            "defined_tags": {
              "Oracle-Tags.CreatedBy": "default/jorge.e.torlaschi@accenture.com",
              "Oracle-Tags.CreatedOn": "2026-03-02T14:48:19.246Z"
            },
            "description": "Shared devops Platform",
            "enable_delete": true,
            "freeform_tags": {
              "ocilz-terraform-module": "iam-compartments/0.3.3\n"
            },
            "id": "ocid1.compartment.oc19..aaaaaaaaqfqx24wd4fjznxpnzgat325otw7nllnks7lcjmcn7cd3p56rwuca",
            "inactive_state": null,
            "is_accessible": true,
            "name": "o-p-om2-cmp-devop-001",
            "state": "ACTIVE",
            "time_created": "2026-03-02 14:48:19.507 +0000 UTC",
            "timeouts": null
          },
          "sensitive_attributes": [],
          "identity_schema_version": 0,
          "private": "eyJlMmJmYjczMC1lY2FhLTExZTYtOGY4OC0zNDM2M2JjN2M0YzAiOnsiZGVsZXRlIjo1NDAwMDAwMDAwMDAwfX0=",
          "dependencies": [
            "module.oci_lz_orchestrator.data.oci_identity_regions.these",
            "module.oci_lz_orchestrator.data.oci_identity_tenancy.this",
            "module.oci_lz_orchestrator.module.oci_lz_compartments.oci_identity_compartment.level_2",
            "module.oci_lz_orchestrator.module.oci_lz_compartments.oci_identity_compartment.these"
          ],
          "create_before_destroy": true
        },
        {
          "index_key": "CMP-LZ-EXACS-KEY",
          "schema_version": 0,
          "attributes": {
            "compartment_id": "ocid1.compartment.oc19..aaaaaaaaaerkxnu2s5xfrzqd6atollkjcpl7adoycj4xqf6gmf43lrfo3ylq",
            "defined_tags": {
              "Oracle-Tags.CreatedBy": "default/jorge.e.torlaschi@accenture.com",
              "Oracle-Tags.CreatedOn": "2026-03-02T14:48:19.314Z",
              "o-p-om2-tagns-name-001.o-p-om2-tag-role-001": "o-p-om2-tag-role-exa-001"
            },
            "description": "Shared exacs Platform",
            "enable_delete": true,
            "freeform_tags": {
              "ocilz-terraform-module": "iam-compartments/0.3.3\n"
            },
            "id": "ocid1.compartment.oc19..aaaaaaaayxndgn4lu5jlg5u55ryd3ofbakxg3tcz3blufnv63upa3dci4irq",
            "inactive_state": null,
            "is_accessible": true,
            "name": "o-p-om2-cmp-exacs-001",
            "state": "ACTIVE",
            "time_created": "2026-03-02 14:48:19.425 +0000 UTC",
            "timeouts": null
          },
          "sensitive_attributes": [],
          "identity_schema_version": 0,
          "private": "eyJlMmJmYjczMC1lY2FhLTExZTYtOGY4OC0zNDM2M2JjN2M0YzAiOnsiZGVsZXRlIjo1NDAwMDAwMDAwMDAwfX0=",
          "dependencies": [
            "module.oci_lz_orchestrator.data.oci_identity_regions.these",
            "module.oci_lz_orchestrator.data.oci_identity_tenancy.this",
            "module.oci_lz_orchestrator.module.oci_lz_compartments.oci_identity_compartment.level_2",
            "module.oci_lz_orchestrator.module.oci_lz_compartments.oci_identity_compartment.these"
          ],
          "create_before_destroy": true
        },
        {
          "index_key": "CMP-LZ-LOGGING-KEY",
          "schema_version": 0,
          "attributes": {
            "compartment_id": "ocid1.compartment.oc19..aaaaaaaaaerkxnu2s5xfrzqd6atollkjcpl7adoycj4xqf6gmf43lrfo3ylq",
            "defined_tags": {
              "Oracle-Tags.CreatedBy": "default/jorge.e.torlaschi@accenture.com",
              "Oracle-Tags.CreatedOn": "2026-03-02T14:48:19.318Z"
            },
            "description": "Shared Logging Platform",
            "enable_delete": true,
            "freeform_tags": {
              "ocilz-terraform-module": "iam-compartments/0.3.3\n"
            },
            "id": "ocid1.compartment.oc19..aaaaaaaafmfluplsuomkgcwfhy5sgkwi3746lf6npekg53cirn42sb4hkdwa",
            "inactive_state": null,
            "is_accessible": true,
            "name": "o-p-om2-cmp-logg-001",
            "state": "ACTIVE",
            "time_created": "2026-03-02 14:48:19.627 +0000 UTC",
            "timeouts": null
          },
          "sensitive_attributes": [],
          "identity_schema_version": 0,
          "private": "eyJlMmJmYjczMC1lY2FhLTExZTYtOGY4OC0zNDM2M2JjN2M0YzAiOnsiZGVsZXRlIjo1NDAwMDAwMDAwMDAwfX0=",
          "dependencies": [
            "module.oci_lz_orchestrator.data.oci_identity_regions.these",
            "module.oci_lz_orchestrator.data.oci_identity_tenancy.this",
            "module.oci_lz_orchestrator.module.oci_lz_compartments.oci_identity_compartment.level_2",
            "module.oci_lz_orchestrator.module.oci_lz_compartments.oci_identity_compartment.these"
          ],
          "create_before_destroy": true
        }
      ]
    },
    {
      "module": "module.oci_lz_orchestrator.module.oci_lz_compartments[0]",
      "mode": "managed",
      "type": "oci_identity_compartment",
      "name": "level_4",
      "provider": "module.oci_lz_orchestrator.provider[\"registry.terraform.io/oracle/oci\"].home",
      "instances": [
        {
          "index_key": "CMP-LZ-CDINSS-NPR-NETWORK-KEY",
          "schema_version": 0,
          "attributes": {
            "compartment_id": "ocid1.compartment.oc19..aaaaaaaanhn7icivpxf7blsa4obb56kfja3dainnwlr34o7f2hpu2dxfosza",
            "defined_tags": {
              "Oracle-Tags.CreatedBy": "default/jorge.e.torlaschi@accenture.com",
              "Oracle-Tags.CreatedOn": "2026-03-02T14:48:35.612Z",
              "o-p-om2-tagns-name-001.o-p-om2-tag-role-001": "o-p-om2-tag-role-network-001"
            },
            "description": "Non Production Workload Environment, Common Network Compartment",
            "enable_delete": true,
            "freeform_tags": {
              "ocilz-terraform-module": "iam-compartments/0.3.3\n"
            },
            "id": "ocid1.compartment.oc19..aaaaaaaa3rjdq6ei7z6j3lfcuqvqjjwpymz43c7tltey5ntoj7ytm5u6pv4q",
            "inactive_state": null,
            "is_accessible": true,
            "name": "o-np-om2-cmp-cdin-network-001",
            "state": "ACTIVE",
            "time_created": "2026-03-02 14:48:35.865 +0000 UTC",
            "timeouts": null
          },
          "sensitive_attributes": [],
          "identity_schema_version": 0,
          "private": "eyJlMmJmYjczMC1lY2FhLTExZTYtOGY4OC0zNDM2M2JjN2M0YzAiOnsiZGVsZXRlIjo1NDAwMDAwMDAwMDAwfX0=",
          "dependencies": [
            "module.oci_lz_orchestrator.data.oci_identity_regions.these",
            "module.oci_lz_orchestrator.data.oci_identity_tenancy.this",
            "module.oci_lz_orchestrator.module.oci_lz_compartments.oci_identity_compartment.level_2",
            "module.oci_lz_orchestrator.module.oci_lz_compartments.oci_identity_compartment.level_3",
            "module.oci_lz_orchestrator.module.oci_lz_compartments.oci_identity_compartment.these"
          ],
          "create_before_destroy": true
        },
        {
          "index_key": "CMP-LZ-CDINSS-NPR-PLATFORM-KEY",
          "schema_version": 0,
          "attributes": {
            "compartment_id": "ocid1.compartment.oc19..aaaaaaaanhn7icivpxf7blsa4obb56kfja3dainnwlr34o7f2hpu2dxfosza",
            "defined_tags": {
              "Oracle-Tags.CreatedBy": "default/jorge.e.torlaschi@accenture.com",
              "Oracle-Tags.CreatedOn": "2026-03-02T14:48:35.602Z"
            },
            "description": "Non Production Workload Environment, Common Platform Compartment",
            "enable_delete": true,
            "freeform_tags": {
              "ocilz-terraform-module": "iam-compartments/0.3.3\n"
            },
            "id": "ocid1.compartment.oc19..aaaaaaaaae7mzlg5tsbkklzs4ccxvykxzwbje5phroy4w54iqfm4egec7oda",
            "inactive_state": null,
            "is_accessible": true,
            "name": "o-np-om2-cmp-cdin-platform-001",
            "state": "ACTIVE",
            "time_created": "2026-03-02 14:48:35.698 +0000 UTC",
            "timeouts": null
          },
          "sensitive_attributes": [],
          "identity_schema_version": 0,
          "private": "eyJlMmJmYjczMC1lY2FhLTExZTYtOGY4OC0zNDM2M2JjN2M0YzAiOnsiZGVsZXRlIjo1NDAwMDAwMDAwMDAwfX0=",
          "dependencies": [
            "module.oci_lz_orchestrator.data.oci_identity_regions.these",
            "module.oci_lz_orchestrator.data.oci_identity_tenancy.this",
            "module.oci_lz_orchestrator.module.oci_lz_compartments.oci_identity_compartment.level_2",
            "module.oci_lz_orchestrator.module.oci_lz_compartments.oci_identity_compartment.level_3",
            "module.oci_lz_orchestrator.module.oci_lz_compartments.oci_identity_compartment.these"
          ],
          "create_before_destroy": true
        },
        {
          "index_key": "CMP-LZ-CDINSS-NPR-PROJECTS-KEY",
          "schema_version": 0,
          "attributes": {
            "compartment_id": "ocid1.compartment.oc19..aaaaaaaanhn7icivpxf7blsa4obb56kfja3dainnwlr34o7f2hpu2dxfosza",
            "defined_tags": {
              "Oracle-Tags.CreatedBy": "default/jorge.e.torlaschi@accenture.com",
              "Oracle-Tags.CreatedOn": "2026-03-02T14:48:37.257Z"
            },
            "description": "Non Production Workload Environment, Common Projects Compartment",
            "enable_delete": true,
            "freeform_tags": {
              "ocilz-terraform-module": "iam-compartments/0.3.3\n"
            },
            "id": "ocid1.compartment.oc19..aaaaaaaa5a3uz6bpyyc7jzgh4zedhnwc6y3mwwb2w7v3txybdkrqnhzmyugq",
            "inactive_state": null,
            "is_accessible": true,
            "name": "o-np-om2-cmp-cdin-projects-001",
            "state": "ACTIVE",
            "time_created": "2026-03-02 14:48:37.351 +0000 UTC",
            "timeouts": null
          },
          "sensitive_attributes": [],
          "identity_schema_version": 0,
          "private": "eyJlMmJmYjczMC1lY2FhLTExZTYtOGY4OC0zNDM2M2JjN2M0YzAiOnsiZGVsZXRlIjo1NDAwMDAwMDAwMDAwfX0=",
          "dependencies": [
            "module.oci_lz_orchestrator.data.oci_identity_regions.these",
            "module.oci_lz_orchestrator.data.oci_identity_tenancy.this",
            "module.oci_lz_orchestrator.module.oci_lz_compartments.oci_identity_compartment.level_2",
            "module.oci_lz_orchestrator.module.oci_lz_compartments.oci_identity_compartment.level_3",
            "module.oci_lz_orchestrator.module.oci_lz_compartments.oci_identity_compartment.these"
          ],
          "create_before_destroy": true
        },
        {
          "index_key": "CMP-LZ-CDINSS-NPR-SECURITY-KEY",
          "schema_version": 0,
          "attributes": {
            "compartment_id": "ocid1.compartment.oc19..aaaaaaaanhn7icivpxf7blsa4obb56kfja3dainnwlr34o7f2hpu2dxfosza",
            "defined_tags": {
              "Oracle-Tags.CreatedBy": "default/jorge.e.torlaschi@accenture.com",
              "Oracle-Tags.CreatedOn": "2026-03-02T14:48:35.518Z",
              "o-p-om2-tagns-name-001.o-p-om2-tag-role-001": "o-p-om2-tag-role-security-001"
            },
            "description": "Non Production Workload Environment, Common Security Compartment",
            "enable_delete": true,
            "freeform_tags": {
              "ocilz-terraform-module": "iam-compartments/0.3.3\n"
            },
            "id": "ocid1.compartment.oc19..aaaaaaaas4bgjgyatrorvhot7q672a2ha5skgzro4mk5atan6xlaovyxmlrq",
            "inactive_state": null,
            "is_accessible": true,
            "name": "o-np-om2-cmp-cdin-security-001",
            "state": "ACTIVE",
            "time_created": "2026-03-02 14:48:35.521 +0000 UTC",
            "timeouts": null
          },
          "sensitive_attributes": [],
          "identity_schema_version": 0,
          "private": "eyJlMmJmYjczMC1lY2FhLTExZTYtOGY4OC0zNDM2M2JjN2M0YzAiOnsiZGVsZXRlIjo1NDAwMDAwMDAwMDAwfX0=",
          "dependencies": [
            "module.oci_lz_orchestrator.data.oci_identity_regions.these",
            "module.oci_lz_orchestrator.data.oci_identity_tenancy.this",
            "module.oci_lz_orchestrator.module.oci_lz_compartments.oci_identity_compartment.level_2",
            "module.oci_lz_orchestrator.module.oci_lz_compartments.oci_identity_compartment.level_3",
            "module.oci_lz_orchestrator.module.oci_lz_compartments.oci_identity_compartment.these"
          ],
          "create_before_destroy": true
        },
        {
          "index_key": "CMP-LZ-CDINSS-PROD-NETWORK-KEY",
          "schema_version": 0,
          "attributes": {
            "compartment_id": "ocid1.compartment.oc19..aaaaaaaammyoi6gnuiko5ron4wtc2mam2zvrt3h5vtx7h46cqxtvggcqjnbq",
            "defined_tags": {
              "Oracle-Tags.CreatedBy": "default/jorge.e.torlaschi@accenture.com",
              "Oracle-Tags.CreatedOn": "2026-03-02T14:48:35.597Z",
              "o-p-om2-tagns-name-001.o-p-om2-tag-role-001": "o-p-om2-tag-role-network-001"
            },
            "description": "Prod Workload Environment, Common Network Compartment",
            "enable_delete": true,
            "freeform_tags": {
              "ocilz-terraform-module": "iam-compartments/0.3.3\n"
            },
            "id": "ocid1.compartment.oc19..aaaaaaaarr5wg5uk5v4vsq7bkmfizdjycvl2rnkf3uocbpjzbtvr3mcgd6wa",
            "inactive_state": null,
            "is_accessible": true,
            "name": "o-p-om2-cmp-cdin-network-001",
            "state": "ACTIVE",
            "time_created": "2026-03-02 14:48:35.601 +0000 UTC",
            "timeouts": null
          },
          "sensitive_attributes": [],
          "identity_schema_version": 0,
          "private": "eyJlMmJmYjczMC1lY2FhLTExZTYtOGY4OC0zNDM2M2JjN2M0YzAiOnsiZGVsZXRlIjo1NDAwMDAwMDAwMDAwfX0=",
          "dependencies": [
            "module.oci_lz_orchestrator.data.oci_identity_regions.these",
            "module.oci_lz_orchestrator.data.oci_identity_tenancy.this",
            "module.oci_lz_orchestrator.module.oci_lz_compartments.oci_identity_compartment.level_2",
            "module.oci_lz_orchestrator.module.oci_lz_compartments.oci_identity_compartment.level_3",
            "module.oci_lz_orchestrator.module.oci_lz_compartments.oci_identity_compartment.these"
          ],
          "create_before_destroy": true
        },
        {
          "index_key": "CMP-LZ-CDINSS-PROD-PLATFORM-KEY",
          "schema_version": 0,
          "attributes": {
            "compartment_id": "ocid1.compartment.oc19..aaaaaaaammyoi6gnuiko5ron4wtc2mam2zvrt3h5vtx7h46cqxtvggcqjnbq",
            "defined_tags": {
              "Oracle-Tags.CreatedBy": "default/jorge.e.torlaschi@accenture.com",
              "Oracle-Tags.CreatedOn": "2026-03-02T14:48:35.599Z"
            },
            "description": "Production Workload Environment, Common Platform Compartment",
            "enable_delete": true,
            "freeform_tags": {
              "ocilz-terraform-module": "iam-compartments/0.3.3\n"
            },
            "id": "ocid1.compartment.oc19..aaaaaaaazzgmm6k5ga37ahasercvk77jrzquef2yyv5znhxtzqlrwoszgyta",
            "inactive_state": null,
            "is_accessible": true,
            "name": "o-p-om2-cmp-cdin-platform-001",
            "state": "ACTIVE",
            "time_created": "2026-03-02 14:48:36.162 +0000 UTC",
            "timeouts": null
          },
          "sensitive_attributes": [],
          "identity_schema_version": 0,
          "private": "eyJlMmJmYjczMC1lY2FhLTExZTYtOGY4OC0zNDM2M2JjN2M0YzAiOnsiZGVsZXRlIjo1NDAwMDAwMDAwMDAwfX0=",
          "dependencies": [
            "module.oci_lz_orchestrator.data.oci_identity_regions.these",
            "module.oci_lz_orchestrator.data.oci_identity_tenancy.this",
            "module.oci_lz_orchestrator.module.oci_lz_compartments.oci_identity_compartment.level_2",
            "module.oci_lz_orchestrator.module.oci_lz_compartments.oci_identity_compartment.level_3",
            "module.oci_lz_orchestrator.module.oci_lz_compartments.oci_identity_compartment.these"
          ],
          "create_before_destroy": true
        },
        {
          "index_key": "CMP-LZ-CDINSS-PROD-PROJECTS-KEY",
          "schema_version": 0,
          "attributes": {
            "compartment_id": "ocid1.compartment.oc19..aaaaaaaammyoi6gnuiko5ron4wtc2mam2zvrt3h5vtx7h46cqxtvggcqjnbq",
            "defined_tags": {
              "Oracle-Tags.CreatedBy": "default/jorge.e.torlaschi@accenture.com",
              "Oracle-Tags.CreatedOn": "2026-03-02T14:48:37.616Z"
            },
            "description": "Production Workload Environment, Common Projects Compartment",
            "enable_delete": true,
            "freeform_tags": {
              "ocilz-terraform-module": "iam-compartments/0.3.3\n"
            },
            "id": "ocid1.compartment.oc19..aaaaaaaajtbvbnumnv3f7ifhaz2keavrfepcbcnt3lmyxpuu2mdvqkjrhprq",
            "inactive_state": null,
            "is_accessible": true,
            "name": "o-p-om2-cmp-cdin-projects-001",
            "state": "ACTIVE",
            "time_created": "2026-03-02 14:48:37.618 +0000 UTC",
            "timeouts": null
          },
          "sensitive_attributes": [],
          "identity_schema_version": 0,
          "private": "eyJlMmJmYjczMC1lY2FhLTExZTYtOGY4OC0zNDM2M2JjN2M0YzAiOnsiZGVsZXRlIjo1NDAwMDAwMDAwMDAwfX0=",
          "dependencies": [
            "module.oci_lz_orchestrator.data.oci_identity_regions.these",
            "module.oci_lz_orchestrator.data.oci_identity_tenancy.this",
            "module.oci_lz_orchestrator.module.oci_lz_compartments.oci_identity_compartment.level_2",
            "module.oci_lz_orchestrator.module.oci_lz_compartments.oci_identity_compartment.level_3",
            "module.oci_lz_orchestrator.module.oci_lz_compartments.oci_identity_compartment.these"
          ],
          "create_before_destroy": true
        },
        {
          "index_key": "CMP-LZ-CDINSS-PROD-SECURITY-KEY",
          "schema_version": 0,
          "attributes": {
            "compartment_id": "ocid1.compartment.oc19..aaaaaaaammyoi6gnuiko5ron4wtc2mam2zvrt3h5vtx7h46cqxtvggcqjnbq",
            "defined_tags": {
              "Oracle-Tags.CreatedBy": "default/jorge.e.torlaschi@accenture.com",
              "Oracle-Tags.CreatedOn": "2026-03-02T14:48:37.210Z",
              "o-p-om2-tagns-name-001.o-p-om2-tag-role-001": "o-p-om2-tag-role-security-001"
            },
            "description": "Production Workload Environment, Common Security Compartment",
            "enable_delete": true,
            "freeform_tags": {
              "ocilz-terraform-module": "iam-compartments/0.3.3\n"
            },
            "id": "ocid1.compartment.oc19..aaaaaaaayikigu5uygwbzwg4gn2w6y7iydohdt7xci4ghbgm4hdc35v4bkha",
            "inactive_state": null,
            "is_accessible": true,
            "name": "o-p-om2-cmp-cdin-security-001",
            "state": "ACTIVE",
            "time_created": "2026-03-02 14:48:37.213 +0000 UTC",
            "timeouts": null
          },
          "sensitive_attributes": [],
          "identity_schema_version": 0,
          "private": "eyJlMmJmYjczMC1lY2FhLTExZTYtOGY4OC0zNDM2M2JjN2M0YzAiOnsiZGVsZXRlIjo1NDAwMDAwMDAwMDAwfX0=",
          "dependencies": [
            "module.oci_lz_orchestrator.data.oci_identity_regions.these",
            "module.oci_lz_orchestrator.data.oci_identity_tenancy.this",
            "module.oci_lz_orchestrator.module.oci_lz_compartments.oci_identity_compartment.level_2",
            "module.oci_lz_orchestrator.module.oci_lz_compartments.oci_identity_compartment.level_3",
            "module.oci_lz_orchestrator.module.oci_lz_compartments.oci_identity_compartment.these"
          ],
          "create_before_destroy": true
        },
        {
          "index_key": "CMP-LZ-EXACS-DB-KEY",
          "schema_version": 0,
          "attributes": {
            "compartment_id": "ocid1.compartment.oc19..aaaaaaaayxndgn4lu5jlg5u55ryd3ofbakxg3tcz3blufnv63upa3dci4irq",
            "defined_tags": {
              "Oracle-Tags.CreatedBy": "default/jorge.e.torlaschi@accenture.com",
              "Oracle-Tags.CreatedOn": "2026-03-02T14:48:35.514Z",
              "o-p-om2-tagns-name-001.o-p-om2-tag-role-001": "o-p-om2-tag-role-exadb-001"
            },
            "description": "Shared exacs Platform, db compartment",
            "enable_delete": true,
            "freeform_tags": {
              "ocilz-terraform-module": "iam-compartments/0.3.3\n"
            },
            "id": "ocid1.compartment.oc19..aaaaaaaahvuaj52rqhvblgpg45xt75l4vknm66ze77n4nhohdcgudyo6gzxa",
            "inactive_state": null,
            "is_accessible": true,
            "name": "o-p-om2-cmp-exacsdb-001",
            "state": "ACTIVE",
            "time_created": "2026-03-02 14:48:35.792 +0000 UTC",
            "timeouts": null
          },
          "sensitive_attributes": [],
          "identity_schema_version": 0,
          "private": "eyJlMmJmYjczMC1lY2FhLTExZTYtOGY4OC0zNDM2M2JjN2M0YzAiOnsiZGVsZXRlIjo1NDAwMDAwMDAwMDAwfX0=",
          "dependencies": [
            "module.oci_lz_orchestrator.data.oci_identity_regions.these",
            "module.oci_lz_orchestrator.data.oci_identity_tenancy.this",
            "module.oci_lz_orchestrator.module.oci_lz_compartments.oci_identity_compartment.level_2",
            "module.oci_lz_orchestrator.module.oci_lz_compartments.oci_identity_compartment.level_3",
            "module.oci_lz_orchestrator.module.oci_lz_compartments.oci_identity_compartment.these"
          ],
          "create_before_destroy": true
        },
        {
          "index_key": "CMP-LZ-EXACS-INFRA-KEY",
          "schema_version": 0,
          "attributes": {
            "compartment_id": "ocid1.compartment.oc19..aaaaaaaayxndgn4lu5jlg5u55ryd3ofbakxg3tcz3blufnv63upa3dci4irq",
            "defined_tags": {
              "Oracle-Tags.CreatedBy": "default/jorge.e.torlaschi@accenture.com",
              "Oracle-Tags.CreatedOn": "2026-03-02T14:48:37.449Z",
              "o-p-om2-tagns-name-001.o-p-om2-tag-role-001": "o-p-om2-tag-role-exainfra-001"
            },
            "description": "Shared exacs Platform, infra compartment",
            "enable_delete": true,
            "freeform_tags": {
              "ocilz-terraform-module": "iam-compartments/0.3.3\n"
            },
            "id": "ocid1.compartment.oc19..aaaaaaaa6w2bim72g63vdjhcbvzg7uf4j7hm7g3ohvcpp4dkipcqnp7ydvma",
            "inactive_state": null,
            "is_accessible": true,
            "name": "o-p-om2-cmp-exacsinfra-001",
            "state": "ACTIVE",
            "time_created": "2026-03-02 14:48:37.451 +0000 UTC",
            "timeouts": null
          },
          "sensitive_attributes": [],
          "identity_schema_version": 0,
          "private": "eyJlMmJmYjczMC1lY2FhLTExZTYtOGY4OC0zNDM2M2JjN2M0YzAiOnsiZGVsZXRlIjo1NDAwMDAwMDAwMDAwfX0=",
          "dependencies": [
            "module.oci_lz_orchestrator.data.oci_identity_regions.these",
            "module.oci_lz_orchestrator.data.oci_identity_tenancy.this",
            "module.oci_lz_orchestrator.module.oci_lz_compartments.oci_identity_compartment.level_2",
            "module.oci_lz_orchestrator.module.oci_lz_compartments.oci_identity_compartment.level_3",
            "module.oci_lz_orchestrator.module.oci_lz_compartments.oci_identity_compartment.these"
          ],
          "create_before_destroy": true
        }
      ]
    },
    {
      "module": "module.oci_lz_orchestrator.module.oci_lz_compartments[0]",
      "mode": "managed",
      "type": "oci_identity_compartment",
      "name": "these",
      "provider": "module.oci_lz_orchestrator.provider[\"registry.terraform.io/oracle/oci\"].home",
      "instances": [
        {
          "index_key": "CMP-LANDINGZONE-KEY",
          "schema_version": 0,
          "attributes": {
            "compartment_id": "ocid1.tenancy.oc19..aaaaaaaa4ftkyx3ao73kndo3mbltj6gtbf27mxbgpu65a33ipgo2wqyj4zba",
            "defined_tags": {
              "Oracle-Tags.CreatedBy": "default/jorge.e.torlaschi@accenture.com",
              "Oracle-Tags.CreatedOn": "2026-03-02T14:47:58.829Z"
            },
            "description": "Enclosing Production Landing Zone Compartment",
            "enable_delete": true,
            "freeform_tags": {
              "ocilz-terraform-module": "iam-compartments/0.3.3\n"
            },
            "id": "ocid1.compartment.oc19..aaaaaaaa64nf6r6r2sjiqnyl7rzujvboeyj55psfrwqycdp6fydhncte7v7q",
            "inactive_state": null,
            "is_accessible": true,
            "name": "o-p-om2-cmp-land-001",
            "state": "ACTIVE",
            "time_created": "2026-03-02 14:47:58.838 +0000 UTC",
            "timeouts": null
          },
          "sensitive_attributes": [],
          "identity_schema_version": 0,
          "private": "eyJlMmJmYjczMC1lY2FhLTExZTYtOGY4OC0zNDM2M2JjN2M0YzAiOnsiZGVsZXRlIjo1NDAwMDAwMDAwMDAwfX0=",
          "dependencies": [
            "module.oci_lz_orchestrator.data.oci_identity_regions.these",
            "module.oci_lz_orchestrator.data.oci_identity_tenancy.this"
          ],
          "create_before_destroy": true
        }
      ]
    },
    {
      "module": "module.oci_lz_orchestrator.module.oci_lz_identity_domains[0]",
      "mode": "data",
      "type": "oci_identity_domain",
      "name": "grp_domain",
      "provider": "module.oci_lz_orchestrator.provider[\"registry.terraform.io/oracle/oci\"].home",
      "instances": [
        {
          "index_key": "GRP-AUDITORS-ADMIN-KEY",
          "schema_version": 0,
          "attributes": {
            "admin_email": null,
            "admin_first_name": null,
            "admin_last_name": null,
            "admin_user_name": null,
            "compartment_id": null,
            "defined_tags": null,
            "description": null,
            "display_name": null,
            "domain_id": null,
            "freeform_tags": null,
            "home_region": null,
            "home_region_url": null,
            "id": null,
            "is_hidden_on_login": null,
            "is_notification_bypassed": null,
            "is_primary_email_required": null,
            "license_type": null,
            "lifecycle_details": null,
            "replica_regions": null,
            "state": null,
            "time_created": null,
            "type": null,
            "url": null
          },
          "sensitive_attributes": [],
          "identity_schema_version": 0
        },
        {
          "index_key": "GRP-COST-ADMIN-KEY",
          "schema_version": 0,
          "attributes": {
            "admin_email": null,
            "admin_first_name": null,
            "admin_last_name": null,
            "admin_user_name": null,
            "compartment_id": null,
            "defined_tags": null,
            "description": null,
            "display_name": null,
            "domain_id": null,
            "freeform_tags": null,
            "home_region": null,
            "home_region_url": null,
            "id": null,
            "is_hidden_on_login": null,
            "is_notification_bypassed": null,
            "is_primary_email_required": null,
            "license_type": null,
            "lifecycle_details": null,
            "replica_regions": null,
            "state": null,
            "time_created": null,
            "type": null,
            "url": null
          },
          "sensitive_attributes": [],
          "identity_schema_version": 0
        },
        {
          "index_key": "GRP-GLOBALSERV-ADMIN-KEY",
          "schema_version": 0,
          "attributes": {
            "admin_email": null,
            "admin_first_name": null,
            "admin_last_name": null,
            "admin_user_name": null,
            "compartment_id": null,
            "defined_tags": null,
            "description": null,
            "display_name": null,
            "domain_id": null,
            "freeform_tags": null,
            "home_region": null,
            "home_region_url": null,
            "id": null,
            "is_hidden_on_login": null,
            "is_notification_bypassed": null,
            "is_primary_email_required": null,
            "license_type": null,
            "lifecycle_details": null,
            "replica_regions": null,
            "state": null,
            "time_created": null,
            "type": null,
            "url": null
          },
          "sensitive_attributes": [],
          "identity_schema_version": 0
        },
        {
          "index_key": "GRP-IAM-ADMIN-KEY",
          "schema_version": 0,
          "attributes": {
            "admin_email": null,
            "admin_first_name": null,
            "admin_last_name": null,
            "admin_user_name": null,
            "compartment_id": null,
            "defined_tags": null,
            "description": null,
            "display_name": null,
            "domain_id": null,
            "freeform_tags": null,
            "home_region": null,
            "home_region_url": null,
            "id": null,
            "is_hidden_on_login": null,
            "is_notification_bypassed": null,
            "is_primary_email_required": null,
            "license_type": null,
            "lifecycle_details": null,
            "replica_regions": null,
            "state": null,
            "time_created": null,
            "type": null,
            "url": null
          },
          "sensitive_attributes": [],
          "identity_schema_version": 0
        },
        {
          "index_key": "GRP-LZ-DB-ADMINS",
          "schema_version": 0,
          "attributes": {
            "admin_email": null,
            "admin_first_name": null,
            "admin_last_name": null,
            "admin_user_name": null,
            "compartment_id": null,
            "defined_tags": null,
            "description": null,
            "display_name": null,
            "domain_id": null,
            "freeform_tags": null,
            "home_region": null,
            "home_region_url": null,
            "id": null,
            "is_hidden_on_login": null,
            "is_notification_bypassed": null,
            "is_primary_email_required": null,
            "license_type": null,
            "lifecycle_details": null,
            "replica_regions": null,
            "state": null,
            "time_created": null,
            "type": null,
            "url": null
          },
          "sensitive_attributes": [],
          "identity_schema_version": 0
        },
        {
          "index_key": "GRP-LZ-INFRA-ADMINS",
          "schema_version": 0,
          "attributes": {
            "admin_email": null,
            "admin_first_name": null,
            "admin_last_name": null,
            "admin_user_name": null,
            "compartment_id": null,
            "defined_tags": null,
            "description": null,
            "display_name": null,
            "domain_id": null,
            "freeform_tags": null,
            "home_region": null,
            "home_region_url": null,
            "id": null,
            "is_hidden_on_login": null,
            "is_notification_bypassed": null,
            "is_primary_email_required": null,
            "license_type": null,
            "lifecycle_details": null,
            "replica_regions": null,
            "state": null,
            "time_created": null,
            "type": null,
            "url": null
          },
          "sensitive_attributes": [],
          "identity_schema_version": 0
        },
        {
          "index_key": "GRP-NETWORK-ADMIN-KEY",
          "schema_version": 0,
          "attributes": {
            "admin_email": null,
            "admin_first_name": null,
            "admin_last_name": null,
            "admin_user_name": null,
            "compartment_id": null,
            "defined_tags": null,
            "description": null,
            "display_name": null,
            "domain_id": null,
            "freeform_tags": null,
            "home_region": null,
            "home_region_url": null,
            "id": null,
            "is_hidden_on_login": null,
            "is_notification_bypassed": null,
            "is_primary_email_required": null,
            "license_type": null,
            "lifecycle_details": null,
            "replica_regions": null,
            "state": null,
            "time_created": null,
            "type": null,
            "url": null
          },
          "sensitive_attributes": [],
          "identity_schema_version": 0
        },
        {
          "index_key": "GRP-SECURITY-ADMIN-KEY",
          "schema_version": 0,
          "attributes": {
            "admin_email": null,
            "admin_first_name": null,
            "admin_last_name": null,
            "admin_user_name": null,
            "compartment_id": null,
            "defined_tags": null,
            "description": null,
            "display_name": null,
            "domain_id": null,
            "freeform_tags": null,
            "home_region": null,
            "home_region_url": null,
            "id": null,
            "is_hidden_on_login": null,
            "is_notification_bypassed": null,
            "is_primary_email_required": null,
            "license_type": null,
            "lifecycle_details": null,
            "replica_regions": null,
            "state": null,
            "time_created": null,
            "type": null,
            "url": null
          },
          "sensitive_attributes": [],
          "identity_schema_version": 0
        }
      ]
    },
    {
      "module": "module.oci_lz_orchestrator.module.oci_lz_identity_domains[0]",
      "mode": "data",
      "type": "oci_identity_region_subscriptions",
      "name": "this",
      "provider": "module.oci_lz_orchestrator.provider[\"registry.terraform.io/oracle/oci\"].home",
      "instances": [
        {
          "schema_version": 0,
          "attributes": {
            "filter": null,
            "id": "IdentityRegionSubscriptionsDataSource-1032845147",
            "region_subscriptions": [
              {
                "is_home_region": true,
                "region_key": "VLL",
                "region_name": "eu-madrid-2",
                "state": "READY",
                "tenancy_id": ""
              }
            ],
            "tenancy_id": "ocid1.tenancy.oc19..aaaaaaaa4ftkyx3ao73kndo3mbltj6gtbf27mxbgpu65a33ipgo2wqyj4zba"
          },
          "sensitive_attributes": [],
          "identity_schema_version": 0
        }
      ]
    },
    {
      "module": "module.oci_lz_orchestrator.module.oci_lz_identity_domains[0]",
      "mode": "data",
      "type": "oci_identity_regions",
      "name": "these",
      "provider": "module.oci_lz_orchestrator.provider[\"registry.terraform.io/oracle/oci\"].home",
      "instances": [
        {
          "schema_version": 0,
          "attributes": {
            "filter": null,
            "id": "IdentityRegionsDataSource-0",
            "regions": [
              {
                "key": "STR",
                "name": "eu-frankfurt-2"
              },
              {
                "key": "VLL",
                "name": "eu-madrid-2"
              }
            ]
          },
          "sensitive_attributes": [],
          "identity_schema_version": 0
        }
      ]
    },
    {
      "module": "module.oci_lz_orchestrator.module.oci_lz_identity_domains[0]",
      "mode": "data",
      "type": "oci_identity_tenancy",
      "name": "this",
      "provider": "module.oci_lz_orchestrator.provider[\"registry.terraform.io/oracle/oci\"].home",
      "instances": [
        {
          "schema_version": 0,
          "attributes": {
            "defined_tags": {},
            "description": "TENLS-6209",
            "freeform_tags": {},
            "home_region_key": "VLL",
            "id": "ocid1.tenancy.oc19..aaaaaaaa4ftkyx3ao73kndo3mbltj6gtbf27mxbgpu65a33ipgo2wqyj4zba",
            "name": "seguridadsocial",
            "tenancy_id": "ocid1.tenancy.oc19..aaaaaaaa4ftkyx3ao73kndo3mbltj6gtbf27mxbgpu65a33ipgo2wqyj4zba",
            "upi_idcs_compatibility_layer_endpoint": null
          },
          "sensitive_attributes": [],
          "identity_schema_version": 0
        }
      ]
    },
    {
      "module": "module.oci_lz_orchestrator.module.oci_lz_identity_domains[0]",
      "mode": "managed",
      "type": "oci_identity_domain",
      "name": "these",
      "provider": "module.oci_lz_orchestrator.provider[\"registry.terraform.io/oracle/oci\"].home",
      "instances": [
        {
          "index_key": "COMMON-DOMAIN",
          "schema_version": 0,
          "attributes": {
            "admin_email": null,
            "admin_first_name": null,
            "admin_last_name": null,
            "admin_user_name": null,
            "compartment_id": "ocid1.tenancy.oc19..aaaaaaaa4ftkyx3ao73kndo3mbltj6gtbf27mxbgpu65a33ipgo2wqyj4zba",
            "defined_tags": {
              "Oracle-Tags.CreatedBy": "default/jorge.e.torlaschi@accenture.com",
              "Oracle-Tags.CreatedOn": "2026-03-02T14:48:56.740Z"
            },
            "description": "One-OE LZ common Identity Domain",
            "display_name": "o-p-om2-id-common-001",
            "freeform_tags": {
              "ocilz-terraform-module": "iam-identity-domains/0.3.3\n"
            },
            "home_region": "eu-madrid-2",
            "home_region_url": "https://idcs-fc0745de6b0e4fa6be58e6f675d4d915.eu-madrid-idcs-2.identity.eu-madrid-2.oci.oraclecloud.eu:443",
            "id": "ocid1.domain.oc19..aaaaaaaaao5o45go44g7az7luano6ffcqrbrnj3ajrhjtbri6jchvkhljmnq",
            "is_hidden_on_login": false,
            "is_notification_bypassed": false,
            "is_primary_email_required": false,
            "license_type": "free",
            "lifecycle_details": "",
            "replica_regions": [],
            "state": "ACTIVE",
            "time_created": "2026-03-02 14:48:57.387 +0000 UTC",
            "timeouts": null,
            "type": "SECONDARY",
            "url": "https://idcs-fc0745de6b0e4fa6be58e6f675d4d915.eu-madrid-idcs-2.identity.oci.oraclecloud.eu:443"
          },
          "sensitive_attributes": [],
          "identity_schema_version": 0,
          "private": "eyJlMmJmYjczMC1lY2FhLTExZTYtOGY4OC0zNDM2M2JjN2M0YzAiOnsiY3JlYXRlIjoxMjAwMDAwMDAwMDAwLCJkZWxldGUiOjEyMDAwMDAwMDAwMDAsInVwZGF0ZSI6MTIwMDAwMDAwMDAwMH19",
          "dependencies": [
            "module.oci_lz_orchestrator.data.oci_identity_regions.these",
            "module.oci_lz_orchestrator.data.oci_identity_tenancy.this",
            "module.oci_lz_orchestrator.module.oci_lz_compartments.oci_identity_compartment.level_2",
            "module.oci_lz_orchestrator.module.oci_lz_compartments.oci_identity_compartment.level_3",
            "module.oci_lz_orchestrator.module.oci_lz_compartments.oci_identity_compartment.level_4",
            "module.oci_lz_orchestrator.module.oci_lz_compartments.oci_identity_compartment.level_5",
            "module.oci_lz_orchestrator.module.oci_lz_compartments.oci_identity_compartment.level_6",
            "module.oci_lz_orchestrator.module.oci_lz_compartments.oci_identity_compartment.these",
            "module.oci_lz_orchestrator.module.oci_lz_compartments.oci_identity_tag_default.these",
            "module.oci_lz_orchestrator.module.oci_lz_identity_domains.data.oci_identity_regions.these",
            "module.oci_lz_orchestrator.module.oci_lz_identity_domains.data.oci_identity_tenancy.this",
            "module.oci_lz_orchestrator.module.oci_lz_tags.data.oci_identity_tag.default_created_by",
            "module.oci_lz_orchestrator.module.oci_lz_tags.data.oci_identity_tag.default_created_on",
            "module.oci_lz_orchestrator.module.oci_lz_tags.data.oci_identity_tag_namespaces.oracle_default",
            "module.oci_lz_orchestrator.module.oci_lz_tags.oci_identity_tag.these",
            "module.oci_lz_orchestrator.module.oci_lz_tags.oci_identity_tag_default.these",
            "module.oci_lz_orchestrator.module.oci_lz_tags.oci_identity_tag_namespace.these"
          ]
        }
      ]
    },
    {
      "module": "module.oci_lz_orchestrator.module.oci_lz_identity_domains[0]",
      "mode": "managed",
      "type": "oci_identity_domains_group",
      "name": "these",
      "provider": "module.oci_lz_orchestrator.provider[\"registry.terraform.io/oracle/oci\"].home",
      "instances": [
        {
          "index_key": "GRP-AUDITORS-ADMIN-KEY",
          "schema_version": 0,
          "attributes": {
            "attribute_sets": null,
            "attributes": null,
            "authorization": null,
            "compartment_ocid": "ocid1.tenancy.oc19..aaaaaaaa4ftkyx3ao73kndo3mbltj6gtbf27mxbgpu65a33ipgo2wqyj4zba",
            "delete_in_progress": null,
            "display_name": "o-p-om2-grp-admi-auditors-001",
            "domain_ocid": "ocid1.domain.oc19..aaaaaaaaao5o45go44g7az7luano6ffcqrbrnj3ajrhjtbri6jchvkhljmnq",
            "external_id": null,
            "force_delete": null,
            "id": "2e8aabbf71394829aa30fcaabce3a066",
            "idcs_created_by": [
              {
                "display": "Jorge torlaschi",
                "ocid": "ocid1.user.oc19..aaaaaaaa5ccj642agovx5r4ag2efhpd5tak66j7s3dtoogvne4d2fxwcgfrq",
                "ref": "https://idcs-fc0745de6b0e4fa6be58e6f675d4d915.eu-madrid-idcs-2.identity.oci.oraclecloud.eu:443/admin/v1/Users/bd17c9849edd447bbacd840ac616d92a",
                "type": "User",
                "value": "bd17c9849edd447bbacd840ac616d92a"
              }
            ],
            "idcs_endpoint": "https://idcs-fc0745de6b0e4fa6be58e6f675d4d915.eu-madrid-idcs-2.identity.oci.oraclecloud.eu:443",
            "idcs_last_modified_by": [
              {
                "display": "Jorge torlaschi",
                "ocid": "ocid1.user.oc19..aaaaaaaa5ccj642agovx5r4ag2efhpd5tak66j7s3dtoogvne4d2fxwcgfrq",
                "ref": "https://idcs-fc0745de6b0e4fa6be58e6f675d4d915.eu-madrid-idcs-2.identity.oci.oraclecloud.eu:443/admin/v1/Users/bd17c9849edd447bbacd840ac616d92a",
                "type": "User",
                "value": "bd17c9849edd447bbacd840ac616d92a"
              }
            ],
            "idcs_last_upgraded_in_release": null,
            "idcs_prevented_operations": [],
            "members": [],
            "meta": [
              {
                "created": "2026-03-02T14:49:21.684Z",
                "last_modified": "2026-03-02T14:49:21.684Z",
                "location": "https://idcs-fc0745de6b0e4fa6be58e6f675d4d915.eu-madrid-idcs-2.identity.oci.oraclecloud.eu:443/admin/v1/Groups/2e8aabbf71394829aa30fcaabce3a066",
                "resource_type": "Group",
                "version": "5a0b218bbe5c471b8452225609868718"
              }
            ],
            "non_unique_display_name": null,
            "ocid": "ocid1.group.oc19..aaaaaaaawul7gka5ln3uek5sqdtvslqf6dzy5jeiytnxe2wxnjjdmnkulq5q",
            "resource_type_schema_version": null,
            "schemas": [
              "urn:ietf:params:scim:schemas:core:2.0:Group",
              "urn:ietf:params:scim:schemas:oracle:idcs:extension:OCITags",
              "urn:ietf:params:scim:schemas:oracle:idcs:extension:group:Group"
            ],
            "tags": [],
            "tenancy_ocid": "ocid1.tenancy.oc19..aaaaaaaa4ftkyx3ao73kndo3mbltj6gtbf27mxbgpu65a33ipgo2wqyj4zba",
            "timeouts": null,
            "urnietfparamsscimschemasoracleidcsextension_oci_tags": [
              {
                "defined_tags": [
                  {
                    "key": "CreatedBy",
                    "namespace": "Oracle-Tags",
                    "value": "default/jorge.e.torlaschi@accenture.com"
                  },
                  {
                    "key": "CreatedOn",
                    "namespace": "Oracle-Tags",
                    "value": "2026-03-02T14:49:21.662Z"
                  }
                ],
                "freeform_tags": [
                  {
                    "key": "ocilz-terraform-module",
                    "value": "iam-identity-domains/0.3.3"
                  }
                ],
                "tag_slug": ""
              }
            ],
            "urnietfparamsscimschemasoracleidcsextensiondbcs_group": [],
            "urnietfparamsscimschemasoracleidcsextensiondynamic_group": [],
            "urnietfparamsscimschemasoracleidcsextensiongroup_group": [
              {
                "app_roles": [],
                "creation_mechanism": "",
                "description": "Tenancy global read access group(for security auditing or health checks).",
                "grants": [],
                "owners": [],
                "password_policy": [],
                "synced_from_app": []
              }
            ],
            "urnietfparamsscimschemasoracleidcsextensionposix_group": [],
            "urnietfparamsscimschemasoracleidcsextensionrequestable_group": []
          },
          "sensitive_attributes": [],
          "identity_schema_version": 0,
          "private": "eyJlMmJmYjczMC1lY2FhLTExZTYtOGY4OC0zNDM2M2JjN2M0YzAiOnsiY3JlYXRlIjoxMjAwMDAwMDAwMDAwLCJkZWxldGUiOjEyMDAwMDAwMDAwMDAsInVwZGF0ZSI6MTIwMDAwMDAwMDAwMH19",
          "dependencies": [
            "module.oci_lz_orchestrator.data.oci_identity_regions.these",
            "module.oci_lz_orchestrator.data.oci_identity_tenancy.this",
            "module.oci_lz_orchestrator.module.oci_lz_compartments.oci_identity_compartment.level_2",
            "module.oci_lz_orchestrator.module.oci_lz_compartments.oci_identity_compartment.level_3",
            "module.oci_lz_orchestrator.module.oci_lz_compartments.oci_identity_compartment.level_4",
            "module.oci_lz_orchestrator.module.oci_lz_compartments.oci_identity_compartment.level_5",
            "module.oci_lz_orchestrator.module.oci_lz_compartments.oci_identity_compartment.level_6",
            "module.oci_lz_orchestrator.module.oci_lz_compartments.oci_identity_compartment.these",
            "module.oci_lz_orchestrator.module.oci_lz_compartments.oci_identity_tag_default.these",
            "module.oci_lz_orchestrator.module.oci_lz_identity_domains.data.oci_identity_domain.grp_domain",
            "module.oci_lz_orchestrator.module.oci_lz_identity_domains.data.oci_identity_domains_users.these",
            "module.oci_lz_orchestrator.module.oci_lz_identity_domains.data.oci_identity_regions.these",
            "module.oci_lz_orchestrator.module.oci_lz_identity_domains.data.oci_identity_tenancy.this",
            "module.oci_lz_orchestrator.module.oci_lz_identity_domains.oci_identity_domain.these",
            "module.oci_lz_orchestrator.module.oci_lz_tags.data.oci_identity_tag.default_created_by",
            "module.oci_lz_orchestrator.module.oci_lz_tags.data.oci_identity_tag.default_created_on",
            "module.oci_lz_orchestrator.module.oci_lz_tags.data.oci_identity_tag_namespaces.oracle_default",
            "module.oci_lz_orchestrator.module.oci_lz_tags.oci_identity_tag.these",
            "module.oci_lz_orchestrator.module.oci_lz_tags.oci_identity_tag_default.these",
            "module.oci_lz_orchestrator.module.oci_lz_tags.oci_identity_tag_namespace.these"
          ]
        },
        {
          "index_key": "GRP-COST-ADMIN-KEY",
          "schema_version": 0,
          "attributes": {
            "attribute_sets": null,
            "attributes": null,
            "authorization": null,
            "compartment_ocid": "ocid1.tenancy.oc19..aaaaaaaa4ftkyx3ao73kndo3mbltj6gtbf27mxbgpu65a33ipgo2wqyj4zba",
            "delete_in_progress": null,
            "display_name": "o-p-om2-grp-admi-costs-001",
            "domain_ocid": "ocid1.domain.oc19..aaaaaaaaao5o45go44g7az7luano6ffcqrbrnj3ajrhjtbri6jchvkhljmnq",
            "external_id": null,
            "force_delete": null,
            "id": "b9da44ba24504cbc9d67f32b3c5f60b3",
            "idcs_created_by": [
              {
                "display": "Jorge torlaschi",
                "ocid": "ocid1.user.oc19..aaaaaaaa5ccj642agovx5r4ag2efhpd5tak66j7s3dtoogvne4d2fxwcgfrq",
                "ref": "https://idcs-fc0745de6b0e4fa6be58e6f675d4d915.eu-madrid-idcs-2.identity.oci.oraclecloud.eu:443/admin/v1/Users/bd17c9849edd447bbacd840ac616d92a",
                "type": "User",
                "value": "bd17c9849edd447bbacd840ac616d92a"
              }
            ],
            "idcs_endpoint": "https://idcs-fc0745de6b0e4fa6be58e6f675d4d915.eu-madrid-idcs-2.identity.oci.oraclecloud.eu:443",
            "idcs_last_modified_by": [
              {
                "display": "Jorge torlaschi",
                "ocid": "ocid1.user.oc19..aaaaaaaa5ccj642agovx5r4ag2efhpd5tak66j7s3dtoogvne4d2fxwcgfrq",
                "ref": "https://idcs-fc0745de6b0e4fa6be58e6f675d4d915.eu-madrid-idcs-2.identity.oci.oraclecloud.eu:443/admin/v1/Users/bd17c9849edd447bbacd840ac616d92a",
                "type": "User",
                "value": "bd17c9849edd447bbacd840ac616d92a"
              }
            ],
            "idcs_last_upgraded_in_release": null,
            "idcs_prevented_operations": [],
            "members": [],
            "meta": [
              {
                "created": "2026-03-02T14:49:21.683Z",
                "last_modified": "2026-03-02T14:49:21.683Z",
                "location": "https://idcs-fc0745de6b0e4fa6be58e6f675d4d915.eu-madrid-idcs-2.identity.oci.oraclecloud.eu:443/admin/v1/Groups/b9da44ba24504cbc9d67f32b3c5f60b3",
                "resource_type": "Group",
                "version": "bbbb8589c53844e79c216aa1cfc0c46a"
              }
            ],
            "non_unique_display_name": null,
            "ocid": "ocid1.group.oc19..aaaaaaaato36eu7p45utecbl4gg5tcyrcqckkq4iru4fvvw666almugxyjra",
            "resource_type_schema_version": null,
            "schemas": [
              "urn:ietf:params:scim:schemas:core:2.0:Group",
              "urn:ietf:params:scim:schemas:oracle:idcs:extension:OCITags",
              "urn:ietf:params:scim:schemas:oracle:idcs:extension:group:Group"
            ],
            "tags": [],
            "tenancy_ocid": "ocid1.tenancy.oc19..aaaaaaaa4ftkyx3ao73kndo3mbltj6gtbf27mxbgpu65a33ipgo2wqyj4zba",
            "timeouts": null,
            "urnietfparamsscimschemasoracleidcsextension_oci_tags": [
              {
                "defined_tags": [
                  {
                    "key": "CreatedBy",
                    "namespace": "Oracle-Tags",
                    "value": "default/jorge.e.torlaschi@accenture.com"
                  },
                  {
                    "key": "CreatedOn",
                    "namespace": "Oracle-Tags",
                    "value": "2026-03-02T14:49:21.662Z"
                  }
                ],
                "freeform_tags": [
                  {
                    "key": "ocilz-terraform-module",
                    "value": "iam-identity-domains/0.3.3"
                  }
                ],
                "tag_slug": ""
              }
            ],
            "urnietfparamsscimschemasoracleidcsextensiondbcs_group": [],
            "urnietfparamsscimschemasoracleidcsextensiondynamic_group": [],
            "urnietfparamsscimschemasoracleidcsextensiongroup_group": [
              {
                "app_roles": [],
                "creation_mechanism": "",
                "description": "Tenancy global cost control group.",
                "grants": [],
                "owners": [],
                "password_policy": [],
                "synced_from_app": []
              }
            ],
            "urnietfparamsscimschemasoracleidcsextensionposix_group": [],
            "urnietfparamsscimschemasoracleidcsextensionrequestable_group": []
          },
          "sensitive_attributes": [],
          "identity_schema_version": 0,
          "private": "eyJlMmJmYjczMC1lY2FhLTExZTYtOGY4OC0zNDM2M2JjN2M0YzAiOnsiY3JlYXRlIjoxMjAwMDAwMDAwMDAwLCJkZWxldGUiOjEyMDAwMDAwMDAwMDAsInVwZGF0ZSI6MTIwMDAwMDAwMDAwMH19",
          "dependencies": [
            "module.oci_lz_orchestrator.data.oci_identity_regions.these",
            "module.oci_lz_orchestrator.data.oci_identity_tenancy.this",
            "module.oci_lz_orchestrator.module.oci_lz_compartments.oci_identity_compartment.level_2",
            "module.oci_lz_orchestrator.module.oci_lz_compartments.oci_identity_compartment.level_3",
            "module.oci_lz_orchestrator.module.oci_lz_compartments.oci_identity_compartment.level_4",
            "module.oci_lz_orchestrator.module.oci_lz_compartments.oci_identity_compartment.level_5",
            "module.oci_lz_orchestrator.module.oci_lz_compartments.oci_identity_compartment.level_6",
            "module.oci_lz_orchestrator.module.oci_lz_compartments.oci_identity_compartment.these",
            "module.oci_lz_orchestrator.module.oci_lz_compartments.oci_identity_tag_default.these",
            "module.oci_lz_orchestrator.module.oci_lz_identity_domains.data.oci_identity_domain.grp_domain",
            "module.oci_lz_orchestrator.module.oci_lz_identity_domains.data.oci_identity_domains_users.these",
            "module.oci_lz_orchestrator.module.oci_lz_identity_domains.data.oci_identity_regions.these",
            "module.oci_lz_orchestrator.module.oci_lz_identity_domains.data.oci_identity_tenancy.this",
            "module.oci_lz_orchestrator.module.oci_lz_identity_domains.oci_identity_domain.these",
            "module.oci_lz_orchestrator.module.oci_lz_tags.data.oci_identity_tag.default_created_by",
            "module.oci_lz_orchestrator.module.oci_lz_tags.data.oci_identity_tag.default_created_on",
            "module.oci_lz_orchestrator.module.oci_lz_tags.data.oci_identity_tag_namespaces.oracle_default",
            "module.oci_lz_orchestrator.module.oci_lz_tags.oci_identity_tag.these",
            "module.oci_lz_orchestrator.module.oci_lz_tags.oci_identity_tag_default.these",
            "module.oci_lz_orchestrator.module.oci_lz_tags.oci_identity_tag_namespace.these"
          ]
        },
        {
          "index_key": "GRP-GLOBALSERV-ADMIN-KEY",
          "schema_version": 0,
          "attributes": {
            "attribute_sets": null,
            "attributes": null,
            "authorization": null,
            "compartment_ocid": "ocid1.tenancy.oc19..aaaaaaaa4ftkyx3ao73kndo3mbltj6gtbf27mxbgpu65a33ipgo2wqyj4zba",
            "delete_in_progress": null,
            "display_name": "o-p-om2-grp-admi-globalserv-001",
            "domain_ocid": "ocid1.domain.oc19..aaaaaaaaao5o45go44g7az7luano6ffcqrbrnj3ajrhjtbri6jchvkhljmnq",
            "external_id": null,
            "force_delete": null,
            "id": "d05e37409ea1491b9eb7d95325485615",
            "idcs_created_by": [
              {
                "display": "Jorge torlaschi",
                "ocid": "ocid1.user.oc19..aaaaaaaa5ccj642agovx5r4ag2efhpd5tak66j7s3dtoogvne4d2fxwcgfrq",
                "ref": "https://idcs-fc0745de6b0e4fa6be58e6f675d4d915.eu-madrid-idcs-2.identity.oci.oraclecloud.eu:443/admin/v1/Users/bd17c9849edd447bbacd840ac616d92a",
                "type": "User",
                "value": "bd17c9849edd447bbacd840ac616d92a"
              }
            ],
            "idcs_endpoint": "https://idcs-fc0745de6b0e4fa6be58e6f675d4d915.eu-madrid-idcs-2.identity.oci.oraclecloud.eu:443",
            "idcs_last_modified_by": [
              {
                "display": "Jorge torlaschi",
                "ocid": "ocid1.user.oc19..aaaaaaaa5ccj642agovx5r4ag2efhpd5tak66j7s3dtoogvne4d2fxwcgfrq",
                "ref": "https://idcs-fc0745de6b0e4fa6be58e6f675d4d915.eu-madrid-idcs-2.identity.oci.oraclecloud.eu:443/admin/v1/Users/bd17c9849edd447bbacd840ac616d92a",
                "type": "User",
                "value": "bd17c9849edd447bbacd840ac616d92a"
              }
            ],
            "idcs_last_upgraded_in_release": null,
            "idcs_prevented_operations": [],
            "members": [],
            "meta": [
              {
                "created": "2026-03-02T14:49:21.870Z",
                "last_modified": "2026-03-02T14:49:21.870Z",
                "location": "https://idcs-fc0745de6b0e4fa6be58e6f675d4d915.eu-madrid-idcs-2.identity.oci.oraclecloud.eu:443/admin/v1/Groups/d05e37409ea1491b9eb7d95325485615",
                "resource_type": "Group",
                "version": "f6d0325a42504e0fa6b29a2fd7c7a66d"
              }
            ],
            "non_unique_display_name": null,
            "ocid": "ocid1.group.oc19..aaaaaaaaw2oogunyid7zx4yafpvwiv2kaw7uuqdit5jo4db5m7x7iof5memq",
            "resource_type_schema_version": null,
            "schemas": [
              "urn:ietf:params:scim:schemas:core:2.0:Group",
              "urn:ietf:params:scim:schemas:oracle:idcs:extension:OCITags",
              "urn:ietf:params:scim:schemas:oracle:idcs:extension:group:Group"
            ],
            "tags": [],
            "tenancy_ocid": "ocid1.tenancy.oc19..aaaaaaaa4ftkyx3ao73kndo3mbltj6gtbf27mxbgpu65a33ipgo2wqyj4zba",
            "timeouts": null,
            "urnietfparamsscimschemasoracleidcsextension_oci_tags": [
              {
                "defined_tags": [
                  {
                    "key": "CreatedBy",
                    "namespace": "Oracle-Tags",
                    "value": "default/jorge.e.torlaschi@accenture.com"
                  },
                  {
                    "key": "CreatedOn",
                    "namespace": "Oracle-Tags",
                    "value": "2026-03-02T14:49:21.847Z"
                  }
                ],
                "freeform_tags": [
                  {
                    "key": "ocilz-terraform-module",
                    "value": "iam-identity-domains/0.3.3"
                  }
                ],
                "tag_slug": ""
              }
            ],
            "urnietfparamsscimschemasoracleidcsextensiondbcs_group": [],
            "urnietfparamsscimschemasoracleidcsextensiondynamic_group": [],
            "urnietfparamsscimschemasoracleidcsextensiongroup_group": [
              {
                "app_roles": [],
                "creation_mechanism": "",
                "description": "Tenancy Administrators for global services, as Cloud Guard.",
                "grants": [],
                "owners": [],
                "password_policy": [],
                "synced_from_app": []
              }
            ],
            "urnietfparamsscimschemasoracleidcsextensionposix_group": [],
            "urnietfparamsscimschemasoracleidcsextensionrequestable_group": []
          },
          "sensitive_attributes": [],
          "identity_schema_version": 0,
          "private": "eyJlMmJmYjczMC1lY2FhLTExZTYtOGY4OC0zNDM2M2JjN2M0YzAiOnsiY3JlYXRlIjoxMjAwMDAwMDAwMDAwLCJkZWxldGUiOjEyMDAwMDAwMDAwMDAsInVwZGF0ZSI6MTIwMDAwMDAwMDAwMH19",
          "dependencies": [
            "module.oci_lz_orchestrator.data.oci_identity_regions.these",
            "module.oci_lz_orchestrator.data.oci_identity_tenancy.this",
            "module.oci_lz_orchestrator.module.oci_lz_compartments.oci_identity_compartment.level_2",
            "module.oci_lz_orchestrator.module.oci_lz_compartments.oci_identity_compartment.level_3",
            "module.oci_lz_orchestrator.module.oci_lz_compartments.oci_identity_compartment.level_4",
            "module.oci_lz_orchestrator.module.oci_lz_compartments.oci_identity_compartment.level_5",
            "module.oci_lz_orchestrator.module.oci_lz_compartments.oci_identity_compartment.level_6",
            "module.oci_lz_orchestrator.module.oci_lz_compartments.oci_identity_compartment.these",
            "module.oci_lz_orchestrator.module.oci_lz_compartments.oci_identity_tag_default.these",
            "module.oci_lz_orchestrator.module.oci_lz_identity_domains.data.oci_identity_domain.grp_domain",
            "module.oci_lz_orchestrator.module.oci_lz_identity_domains.data.oci_identity_domains_users.these",
            "module.oci_lz_orchestrator.module.oci_lz_identity_domains.data.oci_identity_regions.these",
            "module.oci_lz_orchestrator.module.oci_lz_identity_domains.data.oci_identity_tenancy.this",
            "module.oci_lz_orchestrator.module.oci_lz_identity_domains.oci_identity_domain.these",
            "module.oci_lz_orchestrator.module.oci_lz_tags.data.oci_identity_tag.default_created_by",
            "module.oci_lz_orchestrator.module.oci_lz_tags.data.oci_identity_tag.default_created_on",
            "module.oci_lz_orchestrator.module.oci_lz_tags.data.oci_identity_tag_namespaces.oracle_default",
            "module.oci_lz_orchestrator.module.oci_lz_tags.oci_identity_tag.these",
            "module.oci_lz_orchestrator.module.oci_lz_tags.oci_identity_tag_default.these",
            "module.oci_lz_orchestrator.module.oci_lz_tags.oci_identity_tag_namespace.these"
          ]
        },
        {
          "index_key": "GRP-IAM-ADMIN-KEY",
          "schema_version": 0,
          "attributes": {
            "attribute_sets": null,
            "attributes": null,
            "authorization": null,
            "compartment_ocid": "ocid1.tenancy.oc19..aaaaaaaa4ftkyx3ao73kndo3mbltj6gtbf27mxbgpu65a33ipgo2wqyj4zba",
            "delete_in_progress": null,
            "display_name": "o-p-om2-grp-admi-iam-001",
            "domain_ocid": "ocid1.domain.oc19..aaaaaaaaao5o45go44g7az7luano6ffcqrbrnj3ajrhjtbri6jchvkhljmnq",
            "external_id": null,
            "force_delete": null,
            "id": "e50dd5865ca64ea48987ce290c2ec47d",
            "idcs_created_by": [
              {
                "display": "Jorge torlaschi",
                "ocid": "ocid1.user.oc19..aaaaaaaa5ccj642agovx5r4ag2efhpd5tak66j7s3dtoogvne4d2fxwcgfrq",
                "ref": "https://idcs-fc0745de6b0e4fa6be58e6f675d4d915.eu-madrid-idcs-2.identity.oci.oraclecloud.eu:443/admin/v1/Users/bd17c9849edd447bbacd840ac616d92a",
                "type": "User",
                "value": "bd17c9849edd447bbacd840ac616d92a"
              }
            ],
            "idcs_endpoint": "https://idcs-fc0745de6b0e4fa6be58e6f675d4d915.eu-madrid-idcs-2.identity.oci.oraclecloud.eu:443",
            "idcs_last_modified_by": [
              {
                "display": "Jorge torlaschi",
                "ocid": "ocid1.user.oc19..aaaaaaaa5ccj642agovx5r4ag2efhpd5tak66j7s3dtoogvne4d2fxwcgfrq",
                "ref": "https://idcs-fc0745de6b0e4fa6be58e6f675d4d915.eu-madrid-idcs-2.identity.oci.oraclecloud.eu:443/admin/v1/Users/bd17c9849edd447bbacd840ac616d92a",
                "type": "User",
                "value": "bd17c9849edd447bbacd840ac616d92a"
              }
            ],
            "idcs_last_upgraded_in_release": null,
            "idcs_prevented_operations": [],
            "members": [],
            "meta": [
              {
                "created": "2026-03-02T14:49:21.690Z",
                "last_modified": "2026-03-02T14:49:21.690Z",
                "location": "https://idcs-fc0745de6b0e4fa6be58e6f675d4d915.eu-madrid-idcs-2.identity.oci.oraclecloud.eu:443/admin/v1/Groups/e50dd5865ca64ea48987ce290c2ec47d",
                "resource_type": "Group",
                "version": "56a2c0db3ba14904819d3a44be07d9ec"
              }
            ],
            "non_unique_display_name": null,
            "ocid": "ocid1.group.oc19..aaaaaaaa6vtoyqaxfmi4jxp6llusn2uqkfzbnytksuvtc3n5jozqf56z3ftq",
            "resource_type_schema_version": null,
            "schemas": [
              "urn:ietf:params:scim:schemas:core:2.0:Group",
              "urn:ietf:params:scim:schemas:oracle:idcs:extension:OCITags",
              "urn:ietf:params:scim:schemas:oracle:idcs:extension:group:Group"
            ],
            "tags": [],
            "tenancy_ocid": "ocid1.tenancy.oc19..aaaaaaaa4ftkyx3ao73kndo3mbltj6gtbf27mxbgpu65a33ipgo2wqyj4zba",
            "timeouts": null,
            "urnietfparamsscimschemasoracleidcsextension_oci_tags": [
              {
                "defined_tags": [
                  {
                    "key": "CreatedBy",
                    "namespace": "Oracle-Tags",
                    "value": "default/jorge.e.torlaschi@accenture.com"
                  },
                  {
                    "key": "CreatedOn",
                    "namespace": "Oracle-Tags",
                    "value": "2026-03-02T14:49:21.671Z"
                  }
                ],
                "freeform_tags": [
                  {
                    "key": "ocilz-terraform-module",
                    "value": "iam-identity-domains/0.3.3"
                  }
                ],
                "tag_slug": ""
              }
            ],
            "urnietfparamsscimschemasoracleidcsextensiondbcs_group": [],
            "urnietfparamsscimschemasoracleidcsextensiondynamic_group": [],
            "urnietfparamsscimschemasoracleidcsextensiongroup_group": [
              {
                "app_roles": [],
                "creation_mechanism": "",
                "description": "Tenancy global Identity and access management administrator group.",
                "grants": [],
                "owners": [],
                "password_policy": [],
                "synced_from_app": []
              }
            ],
            "urnietfparamsscimschemasoracleidcsextensionposix_group": [],
            "urnietfparamsscimschemasoracleidcsextensionrequestable_group": []
          },
          "sensitive_attributes": [],
          "identity_schema_version": 0,
          "private": "eyJlMmJmYjczMC1lY2FhLTExZTYtOGY4OC0zNDM2M2JjN2M0YzAiOnsiY3JlYXRlIjoxMjAwMDAwMDAwMDAwLCJkZWxldGUiOjEyMDAwMDAwMDAwMDAsInVwZGF0ZSI6MTIwMDAwMDAwMDAwMH19",
          "dependencies": [
            "module.oci_lz_orchestrator.data.oci_identity_regions.these",
            "module.oci_lz_orchestrator.data.oci_identity_tenancy.this",
            "module.oci_lz_orchestrator.module.oci_lz_compartments.oci_identity_compartment.level_2",
            "module.oci_lz_orchestrator.module.oci_lz_compartments.oci_identity_compartment.level_3",
            "module.oci_lz_orchestrator.module.oci_lz_compartments.oci_identity_compartment.level_4",
            "module.oci_lz_orchestrator.module.oci_lz_compartments.oci_identity_compartment.level_5",
            "module.oci_lz_orchestrator.module.oci_lz_compartments.oci_identity_compartment.level_6",
            "module.oci_lz_orchestrator.module.oci_lz_compartments.oci_identity_compartment.these",
            "module.oci_lz_orchestrator.module.oci_lz_compartments.oci_identity_tag_default.these",
            "module.oci_lz_orchestrator.module.oci_lz_identity_domains.data.oci_identity_domain.grp_domain",
            "module.oci_lz_orchestrator.module.oci_lz_identity_domains.data.oci_identity_domains_users.these",
            "module.oci_lz_orchestrator.module.oci_lz_identity_domains.data.oci_identity_regions.these",
            "module.oci_lz_orchestrator.module.oci_lz_identity_domains.data.oci_identity_tenancy.this",
            "module.oci_lz_orchestrator.module.oci_lz_identity_domains.oci_identity_domain.these",
            "module.oci_lz_orchestrator.module.oci_lz_tags.data.oci_identity_tag.default_created_by",
            "module.oci_lz_orchestrator.module.oci_lz_tags.data.oci_identity_tag.default_created_on",
            "module.oci_lz_orchestrator.module.oci_lz_tags.data.oci_identity_tag_namespaces.oracle_default",
            "module.oci_lz_orchestrator.module.oci_lz_tags.oci_identity_tag.these",
            "module.oci_lz_orchestrator.module.oci_lz_tags.oci_identity_tag_default.these",
            "module.oci_lz_orchestrator.module.oci_lz_tags.oci_identity_tag_namespace.these"
          ]
        },
        {
          "index_key": "GRP-LZ-DB-ADMINS",
          "schema_version": 0,
          "attributes": {
            "attribute_sets": null,
            "attributes": null,
            "authorization": null,
            "compartment_ocid": "ocid1.tenancy.oc19..aaaaaaaa4ftkyx3ao73kndo3mbltj6gtbf27mxbgpu65a33ipgo2wqyj4zba",
            "delete_in_progress": null,
            "display_name": "o-p-om2-grp-admi-database-001",
            "domain_ocid": "ocid1.domain.oc19..aaaaaaaaao5o45go44g7az7luano6ffcqrbrnj3ajrhjtbri6jchvkhljmnq",
            "external_id": null,
            "force_delete": null,
            "id": "060cfed5e7184d95b17b4ad4a1223fbd",
            "idcs_created_by": [
              {
                "display": "Jorge torlaschi",
                "ocid": "ocid1.user.oc19..aaaaaaaa5ccj642agovx5r4ag2efhpd5tak66j7s3dtoogvne4d2fxwcgfrq",
                "ref": "https://idcs-fc0745de6b0e4fa6be58e6f675d4d915.eu-madrid-idcs-2.identity.oci.oraclecloud.eu:443/admin/v1/Users/bd17c9849edd447bbacd840ac616d92a",
                "type": "User",
                "value": "bd17c9849edd447bbacd840ac616d92a"
              }
            ],
            "idcs_endpoint": "https://idcs-fc0745de6b0e4fa6be58e6f675d4d915.eu-madrid-idcs-2.identity.oci.oraclecloud.eu:443",
            "idcs_last_modified_by": [
              {
                "display": "Jorge torlaschi",
                "ocid": "ocid1.user.oc19..aaaaaaaa5ccj642agovx5r4ag2efhpd5tak66j7s3dtoogvne4d2fxwcgfrq",
                "ref": "https://idcs-fc0745de6b0e4fa6be58e6f675d4d915.eu-madrid-idcs-2.identity.oci.oraclecloud.eu:443/admin/v1/Users/bd17c9849edd447bbacd840ac616d92a",
                "type": "User",
                "value": "bd17c9849edd447bbacd840ac616d92a"
              }
            ],
            "idcs_last_upgraded_in_release": null,
            "idcs_prevented_operations": [],
            "members": [],
            "meta": [
              {
                "created": "2026-03-02T14:49:21.685Z",
                "last_modified": "2026-03-02T14:49:21.685Z",
                "location": "https://idcs-fc0745de6b0e4fa6be58e6f675d4d915.eu-madrid-idcs-2.identity.oci.oraclecloud.eu:443/admin/v1/Groups/060cfed5e7184d95b17b4ad4a1223fbd",
                "resource_type": "Group",
                "version": "1d1df0890ce84e5cac4f9e40502a830a"
              }
            ],
            "non_unique_display_name": null,
            "ocid": "ocid1.group.oc19..aaaaaaaa3de67t3dwmysxugi525wlaa2r44fuonbdumelyk35ghy3ribgkgq",
            "resource_type_schema_version": null,
            "schemas": [
              "urn:ietf:params:scim:schemas:core:2.0:Group",
              "urn:ietf:params:scim:schemas:oracle:idcs:extension:OCITags",
              "urn:ietf:params:scim:schemas:oracle:idcs:extension:group:Group"
            ],
            "tags": [],
            "tenancy_ocid": "ocid1.tenancy.oc19..aaaaaaaa4ftkyx3ao73kndo3mbltj6gtbf27mxbgpu65a33ipgo2wqyj4zba",
            "timeouts": null,
            "urnietfparamsscimschemasoracleidcsextension_oci_tags": [
              {
                "defined_tags": [
                  {
                    "key": "CreatedBy",
                    "namespace": "Oracle-Tags",
                    "value": "default/jorge.e.torlaschi@accenture.com"
                  },
                  {
                    "key": "CreatedOn",
                    "namespace": "Oracle-Tags",
                    "value": "2026-03-02T14:49:21.667Z"
                  }
                ],
                "freeform_tags": [
                  {
                    "key": "ocilz-terraform-module",
                    "value": "iam-identity-domains/0.3.3"
                  }
                ],
                "tag_slug": ""
              }
            ],
            "urnietfparamsscimschemasoracleidcsextensiondbcs_group": [],
            "urnietfparamsscimschemasoracleidcsextensiondynamic_group": [],
            "urnietfparamsscimschemasoracleidcsextensiongroup_group": [
              {
                "app_roles": [],
                "creation_mechanism": "",
                "description": "Global exacs administration, DBA Team group",
                "grants": [],
                "owners": [],
                "password_policy": [],
                "synced_from_app": []
              }
            ],
            "urnietfparamsscimschemasoracleidcsextensionposix_group": [],
            "urnietfparamsscimschemasoracleidcsextensionrequestable_group": []
          },
          "sensitive_attributes": [],
          "identity_schema_version": 0,
          "private": "eyJlMmJmYjczMC1lY2FhLTExZTYtOGY4OC0zNDM2M2JjN2M0YzAiOnsiY3JlYXRlIjoxMjAwMDAwMDAwMDAwLCJkZWxldGUiOjEyMDAwMDAwMDAwMDAsInVwZGF0ZSI6MTIwMDAwMDAwMDAwMH19",
          "dependencies": [
            "module.oci_lz_orchestrator.data.oci_identity_regions.these",
            "module.oci_lz_orchestrator.data.oci_identity_tenancy.this",
            "module.oci_lz_orchestrator.module.oci_lz_compartments.oci_identity_compartment.level_2",
            "module.oci_lz_orchestrator.module.oci_lz_compartments.oci_identity_compartment.level_3",
            "module.oci_lz_orchestrator.module.oci_lz_compartments.oci_identity_compartment.level_4",
            "module.oci_lz_orchestrator.module.oci_lz_compartments.oci_identity_compartment.level_5",
            "module.oci_lz_orchestrator.module.oci_lz_compartments.oci_identity_compartment.level_6",
            "module.oci_lz_orchestrator.module.oci_lz_compartments.oci_identity_compartment.these",
            "module.oci_lz_orchestrator.module.oci_lz_compartments.oci_identity_tag_default.these",
            "module.oci_lz_orchestrator.module.oci_lz_identity_domains.data.oci_identity_domain.grp_domain",
            "module.oci_lz_orchestrator.module.oci_lz_identity_domains.data.oci_identity_domains_users.these",
            "module.oci_lz_orchestrator.module.oci_lz_identity_domains.data.oci_identity_regions.these",
            "module.oci_lz_orchestrator.module.oci_lz_identity_domains.data.oci_identity_tenancy.this",
            "module.oci_lz_orchestrator.module.oci_lz_identity_domains.oci_identity_domain.these",
            "module.oci_lz_orchestrator.module.oci_lz_tags.data.oci_identity_tag.default_created_by",
            "module.oci_lz_orchestrator.module.oci_lz_tags.data.oci_identity_tag.default_created_on",
            "module.oci_lz_orchestrator.module.oci_lz_tags.data.oci_identity_tag_namespaces.oracle_default",
            "module.oci_lz_orchestrator.module.oci_lz_tags.oci_identity_tag.these",
            "module.oci_lz_orchestrator.module.oci_lz_tags.oci_identity_tag_default.these",
            "module.oci_lz_orchestrator.module.oci_lz_tags.oci_identity_tag_namespace.these"
          ]
        },
        {
          "index_key": "GRP-LZ-INFRA-ADMINS",
          "schema_version": 0,
          "attributes": {
            "attribute_sets": null,
            "attributes": null,
            "authorization": null,
            "compartment_ocid": "ocid1.tenancy.oc19..aaaaaaaa4ftkyx3ao73kndo3mbltj6gtbf27mxbgpu65a33ipgo2wqyj4zba",
            "delete_in_progress": null,
            "display_name": "o-p-om2-grp-admi-infra-001",
            "domain_ocid": "ocid1.domain.oc19..aaaaaaaaao5o45go44g7az7luano6ffcqrbrnj3ajrhjtbri6jchvkhljmnq",
            "external_id": null,
            "force_delete": null,
            "id": "24940694967d4eb4a21df9289d3bc730",
            "idcs_created_by": [
              {
                "display": "Jorge torlaschi",
                "ocid": "ocid1.user.oc19..aaaaaaaa5ccj642agovx5r4ag2efhpd5tak66j7s3dtoogvne4d2fxwcgfrq",
                "ref": "https://idcs-fc0745de6b0e4fa6be58e6f675d4d915.eu-madrid-idcs-2.identity.oci.oraclecloud.eu:443/admin/v1/Users/bd17c9849edd447bbacd840ac616d92a",
                "type": "User",
                "value": "bd17c9849edd447bbacd840ac616d92a"
              }
            ],
            "idcs_endpoint": "https://idcs-fc0745de6b0e4fa6be58e6f675d4d915.eu-madrid-idcs-2.identity.oci.oraclecloud.eu:443",
            "idcs_last_modified_by": [
              {
                "display": "Jorge torlaschi",
                "ocid": "ocid1.user.oc19..aaaaaaaa5ccj642agovx5r4ag2efhpd5tak66j7s3dtoogvne4d2fxwcgfrq",
                "ref": "https://idcs-fc0745de6b0e4fa6be58e6f675d4d915.eu-madrid-idcs-2.identity.oci.oraclecloud.eu:443/admin/v1/Users/bd17c9849edd447bbacd840ac616d92a",
                "type": "User",
                "value": "bd17c9849edd447bbacd840ac616d92a"
              }
            ],
            "idcs_last_upgraded_in_release": null,
            "idcs_prevented_operations": [],
            "members": [],
            "meta": [
              {
                "created": "2026-03-02T14:49:21.867Z",
                "last_modified": "2026-03-02T14:49:21.867Z",
                "location": "https://idcs-fc0745de6b0e4fa6be58e6f675d4d915.eu-madrid-idcs-2.identity.oci.oraclecloud.eu:443/admin/v1/Groups/24940694967d4eb4a21df9289d3bc730",
                "resource_type": "Group",
                "version": "98be9198fb0d402290a6211fa196f56d"
              }
            ],
            "non_unique_display_name": null,
            "ocid": "ocid1.group.oc19..aaaaaaaawt5zayz5rlxlepzfapyzwsgpx7ggt6xaxjdvlebdsnglk63it6qa",
            "resource_type_schema_version": null,
            "schemas": [
              "urn:ietf:params:scim:schemas:core:2.0:Group",
              "urn:ietf:params:scim:schemas:oracle:idcs:extension:OCITags",
              "urn:ietf:params:scim:schemas:oracle:idcs:extension:group:Group"
            ],
            "tags": [],
            "tenancy_ocid": "ocid1.tenancy.oc19..aaaaaaaa4ftkyx3ao73kndo3mbltj6gtbf27mxbgpu65a33ipgo2wqyj4zba",
            "timeouts": null,
            "urnietfparamsscimschemasoracleidcsextension_oci_tags": [
              {
                "defined_tags": [
                  {
                    "key": "CreatedBy",
                    "namespace": "Oracle-Tags",
                    "value": "default/jorge.e.torlaschi@accenture.com"
                  },
                  {
                    "key": "CreatedOn",
                    "namespace": "Oracle-Tags",
                    "value": "2026-03-02T14:49:21.849Z"
                  }
                ],
                "freeform_tags": [
                  {
                    "key": "ocilz-terraform-module",
                    "value": "iam-identity-domains/0.3.3"
                  }
                ],
                "tag_slug": ""
              }
            ],
            "urnietfparamsscimschemasoracleidcsextensiondbcs_group": [],
            "urnietfparamsscimschemasoracleidcsextensiondynamic_group": [],
            "urnietfparamsscimschemasoracleidcsextensiongroup_group": [
              {
                "app_roles": [],
                "creation_mechanism": "",
                "description": "Global exacs administration, Infra Team group",
                "grants": [],
                "owners": [],
                "password_policy": [],
                "synced_from_app": []
              }
            ],
            "urnietfparamsscimschemasoracleidcsextensionposix_group": [],
            "urnietfparamsscimschemasoracleidcsextensionrequestable_group": []
          },
          "sensitive_attributes": [],
          "identity_schema_version": 0,
          "private": "eyJlMmJmYjczMC1lY2FhLTExZTYtOGY4OC0zNDM2M2JjN2M0YzAiOnsiY3JlYXRlIjoxMjAwMDAwMDAwMDAwLCJkZWxldGUiOjEyMDAwMDAwMDAwMDAsInVwZGF0ZSI6MTIwMDAwMDAwMDAwMH19",
          "dependencies": [
            "module.oci_lz_orchestrator.data.oci_identity_regions.these",
            "module.oci_lz_orchestrator.data.oci_identity_tenancy.this",
            "module.oci_lz_orchestrator.module.oci_lz_compartments.oci_identity_compartment.level_2",
            "module.oci_lz_orchestrator.module.oci_lz_compartments.oci_identity_compartment.level_3",
            "module.oci_lz_orchestrator.module.oci_lz_compartments.oci_identity_compartment.level_4",
            "module.oci_lz_orchestrator.module.oci_lz_compartments.oci_identity_compartment.level_5",
            "module.oci_lz_orchestrator.module.oci_lz_compartments.oci_identity_compartment.level_6",
            "module.oci_lz_orchestrator.module.oci_lz_compartments.oci_identity_compartment.these",
            "module.oci_lz_orchestrator.module.oci_lz_compartments.oci_identity_tag_default.these",
            "module.oci_lz_orchestrator.module.oci_lz_identity_domains.data.oci_identity_domain.grp_domain",
            "module.oci_lz_orchestrator.module.oci_lz_identity_domains.data.oci_identity_domains_users.these",
            "module.oci_lz_orchestrator.module.oci_lz_identity_domains.data.oci_identity_regions.these",
            "module.oci_lz_orchestrator.module.oci_lz_identity_domains.data.oci_identity_tenancy.this",
            "module.oci_lz_orchestrator.module.oci_lz_identity_domains.oci_identity_domain.these",
            "module.oci_lz_orchestrator.module.oci_lz_tags.data.oci_identity_tag.default_created_by",
            "module.oci_lz_orchestrator.module.oci_lz_tags.data.oci_identity_tag.default_created_on",
            "module.oci_lz_orchestrator.module.oci_lz_tags.data.oci_identity_tag_namespaces.oracle_default",
            "module.oci_lz_orchestrator.module.oci_lz_tags.oci_identity_tag.these",
            "module.oci_lz_orchestrator.module.oci_lz_tags.oci_identity_tag_default.these",
            "module.oci_lz_orchestrator.module.oci_lz_tags.oci_identity_tag_namespace.these"
          ]
        },
        {
          "index_key": "GRP-NETWORK-ADMIN-KEY",
          "schema_version": 0,
          "attributes": {
            "attribute_sets": null,
            "attributes": null,
            "authorization": null,
            "compartment_ocid": "ocid1.tenancy.oc19..aaaaaaaa4ftkyx3ao73kndo3mbltj6gtbf27mxbgpu65a33ipgo2wqyj4zba",
            "delete_in_progress": null,
            "display_name": "o-p-om2-grp-admi-network-001",
            "domain_ocid": "ocid1.domain.oc19..aaaaaaaaao5o45go44g7az7luano6ffcqrbrnj3ajrhjtbri6jchvkhljmnq",
            "external_id": null,
            "force_delete": null,
            "id": "d65bb9b06b3d4e86ae474bc35edf64f1",
            "idcs_created_by": [
              {
                "display": "Jorge torlaschi",
                "ocid": "ocid1.user.oc19..aaaaaaaa5ccj642agovx5r4ag2efhpd5tak66j7s3dtoogvne4d2fxwcgfrq",
                "ref": "https://idcs-fc0745de6b0e4fa6be58e6f675d4d915.eu-madrid-idcs-2.identity.oci.oraclecloud.eu:443/admin/v1/Users/bd17c9849edd447bbacd840ac616d92a",
                "type": "User",
                "value": "bd17c9849edd447bbacd840ac616d92a"
              }
            ],
            "idcs_endpoint": "https://idcs-fc0745de6b0e4fa6be58e6f675d4d915.eu-madrid-idcs-2.identity.oci.oraclecloud.eu:443",
            "idcs_last_modified_by": [
              {
                "display": "Jorge torlaschi",
                "ocid": "ocid1.user.oc19..aaaaaaaa5ccj642agovx5r4ag2efhpd5tak66j7s3dtoogvne4d2fxwcgfrq",
                "ref": "https://idcs-fc0745de6b0e4fa6be58e6f675d4d915.eu-madrid-idcs-2.identity.oci.oraclecloud.eu:443/admin/v1/Users/bd17c9849edd447bbacd840ac616d92a",
                "type": "User",
                "value": "bd17c9849edd447bbacd840ac616d92a"
              }
            ],
            "idcs_last_upgraded_in_release": null,
            "idcs_prevented_operations": [],
            "members": [],
            "meta": [
              {
                "created": "2026-03-02T14:49:21.691Z",
                "last_modified": "2026-03-02T14:49:21.691Z",
                "location": "https://idcs-fc0745de6b0e4fa6be58e6f675d4d915.eu-madrid-idcs-2.identity.oci.oraclecloud.eu:443/admin/v1/Groups/d65bb9b06b3d4e86ae474bc35edf64f1",
                "resource_type": "Group",
                "version": "fefee8c626b14d0ea8bfd625879ad0f1"
              }
            ],
            "non_unique_display_name": null,
            "ocid": "ocid1.group.oc19..aaaaaaaawygyqxnjquuvfld6xbw3rjpbuzffproug6g2fx5i3tkorc53amqa",
            "resource_type_schema_version": null,
            "schemas": [
              "urn:ietf:params:scim:schemas:core:2.0:Group",
              "urn:ietf:params:scim:schemas:oracle:idcs:extension:OCITags",
              "urn:ietf:params:scim:schemas:oracle:idcs:extension:group:Group"
            ],
            "tags": [],
            "tenancy_ocid": "ocid1.tenancy.oc19..aaaaaaaa4ftkyx3ao73kndo3mbltj6gtbf27mxbgpu65a33ipgo2wqyj4zba",
            "timeouts": null,
            "urnietfparamsscimschemasoracleidcsextension_oci_tags": [
              {
                "defined_tags": [
                  {
                    "key": "CreatedBy",
                    "namespace": "Oracle-Tags",
                    "value": "default/jorge.e.torlaschi@accenture.com"
                  },
                  {
                    "key": "CreatedOn",
                    "namespace": "Oracle-Tags",
                    "value": "2026-03-02T14:49:21.675Z"
                  }
                ],
                "freeform_tags": [
                  {
                    "key": "ocilz-terraform-module",
                    "value": "iam-identity-domains/0.3.3"
                  }
                ],
                "tag_slug": ""
              }
            ],
            "urnietfparamsscimschemasoracleidcsextensiondbcs_group": [],
            "urnietfparamsscimschemasoracleidcsextensiondynamic_group": [],
            "urnietfparamsscimschemasoracleidcsextensiongroup_group": [
              {
                "app_roles": [],
                "creation_mechanism": "",
                "description": "Shared network administration group, including common OE network elements.",
                "grants": [],
                "owners": [],
                "password_policy": [],
                "synced_from_app": []
              }
            ],
            "urnietfparamsscimschemasoracleidcsextensionposix_group": [],
            "urnietfparamsscimschemasoracleidcsextensionrequestable_group": []
          },
          "sensitive_attributes": [],
          "identity_schema_version": 0,
          "private": "eyJlMmJmYjczMC1lY2FhLTExZTYtOGY4OC0zNDM2M2JjN2M0YzAiOnsiY3JlYXRlIjoxMjAwMDAwMDAwMDAwLCJkZWxldGUiOjEyMDAwMDAwMDAwMDAsInVwZGF0ZSI6MTIwMDAwMDAwMDAwMH19",
          "dependencies": [
            "module.oci_lz_orchestrator.data.oci_identity_regions.these",
            "module.oci_lz_orchestrator.data.oci_identity_tenancy.this",
            "module.oci_lz_orchestrator.module.oci_lz_compartments.oci_identity_compartment.level_2",
            "module.oci_lz_orchestrator.module.oci_lz_compartments.oci_identity_compartment.level_3",
            "module.oci_lz_orchestrator.module.oci_lz_compartments.oci_identity_compartment.level_4",
            "module.oci_lz_orchestrator.module.oci_lz_compartments.oci_identity_compartment.level_5",
            "module.oci_lz_orchestrator.module.oci_lz_compartments.oci_identity_compartment.level_6",
            "module.oci_lz_orchestrator.module.oci_lz_compartments.oci_identity_compartment.these",
            "module.oci_lz_orchestrator.module.oci_lz_compartments.oci_identity_tag_default.these",
            "module.oci_lz_orchestrator.module.oci_lz_identity_domains.data.oci_identity_domain.grp_domain",
            "module.oci_lz_orchestrator.module.oci_lz_identity_domains.data.oci_identity_domains_users.these",
            "module.oci_lz_orchestrator.module.oci_lz_identity_domains.data.oci_identity_regions.these",
            "module.oci_lz_orchestrator.module.oci_lz_identity_domains.data.oci_identity_tenancy.this",
            "module.oci_lz_orchestrator.module.oci_lz_identity_domains.oci_identity_domain.these",
            "module.oci_lz_orchestrator.module.oci_lz_tags.data.oci_identity_tag.default_created_by",
            "module.oci_lz_orchestrator.module.oci_lz_tags.data.oci_identity_tag.default_created_on",
            "module.oci_lz_orchestrator.module.oci_lz_tags.data.oci_identity_tag_namespaces.oracle_default",
            "module.oci_lz_orchestrator.module.oci_lz_tags.oci_identity_tag.these",
            "module.oci_lz_orchestrator.module.oci_lz_tags.oci_identity_tag_default.these",
            "module.oci_lz_orchestrator.module.oci_lz_tags.oci_identity_tag_namespace.these"
          ]
        },
        {
          "index_key": "GRP-SECURITY-ADMIN-KEY",
          "schema_version": 0,
          "attributes": {
            "attribute_sets": null,
            "attributes": null,
            "authorization": null,
            "compartment_ocid": "ocid1.tenancy.oc19..aaaaaaaa4ftkyx3ao73kndo3mbltj6gtbf27mxbgpu65a33ipgo2wqyj4zba",
            "delete_in_progress": null,
            "display_name": "o-p-om2-grp-admi-security-001",
            "domain_ocid": "ocid1.domain.oc19..aaaaaaaaao5o45go44g7az7luano6ffcqrbrnj3ajrhjtbri6jchvkhljmnq",
            "external_id": null,
            "force_delete": null,
            "id": "4d53cc133675431d81c89ae082a30d50",
            "idcs_created_by": [
              {
                "display": "Jorge torlaschi",
                "ocid": "ocid1.user.oc19..aaaaaaaa5ccj642agovx5r4ag2efhpd5tak66j7s3dtoogvne4d2fxwcgfrq",
                "ref": "https://idcs-fc0745de6b0e4fa6be58e6f675d4d915.eu-madrid-idcs-2.identity.oci.oraclecloud.eu:443/admin/v1/Users/bd17c9849edd447bbacd840ac616d92a",
                "type": "User",
                "value": "bd17c9849edd447bbacd840ac616d92a"
              }
            ],
            "idcs_endpoint": "https://idcs-fc0745de6b0e4fa6be58e6f675d4d915.eu-madrid-idcs-2.identity.oci.oraclecloud.eu:443",
            "idcs_last_modified_by": [
              {
                "display": "Jorge torlaschi",
                "ocid": "ocid1.user.oc19..aaaaaaaa5ccj642agovx5r4ag2efhpd5tak66j7s3dtoogvne4d2fxwcgfrq",
                "ref": "https://idcs-fc0745de6b0e4fa6be58e6f675d4d915.eu-madrid-idcs-2.identity.oci.oraclecloud.eu:443/admin/v1/Users/bd17c9849edd447bbacd840ac616d92a",
                "type": "User",
                "value": "bd17c9849edd447bbacd840ac616d92a"
              }
            ],
            "idcs_last_upgraded_in_release": null,
            "idcs_prevented_operations": [],
            "members": [],
            "meta": [
              {
                "created": "2026-03-02T14:49:21.696Z",
                "last_modified": "2026-03-02T14:49:21.696Z",
                "location": "https://idcs-fc0745de6b0e4fa6be58e6f675d4d915.eu-madrid-idcs-2.identity.oci.oraclecloud.eu:443/admin/v1/Groups/4d53cc133675431d81c89ae082a30d50",
                "resource_type": "Group",
                "version": "9d0c10e0b4814bd4b8d7ab934598ab02"
              }
            ],
            "non_unique_display_name": null,
            "ocid": "ocid1.group.oc19..aaaaaaaasnmdsakejyxweou6pnkxim66flu7mf2tvdbnuoiowtuf5f7yb32a",
            "resource_type_schema_version": null,
            "schemas": [
              "urn:ietf:params:scim:schemas:core:2.0:Group",
              "urn:ietf:params:scim:schemas:oracle:idcs:extension:OCITags",
              "urn:ietf:params:scim:schemas:oracle:idcs:extension:group:Group"
            ],
            "tags": [],
            "tenancy_ocid": "ocid1.tenancy.oc19..aaaaaaaa4ftkyx3ao73kndo3mbltj6gtbf27mxbgpu65a33ipgo2wqyj4zba",
            "timeouts": null,
            "urnietfparamsscimschemasoracleidcsextension_oci_tags": [
              {
                "defined_tags": [
                  {
                    "key": "CreatedBy",
                    "namespace": "Oracle-Tags",
                    "value": "default/jorge.e.torlaschi@accenture.com"
                  },
                  {
                    "key": "CreatedOn",
                    "namespace": "Oracle-Tags",
                    "value": "2026-03-02T14:49:21.674Z"
                  }
                ],
                "freeform_tags": [
                  {
                    "key": "ocilz-terraform-module",
                    "value": "iam-identity-domains/0.3.3"
                  }
                ],
                "tag_slug": ""
              }
            ],
            "urnietfparamsscimschemasoracleidcsextensiondbcs_group": [],
            "urnietfparamsscimschemasoracleidcsextensiondynamic_group": [],
            "urnietfparamsscimschemasoracleidcsextensiongroup_group": [
              {
                "app_roles": [],
                "creation_mechanism": "",
                "description": "Shared security administration group, including common OE network elements.",
                "grants": [],
                "owners": [],
                "password_policy": [],
                "synced_from_app": []
              }
            ],
            "urnietfparamsscimschemasoracleidcsextensionposix_group": [],
            "urnietfparamsscimschemasoracleidcsextensionrequestable_group": []
          },
          "sensitive_attributes": [],
          "identity_schema_version": 0,
          "private": "eyJlMmJmYjczMC1lY2FhLTExZTYtOGY4OC0zNDM2M2JjN2M0YzAiOnsiY3JlYXRlIjoxMjAwMDAwMDAwMDAwLCJkZWxldGUiOjEyMDAwMDAwMDAwMDAsInVwZGF0ZSI6MTIwMDAwMDAwMDAwMH19",
          "dependencies": [
            "module.oci_lz_orchestrator.data.oci_identity_regions.these",
            "module.oci_lz_orchestrator.data.oci_identity_tenancy.this",
            "module.oci_lz_orchestrator.module.oci_lz_compartments.oci_identity_compartment.level_2",
            "module.oci_lz_orchestrator.module.oci_lz_compartments.oci_identity_compartment.level_3",
            "module.oci_lz_orchestrator.module.oci_lz_compartments.oci_identity_compartment.level_4",
            "module.oci_lz_orchestrator.module.oci_lz_compartments.oci_identity_compartment.level_5",
            "module.oci_lz_orchestrator.module.oci_lz_compartments.oci_identity_compartment.level_6",
            "module.oci_lz_orchestrator.module.oci_lz_compartments.oci_identity_compartment.these",
            "module.oci_lz_orchestrator.module.oci_lz_compartments.oci_identity_tag_default.these",
            "module.oci_lz_orchestrator.module.oci_lz_identity_domains.data.oci_identity_domain.grp_domain",
            "module.oci_lz_orchestrator.module.oci_lz_identity_domains.data.oci_identity_domains_users.these",
            "module.oci_lz_orchestrator.module.oci_lz_identity_domains.data.oci_identity_regions.these",
            "module.oci_lz_orchestrator.module.oci_lz_identity_domains.data.oci_identity_tenancy.this",
            "module.oci_lz_orchestrator.module.oci_lz_identity_domains.oci_identity_domain.these",
            "module.oci_lz_orchestrator.module.oci_lz_tags.data.oci_identity_tag.default_created_by",
            "module.oci_lz_orchestrator.module.oci_lz_tags.data.oci_identity_tag.default_created_on",
            "module.oci_lz_orchestrator.module.oci_lz_tags.data.oci_identity_tag_namespaces.oracle_default",
            "module.oci_lz_orchestrator.module.oci_lz_tags.oci_identity_tag.these",
            "module.oci_lz_orchestrator.module.oci_lz_tags.oci_identity_tag_default.these",
            "module.oci_lz_orchestrator.module.oci_lz_tags.oci_identity_tag_namespace.these"
          ]
        }
      ]
    },
    {
      "module": "module.oci_lz_orchestrator.module.oci_lz_network[0]",
      "mode": "data",
      "type": "oci_core_cpe_device_shapes",
      "name": "cpe_device_shapes",
      "provider": "module.oci_lz_orchestrator.provider[\"registry.terraform.io/oracle/oci\"]",
      "instances": [
        {
          "index_key": 0,
          "schema_version": 0,
          "attributes": {
            "cpe_device_shapes": [
              {
                "cpe_device_info": [
                  {
                    "platform_software_version": "FITELnet-F220/F221 Firmware 01.00(00)[0]00.00.0 [2019/07/05 15:00]",
                    "vendor": "Furukawa"
                  }
                ],
                "cpe_device_shape_id": "07e31f12-24ba-44b2-9dcc-801497261905",
                "template": ""
              },
              {
                "cpe_device_info": [
                  {
                    "platform_software_version": "IX Series 10.1.16",
                    "vendor": "NEC"
                  }
                ],
                "cpe_device_shape_id": "0c915c1e-c805-43ca-b555-76d229dfc6e6",
                "template": ""
              },
              {
                "cpe_device_info": [
                  {
                    "platform_software_version": "RTX RTX830 Firmware Rev.15.02.03",
                    "vendor": "Yamaha"
                  }
                ],
                "cpe_device_shape_id": "135a4bcc-42cc-424b-926f-ebe08fd61ba5",
                "template": ""
              },
              {
                "cpe_device_info": [
                  {
                    "platform_software_version": "IOS version 15.4M or later",
                    "vendor": "Cisco"
                  }
                ],
                "cpe_device_shape_id": "2e00008c-124f-4991-a2c6-131e543b612c",
                "template": ""
              },
              {
                "cpe_device_info": [
                  {
                    "platform_software_version": "PAN-OS 8.0.0",
                    "vendor": "Palo Alto"
                  }
                ],
                "cpe_device_shape_id": "326b2a10-fe1f-4944-9f91-f1f050f075d1",
                "template": ""
              },
              {
                "cpe_device_info": [
                  {
                    "platform_software_version": "3.18 or later",
                    "vendor": "Libreswan"
                  }
                ],
                "cpe_device_shape_id": "3bdfe4d5-9090-4c53-b165-05c1f5582507",
                "template": ""
              },
              {
                "cpe_device_info": [
                  {
                    "platform_software_version": "SRX Series - JunOS 11.0 or later",
                    "vendor": "Juniper"
                  }
                ],
                "cpe_device_shape_id": "88869e85-c7ae-4c6c-a74e-0c6d9eeac0a9",
                "template": ""
              },
              {
                "cpe_device_info": [
                  {
                    "platform_software_version": "MX Series - JunOS 15.1 or later",
                    "vendor": "Juniper"
                  }
                ],
                "cpe_device_shape_id": "8e39db8d-d515-4e3c-b94a-070368300a65",
                "template": ""
              },
              {
                "cpe_device_info": [
                  {
                    "platform_software_version": "ASA Route-Based VPN 9.7.1 or later",
                    "vendor": "Cisco"
                  }
                ],
                "cpe_device_shape_id": "94229f13-e787-46e7-a9d8-53916b5ec5f7",
                "template": ""
              },
              {
                "cpe_device_info": [
                  {
                    "platform_software_version": "N.A",
                    "vendor": "Other"
                  }
                ],
                "cpe_device_shape_id": "b294cebb-91cd-40d5-9161-a0dddaafdbb9",
                "template": ""
              },
              {
                "cpe_device_info": [
                  {
                    "platform_software_version": "FortiGate 6.0.4 or later",
                    "vendor": "Fortinet"
                  }
                ],
                "cpe_device_shape_id": "c894a103-7463-4985-95ea-6c1d14b7e0d0",
                "template": ""
              },
              {
                "cpe_device_info": [
                  {
                    "platform_software_version": "R80.20",
                    "vendor": "Check Point"
                  }
                ],
                "cpe_device_shape_id": "d4684ab8-b7b0-4fcd-b26c-af47f7b7976a",
                "template": ""
              },
              {
                "cpe_device_info": [
                  {
                    "platform_software_version": "RTX RTX1210 Firmware Rev.14.01.28",
                    "vendor": "Yamaha"
                  }
                ],
                "cpe_device_shape_id": "d8b06919-3c38-43c7-a1f5-6368a444039e",
                "template": ""
              },
              {
                "cpe_device_info": [
                  {
                    "platform_software_version": "ASA Policy-Based VPN 8.5+ (single tunnel, static)",
                    "vendor": "Cisco"
                  }
                ],
                "cpe_device_shape_id": "f09b77c8-859c-4ec0-94fd-2ab372cf8b84",
                "template": ""
              },
              {
                "cpe_device_info": [
                  {
                    "platform_software_version": "Firebox with Fireware v12",
                    "vendor": "WatchGuard"
                  }
                ],
                "cpe_device_shape_id": "f915b932-238e-4abd-a396-9d30b00c9099",
                "template": ""
              }
            ],
            "filter": null,
            "id": "CoreCpeDeviceShapesDataSource-0"
          },
          "sensitive_attributes": [],
          "identity_schema_version": 0
        }
      ]
    },
    {
      "module": "module.oci_lz_orchestrator.module.oci_lz_network[0]",
      "mode": "data",
      "type": "oci_core_services",
      "name": "oci_services",
      "provider": "module.oci_lz_orchestrator.provider[\"registry.terraform.io/oracle/oci\"]",
      "instances": [
        {
          "index_key": 0,
          "schema_version": 0,
          "attributes": {
            "filter": null,
            "id": "CoreServicesDataSource-0",
            "services": [
              {
                "cidr_block": "all-vll-services-in-oracle-services-network",
                "description": "All VLL Services In Oracle Services Network",
                "id": "ocid1.service.oc19.eu-madrid-2.aaaaaaaaalasrvugb3zwk4lghxvnjnbgdmgywqhhywrnkx47yjkbt4vlfhxq",
                "name": "All VLL Services In Oracle Services Network"
              },
              {
                "cidr_block": "oci-vll-objectstorage",
                "description": "OCI VLL Object Storage",
                "id": "ocid1.service.oc19.eu-madrid-2.aaaaaaaatykfic3r7kf3cvc4rjyf7xnd3gi77u6uasajrp2lzasn24hrugcq",
                "name": "OCI VLL Object Storage"
              }
            ]
          },
          "sensitive_attributes": [],
          "identity_schema_version": 0
        }
      ]
    },
    {
      "module": "module.oci_lz_orchestrator.module.oci_lz_network[0]",
      "mode": "data",
      "type": "oci_core_vcn_dns_resolver_association",
      "name": "dns_resolvers",
      "provider": "module.oci_lz_orchestrator.provider[\"registry.terraform.io/oracle/oci\"]",
      "instances": [
        {
          "index_key": "VCN-VLL-LZ-EXACS-NPR-KEY",
          "schema_version": 0,
          "attributes": {
            "dns_resolver_id": "ocid1.dnsresolver.oc19.eu-madrid-2.amaaaaaapw27gbaaynij6gq33y32fyixibhzxawjpskaijyqqtqz7sx6uclq",
            "id": "CoreVcnDnsResolverAssociationDataSource-511258491",
            "state": "AVAILABLE",
            "vcn_id": "ocid1.vcn.oc19.eu-madrid-2.amaaaaaapw27gbaadicr6yacyfavaacq42zhr2otc4oylwivcg2kbntwioba"
          },
          "sensitive_attributes": [],
          "identity_schema_version": 0
        },
        {
          "index_key": "VCN-VLL-LZ-EXACS-PRO-KEY",
          "schema_version": 0,
          "attributes": {
            "dns_resolver_id": "ocid1.dnsresolver.oc19.eu-madrid-2.amaaaaaapw27gbaa4kvdhbx7tdebn7k44ctnxfmfhfc7kfjjcnpl4q7ipihq",
            "id": "CoreVcnDnsResolverAssociationDataSource-2585507387",
            "state": "AVAILABLE",
            "vcn_id": "ocid1.vcn.oc19.eu-madrid-2.amaaaaaapw27gbaaxsxo53tn4qjyqf3gn4rgtejemqz27gt7xr2egvuvactq"
          },
          "sensitive_attributes": [],
          "identity_schema_version": 0
        },
        {
          "index_key": "VCN-VLL-LZ-HUB-KEY",
          "schema_version": 0,
          "attributes": {
            "dns_resolver_id": "ocid1.dnsresolver.oc19.eu-madrid-2.amaaaaaapw27gbaagc4diqtccxvv6c5mlfgkrphypqfy7gg4eaphrusumb6a",
            "id": "CoreVcnDnsResolverAssociationDataSource-4119029151",
            "state": "AVAILABLE",
            "vcn_id": "ocid1.vcn.oc19.eu-madrid-2.amaaaaaapw27gbaamxmzavsqzvxdcms6xlp7qoguvztgzv2crg64ynvm3nea"
          },
          "sensitive_attributes": [],
          "identity_schema_version": 0
        }
      ]
    },
    {
      "module": "module.oci_lz_orchestrator.module.oci_lz_network[0]",
      "mode": "managed",
      "type": "oci_core_default_security_list",
      "name": "these",
      "provider": "module.oci_lz_orchestrator.provider[\"registry.terraform.io/oracle/oci\"]",
      "instances": [
        {
          "index_key": "CUSTOM-DEFAULT-SEC-LIST-VCN-VLL-LZ-EXACS-NPR-KEY",
          "schema_version": 0,
          "attributes": {
            "compartment_id": "ocid1.compartment.oc19..aaaaaaaaycsxnmvquse26nkoz23unmg4gw4ditynt5gpvjfy4c35oaw33pja",
            "defined_tags": {
              "Oracle-Tags.CreatedBy": "default/jorge.e.torlaschi@accenture.com",
              "Oracle-Tags.CreatedOn": "2026-03-02T14:48:58.733Z"
            },
            "display_name": "Default Security List for o-np-om2-vcn-exacsnpr-001",
            "egress_security_rules": [],
            "freeform_tags": {
              "ocilz-terraform-module": "networking/0.8.1"
            },
            "id": "ocid1.securitylist.oc19.eu-madrid-2.aaaaaaaabwbcyapyptgdofbmsqeqjp64mwj445r2xoqdhk64h4e7jbwqnrra",
            "ingress_security_rules": [],
            "manage_default_resource_id": "ocid1.securitylist.oc19.eu-madrid-2.aaaaaaaabwbcyapyptgdofbmsqeqjp64mwj445r2xoqdhk64h4e7jbwqnrra",
            "state": "AVAILABLE",
            "time_created": "2026-03-02 14:48:58.792 +0000 UTC",
            "timeouts": null
          },
          "sensitive_attributes": [],
          "identity_schema_version": 0,
          "private": "eyJlMmJmYjczMC1lY2FhLTExZTYtOGY4OC0zNDM2M2JjN2M0YzAiOnsiY3JlYXRlIjoxMjAwMDAwMDAwMDAwLCJkZWxldGUiOjEyMDAwMDAwMDAwMDAsInVwZGF0ZSI6MTIwMDAwMDAwMDAwMH19",
          "dependencies": [
            "module.oci_lz_orchestrator.data.oci_identity_regions.these",
            "module.oci_lz_orchestrator.data.oci_identity_tenancy.this",
            "module.oci_lz_orchestrator.module.oci_lz_compartments.oci_identity_compartment.level_2",
            "module.oci_lz_orchestrator.module.oci_lz_compartments.oci_identity_compartment.level_3",
            "module.oci_lz_orchestrator.module.oci_lz_compartments.oci_identity_compartment.level_4",
            "module.oci_lz_orchestrator.module.oci_lz_compartments.oci_identity_compartment.level_5",
            "module.oci_lz_orchestrator.module.oci_lz_compartments.oci_identity_compartment.level_6",
            "module.oci_lz_orchestrator.module.oci_lz_compartments.oci_identity_compartment.these",
            "module.oci_lz_orchestrator.module.oci_lz_compartments.oci_identity_tag_default.these",
            "module.oci_lz_orchestrator.module.oci_lz_network.data.oci_core_vcn.existing_vcns",
            "module.oci_lz_orchestrator.module.oci_lz_network.oci_core_vcn.these",
            "module.oci_lz_orchestrator.module.oci_lz_tags.data.oci_identity_tag.default_created_by",
            "module.oci_lz_orchestrator.module.oci_lz_tags.data.oci_identity_tag.default_created_on",
            "module.oci_lz_orchestrator.module.oci_lz_tags.data.oci_identity_tag_namespaces.oracle_default",
            "module.oci_lz_orchestrator.module.oci_lz_tags.oci_identity_tag.these",
            "module.oci_lz_orchestrator.module.oci_lz_tags.oci_identity_tag_default.these",
            "module.oci_lz_orchestrator.module.oci_lz_tags.oci_identity_tag_namespace.these",
            "module.oci_lz_orchestrator.module.oci_lz_zpr.data.oci_identity_regions.these",
            "module.oci_lz_orchestrator.module.oci_lz_zpr.data.oci_security_attribute_security_attribute_namespaces.default_security_attribute_namespaces",
            "module.oci_lz_orchestrator.module.oci_lz_zpr.data.oci_security_attribute_security_attribute_namespaces.query_security_attribute_namespaces",
            "module.oci_lz_orchestrator.module.oci_lz_zpr.data.oci_zpr_configuration.this",
            "module.oci_lz_orchestrator.module.oci_lz_zpr.oci_security_attribute_security_attribute.these",
            "module.oci_lz_orchestrator.module.oci_lz_zpr.oci_security_attribute_security_attribute_namespace.these",
            "module.oci_lz_orchestrator.module.oci_lz_zpr.oci_zpr_configuration.this",
            "module.oci_lz_orchestrator.module.oci_lz_zpr.oci_zpr_zpr_policy.these",
            "module.oci_lz_orchestrator.module.oci_lz_zpr.time_sleep.wait_after_zpr_configuration"
          ]
        },
        {
          "index_key": "CUSTOM-DEFAULT-SEC-LIST-VCN-VLL-LZ-EXACS-PRO-KEY",
          "schema_version": 0,
          "attributes": {
            "compartment_id": "ocid1.compartment.oc19..aaaaaaaaycsxnmvquse26nkoz23unmg4gw4ditynt5gpvjfy4c35oaw33pja",
            "defined_tags": {
              "Oracle-Tags.CreatedBy": "default/jorge.e.torlaschi@accenture.com",
              "Oracle-Tags.CreatedOn": "2026-03-02T14:48:58.733Z"
            },
            "display_name": "Default Security List for o-p-om2-vcn-exacspro-001",
            "egress_security_rules": [],
            "freeform_tags": {
              "ocilz-terraform-module": "networking/0.8.1"
            },
            "id": "ocid1.securitylist.oc19.eu-madrid-2.aaaaaaaa7kdjjefy4efy4eci2bwseq7s4ayb35lgt7knaplqiy4gbdfxulcq",
            "ingress_security_rules": [],
            "manage_default_resource_id": "ocid1.securitylist.oc19.eu-madrid-2.aaaaaaaa7kdjjefy4efy4eci2bwseq7s4ayb35lgt7knaplqiy4gbdfxulcq",
            "state": "AVAILABLE",
            "time_created": "2026-03-02 14:48:58.774 +0000 UTC",
            "timeouts": null
          },
          "sensitive_attributes": [],
          "identity_schema_version": 0,
          "private": "eyJlMmJmYjczMC1lY2FhLTExZTYtOGY4OC0zNDM2M2JjN2M0YzAiOnsiY3JlYXRlIjoxMjAwMDAwMDAwMDAwLCJkZWxldGUiOjEyMDAwMDAwMDAwMDAsInVwZGF0ZSI6MTIwMDAwMDAwMDAwMH19",
          "dependencies": [
            "module.oci_lz_orchestrator.data.oci_identity_regions.these",
            "module.oci_lz_orchestrator.data.oci_identity_tenancy.this",
            "module.oci_lz_orchestrator.module.oci_lz_compartments.oci_identity_compartment.level_2",
            "module.oci_lz_orchestrator.module.oci_lz_compartments.oci_identity_compartment.level_3",
            "module.oci_lz_orchestrator.module.oci_lz_compartments.oci_identity_compartment.level_4",
            "module.oci_lz_orchestrator.module.oci_lz_compartments.oci_identity_compartment.level_5",
            "module.oci_lz_orchestrator.module.oci_lz_compartments.oci_identity_compartment.level_6",
            "module.oci_lz_orchestrator.module.oci_lz_compartments.oci_identity_compartment.these",
            "module.oci_lz_orchestrator.module.oci_lz_compartments.oci_identity_tag_default.these",
            "module.oci_lz_orchestrator.module.oci_lz_network.data.oci_core_vcn.existing_vcns",
            "module.oci_lz_orchestrator.module.oci_lz_network.oci_core_vcn.these",
            "module.oci_lz_orchestrator.module.oci_lz_tags.data.oci_identity_tag.default_created_by",
            "module.oci_lz_orchestrator.module.oci_lz_tags.data.oci_identity_tag.default_created_on",
            "module.oci_lz_orchestrator.module.oci_lz_tags.data.oci_identity_tag_namespaces.oracle_default",
            "module.oci_lz_orchestrator.module.oci_lz_tags.oci_identity_tag.these",
            "module.oci_lz_orchestrator.module.oci_lz_tags.oci_identity_tag_default.these",
            "module.oci_lz_orchestrator.module.oci_lz_tags.oci_identity_tag_namespace.these",
            "module.oci_lz_orchestrator.module.oci_lz_zpr.data.oci_identity_regions.these",
            "module.oci_lz_orchestrator.module.oci_lz_zpr.data.oci_security_attribute_security_attribute_namespaces.default_security_attribute_namespaces",
            "module.oci_lz_orchestrator.module.oci_lz_zpr.data.oci_security_attribute_security_attribute_namespaces.query_security_attribute_namespaces",
            "module.oci_lz_orchestrator.module.oci_lz_zpr.data.oci_zpr_configuration.this",
            "module.oci_lz_orchestrator.module.oci_lz_zpr.oci_security_attribute_security_attribute.these",
            "module.oci_lz_orchestrator.module.oci_lz_zpr.oci_security_attribute_security_attribute_namespace.these",
            "module.oci_lz_orchestrator.module.oci_lz_zpr.oci_zpr_configuration.this",
            "module.oci_lz_orchestrator.module.oci_lz_zpr.oci_zpr_zpr_policy.these",
            "module.oci_lz_orchestrator.module.oci_lz_zpr.time_sleep.wait_after_zpr_configuration"
          ]
        },
        {
          "index_key": "CUSTOM-DEFAULT-SEC-LIST-VCN-VLL-LZ-HUB-KEY",
          "schema_version": 0,
          "attributes": {
            "compartment_id": "ocid1.compartment.oc19..aaaaaaaaycsxnmvquse26nkoz23unmg4gw4ditynt5gpvjfy4c35oaw33pja",
            "defined_tags": {
              "Oracle-Tags.CreatedBy": "default/jorge.e.torlaschi@accenture.com",
              "Oracle-Tags.CreatedOn": "2026-03-02T14:48:58.778Z"
            },
            "display_name": "Default Security List for o-p-om2-vcn-hub-001",
            "egress_security_rules": [],
            "freeform_tags": {
              "ocilz-terraform-module": "networking/0.8.1"
            },
            "id": "ocid1.securitylist.oc19.eu-madrid-2.aaaaaaaaaom5g6rda5wsh3euytm2wf5otqeisqnuywq7w7oj7kiyib2kymba",
            "ingress_security_rules": [],
            "manage_default_resource_id": "ocid1.securitylist.oc19.eu-madrid-2.aaaaaaaaaom5g6rda5wsh3euytm2wf5otqeisqnuywq7w7oj7kiyib2kymba",
            "state": "AVAILABLE",
            "time_created": "2026-03-02 14:48:58.813 +0000 UTC",
            "timeouts": null
          },
          "sensitive_attributes": [],
          "identity_schema_version": 0,
          "private": "eyJlMmJmYjczMC1lY2FhLTExZTYtOGY4OC0zNDM2M2JjN2M0YzAiOnsiY3JlYXRlIjoxMjAwMDAwMDAwMDAwLCJkZWxldGUiOjEyMDAwMDAwMDAwMDAsInVwZGF0ZSI6MTIwMDAwMDAwMDAwMH19",
          "dependencies": [
            "module.oci_lz_orchestrator.data.oci_identity_regions.these",
            "module.oci_lz_orchestrator.data.oci_identity_tenancy.this",
            "module.oci_lz_orchestrator.module.oci_lz_compartments.oci_identity_compartment.level_2",
            "module.oci_lz_orchestrator.module.oci_lz_compartments.oci_identity_compartment.level_3",
            "module.oci_lz_orchestrator.module.oci_lz_compartments.oci_identity_compartment.level_4",
            "module.oci_lz_orchestrator.module.oci_lz_compartments.oci_identity_compartment.level_5",
            "module.oci_lz_orchestrator.module.oci_lz_compartments.oci_identity_compartment.level_6",
            "module.oci_lz_orchestrator.module.oci_lz_compartments.oci_identity_compartment.these",
            "module.oci_lz_orchestrator.module.oci_lz_compartments.oci_identity_tag_default.these",
            "module.oci_lz_orchestrator.module.oci_lz_network.data.oci_core_vcn.existing_vcns",
            "module.oci_lz_orchestrator.module.oci_lz_network.oci_core_vcn.these",
            "module.oci_lz_orchestrator.module.oci_lz_tags.data.oci_identity_tag.default_created_by",
            "module.oci_lz_orchestrator.module.oci_lz_tags.data.oci_identity_tag.default_created_on",
            "module.oci_lz_orchestrator.module.oci_lz_tags.data.oci_identity_tag_namespaces.oracle_default",
            "module.oci_lz_orchestrator.module.oci_lz_tags.oci_identity_tag.these",
            "module.oci_lz_orchestrator.module.oci_lz_tags.oci_identity_tag_default.these",
            "module.oci_lz_orchestrator.module.oci_lz_tags.oci_identity_tag_namespace.these",
            "module.oci_lz_orchestrator.module.oci_lz_zpr.data.oci_identity_regions.these",
            "module.oci_lz_orchestrator.module.oci_lz_zpr.data.oci_security_attribute_security_attribute_namespaces.default_security_attribute_namespaces",
            "module.oci_lz_orchestrator.module.oci_lz_zpr.data.oci_security_attribute_security_attribute_namespaces.query_security_attribute_namespaces",
            "module.oci_lz_orchestrator.module.oci_lz_zpr.data.oci_zpr_configuration.this",
            "module.oci_lz_orchestrator.module.oci_lz_zpr.oci_security_attribute_security_attribute.these",
            "module.oci_lz_orchestrator.module.oci_lz_zpr.oci_security_attribute_security_attribute_namespace.these",
            "module.oci_lz_orchestrator.module.oci_lz_zpr.oci_zpr_configuration.this",
            "module.oci_lz_orchestrator.module.oci_lz_zpr.oci_zpr_zpr_policy.these",
            "module.oci_lz_orchestrator.module.oci_lz_zpr.time_sleep.wait_after_zpr_configuration"
          ]
        }
      ]
    },
    {
      "module": "module.oci_lz_orchestrator.module.oci_lz_network[0]",
      "mode": "managed",
      "type": "oci_core_drg",
      "name": "these",
      "provider": "module.oci_lz_orchestrator.provider[\"registry.terraform.io/oracle/oci\"]",
      "instances": [
        {
          "index_key": "DRG-VLL-LZ-HUB-KEY",
          "schema_version": 0,
          "attributes": {
            "compartment_id": "ocid1.compartment.oc19..aaaaaaaaycsxnmvquse26nkoz23unmg4gw4ditynt5gpvjfy4c35oaw33pja",
            "default_drg_route_tables": [
              {
                "ipsec_tunnel": "ocid1.drgroutetable.oc19.eu-madrid-2.aaaaaaaa6rpvouzaby54tnuetyum2zhok2qzhuqyjbgp7pghurbjwpfgfbla",
                "remote_peering_connection": "ocid1.drgroutetable.oc19.eu-madrid-2.aaaaaaaa6rpvouzaby54tnuetyum2zhok2qzhuqyjbgp7pghurbjwpfgfbla",
                "vcn": "ocid1.drgroutetable.oc19.eu-madrid-2.aaaaaaaarjc66eyrowdzwvszhepmay5h3k4fxmeum3snno76ycqis5p7wnea",
                "virtual_circuit": "ocid1.drgroutetable.oc19.eu-madrid-2.aaaaaaaa6rpvouzaby54tnuetyum2zhok2qzhuqyjbgp7pghurbjwpfgfbla"
              }
            ],
            "default_export_drg_route_distribution_id": "ocid1.drgroutedistribution.oc19.eu-madrid-2.aaaaaaaaw4kqzjharkpo2cangedhdxbbnfhp7y2zzfancwq2x6jyjzw3tpja",
            "defined_tags": {
              "Oracle-Tags.CreatedBy": "default/jorge.e.torlaschi@accenture.com",
              "Oracle-Tags.CreatedOn": "2026-03-02T14:48:58.794Z"
            },
            "display_name": "o-p-om2-drg-hub-001",
            "freeform_tags": {
              "ocilz-terraform-module": "networking/0.8.1"
            },
            "id": "ocid1.drg.oc19.eu-madrid-2.aaaaaaaayvopkm7emgn5m4gftb675exqtglpug7u7pr7ed45x4ovcenq772q",
            "redundancy_status": "NOT_AVAILABLE",
            "state": "AVAILABLE",
            "time_created": "2026-03-02 14:48:58.806 +0000 UTC",
            "timeouts": null
          },
          "sensitive_attributes": [],
          "identity_schema_version": 0,
          "private": "eyJlMmJmYjczMC1lY2FhLTExZTYtOGY4OC0zNDM2M2JjN2M0YzAiOnsiY3JlYXRlIjoxMjAwMDAwMDAwMDAwLCJkZWxldGUiOjEyMDAwMDAwMDAwMDAsInVwZGF0ZSI6MTIwMDAwMDAwMDAwMH19",
          "dependencies": [
            "module.oci_lz_orchestrator.data.oci_identity_regions.these",
            "module.oci_lz_orchestrator.data.oci_identity_tenancy.this",
            "module.oci_lz_orchestrator.module.oci_lz_compartments.oci_identity_compartment.level_2",
            "module.oci_lz_orchestrator.module.oci_lz_compartments.oci_identity_compartment.level_3",
            "module.oci_lz_orchestrator.module.oci_lz_compartments.oci_identity_compartment.level_4",
            "module.oci_lz_orchestrator.module.oci_lz_compartments.oci_identity_compartment.level_5",
            "module.oci_lz_orchestrator.module.oci_lz_compartments.oci_identity_compartment.level_6",
            "module.oci_lz_orchestrator.module.oci_lz_compartments.oci_identity_compartment.these",
            "module.oci_lz_orchestrator.module.oci_lz_compartments.oci_identity_tag_default.these",
            "module.oci_lz_orchestrator.module.oci_lz_tags.data.oci_identity_tag.default_created_by",
            "module.oci_lz_orchestrator.module.oci_lz_tags.data.oci_identity_tag.default_created_on",
            "module.oci_lz_orchestrator.module.oci_lz_tags.data.oci_identity_tag_namespaces.oracle_default",
            "module.oci_lz_orchestrator.module.oci_lz_tags.oci_identity_tag.these",
            "module.oci_lz_orchestrator.module.oci_lz_tags.oci_identity_tag_default.these",
            "module.oci_lz_orchestrator.module.oci_lz_tags.oci_identity_tag_namespace.these",
            "module.oci_lz_orchestrator.module.oci_lz_zpr.data.oci_identity_regions.these",
            "module.oci_lz_orchestrator.module.oci_lz_zpr.data.oci_security_attribute_security_attribute_namespaces.default_security_attribute_namespaces",
            "module.oci_lz_orchestrator.module.oci_lz_zpr.data.oci_security_attribute_security_attribute_namespaces.query_security_attribute_namespaces",
            "module.oci_lz_orchestrator.module.oci_lz_zpr.data.oci_zpr_configuration.this",
            "module.oci_lz_orchestrator.module.oci_lz_zpr.oci_security_attribute_security_attribute.these",
            "module.oci_lz_orchestrator.module.oci_lz_zpr.oci_security_attribute_security_attribute_namespace.these",
            "module.oci_lz_orchestrator.module.oci_lz_zpr.oci_zpr_configuration.this",
            "module.oci_lz_orchestrator.module.oci_lz_zpr.oci_zpr_zpr_policy.these",
            "module.oci_lz_orchestrator.module.oci_lz_zpr.time_sleep.wait_after_zpr_configuration"
          ],
          "create_before_destroy": true
        }
      ]
    },
    {
      "module": "module.oci_lz_orchestrator.module.oci_lz_network[0]",
      "mode": "managed",
      "type": "oci_core_drg_attachment",
      "name": "these",
      "provider": "module.oci_lz_orchestrator.provider[\"registry.terraform.io/oracle/oci\"]",
      "instances": [
        {
          "index_key": "DRGATT-VLL-LZ-EXACS-NPR-VCN-KEY",
          "schema_version": 0,
          "attributes": {
            "compartment_id": "ocid1.compartment.oc19..aaaaaaaaycsxnmvquse26nkoz23unmg4gw4ditynt5gpvjfy4c35oaw33pja",
            "defined_tags": {
              "Oracle-Tags.CreatedBy": "default/jorge.e.torlaschi@accenture.com",
              "Oracle-Tags.CreatedOn": "2026-03-02T14:49:19.366Z"
            },
            "display_name": "o-p-om2-drgatt-exad-001",
            "drg_id": "ocid1.drg.oc19.eu-madrid-2.aaaaaaaayvopkm7emgn5m4gftb675exqtglpug7u7pr7ed45x4ovcenq772q",
            "drg_route_table_id": "ocid1.drgroutetable.oc19.eu-madrid-2.aaaaaaaarjc66eyrowdzwvszhepmay5h3k4fxmeum3snno76ycqis5p7wnea",
            "export_drg_route_distribution_id": null,
            "freeform_tags": {
              "ocilz-terraform-module": "networking/0.8.1"
            },
            "id": "ocid1.drgattachment.oc19.eu-madrid-2.aaaaaaaaydbsh2zh42njx2whfprhmwaf3ovr63m6gbc7unszompxlcoxe3sq",
            "is_cross_tenancy": false,
            "network_details": [
              {
                "id": "ocid1.vcn.oc19.eu-madrid-2.amaaaaaapw27gbaadicr6yacyfavaacq42zhr2otc4oylwivcg2kbntwioba",
                "ids": [],
                "ipsec_connection_id": "",
                "route_table_id": "",
                "transport_attachment_id": "",
                "transport_only_mode": false,
                "type": "VCN",
                "vcn_route_type": "SUBNET_CIDRS"
              }
            ],
            "remove_export_drg_route_distribution_trigger": null,
            "route_table_id": null,
            "state": "ATTACHED",
            "time_created": "2026-03-02 14:49:19.401 +0000 UTC",
            "timeouts": null,
            "vcn_id": "ocid1.vcn.oc19.eu-madrid-2.amaaaaaapw27gbaadicr6yacyfavaacq42zhr2otc4oylwivcg2kbntwioba"
          },
          "sensitive_attributes": [],
          "identity_schema_version": 0,
          "private": "eyJlMmJmYjczMC1lY2FhLTExZTYtOGY4OC0zNDM2M2JjN2M0YzAiOnsiY3JlYXRlIjoxMjAwMDAwMDAwMDAwLCJkZWxldGUiOjEyMDAwMDAwMDAwMDAsInVwZGF0ZSI6MTIwMDAwMDAwMDAwMH19",
          "dependencies": [
            "module.oci_lz_orchestrator.data.oci_identity_regions.these",
            "module.oci_lz_orchestrator.data.oci_identity_tenancy.this",
            "module.oci_lz_orchestrator.module.oci_lz_compartments.oci_identity_compartment.level_2",
            "module.oci_lz_orchestrator.module.oci_lz_compartments.oci_identity_compartment.level_3",
            "module.oci_lz_orchestrator.module.oci_lz_compartments.oci_identity_compartment.level_4",
            "module.oci_lz_orchestrator.module.oci_lz_compartments.oci_identity_compartment.level_5",
            "module.oci_lz_orchestrator.module.oci_lz_compartments.oci_identity_compartment.level_6",
            "module.oci_lz_orchestrator.module.oci_lz_compartments.oci_identity_compartment.these",
            "module.oci_lz_orchestrator.module.oci_lz_compartments.oci_identity_tag_default.these",
            "module.oci_lz_orchestrator.module.oci_lz_network.data.oci_core_services.oci_services",
            "module.oci_lz_orchestrator.module.oci_lz_network.data.oci_core_vcn.existing_vcns",
            "module.oci_lz_orchestrator.module.oci_lz_network.oci_core_drg.these",
            "module.oci_lz_orchestrator.module.oci_lz_network.oci_core_drg_route_distribution.these",
            "module.oci_lz_orchestrator.module.oci_lz_network.oci_core_drg_route_table.these",
            "module.oci_lz_orchestrator.module.oci_lz_network.oci_core_local_peering_gateway.oci_acceptor_local_peering_gateways",
            "module.oci_lz_orchestrator.module.oci_lz_network.oci_core_local_peering_gateway.oci_requestor_local_peering_gateways",
            "module.oci_lz_orchestrator.module.oci_lz_network.oci_core_public_ip.these",
            "module.oci_lz_orchestrator.module.oci_lz_network.oci_core_public_ip_pool.these",
            "module.oci_lz_orchestrator.module.oci_lz_network.oci_core_route_table.drga_specific_route_tables",
            "module.oci_lz_orchestrator.module.oci_lz_network.oci_core_route_table.igw_natgw_specific_route_tables",
            "module.oci_lz_orchestrator.module.oci_lz_network.oci_core_route_table.lpg_specific_route_tables",
            "module.oci_lz_orchestrator.module.oci_lz_network.oci_core_route_table.sgw_specific_route_tables",
            "module.oci_lz_orchestrator.module.oci_lz_network.oci_core_service_gateway.these",
            "module.oci_lz_orchestrator.module.oci_lz_network.oci_core_vcn.these",
            "module.oci_lz_orchestrator.module.oci_lz_tags.data.oci_identity_tag.default_created_by",
            "module.oci_lz_orchestrator.module.oci_lz_tags.data.oci_identity_tag.default_created_on",
            "module.oci_lz_orchestrator.module.oci_lz_tags.data.oci_identity_tag_namespaces.oracle_default",
            "module.oci_lz_orchestrator.module.oci_lz_tags.oci_identity_tag.these",
            "module.oci_lz_orchestrator.module.oci_lz_tags.oci_identity_tag_default.these",
            "module.oci_lz_orchestrator.module.oci_lz_tags.oci_identity_tag_namespace.these",
            "module.oci_lz_orchestrator.module.oci_lz_zpr.data.oci_identity_regions.these",
            "module.oci_lz_orchestrator.module.oci_lz_zpr.data.oci_security_attribute_security_attribute_namespaces.default_security_attribute_namespaces",
            "module.oci_lz_orchestrator.module.oci_lz_zpr.data.oci_security_attribute_security_attribute_namespaces.query_security_attribute_namespaces",
            "module.oci_lz_orchestrator.module.oci_lz_zpr.data.oci_zpr_configuration.this",
            "module.oci_lz_orchestrator.module.oci_lz_zpr.oci_security_attribute_security_attribute.these",
            "module.oci_lz_orchestrator.module.oci_lz_zpr.oci_security_attribute_security_attribute_namespace.these",
            "module.oci_lz_orchestrator.module.oci_lz_zpr.oci_zpr_configuration.this",
            "module.oci_lz_orchestrator.module.oci_lz_zpr.oci_zpr_zpr_policy.these",
            "module.oci_lz_orchestrator.module.oci_lz_zpr.time_sleep.wait_after_zpr_configuration"
          ]
        },
        {
          "index_key": "DRGATT-VLL-LZ-EXACS-PRO-VCN-KEY",
          "schema_version": 0,
          "attributes": {
            "compartment_id": "ocid1.compartment.oc19..aaaaaaaaycsxnmvquse26nkoz23unmg4gw4ditynt5gpvjfy4c35oaw33pja",
            "defined_tags": {
              "Oracle-Tags.CreatedBy": "default/jorge.e.torlaschi@accenture.com",
              "Oracle-Tags.CreatedOn": "2026-03-02T14:49:19.420Z"
            },
            "display_name": "o-p-om2-drgatt-exap-001",
            "drg_id": "ocid1.drg.oc19.eu-madrid-2.aaaaaaaayvopkm7emgn5m4gftb675exqtglpug7u7pr7ed45x4ovcenq772q",
            "drg_route_table_id": "ocid1.drgroutetable.oc19.eu-madrid-2.aaaaaaaarjc66eyrowdzwvszhepmay5h3k4fxmeum3snno76ycqis5p7wnea",
            "export_drg_route_distribution_id": null,
            "freeform_tags": {
              "ocilz-terraform-module": "networking/0.8.1"
            },
            "id": "ocid1.drgattachment.oc19.eu-madrid-2.aaaaaaaansd5lm4xxko5k5gp3wgcsno5pctjdvlopk33q3zokfsigdjica4q",
            "is_cross_tenancy": false,
            "network_details": [
              {
                "id": "ocid1.vcn.oc19.eu-madrid-2.amaaaaaapw27gbaaxsxo53tn4qjyqf3gn4rgtejemqz27gt7xr2egvuvactq",
                "ids": [],
                "ipsec_connection_id": "",
                "route_table_id": "",
                "transport_attachment_id": "",
                "transport_only_mode": false,
                "type": "VCN",
                "vcn_route_type": "SUBNET_CIDRS"
              }
            ],
            "remove_export_drg_route_distribution_trigger": null,
            "route_table_id": null,
            "state": "ATTACHED",
            "time_created": "2026-03-02 14:49:19.457 +0000 UTC",
            "timeouts": null,
            "vcn_id": "ocid1.vcn.oc19.eu-madrid-2.amaaaaaapw27gbaaxsxo53tn4qjyqf3gn4rgtejemqz27gt7xr2egvuvactq"
          },
          "sensitive_attributes": [],
          "identity_schema_version": 0,
          "private": "eyJlMmJmYjczMC1lY2FhLTExZTYtOGY4OC0zNDM2M2JjN2M0YzAiOnsiY3JlYXRlIjoxMjAwMDAwMDAwMDAwLCJkZWxldGUiOjEyMDAwMDAwMDAwMDAsInVwZGF0ZSI6MTIwMDAwMDAwMDAwMH19",
          "dependencies": [
            "module.oci_lz_orchestrator.data.oci_identity_regions.these",
            "module.oci_lz_orchestrator.data.oci_identity_tenancy.this",
            "module.oci_lz_orchestrator.module.oci_lz_compartments.oci_identity_compartment.level_2",
            "module.oci_lz_orchestrator.module.oci_lz_compartments.oci_identity_compartment.level_3",
            "module.oci_lz_orchestrator.module.oci_lz_compartments.oci_identity_compartment.level_4",
            "module.oci_lz_orchestrator.module.oci_lz_compartments.oci_identity_compartment.level_5",
            "module.oci_lz_orchestrator.module.oci_lz_compartments.oci_identity_compartment.level_6",
            "module.oci_lz_orchestrator.module.oci_lz_compartments.oci_identity_compartment.these",
            "module.oci_lz_orchestrator.module.oci_lz_compartments.oci_identity_tag_default.these",
            "module.oci_lz_orchestrator.module.oci_lz_network.data.oci_core_services.oci_services",
            "module.oci_lz_orchestrator.module.oci_lz_network.data.oci_core_vcn.existing_vcns",
            "module.oci_lz_orchestrator.module.oci_lz_network.oci_core_drg.these",
            "module.oci_lz_orchestrator.module.oci_lz_network.oci_core_drg_route_distribution.these",
            "module.oci_lz_orchestrator.module.oci_lz_network.oci_core_drg_route_table.these",
            "module.oci_lz_orchestrator.module.oci_lz_network.oci_core_local_peering_gateway.oci_acceptor_local_peering_gateways",
            "module.oci_lz_orchestrator.module.oci_lz_network.oci_core_local_peering_gateway.oci_requestor_local_peering_gateways",
            "module.oci_lz_orchestrator.module.oci_lz_network.oci_core_public_ip.these",
            "module.oci_lz_orchestrator.module.oci_lz_network.oci_core_public_ip_pool.these",
            "module.oci_lz_orchestrator.module.oci_lz_network.oci_core_route_table.drga_specific_route_tables",
            "module.oci_lz_orchestrator.module.oci_lz_network.oci_core_route_table.igw_natgw_specific_route_tables",
            "module.oci_lz_orchestrator.module.oci_lz_network.oci_core_route_table.lpg_specific_route_tables",
            "module.oci_lz_orchestrator.module.oci_lz_network.oci_core_route_table.sgw_specific_route_tables",
            "module.oci_lz_orchestrator.module.oci_lz_network.oci_core_service_gateway.these",
            "module.oci_lz_orchestrator.module.oci_lz_network.oci_core_vcn.these",
            "module.oci_lz_orchestrator.module.oci_lz_tags.data.oci_identity_tag.default_created_by",
            "module.oci_lz_orchestrator.module.oci_lz_tags.data.oci_identity_tag.default_created_on",
            "module.oci_lz_orchestrator.module.oci_lz_tags.data.oci_identity_tag_namespaces.oracle_default",
            "module.oci_lz_orchestrator.module.oci_lz_tags.oci_identity_tag.these",
            "module.oci_lz_orchestrator.module.oci_lz_tags.oci_identity_tag_default.these",
            "module.oci_lz_orchestrator.module.oci_lz_tags.oci_identity_tag_namespace.these",
            "module.oci_lz_orchestrator.module.oci_lz_zpr.data.oci_identity_regions.these",
            "module.oci_lz_orchestrator.module.oci_lz_zpr.data.oci_security_attribute_security_attribute_namespaces.default_security_attribute_namespaces",
            "module.oci_lz_orchestrator.module.oci_lz_zpr.data.oci_security_attribute_security_attribute_namespaces.query_security_attribute_namespaces",
            "module.oci_lz_orchestrator.module.oci_lz_zpr.data.oci_zpr_configuration.this",
            "module.oci_lz_orchestrator.module.oci_lz_zpr.oci_security_attribute_security_attribute.these",
            "module.oci_lz_orchestrator.module.oci_lz_zpr.oci_security_attribute_security_attribute_namespace.these",
            "module.oci_lz_orchestrator.module.oci_lz_zpr.oci_zpr_configuration.this",
            "module.oci_lz_orchestrator.module.oci_lz_zpr.oci_zpr_zpr_policy.these",
            "module.oci_lz_orchestrator.module.oci_lz_zpr.time_sleep.wait_after_zpr_configuration"
          ]
        },
        {
          "index_key": "DRGATT-VLL-LZ-HUB-VCN-KEY",
          "schema_version": 0,
          "attributes": {
            "compartment_id": "ocid1.compartment.oc19..aaaaaaaaycsxnmvquse26nkoz23unmg4gw4ditynt5gpvjfy4c35oaw33pja",
            "defined_tags": {
              "Oracle-Tags.CreatedBy": "default/jorge.e.torlaschi@accenture.com",
              "Oracle-Tags.CreatedOn": "2026-03-02T14:49:19.488Z"
            },
            "display_name": "o-p-om2-drgatt-hub-001",
            "drg_id": "ocid1.drg.oc19.eu-madrid-2.aaaaaaaayvopkm7emgn5m4gftb675exqtglpug7u7pr7ed45x4ovcenq772q",
            "drg_route_table_id": "ocid1.drgroutetable.oc19.eu-madrid-2.aaaaaaaaelewnmjurcayzekvdknrdcpfzx2i3sc4ogulv2oes3eszup73fga",
            "export_drg_route_distribution_id": null,
            "freeform_tags": {
              "ocilz-terraform-module": "networking/0.8.1"
            },
            "id": "ocid1.drgattachment.oc19.eu-madrid-2.aaaaaaaa6ir65wamsenzmsshu35tzvmpkcrdk6dujdcbp3d2s3ozczo5xfua",
            "is_cross_tenancy": false,
            "network_details": [
              {
                "id": "ocid1.vcn.oc19.eu-madrid-2.amaaaaaapw27gbaamxmzavsqzvxdcms6xlp7qoguvztgzv2crg64ynvm3nea",
                "ids": [],
                "ipsec_connection_id": "",
                "route_table_id": "ocid1.routetable.oc19.eu-madrid-2.aaaaaaaaibq6dlrbyntm73q327wbwoof5lqdsshsod6kuvhhtqzgiuslwjea",
                "transport_attachment_id": "",
                "transport_only_mode": false,
                "type": "VCN",
                "vcn_route_type": "SUBNET_CIDRS"
              }
            ],
            "remove_export_drg_route_distribution_trigger": null,
            "route_table_id": "ocid1.routetable.oc19.eu-madrid-2.aaaaaaaaibq6dlrbyntm73q327wbwoof5lqdsshsod6kuvhhtqzgiuslwjea",
            "state": "ATTACHED",
            "time_created": "2026-03-02 14:49:19.571 +0000 UTC",
            "timeouts": null,
            "vcn_id": "ocid1.vcn.oc19.eu-madrid-2.amaaaaaapw27gbaamxmzavsqzvxdcms6xlp7qoguvztgzv2crg64ynvm3nea"
          },
          "sensitive_attributes": [],
          "identity_schema_version": 0,
          "private": "eyJlMmJmYjczMC1lY2FhLTExZTYtOGY4OC0zNDM2M2JjN2M0YzAiOnsiY3JlYXRlIjoxMjAwMDAwMDAwMDAwLCJkZWxldGUiOjEyMDAwMDAwMDAwMDAsInVwZGF0ZSI6MTIwMDAwMDAwMDAwMH19",
          "dependencies": [
            "module.oci_lz_orchestrator.data.oci_identity_regions.these",
            "module.oci_lz_orchestrator.data.oci_identity_tenancy.this",
            "module.oci_lz_orchestrator.module.oci_lz_compartments.oci_identity_compartment.level_2",
            "module.oci_lz_orchestrator.module.oci_lz_compartments.oci_identity_compartment.level_3",
            "module.oci_lz_orchestrator.module.oci_lz_compartments.oci_identity_compartment.level_4",
            "module.oci_lz_orchestrator.module.oci_lz_compartments.oci_identity_compartment.level_5",
            "module.oci_lz_orchestrator.module.oci_lz_compartments.oci_identity_compartment.level_6",
            "module.oci_lz_orchestrator.module.oci_lz_compartments.oci_identity_compartment.these",
            "module.oci_lz_orchestrator.module.oci_lz_compartments.oci_identity_tag_default.these",
            "module.oci_lz_orchestrator.module.oci_lz_network.data.oci_core_services.oci_services",
            "module.oci_lz_orchestrator.module.oci_lz_network.data.oci_core_vcn.existing_vcns",
            "module.oci_lz_orchestrator.module.oci_lz_network.oci_core_drg.these",
            "module.oci_lz_orchestrator.module.oci_lz_network.oci_core_drg_route_distribution.these",
            "module.oci_lz_orchestrator.module.oci_lz_network.oci_core_drg_route_table.these",
            "module.oci_lz_orchestrator.module.oci_lz_network.oci_core_local_peering_gateway.oci_acceptor_local_peering_gateways",
            "module.oci_lz_orchestrator.module.oci_lz_network.oci_core_local_peering_gateway.oci_requestor_local_peering_gateways",
            "module.oci_lz_orchestrator.module.oci_lz_network.oci_core_public_ip.these",
            "module.oci_lz_orchestrator.module.oci_lz_network.oci_core_public_ip_pool.these",
            "module.oci_lz_orchestrator.module.oci_lz_network.oci_core_route_table.drga_specific_route_tables",
            "module.oci_lz_orchestrator.module.oci_lz_network.oci_core_route_table.igw_natgw_specific_route_tables",
            "module.oci_lz_orchestrator.module.oci_lz_network.oci_core_route_table.lpg_specific_route_tables",
            "module.oci_lz_orchestrator.module.oci_lz_network.oci_core_route_table.sgw_specific_route_tables",
            "module.oci_lz_orchestrator.module.oci_lz_network.oci_core_service_gateway.these",
            "module.oci_lz_orchestrator.module.oci_lz_network.oci_core_vcn.these",
            "module.oci_lz_orchestrator.module.oci_lz_tags.data.oci_identity_tag.default_created_by",
            "module.oci_lz_orchestrator.module.oci_lz_tags.data.oci_identity_tag.default_created_on",
            "module.oci_lz_orchestrator.module.oci_lz_tags.data.oci_identity_tag_namespaces.oracle_default",
            "module.oci_lz_orchestrator.module.oci_lz_tags.oci_identity_tag.these",
            "module.oci_lz_orchestrator.module.oci_lz_tags.oci_identity_tag_default.these",
            "module.oci_lz_orchestrator.module.oci_lz_tags.oci_identity_tag_namespace.these",
            "module.oci_lz_orchestrator.module.oci_lz_zpr.data.oci_identity_regions.these",
            "module.oci_lz_orchestrator.module.oci_lz_zpr.data.oci_security_attribute_security_attribute_namespaces.default_security_attribute_namespaces",
            "module.oci_lz_orchestrator.module.oci_lz_zpr.data.oci_security_attribute_security_attribute_namespaces.query_security_attribute_namespaces",
            "module.oci_lz_orchestrator.module.oci_lz_zpr.data.oci_zpr_configuration.this",
            "module.oci_lz_orchestrator.module.oci_lz_zpr.oci_security_attribute_security_attribute.these",
            "module.oci_lz_orchestrator.module.oci_lz_zpr.oci_security_attribute_security_attribute_namespace.these",
            "module.oci_lz_orchestrator.module.oci_lz_zpr.oci_zpr_configuration.this",
            "module.oci_lz_orchestrator.module.oci_lz_zpr.oci_zpr_zpr_policy.these",
            "module.oci_lz_orchestrator.module.oci_lz_zpr.time_sleep.wait_after_zpr_configuration"
          ]
        }
      ]
    },
    {
      "module": "module.oci_lz_orchestrator.module.oci_lz_network[0]",
      "mode": "managed",
      "type": "oci_core_drg_route_distribution",
      "name": "these",
      "provider": "module.oci_lz_orchestrator.provider[\"registry.terraform.io/oracle/oci\"]",
      "instances": [
        {
          "index_key": "DRGRD-VLL-LZ-HUB-KEY",
          "schema_version": 0,
          "attributes": {
            "compartment_id": "ocid1.compartment.oc19..aaaaaaaaycsxnmvquse26nkoz23unmg4gw4ditynt5gpvjfy4c35oaw33pja",
            "defined_tags": {
              "Oracle-Tags.CreatedBy": "default/jorge.e.torlaschi@accenture.com",
              "Oracle-Tags.CreatedOn": "2026-03-02T14:48:58.794Z"
            },
            "display_name": "o-p-om2-drgrd-hub-001",
            "distribution_type": "IMPORT",
            "drg_id": "ocid1.drg.oc19.eu-madrid-2.aaaaaaaayvopkm7emgn5m4gftb675exqtglpug7u7pr7ed45x4ovcenq772q",
            "freeform_tags": {
              "ocilz-terraform-module": "networking/0.8.1"
            },
            "id": "ocid1.drgroutedistribution.oc19.eu-madrid-2.aaaaaaaarm3ytjwkjfx5vdexq6okca3bcxfhpbdryoh6cma6o3jb6mgzkngq",
            "state": "AVAILABLE",
            "time_created": "2026-03-02 14:49:12.469 +0000 UTC",
            "timeouts": null
          },
          "sensitive_attributes": [],
          "identity_schema_version": 0,
          "private": "eyJlMmJmYjczMC1lY2FhLTExZTYtOGY4OC0zNDM2M2JjN2M0YzAiOnsiY3JlYXRlIjoxMjAwMDAwMDAwMDAwLCJkZWxldGUiOjEyMDAwMDAwMDAwMDAsInVwZGF0ZSI6MTIwMDAwMDAwMDAwMH19",
          "dependencies": [
            "module.oci_lz_orchestrator.data.oci_identity_regions.these",
            "module.oci_lz_orchestrator.data.oci_identity_tenancy.this",
            "module.oci_lz_orchestrator.module.oci_lz_compartments.oci_identity_compartment.level_2",
            "module.oci_lz_orchestrator.module.oci_lz_compartments.oci_identity_compartment.level_3",
            "module.oci_lz_orchestrator.module.oci_lz_compartments.oci_identity_compartment.level_4",
            "module.oci_lz_orchestrator.module.oci_lz_compartments.oci_identity_compartment.level_5",
            "module.oci_lz_orchestrator.module.oci_lz_compartments.oci_identity_compartment.level_6",
            "module.oci_lz_orchestrator.module.oci_lz_compartments.oci_identity_compartment.these",
            "module.oci_lz_orchestrator.module.oci_lz_compartments.oci_identity_tag_default.these",
            "module.oci_lz_orchestrator.module.oci_lz_network.oci_core_drg.these",
            "module.oci_lz_orchestrator.module.oci_lz_tags.data.oci_identity_tag.default_created_by",
            "module.oci_lz_orchestrator.module.oci_lz_tags.data.oci_identity_tag.default_created_on",
            "module.oci_lz_orchestrator.module.oci_lz_tags.data.oci_identity_tag_namespaces.oracle_default",
            "module.oci_lz_orchestrator.module.oci_lz_tags.oci_identity_tag.these",
            "module.oci_lz_orchestrator.module.oci_lz_tags.oci_identity_tag_default.these",
            "module.oci_lz_orchestrator.module.oci_lz_tags.oci_identity_tag_namespace.these",
            "module.oci_lz_orchestrator.module.oci_lz_zpr.data.oci_identity_regions.these",
            "module.oci_lz_orchestrator.module.oci_lz_zpr.data.oci_security_attribute_security_attribute_namespaces.default_security_attribute_namespaces",
            "module.oci_lz_orchestrator.module.oci_lz_zpr.data.oci_security_attribute_security_attribute_namespaces.query_security_attribute_namespaces",
            "module.oci_lz_orchestrator.module.oci_lz_zpr.data.oci_zpr_configuration.this",
            "module.oci_lz_orchestrator.module.oci_lz_zpr.oci_security_attribute_security_attribute.these",
            "module.oci_lz_orchestrator.module.oci_lz_zpr.oci_security_attribute_security_attribute_namespace.these",
            "module.oci_lz_orchestrator.module.oci_lz_zpr.oci_zpr_configuration.this",
            "module.oci_lz_orchestrator.module.oci_lz_zpr.oci_zpr_zpr_policy.these",
            "module.oci_lz_orchestrator.module.oci_lz_zpr.time_sleep.wait_after_zpr_configuration"
          ]
        }
      ]
    },
    {
      "module": "module.oci_lz_orchestrator.module.oci_lz_network[0]",
      "mode": "managed",
      "type": "oci_core_drg_route_table",
      "name": "these",
      "provider": "module.oci_lz_orchestrator.provider[\"registry.terraform.io/oracle/oci\"]",
      "instances": [
        {
          "index_key": "DRGRT-VLL-LZ-HUB-KEY",
          "schema_version": 0,
          "attributes": {
            "compartment_id": "ocid1.compartment.oc19..aaaaaaaaycsxnmvquse26nkoz23unmg4gw4ditynt5gpvjfy4c35oaw33pja",
            "defined_tags": {
              "Oracle-Tags.CreatedBy": "default/jorge.e.torlaschi@accenture.com",
              "Oracle-Tags.CreatedOn": "2026-03-02T14:48:58.794Z"
            },
            "display_name": "o-p-om2-drgrt-hub-001b",
            "drg_id": "ocid1.drg.oc19.eu-madrid-2.aaaaaaaayvopkm7emgn5m4gftb675exqtglpug7u7pr7ed45x4ovcenq772q",
            "freeform_tags": {
              "ocilz-terraform-module": "networking/0.8.1"
            },
            "id": "ocid1.drgroutetable.oc19.eu-madrid-2.aaaaaaaaelewnmjurcayzekvdknrdcpfzx2i3sc4ogulv2oes3eszup73fga",
            "import_drg_route_distribution_id": "ocid1.drgroutedistribution.oc19.eu-madrid-2.aaaaaaaarm3ytjwkjfx5vdexq6okca3bcxfhpbdryoh6cma6o3jb6mgzkngq",
            "is_ecmp_enabled": false,
            "remove_import_trigger": null,
            "state": "AVAILABLE",
            "time_created": "2026-03-02 14:49:12.595 +0000 UTC",
            "timeouts": null
          },
          "sensitive_attributes": [],
          "identity_schema_version": 0,
          "private": "eyJlMmJmYjczMC1lY2FhLTExZTYtOGY4OC0zNDM2M2JjN2M0YzAiOnsiY3JlYXRlIjoxMjAwMDAwMDAwMDAwLCJkZWxldGUiOjEyMDAwMDAwMDAwMDAsInVwZGF0ZSI6MTIwMDAwMDAwMDAwMH19",
          "dependencies": [
            "module.oci_lz_orchestrator.data.oci_identity_regions.these",
            "module.oci_lz_orchestrator.data.oci_identity_tenancy.this",
            "module.oci_lz_orchestrator.module.oci_lz_compartments.oci_identity_compartment.level_2",
            "module.oci_lz_orchestrator.module.oci_lz_compartments.oci_identity_compartment.level_3",
            "module.oci_lz_orchestrator.module.oci_lz_compartments.oci_identity_compartment.level_4",
            "module.oci_lz_orchestrator.module.oci_lz_compartments.oci_identity_compartment.level_5",
            "module.oci_lz_orchestrator.module.oci_lz_compartments.oci_identity_compartment.level_6",
            "module.oci_lz_orchestrator.module.oci_lz_compartments.oci_identity_compartment.these",
            "module.oci_lz_orchestrator.module.oci_lz_compartments.oci_identity_tag_default.these",
            "module.oci_lz_orchestrator.module.oci_lz_network.oci_core_drg.these",
            "module.oci_lz_orchestrator.module.oci_lz_network.oci_core_drg_route_distribution.these",
            "module.oci_lz_orchestrator.module.oci_lz_tags.data.oci_identity_tag.default_created_by",
            "module.oci_lz_orchestrator.module.oci_lz_tags.data.oci_identity_tag.default_created_on",
            "module.oci_lz_orchestrator.module.oci_lz_tags.data.oci_identity_tag_namespaces.oracle_default",
            "module.oci_lz_orchestrator.module.oci_lz_tags.oci_identity_tag.these",
            "module.oci_lz_orchestrator.module.oci_lz_tags.oci_identity_tag_default.these",
            "module.oci_lz_orchestrator.module.oci_lz_tags.oci_identity_tag_namespace.these",
            "module.oci_lz_orchestrator.module.oci_lz_zpr.data.oci_identity_regions.these",
            "module.oci_lz_orchestrator.module.oci_lz_zpr.data.oci_security_attribute_security_attribute_namespaces.default_security_attribute_namespaces",
            "module.oci_lz_orchestrator.module.oci_lz_zpr.data.oci_security_attribute_security_attribute_namespaces.query_security_attribute_namespaces",
            "module.oci_lz_orchestrator.module.oci_lz_zpr.data.oci_zpr_configuration.this",
            "module.oci_lz_orchestrator.module.oci_lz_zpr.oci_security_attribute_security_attribute.these",
            "module.oci_lz_orchestrator.module.oci_lz_zpr.oci_security_attribute_security_attribute_namespace.these",
            "module.oci_lz_orchestrator.module.oci_lz_zpr.oci_zpr_configuration.this",
            "module.oci_lz_orchestrator.module.oci_lz_zpr.oci_zpr_zpr_policy.these",
            "module.oci_lz_orchestrator.module.oci_lz_zpr.time_sleep.wait_after_zpr_configuration"
          ]
        },
        {
          "index_key": "DRGRT-VLL-LZ-SPOKES-KEY",
          "schema_version": 0,
          "attributes": {
            "compartment_id": "ocid1.compartment.oc19..aaaaaaaaycsxnmvquse26nkoz23unmg4gw4ditynt5gpvjfy4c35oaw33pja",
            "defined_tags": {
              "Oracle-Tags.CreatedBy": "default/jorge.e.torlaschi@accenture.com",
              "Oracle-Tags.CreatedOn": "2026-03-02T14:48:58.794Z"
            },
            "display_name": "o-p-om2-drgrt-spokes-001",
            "drg_id": "ocid1.drg.oc19.eu-madrid-2.aaaaaaaayvopkm7emgn5m4gftb675exqtglpug7u7pr7ed45x4ovcenq772q",
            "freeform_tags": {
              "ocilz-terraform-module": "networking/0.8.1"
            },
            "id": "ocid1.drgroutetable.oc19.eu-madrid-2.aaaaaaaabm5irtz45jjfkv3s7lgdtsgocucno4repongf6lyqn3pj4jm7upa",
            "import_drg_route_distribution_id": null,
            "is_ecmp_enabled": false,
            "remove_import_trigger": null,
            "state": "AVAILABLE",
            "time_created": "2026-03-02 14:49:12.677 +0000 UTC",
            "timeouts": null
          },
          "sensitive_attributes": [],
          "identity_schema_version": 0,
          "private": "eyJlMmJmYjczMC1lY2FhLTExZTYtOGY4OC0zNDM2M2JjN2M0YzAiOnsiY3JlYXRlIjoxMjAwMDAwMDAwMDAwLCJkZWxldGUiOjEyMDAwMDAwMDAwMDAsInVwZGF0ZSI6MTIwMDAwMDAwMDAwMH19",
          "dependencies": [
            "module.oci_lz_orchestrator.data.oci_identity_regions.these",
            "module.oci_lz_orchestrator.data.oci_identity_tenancy.this",
            "module.oci_lz_orchestrator.module.oci_lz_compartments.oci_identity_compartment.level_2",
            "module.oci_lz_orchestrator.module.oci_lz_compartments.oci_identity_compartment.level_3",
            "module.oci_lz_orchestrator.module.oci_lz_compartments.oci_identity_compartment.level_4",
            "module.oci_lz_orchestrator.module.oci_lz_compartments.oci_identity_compartment.level_5",
            "module.oci_lz_orchestrator.module.oci_lz_compartments.oci_identity_compartment.level_6",
            "module.oci_lz_orchestrator.module.oci_lz_compartments.oci_identity_compartment.these",
            "module.oci_lz_orchestrator.module.oci_lz_compartments.oci_identity_tag_default.these",
            "module.oci_lz_orchestrator.module.oci_lz_network.oci_core_drg.these",
            "module.oci_lz_orchestrator.module.oci_lz_network.oci_core_drg_route_distribution.these",
            "module.oci_lz_orchestrator.module.oci_lz_tags.data.oci_identity_tag.default_created_by",
            "module.oci_lz_orchestrator.module.oci_lz_tags.data.oci_identity_tag.default_created_on",
            "module.oci_lz_orchestrator.module.oci_lz_tags.data.oci_identity_tag_namespaces.oracle_default",
            "module.oci_lz_orchestrator.module.oci_lz_tags.oci_identity_tag.these",
            "module.oci_lz_orchestrator.module.oci_lz_tags.oci_identity_tag_default.these",
            "module.oci_lz_orchestrator.module.oci_lz_tags.oci_identity_tag_namespace.these",
            "module.oci_lz_orchestrator.module.oci_lz_zpr.data.oci_identity_regions.these",
            "module.oci_lz_orchestrator.module.oci_lz_zpr.data.oci_security_attribute_security_attribute_namespaces.default_security_attribute_namespaces",
            "module.oci_lz_orchestrator.module.oci_lz_zpr.data.oci_security_attribute_security_attribute_namespaces.query_security_attribute_namespaces",
            "module.oci_lz_orchestrator.module.oci_lz_zpr.data.oci_zpr_configuration.this",
            "module.oci_lz_orchestrator.module.oci_lz_zpr.oci_security_attribute_security_attribute.these",
            "module.oci_lz_orchestrator.module.oci_lz_zpr.oci_security_attribute_security_attribute_namespace.these",
            "module.oci_lz_orchestrator.module.oci_lz_zpr.oci_zpr_configuration.this",
            "module.oci_lz_orchestrator.module.oci_lz_zpr.oci_zpr_zpr_policy.these",
            "module.oci_lz_orchestrator.module.oci_lz_zpr.time_sleep.wait_after_zpr_configuration"
          ]
        }
      ]
    },
    {
      "module": "module.oci_lz_orchestrator.module.oci_lz_network[0]",
      "mode": "managed",
      "type": "oci_core_drg_route_table_route_rule",
      "name": "these",
      "provider": "module.oci_lz_orchestrator.provider[\"registry.terraform.io/oracle/oci\"]",
      "instances": [
        {
          "index_key": "DRGRT-VLL-LZ-SPOKES-STATIC-ROUTE",
          "schema_version": 0,
          "attributes": {
            "attributes": {},
            "destination": "0.0.0.0/0",
            "destination_type": "CIDR_BLOCK",
            "drg_route_table_id": "ocid1.drgroutetable.oc19.eu-madrid-2.aaaaaaaabm5irtz45jjfkv3s7lgdtsgocucno4repongf6lyqn3pj4jm7upa",
            "id": "drgRouteTables/ocid1.drgroutetable.oc19.eu-madrid-2.aaaaaaaabm5irtz45jjfkv3s7lgdtsgocucno4repongf6lyqn3pj4jm7upa/routeRules/15547",
            "is_blackhole": false,
            "is_conflict": false,
            "next_hop_drg_attachment_id": "ocid1.drgattachment.oc19.eu-madrid-2.aaaaaaaa6ir65wamsenzmsshu35tzvmpkcrdk6dujdcbp3d2s3ozczo5xfua",
            "route_provenance": "",
            "route_type": "STATIC",
            "timeouts": null
          },
          "sensitive_attributes": [],
          "identity_schema_version": 0,
          "private": "eyJlMmJmYjczMC1lY2FhLTExZTYtOGY4OC0zNDM2M2JjN2M0YzAiOnsiY3JlYXRlIjoxMjAwMDAwMDAwMDAwLCJkZWxldGUiOjEyMDAwMDAwMDAwMDAsInVwZGF0ZSI6MTIwMDAwMDAwMDAwMH19",
          "dependencies": [
            "module.oci_lz_orchestrator.data.oci_identity_regions.these",
            "module.oci_lz_orchestrator.data.oci_identity_tenancy.this",
            "module.oci_lz_orchestrator.module.oci_lz_compartments.oci_identity_compartment.level_2",
            "module.oci_lz_orchestrator.module.oci_lz_compartments.oci_identity_compartment.level_3",
            "module.oci_lz_orchestrator.module.oci_lz_compartments.oci_identity_compartment.level_4",
            "module.oci_lz_orchestrator.module.oci_lz_compartments.oci_identity_compartment.level_5",
            "module.oci_lz_orchestrator.module.oci_lz_compartments.oci_identity_compartment.level_6",
            "module.oci_lz_orchestrator.module.oci_lz_compartments.oci_identity_compartment.these",
            "module.oci_lz_orchestrator.module.oci_lz_compartments.oci_identity_tag_default.these",
            "module.oci_lz_orchestrator.module.oci_lz_network.data.oci_core_drg_attachments.rpc_drg_attachments",
            "module.oci_lz_orchestrator.module.oci_lz_network.data.oci_core_fast_connect_provider_services.fast_connect_provider_services",
            "module.oci_lz_orchestrator.module.oci_lz_network.data.oci_core_services.oci_services",
            "module.oci_lz_orchestrator.module.oci_lz_network.data.oci_core_vcn.existing_vcns",
            "module.oci_lz_orchestrator.module.oci_lz_network.oci_core_drg.these",
            "module.oci_lz_orchestrator.module.oci_lz_network.oci_core_drg_attachment.these",
            "module.oci_lz_orchestrator.module.oci_lz_network.oci_core_drg_route_distribution.these",
            "module.oci_lz_orchestrator.module.oci_lz_network.oci_core_drg_route_table.these",
            "module.oci_lz_orchestrator.module.oci_lz_network.oci_core_local_peering_gateway.oci_acceptor_local_peering_gateways",
            "module.oci_lz_orchestrator.module.oci_lz_network.oci_core_local_peering_gateway.oci_requestor_local_peering_gateways",
            "module.oci_lz_orchestrator.module.oci_lz_network.oci_core_public_ip.these",
            "module.oci_lz_orchestrator.module.oci_lz_network.oci_core_public_ip_pool.these",
            "module.oci_lz_orchestrator.module.oci_lz_network.oci_core_remote_peering_connection.oci_acceptor_remote_peering_connections",
            "module.oci_lz_orchestrator.module.oci_lz_network.oci_core_remote_peering_connection.oci_requestor_remote_peering_connections",
            "module.oci_lz_orchestrator.module.oci_lz_network.oci_core_route_table.drga_specific_route_tables",
            "module.oci_lz_orchestrator.module.oci_lz_network.oci_core_route_table.igw_natgw_specific_route_tables",
            "module.oci_lz_orchestrator.module.oci_lz_network.oci_core_route_table.lpg_specific_route_tables",
            "module.oci_lz_orchestrator.module.oci_lz_network.oci_core_route_table.sgw_specific_route_tables",
            "module.oci_lz_orchestrator.module.oci_lz_network.oci_core_service_gateway.these",
            "module.oci_lz_orchestrator.module.oci_lz_network.oci_core_vcn.these",
            "module.oci_lz_orchestrator.module.oci_lz_network.oci_core_virtual_circuit.these",
            "module.oci_lz_orchestrator.module.oci_lz_tags.data.oci_identity_tag.default_created_by",
            "module.oci_lz_orchestrator.module.oci_lz_tags.data.oci_identity_tag.default_created_on",
            "module.oci_lz_orchestrator.module.oci_lz_tags.data.oci_identity_tag_namespaces.oracle_default",
            "module.oci_lz_orchestrator.module.oci_lz_tags.oci_identity_tag.these",
            "module.oci_lz_orchestrator.module.oci_lz_tags.oci_identity_tag_default.these",
            "module.oci_lz_orchestrator.module.oci_lz_tags.oci_identity_tag_namespace.these",
            "module.oci_lz_orchestrator.module.oci_lz_zpr.data.oci_identity_regions.these",
            "module.oci_lz_orchestrator.module.oci_lz_zpr.data.oci_security_attribute_security_attribute_namespaces.default_security_attribute_namespaces",
            "module.oci_lz_orchestrator.module.oci_lz_zpr.data.oci_security_attribute_security_attribute_namespaces.query_security_attribute_namespaces",
            "module.oci_lz_orchestrator.module.oci_lz_zpr.data.oci_zpr_configuration.this",
            "module.oci_lz_orchestrator.module.oci_lz_zpr.oci_security_attribute_security_attribute.these",
            "module.oci_lz_orchestrator.module.oci_lz_zpr.oci_security_attribute_security_attribute_namespace.these",
            "module.oci_lz_orchestrator.module.oci_lz_zpr.oci_zpr_configuration.this",
            "module.oci_lz_orchestrator.module.oci_lz_zpr.oci_zpr_zpr_policy.these",
            "module.oci_lz_orchestrator.module.oci_lz_zpr.time_sleep.wait_after_zpr_configuration"
          ]
        }
      ]
    },
    {
      "module": "module.oci_lz_orchestrator.module.oci_lz_network[0]",
      "mode": "managed",
      "type": "oci_core_nat_gateway",
      "name": "these",
      "provider": "module.oci_lz_orchestrator.provider[\"registry.terraform.io/oracle/oci\"]",
      "instances": [
        {
          "index_key": "NGW-VLL-LZ-HUB-KEY",
          "schema_version": 0,
          "attributes": {
            "block_traffic": false,
            "compartment_id": "ocid1.compartment.oc19..aaaaaaaaycsxnmvquse26nkoz23unmg4gw4ditynt5gpvjfy4c35oaw33pja",
            "defined_tags": {
              "Oracle-Tags.CreatedBy": "default/jorge.e.torlaschi@accenture.com",
              "Oracle-Tags.CreatedOn": "2026-03-02T14:48:59.435Z"
            },
            "display_name": "o-p-om2-ngw-hub-001",
            "freeform_tags": {
              "ocilz-terraform-module": "networking/0.8.1"
            },
            "id": "ocid1.natgateway.oc19.eu-madrid-2.aaaaaaaabft6ni4dozseufyha6v6wj55pyq6tmdmsk4k4zovbg3lzddklfia",
            "nat_ip": "158.179.40.2",
            "public_ip_id": "ocid1.publicip.oc19.eu-madrid-2.aaaaaaaalo6ggv6tljastrpwljpq4lv6hr76cbzbswzaf2ivrhwwm3kocpna",
            "route_table_id": "ocid1.routetable.oc19.eu-madrid-2.aaaaaaaaiya5ql2fv2rgouq5czop3lsb3fnpttfpq6gbbxmlsnyqpa3ninea",
            "state": "AVAILABLE",
            "time_created": "2026-03-02 14:48:59.602 +0000 UTC",
            "timeouts": null,
            "vcn_id": "ocid1.vcn.oc19.eu-madrid-2.amaaaaaapw27gbaamxmzavsqzvxdcms6xlp7qoguvztgzv2crg64ynvm3nea"
          },
          "sensitive_attributes": [],
          "identity_schema_version": 0,
          "private": "eyJlMmJmYjczMC1lY2FhLTExZTYtOGY4OC0zNDM2M2JjN2M0YzAiOnsiY3JlYXRlIjoxMjAwMDAwMDAwMDAwLCJkZWxldGUiOjEyMDAwMDAwMDAwMDAsInVwZGF0ZSI6MTIwMDAwMDAwMDAwMH19",
          "dependencies": [
            "module.oci_lz_orchestrator.data.oci_identity_regions.these",
            "module.oci_lz_orchestrator.data.oci_identity_tenancy.this",
            "module.oci_lz_orchestrator.module.oci_lz_compartments.oci_identity_compartment.level_2",
            "module.oci_lz_orchestrator.module.oci_lz_compartments.oci_identity_compartment.level_3",
            "module.oci_lz_orchestrator.module.oci_lz_compartments.oci_identity_compartment.level_4",
            "module.oci_lz_orchestrator.module.oci_lz_compartments.oci_identity_compartment.level_5",
            "module.oci_lz_orchestrator.module.oci_lz_compartments.oci_identity_compartment.level_6",
            "module.oci_lz_orchestrator.module.oci_lz_compartments.oci_identity_compartment.these",
            "module.oci_lz_orchestrator.module.oci_lz_compartments.oci_identity_tag_default.these",
            "module.oci_lz_orchestrator.module.oci_lz_network.data.oci_core_services.oci_services",
            "module.oci_lz_orchestrator.module.oci_lz_network.data.oci_core_vcn.existing_vcns",
            "module.oci_lz_orchestrator.module.oci_lz_network.oci_core_public_ip.these",
            "module.oci_lz_orchestrator.module.oci_lz_network.oci_core_public_ip_pool.these",
            "module.oci_lz_orchestrator.module.oci_lz_network.oci_core_route_table.igw_natgw_specific_route_tables",
            "module.oci_lz_orchestrator.module.oci_lz_network.oci_core_vcn.these",
            "module.oci_lz_orchestrator.module.oci_lz_tags.data.oci_identity_tag.default_created_by",
            "module.oci_lz_orchestrator.module.oci_lz_tags.data.oci_identity_tag.default_created_on",
            "module.oci_lz_orchestrator.module.oci_lz_tags.data.oci_identity_tag_namespaces.oracle_default",
            "module.oci_lz_orchestrator.module.oci_lz_tags.oci_identity_tag.these",
            "module.oci_lz_orchestrator.module.oci_lz_tags.oci_identity_tag_default.these",
            "module.oci_lz_orchestrator.module.oci_lz_tags.oci_identity_tag_namespace.these",
            "module.oci_lz_orchestrator.module.oci_lz_zpr.data.oci_identity_regions.these",
            "module.oci_lz_orchestrator.module.oci_lz_zpr.data.oci_security_attribute_security_attribute_namespaces.default_security_attribute_namespaces",
            "module.oci_lz_orchestrator.module.oci_lz_zpr.data.oci_security_attribute_security_attribute_namespaces.query_security_attribute_namespaces",
            "module.oci_lz_orchestrator.module.oci_lz_zpr.data.oci_zpr_configuration.this",
            "module.oci_lz_orchestrator.module.oci_lz_zpr.oci_security_attribute_security_attribute.these",
            "module.oci_lz_orchestrator.module.oci_lz_zpr.oci_security_attribute_security_attribute_namespace.these",
            "module.oci_lz_orchestrator.module.oci_lz_zpr.oci_zpr_configuration.this",
            "module.oci_lz_orchestrator.module.oci_lz_zpr.oci_zpr_zpr_policy.these",
            "module.oci_lz_orchestrator.module.oci_lz_zpr.time_sleep.wait_after_zpr_configuration"
          ],
          "create_before_destroy": true
        }
      ]
    },
    {
      "module": "module.oci_lz_orchestrator.module.oci_lz_network[0]",
      "mode": "managed",
      "type": "oci_core_network_security_group",
      "name": "these",
      "provider": "module.oci_lz_orchestrator.provider[\"registry.terraform.io/oracle/oci\"]",
      "instances": [
        {
          "index_key": "NSG-VLL-LZ-HUB-FW-KEY",
          "schema_version": 0,
          "attributes": {
            "compartment_id": "ocid1.compartment.oc19..aaaaaaaaycsxnmvquse26nkoz23unmg4gw4ditynt5gpvjfy4c35oaw33pja",
            "defined_tags": {
              "Oracle-Tags.CreatedBy": "default/jorge.e.torlaschi@accenture.com",
              "Oracle-Tags.CreatedOn": "2026-03-02T14:48:59.211Z"
            },
            "display_name": "o-p-om2-nsg-hubfw-001",
            "freeform_tags": {
              "ocilz-terraform-module": "networking/0.8.1"
            },
            "id": "ocid1.networksecuritygroup.oc19.eu-madrid-2.aaaaaaaawevra3mfa2mads6crokc2wu732qmhff6cv6o43cf3biwu37a2nca",
            "state": "AVAILABLE",
            "time_created": "2026-03-02 14:48:59.266 +0000 UTC",
            "timeouts": null,
            "vcn_id": "ocid1.vcn.oc19.eu-madrid-2.amaaaaaapw27gbaamxmzavsqzvxdcms6xlp7qoguvztgzv2crg64ynvm3nea"
          },
          "sensitive_attributes": [],
          "identity_schema_version": 0,
          "private": "eyJlMmJmYjczMC1lY2FhLTExZTYtOGY4OC0zNDM2M2JjN2M0YzAiOnsiY3JlYXRlIjoxMjAwMDAwMDAwMDAwLCJkZWxldGUiOjEyMDAwMDAwMDAwMDAsInVwZGF0ZSI6MTIwMDAwMDAwMDAwMH19",
          "dependencies": [
            "module.oci_lz_orchestrator.data.oci_identity_regions.these",
            "module.oci_lz_orchestrator.data.oci_identity_tenancy.this",
            "module.oci_lz_orchestrator.module.oci_lz_compartments.oci_identity_compartment.level_2",
            "module.oci_lz_orchestrator.module.oci_lz_compartments.oci_identity_compartment.level_3",
            "module.oci_lz_orchestrator.module.oci_lz_compartments.oci_identity_compartment.level_4",
            "module.oci_lz_orchestrator.module.oci_lz_compartments.oci_identity_compartment.level_5",
            "module.oci_lz_orchestrator.module.oci_lz_compartments.oci_identity_compartment.level_6",
            "module.oci_lz_orchestrator.module.oci_lz_compartments.oci_identity_compartment.these",
            "module.oci_lz_orchestrator.module.oci_lz_compartments.oci_identity_tag_default.these",
            "module.oci_lz_orchestrator.module.oci_lz_network.data.oci_core_vcn.existing_vcns",
            "module.oci_lz_orchestrator.module.oci_lz_network.oci_core_vcn.these",
            "module.oci_lz_orchestrator.module.oci_lz_tags.data.oci_identity_tag.default_created_by",
            "module.oci_lz_orchestrator.module.oci_lz_tags.data.oci_identity_tag.default_created_on",
            "module.oci_lz_orchestrator.module.oci_lz_tags.data.oci_identity_tag_namespaces.oracle_default",
            "module.oci_lz_orchestrator.module.oci_lz_tags.oci_identity_tag.these",
            "module.oci_lz_orchestrator.module.oci_lz_tags.oci_identity_tag_default.these",
            "module.oci_lz_orchestrator.module.oci_lz_tags.oci_identity_tag_namespace.these",
            "module.oci_lz_orchestrator.module.oci_lz_zpr.data.oci_identity_regions.these",
            "module.oci_lz_orchestrator.module.oci_lz_zpr.data.oci_security_attribute_security_attribute_namespaces.default_security_attribute_namespaces",
            "module.oci_lz_orchestrator.module.oci_lz_zpr.data.oci_security_attribute_security_attribute_namespaces.query_security_attribute_namespaces",
            "module.oci_lz_orchestrator.module.oci_lz_zpr.data.oci_zpr_configuration.this",
            "module.oci_lz_orchestrator.module.oci_lz_zpr.oci_security_attribute_security_attribute.these",
            "module.oci_lz_orchestrator.module.oci_lz_zpr.oci_security_attribute_security_attribute_namespace.these",
            "module.oci_lz_orchestrator.module.oci_lz_zpr.oci_zpr_configuration.this",
            "module.oci_lz_orchestrator.module.oci_lz_zpr.oci_zpr_zpr_policy.these",
            "module.oci_lz_orchestrator.module.oci_lz_zpr.time_sleep.wait_after_zpr_configuration"
          ],
          "create_before_destroy": true
        },
        {
          "index_key": "NSG-VLL-LZ-HUB-LB-KEY",
          "schema_version": 0,
          "attributes": {
            "compartment_id": "ocid1.compartment.oc19..aaaaaaaaycsxnmvquse26nkoz23unmg4gw4ditynt5gpvjfy4c35oaw33pja",
            "defined_tags": {
              "Oracle-Tags.CreatedBy": "default/jorge.e.torlaschi@accenture.com",
              "Oracle-Tags.CreatedOn": "2026-03-02T14:48:59.225Z"
            },
            "display_name": "o-p-om2-nsg-hublb-001",
            "freeform_tags": {
              "ocilz-terraform-module": "networking/0.8.1"
            },
            "id": "ocid1.networksecuritygroup.oc19.eu-madrid-2.aaaaaaaas2zg334ruimrmjb2g4ru635gwoujuohecfenvfug3f76ajm4oklq",
            "state": "AVAILABLE",
            "time_created": "2026-03-02 14:48:59.986 +0000 UTC",
            "timeouts": null,
            "vcn_id": "ocid1.vcn.oc19.eu-madrid-2.amaaaaaapw27gbaamxmzavsqzvxdcms6xlp7qoguvztgzv2crg64ynvm3nea"
          },
          "sensitive_attributes": [],
          "identity_schema_version": 0,
          "private": "eyJlMmJmYjczMC1lY2FhLTExZTYtOGY4OC0zNDM2M2JjN2M0YzAiOnsiY3JlYXRlIjoxMjAwMDAwMDAwMDAwLCJkZWxldGUiOjEyMDAwMDAwMDAwMDAsInVwZGF0ZSI6MTIwMDAwMDAwMDAwMH19",
          "dependencies": [
            "module.oci_lz_orchestrator.data.oci_identity_regions.these",
            "module.oci_lz_orchestrator.data.oci_identity_tenancy.this",
            "module.oci_lz_orchestrator.module.oci_lz_compartments.oci_identity_compartment.level_2",
            "module.oci_lz_orchestrator.module.oci_lz_compartments.oci_identity_compartment.level_3",
            "module.oci_lz_orchestrator.module.oci_lz_compartments.oci_identity_compartment.level_4",
            "module.oci_lz_orchestrator.module.oci_lz_compartments.oci_identity_compartment.level_5",
            "module.oci_lz_orchestrator.module.oci_lz_compartments.oci_identity_compartment.level_6",
            "module.oci_lz_orchestrator.module.oci_lz_compartments.oci_identity_compartment.these",
            "module.oci_lz_orchestrator.module.oci_lz_compartments.oci_identity_tag_default.these",
            "module.oci_lz_orchestrator.module.oci_lz_network.data.oci_core_vcn.existing_vcns",
            "module.oci_lz_orchestrator.module.oci_lz_network.oci_core_vcn.these",
            "module.oci_lz_orchestrator.module.oci_lz_tags.data.oci_identity_tag.default_created_by",
            "module.oci_lz_orchestrator.module.oci_lz_tags.data.oci_identity_tag.default_created_on",
            "module.oci_lz_orchestrator.module.oci_lz_tags.data.oci_identity_tag_namespaces.oracle_default",
            "module.oci_lz_orchestrator.module.oci_lz_tags.oci_identity_tag.these",
            "module.oci_lz_orchestrator.module.oci_lz_tags.oci_identity_tag_default.these",
            "module.oci_lz_orchestrator.module.oci_lz_tags.oci_identity_tag_namespace.these",
            "module.oci_lz_orchestrator.module.oci_lz_zpr.data.oci_identity_regions.these",
            "module.oci_lz_orchestrator.module.oci_lz_zpr.data.oci_security_attribute_security_attribute_namespaces.default_security_attribute_namespaces",
            "module.oci_lz_orchestrator.module.oci_lz_zpr.data.oci_security_attribute_security_attribute_namespaces.query_security_attribute_namespaces",
            "module.oci_lz_orchestrator.module.oci_lz_zpr.data.oci_zpr_configuration.this",
            "module.oci_lz_orchestrator.module.oci_lz_zpr.oci_security_attribute_security_attribute.these",
            "module.oci_lz_orchestrator.module.oci_lz_zpr.oci_security_attribute_security_attribute_namespace.these",
            "module.oci_lz_orchestrator.module.oci_lz_zpr.oci_zpr_configuration.this",
            "module.oci_lz_orchestrator.module.oci_lz_zpr.oci_zpr_zpr_policy.these",
            "module.oci_lz_orchestrator.module.oci_lz_zpr.time_sleep.wait_after_zpr_configuration"
          ],
          "create_before_destroy": true
        }
      ]
    },
    {
      "module": "module.oci_lz_orchestrator.module.oci_lz_network[0]",
      "mode": "managed",
      "type": "oci_core_network_security_group_security_rule",
      "name": "egress",
      "provider": "module.oci_lz_orchestrator.provider[\"registry.terraform.io/oracle/oci\"]",
      "instances": [
        {
          "index_key": "NSG-VLL-LZ-HUB-FW-KEY.anywhere",
          "schema_version": 0,
          "attributes": {
            "description": "Allow all outbound traffic to 0.0.0.0/0 over all protocols",
            "destination": "0.0.0.0/0",
            "destination_type": "CIDR_BLOCK",
            "direction": "EGRESS",
            "icmp_options": [],
            "id": "51D73B",
            "is_valid": true,
            "network_security_group_id": "ocid1.networksecuritygroup.oc19.eu-madrid-2.aaaaaaaawevra3mfa2mads6crokc2wu732qmhff6cv6o43cf3biwu37a2nca",
            "protocol": "all",
            "source": null,
            "source_type": "",
            "stateless": false,
            "tcp_options": [],
            "time_created": "2026-03-02 14:49:00.175 +0000 UTC",
            "timeouts": null,
            "udp_options": []
          },
          "sensitive_attributes": [],
          "identity_schema_version": 0,
          "private": "eyJlMmJmYjczMC1lY2FhLTExZTYtOGY4OC0zNDM2M2JjN2M0YzAiOnsiY3JlYXRlIjoxMjAwMDAwMDAwMDAwLCJkZWxldGUiOjEyMDAwMDAwMDAwMDAsInVwZGF0ZSI6MTIwMDAwMDAwMDAwMH19",
          "dependencies": [
            "module.oci_lz_orchestrator.data.oci_identity_regions.these",
            "module.oci_lz_orchestrator.data.oci_identity_tenancy.this",
            "module.oci_lz_orchestrator.module.oci_lz_compartments.oci_identity_compartment.level_2",
            "module.oci_lz_orchestrator.module.oci_lz_compartments.oci_identity_compartment.level_3",
            "module.oci_lz_orchestrator.module.oci_lz_compartments.oci_identity_compartment.level_4",
            "module.oci_lz_orchestrator.module.oci_lz_compartments.oci_identity_compartment.level_5",
            "module.oci_lz_orchestrator.module.oci_lz_compartments.oci_identity_compartment.level_6",
            "module.oci_lz_orchestrator.module.oci_lz_compartments.oci_identity_compartment.these",
            "module.oci_lz_orchestrator.module.oci_lz_compartments.oci_identity_tag_default.these",
            "module.oci_lz_orchestrator.module.oci_lz_network.data.oci_core_services.oci_services",
            "module.oci_lz_orchestrator.module.oci_lz_network.data.oci_core_vcn.existing_vcns",
            "module.oci_lz_orchestrator.module.oci_lz_network.oci_core_network_security_group.these",
            "module.oci_lz_orchestrator.module.oci_lz_network.oci_core_vcn.these",
            "module.oci_lz_orchestrator.module.oci_lz_tags.data.oci_identity_tag.default_created_by",
            "module.oci_lz_orchestrator.module.oci_lz_tags.data.oci_identity_tag.default_created_on",
            "module.oci_lz_orchestrator.module.oci_lz_tags.data.oci_identity_tag_namespaces.oracle_default",
            "module.oci_lz_orchestrator.module.oci_lz_tags.oci_identity_tag.these",
            "module.oci_lz_orchestrator.module.oci_lz_tags.oci_identity_tag_default.these",
            "module.oci_lz_orchestrator.module.oci_lz_tags.oci_identity_tag_namespace.these",
            "module.oci_lz_orchestrator.module.oci_lz_zpr.data.oci_identity_regions.these",
            "module.oci_lz_orchestrator.module.oci_lz_zpr.data.oci_security_attribute_security_attribute_namespaces.default_security_attribute_namespaces",
            "module.oci_lz_orchestrator.module.oci_lz_zpr.data.oci_security_attribute_security_attribute_namespaces.query_security_attribute_namespaces",
            "module.oci_lz_orchestrator.module.oci_lz_zpr.data.oci_zpr_configuration.this",
            "module.oci_lz_orchestrator.module.oci_lz_zpr.oci_security_attribute_security_attribute.these",
            "module.oci_lz_orchestrator.module.oci_lz_zpr.oci_security_attribute_security_attribute_namespace.these",
            "module.oci_lz_orchestrator.module.oci_lz_zpr.oci_zpr_configuration.this",
            "module.oci_lz_orchestrator.module.oci_lz_zpr.oci_zpr_zpr_policy.these",
            "module.oci_lz_orchestrator.module.oci_lz_zpr.time_sleep.wait_after_zpr_configuration"
          ]
        },
        {
          "index_key": "NSG-VLL-LZ-HUB-FW-KEY.to_lb",
          "schema_version": 0,
          "attributes": {
            "description": "Allow all outbound traffic to LB subnet over all protocols",
            "destination": "10.0.0.0/24",
            "destination_type": "CIDR_BLOCK",
            "direction": "EGRESS",
            "icmp_options": [],
            "id": "C37CEB",
            "is_valid": true,
            "network_security_group_id": "ocid1.networksecuritygroup.oc19.eu-madrid-2.aaaaaaaawevra3mfa2mads6crokc2wu732qmhff6cv6o43cf3biwu37a2nca",
            "protocol": "all",
            "source": null,
            "source_type": "",
            "stateless": true,
            "tcp_options": [],
            "time_created": "2026-03-02 14:49:00.316 +0000 UTC",
            "timeouts": null,
            "udp_options": []
          },
          "sensitive_attributes": [],
          "identity_schema_version": 0,
          "private": "eyJlMmJmYjczMC1lY2FhLTExZTYtOGY4OC0zNDM2M2JjN2M0YzAiOnsiY3JlYXRlIjoxMjAwMDAwMDAwMDAwLCJkZWxldGUiOjEyMDAwMDAwMDAwMDAsInVwZGF0ZSI6MTIwMDAwMDAwMDAwMH19",
          "dependencies": [
            "module.oci_lz_orchestrator.data.oci_identity_regions.these",
            "module.oci_lz_orchestrator.data.oci_identity_tenancy.this",
            "module.oci_lz_orchestrator.module.oci_lz_compartments.oci_identity_compartment.level_2",
            "module.oci_lz_orchestrator.module.oci_lz_compartments.oci_identity_compartment.level_3",
            "module.oci_lz_orchestrator.module.oci_lz_compartments.oci_identity_compartment.level_4",
            "module.oci_lz_orchestrator.module.oci_lz_compartments.oci_identity_compartment.level_5",
            "module.oci_lz_orchestrator.module.oci_lz_compartments.oci_identity_compartment.level_6",
            "module.oci_lz_orchestrator.module.oci_lz_compartments.oci_identity_compartment.these",
            "module.oci_lz_orchestrator.module.oci_lz_compartments.oci_identity_tag_default.these",
            "module.oci_lz_orchestrator.module.oci_lz_network.data.oci_core_services.oci_services",
            "module.oci_lz_orchestrator.module.oci_lz_network.data.oci_core_vcn.existing_vcns",
            "module.oci_lz_orchestrator.module.oci_lz_network.oci_core_network_security_group.these",
            "module.oci_lz_orchestrator.module.oci_lz_network.oci_core_vcn.these",
            "module.oci_lz_orchestrator.module.oci_lz_tags.data.oci_identity_tag.default_created_by",
            "module.oci_lz_orchestrator.module.oci_lz_tags.data.oci_identity_tag.default_created_on",
            "module.oci_lz_orchestrator.module.oci_lz_tags.data.oci_identity_tag_namespaces.oracle_default",
            "module.oci_lz_orchestrator.module.oci_lz_tags.oci_identity_tag.these",
            "module.oci_lz_orchestrator.module.oci_lz_tags.oci_identity_tag_default.these",
            "module.oci_lz_orchestrator.module.oci_lz_tags.oci_identity_tag_namespace.these",
            "module.oci_lz_orchestrator.module.oci_lz_zpr.data.oci_identity_regions.these",
            "module.oci_lz_orchestrator.module.oci_lz_zpr.data.oci_security_attribute_security_attribute_namespaces.default_security_attribute_namespaces",
            "module.oci_lz_orchestrator.module.oci_lz_zpr.data.oci_security_attribute_security_attribute_namespaces.query_security_attribute_namespaces",
            "module.oci_lz_orchestrator.module.oci_lz_zpr.data.oci_zpr_configuration.this",
            "module.oci_lz_orchestrator.module.oci_lz_zpr.oci_security_attribute_security_attribute.these",
            "module.oci_lz_orchestrator.module.oci_lz_zpr.oci_security_attribute_security_attribute_namespace.these",
            "module.oci_lz_orchestrator.module.oci_lz_zpr.oci_zpr_configuration.this",
            "module.oci_lz_orchestrator.module.oci_lz_zpr.oci_zpr_zpr_policy.these",
            "module.oci_lz_orchestrator.module.oci_lz_zpr.time_sleep.wait_after_zpr_configuration"
          ]
        },
        {
          "index_key": "NSG-VLL-LZ-HUB-LB-KEY.anywhere",
          "schema_version": 0,
          "attributes": {
            "description": "Allow all outbound traffic to 0.0.0.0/0 over all protocols",
            "destination": "0.0.0.0/0",
            "destination_type": "CIDR_BLOCK",
            "direction": "EGRESS",
            "icmp_options": [],
            "id": "744878",
            "is_valid": true,
            "network_security_group_id": "ocid1.networksecuritygroup.oc19.eu-madrid-2.aaaaaaaas2zg334ruimrmjb2g4ru635gwoujuohecfenvfug3f76ajm4oklq",
            "protocol": "6",
            "source": null,
            "source_type": "",
            "stateless": false,
            "tcp_options": [
              {
                "destination_port_range": [],
                "source_port_range": []
              }
            ],
            "time_created": "2026-03-02 14:49:00.305 +0000 UTC",
            "timeouts": null,
            "udp_options": []
          },
          "sensitive_attributes": [],
          "identity_schema_version": 0,
          "private": "eyJlMmJmYjczMC1lY2FhLTExZTYtOGY4OC0zNDM2M2JjN2M0YzAiOnsiY3JlYXRlIjoxMjAwMDAwMDAwMDAwLCJkZWxldGUiOjEyMDAwMDAwMDAwMDAsInVwZGF0ZSI6MTIwMDAwMDAwMDAwMH19",
          "dependencies": [
            "module.oci_lz_orchestrator.data.oci_identity_regions.these",
            "module.oci_lz_orchestrator.data.oci_identity_tenancy.this",
            "module.oci_lz_orchestrator.module.oci_lz_compartments.oci_identity_compartment.level_2",
            "module.oci_lz_orchestrator.module.oci_lz_compartments.oci_identity_compartment.level_3",
            "module.oci_lz_orchestrator.module.oci_lz_compartments.oci_identity_compartment.level_4",
            "module.oci_lz_orchestrator.module.oci_lz_compartments.oci_identity_compartment.level_5",
            "module.oci_lz_orchestrator.module.oci_lz_compartments.oci_identity_compartment.level_6",
            "module.oci_lz_orchestrator.module.oci_lz_compartments.oci_identity_compartment.these",
            "module.oci_lz_orchestrator.module.oci_lz_compartments.oci_identity_tag_default.these",
            "module.oci_lz_orchestrator.module.oci_lz_network.data.oci_core_services.oci_services",
            "module.oci_lz_orchestrator.module.oci_lz_network.data.oci_core_vcn.existing_vcns",
            "module.oci_lz_orchestrator.module.oci_lz_network.oci_core_network_security_group.these",
            "module.oci_lz_orchestrator.module.oci_lz_network.oci_core_vcn.these",
            "module.oci_lz_orchestrator.module.oci_lz_tags.data.oci_identity_tag.default_created_by",
            "module.oci_lz_orchestrator.module.oci_lz_tags.data.oci_identity_tag.default_created_on",
            "module.oci_lz_orchestrator.module.oci_lz_tags.data.oci_identity_tag_namespaces.oracle_default",
            "module.oci_lz_orchestrator.module.oci_lz_tags.oci_identity_tag.these",
            "module.oci_lz_orchestrator.module.oci_lz_tags.oci_identity_tag_default.these",
            "module.oci_lz_orchestrator.module.oci_lz_tags.oci_identity_tag_namespace.these",
            "module.oci_lz_orchestrator.module.oci_lz_zpr.data.oci_identity_regions.these",
            "module.oci_lz_orchestrator.module.oci_lz_zpr.data.oci_security_attribute_security_attribute_namespaces.default_security_attribute_namespaces",
            "module.oci_lz_orchestrator.module.oci_lz_zpr.data.oci_security_attribute_security_attribute_namespaces.query_security_attribute_namespaces",
            "module.oci_lz_orchestrator.module.oci_lz_zpr.data.oci_zpr_configuration.this",
            "module.oci_lz_orchestrator.module.oci_lz_zpr.oci_security_attribute_security_attribute.these",
            "module.oci_lz_orchestrator.module.oci_lz_zpr.oci_security_attribute_security_attribute_namespace.these",
            "module.oci_lz_orchestrator.module.oci_lz_zpr.oci_zpr_configuration.this",
            "module.oci_lz_orchestrator.module.oci_lz_zpr.oci_zpr_zpr_policy.these",
            "module.oci_lz_orchestrator.module.oci_lz_zpr.time_sleep.wait_after_zpr_configuration"
          ]
        }
      ]
    },
    {
      "module": "module.oci_lz_orchestrator.module.oci_lz_network[0]",
      "mode": "managed",
      "type": "oci_core_network_security_group_security_rule",
      "name": "ingress",
      "provider": "module.oci_lz_orchestrator.provider[\"registry.terraform.io/oracle/oci\"]",
      "instances": [
        {
          "index_key": "NSG-VLL-LZ-HUB-FW-KEY.from_lb",
          "schema_version": 0,
          "attributes": {
            "description": "Allow inbound traffic from Hub LB subnet over all protocols",
            "destination": null,
            "destination_type": "",
            "direction": "INGRESS",
            "icmp_options": [],
            "id": "A4AA54",
            "is_valid": true,
            "network_security_group_id": "ocid1.networksecuritygroup.oc19.eu-madrid-2.aaaaaaaawevra3mfa2mads6crokc2wu732qmhff6cv6o43cf3biwu37a2nca",
            "protocol": "all",
            "source": "10.0.0.0/24",
            "source_type": "CIDR_BLOCK",
            "stateless": true,
            "tcp_options": [],
            "time_created": "2026-03-02 14:49:00.239 +0000 UTC",
            "timeouts": null,
            "udp_options": []
          },
          "sensitive_attributes": [],
          "identity_schema_version": 0,
          "private": "eyJlMmJmYjczMC1lY2FhLTExZTYtOGY4OC0zNDM2M2JjN2M0YzAiOnsiY3JlYXRlIjoxMjAwMDAwMDAwMDAwLCJkZWxldGUiOjEyMDAwMDAwMDAwMDAsInVwZGF0ZSI6MTIwMDAwMDAwMDAwMH19",
          "dependencies": [
            "module.oci_lz_orchestrator.data.oci_identity_regions.these",
            "module.oci_lz_orchestrator.data.oci_identity_tenancy.this",
            "module.oci_lz_orchestrator.module.oci_lz_compartments.oci_identity_compartment.level_2",
            "module.oci_lz_orchestrator.module.oci_lz_compartments.oci_identity_compartment.level_3",
            "module.oci_lz_orchestrator.module.oci_lz_compartments.oci_identity_compartment.level_4",
            "module.oci_lz_orchestrator.module.oci_lz_compartments.oci_identity_compartment.level_5",
            "module.oci_lz_orchestrator.module.oci_lz_compartments.oci_identity_compartment.level_6",
            "module.oci_lz_orchestrator.module.oci_lz_compartments.oci_identity_compartment.these",
            "module.oci_lz_orchestrator.module.oci_lz_compartments.oci_identity_tag_default.these",
            "module.oci_lz_orchestrator.module.oci_lz_network.data.oci_core_vcn.existing_vcns",
            "module.oci_lz_orchestrator.module.oci_lz_network.oci_core_network_security_group.these",
            "module.oci_lz_orchestrator.module.oci_lz_network.oci_core_vcn.these",
            "module.oci_lz_orchestrator.module.oci_lz_tags.data.oci_identity_tag.default_created_by",
            "module.oci_lz_orchestrator.module.oci_lz_tags.data.oci_identity_tag.default_created_on",
            "module.oci_lz_orchestrator.module.oci_lz_tags.data.oci_identity_tag_namespaces.oracle_default",
            "module.oci_lz_orchestrator.module.oci_lz_tags.oci_identity_tag.these",
            "module.oci_lz_orchestrator.module.oci_lz_tags.oci_identity_tag_default.these",
            "module.oci_lz_orchestrator.module.oci_lz_tags.oci_identity_tag_namespace.these",
            "module.oci_lz_orchestrator.module.oci_lz_zpr.data.oci_identity_regions.these",
            "module.oci_lz_orchestrator.module.oci_lz_zpr.data.oci_security_attribute_security_attribute_namespaces.default_security_attribute_namespaces",
            "module.oci_lz_orchestrator.module.oci_lz_zpr.data.oci_security_attribute_security_attribute_namespaces.query_security_attribute_namespaces",
            "module.oci_lz_orchestrator.module.oci_lz_zpr.data.oci_zpr_configuration.this",
            "module.oci_lz_orchestrator.module.oci_lz_zpr.oci_security_attribute_security_attribute.these",
            "module.oci_lz_orchestrator.module.oci_lz_zpr.oci_security_attribute_security_attribute_namespace.these",
            "module.oci_lz_orchestrator.module.oci_lz_zpr.oci_zpr_configuration.this",
            "module.oci_lz_orchestrator.module.oci_lz_zpr.oci_zpr_zpr_policy.these",
            "module.oci_lz_orchestrator.module.oci_lz_zpr.time_sleep.wait_after_zpr_configuration"
          ]
        },
        {
          "index_key": "NSG-VLL-LZ-HUB-LB-KEY.http_443",
          "schema_version": 0,
          "attributes": {
            "description": "Allow inbound traffic from 0.0.0.0/0 over HTTPS",
            "destination": null,
            "destination_type": "",
            "direction": "INGRESS",
            "icmp_options": [],
            "id": "518AC6",
            "is_valid": true,
            "network_security_group_id": "ocid1.networksecuritygroup.oc19.eu-madrid-2.aaaaaaaas2zg334ruimrmjb2g4ru635gwoujuohecfenvfug3f76ajm4oklq",
            "protocol": "6",
            "source": "0.0.0.0/0",
            "source_type": "CIDR_BLOCK",
            "stateless": false,
            "tcp_options": [
              {
                "destination_port_range": [
                  {
                    "max": 443,
                    "min": 443
                  }
                ],
                "source_port_range": []
              }
            ],
            "time_created": "2026-03-02 14:49:00.245 +0000 UTC",
            "timeouts": null,
            "udp_options": []
          },
          "sensitive_attributes": [],
          "identity_schema_version": 0,
          "private": "eyJlMmJmYjczMC1lY2FhLTExZTYtOGY4OC0zNDM2M2JjN2M0YzAiOnsiY3JlYXRlIjoxMjAwMDAwMDAwMDAwLCJkZWxldGUiOjEyMDAwMDAwMDAwMDAsInVwZGF0ZSI6MTIwMDAwMDAwMDAwMH19",
          "dependencies": [
            "module.oci_lz_orchestrator.data.oci_identity_regions.these",
            "module.oci_lz_orchestrator.data.oci_identity_tenancy.this",
            "module.oci_lz_orchestrator.module.oci_lz_compartments.oci_identity_compartment.level_2",
            "module.oci_lz_orchestrator.module.oci_lz_compartments.oci_identity_compartment.level_3",
            "module.oci_lz_orchestrator.module.oci_lz_compartments.oci_identity_compartment.level_4",
            "module.oci_lz_orchestrator.module.oci_lz_compartments.oci_identity_compartment.level_5",
            "module.oci_lz_orchestrator.module.oci_lz_compartments.oci_identity_compartment.level_6",
            "module.oci_lz_orchestrator.module.oci_lz_compartments.oci_identity_compartment.these",
            "module.oci_lz_orchestrator.module.oci_lz_compartments.oci_identity_tag_default.these",
            "module.oci_lz_orchestrator.module.oci_lz_network.data.oci_core_vcn.existing_vcns",
            "module.oci_lz_orchestrator.module.oci_lz_network.oci_core_network_security_group.these",
            "module.oci_lz_orchestrator.module.oci_lz_network.oci_core_vcn.these",
            "module.oci_lz_orchestrator.module.oci_lz_tags.data.oci_identity_tag.default_created_by",
            "module.oci_lz_orchestrator.module.oci_lz_tags.data.oci_identity_tag.default_created_on",
            "module.oci_lz_orchestrator.module.oci_lz_tags.data.oci_identity_tag_namespaces.oracle_default",
            "module.oci_lz_orchestrator.module.oci_lz_tags.oci_identity_tag.these",
            "module.oci_lz_orchestrator.module.oci_lz_tags.oci_identity_tag_default.these",
            "module.oci_lz_orchestrator.module.oci_lz_tags.oci_identity_tag_namespace.these",
            "module.oci_lz_orchestrator.module.oci_lz_zpr.data.oci_identity_regions.these",
            "module.oci_lz_orchestrator.module.oci_lz_zpr.data.oci_security_attribute_security_attribute_namespaces.default_security_attribute_namespaces",
            "module.oci_lz_orchestrator.module.oci_lz_zpr.data.oci_security_attribute_security_attribute_namespaces.query_security_attribute_namespaces",
            "module.oci_lz_orchestrator.module.oci_lz_zpr.data.oci_zpr_configuration.this",
            "module.oci_lz_orchestrator.module.oci_lz_zpr.oci_security_attribute_security_attribute.these",
            "module.oci_lz_orchestrator.module.oci_lz_zpr.oci_security_attribute_security_attribute_namespace.these",
            "module.oci_lz_orchestrator.module.oci_lz_zpr.oci_zpr_configuration.this",
            "module.oci_lz_orchestrator.module.oci_lz_zpr.oci_zpr_zpr_policy.these",
            "module.oci_lz_orchestrator.module.oci_lz_zpr.time_sleep.wait_after_zpr_configuration"
          ]
        },
        {
          "index_key": "NSG-VLL-LZ-HUB-LB-KEY.http_80",
          "schema_version": 0,
          "attributes": {
            "description": "Allow inbound traffic from 0.0.0.0/0 over HTTP",
            "destination": null,
            "destination_type": "",
            "direction": "INGRESS",
            "icmp_options": [],
            "id": "879B8E",
            "is_valid": true,
            "network_security_group_id": "ocid1.networksecuritygroup.oc19.eu-madrid-2.aaaaaaaas2zg334ruimrmjb2g4ru635gwoujuohecfenvfug3f76ajm4oklq",
            "protocol": "6",
            "source": "0.0.0.0/0",
            "source_type": "CIDR_BLOCK",
            "stateless": false,
            "tcp_options": [
              {
                "destination_port_range": [
                  {
                    "max": 80,
                    "min": 80
                  }
                ],
                "source_port_range": []
              }
            ],
            "time_created": "2026-03-02 14:49:00.399 +0000 UTC",
            "timeouts": null,
            "udp_options": []
          },
          "sensitive_attributes": [],
          "identity_schema_version": 0,
          "private": "eyJlMmJmYjczMC1lY2FhLTExZTYtOGY4OC0zNDM2M2JjN2M0YzAiOnsiY3JlYXRlIjoxMjAwMDAwMDAwMDAwLCJkZWxldGUiOjEyMDAwMDAwMDAwMDAsInVwZGF0ZSI6MTIwMDAwMDAwMDAwMH19",
          "dependencies": [
            "module.oci_lz_orchestrator.data.oci_identity_regions.these",
            "module.oci_lz_orchestrator.data.oci_identity_tenancy.this",
            "module.oci_lz_orchestrator.module.oci_lz_compartments.oci_identity_compartment.level_2",
            "module.oci_lz_orchestrator.module.oci_lz_compartments.oci_identity_compartment.level_3",
            "module.oci_lz_orchestrator.module.oci_lz_compartments.oci_identity_compartment.level_4",
            "module.oci_lz_orchestrator.module.oci_lz_compartments.oci_identity_compartment.level_5",
            "module.oci_lz_orchestrator.module.oci_lz_compartments.oci_identity_compartment.level_6",
            "module.oci_lz_orchestrator.module.oci_lz_compartments.oci_identity_compartment.these",
            "module.oci_lz_orchestrator.module.oci_lz_compartments.oci_identity_tag_default.these",
            "module.oci_lz_orchestrator.module.oci_lz_network.data.oci_core_vcn.existing_vcns",
            "module.oci_lz_orchestrator.module.oci_lz_network.oci_core_network_security_group.these",
            "module.oci_lz_orchestrator.module.oci_lz_network.oci_core_vcn.these",
            "module.oci_lz_orchestrator.module.oci_lz_tags.data.oci_identity_tag.default_created_by",
            "module.oci_lz_orchestrator.module.oci_lz_tags.data.oci_identity_tag.default_created_on",
            "module.oci_lz_orchestrator.module.oci_lz_tags.data.oci_identity_tag_namespaces.oracle_default",
            "module.oci_lz_orchestrator.module.oci_lz_tags.oci_identity_tag.these",
            "module.oci_lz_orchestrator.module.oci_lz_tags.oci_identity_tag_default.these",
            "module.oci_lz_orchestrator.module.oci_lz_tags.oci_identity_tag_namespace.these",
            "module.oci_lz_orchestrator.module.oci_lz_zpr.data.oci_identity_regions.these",
            "module.oci_lz_orchestrator.module.oci_lz_zpr.data.oci_security_attribute_security_attribute_namespaces.default_security_attribute_namespaces",
            "module.oci_lz_orchestrator.module.oci_lz_zpr.data.oci_security_attribute_security_attribute_namespaces.query_security_attribute_namespaces",
            "module.oci_lz_orchestrator.module.oci_lz_zpr.data.oci_zpr_configuration.this",
            "module.oci_lz_orchestrator.module.oci_lz_zpr.oci_security_attribute_security_attribute.these",
            "module.oci_lz_orchestrator.module.oci_lz_zpr.oci_security_attribute_security_attribute_namespace.these",
            "module.oci_lz_orchestrator.module.oci_lz_zpr.oci_zpr_configuration.this",
            "module.oci_lz_orchestrator.module.oci_lz_zpr.oci_zpr_zpr_policy.these",
            "module.oci_lz_orchestrator.module.oci_lz_zpr.time_sleep.wait_after_zpr_configuration"
          ]
        }
      ]
    },
    {
      "module": "module.oci_lz_orchestrator.module.oci_lz_network[0]",
      "mode": "managed",
      "type": "oci_core_route_table",
      "name": "igw_natgw_specific_route_tables",
      "provider": "module.oci_lz_orchestrator.provider[\"registry.terraform.io/oracle/oci\"]",
      "instances": [
        {
          "index_key": "RT-VLL-LZ-HUB-INGRESS-KEY",
          "schema_version": 0,
          "attributes": {
            "compartment_id": "ocid1.compartment.oc19..aaaaaaaaycsxnmvquse26nkoz23unmg4gw4ditynt5gpvjfy4c35oaw33pja",
            "defined_tags": {
              "Oracle-Tags.CreatedBy": "default/jorge.e.torlaschi@accenture.com",
              "Oracle-Tags.CreatedOn": "2026-03-02T14:48:59.262Z"
            },
            "display_name": "o-p-om2-rtb-hubingress-001",
            "freeform_tags": {},
            "id": "ocid1.routetable.oc19.eu-madrid-2.aaaaaaaaibq6dlrbyntm73q327wbwoof5lqdsshsod6kuvhhtqzgiuslwjea",
            "route_rules": [],
            "state": "AVAILABLE",
            "time_created": "2026-03-02 14:48:59.267 +0000 UTC",
            "timeouts": null,
            "vcn_id": "ocid1.vcn.oc19.eu-madrid-2.amaaaaaapw27gbaamxmzavsqzvxdcms6xlp7qoguvztgzv2crg64ynvm3nea"
          },
          "sensitive_attributes": [],
          "identity_schema_version": 0,
          "private": "eyJlMmJmYjczMC1lY2FhLTExZTYtOGY4OC0zNDM2M2JjN2M0YzAiOnsiY3JlYXRlIjoxMjAwMDAwMDAwMDAwLCJkZWxldGUiOjEyMDAwMDAwMDAwMDAsInVwZGF0ZSI6MTIwMDAwMDAwMDAwMH19",
          "dependencies": [
            "module.oci_lz_orchestrator.data.oci_identity_regions.these",
            "module.oci_lz_orchestrator.data.oci_identity_tenancy.this",
            "module.oci_lz_orchestrator.module.oci_lz_compartments.oci_identity_compartment.level_2",
            "module.oci_lz_orchestrator.module.oci_lz_compartments.oci_identity_compartment.level_3",
            "module.oci_lz_orchestrator.module.oci_lz_compartments.oci_identity_compartment.level_4",
            "module.oci_lz_orchestrator.module.oci_lz_compartments.oci_identity_compartment.level_5",
            "module.oci_lz_orchestrator.module.oci_lz_compartments.oci_identity_compartment.level_6",
            "module.oci_lz_orchestrator.module.oci_lz_compartments.oci_identity_compartment.these",
            "module.oci_lz_orchestrator.module.oci_lz_compartments.oci_identity_tag_default.these",
            "module.oci_lz_orchestrator.module.oci_lz_network.data.oci_core_services.oci_services",
            "module.oci_lz_orchestrator.module.oci_lz_network.data.oci_core_vcn.existing_vcns",
            "module.oci_lz_orchestrator.module.oci_lz_network.oci_core_public_ip.these",
            "module.oci_lz_orchestrator.module.oci_lz_network.oci_core_public_ip_pool.these",
            "module.oci_lz_orchestrator.module.oci_lz_network.oci_core_vcn.these",
            "module.oci_lz_orchestrator.module.oci_lz_tags.data.oci_identity_tag.default_created_by",
            "module.oci_lz_orchestrator.module.oci_lz_tags.data.oci_identity_tag.default_created_on",
            "module.oci_lz_orchestrator.module.oci_lz_tags.data.oci_identity_tag_namespaces.oracle_default",
            "module.oci_lz_orchestrator.module.oci_lz_tags.oci_identity_tag.these",
            "module.oci_lz_orchestrator.module.oci_lz_tags.oci_identity_tag_default.these",
            "module.oci_lz_orchestrator.module.oci_lz_tags.oci_identity_tag_namespace.these",
            "module.oci_lz_orchestrator.module.oci_lz_zpr.data.oci_identity_regions.these",
            "module.oci_lz_orchestrator.module.oci_lz_zpr.data.oci_security_attribute_security_attribute_namespaces.default_security_attribute_namespaces",
            "module.oci_lz_orchestrator.module.oci_lz_zpr.data.oci_security_attribute_security_attribute_namespaces.query_security_attribute_namespaces",
            "module.oci_lz_orchestrator.module.oci_lz_zpr.data.oci_zpr_configuration.this",
            "module.oci_lz_orchestrator.module.oci_lz_zpr.oci_security_attribute_security_attribute.these",
            "module.oci_lz_orchestrator.module.oci_lz_zpr.oci_security_attribute_security_attribute_namespace.these",
            "module.oci_lz_orchestrator.module.oci_lz_zpr.oci_zpr_configuration.this",
            "module.oci_lz_orchestrator.module.oci_lz_zpr.oci_zpr_zpr_policy.these",
            "module.oci_lz_orchestrator.module.oci_lz_zpr.time_sleep.wait_after_zpr_configuration"
          ],
          "create_before_destroy": true
        },
        {
          "index_key": "RT-VLL-LZ-HUB-NATGW-KEY",
          "schema_version": 0,
          "attributes": {
            "compartment_id": "ocid1.compartment.oc19..aaaaaaaaycsxnmvquse26nkoz23unmg4gw4ditynt5gpvjfy4c35oaw33pja",
            "defined_tags": {
              "Oracle-Tags.CreatedBy": "default/jorge.e.torlaschi@accenture.com",
              "Oracle-Tags.CreatedOn": "2026-03-02T14:48:59.264Z"
            },
            "display_name": "o-p-om2-rtb-hubnatgw-001",
            "freeform_tags": {},
            "id": "ocid1.routetable.oc19.eu-madrid-2.aaaaaaaaiya5ql2fv2rgouq5czop3lsb3fnpttfpq6gbbxmlsnyqpa3ninea",
            "route_rules": [],
            "state": "AVAILABLE",
            "time_created": "2026-03-02 14:48:59.268 +0000 UTC",
            "timeouts": null,
            "vcn_id": "ocid1.vcn.oc19.eu-madrid-2.amaaaaaapw27gbaamxmzavsqzvxdcms6xlp7qoguvztgzv2crg64ynvm3nea"
          },
          "sensitive_attributes": [],
          "identity_schema_version": 0,
          "private": "eyJlMmJmYjczMC1lY2FhLTExZTYtOGY4OC0zNDM2M2JjN2M0YzAiOnsiY3JlYXRlIjoxMjAwMDAwMDAwMDAwLCJkZWxldGUiOjEyMDAwMDAwMDAwMDAsInVwZGF0ZSI6MTIwMDAwMDAwMDAwMH19",
          "dependencies": [
            "module.oci_lz_orchestrator.data.oci_identity_regions.these",
            "module.oci_lz_orchestrator.data.oci_identity_tenancy.this",
            "module.oci_lz_orchestrator.module.oci_lz_compartments.oci_identity_compartment.level_2",
            "module.oci_lz_orchestrator.module.oci_lz_compartments.oci_identity_compartment.level_3",
            "module.oci_lz_orchestrator.module.oci_lz_compartments.oci_identity_compartment.level_4",
            "module.oci_lz_orchestrator.module.oci_lz_compartments.oci_identity_compartment.level_5",
            "module.oci_lz_orchestrator.module.oci_lz_compartments.oci_identity_compartment.level_6",
            "module.oci_lz_orchestrator.module.oci_lz_compartments.oci_identity_compartment.these",
            "module.oci_lz_orchestrator.module.oci_lz_compartments.oci_identity_tag_default.these",
            "module.oci_lz_orchestrator.module.oci_lz_network.data.oci_core_services.oci_services",
            "module.oci_lz_orchestrator.module.oci_lz_network.data.oci_core_vcn.existing_vcns",
            "module.oci_lz_orchestrator.module.oci_lz_network.oci_core_public_ip.these",
            "module.oci_lz_orchestrator.module.oci_lz_network.oci_core_public_ip_pool.these",
            "module.oci_lz_orchestrator.module.oci_lz_network.oci_core_vcn.these",
            "module.oci_lz_orchestrator.module.oci_lz_tags.data.oci_identity_tag.default_created_by",
            "module.oci_lz_orchestrator.module.oci_lz_tags.data.oci_identity_tag.default_created_on",
            "module.oci_lz_orchestrator.module.oci_lz_tags.data.oci_identity_tag_namespaces.oracle_default",
            "module.oci_lz_orchestrator.module.oci_lz_tags.oci_identity_tag.these",
            "module.oci_lz_orchestrator.module.oci_lz_tags.oci_identity_tag_default.these",
            "module.oci_lz_orchestrator.module.oci_lz_tags.oci_identity_tag_namespace.these",
            "module.oci_lz_orchestrator.module.oci_lz_zpr.data.oci_identity_regions.these",
            "module.oci_lz_orchestrator.module.oci_lz_zpr.data.oci_security_attribute_security_attribute_namespaces.default_security_attribute_namespaces",
            "module.oci_lz_orchestrator.module.oci_lz_zpr.data.oci_security_attribute_security_attribute_namespaces.query_security_attribute_namespaces",
            "module.oci_lz_orchestrator.module.oci_lz_zpr.data.oci_zpr_configuration.this",
            "module.oci_lz_orchestrator.module.oci_lz_zpr.oci_security_attribute_security_attribute.these",
            "module.oci_lz_orchestrator.module.oci_lz_zpr.oci_security_attribute_security_attribute_namespace.these",
            "module.oci_lz_orchestrator.module.oci_lz_zpr.oci_zpr_configuration.this",
            "module.oci_lz_orchestrator.module.oci_lz_zpr.oci_zpr_zpr_policy.these",
            "module.oci_lz_orchestrator.module.oci_lz_zpr.time_sleep.wait_after_zpr_configuration"
          ],
          "create_before_destroy": true
        }
      ]
    },
    {
      "module": "module.oci_lz_orchestrator.module.oci_lz_network[0]",
      "mode": "managed",
      "type": "oci_core_route_table",
      "name": "lpg_specific_route_tables",
      "provider": "module.oci_lz_orchestrator.provider[\"registry.terraform.io/oracle/oci\"]",
      "instances": [
        {
          "index_key": "RT-VLL-LZ-HUB-MGMT-KEY",
          "schema_version": 0,
          "attributes": {
            "compartment_id": "ocid1.compartment.oc19..aaaaaaaaycsxnmvquse26nkoz23unmg4gw4ditynt5gpvjfy4c35oaw33pja",
            "defined_tags": {
              "Oracle-Tags.CreatedBy": "default/jorge.e.torlaschi@accenture.com",
              "Oracle-Tags.CreatedOn": "2026-03-02T14:49:15.150Z"
            },
            "display_name": "o-p-om2-rtb-hubmgmt-001",
            "freeform_tags": {},
            "id": "ocid1.routetable.oc19.eu-madrid-2.aaaaaaaab6f5midcjvky5ppplrim5dqnzfdjnn63uqx25s3bouhhjgouzyja",
            "route_rules": [
              {
                "cidr_block": "",
                "description": "Route to Oracle Services Network through Service GW",
                "destination": "all-vll-services-in-oracle-services-network",
                "destination_type": "SERVICE_CIDR_BLOCK",
                "network_entity_id": "ocid1.servicegateway.oc19.eu-madrid-2.aaaaaaaabheff6nlpfsu6ivcs2ppcxgie5h5xcjgmt5sfwgu6ulwzgo4drvq",
                "route_type": "STATIC"
              }
            ],
            "state": "AVAILABLE",
            "time_created": "2026-03-02 14:49:15.171 +0000 UTC",
            "timeouts": null,
            "vcn_id": "ocid1.vcn.oc19.eu-madrid-2.amaaaaaapw27gbaamxmzavsqzvxdcms6xlp7qoguvztgzv2crg64ynvm3nea"
          },
          "sensitive_attributes": [],
          "identity_schema_version": 0,
          "private": "eyJlMmJmYjczMC1lY2FhLTExZTYtOGY4OC0zNDM2M2JjN2M0YzAiOnsiY3JlYXRlIjoxMjAwMDAwMDAwMDAwLCJkZWxldGUiOjEyMDAwMDAwMDAwMDAsInVwZGF0ZSI6MTIwMDAwMDAwMDAwMH19",
          "dependencies": [
            "module.oci_lz_orchestrator.data.oci_identity_regions.these",
            "module.oci_lz_orchestrator.data.oci_identity_tenancy.this",
            "module.oci_lz_orchestrator.module.oci_lz_compartments.oci_identity_compartment.level_2",
            "module.oci_lz_orchestrator.module.oci_lz_compartments.oci_identity_compartment.level_3",
            "module.oci_lz_orchestrator.module.oci_lz_compartments.oci_identity_compartment.level_4",
            "module.oci_lz_orchestrator.module.oci_lz_compartments.oci_identity_compartment.level_5",
            "module.oci_lz_orchestrator.module.oci_lz_compartments.oci_identity_compartment.level_6",
            "module.oci_lz_orchestrator.module.oci_lz_compartments.oci_identity_compartment.these",
            "module.oci_lz_orchestrator.module.oci_lz_compartments.oci_identity_tag_default.these",
            "module.oci_lz_orchestrator.module.oci_lz_network.data.oci_core_services.oci_services",
            "module.oci_lz_orchestrator.module.oci_lz_network.data.oci_core_vcn.existing_vcns",
            "module.oci_lz_orchestrator.module.oci_lz_network.oci_core_drg.these",
            "module.oci_lz_orchestrator.module.oci_lz_network.oci_core_public_ip.these",
            "module.oci_lz_orchestrator.module.oci_lz_network.oci_core_public_ip_pool.these",
            "module.oci_lz_orchestrator.module.oci_lz_network.oci_core_route_table.igw_natgw_specific_route_tables",
            "module.oci_lz_orchestrator.module.oci_lz_network.oci_core_route_table.sgw_specific_route_tables",
            "module.oci_lz_orchestrator.module.oci_lz_network.oci_core_service_gateway.these",
            "module.oci_lz_orchestrator.module.oci_lz_network.oci_core_vcn.these",
            "module.oci_lz_orchestrator.module.oci_lz_tags.data.oci_identity_tag.default_created_by",
            "module.oci_lz_orchestrator.module.oci_lz_tags.data.oci_identity_tag.default_created_on",
            "module.oci_lz_orchestrator.module.oci_lz_tags.data.oci_identity_tag_namespaces.oracle_default",
            "module.oci_lz_orchestrator.module.oci_lz_tags.oci_identity_tag.these",
            "module.oci_lz_orchestrator.module.oci_lz_tags.oci_identity_tag_default.these",
            "module.oci_lz_orchestrator.module.oci_lz_tags.oci_identity_tag_namespace.these",
            "module.oci_lz_orchestrator.module.oci_lz_zpr.data.oci_identity_regions.these",
            "module.oci_lz_orchestrator.module.oci_lz_zpr.data.oci_security_attribute_security_attribute_namespaces.default_security_attribute_namespaces",
            "module.oci_lz_orchestrator.module.oci_lz_zpr.data.oci_security_attribute_security_attribute_namespaces.query_security_attribute_namespaces",
            "module.oci_lz_orchestrator.module.oci_lz_zpr.data.oci_zpr_configuration.this",
            "module.oci_lz_orchestrator.module.oci_lz_zpr.oci_security_attribute_security_attribute.these",
            "module.oci_lz_orchestrator.module.oci_lz_zpr.oci_security_attribute_security_attribute_namespace.these",
            "module.oci_lz_orchestrator.module.oci_lz_zpr.oci_zpr_configuration.this",
            "module.oci_lz_orchestrator.module.oci_lz_zpr.oci_zpr_zpr_policy.these",
            "module.oci_lz_orchestrator.module.oci_lz_zpr.time_sleep.wait_after_zpr_configuration"
          ],
          "create_before_destroy": true
        }
      ]
    },
    {
      "module": "module.oci_lz_orchestrator.module.oci_lz_network[0]",
      "mode": "managed",
      "type": "oci_core_route_table",
      "name": "non_gw_specific_remaining_route_tables",
      "provider": "module.oci_lz_orchestrator.provider[\"registry.terraform.io/oracle/oci\"]",
      "instances": [
        {
          "index_key": "RT-VLL-LZ-EXACS-NPR-BACKUP-KEY",
          "schema_version": 0,
          "attributes": {
            "compartment_id": "ocid1.compartment.oc19..aaaaaaaaycsxnmvquse26nkoz23unmg4gw4ditynt5gpvjfy4c35oaw33pja",
            "defined_tags": {
              "Oracle-Tags.CreatedBy": "default/jorge.e.torlaschi@accenture.com",
              "Oracle-Tags.CreatedOn": "2026-03-02T14:49:15.406Z"
            },
            "display_name": "o-np-om2-rtb-exacs-nprbck-001",
            "freeform_tags": {
              "ocilz-terraform-module": "networking/0.8.1"
            },
            "id": "ocid1.routetable.oc19.eu-madrid-2.aaaaaaaaa4dccl5v7ndgrtfxd7qs5enpjpqti6l3ezzvlcvqyczvjr6uzdxa",
            "route_rules": [
              {
                "cidr_block": "",
                "description": "Route to Oracle Services Network through Service GW",
                "destination": "all-vll-services-in-oracle-services-network",
                "destination_type": "SERVICE_CIDR_BLOCK",
                "network_entity_id": "ocid1.servicegateway.oc19.eu-madrid-2.aaaaaaaav3y6m3rrvlchqy53xkogbrqv4ni4ddivjqdmvtcr6c27jtewnuya",
                "route_type": "STATIC"
              },
              {
                "cidr_block": "",
                "description": "Route to the 0.0.0.0/0 through DRG",
                "destination": "0.0.0.0/0",
                "destination_type": "CIDR_BLOCK",
                "network_entity_id": "ocid1.drg.oc19.eu-madrid-2.aaaaaaaayvopkm7emgn5m4gftb675exqtglpug7u7pr7ed45x4ovcenq772q",
                "route_type": "STATIC"
              }
            ],
            "state": "AVAILABLE",
            "time_created": "2026-03-02 14:49:15.422 +0000 UTC",
            "timeouts": null,
            "vcn_id": "ocid1.vcn.oc19.eu-madrid-2.amaaaaaapw27gbaadicr6yacyfavaacq42zhr2otc4oylwivcg2kbntwioba"
          },
          "sensitive_attributes": [],
          "identity_schema_version": 0,
          "private": "eyJlMmJmYjczMC1lY2FhLTExZTYtOGY4OC0zNDM2M2JjN2M0YzAiOnsiY3JlYXRlIjoxMjAwMDAwMDAwMDAwLCJkZWxldGUiOjEyMDAwMDAwMDAwMDAsInVwZGF0ZSI6MTIwMDAwMDAwMDAwMH19",
          "dependencies": [
            "module.oci_lz_orchestrator.data.oci_identity_regions.these",
            "module.oci_lz_orchestrator.data.oci_identity_tenancy.this",
            "module.oci_lz_orchestrator.module.oci_lz_compartments.oci_identity_compartment.level_2",
            "module.oci_lz_orchestrator.module.oci_lz_compartments.oci_identity_compartment.level_3",
            "module.oci_lz_orchestrator.module.oci_lz_compartments.oci_identity_compartment.level_4",
            "module.oci_lz_orchestrator.module.oci_lz_compartments.oci_identity_compartment.level_5",
            "module.oci_lz_orchestrator.module.oci_lz_compartments.oci_identity_compartment.level_6",
            "module.oci_lz_orchestrator.module.oci_lz_compartments.oci_identity_compartment.these",
            "module.oci_lz_orchestrator.module.oci_lz_compartments.oci_identity_tag_default.these",
            "module.oci_lz_orchestrator.module.oci_lz_network.data.oci_core_services.oci_services",
            "module.oci_lz_orchestrator.module.oci_lz_network.data.oci_core_vcn.existing_vcns",
            "module.oci_lz_orchestrator.module.oci_lz_network.oci_core_drg.these",
            "module.oci_lz_orchestrator.module.oci_lz_network.oci_core_internet_gateway.these",
            "module.oci_lz_orchestrator.module.oci_lz_network.oci_core_local_peering_gateway.oci_acceptor_local_peering_gateways",
            "module.oci_lz_orchestrator.module.oci_lz_network.oci_core_local_peering_gateway.oci_requestor_local_peering_gateways",
            "module.oci_lz_orchestrator.module.oci_lz_network.oci_core_nat_gateway.these",
            "module.oci_lz_orchestrator.module.oci_lz_network.oci_core_public_ip.these",
            "module.oci_lz_orchestrator.module.oci_lz_network.oci_core_public_ip_pool.these",
            "module.oci_lz_orchestrator.module.oci_lz_network.oci_core_route_table.igw_natgw_specific_route_tables",
            "module.oci_lz_orchestrator.module.oci_lz_network.oci_core_route_table.lpg_specific_route_tables",
            "module.oci_lz_orchestrator.module.oci_lz_network.oci_core_route_table.sgw_specific_route_tables",
            "module.oci_lz_orchestrator.module.oci_lz_network.oci_core_service_gateway.these",
            "module.oci_lz_orchestrator.module.oci_lz_network.oci_core_vcn.these",
            "module.oci_lz_orchestrator.module.oci_lz_tags.data.oci_identity_tag.default_created_by",
            "module.oci_lz_orchestrator.module.oci_lz_tags.data.oci_identity_tag.default_created_on",
            "module.oci_lz_orchestrator.module.oci_lz_tags.data.oci_identity_tag_namespaces.oracle_default",
            "module.oci_lz_orchestrator.module.oci_lz_tags.oci_identity_tag.these",
            "module.oci_lz_orchestrator.module.oci_lz_tags.oci_identity_tag_default.these",
            "module.oci_lz_orchestrator.module.oci_lz_tags.oci_identity_tag_namespace.these",
            "module.oci_lz_orchestrator.module.oci_lz_zpr.data.oci_identity_regions.these",
            "module.oci_lz_orchestrator.module.oci_lz_zpr.data.oci_security_attribute_security_attribute_namespaces.default_security_attribute_namespaces",
            "module.oci_lz_orchestrator.module.oci_lz_zpr.data.oci_security_attribute_security_attribute_namespaces.query_security_attribute_namespaces",
            "module.oci_lz_orchestrator.module.oci_lz_zpr.data.oci_zpr_configuration.this",
            "module.oci_lz_orchestrator.module.oci_lz_zpr.oci_security_attribute_security_attribute.these",
            "module.oci_lz_orchestrator.module.oci_lz_zpr.oci_security_attribute_security_attribute_namespace.these",
            "module.oci_lz_orchestrator.module.oci_lz_zpr.oci_zpr_configuration.this",
            "module.oci_lz_orchestrator.module.oci_lz_zpr.oci_zpr_zpr_policy.these",
            "module.oci_lz_orchestrator.module.oci_lz_zpr.time_sleep.wait_after_zpr_configuration"
          ],
          "create_before_destroy": true
        },
        {
          "index_key": "RT-VLL-LZ-EXACS-NPR-CLIENT-KEY",
          "schema_version": 0,
          "attributes": {
            "compartment_id": "ocid1.compartment.oc19..aaaaaaaaycsxnmvquse26nkoz23unmg4gw4ditynt5gpvjfy4c35oaw33pja",
            "defined_tags": {
              "Oracle-Tags.CreatedBy": "default/jorge.e.torlaschi@accenture.com",
              "Oracle-Tags.CreatedOn": "2026-03-02T14:49:15.337Z"
            },
            "display_name": "o-np-om2-rtb-exacs-nprcli-001",
            "freeform_tags": {
              "ocilz-terraform-module": "networking/0.8.1"
            },
            "id": "ocid1.routetable.oc19.eu-madrid-2.aaaaaaaaa6rxbgyqio46rlgdcxvup6adu6ueon73rgo7bxb6m7whimfvjasa",
            "route_rules": [
              {
                "cidr_block": "",
                "description": "Route to Oracle Services Network through Service GW",
                "destination": "all-vll-services-in-oracle-services-network",
                "destination_type": "SERVICE_CIDR_BLOCK",
                "network_entity_id": "ocid1.servicegateway.oc19.eu-madrid-2.aaaaaaaav3y6m3rrvlchqy53xkogbrqv4ni4ddivjqdmvtcr6c27jtewnuya",
                "route_type": "STATIC"
              },
              {
                "cidr_block": "",
                "description": "Route to the 0.0.0.0/0 through DRG",
                "destination": "0.0.0.0/0",
                "destination_type": "CIDR_BLOCK",
                "network_entity_id": "ocid1.drg.oc19.eu-madrid-2.aaaaaaaayvopkm7emgn5m4gftb675exqtglpug7u7pr7ed45x4ovcenq772q",
                "route_type": "STATIC"
              }
            ],
            "state": "AVAILABLE",
            "time_created": "2026-03-02 14:49:15.352 +0000 UTC",
            "timeouts": null,
            "vcn_id": "ocid1.vcn.oc19.eu-madrid-2.amaaaaaapw27gbaadicr6yacyfavaacq42zhr2otc4oylwivcg2kbntwioba"
          },
          "sensitive_attributes": [],
          "identity_schema_version": 0,
          "private": "eyJlMmJmYjczMC1lY2FhLTExZTYtOGY4OC0zNDM2M2JjN2M0YzAiOnsiY3JlYXRlIjoxMjAwMDAwMDAwMDAwLCJkZWxldGUiOjEyMDAwMDAwMDAwMDAsInVwZGF0ZSI6MTIwMDAwMDAwMDAwMH19",
          "dependencies": [
            "module.oci_lz_orchestrator.data.oci_identity_regions.these",
            "module.oci_lz_orchestrator.data.oci_identity_tenancy.this",
            "module.oci_lz_orchestrator.module.oci_lz_compartments.oci_identity_compartment.level_2",
            "module.oci_lz_orchestrator.module.oci_lz_compartments.oci_identity_compartment.level_3",
            "module.oci_lz_orchestrator.module.oci_lz_compartments.oci_identity_compartment.level_4",
            "module.oci_lz_orchestrator.module.oci_lz_compartments.oci_identity_compartment.level_5",
            "module.oci_lz_orchestrator.module.oci_lz_compartments.oci_identity_compartment.level_6",
            "module.oci_lz_orchestrator.module.oci_lz_compartments.oci_identity_compartment.these",
            "module.oci_lz_orchestrator.module.oci_lz_compartments.oci_identity_tag_default.these",
            "module.oci_lz_orchestrator.module.oci_lz_network.data.oci_core_services.oci_services",
            "module.oci_lz_orchestrator.module.oci_lz_network.data.oci_core_vcn.existing_vcns",
            "module.oci_lz_orchestrator.module.oci_lz_network.oci_core_drg.these",
            "module.oci_lz_orchestrator.module.oci_lz_network.oci_core_internet_gateway.these",
            "module.oci_lz_orchestrator.module.oci_lz_network.oci_core_local_peering_gateway.oci_acceptor_local_peering_gateways",
            "module.oci_lz_orchestrator.module.oci_lz_network.oci_core_local_peering_gateway.oci_requestor_local_peering_gateways",
            "module.oci_lz_orchestrator.module.oci_lz_network.oci_core_nat_gateway.these",
            "module.oci_lz_orchestrator.module.oci_lz_network.oci_core_public_ip.these",
            "module.oci_lz_orchestrator.module.oci_lz_network.oci_core_public_ip_pool.these",
            "module.oci_lz_orchestrator.module.oci_lz_network.oci_core_route_table.igw_natgw_specific_route_tables",
            "module.oci_lz_orchestrator.module.oci_lz_network.oci_core_route_table.lpg_specific_route_tables",
            "module.oci_lz_orchestrator.module.oci_lz_network.oci_core_route_table.sgw_specific_route_tables",
            "module.oci_lz_orchestrator.module.oci_lz_network.oci_core_service_gateway.these",
            "module.oci_lz_orchestrator.module.oci_lz_network.oci_core_vcn.these",
            "module.oci_lz_orchestrator.module.oci_lz_tags.data.oci_identity_tag.default_created_by",
            "module.oci_lz_orchestrator.module.oci_lz_tags.data.oci_identity_tag.default_created_on",
            "module.oci_lz_orchestrator.module.oci_lz_tags.data.oci_identity_tag_namespaces.oracle_default",
            "module.oci_lz_orchestrator.module.oci_lz_tags.oci_identity_tag.these",
            "module.oci_lz_orchestrator.module.oci_lz_tags.oci_identity_tag_default.these",
            "module.oci_lz_orchestrator.module.oci_lz_tags.oci_identity_tag_namespace.these",
            "module.oci_lz_orchestrator.module.oci_lz_zpr.data.oci_identity_regions.these",
            "module.oci_lz_orchestrator.module.oci_lz_zpr.data.oci_security_attribute_security_attribute_namespaces.default_security_attribute_namespaces",
            "module.oci_lz_orchestrator.module.oci_lz_zpr.data.oci_security_attribute_security_attribute_namespaces.query_security_attribute_namespaces",
            "module.oci_lz_orchestrator.module.oci_lz_zpr.data.oci_zpr_configuration.this",
            "module.oci_lz_orchestrator.module.oci_lz_zpr.oci_security_attribute_security_attribute.these",
            "module.oci_lz_orchestrator.module.oci_lz_zpr.oci_security_attribute_security_attribute_namespace.these",
            "module.oci_lz_orchestrator.module.oci_lz_zpr.oci_zpr_configuration.this",
            "module.oci_lz_orchestrator.module.oci_lz_zpr.oci_zpr_zpr_policy.these",
            "module.oci_lz_orchestrator.module.oci_lz_zpr.time_sleep.wait_after_zpr_configuration"
          ],
          "create_before_destroy": true
        },
        {
          "index_key": "RT-VLL-LZ-EXACS-PRO-BACKUP-KEY",
          "schema_version": 0,
          "attributes": {
            "compartment_id": "ocid1.compartment.oc19..aaaaaaaaycsxnmvquse26nkoz23unmg4gw4ditynt5gpvjfy4c35oaw33pja",
            "defined_tags": {
              "Oracle-Tags.CreatedBy": "default/jorge.e.torlaschi@accenture.com",
              "Oracle-Tags.CreatedOn": "2026-03-02T14:49:15.427Z"
            },
            "display_name": "o-p-om2-rtb-exacs-procbck-001",
            "freeform_tags": {
              "ocilz-terraform-module": "networking/0.8.1"
            },
            "id": "ocid1.routetable.oc19.eu-madrid-2.aaaaaaaa7dwbtn4ofsu6r3rl2tl4q33d7eeoxmvxmidwqhk3ko5noideod4a",
            "route_rules": [
              {
                "cidr_block": "",
                "description": "Route to Oracle Services Network through Service GW",
                "destination": "all-vll-services-in-oracle-services-network",
                "destination_type": "SERVICE_CIDR_BLOCK",
                "network_entity_id": "ocid1.servicegateway.oc19.eu-madrid-2.aaaaaaaasw7uiggm33qplppfz4mu5h7mytb7w3yyd6ukawppzqc6zhlbxeda",
                "route_type": "STATIC"
              },
              {
                "cidr_block": "",
                "description": "Route to the 0.0.0.0/0 through DRG",
                "destination": "0.0.0.0/0",
                "destination_type": "CIDR_BLOCK",
                "network_entity_id": "ocid1.drg.oc19.eu-madrid-2.aaaaaaaayvopkm7emgn5m4gftb675exqtglpug7u7pr7ed45x4ovcenq772q",
                "route_type": "STATIC"
              }
            ],
            "state": "AVAILABLE",
            "time_created": "2026-03-02 14:49:15.448 +0000 UTC",
            "timeouts": null,
            "vcn_id": "ocid1.vcn.oc19.eu-madrid-2.amaaaaaapw27gbaaxsxo53tn4qjyqf3gn4rgtejemqz27gt7xr2egvuvactq"
          },
          "sensitive_attributes": [],
          "identity_schema_version": 0,
          "private": "eyJlMmJmYjczMC1lY2FhLTExZTYtOGY4OC0zNDM2M2JjN2M0YzAiOnsiY3JlYXRlIjoxMjAwMDAwMDAwMDAwLCJkZWxldGUiOjEyMDAwMDAwMDAwMDAsInVwZGF0ZSI6MTIwMDAwMDAwMDAwMH19",
          "dependencies": [
            "module.oci_lz_orchestrator.data.oci_identity_regions.these",
            "module.oci_lz_orchestrator.data.oci_identity_tenancy.this",
            "module.oci_lz_orchestrator.module.oci_lz_compartments.oci_identity_compartment.level_2",
            "module.oci_lz_orchestrator.module.oci_lz_compartments.oci_identity_compartment.level_3",
            "module.oci_lz_orchestrator.module.oci_lz_compartments.oci_identity_compartment.level_4",
            "module.oci_lz_orchestrator.module.oci_lz_compartments.oci_identity_compartment.level_5",
            "module.oci_lz_orchestrator.module.oci_lz_compartments.oci_identity_compartment.level_6",
            "module.oci_lz_orchestrator.module.oci_lz_compartments.oci_identity_compartment.these",
            "module.oci_lz_orchestrator.module.oci_lz_compartments.oci_identity_tag_default.these",
            "module.oci_lz_orchestrator.module.oci_lz_network.data.oci_core_services.oci_services",
            "module.oci_lz_orchestrator.module.oci_lz_network.data.oci_core_vcn.existing_vcns",
            "module.oci_lz_orchestrator.module.oci_lz_network.oci_core_drg.these",
            "module.oci_lz_orchestrator.module.oci_lz_network.oci_core_internet_gateway.these",
            "module.oci_lz_orchestrator.module.oci_lz_network.oci_core_local_peering_gateway.oci_acceptor_local_peering_gateways",
            "module.oci_lz_orchestrator.module.oci_lz_network.oci_core_local_peering_gateway.oci_requestor_local_peering_gateways",
            "module.oci_lz_orchestrator.module.oci_lz_network.oci_core_nat_gateway.these",
            "module.oci_lz_orchestrator.module.oci_lz_network.oci_core_public_ip.these",
            "module.oci_lz_orchestrator.module.oci_lz_network.oci_core_public_ip_pool.these",
            "module.oci_lz_orchestrator.module.oci_lz_network.oci_core_route_table.igw_natgw_specific_route_tables",
            "module.oci_lz_orchestrator.module.oci_lz_network.oci_core_route_table.lpg_specific_route_tables",
            "module.oci_lz_orchestrator.module.oci_lz_network.oci_core_route_table.sgw_specific_route_tables",
            "module.oci_lz_orchestrator.module.oci_lz_network.oci_core_service_gateway.these",
            "module.oci_lz_orchestrator.module.oci_lz_network.oci_core_vcn.these",
            "module.oci_lz_orchestrator.module.oci_lz_tags.data.oci_identity_tag.default_created_by",
            "module.oci_lz_orchestrator.module.oci_lz_tags.data.oci_identity_tag.default_created_on",
            "module.oci_lz_orchestrator.module.oci_lz_tags.data.oci_identity_tag_namespaces.oracle_default",
            "module.oci_lz_orchestrator.module.oci_lz_tags.oci_identity_tag.these",
            "module.oci_lz_orchestrator.module.oci_lz_tags.oci_identity_tag_default.these",
            "module.oci_lz_orchestrator.module.oci_lz_tags.oci_identity_tag_namespace.these",
            "module.oci_lz_orchestrator.module.oci_lz_zpr.data.oci_identity_regions.these",
            "module.oci_lz_orchestrator.module.oci_lz_zpr.data.oci_security_attribute_security_attribute_namespaces.default_security_attribute_namespaces",
            "module.oci_lz_orchestrator.module.oci_lz_zpr.data.oci_security_attribute_security_attribute_namespaces.query_security_attribute_namespaces",
            "module.oci_lz_orchestrator.module.oci_lz_zpr.data.oci_zpr_configuration.this",
            "module.oci_lz_orchestrator.module.oci_lz_zpr.oci_security_attribute_security_attribute.these",
            "module.oci_lz_orchestrator.module.oci_lz_zpr.oci_security_attribute_security_attribute_namespace.these",
            "module.oci_lz_orchestrator.module.oci_lz_zpr.oci_zpr_configuration.this",
            "module.oci_lz_orchestrator.module.oci_lz_zpr.oci_zpr_zpr_policy.these",
            "module.oci_lz_orchestrator.module.oci_lz_zpr.time_sleep.wait_after_zpr_configuration"
          ],
          "create_before_destroy": true
        },
        {
          "index_key": "RT-VLL-LZ-EXACS-PRO-CLIENT-KEY",
          "schema_version": 0,
          "attributes": {
            "compartment_id": "ocid1.compartment.oc19..aaaaaaaaycsxnmvquse26nkoz23unmg4gw4ditynt5gpvjfy4c35oaw33pja",
            "defined_tags": {
              "Oracle-Tags.CreatedBy": "default/jorge.e.torlaschi@accenture.com",
              "Oracle-Tags.CreatedOn": "2026-03-02T14:49:15.407Z"
            },
            "display_name": "o-p-om2-rtb-exacs-procli-001",
            "freeform_tags": {
              "ocilz-terraform-module": "networking/0.8.1"
            },
            "id": "ocid1.routetable.oc19.eu-madrid-2.aaaaaaaasly652k5nzmhv5gor3p7w62i3dav3l5sffx5c3gqul755cnz6ieq",
            "route_rules": [
              {
                "cidr_block": "",
                "description": "Route to Oracle Services Network through Service GW",
                "destination": "all-vll-services-in-oracle-services-network",
                "destination_type": "SERVICE_CIDR_BLOCK",
                "network_entity_id": "ocid1.servicegateway.oc19.eu-madrid-2.aaaaaaaasw7uiggm33qplppfz4mu5h7mytb7w3yyd6ukawppzqc6zhlbxeda",
                "route_type": "STATIC"
              },
              {
                "cidr_block": "",
                "description": "Route to the 0.0.0.0/0 through DRG",
                "destination": "0.0.0.0/0",
                "destination_type": "CIDR_BLOCK",
                "network_entity_id": "ocid1.drg.oc19.eu-madrid-2.aaaaaaaayvopkm7emgn5m4gftb675exqtglpug7u7pr7ed45x4ovcenq772q",
                "route_type": "STATIC"
              }
            ],
            "state": "AVAILABLE",
            "time_created": "2026-03-02 14:49:15.422 +0000 UTC",
            "timeouts": null,
            "vcn_id": "ocid1.vcn.oc19.eu-madrid-2.amaaaaaapw27gbaaxsxo53tn4qjyqf3gn4rgtejemqz27gt7xr2egvuvactq"
          },
          "sensitive_attributes": [],
          "identity_schema_version": 0,
          "private": "eyJlMmJmYjczMC1lY2FhLTExZTYtOGY4OC0zNDM2M2JjN2M0YzAiOnsiY3JlYXRlIjoxMjAwMDAwMDAwMDAwLCJkZWxldGUiOjEyMDAwMDAwMDAwMDAsInVwZGF0ZSI6MTIwMDAwMDAwMDAwMH19",
          "dependencies": [
            "module.oci_lz_orchestrator.data.oci_identity_regions.these",
            "module.oci_lz_orchestrator.data.oci_identity_tenancy.this",
            "module.oci_lz_orchestrator.module.oci_lz_compartments.oci_identity_compartment.level_2",
            "module.oci_lz_orchestrator.module.oci_lz_compartments.oci_identity_compartment.level_3",
            "module.oci_lz_orchestrator.module.oci_lz_compartments.oci_identity_compartment.level_4",
            "module.oci_lz_orchestrator.module.oci_lz_compartments.oci_identity_compartment.level_5",
            "module.oci_lz_orchestrator.module.oci_lz_compartments.oci_identity_compartment.level_6",
            "module.oci_lz_orchestrator.module.oci_lz_compartments.oci_identity_compartment.these",
            "module.oci_lz_orchestrator.module.oci_lz_compartments.oci_identity_tag_default.these",
            "module.oci_lz_orchestrator.module.oci_lz_network.data.oci_core_services.oci_services",
            "module.oci_lz_orchestrator.module.oci_lz_network.data.oci_core_vcn.existing_vcns",
            "module.oci_lz_orchestrator.module.oci_lz_network.oci_core_drg.these",
            "module.oci_lz_orchestrator.module.oci_lz_network.oci_core_internet_gateway.these",
            "module.oci_lz_orchestrator.module.oci_lz_network.oci_core_local_peering_gateway.oci_acceptor_local_peering_gateways",
            "module.oci_lz_orchestrator.module.oci_lz_network.oci_core_local_peering_gateway.oci_requestor_local_peering_gateways",
            "module.oci_lz_orchestrator.module.oci_lz_network.oci_core_nat_gateway.these",
            "module.oci_lz_orchestrator.module.oci_lz_network.oci_core_public_ip.these",
            "module.oci_lz_orchestrator.module.oci_lz_network.oci_core_public_ip_pool.these",
            "module.oci_lz_orchestrator.module.oci_lz_network.oci_core_route_table.igw_natgw_specific_route_tables",
            "module.oci_lz_orchestrator.module.oci_lz_network.oci_core_route_table.lpg_specific_route_tables",
            "module.oci_lz_orchestrator.module.oci_lz_network.oci_core_route_table.sgw_specific_route_tables",
            "module.oci_lz_orchestrator.module.oci_lz_network.oci_core_service_gateway.these",
            "module.oci_lz_orchestrator.module.oci_lz_network.oci_core_vcn.these",
            "module.oci_lz_orchestrator.module.oci_lz_tags.data.oci_identity_tag.default_created_by",
            "module.oci_lz_orchestrator.module.oci_lz_tags.data.oci_identity_tag.default_created_on",
            "module.oci_lz_orchestrator.module.oci_lz_tags.data.oci_identity_tag_namespaces.oracle_default",
            "module.oci_lz_orchestrator.module.oci_lz_tags.oci_identity_tag.these",
            "module.oci_lz_orchestrator.module.oci_lz_tags.oci_identity_tag_default.these",
            "module.oci_lz_orchestrator.module.oci_lz_tags.oci_identity_tag_namespace.these",
            "module.oci_lz_orchestrator.module.oci_lz_zpr.data.oci_identity_regions.these",
            "module.oci_lz_orchestrator.module.oci_lz_zpr.data.oci_security_attribute_security_attribute_namespaces.default_security_attribute_namespaces",
            "module.oci_lz_orchestrator.module.oci_lz_zpr.data.oci_security_attribute_security_attribute_namespaces.query_security_attribute_namespaces",
            "module.oci_lz_orchestrator.module.oci_lz_zpr.data.oci_zpr_configuration.this",
            "module.oci_lz_orchestrator.module.oci_lz_zpr.oci_security_attribute_security_attribute.these",
            "module.oci_lz_orchestrator.module.oci_lz_zpr.oci_security_attribute_security_attribute_namespace.these",
            "module.oci_lz_orchestrator.module.oci_lz_zpr.oci_zpr_configuration.this",
            "module.oci_lz_orchestrator.module.oci_lz_zpr.oci_zpr_zpr_policy.these",
            "module.oci_lz_orchestrator.module.oci_lz_zpr.time_sleep.wait_after_zpr_configuration"
          ],
          "create_before_destroy": true
        },
        {
          "index_key": "RT-VLL-LZ-HUB-FW-KEY",
          "schema_version": 0,
          "attributes": {
            "compartment_id": "ocid1.compartment.oc19..aaaaaaaaycsxnmvquse26nkoz23unmg4gw4ditynt5gpvjfy4c35oaw33pja",
            "defined_tags": {
              "Oracle-Tags.CreatedBy": "default/jorge.e.torlaschi@accenture.com",
              "Oracle-Tags.CreatedOn": "2026-03-02T14:49:15.337Z"
            },
            "display_name": "o-p-om2-rtb-hubfw-001",
            "freeform_tags": {
              "ocilz-terraform-module": "networking/0.8.1"
            },
            "id": "ocid1.routetable.oc19.eu-madrid-2.aaaaaaaayzykpzlogivbqnwmifbdszlwr33z4rqgvm3ebhvajpnjxdkxfcha",
            "route_rules": [
              {
                "cidr_block": "",
                "description": "Route to Internet through NAT GW",
                "destination": "0.0.0.0/0",
                "destination_type": "CIDR_BLOCK",
                "network_entity_id": "ocid1.natgateway.oc19.eu-madrid-2.aaaaaaaabft6ni4dozseufyha6v6wj55pyq6tmdmsk4k4zovbg3lzddklfia",
                "route_type": "STATIC"
              }
            ],
            "state": "AVAILABLE",
            "time_created": "2026-03-02 14:49:15.348 +0000 UTC",
            "timeouts": null,
            "vcn_id": "ocid1.vcn.oc19.eu-madrid-2.amaaaaaapw27gbaamxmzavsqzvxdcms6xlp7qoguvztgzv2crg64ynvm3nea"
          },
          "sensitive_attributes": [],
          "identity_schema_version": 0,
          "private": "eyJlMmJmYjczMC1lY2FhLTExZTYtOGY4OC0zNDM2M2JjN2M0YzAiOnsiY3JlYXRlIjoxMjAwMDAwMDAwMDAwLCJkZWxldGUiOjEyMDAwMDAwMDAwMDAsInVwZGF0ZSI6MTIwMDAwMDAwMDAwMH19",
          "dependencies": [
            "module.oci_lz_orchestrator.data.oci_identity_regions.these",
            "module.oci_lz_orchestrator.data.oci_identity_tenancy.this",
            "module.oci_lz_orchestrator.module.oci_lz_compartments.oci_identity_compartment.level_2",
            "module.oci_lz_orchestrator.module.oci_lz_compartments.oci_identity_compartment.level_3",
            "module.oci_lz_orchestrator.module.oci_lz_compartments.oci_identity_compartment.level_4",
            "module.oci_lz_orchestrator.module.oci_lz_compartments.oci_identity_compartment.level_5",
            "module.oci_lz_orchestrator.module.oci_lz_compartments.oci_identity_compartment.level_6",
            "module.oci_lz_orchestrator.module.oci_lz_compartments.oci_identity_compartment.these",
            "module.oci_lz_orchestrator.module.oci_lz_compartments.oci_identity_tag_default.these",
            "module.oci_lz_orchestrator.module.oci_lz_network.data.oci_core_services.oci_services",
            "module.oci_lz_orchestrator.module.oci_lz_network.data.oci_core_vcn.existing_vcns",
            "module.oci_lz_orchestrator.module.oci_lz_network.oci_core_drg.these",
            "module.oci_lz_orchestrator.module.oci_lz_network.oci_core_internet_gateway.these",
            "module.oci_lz_orchestrator.module.oci_lz_network.oci_core_local_peering_gateway.oci_acceptor_local_peering_gateways",
            "module.oci_lz_orchestrator.module.oci_lz_network.oci_core_local_peering_gateway.oci_requestor_local_peering_gateways",
            "module.oci_lz_orchestrator.module.oci_lz_network.oci_core_nat_gateway.these",
            "module.oci_lz_orchestrator.module.oci_lz_network.oci_core_public_ip.these",
            "module.oci_lz_orchestrator.module.oci_lz_network.oci_core_public_ip_pool.these",
            "module.oci_lz_orchestrator.module.oci_lz_network.oci_core_route_table.igw_natgw_specific_route_tables",
            "module.oci_lz_orchestrator.module.oci_lz_network.oci_core_route_table.lpg_specific_route_tables",
            "module.oci_lz_orchestrator.module.oci_lz_network.oci_core_route_table.sgw_specific_route_tables",
            "module.oci_lz_orchestrator.module.oci_lz_network.oci_core_service_gateway.these",
            "module.oci_lz_orchestrator.module.oci_lz_network.oci_core_vcn.these",
            "module.oci_lz_orchestrator.module.oci_lz_tags.data.oci_identity_tag.default_created_by",
            "module.oci_lz_orchestrator.module.oci_lz_tags.data.oci_identity_tag.default_created_on",
            "module.oci_lz_orchestrator.module.oci_lz_tags.data.oci_identity_tag_namespaces.oracle_default",
            "module.oci_lz_orchestrator.module.oci_lz_tags.oci_identity_tag.these",
            "module.oci_lz_orchestrator.module.oci_lz_tags.oci_identity_tag_default.these",
            "module.oci_lz_orchestrator.module.oci_lz_tags.oci_identity_tag_namespace.these",
            "module.oci_lz_orchestrator.module.oci_lz_zpr.data.oci_identity_regions.these",
            "module.oci_lz_orchestrator.module.oci_lz_zpr.data.oci_security_attribute_security_attribute_namespaces.default_security_attribute_namespaces",
            "module.oci_lz_orchestrator.module.oci_lz_zpr.data.oci_security_attribute_security_attribute_namespaces.query_security_attribute_namespaces",
            "module.oci_lz_orchestrator.module.oci_lz_zpr.data.oci_zpr_configuration.this",
            "module.oci_lz_orchestrator.module.oci_lz_zpr.oci_security_attribute_security_attribute.these",
            "module.oci_lz_orchestrator.module.oci_lz_zpr.oci_security_attribute_security_attribute_namespace.these",
            "module.oci_lz_orchestrator.module.oci_lz_zpr.oci_zpr_configuration.this",
            "module.oci_lz_orchestrator.module.oci_lz_zpr.oci_zpr_zpr_policy.these",
            "module.oci_lz_orchestrator.module.oci_lz_zpr.time_sleep.wait_after_zpr_configuration"
          ],
          "create_before_destroy": true
        }
      ]
    },
    {
      "module": "module.oci_lz_orchestrator.module.oci_lz_network[0]",
      "mode": "managed",
      "type": "oci_core_route_table_attachment",
      "name": "these",
      "provider": "module.oci_lz_orchestrator.provider[\"registry.terraform.io/oracle/oci\"]",
      "instances": [
        {
          "index_key": "SN-VLL-LZ-EXACS-NPR-BACKUP-KEY",
          "schema_version": 0,
          "attributes": {
            "id": "ocid1.subnet.oc19.eu-madrid-2.aaaaaaaajhiovburarl4ktagdynbw4vb5i5pejzywj3rv7c744ljbgt3xlhq/ocid1.routetable.oc19.eu-madrid-2.aaaaaaaaa4dccl5v7ndgrtfxd7qs5enpjpqti6l3ezzvlcvqyczvjr6uzdxa",
            "route_table_id": "ocid1.routetable.oc19.eu-madrid-2.aaaaaaaaa4dccl5v7ndgrtfxd7qs5enpjpqti6l3ezzvlcvqyczvjr6uzdxa",
            "subnet_id": "ocid1.subnet.oc19.eu-madrid-2.aaaaaaaajhiovburarl4ktagdynbw4vb5i5pejzywj3rv7c744ljbgt3xlhq",
            "timeouts": null
          },
          "sensitive_attributes": [],
          "identity_schema_version": 0,
          "private": "eyJlMmJmYjczMC1lY2FhLTExZTYtOGY4OC0zNDM2M2JjN2M0YzAiOnsiY3JlYXRlIjoxMjAwMDAwMDAwMDAwLCJkZWxldGUiOjEyMDAwMDAwMDAwMDAsInVwZGF0ZSI6MTIwMDAwMDAwMDAwMH19",
          "dependencies": [
            "module.oci_lz_orchestrator.data.oci_identity_regions.these",
            "module.oci_lz_orchestrator.data.oci_identity_tenancy.this",
            "module.oci_lz_orchestrator.module.oci_lz_compartments.oci_identity_compartment.level_2",
            "module.oci_lz_orchestrator.module.oci_lz_compartments.oci_identity_compartment.level_3",
            "module.oci_lz_orchestrator.module.oci_lz_compartments.oci_identity_compartment.level_4",
            "module.oci_lz_orchestrator.module.oci_lz_compartments.oci_identity_compartment.level_5",
            "module.oci_lz_orchestrator.module.oci_lz_compartments.oci_identity_compartment.level_6",
            "module.oci_lz_orchestrator.module.oci_lz_compartments.oci_identity_compartment.these",
            "module.oci_lz_orchestrator.module.oci_lz_compartments.oci_identity_tag_default.these",
            "module.oci_lz_orchestrator.module.oci_lz_network.data.oci_core_services.oci_services",
            "module.oci_lz_orchestrator.module.oci_lz_network.data.oci_core_vcn.existing_vcns",
            "module.oci_lz_orchestrator.module.oci_lz_network.oci_core_dhcp_options.these",
            "module.oci_lz_orchestrator.module.oci_lz_network.oci_core_drg.these",
            "module.oci_lz_orchestrator.module.oci_lz_network.oci_core_internet_gateway.these",
            "module.oci_lz_orchestrator.module.oci_lz_network.oci_core_local_peering_gateway.oci_acceptor_local_peering_gateways",
            "module.oci_lz_orchestrator.module.oci_lz_network.oci_core_local_peering_gateway.oci_requestor_local_peering_gateways",
            "module.oci_lz_orchestrator.module.oci_lz_network.oci_core_nat_gateway.these",
            "module.oci_lz_orchestrator.module.oci_lz_network.oci_core_public_ip.these",
            "module.oci_lz_orchestrator.module.oci_lz_network.oci_core_public_ip_pool.these",
            "module.oci_lz_orchestrator.module.oci_lz_network.oci_core_route_table.drga_specific_route_tables",
            "module.oci_lz_orchestrator.module.oci_lz_network.oci_core_route_table.igw_natgw_specific_route_tables",
            "module.oci_lz_orchestrator.module.oci_lz_network.oci_core_route_table.lpg_specific_route_tables",
            "module.oci_lz_orchestrator.module.oci_lz_network.oci_core_route_table.non_gw_specific_remaining_route_tables",
            "module.oci_lz_orchestrator.module.oci_lz_network.oci_core_route_table.sgw_specific_route_tables",
            "module.oci_lz_orchestrator.module.oci_lz_network.oci_core_security_list.these",
            "module.oci_lz_orchestrator.module.oci_lz_network.oci_core_service_gateway.these",
            "module.oci_lz_orchestrator.module.oci_lz_network.oci_core_subnet.these",
            "module.oci_lz_orchestrator.module.oci_lz_network.oci_core_vcn.these",
            "module.oci_lz_orchestrator.module.oci_lz_tags.data.oci_identity_tag.default_created_by",
            "module.oci_lz_orchestrator.module.oci_lz_tags.data.oci_identity_tag.default_created_on",
            "module.oci_lz_orchestrator.module.oci_lz_tags.data.oci_identity_tag_namespaces.oracle_default",
            "module.oci_lz_orchestrator.module.oci_lz_tags.oci_identity_tag.these",
            "module.oci_lz_orchestrator.module.oci_lz_tags.oci_identity_tag_default.these",
            "module.oci_lz_orchestrator.module.oci_lz_tags.oci_identity_tag_namespace.these",
            "module.oci_lz_orchestrator.module.oci_lz_zpr.data.oci_identity_regions.these",
            "module.oci_lz_orchestrator.module.oci_lz_zpr.data.oci_security_attribute_security_attribute_namespaces.default_security_attribute_namespaces",
            "module.oci_lz_orchestrator.module.oci_lz_zpr.data.oci_security_attribute_security_attribute_namespaces.query_security_attribute_namespaces",
            "module.oci_lz_orchestrator.module.oci_lz_zpr.data.oci_zpr_configuration.this",
            "module.oci_lz_orchestrator.module.oci_lz_zpr.oci_security_attribute_security_attribute.these",
            "module.oci_lz_orchestrator.module.oci_lz_zpr.oci_security_attribute_security_attribute_namespace.these",
            "module.oci_lz_orchestrator.module.oci_lz_zpr.oci_zpr_configuration.this",
            "module.oci_lz_orchestrator.module.oci_lz_zpr.oci_zpr_zpr_policy.these",
            "module.oci_lz_orchestrator.module.oci_lz_zpr.time_sleep.wait_after_zpr_configuration"
          ]
        },
        {
          "index_key": "SN-VLL-LZ-EXACS-NPR-CLIENT-KEY",
          "schema_version": 0,
          "attributes": {
            "id": "ocid1.subnet.oc19.eu-madrid-2.aaaaaaaaej5rsxy4c74gyxypnmlpswcadwajxwpm4hdcwgydgfv7kaorspwq/ocid1.routetable.oc19.eu-madrid-2.aaaaaaaaa6rxbgyqio46rlgdcxvup6adu6ueon73rgo7bxb6m7whimfvjasa",
            "route_table_id": "ocid1.routetable.oc19.eu-madrid-2.aaaaaaaaa6rxbgyqio46rlgdcxvup6adu6ueon73rgo7bxb6m7whimfvjasa",
            "subnet_id": "ocid1.subnet.oc19.eu-madrid-2.aaaaaaaaej5rsxy4c74gyxypnmlpswcadwajxwpm4hdcwgydgfv7kaorspwq",
            "timeouts": null
          },
          "sensitive_attributes": [],
          "identity_schema_version": 0,
          "private": "eyJlMmJmYjczMC1lY2FhLTExZTYtOGY4OC0zNDM2M2JjN2M0YzAiOnsiY3JlYXRlIjoxMjAwMDAwMDAwMDAwLCJkZWxldGUiOjEyMDAwMDAwMDAwMDAsInVwZGF0ZSI6MTIwMDAwMDAwMDAwMH19",
          "dependencies": [
            "module.oci_lz_orchestrator.data.oci_identity_regions.these",
            "module.oci_lz_orchestrator.data.oci_identity_tenancy.this",
            "module.oci_lz_orchestrator.module.oci_lz_compartments.oci_identity_compartment.level_2",
            "module.oci_lz_orchestrator.module.oci_lz_compartments.oci_identity_compartment.level_3",
            "module.oci_lz_orchestrator.module.oci_lz_compartments.oci_identity_compartment.level_4",
            "module.oci_lz_orchestrator.module.oci_lz_compartments.oci_identity_compartment.level_5",
            "module.oci_lz_orchestrator.module.oci_lz_compartments.oci_identity_compartment.level_6",
            "module.oci_lz_orchestrator.module.oci_lz_compartments.oci_identity_compartment.these",
            "module.oci_lz_orchestrator.module.oci_lz_compartments.oci_identity_tag_default.these",
            "module.oci_lz_orchestrator.module.oci_lz_network.data.oci_core_services.oci_services",
            "module.oci_lz_orchestrator.module.oci_lz_network.data.oci_core_vcn.existing_vcns",
            "module.oci_lz_orchestrator.module.oci_lz_network.oci_core_dhcp_options.these",
            "module.oci_lz_orchestrator.module.oci_lz_network.oci_core_drg.these",
            "module.oci_lz_orchestrator.module.oci_lz_network.oci_core_internet_gateway.these",
            "module.oci_lz_orchestrator.module.oci_lz_network.oci_core_local_peering_gateway.oci_acceptor_local_peering_gateways",
            "module.oci_lz_orchestrator.module.oci_lz_network.oci_core_local_peering_gateway.oci_requestor_local_peering_gateways",
            "module.oci_lz_orchestrator.module.oci_lz_network.oci_core_nat_gateway.these",
            "module.oci_lz_orchestrator.module.oci_lz_network.oci_core_public_ip.these",
            "module.oci_lz_orchestrator.module.oci_lz_network.oci_core_public_ip_pool.these",
            "module.oci_lz_orchestrator.module.oci_lz_network.oci_core_route_table.drga_specific_route_tables",
            "module.oci_lz_orchestrator.module.oci_lz_network.oci_core_route_table.igw_natgw_specific_route_tables",
            "module.oci_lz_orchestrator.module.oci_lz_network.oci_core_route_table.lpg_specific_route_tables",
            "module.oci_lz_orchestrator.module.oci_lz_network.oci_core_route_table.non_gw_specific_remaining_route_tables",
            "module.oci_lz_orchestrator.module.oci_lz_network.oci_core_route_table.sgw_specific_route_tables",
            "module.oci_lz_orchestrator.module.oci_lz_network.oci_core_security_list.these",
            "module.oci_lz_orchestrator.module.oci_lz_network.oci_core_service_gateway.these",
            "module.oci_lz_orchestrator.module.oci_lz_network.oci_core_subnet.these",
            "module.oci_lz_orchestrator.module.oci_lz_network.oci_core_vcn.these",
            "module.oci_lz_orchestrator.module.oci_lz_tags.data.oci_identity_tag.default_created_by",
            "module.oci_lz_orchestrator.module.oci_lz_tags.data.oci_identity_tag.default_created_on",
            "module.oci_lz_orchestrator.module.oci_lz_tags.data.oci_identity_tag_namespaces.oracle_default",
            "module.oci_lz_orchestrator.module.oci_lz_tags.oci_identity_tag.these",
            "module.oci_lz_orchestrator.module.oci_lz_tags.oci_identity_tag_default.these",
            "module.oci_lz_orchestrator.module.oci_lz_tags.oci_identity_tag_namespace.these",
            "module.oci_lz_orchestrator.module.oci_lz_zpr.data.oci_identity_regions.these",
            "module.oci_lz_orchestrator.module.oci_lz_zpr.data.oci_security_attribute_security_attribute_namespaces.default_security_attribute_namespaces",
            "module.oci_lz_orchestrator.module.oci_lz_zpr.data.oci_security_attribute_security_attribute_namespaces.query_security_attribute_namespaces",
            "module.oci_lz_orchestrator.module.oci_lz_zpr.data.oci_zpr_configuration.this",
            "module.oci_lz_orchestrator.module.oci_lz_zpr.oci_security_attribute_security_attribute.these",
            "module.oci_lz_orchestrator.module.oci_lz_zpr.oci_security_attribute_security_attribute_namespace.these",
            "module.oci_lz_orchestrator.module.oci_lz_zpr.oci_zpr_configuration.this",
            "module.oci_lz_orchestrator.module.oci_lz_zpr.oci_zpr_zpr_policy.these",
            "module.oci_lz_orchestrator.module.oci_lz_zpr.time_sleep.wait_after_zpr_configuration"
          ]
        },
        {
          "index_key": "SN-VLL-LZ-EXACS-PRO-BACKUP-KEY",
          "schema_version": 0,
          "attributes": {
            "id": "ocid1.subnet.oc19.eu-madrid-2.aaaaaaaaljx4u2jj76irlvnkfj3qp3ob6unqgxzafxsa7lblwdsfkmrzt3ra/ocid1.routetable.oc19.eu-madrid-2.aaaaaaaa7dwbtn4ofsu6r3rl2tl4q33d7eeoxmvxmidwqhk3ko5noideod4a",
            "route_table_id": "ocid1.routetable.oc19.eu-madrid-2.aaaaaaaa7dwbtn4ofsu6r3rl2tl4q33d7eeoxmvxmidwqhk3ko5noideod4a",
            "subnet_id": "ocid1.subnet.oc19.eu-madrid-2.aaaaaaaaljx4u2jj76irlvnkfj3qp3ob6unqgxzafxsa7lblwdsfkmrzt3ra",
            "timeouts": null
          },
          "sensitive_attributes": [],
          "identity_schema_version": 0,
          "private": "eyJlMmJmYjczMC1lY2FhLTExZTYtOGY4OC0zNDM2M2JjN2M0YzAiOnsiY3JlYXRlIjoxMjAwMDAwMDAwMDAwLCJkZWxldGUiOjEyMDAwMDAwMDAwMDAsInVwZGF0ZSI6MTIwMDAwMDAwMDAwMH19",
          "dependencies": [
            "module.oci_lz_orchestrator.data.oci_identity_regions.these",
            "module.oci_lz_orchestrator.data.oci_identity_tenancy.this",
            "module.oci_lz_orchestrator.module.oci_lz_compartments.oci_identity_compartment.level_2",
            "module.oci_lz_orchestrator.module.oci_lz_compartments.oci_identity_compartment.level_3",
            "module.oci_lz_orchestrator.module.oci_lz_compartments.oci_identity_compartment.level_4",
            "module.oci_lz_orchestrator.module.oci_lz_compartments.oci_identity_compartment.level_5",
            "module.oci_lz_orchestrator.module.oci_lz_compartments.oci_identity_compartment.level_6",
            "module.oci_lz_orchestrator.module.oci_lz_compartments.oci_identity_compartment.these",
            "module.oci_lz_orchestrator.module.oci_lz_compartments.oci_identity_tag_default.these",
            "module.oci_lz_orchestrator.module.oci_lz_network.data.oci_core_services.oci_services",
            "module.oci_lz_orchestrator.module.oci_lz_network.data.oci_core_vcn.existing_vcns",
            "module.oci_lz_orchestrator.module.oci_lz_network.oci_core_dhcp_options.these",
            "module.oci_lz_orchestrator.module.oci_lz_network.oci_core_drg.these",
            "module.oci_lz_orchestrator.module.oci_lz_network.oci_core_internet_gateway.these",
            "module.oci_lz_orchestrator.module.oci_lz_network.oci_core_local_peering_gateway.oci_acceptor_local_peering_gateways",
            "module.oci_lz_orchestrator.module.oci_lz_network.oci_core_local_peering_gateway.oci_requestor_local_peering_gateways",
            "module.oci_lz_orchestrator.module.oci_lz_network.oci_core_nat_gateway.these",
            "module.oci_lz_orchestrator.module.oci_lz_network.oci_core_public_ip.these",
            "module.oci_lz_orchestrator.module.oci_lz_network.oci_core_public_ip_pool.these",
            "module.oci_lz_orchestrator.module.oci_lz_network.oci_core_route_table.drga_specific_route_tables",
            "module.oci_lz_orchestrator.module.oci_lz_network.oci_core_route_table.igw_natgw_specific_route_tables",
            "module.oci_lz_orchestrator.module.oci_lz_network.oci_core_route_table.lpg_specific_route_tables",
            "module.oci_lz_orchestrator.module.oci_lz_network.oci_core_route_table.non_gw_specific_remaining_route_tables",
            "module.oci_lz_orchestrator.module.oci_lz_network.oci_core_route_table.sgw_specific_route_tables",
            "module.oci_lz_orchestrator.module.oci_lz_network.oci_core_security_list.these",
            "module.oci_lz_orchestrator.module.oci_lz_network.oci_core_service_gateway.these",
            "module.oci_lz_orchestrator.module.oci_lz_network.oci_core_subnet.these",
            "module.oci_lz_orchestrator.module.oci_lz_network.oci_core_vcn.these",
            "module.oci_lz_orchestrator.module.oci_lz_tags.data.oci_identity_tag.default_created_by",
            "module.oci_lz_orchestrator.module.oci_lz_tags.data.oci_identity_tag.default_created_on",
            "module.oci_lz_orchestrator.module.oci_lz_tags.data.oci_identity_tag_namespaces.oracle_default",
            "module.oci_lz_orchestrator.module.oci_lz_tags.oci_identity_tag.these",
            "module.oci_lz_orchestrator.module.oci_lz_tags.oci_identity_tag_default.these",
            "module.oci_lz_orchestrator.module.oci_lz_tags.oci_identity_tag_namespace.these",
            "module.oci_lz_orchestrator.module.oci_lz_zpr.data.oci_identity_regions.these",
            "module.oci_lz_orchestrator.module.oci_lz_zpr.data.oci_security_attribute_security_attribute_namespaces.default_security_attribute_namespaces",
            "module.oci_lz_orchestrator.module.oci_lz_zpr.data.oci_security_attribute_security_attribute_namespaces.query_security_attribute_namespaces",
            "module.oci_lz_orchestrator.module.oci_lz_zpr.data.oci_zpr_configuration.this",
            "module.oci_lz_orchestrator.module.oci_lz_zpr.oci_security_attribute_security_attribute.these",
            "module.oci_lz_orchestrator.module.oci_lz_zpr.oci_security_attribute_security_attribute_namespace.these",
            "module.oci_lz_orchestrator.module.oci_lz_zpr.oci_zpr_configuration.this",
            "module.oci_lz_orchestrator.module.oci_lz_zpr.oci_zpr_zpr_policy.these",
            "module.oci_lz_orchestrator.module.oci_lz_zpr.time_sleep.wait_after_zpr_configuration"
          ]
        },
        {
          "index_key": "SN-VLL-LZ-EXACS-PRO-CLIENT-KEY",
          "schema_version": 0,
          "attributes": {
            "id": "ocid1.subnet.oc19.eu-madrid-2.aaaaaaaar2l2t7ysyehicgc7pvujlxqnwsxddxrxyy2hb3avc5uj4pf2ujta/ocid1.routetable.oc19.eu-madrid-2.aaaaaaaasly652k5nzmhv5gor3p7w62i3dav3l5sffx5c3gqul755cnz6ieq",
            "route_table_id": "ocid1.routetable.oc19.eu-madrid-2.aaaaaaaasly652k5nzmhv5gor3p7w62i3dav3l5sffx5c3gqul755cnz6ieq",
            "subnet_id": "ocid1.subnet.oc19.eu-madrid-2.aaaaaaaar2l2t7ysyehicgc7pvujlxqnwsxddxrxyy2hb3avc5uj4pf2ujta",
            "timeouts": null
          },
          "sensitive_attributes": [],
          "identity_schema_version": 0,
          "private": "eyJlMmJmYjczMC1lY2FhLTExZTYtOGY4OC0zNDM2M2JjN2M0YzAiOnsiY3JlYXRlIjoxMjAwMDAwMDAwMDAwLCJkZWxldGUiOjEyMDAwMDAwMDAwMDAsInVwZGF0ZSI6MTIwMDAwMDAwMDAwMH19",
          "dependencies": [
            "module.oci_lz_orchestrator.data.oci_identity_regions.these",
            "module.oci_lz_orchestrator.data.oci_identity_tenancy.this",
            "module.oci_lz_orchestrator.module.oci_lz_compartments.oci_identity_compartment.level_2",
            "module.oci_lz_orchestrator.module.oci_lz_compartments.oci_identity_compartment.level_3",
            "module.oci_lz_orchestrator.module.oci_lz_compartments.oci_identity_compartment.level_4",
            "module.oci_lz_orchestrator.module.oci_lz_compartments.oci_identity_compartment.level_5",
            "module.oci_lz_orchestrator.module.oci_lz_compartments.oci_identity_compartment.level_6",
            "module.oci_lz_orchestrator.module.oci_lz_compartments.oci_identity_compartment.these",
            "module.oci_lz_orchestrator.module.oci_lz_compartments.oci_identity_tag_default.these",
            "module.oci_lz_orchestrator.module.oci_lz_network.data.oci_core_services.oci_services",
            "module.oci_lz_orchestrator.module.oci_lz_network.data.oci_core_vcn.existing_vcns",
            "module.oci_lz_orchestrator.module.oci_lz_network.oci_core_dhcp_options.these",
            "module.oci_lz_orchestrator.module.oci_lz_network.oci_core_drg.these",
            "module.oci_lz_orchestrator.module.oci_lz_network.oci_core_internet_gateway.these",
            "module.oci_lz_orchestrator.module.oci_lz_network.oci_core_local_peering_gateway.oci_acceptor_local_peering_gateways",
            "module.oci_lz_orchestrator.module.oci_lz_network.oci_core_local_peering_gateway.oci_requestor_local_peering_gateways",
            "module.oci_lz_orchestrator.module.oci_lz_network.oci_core_nat_gateway.these",
            "module.oci_lz_orchestrator.module.oci_lz_network.oci_core_public_ip.these",
            "module.oci_lz_orchestrator.module.oci_lz_network.oci_core_public_ip_pool.these",
            "module.oci_lz_orchestrator.module.oci_lz_network.oci_core_route_table.drga_specific_route_tables",
            "module.oci_lz_orchestrator.module.oci_lz_network.oci_core_route_table.igw_natgw_specific_route_tables",
            "module.oci_lz_orchestrator.module.oci_lz_network.oci_core_route_table.lpg_specific_route_tables",
            "module.oci_lz_orchestrator.module.oci_lz_network.oci_core_route_table.non_gw_specific_remaining_route_tables",
            "module.oci_lz_orchestrator.module.oci_lz_network.oci_core_route_table.sgw_specific_route_tables",
            "module.oci_lz_orchestrator.module.oci_lz_network.oci_core_security_list.these",
            "module.oci_lz_orchestrator.module.oci_lz_network.oci_core_service_gateway.these",
            "module.oci_lz_orchestrator.module.oci_lz_network.oci_core_subnet.these",
            "module.oci_lz_orchestrator.module.oci_lz_network.oci_core_vcn.these",
            "module.oci_lz_orchestrator.module.oci_lz_tags.data.oci_identity_tag.default_created_by",
            "module.oci_lz_orchestrator.module.oci_lz_tags.data.oci_identity_tag.default_created_on",
            "module.oci_lz_orchestrator.module.oci_lz_tags.data.oci_identity_tag_namespaces.oracle_default",
            "module.oci_lz_orchestrator.module.oci_lz_tags.oci_identity_tag.these",
            "module.oci_lz_orchestrator.module.oci_lz_tags.oci_identity_tag_default.these",
            "module.oci_lz_orchestrator.module.oci_lz_tags.oci_identity_tag_namespace.these",
            "module.oci_lz_orchestrator.module.oci_lz_zpr.data.oci_identity_regions.these",
            "module.oci_lz_orchestrator.module.oci_lz_zpr.data.oci_security_attribute_security_attribute_namespaces.default_security_attribute_namespaces",
            "module.oci_lz_orchestrator.module.oci_lz_zpr.data.oci_security_attribute_security_attribute_namespaces.query_security_attribute_namespaces",
            "module.oci_lz_orchestrator.module.oci_lz_zpr.data.oci_zpr_configuration.this",
            "module.oci_lz_orchestrator.module.oci_lz_zpr.oci_security_attribute_security_attribute.these",
            "module.oci_lz_orchestrator.module.oci_lz_zpr.oci_security_attribute_security_attribute_namespace.these",
            "module.oci_lz_orchestrator.module.oci_lz_zpr.oci_zpr_configuration.this",
            "module.oci_lz_orchestrator.module.oci_lz_zpr.oci_zpr_zpr_policy.these",
            "module.oci_lz_orchestrator.module.oci_lz_zpr.time_sleep.wait_after_zpr_configuration"
          ]
        },
        {
          "index_key": "SN-VLL-LZ-HUB-DNS",
          "schema_version": 0,
          "attributes": {
            "id": "ocid1.subnet.oc19.eu-madrid-2.aaaaaaaat7ain6fzsqq4q2bw4hl7mzlzg66oexi2uygsvpzl2udkf4q2q45q/ocid1.routetable.oc19.eu-madrid-2.aaaaaaaab6f5midcjvky5ppplrim5dqnzfdjnn63uqx25s3bouhhjgouzyja",
            "route_table_id": "ocid1.routetable.oc19.eu-madrid-2.aaaaaaaab6f5midcjvky5ppplrim5dqnzfdjnn63uqx25s3bouhhjgouzyja",
            "subnet_id": "ocid1.subnet.oc19.eu-madrid-2.aaaaaaaat7ain6fzsqq4q2bw4hl7mzlzg66oexi2uygsvpzl2udkf4q2q45q",
            "timeouts": null
          },
          "sensitive_attributes": [],
          "identity_schema_version": 0,
          "private": "eyJlMmJmYjczMC1lY2FhLTExZTYtOGY4OC0zNDM2M2JjN2M0YzAiOnsiY3JlYXRlIjoxMjAwMDAwMDAwMDAwLCJkZWxldGUiOjEyMDAwMDAwMDAwMDAsInVwZGF0ZSI6MTIwMDAwMDAwMDAwMH19",
          "dependencies": [
            "module.oci_lz_orchestrator.data.oci_identity_regions.these",
            "module.oci_lz_orchestrator.data.oci_identity_tenancy.this",
            "module.oci_lz_orchestrator.module.oci_lz_compartments.oci_identity_compartment.level_2",
            "module.oci_lz_orchestrator.module.oci_lz_compartments.oci_identity_compartment.level_3",
            "module.oci_lz_orchestrator.module.oci_lz_compartments.oci_identity_compartment.level_4",
            "module.oci_lz_orchestrator.module.oci_lz_compartments.oci_identity_compartment.level_5",
            "module.oci_lz_orchestrator.module.oci_lz_compartments.oci_identity_compartment.level_6",
            "module.oci_lz_orchestrator.module.oci_lz_compartments.oci_identity_compartment.these",
            "module.oci_lz_orchestrator.module.oci_lz_compartments.oci_identity_tag_default.these",
            "module.oci_lz_orchestrator.module.oci_lz_network.data.oci_core_services.oci_services",
            "module.oci_lz_orchestrator.module.oci_lz_network.data.oci_core_vcn.existing_vcns",
            "module.oci_lz_orchestrator.module.oci_lz_network.oci_core_dhcp_options.these",
            "module.oci_lz_orchestrator.module.oci_lz_network.oci_core_drg.these",
            "module.oci_lz_orchestrator.module.oci_lz_network.oci_core_internet_gateway.these",
            "module.oci_lz_orchestrator.module.oci_lz_network.oci_core_local_peering_gateway.oci_acceptor_local_peering_gateways",
            "module.oci_lz_orchestrator.module.oci_lz_network.oci_core_local_peering_gateway.oci_requestor_local_peering_gateways",
            "module.oci_lz_orchestrator.module.oci_lz_network.oci_core_nat_gateway.these",
            "module.oci_lz_orchestrator.module.oci_lz_network.oci_core_public_ip.these",
            "module.oci_lz_orchestrator.module.oci_lz_network.oci_core_public_ip_pool.these",
            "module.oci_lz_orchestrator.module.oci_lz_network.oci_core_route_table.drga_specific_route_tables",
            "module.oci_lz_orchestrator.module.oci_lz_network.oci_core_route_table.igw_natgw_specific_route_tables",
            "module.oci_lz_orchestrator.module.oci_lz_network.oci_core_route_table.lpg_specific_route_tables",
            "module.oci_lz_orchestrator.module.oci_lz_network.oci_core_route_table.non_gw_specific_remaining_route_tables",
            "module.oci_lz_orchestrator.module.oci_lz_network.oci_core_route_table.sgw_specific_route_tables",
            "module.oci_lz_orchestrator.module.oci_lz_network.oci_core_security_list.these",
            "module.oci_lz_orchestrator.module.oci_lz_network.oci_core_service_gateway.these",
            "module.oci_lz_orchestrator.module.oci_lz_network.oci_core_subnet.these",
            "module.oci_lz_orchestrator.module.oci_lz_network.oci_core_vcn.these",
            "module.oci_lz_orchestrator.module.oci_lz_tags.data.oci_identity_tag.default_created_by",
            "module.oci_lz_orchestrator.module.oci_lz_tags.data.oci_identity_tag.default_created_on",
            "module.oci_lz_orchestrator.module.oci_lz_tags.data.oci_identity_tag_namespaces.oracle_default",
            "module.oci_lz_orchestrator.module.oci_lz_tags.oci_identity_tag.these",
            "module.oci_lz_orchestrator.module.oci_lz_tags.oci_identity_tag_default.these",
            "module.oci_lz_orchestrator.module.oci_lz_tags.oci_identity_tag_namespace.these",
            "module.oci_lz_orchestrator.module.oci_lz_zpr.data.oci_identity_regions.these",
            "module.oci_lz_orchestrator.module.oci_lz_zpr.data.oci_security_attribute_security_attribute_namespaces.default_security_attribute_namespaces",
            "module.oci_lz_orchestrator.module.oci_lz_zpr.data.oci_security_attribute_security_attribute_namespaces.query_security_attribute_namespaces",
            "module.oci_lz_orchestrator.module.oci_lz_zpr.data.oci_zpr_configuration.this",
            "module.oci_lz_orchestrator.module.oci_lz_zpr.oci_security_attribute_security_attribute.these",
            "module.oci_lz_orchestrator.module.oci_lz_zpr.oci_security_attribute_security_attribute_namespace.these",
            "module.oci_lz_orchestrator.module.oci_lz_zpr.oci_zpr_configuration.this",
            "module.oci_lz_orchestrator.module.oci_lz_zpr.oci_zpr_zpr_policy.these",
            "module.oci_lz_orchestrator.module.oci_lz_zpr.time_sleep.wait_after_zpr_configuration"
          ]
        },
        {
          "index_key": "SN-VLL-LZ-HUB-FW-KEY",
          "schema_version": 0,
          "attributes": {
            "id": "ocid1.subnet.oc19.eu-madrid-2.aaaaaaaac2xyfimwlaaclyzwws6oxok6ispx4tegizxgxgusnl35tmn5ukla/ocid1.routetable.oc19.eu-madrid-2.aaaaaaaayzykpzlogivbqnwmifbdszlwr33z4rqgvm3ebhvajpnjxdkxfcha",
            "route_table_id": "ocid1.routetable.oc19.eu-madrid-2.aaaaaaaayzykpzlogivbqnwmifbdszlwr33z4rqgvm3ebhvajpnjxdkxfcha",
            "subnet_id": "ocid1.subnet.oc19.eu-madrid-2.aaaaaaaac2xyfimwlaaclyzwws6oxok6ispx4tegizxgxgusnl35tmn5ukla",
            "timeouts": null
          },
          "sensitive_attributes": [],
          "identity_schema_version": 0,
          "private": "eyJlMmJmYjczMC1lY2FhLTExZTYtOGY4OC0zNDM2M2JjN2M0YzAiOnsiY3JlYXRlIjoxMjAwMDAwMDAwMDAwLCJkZWxldGUiOjEyMDAwMDAwMDAwMDAsInVwZGF0ZSI6MTIwMDAwMDAwMDAwMH19",
          "dependencies": [
            "module.oci_lz_orchestrator.data.oci_identity_regions.these",
            "module.oci_lz_orchestrator.data.oci_identity_tenancy.this",
            "module.oci_lz_orchestrator.module.oci_lz_compartments.oci_identity_compartment.level_2",
            "module.oci_lz_orchestrator.module.oci_lz_compartments.oci_identity_compartment.level_3",
            "module.oci_lz_orchestrator.module.oci_lz_compartments.oci_identity_compartment.level_4",
            "module.oci_lz_orchestrator.module.oci_lz_compartments.oci_identity_compartment.level_5",
            "module.oci_lz_orchestrator.module.oci_lz_compartments.oci_identity_compartment.level_6",
            "module.oci_lz_orchestrator.module.oci_lz_compartments.oci_identity_compartment.these",
            "module.oci_lz_orchestrator.module.oci_lz_compartments.oci_identity_tag_default.these",
            "module.oci_lz_orchestrator.module.oci_lz_network.data.oci_core_services.oci_services",
            "module.oci_lz_orchestrator.module.oci_lz_network.data.oci_core_vcn.existing_vcns",
            "module.oci_lz_orchestrator.module.oci_lz_network.oci_core_dhcp_options.these",
            "module.oci_lz_orchestrator.module.oci_lz_network.oci_core_drg.these",
            "module.oci_lz_orchestrator.module.oci_lz_network.oci_core_internet_gateway.these",
            "module.oci_lz_orchestrator.module.oci_lz_network.oci_core_local_peering_gateway.oci_acceptor_local_peering_gateways",
            "module.oci_lz_orchestrator.module.oci_lz_network.oci_core_local_peering_gateway.oci_requestor_local_peering_gateways",
            "module.oci_lz_orchestrator.module.oci_lz_network.oci_core_nat_gateway.these",
            "module.oci_lz_orchestrator.module.oci_lz_network.oci_core_public_ip.these",
            "module.oci_lz_orchestrator.module.oci_lz_network.oci_core_public_ip_pool.these",
            "module.oci_lz_orchestrator.module.oci_lz_network.oci_core_route_table.drga_specific_route_tables",
            "module.oci_lz_orchestrator.module.oci_lz_network.oci_core_route_table.igw_natgw_specific_route_tables",
            "module.oci_lz_orchestrator.module.oci_lz_network.oci_core_route_table.lpg_specific_route_tables",
            "module.oci_lz_orchestrator.module.oci_lz_network.oci_core_route_table.non_gw_specific_remaining_route_tables",
            "module.oci_lz_orchestrator.module.oci_lz_network.oci_core_route_table.sgw_specific_route_tables",
            "module.oci_lz_orchestrator.module.oci_lz_network.oci_core_security_list.these",
            "module.oci_lz_orchestrator.module.oci_lz_network.oci_core_service_gateway.these",
            "module.oci_lz_orchestrator.module.oci_lz_network.oci_core_subnet.these",
            "module.oci_lz_orchestrator.module.oci_lz_network.oci_core_vcn.these",
            "module.oci_lz_orchestrator.module.oci_lz_tags.data.oci_identity_tag.default_created_by",
            "module.oci_lz_orchestrator.module.oci_lz_tags.data.oci_identity_tag.default_created_on",
            "module.oci_lz_orchestrator.module.oci_lz_tags.data.oci_identity_tag_namespaces.oracle_default",
            "module.oci_lz_orchestrator.module.oci_lz_tags.oci_identity_tag.these",
            "module.oci_lz_orchestrator.module.oci_lz_tags.oci_identity_tag_default.these",
            "module.oci_lz_orchestrator.module.oci_lz_tags.oci_identity_tag_namespace.these",
            "module.oci_lz_orchestrator.module.oci_lz_zpr.data.oci_identity_regions.these",
            "module.oci_lz_orchestrator.module.oci_lz_zpr.data.oci_security_attribute_security_attribute_namespaces.default_security_attribute_namespaces",
            "module.oci_lz_orchestrator.module.oci_lz_zpr.data.oci_security_attribute_security_attribute_namespaces.query_security_attribute_namespaces",
            "module.oci_lz_orchestrator.module.oci_lz_zpr.data.oci_zpr_configuration.this",
            "module.oci_lz_orchestrator.module.oci_lz_zpr.oci_security_attribute_security_attribute.these",
            "module.oci_lz_orchestrator.module.oci_lz_zpr.oci_security_attribute_security_attribute_namespace.these",
            "module.oci_lz_orchestrator.module.oci_lz_zpr.oci_zpr_configuration.this",
            "module.oci_lz_orchestrator.module.oci_lz_zpr.oci_zpr_zpr_policy.these",
            "module.oci_lz_orchestrator.module.oci_lz_zpr.time_sleep.wait_after_zpr_configuration"
          ]
        },
        {
          "index_key": "SN-VLL-LZ-HUB-MGMT-KEY",
          "schema_version": 0,
          "attributes": {
            "id": "ocid1.subnet.oc19.eu-madrid-2.aaaaaaaa5okuwidvybkh2oyegt4zz4zsynf54nz654xa3yikhltlr3rty36q/ocid1.routetable.oc19.eu-madrid-2.aaaaaaaab6f5midcjvky5ppplrim5dqnzfdjnn63uqx25s3bouhhjgouzyja",
            "route_table_id": "ocid1.routetable.oc19.eu-madrid-2.aaaaaaaab6f5midcjvky5ppplrim5dqnzfdjnn63uqx25s3bouhhjgouzyja",
            "subnet_id": "ocid1.subnet.oc19.eu-madrid-2.aaaaaaaa5okuwidvybkh2oyegt4zz4zsynf54nz654xa3yikhltlr3rty36q",
            "timeouts": null
          },
          "sensitive_attributes": [],
          "identity_schema_version": 0,
          "private": "eyJlMmJmYjczMC1lY2FhLTExZTYtOGY4OC0zNDM2M2JjN2M0YzAiOnsiY3JlYXRlIjoxMjAwMDAwMDAwMDAwLCJkZWxldGUiOjEyMDAwMDAwMDAwMDAsInVwZGF0ZSI6MTIwMDAwMDAwMDAwMH19",
          "dependencies": [
            "module.oci_lz_orchestrator.data.oci_identity_regions.these",
            "module.oci_lz_orchestrator.data.oci_identity_tenancy.this",
            "module.oci_lz_orchestrator.module.oci_lz_compartments.oci_identity_compartment.level_2",
            "module.oci_lz_orchestrator.module.oci_lz_compartments.oci_identity_compartment.level_3",
            "module.oci_lz_orchestrator.module.oci_lz_compartments.oci_identity_compartment.level_4",
            "module.oci_lz_orchestrator.module.oci_lz_compartments.oci_identity_compartment.level_5",
            "module.oci_lz_orchestrator.module.oci_lz_compartments.oci_identity_compartment.level_6",
            "module.oci_lz_orchestrator.module.oci_lz_compartments.oci_identity_compartment.these",
            "module.oci_lz_orchestrator.module.oci_lz_compartments.oci_identity_tag_default.these",
            "module.oci_lz_orchestrator.module.oci_lz_network.data.oci_core_services.oci_services",
            "module.oci_lz_orchestrator.module.oci_lz_network.data.oci_core_vcn.existing_vcns",
            "module.oci_lz_orchestrator.module.oci_lz_network.oci_core_dhcp_options.these",
            "module.oci_lz_orchestrator.module.oci_lz_network.oci_core_drg.these",
            "module.oci_lz_orchestrator.module.oci_lz_network.oci_core_internet_gateway.these",
            "module.oci_lz_orchestrator.module.oci_lz_network.oci_core_local_peering_gateway.oci_acceptor_local_peering_gateways",
            "module.oci_lz_orchestrator.module.oci_lz_network.oci_core_local_peering_gateway.oci_requestor_local_peering_gateways",
            "module.oci_lz_orchestrator.module.oci_lz_network.oci_core_nat_gateway.these",
            "module.oci_lz_orchestrator.module.oci_lz_network.oci_core_public_ip.these",
            "module.oci_lz_orchestrator.module.oci_lz_network.oci_core_public_ip_pool.these",
            "module.oci_lz_orchestrator.module.oci_lz_network.oci_core_route_table.drga_specific_route_tables",
            "module.oci_lz_orchestrator.module.oci_lz_network.oci_core_route_table.igw_natgw_specific_route_tables",
            "module.oci_lz_orchestrator.module.oci_lz_network.oci_core_route_table.lpg_specific_route_tables",
            "module.oci_lz_orchestrator.module.oci_lz_network.oci_core_route_table.non_gw_specific_remaining_route_tables",
            "module.oci_lz_orchestrator.module.oci_lz_network.oci_core_route_table.sgw_specific_route_tables",
            "module.oci_lz_orchestrator.module.oci_lz_network.oci_core_security_list.these",
            "module.oci_lz_orchestrator.module.oci_lz_network.oci_core_service_gateway.these",
            "module.oci_lz_orchestrator.module.oci_lz_network.oci_core_subnet.these",
            "module.oci_lz_orchestrator.module.oci_lz_network.oci_core_vcn.these",
            "module.oci_lz_orchestrator.module.oci_lz_tags.data.oci_identity_tag.default_created_by",
            "module.oci_lz_orchestrator.module.oci_lz_tags.data.oci_identity_tag.default_created_on",
            "module.oci_lz_orchestrator.module.oci_lz_tags.data.oci_identity_tag_namespaces.oracle_default",
            "module.oci_lz_orchestrator.module.oci_lz_tags.oci_identity_tag.these",
            "module.oci_lz_orchestrator.module.oci_lz_tags.oci_identity_tag_default.these",
            "module.oci_lz_orchestrator.module.oci_lz_tags.oci_identity_tag_namespace.these",
            "module.oci_lz_orchestrator.module.oci_lz_zpr.data.oci_identity_regions.these",
            "module.oci_lz_orchestrator.module.oci_lz_zpr.data.oci_security_attribute_security_attribute_namespaces.default_security_attribute_namespaces",
            "module.oci_lz_orchestrator.module.oci_lz_zpr.data.oci_security_attribute_security_attribute_namespaces.query_security_attribute_namespaces",
            "module.oci_lz_orchestrator.module.oci_lz_zpr.data.oci_zpr_configuration.this",
            "module.oci_lz_orchestrator.module.oci_lz_zpr.oci_security_attribute_security_attribute.these",
            "module.oci_lz_orchestrator.module.oci_lz_zpr.oci_security_attribute_security_attribute_namespace.these",
            "module.oci_lz_orchestrator.module.oci_lz_zpr.oci_zpr_configuration.this",
            "module.oci_lz_orchestrator.module.oci_lz_zpr.oci_zpr_zpr_policy.these",
            "module.oci_lz_orchestrator.module.oci_lz_zpr.time_sleep.wait_after_zpr_configuration"
          ]
        },
        {
          "index_key": "SN-VLL-LZ-HUB-MON-KEY",
          "schema_version": 0,
          "attributes": {
            "id": "ocid1.subnet.oc19.eu-madrid-2.aaaaaaaagchau2eisbakistt2tboso46oiuoqnguidrinroltaw67mj6namq/ocid1.routetable.oc19.eu-madrid-2.aaaaaaaab6f5midcjvky5ppplrim5dqnzfdjnn63uqx25s3bouhhjgouzyja",
            "route_table_id": "ocid1.routetable.oc19.eu-madrid-2.aaaaaaaab6f5midcjvky5ppplrim5dqnzfdjnn63uqx25s3bouhhjgouzyja",
            "subnet_id": "ocid1.subnet.oc19.eu-madrid-2.aaaaaaaagchau2eisbakistt2tboso46oiuoqnguidrinroltaw67mj6namq",
            "timeouts": null
          },
          "sensitive_attributes": [],
          "identity_schema_version": 0,
          "private": "eyJlMmJmYjczMC1lY2FhLTExZTYtOGY4OC0zNDM2M2JjN2M0YzAiOnsiY3JlYXRlIjoxMjAwMDAwMDAwMDAwLCJkZWxldGUiOjEyMDAwMDAwMDAwMDAsInVwZGF0ZSI6MTIwMDAwMDAwMDAwMH19",
          "dependencies": [
            "module.oci_lz_orchestrator.data.oci_identity_regions.these",
            "module.oci_lz_orchestrator.data.oci_identity_tenancy.this",
            "module.oci_lz_orchestrator.module.oci_lz_compartments.oci_identity_compartment.level_2",
            "module.oci_lz_orchestrator.module.oci_lz_compartments.oci_identity_compartment.level_3",
            "module.oci_lz_orchestrator.module.oci_lz_compartments.oci_identity_compartment.level_4",
            "module.oci_lz_orchestrator.module.oci_lz_compartments.oci_identity_compartment.level_5",
            "module.oci_lz_orchestrator.module.oci_lz_compartments.oci_identity_compartment.level_6",
            "module.oci_lz_orchestrator.module.oci_lz_compartments.oci_identity_compartment.these",
            "module.oci_lz_orchestrator.module.oci_lz_compartments.oci_identity_tag_default.these",
            "module.oci_lz_orchestrator.module.oci_lz_network.data.oci_core_services.oci_services",
            "module.oci_lz_orchestrator.module.oci_lz_network.data.oci_core_vcn.existing_vcns",
            "module.oci_lz_orchestrator.module.oci_lz_network.oci_core_dhcp_options.these",
            "module.oci_lz_orchestrator.module.oci_lz_network.oci_core_drg.these",
            "module.oci_lz_orchestrator.module.oci_lz_network.oci_core_internet_gateway.these",
            "module.oci_lz_orchestrator.module.oci_lz_network.oci_core_local_peering_gateway.oci_acceptor_local_peering_gateways",
            "module.oci_lz_orchestrator.module.oci_lz_network.oci_core_local_peering_gateway.oci_requestor_local_peering_gateways",
            "module.oci_lz_orchestrator.module.oci_lz_network.oci_core_nat_gateway.these",
            "module.oci_lz_orchestrator.module.oci_lz_network.oci_core_public_ip.these",
            "module.oci_lz_orchestrator.module.oci_lz_network.oci_core_public_ip_pool.these",
            "module.oci_lz_orchestrator.module.oci_lz_network.oci_core_route_table.drga_specific_route_tables",
            "module.oci_lz_orchestrator.module.oci_lz_network.oci_core_route_table.igw_natgw_specific_route_tables",
            "module.oci_lz_orchestrator.module.oci_lz_network.oci_core_route_table.lpg_specific_route_tables",
            "module.oci_lz_orchestrator.module.oci_lz_network.oci_core_route_table.non_gw_specific_remaining_route_tables",
            "module.oci_lz_orchestrator.module.oci_lz_network.oci_core_route_table.sgw_specific_route_tables",
            "module.oci_lz_orchestrator.module.oci_lz_network.oci_core_security_list.these",
            "module.oci_lz_orchestrator.module.oci_lz_network.oci_core_service_gateway.these",
            "module.oci_lz_orchestrator.module.oci_lz_network.oci_core_subnet.these",
            "module.oci_lz_orchestrator.module.oci_lz_network.oci_core_vcn.these",
            "module.oci_lz_orchestrator.module.oci_lz_tags.data.oci_identity_tag.default_created_by",
            "module.oci_lz_orchestrator.module.oci_lz_tags.data.oci_identity_tag.default_created_on",
            "module.oci_lz_orchestrator.module.oci_lz_tags.data.oci_identity_tag_namespaces.oracle_default",
            "module.oci_lz_orchestrator.module.oci_lz_tags.oci_identity_tag.these",
            "module.oci_lz_orchestrator.module.oci_lz_tags.oci_identity_tag_default.these",
            "module.oci_lz_orchestrator.module.oci_lz_tags.oci_identity_tag_namespace.these",
            "module.oci_lz_orchestrator.module.oci_lz_zpr.data.oci_identity_regions.these",
            "module.oci_lz_orchestrator.module.oci_lz_zpr.data.oci_security_attribute_security_attribute_namespaces.default_security_attribute_namespaces",
            "module.oci_lz_orchestrator.module.oci_lz_zpr.data.oci_security_attribute_security_attribute_namespaces.query_security_attribute_namespaces",
            "module.oci_lz_orchestrator.module.oci_lz_zpr.data.oci_zpr_configuration.this",
            "module.oci_lz_orchestrator.module.oci_lz_zpr.oci_security_attribute_security_attribute.these",
            "module.oci_lz_orchestrator.module.oci_lz_zpr.oci_security_attribute_security_attribute_namespace.these",
            "module.oci_lz_orchestrator.module.oci_lz_zpr.oci_zpr_configuration.this",
            "module.oci_lz_orchestrator.module.oci_lz_zpr.oci_zpr_zpr_policy.these",
            "module.oci_lz_orchestrator.module.oci_lz_zpr.time_sleep.wait_after_zpr_configuration"
          ]
        }
      ]
    },
    {
      "module": "module.oci_lz_orchestrator.module.oci_lz_network[0]",
      "mode": "managed",
      "type": "oci_core_security_list",
      "name": "these",
      "provider": "module.oci_lz_orchestrator.provider[\"registry.terraform.io/oracle/oci\"]",
      "instances": [
        {
          "index_key": "SL-VLL-LZ-EXACS-NPR-BACKUP-KEY",
          "schema_version": 0,
          "attributes": {
            "compartment_id": "ocid1.compartment.oc19..aaaaaaaaycsxnmvquse26nkoz23unmg4gw4ditynt5gpvjfy4c35oaw33pja",
            "defined_tags": {
              "Oracle-Tags.CreatedBy": "default/jorge.e.torlaschi@accenture.com",
              "Oracle-Tags.CreatedOn": "2026-03-02T14:48:59.106Z"
            },
            "display_name": "o-np-om2-sl-exacs-nprbck-001",
            "egress_security_rules": [
              {
                "description": "Allow all outbound traffic to 0.0.0.0/0 over all protocols",
                "destination": "0.0.0.0/0",
                "destination_type": "CIDR_BLOCK",
                "icmp_options": [],
                "protocol": "all",
                "stateless": false,
                "tcp_options": [],
                "udp_options": []
              }
            ],
            "freeform_tags": {
              "ocilz-terraform-module": "networking/0.8.1"
            },
            "id": "ocid1.securitylist.oc19.eu-madrid-2.aaaaaaaazejx6kh3eidy7ohuzmwnikhglu44woc7njr6ezoopv5ocw7k6ida",
            "ingress_security_rules": [
              {
                "description": "ICMP type 3 code 4",
                "icmp_options": [
                  {
                    "code": 4,
                    "type": 3
                  }
                ],
                "protocol": "1",
                "source": "0.0.0.0/0",
                "source_type": "CIDR_BLOCK",
                "stateless": false,
                "tcp_options": [],
                "udp_options": []
              },
              {
                "description": "ICMP type 3",
                "icmp_options": [
                  {
                    "code": -1,
                    "type": 3
                  }
                ],
                "protocol": "1",
                "source": "10.0.0.0/21",
                "source_type": "CIDR_BLOCK",
                "stateless": false,
                "tcp_options": [],
                "udp_options": []
              },
              {
                "description": "ICMP type 8 (Echo)",
                "icmp_options": [
                  {
                    "code": 0,
                    "type": 8
                  }
                ],
                "protocol": "1",
                "source": "10.0.0.0/21",
                "source_type": "CIDR_BLOCK",
                "stateless": false,
                "tcp_options": [],
                "udp_options": []
              }
            ],
            "state": "AVAILABLE",
            "time_created": "2026-03-02 14:48:59.118 +0000 UTC",
            "timeouts": null,
            "vcn_id": "ocid1.vcn.oc19.eu-madrid-2.amaaaaaapw27gbaadicr6yacyfavaacq42zhr2otc4oylwivcg2kbntwioba"
          },
          "sensitive_attributes": [],
          "identity_schema_version": 0,
          "private": "eyJlMmJmYjczMC1lY2FhLTExZTYtOGY4OC0zNDM2M2JjN2M0YzAiOnsiY3JlYXRlIjoxMjAwMDAwMDAwMDAwLCJkZWxldGUiOjEyMDAwMDAwMDAwMDAsInVwZGF0ZSI6MTIwMDAwMDAwMDAwMH19",
          "dependencies": [
            "module.oci_lz_orchestrator.data.oci_identity_regions.these",
            "module.oci_lz_orchestrator.data.oci_identity_tenancy.this",
            "module.oci_lz_orchestrator.module.oci_lz_compartments.oci_identity_compartment.level_2",
            "module.oci_lz_orchestrator.module.oci_lz_compartments.oci_identity_compartment.level_3",
            "module.oci_lz_orchestrator.module.oci_lz_compartments.oci_identity_compartment.level_4",
            "module.oci_lz_orchestrator.module.oci_lz_compartments.oci_identity_compartment.level_5",
            "module.oci_lz_orchestrator.module.oci_lz_compartments.oci_identity_compartment.level_6",
            "module.oci_lz_orchestrator.module.oci_lz_compartments.oci_identity_compartment.these",
            "module.oci_lz_orchestrator.module.oci_lz_compartments.oci_identity_tag_default.these",
            "module.oci_lz_orchestrator.module.oci_lz_network.data.oci_core_services.oci_services",
            "module.oci_lz_orchestrator.module.oci_lz_network.data.oci_core_vcn.existing_vcns",
            "module.oci_lz_orchestrator.module.oci_lz_network.oci_core_vcn.these",
            "module.oci_lz_orchestrator.module.oci_lz_tags.data.oci_identity_tag.default_created_by",
            "module.oci_lz_orchestrator.module.oci_lz_tags.data.oci_identity_tag.default_created_on",
            "module.oci_lz_orchestrator.module.oci_lz_tags.data.oci_identity_tag_namespaces.oracle_default",
            "module.oci_lz_orchestrator.module.oci_lz_tags.oci_identity_tag.these",
            "module.oci_lz_orchestrator.module.oci_lz_tags.oci_identity_tag_default.these",
            "module.oci_lz_orchestrator.module.oci_lz_tags.oci_identity_tag_namespace.these",
            "module.oci_lz_orchestrator.module.oci_lz_zpr.data.oci_identity_regions.these",
            "module.oci_lz_orchestrator.module.oci_lz_zpr.data.oci_security_attribute_security_attribute_namespaces.default_security_attribute_namespaces",
            "module.oci_lz_orchestrator.module.oci_lz_zpr.data.oci_security_attribute_security_attribute_namespaces.query_security_attribute_namespaces",
            "module.oci_lz_orchestrator.module.oci_lz_zpr.data.oci_zpr_configuration.this",
            "module.oci_lz_orchestrator.module.oci_lz_zpr.oci_security_attribute_security_attribute.these",
            "module.oci_lz_orchestrator.module.oci_lz_zpr.oci_security_attribute_security_attribute_namespace.these",
            "module.oci_lz_orchestrator.module.oci_lz_zpr.oci_zpr_configuration.this",
            "module.oci_lz_orchestrator.module.oci_lz_zpr.oci_zpr_zpr_policy.these",
            "module.oci_lz_orchestrator.module.oci_lz_zpr.time_sleep.wait_after_zpr_configuration"
          ],
          "create_before_destroy": true
        },
        {
          "index_key": "SL-VLL-LZ-EXACS-NPR-CLIENT-KEY",
          "schema_version": 0,
          "attributes": {
            "compartment_id": "ocid1.compartment.oc19..aaaaaaaaycsxnmvquse26nkoz23unmg4gw4ditynt5gpvjfy4c35oaw33pja",
            "defined_tags": {
              "Oracle-Tags.CreatedBy": "default/jorge.e.torlaschi@accenture.com",
              "Oracle-Tags.CreatedOn": "2026-03-02T14:48:59.106Z"
            },
            "display_name": "o-np-om2-sl-exacs-nprcli-001",
            "egress_security_rules": [
              {
                "description": "Allow all outbound traffic to 0.0.0.0/0 over all protocols",
                "destination": "0.0.0.0/0",
                "destination_type": "CIDR_BLOCK",
                "icmp_options": [],
                "protocol": "all",
                "stateless": false,
                "tcp_options": [],
                "udp_options": []
              }
            ],
            "freeform_tags": {
              "ocilz-terraform-module": "networking/0.8.1"
            },
            "id": "ocid1.securitylist.oc19.eu-madrid-2.aaaaaaaag2en2aasvmhdqih25t2p3zbfdedgls5ro2jlvl6ol2xbffxhanfa",
            "ingress_security_rules": [
              {
                "description": "ICMP type 3 code 4",
                "icmp_options": [
                  {
                    "code": 4,
                    "type": 3
                  }
                ],
                "protocol": "1",
                "source": "0.0.0.0/0",
                "source_type": "CIDR_BLOCK",
                "stateless": false,
                "tcp_options": [],
                "udp_options": []
              },
              {
                "description": "ICMP type 3",
                "icmp_options": [
                  {
                    "code": -1,
                    "type": 3
                  }
                ],
                "protocol": "1",
                "source": "10.0.0.0/21",
                "source_type": "CIDR_BLOCK",
                "stateless": false,
                "tcp_options": [],
                "udp_options": []
              },
              {
                "description": "ICMP type 8 (Echo)",
                "icmp_options": [
                  {
                    "code": 0,
                    "type": 8
                  }
                ],
                "protocol": "1",
                "source": "10.0.0.0/21",
                "source_type": "CIDR_BLOCK",
                "stateless": false,
                "tcp_options": [],
                "udp_options": []
              }
            ],
            "state": "AVAILABLE",
            "time_created": "2026-03-02 14:48:59.129 +0000 UTC",
            "timeouts": null,
            "vcn_id": "ocid1.vcn.oc19.eu-madrid-2.amaaaaaapw27gbaadicr6yacyfavaacq42zhr2otc4oylwivcg2kbntwioba"
          },
          "sensitive_attributes": [],
          "identity_schema_version": 0,
          "private": "eyJlMmJmYjczMC1lY2FhLTExZTYtOGY4OC0zNDM2M2JjN2M0YzAiOnsiY3JlYXRlIjoxMjAwMDAwMDAwMDAwLCJkZWxldGUiOjEyMDAwMDAwMDAwMDAsInVwZGF0ZSI6MTIwMDAwMDAwMDAwMH19",
          "dependencies": [
            "module.oci_lz_orchestrator.data.oci_identity_regions.these",
            "module.oci_lz_orchestrator.data.oci_identity_tenancy.this",
            "module.oci_lz_orchestrator.module.oci_lz_compartments.oci_identity_compartment.level_2",
            "module.oci_lz_orchestrator.module.oci_lz_compartments.oci_identity_compartment.level_3",
            "module.oci_lz_orchestrator.module.oci_lz_compartments.oci_identity_compartment.level_4",
            "module.oci_lz_orchestrator.module.oci_lz_compartments.oci_identity_compartment.level_5",
            "module.oci_lz_orchestrator.module.oci_lz_compartments.oci_identity_compartment.level_6",
            "module.oci_lz_orchestrator.module.oci_lz_compartments.oci_identity_compartment.these",
            "module.oci_lz_orchestrator.module.oci_lz_compartments.oci_identity_tag_default.these",
            "module.oci_lz_orchestrator.module.oci_lz_network.data.oci_core_services.oci_services",
            "module.oci_lz_orchestrator.module.oci_lz_network.data.oci_core_vcn.existing_vcns",
            "module.oci_lz_orchestrator.module.oci_lz_network.oci_core_vcn.these",
            "module.oci_lz_orchestrator.module.oci_lz_tags.data.oci_identity_tag.default_created_by",
            "module.oci_lz_orchestrator.module.oci_lz_tags.data.oci_identity_tag.default_created_on",
            "module.oci_lz_orchestrator.module.oci_lz_tags.data.oci_identity_tag_namespaces.oracle_default",
            "module.oci_lz_orchestrator.module.oci_lz_tags.oci_identity_tag.these",
            "module.oci_lz_orchestrator.module.oci_lz_tags.oci_identity_tag_default.these",
            "module.oci_lz_orchestrator.module.oci_lz_tags.oci_identity_tag_namespace.these",
            "module.oci_lz_orchestrator.module.oci_lz_zpr.data.oci_identity_regions.these",
            "module.oci_lz_orchestrator.module.oci_lz_zpr.data.oci_security_attribute_security_attribute_namespaces.default_security_attribute_namespaces",
            "module.oci_lz_orchestrator.module.oci_lz_zpr.data.oci_security_attribute_security_attribute_namespaces.query_security_attribute_namespaces",
            "module.oci_lz_orchestrator.module.oci_lz_zpr.data.oci_zpr_configuration.this",
            "module.oci_lz_orchestrator.module.oci_lz_zpr.oci_security_attribute_security_attribute.these",
            "module.oci_lz_orchestrator.module.oci_lz_zpr.oci_security_attribute_security_attribute_namespace.these",
            "module.oci_lz_orchestrator.module.oci_lz_zpr.oci_zpr_configuration.this",
            "module.oci_lz_orchestrator.module.oci_lz_zpr.oci_zpr_zpr_policy.these",
            "module.oci_lz_orchestrator.module.oci_lz_zpr.time_sleep.wait_after_zpr_configuration"
          ],
          "create_before_destroy": true
        },
        {
          "index_key": "SL-VLL-LZ-EXACS-PRO-BACKUP-KEY",
          "schema_version": 0,
          "attributes": {
            "compartment_id": "ocid1.compartment.oc19..aaaaaaaaycsxnmvquse26nkoz23unmg4gw4ditynt5gpvjfy4c35oaw33pja",
            "defined_tags": {
              "Oracle-Tags.CreatedBy": "default/jorge.e.torlaschi@accenture.com",
              "Oracle-Tags.CreatedOn": "2026-03-02T14:48:59.189Z"
            },
            "display_name": "o-p-om2-sl-exacs-probkc-001",
            "egress_security_rules": [
              {
                "description": "Allow all outbound traffic to 0.0.0.0/0 over all protocols",
                "destination": "0.0.0.0/0",
                "destination_type": "CIDR_BLOCK",
                "icmp_options": [],
                "protocol": "all",
                "stateless": false,
                "tcp_options": [],
                "udp_options": []
              }
            ],
            "freeform_tags": {
              "ocilz-terraform-module": "networking/0.8.1"
            },
            "id": "ocid1.securitylist.oc19.eu-madrid-2.aaaaaaaatpubbt56woidlsr73ytirpu4bsbdwjicagqy56udiktqkpdxkqza",
            "ingress_security_rules": [
              {
                "description": "ICMP type 3 code 4",
                "icmp_options": [
                  {
                    "code": 4,
                    "type": 3
                  }
                ],
                "protocol": "1",
                "source": "0.0.0.0/0",
                "source_type": "CIDR_BLOCK",
                "stateless": false,
                "tcp_options": [],
                "udp_options": []
              },
              {
                "description": "ICMP type 3",
                "icmp_options": [
                  {
                    "code": -1,
                    "type": 3
                  }
                ],
                "protocol": "1",
                "source": "10.0.0.0/21",
                "source_type": "CIDR_BLOCK",
                "stateless": false,
                "tcp_options": [],
                "udp_options": []
              },
              {
                "description": "ICMP type 8 (Echo)",
                "icmp_options": [
                  {
                    "code": 0,
                    "type": 8
                  }
                ],
                "protocol": "1",
                "source": "10.0.0.0/21",
                "source_type": "CIDR_BLOCK",
                "stateless": false,
                "tcp_options": [],
                "udp_options": []
              }
            ],
            "state": "AVAILABLE",
            "time_created": "2026-03-02 14:48:59.202 +0000 UTC",
            "timeouts": null,
            "vcn_id": "ocid1.vcn.oc19.eu-madrid-2.amaaaaaapw27gbaaxsxo53tn4qjyqf3gn4rgtejemqz27gt7xr2egvuvactq"
          },
          "sensitive_attributes": [],
          "identity_schema_version": 0,
          "private": "eyJlMmJmYjczMC1lY2FhLTExZTYtOGY4OC0zNDM2M2JjN2M0YzAiOnsiY3JlYXRlIjoxMjAwMDAwMDAwMDAwLCJkZWxldGUiOjEyMDAwMDAwMDAwMDAsInVwZGF0ZSI6MTIwMDAwMDAwMDAwMH19",
          "dependencies": [
            "module.oci_lz_orchestrator.data.oci_identity_regions.these",
            "module.oci_lz_orchestrator.data.oci_identity_tenancy.this",
            "module.oci_lz_orchestrator.module.oci_lz_compartments.oci_identity_compartment.level_2",
            "module.oci_lz_orchestrator.module.oci_lz_compartments.oci_identity_compartment.level_3",
            "module.oci_lz_orchestrator.module.oci_lz_compartments.oci_identity_compartment.level_4",
            "module.oci_lz_orchestrator.module.oci_lz_compartments.oci_identity_compartment.level_5",
            "module.oci_lz_orchestrator.module.oci_lz_compartments.oci_identity_compartment.level_6",
            "module.oci_lz_orchestrator.module.oci_lz_compartments.oci_identity_compartment.these",
            "module.oci_lz_orchestrator.module.oci_lz_compartments.oci_identity_tag_default.these",
            "module.oci_lz_orchestrator.module.oci_lz_network.data.oci_core_services.oci_services",
            "module.oci_lz_orchestrator.module.oci_lz_network.data.oci_core_vcn.existing_vcns",
            "module.oci_lz_orchestrator.module.oci_lz_network.oci_core_vcn.these",
            "module.oci_lz_orchestrator.module.oci_lz_tags.data.oci_identity_tag.default_created_by",
            "module.oci_lz_orchestrator.module.oci_lz_tags.data.oci_identity_tag.default_created_on",
            "module.oci_lz_orchestrator.module.oci_lz_tags.data.oci_identity_tag_namespaces.oracle_default",
            "module.oci_lz_orchestrator.module.oci_lz_tags.oci_identity_tag.these",
            "module.oci_lz_orchestrator.module.oci_lz_tags.oci_identity_tag_default.these",
            "module.oci_lz_orchestrator.module.oci_lz_tags.oci_identity_tag_namespace.these",
            "module.oci_lz_orchestrator.module.oci_lz_zpr.data.oci_identity_regions.these",
            "module.oci_lz_orchestrator.module.oci_lz_zpr.data.oci_security_attribute_security_attribute_namespaces.default_security_attribute_namespaces",
            "module.oci_lz_orchestrator.module.oci_lz_zpr.data.oci_security_attribute_security_attribute_namespaces.query_security_attribute_namespaces",
            "module.oci_lz_orchestrator.module.oci_lz_zpr.data.oci_zpr_configuration.this",
            "module.oci_lz_orchestrator.module.oci_lz_zpr.oci_security_attribute_security_attribute.these",
            "module.oci_lz_orchestrator.module.oci_lz_zpr.oci_security_attribute_security_attribute_namespace.these",
            "module.oci_lz_orchestrator.module.oci_lz_zpr.oci_zpr_configuration.this",
            "module.oci_lz_orchestrator.module.oci_lz_zpr.oci_zpr_zpr_policy.these",
            "module.oci_lz_orchestrator.module.oci_lz_zpr.time_sleep.wait_after_zpr_configuration"
          ],
          "create_before_destroy": true
        },
        {
          "index_key": "SL-VLL-LZ-EXACS-PRO-CLIENT-KEY",
          "schema_version": 0,
          "attributes": {
            "compartment_id": "ocid1.compartment.oc19..aaaaaaaaycsxnmvquse26nkoz23unmg4gw4ditynt5gpvjfy4c35oaw33pja",
            "defined_tags": {
              "Oracle-Tags.CreatedBy": "default/jorge.e.torlaschi@accenture.com",
              "Oracle-Tags.CreatedOn": "2026-03-02T14:48:59.115Z"
            },
            "display_name": "o-p-om2-sl-exacs-procli-001",
            "egress_security_rules": [
              {
                "description": "Allow all outbound traffic to 0.0.0.0/0 over all protocols",
                "destination": "0.0.0.0/0",
                "destination_type": "CIDR_BLOCK",
                "icmp_options": [],
                "protocol": "all",
                "stateless": false,
                "tcp_options": [],
                "udp_options": []
              }
            ],
            "freeform_tags": {
              "ocilz-terraform-module": "networking/0.8.1"
            },
            "id": "ocid1.securitylist.oc19.eu-madrid-2.aaaaaaaat7lretcprwto5wco3w6kg3dn64ya5jzbsslp3sfqa2v2laf7buiq",
            "ingress_security_rules": [
              {
                "description": "ICMP type 3 code 4",
                "icmp_options": [
                  {
                    "code": 4,
                    "type": 3
                  }
                ],
                "protocol": "1",
                "source": "0.0.0.0/0",
                "source_type": "CIDR_BLOCK",
                "stateless": false,
                "tcp_options": [],
                "udp_options": []
              },
              {
                "description": "ICMP type 3",
                "icmp_options": [
                  {
                    "code": -1,
                    "type": 3
                  }
                ],
                "protocol": "1",
                "source": "10.0.0.0/21",
                "source_type": "CIDR_BLOCK",
                "stateless": false,
                "tcp_options": [],
                "udp_options": []
              },
              {
                "description": "ICMP type 8 (Echo)",
                "icmp_options": [
                  {
                    "code": 0,
                    "type": 8
                  }
                ],
                "protocol": "1",
                "source": "10.0.0.0/21",
                "source_type": "CIDR_BLOCK",
                "stateless": false,
                "tcp_options": [],
                "udp_options": []
              }
            ],
            "state": "AVAILABLE",
            "time_created": "2026-03-02 14:48:59.128 +0000 UTC",
            "timeouts": null,
            "vcn_id": "ocid1.vcn.oc19.eu-madrid-2.amaaaaaapw27gbaaxsxo53tn4qjyqf3gn4rgtejemqz27gt7xr2egvuvactq"
          },
          "sensitive_attributes": [],
          "identity_schema_version": 0,
          "private": "eyJlMmJmYjczMC1lY2FhLTExZTYtOGY4OC0zNDM2M2JjN2M0YzAiOnsiY3JlYXRlIjoxMjAwMDAwMDAwMDAwLCJkZWxldGUiOjEyMDAwMDAwMDAwMDAsInVwZGF0ZSI6MTIwMDAwMDAwMDAwMH19",
          "dependencies": [
            "module.oci_lz_orchestrator.data.oci_identity_regions.these",
            "module.oci_lz_orchestrator.data.oci_identity_tenancy.this",
            "module.oci_lz_orchestrator.module.oci_lz_compartments.oci_identity_compartment.level_2",
            "module.oci_lz_orchestrator.module.oci_lz_compartments.oci_identity_compartment.level_3",
            "module.oci_lz_orchestrator.module.oci_lz_compartments.oci_identity_compartment.level_4",
            "module.oci_lz_orchestrator.module.oci_lz_compartments.oci_identity_compartment.level_5",
            "module.oci_lz_orchestrator.module.oci_lz_compartments.oci_identity_compartment.level_6",
            "module.oci_lz_orchestrator.module.oci_lz_compartments.oci_identity_compartment.these",
            "module.oci_lz_orchestrator.module.oci_lz_compartments.oci_identity_tag_default.these",
            "module.oci_lz_orchestrator.module.oci_lz_network.data.oci_core_services.oci_services",
            "module.oci_lz_orchestrator.module.oci_lz_network.data.oci_core_vcn.existing_vcns",
            "module.oci_lz_orchestrator.module.oci_lz_network.oci_core_vcn.these",
            "module.oci_lz_orchestrator.module.oci_lz_tags.data.oci_identity_tag.default_created_by",
            "module.oci_lz_orchestrator.module.oci_lz_tags.data.oci_identity_tag.default_created_on",
            "module.oci_lz_orchestrator.module.oci_lz_tags.data.oci_identity_tag_namespaces.oracle_default",
            "module.oci_lz_orchestrator.module.oci_lz_tags.oci_identity_tag.these",
            "module.oci_lz_orchestrator.module.oci_lz_tags.oci_identity_tag_default.these",
            "module.oci_lz_orchestrator.module.oci_lz_tags.oci_identity_tag_namespace.these",
            "module.oci_lz_orchestrator.module.oci_lz_zpr.data.oci_identity_regions.these",
            "module.oci_lz_orchestrator.module.oci_lz_zpr.data.oci_security_attribute_security_attribute_namespaces.default_security_attribute_namespaces",
            "module.oci_lz_orchestrator.module.oci_lz_zpr.data.oci_security_attribute_security_attribute_namespaces.query_security_attribute_namespaces",
            "module.oci_lz_orchestrator.module.oci_lz_zpr.data.oci_zpr_configuration.this",
            "module.oci_lz_orchestrator.module.oci_lz_zpr.oci_security_attribute_security_attribute.these",
            "module.oci_lz_orchestrator.module.oci_lz_zpr.oci_security_attribute_security_attribute_namespace.these",
            "module.oci_lz_orchestrator.module.oci_lz_zpr.oci_zpr_configuration.this",
            "module.oci_lz_orchestrator.module.oci_lz_zpr.oci_zpr_zpr_policy.these",
            "module.oci_lz_orchestrator.module.oci_lz_zpr.time_sleep.wait_after_zpr_configuration"
          ],
          "create_before_destroy": true
        },
        {
          "index_key": "SL-VLL-LZ-HUB-FW-KEY",
          "schema_version": 0,
          "attributes": {
            "compartment_id": "ocid1.compartment.oc19..aaaaaaaaycsxnmvquse26nkoz23unmg4gw4ditynt5gpvjfy4c35oaw33pja",
            "defined_tags": {
              "Oracle-Tags.CreatedBy": "default/jorge.e.torlaschi@accenture.com",
              "Oracle-Tags.CreatedOn": "2026-03-02T14:48:59.074Z"
            },
            "display_name": "o-p-om2-sl-hubfw-001",
            "egress_security_rules": [],
            "freeform_tags": {
              "ocilz-terraform-module": "networking/0.8.1"
            },
            "id": "ocid1.securitylist.oc19.eu-madrid-2.aaaaaaaaxqizfxbd26orkw2smbwtp2b6w5izhw7gmr3yjd2mf332arotd6hq",
            "ingress_security_rules": [
              {
                "description": "ICMP type 3 code 4",
                "icmp_options": [
                  {
                    "code": 4,
                    "type": 3
                  }
                ],
                "protocol": "1",
                "source": "0.0.0.0/0",
                "source_type": "CIDR_BLOCK",
                "stateless": false,
                "tcp_options": [],
                "udp_options": []
              },
              {
                "description": "ICMP type 3",
                "icmp_options": [
                  {
                    "code": -1,
                    "type": 3
                  }
                ],
                "protocol": "1",
                "source": "10.0.0.0/21",
                "source_type": "CIDR_BLOCK",
                "stateless": false,
                "tcp_options": [],
                "udp_options": []
              },
              {
                "description": "ICMP type 8 (Echo)",
                "icmp_options": [
                  {
                    "code": 0,
                    "type": 8
                  }
                ],
                "protocol": "1",
                "source": "10.0.0.0/21",
                "source_type": "CIDR_BLOCK",
                "stateless": false,
                "tcp_options": [],
                "udp_options": []
              }
            ],
            "state": "AVAILABLE",
            "time_created": "2026-03-02 14:48:59.092 +0000 UTC",
            "timeouts": null,
            "vcn_id": "ocid1.vcn.oc19.eu-madrid-2.amaaaaaapw27gbaamxmzavsqzvxdcms6xlp7qoguvztgzv2crg64ynvm3nea"
          },
          "sensitive_attributes": [],
          "identity_schema_version": 0,
          "private": "eyJlMmJmYjczMC1lY2FhLTExZTYtOGY4OC0zNDM2M2JjN2M0YzAiOnsiY3JlYXRlIjoxMjAwMDAwMDAwMDAwLCJkZWxldGUiOjEyMDAwMDAwMDAwMDAsInVwZGF0ZSI6MTIwMDAwMDAwMDAwMH19",
          "dependencies": [
            "module.oci_lz_orchestrator.data.oci_identity_regions.these",
            "module.oci_lz_orchestrator.data.oci_identity_tenancy.this",
            "module.oci_lz_orchestrator.module.oci_lz_compartments.oci_identity_compartment.level_2",
            "module.oci_lz_orchestrator.module.oci_lz_compartments.oci_identity_compartment.level_3",
            "module.oci_lz_orchestrator.module.oci_lz_compartments.oci_identity_compartment.level_4",
            "module.oci_lz_orchestrator.module.oci_lz_compartments.oci_identity_compartment.level_5",
            "module.oci_lz_orchestrator.module.oci_lz_compartments.oci_identity_compartment.level_6",
            "module.oci_lz_orchestrator.module.oci_lz_compartments.oci_identity_compartment.these",
            "module.oci_lz_orchestrator.module.oci_lz_compartments.oci_identity_tag_default.these",
            "module.oci_lz_orchestrator.module.oci_lz_network.data.oci_core_services.oci_services",
            "module.oci_lz_orchestrator.module.oci_lz_network.data.oci_core_vcn.existing_vcns",
            "module.oci_lz_orchestrator.module.oci_lz_network.oci_core_vcn.these",
            "module.oci_lz_orchestrator.module.oci_lz_tags.data.oci_identity_tag.default_created_by",
            "module.oci_lz_orchestrator.module.oci_lz_tags.data.oci_identity_tag.default_created_on",
            "module.oci_lz_orchestrator.module.oci_lz_tags.data.oci_identity_tag_namespaces.oracle_default",
            "module.oci_lz_orchestrator.module.oci_lz_tags.oci_identity_tag.these",
            "module.oci_lz_orchestrator.module.oci_lz_tags.oci_identity_tag_default.these",
            "module.oci_lz_orchestrator.module.oci_lz_tags.oci_identity_tag_namespace.these",
            "module.oci_lz_orchestrator.module.oci_lz_zpr.data.oci_identity_regions.these",
            "module.oci_lz_orchestrator.module.oci_lz_zpr.data.oci_security_attribute_security_attribute_namespaces.default_security_attribute_namespaces",
            "module.oci_lz_orchestrator.module.oci_lz_zpr.data.oci_security_attribute_security_attribute_namespaces.query_security_attribute_namespaces",
            "module.oci_lz_orchestrator.module.oci_lz_zpr.data.oci_zpr_configuration.this",
            "module.oci_lz_orchestrator.module.oci_lz_zpr.oci_security_attribute_security_attribute.these",
            "module.oci_lz_orchestrator.module.oci_lz_zpr.oci_security_attribute_security_attribute_namespace.these",
            "module.oci_lz_orchestrator.module.oci_lz_zpr.oci_zpr_configuration.this",
            "module.oci_lz_orchestrator.module.oci_lz_zpr.oci_zpr_zpr_policy.these",
            "module.oci_lz_orchestrator.module.oci_lz_zpr.time_sleep.wait_after_zpr_configuration"
          ],
          "create_before_destroy": true
        },
        {
          "index_key": "SL-VLL-LZ-HUB-MGMT-KEY",
          "schema_version": 0,
          "attributes": {
            "compartment_id": "ocid1.compartment.oc19..aaaaaaaaycsxnmvquse26nkoz23unmg4gw4ditynt5gpvjfy4c35oaw33pja",
            "defined_tags": {
              "Oracle-Tags.CreatedBy": "default/jorge.e.torlaschi@accenture.com",
              "Oracle-Tags.CreatedOn": "2026-03-02T14:48:59.074Z"
            },
            "display_name": "o-p-om2-sl-hubmgmt-001",
            "egress_security_rules": [
              {
                "description": "Allow all outbound traffic to 0.0.0.0/0 over all protocols",
                "destination": "0.0.0.0/0",
                "destination_type": "CIDR_BLOCK",
                "icmp_options": [],
                "protocol": "all",
                "stateless": false,
                "tcp_options": [],
                "udp_options": []
              }
            ],
            "freeform_tags": {
              "ocilz-terraform-module": "networking/0.8.1"
            },
            "id": "ocid1.securitylist.oc19.eu-madrid-2.aaaaaaaargn24vpqgxbdcx5stw73kqkccx3qw7vsrijpi7m23ecxny5fdpyq",
            "ingress_security_rules": [
              {
                "description": "EXAMPLE: Allow inbound traffic from the Bastion Service private endpoint IP address",
                "icmp_options": [],
                "protocol": "6",
                "source": "10.0.2.123/32",
                "source_type": "CIDR_BLOCK",
                "stateless": false,
                "tcp_options": [
                  {
                    "max": 22,
                    "min": 22,
                    "source_port_range": []
                  }
                ],
                "udp_options": []
              },
              {
                "description": "ICMP type 3 code 4",
                "icmp_options": [
                  {
                    "code": 4,
                    "type": 3
                  }
                ],
                "protocol": "1",
                "source": "0.0.0.0/0",
                "source_type": "CIDR_BLOCK",
                "stateless": false,
                "tcp_options": [],
                "udp_options": []
              },
              {
                "description": "ICMP type 3",
                "icmp_options": [
                  {
                    "code": -1,
                    "type": 3
                  }
                ],
                "protocol": "1",
                "source": "10.0.0.0/21",
                "source_type": "CIDR_BLOCK",
                "stateless": false,
                "tcp_options": [],
                "udp_options": []
              },
              {
                "description": "ICMP type 8 (Echo)",
                "icmp_options": [
                  {
                    "code": 0,
                    "type": 8
                  }
                ],
                "protocol": "1",
                "source": "10.0.0.0/21",
                "source_type": "CIDR_BLOCK",
                "stateless": false,
                "tcp_options": [],
                "udp_options": []
              }
            ],
            "state": "AVAILABLE",
            "time_created": "2026-03-02 14:48:59.126 +0000 UTC",
            "timeouts": null,
            "vcn_id": "ocid1.vcn.oc19.eu-madrid-2.amaaaaaapw27gbaamxmzavsqzvxdcms6xlp7qoguvztgzv2crg64ynvm3nea"
          },
          "sensitive_attributes": [],
          "identity_schema_version": 0,
          "private": "eyJlMmJmYjczMC1lY2FhLTExZTYtOGY4OC0zNDM2M2JjN2M0YzAiOnsiY3JlYXRlIjoxMjAwMDAwMDAwMDAwLCJkZWxldGUiOjEyMDAwMDAwMDAwMDAsInVwZGF0ZSI6MTIwMDAwMDAwMDAwMH19",
          "dependencies": [
            "module.oci_lz_orchestrator.data.oci_identity_regions.these",
            "module.oci_lz_orchestrator.data.oci_identity_tenancy.this",
            "module.oci_lz_orchestrator.module.oci_lz_compartments.oci_identity_compartment.level_2",
            "module.oci_lz_orchestrator.module.oci_lz_compartments.oci_identity_compartment.level_3",
            "module.oci_lz_orchestrator.module.oci_lz_compartments.oci_identity_compartment.level_4",
            "module.oci_lz_orchestrator.module.oci_lz_compartments.oci_identity_compartment.level_5",
            "module.oci_lz_orchestrator.module.oci_lz_compartments.oci_identity_compartment.level_6",
            "module.oci_lz_orchestrator.module.oci_lz_compartments.oci_identity_compartment.these",
            "module.oci_lz_orchestrator.module.oci_lz_compartments.oci_identity_tag_default.these",
            "module.oci_lz_orchestrator.module.oci_lz_network.data.oci_core_services.oci_services",
            "module.oci_lz_orchestrator.module.oci_lz_network.data.oci_core_vcn.existing_vcns",
            "module.oci_lz_orchestrator.module.oci_lz_network.oci_core_vcn.these",
            "module.oci_lz_orchestrator.module.oci_lz_tags.data.oci_identity_tag.default_created_by",
            "module.oci_lz_orchestrator.module.oci_lz_tags.data.oci_identity_tag.default_created_on",
            "module.oci_lz_orchestrator.module.oci_lz_tags.data.oci_identity_tag_namespaces.oracle_default",
            "module.oci_lz_orchestrator.module.oci_lz_tags.oci_identity_tag.these",
            "module.oci_lz_orchestrator.module.oci_lz_tags.oci_identity_tag_default.these",
            "module.oci_lz_orchestrator.module.oci_lz_tags.oci_identity_tag_namespace.these",
            "module.oci_lz_orchestrator.module.oci_lz_zpr.data.oci_identity_regions.these",
            "module.oci_lz_orchestrator.module.oci_lz_zpr.data.oci_security_attribute_security_attribute_namespaces.default_security_attribute_namespaces",
            "module.oci_lz_orchestrator.module.oci_lz_zpr.data.oci_security_attribute_security_attribute_namespaces.query_security_attribute_namespaces",
            "module.oci_lz_orchestrator.module.oci_lz_zpr.data.oci_zpr_configuration.this",
            "module.oci_lz_orchestrator.module.oci_lz_zpr.oci_security_attribute_security_attribute.these",
            "module.oci_lz_orchestrator.module.oci_lz_zpr.oci_security_attribute_security_attribute_namespace.these",
            "module.oci_lz_orchestrator.module.oci_lz_zpr.oci_zpr_configuration.this",
            "module.oci_lz_orchestrator.module.oci_lz_zpr.oci_zpr_zpr_policy.these",
            "module.oci_lz_orchestrator.module.oci_lz_zpr.time_sleep.wait_after_zpr_configuration"
          ],
          "create_before_destroy": true
        }
      ]
    },
    {
      "module": "module.oci_lz_orchestrator.module.oci_lz_network[0]",
      "mode": "managed",
      "type": "oci_core_service_gateway",
      "name": "these",
      "provider": "module.oci_lz_orchestrator.provider[\"registry.terraform.io/oracle/oci\"]",
      "instances": [
        {
          "index_key": "SGW-VLL-LZ-EXACS-NPR-KEY",
          "schema_version": 0,
          "attributes": {
            "block_traffic": false,
            "compartment_id": "ocid1.compartment.oc19..aaaaaaaaycsxnmvquse26nkoz23unmg4gw4ditynt5gpvjfy4c35oaw33pja",
            "defined_tags": {
              "Oracle-Tags.CreatedBy": "default/jorge.e.torlaschi@accenture.com",
              "Oracle-Tags.CreatedOn": "2026-03-02T14:49:12.391Z"
            },
            "display_name": "o-np-om2-sgw-exacs-npr-001",
            "freeform_tags": {
              "ocilz-terraform-module": "networking/0.8.1"
            },
            "id": "ocid1.servicegateway.oc19.eu-madrid-2.aaaaaaaav3y6m3rrvlchqy53xkogbrqv4ni4ddivjqdmvtcr6c27jtewnuya",
            "route_table_id": null,
            "services": [
              {
                "service_id": "ocid1.service.oc19.eu-madrid-2.aaaaaaaaalasrvugb3zwk4lghxvnjnbgdmgywqhhywrnkx47yjkbt4vlfhxq",
                "service_name": "All VLL Services In Oracle Services Network"
              }
            ],
            "state": "AVAILABLE",
            "time_created": "2026-03-02 14:49:13.795 +0000 UTC",
            "timeouts": null,
            "vcn_id": "ocid1.vcn.oc19.eu-madrid-2.amaaaaaapw27gbaadicr6yacyfavaacq42zhr2otc4oylwivcg2kbntwioba"
          },
          "sensitive_attributes": [],
          "identity_schema_version": 0,
          "private": "eyJlMmJmYjczMC1lY2FhLTExZTYtOGY4OC0zNDM2M2JjN2M0YzAiOnsiY3JlYXRlIjoxMjAwMDAwMDAwMDAwLCJkZWxldGUiOjEyMDAwMDAwMDAwMDAsInVwZGF0ZSI6MTIwMDAwMDAwMDAwMH19",
          "dependencies": [
            "module.oci_lz_orchestrator.data.oci_identity_regions.these",
            "module.oci_lz_orchestrator.data.oci_identity_tenancy.this",
            "module.oci_lz_orchestrator.module.oci_lz_compartments.oci_identity_compartment.level_2",
            "module.oci_lz_orchestrator.module.oci_lz_compartments.oci_identity_compartment.level_3",
            "module.oci_lz_orchestrator.module.oci_lz_compartments.oci_identity_compartment.level_4",
            "module.oci_lz_orchestrator.module.oci_lz_compartments.oci_identity_compartment.level_5",
            "module.oci_lz_orchestrator.module.oci_lz_compartments.oci_identity_compartment.level_6",
            "module.oci_lz_orchestrator.module.oci_lz_compartments.oci_identity_compartment.these",
            "module.oci_lz_orchestrator.module.oci_lz_compartments.oci_identity_tag_default.these",
            "module.oci_lz_orchestrator.module.oci_lz_network.data.oci_core_services.oci_services",
            "module.oci_lz_orchestrator.module.oci_lz_network.data.oci_core_vcn.existing_vcns",
            "module.oci_lz_orchestrator.module.oci_lz_network.oci_core_drg.these",
            "module.oci_lz_orchestrator.module.oci_lz_network.oci_core_public_ip.these",
            "module.oci_lz_orchestrator.module.oci_lz_network.oci_core_public_ip_pool.these",
            "module.oci_lz_orchestrator.module.oci_lz_network.oci_core_route_table.igw_natgw_specific_route_tables",
            "module.oci_lz_orchestrator.module.oci_lz_network.oci_core_route_table.sgw_specific_route_tables",
            "module.oci_lz_orchestrator.module.oci_lz_network.oci_core_vcn.these",
            "module.oci_lz_orchestrator.module.oci_lz_tags.data.oci_identity_tag.default_created_by",
            "module.oci_lz_orchestrator.module.oci_lz_tags.data.oci_identity_tag.default_created_on",
            "module.oci_lz_orchestrator.module.oci_lz_tags.data.oci_identity_tag_namespaces.oracle_default",
            "module.oci_lz_orchestrator.module.oci_lz_tags.oci_identity_tag.these",
            "module.oci_lz_orchestrator.module.oci_lz_tags.oci_identity_tag_default.these",
            "module.oci_lz_orchestrator.module.oci_lz_tags.oci_identity_tag_namespace.these",
            "module.oci_lz_orchestrator.module.oci_lz_zpr.data.oci_identity_regions.these",
            "module.oci_lz_orchestrator.module.oci_lz_zpr.data.oci_security_attribute_security_attribute_namespaces.default_security_attribute_namespaces",
            "module.oci_lz_orchestrator.module.oci_lz_zpr.data.oci_security_attribute_security_attribute_namespaces.query_security_attribute_namespaces",
            "module.oci_lz_orchestrator.module.oci_lz_zpr.data.oci_zpr_configuration.this",
            "module.oci_lz_orchestrator.module.oci_lz_zpr.oci_security_attribute_security_attribute.these",
            "module.oci_lz_orchestrator.module.oci_lz_zpr.oci_security_attribute_security_attribute_namespace.these",
            "module.oci_lz_orchestrator.module.oci_lz_zpr.oci_zpr_configuration.this",
            "module.oci_lz_orchestrator.module.oci_lz_zpr.oci_zpr_zpr_policy.these",
            "module.oci_lz_orchestrator.module.oci_lz_zpr.time_sleep.wait_after_zpr_configuration"
          ],
          "create_before_destroy": true
        },
        {
          "index_key": "SGW-VLL-LZ-EXACS-PRO-KEY",
          "schema_version": 0,
          "attributes": {
            "block_traffic": false,
            "compartment_id": "ocid1.compartment.oc19..aaaaaaaaycsxnmvquse26nkoz23unmg4gw4ditynt5gpvjfy4c35oaw33pja",
            "defined_tags": {
              "Oracle-Tags.CreatedBy": "default/jorge.e.torlaschi@accenture.com",
              "Oracle-Tags.CreatedOn": "2026-03-02T14:49:12.367Z"
            },
            "display_name": "o-p-om2-sgw-exacs-pro-001",
            "freeform_tags": {
              "ocilz-terraform-module": "networking/0.8.1"
            },
            "id": "ocid1.servicegateway.oc19.eu-madrid-2.aaaaaaaasw7uiggm33qplppfz4mu5h7mytb7w3yyd6ukawppzqc6zhlbxeda",
            "route_table_id": null,
            "services": [
              {
                "service_id": "ocid1.service.oc19.eu-madrid-2.aaaaaaaaalasrvugb3zwk4lghxvnjnbgdmgywqhhywrnkx47yjkbt4vlfhxq",
                "service_name": "All VLL Services In Oracle Services Network"
              }
            ],
            "state": "AVAILABLE",
            "time_created": "2026-03-02 14:49:13.33 +0000 UTC",
            "timeouts": null,
            "vcn_id": "ocid1.vcn.oc19.eu-madrid-2.amaaaaaapw27gbaaxsxo53tn4qjyqf3gn4rgtejemqz27gt7xr2egvuvactq"
          },
          "sensitive_attributes": [],
          "identity_schema_version": 0,
          "private": "eyJlMmJmYjczMC1lY2FhLTExZTYtOGY4OC0zNDM2M2JjN2M0YzAiOnsiY3JlYXRlIjoxMjAwMDAwMDAwMDAwLCJkZWxldGUiOjEyMDAwMDAwMDAwMDAsInVwZGF0ZSI6MTIwMDAwMDAwMDAwMH19",
          "dependencies": [
            "module.oci_lz_orchestrator.data.oci_identity_regions.these",
            "module.oci_lz_orchestrator.data.oci_identity_tenancy.this",
            "module.oci_lz_orchestrator.module.oci_lz_compartments.oci_identity_compartment.level_2",
            "module.oci_lz_orchestrator.module.oci_lz_compartments.oci_identity_compartment.level_3",
            "module.oci_lz_orchestrator.module.oci_lz_compartments.oci_identity_compartment.level_4",
            "module.oci_lz_orchestrator.module.oci_lz_compartments.oci_identity_compartment.level_5",
            "module.oci_lz_orchestrator.module.oci_lz_compartments.oci_identity_compartment.level_6",
            "module.oci_lz_orchestrator.module.oci_lz_compartments.oci_identity_compartment.these",
            "module.oci_lz_orchestrator.module.oci_lz_compartments.oci_identity_tag_default.these",
            "module.oci_lz_orchestrator.module.oci_lz_network.data.oci_core_services.oci_services",
            "module.oci_lz_orchestrator.module.oci_lz_network.data.oci_core_vcn.existing_vcns",
            "module.oci_lz_orchestrator.module.oci_lz_network.oci_core_drg.these",
            "module.oci_lz_orchestrator.module.oci_lz_network.oci_core_public_ip.these",
            "module.oci_lz_orchestrator.module.oci_lz_network.oci_core_public_ip_pool.these",
            "module.oci_lz_orchestrator.module.oci_lz_network.oci_core_route_table.igw_natgw_specific_route_tables",
            "module.oci_lz_orchestrator.module.oci_lz_network.oci_core_route_table.sgw_specific_route_tables",
            "module.oci_lz_orchestrator.module.oci_lz_network.oci_core_vcn.these",
            "module.oci_lz_orchestrator.module.oci_lz_tags.data.oci_identity_tag.default_created_by",
            "module.oci_lz_orchestrator.module.oci_lz_tags.data.oci_identity_tag.default_created_on",
            "module.oci_lz_orchestrator.module.oci_lz_tags.data.oci_identity_tag_namespaces.oracle_default",
            "module.oci_lz_orchestrator.module.oci_lz_tags.oci_identity_tag.these",
            "module.oci_lz_orchestrator.module.oci_lz_tags.oci_identity_tag_default.these",
            "module.oci_lz_orchestrator.module.oci_lz_tags.oci_identity_tag_namespace.these",
            "module.oci_lz_orchestrator.module.oci_lz_zpr.data.oci_identity_regions.these",
            "module.oci_lz_orchestrator.module.oci_lz_zpr.data.oci_security_attribute_security_attribute_namespaces.default_security_attribute_namespaces",
            "module.oci_lz_orchestrator.module.oci_lz_zpr.data.oci_security_attribute_security_attribute_namespaces.query_security_attribute_namespaces",
            "module.oci_lz_orchestrator.module.oci_lz_zpr.data.oci_zpr_configuration.this",
            "module.oci_lz_orchestrator.module.oci_lz_zpr.oci_security_attribute_security_attribute.these",
            "module.oci_lz_orchestrator.module.oci_lz_zpr.oci_security_attribute_security_attribute_namespace.these",
            "module.oci_lz_orchestrator.module.oci_lz_zpr.oci_zpr_configuration.this",
            "module.oci_lz_orchestrator.module.oci_lz_zpr.oci_zpr_zpr_policy.these",
            "module.oci_lz_orchestrator.module.oci_lz_zpr.time_sleep.wait_after_zpr_configuration"
          ],
          "create_before_destroy": true
        },
        {
          "index_key": "SGW-VLL-LZ-HUB-KEY",
          "schema_version": 0,
          "attributes": {
            "block_traffic": false,
            "compartment_id": "ocid1.compartment.oc19..aaaaaaaaycsxnmvquse26nkoz23unmg4gw4ditynt5gpvjfy4c35oaw33pja",
            "defined_tags": {
              "Oracle-Tags.CreatedBy": "default/jorge.e.torlaschi@accenture.com",
              "Oracle-Tags.CreatedOn": "2026-03-02T14:49:12.476Z"
            },
            "display_name": "o-p-om2-sgw-hub-001",
            "freeform_tags": {
              "ocilz-terraform-module": "networking/0.8.1"
            },
            "id": "ocid1.servicegateway.oc19.eu-madrid-2.aaaaaaaabheff6nlpfsu6ivcs2ppcxgie5h5xcjgmt5sfwgu6ulwzgo4drvq",
            "route_table_id": null,
            "services": [
              {
                "service_id": "ocid1.service.oc19.eu-madrid-2.aaaaaaaaalasrvugb3zwk4lghxvnjnbgdmgywqhhywrnkx47yjkbt4vlfhxq",
                "service_name": "All VLL Services In Oracle Services Network"
              }
            ],
            "state": "AVAILABLE",
            "time_created": "2026-03-02 14:49:13.837 +0000 UTC",
            "timeouts": null,
            "vcn_id": "ocid1.vcn.oc19.eu-madrid-2.amaaaaaapw27gbaamxmzavsqzvxdcms6xlp7qoguvztgzv2crg64ynvm3nea"
          },
          "sensitive_attributes": [],
          "identity_schema_version": 0,
          "private": "eyJlMmJmYjczMC1lY2FhLTExZTYtOGY4OC0zNDM2M2JjN2M0YzAiOnsiY3JlYXRlIjoxMjAwMDAwMDAwMDAwLCJkZWxldGUiOjEyMDAwMDAwMDAwMDAsInVwZGF0ZSI6MTIwMDAwMDAwMDAwMH19",
          "dependencies": [
            "module.oci_lz_orchestrator.data.oci_identity_regions.these",
            "module.oci_lz_orchestrator.data.oci_identity_tenancy.this",
            "module.oci_lz_orchestrator.module.oci_lz_compartments.oci_identity_compartment.level_2",
            "module.oci_lz_orchestrator.module.oci_lz_compartments.oci_identity_compartment.level_3",
            "module.oci_lz_orchestrator.module.oci_lz_compartments.oci_identity_compartment.level_4",
            "module.oci_lz_orchestrator.module.oci_lz_compartments.oci_identity_compartment.level_5",
            "module.oci_lz_orchestrator.module.oci_lz_compartments.oci_identity_compartment.level_6",
            "module.oci_lz_orchestrator.module.oci_lz_compartments.oci_identity_compartment.these",
            "module.oci_lz_orchestrator.module.oci_lz_compartments.oci_identity_tag_default.these",
            "module.oci_lz_orchestrator.module.oci_lz_network.data.oci_core_services.oci_services",
            "module.oci_lz_orchestrator.module.oci_lz_network.data.oci_core_vcn.existing_vcns",
            "module.oci_lz_orchestrator.module.oci_lz_network.oci_core_drg.these",
            "module.oci_lz_orchestrator.module.oci_lz_network.oci_core_public_ip.these",
            "module.oci_lz_orchestrator.module.oci_lz_network.oci_core_public_ip_pool.these",
            "module.oci_lz_orchestrator.module.oci_lz_network.oci_core_route_table.igw_natgw_specific_route_tables",
            "module.oci_lz_orchestrator.module.oci_lz_network.oci_core_route_table.sgw_specific_route_tables",
            "module.oci_lz_orchestrator.module.oci_lz_network.oci_core_vcn.these",
            "module.oci_lz_orchestrator.module.oci_lz_tags.data.oci_identity_tag.default_created_by",
            "module.oci_lz_orchestrator.module.oci_lz_tags.data.oci_identity_tag.default_created_on",
            "module.oci_lz_orchestrator.module.oci_lz_tags.data.oci_identity_tag_namespaces.oracle_default",
            "module.oci_lz_orchestrator.module.oci_lz_tags.oci_identity_tag.these",
            "module.oci_lz_orchestrator.module.oci_lz_tags.oci_identity_tag_default.these",
            "module.oci_lz_orchestrator.module.oci_lz_tags.oci_identity_tag_namespace.these",
            "module.oci_lz_orchestrator.module.oci_lz_zpr.data.oci_identity_regions.these",
            "module.oci_lz_orchestrator.module.oci_lz_zpr.data.oci_security_attribute_security_attribute_namespaces.default_security_attribute_namespaces",
            "module.oci_lz_orchestrator.module.oci_lz_zpr.data.oci_security_attribute_security_attribute_namespaces.query_security_attribute_namespaces",
            "module.oci_lz_orchestrator.module.oci_lz_zpr.data.oci_zpr_configuration.this",
            "module.oci_lz_orchestrator.module.oci_lz_zpr.oci_security_attribute_security_attribute.these",
            "module.oci_lz_orchestrator.module.oci_lz_zpr.oci_security_attribute_security_attribute_namespace.these",
            "module.oci_lz_orchestrator.module.oci_lz_zpr.oci_zpr_configuration.this",
            "module.oci_lz_orchestrator.module.oci_lz_zpr.oci_zpr_zpr_policy.these",
            "module.oci_lz_orchestrator.module.oci_lz_zpr.time_sleep.wait_after_zpr_configuration"
          ],
          "create_before_destroy": true
        }
      ]
    },
    {
      "module": "module.oci_lz_orchestrator.module.oci_lz_network[0]",
      "mode": "managed",
      "type": "oci_core_subnet",
      "name": "these",
      "provider": "module.oci_lz_orchestrator.provider[\"registry.terraform.io/oracle/oci\"]",
      "instances": [
        {
          "index_key": "SN-VLL-LZ-EXACS-NPR-BACKUP-KEY",
          "schema_version": 0,
          "attributes": {
            "availability_domain": null,
            "cidr_block": "10.197.134.32/27",
            "compartment_id": "ocid1.compartment.oc19..aaaaaaaaycsxnmvquse26nkoz23unmg4gw4ditynt5gpvjfy4c35oaw33pja",
            "defined_tags": {
              "Oracle-Tags.CreatedBy": "default/jorge.e.torlaschi@accenture.com",
              "Oracle-Tags.CreatedOn": "2026-03-02T14:49:15.770Z"
            },
            "dhcp_options_id": "ocid1.dhcpoptions.oc19.eu-madrid-2.aaaaaaaaqlgru5r77cytpw4kkhvp6uj7grxhpwdl2kxvjcd3o2oegap7uama",
            "display_name": "o-np-om2-sub-exacs-nprbck-001",
            "dns_label": "onpom2snexnpbck",
            "freeform_tags": {
              "ocilz-terraform-module": "networking/0.8.1"
            },
            "id": "ocid1.subnet.oc19.eu-madrid-2.aaaaaaaajhiovburarl4ktagdynbw4vb5i5pejzywj3rv7c744ljbgt3xlhq",
            "ipv4cidr_blocks": [
              "10.197.134.32/27"
            ],
            "ipv6cidr_block": null,
            "ipv6cidr_blocks": [],
            "ipv6virtual_router_ip": null,
            "prohibit_internet_ingress": true,
            "prohibit_public_ip_on_vnic": true,
            "route_table_id": "ocid1.routetable.oc19.eu-madrid-2.aaaaaaaaa4dccl5v7ndgrtfxd7qs5enpjpqti6l3ezzvlcvqyczvjr6uzdxa",
            "security_list_ids": [
              "ocid1.securitylist.oc19.eu-madrid-2.aaaaaaaazejx6kh3eidy7ohuzmwnikhglu44woc7njr6ezoopv5ocw7k6ida"
            ],
            "state": "AVAILABLE",
            "subnet_domain_name": "onpom2snexnpbck.opom2vcnexanpr.oraclevcn.com",
            "time_created": "2026-03-02 14:49:15.911 +0000 UTC",
            "timeouts": null,
            "vcn_id": "ocid1.vcn.oc19.eu-madrid-2.amaaaaaapw27gbaadicr6yacyfavaacq42zhr2otc4oylwivcg2kbntwioba",
            "virtual_router_ip": "10.197.134.33",
            "virtual_router_mac": "00:00:17:BF:94:B8"
          },
          "sensitive_attributes": [],
          "identity_schema_version": 0,
          "private": "eyJlMmJmYjczMC1lY2FhLTExZTYtOGY4OC0zNDM2M2JjN2M0YzAiOnsiY3JlYXRlIjoxMjAwMDAwMDAwMDAwLCJkZWxldGUiOjEyMDAwMDAwMDAwMDAsInVwZGF0ZSI6MTIwMDAwMDAwMDAwMH19",
          "dependencies": [
            "module.oci_lz_orchestrator.data.oci_identity_regions.these",
            "module.oci_lz_orchestrator.data.oci_identity_tenancy.this",
            "module.oci_lz_orchestrator.module.oci_lz_compartments.oci_identity_compartment.level_2",
            "module.oci_lz_orchestrator.module.oci_lz_compartments.oci_identity_compartment.level_3",
            "module.oci_lz_orchestrator.module.oci_lz_compartments.oci_identity_compartment.level_4",
            "module.oci_lz_orchestrator.module.oci_lz_compartments.oci_identity_compartment.level_5",
            "module.oci_lz_orchestrator.module.oci_lz_compartments.oci_identity_compartment.level_6",
            "module.oci_lz_orchestrator.module.oci_lz_compartments.oci_identity_compartment.these",
            "module.oci_lz_orchestrator.module.oci_lz_compartments.oci_identity_tag_default.these",
            "module.oci_lz_orchestrator.module.oci_lz_network.data.oci_core_services.oci_services",
            "module.oci_lz_orchestrator.module.oci_lz_network.data.oci_core_vcn.existing_vcns",
            "module.oci_lz_orchestrator.module.oci_lz_network.oci_core_dhcp_options.these",
            "module.oci_lz_orchestrator.module.oci_lz_network.oci_core_drg.these",
            "module.oci_lz_orchestrator.module.oci_lz_network.oci_core_internet_gateway.these",
            "module.oci_lz_orchestrator.module.oci_lz_network.oci_core_local_peering_gateway.oci_acceptor_local_peering_gateways",
            "module.oci_lz_orchestrator.module.oci_lz_network.oci_core_local_peering_gateway.oci_requestor_local_peering_gateways",
            "module.oci_lz_orchestrator.module.oci_lz_network.oci_core_nat_gateway.these",
            "module.oci_lz_orchestrator.module.oci_lz_network.oci_core_public_ip.these",
            "module.oci_lz_orchestrator.module.oci_lz_network.oci_core_public_ip_pool.these",
            "module.oci_lz_orchestrator.module.oci_lz_network.oci_core_route_table.drga_specific_route_tables",
            "module.oci_lz_orchestrator.module.oci_lz_network.oci_core_route_table.igw_natgw_specific_route_tables",
            "module.oci_lz_orchestrator.module.oci_lz_network.oci_core_route_table.lpg_specific_route_tables",
            "module.oci_lz_orchestrator.module.oci_lz_network.oci_core_route_table.non_gw_specific_remaining_route_tables",
            "module.oci_lz_orchestrator.module.oci_lz_network.oci_core_route_table.sgw_specific_route_tables",
            "module.oci_lz_orchestrator.module.oci_lz_network.oci_core_security_list.these",
            "module.oci_lz_orchestrator.module.oci_lz_network.oci_core_service_gateway.these",
            "module.oci_lz_orchestrator.module.oci_lz_network.oci_core_vcn.these",
            "module.oci_lz_orchestrator.module.oci_lz_tags.data.oci_identity_tag.default_created_by",
            "module.oci_lz_orchestrator.module.oci_lz_tags.data.oci_identity_tag.default_created_on",
            "module.oci_lz_orchestrator.module.oci_lz_tags.data.oci_identity_tag_namespaces.oracle_default",
            "module.oci_lz_orchestrator.module.oci_lz_tags.oci_identity_tag.these",
            "module.oci_lz_orchestrator.module.oci_lz_tags.oci_identity_tag_default.these",
            "module.oci_lz_orchestrator.module.oci_lz_tags.oci_identity_tag_namespace.these",
            "module.oci_lz_orchestrator.module.oci_lz_zpr.data.oci_identity_regions.these",
            "module.oci_lz_orchestrator.module.oci_lz_zpr.data.oci_security_attribute_security_attribute_namespaces.default_security_attribute_namespaces",
            "module.oci_lz_orchestrator.module.oci_lz_zpr.data.oci_security_attribute_security_attribute_namespaces.query_security_attribute_namespaces",
            "module.oci_lz_orchestrator.module.oci_lz_zpr.data.oci_zpr_configuration.this",
            "module.oci_lz_orchestrator.module.oci_lz_zpr.oci_security_attribute_security_attribute.these",
            "module.oci_lz_orchestrator.module.oci_lz_zpr.oci_security_attribute_security_attribute_namespace.these",
            "module.oci_lz_orchestrator.module.oci_lz_zpr.oci_zpr_configuration.this",
            "module.oci_lz_orchestrator.module.oci_lz_zpr.oci_zpr_zpr_policy.these",
            "module.oci_lz_orchestrator.module.oci_lz_zpr.time_sleep.wait_after_zpr_configuration"
          ],
          "create_before_destroy": true
        },
        {
          "index_key": "SN-VLL-LZ-EXACS-NPR-CLIENT-KEY",
          "schema_version": 0,
          "attributes": {
            "availability_domain": null,
            "cidr_block": "10.197.134.0/27",
            "compartment_id": "ocid1.compartment.oc19..aaaaaaaaycsxnmvquse26nkoz23unmg4gw4ditynt5gpvjfy4c35oaw33pja",
            "defined_tags": {
              "Oracle-Tags.CreatedBy": "default/jorge.e.torlaschi@accenture.com",
              "Oracle-Tags.CreatedOn": "2026-03-02T14:49:15.688Z"
            },
            "dhcp_options_id": "ocid1.dhcpoptions.oc19.eu-madrid-2.aaaaaaaaqlgru5r77cytpw4kkhvp6uj7grxhpwdl2kxvjcd3o2oegap7uama",
            "display_name": "o-np-om2-sub-exacs-nprcli-001",
            "dns_label": "onpom2snexnpcli",
            "freeform_tags": {
              "ocilz-terraform-module": "networking/0.8.1"
            },
            "id": "ocid1.subnet.oc19.eu-madrid-2.aaaaaaaaej5rsxy4c74gyxypnmlpswcadwajxwpm4hdcwgydgfv7kaorspwq",
            "ipv4cidr_blocks": [
              "10.197.134.0/27"
            ],
            "ipv6cidr_block": null,
            "ipv6cidr_blocks": [],
            "ipv6virtual_router_ip": null,
            "prohibit_internet_ingress": true,
            "prohibit_public_ip_on_vnic": true,
            "route_table_id": "ocid1.routetable.oc19.eu-madrid-2.aaaaaaaaa6rxbgyqio46rlgdcxvup6adu6ueon73rgo7bxb6m7whimfvjasa",
            "security_list_ids": [
              "ocid1.securitylist.oc19.eu-madrid-2.aaaaaaaag2en2aasvmhdqih25t2p3zbfdedgls5ro2jlvl6ol2xbffxhanfa"
            ],
            "state": "AVAILABLE",
            "subnet_domain_name": "onpom2snexnpcli.opom2vcnexanpr.oraclevcn.com",
            "time_created": "2026-03-02 14:49:15.708 +0000 UTC",
            "timeouts": null,
            "vcn_id": "ocid1.vcn.oc19.eu-madrid-2.amaaaaaapw27gbaadicr6yacyfavaacq42zhr2otc4oylwivcg2kbntwioba",
            "virtual_router_ip": "10.197.134.1",
            "virtual_router_mac": "00:00:17:BF:94:B8"
          },
          "sensitive_attributes": [],
          "identity_schema_version": 0,
          "private": "eyJlMmJmYjczMC1lY2FhLTExZTYtOGY4OC0zNDM2M2JjN2M0YzAiOnsiY3JlYXRlIjoxMjAwMDAwMDAwMDAwLCJkZWxldGUiOjEyMDAwMDAwMDAwMDAsInVwZGF0ZSI6MTIwMDAwMDAwMDAwMH19",
          "dependencies": [
            "module.oci_lz_orchestrator.data.oci_identity_regions.these",
            "module.oci_lz_orchestrator.data.oci_identity_tenancy.this",
            "module.oci_lz_orchestrator.module.oci_lz_compartments.oci_identity_compartment.level_2",
            "module.oci_lz_orchestrator.module.oci_lz_compartments.oci_identity_compartment.level_3",
            "module.oci_lz_orchestrator.module.oci_lz_compartments.oci_identity_compartment.level_4",
            "module.oci_lz_orchestrator.module.oci_lz_compartments.oci_identity_compartment.level_5",
            "module.oci_lz_orchestrator.module.oci_lz_compartments.oci_identity_compartment.level_6",
            "module.oci_lz_orchestrator.module.oci_lz_compartments.oci_identity_compartment.these",
            "module.oci_lz_orchestrator.module.oci_lz_compartments.oci_identity_tag_default.these",
            "module.oci_lz_orchestrator.module.oci_lz_network.data.oci_core_services.oci_services",
            "module.oci_lz_orchestrator.module.oci_lz_network.data.oci_core_vcn.existing_vcns",
            "module.oci_lz_orchestrator.module.oci_lz_network.oci_core_dhcp_options.these",
            "module.oci_lz_orchestrator.module.oci_lz_network.oci_core_drg.these",
            "module.oci_lz_orchestrator.module.oci_lz_network.oci_core_internet_gateway.these",
            "module.oci_lz_orchestrator.module.oci_lz_network.oci_core_local_peering_gateway.oci_acceptor_local_peering_gateways",
            "module.oci_lz_orchestrator.module.oci_lz_network.oci_core_local_peering_gateway.oci_requestor_local_peering_gateways",
            "module.oci_lz_orchestrator.module.oci_lz_network.oci_core_nat_gateway.these",
            "module.oci_lz_orchestrator.module.oci_lz_network.oci_core_public_ip.these",
            "module.oci_lz_orchestrator.module.oci_lz_network.oci_core_public_ip_pool.these",
            "module.oci_lz_orchestrator.module.oci_lz_network.oci_core_route_table.drga_specific_route_tables",
            "module.oci_lz_orchestrator.module.oci_lz_network.oci_core_route_table.igw_natgw_specific_route_tables",
            "module.oci_lz_orchestrator.module.oci_lz_network.oci_core_route_table.lpg_specific_route_tables",
            "module.oci_lz_orchestrator.module.oci_lz_network.oci_core_route_table.non_gw_specific_remaining_route_tables",
            "module.oci_lz_orchestrator.module.oci_lz_network.oci_core_route_table.sgw_specific_route_tables",
            "module.oci_lz_orchestrator.module.oci_lz_network.oci_core_security_list.these",
            "module.oci_lz_orchestrator.module.oci_lz_network.oci_core_service_gateway.these",
            "module.oci_lz_orchestrator.module.oci_lz_network.oci_core_vcn.these",
            "module.oci_lz_orchestrator.module.oci_lz_tags.data.oci_identity_tag.default_created_by",
            "module.oci_lz_orchestrator.module.oci_lz_tags.data.oci_identity_tag.default_created_on",
            "module.oci_lz_orchestrator.module.oci_lz_tags.data.oci_identity_tag_namespaces.oracle_default",
            "module.oci_lz_orchestrator.module.oci_lz_tags.oci_identity_tag.these",
            "module.oci_lz_orchestrator.module.oci_lz_tags.oci_identity_tag_default.these",
            "module.oci_lz_orchestrator.module.oci_lz_tags.oci_identity_tag_namespace.these",
            "module.oci_lz_orchestrator.module.oci_lz_zpr.data.oci_identity_regions.these",
            "module.oci_lz_orchestrator.module.oci_lz_zpr.data.oci_security_attribute_security_attribute_namespaces.default_security_attribute_namespaces",
            "module.oci_lz_orchestrator.module.oci_lz_zpr.data.oci_security_attribute_security_attribute_namespaces.query_security_attribute_namespaces",
            "module.oci_lz_orchestrator.module.oci_lz_zpr.data.oci_zpr_configuration.this",
            "module.oci_lz_orchestrator.module.oci_lz_zpr.oci_security_attribute_security_attribute.these",
            "module.oci_lz_orchestrator.module.oci_lz_zpr.oci_security_attribute_security_attribute_namespace.these",
            "module.oci_lz_orchestrator.module.oci_lz_zpr.oci_zpr_configuration.this",
            "module.oci_lz_orchestrator.module.oci_lz_zpr.oci_zpr_zpr_policy.these",
            "module.oci_lz_orchestrator.module.oci_lz_zpr.time_sleep.wait_after_zpr_configuration"
          ],
          "create_before_destroy": true
        },
        {
          "index_key": "SN-VLL-LZ-EXACS-PRO-BACKUP-KEY",
          "schema_version": 0,
          "attributes": {
            "availability_domain": null,
            "cidr_block": "10.197.132.32/27",
            "compartment_id": "ocid1.compartment.oc19..aaaaaaaaycsxnmvquse26nkoz23unmg4gw4ditynt5gpvjfy4c35oaw33pja",
            "defined_tags": {
              "Oracle-Tags.CreatedBy": "default/jorge.e.torlaschi@accenture.com",
              "Oracle-Tags.CreatedOn": "2026-03-02T14:49:15.760Z"
            },
            "dhcp_options_id": "ocid1.dhcpoptions.oc19.eu-madrid-2.aaaaaaaadhn6dnt4zkhmkuhxukzxybl7643ixfeslu2oucbgqyvimca3ngyq",
            "display_name": "o-p-om2-sub-exacsprobck-001",
            "dns_label": "opom2subexapbck",
            "freeform_tags": {
              "ocilz-terraform-module": "networking/0.8.1"
            },
            "id": "ocid1.subnet.oc19.eu-madrid-2.aaaaaaaaljx4u2jj76irlvnkfj3qp3ob6unqgxzafxsa7lblwdsfkmrzt3ra",
            "ipv4cidr_blocks": [
              "10.197.132.32/27"
            ],
            "ipv6cidr_block": null,
            "ipv6cidr_blocks": [],
            "ipv6virtual_router_ip": null,
            "prohibit_internet_ingress": true,
            "prohibit_public_ip_on_vnic": true,
            "route_table_id": "ocid1.routetable.oc19.eu-madrid-2.aaaaaaaa7dwbtn4ofsu6r3rl2tl4q33d7eeoxmvxmidwqhk3ko5noideod4a",
            "security_list_ids": [
              "ocid1.securitylist.oc19.eu-madrid-2.aaaaaaaatpubbt56woidlsr73ytirpu4bsbdwjicagqy56udiktqkpdxkqza"
            ],
            "state": "AVAILABLE",
            "subnet_domain_name": "opom2subexapbck.opom2vcnexacpro.oraclevcn.com",
            "time_created": "2026-03-02 14:49:15.783 +0000 UTC",
            "timeouts": null,
            "vcn_id": "ocid1.vcn.oc19.eu-madrid-2.amaaaaaapw27gbaaxsxo53tn4qjyqf3gn4rgtejemqz27gt7xr2egvuvactq",
            "virtual_router_ip": "10.197.132.33",
            "virtual_router_mac": "00:00:17:B5:2D:01"
          },
          "sensitive_attributes": [],
          "identity_schema_version": 0,
          "private": "eyJlMmJmYjczMC1lY2FhLTExZTYtOGY4OC0zNDM2M2JjN2M0YzAiOnsiY3JlYXRlIjoxMjAwMDAwMDAwMDAwLCJkZWxldGUiOjEyMDAwMDAwMDAwMDAsInVwZGF0ZSI6MTIwMDAwMDAwMDAwMH19",
          "dependencies": [
            "module.oci_lz_orchestrator.data.oci_identity_regions.these",
            "module.oci_lz_orchestrator.data.oci_identity_tenancy.this",
            "module.oci_lz_orchestrator.module.oci_lz_compartments.oci_identity_compartment.level_2",
            "module.oci_lz_orchestrator.module.oci_lz_compartments.oci_identity_compartment.level_3",
            "module.oci_lz_orchestrator.module.oci_lz_compartments.oci_identity_compartment.level_4",
            "module.oci_lz_orchestrator.module.oci_lz_compartments.oci_identity_compartment.level_5",
            "module.oci_lz_orchestrator.module.oci_lz_compartments.oci_identity_compartment.level_6",
            "module.oci_lz_orchestrator.module.oci_lz_compartments.oci_identity_compartment.these",
            "module.oci_lz_orchestrator.module.oci_lz_compartments.oci_identity_tag_default.these",
            "module.oci_lz_orchestrator.module.oci_lz_network.data.oci_core_services.oci_services",
            "module.oci_lz_orchestrator.module.oci_lz_network.data.oci_core_vcn.existing_vcns",
            "module.oci_lz_orchestrator.module.oci_lz_network.oci_core_dhcp_options.these",
            "module.oci_lz_orchestrator.module.oci_lz_network.oci_core_drg.these",
            "module.oci_lz_orchestrator.module.oci_lz_network.oci_core_internet_gateway.these",
            "module.oci_lz_orchestrator.module.oci_lz_network.oci_core_local_peering_gateway.oci_acceptor_local_peering_gateways",
            "module.oci_lz_orchestrator.module.oci_lz_network.oci_core_local_peering_gateway.oci_requestor_local_peering_gateways",
            "module.oci_lz_orchestrator.module.oci_lz_network.oci_core_nat_gateway.these",
            "module.oci_lz_orchestrator.module.oci_lz_network.oci_core_public_ip.these",
            "module.oci_lz_orchestrator.module.oci_lz_network.oci_core_public_ip_pool.these",
            "module.oci_lz_orchestrator.module.oci_lz_network.oci_core_route_table.drga_specific_route_tables",
            "module.oci_lz_orchestrator.module.oci_lz_network.oci_core_route_table.igw_natgw_specific_route_tables",
            "module.oci_lz_orchestrator.module.oci_lz_network.oci_core_route_table.lpg_specific_route_tables",
            "module.oci_lz_orchestrator.module.oci_lz_network.oci_core_route_table.non_gw_specific_remaining_route_tables",
            "module.oci_lz_orchestrator.module.oci_lz_network.oci_core_route_table.sgw_specific_route_tables",
            "module.oci_lz_orchestrator.module.oci_lz_network.oci_core_security_list.these",
            "module.oci_lz_orchestrator.module.oci_lz_network.oci_core_service_gateway.these",
            "module.oci_lz_orchestrator.module.oci_lz_network.oci_core_vcn.these",
            "module.oci_lz_orchestrator.module.oci_lz_tags.data.oci_identity_tag.default_created_by",
            "module.oci_lz_orchestrator.module.oci_lz_tags.data.oci_identity_tag.default_created_on",
            "module.oci_lz_orchestrator.module.oci_lz_tags.data.oci_identity_tag_namespaces.oracle_default",
            "module.oci_lz_orchestrator.module.oci_lz_tags.oci_identity_tag.these",
            "module.oci_lz_orchestrator.module.oci_lz_tags.oci_identity_tag_default.these",
            "module.oci_lz_orchestrator.module.oci_lz_tags.oci_identity_tag_namespace.these",
            "module.oci_lz_orchestrator.module.oci_lz_zpr.data.oci_identity_regions.these",
            "module.oci_lz_orchestrator.module.oci_lz_zpr.data.oci_security_attribute_security_attribute_namespaces.default_security_attribute_namespaces",
            "module.oci_lz_orchestrator.module.oci_lz_zpr.data.oci_security_attribute_security_attribute_namespaces.query_security_attribute_namespaces",
            "module.oci_lz_orchestrator.module.oci_lz_zpr.data.oci_zpr_configuration.this",
            "module.oci_lz_orchestrator.module.oci_lz_zpr.oci_security_attribute_security_attribute.these",
            "module.oci_lz_orchestrator.module.oci_lz_zpr.oci_security_attribute_security_attribute_namespace.these",
            "module.oci_lz_orchestrator.module.oci_lz_zpr.oci_zpr_configuration.this",
            "module.oci_lz_orchestrator.module.oci_lz_zpr.oci_zpr_zpr_policy.these",
            "module.oci_lz_orchestrator.module.oci_lz_zpr.time_sleep.wait_after_zpr_configuration"
          ],
          "create_before_destroy": true
        },
        {
          "index_key": "SN-VLL-LZ-EXACS-PRO-CLIENT-KEY",
          "schema_version": 0,
          "attributes": {
            "availability_domain": null,
            "cidr_block": "10.197.132.0/27",
            "compartment_id": "ocid1.compartment.oc19..aaaaaaaaycsxnmvquse26nkoz23unmg4gw4ditynt5gpvjfy4c35oaw33pja",
            "defined_tags": {
              "Oracle-Tags.CreatedBy": "default/jorge.e.torlaschi@accenture.com",
              "Oracle-Tags.CreatedOn": "2026-03-02T14:49:15.760Z"
            },
            "dhcp_options_id": "ocid1.dhcpoptions.oc19.eu-madrid-2.aaaaaaaadhn6dnt4zkhmkuhxukzxybl7643ixfeslu2oucbgqyvimca3ngyq",
            "display_name": "o-p-om2-sub-exacsprocli-001",
            "dns_label": "opom2subexapcli",
            "freeform_tags": {
              "ocilz-terraform-module": "networking/0.8.1"
            },
            "id": "ocid1.subnet.oc19.eu-madrid-2.aaaaaaaar2l2t7ysyehicgc7pvujlxqnwsxddxrxyy2hb3avc5uj4pf2ujta",
            "ipv4cidr_blocks": [
              "10.197.132.0/27"
            ],
            "ipv6cidr_block": null,
            "ipv6cidr_blocks": [],
            "ipv6virtual_router_ip": null,
            "prohibit_internet_ingress": true,
            "prohibit_public_ip_on_vnic": true,
            "route_table_id": "ocid1.routetable.oc19.eu-madrid-2.aaaaaaaasly652k5nzmhv5gor3p7w62i3dav3l5sffx5c3gqul755cnz6ieq",
            "security_list_ids": [
              "ocid1.securitylist.oc19.eu-madrid-2.aaaaaaaat7lretcprwto5wco3w6kg3dn64ya5jzbsslp3sfqa2v2laf7buiq"
            ],
            "state": "AVAILABLE",
            "subnet_domain_name": "opom2subexapcli.opom2vcnexacpro.oraclevcn.com",
            "time_created": "2026-03-02 14:49:16.818 +0000 UTC",
            "timeouts": null,
            "vcn_id": "ocid1.vcn.oc19.eu-madrid-2.amaaaaaapw27gbaaxsxo53tn4qjyqf3gn4rgtejemqz27gt7xr2egvuvactq",
            "virtual_router_ip": "10.197.132.1",
            "virtual_router_mac": "00:00:17:B5:2D:01"
          },
          "sensitive_attributes": [],
          "identity_schema_version": 0,
          "private": "eyJlMmJmYjczMC1lY2FhLTExZTYtOGY4OC0zNDM2M2JjN2M0YzAiOnsiY3JlYXRlIjoxMjAwMDAwMDAwMDAwLCJkZWxldGUiOjEyMDAwMDAwMDAwMDAsInVwZGF0ZSI6MTIwMDAwMDAwMDAwMH19",
          "dependencies": [
            "module.oci_lz_orchestrator.data.oci_identity_regions.these",
            "module.oci_lz_orchestrator.data.oci_identity_tenancy.this",
            "module.oci_lz_orchestrator.module.oci_lz_compartments.oci_identity_compartment.level_2",
            "module.oci_lz_orchestrator.module.oci_lz_compartments.oci_identity_compartment.level_3",
            "module.oci_lz_orchestrator.module.oci_lz_compartments.oci_identity_compartment.level_4",
            "module.oci_lz_orchestrator.module.oci_lz_compartments.oci_identity_compartment.level_5",
            "module.oci_lz_orchestrator.module.oci_lz_compartments.oci_identity_compartment.level_6",
            "module.oci_lz_orchestrator.module.oci_lz_compartments.oci_identity_compartment.these",
            "module.oci_lz_orchestrator.module.oci_lz_compartments.oci_identity_tag_default.these",
            "module.oci_lz_orchestrator.module.oci_lz_network.data.oci_core_services.oci_services",
            "module.oci_lz_orchestrator.module.oci_lz_network.data.oci_core_vcn.existing_vcns",
            "module.oci_lz_orchestrator.module.oci_lz_network.oci_core_dhcp_options.these",
            "module.oci_lz_orchestrator.module.oci_lz_network.oci_core_drg.these",
            "module.oci_lz_orchestrator.module.oci_lz_network.oci_core_internet_gateway.these",
            "module.oci_lz_orchestrator.module.oci_lz_network.oci_core_local_peering_gateway.oci_acceptor_local_peering_gateways",
            "module.oci_lz_orchestrator.module.oci_lz_network.oci_core_local_peering_gateway.oci_requestor_local_peering_gateways",
            "module.oci_lz_orchestrator.module.oci_lz_network.oci_core_nat_gateway.these",
            "module.oci_lz_orchestrator.module.oci_lz_network.oci_core_public_ip.these",
            "module.oci_lz_orchestrator.module.oci_lz_network.oci_core_public_ip_pool.these",
            "module.oci_lz_orchestrator.module.oci_lz_network.oci_core_route_table.drga_specific_route_tables",
            "module.oci_lz_orchestrator.module.oci_lz_network.oci_core_route_table.igw_natgw_specific_route_tables",
            "module.oci_lz_orchestrator.module.oci_lz_network.oci_core_route_table.lpg_specific_route_tables",
            "module.oci_lz_orchestrator.module.oci_lz_network.oci_core_route_table.non_gw_specific_remaining_route_tables",
            "module.oci_lz_orchestrator.module.oci_lz_network.oci_core_route_table.sgw_specific_route_tables",
            "module.oci_lz_orchestrator.module.oci_lz_network.oci_core_security_list.these",
            "module.oci_lz_orchestrator.module.oci_lz_network.oci_core_service_gateway.these",
            "module.oci_lz_orchestrator.module.oci_lz_network.oci_core_vcn.these",
            "module.oci_lz_orchestrator.module.oci_lz_tags.data.oci_identity_tag.default_created_by",
            "module.oci_lz_orchestrator.module.oci_lz_tags.data.oci_identity_tag.default_created_on",
            "module.oci_lz_orchestrator.module.oci_lz_tags.data.oci_identity_tag_namespaces.oracle_default",
            "module.oci_lz_orchestrator.module.oci_lz_tags.oci_identity_tag.these",
            "module.oci_lz_orchestrator.module.oci_lz_tags.oci_identity_tag_default.these",
            "module.oci_lz_orchestrator.module.oci_lz_tags.oci_identity_tag_namespace.these",
            "module.oci_lz_orchestrator.module.oci_lz_zpr.data.oci_identity_regions.these",
            "module.oci_lz_orchestrator.module.oci_lz_zpr.data.oci_security_attribute_security_attribute_namespaces.default_security_attribute_namespaces",
            "module.oci_lz_orchestrator.module.oci_lz_zpr.data.oci_security_attribute_security_attribute_namespaces.query_security_attribute_namespaces",
            "module.oci_lz_orchestrator.module.oci_lz_zpr.data.oci_zpr_configuration.this",
            "module.oci_lz_orchestrator.module.oci_lz_zpr.oci_security_attribute_security_attribute.these",
            "module.oci_lz_orchestrator.module.oci_lz_zpr.oci_security_attribute_security_attribute_namespace.these",
            "module.oci_lz_orchestrator.module.oci_lz_zpr.oci_zpr_configuration.this",
            "module.oci_lz_orchestrator.module.oci_lz_zpr.oci_zpr_zpr_policy.these",
            "module.oci_lz_orchestrator.module.oci_lz_zpr.time_sleep.wait_after_zpr_configuration"
          ],
          "create_before_destroy": true
        },
        {
          "index_key": "SN-VLL-LZ-HUB-DNS",
          "schema_version": 0,
          "attributes": {
            "availability_domain": null,
            "cidr_block": "10.0.4.0/24",
            "compartment_id": "ocid1.compartment.oc19..aaaaaaaaycsxnmvquse26nkoz23unmg4gw4ditynt5gpvjfy4c35oaw33pja",
            "defined_tags": {
              "Oracle-Tags.CreatedBy": "default/jorge.e.torlaschi@accenture.com",
              "Oracle-Tags.CreatedOn": "2026-03-02T14:49:15.687Z"
            },
            "dhcp_options_id": "ocid1.dhcpoptions.oc19.eu-madrid-2.aaaaaaaabxz6fwamwqz7xjjnvckaob5idyzhha7kqz3iuzhqb3ijwovjmcjq",
            "display_name": "o-p-om2-sub-hubdns-001",
            "dns_label": "opom2snhubdns",
            "freeform_tags": {
              "ocilz-terraform-module": "networking/0.8.1"
            },
            "id": "ocid1.subnet.oc19.eu-madrid-2.aaaaaaaat7ain6fzsqq4q2bw4hl7mzlzg66oexi2uygsvpzl2udkf4q2q45q",
            "ipv4cidr_blocks": [
              "10.0.4.0/24"
            ],
            "ipv6cidr_block": null,
            "ipv6cidr_blocks": [],
            "ipv6virtual_router_ip": null,
            "prohibit_internet_ingress": true,
            "prohibit_public_ip_on_vnic": true,
            "route_table_id": "ocid1.routetable.oc19.eu-madrid-2.aaaaaaaab6f5midcjvky5ppplrim5dqnzfdjnn63uqx25s3bouhhjgouzyja",
            "security_list_ids": [
              "ocid1.securitylist.oc19.eu-madrid-2.aaaaaaaargn24vpqgxbdcx5stw73kqkccx3qw7vsrijpi7m23ecxny5fdpyq"
            ],
            "state": "AVAILABLE",
            "subnet_domain_name": "opom2snhubdns.opom2vcnhub.oraclevcn.com",
            "time_created": "2026-03-02 14:49:16.094 +0000 UTC",
            "timeouts": null,
            "vcn_id": "ocid1.vcn.oc19.eu-madrid-2.amaaaaaapw27gbaamxmzavsqzvxdcms6xlp7qoguvztgzv2crg64ynvm3nea",
            "virtual_router_ip": "10.0.4.1",
            "virtual_router_mac": "00:00:17:FA:78:52"
          },
          "sensitive_attributes": [],
          "identity_schema_version": 0,
          "private": "eyJlMmJmYjczMC1lY2FhLTExZTYtOGY4OC0zNDM2M2JjN2M0YzAiOnsiY3JlYXRlIjoxMjAwMDAwMDAwMDAwLCJkZWxldGUiOjEyMDAwMDAwMDAwMDAsInVwZGF0ZSI6MTIwMDAwMDAwMDAwMH19",
          "dependencies": [
            "module.oci_lz_orchestrator.data.oci_identity_regions.these",
            "module.oci_lz_orchestrator.data.oci_identity_tenancy.this",
            "module.oci_lz_orchestrator.module.oci_lz_compartments.oci_identity_compartment.level_2",
            "module.oci_lz_orchestrator.module.oci_lz_compartments.oci_identity_compartment.level_3",
            "module.oci_lz_orchestrator.module.oci_lz_compartments.oci_identity_compartment.level_4",
            "module.oci_lz_orchestrator.module.oci_lz_compartments.oci_identity_compartment.level_5",
            "module.oci_lz_orchestrator.module.oci_lz_compartments.oci_identity_compartment.level_6",
            "module.oci_lz_orchestrator.module.oci_lz_compartments.oci_identity_compartment.these",
            "module.oci_lz_orchestrator.module.oci_lz_compartments.oci_identity_tag_default.these",
            "module.oci_lz_orchestrator.module.oci_lz_network.data.oci_core_services.oci_services",
            "module.oci_lz_orchestrator.module.oci_lz_network.data.oci_core_vcn.existing_vcns",
            "module.oci_lz_orchestrator.module.oci_lz_network.oci_core_dhcp_options.these",
            "module.oci_lz_orchestrator.module.oci_lz_network.oci_core_drg.these",
            "module.oci_lz_orchestrator.module.oci_lz_network.oci_core_internet_gateway.these",
            "module.oci_lz_orchestrator.module.oci_lz_network.oci_core_local_peering_gateway.oci_acceptor_local_peering_gateways",
            "module.oci_lz_orchestrator.module.oci_lz_network.oci_core_local_peering_gateway.oci_requestor_local_peering_gateways",
            "module.oci_lz_orchestrator.module.oci_lz_network.oci_core_nat_gateway.these",
            "module.oci_lz_orchestrator.module.oci_lz_network.oci_core_public_ip.these",
            "module.oci_lz_orchestrator.module.oci_lz_network.oci_core_public_ip_pool.these",
            "module.oci_lz_orchestrator.module.oci_lz_network.oci_core_route_table.drga_specific_route_tables",
            "module.oci_lz_orchestrator.module.oci_lz_network.oci_core_route_table.igw_natgw_specific_route_tables",
            "module.oci_lz_orchestrator.module.oci_lz_network.oci_core_route_table.lpg_specific_route_tables",
            "module.oci_lz_orchestrator.module.oci_lz_network.oci_core_route_table.non_gw_specific_remaining_route_tables",
            "module.oci_lz_orchestrator.module.oci_lz_network.oci_core_route_table.sgw_specific_route_tables",
            "module.oci_lz_orchestrator.module.oci_lz_network.oci_core_security_list.these",
            "module.oci_lz_orchestrator.module.oci_lz_network.oci_core_service_gateway.these",
            "module.oci_lz_orchestrator.module.oci_lz_network.oci_core_vcn.these",
            "module.oci_lz_orchestrator.module.oci_lz_tags.data.oci_identity_tag.default_created_by",
            "module.oci_lz_orchestrator.module.oci_lz_tags.data.oci_identity_tag.default_created_on",
            "module.oci_lz_orchestrator.module.oci_lz_tags.data.oci_identity_tag_namespaces.oracle_default",
            "module.oci_lz_orchestrator.module.oci_lz_tags.oci_identity_tag.these",
            "module.oci_lz_orchestrator.module.oci_lz_tags.oci_identity_tag_default.these",
            "module.oci_lz_orchestrator.module.oci_lz_tags.oci_identity_tag_namespace.these",
            "module.oci_lz_orchestrator.module.oci_lz_zpr.data.oci_identity_regions.these",
            "module.oci_lz_orchestrator.module.oci_lz_zpr.data.oci_security_attribute_security_attribute_namespaces.default_security_attribute_namespaces",
            "module.oci_lz_orchestrator.module.oci_lz_zpr.data.oci_security_attribute_security_attribute_namespaces.query_security_attribute_namespaces",
            "module.oci_lz_orchestrator.module.oci_lz_zpr.data.oci_zpr_configuration.this",
            "module.oci_lz_orchestrator.module.oci_lz_zpr.oci_security_attribute_security_attribute.these",
            "module.oci_lz_orchestrator.module.oci_lz_zpr.oci_security_attribute_security_attribute_namespace.these",
            "module.oci_lz_orchestrator.module.oci_lz_zpr.oci_zpr_configuration.this",
            "module.oci_lz_orchestrator.module.oci_lz_zpr.oci_zpr_zpr_policy.these",
            "module.oci_lz_orchestrator.module.oci_lz_zpr.time_sleep.wait_after_zpr_configuration"
          ],
          "create_before_destroy": true
        },
        {
          "index_key": "SN-VLL-LZ-HUB-FW-KEY",
          "schema_version": 0,
          "attributes": {
            "availability_domain": null,
            "cidr_block": "10.0.1.0/24",
            "compartment_id": "ocid1.compartment.oc19..aaaaaaaaycsxnmvquse26nkoz23unmg4gw4ditynt5gpvjfy4c35oaw33pja",
            "defined_tags": {
              "Oracle-Tags.CreatedBy": "default/jorge.e.torlaschi@accenture.com",
              "Oracle-Tags.CreatedOn": "2026-03-02T14:49:15.687Z"
            },
            "dhcp_options_id": "ocid1.dhcpoptions.oc19.eu-madrid-2.aaaaaaaabxz6fwamwqz7xjjnvckaob5idyzhha7kqz3iuzhqb3ijwovjmcjq",
            "display_name": "o-p-om2-sub-hubfw-001",
            "dns_label": "opom2snhubfw",
            "freeform_tags": {
              "ocilz-terraform-module": "networking/0.8.1"
            },
            "id": "ocid1.subnet.oc19.eu-madrid-2.aaaaaaaac2xyfimwlaaclyzwws6oxok6ispx4tegizxgxgusnl35tmn5ukla",
            "ipv4cidr_blocks": [
              "10.0.1.0/24"
            ],
            "ipv6cidr_block": null,
            "ipv6cidr_blocks": [],
            "ipv6virtual_router_ip": null,
            "prohibit_internet_ingress": true,
            "prohibit_public_ip_on_vnic": true,
            "route_table_id": "ocid1.routetable.oc19.eu-madrid-2.aaaaaaaayzykpzlogivbqnwmifbdszlwr33z4rqgvm3ebhvajpnjxdkxfcha",
            "security_list_ids": [
              "ocid1.securitylist.oc19.eu-madrid-2.aaaaaaaaxqizfxbd26orkw2smbwtp2b6w5izhw7gmr3yjd2mf332arotd6hq"
            ],
            "state": "AVAILABLE",
            "subnet_domain_name": "opom2snhubfw.opom2vcnhub.oraclevcn.com",
            "time_created": "2026-03-02 14:49:15.707 +0000 UTC",
            "timeouts": null,
            "vcn_id": "ocid1.vcn.oc19.eu-madrid-2.amaaaaaapw27gbaamxmzavsqzvxdcms6xlp7qoguvztgzv2crg64ynvm3nea",
            "virtual_router_ip": "10.0.1.1",
            "virtual_router_mac": "00:00:17:FA:78:52"
          },
          "sensitive_attributes": [],
          "identity_schema_version": 0,
          "private": "eyJlMmJmYjczMC1lY2FhLTExZTYtOGY4OC0zNDM2M2JjN2M0YzAiOnsiY3JlYXRlIjoxMjAwMDAwMDAwMDAwLCJkZWxldGUiOjEyMDAwMDAwMDAwMDAsInVwZGF0ZSI6MTIwMDAwMDAwMDAwMH19",
          "dependencies": [
            "module.oci_lz_orchestrator.data.oci_identity_regions.these",
            "module.oci_lz_orchestrator.data.oci_identity_tenancy.this",
            "module.oci_lz_orchestrator.module.oci_lz_compartments.oci_identity_compartment.level_2",
            "module.oci_lz_orchestrator.module.oci_lz_compartments.oci_identity_compartment.level_3",
            "module.oci_lz_orchestrator.module.oci_lz_compartments.oci_identity_compartment.level_4",
            "module.oci_lz_orchestrator.module.oci_lz_compartments.oci_identity_compartment.level_5",
            "module.oci_lz_orchestrator.module.oci_lz_compartments.oci_identity_compartment.level_6",
            "module.oci_lz_orchestrator.module.oci_lz_compartments.oci_identity_compartment.these",
            "module.oci_lz_orchestrator.module.oci_lz_compartments.oci_identity_tag_default.these",
            "module.oci_lz_orchestrator.module.oci_lz_network.data.oci_core_services.oci_services",
            "module.oci_lz_orchestrator.module.oci_lz_network.data.oci_core_vcn.existing_vcns",
            "module.oci_lz_orchestrator.module.oci_lz_network.oci_core_dhcp_options.these",
            "module.oci_lz_orchestrator.module.oci_lz_network.oci_core_drg.these",
            "module.oci_lz_orchestrator.module.oci_lz_network.oci_core_internet_gateway.these",
            "module.oci_lz_orchestrator.module.oci_lz_network.oci_core_local_peering_gateway.oci_acceptor_local_peering_gateways",
            "module.oci_lz_orchestrator.module.oci_lz_network.oci_core_local_peering_gateway.oci_requestor_local_peering_gateways",
            "module.oci_lz_orchestrator.module.oci_lz_network.oci_core_nat_gateway.these",
            "module.oci_lz_orchestrator.module.oci_lz_network.oci_core_public_ip.these",
            "module.oci_lz_orchestrator.module.oci_lz_network.oci_core_public_ip_pool.these",
            "module.oci_lz_orchestrator.module.oci_lz_network.oci_core_route_table.drga_specific_route_tables",
            "module.oci_lz_orchestrator.module.oci_lz_network.oci_core_route_table.igw_natgw_specific_route_tables",
            "module.oci_lz_orchestrator.module.oci_lz_network.oci_core_route_table.lpg_specific_route_tables",
            "module.oci_lz_orchestrator.module.oci_lz_network.oci_core_route_table.non_gw_specific_remaining_route_tables",
            "module.oci_lz_orchestrator.module.oci_lz_network.oci_core_route_table.sgw_specific_route_tables",
            "module.oci_lz_orchestrator.module.oci_lz_network.oci_core_security_list.these",
            "module.oci_lz_orchestrator.module.oci_lz_network.oci_core_service_gateway.these",
            "module.oci_lz_orchestrator.module.oci_lz_network.oci_core_vcn.these",
            "module.oci_lz_orchestrator.module.oci_lz_tags.data.oci_identity_tag.default_created_by",
            "module.oci_lz_orchestrator.module.oci_lz_tags.data.oci_identity_tag.default_created_on",
            "module.oci_lz_orchestrator.module.oci_lz_tags.data.oci_identity_tag_namespaces.oracle_default",
            "module.oci_lz_orchestrator.module.oci_lz_tags.oci_identity_tag.these",
            "module.oci_lz_orchestrator.module.oci_lz_tags.oci_identity_tag_default.these",
            "module.oci_lz_orchestrator.module.oci_lz_tags.oci_identity_tag_namespace.these",
            "module.oci_lz_orchestrator.module.oci_lz_zpr.data.oci_identity_regions.these",
            "module.oci_lz_orchestrator.module.oci_lz_zpr.data.oci_security_attribute_security_attribute_namespaces.default_security_attribute_namespaces",
            "module.oci_lz_orchestrator.module.oci_lz_zpr.data.oci_security_attribute_security_attribute_namespaces.query_security_attribute_namespaces",
            "module.oci_lz_orchestrator.module.oci_lz_zpr.data.oci_zpr_configuration.this",
            "module.oci_lz_orchestrator.module.oci_lz_zpr.oci_security_attribute_security_attribute.these",
            "module.oci_lz_orchestrator.module.oci_lz_zpr.oci_security_attribute_security_attribute_namespace.these",
            "module.oci_lz_orchestrator.module.oci_lz_zpr.oci_zpr_configuration.this",
            "module.oci_lz_orchestrator.module.oci_lz_zpr.oci_zpr_zpr_policy.these",
            "module.oci_lz_orchestrator.module.oci_lz_zpr.time_sleep.wait_after_zpr_configuration"
          ],
          "create_before_destroy": true
        },
        {
          "index_key": "SN-VLL-LZ-HUB-MGMT-KEY",
          "schema_version": 0,
          "attributes": {
            "availability_domain": null,
            "cidr_block": "10.0.2.0/24",
            "compartment_id": "ocid1.compartment.oc19..aaaaaaaaycsxnmvquse26nkoz23unmg4gw4ditynt5gpvjfy4c35oaw33pja",
            "defined_tags": {
              "Oracle-Tags.CreatedBy": "default/jorge.e.torlaschi@accenture.com",
              "Oracle-Tags.CreatedOn": "2026-03-02T14:49:15.748Z"
            },
            "dhcp_options_id": "ocid1.dhcpoptions.oc19.eu-madrid-2.aaaaaaaabxz6fwamwqz7xjjnvckaob5idyzhha7kqz3iuzhqb3ijwovjmcjq",
            "display_name": "o-p-om2-sub-hubmgmt-001",
            "dns_label": "opom2snhubmgmt",
            "freeform_tags": {
              "ocilz-terraform-module": "networking/0.8.1"
            },
            "id": "ocid1.subnet.oc19.eu-madrid-2.aaaaaaaa5okuwidvybkh2oyegt4zz4zsynf54nz654xa3yikhltlr3rty36q",
            "ipv4cidr_blocks": [
              "10.0.2.0/24"
            ],
            "ipv6cidr_block": null,
            "ipv6cidr_blocks": [],
            "ipv6virtual_router_ip": null,
            "prohibit_internet_ingress": true,
            "prohibit_public_ip_on_vnic": true,
            "route_table_id": "ocid1.routetable.oc19.eu-madrid-2.aaaaaaaab6f5midcjvky5ppplrim5dqnzfdjnn63uqx25s3bouhhjgouzyja",
            "security_list_ids": [
              "ocid1.securitylist.oc19.eu-madrid-2.aaaaaaaargn24vpqgxbdcx5stw73kqkccx3qw7vsrijpi7m23ecxny5fdpyq"
            ],
            "state": "AVAILABLE",
            "subnet_domain_name": "opom2snhubmgmt.opom2vcnhub.oraclevcn.com",
            "time_created": "2026-03-02 14:49:15.888 +0000 UTC",
            "timeouts": null,
            "vcn_id": "ocid1.vcn.oc19.eu-madrid-2.amaaaaaapw27gbaamxmzavsqzvxdcms6xlp7qoguvztgzv2crg64ynvm3nea",
            "virtual_router_ip": "10.0.2.1",
            "virtual_router_mac": "00:00:17:FA:78:52"
          },
          "sensitive_attributes": [],
          "identity_schema_version": 0,
          "private": "eyJlMmJmYjczMC1lY2FhLTExZTYtOGY4OC0zNDM2M2JjN2M0YzAiOnsiY3JlYXRlIjoxMjAwMDAwMDAwMDAwLCJkZWxldGUiOjEyMDAwMDAwMDAwMDAsInVwZGF0ZSI6MTIwMDAwMDAwMDAwMH19",
          "dependencies": [
            "module.oci_lz_orchestrator.data.oci_identity_regions.these",
            "module.oci_lz_orchestrator.data.oci_identity_tenancy.this",
            "module.oci_lz_orchestrator.module.oci_lz_compartments.oci_identity_compartment.level_2",
            "module.oci_lz_orchestrator.module.oci_lz_compartments.oci_identity_compartment.level_3",
            "module.oci_lz_orchestrator.module.oci_lz_compartments.oci_identity_compartment.level_4",
            "module.oci_lz_orchestrator.module.oci_lz_compartments.oci_identity_compartment.level_5",
            "module.oci_lz_orchestrator.module.oci_lz_compartments.oci_identity_compartment.level_6",
            "module.oci_lz_orchestrator.module.oci_lz_compartments.oci_identity_compartment.these",
            "module.oci_lz_orchestrator.module.oci_lz_compartments.oci_identity_tag_default.these",
            "module.oci_lz_orchestrator.module.oci_lz_network.data.oci_core_services.oci_services",
            "module.oci_lz_orchestrator.module.oci_lz_network.data.oci_core_vcn.existing_vcns",
            "module.oci_lz_orchestrator.module.oci_lz_network.oci_core_dhcp_options.these",
            "module.oci_lz_orchestrator.module.oci_lz_network.oci_core_drg.these",
            "module.oci_lz_orchestrator.module.oci_lz_network.oci_core_internet_gateway.these",
            "module.oci_lz_orchestrator.module.oci_lz_network.oci_core_local_peering_gateway.oci_acceptor_local_peering_gateways",
            "module.oci_lz_orchestrator.module.oci_lz_network.oci_core_local_peering_gateway.oci_requestor_local_peering_gateways",
            "module.oci_lz_orchestrator.module.oci_lz_network.oci_core_nat_gateway.these",
            "module.oci_lz_orchestrator.module.oci_lz_network.oci_core_public_ip.these",
            "module.oci_lz_orchestrator.module.oci_lz_network.oci_core_public_ip_pool.these",
            "module.oci_lz_orchestrator.module.oci_lz_network.oci_core_route_table.drga_specific_route_tables",
            "module.oci_lz_orchestrator.module.oci_lz_network.oci_core_route_table.igw_natgw_specific_route_tables",
            "module.oci_lz_orchestrator.module.oci_lz_network.oci_core_route_table.lpg_specific_route_tables",
            "module.oci_lz_orchestrator.module.oci_lz_network.oci_core_route_table.non_gw_specific_remaining_route_tables",
            "module.oci_lz_orchestrator.module.oci_lz_network.oci_core_route_table.sgw_specific_route_tables",
            "module.oci_lz_orchestrator.module.oci_lz_network.oci_core_security_list.these",
            "module.oci_lz_orchestrator.module.oci_lz_network.oci_core_service_gateway.these",
            "module.oci_lz_orchestrator.module.oci_lz_network.oci_core_vcn.these",
            "module.oci_lz_orchestrator.module.oci_lz_tags.data.oci_identity_tag.default_created_by",
            "module.oci_lz_orchestrator.module.oci_lz_tags.data.oci_identity_tag.default_created_on",
            "module.oci_lz_orchestrator.module.oci_lz_tags.data.oci_identity_tag_namespaces.oracle_default",
            "module.oci_lz_orchestrator.module.oci_lz_tags.oci_identity_tag.these",
            "module.oci_lz_orchestrator.module.oci_lz_tags.oci_identity_tag_default.these",
            "module.oci_lz_orchestrator.module.oci_lz_tags.oci_identity_tag_namespace.these",
            "module.oci_lz_orchestrator.module.oci_lz_zpr.data.oci_identity_regions.these",
            "module.oci_lz_orchestrator.module.oci_lz_zpr.data.oci_security_attribute_security_attribute_namespaces.default_security_attribute_namespaces",
            "module.oci_lz_orchestrator.module.oci_lz_zpr.data.oci_security_attribute_security_attribute_namespaces.query_security_attribute_namespaces",
            "module.oci_lz_orchestrator.module.oci_lz_zpr.data.oci_zpr_configuration.this",
            "module.oci_lz_orchestrator.module.oci_lz_zpr.oci_security_attribute_security_attribute.these",
            "module.oci_lz_orchestrator.module.oci_lz_zpr.oci_security_attribute_security_attribute_namespace.these",
            "module.oci_lz_orchestrator.module.oci_lz_zpr.oci_zpr_configuration.this",
            "module.oci_lz_orchestrator.module.oci_lz_zpr.oci_zpr_zpr_policy.these",
            "module.oci_lz_orchestrator.module.oci_lz_zpr.time_sleep.wait_after_zpr_configuration"
          ],
          "create_before_destroy": true
        },
        {
          "index_key": "SN-VLL-LZ-HUB-MON-KEY",
          "schema_version": 0,
          "attributes": {
            "availability_domain": null,
            "cidr_block": "10.0.3.0/24",
            "compartment_id": "ocid1.compartment.oc19..aaaaaaaaycsxnmvquse26nkoz23unmg4gw4ditynt5gpvjfy4c35oaw33pja",
            "defined_tags": {
              "Oracle-Tags.CreatedBy": "default/jorge.e.torlaschi@accenture.com",
              "Oracle-Tags.CreatedOn": "2026-03-02T14:49:15.687Z"
            },
            "dhcp_options_id": "ocid1.dhcpoptions.oc19.eu-madrid-2.aaaaaaaabxz6fwamwqz7xjjnvckaob5idyzhha7kqz3iuzhqb3ijwovjmcjq",
            "display_name": "o-p-om2-sub-hubmon-001",
            "dns_label": "opom2snhubmm",
            "freeform_tags": {
              "ocilz-terraform-module": "networking/0.8.1"
            },
            "id": "ocid1.subnet.oc19.eu-madrid-2.aaaaaaaagchau2eisbakistt2tboso46oiuoqnguidrinroltaw67mj6namq",
            "ipv4cidr_blocks": [
              "10.0.3.0/24"
            ],
            "ipv6cidr_block": null,
            "ipv6cidr_blocks": [],
            "ipv6virtual_router_ip": null,
            "prohibit_internet_ingress": true,
            "prohibit_public_ip_on_vnic": true,
            "route_table_id": "ocid1.routetable.oc19.eu-madrid-2.aaaaaaaab6f5midcjvky5ppplrim5dqnzfdjnn63uqx25s3bouhhjgouzyja",
            "security_list_ids": [
              "ocid1.securitylist.oc19.eu-madrid-2.aaaaaaaargn24vpqgxbdcx5stw73kqkccx3qw7vsrijpi7m23ecxny5fdpyq"
            ],
            "state": "AVAILABLE",
            "subnet_domain_name": "opom2snhubmm.opom2vcnhub.oraclevcn.com",
            "time_created": "2026-03-02 14:49:17.67 +0000 UTC",
            "timeouts": null,
            "vcn_id": "ocid1.vcn.oc19.eu-madrid-2.amaaaaaapw27gbaamxmzavsqzvxdcms6xlp7qoguvztgzv2crg64ynvm3nea",
            "virtual_router_ip": "10.0.3.1",
            "virtual_router_mac": "00:00:17:FA:78:52"
          },
          "sensitive_attributes": [],
          "identity_schema_version": 0,
          "private": "eyJlMmJmYjczMC1lY2FhLTExZTYtOGY4OC0zNDM2M2JjN2M0YzAiOnsiY3JlYXRlIjoxMjAwMDAwMDAwMDAwLCJkZWxldGUiOjEyMDAwMDAwMDAwMDAsInVwZGF0ZSI6MTIwMDAwMDAwMDAwMH19",
          "dependencies": [
            "module.oci_lz_orchestrator.data.oci_identity_regions.these",
            "module.oci_lz_orchestrator.data.oci_identity_tenancy.this",
            "module.oci_lz_orchestrator.module.oci_lz_compartments.oci_identity_compartment.level_2",
            "module.oci_lz_orchestrator.module.oci_lz_compartments.oci_identity_compartment.level_3",
            "module.oci_lz_orchestrator.module.oci_lz_compartments.oci_identity_compartment.level_4",
            "module.oci_lz_orchestrator.module.oci_lz_compartments.oci_identity_compartment.level_5",
            "module.oci_lz_orchestrator.module.oci_lz_compartments.oci_identity_compartment.level_6",
            "module.oci_lz_orchestrator.module.oci_lz_compartments.oci_identity_compartment.these",
            "module.oci_lz_orchestrator.module.oci_lz_compartments.oci_identity_tag_default.these",
            "module.oci_lz_orchestrator.module.oci_lz_network.data.oci_core_services.oci_services",
            "module.oci_lz_orchestrator.module.oci_lz_network.data.oci_core_vcn.existing_vcns",
            "module.oci_lz_orchestrator.module.oci_lz_network.oci_core_dhcp_options.these",
            "module.oci_lz_orchestrator.module.oci_lz_network.oci_core_drg.these",
            "module.oci_lz_orchestrator.module.oci_lz_network.oci_core_internet_gateway.these",
            "module.oci_lz_orchestrator.module.oci_lz_network.oci_core_local_peering_gateway.oci_acceptor_local_peering_gateways",
            "module.oci_lz_orchestrator.module.oci_lz_network.oci_core_local_peering_gateway.oci_requestor_local_peering_gateways",
            "module.oci_lz_orchestrator.module.oci_lz_network.oci_core_nat_gateway.these",
            "module.oci_lz_orchestrator.module.oci_lz_network.oci_core_public_ip.these",
            "module.oci_lz_orchestrator.module.oci_lz_network.oci_core_public_ip_pool.these",
            "module.oci_lz_orchestrator.module.oci_lz_network.oci_core_route_table.drga_specific_route_tables",
            "module.oci_lz_orchestrator.module.oci_lz_network.oci_core_route_table.igw_natgw_specific_route_tables",
            "module.oci_lz_orchestrator.module.oci_lz_network.oci_core_route_table.lpg_specific_route_tables",
            "module.oci_lz_orchestrator.module.oci_lz_network.oci_core_route_table.non_gw_specific_remaining_route_tables",
            "module.oci_lz_orchestrator.module.oci_lz_network.oci_core_route_table.sgw_specific_route_tables",
            "module.oci_lz_orchestrator.module.oci_lz_network.oci_core_security_list.these",
            "module.oci_lz_orchestrator.module.oci_lz_network.oci_core_service_gateway.these",
            "module.oci_lz_orchestrator.module.oci_lz_network.oci_core_vcn.these",
            "module.oci_lz_orchestrator.module.oci_lz_tags.data.oci_identity_tag.default_created_by",
            "module.oci_lz_orchestrator.module.oci_lz_tags.data.oci_identity_tag.default_created_on",
            "module.oci_lz_orchestrator.module.oci_lz_tags.data.oci_identity_tag_namespaces.oracle_default",
            "module.oci_lz_orchestrator.module.oci_lz_tags.oci_identity_tag.these",
            "module.oci_lz_orchestrator.module.oci_lz_tags.oci_identity_tag_default.these",
            "module.oci_lz_orchestrator.module.oci_lz_tags.oci_identity_tag_namespace.these",
            "module.oci_lz_orchestrator.module.oci_lz_zpr.data.oci_identity_regions.these",
            "module.oci_lz_orchestrator.module.oci_lz_zpr.data.oci_security_attribute_security_attribute_namespaces.default_security_attribute_namespaces",
            "module.oci_lz_orchestrator.module.oci_lz_zpr.data.oci_security_attribute_security_attribute_namespaces.query_security_attribute_namespaces",
            "module.oci_lz_orchestrator.module.oci_lz_zpr.data.oci_zpr_configuration.this",
            "module.oci_lz_orchestrator.module.oci_lz_zpr.oci_security_attribute_security_attribute.these",
            "module.oci_lz_orchestrator.module.oci_lz_zpr.oci_security_attribute_security_attribute_namespace.these",
            "module.oci_lz_orchestrator.module.oci_lz_zpr.oci_zpr_configuration.this",
            "module.oci_lz_orchestrator.module.oci_lz_zpr.oci_zpr_zpr_policy.these",
            "module.oci_lz_orchestrator.module.oci_lz_zpr.time_sleep.wait_after_zpr_configuration"
          ],
          "create_before_destroy": true
        }
      ]
    },
    {
      "module": "module.oci_lz_orchestrator.module.oci_lz_network[0]",
      "mode": "managed",
      "type": "oci_core_vcn",
      "name": "these",
      "provider": "module.oci_lz_orchestrator.provider[\"registry.terraform.io/oracle/oci\"]",
      "instances": [
        {
          "index_key": "VCN-VLL-LZ-EXACS-NPR-KEY",
          "schema_version": 0,
          "attributes": {
            "byoipv6cidr_blocks": [],
            "byoipv6cidr_details": null,
            "cidr_block": "10.197.134.0/23",
            "cidr_blocks": [
              "10.197.134.0/23"
            ],
            "compartment_id": "ocid1.compartment.oc19..aaaaaaaaycsxnmvquse26nkoz23unmg4gw4ditynt5gpvjfy4c35oaw33pja",
            "default_dhcp_options_id": "ocid1.dhcpoptions.oc19.eu-madrid-2.aaaaaaaaqlgru5r77cytpw4kkhvp6uj7grxhpwdl2kxvjcd3o2oegap7uama",
            "default_route_table_id": "ocid1.routetable.oc19.eu-madrid-2.aaaaaaaa3wnzaqwothjztonj7yeu6e5earajo4xnj3zm3byy6z2z46sykdzq",
            "default_security_list_id": "ocid1.securitylist.oc19.eu-madrid-2.aaaaaaaabwbcyapyptgdofbmsqeqjp64mwj445r2xoqdhk64h4e7jbwqnrra",
            "defined_tags": {
              "Oracle-Tags.CreatedBy": "default/jorge.e.torlaschi@accenture.com",
              "Oracle-Tags.CreatedOn": "2026-03-02T14:48:58.733Z"
            },
            "display_name": "o-np-om2-vcn-exacsnpr-001",
            "dns_label": "opom2vcnexanpr",
            "freeform_tags": {
              "ocilz-terraform-module": "networking/0.8.1"
            },
            "id": "ocid1.vcn.oc19.eu-madrid-2.amaaaaaapw27gbaadicr6yacyfavaacq42zhr2otc4oylwivcg2kbntwioba",
            "ipv6cidr_blocks": [],
            "ipv6private_cidr_blocks": [],
            "is_ipv6enabled": false,
            "is_oracle_gua_allocation_enabled": null,
            "security_attributes": {},
            "state": "AVAILABLE",
            "time_created": "2026-03-02 14:48:58.792 +0000 UTC",
            "timeouts": null,
            "vcn_domain_name": "opom2vcnexanpr.oraclevcn.com"
          },
          "sensitive_attributes": [],
          "identity_schema_version": 0,
          "private": "eyJlMmJmYjczMC1lY2FhLTExZTYtOGY4OC0zNDM2M2JjN2M0YzAiOnsiY3JlYXRlIjoxMjAwMDAwMDAwMDAwLCJkZWxldGUiOjEyMDAwMDAwMDAwMDAsInVwZGF0ZSI6MTIwMDAwMDAwMDAwMH19",
          "dependencies": [
            "module.oci_lz_orchestrator.data.oci_identity_regions.these",
            "module.oci_lz_orchestrator.data.oci_identity_tenancy.this",
            "module.oci_lz_orchestrator.module.oci_lz_compartments.oci_identity_compartment.level_2",
            "module.oci_lz_orchestrator.module.oci_lz_compartments.oci_identity_compartment.level_3",
            "module.oci_lz_orchestrator.module.oci_lz_compartments.oci_identity_compartment.level_4",
            "module.oci_lz_orchestrator.module.oci_lz_compartments.oci_identity_compartment.level_5",
            "module.oci_lz_orchestrator.module.oci_lz_compartments.oci_identity_compartment.level_6",
            "module.oci_lz_orchestrator.module.oci_lz_compartments.oci_identity_compartment.these",
            "module.oci_lz_orchestrator.module.oci_lz_compartments.oci_identity_tag_default.these",
            "module.oci_lz_orchestrator.module.oci_lz_tags.data.oci_identity_tag.default_created_by",
            "module.oci_lz_orchestrator.module.oci_lz_tags.data.oci_identity_tag.default_created_on",
            "module.oci_lz_orchestrator.module.oci_lz_tags.data.oci_identity_tag_namespaces.oracle_default",
            "module.oci_lz_orchestrator.module.oci_lz_tags.oci_identity_tag.these",
            "module.oci_lz_orchestrator.module.oci_lz_tags.oci_identity_tag_default.these",
            "module.oci_lz_orchestrator.module.oci_lz_tags.oci_identity_tag_namespace.these",
            "module.oci_lz_orchestrator.module.oci_lz_zpr.data.oci_identity_regions.these",
            "module.oci_lz_orchestrator.module.oci_lz_zpr.data.oci_security_attribute_security_attribute_namespaces.default_security_attribute_namespaces",
            "module.oci_lz_orchestrator.module.oci_lz_zpr.data.oci_security_attribute_security_attribute_namespaces.query_security_attribute_namespaces",
            "module.oci_lz_orchestrator.module.oci_lz_zpr.data.oci_zpr_configuration.this",
            "module.oci_lz_orchestrator.module.oci_lz_zpr.oci_security_attribute_security_attribute.these",
            "module.oci_lz_orchestrator.module.oci_lz_zpr.oci_security_attribute_security_attribute_namespace.these",
            "module.oci_lz_orchestrator.module.oci_lz_zpr.oci_zpr_configuration.this",
            "module.oci_lz_orchestrator.module.oci_lz_zpr.oci_zpr_zpr_policy.these",
            "module.oci_lz_orchestrator.module.oci_lz_zpr.time_sleep.wait_after_zpr_configuration"
          ],
          "create_before_destroy": true
        },
        {
          "index_key": "VCN-VLL-LZ-EXACS-PRO-KEY",
          "schema_version": 0,
          "attributes": {
            "byoipv6cidr_blocks": [],
            "byoipv6cidr_details": null,
            "cidr_block": "10.197.132.0/23",
            "cidr_blocks": [
              "10.197.132.0/23"
            ],
            "compartment_id": "ocid1.compartment.oc19..aaaaaaaaycsxnmvquse26nkoz23unmg4gw4ditynt5gpvjfy4c35oaw33pja",
            "default_dhcp_options_id": "ocid1.dhcpoptions.oc19.eu-madrid-2.aaaaaaaadhn6dnt4zkhmkuhxukzxybl7643ixfeslu2oucbgqyvimca3ngyq",
            "default_route_table_id": "ocid1.routetable.oc19.eu-madrid-2.aaaaaaaa5dfa3fcyzm6guigeerdydd34t67p5hwowrqvlk6ljqnfbnf7fc2q",
            "default_security_list_id": "ocid1.securitylist.oc19.eu-madrid-2.aaaaaaaa7kdjjefy4efy4eci2bwseq7s4ayb35lgt7knaplqiy4gbdfxulcq",
            "defined_tags": {
              "Oracle-Tags.CreatedBy": "default/jorge.e.torlaschi@accenture.com",
              "Oracle-Tags.CreatedOn": "2026-03-02T14:48:58.733Z"
            },
            "display_name": "o-p-om2-vcn-exacspro-001",
            "dns_label": "opom2vcnexacpro",
            "freeform_tags": {
              "ocilz-terraform-module": "networking/0.8.1"
            },
            "id": "ocid1.vcn.oc19.eu-madrid-2.amaaaaaapw27gbaaxsxo53tn4qjyqf3gn4rgtejemqz27gt7xr2egvuvactq",
            "ipv6cidr_blocks": [],
            "ipv6private_cidr_blocks": [],
            "is_ipv6enabled": false,
            "is_oracle_gua_allocation_enabled": null,
            "security_attributes": {},
            "state": "AVAILABLE",
            "time_created": "2026-03-02 14:48:58.774 +0000 UTC",
            "timeouts": null,
            "vcn_domain_name": "opom2vcnexacpro.oraclevcn.com"
          },
          "sensitive_attributes": [],
          "identity_schema_version": 0,
          "private": "eyJlMmJmYjczMC1lY2FhLTExZTYtOGY4OC0zNDM2M2JjN2M0YzAiOnsiY3JlYXRlIjoxMjAwMDAwMDAwMDAwLCJkZWxldGUiOjEyMDAwMDAwMDAwMDAsInVwZGF0ZSI6MTIwMDAwMDAwMDAwMH19",
          "dependencies": [
            "module.oci_lz_orchestrator.data.oci_identity_regions.these",
            "module.oci_lz_orchestrator.data.oci_identity_tenancy.this",
            "module.oci_lz_orchestrator.module.oci_lz_compartments.oci_identity_compartment.level_2",
            "module.oci_lz_orchestrator.module.oci_lz_compartments.oci_identity_compartment.level_3",
            "module.oci_lz_orchestrator.module.oci_lz_compartments.oci_identity_compartment.level_4",
            "module.oci_lz_orchestrator.module.oci_lz_compartments.oci_identity_compartment.level_5",
            "module.oci_lz_orchestrator.module.oci_lz_compartments.oci_identity_compartment.level_6",
            "module.oci_lz_orchestrator.module.oci_lz_compartments.oci_identity_compartment.these",
            "module.oci_lz_orchestrator.module.oci_lz_compartments.oci_identity_tag_default.these",
            "module.oci_lz_orchestrator.module.oci_lz_tags.data.oci_identity_tag.default_created_by",
            "module.oci_lz_orchestrator.module.oci_lz_tags.data.oci_identity_tag.default_created_on",
            "module.oci_lz_orchestrator.module.oci_lz_tags.data.oci_identity_tag_namespaces.oracle_default",
            "module.oci_lz_orchestrator.module.oci_lz_tags.oci_identity_tag.these",
            "module.oci_lz_orchestrator.module.oci_lz_tags.oci_identity_tag_default.these",
            "module.oci_lz_orchestrator.module.oci_lz_tags.oci_identity_tag_namespace.these",
            "module.oci_lz_orchestrator.module.oci_lz_zpr.data.oci_identity_regions.these",
            "module.oci_lz_orchestrator.module.oci_lz_zpr.data.oci_security_attribute_security_attribute_namespaces.default_security_attribute_namespaces",
            "module.oci_lz_orchestrator.module.oci_lz_zpr.data.oci_security_attribute_security_attribute_namespaces.query_security_attribute_namespaces",
            "module.oci_lz_orchestrator.module.oci_lz_zpr.data.oci_zpr_configuration.this",
            "module.oci_lz_orchestrator.module.oci_lz_zpr.oci_security_attribute_security_attribute.these",
            "module.oci_lz_orchestrator.module.oci_lz_zpr.oci_security_attribute_security_attribute_namespace.these",
            "module.oci_lz_orchestrator.module.oci_lz_zpr.oci_zpr_configuration.this",
            "module.oci_lz_orchestrator.module.oci_lz_zpr.oci_zpr_zpr_policy.these",
            "module.oci_lz_orchestrator.module.oci_lz_zpr.time_sleep.wait_after_zpr_configuration"
          ],
          "create_before_destroy": true
        },
        {
          "index_key": "VCN-VLL-LZ-HUB-KEY",
          "schema_version": 0,
          "attributes": {
            "byoipv6cidr_blocks": [],
            "byoipv6cidr_details": null,
            "cidr_block": "10.0.0.0/21",
            "cidr_blocks": [
              "10.0.0.0/21"
            ],
            "compartment_id": "ocid1.compartment.oc19..aaaaaaaaycsxnmvquse26nkoz23unmg4gw4ditynt5gpvjfy4c35oaw33pja",
            "default_dhcp_options_id": "ocid1.dhcpoptions.oc19.eu-madrid-2.aaaaaaaabxz6fwamwqz7xjjnvckaob5idyzhha7kqz3iuzhqb3ijwovjmcjq",
            "default_route_table_id": "ocid1.routetable.oc19.eu-madrid-2.aaaaaaaaalpher3eqklxyn5n5cywjn6lnlgevtyxivloyahhmk72ssvyf4da",
            "default_security_list_id": "ocid1.securitylist.oc19.eu-madrid-2.aaaaaaaaaom5g6rda5wsh3euytm2wf5otqeisqnuywq7w7oj7kiyib2kymba",
            "defined_tags": {
              "Oracle-Tags.CreatedBy": "default/jorge.e.torlaschi@accenture.com",
              "Oracle-Tags.CreatedOn": "2026-03-02T14:48:58.778Z"
            },
            "display_name": "o-p-om2-vcn-hub-001",
            "dns_label": "opom2vcnhub",
            "freeform_tags": {
              "ocilz-terraform-module": "networking/0.8.1"
            },
            "id": "ocid1.vcn.oc19.eu-madrid-2.amaaaaaapw27gbaamxmzavsqzvxdcms6xlp7qoguvztgzv2crg64ynvm3nea",
            "ipv6cidr_blocks": [],
            "ipv6private_cidr_blocks": [],
            "is_ipv6enabled": false,
            "is_oracle_gua_allocation_enabled": null,
            "security_attributes": {},
            "state": "AVAILABLE",
            "time_created": "2026-03-02 14:48:58.813 +0000 UTC",
            "timeouts": null,
            "vcn_domain_name": "opom2vcnhub.oraclevcn.com"
          },
          "sensitive_attributes": [],
          "identity_schema_version": 0,
          "private": "eyJlMmJmYjczMC1lY2FhLTExZTYtOGY4OC0zNDM2M2JjN2M0YzAiOnsiY3JlYXRlIjoxMjAwMDAwMDAwMDAwLCJkZWxldGUiOjEyMDAwMDAwMDAwMDAsInVwZGF0ZSI6MTIwMDAwMDAwMDAwMH19",
          "dependencies": [
            "module.oci_lz_orchestrator.data.oci_identity_regions.these",
            "module.oci_lz_orchestrator.data.oci_identity_tenancy.this",
            "module.oci_lz_orchestrator.module.oci_lz_compartments.oci_identity_compartment.level_2",
            "module.oci_lz_orchestrator.module.oci_lz_compartments.oci_identity_compartment.level_3",
            "module.oci_lz_orchestrator.module.oci_lz_compartments.oci_identity_compartment.level_4",
            "module.oci_lz_orchestrator.module.oci_lz_compartments.oci_identity_compartment.level_5",
            "module.oci_lz_orchestrator.module.oci_lz_compartments.oci_identity_compartment.level_6",
            "module.oci_lz_orchestrator.module.oci_lz_compartments.oci_identity_compartment.these",
            "module.oci_lz_orchestrator.module.oci_lz_compartments.oci_identity_tag_default.these",
            "module.oci_lz_orchestrator.module.oci_lz_tags.data.oci_identity_tag.default_created_by",
            "module.oci_lz_orchestrator.module.oci_lz_tags.data.oci_identity_tag.default_created_on",
            "module.oci_lz_orchestrator.module.oci_lz_tags.data.oci_identity_tag_namespaces.oracle_default",
            "module.oci_lz_orchestrator.module.oci_lz_tags.oci_identity_tag.these",
            "module.oci_lz_orchestrator.module.oci_lz_tags.oci_identity_tag_default.these",
            "module.oci_lz_orchestrator.module.oci_lz_tags.oci_identity_tag_namespace.these",
            "module.oci_lz_orchestrator.module.oci_lz_zpr.data.oci_identity_regions.these",
            "module.oci_lz_orchestrator.module.oci_lz_zpr.data.oci_security_attribute_security_attribute_namespaces.default_security_attribute_namespaces",
            "module.oci_lz_orchestrator.module.oci_lz_zpr.data.oci_security_attribute_security_attribute_namespaces.query_security_attribute_namespaces",
            "module.oci_lz_orchestrator.module.oci_lz_zpr.data.oci_zpr_configuration.this",
            "module.oci_lz_orchestrator.module.oci_lz_zpr.oci_security_attribute_security_attribute.these",
            "module.oci_lz_orchestrator.module.oci_lz_zpr.oci_security_attribute_security_attribute_namespace.these",
            "module.oci_lz_orchestrator.module.oci_lz_zpr.oci_zpr_configuration.this",
            "module.oci_lz_orchestrator.module.oci_lz_zpr.oci_zpr_zpr_policy.these",
            "module.oci_lz_orchestrator.module.oci_lz_zpr.time_sleep.wait_after_zpr_configuration"
          ],
          "create_before_destroy": true
        }
      ]
    },
    {
      "module": "module.oci_lz_orchestrator.module.oci_lz_network[0]",
      "mode": "managed",
      "type": "time_sleep",
      "name": "wait_for_dns_resolver",
      "provider": "provider[\"registry.terraform.io/hashicorp/time\"]",
      "instances": [
        {
          "schema_version": 0,
          "attributes": {
            "create_duration": "60s",
            "destroy_duration": null,
            "id": "2026-03-02T14:49:59Z",
            "triggers": null
          },
          "sensitive_attributes": [],
          "identity_schema_version": 0,
          "dependencies": [
            "module.oci_lz_orchestrator.data.oci_identity_regions.these",
            "module.oci_lz_orchestrator.data.oci_identity_tenancy.this",
            "module.oci_lz_orchestrator.module.oci_lz_compartments.oci_identity_compartment.level_2",
            "module.oci_lz_orchestrator.module.oci_lz_compartments.oci_identity_compartment.level_3",
            "module.oci_lz_orchestrator.module.oci_lz_compartments.oci_identity_compartment.level_4",
            "module.oci_lz_orchestrator.module.oci_lz_compartments.oci_identity_compartment.level_5",
            "module.oci_lz_orchestrator.module.oci_lz_compartments.oci_identity_compartment.level_6",
            "module.oci_lz_orchestrator.module.oci_lz_compartments.oci_identity_compartment.these",
            "module.oci_lz_orchestrator.module.oci_lz_compartments.oci_identity_tag_default.these",
            "module.oci_lz_orchestrator.module.oci_lz_network.oci_core_vcn.these",
            "module.oci_lz_orchestrator.module.oci_lz_tags.data.oci_identity_tag.default_created_by",
            "module.oci_lz_orchestrator.module.oci_lz_tags.data.oci_identity_tag.default_created_on",
            "module.oci_lz_orchestrator.module.oci_lz_tags.data.oci_identity_tag_namespaces.oracle_default",
            "module.oci_lz_orchestrator.module.oci_lz_tags.oci_identity_tag.these",
            "module.oci_lz_orchestrator.module.oci_lz_tags.oci_identity_tag_default.these",
            "module.oci_lz_orchestrator.module.oci_lz_tags.oci_identity_tag_namespace.these",
            "module.oci_lz_orchestrator.module.oci_lz_zpr.data.oci_identity_regions.these",
            "module.oci_lz_orchestrator.module.oci_lz_zpr.data.oci_security_attribute_security_attribute_namespaces.default_security_attribute_namespaces",
            "module.oci_lz_orchestrator.module.oci_lz_zpr.data.oci_security_attribute_security_attribute_namespaces.query_security_attribute_namespaces",
            "module.oci_lz_orchestrator.module.oci_lz_zpr.data.oci_zpr_configuration.this",
            "module.oci_lz_orchestrator.module.oci_lz_zpr.oci_security_attribute_security_attribute.these",
            "module.oci_lz_orchestrator.module.oci_lz_zpr.oci_security_attribute_security_attribute_namespace.these",
            "module.oci_lz_orchestrator.module.oci_lz_zpr.oci_zpr_configuration.this",
            "module.oci_lz_orchestrator.module.oci_lz_zpr.oci_zpr_zpr_policy.these",
            "module.oci_lz_orchestrator.module.oci_lz_zpr.time_sleep.wait_after_zpr_configuration"
          ]
        }
      ]
    },
    {
      "module": "module.oci_lz_orchestrator.module.oci_lz_policies[0]",
      "mode": "data",
      "type": "oci_identity_region_subscriptions",
      "name": "these",
      "provider": "module.oci_lz_orchestrator.provider[\"registry.terraform.io/oracle/oci\"].home",
      "instances": [
        {
          "schema_version": 0,
          "attributes": {
            "filter": null,
            "id": "IdentityRegionSubscriptionsDataSource-1032845147",
            "region_subscriptions": [
              {
                "is_home_region": true,
                "region_key": "VLL",
                "region_name": "eu-madrid-2",
                "state": "READY",
                "tenancy_id": ""
              }
            ],
            "tenancy_id": "ocid1.tenancy.oc19..aaaaaaaa4ftkyx3ao73kndo3mbltj6gtbf27mxbgpu65a33ipgo2wqyj4zba"
          },
          "sensitive_attributes": [],
          "identity_schema_version": 0
        }
      ]
    },
    {
      "module": "module.oci_lz_orchestrator.module.oci_lz_policies[0]",
      "mode": "data",
      "type": "oci_identity_tenancy",
      "name": "this",
      "provider": "module.oci_lz_orchestrator.provider[\"registry.terraform.io/oracle/oci\"].home",
      "instances": [
        {
          "schema_version": 0,
          "attributes": {
            "defined_tags": {},
            "description": "TENLS-6209",
            "freeform_tags": {},
            "home_region_key": "VLL",
            "id": "ocid1.tenancy.oc19..aaaaaaaa4ftkyx3ao73kndo3mbltj6gtbf27mxbgpu65a33ipgo2wqyj4zba",
            "name": "seguridadsocial",
            "tenancy_id": "ocid1.tenancy.oc19..aaaaaaaa4ftkyx3ao73kndo3mbltj6gtbf27mxbgpu65a33ipgo2wqyj4zba",
            "upi_idcs_compatibility_layer_endpoint": null
          },
          "sensitive_attributes": [],
          "identity_schema_version": 0
        }
      ]
    },
    {
      "module": "module.oci_lz_orchestrator.module.oci_lz_policies[0]",
      "mode": "managed",
      "type": "oci_identity_policy",
      "name": "these",
      "provider": "module.oci_lz_orchestrator.provider[\"registry.terraform.io/oracle/oci\"].home",
      "instances": [
        {
          "index_key": "PCY-AUDITING-ADMIN-KEY",
          "schema_version": 0,
          "attributes": {
            "ETag": "ba303a8bda621be40d0fb6036c5b5b87abdec337",
            "compartment_id": "ocid1.tenancy.oc19..aaaaaaaa4ftkyx3ao73kndo3mbltj6gtbf27mxbgpu65a33ipgo2wqyj4zba",
            "defined_tags": {
              "Oracle-Tags.CreatedBy": "default/jorge.e.torlaschi@accenture.com",
              "Oracle-Tags.CreatedOn": "2026-03-02T14:48:56.825Z"
            },
            "description": "Allow o-p-om2-grp-admi-auditors-001 group users to read all the resources in the tenancy.",
            "freeform_tags": {
              "ocilz-terraform-module": "iam-policies/0.3.3\n"
            },
            "id": "ocid1.policy.oc19..aaaaaaaa2xercruasfu3wacdfwdyl7ovqyswyxnmrtzlqbsfji6ncv4xwf6q",
            "inactive_state": null,
            "lastUpdateETag": "ba303a8bda621be40d0fb6036c5b5b87abdec337",
            "name": "o-p-om2-pcy-auda-001",
            "policyHash": "e730b8858c9ae7d01d367098d53dc7b6",
            "state": "ACTIVE",
            "statements": [
              "allow group 'o-p-om2-id-common-001'/'o-p-om2-grp-admi-auditors-001' to inspect all-resources in tenancy",
              "allow group 'o-p-om2-id-common-001'/'o-p-om2-grp-admi-auditors-001' to read instances in tenancy",
              "allow group 'o-p-om2-id-common-001'/'o-p-om2-grp-admi-auditors-001' to read load-balancers in tenancy",
              "allow group 'o-p-om2-id-common-001'/'o-p-om2-grp-admi-auditors-001' to read buckets in tenancy",
              "allow group 'o-p-om2-id-common-001'/'o-p-om2-grp-admi-auditors-001' to read nat-gateways in tenancy",
              "allow group 'o-p-om2-id-common-001'/'o-p-om2-grp-admi-auditors-001' to read public-ips in tenancy",
              "allow group 'o-p-om2-id-common-001'/'o-p-om2-grp-admi-auditors-001' to read file-family in tenancy",
              "allow group 'o-p-om2-id-common-001'/'o-p-om2-grp-admi-auditors-001' to read instance-configurations in tenancy",
              "allow group 'o-p-om2-id-common-001'/'o-p-om2-grp-admi-auditors-001' to read network-security-groups in tenancy",
              "allow group 'o-p-om2-id-common-001'/'o-p-om2-grp-admi-auditors-001' to read resource-availability in tenancy",
              "allow group 'o-p-om2-id-common-001'/'o-p-om2-grp-admi-auditors-001' to read audit-events in tenancy",
              "allow group 'o-p-om2-id-common-001'/'o-p-om2-grp-admi-auditors-001' to read users in tenancy",
              "allow group 'o-p-om2-id-common-001'/'o-p-om2-grp-admi-auditors-001' to use cloud-shell in tenancy",
              "allow group 'o-p-om2-id-common-001'/'o-p-om2-grp-admi-auditors-001' to read vss-family in tenancy",
              "allow group 'o-p-om2-id-common-001'/'o-p-om2-grp-admi-auditors-001' to read usage-budgets in tenancy",
              "allow group 'o-p-om2-id-common-001'/'o-p-om2-grp-admi-auditors-001' to read usage-reports in tenancy",
              "allow group 'o-p-om2-id-common-001'/'o-p-om2-grp-admi-auditors-001' to read data-safe-family in tenancy",
              "allow group 'o-p-om2-id-common-001'/'o-p-om2-grp-admi-auditors-001' to read vaults in tenancy",
              "allow group 'o-p-om2-id-common-001'/'o-p-om2-grp-admi-auditors-001' to read keys in tenancy",
              "allow group 'o-p-om2-id-common-001'/'o-p-om2-grp-admi-auditors-001' to read tag-namespaces in tenancy",
              "allow group 'o-p-om2-id-common-001'/'o-p-om2-grp-admi-auditors-001' to read serviceconnectors in tenancy",
              "allow group 'o-p-om2-id-common-001'/'o-p-om2-grp-admi-auditors-001' to use ons-family in tenancy where any {request.operation!=/Create*/, request.operation!=/Update*/, request.operation!=/Delete*/, request.operation!=/Change*/}"
            ],
            "time_created": "2026-03-02 14:48:56.83 +0000 UTC",
            "timeouts": null,
            "version_date": null
          },
          "sensitive_attributes": [],
          "identity_schema_version": 0,
          "private": "eyJlMmJmYjczMC1lY2FhLTExZTYtOGY4OC0zNDM2M2JjN2M0YzAiOnsiY3JlYXRlIjoxMjAwMDAwMDAwMDAwLCJkZWxldGUiOjEyMDAwMDAwMDAwMDAsInVwZGF0ZSI6MTIwMDAwMDAwMDAwMH19",
          "dependencies": [
            "module.oci_lz_orchestrator.data.oci_identity_regions.these",
            "module.oci_lz_orchestrator.data.oci_identity_tenancy.this",
            "module.oci_lz_orchestrator.module.oci_lz_compartments.oci_identity_compartment.level_2",
            "module.oci_lz_orchestrator.module.oci_lz_compartments.oci_identity_compartment.level_3",
            "module.oci_lz_orchestrator.module.oci_lz_compartments.oci_identity_compartment.level_4",
            "module.oci_lz_orchestrator.module.oci_lz_compartments.oci_identity_compartment.level_5",
            "module.oci_lz_orchestrator.module.oci_lz_compartments.oci_identity_compartment.level_6",
            "module.oci_lz_orchestrator.module.oci_lz_compartments.oci_identity_compartment.these",
            "module.oci_lz_orchestrator.module.oci_lz_compartments.oci_identity_tag_default.these",
            "module.oci_lz_orchestrator.module.oci_lz_dynamic_groups.oci_identity_dynamic_group.these",
            "module.oci_lz_orchestrator.module.oci_lz_groups.data.oci_identity_users.these",
            "module.oci_lz_orchestrator.module.oci_lz_groups.oci_identity_group.these",
            "module.oci_lz_orchestrator.module.oci_lz_groups.oci_identity_user_group_membership.these",
            "module.oci_lz_orchestrator.module.oci_lz_policies.data.oci_identity_region_subscriptions.these",
            "module.oci_lz_orchestrator.module.oci_lz_policies.data.oci_identity_tenancy.this",
            "module.oci_lz_orchestrator.module.oci_lz_tags.data.oci_identity_tag.default_created_by",
            "module.oci_lz_orchestrator.module.oci_lz_tags.data.oci_identity_tag.default_created_on",
            "module.oci_lz_orchestrator.module.oci_lz_tags.data.oci_identity_tag_namespaces.oracle_default",
            "module.oci_lz_orchestrator.module.oci_lz_tags.oci_identity_tag.these",
            "module.oci_lz_orchestrator.module.oci_lz_tags.oci_identity_tag_default.these",
            "module.oci_lz_orchestrator.module.oci_lz_tags.oci_identity_tag_namespace.these"
          ]
        },
        {
          "index_key": "PCY-COST-ADMIN-KEY",
          "schema_version": 0,
          "attributes": {
            "ETag": "ac94c67bf6ab82772f1c996a20483646fe59ae74",
            "compartment_id": "ocid1.tenancy.oc19..aaaaaaaa4ftkyx3ao73kndo3mbltj6gtbf27mxbgpu65a33ipgo2wqyj4zba",
            "defined_tags": {
              "Oracle-Tags.CreatedBy": "default/jorge.e.torlaschi@accenture.com",
              "Oracle-Tags.CreatedOn": "2026-03-02T14:48:58.820Z"
            },
            "description": "Allow o-p-om2-grp-admi-costs-001 group users to manage all budget resources in the tenancy.",
            "freeform_tags": {
              "ocilz-terraform-module": "iam-policies/0.3.3\n"
            },
            "id": "ocid1.policy.oc19..aaaaaaaavoikkhfcwhlr43lsntmd4334sb7r6covayw3k5q4bvuhhtf7leca",
            "inactive_state": null,
            "lastUpdateETag": "ac94c67bf6ab82772f1c996a20483646fe59ae74",
            "name": "o-p-om2-pcy-costs-001",
            "policyHash": "e1e37c44f80a74ae67bf4a7091b9e660",
            "state": "ACTIVE",
            "statements": [
              "define tenancy usage-report as ocid1.tenancy.oc1..aaaaaaaaned4fkpkisbwjlr56u7cj63lf3wffbilvqknstgtvzub7vhqkggq",
              "endorse group 'o-p-om2-id-common-001'/'o-p-om2-grp-admi-costs-001' to read objects in tenancy usage-report",
              "allow group 'o-p-om2-id-common-001'/'o-p-om2-grp-admi-costs-001' to manage usage-report in tenancy",
              "allow group 'o-p-om2-id-common-001'/'o-p-om2-grp-admi-costs-001' to manage usage-budgets in tenancy"
            ],
            "time_created": "2026-03-02 14:48:58.858 +0000 UTC",
            "timeouts": null,
            "version_date": null
          },
          "sensitive_attributes": [],
          "identity_schema_version": 0,
          "private": "eyJlMmJmYjczMC1lY2FhLTExZTYtOGY4OC0zNDM2M2JjN2M0YzAiOnsiY3JlYXRlIjoxMjAwMDAwMDAwMDAwLCJkZWxldGUiOjEyMDAwMDAwMDAwMDAsInVwZGF0ZSI6MTIwMDAwMDAwMDAwMH19",
          "dependencies": [
            "module.oci_lz_orchestrator.data.oci_identity_regions.these",
            "module.oci_lz_orchestrator.data.oci_identity_tenancy.this",
            "module.oci_lz_orchestrator.module.oci_lz_compartments.oci_identity_compartment.level_2",
            "module.oci_lz_orchestrator.module.oci_lz_compartments.oci_identity_compartment.level_3",
            "module.oci_lz_orchestrator.module.oci_lz_compartments.oci_identity_compartment.level_4",
            "module.oci_lz_orchestrator.module.oci_lz_compartments.oci_identity_compartment.level_5",
            "module.oci_lz_orchestrator.module.oci_lz_compartments.oci_identity_compartment.level_6",
            "module.oci_lz_orchestrator.module.oci_lz_compartments.oci_identity_compartment.these",
            "module.oci_lz_orchestrator.module.oci_lz_compartments.oci_identity_tag_default.these",
            "module.oci_lz_orchestrator.module.oci_lz_dynamic_groups.oci_identity_dynamic_group.these",
            "module.oci_lz_orchestrator.module.oci_lz_groups.data.oci_identity_users.these",
            "module.oci_lz_orchestrator.module.oci_lz_groups.oci_identity_group.these",
            "module.oci_lz_orchestrator.module.oci_lz_groups.oci_identity_user_group_membership.these",
            "module.oci_lz_orchestrator.module.oci_lz_policies.data.oci_identity_region_subscriptions.these",
            "module.oci_lz_orchestrator.module.oci_lz_policies.data.oci_identity_tenancy.this",
            "module.oci_lz_orchestrator.module.oci_lz_tags.data.oci_identity_tag.default_created_by",
            "module.oci_lz_orchestrator.module.oci_lz_tags.data.oci_identity_tag.default_created_on",
            "module.oci_lz_orchestrator.module.oci_lz_tags.data.oci_identity_tag_namespaces.oracle_default",
            "module.oci_lz_orchestrator.module.oci_lz_tags.oci_identity_tag.these",
            "module.oci_lz_orchestrator.module.oci_lz_tags.oci_identity_tag_default.these",
            "module.oci_lz_orchestrator.module.oci_lz_tags.oci_identity_tag_namespace.these"
          ]
        },
        {
          "index_key": "PCY-GENERIC-ADMIN-KEY",
          "schema_version": 0,
          "attributes": {
            "ETag": "9695451ef784f9adc55b4af81cec869dfb5b35d8",
            "compartment_id": "ocid1.tenancy.oc19..aaaaaaaa4ftkyx3ao73kndo3mbltj6gtbf27mxbgpu65a33ipgo2wqyj4zba",
            "defined_tags": {
              "Oracle-Tags.CreatedBy": "default/jorge.e.torlaschi@accenture.com",
              "Oracle-Tags.CreatedOn": "2026-03-02T14:48:58.822Z"
            },
            "description": "Allow defined groups to use generic services.",
            "freeform_tags": {
              "ocilz-terraform-module": "iam-policies/0.3.3\n"
            },
            "id": "ocid1.policy.oc19..aaaaaaaa7q6r76tqhhq5ep4aizbtlvnfokbpcqanezkembpmtdejxxnu2uca",
            "inactive_state": null,
            "lastUpdateETag": "9695451ef784f9adc55b4af81cec869dfb5b35d8",
            "name": "o-p-om2-pcy-gadm-001",
            "policyHash": "098c2c5f32df88edf88841034c20a864",
            "state": "ACTIVE",
            "statements": [
              "allow group 'o-p-om2-id-common-001'/'o-p-om2-grp-admi-iam-001', 'o-p-om2-id-common-001'/'o-p-om2-grp-admi-auditors-001', 'o-p-om2-id-common-001'/'o-p-om2-grp-seca-001', 'o-p-om2-id-common-001'/'o-p-om2-grp-neta-001' to use cloud-shell in tenancy",
              "allow group 'o-p-om2-id-common-001'/'o-p-om2-grp-admi-iam-001', 'o-p-om2-id-common-001'/'o-p-om2-grp-admi-auditors-001', 'o-p-om2-id-common-001'/'o-p-om2-grp-seca-001', 'o-p-om2-id-common-001'/'o-p-om2-grp-neta-001' to use cloud-shell-public-network in tenancy",
              "allow group 'o-p-om2-id-common-001'/'o-p-om2-grp-admi-iam-001', 'o-p-om2-id-common-001'/'o-p-om2-grp-admi-auditors-001', 'o-p-om2-id-common-001'/'o-p-om2-grp-seca-001', 'o-p-om2-id-common-001'/'o-p-om2-grp-neta-001' to read usage-budgets in tenancy",
              "allow group 'o-p-om2-id-common-001'/'o-p-om2-grp-admi-iam-001', 'o-p-om2-id-common-001'/'o-p-om2-grp-admi-auditors-001', 'o-p-om2-id-common-001'/'o-p-om2-grp-seca-001', 'o-p-om2-id-common-001'/'o-p-om2-grp-neta-001' to read usage-reports in tenancy",
              "allow group 'o-p-om2-id-common-001'/'o-p-om2-grp-admi-iam-001', 'o-p-om2-id-common-001'/'o-p-om2-grp-admi-auditors-001', 'o-p-om2-id-common-001'/'o-p-om2-grp-seca-001', 'o-p-om2-id-common-001'/'o-p-om2-grp-neta-001' to read objectstorage-namespaces in tenancy",
              "allow any-user to inspect tag-namespaces in tenancy where target.tag-namespace.name='o-p-om2-tagns-name-001'"
            ],
            "time_created": "2026-03-02 14:48:58.886 +0000 UTC",
            "timeouts": null,
            "version_date": null
          },
          "sensitive_attributes": [],
          "identity_schema_version": 0,
          "private": "eyJlMmJmYjczMC1lY2FhLTExZTYtOGY4OC0zNDM2M2JjN2M0YzAiOnsiY3JlYXRlIjoxMjAwMDAwMDAwMDAwLCJkZWxldGUiOjEyMDAwMDAwMDAwMDAsInVwZGF0ZSI6MTIwMDAwMDAwMDAwMH19",
          "dependencies": [
            "module.oci_lz_orchestrator.data.oci_identity_regions.these",
            "module.oci_lz_orchestrator.data.oci_identity_tenancy.this",
            "module.oci_lz_orchestrator.module.oci_lz_compartments.oci_identity_compartment.level_2",
            "module.oci_lz_orchestrator.module.oci_lz_compartments.oci_identity_compartment.level_3",
            "module.oci_lz_orchestrator.module.oci_lz_compartments.oci_identity_compartment.level_4",
            "module.oci_lz_orchestrator.module.oci_lz_compartments.oci_identity_compartment.level_5",
            "module.oci_lz_orchestrator.module.oci_lz_compartments.oci_identity_compartment.level_6",
            "module.oci_lz_orchestrator.module.oci_lz_compartments.oci_identity_compartment.these",
            "module.oci_lz_orchestrator.module.oci_lz_compartments.oci_identity_tag_default.these",
            "module.oci_lz_orchestrator.module.oci_lz_dynamic_groups.oci_identity_dynamic_group.these",
            "module.oci_lz_orchestrator.module.oci_lz_groups.data.oci_identity_users.these",
            "module.oci_lz_orchestrator.module.oci_lz_groups.oci_identity_group.these",
            "module.oci_lz_orchestrator.module.oci_lz_groups.oci_identity_user_group_membership.these",
            "module.oci_lz_orchestrator.module.oci_lz_policies.data.oci_identity_region_subscriptions.these",
            "module.oci_lz_orchestrator.module.oci_lz_policies.data.oci_identity_tenancy.this",
            "module.oci_lz_orchestrator.module.oci_lz_tags.data.oci_identity_tag.default_created_by",
            "module.oci_lz_orchestrator.module.oci_lz_tags.data.oci_identity_tag.default_created_on",
            "module.oci_lz_orchestrator.module.oci_lz_tags.data.oci_identity_tag_namespaces.oracle_default",
            "module.oci_lz_orchestrator.module.oci_lz_tags.oci_identity_tag.these",
            "module.oci_lz_orchestrator.module.oci_lz_tags.oci_identity_tag_default.these",
            "module.oci_lz_orchestrator.module.oci_lz_tags.oci_identity_tag_namespace.these"
          ]
        },
        {
          "index_key": "PCY-GLOBALSERV-ADMIN-KEY",
          "schema_version": 0,
          "attributes": {
            "ETag": "3b2c030b5b04544ae9f06c00b0bd5e485f6efcb1",
            "compartment_id": "ocid1.tenancy.oc19..aaaaaaaa4ftkyx3ao73kndo3mbltj6gtbf27mxbgpu65a33ipgo2wqyj4zba",
            "defined_tags": {
              "Oracle-Tags.CreatedBy": "default/jorge.e.torlaschi@accenture.com",
              "Oracle-Tags.CreatedOn": "2026-03-02T14:48:57.586Z"
            },
            "description": "Allow o-p-om2-grp-admi-globresou-001 group users to manage gloabal service, as cloud guard",
            "freeform_tags": {
              "ocilz-terraform-module": "iam-policies/0.3.3\n"
            },
            "id": "ocid1.policy.oc19..aaaaaaaad2to4nwrwoqdupxnnqec2h3cqsf4zbdfqmiap5byzm6kr5i6nora",
            "inactive_state": null,
            "lastUpdateETag": "3b2c030b5b04544ae9f06c00b0bd5e485f6efcb1",
            "name": "o-p-om2-pcy-globalserv-001",
            "policyHash": "419e4cdc17ae7e02d99eebe7dbf51203",
            "state": "ACTIVE",
            "statements": [
              "allow group 'o-p-om2-id-common-001'/'o-p-om2-grp-admi-globalserv-001' to manage cloudevents-rules in tenancy",
              "allow group 'o-p-om2-id-common-001'/'o-p-om2-grp-admi-globalserv-001' to manage cloud-guard-family in tenancy",
              "allow group 'o-p-om2-id-common-001'/'o-p-om2-grp-admi-globalserv-001' to read tenancies in tenancy"
            ],
            "time_created": "2026-03-02 14:48:57.591 +0000 UTC",
            "timeouts": null,
            "version_date": null
          },
          "sensitive_attributes": [],
          "identity_schema_version": 0,
          "private": "eyJlMmJmYjczMC1lY2FhLTExZTYtOGY4OC0zNDM2M2JjN2M0YzAiOnsiY3JlYXRlIjoxMjAwMDAwMDAwMDAwLCJkZWxldGUiOjEyMDAwMDAwMDAwMDAsInVwZGF0ZSI6MTIwMDAwMDAwMDAwMH19",
          "dependencies": [
            "module.oci_lz_orchestrator.data.oci_identity_regions.these",
            "module.oci_lz_orchestrator.data.oci_identity_tenancy.this",
            "module.oci_lz_orchestrator.module.oci_lz_compartments.oci_identity_compartment.level_2",
            "module.oci_lz_orchestrator.module.oci_lz_compartments.oci_identity_compartment.level_3",
            "module.oci_lz_orchestrator.module.oci_lz_compartments.oci_identity_compartment.level_4",
            "module.oci_lz_orchestrator.module.oci_lz_compartments.oci_identity_compartment.level_5",
            "module.oci_lz_orchestrator.module.oci_lz_compartments.oci_identity_compartment.level_6",
            "module.oci_lz_orchestrator.module.oci_lz_compartments.oci_identity_compartment.these",
            "module.oci_lz_orchestrator.module.oci_lz_compartments.oci_identity_tag_default.these",
            "module.oci_lz_orchestrator.module.oci_lz_dynamic_groups.oci_identity_dynamic_group.these",
            "module.oci_lz_orchestrator.module.oci_lz_groups.data.oci_identity_users.these",
            "module.oci_lz_orchestrator.module.oci_lz_groups.oci_identity_group.these",
            "module.oci_lz_orchestrator.module.oci_lz_groups.oci_identity_user_group_membership.these",
            "module.oci_lz_orchestrator.module.oci_lz_policies.data.oci_identity_region_subscriptions.these",
            "module.oci_lz_orchestrator.module.oci_lz_policies.data.oci_identity_tenancy.this",
            "module.oci_lz_orchestrator.module.oci_lz_tags.data.oci_identity_tag.default_created_by",
            "module.oci_lz_orchestrator.module.oci_lz_tags.data.oci_identity_tag.default_created_on",
            "module.oci_lz_orchestrator.module.oci_lz_tags.data.oci_identity_tag_namespaces.oracle_default",
            "module.oci_lz_orchestrator.module.oci_lz_tags.oci_identity_tag.these",
            "module.oci_lz_orchestrator.module.oci_lz_tags.oci_identity_tag_default.these",
            "module.oci_lz_orchestrator.module.oci_lz_tags.oci_identity_tag_namespace.these"
          ]
        },
        {
          "index_key": "PCY-IAM-ADMIN-KEY",
          "schema_version": 0,
          "attributes": {
            "ETag": "6cc97d45a52770e8278f887d24f2c3b3050b76d8",
            "compartment_id": "ocid1.tenancy.oc19..aaaaaaaa4ftkyx3ao73kndo3mbltj6gtbf27mxbgpu65a33ipgo2wqyj4zba",
            "defined_tags": {
              "Oracle-Tags.CreatedBy": "default/jorge.e.torlaschi@accenture.com",
              "Oracle-Tags.CreatedOn": "2026-03-02T14:48:56.746Z"
            },
            "description": "Allow o-p-om2-grp-admi-iam-001 group users to manage IAM resources in the tenancy.",
            "freeform_tags": {
              "ocilz-terraform-module": "iam-policies/0.3.3\n"
            },
            "id": "ocid1.policy.oc19..aaaaaaaas3hkumapntb6j6zlljep3nycqh6horakx73nbp5hqxh6jjbhloka",
            "inactive_state": null,
            "lastUpdateETag": "6cc97d45a52770e8278f887d24f2c3b3050b76d8",
            "name": "o-p-om2-pcy-iam-001",
            "policyHash": "b8f9253922cf4d9d983d83f30208ecb5",
            "state": "ACTIVE",
            "statements": [
              "allow group 'o-p-om2-id-common-001'/'o-p-om2-grp-admi-iam-001' to manage policies in tenancy",
              "allow group 'o-p-om2-id-common-001'/'o-p-om2-grp-admi-iam-001' to manage users in tenancy",
              "allow group 'o-p-om2-id-common-001'/'o-p-om2-grp-admi-iam-001' to inspect groups in tenancy",
              "allow group 'o-p-om2-id-common-001'/'o-p-om2-grp-admi-iam-001' to manage groups in tenancy where all {target.group.name != 'Administrators'}",
              "allow group 'o-p-om2-id-common-001'/'o-p-om2-grp-admi-iam-001' to manage identity-providers in tenancy",
              "allow group 'o-p-om2-id-common-001'/'o-p-om2-grp-admi-iam-001' to manage dynamic-groups in tenancy",
              "allow group 'o-p-om2-id-common-001'/'o-p-om2-grp-admi-iam-001' to manage authentication-policies in tenancy",
              "allow group 'o-p-om2-id-common-001'/'o-p-om2-grp-admi-iam-001' to manage network-sources in tenancy",
              "allow group 'o-p-om2-id-common-001'/'o-p-om2-grp-admi-iam-001' to manage quota in tenancy",
              "allow group 'o-p-om2-id-common-001'/'o-p-om2-grp-admi-iam-001' to manage tag-defaults in tenancy",
              "allow group 'o-p-om2-id-common-001'/'o-p-om2-grp-admi-iam-001' to manage tag-namespaces in tenancy",
              "allow group 'o-p-om2-id-common-001'/'o-p-om2-grp-admi-iam-001' to manage orm-jobs in tenancy",
              "allow group 'o-p-om2-id-common-001'/'o-p-om2-grp-admi-iam-001' to manage orm-config-source-providers in tenancy"
            ],
            "time_created": "2026-03-02 14:48:56.75 +0000 UTC",
            "timeouts": null,
            "version_date": null
          },
          "sensitive_attributes": [],
          "identity_schema_version": 0,
          "private": "eyJlMmJmYjczMC1lY2FhLTExZTYtOGY4OC0zNDM2M2JjN2M0YzAiOnsiY3JlYXRlIjoxMjAwMDAwMDAwMDAwLCJkZWxldGUiOjEyMDAwMDAwMDAwMDAsInVwZGF0ZSI6MTIwMDAwMDAwMDAwMH19",
          "dependencies": [
            "module.oci_lz_orchestrator.data.oci_identity_regions.these",
            "module.oci_lz_orchestrator.data.oci_identity_tenancy.this",
            "module.oci_lz_orchestrator.module.oci_lz_compartments.oci_identity_compartment.level_2",
            "module.oci_lz_orchestrator.module.oci_lz_compartments.oci_identity_compartment.level_3",
            "module.oci_lz_orchestrator.module.oci_lz_compartments.oci_identity_compartment.level_4",
            "module.oci_lz_orchestrator.module.oci_lz_compartments.oci_identity_compartment.level_5",
            "module.oci_lz_orchestrator.module.oci_lz_compartments.oci_identity_compartment.level_6",
            "module.oci_lz_orchestrator.module.oci_lz_compartments.oci_identity_compartment.these",
            "module.oci_lz_orchestrator.module.oci_lz_compartments.oci_identity_tag_default.these",
            "module.oci_lz_orchestrator.module.oci_lz_dynamic_groups.oci_identity_dynamic_group.these",
            "module.oci_lz_orchestrator.module.oci_lz_groups.data.oci_identity_users.these",
            "module.oci_lz_orchestrator.module.oci_lz_groups.oci_identity_group.these",
            "module.oci_lz_orchestrator.module.oci_lz_groups.oci_identity_user_group_membership.these",
            "module.oci_lz_orchestrator.module.oci_lz_policies.data.oci_identity_region_subscriptions.these",
            "module.oci_lz_orchestrator.module.oci_lz_policies.data.oci_identity_tenancy.this",
            "module.oci_lz_orchestrator.module.oci_lz_tags.data.oci_identity_tag.default_created_by",
            "module.oci_lz_orchestrator.module.oci_lz_tags.data.oci_identity_tag.default_created_on",
            "module.oci_lz_orchestrator.module.oci_lz_tags.data.oci_identity_tag_namespaces.oracle_default",
            "module.oci_lz_orchestrator.module.oci_lz_tags.oci_identity_tag.these",
            "module.oci_lz_orchestrator.module.oci_lz_tags.oci_identity_tag_default.these",
            "module.oci_lz_orchestrator.module.oci_lz_tags.oci_identity_tag_namespace.these"
          ]
        },
        {
          "index_key": "PCY-LZ-PLATFORM-EXACS-DB-ADMIN-KEY",
          "schema_version": 0,
          "attributes": {
            "ETag": "29e6f6b8d8ea00830c44433af5b9ea277b48fe10",
            "compartment_id": "ocid1.compartment.oc19..aaaaaaaa64nf6r6r2sjiqnyl7rzujvboeyj55psfrwqycdp6fydhncte7v7q",
            "defined_tags": {
              "Oracle-Tags.CreatedBy": "default/jorge.e.torlaschi@accenture.com",
              "Oracle-Tags.CreatedOn": "2026-03-02T14:48:58.775Z"
            },
            "description": "Example policy which allows the o-p-om2-grp-admi-database-001 group users to manage databases in all the environments and projects.",
            "freeform_tags": {
              "ocilz-terraform-module": "iam-policies/0.3.3\n"
            },
            "id": "ocid1.policy.oc19..aaaaaaaah5wyvo2c4zxessgp7gtpxg5by7uxq333hawmwantplcao6naz4oq",
            "inactive_state": null,
            "lastUpdateETag": "29e6f6b8d8ea00830c44433af5b9ea277b48fe10",
            "name": "o-p-om2-pcy-edb-001",
            "policyHash": "135bfe713093193469f48d45db269945",
            "state": "ACTIVE",
            "statements": [
              "allow group 'o-p-om2-id-common-001'/'o-p-om2-grp-admi-database-001' to manage orm-stacks in compartment o-p-om2-cmp-land-001 where sets-intersect(target.resource.compartment.tag.o-p-om2-tagns-name-001.o-p-om2-tag-role-001, ('o-p-om2-tag-role-exadb-001'))",
              "allow group 'o-p-om2-id-common-001'/'o-p-om2-grp-admi-database-001' to manage orm-jobs in compartment o-p-om2-cmp-land-001 where sets-intersect(target.resource.compartment.tag.o-p-om2-tagns-name-001.o-p-om2-tag-role-001, ('o-p-om2-tag-role-exadb-001'))",
              "allow group 'o-p-om2-id-common-001'/'o-p-om2-grp-admi-database-001' to manage orm-config-source-providers in compartment o-p-om2-cmp-land-001 where sets-intersect(target.resource.compartment.tag.o-p-om2-tagns-name-001.o-p-om2-tag-role-001, ('o-p-om2-tag-role-exadb-001'))",
              "allow group 'o-p-om2-id-common-001'/'o-p-om2-grp-admi-database-001' to read audit-events in compartment o-p-om2-cmp-land-001 where sets-intersect(target.resource.compartment.tag.o-p-om2-tagns-name-001.o-p-om2-tag-role-001, ('o-p-om2-tag-role-exadb-001'))",
              "allow group 'o-p-om2-id-common-001'/'o-p-om2-grp-admi-database-001' to read work-requests in compartment o-p-om2-cmp-land-001 where sets-intersect(target.resource.compartment.tag.o-p-om2-tagns-name-001.o-p-om2-tag-role-001, ('o-p-om2-tag-role-exadb-001'))",
              "allow group 'o-p-om2-id-common-001'/'o-p-om2-grp-admi-database-001' to manage data-safe-family in compartment o-p-om2-cmp-land-001 where sets-intersect(target.resource.compartment.tag.o-p-om2-tagns-name-001.o-p-om2-tag-role-001, ('o-p-om2-tag-role-exadb-001'))",
              "allow group 'o-p-om2-id-common-001'/'o-p-om2-grp-admi-database-001' to manage cloudevents-rules in compartment o-p-om2-cmp-land-001 where sets-intersect(target.resource.compartment.tag.o-p-om2-tagns-name-001.o-p-om2-tag-role-001, ('o-p-om2-tag-role-exadb-001'))",
              "allow group 'o-p-om2-id-common-001'/'o-p-om2-grp-admi-database-001' to use cloud-exadata-infrastructures in compartment o-p-om2-cmp-land-001 where all{sets-intersect(target.resource.compartment.tag.o-p-om2-tagns-name-001.o-p-om2-tag-role-001, ('o-p-om2-tag-role-exadb-001')), request.operation != 'ChangeCloudExadataInfrastructureCompartment', request.operation != 'AddStorageCapacityCloudExadataInfrastructure'}",
              "allow group 'o-p-om2-id-common-001'/'o-p-om2-grp-admi-database-001' to use cloud-vmclusters in compartment o-p-om2-cmp-land-001 where all{sets-intersect(target.resource.compartment.tag.o-p-om2-tagns-name-001.o-p-om2-tag-role-001, ('o-p-om2-tag-role-exadb-001')), request.permission != 'CLOUD_VM_CLUSTER_UPDATE_SSH_KEY', request.permission != 'CLOUD_VM_CLUSTER_UPDATE_CPU', request.permission != 'CLOUD_VM_CLUSTER_UPDATE_MEMORY', request.permission !='CLOUD_VM_CLUSTER_UPDATE_LOCAL_STORAGE', request.permission != 'CLOUD_VM_CLUSTER_UPDATE_FILE_SYSTEM'}",
              "allow group 'o-p-om2-id-common-001'/'o-p-om2-grp-admi-database-001' to manage backups in compartment o-p-om2-cmp-land-001 where sets-intersect(target.resource.compartment.tag.o-p-om2-tagns-name-001.o-p-om2-tag-role-001, ('o-p-om2-tag-role-exadb-001'))",
              "allow group 'o-p-om2-id-common-001'/'o-p-om2-grp-admi-database-001' to manage database-software-image in compartment o-p-om2-cmp-land-001 where sets-intersect(target.resource.compartment.tag.o-p-om2-tagns-name-001.o-p-om2-tag-role-001, ('o-p-om2-tag-role-exadb-001'))",
              "allow group 'o-p-om2-id-common-001'/'o-p-om2-grp-admi-database-001' to manage db-homes in compartment o-p-om2-cmp-land-001 where sets-intersect(target.resource.compartment.tag.o-p-om2-tagns-name-001.o-p-om2-tag-role-001, ('o-p-om2-tag-role-exadb-001'))",
              "allow group 'o-p-om2-id-common-001'/'o-p-om2-grp-admi-database-001' to manage databases in compartment o-p-om2-cmp-land-001 where sets-intersect(target.resource.compartment.tag.o-p-om2-tagns-name-001.o-p-om2-tag-role-001, ('o-p-om2-tag-role-exadb-001'))",
              "allow group 'o-p-om2-id-common-001'/'o-p-om2-grp-admi-database-001' to manage pluggable-databases in compartment o-p-om2-cmp-land-001 where sets-intersect(target.resource.compartment.tag.o-p-om2-tagns-name-001.o-p-om2-tag-role-001, ('o-p-om2-tag-role-exadb-001'))",
              "allow group 'o-p-om2-id-common-001'/'o-p-om2-grp-admi-database-001' to manage autonomous-databases in compartment o-p-om2-cmp-land-001 where sets-intersect(target.resource.compartment.tag.o-p-om2-tagns-name-001.o-p-om2-tag-role-001, ('o-p-om2-tag-role-exadb-001'))",
              "allow group 'o-p-om2-id-common-001'/'o-p-om2-grp-admi-database-001' to manage autonomous-backups in compartment o-p-om2-cmp-land-001 where sets-intersect(target.resource.compartment.tag.o-p-om2-tagns-name-001.o-p-om2-tag-role-001, ('o-p-om2-tag-role-exadb-001'))",
              "allow group 'o-p-om2-id-common-001'/'o-p-om2-grp-admi-database-001' to manage autonomous-container-databases in compartment o-p-om2-cmp-land-001 where sets-intersect(target.resource.compartment.tag.o-p-om2-tagns-name-001.o-p-om2-tag-role-001, ('o-p-om2-tag-role-exadb-001'))",
              "allow group 'o-p-om2-id-common-001'/'o-p-om2-grp-admi-database-001' to read virtual-network-family in compartment o-p-om2-cmp-land-001 where sets-intersect(target.resource.compartment.tag.o-p-om2-tagns-name-001.o-p-om2-tag-role-001, ('o-p-om2-tag-role-network-001'))"
            ],
            "time_created": "2026-03-02 14:48:58.791 +0000 UTC",
            "timeouts": null,
            "version_date": null
          },
          "sensitive_attributes": [],
          "identity_schema_version": 0,
          "private": "eyJlMmJmYjczMC1lY2FhLTExZTYtOGY4OC0zNDM2M2JjN2M0YzAiOnsiY3JlYXRlIjoxMjAwMDAwMDAwMDAwLCJkZWxldGUiOjEyMDAwMDAwMDAwMDAsInVwZGF0ZSI6MTIwMDAwMDAwMDAwMH19",
          "dependencies": [
            "module.oci_lz_orchestrator.data.oci_identity_regions.these",
            "module.oci_lz_orchestrator.data.oci_identity_tenancy.this",
            "module.oci_lz_orchestrator.module.oci_lz_compartments.oci_identity_compartment.level_2",
            "module.oci_lz_orchestrator.module.oci_lz_compartments.oci_identity_compartment.level_3",
            "module.oci_lz_orchestrator.module.oci_lz_compartments.oci_identity_compartment.level_4",
            "module.oci_lz_orchestrator.module.oci_lz_compartments.oci_identity_compartment.level_5",
            "module.oci_lz_orchestrator.module.oci_lz_compartments.oci_identity_compartment.level_6",
            "module.oci_lz_orchestrator.module.oci_lz_compartments.oci_identity_compartment.these",
            "module.oci_lz_orchestrator.module.oci_lz_compartments.oci_identity_tag_default.these",
            "module.oci_lz_orchestrator.module.oci_lz_dynamic_groups.oci_identity_dynamic_group.these",
            "module.oci_lz_orchestrator.module.oci_lz_groups.data.oci_identity_users.these",
            "module.oci_lz_orchestrator.module.oci_lz_groups.oci_identity_group.these",
            "module.oci_lz_orchestrator.module.oci_lz_groups.oci_identity_user_group_membership.these",
            "module.oci_lz_orchestrator.module.oci_lz_policies.data.oci_identity_region_subscriptions.these",
            "module.oci_lz_orchestrator.module.oci_lz_policies.data.oci_identity_tenancy.this",
            "module.oci_lz_orchestrator.module.oci_lz_tags.data.oci_identity_tag.default_created_by",
            "module.oci_lz_orchestrator.module.oci_lz_tags.data.oci_identity_tag.default_created_on",
            "module.oci_lz_orchestrator.module.oci_lz_tags.data.oci_identity_tag_namespaces.oracle_default",
            "module.oci_lz_orchestrator.module.oci_lz_tags.oci_identity_tag.these",
            "module.oci_lz_orchestrator.module.oci_lz_tags.oci_identity_tag_default.these",
            "module.oci_lz_orchestrator.module.oci_lz_tags.oci_identity_tag_namespace.these"
          ]
        },
        {
          "index_key": "PCY-LZ-PLATFORM-EXACS-GENERIC-ADMIN-KEY",
          "schema_version": 0,
          "attributes": {
            "ETag": "70fcf1150f1ac7ad2468b21c5e1ec2e75a6e86dd",
            "compartment_id": "ocid1.tenancy.oc19..aaaaaaaa4ftkyx3ao73kndo3mbltj6gtbf27mxbgpu65a33ipgo2wqyj4zba",
            "defined_tags": {
              "Oracle-Tags.CreatedBy": "default/jorge.e.torlaschi@accenture.com",
              "Oracle-Tags.CreatedOn": "2026-03-02T14:48:56.672Z"
            },
            "description": "Policy which allows the groups o-p-om2-grp-admi-infra-001 and o-p-om2-grp-admi-database-001 to have shared privilegies in all exacs compartments",
            "freeform_tags": {
              "ocilz-terraform-module": "iam-policies/0.3.3\n"
            },
            "id": "ocid1.policy.oc19..aaaaaaaannb4egwlxs5dtnpfcgdd2yyggyzuzutpplc45ur2qkb2wo3ruhia",
            "inactive_state": null,
            "lastUpdateETag": "70fcf1150f1ac7ad2468b21c5e1ec2e75a6e86dd",
            "name": "o-p-om2-pcy-eadm-001",
            "policyHash": "bc9a59bbf068eea96c5646a62e40e53d",
            "state": "ACTIVE",
            "statements": [
              "allow group 'o-p-om2-id-common-001'/'o-p-om2-grp-admi-infra-001','o-p-om2-id-common-001'/'o-p-om2-grp-admi-database-001' to use cloud-shell in tenancy",
              "allow group 'o-p-om2-id-common-001'/'o-p-om2-grp-admi-infra-001','o-p-om2-id-common-001'/'o-p-om2-grp-admi-database-001' to read compartments in tenancy",
              "allow group 'o-p-om2-id-common-001'/'o-p-om2-grp-admi-infra-001','o-p-om2-id-common-001'/'o-p-om2-grp-admi-database-001' to read all-resources in compartment o-p-om2-cmp-land-001 where sets-intersect(target.resource.compartment.tag.o-p-om2-tagns-name-001.o-p-om2-tag-role-001, ('o-p-om2-tag-role-exa-001'))",
              "allow group 'o-p-om2-id-common-001'/'o-p-om2-grp-admi-infra-001','o-p-om2-id-common-001'/'o-p-om2-grp-admi-database-001' to manage alarms in compartment o-p-om2-cmp-land-001 where sets-intersect(target.resource.compartment.tag.o-p-om2-tagns-name-001.o-p-om2-tag-role-001, ('o-p-om2-tag-role-exa-001'))",
              "allow group 'o-p-om2-id-common-001'/'o-p-om2-grp-admi-infra-001','o-p-om2-id-common-001'/'o-p-om2-grp-admi-database-001' to manage metrics in compartment o-p-om2-cmp-land-001 where sets-intersect(target.resource.compartment.tag.o-p-om2-tagns-name-001.o-p-om2-tag-role-001, ('o-p-om2-tag-role-exa-001'))",
              "allow group 'o-p-om2-id-common-001'/'o-p-om2-grp-admi-infra-001','o-p-om2-id-common-001'/'o-p-om2-grp-admi-database-001' to read audit-events in compartment o-p-om2-cmp-land-001 where sets-intersect(target.resource.compartment.tag.o-p-om2-tagns-name-001.o-p-om2-tag-role-001, ('o-p-om2-tag-role-exa-001'))",
              "allow group 'o-p-om2-id-common-001'/'o-p-om2-grp-admi-infra-001','o-p-om2-id-common-001'/'o-p-om2-grp-admi-database-001' to read work-requests in compartment o-p-om2-cmp-land-001 where sets-intersect(target.resource.compartment.tag.o-p-om2-tagns-name-001.o-p-om2-tag-role-001, ('o-p-om2-tag-role-exa-001'))",
              "allow group 'o-p-om2-id-common-001'/'o-p-om2-grp-admi-infra-001','o-p-om2-id-common-001'/'o-p-om2-grp-admi-database-001' to manage cloudevents-rules in compartment o-p-om2-cmp-land-001 where sets-intersect(target.resource.compartment.tag.o-p-om2-tagns-name-001.o-p-om2-tag-role-001, ('o-p-om2-tag-role-exa-001'))",
              "allow group 'o-p-om2-id-common-001'/'o-p-om2-grp-admi-infra-001','o-p-om2-id-common-001'/'o-p-om2-grp-admi-database-001' to manage ons-family in compartment o-p-om2-cmp-land-001 where sets-intersect(target.resource.compartment.tag.o-p-om2-tagns-name-001.o-p-om2-tag-role-001, ('o-p-om2-tag-role-exa-001'))",
              "allow group 'o-p-om2-id-common-001'/'o-p-om2-grp-admi-infra-001','o-p-om2-id-common-001'/'o-p-om2-grp-admi-database-001' to manage alarms in compartment o-p-om2-cmp-land-001 where sets-intersect(target.resource.compartment.tag.o-p-om2-tagns-name-001.o-p-om2-tag-role-001, ('o-p-om2-tag-role-exa-001'))",
              "allow group 'o-p-om2-id-common-001'/'o-p-om2-grp-admi-infra-001','o-p-om2-id-common-001'/'o-p-om2-grp-admi-database-001' to manage metrics in compartment o-p-om2-cmp-land-001 where sets-intersect(target.resource.compartment.tag.o-p-om2-tagns-name-001.o-p-om2-tag-role-001, ('o-p-om2-tag-role-exa-001'))"
            ],
            "time_created": "2026-03-02 14:48:56.676 +0000 UTC",
            "timeouts": null,
            "version_date": null
          },
          "sensitive_attributes": [],
          "identity_schema_version": 0,
          "private": "eyJlMmJmYjczMC1lY2FhLTExZTYtOGY4OC0zNDM2M2JjN2M0YzAiOnsiY3JlYXRlIjoxMjAwMDAwMDAwMDAwLCJkZWxldGUiOjEyMDAwMDAwMDAwMDAsInVwZGF0ZSI6MTIwMDAwMDAwMDAwMH19",
          "dependencies": [
            "module.oci_lz_orchestrator.data.oci_identity_regions.these",
            "module.oci_lz_orchestrator.data.oci_identity_tenancy.this",
            "module.oci_lz_orchestrator.module.oci_lz_compartments.oci_identity_compartment.level_2",
            "module.oci_lz_orchestrator.module.oci_lz_compartments.oci_identity_compartment.level_3",
            "module.oci_lz_orchestrator.module.oci_lz_compartments.oci_identity_compartment.level_4",
            "module.oci_lz_orchestrator.module.oci_lz_compartments.oci_identity_compartment.level_5",
            "module.oci_lz_orchestrator.module.oci_lz_compartments.oci_identity_compartment.level_6",
            "module.oci_lz_orchestrator.module.oci_lz_compartments.oci_identity_compartment.these",
            "module.oci_lz_orchestrator.module.oci_lz_compartments.oci_identity_tag_default.these",
            "module.oci_lz_orchestrator.module.oci_lz_dynamic_groups.oci_identity_dynamic_group.these",
            "module.oci_lz_orchestrator.module.oci_lz_groups.data.oci_identity_users.these",
            "module.oci_lz_orchestrator.module.oci_lz_groups.oci_identity_group.these",
            "module.oci_lz_orchestrator.module.oci_lz_groups.oci_identity_user_group_membership.these",
            "module.oci_lz_orchestrator.module.oci_lz_policies.data.oci_identity_region_subscriptions.these",
            "module.oci_lz_orchestrator.module.oci_lz_policies.data.oci_identity_tenancy.this",
            "module.oci_lz_orchestrator.module.oci_lz_tags.data.oci_identity_tag.default_created_by",
            "module.oci_lz_orchestrator.module.oci_lz_tags.data.oci_identity_tag.default_created_on",
            "module.oci_lz_orchestrator.module.oci_lz_tags.data.oci_identity_tag_namespaces.oracle_default",
            "module.oci_lz_orchestrator.module.oci_lz_tags.oci_identity_tag.these",
            "module.oci_lz_orchestrator.module.oci_lz_tags.oci_identity_tag_default.these",
            "module.oci_lz_orchestrator.module.oci_lz_tags.oci_identity_tag_namespace.these"
          ]
        },
        {
          "index_key": "PCY-LZ-PLATFORM-EXACS-INFRA-ADMIN-KEY",
          "schema_version": 0,
          "attributes": {
            "ETag": "4a0eb0c9a782d1b5cc0d6ad7f7482788db8c0dec",
            "compartment_id": "ocid1.compartment.oc19..aaaaaaaa64nf6r6r2sjiqnyl7rzujvboeyj55psfrwqycdp6fydhncte7v7q",
            "defined_tags": {
              "Oracle-Tags.CreatedBy": "default/jorge.e.torlaschi@accenture.com",
              "Oracle-Tags.CreatedOn": "2026-03-02T14:48:58.766Z"
            },
            "description": "Example policy which allows the o-p-om2-grp-admi-infra-001 group users to manage the DB infra in all the environments and projects.",
            "freeform_tags": {
              "ocilz-terraform-module": "iam-policies/0.3.3\n"
            },
            "id": "ocid1.policy.oc19..aaaaaaaaddkbo5tn6ueqg6wzxrlfpfohv7yjspjf75f2lajbiuqdkfgjdzhq",
            "inactive_state": null,
            "lastUpdateETag": "4a0eb0c9a782d1b5cc0d6ad7f7482788db8c0dec",
            "name": "o-p-om2-pcy-einf-001",
            "policyHash": "71f96ec712511f129190d8ae706da976",
            "state": "ACTIVE",
            "statements": [
              "allow group 'o-p-om2-id-common-001'/'o-p-om2-grp-admi-infra-001' to manage cloud-exadata-infrastructures in compartment o-p-om2-cmp-land-001 where sets-intersect(target.resource.compartment.tag.o-p-om2-tagns-name-001.o-p-om2-tag-role-001, ('o-p-om2-tag-role-exainfra-001'))",
              "allow group 'o-p-om2-id-common-001'/'o-p-om2-grp-admi-infra-001' to manage scheduling-policies in compartment o-p-om2-cmp-land-001 where sets-intersect(target.resource.compartment.tag.o-p-om2-tagns-name-001.o-p-om2-tag-role-001, ('o-p-om2-tag-role-exainfra-001'))",
              "allow group 'o-p-om2-id-common-001'/'o-p-om2-grp-admi-infra-001' to manage scheduling-windows in compartment o-p-om2-cmp-land-001 where sets-intersect(target.resource.compartment.tag.o-p-om2-tagns-name-001.o-p-om2-tag-role-001, ('o-p-om2-tag-role-exainfra-001'))",
              "allow group 'o-p-om2-id-common-001'/'o-p-om2-grp-admi-infra-001' to manage execution-windows in compartment o-p-om2-cmp-land-001 where sets-intersect(target.resource.compartment.tag.o-p-om2-tagns-name-001.o-p-om2-tag-role-001, ('o-p-om2-tag-role-exainfra-001'))",
              "allow group 'o-p-om2-id-common-001'/'o-p-om2-grp-admi-infra-001' to manage orm-stacks in compartment o-p-om2-cmp-land-001 where sets-intersect(target.resource.compartment.tag.o-p-om2-tagns-name-001.o-p-om2-tag-role-001, ('o-p-om2-tag-role-exainfra-001'))",
              "allow group 'o-p-om2-id-common-001'/'o-p-om2-grp-admi-infra-001' to manage orm-jobs in compartment o-p-om2-cmp-land-001 where sets-intersect(target.resource.compartment.tag.o-p-om2-tagns-name-001.o-p-om2-tag-role-001, ('o-p-om2-tag-role-exainfra-001'))",
              "allow group 'o-p-om2-id-common-001'/'o-p-om2-grp-admi-infra-001' to manage orm-config-source-providers in compartment o-p-om2-cmp-land-001 where sets-intersect(target.resource.compartment.tag.o-p-om2-tagns-name-001.o-p-om2-tag-role-001, ('o-p-om2-tag-role-exainfra-001'))",
              "allow group 'o-p-om2-id-common-001'/'o-p-om2-grp-admi-infra-001' to read audit-events in compartment o-p-om2-cmp-land-001 where sets-intersect(target.resource.compartment.tag.o-p-om2-tagns-name-001.o-p-om2-tag-role-001, ('o-p-om2-tag-role-exainfra-001'))",
              "allow group 'o-p-om2-id-common-001'/'o-p-om2-grp-admi-infra-001' to read work-requests in compartment o-p-om2-cmp-land-001 where sets-intersect(target.resource.compartment.tag.o-p-om2-tagns-name-001.o-p-om2-tag-role-001, ('o-p-om2-tag-role-exainfra-001'))",
              "allow group 'o-p-om2-id-common-001'/'o-p-om2-grp-admi-infra-001' to manage cloudevents-rules in compartment o-p-om2-cmp-land-001 where sets-intersect(target.resource.compartment.tag.o-p-om2-tagns-name-001.o-p-om2-tag-role-001, ('o-p-om2-tag-role-exainfra-001'))",
              "allow group 'o-p-om2-id-common-001'/'o-p-om2-grp-admi-infra-001' to manage cloud-vmclusters in compartment o-p-om2-cmp-land-001 where all{sets-intersect(target.resource.compartment.tag.o-p-om2-tagns-name-001.o-p-om2-tag-role-001, ('o-p-om2-tag-role-exainfra-001')), request.permission != 'CLOUD_VM_CLUSTER_UPDATE_GI_SOFTWARE', request.permission != 'CLOUD_VM_CLUSTER_UPDATE_EXADATA_STORAGE'}",
              "allow group 'o-p-om2-id-common-001'/'o-p-om2-grp-admi-infra-001' to use dbServers in compartment o-p-om2-cmp-land-001 where sets-intersect(target.resource.compartment.tag.o-p-om2-tagns-name-001.o-p-om2-tag-role-001, ('o-p-om2-tag-role-exainfra-001'))",
              "allow group 'o-p-om2-id-common-001'/'o-p-om2-grp-admi-infra-001' to manage dbnode-console-connection in compartment o-p-om2-cmp-land-001 where sets-intersect(target.resource.compartment.tag.o-p-om2-tagns-name-001.o-p-om2-tag-role-001, ('o-p-om2-tag-role-exainfra-001'))",
              "allow group 'o-p-om2-id-common-001'/'o-p-om2-grp-admi-infra-001' to manage dbnode-console-history in compartment o-p-om2-cmp-land-001 where sets-intersect(target.resource.compartment.tag.o-p-om2-tagns-name-001.o-p-om2-tag-role-001, ('o-p-om2-tag-role-exainfra-001'))",
              "allow group 'o-p-om2-id-common-001'/'o-p-om2-grp-admi-infra-001' to manage cloud-autonomous-vmclusters in compartment o-p-om2-cmp-land-001 where sets-intersect(target.resource.compartment.tag.o-p-om2-tagns-name-001.o-p-om2-tag-role-001, ('o-p-om2-tag-role-exainfra-001'))",
              "allow group 'o-p-om2-id-common-001'/'o-p-om2-grp-admi-infra-001' to use subnets in compartment o-p-om2-cmp-land-001  where sets-intersect(target.resource.compartment.tag.o-p-om2-tagns-name-001.o-p-om2-tag-role-001, ('o-p-om2-tag-role-network-001'))",
              "allow group 'o-p-om2-id-common-001'/'o-p-om2-grp-admi-infra-001' to use vnics in compartment o-p-om2-cmp-land-001 where sets-intersect(target.resource.compartment.tag.o-p-om2-tagns-name-001.o-p-om2-tag-role-001, ('o-p-om2-tag-role-network-001'))",
              "allow group 'o-p-om2-id-common-001'/'o-p-om2-grp-admi-infra-001' to manage db-nodes in compartment o-p-om2-cmp-land-001 where sets-intersect(target.resource.compartment.tag.o-p-om2-tagns-name-001.o-p-om2-tag-role-001, ('o-p-om2-tag-role-exainfra-001'))",
              "allow group 'o-p-om2-id-common-001'/'o-p-om2-grp-admi-infra-001' to use database-software-images in compartment o-p-om2-cmp-land-001 where sets-intersect(target.resource.compartment.tag.o-p-om2-tagns-name-001.o-p-om2-tag-role-001, ('o-p-om2-tag-role-network-001'))"
            ],
            "time_created": "2026-03-02 14:48:58.827 +0000 UTC",
            "timeouts": null,
            "version_date": null
          },
          "sensitive_attributes": [],
          "identity_schema_version": 0,
          "private": "eyJlMmJmYjczMC1lY2FhLTExZTYtOGY4OC0zNDM2M2JjN2M0YzAiOnsiY3JlYXRlIjoxMjAwMDAwMDAwMDAwLCJkZWxldGUiOjEyMDAwMDAwMDAwMDAsInVwZGF0ZSI6MTIwMDAwMDAwMDAwMH19",
          "dependencies": [
            "module.oci_lz_orchestrator.data.oci_identity_regions.these",
            "module.oci_lz_orchestrator.data.oci_identity_tenancy.this",
            "module.oci_lz_orchestrator.module.oci_lz_compartments.oci_identity_compartment.level_2",
            "module.oci_lz_orchestrator.module.oci_lz_compartments.oci_identity_compartment.level_3",
            "module.oci_lz_orchestrator.module.oci_lz_compartments.oci_identity_compartment.level_4",
            "module.oci_lz_orchestrator.module.oci_lz_compartments.oci_identity_compartment.level_5",
            "module.oci_lz_orchestrator.module.oci_lz_compartments.oci_identity_compartment.level_6",
            "module.oci_lz_orchestrator.module.oci_lz_compartments.oci_identity_compartment.these",
            "module.oci_lz_orchestrator.module.oci_lz_compartments.oci_identity_tag_default.these",
            "module.oci_lz_orchestrator.module.oci_lz_dynamic_groups.oci_identity_dynamic_group.these",
            "module.oci_lz_orchestrator.module.oci_lz_groups.data.oci_identity_users.these",
            "module.oci_lz_orchestrator.module.oci_lz_groups.oci_identity_group.these",
            "module.oci_lz_orchestrator.module.oci_lz_groups.oci_identity_user_group_membership.these",
            "module.oci_lz_orchestrator.module.oci_lz_policies.data.oci_identity_region_subscriptions.these",
            "module.oci_lz_orchestrator.module.oci_lz_policies.data.oci_identity_tenancy.this",
            "module.oci_lz_orchestrator.module.oci_lz_tags.data.oci_identity_tag.default_created_by",
            "module.oci_lz_orchestrator.module.oci_lz_tags.data.oci_identity_tag.default_created_on",
            "module.oci_lz_orchestrator.module.oci_lz_tags.data.oci_identity_tag_namespaces.oracle_default",
            "module.oci_lz_orchestrator.module.oci_lz_tags.oci_identity_tag.these",
            "module.oci_lz_orchestrator.module.oci_lz_tags.oci_identity_tag_default.these",
            "module.oci_lz_orchestrator.module.oci_lz_tags.oci_identity_tag_namespace.these"
          ]
        },
        {
          "index_key": "PCY-NETWORK-ADMIN-KEY",
          "schema_version": 0,
          "attributes": {
            "ETag": "460452814c23d3eb214580ec6672e60261103d9c",
            "compartment_id": "ocid1.compartment.oc19..aaaaaaaa64nf6r6r2sjiqnyl7rzujvboeyj55psfrwqycdp6fydhncte7v7q",
            "defined_tags": {
              "Oracle-Tags.CreatedBy": "default/jorge.e.torlaschi@accenture.com",
              "Oracle-Tags.CreatedOn": "2026-03-02T14:48:56.975Z"
            },
            "description": "Allow o-p-om2-grp-neta-001 group users to manage all network resources in the child compartments of o-p-om2-cmp-001 with the matching tags.",
            "freeform_tags": {
              "ocilz-terraform-module": "iam-policies/0.3.3\n"
            },
            "id": "ocid1.policy.oc19..aaaaaaaahlw3z7vmxjr53dlvjq6zdibyim7re27ziqdcucu63mxao7raji7q",
            "inactive_state": null,
            "lastUpdateETag": "460452814c23d3eb214580ec6672e60261103d9c",
            "name": "o-p-om2-pcy-nadm-001",
            "policyHash": "8d463b4db6bc68cf67df5fe819ddddf7",
            "state": "ACTIVE",
            "statements": [
              "allow group 'o-p-om2-id-common-001'/'o-p-om2-grp-neta-001' to read all-resources in compartment o-p-om2-cmp-land-001 where sets-intersect(target.resource.compartment.tag.o-p-om2-tagns-name-001.o-p-om2-tag-role-001, ('o-p-om2-tag-role-network-001'))",
              "allow group 'o-p-om2-id-common-001'/'o-p-om2-grp-neta-001' to manage virtual-network-family in compartment o-p-om2-cmp-land-001 where sets-intersect(target.resource.compartment.tag.o-p-om2-tagns-name-001.o-p-om2-tag-role-001, ('o-p-om2-tag-role-network-001'))",
              "allow group 'o-p-om2-id-common-001'/'o-p-om2-grp-neta-001' to manage dns in compartment o-p-om2-cmp-land-001 where sets-intersect(target.resource.compartment.tag.o-p-om2-tagns-name-001.o-p-om2-tag-role-001, ('o-p-om2-tag-role-network-001'))",
              "allow group 'o-p-om2-id-common-001'/'o-p-om2-grp-neta-001' to manage load-balancers in compartment o-p-om2-cmp-land-001 where sets-intersect(target.resource.compartment.tag.o-p-om2-tagns-name-001.o-p-om2-tag-role-001, ('o-p-om2-tag-role-network-001'))",
              "allow group 'o-p-om2-id-common-001'/'o-p-om2-grp-neta-001' to manage alarms in compartment o-p-om2-cmp-land-001 where sets-intersect(target.resource.compartment.tag.o-p-om2-tagns-name-001.o-p-om2-tag-role-001, ('o-p-om2-tag-role-network-001'))",
              "allow group 'o-p-om2-id-common-001'/'o-p-om2-grp-neta-001' to manage metrics in compartment o-p-om2-cmp-land-001 where sets-intersect(target.resource.compartment.tag.o-p-om2-tagns-name-001.o-p-om2-tag-role-001, ('o-p-om2-tag-role-network-001'))",
              "allow group 'o-p-om2-id-common-001'/'o-p-om2-grp-neta-001' to manage orm-stacks in compartment o-p-om2-cmp-land-001 where sets-intersect(target.resource.compartment.tag.o-p-om2-tagns-name-001.o-p-om2-tag-role-001, ('o-p-om2-tag-role-network-001'))",
              "allow group 'o-p-om2-id-common-001'/'o-p-om2-grp-neta-001' to manage orm-jobs in compartment o-p-om2-cmp-land-001 where sets-intersect(target.resource.compartment.tag.o-p-om2-tagns-name-001.o-p-om2-tag-role-001, ('o-p-om2-tag-role-network-001'))",
              "allow group 'o-p-om2-id-common-001'/'o-p-om2-grp-neta-001' to manage orm-config-source-providers in compartment o-p-om2-cmp-land-001 where sets-intersect(target.resource.compartment.tag.o-p-om2-tagns-name-001.o-p-om2-tag-role-001, ('o-p-om2-tag-role-network-001'))",
              "allow group 'o-p-om2-id-common-001'/'o-p-om2-grp-neta-001' to read audit-events in compartment o-p-om2-cmp-land-001 where sets-intersect(target.resource.compartment.tag.o-p-om2-tagns-name-001.o-p-om2-tag-role-001, ('o-p-om2-tag-role-network-001'))",
              "allow group 'o-p-om2-id-common-001'/'o-p-om2-grp-neta-001' to read work-requests in compartment o-p-om2-cmp-land-001 where sets-intersect(target.resource.compartment.tag.o-p-om2-tagns-name-001.o-p-om2-tag-role-001, ('o-p-om2-tag-role-network-001'))",
              "allow group 'o-p-om2-id-common-001'/'o-p-om2-grp-neta-001' to manage instance-family in compartment o-p-om2-cmp-land-001 where sets-intersect(target.resource.compartment.tag.o-p-om2-tagns-name-001.o-p-om2-tag-role-001, ('o-p-om2-tag-role-network-001'))",
              "allow group 'o-p-om2-id-common-001'/'o-p-om2-grp-neta-001' to manage volume-family in compartment o-p-om2-cmp-land-001 where all{sets-intersect(target.resource.compartment.tag.o-p-om2-tagns-name-001.o-p-om2-tag-role-001, ('o-p-om2-tag-role-network-001')), request.permission != 'VOLUME_BACKUP_DELETE', request.permission != 'VOLUME_DELETE', request.permission != 'BOOT_VOLUME_BACKUP_DELETE'}",
              "allow group 'o-p-om2-id-common-001'/'o-p-om2-grp-neta-001' to manage object-family in compartment o-p-om2-cmp-land-001 where all{sets-intersect(target.resource.compartment.tag.o-p-om2-tagns-name-001.o-p-om2-tag-role-001, ('o-p-om2-tag-role-network-001')), request.permission != 'OBJECT_DELETE', request.permission != 'BUCKET_DELETE'}",
              "allow group 'o-p-om2-id-common-001'/'o-p-om2-grp-neta-001' to manage file-family in compartment o-p-om2-cmp-land-001 where all{sets-intersect(target.resource.compartment.tag.o-p-om2-tagns-name-001.o-p-om2-tag-role-001, ('o-p-om2-tag-role-network-001')), request.permission != 'FILE_SYSTEM_DELETE', request.permission != 'MOUNT_TARGET_DELETE', request.permission != 'EXPORT_SET_DELETE', request.permission != 'FILE_SYSTEM_DELETE_SNAPSHOT', request.permission != 'FILE_SYSTEM_NFSv3_UNEXPORT'}",
              "allow group 'o-p-om2-id-common-001'/'o-p-om2-grp-neta-001' to manage bastion-session in compartment o-p-om2-cmp-land-001 where sets-intersect(target.resource.compartment.tag.o-p-om2-tagns-name-001.o-p-om2-tag-role-001, ('o-p-om2-tag-role-network-001'))",
              "allow group 'o-p-om2-id-common-001'/'o-p-om2-grp-neta-001' to manage cloudevents-rules in compartment o-p-om2-cmp-land-001 where sets-intersect(target.resource.compartment.tag.o-p-om2-tagns-name-001.o-p-om2-tag-role-001, ('o-p-om2-tag-role-network-001'))",
              "allow group 'o-p-om2-id-common-001'/'o-p-om2-grp-neta-001' to read instance-agent-plugins in compartment o-p-om2-cmp-land-001 where sets-intersect(target.resource.compartment.tag.o-p-om2-tagns-name-001.o-p-om2-tag-role-001, ('o-p-om2-tag-role-network-001'))",
              "allow group 'o-p-om2-id-common-001'/'o-p-om2-grp-neta-001' to manage keys in compartment o-p-om2-cmp-land-001 where sets-intersect(target.resource.compartment.tag.o-p-om2-tagns-name-001.o-p-om2-tag-role-001, ('o-p-om2-tag-role-network-001'))",
              "allow group 'o-p-om2-id-common-001'/'o-p-om2-grp-neta-001' to use key-delegate in compartment o-p-om2-cmp-land-001 where sets-intersect(target.resource.compartment.tag.o-p-om2-tagns-name-001.o-p-om2-tag-role-001, ('o-p-om2-tag-role-network-001'))",
              "allow group 'o-p-om2-id-common-001'/'o-p-om2-grp-neta-001' to manage secret-family in compartment o-p-om2-cmp-land-001 where sets-intersect(target.resource.compartment.tag.o-p-om2-tagns-name-001.o-p-om2-tag-role-001, ('o-p-om2-tag-role-network-001'))",
              "allow group 'o-p-om2-id-common-001'/'o-p-om2-grp-neta-001' to manage repos in compartment o-p-om2-cmp-land-001 where sets-intersect(target.resource.compartment.tag.o-p-om2-tagns-name-001.o-p-om2-tag-role-001, ('o-p-om2-tag-role-network-001'))",
              "allow group 'o-p-om2-id-common-001'/'o-p-om2-grp-neta-001' to read vss-family in compartment o-p-om2-cmp-land-001 where sets-intersect(target.resource.compartment.tag.o-p-om2-tagns-name-001.o-p-om2-tag-role-001, ('o-p-om2-tag-role-network-001'))",
              "allow group 'o-p-om2-id-common-001'/'o-p-om2-grp-neta-001' to read ons-topics in compartment o-p-om2-cmp-land-001 where sets-intersect(target.resource.compartment.tag.o-p-om2-tagns-name-001.o-p-om2-tag-role-001, ('o-p-om2-tag-role-security-001'))",
              "allow group 'o-p-om2-id-common-001'/'o-p-om2-grp-neta-001' to use bastion in compartment o-p-om2-cmp-land-001 where sets-intersect(target.resource.compartment.tag.o-p-om2-tagns-name-001.o-p-om2-tag-role-001, ('o-p-om2-tag-role-security-001'))",
              "allow group 'o-p-om2-id-common-001'/'o-p-om2-grp-neta-001' to use bastion-session in compartment o-p-om2-cmp-land-001 where sets-intersect(target.resource.compartment.tag.o-p-om2-tagns-name-001.o-p-om2-tag-role-001, ('o-p-om2-tag-role-security-001'))",
              "allow group 'o-p-om2-id-common-001'/'o-p-om2-grp-neta-001' to use vaults in compartment o-p-om2-cmp-land-001 where sets-intersect(target.resource.compartment.tag.o-p-om2-tagns-name-001.o-p-om2-tag-role-001, ('o-p-om2-tag-role-security-001'))",
              "allow group 'o-p-om2-id-common-001'/'o-p-om2-grp-neta-001' to read logging-family in compartment o-p-om2-cmp-land-001 where sets-intersect(target.resource.compartment.tag.o-p-om2-tagns-name-001.o-p-om2-tag-role-001, ('o-p-om2-tag-role-security-001'))"
            ],
            "time_created": "2026-03-02 14:48:56.979 +0000 UTC",
            "timeouts": null,
            "version_date": null
          },
          "sensitive_attributes": [],
          "identity_schema_version": 0,
          "private": "eyJlMmJmYjczMC1lY2FhLTExZTYtOGY4OC0zNDM2M2JjN2M0YzAiOnsiY3JlYXRlIjoxMjAwMDAwMDAwMDAwLCJkZWxldGUiOjEyMDAwMDAwMDAwMDAsInVwZGF0ZSI6MTIwMDAwMDAwMDAwMH19",
          "dependencies": [
            "module.oci_lz_orchestrator.data.oci_identity_regions.these",
            "module.oci_lz_orchestrator.data.oci_identity_tenancy.this",
            "module.oci_lz_orchestrator.module.oci_lz_compartments.oci_identity_compartment.level_2",
            "module.oci_lz_orchestrator.module.oci_lz_compartments.oci_identity_compartment.level_3",
            "module.oci_lz_orchestrator.module.oci_lz_compartments.oci_identity_compartment.level_4",
            "module.oci_lz_orchestrator.module.oci_lz_compartments.oci_identity_compartment.level_5",
            "module.oci_lz_orchestrator.module.oci_lz_compartments.oci_identity_compartment.level_6",
            "module.oci_lz_orchestrator.module.oci_lz_compartments.oci_identity_compartment.these",
            "module.oci_lz_orchestrator.module.oci_lz_compartments.oci_identity_tag_default.these",
            "module.oci_lz_orchestrator.module.oci_lz_dynamic_groups.oci_identity_dynamic_group.these",
            "module.oci_lz_orchestrator.module.oci_lz_groups.data.oci_identity_users.these",
            "module.oci_lz_orchestrator.module.oci_lz_groups.oci_identity_group.these",
            "module.oci_lz_orchestrator.module.oci_lz_groups.oci_identity_user_group_membership.these",
            "module.oci_lz_orchestrator.module.oci_lz_policies.data.oci_identity_region_subscriptions.these",
            "module.oci_lz_orchestrator.module.oci_lz_policies.data.oci_identity_tenancy.this",
            "module.oci_lz_orchestrator.module.oci_lz_tags.data.oci_identity_tag.default_created_by",
            "module.oci_lz_orchestrator.module.oci_lz_tags.data.oci_identity_tag.default_created_on",
            "module.oci_lz_orchestrator.module.oci_lz_tags.data.oci_identity_tag_namespaces.oracle_default",
            "module.oci_lz_orchestrator.module.oci_lz_tags.oci_identity_tag.these",
            "module.oci_lz_orchestrator.module.oci_lz_tags.oci_identity_tag_default.these",
            "module.oci_lz_orchestrator.module.oci_lz_tags.oci_identity_tag_namespace.these"
          ]
        },
        {
          "index_key": "PCY-SECURITY-ADMIN-KEY",
          "schema_version": 0,
          "attributes": {
            "ETag": "f339a0bb0e39118b323e131030169b0074e8fa3e",
            "compartment_id": "ocid1.compartment.oc19..aaaaaaaa64nf6r6r2sjiqnyl7rzujvboeyj55psfrwqycdp6fydhncte7v7q",
            "defined_tags": {
              "Oracle-Tags.CreatedBy": "default/jorge.e.torlaschi@accenture.com",
              "Oracle-Tags.CreatedOn": "2026-03-02T14:48:57.493Z"
            },
            "description": "Allow o-p-om2-grp-admi-security-001 group users to manage all security resources in the child compartments of o-p-om2-cmp-001 with the matching tags.",
            "freeform_tags": {
              "ocilz-terraform-module": "iam-policies/0.3.3\n"
            },
            "id": "ocid1.policy.oc19..aaaaaaaap5kxmux7dwhgirjcwwjlfk4qcurzdcha7wj3kmliebpu373k5t2a",
            "inactive_state": null,
            "lastUpdateETag": "f339a0bb0e39118b323e131030169b0074e8fa3e",
            "name": "o-p-om2-pcy-secua-001",
            "policyHash": "34c8e4a8891d797b453fd4c21cc6fdf1",
            "state": "ACTIVE",
            "statements": [
              "allow group 'o-p-om2-id-common-001'/'o-p-om2-grp-admi-security-001' to manage tag-namespaces in compartment o-p-om2-cmp-land-001 where sets-intersect(target.resource.compartment.tag.o-p-om2-tagns-name-001.o-p-om2-tag-role-001, ('o-p-om2-tag-role-security-001'))",
              "allow group 'o-p-om2-id-common-001'/'o-p-om2-grp-admi-security-001' to manage tag-defaults in compartment o-p-om2-cmp-land-001 where sets-intersect(target.resource.compartment.tag.o-p-om2-tagns-name-001.o-p-om2-tag-role-001, ('o-p-om2-tag-role-security-001'))",
              "allow group 'o-p-om2-id-common-001'/'o-p-om2-grp-admi-security-001' to manage repos in compartment o-p-om2-cmp-land-001 where sets-intersect(target.resource.compartment.tag.o-p-om2-tagns-name-001.o-p-om2-tag-role-001, ('o-p-om2-tag-role-security-001'))",
              "allow group 'o-p-om2-id-common-001'/'o-p-om2-grp-admi-security-001' to read audit-events in compartment o-p-om2-cmp-land-001 where sets-intersect(target.resource.compartment.tag.o-p-om2-tagns-name-001.o-p-om2-tag-role-001, ('o-p-om2-tag-role-security-001'))",
              "allow group 'o-p-om2-id-common-001'/'o-p-om2-grp-admi-security-001' to read app-catalog-listing in compartment o-p-om2-cmp-land-001 where sets-intersect(target.resource.compartment.tag.o-p-om2-tagns-name-001.o-p-om2-tag-role-001, ('o-p-om2-tag-role-security-001'))",
              "allow group 'o-p-om2-id-common-001'/'o-p-om2-grp-admi-security-001' to read instance-images in compartment o-p-om2-cmp-land-001 where sets-intersect(target.resource.compartment.tag.o-p-om2-tagns-name-001.o-p-om2-tag-role-001, ('o-p-om2-tag-role-security-001'))",
              "allow group 'o-p-om2-id-common-001'/'o-p-om2-grp-admi-security-001' to inspect buckets in compartment o-p-om2-cmp-land-001 where sets-intersect(target.resource.compartment.tag.o-p-om2-tagns-name-001.o-p-om2-tag-role-001, ('o-p-om2-tag-role-security-001'))",
              "allow group 'o-p-om2-id-common-001'/'o-p-om2-grp-admi-security-001' to read all-resources in compartment o-p-om2-cmp-land-001 where sets-intersect(target.resource.compartment.tag.o-p-om2-tagns-name-001.o-p-om2-tag-role-001, ('o-p-om2-tag-role-security-001'))",
              "allow group 'o-p-om2-id-common-001'/'o-p-om2-grp-admi-security-001' to manage instance-family in compartment o-p-om2-cmp-land-001 where sets-intersect(target.resource.compartment.tag.o-p-om2-tagns-name-001.o-p-om2-tag-role-001, ('o-p-om2-tag-role-security-001'))",
              "allow group 'o-p-om2-id-common-001'/'o-p-om2-grp-admi-security-001' to manage volume-family in compartment o-p-om2-cmp-land-001 where all{sets-intersect(target.resource.compartment.tag.o-p-om2-tagns-name-001.o-p-om2-tag-role-001, ('o-p-om2-tag-role-security-001')), request.permission != 'VOLUME_BACKUP_DELETE', request.permission != 'VOLUME_DELETE', request.permission != 'BOOT_VOLUME_BACKUP_DELETE'}",
              "allow group 'o-p-om2-id-common-001'/'o-p-om2-grp-admi-security-001' to manage object-family in compartment o-p-om2-cmp-land-001 where all{sets-intersect(target.resource.compartment.tag.o-p-om2-tagns-name-001.o-p-om2-tag-role-001, ('o-p-om2-tag-role-security-001')), request.permission != 'OBJECT_DELETE', request.permission != 'BUCKET_DELETE'}",
              "allow group 'o-p-om2-id-common-001'/'o-p-om2-grp-admi-security-001' to manage file-family in compartment o-p-om2-cmp-land-001 where all{sets-intersect(target.resource.compartment.tag.o-p-om2-tagns-name-001.o-p-om2-tag-role-001, ('o-p-om2-tag-role-security-001')), request.permission != 'FILE_SYSTEM_DELETE', request.permission != 'MOUNT_TARGET_DELETE', request.permission != 'EXPORT_SET_DELETE', request.permission != 'FILE_SYSTEM_DELETE_SNAPSHOT', request.permission != 'FILE_SYSTEM_NFSv3_UNEXPORT'}",
              "allow group 'o-p-om2-id-common-001'/'o-p-om2-grp-admi-security-001' to manage vaults in compartment o-p-om2-cmp-land-001 where sets-intersect(target.resource.compartment.tag.o-p-om2-tagns-name-001.o-p-om2-tag-role-001, ('o-p-om2-tag-role-security-001'))",
              "allow group 'o-p-om2-id-common-001'/'o-p-om2-grp-admi-security-001' to manage keys in compartment o-p-om2-cmp-land-001 where sets-intersect(target.resource.compartment.tag.o-p-om2-tagns-name-001.o-p-om2-tag-role-001, ('o-p-om2-tag-role-security-001'))",
              "allow group 'o-p-om2-id-common-001'/'o-p-om2-grp-admi-security-001' to manage secret-family in compartment o-p-om2-cmp-land-001 where sets-intersect(target.resource.compartment.tag.o-p-om2-tagns-name-001.o-p-om2-tag-role-001, ('o-p-om2-tag-role-security-001'))",
              "allow group 'o-p-om2-id-common-001'/'o-p-om2-grp-admi-security-001' to manage logging-family in compartment o-p-om2-cmp-land-001 where sets-intersect(target.resource.compartment.tag.o-p-om2-tagns-name-001.o-p-om2-tag-role-001, ('o-p-om2-tag-role-security-001'))",
              "allow group 'o-p-om2-id-common-001'/'o-p-om2-grp-admi-security-001' to manage serviceconnectors in compartment o-p-om2-cmp-land-001 where sets-intersect(target.resource.compartment.tag.o-p-om2-tagns-name-001.o-p-om2-tag-role-001, ('o-p-om2-tag-role-security-001'))",
              "allow group 'o-p-om2-id-common-001'/'o-p-om2-grp-admi-security-001' to manage streams in compartment o-p-om2-cmp-land-001 where sets-intersect(target.resource.compartment.tag.o-p-om2-tagns-name-001.o-p-om2-tag-role-001, ('o-p-om2-tag-role-security-001'))",
              "allow group 'o-p-om2-id-common-001'/'o-p-om2-grp-admi-security-001' to manage ons-family in compartment o-p-om2-cmp-land-001 where sets-intersect(target.resource.compartment.tag.o-p-om2-tagns-name-001.o-p-om2-tag-role-001, ('o-p-om2-tag-role-security-001'))",
              "allow group 'o-p-om2-id-common-001'/'o-p-om2-grp-admi-security-001' to manage functions-family in compartment o-p-om2-cmp-land-001 where sets-intersect(target.resource.compartment.tag.o-p-om2-tagns-name-001.o-p-om2-tag-role-001, ('o-p-om2-tag-role-security-001'))",
              "allow group 'o-p-om2-id-common-001'/'o-p-om2-grp-admi-security-001' to manage waas-family in compartment o-p-om2-cmp-land-001 where sets-intersect(target.resource.compartment.tag.o-p-om2-tagns-name-001.o-p-om2-tag-role-001, ('o-p-om2-tag-role-security-001'))",
              "allow group 'o-p-om2-id-common-001'/'o-p-om2-grp-admi-security-001' to manage security-zone in compartment o-p-om2-cmp-land-001 where sets-intersect(target.resource.compartment.tag.o-p-om2-tagns-name-001.o-p-om2-tag-role-001, ('o-p-om2-tag-role-security-001'))",
              "allow group 'o-p-om2-id-common-001'/'o-p-om2-grp-admi-security-001' to manage orm-stacks in compartment o-p-om2-cmp-land-001 where sets-intersect(target.resource.compartment.tag.o-p-om2-tagns-name-001.o-p-om2-tag-role-001, ('o-p-om2-tag-role-security-001'))",
              "allow group 'o-p-om2-id-common-001'/'o-p-om2-grp-admi-security-001' to manage orm-jobs in compartment o-p-om2-cmp-land-001 where sets-intersect(target.resource.compartment.tag.o-p-om2-tagns-name-001.o-p-om2-tag-role-001, ('o-p-om2-tag-role-security-001'))",
              "allow group 'o-p-om2-id-common-001'/'o-p-om2-grp-admi-security-001' to manage orm-config-source-providers in compartment o-p-om2-cmp-land-001 where sets-intersect(target.resource.compartment.tag.o-p-om2-tagns-name-001.o-p-om2-tag-role-001, ('o-p-om2-tag-role-security-001'))",
              "allow group 'o-p-om2-id-common-001'/'o-p-om2-grp-admi-security-001' to manage vss-family in compartment o-p-om2-cmp-land-001 where sets-intersect(target.resource.compartment.tag.o-p-om2-tagns-name-001.o-p-om2-tag-role-001, ('o-p-om2-tag-role-security-001'))",
              "allow group 'o-p-om2-id-common-001'/'o-p-om2-grp-admi-security-001' to read work-requests in compartment o-p-om2-cmp-land-001 where sets-intersect(target.resource.compartment.tag.o-p-om2-tagns-name-001.o-p-om2-tag-role-001, ('o-p-om2-tag-role-security-001'))",
              "allow group 'o-p-om2-id-common-001'/'o-p-om2-grp-admi-security-001' to manage bastion-family in compartment o-p-om2-cmp-land-001 where sets-intersect(target.resource.compartment.tag.o-p-om2-tagns-name-001.o-p-om2-tag-role-001, ('o-p-om2-tag-role-security-001'))",
              "allow group 'o-p-om2-id-common-001'/'o-p-om2-grp-admi-security-001' to read instance-agent-plugins in compartment o-p-om2-cmp-land-001 where sets-intersect(target.resource.compartment.tag.o-p-om2-tagns-name-001.o-p-om2-tag-role-001, ('o-p-om2-tag-role-security-001'))",
              "allow group 'o-p-om2-id-common-001'/'o-p-om2-grp-admi-security-001' to manage cloudevents-rules in compartment o-p-om2-cmp-land-001 where sets-intersect(target.resource.compartment.tag.o-p-om2-tagns-name-001.o-p-om2-tag-role-001, ('o-p-om2-tag-role-security-001'))",
              "allow group 'o-p-om2-id-common-001'/'o-p-om2-grp-admi-security-001' to manage alarms in compartment o-p-om2-cmp-land-001 where sets-intersect(target.resource.compartment.tag.o-p-om2-tagns-name-001.o-p-om2-tag-role-001, ('o-p-om2-tag-role-security-001'))",
              "allow group 'o-p-om2-id-common-001'/'o-p-om2-grp-admi-security-001' to manage metrics in compartment o-p-om2-cmp-land-001 where sets-intersect(target.resource.compartment.tag.o-p-om2-tagns-name-001.o-p-om2-tag-role-001, ('o-p-om2-tag-role-security-001'))",
              "allow group 'o-p-om2-id-common-001'/'o-p-om2-grp-admi-security-001' to use key-delegate in compartment o-p-om2-cmp-land-001 where sets-intersect(target.resource.compartment.tag.o-p-om2-tagns-name-001.o-p-om2-tag-role-001, ('o-p-om2-tag-role-security-001'))",
              "allow group 'o-p-om2-id-common-001'/'o-p-om2-grp-admi-security-001' to read virtual-network-family in compartment o-p-om2-cmp-land-001 where sets-intersect(target.resource.compartment.tag.o-p-om2-tagns-name-001.o-p-om2-tag-role-001, ('o-p-om2-tag-role-network-001'))",
              "allow group 'o-p-om2-id-common-001'/'o-p-om2-grp-admi-security-001' to use subnets in compartment o-p-om2-cmp-land-001 where sets-intersect(target.resource.compartment.tag.o-p-om2-tagns-name-001.o-p-om2-tag-role-001, ('o-p-om2-tag-role-network-001'))",
              "allow group 'o-p-om2-id-common-001'/'o-p-om2-grp-admi-security-001' to use network-security-groups in compartment o-p-om2-cmp-land-001 where sets-intersect(target.resource.compartment.tag.o-p-om2-tagns-name-001.o-p-om2-tag-role-001, ('o-p-om2-tag-role-network-001'))",
              "allow group 'o-p-om2-id-common-001'/'o-p-om2-grp-admi-security-001' to use vnics in compartment o-p-om2-cmp-land-001 where sets-intersect(target.resource.compartment.tag.o-p-om2-tagns-name-001.o-p-om2-tag-role-001, ('o-p-om2-tag-role-network-001'))",
              "allow group 'o-p-om2-id-common-001'/'o-p-om2-grp-admi-security-001' to manage private-ips in compartment o-p-om2-cmp-land-001 where sets-intersect(target.resource.compartment.tag.o-p-om2-tagns-name-001.o-p-om2-tag-role-001, ('o-p-om2-tag-role-network-001'))",
              "allow group 'o-p-om2-id-common-001'/'o-p-om2-grp-admi-security-001' to read keys in compartment o-p-om2-cmp-land-001 where sets-intersect(target.resource.compartment.tag.o-p-om2-tagns-name-001.o-p-om2-tag-role-001, ('o-p-om2-tag-role-network-001'))",
              "allow group 'o-p-om2-id-common-001'/'o-p-om2-grp-admi-security-001' to manage operator-control-family in compartment o-p-om2-cmp-land-001 where sets-intersect(target.resource.compartment.tag.o-p-om2-tagns-name-001.o-p-om2-tag-role-001, ('o-p-om2-tag-role-security-001'))"
            ],
            "time_created": "2026-03-02 14:48:57.5 +0000 UTC",
            "timeouts": null,
            "version_date": null
          },
          "sensitive_attributes": [],
          "identity_schema_version": 0,
          "private": "eyJlMmJmYjczMC1lY2FhLTExZTYtOGY4OC0zNDM2M2JjN2M0YzAiOnsiY3JlYXRlIjoxMjAwMDAwMDAwMDAwLCJkZWxldGUiOjEyMDAwMDAwMDAwMDAsInVwZGF0ZSI6MTIwMDAwMDAwMDAwMH19",
          "dependencies": [
            "module.oci_lz_orchestrator.data.oci_identity_regions.these",
            "module.oci_lz_orchestrator.data.oci_identity_tenancy.this",
            "module.oci_lz_orchestrator.module.oci_lz_compartments.oci_identity_compartment.level_2",
            "module.oci_lz_orchestrator.module.oci_lz_compartments.oci_identity_compartment.level_3",
            "module.oci_lz_orchestrator.module.oci_lz_compartments.oci_identity_compartment.level_4",
            "module.oci_lz_orchestrator.module.oci_lz_compartments.oci_identity_compartment.level_5",
            "module.oci_lz_orchestrator.module.oci_lz_compartments.oci_identity_compartment.level_6",
            "module.oci_lz_orchestrator.module.oci_lz_compartments.oci_identity_compartment.these",
            "module.oci_lz_orchestrator.module.oci_lz_compartments.oci_identity_tag_default.these",
            "module.oci_lz_orchestrator.module.oci_lz_dynamic_groups.oci_identity_dynamic_group.these",
            "module.oci_lz_orchestrator.module.oci_lz_groups.data.oci_identity_users.these",
            "module.oci_lz_orchestrator.module.oci_lz_groups.oci_identity_group.these",
            "module.oci_lz_orchestrator.module.oci_lz_groups.oci_identity_user_group_membership.these",
            "module.oci_lz_orchestrator.module.oci_lz_policies.data.oci_identity_region_subscriptions.these",
            "module.oci_lz_orchestrator.module.oci_lz_policies.data.oci_identity_tenancy.this",
            "module.oci_lz_orchestrator.module.oci_lz_tags.data.oci_identity_tag.default_created_by",
            "module.oci_lz_orchestrator.module.oci_lz_tags.data.oci_identity_tag.default_created_on",
            "module.oci_lz_orchestrator.module.oci_lz_tags.data.oci_identity_tag_namespaces.oracle_default",
            "module.oci_lz_orchestrator.module.oci_lz_tags.oci_identity_tag.these",
            "module.oci_lz_orchestrator.module.oci_lz_tags.oci_identity_tag_default.these",
            "module.oci_lz_orchestrator.module.oci_lz_tags.oci_identity_tag_namespace.these"
          ]
        },
        {
          "index_key": "PCY-SERVICES-ADMIN-KEY",
          "schema_version": 0,
          "attributes": {
            "ETag": "07d91c67f287292f109c37d9be5ab252aebb5058",
            "compartment_id": "ocid1.tenancy.oc19..aaaaaaaa4ftkyx3ao73kndo3mbltj6gtbf27mxbgpu65a33ipgo2wqyj4zba",
            "defined_tags": {
              "Oracle-Tags.CreatedBy": "default/jorge.e.torlaschi@accenture.com",
              "Oracle-Tags.CreatedOn": "2026-03-02T14:48:58.753Z"
            },
            "description": "Policy for all supported services in the tenancy.",
            "freeform_tags": {
              "ocilz-terraform-module": "iam-policies/0.3.3\n"
            },
            "id": "ocid1.policy.oc19..aaaaaaaarqsbvexa7sck7om43juwfbebggtg5ztuu7veqyxpj36ihzqohkvq",
            "inactive_state": null,
            "lastUpdateETag": "07d91c67f287292f109c37d9be5ab252aebb5058",
            "name": "o-p-om2-pcy-srva-001",
            "policyHash": "37080dceb48abc3666f1339770564194",
            "state": "ACTIVE",
            "statements": [
              "allow service cloudguard to manage cloudevents-rules in tenancy where target.rule.type='managed'",
              "allow service cloudguard to read tenancies in tenancy",
              "allow service cloudguard to read all-resources in tenancy",
              "allow service cloudguard to use network-security-groups in tenancy",
              "allow any-user to { WLP_BOM_READ, WLP_CONFIG_READ } in tenancy where all { request.principal.id = target.agent.id, request.principal.type = 'workloadprotectionagent'}",
              "endorse any-user to { WLP_LOG_CREATE, WLP_METRICS_CREATE, WLP_ADHOC_QUERY_READ, WLP_ADHOC_RESULTS_CREATE } in any-tenancy where all { request.principal.id = target.agent.id, request.principal.type = 'workloadprotectionagent' }",
              "allow service vulnerability-scanning-service to manage instances in tenancy",
              "allow service vulnerability-scanning-service to read compartments in tenancy",
              "allow service vulnerability-scanning-service to read repos in tenancy",
              "allow service vulnerability-scanning-service to read vnics in tenancy",
              "allow service vulnerability-scanning-service to read vnic-attachments in tenancy",
              "allow service osms to read instances in tenancy",
              "allow service blockstorage, oke, streaming to use keys in tenancy"
            ],
            "time_created": "2026-03-02 14:48:58.757 +0000 UTC",
            "timeouts": null,
            "version_date": null
          },
          "sensitive_attributes": [],
          "identity_schema_version": 0,
          "private": "eyJlMmJmYjczMC1lY2FhLTExZTYtOGY4OC0zNDM2M2JjN2M0YzAiOnsiY3JlYXRlIjoxMjAwMDAwMDAwMDAwLCJkZWxldGUiOjEyMDAwMDAwMDAwMDAsInVwZGF0ZSI6MTIwMDAwMDAwMDAwMH19",
          "dependencies": [
            "module.oci_lz_orchestrator.data.oci_identity_regions.these",
            "module.oci_lz_orchestrator.data.oci_identity_tenancy.this",
            "module.oci_lz_orchestrator.module.oci_lz_compartments.oci_identity_compartment.level_2",
            "module.oci_lz_orchestrator.module.oci_lz_compartments.oci_identity_compartment.level_3",
            "module.oci_lz_orchestrator.module.oci_lz_compartments.oci_identity_compartment.level_4",
            "module.oci_lz_orchestrator.module.oci_lz_compartments.oci_identity_compartment.level_5",
            "module.oci_lz_orchestrator.module.oci_lz_compartments.oci_identity_compartment.level_6",
            "module.oci_lz_orchestrator.module.oci_lz_compartments.oci_identity_compartment.these",
            "module.oci_lz_orchestrator.module.oci_lz_compartments.oci_identity_tag_default.these",
            "module.oci_lz_orchestrator.module.oci_lz_dynamic_groups.oci_identity_dynamic_group.these",
            "module.oci_lz_orchestrator.module.oci_lz_groups.data.oci_identity_users.these",
            "module.oci_lz_orchestrator.module.oci_lz_groups.oci_identity_group.these",
            "module.oci_lz_orchestrator.module.oci_lz_groups.oci_identity_user_group_membership.these",
            "module.oci_lz_orchestrator.module.oci_lz_policies.data.oci_identity_region_subscriptions.these",
            "module.oci_lz_orchestrator.module.oci_lz_policies.data.oci_identity_tenancy.this",
            "module.oci_lz_orchestrator.module.oci_lz_tags.data.oci_identity_tag.default_created_by",
            "module.oci_lz_orchestrator.module.oci_lz_tags.data.oci_identity_tag.default_created_on",
            "module.oci_lz_orchestrator.module.oci_lz_tags.data.oci_identity_tag_namespaces.oracle_default",
            "module.oci_lz_orchestrator.module.oci_lz_tags.oci_identity_tag.these",
            "module.oci_lz_orchestrator.module.oci_lz_tags.oci_identity_tag_default.these",
            "module.oci_lz_orchestrator.module.oci_lz_tags.oci_identity_tag_namespace.these"
          ]
        }
      ]
    },
    {
      "module": "module.oci_lz_orchestrator.module.oci_lz_tags[0]",
      "mode": "data",
      "type": "oci_identity_tag",
      "name": "default_created_by",
      "provider": "module.oci_lz_orchestrator.provider[\"registry.terraform.io/oracle/oci\"]",
      "instances": [
        {
          "index_key": 0,
          "schema_version": 0,
          "attributes": {
            "defined_tags": {},
            "description": "The name of the principal that created the resource.",
            "freeform_tags": {},
            "id": "ocid1.tagdefinition.oc19..aaaaaaaall6sqrsh2yuvd637kelyfr7w2h5ll2juolz4pjsyeut7l7ilkcva",
            "is_cost_tracking": true,
            "is_retired": false,
            "name": "CreatedBy",
            "state": "ACTIVE",
            "tag_name": "CreatedBy",
            "tag_namespace_id": "ocid1.tagnamespace.oc19..aaaaaaaa7hf3uz6sp77wwc5eim27muxbxdjptvt6yzk72uj4k7i6eu4rbhfq",
            "time_created": "2026-02-20 08:33:52.637 +0000 UTC",
            "validator": []
          },
          "sensitive_attributes": [],
          "identity_schema_version": 0
        }
      ]
    },
    {
      "module": "module.oci_lz_orchestrator.module.oci_lz_tags[0]",
      "mode": "data",
      "type": "oci_identity_tag",
      "name": "default_created_on",
      "provider": "module.oci_lz_orchestrator.provider[\"registry.terraform.io/oracle/oci\"]",
      "instances": [
        {
          "index_key": 0,
          "schema_version": 0,
          "attributes": {
            "defined_tags": {},
            "description": "The date and time that the resource was created.",
            "freeform_tags": {},
            "id": "ocid1.tagdefinition.oc19..aaaaaaaaaglupfcjdya6tfufliurys3tvrxv5bsdlpmnmvid4ptvvdlr5foa",
            "is_cost_tracking": false,
            "is_retired": false,
            "name": "CreatedOn",
            "state": "ACTIVE",
            "tag_name": "CreatedOn",
            "tag_namespace_id": "ocid1.tagnamespace.oc19..aaaaaaaa7hf3uz6sp77wwc5eim27muxbxdjptvt6yzk72uj4k7i6eu4rbhfq",
            "time_created": "2026-02-20 08:33:52.726 +0000 UTC",
            "validator": []
          },
          "sensitive_attributes": [],
          "identity_schema_version": 0
        }
      ]
    },
    {
      "module": "module.oci_lz_orchestrator.module.oci_lz_tags[0]",
      "mode": "data",
      "type": "oci_identity_tag_namespaces",
      "name": "oracle_default",
      "provider": "module.oci_lz_orchestrator.provider[\"registry.terraform.io/oracle/oci\"]",
      "instances": [
        {
          "schema_version": 0,
          "attributes": {
            "compartment_id": "ocid1.tenancy.oc19..aaaaaaaa4ftkyx3ao73kndo3mbltj6gtbf27mxbgpu65a33ipgo2wqyj4zba",
            "filter": [
              {
                "name": "name",
                "regex": false,
                "values": [
                  "Oracle-Tags"
                ]
              }
            ],
            "id": "IdentityTagNamespacesDataSource-1032845147",
            "include_subcompartments": null,
            "state": null,
            "tag_namespaces": [
              {
                "compartment_id": "ocid1.tenancy.oc19..aaaaaaaa4ftkyx3ao73kndo3mbltj6gtbf27mxbgpu65a33ipgo2wqyj4zba",
                "defined_tags": {},
                "description": "The namespace for the automatic tags.",
                "freeform_tags": {},
                "id": "ocid1.tagnamespace.oc19..aaaaaaaa7hf3uz6sp77wwc5eim27muxbxdjptvt6yzk72uj4k7i6eu4rbhfq",
                "is_retired": false,
                "name": "Oracle-Tags",
                "state": "ACTIVE",
                "time_created": "2026-02-20 08:33:52.568 +0000 UTC"
              }
            ]
          },
          "sensitive_attributes": [],
          "identity_schema_version": 0
        }
      ]
    },
    {
      "module": "module.oci_lz_orchestrator.module.oci_lz_tags[0]",
      "mode": "managed",
      "type": "oci_identity_tag",
      "name": "these",
      "provider": "module.oci_lz_orchestrator.provider[\"registry.terraform.io/oracle/oci\"]",
      "instances": [
        {
          "index_key": "TAG-LZ-ROLE-KEY",
          "schema_version": 0,
          "attributes": {
            "defined_tags": {
              "Oracle-Tags.CreatedBy": "default/jorge.e.torlaschi@accenture.com",
              "Oracle-Tags.CreatedOn": "2026-03-02T14:47:56.162Z"
            },
            "description": "Tag used to identify different administrative roles within the Landing Zone, across network and security compartments",
            "freeform_tags": {
              "ocilz-terraform-module": "tags/0.1.6\n"
            },
            "id": "ocid1.tagdefinition.oc19..aaaaaaaandlzi653tb3xo5anvnltbzo32bsyfrtlfsp2fjbwz3cxpgay6ruq",
            "is_cost_tracking": false,
            "is_retired": false,
            "name": "o-p-om2-tag-role-001",
            "state": "ACTIVE",
            "tag_namespace_id": "ocid1.tagnamespace.oc19..aaaaaaaaj2fpzm7xjqnzb4mvwzbjb6h3vsqr6dggtqt5smq74lwckn45uy4q",
            "time_created": "2026-03-02 14:47:56.454 +0000 UTC",
            "timeouts": null,
            "validator": []
          },
          "sensitive_attributes": [],
          "identity_schema_version": 0,
          "private": "eyJlMmJmYjczMC1lY2FhLTExZTYtOGY4OC0zNDM2M2JjN2M0YzAiOnsiY3JlYXRlIjo5MDAwMDAwMDAwMDAsImRlbGV0ZSI6NDMyMDAwMDAwMDAwMDAsInVwZGF0ZSI6OTAwMDAwMDAwMDAwfX0=",
          "dependencies": [
            "module.oci_lz_orchestrator.module.oci_lz_tags.data.oci_identity_tag.default_created_by",
            "module.oci_lz_orchestrator.module.oci_lz_tags.data.oci_identity_tag.default_created_on",
            "module.oci_lz_orchestrator.module.oci_lz_tags.data.oci_identity_tag_namespaces.oracle_default",
            "module.oci_lz_orchestrator.module.oci_lz_tags.oci_identity_tag_namespace.these"
          ],
          "create_before_destroy": true
        }
      ]
    },
    {
      "module": "module.oci_lz_orchestrator.module.oci_lz_tags[0]",
      "mode": "managed",
      "type": "oci_identity_tag_namespace",
      "name": "these",
      "provider": "module.oci_lz_orchestrator.provider[\"registry.terraform.io/oracle/oci\"]",
      "instances": [
        {
          "index_key": "TAGNS-LZ-ROLE-KEY",
          "schema_version": 0,
          "attributes": {
            "compartment_id": "ocid1.tenancy.oc19..aaaaaaaa4ftkyx3ao73kndo3mbltj6gtbf27mxbgpu65a33ipgo2wqyj4zba",
            "defined_tags": {
              "Oracle-Tags.CreatedBy": "default/jorge.e.torlaschi@accenture.com",
              "Oracle-Tags.CreatedOn": "2026-03-02T14:47:56.162Z"
            },
            "description": "Tag namespace for Tag Based Access Controls of Landing Zone Roles.",
            "freeform_tags": {
              "ocilz-terraform-module": "tags/0.1.6\n"
            },
            "id": "ocid1.tagnamespace.oc19..aaaaaaaaj2fpzm7xjqnzb4mvwzbjb6h3vsqr6dggtqt5smq74lwckn45uy4q",
            "is_retired": false,
            "name": "o-p-om2-tagns-name-001",
            "state": "ACTIVE",
            "time_created": "2026-03-02 14:47:56.183 +0000 UTC",
            "timeouts": null
          },
          "sensitive_attributes": [],
          "identity_schema_version": 0,
          "private": "eyJlMmJmYjczMC1lY2FhLTExZTYtOGY4OC0zNDM2M2JjN2M0YzAiOnsiY3JlYXRlIjoxMjAwMDAwMDAwMDAwLCJkZWxldGUiOjEyMDAwMDAwMDAwMDAsInVwZGF0ZSI6MTIwMDAwMDAwMDAwMH19",
          "dependencies": [
            "module.oci_lz_orchestrator.module.oci_lz_tags.data.oci_identity_tag_namespaces.oracle_default"
          ],
          "create_before_destroy": true
        }
      ]
    }
  ],
  "check_results": [
    {
      "object_kind": "resource",
      "config_addr": "module.oci_lz_orchestrator.module.oci_lz_logging.oci_logging_log.bucket_logs",
      "status": "pass",
      "objects": null
    },
    {
      "object_kind": "resource",
      "config_addr": "module.oci_lz_orchestrator.module.oci_lz_service_connectors.oci_ons_subscription.these",
      "status": "pass",
      "objects": null
    },
    {
      "object_kind": "resource",
      "config_addr": "module.oci_lz_orchestrator.module.oci_lz_compute.oci_core_cluster_network.these",
      "status": "pass",
      "objects": null
    },
    {
      "object_kind": "resource",
      "config_addr": "module.oci_lz_orchestrator.module.oci_lz_security_zones.oci_cloud_guard_security_recipe.these",
      "status": "pass",
      "objects": null
    },
    {
      "object_kind": "resource",
      "config_addr": "module.oci_lz_orchestrator.module.oci_lz_home_region_events.oci_events_rule.these",
      "status": "pass",
      "objects": null
    },
    {
      "object_kind": "resource",
      "config_addr": "module.oci_lz_orchestrator.module.oci_lz_compute.oci_core_volume.these",
      "status": "pass",
      "objects": null
    },
    {
      "object_kind": "resource",
      "config_addr": "module.oci_lz_orchestrator.module.oci_lz_alarms.oci_streaming_stream.these",
      "status": "pass",
      "objects": null
    },
    {
      "object_kind": "resource",
      "config_addr": "module.oci_lz_orchestrator.module.oci_lz_network.data.oci_security_attribute_security_attribute_namespaces.these",
      "status": "pass",
      "objects": null
    },
    {
      "object_kind": "resource",
      "config_addr": "module.oci_lz_orchestrator.module.oci_lz_streams.oci_streaming_stream.these",
      "status": "pass",
      "objects": null
    },
    {
      "object_kind": "resource",
      "config_addr": "module.oci_lz_orchestrator.module.oci_lz_logging.oci_logging_log.these",
      "status": "pass",
      "objects": null
    },
    {
      "object_kind": "resource",
      "config_addr": "module.oci_lz_orchestrator.module.oci_lz_network.oci_core_default_security_list.these",
      "status": "pass",
      "objects": [
        {
          "object_addr": "module.oci_lz_orchestrator.module.oci_lz_network[0].oci_core_default_security_list.these[\"CUSTOM-DEFAULT-SEC-LIST-VCN-VLL-LZ-EXACS-NPR-KEY\"]",
          "status": "pass"
        },
        {
          "object_addr": "module.oci_lz_orchestrator.module.oci_lz_network[0].oci_core_default_security_list.these[\"CUSTOM-DEFAULT-SEC-LIST-VCN-VLL-LZ-EXACS-PRO-KEY\"]",
          "status": "pass"
        },
        {
          "object_addr": "module.oci_lz_orchestrator.module.oci_lz_network[0].oci_core_default_security_list.these[\"CUSTOM-DEFAULT-SEC-LIST-VCN-VLL-LZ-HUB-KEY\"]",
          "status": "pass"
        }
      ]
    },
    {
      "object_kind": "resource",
      "config_addr": "module.oci_lz_orchestrator.module.oci_lz_bastions.oci_bastion_session.these",
      "status": "pass",
      "objects": null
    },
    {
      "object_kind": "resource",
      "config_addr": "module.oci_lz_orchestrator.module.oci_lz_network.oci_core_vcn.these",
      "status": "pass",
      "objects": [
        {
          "object_addr": "module.oci_lz_orchestrator.module.oci_lz_network[0].oci_core_vcn.these[\"VCN-VLL-LZ-EXACS-NPR-KEY\"]",
          "status": "pass"
        },
        {
          "object_addr": "module.oci_lz_orchestrator.module.oci_lz_network[0].oci_core_vcn.these[\"VCN-VLL-LZ-EXACS-PRO-KEY\"]",
          "status": "pass"
        },
        {
          "object_addr": "module.oci_lz_orchestrator.module.oci_lz_network[0].oci_core_vcn.these[\"VCN-VLL-LZ-HUB-KEY\"]",
          "status": "pass"
        }
      ]
    },
    {
      "object_kind": "resource",
      "config_addr": "module.oci_lz_orchestrator.module.oci_lz_events.oci_events_rule.these",
      "status": "pass",
      "objects": null
    },
    {
      "object_kind": "resource",
      "config_addr": "module.oci_lz_orchestrator.module.oci_lz_compute.oci_core_app_catalog_listing_resource_version_agreement.these",
      "status": "pass",
      "objects": null
    },
    {
      "object_kind": "resource",
      "config_addr": "module.oci_lz_orchestrator.module.oci_lz_compute.oci_core_instance.these",
      "status": "pass",
      "objects": null
    },
    {
      "object_kind": "resource",
      "config_addr": "module.oci_lz_orchestrator.module.oci_lz_alarms.oci_ons_subscription.these",
      "status": "pass",
      "objects": null
    },
    {
      "object_kind": "resource",
      "config_addr": "module.oci_lz_orchestrator.module.oci_lz_compute.oci_file_storage_mount_target.these",
      "status": "pass",
      "objects": null
    },
    {
      "object_kind": "resource",
      "config_addr": "module.oci_lz_orchestrator.module.oci_lz_compute.oci_core_volume_backup_policy_assignment.these",
      "status": "pass",
      "objects": null
    },
    {
      "object_kind": "resource",
      "config_addr": "module.oci_lz_orchestrator.module.oci_lz_identity_domains.oci_identity_domains_group.these_with_external_membership_updates",
      "status": "pass",
      "objects": null
    },
    {
      "object_kind": "resource",
      "config_addr": "module.oci_lz_orchestrator.module.oci_lz_streams.oci_streaming_stream_pool.these",
      "status": "pass",
      "objects": null
    },
    {
      "object_kind": "resource",
      "config_addr": "module.oci_lz_orchestrator.module.oci_lz_alarms.oci_monitoring_alarm.these",
      "status": "pass",
      "objects": null
    },
    {
      "object_kind": "resource",
      "config_addr": "module.oci_lz_orchestrator.module.oci_lz_oke.oci_containerengine_node_pool.these",
      "status": "pass",
      "objects": null
    },
    {
      "object_kind": "resource",
      "config_addr": "module.oci_lz_orchestrator.module.oci_lz_identity_domains.oci_identity_domains_app.these",
      "status": "pass",
      "objects": null
    },
    {
      "object_kind": "resource",
      "config_addr": "module.oci_lz_orchestrator.module.oci_lz_identity_domains.oci_identity_domains_identity_provider.these",
      "status": "pass",
      "objects": null
    },
    {
      "object_kind": "resource",
      "config_addr": "module.oci_lz_orchestrator.module.oci_lz_bastions.oci_bastion_bastion.these",
      "status": "pass",
      "objects": null
    },
    {
      "object_kind": "resource",
      "config_addr": "module.oci_lz_orchestrator.module.oci_lz_home_region_events.oci_ons_notification_topic.these",
      "status": "pass",
      "objects": null
    },
    {
      "object_kind": "resource",
      "config_addr": "module.oci_lz_orchestrator.module.oci_lz_service_connectors.oci_objectstorage_bucket.bucket_replica",
      "status": "pass",
      "objects": null
    },
    {
      "object_kind": "resource",
      "config_addr": "module.oci_lz_orchestrator.module.oci_lz_home_region_events.oci_streaming_stream.these",
      "status": "pass",
      "objects": null
    },
    {
      "object_kind": "resource",
      "config_addr": "module.oci_lz_orchestrator.module.oci_lz_compute.oci_core_vnic_attachment.these",
      "status": "pass",
      "objects": null
    },
    {
      "object_kind": "resource",
      "config_addr": "module.oci_lz_orchestrator.module.oci_lz_compute.oci_file_storage_export.these",
      "status": "pass",
      "objects": null
    },
    {
      "object_kind": "resource",
      "config_addr": "module.oci_lz_orchestrator.module.oci_lz_identity_domains.oci_identity_domain_replication_to_region.these",
      "status": "pass",
      "objects": null
    },
    {
      "object_kind": "resource",
      "config_addr": "module.oci_lz_orchestrator.module.oci_lz_events.oci_ons_notification_topic.these",
      "status": "pass",
      "objects": null
    },
    {
      "object_kind": "resource",
      "config_addr": "module.oci_lz_orchestrator.module.oci_lz_compute.data.oci_core_images.these_custom",
      "status": "pass",
      "objects": null
    },
    {
      "object_kind": "resource",
      "config_addr": "module.oci_lz_orchestrator.module.oci_lz_network.oci_core_security_list.these",
      "status": "pass",
      "objects": [
        {
          "object_addr": "module.oci_lz_orchestrator.module.oci_lz_network[0].oci_core_security_list.these[\"SL-VLL-LZ-HUB-MGMT-KEY\"]",
          "status": "pass"
        },
        {
          "object_addr": "module.oci_lz_orchestrator.module.oci_lz_network[0].oci_core_security_list.these[\"SL-VLL-LZ-EXACS-NPR-BACKUP-KEY\"]",
          "status": "pass"
        },
        {
          "object_addr": "module.oci_lz_orchestrator.module.oci_lz_network[0].oci_core_security_list.these[\"SL-VLL-LZ-EXACS-NPR-CLIENT-KEY\"]",
          "status": "pass"
        },
        {
          "object_addr": "module.oci_lz_orchestrator.module.oci_lz_network[0].oci_core_security_list.these[\"SL-VLL-LZ-EXACS-PRO-BACKUP-KEY\"]",
          "status": "pass"
        },
        {
          "object_addr": "module.oci_lz_orchestrator.module.oci_lz_network[0].oci_core_security_list.these[\"SL-VLL-LZ-EXACS-PRO-CLIENT-KEY\"]",
          "status": "pass"
        },
        {
          "object_addr": "module.oci_lz_orchestrator.module.oci_lz_network[0].oci_core_security_list.these[\"SL-VLL-LZ-HUB-FW-KEY\"]",
          "status": "pass"
        }
      ]
    },
    {
      "object_kind": "resource",
      "config_addr": "module.oci_lz_orchestrator.module.oci_lz_compute.oci_file_storage_replication.these",
      "status": "pass",
      "objects": null
    },
    {
      "object_kind": "resource",
      "config_addr": "module.oci_lz_orchestrator.module.oci_lz_home_region_events.oci_ons_subscription.these",
      "status": "pass",
      "objects": null
    },
    {
      "object_kind": "resource",
      "config_addr": "module.oci_lz_orchestrator.module.oci_lz_compute.oci_file_storage_file_system.these",
      "status": "pass",
      "objects": null
    },
    {
      "object_kind": "resource",
      "config_addr": "module.oci_lz_orchestrator.module.oci_lz_compute.data.oci_core_app_catalog_listing_resource_version.this",
      "status": "pass",
      "objects": null
    },
    {
      "object_kind": "resource",
      "config_addr": "module.oci_lz_orchestrator.module.oci_lz_logging.data.oci_network_load_balancer_network_load_balancers.these",
      "status": "pass",
      "objects": null
    },
    {
      "object_kind": "resource",
      "config_addr": "module.oci_lz_orchestrator.module.oci_lz_security_zones.oci_cloud_guard_security_zone.these",
      "status": "pass",
      "objects": null
    },
    {
      "object_kind": "resource",
      "config_addr": "module.oci_lz_orchestrator.module.oci_lz_events.oci_streaming_stream.these",
      "status": "pass",
      "objects": null
    },
    {
      "object_kind": "resource",
      "config_addr": "module.oci_lz_orchestrator.module.oci_lz_scanning.oci_vulnerability_scanning_container_scan_target.these",
      "status": "pass",
      "objects": null
    },
    {
      "object_kind": "resource",
      "config_addr": "module.oci_lz_orchestrator.module.oci_lz_vaults.oci_kms_key.these",
      "status": "pass",
      "objects": null
    },
    {
      "object_kind": "resource",
      "config_addr": "module.oci_lz_orchestrator.module.oci_lz_events.oci_ons_subscription.these",
      "status": "pass",
      "objects": null
    },
    {
      "object_kind": "resource",
      "config_addr": "module.oci_lz_orchestrator.module.oci_lz_oke.oci_containerengine_cluster.these",
      "status": "pass",
      "objects": null
    },
    {
      "object_kind": "resource",
      "config_addr": "module.oci_lz_orchestrator.module.oci_lz_nlb.oci_network_load_balancer_network_load_balancer.these",
      "status": "pass",
      "objects": null
    },
    {
      "object_kind": "resource",
      "config_addr": "module.oci_lz_orchestrator.module.oci_lz_compute.data.oci_marketplace_listing.this",
      "status": "pass",
      "objects": null
    },
    {
      "object_kind": "resource",
      "config_addr": "module.oci_lz_orchestrator.module.oci_lz_notifications.oci_ons_subscription.these",
      "status": "pass",
      "objects": null
    },
    {
      "object_kind": "resource",
      "config_addr": "module.oci_lz_orchestrator.module.oci_lz_service_connectors.oci_identity_policy.these",
      "status": "pass",
      "objects": null
    },
    {
      "object_kind": "resource",
      "config_addr": "module.oci_lz_orchestrator.module.oci_lz_identity_domains.oci_identity_domains_group.these",
      "status": "pass",
      "objects": [
        {
          "object_addr": "module.oci_lz_orchestrator.module.oci_lz_identity_domains[0].oci_identity_domains_group.these[\"GRP-GLOBALSERV-ADMIN-KEY\"]",
          "status": "pass"
        },
        {
          "object_addr": "module.oci_lz_orchestrator.module.oci_lz_identity_domains[0].oci_identity_domains_group.these[\"GRP-IAM-ADMIN-KEY\"]",
          "status": "pass"
        },
        {
          "object_addr": "module.oci_lz_orchestrator.module.oci_lz_identity_domains[0].oci_identity_domains_group.these[\"GRP-LZ-DB-ADMINS\"]",
          "status": "pass"
        },
        {
          "object_addr": "module.oci_lz_orchestrator.module.oci_lz_identity_domains[0].oci_identity_domains_group.these[\"GRP-LZ-INFRA-ADMINS\"]",
          "status": "pass"
        },
        {
          "object_addr": "module.oci_lz_orchestrator.module.oci_lz_identity_domains[0].oci_identity_domains_group.these[\"GRP-NETWORK-ADMIN-KEY\"]",
          "status": "pass"
        },
        {
          "object_addr": "module.oci_lz_orchestrator.module.oci_lz_identity_domains[0].oci_identity_domains_group.these[\"GRP-SECURITY-ADMIN-KEY\"]",
          "status": "pass"
        },
        {
          "object_addr": "module.oci_lz_orchestrator.module.oci_lz_identity_domains[0].oci_identity_domains_group.these[\"GRP-AUDITORS-ADMIN-KEY\"]",
          "status": "pass"
        },
        {
          "object_addr": "module.oci_lz_orchestrator.module.oci_lz_identity_domains[0].oci_identity_domains_group.these[\"GRP-COST-ADMIN-KEY\"]",
          "status": "pass"
        }
      ]
    },
    {
      "object_kind": "resource",
      "config_addr": "module.oci_lz_orchestrator.module.oci_lz_logging.data.oci_core_vnic_attachments.these",
      "status": "pass",
      "objects": null
    },
    {
      "object_kind": "resource",
      "config_addr": "module.oci_lz_orchestrator.module.oci_lz_logging.data.oci_identity_compartment.these",
      "status": "pass",
      "objects": null
    },
    {
      "object_kind": "resource",
      "config_addr": "module.oci_lz_orchestrator.module.oci_lz_network.oci_core_network_security_group_security_rule.ingress",
      "status": "pass",
      "objects": [
        {
          "object_addr": "module.oci_lz_orchestrator.module.oci_lz_network[0].oci_core_network_security_group_security_rule.ingress[\"NSG-VLL-LZ-HUB-LB-KEY.http_443\"]",
          "status": "pass"
        },
        {
          "object_addr": "module.oci_lz_orchestrator.module.oci_lz_network[0].oci_core_network_security_group_security_rule.ingress[\"NSG-VLL-LZ-HUB-LB-KEY.http_80\"]",
          "status": "pass"
        },
        {
          "object_addr": "module.oci_lz_orchestrator.module.oci_lz_network[0].oci_core_network_security_group_security_rule.ingress[\"NSG-VLL-LZ-HUB-FW-KEY.from_lb\"]",
          "status": "pass"
        }
      ]
    },
    {
      "object_kind": "resource",
      "config_addr": "module.oci_lz_orchestrator.module.oci_lz_policies.oci_identity_policy.these",
      "status": "pass",
      "objects": [
        {
          "object_addr": "module.oci_lz_orchestrator.module.oci_lz_policies[0].oci_identity_policy.these[\"PCY-IAM-ADMIN-KEY\"]",
          "status": "pass"
        },
        {
          "object_addr": "module.oci_lz_orchestrator.module.oci_lz_policies[0].oci_identity_policy.these[\"PCY-LZ-PLATFORM-EXACS-DB-ADMIN-KEY\"]",
          "status": "pass"
        },
        {
          "object_addr": "module.oci_lz_orchestrator.module.oci_lz_policies[0].oci_identity_policy.these[\"PCY-AUDITING-ADMIN-KEY\"]",
          "status": "pass"
        },
        {
          "object_addr": "module.oci_lz_orchestrator.module.oci_lz_policies[0].oci_identity_policy.these[\"PCY-SECURITY-ADMIN-KEY\"]",
          "status": "pass"
        },
        {
          "object_addr": "module.oci_lz_orchestrator.module.oci_lz_policies[0].oci_identity_policy.these[\"PCY-LZ-PLATFORM-EXACS-INFRA-ADMIN-KEY\"]",
          "status": "pass"
        },
        {
          "object_addr": "module.oci_lz_orchestrator.module.oci_lz_policies[0].oci_identity_policy.these[\"PCY-GLOBALSERV-ADMIN-KEY\"]",
          "status": "pass"
        },
        {
          "object_addr": "module.oci_lz_orchestrator.module.oci_lz_policies[0].oci_identity_policy.these[\"PCY-NETWORK-ADMIN-KEY\"]",
          "status": "pass"
        },
        {
          "object_addr": "module.oci_lz_orchestrator.module.oci_lz_policies[0].oci_identity_policy.these[\"PCY-SERVICES-ADMIN-KEY\"]",
          "status": "pass"
        },
        {
          "object_addr": "module.oci_lz_orchestrator.module.oci_lz_policies[0].oci_identity_policy.these[\"PCY-LZ-PLATFORM-EXACS-GENERIC-ADMIN-KEY\"]",
          "status": "pass"
        },
        {
          "object_addr": "module.oci_lz_orchestrator.module.oci_lz_policies[0].oci_identity_policy.these[\"PCY-GENERIC-ADMIN-KEY\"]",
          "status": "pass"
        },
        {
          "object_addr": "module.oci_lz_orchestrator.module.oci_lz_policies[0].oci_identity_policy.these[\"PCY-COST-ADMIN-KEY\"]",
          "status": "pass"
        }
      ]
    },
    {
      "object_kind": "resource",
      "config_addr": "module.oci_lz_orchestrator.module.oci_lz_alarms.oci_ons_notification_topic.these",
      "status": "pass",
      "objects": null
    },
    {
      "object_kind": "resource",
      "config_addr": "module.oci_lz_orchestrator.module.oci_lz_logging.data.oci_core_subnets.these",
      "status": "pass",
      "objects": null
    },
    {
      "object_kind": "resource",
      "config_addr": "module.oci_lz_orchestrator.module.oci_lz_service_connectors.oci_objectstorage_bucket.these",
      "status": "pass",
      "objects": null
    },
    {
      "object_kind": "resource",
      "config_addr": "module.oci_lz_orchestrator.module.oci_lz_service_connectors.oci_sch_service_connector.these",
      "status": "pass",
      "objects": null
    },
    {
      "object_kind": "resource",
      "config_addr": "module.oci_lz_orchestrator.module.oci_lz_oke.oci_containerengine_virtual_node_pool.these",
      "status": "pass",
      "objects": null
    },
    {
      "object_kind": "resource",
      "config_addr": "module.oci_lz_orchestrator.module.oci_lz_logging.oci_logging_log.flow_logs",
      "status": "pass",
      "objects": null
    },
    {
      "object_kind": "resource",
      "config_addr": "module.oci_lz_orchestrator.module.oci_lz_compute.data.oci_core_app_catalog_listing_resource_versions.these",
      "status": "pass",
      "objects": null
    },
    {
      "object_kind": "resource",
      "config_addr": "module.oci_lz_orchestrator.module.oci_lz_compute.oci_core_volume_attachment.these",
      "status": "pass",
      "objects": null
    }
  ]
}
