{
  "version": 4,
  "terraform_version": "1.15.2",
  "serial": 4,
  "lineage": "ae6844c5-9c59-202b-b45d-14a9830498bd",
  "outputs": {},
  "resources": [
    {
      "module": "module.oci_lz_orchestrator",
      "mode": "data",
      "type": "oci_identity_regions",
      "name": "these",
      "provider": "module.oci_lz_orchestrator.provider[\"registry.terraform.io/oracle/oci\"]",
      "instances": [
        {
          "schema_version": 0,
          "attributes": {
            "filter": null,
            "id": "IdentityRegionsDataSource-0",
            "regions": [
              {
                "key": "STR",
                "name": "eu-frankfurt-2"
              },
              {
                "key": "VLL",
                "name": "eu-madrid-2"
              }
            ]
          },
          "sensitive_attributes": [],
          "identity_schema_version": 0
        }
      ]
    },
    {
      "module": "module.oci_lz_orchestrator",
      "mode": "data",
      "type": "oci_identity_tenancy",
      "name": "this",
      "provider": "module.oci_lz_orchestrator.provider[\"registry.terraform.io/oracle/oci\"]",
      "instances": [
        {
          "schema_version": 0,
          "attributes": {
            "defined_tags": {},
            "description": "TENLS-6209",
            "freeform_tags": {},
            "home_region_key": "VLL",
            "id": "ocid1.tenancy.oc19..aaaaaaaa4ftkyx3ao73kndo3mbltj6gtbf27mxbgpu65a33ipgo2wqyj4zba",
            "name": "seguridadsocial",
            "tenancy_id": "ocid1.tenancy.oc19..aaaaaaaa4ftkyx3ao73kndo3mbltj6gtbf27mxbgpu65a33ipgo2wqyj4zba",
            "upi_idcs_compatibility_layer_endpoint": null
          },
          "sensitive_attributes": [],
          "identity_schema_version": 0
        }
      ]
    },
    {
      "module": "module.oci_lz_orchestrator",
      "mode": "managed",
      "type": "local_file",
      "name": "compartments_output",
      "provider": "provider[\"registry.terraform.io/hashicorp/local\"]",
      "instances": [
        {
          "index_key": 0,
          "schema_version": 0,
          "attributes": {
            "content": "{\"compartments\":{\"CMP-LANDINGZONE-KEY\":{\"id\":\"ocid1.compartment.oc19..aaaaaaaa43gu35rhrbtmirjlkxilrma3v5s2bqzhico4up6jvstnluiud3oa\"},\"CMP-LZ-CDINSS-KEY\":{\"id\":\"ocid1.compartment.oc19..aaaaaaaanalnmbuht65cel33bkqu2aowgdi3hvfcqofq2q7tsod5jcurxpxq\"},\"CMP-LZ-CDINSS-NPR-KEY\":{\"id\":\"ocid1.compartment.oc19..aaaaaaaas5tb4msd3rlj6luy7smtqmnybp3cm4sprqoya3v4fbqvycpe6ewq\"},\"CMP-LZ-CDINSS-NPR-NETWORK-KEY\":{\"id\":\"ocid1.compartment.oc19..aaaaaaaauvyilp65vl56pmzfvqqcv2dehlsykptzfbvliyrqwsqxmvsy3xcq\"},\"CMP-LZ-CDINSS-NPR-PLATFORM-KEY\":{\"id\":\"ocid1.compartment.oc19..aaaaaaaa7ct5zrs6wj5uyr4ooofev5pnrzktmz3ut35kxajmr72olgw3eo5a\"},\"CMP-LZ-CDINSS-NPR-PROJECTS-KEY\":{\"id\":\"ocid1.compartment.oc19..aaaaaaaa5ve7hl23gcpq4s3imssn3z4sext3mncvmk3i43h3rjts4uaw45hq\"},\"CMP-LZ-CDINSS-NPR-SECURITY-KEY\":{\"id\":\"ocid1.compartment.oc19..aaaaaaaalzthcr6advj52mbrtu6h4viq523mko3gcyjc3nyppdu2ysxevqua\"},\"CMP-LZ-CDINSS-PROD-KEY\":{\"id\":\"ocid1.compartment.oc19..aaaaaaaavug4kpn4sdoskxdzgkfi2uvke26grr6gbxtvg2f3x6ve3ngs5jfq\"},\"CMP-LZ-CDINSS-PROD-NETWORK-KEY\":{\"id\":\"ocid1.compartment.oc19..aaaaaaaandgh7xjaze7etcofiogdw3vmeyeh73w6aj4aowtxynrr7hlla77a\"},\"CMP-LZ-CDINSS-PROD-PLATFORM-KEY\":{\"id\":\"ocid1.compartment.oc19..aaaaaaaatphkv6k4akaip3w5gvdauibjy5ag3p2hyhssgmfu5xgmivtykgha\"},\"CMP-LZ-CDINSS-PROD-PROJECTS-KEY\":{\"id\":\"ocid1.compartment.oc19..aaaaaaaag2d27gjmfsd36j45w7mi7piyfz6uvstpiuszd2gh2wto7kvmf5rq\"},\"CMP-LZ-CDINSS-PROD-SECURITY-KEY\":{\"id\":\"ocid1.compartment.oc19..aaaaaaaakq3vum5nnnrkpl5ro7qt7qorb3a7p2nrwwdpzn7wzkbh3vwqa2dq\"},\"CMP-LZ-DEVOPS-KEY\":{\"id\":\"ocid1.compartment.oc19..aaaaaaaapmdgp7bcad4vembnxe3t3iajxbpvztrlp3dk2p7y6xzwgnlbwslq\"},\"CMP-LZ-EXACS-DB-KEY\":{\"id\":\"ocid1.compartment.oc19..aaaaaaaaepzjuq4cjhkstzgva5nrliugyqgakoxjby5nudywy2ptpjc5jxaq\"},\"CMP-LZ-EXACS-INFRA-KEY\":{\"id\":\"ocid1.compartment.oc19..aaaaaaaa2n4o2xmgt5b5auwg4ud6akdrdcnqqcrdmv6eiftlythr3ajhk7aa\"},\"CMP-LZ-EXACS-KEY\":{\"id\":\"ocid1.compartment.oc19..aaaaaaaaexcetgujt75cw4hxoyttqpq5lqqfe4zcutegmvlk5vwikibcf3na\"},\"CMP-LZ-LOGGING-KEY\":{\"id\":\"ocid1.compartment.oc19..aaaaaaaaljtgrfd42d76gps36ryevoufbxk3cns7ri7zfwjvlauu4bq6r3na\"},\"CMP-LZ-NETWORK-KEY\":{\"id\":\"ocid1.compartment.oc19..aaaaaaaa5gtrrkqmob4ummcgl52exbo4d4vf55uvlzdku5j4fammf3b2pmlq\"},\"CMP-LZ-PLATFORM-KEY\":{\"id\":\"ocid1.compartment.oc19..aaaaaaaa6xwlxfjdyxcozp274vtvpp2ar5cahjmyljyxbb44wh726jjppm4q\"},\"CMP-LZ-SECURITY-KEY\":{\"id\":\"ocid1.compartment.oc19..aaaaaaaayw5yjsj6mh5smp5piyjpjelequhd777a66psqqoxcw7czj4dyiua\"}}}",
            "content_base64": null,
            "content_base64sha256": "FjvJ/mvC9Mi6K9oojv5RpDqVAWgh3GHpx9yH0zgrfpw=",
            "content_base64sha512": "PvjBKad6QdUeZVivBdr2LSfJi4Q8O6NWt8mBMMu3fJw4oF8yfBxPT/1XQIbXqBeZ5NVz+T2sw3nXM3If4lvqZg==",
            "content_md5": "b979fb6d5a917cbc5de74474d19fd65c",
            "content_sha1": "b381ef0a806f32e99f3e24e83e270e26248d29a4",
            "content_sha256": "163bc9fe6bc2f4c8ba2bda288efe51a43a95016821dc61e9c7dc87d3382b7e9c",
            "content_sha512": "3ef8c129a77a41d51e6558af05daf62d27c98b843c3ba356b7c98130cbb77c9c38a05f327c1c4f4ffd574086d7a81799e4d573f93dacc379d733721fe25bea66",
            "directory_permission": "0777",
            "file_permission": "0777",
            "filename": "./compartments_output.json",
            "id": "b381ef0a806f32e99f3e24e83e270e26248d29a4",
            "sensitive_content": null,
            "source": null
          },
          "sensitive_attributes": [
            [
              {
                "type": "get_attr",
                "value": "sensitive_content"
              }
            ]
          ],
          "identity_schema_version": 0,
          "dependencies": [
            "module.oci_lz_orchestrator.data.oci_identity_regions.these",
            "module.oci_lz_orchestrator.data.oci_identity_tenancy.this",
            "module.oci_lz_orchestrator.module.oci_lz_compartments.oci_identity_compartment.level_2",
            "module.oci_lz_orchestrator.module.oci_lz_compartments.oci_identity_compartment.level_3",
            "module.oci_lz_orchestrator.module.oci_lz_compartments.oci_identity_compartment.level_4",
            "module.oci_lz_orchestrator.module.oci_lz_compartments.oci_identity_compartment.level_5",
            "module.oci_lz_orchestrator.module.oci_lz_compartments.oci_identity_compartment.level_6",
            "module.oci_lz_orchestrator.module.oci_lz_compartments.oci_identity_compartment.these",
            "module.oci_lz_orchestrator.module.oci_lz_compartments.oci_identity_tag_default.these",
            "module.oci_lz_orchestrator.module.oci_lz_tags.data.oci_identity_tag.default_created_by",
            "module.oci_lz_orchestrator.module.oci_lz_tags.data.oci_identity_tag.default_created_on",
            "module.oci_lz_orchestrator.module.oci_lz_tags.data.oci_identity_tag_namespaces.oracle_default",
            "module.oci_lz_orchestrator.module.oci_lz_tags.oci_identity_tag.these",
            "module.oci_lz_orchestrator.module.oci_lz_tags.oci_identity_tag_default.these",
            "module.oci_lz_orchestrator.module.oci_lz_tags.oci_identity_tag_namespace.these"
          ]
        }
      ]
    },
    {
      "module": "module.oci_lz_orchestrator",
      "mode": "managed",
      "type": "local_file",
      "name": "tags_output",
      "provider": "provider[\"registry.terraform.io/hashicorp/local\"]",
      "instances": [
        {
          "index_key": 0,
          "schema_version": 0,
          "attributes": {
            "content": "{\"tags\":{\"TAG-ENS-AUTHENTICITY-KEY\":{\"id\":\"ocid1.tagdefinition.oc19..aaaaaaaaqxl7cnvybqoe36k4j6n7ot7o3ad3hpiaiclknohnlumr7z5mxtya\"},\"TAG-ENS-AVAILABILITY-KEY\":{\"id\":\"ocid1.tagdefinition.oc19..aaaaaaaamtykuxl7z7kecwlofbfuxpdjm2bagimktu7s7tj4o3qa4ohnowea\"},\"TAG-ENS-CONFIDENTIALITY-KEY\":{\"id\":\"ocid1.tagdefinition.oc19..aaaaaaaafxanb42k6tmcz5elqpvy5gwctzz5nvs45eumthqhjhucjmrzbufq\"},\"TAG-ENS-INTEGRITY-KEY\":{\"id\":\"ocid1.tagdefinition.oc19..aaaaaaaazsjnfio6irydjlbyumodoasprnjmrobbmmawxnszehgmg2nfufga\"},\"TAG-ENS-TRACEABILITY-KEY\":{\"id\":\"ocid1.tagdefinition.oc19..aaaaaaaaenskrszzcs3meq7k5n7px6dzz657nor4rd5mn7p46ttz4urodk7q\"},\"TAG-GOV-APPLICATION-CODE-KEY\":{\"id\":\"ocid1.tagdefinition.oc19..aaaaaaaas4iukqceq7kkowric2ehdumve67pg5gxxwtov5uztfarxe6crqia\"},\"TAG-GOV-APPLICATION-NAME-KEY\":{\"id\":\"ocid1.tagdefinition.oc19..aaaaaaaad5jzdz2y7aedzthktttcireuonkd4rflqz44x34l7umd3tgxcleq\"},\"TAG-GOV-BUSINESS-CRITICALITY-KEY\":{\"id\":\"ocid1.tagdefinition.oc19..aaaaaaaaxy576lbfa62hq57ixw7l7cymcii2qkux4xve5fjoj7ewvhzmy75a\"},\"TAG-GOV-COST-CENTER-KEY\":{\"id\":\"ocid1.tagdefinition.oc19..aaaaaaaavsvikjg3f7osihcs6aathmswrfruhbvlaaorobkvgu3ysnxrsjgq\"},\"TAG-GOV-DEPARTMENT-KEY\":{\"id\":\"ocid1.tagdefinition.oc19..aaaaaaaafo5dn4sumk5habfsuc77a4uoygjinzkibpopd42orpxyh4gp4njq\"},\"TAG-GOV-ENVIRONMENT-KEY\":{\"id\":\"ocid1.tagdefinition.oc19..aaaaaaaahhcnbwfhoestjmzzlnewukgxkcx7s6fk6issnxq2quxduvtrkkva\"},\"TAG-GOV-IAC-KEY\":{\"id\":\"ocid1.tagdefinition.oc19..aaaaaaaaxnwvcchaichbonqcriawdffy6ze5tnej46xyc2jz2mbynnqr54tq\"},\"TAG-GOV-NAME-KEY\":{\"id\":\"ocid1.tagdefinition.oc19..aaaaaaaaajccu7kuj6q7rbte2jsqlnk23fvahd6xzjyzm53cyj6o7b33plfa\"},\"TAG-GOV-OPERATIONAL-OWNER-KEY\":{\"id\":\"ocid1.tagdefinition.oc19..aaaaaaaa4nlc4els7tjtl7udg235wg6btydbxdtfbfd3h2nlxk2lkh3nh3ma\"},\"TAG-GOV-TECHNICAL-OWNER-KEY\":{\"id\":\"ocid1.tagdefinition.oc19..aaaaaaaaplzefdtq2pljsle54hm367q4zbxlawu7y7puo3z2t53q5ybuvgba\"},\"TAG-LZ-ROLE-KEY\":{\"id\":\"ocid1.tagdefinition.oc19..aaaaaaaa5nn6xvol36j5hhk7vl4t2h6jvj2nionfjbspjg22jx5jruyxveeq\"}}}",
            "content_base64": null,
            "content_base64sha256": "ZlaivLyr2Va+G+CnNvQELsNRfD68vrQ1QMKCWyw6twg=",
            "content_base64sha512": "H3t1SVzgHucgBSXTBA/gwgMJA0ZrnZjvPgqJ79qqc4YClbq2b3JeWRrQsfqxwYBRfwIcHaPKOTL+yOFFOta4Vw==",
            "content_md5": "08679adc1328be8decc754019604efe6",
            "content_sha1": "c598b908871123b45b8366d1d0cf1d9d9011cda7",
            "content_sha256": "6656a2bcbcabd956be1be0a736f4042ec3517c3ebcbeb43540c2825b2c3ab708",
            "content_sha512": "1f7b75495ce01ee7200525d3040fe0c2030903466b9d98ef3e0a89efdaaa73860295bab66f725e591ad0b1fab1c180517f021c1da3ca3932fec8e1453ad6b857",
            "directory_permission": "0777",
            "file_permission": "0777",
            "filename": "./tags_output.json",
            "id": "c598b908871123b45b8366d1d0cf1d9d9011cda7",
            "sensitive_content": null,
            "source": null
          },
          "sensitive_attributes": [
            [
              {
                "type": "get_attr",
                "value": "sensitive_content"
              }
            ]
          ],
          "identity_schema_version": 0,
          "dependencies": [
            "module.oci_lz_orchestrator.module.oci_lz_tags.data.oci_identity_tag.default_created_by",
            "module.oci_lz_orchestrator.module.oci_lz_tags.data.oci_identity_tag.default_created_on",
            "module.oci_lz_orchestrator.module.oci_lz_tags.data.oci_identity_tag_namespaces.oracle_default",
            "module.oci_lz_orchestrator.module.oci_lz_tags.oci_identity_tag.these",
            "module.oci_lz_orchestrator.module.oci_lz_tags.oci_identity_tag_default.these",
            "module.oci_lz_orchestrator.module.oci_lz_tags.oci_identity_tag_namespace.these"
          ]
        }
      ]
    },
    {
      "module": "module.oci_lz_orchestrator.module.oci_lz_compartments[0]",
      "mode": "managed",
      "type": "oci_identity_compartment",
      "name": "level_2",
      "provider": "module.oci_lz_orchestrator.provider[\"registry.terraform.io/oracle/oci\"].home",
      "instances": [
        {
          "index_key": "CMP-LZ-CDINSS-KEY",
          "schema_version": 0,
          "attributes": {
            "compartment_id": "ocid1.compartment.oc19..aaaaaaaa43gu35rhrbtmirjlkxilrma3v5s2bqzhico4up6jvstnluiud3oa",
            "defined_tags": {
              "Oracle-Tags.CreatedBy": "default/jorge.e.torlaschi@accenture.com",
              "Oracle-Tags.CreatedOn": "2026-03-10T14:41:37.680Z",
              "o-p-om2-tagns-ens-001.ens-authenticity": "__FILL__",
              "o-p-om2-tagns-ens-001.ens-availability": "__FILL__",
              "o-p-om2-tagns-ens-001.ens-confidentiality": "__FILL__",
              "o-p-om2-tagns-ens-001.ens-integrity": "__FILL__",
              "o-p-om2-tagns-ens-001.ens-traceability": "__FILL__",
              "o-p-om2-tagns-gov-001.application-code": "__FILL__",
              "o-p-om2-tagns-gov-001.application-name": "__FILL__",
              "o-p-om2-tagns-gov-001.business-criticality": "__FILL__",
              "o-p-om2-tagns-gov-001.cost-center": "__FILL__",
              "o-p-om2-tagns-gov-001.department": "__FILL__",
              "o-p-om2-tagns-gov-001.environment": "pro",
              "o-p-om2-tagns-gov-001.iac": "terraform",
              "o-p-om2-tagns-gov-001.name": "o-p-om2-cmp-cdin-core-001",
              "o-p-om2-tagns-gov-001.operational-owner": "__FILL__",
              "o-p-om2-tagns-gov-001.technical-owner": "__FILL__"
            },
            "description": "Coretech Entity Environment Compartment",
            "enable_delete": null,
            "freeform_tags": {
              "ocilz-terraform-module": "iam-compartments/0.3.4"
            },
            "id": "ocid1.compartment.oc19..aaaaaaaanalnmbuht65cel33bkqu2aowgdi3hvfcqofq2q7tsod5jcurxpxq",
            "inactive_state": null,
            "is_accessible": true,
            "name": "o-p-om2-cmp-cdin-core-001",
            "state": "ACTIVE",
            "time_created": "2026-03-10 14:41:37.96 +0000 UTC",
            "timeouts": null
          },
          "sensitive_attributes": [],
          "identity_schema_version": 0,
          "private": "eyJlMmJmYjczMC1lY2FhLTExZTYtOGY4OC0zNDM2M2JjN2M0YzAiOnsiZGVsZXRlIjo1NDAwMDAwMDAwMDAwfSwic2NoZW1hX3ZlcnNpb24iOiIwIn0=",
          "dependencies": [
            "module.oci_lz_orchestrator.data.oci_identity_regions.these",
            "module.oci_lz_orchestrator.data.oci_identity_tenancy.this",
            "module.oci_lz_orchestrator.module.oci_lz_compartments.oci_identity_compartment.these"
          ],
          "create_before_destroy": true
        },
        {
          "index_key": "CMP-LZ-NETWORK-KEY",
          "schema_version": 0,
          "attributes": {
            "compartment_id": "ocid1.compartment.oc19..aaaaaaaa43gu35rhrbtmirjlkxilrma3v5s2bqzhico4up6jvstnluiud3oa",
            "defined_tags": {
              "Oracle-Tags.CreatedBy": "default/jorge.e.torlaschi@accenture.com",
              "Oracle-Tags.CreatedOn": "2026-03-10T14:41:37.644Z",
              "o-p-om2-tagns-ens-001.ens-authenticity": "__FILL__",
              "o-p-om2-tagns-ens-001.ens-availability": "__FILL__",
              "o-p-om2-tagns-ens-001.ens-confidentiality": "__FILL__",
              "o-p-om2-tagns-ens-001.ens-integrity": "__FILL__",
              "o-p-om2-tagns-ens-001.ens-traceability": "__FILL__",
              "o-p-om2-tagns-gov-001.application-code": "__FILL__",
              "o-p-om2-tagns-gov-001.application-name": "__FILL__",
              "o-p-om2-tagns-gov-001.business-criticality": "__FILL__",
              "o-p-om2-tagns-gov-001.cost-center": "__FILL__",
              "o-p-om2-tagns-gov-001.department": "__FILL__",
              "o-p-om2-tagns-gov-001.environment": "pro",
              "o-p-om2-tagns-gov-001.iac": "terraform",
              "o-p-om2-tagns-gov-001.name": "o-p-om2-cmp-network-001",
              "o-p-om2-tagns-gov-001.operational-owner": "__FILL__",
              "o-p-om2-tagns-gov-001.technical-owner": "__FILL__",
              "o-p-om2-tagns-name-001.o-p-om2-tag-role-001": "o-p-om2-tag-role-network-001"
            },
            "description": "Shared Network Compartment",
            "enable_delete": null,
            "freeform_tags": {
              "ocilz-terraform-module": "iam-compartments/0.3.4"
            },
            "id": "ocid1.compartment.oc19..aaaaaaaa5gtrrkqmob4ummcgl52exbo4d4vf55uvlzdku5j4fammf3b2pmlq",
            "inactive_state": null,
            "is_accessible": true,
            "name": "o-p-om2-cmp-network-001",
            "state": "ACTIVE",
            "time_created": "2026-03-10 14:41:37.646 +0000 UTC",
            "timeouts": null
          },
          "sensitive_attributes": [],
          "identity_schema_version": 0,
          "private": "eyJlMmJmYjczMC1lY2FhLTExZTYtOGY4OC0zNDM2M2JjN2M0YzAiOnsiZGVsZXRlIjo1NDAwMDAwMDAwMDAwfSwic2NoZW1hX3ZlcnNpb24iOiIwIn0=",
          "dependencies": [
            "module.oci_lz_orchestrator.data.oci_identity_regions.these",
            "module.oci_lz_orchestrator.data.oci_identity_tenancy.this",
            "module.oci_lz_orchestrator.module.oci_lz_compartments.oci_identity_compartment.these"
          ],
          "create_before_destroy": true
        },
        {
          "index_key": "CMP-LZ-PLATFORM-KEY",
          "schema_version": 0,
          "attributes": {
            "compartment_id": "ocid1.compartment.oc19..aaaaaaaa43gu35rhrbtmirjlkxilrma3v5s2bqzhico4up6jvstnluiud3oa",
            "defined_tags": {
              "Oracle-Tags.CreatedBy": "default/jorge.e.torlaschi@accenture.com",
              "Oracle-Tags.CreatedOn": "2026-03-10T14:41:37.677Z",
              "o-p-om2-tagns-ens-001.ens-authenticity": "__FILL__",
              "o-p-om2-tagns-ens-001.ens-availability": "__FILL__",
              "o-p-om2-tagns-ens-001.ens-confidentiality": "__FILL__",
              "o-p-om2-tagns-ens-001.ens-integrity": "__FILL__",
              "o-p-om2-tagns-ens-001.ens-traceability": "__FILL__",
              "o-p-om2-tagns-gov-001.application-code": "__FILL__",
              "o-p-om2-tagns-gov-001.application-name": "__FILL__",
              "o-p-om2-tagns-gov-001.business-criticality": "__FILL__",
              "o-p-om2-tagns-gov-001.cost-center": "__FILL__",
              "o-p-om2-tagns-gov-001.department": "__FILL__",
              "o-p-om2-tagns-gov-001.environment": "pro",
              "o-p-om2-tagns-gov-001.iac": "terraform",
              "o-p-om2-tagns-gov-001.name": "o-p-om2-cmp-platform-001",
              "o-p-om2-tagns-gov-001.operational-owner": "__FILL__",
              "o-p-om2-tagns-gov-001.technical-owner": "__FILL__"
            },
            "description": "Shared Platform Compartment",
            "enable_delete": null,
            "freeform_tags": {
              "ocilz-terraform-module": "iam-compartments/0.3.4"
            },
            "id": "ocid1.compartment.oc19..aaaaaaaa6xwlxfjdyxcozp274vtvpp2ar5cahjmyljyxbb44wh726jjppm4q",
            "inactive_state": null,
            "is_accessible": true,
            "name": "o-p-om2-cmp-platform-001",
            "state": "ACTIVE",
            "time_created": "2026-03-10 14:41:37.777 +0000 UTC",
            "timeouts": null
          },
          "sensitive_attributes": [],
          "identity_schema_version": 0,
          "private": "eyJlMmJmYjczMC1lY2FhLTExZTYtOGY4OC0zNDM2M2JjN2M0YzAiOnsiZGVsZXRlIjo1NDAwMDAwMDAwMDAwfSwic2NoZW1hX3ZlcnNpb24iOiIwIn0=",
          "dependencies": [
            "module.oci_lz_orchestrator.data.oci_identity_regions.these",
            "module.oci_lz_orchestrator.data.oci_identity_tenancy.this",
            "module.oci_lz_orchestrator.module.oci_lz_compartments.oci_identity_compartment.these"
          ],
          "create_before_destroy": true
        },
        {
          "index_key": "CMP-LZ-SECURITY-KEY",
          "schema_version": 0,
          "attributes": {
            "compartment_id": "ocid1.compartment.oc19..aaaaaaaa43gu35rhrbtmirjlkxilrma3v5s2bqzhico4up6jvstnluiud3oa",
            "defined_tags": {
              "Oracle-Tags.CreatedBy": "default/jorge.e.torlaschi@accenture.com",
              "Oracle-Tags.CreatedOn": "2026-03-10T14:41:35.537Z",
              "o-p-om2-tagns-ens-001.ens-authenticity": "__FILL__",
              "o-p-om2-tagns-ens-001.ens-availability": "__FILL__",
              "o-p-om2-tagns-ens-001.ens-confidentiality": "__FILL__",
              "o-p-om2-tagns-ens-001.ens-integrity": "__FILL__",
              "o-p-om2-tagns-ens-001.ens-traceability": "__FILL__",
              "o-p-om2-tagns-gov-001.application-code": "__FILL__",
              "o-p-om2-tagns-gov-001.application-name": "__FILL__",
              "o-p-om2-tagns-gov-001.business-criticality": "__FILL__",
              "o-p-om2-tagns-gov-001.cost-center": "__FILL__",
              "o-p-om2-tagns-gov-001.department": "__FILL__",
              "o-p-om2-tagns-gov-001.environment": "pro",
              "o-p-om2-tagns-gov-001.iac": "terraform",
              "o-p-om2-tagns-gov-001.name": "o-p-om2-cmp-security-001",
              "o-p-om2-tagns-gov-001.operational-owner": "__FILL__",
              "o-p-om2-tagns-gov-001.technical-owner": "__FILL__",
              "o-p-om2-tagns-name-001.o-p-om2-tag-role-001": "o-p-om2-tag-role-security-001"
            },
            "description": "Shared Security Compartment",
            "enable_delete": null,
            "freeform_tags": {
              "ocilz-terraform-module": "iam-compartments/0.3.4"
            },
            "id": "ocid1.compartment.oc19..aaaaaaaayw5yjsj6mh5smp5piyjpjelequhd777a66psqqoxcw7czj4dyiua",
            "inactive_state": null,
            "is_accessible": true,
            "name": "o-p-om2-cmp-security-001",
            "state": "ACTIVE",
            "time_created": "2026-03-10 14:41:35.542 +0000 UTC",
            "timeouts": null
          },
          "sensitive_attributes": [],
          "identity_schema_version": 0,
          "private": "eyJlMmJmYjczMC1lY2FhLTExZTYtOGY4OC0zNDM2M2JjN2M0YzAiOnsiZGVsZXRlIjo1NDAwMDAwMDAwMDAwfSwic2NoZW1hX3ZlcnNpb24iOiIwIn0=",
          "dependencies": [
            "module.oci_lz_orchestrator.data.oci_identity_regions.these",
            "module.oci_lz_orchestrator.data.oci_identity_tenancy.this",
            "module.oci_lz_orchestrator.module.oci_lz_compartments.oci_identity_compartment.these"
          ],
          "create_before_destroy": true
        }
      ]
    },
    {
      "module": "module.oci_lz_orchestrator.module.oci_lz_compartments[0]",
      "mode": "managed",
      "type": "oci_identity_compartment",
      "name": "level_3",
      "provider": "module.oci_lz_orchestrator.provider[\"registry.terraform.io/oracle/oci\"].home",
      "instances": [
        {
          "index_key": "CMP-LZ-CDINSS-NPR-KEY",
          "schema_version": 0,
          "attributes": {
            "compartment_id": "ocid1.compartment.oc19..aaaaaaaanalnmbuht65cel33bkqu2aowgdi3hvfcqofq2q7tsod5jcurxpxq",
            "defined_tags": {
              "Oracle-Tags.CreatedBy": "default/jorge.e.torlaschi@accenture.com",
              "Oracle-Tags.CreatedOn": "2026-03-10T14:41:57.271Z",
              "o-p-om2-tagns-ens-001.ens-authenticity": "__FILL__",
              "o-p-om2-tagns-ens-001.ens-availability": "__FILL__",
              "o-p-om2-tagns-ens-001.ens-confidentiality": "__FILL__",
              "o-p-om2-tagns-ens-001.ens-integrity": "__FILL__",
              "o-p-om2-tagns-ens-001.ens-traceability": "__FILL__",
              "o-p-om2-tagns-gov-001.application-code": "__FILL__",
              "o-p-om2-tagns-gov-001.application-name": "__FILL__",
              "o-p-om2-tagns-gov-001.business-criticality": "__FILL__",
              "o-p-om2-tagns-gov-001.cost-center": "__FILL__",
              "o-p-om2-tagns-gov-001.department": "__FILL__",
              "o-p-om2-tagns-gov-001.environment": "dev",
              "o-p-om2-tagns-gov-001.iac": "terraform",
              "o-p-om2-tagns-gov-001.name": "o-d-om2-cmp-cdin-001",
              "o-p-om2-tagns-gov-001.operational-owner": "__FILL__",
              "o-p-om2-tagns-gov-001.technical-owner": "__FILL__"
            },
            "description": "Non Production Environment Compartment",
            "enable_delete": null,
            "freeform_tags": {
              "ocilz-terraform-module": "iam-compartments/0.3.4"
            },
            "id": "ocid1.compartment.oc19..aaaaaaaas5tb4msd3rlj6luy7smtqmnybp3cm4sprqoya3v4fbqvycpe6ewq",
            "inactive_state": null,
            "is_accessible": true,
            "name": "o-d-om2-cmp-cdin-001",
            "state": "ACTIVE",
            "time_created": "2026-03-10 14:41:57.287 +0000 UTC",
            "timeouts": null
          },
          "sensitive_attributes": [],
          "identity_schema_version": 0,
          "private": "eyJlMmJmYjczMC1lY2FhLTExZTYtOGY4OC0zNDM2M2JjN2M0YzAiOnsiZGVsZXRlIjo1NDAwMDAwMDAwMDAwfSwic2NoZW1hX3ZlcnNpb24iOiIwIn0=",
          "dependencies": [
            "module.oci_lz_orchestrator.data.oci_identity_regions.these",
            "module.oci_lz_orchestrator.data.oci_identity_tenancy.this",
            "module.oci_lz_orchestrator.module.oci_lz_compartments.oci_identity_compartment.level_2",
            "module.oci_lz_orchestrator.module.oci_lz_compartments.oci_identity_compartment.these"
          ],
          "create_before_destroy": true
        },
        {
          "index_key": "CMP-LZ-CDINSS-PROD-KEY",
          "schema_version": 0,
          "attributes": {
            "compartment_id": "ocid1.compartment.oc19..aaaaaaaanalnmbuht65cel33bkqu2aowgdi3hvfcqofq2q7tsod5jcurxpxq",
            "defined_tags": {
              "Oracle-Tags.CreatedBy": "default/jorge.e.torlaschi@accenture.com",
              "Oracle-Tags.CreatedOn": "2026-03-10T14:41:57.150Z",
              "o-p-om2-tagns-ens-001.ens-authenticity": "__FILL__",
              "o-p-om2-tagns-ens-001.ens-availability": "__FILL__",
              "o-p-om2-tagns-ens-001.ens-confidentiality": "__FILL__",
              "o-p-om2-tagns-ens-001.ens-integrity": "__FILL__",
              "o-p-om2-tagns-ens-001.ens-traceability": "__FILL__",
              "o-p-om2-tagns-gov-001.application-code": "__FILL__",
              "o-p-om2-tagns-gov-001.application-name": "__FILL__",
              "o-p-om2-tagns-gov-001.business-criticality": "__FILL__",
              "o-p-om2-tagns-gov-001.cost-center": "__FILL__",
              "o-p-om2-tagns-gov-001.department": "__FILL__",
              "o-p-om2-tagns-gov-001.environment": "pro",
              "o-p-om2-tagns-gov-001.iac": "terraform",
              "o-p-om2-tagns-gov-001.name": "o-p-om2-cmp-cdin-001",
              "o-p-om2-tagns-gov-001.operational-owner": "__FILL__",
              "o-p-om2-tagns-gov-001.technical-owner": "__FILL__"
            },
            "description": "Production Environment Compartment",
            "enable_delete": null,
            "freeform_tags": {
              "ocilz-terraform-module": "iam-compartments/0.3.4"
            },
            "id": "ocid1.compartment.oc19..aaaaaaaavug4kpn4sdoskxdzgkfi2uvke26grr6gbxtvg2f3x6ve3ngs5jfq",
            "inactive_state": null,
            "is_accessible": true,
            "name": "o-p-om2-cmp-cdin-001",
            "state": "ACTIVE",
            "time_created": "2026-03-10 14:41:57.72 +0000 UTC",
            "timeouts": null
          },
          "sensitive_attributes": [],
          "identity_schema_version": 0,
          "private": "eyJlMmJmYjczMC1lY2FhLTExZTYtOGY4OC0zNDM2M2JjN2M0YzAiOnsiZGVsZXRlIjo1NDAwMDAwMDAwMDAwfSwic2NoZW1hX3ZlcnNpb24iOiIwIn0=",
          "dependencies": [
            "module.oci_lz_orchestrator.data.oci_identity_regions.these",
            "module.oci_lz_orchestrator.data.oci_identity_tenancy.this",
            "module.oci_lz_orchestrator.module.oci_lz_compartments.oci_identity_compartment.level_2",
            "module.oci_lz_orchestrator.module.oci_lz_compartments.oci_identity_compartment.these"
          ],
          "create_before_destroy": true
        },
        {
          "index_key": "CMP-LZ-DEVOPS-KEY",
          "schema_version": 0,
          "attributes": {
            "compartment_id": "ocid1.compartment.oc19..aaaaaaaa6xwlxfjdyxcozp274vtvpp2ar5cahjmyljyxbb44wh726jjppm4q",
            "defined_tags": {
              "Oracle-Tags.CreatedBy": "default/jorge.e.torlaschi@accenture.com",
              "Oracle-Tags.CreatedOn": "2026-03-10T14:41:57.221Z",
              "o-p-om2-tagns-ens-001.ens-authenticity": "__FILL__",
              "o-p-om2-tagns-ens-001.ens-availability": "__FILL__",
              "o-p-om2-tagns-ens-001.ens-confidentiality": "__FILL__",
              "o-p-om2-tagns-ens-001.ens-integrity": "__FILL__",
              "o-p-om2-tagns-ens-001.ens-traceability": "__FILL__",
              "o-p-om2-tagns-gov-001.application-code": "__FILL__",
              "o-p-om2-tagns-gov-001.application-name": "__FILL__",
              "o-p-om2-tagns-gov-001.business-criticality": "__FILL__",
              "o-p-om2-tagns-gov-001.cost-center": "__FILL__",
              "o-p-om2-tagns-gov-001.department": "__FILL__",
              "o-p-om2-tagns-gov-001.environment": "pro",
              "o-p-om2-tagns-gov-001.iac": "terraform",
              "o-p-om2-tagns-gov-001.name": "o-p-om2-cmp-devop-001",
              "o-p-om2-tagns-gov-001.operational-owner": "__FILL__",
              "o-p-om2-tagns-gov-001.technical-owner": "__FILL__"
            },
            "description": "Shared devops Platform",
            "enable_delete": null,
            "freeform_tags": {
              "ocilz-terraform-module": "iam-compartments/0.3.4"
            },
            "id": "ocid1.compartment.oc19..aaaaaaaapmdgp7bcad4vembnxe3t3iajxbpvztrlp3dk2p7y6xzwgnlbwslq",
            "inactive_state": null,
            "is_accessible": true,
            "name": "o-p-om2-cmp-devop-001",
            "state": "ACTIVE",
            "time_created": "2026-03-10 14:41:57.224 +0000 UTC",
            "timeouts": null
          },
          "sensitive_attributes": [],
          "identity_schema_version": 0,
          "private": "eyJlMmJmYjczMC1lY2FhLTExZTYtOGY4OC0zNDM2M2JjN2M0YzAiOnsiZGVsZXRlIjo1NDAwMDAwMDAwMDAwfSwic2NoZW1hX3ZlcnNpb24iOiIwIn0=",
          "dependencies": [
            "module.oci_lz_orchestrator.data.oci_identity_regions.these",
            "module.oci_lz_orchestrator.data.oci_identity_tenancy.this",
            "module.oci_lz_orchestrator.module.oci_lz_compartments.oci_identity_compartment.level_2",
            "module.oci_lz_orchestrator.module.oci_lz_compartments.oci_identity_compartment.these"
          ],
          "create_before_destroy": true
        },
        {
          "index_key": "CMP-LZ-EXACS-KEY",
          "schema_version": 0,
          "attributes": {
            "compartment_id": "ocid1.compartment.oc19..aaaaaaaa6xwlxfjdyxcozp274vtvpp2ar5cahjmyljyxbb44wh726jjppm4q",
            "defined_tags": {
              "Oracle-Tags.CreatedBy": "default/jorge.e.torlaschi@accenture.com",
              "Oracle-Tags.CreatedOn": "2026-03-10T14:41:57.224Z",
              "o-p-om2-tagns-ens-001.ens-authenticity": "__FILL__",
              "o-p-om2-tagns-ens-001.ens-availability": "__FILL__",
              "o-p-om2-tagns-ens-001.ens-confidentiality": "__FILL__",
              "o-p-om2-tagns-ens-001.ens-integrity": "__FILL__",
              "o-p-om2-tagns-ens-001.ens-traceability": "__FILL__",
              "o-p-om2-tagns-gov-001.application-code": "__FILL__",
              "o-p-om2-tagns-gov-001.application-name": "__FILL__",
              "o-p-om2-tagns-gov-001.business-criticality": "__FILL__",
              "o-p-om2-tagns-gov-001.cost-center": "__FILL__",
              "o-p-om2-tagns-gov-001.department": "__FILL__",
              "o-p-om2-tagns-gov-001.environment": "pro",
              "o-p-om2-tagns-gov-001.iac": "terraform",
              "o-p-om2-tagns-gov-001.name": "o-p-om2-cmp-exacs-001",
              "o-p-om2-tagns-gov-001.operational-owner": "__FILL__",
              "o-p-om2-tagns-gov-001.technical-owner": "__FILL__",
              "o-p-om2-tagns-name-001.o-p-om2-tag-role-001": "o-p-om2-tag-role-exa-001"
            },
            "description": "Shared exacs Platform",
            "enable_delete": null,
            "freeform_tags": {
              "ocilz-terraform-module": "iam-compartments/0.3.4"
            },
            "id": "ocid1.compartment.oc19..aaaaaaaaexcetgujt75cw4hxoyttqpq5lqqfe4zcutegmvlk5vwikibcf3na",
            "inactive_state": null,
            "is_accessible": true,
            "name": "o-p-om2-cmp-exacs-001",
            "state": "ACTIVE",
            "time_created": "2026-03-10 14:41:57.401 +0000 UTC",
            "timeouts": null
          },
          "sensitive_attributes": [],
          "identity_schema_version": 0,
          "private": "eyJlMmJmYjczMC1lY2FhLTExZTYtOGY4OC0zNDM2M2JjN2M0YzAiOnsiZGVsZXRlIjo1NDAwMDAwMDAwMDAwfSwic2NoZW1hX3ZlcnNpb24iOiIwIn0=",
          "dependencies": [
            "module.oci_lz_orchestrator.data.oci_identity_regions.these",
            "module.oci_lz_orchestrator.data.oci_identity_tenancy.this",
            "module.oci_lz_orchestrator.module.oci_lz_compartments.oci_identity_compartment.level_2",
            "module.oci_lz_orchestrator.module.oci_lz_compartments.oci_identity_compartment.these"
          ],
          "create_before_destroy": true
        },
        {
          "index_key": "CMP-LZ-LOGGING-KEY",
          "schema_version": 0,
          "attributes": {
            "compartment_id": "ocid1.compartment.oc19..aaaaaaaa6xwlxfjdyxcozp274vtvpp2ar5cahjmyljyxbb44wh726jjppm4q",
            "defined_tags": {
              "Oracle-Tags.CreatedBy": "default/jorge.e.torlaschi@accenture.com",
              "Oracle-Tags.CreatedOn": "2026-03-10T14:41:57.152Z",
              "o-p-om2-tagns-ens-001.ens-authenticity": "__FILL__",
              "o-p-om2-tagns-ens-001.ens-availability": "__FILL__",
              "o-p-om2-tagns-ens-001.ens-confidentiality": "__FILL__",
              "o-p-om2-tagns-ens-001.ens-integrity": "__FILL__",
              "o-p-om2-tagns-ens-001.ens-traceability": "__FILL__",
              "o-p-om2-tagns-gov-001.application-code": "__FILL__",
              "o-p-om2-tagns-gov-001.application-name": "__FILL__",
              "o-p-om2-tagns-gov-001.business-criticality": "__FILL__",
              "o-p-om2-tagns-gov-001.cost-center": "__FILL__",
              "o-p-om2-tagns-gov-001.department": "__FILL__",
              "o-p-om2-tagns-gov-001.environment": "pro",
              "o-p-om2-tagns-gov-001.iac": "terraform",
              "o-p-om2-tagns-gov-001.name": "o-p-om2-cmp-logg-001",
              "o-p-om2-tagns-gov-001.operational-owner": "__FILL__",
              "o-p-om2-tagns-gov-001.technical-owner": "__FILL__"
            },
            "description": "Shared Logging Platform",
            "enable_delete": null,
            "freeform_tags": {
              "ocilz-terraform-module": "iam-compartments/0.3.4"
            },
            "id": "ocid1.compartment.oc19..aaaaaaaaljtgrfd42d76gps36ryevoufbxk3cns7ri7zfwjvlauu4bq6r3na",
            "inactive_state": null,
            "is_accessible": true,
            "name": "o-p-om2-cmp-logg-001",
            "state": "ACTIVE",
            "time_created": "2026-03-10 14:41:57.153 +0000 UTC",
            "timeouts": null
          },
          "sensitive_attributes": [],
          "identity_schema_version": 0,
          "private": "eyJlMmJmYjczMC1lY2FhLTExZTYtOGY4OC0zNDM2M2JjN2M0YzAiOnsiZGVsZXRlIjo1NDAwMDAwMDAwMDAwfSwic2NoZW1hX3ZlcnNpb24iOiIwIn0=",
          "dependencies": [
            "module.oci_lz_orchestrator.data.oci_identity_regions.these",
            "module.oci_lz_orchestrator.data.oci_identity_tenancy.this",
            "module.oci_lz_orchestrator.module.oci_lz_compartments.oci_identity_compartment.level_2",
            "module.oci_lz_orchestrator.module.oci_lz_compartments.oci_identity_compartment.these"
          ],
          "create_before_destroy": true
        }
      ]
    },
    {
      "module": "module.oci_lz_orchestrator.module.oci_lz_compartments[0]",
      "mode": "managed",
      "type": "oci_identity_compartment",
      "name": "level_4",
      "provider": "module.oci_lz_orchestrator.provider[\"registry.terraform.io/oracle/oci\"].home",
      "instances": [
        {
          "index_key": "CMP-LZ-CDINSS-NPR-NETWORK-KEY",
          "schema_version": 0,
          "attributes": {
            "compartment_id": "ocid1.compartment.oc19..aaaaaaaas5tb4msd3rlj6luy7smtqmnybp3cm4sprqoya3v4fbqvycpe6ewq",
            "defined_tags": {
              "Oracle-Tags.CreatedBy": "default/jorge.e.torlaschi@accenture.com",
              "Oracle-Tags.CreatedOn": "2026-03-10T14:42:20.157Z",
              "o-p-om2-tagns-ens-001.ens-authenticity": "__FILL__",
              "o-p-om2-tagns-ens-001.ens-availability": "__FILL__",
              "o-p-om2-tagns-ens-001.ens-confidentiality": "__FILL__",
              "o-p-om2-tagns-ens-001.ens-integrity": "__FILL__",
              "o-p-om2-tagns-ens-001.ens-traceability": "__FILL__",
              "o-p-om2-tagns-gov-001.application-code": "__FILL__",
              "o-p-om2-tagns-gov-001.application-name": "__FILL__",
              "o-p-om2-tagns-gov-001.business-criticality": "__FILL__",
              "o-p-om2-tagns-gov-001.cost-center": "__FILL__",
              "o-p-om2-tagns-gov-001.department": "__FILL__",
              "o-p-om2-tagns-gov-001.environment": "dev",
              "o-p-om2-tagns-gov-001.iac": "terraform",
              "o-p-om2-tagns-gov-001.name": "o-d-om2-cmp-cdin-network-001",
              "o-p-om2-tagns-gov-001.operational-owner": "__FILL__",
              "o-p-om2-tagns-gov-001.technical-owner": "__FILL__",
              "o-p-om2-tagns-name-001.o-p-om2-tag-role-001": "o-p-om2-tag-role-network-001"
            },
            "description": "Non Production Workload Environment, Common Network Compartment",
            "enable_delete": null,
            "freeform_tags": {
              "ocilz-terraform-module": "iam-compartments/0.3.4"
            },
            "id": "ocid1.compartment.oc19..aaaaaaaauvyilp65vl56pmzfvqqcv2dehlsykptzfbvliyrqwsqxmvsy3xcq",
            "inactive_state": null,
            "is_accessible": true,
            "name": "o-d-om2-cmp-cdin-network-001",
            "state": "ACTIVE",
            "time_created": "2026-03-10 14:42:20.469 +0000 UTC",
            "timeouts": null
          },
          "sensitive_attributes": [],
          "identity_schema_version": 0,
          "private": "eyJlMmJmYjczMC1lY2FhLTExZTYtOGY4OC0zNDM2M2JjN2M0YzAiOnsiZGVsZXRlIjo1NDAwMDAwMDAwMDAwfSwic2NoZW1hX3ZlcnNpb24iOiIwIn0=",
          "dependencies": [
            "module.oci_lz_orchestrator.data.oci_identity_regions.these",
            "module.oci_lz_orchestrator.data.oci_identity_tenancy.this",
            "module.oci_lz_orchestrator.module.oci_lz_compartments.oci_identity_compartment.level_2",
            "module.oci_lz_orchestrator.module.oci_lz_compartments.oci_identity_compartment.level_3",
            "module.oci_lz_orchestrator.module.oci_lz_compartments.oci_identity_compartment.these"
          ],
          "create_before_destroy": true
        },
        {
          "index_key": "CMP-LZ-CDINSS-NPR-PLATFORM-KEY",
          "schema_version": 0,
          "attributes": {
            "compartment_id": "ocid1.compartment.oc19..aaaaaaaas5tb4msd3rlj6luy7smtqmnybp3cm4sprqoya3v4fbqvycpe6ewq",
            "defined_tags": {
              "Oracle-Tags.CreatedBy": "default/jorge.e.torlaschi@accenture.com",
              "Oracle-Tags.CreatedOn": "2026-03-10T14:42:21.185Z",
              "o-p-om2-tagns-ens-001.ens-authenticity": "__FILL__",
              "o-p-om2-tagns-ens-001.ens-availability": "__FILL__",
              "o-p-om2-tagns-ens-001.ens-confidentiality": "__FILL__",
              "o-p-om2-tagns-ens-001.ens-integrity": "__FILL__",
              "o-p-om2-tagns-ens-001.ens-traceability": "__FILL__",
              "o-p-om2-tagns-gov-001.application-code": "__FILL__",
              "o-p-om2-tagns-gov-001.application-name": "__FILL__",
              "o-p-om2-tagns-gov-001.business-criticality": "__FILL__",
              "o-p-om2-tagns-gov-001.cost-center": "__FILL__",
              "o-p-om2-tagns-gov-001.department": "__FILL__",
              "o-p-om2-tagns-gov-001.environment": "dev",
              "o-p-om2-tagns-gov-001.iac": "terraform",
              "o-p-om2-tagns-gov-001.name": "o-d-om2-cmp-cdin-platform-001",
              "o-p-om2-tagns-gov-001.operational-owner": "__FILL__",
              "o-p-om2-tagns-gov-001.technical-owner": "__FILL__"
            },
            "description": "Non Production Workload Environment, Common Platform Compartment",
            "enable_delete": null,
            "freeform_tags": {
              "ocilz-terraform-module": "iam-compartments/0.3.4"
            },
            "id": "ocid1.compartment.oc19..aaaaaaaa7ct5zrs6wj5uyr4ooofev5pnrzktmz3ut35kxajmr72olgw3eo5a",
            "inactive_state": null,
            "is_accessible": true,
            "name": "o-d-om2-cmp-cdin-platform-001",
            "state": "ACTIVE",
            "time_created": "2026-03-10 14:42:21.186 +0000 UTC",
            "timeouts": null
          },
          "sensitive_attributes": [],
          "identity_schema_version": 0,
          "private": "eyJlMmJmYjczMC1lY2FhLTExZTYtOGY4OC0zNDM2M2JjN2M0YzAiOnsiZGVsZXRlIjo1NDAwMDAwMDAwMDAwfSwic2NoZW1hX3ZlcnNpb24iOiIwIn0=",
          "dependencies": [
            "module.oci_lz_orchestrator.data.oci_identity_regions.these",
            "module.oci_lz_orchestrator.data.oci_identity_tenancy.this",
            "module.oci_lz_orchestrator.module.oci_lz_compartments.oci_identity_compartment.level_2",
            "module.oci_lz_orchestrator.module.oci_lz_compartments.oci_identity_compartment.level_3",
            "module.oci_lz_orchestrator.module.oci_lz_compartments.oci_identity_compartment.these"
          ],
          "create_before_destroy": true
        },
        {
          "index_key": "CMP-LZ-CDINSS-NPR-PROJECTS-KEY",
          "schema_version": 0,
          "attributes": {
            "compartment_id": "ocid1.compartment.oc19..aaaaaaaas5tb4msd3rlj6luy7smtqmnybp3cm4sprqoya3v4fbqvycpe6ewq",
            "defined_tags": {
              "Oracle-Tags.CreatedBy": "default/jorge.e.torlaschi@accenture.com",
              "Oracle-Tags.CreatedOn": "2026-03-10T14:42:20.144Z",
              "o-p-om2-tagns-ens-001.ens-authenticity": "__FILL__",
              "o-p-om2-tagns-ens-001.ens-availability": "__FILL__",
              "o-p-om2-tagns-ens-001.ens-confidentiality": "__FILL__",
              "o-p-om2-tagns-ens-001.ens-integrity": "__FILL__",
              "o-p-om2-tagns-ens-001.ens-traceability": "__FILL__",
              "o-p-om2-tagns-gov-001.application-code": "__FILL__",
              "o-p-om2-tagns-gov-001.application-name": "__FILL__",
              "o-p-om2-tagns-gov-001.business-criticality": "__FILL__",
              "o-p-om2-tagns-gov-001.cost-center": "__FILL__",
              "o-p-om2-tagns-gov-001.department": "__FILL__",
              "o-p-om2-tagns-gov-001.environment": "dev",
              "o-p-om2-tagns-gov-001.iac": "terraform",
              "o-p-om2-tagns-gov-001.name": "o-d-om2-cmp-cdin-projects-001",
              "o-p-om2-tagns-gov-001.operational-owner": "__FILL__",
              "o-p-om2-tagns-gov-001.technical-owner": "__FILL__"
            },
            "description": "Non Production Workload Environment, Common Projects Compartment",
            "enable_delete": null,
            "freeform_tags": {
              "ocilz-terraform-module": "iam-compartments/0.3.4"
            },
            "id": "ocid1.compartment.oc19..aaaaaaaa5ve7hl23gcpq4s3imssn3z4sext3mncvmk3i43h3rjts4uaw45hq",
            "inactive_state": null,
            "is_accessible": true,
            "name": "o-d-om2-cmp-cdin-projects-001",
            "state": "ACTIVE",
            "time_created": "2026-03-10 14:42:20.147 +0000 UTC",
            "timeouts": null
          },
          "sensitive_attributes": [],
          "identity_schema_version": 0,
          "private": "eyJlMmJmYjczMC1lY2FhLTExZTYtOGY4OC0zNDM2M2JjN2M0YzAiOnsiZGVsZXRlIjo1NDAwMDAwMDAwMDAwfSwic2NoZW1hX3ZlcnNpb24iOiIwIn0=",
          "dependencies": [
            "module.oci_lz_orchestrator.data.oci_identity_regions.these",
            "module.oci_lz_orchestrator.data.oci_identity_tenancy.this",
            "module.oci_lz_orchestrator.module.oci_lz_compartments.oci_identity_compartment.level_2",
            "module.oci_lz_orchestrator.module.oci_lz_compartments.oci_identity_compartment.level_3",
            "module.oci_lz_orchestrator.module.oci_lz_compartments.oci_identity_compartment.these"
          ],
          "create_before_destroy": true
        },
        {
          "index_key": "CMP-LZ-CDINSS-NPR-SECURITY-KEY",
          "schema_version": 0,
          "attributes": {
            "compartment_id": "ocid1.compartment.oc19..aaaaaaaas5tb4msd3rlj6luy7smtqmnybp3cm4sprqoya3v4fbqvycpe6ewq",
            "defined_tags": {
              "Oracle-Tags.CreatedBy": "default/jorge.e.torlaschi@accenture.com",
              "Oracle-Tags.CreatedOn": "2026-03-10T14:42:17.965Z",
              "o-p-om2-tagns-ens-001.ens-authenticity": "__FILL__",
              "o-p-om2-tagns-ens-001.ens-availability": "__FILL__",
              "o-p-om2-tagns-ens-001.ens-confidentiality": "__FILL__",
              "o-p-om2-tagns-ens-001.ens-integrity": "__FILL__",
              "o-p-om2-tagns-ens-001.ens-traceability": "__FILL__",
              "o-p-om2-tagns-gov-001.application-code": "__FILL__",
              "o-p-om2-tagns-gov-001.application-name": "__FILL__",
              "o-p-om2-tagns-gov-001.business-criticality": "__FILL__",
              "o-p-om2-tagns-gov-001.cost-center": "__FILL__",
              "o-p-om2-tagns-gov-001.department": "__FILL__",
              "o-p-om2-tagns-gov-001.environment": "dev",
              "o-p-om2-tagns-gov-001.iac": "terraform",
              "o-p-om2-tagns-gov-001.name": "o-d-om2-cmp-cdin-security-001",
              "o-p-om2-tagns-gov-001.operational-owner": "__FILL__",
              "o-p-om2-tagns-gov-001.technical-owner": "__FILL__",
              "o-p-om2-tagns-name-001.o-p-om2-tag-role-001": "o-p-om2-tag-role-security-001"
            },
            "description": "Non Production Workload Environment, Common Security Compartment",
            "enable_delete": null,
            "freeform_tags": {
              "ocilz-terraform-module": "iam-compartments/0.3.4"
            },
            "id": "ocid1.compartment.oc19..aaaaaaaalzthcr6advj52mbrtu6h4viq523mko3gcyjc3nyppdu2ysxevqua",
            "inactive_state": null,
            "is_accessible": true,
            "name": "o-d-om2-cmp-cdin-security-001",
            "state": "ACTIVE",
            "time_created": "2026-03-10 14:42:18.079 +0000 UTC",
            "timeouts": null
          },
          "sensitive_attributes": [],
          "identity_schema_version": 0,
          "private": "eyJlMmJmYjczMC1lY2FhLTExZTYtOGY4OC0zNDM2M2JjN2M0YzAiOnsiZGVsZXRlIjo1NDAwMDAwMDAwMDAwfSwic2NoZW1hX3ZlcnNpb24iOiIwIn0=",
          "dependencies": [
            "module.oci_lz_orchestrator.data.oci_identity_regions.these",
            "module.oci_lz_orchestrator.data.oci_identity_tenancy.this",
            "module.oci_lz_orchestrator.module.oci_lz_compartments.oci_identity_compartment.level_2",
            "module.oci_lz_orchestrator.module.oci_lz_compartments.oci_identity_compartment.level_3",
            "module.oci_lz_orchestrator.module.oci_lz_compartments.oci_identity_compartment.these"
          ],
          "create_before_destroy": true
        },
        {
          "index_key": "CMP-LZ-CDINSS-PROD-NETWORK-KEY",
          "schema_version": 0,
          "attributes": {
            "compartment_id": "ocid1.compartment.oc19..aaaaaaaavug4kpn4sdoskxdzgkfi2uvke26grr6gbxtvg2f3x6ve3ngs5jfq",
            "defined_tags": {
              "Oracle-Tags.CreatedBy": "default/jorge.e.torlaschi@accenture.com",
              "Oracle-Tags.CreatedOn": "2026-03-10T14:42:20.102Z",
              "o-p-om2-tagns-ens-001.ens-authenticity": "__FILL__",
              "o-p-om2-tagns-ens-001.ens-availability": "__FILL__",
              "o-p-om2-tagns-ens-001.ens-confidentiality": "__FILL__",
              "o-p-om2-tagns-ens-001.ens-integrity": "__FILL__",
              "o-p-om2-tagns-ens-001.ens-traceability": "__FILL__",
              "o-p-om2-tagns-gov-001.application-code": "__FILL__",
              "o-p-om2-tagns-gov-001.application-name": "__FILL__",
              "o-p-om2-tagns-gov-001.business-criticality": "__FILL__",
              "o-p-om2-tagns-gov-001.cost-center": "__FILL__",
              "o-p-om2-tagns-gov-001.department": "__FILL__",
              "o-p-om2-tagns-gov-001.environment": "pro",
              "o-p-om2-tagns-gov-001.iac": "terraform",
              "o-p-om2-tagns-gov-001.name": "o-p-om2-cmp-cdin-network-001",
              "o-p-om2-tagns-gov-001.operational-owner": "__FILL__",
              "o-p-om2-tagns-gov-001.technical-owner": "__FILL__",
              "o-p-om2-tagns-name-001.o-p-om2-tag-role-001": "o-p-om2-tag-role-network-001"
            },
            "description": "Prod Workload Environment, Common Network Compartment",
            "enable_delete": null,
            "freeform_tags": {
              "ocilz-terraform-module": "iam-compartments/0.3.4"
            },
            "id": "ocid1.compartment.oc19..aaaaaaaandgh7xjaze7etcofiogdw3vmeyeh73w6aj4aowtxynrr7hlla77a",
            "inactive_state": null,
            "is_accessible": true,
            "name": "o-p-om2-cmp-cdin-network-001",
            "state": "ACTIVE",
            "time_created": "2026-03-10 14:42:20.372 +0000 UTC",
            "timeouts": null
          },
          "sensitive_attributes": [],
          "identity_schema_version": 0,
          "private": "eyJlMmJmYjczMC1lY2FhLTExZTYtOGY4OC0zNDM2M2JjN2M0YzAiOnsiZGVsZXRlIjo1NDAwMDAwMDAwMDAwfSwic2NoZW1hX3ZlcnNpb24iOiIwIn0=",
          "dependencies": [
            "module.oci_lz_orchestrator.data.oci_identity_regions.these",
            "module.oci_lz_orchestrator.data.oci_identity_tenancy.this",
            "module.oci_lz_orchestrator.module.oci_lz_compartments.oci_identity_compartment.level_2",
            "module.oci_lz_orchestrator.module.oci_lz_compartments.oci_identity_compartment.level_3",
            "module.oci_lz_orchestrator.module.oci_lz_compartments.oci_identity_compartment.these"
          ],
          "create_before_destroy": true
        },
        {
          "index_key": "CMP-LZ-CDINSS-PROD-PLATFORM-KEY",
          "schema_version": 0,
          "attributes": {
            "compartment_id": "ocid1.compartment.oc19..aaaaaaaavug4kpn4sdoskxdzgkfi2uvke26grr6gbxtvg2f3x6ve3ngs5jfq",
            "defined_tags": {
              "Oracle-Tags.CreatedBy": "default/jorge.e.torlaschi@accenture.com",
              "Oracle-Tags.CreatedOn": "2026-03-10T14:42:20.095Z",
              "o-p-om2-tagns-ens-001.ens-authenticity": "__FILL__",
              "o-p-om2-tagns-ens-001.ens-availability": "__FILL__",
              "o-p-om2-tagns-ens-001.ens-confidentiality": "__FILL__",
              "o-p-om2-tagns-ens-001.ens-integrity": "__FILL__",
              "o-p-om2-tagns-ens-001.ens-traceability": "__FILL__",
              "o-p-om2-tagns-gov-001.application-code": "__FILL__",
              "o-p-om2-tagns-gov-001.application-name": "__FILL__",
              "o-p-om2-tagns-gov-001.business-criticality": "__FILL__",
              "o-p-om2-tagns-gov-001.cost-center": "__FILL__",
              "o-p-om2-tagns-gov-001.department": "__FILL__",
              "o-p-om2-tagns-gov-001.environment": "pro",
              "o-p-om2-tagns-gov-001.iac": "terraform",
              "o-p-om2-tagns-gov-001.name": "o-p-om2-cmp-cdin-platform-001",
              "o-p-om2-tagns-gov-001.operational-owner": "__FILL__",
              "o-p-om2-tagns-gov-001.technical-owner": "__FILL__"
            },
            "description": "Production Workload Environment, Common Platform Compartment",
            "enable_delete": null,
            "freeform_tags": {
              "ocilz-terraform-module": "iam-compartments/0.3.4"
            },
            "id": "ocid1.compartment.oc19..aaaaaaaatphkv6k4akaip3w5gvdauibjy5ag3p2hyhssgmfu5xgmivtykgha",
            "inactive_state": null,
            "is_accessible": true,
            "name": "o-p-om2-cmp-cdin-platform-001",
            "state": "ACTIVE",
            "time_created": "2026-03-10 14:42:20.674 +0000 UTC",
            "timeouts": null
          },
          "sensitive_attributes": [],
          "identity_schema_version": 0,
          "private": "eyJlMmJmYjczMC1lY2FhLTExZTYtOGY4OC0zNDM2M2JjN2M0YzAiOnsiZGVsZXRlIjo1NDAwMDAwMDAwMDAwfSwic2NoZW1hX3ZlcnNpb24iOiIwIn0=",
          "dependencies": [
            "module.oci_lz_orchestrator.data.oci_identity_regions.these",
            "module.oci_lz_orchestrator.data.oci_identity_tenancy.this",
            "module.oci_lz_orchestrator.module.oci_lz_compartments.oci_identity_compartment.level_2",
            "module.oci_lz_orchestrator.module.oci_lz_compartments.oci_identity_compartment.level_3",
            "module.oci_lz_orchestrator.module.oci_lz_compartments.oci_identity_compartment.these"
          ],
          "create_before_destroy": true
        },
        {
          "index_key": "CMP-LZ-CDINSS-PROD-PROJECTS-KEY",
          "schema_version": 0,
          "attributes": {
            "compartment_id": "ocid1.compartment.oc19..aaaaaaaavug4kpn4sdoskxdzgkfi2uvke26grr6gbxtvg2f3x6ve3ngs5jfq",
            "defined_tags": {
              "Oracle-Tags.CreatedBy": "default/jorge.e.torlaschi@accenture.com",
              "Oracle-Tags.CreatedOn": "2026-03-10T14:42:20.133Z",
              "o-p-om2-tagns-ens-001.ens-authenticity": "__FILL__",
              "o-p-om2-tagns-ens-001.ens-availability": "__FILL__",
              "o-p-om2-tagns-ens-001.ens-confidentiality": "__FILL__",
              "o-p-om2-tagns-ens-001.ens-integrity": "__FILL__",
              "o-p-om2-tagns-ens-001.ens-traceability": "__FILL__",
              "o-p-om2-tagns-gov-001.application-code": "__FILL__",
              "o-p-om2-tagns-gov-001.application-name": "__FILL__",
              "o-p-om2-tagns-gov-001.business-criticality": "__FILL__",
              "o-p-om2-tagns-gov-001.cost-center": "__FILL__",
              "o-p-om2-tagns-gov-001.department": "__FILL__",
              "o-p-om2-tagns-gov-001.environment": "pro",
              "o-p-om2-tagns-gov-001.iac": "terraform",
              "o-p-om2-tagns-gov-001.name": "o-p-om2-cmp-cdin-projects-001",
              "o-p-om2-tagns-gov-001.operational-owner": "__FILL__",
              "o-p-om2-tagns-gov-001.technical-owner": "__FILL__"
            },
            "description": "Production Workload Environment, Common Projects Compartment",
            "enable_delete": null,
            "freeform_tags": {
              "ocilz-terraform-module": "iam-compartments/0.3.4"
            },
            "id": "ocid1.compartment.oc19..aaaaaaaag2d27gjmfsd36j45w7mi7piyfz6uvstpiuszd2gh2wto7kvmf5rq",
            "inactive_state": null,
            "is_accessible": true,
            "name": "o-p-om2-cmp-cdin-projects-001",
            "state": "ACTIVE",
            "time_created": "2026-03-10 14:42:20.245 +0000 UTC",
            "timeouts": null
          },
          "sensitive_attributes": [],
          "identity_schema_version": 0,
          "private": "eyJlMmJmYjczMC1lY2FhLTExZTYtOGY4OC0zNDM2M2JjN2M0YzAiOnsiZGVsZXRlIjo1NDAwMDAwMDAwMDAwfSwic2NoZW1hX3ZlcnNpb24iOiIwIn0=",
          "dependencies": [
            "module.oci_lz_orchestrator.data.oci_identity_regions.these",
            "module.oci_lz_orchestrator.data.oci_identity_tenancy.this",
            "module.oci_lz_orchestrator.module.oci_lz_compartments.oci_identity_compartment.level_2",
            "module.oci_lz_orchestrator.module.oci_lz_compartments.oci_identity_compartment.level_3",
            "module.oci_lz_orchestrator.module.oci_lz_compartments.oci_identity_compartment.these"
          ],
          "create_before_destroy": true
        },
        {
          "index_key": "CMP-LZ-CDINSS-PROD-SECURITY-KEY",
          "schema_version": 0,
          "attributes": {
            "compartment_id": "ocid1.compartment.oc19..aaaaaaaavug4kpn4sdoskxdzgkfi2uvke26grr6gbxtvg2f3x6ve3ngs5jfq",
            "defined_tags": {
              "Oracle-Tags.CreatedBy": "default/jorge.e.torlaschi@accenture.com",
              "Oracle-Tags.CreatedOn": "2026-03-10T14:42:21.282Z",
              "o-p-om2-tagns-ens-001.ens-authenticity": "__FILL__",
              "o-p-om2-tagns-ens-001.ens-availability": "__FILL__",
              "o-p-om2-tagns-ens-001.ens-confidentiality": "__FILL__",
              "o-p-om2-tagns-ens-001.ens-integrity": "__FILL__",
              "o-p-om2-tagns-ens-001.ens-traceability": "__FILL__",
              "o-p-om2-tagns-gov-001.application-code": "__FILL__",
              "o-p-om2-tagns-gov-001.application-name": "__FILL__",
              "o-p-om2-tagns-gov-001.business-criticality": "__FILL__",
              "o-p-om2-tagns-gov-001.cost-center": "__FILL__",
              "o-p-om2-tagns-gov-001.department": "__FILL__",
              "o-p-om2-tagns-gov-001.environment": "pro",
              "o-p-om2-tagns-gov-001.iac": "terraform",
              "o-p-om2-tagns-gov-001.name": "o-p-om2-cmp-cdin-security-001",
              "o-p-om2-tagns-gov-001.operational-owner": "__FILL__",
              "o-p-om2-tagns-gov-001.technical-owner": "__FILL__",
              "o-p-om2-tagns-name-001.o-p-om2-tag-role-001": "o-p-om2-tag-role-security-001"
            },
            "description": "Production Workload Environment, Common Security Compartment",
            "enable_delete": null,
            "freeform_tags": {
              "ocilz-terraform-module": "iam-compartments/0.3.4"
            },
            "id": "ocid1.compartment.oc19..aaaaaaaakq3vum5nnnrkpl5ro7qt7qorb3a7p2nrwwdpzn7wzkbh3vwqa2dq",
            "inactive_state": null,
            "is_accessible": true,
            "name": "o-p-om2-cmp-cdin-security-001",
            "state": "ACTIVE",
            "time_created": "2026-03-10 14:42:21.284 +0000 UTC",
            "timeouts": null
          },
          "sensitive_attributes": [],
          "identity_schema_version": 0,
          "private": "eyJlMmJmYjczMC1lY2FhLTExZTYtOGY4OC0zNDM2M2JjN2M0YzAiOnsiZGVsZXRlIjo1NDAwMDAwMDAwMDAwfSwic2NoZW1hX3ZlcnNpb24iOiIwIn0=",
          "dependencies": [
            "module.oci_lz_orchestrator.data.oci_identity_regions.these",
            "module.oci_lz_orchestrator.data.oci_identity_tenancy.this",
            "module.oci_lz_orchestrator.module.oci_lz_compartments.oci_identity_compartment.level_2",
            "module.oci_lz_orchestrator.module.oci_lz_compartments.oci_identity_compartment.level_3",
            "module.oci_lz_orchestrator.module.oci_lz_compartments.oci_identity_compartment.these"
          ],
          "create_before_destroy": true
        },
        {
          "index_key": "CMP-LZ-EXACS-DB-KEY",
          "schema_version": 0,
          "attributes": {
            "compartment_id": "ocid1.compartment.oc19..aaaaaaaaexcetgujt75cw4hxoyttqpq5lqqfe4zcutegmvlk5vwikibcf3na",
            "defined_tags": {
              "Oracle-Tags.CreatedBy": "default/jorge.e.torlaschi@accenture.com",
              "Oracle-Tags.CreatedOn": "2026-03-10T14:42:17.953Z",
              "o-p-om2-tagns-ens-001.ens-authenticity": "__FILL__",
              "o-p-om2-tagns-ens-001.ens-availability": "__FILL__",
              "o-p-om2-tagns-ens-001.ens-confidentiality": "__FILL__",
              "o-p-om2-tagns-ens-001.ens-integrity": "__FILL__",
              "o-p-om2-tagns-ens-001.ens-traceability": "__FILL__",
              "o-p-om2-tagns-gov-001.application-code": "__FILL__",
              "o-p-om2-tagns-gov-001.application-name": "__FILL__",
              "o-p-om2-tagns-gov-001.business-criticality": "__FILL__",
              "o-p-om2-tagns-gov-001.cost-center": "__FILL__",
              "o-p-om2-tagns-gov-001.department": "__FILL__",
              "o-p-om2-tagns-gov-001.environment": "pro",
              "o-p-om2-tagns-gov-001.iac": "terraform",
              "o-p-om2-tagns-gov-001.name": "o-p-om2-cmp-exacsdb-001",
              "o-p-om2-tagns-gov-001.operational-owner": "__FILL__",
              "o-p-om2-tagns-gov-001.technical-owner": "__FILL__",
              "o-p-om2-tagns-name-001.o-p-om2-tag-role-001": "o-p-om2-tag-role-exadb-001"
            },
            "description": "Shared exacs Platform, db compartment",
            "enable_delete": null,
            "freeform_tags": {
              "ocilz-terraform-module": "iam-compartments/0.3.4"
            },
            "id": "ocid1.compartment.oc19..aaaaaaaaepzjuq4cjhkstzgva5nrliugyqgakoxjby5nudywy2ptpjc5jxaq",
            "inactive_state": null,
            "is_accessible": true,
            "name": "o-p-om2-cmp-exacsdb-001",
            "state": "ACTIVE",
            "time_created": "2026-03-10 14:42:17.96 +0000 UTC",
            "timeouts": null
          },
          "sensitive_attributes": [],
          "identity_schema_version": 0,
          "private": "eyJlMmJmYjczMC1lY2FhLTExZTYtOGY4OC0zNDM2M2JjN2M0YzAiOnsiZGVsZXRlIjo1NDAwMDAwMDAwMDAwfSwic2NoZW1hX3ZlcnNpb24iOiIwIn0=",
          "dependencies": [
            "module.oci_lz_orchestrator.data.oci_identity_regions.these",
            "module.oci_lz_orchestrator.data.oci_identity_tenancy.this",
            "module.oci_lz_orchestrator.module.oci_lz_compartments.oci_identity_compartment.level_2",
            "module.oci_lz_orchestrator.module.oci_lz_compartments.oci_identity_compartment.level_3",
            "module.oci_lz_orchestrator.module.oci_lz_compartments.oci_identity_compartment.these"
          ],
          "create_before_destroy": true
        },
        {
          "index_key": "CMP-LZ-EXACS-INFRA-KEY",
          "schema_version": 0,
          "attributes": {
            "compartment_id": "ocid1.compartment.oc19..aaaaaaaaexcetgujt75cw4hxoyttqpq5lqqfe4zcutegmvlk5vwikibcf3na",
            "defined_tags": {
              "Oracle-Tags.CreatedBy": "default/jorge.e.torlaschi@accenture.com",
              "Oracle-Tags.CreatedOn": "2026-03-10T14:42:20.073Z",
              "o-p-om2-tagns-ens-001.ens-authenticity": "__FILL__",
              "o-p-om2-tagns-ens-001.ens-availability": "__FILL__",
              "o-p-om2-tagns-ens-001.ens-confidentiality": "__FILL__",
              "o-p-om2-tagns-ens-001.ens-integrity": "__FILL__",
              "o-p-om2-tagns-ens-001.ens-traceability": "__FILL__",
              "o-p-om2-tagns-gov-001.application-code": "__FILL__",
              "o-p-om2-tagns-gov-001.application-name": "__FILL__",
              "o-p-om2-tagns-gov-001.business-criticality": "__FILL__",
              "o-p-om2-tagns-gov-001.cost-center": "__FILL__",
              "o-p-om2-tagns-gov-001.department": "__FILL__",
              "o-p-om2-tagns-gov-001.environment": "pro",
              "o-p-om2-tagns-gov-001.iac": "terraform",
              "o-p-om2-tagns-gov-001.name": "o-p-om2-cmp-exacsinfra-001",
              "o-p-om2-tagns-gov-001.operational-owner": "__FILL__",
              "o-p-om2-tagns-gov-001.technical-owner": "__FILL__",
              "o-p-om2-tagns-name-001.o-p-om2-tag-role-001": "o-p-om2-tag-role-exainfra-001"
            },
            "description": "Shared exacs Platform, infra compartment",
            "enable_delete": null,
            "freeform_tags": {
              "ocilz-terraform-module": "iam-compartments/0.3.4"
            },
            "id": "ocid1.compartment.oc19..aaaaaaaa2n4o2xmgt5b5auwg4ud6akdrdcnqqcrdmv6eiftlythr3ajhk7aa",
            "inactive_state": null,
            "is_accessible": true,
            "name": "o-p-om2-cmp-exacsinfra-001",
            "state": "ACTIVE",
            "time_created": "2026-03-10 14:42:20.076 +0000 UTC",
            "timeouts": null
          },
          "sensitive_attributes": [],
          "identity_schema_version": 0,
          "private": "eyJlMmJmYjczMC1lY2FhLTExZTYtOGY4OC0zNDM2M2JjN2M0YzAiOnsiZGVsZXRlIjo1NDAwMDAwMDAwMDAwfSwic2NoZW1hX3ZlcnNpb24iOiIwIn0=",
          "dependencies": [
            "module.oci_lz_orchestrator.data.oci_identity_regions.these",
            "module.oci_lz_orchestrator.data.oci_identity_tenancy.this",
            "module.oci_lz_orchestrator.module.oci_lz_compartments.oci_identity_compartment.level_2",
            "module.oci_lz_orchestrator.module.oci_lz_compartments.oci_identity_compartment.level_3",
            "module.oci_lz_orchestrator.module.oci_lz_compartments.oci_identity_compartment.these"
          ],
          "create_before_destroy": true
        }
      ]
    },
    {
      "module": "module.oci_lz_orchestrator.module.oci_lz_compartments[0]",
      "mode": "managed",
      "type": "oci_identity_compartment",
      "name": "these",
      "provider": "module.oci_lz_orchestrator.provider[\"registry.terraform.io/oracle/oci\"].home",
      "instances": [
        {
          "index_key": "CMP-LANDINGZONE-KEY",
          "schema_version": 0,
          "attributes": {
            "compartment_id": "ocid1.tenancy.oc19..aaaaaaaa4ftkyx3ao73kndo3mbltj6gtbf27mxbgpu65a33ipgo2wqyj4zba",
            "defined_tags": {
              "Oracle-Tags.CreatedBy": "default/jorge.e.torlaschi@accenture.com",
              "Oracle-Tags.CreatedOn": "2026-03-10T14:41:08.872Z",
              "o-p-om2-tagns-ens-001.ens-authenticity": "__FILL__",
              "o-p-om2-tagns-ens-001.ens-availability": "__FILL__",
              "o-p-om2-tagns-ens-001.ens-confidentiality": "__FILL__",
              "o-p-om2-tagns-ens-001.ens-integrity": "__FILL__",
              "o-p-om2-tagns-ens-001.ens-traceability": "__FILL__",
              "o-p-om2-tagns-gov-001.application-code": "__FILL__",
              "o-p-om2-tagns-gov-001.application-name": "__FILL__",
              "o-p-om2-tagns-gov-001.business-criticality": "__FILL__",
              "o-p-om2-tagns-gov-001.cost-center": "__FILL__",
              "o-p-om2-tagns-gov-001.department": "__FILL__",
              "o-p-om2-tagns-gov-001.environment": "pro",
              "o-p-om2-tagns-gov-001.iac": "terraform",
              "o-p-om2-tagns-gov-001.name": "o-p-om2-cmp-land-001",
              "o-p-om2-tagns-gov-001.operational-owner": "__FILL__",
              "o-p-om2-tagns-gov-001.technical-owner": "__FILL__"
            },
            "description": "Enclosing Production Landing Zone Compartment",
            "enable_delete": null,
            "freeform_tags": {
              "ocilz-terraform-module": "iam-compartments/0.3.4"
            },
            "id": "ocid1.compartment.oc19..aaaaaaaa43gu35rhrbtmirjlkxilrma3v5s2bqzhico4up6jvstnluiud3oa",
            "inactive_state": null,
            "is_accessible": true,
            "name": "o-p-om2-cmp-land-001",
            "state": "ACTIVE",
            "time_created": "2026-03-10 14:41:08.883 +0000 UTC",
            "timeouts": null
          },
          "sensitive_attributes": [],
          "identity_schema_version": 0,
          "private": "eyJlMmJmYjczMC1lY2FhLTExZTYtOGY4OC0zNDM2M2JjN2M0YzAiOnsiZGVsZXRlIjo1NDAwMDAwMDAwMDAwfSwic2NoZW1hX3ZlcnNpb24iOiIwIn0=",
          "dependencies": [
            "module.oci_lz_orchestrator.data.oci_identity_regions.these",
            "module.oci_lz_orchestrator.data.oci_identity_tenancy.this"
          ],
          "create_before_destroy": true
        }
      ]
    },
    {
      "module": "module.oci_lz_orchestrator.module.oci_lz_tags[0]",
      "mode": "data",
      "type": "oci_identity_tag",
      "name": "default_created_by",
      "provider": "module.oci_lz_orchestrator.provider[\"registry.terraform.io/oracle/oci\"]",
      "instances": [
        {
          "index_key": 0,
          "schema_version": 0,
          "attributes": {
            "defined_tags": {},
            "description": "The name of the principal that created the resource.",
            "freeform_tags": {},
            "id": "ocid1.tagdefinition.oc19..aaaaaaaall6sqrsh2yuvd637kelyfr7w2h5ll2juolz4pjsyeut7l7ilkcva",
            "is_cost_tracking": true,
            "is_retired": false,
            "name": "CreatedBy",
            "state": "ACTIVE",
            "tag_name": "CreatedBy",
            "tag_namespace_id": "ocid1.tagnamespace.oc19..aaaaaaaa7hf3uz6sp77wwc5eim27muxbxdjptvt6yzk72uj4k7i6eu4rbhfq",
            "time_created": "2026-02-20 08:33:52.637 +0000 UTC",
            "validator": []
          },
          "sensitive_attributes": [],
          "identity_schema_version": 0
        }
      ]
    },
    {
      "module": "module.oci_lz_orchestrator.module.oci_lz_tags[0]",
      "mode": "data",
      "type": "oci_identity_tag",
      "name": "default_created_on",
      "provider": "module.oci_lz_orchestrator.provider[\"registry.terraform.io/oracle/oci\"]",
      "instances": [
        {
          "index_key": 0,
          "schema_version": 0,
          "attributes": {
            "defined_tags": {},
            "description": "The date and time that the resource was created.",
            "freeform_tags": {},
            "id": "ocid1.tagdefinition.oc19..aaaaaaaaaglupfcjdya6tfufliurys3tvrxv5bsdlpmnmvid4ptvvdlr5foa",
            "is_cost_tracking": false,
            "is_retired": false,
            "name": "CreatedOn",
            "state": "ACTIVE",
            "tag_name": "CreatedOn",
            "tag_namespace_id": "ocid1.tagnamespace.oc19..aaaaaaaa7hf3uz6sp77wwc5eim27muxbxdjptvt6yzk72uj4k7i6eu4rbhfq",
            "time_created": "2026-02-20 08:33:52.726 +0000 UTC",
            "validator": []
          },
          "sensitive_attributes": [],
          "identity_schema_version": 0
        }
      ]
    },
    {
      "module": "module.oci_lz_orchestrator.module.oci_lz_tags[0]",
      "mode": "data",
      "type": "oci_identity_tag_namespaces",
      "name": "oracle_default",
      "provider": "module.oci_lz_orchestrator.provider[\"registry.terraform.io/oracle/oci\"]",
      "instances": [
        {
          "schema_version": 0,
          "attributes": {
            "compartment_id": "ocid1.tenancy.oc19..aaaaaaaa4ftkyx3ao73kndo3mbltj6gtbf27mxbgpu65a33ipgo2wqyj4zba",
            "filter": [
              {
                "name": "name",
                "regex": false,
                "values": [
                  "Oracle-Tags"
                ]
              }
            ],
            "id": "IdentityTagNamespacesDataSource-1032845147",
            "include_subcompartments": null,
            "state": null,
            "tag_namespaces": [
              {
                "compartment_id": "ocid1.tenancy.oc19..aaaaaaaa4ftkyx3ao73kndo3mbltj6gtbf27mxbgpu65a33ipgo2wqyj4zba",
                "defined_tags": {},
                "description": "The namespace for the automatic tags.",
                "freeform_tags": {},
                "id": "ocid1.tagnamespace.oc19..aaaaaaaa7hf3uz6sp77wwc5eim27muxbxdjptvt6yzk72uj4k7i6eu4rbhfq",
                "is_retired": false,
                "name": "Oracle-Tags",
                "state": "ACTIVE",
                "time_created": "2026-02-20 08:33:52.568 +0000 UTC"
              }
            ]
          },
          "sensitive_attributes": [],
          "identity_schema_version": 0
        }
      ]
    },
    {
      "module": "module.oci_lz_orchestrator.module.oci_lz_tags[0]",
      "mode": "managed",
      "type": "oci_identity_tag",
      "name": "these",
      "provider": "module.oci_lz_orchestrator.provider[\"registry.terraform.io/oracle/oci\"]",
      "instances": [
        {
          "index_key": "TAG-ENS-AUTHENTICITY-KEY",
          "schema_version": 0,
          "attributes": {
            "defined_tags": {
              "Oracle-Tags.CreatedBy": "default/jorge.e.torlaschi@accenture.com",
              "Oracle-Tags.CreatedOn": "2026-04-21T08:47:53.206Z"
            },
            "description": "ENS - Autenticidad: nivel de verificacion de sistemas y usuarios que acceden al recurso.",
            "freeform_tags": {
              "ocilz-terraform-module": "tags/0.1.6\n"
            },
            "id": "ocid1.tagdefinition.oc19..aaaaaaaaqxl7cnvybqoe36k4j6n7ot7o3ad3hpiaiclknohnlumr7z5mxtya",
            "is_cost_tracking": false,
            "is_retired": false,
            "name": "ens-authenticity",
            "state": "ACTIVE",
            "tag_namespace_id": "ocid1.tagnamespace.oc19..aaaaaaaa3iliimrn4vxzbtpxutkshe52fu6qs4rbwcdnlvtxhcdybxgjzmeq",
            "time_created": "2026-04-21 08:47:53.242 +0000 UTC",
            "timeouts": null,
            "validator": []
          },
          "sensitive_attributes": [],
          "identity_schema_version": 0,
          "private": "eyJlMmJmYjczMC1lY2FhLTExZTYtOGY4OC0zNDM2M2JjN2M0YzAiOnsiY3JlYXRlIjo5MDAwMDAwMDAwMDAsImRlbGV0ZSI6NDMyMDAwMDAwMDAwMDAsInVwZGF0ZSI6OTAwMDAwMDAwMDAwfSwic2NoZW1hX3ZlcnNpb24iOiIwIn0=",
          "dependencies": [
            "module.oci_lz_orchestrator.module.oci_lz_tags.data.oci_identity_tag.default_created_by",
            "module.oci_lz_orchestrator.module.oci_lz_tags.data.oci_identity_tag.default_created_on",
            "module.oci_lz_orchestrator.module.oci_lz_tags.data.oci_identity_tag_namespaces.oracle_default",
            "module.oci_lz_orchestrator.module.oci_lz_tags.oci_identity_tag_namespace.these"
          ],
          "create_before_destroy": true
        },
        {
          "index_key": "TAG-ENS-AVAILABILITY-KEY",
          "schema_version": 0,
          "attributes": {
            "defined_tags": {
              "Oracle-Tags.CreatedBy": "default/jorge.e.torlaschi@accenture.com",
              "Oracle-Tags.CreatedOn": "2026-04-21T08:47:53.744Z"
            },
            "description": "ENS - Disponibilidad: nivel de garantia de acceso al sistema cuando se necesite.",
            "freeform_tags": {
              "ocilz-terraform-module": "tags/0.1.6\n"
            },
            "id": "ocid1.tagdefinition.oc19..aaaaaaaamtykuxl7z7kecwlofbfuxpdjm2bagimktu7s7tj4o3qa4ohnowea",
            "is_cost_tracking": false,
            "is_retired": false,
            "name": "ens-availability",
            "state": "ACTIVE",
            "tag_namespace_id": "ocid1.tagnamespace.oc19..aaaaaaaa3iliimrn4vxzbtpxutkshe52fu6qs4rbwcdnlvtxhcdybxgjzmeq",
            "time_created": "2026-04-21 08:47:53.975 +0000 UTC",
            "timeouts": null,
            "validator": []
          },
          "sensitive_attributes": [],
          "identity_schema_version": 0,
          "private": "eyJlMmJmYjczMC1lY2FhLTExZTYtOGY4OC0zNDM2M2JjN2M0YzAiOnsiY3JlYXRlIjo5MDAwMDAwMDAwMDAsImRlbGV0ZSI6NDMyMDAwMDAwMDAwMDAsInVwZGF0ZSI6OTAwMDAwMDAwMDAwfSwic2NoZW1hX3ZlcnNpb24iOiIwIn0=",
          "dependencies": [
            "module.oci_lz_orchestrator.module.oci_lz_tags.data.oci_identity_tag.default_created_by",
            "module.oci_lz_orchestrator.module.oci_lz_tags.data.oci_identity_tag.default_created_on",
            "module.oci_lz_orchestrator.module.oci_lz_tags.data.oci_identity_tag_namespaces.oracle_default",
            "module.oci_lz_orchestrator.module.oci_lz_tags.oci_identity_tag_namespace.these"
          ],
          "create_before_destroy": true
        },
        {
          "index_key": "TAG-ENS-CONFIDENTIALITY-KEY",
          "schema_version": 0,
          "attributes": {
            "defined_tags": {
              "Oracle-Tags.CreatedBy": "default/jorge.e.torlaschi@accenture.com",
              "Oracle-Tags.CreatedOn": "2026-04-21T08:47:53.744Z"
            },
            "description": "ENS - Confidencialidad: nivel de proteccion frente a accesos no autorizados al recurso.",
            "freeform_tags": {
              "ocilz-terraform-module": "tags/0.1.6\n"
            },
            "id": "ocid1.tagdefinition.oc19..aaaaaaaafxanb42k6tmcz5elqpvy5gwctzz5nvs45eumthqhjhucjmrzbufq",
            "is_cost_tracking": false,
            "is_retired": false,
            "name": "ens-confidentiality",
            "state": "ACTIVE",
            "tag_namespace_id": "ocid1.tagnamespace.oc19..aaaaaaaa3iliimrn4vxzbtpxutkshe52fu6qs4rbwcdnlvtxhcdybxgjzmeq",
            "time_created": "2026-04-21 08:47:55.014 +0000 UTC",
            "timeouts": null,
            "validator": []
          },
          "sensitive_attributes": [],
          "identity_schema_version": 0,
          "private": "eyJlMmJmYjczMC1lY2FhLTExZTYtOGY4OC0zNDM2M2JjN2M0YzAiOnsiY3JlYXRlIjo5MDAwMDAwMDAwMDAsImRlbGV0ZSI6NDMyMDAwMDAwMDAwMDAsInVwZGF0ZSI6OTAwMDAwMDAwMDAwfSwic2NoZW1hX3ZlcnNpb24iOiIwIn0=",
          "dependencies": [
            "module.oci_lz_orchestrator.module.oci_lz_tags.data.oci_identity_tag.default_created_by",
            "module.oci_lz_orchestrator.module.oci_lz_tags.data.oci_identity_tag.default_created_on",
            "module.oci_lz_orchestrator.module.oci_lz_tags.data.oci_identity_tag_namespaces.oracle_default",
            "module.oci_lz_orchestrator.module.oci_lz_tags.oci_identity_tag_namespace.these"
          ],
          "create_before_destroy": true
        },
        {
          "index_key": "TAG-ENS-INTEGRITY-KEY",
          "schema_version": 0,
          "attributes": {
            "defined_tags": {
              "Oracle-Tags.CreatedBy": "default/jorge.e.torlaschi@accenture.com",
              "Oracle-Tags.CreatedOn": "2026-04-21T08:47:53.450Z"
            },
            "description": "ENS - Integridad: nivel de garantia frente a alteraciones no autorizadas en el recurso.",
            "freeform_tags": {
              "ocilz-terraform-module": "tags/0.1.6\n"
            },
            "id": "ocid1.tagdefinition.oc19..aaaaaaaazsjnfio6irydjlbyumodoasprnjmrobbmmawxnszehgmg2nfufga",
            "is_cost_tracking": false,
            "is_retired": false,
            "name": "ens-integrity",
            "state": "ACTIVE",
            "tag_namespace_id": "ocid1.tagnamespace.oc19..aaaaaaaa3iliimrn4vxzbtpxutkshe52fu6qs4rbwcdnlvtxhcdybxgjzmeq",
            "time_created": "2026-04-21 08:47:53.468 +0000 UTC",
            "timeouts": null,
            "validator": []
          },
          "sensitive_attributes": [],
          "identity_schema_version": 0,
          "private": "eyJlMmJmYjczMC1lY2FhLTExZTYtOGY4OC0zNDM2M2JjN2M0YzAiOnsiY3JlYXRlIjo5MDAwMDAwMDAwMDAsImRlbGV0ZSI6NDMyMDAwMDAwMDAwMDAsInVwZGF0ZSI6OTAwMDAwMDAwMDAwfSwic2NoZW1hX3ZlcnNpb24iOiIwIn0=",
          "dependencies": [
            "module.oci_lz_orchestrator.module.oci_lz_tags.data.oci_identity_tag.default_created_by",
            "module.oci_lz_orchestrator.module.oci_lz_tags.data.oci_identity_tag.default_created_on",
            "module.oci_lz_orchestrator.module.oci_lz_tags.data.oci_identity_tag_namespaces.oracle_default",
            "module.oci_lz_orchestrator.module.oci_lz_tags.oci_identity_tag_namespace.these"
          ],
          "create_before_destroy": true
        },
        {
          "index_key": "TAG-ENS-TRACEABILITY-KEY",
          "schema_version": 0,
          "attributes": {
            "defined_tags": {
              "Oracle-Tags.CreatedBy": "default/jorge.e.torlaschi@accenture.com",
              "Oracle-Tags.CreatedOn": "2026-04-21T08:47:53.744Z"
            },
            "description": "ENS - Trazabilidad: nivel de registro y auditoria de acciones realizadas sobre el recurso.",
            "freeform_tags": {
              "ocilz-terraform-module": "tags/0.1.6\n"
            },
            "id": "ocid1.tagdefinition.oc19..aaaaaaaaenskrszzcs3meq7k5n7px6dzz657nor4rd5mn7p46ttz4urodk7q",
            "is_cost_tracking": false,
            "is_retired": false,
            "name": "ens-traceability",
            "state": "ACTIVE",
            "tag_namespace_id": "ocid1.tagnamespace.oc19..aaaaaaaa3iliimrn4vxzbtpxutkshe52fu6qs4rbwcdnlvtxhcdybxgjzmeq",
            "time_created": "2026-04-21 08:47:53.764 +0000 UTC",
            "timeouts": null,
            "validator": []
          },
          "sensitive_attributes": [],
          "identity_schema_version": 0,
          "private": "eyJlMmJmYjczMC1lY2FhLTExZTYtOGY4OC0zNDM2M2JjN2M0YzAiOnsiY3JlYXRlIjo5MDAwMDAwMDAwMDAsImRlbGV0ZSI6NDMyMDAwMDAwMDAwMDAsInVwZGF0ZSI6OTAwMDAwMDAwMDAwfSwic2NoZW1hX3ZlcnNpb24iOiIwIn0=",
          "dependencies": [
            "module.oci_lz_orchestrator.module.oci_lz_tags.data.oci_identity_tag.default_created_by",
            "module.oci_lz_orchestrator.module.oci_lz_tags.data.oci_identity_tag.default_created_on",
            "module.oci_lz_orchestrator.module.oci_lz_tags.data.oci_identity_tag_namespaces.oracle_default",
            "module.oci_lz_orchestrator.module.oci_lz_tags.oci_identity_tag_namespace.these"
          ],
          "create_before_destroy": true
        },
        {
          "index_key": "TAG-GOV-APPLICATION-CODE-KEY",
          "schema_version": 0,
          "attributes": {
            "defined_tags": {
              "Oracle-Tags.CreatedBy": "default/jorge.e.torlaschi@accenture.com",
              "Oracle-Tags.CreatedOn": "2026-04-21T08:47:53.173Z"
            },
            "description": "Codigo identificador de la aplicacion asociada al recurso. Habilitado para analisis de costes por aplicacion.",
            "freeform_tags": {
              "ocilz-terraform-module": "tags/0.1.6\n"
            },
            "id": "ocid1.tagdefinition.oc19..aaaaaaaas4iukqceq7kkowric2ehdumve67pg5gxxwtov5uztfarxe6crqia",
            "is_cost_tracking": true,
            "is_retired": false,
            "name": "application-code",
            "state": "ACTIVE",
            "tag_namespace_id": "ocid1.tagnamespace.oc19..aaaaaaaad5ahmm2hnmoesuyygljfkjt63buqrgxpirzs7dohpnmp7qo4jaiq",
            "time_created": "2026-04-21 08:47:53.837 +0000 UTC",
            "timeouts": null,
            "validator": []
          },
          "sensitive_attributes": [],
          "identity_schema_version": 0,
          "private": "eyJlMmJmYjczMC1lY2FhLTExZTYtOGY4OC0zNDM2M2JjN2M0YzAiOnsiY3JlYXRlIjo5MDAwMDAwMDAwMDAsImRlbGV0ZSI6NDMyMDAwMDAwMDAwMDAsInVwZGF0ZSI6OTAwMDAwMDAwMDAwfSwic2NoZW1hX3ZlcnNpb24iOiIwIn0=",
          "dependencies": [
            "module.oci_lz_orchestrator.module.oci_lz_tags.data.oci_identity_tag.default_created_by",
            "module.oci_lz_orchestrator.module.oci_lz_tags.data.oci_identity_tag.default_created_on",
            "module.oci_lz_orchestrator.module.oci_lz_tags.data.oci_identity_tag_namespaces.oracle_default",
            "module.oci_lz_orchestrator.module.oci_lz_tags.oci_identity_tag_namespace.these"
          ],
          "create_before_destroy": true
        },
        {
          "index_key": "TAG-GOV-APPLICATION-NAME-KEY",
          "schema_version": 0,
          "attributes": {
            "defined_tags": {
              "Oracle-Tags.CreatedBy": "default/jorge.e.torlaschi@accenture.com",
              "Oracle-Tags.CreatedOn": "2026-04-21T08:47:53.173Z"
            },
            "description": "Nombre legible de la aplicacion asociada al recurso.",
            "freeform_tags": {
              "ocilz-terraform-module": "tags/0.1.6\n"
            },
            "id": "ocid1.tagdefinition.oc19..aaaaaaaad5jzdz2y7aedzthktttcireuonkd4rflqz44x34l7umd3tgxcleq",
            "is_cost_tracking": false,
            "is_retired": false,
            "name": "application-name",
            "state": "ACTIVE",
            "tag_namespace_id": "ocid1.tagnamespace.oc19..aaaaaaaad5ahmm2hnmoesuyygljfkjt63buqrgxpirzs7dohpnmp7qo4jaiq",
            "time_created": "2026-04-21 08:47:53.3 +0000 UTC",
            "timeouts": null,
            "validator": []
          },
          "sensitive_attributes": [],
          "identity_schema_version": 0,
          "private": "eyJlMmJmYjczMC1lY2FhLTExZTYtOGY4OC0zNDM2M2JjN2M0YzAiOnsiY3JlYXRlIjo5MDAwMDAwMDAwMDAsImRlbGV0ZSI6NDMyMDAwMDAwMDAwMDAsInVwZGF0ZSI6OTAwMDAwMDAwMDAwfSwic2NoZW1hX3ZlcnNpb24iOiIwIn0=",
          "dependencies": [
            "module.oci_lz_orchestrator.module.oci_lz_tags.data.oci_identity_tag.default_created_by",
            "module.oci_lz_orchestrator.module.oci_lz_tags.data.oci_identity_tag.default_created_on",
            "module.oci_lz_orchestrator.module.oci_lz_tags.data.oci_identity_tag_namespaces.oracle_default",
            "module.oci_lz_orchestrator.module.oci_lz_tags.oci_identity_tag_namespace.these"
          ],
          "create_before_destroy": true
        },
        {
          "index_key": "TAG-GOV-BUSINESS-CRITICALITY-KEY",
          "schema_version": 0,
          "attributes": {
            "defined_tags": {
              "Oracle-Tags.CreatedBy": "default/jorge.e.torlaschi@accenture.com",
              "Oracle-Tags.CreatedOn": "2026-04-21T08:47:53.173Z"
            },
            "description": "Criticidad de negocio del recurso. Determina la politica de parcheo, backup y actualizacion aplicable.",
            "freeform_tags": {
              "ocilz-terraform-module": "tags/0.1.6\n"
            },
            "id": "ocid1.tagdefinition.oc19..aaaaaaaaxy576lbfa62hq57ixw7l7cymcii2qkux4xve5fjoj7ewvhzmy75a",
            "is_cost_tracking": false,
            "is_retired": false,
            "name": "business-criticality",
            "state": "ACTIVE",
            "tag_namespace_id": "ocid1.tagnamespace.oc19..aaaaaaaad5ahmm2hnmoesuyygljfkjt63buqrgxpirzs7dohpnmp7qo4jaiq",
            "time_created": "2026-04-21 08:47:53.703 +0000 UTC",
            "timeouts": null,
            "validator": []
          },
          "sensitive_attributes": [],
          "identity_schema_version": 0,
          "private": "eyJlMmJmYjczMC1lY2FhLTExZTYtOGY4OC0zNDM2M2JjN2M0YzAiOnsiY3JlYXRlIjo5MDAwMDAwMDAwMDAsImRlbGV0ZSI6NDMyMDAwMDAwMDAwMDAsInVwZGF0ZSI6OTAwMDAwMDAwMDAwfSwic2NoZW1hX3ZlcnNpb24iOiIwIn0=",
          "dependencies": [
            "module.oci_lz_orchestrator.module.oci_lz_tags.data.oci_identity_tag.default_created_by",
            "module.oci_lz_orchestrator.module.oci_lz_tags.data.oci_identity_tag.default_created_on",
            "module.oci_lz_orchestrator.module.oci_lz_tags.data.oci_identity_tag_namespaces.oracle_default",
            "module.oci_lz_orchestrator.module.oci_lz_tags.oci_identity_tag_namespace.these"
          ],
          "create_before_destroy": true
        },
        {
          "index_key": "TAG-GOV-COST-CENTER-KEY",
          "schema_version": 0,
          "attributes": {
            "defined_tags": {
              "Oracle-Tags.CreatedBy": "default/jorge.e.torlaschi@accenture.com",
              "Oracle-Tags.CreatedOn": "2026-04-21T08:47:53.169Z"
            },
            "description": "Unidad de costes para imputacion y chargeback. Habilitado para analisis de costes.",
            "freeform_tags": {
              "ocilz-terraform-module": "tags/0.1.6\n"
            },
            "id": "ocid1.tagdefinition.oc19..aaaaaaaavsvikjg3f7osihcs6aathmswrfruhbvlaaorobkvgu3ysnxrsjgq",
            "is_cost_tracking": true,
            "is_retired": false,
            "name": "cost-center",
            "state": "ACTIVE",
            "tag_namespace_id": "ocid1.tagnamespace.oc19..aaaaaaaad5ahmm2hnmoesuyygljfkjt63buqrgxpirzs7dohpnmp7qo4jaiq",
            "time_created": "2026-04-21 08:47:55.311 +0000 UTC",
            "timeouts": null,
            "validator": []
          },
          "sensitive_attributes": [],
          "identity_schema_version": 0,
          "private": "eyJlMmJmYjczMC1lY2FhLTExZTYtOGY4OC0zNDM2M2JjN2M0YzAiOnsiY3JlYXRlIjo5MDAwMDAwMDAwMDAsImRlbGV0ZSI6NDMyMDAwMDAwMDAwMDAsInVwZGF0ZSI6OTAwMDAwMDAwMDAwfSwic2NoZW1hX3ZlcnNpb24iOiIwIn0=",
          "dependencies": [
            "module.oci_lz_orchestrator.module.oci_lz_tags.data.oci_identity_tag.default_created_by",
            "module.oci_lz_orchestrator.module.oci_lz_tags.data.oci_identity_tag.default_created_on",
            "module.oci_lz_orchestrator.module.oci_lz_tags.data.oci_identity_tag_namespaces.oracle_default",
            "module.oci_lz_orchestrator.module.oci_lz_tags.oci_identity_tag_namespace.these"
          ],
          "create_before_destroy": true
        },
        {
          "index_key": "TAG-GOV-DEPARTMENT-KEY",
          "schema_version": 0,
          "attributes": {
            "defined_tags": {
              "Oracle-Tags.CreatedBy": "default/jorge.e.torlaschi@accenture.com",
              "Oracle-Tags.CreatedOn": "2026-04-21T08:47:53.169Z"
            },
            "description": "Unidad de negocio propietaria del recurso. Habilitado para analisis de costes por departamento.",
            "freeform_tags": {
              "ocilz-terraform-module": "tags/0.1.6\n"
            },
            "id": "ocid1.tagdefinition.oc19..aaaaaaaafo5dn4sumk5habfsuc77a4uoygjinzkibpopd42orpxyh4gp4njq",
            "is_cost_tracking": true,
            "is_retired": false,
            "name": "department",
            "state": "ACTIVE",
            "tag_namespace_id": "ocid1.tagnamespace.oc19..aaaaaaaad5ahmm2hnmoesuyygljfkjt63buqrgxpirzs7dohpnmp7qo4jaiq",
            "time_created": "2026-04-21 08:47:55.171 +0000 UTC",
            "timeouts": null,
            "validator": []
          },
          "sensitive_attributes": [],
          "identity_schema_version": 0,
          "private": "eyJlMmJmYjczMC1lY2FhLTExZTYtOGY4OC0zNDM2M2JjN2M0YzAiOnsiY3JlYXRlIjo5MDAwMDAwMDAwMDAsImRlbGV0ZSI6NDMyMDAwMDAwMDAwMDAsInVwZGF0ZSI6OTAwMDAwMDAwMDAwfSwic2NoZW1hX3ZlcnNpb24iOiIwIn0=",
          "dependencies": [
            "module.oci_lz_orchestrator.module.oci_lz_tags.data.oci_identity_tag.default_created_by",
            "module.oci_lz_orchestrator.module.oci_lz_tags.data.oci_identity_tag.default_created_on",
            "module.oci_lz_orchestrator.module.oci_lz_tags.data.oci_identity_tag_namespaces.oracle_default",
            "module.oci_lz_orchestrator.module.oci_lz_tags.oci_identity_tag_namespace.these"
          ],
          "create_before_destroy": true
        },
        {
          "index_key": "TAG-GOV-ENVIRONMENT-KEY",
          "schema_version": 0,
          "attributes": {
            "defined_tags": {
              "Oracle-Tags.CreatedBy": "default/jorge.e.torlaschi@accenture.com",
              "Oracle-Tags.CreatedOn": "2026-04-21T08:47:53.169Z"
            },
            "description": "Entorno del recurso. Se infiere del prefijo de nomenclatura: o-p- = pro, o-d- = dev. Habilitado para comparativa de costes entre entornos.",
            "freeform_tags": {
              "ocilz-terraform-module": "tags/0.1.6\n"
            },
            "id": "ocid1.tagdefinition.oc19..aaaaaaaahhcnbwfhoestjmzzlnewukgxkcx7s6fk6issnxq2quxduvtrkkva",
            "is_cost_tracking": true,
            "is_retired": false,
            "name": "environment",
            "state": "ACTIVE",
            "tag_namespace_id": "ocid1.tagnamespace.oc19..aaaaaaaad5ahmm2hnmoesuyygljfkjt63buqrgxpirzs7dohpnmp7qo4jaiq",
            "time_created": "2026-04-21 08:47:54.791 +0000 UTC",
            "timeouts": null,
            "validator": []
          },
          "sensitive_attributes": [],
          "identity_schema_version": 0,
          "private": "eyJlMmJmYjczMC1lY2FhLTExZTYtOGY4OC0zNDM2M2JjN2M0YzAiOnsiY3JlYXRlIjo5MDAwMDAwMDAwMDAsImRlbGV0ZSI6NDMyMDAwMDAwMDAwMDAsInVwZGF0ZSI6OTAwMDAwMDAwMDAwfSwic2NoZW1hX3ZlcnNpb24iOiIwIn0=",
          "dependencies": [
            "module.oci_lz_orchestrator.module.oci_lz_tags.data.oci_identity_tag.default_created_by",
            "module.oci_lz_orchestrator.module.oci_lz_tags.data.oci_identity_tag.default_created_on",
            "module.oci_lz_orchestrator.module.oci_lz_tags.data.oci_identity_tag_namespaces.oracle_default",
            "module.oci_lz_orchestrator.module.oci_lz_tags.oci_identity_tag_namespace.these"
          ],
          "create_before_destroy": true
        },
        {
          "index_key": "TAG-GOV-IAC-KEY",
          "schema_version": 0,
          "attributes": {
            "defined_tags": {
              "Oracle-Tags.CreatedBy": "default/jorge.e.torlaschi@accenture.com",
              "Oracle-Tags.CreatedOn": "2026-04-21T08:47:53.169Z"
            },
            "description": "Indica el mecanismo mediante el cual fue generado el recurso. Valor automatico: terraform para todos los recursos desplegados por este repositorio.",
            "freeform_tags": {
              "ocilz-terraform-module": "tags/0.1.6\n"
            },
            "id": "ocid1.tagdefinition.oc19..aaaaaaaaxnwvcchaichbonqcriawdffy6ze5tnej46xyc2jz2mbynnqr54tq",
            "is_cost_tracking": false,
            "is_retired": false,
            "name": "iac",
            "state": "ACTIVE",
            "tag_namespace_id": "ocid1.tagnamespace.oc19..aaaaaaaad5ahmm2hnmoesuyygljfkjt63buqrgxpirzs7dohpnmp7qo4jaiq",
            "time_created": "2026-04-21 08:47:53.662 +0000 UTC",
            "timeouts": null,
            "validator": []
          },
          "sensitive_attributes": [],
          "identity_schema_version": 0,
          "private": "eyJlMmJmYjczMC1lY2FhLTExZTYtOGY4OC0zNDM2M2JjN2M0YzAiOnsiY3JlYXRlIjo5MDAwMDAwMDAwMDAsImRlbGV0ZSI6NDMyMDAwMDAwMDAwMDAsInVwZGF0ZSI6OTAwMDAwMDAwMDAwfSwic2NoZW1hX3ZlcnNpb24iOiIwIn0=",
          "dependencies": [
            "module.oci_lz_orchestrator.module.oci_lz_tags.data.oci_identity_tag.default_created_by",
            "module.oci_lz_orchestrator.module.oci_lz_tags.data.oci_identity_tag.default_created_on",
            "module.oci_lz_orchestrator.module.oci_lz_tags.data.oci_identity_tag_namespaces.oracle_default",
            "module.oci_lz_orchestrator.module.oci_lz_tags.oci_identity_tag_namespace.these"
          ],
          "create_before_destroy": true
        },
        {
          "index_key": "TAG-GOV-NAME-KEY",
          "schema_version": 0,
          "attributes": {
            "defined_tags": {
              "Oracle-Tags.CreatedBy": "default/jorge.e.torlaschi@accenture.com",
              "Oracle-Tags.CreatedOn": "2026-04-21T08:47:53.169Z"
            },
            "description": "Nombre del recurso. Debe coincidir con el display_name del recurso OCI. Habilitado para analisis de costes por recurso individual.",
            "freeform_tags": {
              "ocilz-terraform-module": "tags/0.1.6\n"
            },
            "id": "ocid1.tagdefinition.oc19..aaaaaaaaajccu7kuj6q7rbte2jsqlnk23fvahd6xzjyzm53cyj6o7b33plfa",
            "is_cost_tracking": true,
            "is_retired": false,
            "name": "name",
            "state": "ACTIVE",
            "tag_namespace_id": "ocid1.tagnamespace.oc19..aaaaaaaad5ahmm2hnmoesuyygljfkjt63buqrgxpirzs7dohpnmp7qo4jaiq",
            "time_created": "2026-04-21 08:47:53.184 +0000 UTC",
            "timeouts": null,
            "validator": []
          },
          "sensitive_attributes": [],
          "identity_schema_version": 0,
          "private": "eyJlMmJmYjczMC1lY2FhLTExZTYtOGY4OC0zNDM2M2JjN2M0YzAiOnsiY3JlYXRlIjo5MDAwMDAwMDAwMDAsImRlbGV0ZSI6NDMyMDAwMDAwMDAwMDAsInVwZGF0ZSI6OTAwMDAwMDAwMDAwfSwic2NoZW1hX3ZlcnNpb24iOiIwIn0=",
          "dependencies": [
            "module.oci_lz_orchestrator.module.oci_lz_tags.data.oci_identity_tag.default_created_by",
            "module.oci_lz_orchestrator.module.oci_lz_tags.data.oci_identity_tag.default_created_on",
            "module.oci_lz_orchestrator.module.oci_lz_tags.data.oci_identity_tag_namespaces.oracle_default",
            "module.oci_lz_orchestrator.module.oci_lz_tags.oci_identity_tag_namespace.these"
          ],
          "create_before_destroy": true
        },
        {
          "index_key": "TAG-GOV-OPERATIONAL-OWNER-KEY",
          "schema_version": 0,
          "attributes": {
            "defined_tags": {
              "Oracle-Tags.CreatedBy": "default/jorge.e.torlaschi@accenture.com",
              "Oracle-Tags.CreatedOn": "2026-04-21T08:47:53.173Z"
            },
            "description": "Empresa cliente o equipo que gestiona los recursos. Valor: correo corporativo del responsable operacional.",
            "freeform_tags": {
              "ocilz-terraform-module": "tags/0.1.6\n"
            },
            "id": "ocid1.tagdefinition.oc19..aaaaaaaa4nlc4els7tjtl7udg235wg6btydbxdtfbfd3h2nlxk2lkh3nh3ma",
            "is_cost_tracking": false,
            "is_retired": false,
            "name": "operational-owner",
            "state": "ACTIVE",
            "tag_namespace_id": "ocid1.tagnamespace.oc19..aaaaaaaad5ahmm2hnmoesuyygljfkjt63buqrgxpirzs7dohpnmp7qo4jaiq",
            "time_created": "2026-04-21 08:47:53.343 +0000 UTC",
            "timeouts": null,
            "validator": []
          },
          "sensitive_attributes": [],
          "identity_schema_version": 0,
          "private": "eyJlMmJmYjczMC1lY2FhLTExZTYtOGY4OC0zNDM2M2JjN2M0YzAiOnsiY3JlYXRlIjo5MDAwMDAwMDAwMDAsImRlbGV0ZSI6NDMyMDAwMDAwMDAwMDAsInVwZGF0ZSI6OTAwMDAwMDAwMDAwfSwic2NoZW1hX3ZlcnNpb24iOiIwIn0=",
          "dependencies": [
            "module.oci_lz_orchestrator.module.oci_lz_tags.data.oci_identity_tag.default_created_by",
            "module.oci_lz_orchestrator.module.oci_lz_tags.data.oci_identity_tag.default_created_on",
            "module.oci_lz_orchestrator.module.oci_lz_tags.data.oci_identity_tag_namespaces.oracle_default",
            "module.oci_lz_orchestrator.module.oci_lz_tags.oci_identity_tag_namespace.these"
          ],
          "create_before_destroy": true
        },
        {
          "index_key": "TAG-GOV-TECHNICAL-OWNER-KEY",
          "schema_version": 0,
          "attributes": {
            "defined_tags": {
              "Oracle-Tags.CreatedBy": "default/jorge.e.torlaschi@accenture.com",
              "Oracle-Tags.CreatedOn": "2026-04-21T08:47:55.217Z"
            },
            "description": "Funcionario responsable de la aplicacion. Valor: correo corporativo del responsable tecnico.",
            "freeform_tags": {
              "ocilz-terraform-module": "tags/0.1.6\n"
            },
            "id": "ocid1.tagdefinition.oc19..aaaaaaaaplzefdtq2pljsle54hm367q4zbxlawu7y7puo3z2t53q5ybuvgba",
            "is_cost_tracking": false,
            "is_retired": false,
            "name": "technical-owner",
            "state": "ACTIVE",
            "tag_namespace_id": "ocid1.tagnamespace.oc19..aaaaaaaad5ahmm2hnmoesuyygljfkjt63buqrgxpirzs7dohpnmp7qo4jaiq",
            "time_created": "2026-04-21 08:47:55.233 +0000 UTC",
            "timeouts": null,
            "validator": []
          },
          "sensitive_attributes": [],
          "identity_schema_version": 0,
          "private": "eyJlMmJmYjczMC1lY2FhLTExZTYtOGY4OC0zNDM2M2JjN2M0YzAiOnsiY3JlYXRlIjo5MDAwMDAwMDAwMDAsImRlbGV0ZSI6NDMyMDAwMDAwMDAwMDAsInVwZGF0ZSI6OTAwMDAwMDAwMDAwfSwic2NoZW1hX3ZlcnNpb24iOiIwIn0=",
          "dependencies": [
            "module.oci_lz_orchestrator.module.oci_lz_tags.data.oci_identity_tag.default_created_by",
            "module.oci_lz_orchestrator.module.oci_lz_tags.data.oci_identity_tag.default_created_on",
            "module.oci_lz_orchestrator.module.oci_lz_tags.data.oci_identity_tag_namespaces.oracle_default",
            "module.oci_lz_orchestrator.module.oci_lz_tags.oci_identity_tag_namespace.these"
          ],
          "create_before_destroy": true
        },
        {
          "index_key": "TAG-LZ-ROLE-KEY",
          "schema_version": 0,
          "attributes": {
            "defined_tags": {
              "Oracle-Tags.CreatedBy": "default/jorge.e.torlaschi@accenture.com",
              "Oracle-Tags.CreatedOn": "2026-03-10T14:41:06.814Z"
            },
            "description": "Tag used to identify different administrative roles within the Landing Zone, across network and security compartments",
            "freeform_tags": {
              "ocilz-terraform-module": "tags/0.1.6\n"
            },
            "id": "ocid1.tagdefinition.oc19..aaaaaaaa5nn6xvol36j5hhk7vl4t2h6jvj2nionfjbspjg22jx5jruyxveeq",
            "is_cost_tracking": false,
            "is_retired": false,
            "name": "o-p-om2-tag-role-001",
            "state": "ACTIVE",
            "tag_namespace_id": "ocid1.tagnamespace.oc19..aaaaaaaa6u3i3nhokejdygnepikolj7qp6647p3wum25s3dnpjtt7shlqzuq",
            "time_created": "2026-03-10 14:41:07.131 +0000 UTC",
            "timeouts": null,
            "validator": []
          },
          "sensitive_attributes": [],
          "identity_schema_version": 0,
          "private": "eyJlMmJmYjczMC1lY2FhLTExZTYtOGY4OC0zNDM2M2JjN2M0YzAiOnsiY3JlYXRlIjo5MDAwMDAwMDAwMDAsImRlbGV0ZSI6NDMyMDAwMDAwMDAwMDAsInVwZGF0ZSI6OTAwMDAwMDAwMDAwfSwic2NoZW1hX3ZlcnNpb24iOiIwIn0=",
          "dependencies": [
            "module.oci_lz_orchestrator.module.oci_lz_tags.data.oci_identity_tag.default_created_by",
            "module.oci_lz_orchestrator.module.oci_lz_tags.data.oci_identity_tag.default_created_on",
            "module.oci_lz_orchestrator.module.oci_lz_tags.data.oci_identity_tag_namespaces.oracle_default",
            "module.oci_lz_orchestrator.module.oci_lz_tags.oci_identity_tag_namespace.these"
          ],
          "create_before_destroy": true
        }
      ]
    },
    {
      "module": "module.oci_lz_orchestrator.module.oci_lz_tags[0]",
      "mode": "managed",
      "type": "oci_identity_tag_namespace",
      "name": "these",
      "provider": "module.oci_lz_orchestrator.provider[\"registry.terraform.io/oracle/oci\"]",
      "instances": [
        {
          "index_key": "TAGNS-LZ-ENS-KEY",
          "schema_version": 0,
          "attributes": {
            "compartment_id": "ocid1.tenancy.oc19..aaaaaaaa4ftkyx3ao73kndo3mbltj6gtbf27mxbgpu65a33ipgo2wqyj4zba",
            "defined_tags": {
              "Oracle-Tags.CreatedBy": "default/jorge.e.torlaschi@accenture.com",
              "Oracle-Tags.CreatedOn": "2026-04-21T08:47:52.680Z"
            },
            "description": "Tag namespace for ENS (Esquema Nacional de Seguridad) security classification dimensions. Valores: alto, medio, bajo.",
            "freeform_tags": {
              "ocilz-terraform-module": "tags/0.1.6\n"
            },
            "id": "ocid1.tagnamespace.oc19..aaaaaaaa3iliimrn4vxzbtpxutkshe52fu6qs4rbwcdnlvtxhcdybxgjzmeq",
            "is_retired": false,
            "name": "o-p-om2-tagns-ens-001",
            "state": "ACTIVE",
            "time_created": "2026-04-21 08:47:52.782 +0000 UTC",
            "timeouts": null
          },
          "sensitive_attributes": [],
          "identity_schema_version": 0,
          "private": "eyJlMmJmYjczMC1lY2FhLTExZTYtOGY4OC0zNDM2M2JjN2M0YzAiOnsiY3JlYXRlIjoxMjAwMDAwMDAwMDAwLCJkZWxldGUiOjEyMDAwMDAwMDAwMDAsInVwZGF0ZSI6MTIwMDAwMDAwMDAwMH0sInNjaGVtYV92ZXJzaW9uIjoiMCJ9",
          "dependencies": [
            "module.oci_lz_orchestrator.module.oci_lz_tags.data.oci_identity_tag_namespaces.oracle_default"
          ],
          "create_before_destroy": true
        },
        {
          "index_key": "TAGNS-LZ-GOV-KEY",
          "schema_version": 0,
          "attributes": {
            "compartment_id": "ocid1.tenancy.oc19..aaaaaaaa4ftkyx3ao73kndo3mbltj6gtbf27mxbgpu65a33ipgo2wqyj4zba",
            "defined_tags": {
              "Oracle-Tags.CreatedBy": "default/jorge.e.torlaschi@accenture.com",
              "Oracle-Tags.CreatedOn": "2026-04-21T08:47:52.669Z"
            },
            "description": "Tag namespace for operational governance, cost tracking and resource classification of the Landing Zone.",
            "freeform_tags": {
              "ocilz-terraform-module": "tags/0.1.6\n"
            },
            "id": "ocid1.tagnamespace.oc19..aaaaaaaad5ahmm2hnmoesuyygljfkjt63buqrgxpirzs7dohpnmp7qo4jaiq",
            "is_retired": false,
            "name": "o-p-om2-tagns-gov-001",
            "state": "ACTIVE",
            "time_created": "2026-04-21 08:47:52.698 +0000 UTC",
            "timeouts": null
          },
          "sensitive_attributes": [],
          "identity_schema_version": 0,
          "private": "eyJlMmJmYjczMC1lY2FhLTExZTYtOGY4OC0zNDM2M2JjN2M0YzAiOnsiY3JlYXRlIjoxMjAwMDAwMDAwMDAwLCJkZWxldGUiOjEyMDAwMDAwMDAwMDAsInVwZGF0ZSI6MTIwMDAwMDAwMDAwMH0sInNjaGVtYV92ZXJzaW9uIjoiMCJ9",
          "dependencies": [
            "module.oci_lz_orchestrator.module.oci_lz_tags.data.oci_identity_tag_namespaces.oracle_default"
          ],
          "create_before_destroy": true
        },
        {
          "index_key": "TAGNS-LZ-ROLE-KEY",
          "schema_version": 0,
          "attributes": {
            "compartment_id": "ocid1.tenancy.oc19..aaaaaaaa4ftkyx3ao73kndo3mbltj6gtbf27mxbgpu65a33ipgo2wqyj4zba",
            "defined_tags": {
              "Oracle-Tags.CreatedBy": "default/jorge.e.torlaschi@accenture.com",
              "Oracle-Tags.CreatedOn": "2026-03-10T14:41:06.814Z"
            },
            "description": "Tag namespace for Tag Based Access Controls of Landing Zone Roles.",
            "freeform_tags": {
              "ocilz-terraform-module": "tags/0.1.6\n"
            },
            "id": "ocid1.tagnamespace.oc19..aaaaaaaa6u3i3nhokejdygnepikolj7qp6647p3wum25s3dnpjtt7shlqzuq",
            "is_retired": false,
            "name": "o-p-om2-tagns-name-001",
            "state": "ACTIVE",
            "time_created": "2026-03-10 14:41:06.863 +0000 UTC",
            "timeouts": null
          },
          "sensitive_attributes": [],
          "identity_schema_version": 0,
          "private": "eyJlMmJmYjczMC1lY2FhLTExZTYtOGY4OC0zNDM2M2JjN2M0YzAiOnsiY3JlYXRlIjoxMjAwMDAwMDAwMDAwLCJkZWxldGUiOjEyMDAwMDAwMDAwMDAsInVwZGF0ZSI6MTIwMDAwMDAwMDAwMH0sInNjaGVtYV92ZXJzaW9uIjoiMCJ9",
          "dependencies": [
            "module.oci_lz_orchestrator.module.oci_lz_tags.data.oci_identity_tag_namespaces.oracle_default"
          ],
          "create_before_destroy": true
        }
      ]
    }
  ],
  "check_results": [
    {
      "object_kind": "resource",
      "config_addr": "module.oci_lz_orchestrator.module.oci_lz_streams.oci_streaming_stream.these",
      "status": "pass",
      "objects": null
    },
    {
      "object_kind": "resource",
      "config_addr": "module.oci_lz_orchestrator.module.oci_lz_bastions.oci_bastion_bastion.these",
      "status": "pass",
      "objects": null
    },
    {
      "object_kind": "resource",
      "config_addr": "module.oci_lz_orchestrator.module.oci_lz_logging.data.oci_identity_compartment.these",
      "status": "pass",
      "objects": null
    },
    {
      "object_kind": "resource",
      "config_addr": "module.oci_lz_orchestrator.module.oci_lz_compute.oci_file_storage_mount_target.these",
      "status": "pass",
      "objects": null
    },
    {
      "object_kind": "resource",
      "config_addr": "module.oci_lz_orchestrator.module.oci_lz_service_connectors.oci_ons_subscription.these",
      "status": "pass",
      "objects": null
    },
    {
      "object_kind": "resource",
      "config_addr": "module.oci_lz_orchestrator.module.oci_lz_home_region_events.oci_streaming_stream.these",
      "status": "pass",
      "objects": null
    },
    {
      "object_kind": "resource",
      "config_addr": "module.oci_lz_orchestrator.module.oci_lz_policies.oci_identity_policy.these",
      "status": "pass",
      "objects": null
    },
    {
      "object_kind": "resource",
      "config_addr": "module.oci_lz_orchestrator.module.oci_lz_compute.oci_core_vnic_attachment.these",
      "status": "pass",
      "objects": null
    },
    {
      "object_kind": "resource",
      "config_addr": "module.oci_lz_orchestrator.module.oci_lz_network.oci_core_vcn.these",
      "status": "pass",
      "objects": null
    },
    {
      "object_kind": "resource",
      "config_addr": "module.oci_lz_orchestrator.module.oci_lz_events.oci_streaming_stream.these",
      "status": "pass",
      "objects": null
    },
    {
      "object_kind": "resource",
      "config_addr": "module.oci_lz_orchestrator.module.oci_lz_service_connectors.oci_objectstorage_bucket.these",
      "status": "pass",
      "objects": null
    },
    {
      "object_kind": "resource",
      "config_addr": "module.oci_lz_orchestrator.module.oci_lz_compute.oci_file_storage_export.these",
      "status": "pass",
      "objects": null
    },
    {
      "object_kind": "resource",
      "config_addr": "module.oci_lz_orchestrator.module.oci_lz_compute.oci_core_instance.these",
      "status": "pass",
      "objects": null
    },
    {
      "object_kind": "resource",
      "config_addr": "module.oci_lz_orchestrator.module.oci_lz_logging.data.oci_network_load_balancer_network_load_balancers.these",
      "status": "pass",
      "objects": null
    },
    {
      "object_kind": "resource",
      "config_addr": "module.oci_lz_orchestrator.module.oci_lz_identity_domains.oci_identity_domain_replication_to_region.these",
      "status": "pass",
      "objects": null
    },
    {
      "object_kind": "resource",
      "config_addr": "module.oci_lz_orchestrator.module.oci_lz_home_region_events.oci_ons_notification_topic.these",
      "status": "pass",
      "objects": null
    },
    {
      "object_kind": "resource",
      "config_addr": "module.oci_lz_orchestrator.module.oci_lz_network.oci_core_network_security_group_security_rule.ingress",
      "status": "pass",
      "objects": null
    },
    {
      "object_kind": "resource",
      "config_addr": "module.oci_lz_orchestrator.module.oci_lz_ocvs.oci_ocvp_sddc.sddc",
      "status": "pass",
      "objects": null
    },
    {
      "object_kind": "resource",
      "config_addr": "module.oci_lz_orchestrator.module.oci_lz_logging.data.oci_core_subnets.these",
      "status": "pass",
      "objects": null
    },
    {
      "object_kind": "resource",
      "config_addr": "module.oci_lz_orchestrator.module.oci_lz_service_connectors.oci_sch_service_connector.these",
      "status": "pass",
      "objects": null
    },
    {
      "object_kind": "resource",
      "config_addr": "module.oci_lz_orchestrator.module.oci_lz_streams.oci_streaming_stream_pool.these",
      "status": "pass",
      "objects": null
    },
    {
      "object_kind": "resource",
      "config_addr": "module.oci_lz_orchestrator.module.oci_lz_network.oci_core_security_list.these",
      "status": "pass",
      "objects": null
    },
    {
      "object_kind": "resource",
      "config_addr": "module.oci_lz_orchestrator.module.oci_lz_compute.oci_core_app_catalog_listing_resource_version_agreement.these",
      "status": "pass",
      "objects": null
    },
    {
      "object_kind": "resource",
      "config_addr": "module.oci_lz_orchestrator.module.oci_lz_compute.data.oci_marketplace_listing.this",
      "status": "pass",
      "objects": null
    },
    {
      "object_kind": "resource",
      "config_addr": "module.oci_lz_orchestrator.module.oci_lz_logging.oci_logging_log.these",
      "status": "pass",
      "objects": null
    },
    {
      "object_kind": "resource",
      "config_addr": "module.oci_lz_orchestrator.module.oci_lz_alarms.oci_streaming_stream.these",
      "status": "pass",
      "objects": null
    },
    {
      "object_kind": "resource",
      "config_addr": "module.oci_lz_orchestrator.module.oci_lz_oke.oci_containerengine_virtual_node_pool.these",
      "status": "pass",
      "objects": null
    },
    {
      "object_kind": "resource",
      "config_addr": "module.oci_lz_orchestrator.module.oci_lz_bastions.oci_bastion_session.these",
      "status": "pass",
      "objects": null
    },
    {
      "object_kind": "resource",
      "config_addr": "module.oci_lz_orchestrator.module.oci_lz_compute.data.oci_core_app_catalog_listing_resource_versions.these",
      "status": "pass",
      "objects": null
    },
    {
      "object_kind": "resource",
      "config_addr": "module.oci_lz_orchestrator.module.oci_lz_compute.oci_file_storage_replication.these",
      "status": "pass",
      "objects": null
    },
    {
      "object_kind": "resource",
      "config_addr": "module.oci_lz_orchestrator.module.oci_lz_identity_domains.oci_identity_domains_group.these",
      "status": "pass",
      "objects": null
    },
    {
      "object_kind": "resource",
      "config_addr": "module.oci_lz_orchestrator.module.oci_lz_security_zones.oci_cloud_guard_security_zone.these",
      "status": "pass",
      "objects": null
    },
    {
      "object_kind": "resource",
      "config_addr": "module.oci_lz_orchestrator.module.oci_lz_events.oci_events_rule.these",
      "status": "pass",
      "objects": null
    },
    {
      "object_kind": "resource",
      "config_addr": "module.oci_lz_orchestrator.module.oci_lz_scanning.oci_vulnerability_scanning_container_scan_target.these",
      "status": "pass",
      "objects": null
    },
    {
      "object_kind": "resource",
      "config_addr": "module.oci_lz_orchestrator.module.oci_lz_compute.oci_core_volume.these",
      "status": "pass",
      "objects": null
    },
    {
      "object_kind": "resource",
      "config_addr": "module.oci_lz_orchestrator.module.oci_lz_alarms.oci_ons_subscription.these",
      "status": "pass",
      "objects": null
    },
    {
      "object_kind": "resource",
      "config_addr": "module.oci_lz_orchestrator.module.oci_lz_compute.oci_core_volume_attachment.these",
      "status": "pass",
      "objects": null
    },
    {
      "object_kind": "resource",
      "config_addr": "module.oci_lz_orchestrator.module.oci_lz_vaults.oci_kms_key.these",
      "status": "pass",
      "objects": null
    },
    {
      "object_kind": "resource",
      "config_addr": "module.oci_lz_orchestrator.module.oci_lz_compute.oci_file_storage_file_system.these",
      "status": "pass",
      "objects": null
    },
    {
      "object_kind": "resource",
      "config_addr": "module.oci_lz_orchestrator.module.oci_lz_compute.data.oci_core_app_catalog_listing_resource_version.this",
      "status": "pass",
      "objects": null
    },
    {
      "object_kind": "resource",
      "config_addr": "module.oci_lz_orchestrator.module.oci_lz_service_connectors.oci_objectstorage_bucket.bucket_replica",
      "status": "pass",
      "objects": null
    },
    {
      "object_kind": "resource",
      "config_addr": "module.oci_lz_orchestrator.module.oci_lz_home_region_events.oci_ons_subscription.these",
      "status": "pass",
      "objects": null
    },
    {
      "object_kind": "resource",
      "config_addr": "module.oci_lz_orchestrator.module.oci_lz_oke.oci_containerengine_cluster.these",
      "status": "pass",
      "objects": null
    },
    {
      "object_kind": "resource",
      "config_addr": "module.oci_lz_orchestrator.module.oci_lz_oke.oci_containerengine_node_pool.these",
      "status": "pass",
      "objects": null
    },
    {
      "object_kind": "resource",
      "config_addr": "module.oci_lz_orchestrator.module.oci_lz_identity_domains.oci_identity_domains_group.these_with_external_membership_updates",
      "status": "pass",
      "objects": null
    },
    {
      "object_kind": "resource",
      "config_addr": "module.oci_lz_orchestrator.module.oci_lz_security_zones.oci_cloud_guard_security_recipe.these",
      "status": "pass",
      "objects": null
    },
    {
      "object_kind": "resource",
      "config_addr": "module.oci_lz_orchestrator.module.oci_lz_notifications.oci_ons_subscription.these",
      "status": "pass",
      "objects": null
    },
    {
      "object_kind": "resource",
      "config_addr": "module.oci_lz_orchestrator.module.oci_lz_logging.oci_logging_log.bucket_logs",
      "status": "pass",
      "objects": null
    },
    {
      "object_kind": "resource",
      "config_addr": "module.oci_lz_orchestrator.module.oci_lz_alarms.oci_ons_notification_topic.these",
      "status": "pass",
      "objects": null
    },
    {
      "object_kind": "resource",
      "config_addr": "module.oci_lz_orchestrator.module.oci_lz_nlb.oci_network_load_balancer_network_load_balancer.these",
      "status": "pass",
      "objects": null
    },
    {
      "object_kind": "resource",
      "config_addr": "module.oci_lz_orchestrator.module.oci_lz_logging.oci_logging_log.flow_logs",
      "status": "pass",
      "objects": null
    },
    {
      "object_kind": "resource",
      "config_addr": "module.oci_lz_orchestrator.module.oci_lz_identity_domains.oci_identity_domains_identity_provider.these",
      "status": "pass",
      "objects": null
    },
    {
      "object_kind": "resource",
      "config_addr": "module.oci_lz_orchestrator.module.oci_lz_events.oci_ons_notification_topic.these",
      "status": "pass",
      "objects": null
    },
    {
      "object_kind": "resource",
      "config_addr": "module.oci_lz_orchestrator.module.oci_lz_compute.oci_core_volume_backup_policy_assignment.these",
      "status": "pass",
      "objects": null
    },
    {
      "object_kind": "resource",
      "config_addr": "module.oci_lz_orchestrator.module.oci_lz_service_connectors.oci_identity_policy.these",
      "status": "pass",
      "objects": null
    },
    {
      "object_kind": "resource",
      "config_addr": "module.oci_lz_orchestrator.module.oci_lz_alarms.oci_monitoring_alarm.these",
      "status": "pass",
      "objects": null
    },
    {
      "object_kind": "resource",
      "config_addr": "module.oci_lz_orchestrator.module.oci_lz_network.oci_core_default_security_list.these",
      "status": "pass",
      "objects": null
    },
    {
      "object_kind": "resource",
      "config_addr": "module.oci_lz_orchestrator.module.oci_lz_identity_domains.oci_identity_domains_app.these",
      "status": "pass",
      "objects": null
    },
    {
      "object_kind": "resource",
      "config_addr": "module.oci_lz_orchestrator.module.oci_lz_events.oci_ons_subscription.these",
      "status": "pass",
      "objects": null
    },
    {
      "object_kind": "resource",
      "config_addr": "module.oci_lz_orchestrator.module.oci_lz_compute.oci_core_cluster_network.these",
      "status": "pass",
      "objects": null
    },
    {
      "object_kind": "resource",
      "config_addr": "module.oci_lz_orchestrator.module.oci_lz_compute.oci_core_volume_backup_policy_assignment.these_volume_groups",
      "status": "pass",
      "objects": null
    },
    {
      "object_kind": "resource",
      "config_addr": "module.oci_lz_orchestrator.module.oci_lz_compute.data.oci_core_images.these_custom",
      "status": "pass",
      "objects": null
    },
    {
      "object_kind": "resource",
      "config_addr": "module.oci_lz_orchestrator.module.oci_lz_logging.data.oci_core_vnic_attachments.these",
      "status": "pass",
      "objects": null
    },
    {
      "object_kind": "resource",
      "config_addr": "module.oci_lz_orchestrator.module.oci_lz_network.data.oci_security_attribute_security_attribute_namespaces.these",
      "status": "pass",
      "objects": null
    },
    {
      "object_kind": "resource",
      "config_addr": "module.oci_lz_orchestrator.module.oci_lz_home_region_events.oci_events_rule.these",
      "status": "pass",
      "objects": null
    }
  ]
}
