{
  "version": 4,
  "terraform_version": "1.15.5",
  "serial": 53,
  "lineage": "39ff1846-bae5-305a-c219-7e8cceed2ac5",
  "outputs": {},
  "resources": [
    {
      "module": "module.oci_lz_orchestrator",
      "mode": "data",
      "type": "oci_identity_regions",
      "name": "these",
      "provider": "module.oci_lz_orchestrator.provider[\"registry.terraform.io/oracle/oci\"]",
      "instances": [
        {
          "schema_version": 0,
          "attributes": {
            "filter": null,
            "id": "IdentityRegionsDataSource-0",
            "regions": [
              {
                "key": "STR",
                "name": "eu-frankfurt-2"
              },
              {
                "key": "VLL",
                "name": "eu-madrid-2"
              }
            ]
          },
          "sensitive_attributes": [],
          "identity_schema_version": 0
        }
      ]
    },
    {
      "module": "module.oci_lz_orchestrator",
      "mode": "data",
      "type": "oci_identity_tenancy",
      "name": "this",
      "provider": "module.oci_lz_orchestrator.provider[\"registry.terraform.io/oracle/oci\"]",
      "instances": [
        {
          "schema_version": 0,
          "attributes": {
            "defined_tags": {},
            "description": "TENLS-6209",
            "freeform_tags": {},
            "home_region_key": "VLL",
            "id": "ocid1.tenancy.oc19..aaaaaaaa4ftkyx3ao73kndo3mbltj6gtbf27mxbgpu65a33ipgo2wqyj4zba",
            "name": "seguridadsocial",
            "tenancy_id": "ocid1.tenancy.oc19..aaaaaaaa4ftkyx3ao73kndo3mbltj6gtbf27mxbgpu65a33ipgo2wqyj4zba",
            "upi_idcs_compatibility_layer_endpoint": null
          },
          "sensitive_attributes": [],
          "identity_schema_version": 0
        }
      ]
    },
    {
      "module": "module.oci_lz_orchestrator",
      "mode": "managed",
      "type": "local_file",
      "name": "network_output",
      "provider": "provider[\"registry.terraform.io/hashicorp/local\"]",
      "instances": [
        {
          "index_key": 0,
          "schema_version": 0,
          "attributes": {
            "content": "{\"network_resources\":{\"dns_resolver\":{},\"dns_views\":{},\"dns_zones\":{},\"drg_attachments\":{\"DRGATT-VLL-LZ-EXACS-NPR-VCN-KEY\":{\"id\":\"ocid1.drgattachment.oc19.eu-madrid-2.aaaaaaaapbha2jrstqqnvl4hq3zvk35jq5m56vufoznlphbdgqonuygo4bfa\"},\"DRGATT-VLL-LZ-EXACS-PRO-VCN-KEY\":{\"id\":\"ocid1.drgattachment.oc19.eu-madrid-2.aaaaaaaaj33nwa5zf5dtjjbalee7p6eigxki26bmxpqejenw77q2u6secvaq\"},\"DRGATT-VLL-LZ-HUB-VCN-KEY\":{\"id\":\"ocid1.drgattachment.oc19.eu-madrid-2.aaaaaaaau5svtwnjv7cxgsdkjvf7qci5weqczdxvyfsn64vzf7hjrzdzsmva\"}},\"drg_route_tables\":{\"DRGRT-VLL-LZ-HUB-KEY\":{\"id\":\"ocid1.drgroutetable.oc19.eu-madrid-2.aaaaaaaagrypb4d6mrlafpq5de6uukf2ytbdppaprzayjty2ur2zkwjvtc3q\"},\"DRGRT-VLL-LZ-SPOKES-KEY\":{\"id\":\"ocid1.drgroutetable.oc19.eu-madrid-2.aaaaaaaaty742znqtrv7jvixwrldirgntsxk6kvrnuoqzkluxfrpe4nib3ja\"}},\"dynamic_routing_gateways\":{\"DRG-VLL-LZ-HUB-KEY\":{\"id\":\"ocid1.drg.oc19.eu-madrid-2.aaaaaaaa7mto5domu4v7gk3bxq2rnlnslpdc2mnxlue7gatndpienpgmq5wa\"}},\"l7_load_balancers\":{},\"local_peering_gateways\":{},\"network_security_groups\":{\"NSG-VLL-LZ-HUB-FW-KEY\":{\"id\":\"ocid1.networksecuritygroup.oc19.eu-madrid-2.aaaaaaaa5xxr7iqsclnzmnuo67fi2tvkwt6dcbxvunm5iidssolqfiifhmka\"},\"NSG-VLL-LZ-HUB-LB-KEY\":{\"id\":\"ocid1.networksecuritygroup.oc19.eu-madrid-2.aaaaaaaa7t76tg6awptn6iw2flr7jqtf5ut6n7y3rvcjk4cxknm6evfl2yea\"}},\"private_service_access\":{},\"remote_peering_connections\":{},\"subnets\":{\"SN-VLL-LZ-EXACS-NPR-BACKUP-KEY\":{\"id\":\"ocid1.subnet.oc19.eu-madrid-2.aaaaaaaapzxknvaxdzhxhy6bnelwuyqykfwccruyrftnshskkcc2upjphvka\"},\"SN-VLL-LZ-EXACS-NPR-CLIENT-KEY\":{\"id\":\"ocid1.subnet.oc19.eu-madrid-2.aaaaaaaakekfuzcbd43hvuufgzx6x5uybwjcst35azjilncmjgc254i22gpa\"},\"SN-VLL-LZ-EXACS-PRO-BACKUP-KEY\":{\"id\":\"ocid1.subnet.oc19.eu-madrid-2.aaaaaaaakmjkmcwkvu6a3aq4izcvnpsqlgcac7aivh55zn7p4bg22xvwdw4q\"},\"SN-VLL-LZ-EXACS-PRO-CLIENT-KEY\":{\"id\":\"ocid1.subnet.oc19.eu-madrid-2.aaaaaaaa25at3fn2vvtxylgqpchpy6lwgcerzodsg3sc53qctppm7fqaddzq\"},\"SN-VLL-LZ-HUB-DNS\":{\"id\":\"ocid1.subnet.oc19.eu-madrid-2.aaaaaaaana6o4ztydw3u3i7f4nv4xkmmjkscvdj6aiv5t6wnuxqlcfrjp3bq\"},\"SN-VLL-LZ-HUB-FW-KEY\":{\"id\":\"ocid1.subnet.oc19.eu-madrid-2.aaaaaaaayg3uwvlk4sppnxnqwcqgwcw4egv3b2uwdim36mjqg7gzfvfvzmda\"},\"SN-VLL-LZ-HUB-MGMT-KEY\":{\"id\":\"ocid1.subnet.oc19.eu-madrid-2.aaaaaaaavcjg6zczpbp4h2avcsawctp2su5x6nbzsfeqizy5edgy7b2chwxa\"},\"SN-VLL-LZ-HUB-MON-KEY\":{\"id\":\"ocid1.subnet.oc19.eu-madrid-2.aaaaaaaay4uhy4psi4rga5wpyz2ciq4ev4bw6ijmgjqqwj5at77l77xx6yhq\"}},\"vcns\":{\"VCN-VLL-LZ-EXACS-NPR-KEY\":{\"id\":\"ocid1.vcn.oc19.eu-madrid-2.amaaaaaapw27gbaatri7xmitendke5zbqpwk3dzghwa7apab56eya5rb2fza\"},\"VCN-VLL-LZ-EXACS-PRO-KEY\":{\"id\":\"ocid1.vcn.oc19.eu-madrid-2.amaaaaaapw27gbaa26l4e3e3jodcwszp52idisn7ntkehkfskz3zzbp7eliq\"},\"VCN-VLL-LZ-HUB-KEY\":{\"id\":\"ocid1.vcn.oc19.eu-madrid-2.amaaaaaapw27gbaahaampmaqpuconyvwmecndp6epapf6uv4p2okvyd2qe4q\"}}}}",
            "content_base64": null,
            "content_base64sha256": "NYQeUftdpD553scZlcDPKxUMv9PUMxLLHRzPem8hlAc=",
            "content_base64sha512": "tRrFFlrQsNGNXYBCC9Y5gIpImtgG+KrhbFJ7wyciTgbnbfKsbNek/m1sKuZRGljTPUlDSfdVL4ZRlizLUKqK/g==",
            "content_md5": "9b546ab323ac71f7e076804013cc758b",
            "content_sha1": "c50a1261b59440d5323fd62029cb93108b5ce9b4",
            "content_sha256": "35841e51fb5da43e79dec71995c0cf2b150cbfd3d43312cb1d1ccf7a6f219407",
            "content_sha512": "b51ac5165ad0b0d18d5d80420bd639808a489ad806f8aae16c527bc327224e06e76df2ac6cd7a4fe6d6c2ae6511a58d33d494349f7552f8651962ccb50aa8afe",
            "directory_permission": "0777",
            "file_permission": "0777",
            "filename": "./dependencies/network_output.json",
            "id": "c50a1261b59440d5323fd62029cb93108b5ce9b4",
            "sensitive_content": null,
            "source": null
          },
          "sensitive_attributes": [
            [
              {
                "type": "get_attr",
                "value": "sensitive_content"
              }
            ]
          ],
          "identity_schema_version": 0,
          "dependencies": [
            "module.oci_lz_orchestrator.data.oci_identity_regions.these",
            "module.oci_lz_orchestrator.data.oci_identity_tenancy.this",
            "module.oci_lz_orchestrator.module.oci_lz_compartments.oci_identity_compartment.level_2",
            "module.oci_lz_orchestrator.module.oci_lz_compartments.oci_identity_compartment.level_3",
            "module.oci_lz_orchestrator.module.oci_lz_compartments.oci_identity_compartment.level_4",
            "module.oci_lz_orchestrator.module.oci_lz_compartments.oci_identity_compartment.level_5",
            "module.oci_lz_orchestrator.module.oci_lz_compartments.oci_identity_compartment.level_6",
            "module.oci_lz_orchestrator.module.oci_lz_compartments.oci_identity_compartment.these",
            "module.oci_lz_orchestrator.module.oci_lz_compartments.oci_identity_tag_default.these",
            "module.oci_lz_orchestrator.module.oci_lz_network.data.oci_core_cpe_device_shapes.cpe_device_shapes",
            "module.oci_lz_orchestrator.module.oci_lz_network.data.oci_core_drg_attachments.fc_vc_drg_attachments",
            "module.oci_lz_orchestrator.module.oci_lz_network.data.oci_core_drg_attachments.ipsec_drg_attachments",
            "module.oci_lz_orchestrator.module.oci_lz_network.data.oci_core_drg_attachments.rpc_drg_attachments",
            "module.oci_lz_orchestrator.module.oci_lz_network.data.oci_core_fast_connect_provider_services.fast_connect_provider_services",
            "module.oci_lz_orchestrator.module.oci_lz_network.data.oci_core_ipsec_connection_tunnels.these",
            "module.oci_lz_orchestrator.module.oci_lz_network.data.oci_core_private_ips.these-nfws-private-ips",
            "module.oci_lz_orchestrator.module.oci_lz_network.data.oci_core_services.oci_services",
            "module.oci_lz_orchestrator.module.oci_lz_network.data.oci_core_vcn.existing_vcns",
            "module.oci_lz_orchestrator.module.oci_lz_network.data.oci_core_vcn_dns_resolver_association.dns_resolvers",
            "module.oci_lz_orchestrator.module.oci_lz_network.data.oci_identity_availability_domains.these",
            "module.oci_lz_orchestrator.module.oci_lz_network.data.oci_secrets_secretbundle.bundle",
            "module.oci_lz_orchestrator.module.oci_lz_network.data.oci_security_attribute_security_attribute_namespaces.these",
            "module.oci_lz_orchestrator.module.oci_lz_network.module.l7_load_balancers.oci_load_balancer_backend.these",
            "module.oci_lz_orchestrator.module.oci_lz_network.module.l7_load_balancers.oci_load_balancer_backend_set.these",
            "module.oci_lz_orchestrator.module.oci_lz_network.module.l7_load_balancers.oci_load_balancer_certificate.these",
            "module.oci_lz_orchestrator.module.oci_lz_network.module.l7_load_balancers.oci_load_balancer_hostname.these",
            "module.oci_lz_orchestrator.module.oci_lz_network.module.l7_load_balancers.oci_load_balancer_listener.these",
            "module.oci_lz_orchestrator.module.oci_lz_network.module.l7_load_balancers.oci_load_balancer_load_balancer.these",
            "module.oci_lz_orchestrator.module.oci_lz_network.module.l7_load_balancers.oci_load_balancer_load_balancer_routing_policy.these",
            "module.oci_lz_orchestrator.module.oci_lz_network.module.l7_load_balancers.oci_load_balancer_path_route_set.these",
            "module.oci_lz_orchestrator.module.oci_lz_network.module.l7_load_balancers.oci_load_balancer_rule_set.these",
            "module.oci_lz_orchestrator.module.oci_lz_network.module.l7_load_balancers.oci_load_balancer_ssl_cipher_suite.these",
            "module.oci_lz_orchestrator.module.oci_lz_network.oci_core_cpe.these",
            "module.oci_lz_orchestrator.module.oci_lz_network.oci_core_cross_connect.these",
            "module.oci_lz_orchestrator.module.oci_lz_network.oci_core_cross_connect_group.these",
            "module.oci_lz_orchestrator.module.oci_lz_network.oci_core_default_dhcp_options.these",
            "module.oci_lz_orchestrator.module.oci_lz_network.oci_core_default_route_table.drga_specific_default_route_tables",
            "module.oci_lz_orchestrator.module.oci_lz_network.oci_core_default_route_table.igw_natgw_specific_default_route_tables",
            "module.oci_lz_orchestrator.module.oci_lz_network.oci_core_default_route_table.lpg_specific_default_route_tables",
            "module.oci_lz_orchestrator.module.oci_lz_network.oci_core_default_route_table.non_gw_specific_remaining_default_route_tables",
            "module.oci_lz_orchestrator.module.oci_lz_network.oci_core_default_route_table.sgw_specific_default_route_tables",
            "module.oci_lz_orchestrator.module.oci_lz_network.oci_core_default_security_list.these",
            "module.oci_lz_orchestrator.module.oci_lz_network.oci_core_dhcp_options.these",
            "module.oci_lz_orchestrator.module.oci_lz_network.oci_core_drg.these",
            "module.oci_lz_orchestrator.module.oci_lz_network.oci_core_drg_attachment.these",
            "module.oci_lz_orchestrator.module.oci_lz_network.oci_core_drg_attachment_management.these",
            "module.oci_lz_orchestrator.module.oci_lz_network.oci_core_drg_route_distribution.these",
            "module.oci_lz_orchestrator.module.oci_lz_network.oci_core_drg_route_distribution_statement.these",
            "module.oci_lz_orchestrator.module.oci_lz_network.oci_core_drg_route_table.these",
            "module.oci_lz_orchestrator.module.oci_lz_network.oci_core_drg_route_table_route_rule.these",
            "module.oci_lz_orchestrator.module.oci_lz_network.oci_core_internet_gateway.these",
            "module.oci_lz_orchestrator.module.oci_lz_network.oci_core_ipsec.these",
            "module.oci_lz_orchestrator.module.oci_lz_network.oci_core_ipsec_connection_tunnel_management.these",
            "module.oci_lz_orchestrator.module.oci_lz_network.oci_core_local_peering_gateway.oci_acceptor_local_peering_gateways",
            "module.oci_lz_orchestrator.module.oci_lz_network.oci_core_local_peering_gateway.oci_requestor_local_peering_gateways",
            "module.oci_lz_orchestrator.module.oci_lz_network.oci_core_nat_gateway.these",
            "module.oci_lz_orchestrator.module.oci_lz_network.oci_core_network_security_group.these",
            "module.oci_lz_orchestrator.module.oci_lz_network.oci_core_network_security_group_security_rule.egress",
            "module.oci_lz_orchestrator.module.oci_lz_network.oci_core_network_security_group_security_rule.ingress",
            "module.oci_lz_orchestrator.module.oci_lz_network.oci_core_public_ip.these",
            "module.oci_lz_orchestrator.module.oci_lz_network.oci_core_public_ip_pool.these",
            "module.oci_lz_orchestrator.module.oci_lz_network.oci_core_remote_peering_connection.oci_acceptor_remote_peering_connections",
            "module.oci_lz_orchestrator.module.oci_lz_network.oci_core_remote_peering_connection.oci_requestor_remote_peering_connections",
            "module.oci_lz_orchestrator.module.oci_lz_network.oci_core_route_table.drga_specific_route_tables",
            "module.oci_lz_orchestrator.module.oci_lz_network.oci_core_route_table.igw_natgw_specific_route_tables",
            "module.oci_lz_orchestrator.module.oci_lz_network.oci_core_route_table.lpg_specific_route_tables",
            "module.oci_lz_orchestrator.module.oci_lz_network.oci_core_route_table.non_gw_specific_remaining_route_tables",
            "module.oci_lz_orchestrator.module.oci_lz_network.oci_core_route_table.sgw_specific_route_tables",
            "module.oci_lz_orchestrator.module.oci_lz_network.oci_core_route_table_attachment.these",
            "module.oci_lz_orchestrator.module.oci_lz_network.oci_core_security_list.these",
            "module.oci_lz_orchestrator.module.oci_lz_network.oci_core_service_gateway.these",
            "module.oci_lz_orchestrator.module.oci_lz_network.oci_core_subnet.these",
            "module.oci_lz_orchestrator.module.oci_lz_network.oci_core_vcn.these",
            "module.oci_lz_orchestrator.module.oci_lz_network.oci_core_virtual_circuit.these",
            "module.oci_lz_orchestrator.module.oci_lz_network.oci_dns_resolver.these",
            "module.oci_lz_orchestrator.module.oci_lz_network.oci_dns_resolver_endpoint.these",
            "module.oci_lz_orchestrator.module.oci_lz_network.oci_dns_rrset.these",
            "module.oci_lz_orchestrator.module.oci_lz_network.oci_dns_steering_policy.these",
            "module.oci_lz_orchestrator.module.oci_lz_network.oci_dns_steering_policy_attachment.these",
            "module.oci_lz_orchestrator.module.oci_lz_network.oci_dns_tsig_key.these",
            "module.oci_lz_orchestrator.module.oci_lz_network.oci_dns_view.these",
            "module.oci_lz_orchestrator.module.oci_lz_network.oci_dns_zone.these",
            "module.oci_lz_orchestrator.module.oci_lz_network.oci_network_firewall_network_firewall.these",
            "module.oci_lz_orchestrator.module.oci_lz_network.oci_network_firewall_network_firewall_policy.these",
            "module.oci_lz_orchestrator.module.oci_lz_network.oci_network_firewall_network_firewall_policy_address_list.these",
            "module.oci_lz_orchestrator.module.oci_lz_network.oci_network_firewall_network_firewall_policy_application.these",
            "module.oci_lz_orchestrator.module.oci_lz_network.oci_network_firewall_network_firewall_policy_application_group.these",
            "module.oci_lz_orchestrator.module.oci_lz_network.oci_network_firewall_network_firewall_policy_decryption_profile.these",
            "module.oci_lz_orchestrator.module.oci_lz_network.oci_network_firewall_network_firewall_policy_decryption_rule.these",
            "module.oci_lz_orchestrator.module.oci_lz_network.oci_network_firewall_network_firewall_policy_mapped_secret.these",
            "module.oci_lz_orchestrator.module.oci_lz_network.oci_network_firewall_network_firewall_policy_security_rule.these",
            "module.oci_lz_orchestrator.module.oci_lz_network.oci_network_firewall_network_firewall_policy_service.these",
            "module.oci_lz_orchestrator.module.oci_lz_network.oci_network_firewall_network_firewall_policy_service_list.these",
            "module.oci_lz_orchestrator.module.oci_lz_network.oci_network_firewall_network_firewall_policy_url_list.these",
            "module.oci_lz_orchestrator.module.oci_lz_network.oci_psa_private_service_access.these",
            "module.oci_lz_orchestrator.module.oci_lz_network.time_sleep.wait_for_dns_resolver",
            "module.oci_lz_orchestrator.module.oci_lz_tags.data.oci_identity_tag.default_created_by",
            "module.oci_lz_orchestrator.module.oci_lz_tags.data.oci_identity_tag.default_created_on",
            "module.oci_lz_orchestrator.module.oci_lz_tags.data.oci_identity_tag_namespaces.oracle_default",
            "module.oci_lz_orchestrator.module.oci_lz_tags.oci_identity_tag.these",
            "module.oci_lz_orchestrator.module.oci_lz_tags.oci_identity_tag_default.these",
            "module.oci_lz_orchestrator.module.oci_lz_tags.oci_identity_tag_namespace.these",
            "module.oci_lz_orchestrator.module.oci_lz_zpr.data.oci_identity_regions.these",
            "module.oci_lz_orchestrator.module.oci_lz_zpr.data.oci_security_attribute_security_attribute_namespaces.default_security_attribute_namespaces",
            "module.oci_lz_orchestrator.module.oci_lz_zpr.data.oci_security_attribute_security_attribute_namespaces.query_security_attribute_namespaces",
            "module.oci_lz_orchestrator.module.oci_lz_zpr.data.oci_zpr_configuration.this",
            "module.oci_lz_orchestrator.module.oci_lz_zpr.oci_security_attribute_security_attribute.these",
            "module.oci_lz_orchestrator.module.oci_lz_zpr.oci_security_attribute_security_attribute_namespace.these",
            "module.oci_lz_orchestrator.module.oci_lz_zpr.oci_zpr_configuration.this",
            "module.oci_lz_orchestrator.module.oci_lz_zpr.oci_zpr_zpr_policy.these",
            "module.oci_lz_orchestrator.module.oci_lz_zpr.time_sleep.wait_after_zpr_configuration"
          ]
        }
      ]
    },
    {
      "module": "module.oci_lz_orchestrator.module.oci_lz_network[0]",
      "mode": "data",
      "type": "oci_core_cpe_device_shapes",
      "name": "cpe_device_shapes",
      "provider": "module.oci_lz_orchestrator.provider[\"registry.terraform.io/oracle/oci\"]",
      "instances": [
        {
          "index_key": 0,
          "schema_version": 0,
          "attributes": {
            "cpe_device_shapes": [
              {
                "cpe_device_info": [
                  {
                    "platform_software_version": "FITELnet-F220/F221 Firmware 01.00(00)[0]00.00.0 [2019/07/05 15:00]",
                    "vendor": "Furukawa"
                  }
                ],
                "cpe_device_shape_id": "07e31f12-24ba-44b2-9dcc-801497261905",
                "template": ""
              },
              {
                "cpe_device_info": [
                  {
                    "platform_software_version": "IX Series 10.1.16",
                    "vendor": "NEC"
                  }
                ],
                "cpe_device_shape_id": "0c915c1e-c805-43ca-b555-76d229dfc6e6",
                "template": ""
              },
              {
                "cpe_device_info": [
                  {
                    "platform_software_version": "RTX RTX830 Firmware Rev.15.02.03",
                    "vendor": "Yamaha"
                  }
                ],
                "cpe_device_shape_id": "135a4bcc-42cc-424b-926f-ebe08fd61ba5",
                "template": ""
              },
              {
                "cpe_device_info": [
                  {
                    "platform_software_version": "IOS version 15.4M or later",
                    "vendor": "Cisco"
                  }
                ],
                "cpe_device_shape_id": "2e00008c-124f-4991-a2c6-131e543b612c",
                "template": ""
              },
              {
                "cpe_device_info": [
                  {
                    "platform_software_version": "PAN-OS 8.0.0",
                    "vendor": "Palo Alto"
                  }
                ],
                "cpe_device_shape_id": "326b2a10-fe1f-4944-9f91-f1f050f075d1",
                "template": ""
              },
              {
                "cpe_device_info": [
                  {
                    "platform_software_version": "3.18 or later",
                    "vendor": "Libreswan"
                  }
                ],
                "cpe_device_shape_id": "3bdfe4d5-9090-4c53-b165-05c1f5582507",
                "template": ""
              },
              {
                "cpe_device_info": [
                  {
                    "platform_software_version": "SRX Series - JunOS 11.0 or later",
                    "vendor": "Juniper"
                  }
                ],
                "cpe_device_shape_id": "88869e85-c7ae-4c6c-a74e-0c6d9eeac0a9",
                "template": ""
              },
              {
                "cpe_device_info": [
                  {
                    "platform_software_version": "MX Series - JunOS 15.1 or later",
                    "vendor": "Juniper"
                  }
                ],
                "cpe_device_shape_id": "8e39db8d-d515-4e3c-b94a-070368300a65",
                "template": ""
              },
              {
                "cpe_device_info": [
                  {
                    "platform_software_version": "ASA Route-Based VPN 9.7.1 or later",
                    "vendor": "Cisco"
                  }
                ],
                "cpe_device_shape_id": "94229f13-e787-46e7-a9d8-53916b5ec5f7",
                "template": ""
              },
              {
                "cpe_device_info": [
                  {
                    "platform_software_version": "N.A",
                    "vendor": "Other"
                  }
                ],
                "cpe_device_shape_id": "b294cebb-91cd-40d5-9161-a0dddaafdbb9",
                "template": ""
              },
              {
                "cpe_device_info": [
                  {
                    "platform_software_version": "FortiGate 6.0.4 or later",
                    "vendor": "Fortinet"
                  }
                ],
                "cpe_device_shape_id": "c894a103-7463-4985-95ea-6c1d14b7e0d0",
                "template": ""
              },
              {
                "cpe_device_info": [
                  {
                    "platform_software_version": "R80.20",
                    "vendor": "Check Point"
                  }
                ],
                "cpe_device_shape_id": "d4684ab8-b7b0-4fcd-b26c-af47f7b7976a",
                "template": ""
              },
              {
                "cpe_device_info": [
                  {
                    "platform_software_version": "RTX RTX1210 Firmware Rev.14.01.28",
                    "vendor": "Yamaha"
                  }
                ],
                "cpe_device_shape_id": "d8b06919-3c38-43c7-a1f5-6368a444039e",
                "template": ""
              },
              {
                "cpe_device_info": [
                  {
                    "platform_software_version": "ASA Policy-Based VPN 8.5+ (single tunnel, static)",
                    "vendor": "Cisco"
                  }
                ],
                "cpe_device_shape_id": "f09b77c8-859c-4ec0-94fd-2ab372cf8b84",
                "template": ""
              },
              {
                "cpe_device_info": [
                  {
                    "platform_software_version": "Firebox with Fireware v12",
                    "vendor": "WatchGuard"
                  }
                ],
                "cpe_device_shape_id": "f915b932-238e-4abd-a396-9d30b00c9099",
                "template": ""
              }
            ],
            "filter": null,
            "id": "CoreCpeDeviceShapesDataSource-0"
          },
          "sensitive_attributes": [],
          "identity_schema_version": 0
        }
      ]
    },
    {
      "module": "module.oci_lz_orchestrator.module.oci_lz_network[0]",
      "mode": "data",
      "type": "oci_core_fast_connect_provider_services",
      "name": "fast_connect_provider_services",
      "provider": "module.oci_lz_orchestrator.provider[\"registry.terraform.io/oracle/oci\"]",
      "instances": [
        {
          "index_key": "FCVC-VLL-LZ-HUB-001-KEY",
          "schema_version": 0,
          "attributes": {
            "compartment_id": "ocid1.compartment.oc19..aaaaaaaa5gtrrkqmob4ummcgl52exbo4d4vf55uvlzdku5j4fammf3b2pmlq",
            "fast_connect_provider_services": [
              {
                "bandwith_shape_management": "CUSTOMER_MANAGED",
                "customer_asn_management": "CUSTOMER_MANAGED",
                "description": "Service",
                "id": "ocid1.providerservice.oc19.eu-madrid-2.aaaaaaaa3ddals6uqjfjflke5fgeyrq2vurmjfzko37clcjmp3ob7uwwkwuq",
                "private_peering_bgp_management": "CUSTOMER_MANAGED",
                "provider_name": "Telefonica",
                "provider_service_key_management": "PROVIDER_MANAGED",
                "provider_service_name": "Global Solutions",
                "public_peering_bgp_management": "ORACLE_MANAGED",
                "required_total_cross_connects": 1,
                "supported_virtual_circuit_types": [
                  "PRIVATE",
                  "PUBLIC"
                ],
                "type": "LAYER2"
              },
              {
                "bandwith_shape_management": "CUSTOMER_MANAGED",
                "customer_asn_management": "CUSTOMER_MANAGED",
                "description": "https://www.de-cix.net/en/de-cix-service-world/directcloud/find-a-cloud-service",
                "id": "ocid1.providerservice.oc19.eu-madrid-2.aaaaaaaa46tq4dswho7hanrxgvdy5eqpeijwslusyvsvlbfaqy5o3xvdfnqq",
                "private_peering_bgp_management": "CUSTOMER_MANAGED",
                "provider_name": "DE-CIX",
                "provider_service_key_management": "PROVIDER_MANAGED",
                "provider_service_name": "Direct Cloud L2",
                "public_peering_bgp_management": "ORACLE_MANAGED",
                "required_total_cross_connects": 1,
                "supported_virtual_circuit_types": [
                  "PRIVATE",
                  "PUBLIC"
                ],
                "type": "LAYER2"
              },
              {
                "bandwith_shape_management": "CUSTOMER_MANAGED",
                "customer_asn_management": "CUSTOMER_MANAGED",
                "description": "https://servicefabric.digitalrealty.com/",
                "id": "ocid1.providerservice.oc19.eu-madrid-2.aaaaaaaa4wnjw6jso7wkfciim5mgsrpgxekxxkxsfptpyydixznmkpfzppgq",
                "private_peering_bgp_management": "CUSTOMER_MANAGED",
                "provider_name": "Digital Realty",
                "provider_service_key_management": "PROVIDER_MANAGED",
                "provider_service_name": "Service Fabric",
                "public_peering_bgp_management": "ORACLE_MANAGED",
                "required_total_cross_connects": 1,
                "supported_virtual_circuit_types": [
                  "PRIVATE",
                  "PUBLIC"
                ],
                "type": "LAYER2"
              },
              {
                "bandwith_shape_management": "CUSTOMER_MANAGED",
                "customer_asn_management": "PROVIDER_MANAGED",
                "description": " ",
                "id": "ocid1.providerservice.oc19.eu-madrid-2.aaaaaaaad2hhkigbjoddeqt2demdxt2fcqdjcdtqouskcy2izpzfeh4exvnq",
                "private_peering_bgp_management": "PROVIDER_MANAGED",
                "provider_name": "intercloud",
                "provider_service_key_management": "PROVIDER_MANAGED",
                "provider_service_name": "Intercloud_L3",
                "public_peering_bgp_management": "ORACLE_MANAGED",
                "required_total_cross_connects": 1,
                "supported_virtual_circuit_types": [
                  "PRIVATE",
                  "PUBLIC"
                ],
                "type": "LAYER3"
              },
              {
                "bandwith_shape_management": "CUSTOMER_MANAGED",
                "customer_asn_management": "CUSTOMER_MANAGED",
                "description": "www.arelion.com/portal/",
                "id": "ocid1.providerservice.oc19.eu-madrid-2.aaaaaaaauxkbgo4vvc3nibovt4kok3vcpesvkppmkz6ql5brzsxdn6vp5u5a",
                "private_peering_bgp_management": "CUSTOMER_MANAGED",
                "provider_name": "Arelion",
                "provider_service_key_management": "PROVIDER_MANAGED",
                "provider_service_name": "Cloud Connect",
                "public_peering_bgp_management": "ORACLE_MANAGED",
                "required_total_cross_connects": 1,
                "supported_virtual_circuit_types": [
                  "PRIVATE",
                  "PUBLIC"
                ],
                "type": "LAYER2"
              }
            ],
            "filter": null,
            "id": "CoreFastConnectProviderServicesDataSource-3142344064"
          },
          "sensitive_attributes": [],
          "identity_schema_version": 0
        },
        {
          "index_key": "FCVC-VLL-LZ-HUB-002-KEY",
          "schema_version": 0,
          "attributes": {
            "compartment_id": "ocid1.compartment.oc19..aaaaaaaa5gtrrkqmob4ummcgl52exbo4d4vf55uvlzdku5j4fammf3b2pmlq",
            "fast_connect_provider_services": [
              {
                "bandwith_shape_management": "CUSTOMER_MANAGED",
                "customer_asn_management": "CUSTOMER_MANAGED",
                "description": "Service",
                "id": "ocid1.providerservice.oc19.eu-madrid-2.aaaaaaaa3ddals6uqjfjflke5fgeyrq2vurmjfzko37clcjmp3ob7uwwkwuq",
                "private_peering_bgp_management": "CUSTOMER_MANAGED",
                "provider_name": "Telefonica",
                "provider_service_key_management": "PROVIDER_MANAGED",
                "provider_service_name": "Global Solutions",
                "public_peering_bgp_management": "ORACLE_MANAGED",
                "required_total_cross_connects": 1,
                "supported_virtual_circuit_types": [
                  "PRIVATE",
                  "PUBLIC"
                ],
                "type": "LAYER2"
              },
              {
                "bandwith_shape_management": "CUSTOMER_MANAGED",
                "customer_asn_management": "CUSTOMER_MANAGED",
                "description": "https://www.de-cix.net/en/de-cix-service-world/directcloud/find-a-cloud-service",
                "id": "ocid1.providerservice.oc19.eu-madrid-2.aaaaaaaa46tq4dswho7hanrxgvdy5eqpeijwslusyvsvlbfaqy5o3xvdfnqq",
                "private_peering_bgp_management": "CUSTOMER_MANAGED",
                "provider_name": "DE-CIX",
                "provider_service_key_management": "PROVIDER_MANAGED",
                "provider_service_name": "Direct Cloud L2",
                "public_peering_bgp_management": "ORACLE_MANAGED",
                "required_total_cross_connects": 1,
                "supported_virtual_circuit_types": [
                  "PRIVATE",
                  "PUBLIC"
                ],
                "type": "LAYER2"
              },
              {
                "bandwith_shape_management": "CUSTOMER_MANAGED",
                "customer_asn_management": "CUSTOMER_MANAGED",
                "description": "https://servicefabric.digitalrealty.com/",
                "id": "ocid1.providerservice.oc19.eu-madrid-2.aaaaaaaa4wnjw6jso7wkfciim5mgsrpgxekxxkxsfptpyydixznmkpfzppgq",
                "private_peering_bgp_management": "CUSTOMER_MANAGED",
                "provider_name": "Digital Realty",
                "provider_service_key_management": "PROVIDER_MANAGED",
                "provider_service_name": "Service Fabric",
                "public_peering_bgp_management": "ORACLE_MANAGED",
                "required_total_cross_connects": 1,
                "supported_virtual_circuit_types": [
                  "PRIVATE",
                  "PUBLIC"
                ],
                "type": "LAYER2"
              },
              {
                "bandwith_shape_management": "CUSTOMER_MANAGED",
                "customer_asn_management": "PROVIDER_MANAGED",
                "description": " ",
                "id": "ocid1.providerservice.oc19.eu-madrid-2.aaaaaaaad2hhkigbjoddeqt2demdxt2fcqdjcdtqouskcy2izpzfeh4exvnq",
                "private_peering_bgp_management": "PROVIDER_MANAGED",
                "provider_name": "intercloud",
                "provider_service_key_management": "PROVIDER_MANAGED",
                "provider_service_name": "Intercloud_L3",
                "public_peering_bgp_management": "ORACLE_MANAGED",
                "required_total_cross_connects": 1,
                "supported_virtual_circuit_types": [
                  "PRIVATE",
                  "PUBLIC"
                ],
                "type": "LAYER3"
              },
              {
                "bandwith_shape_management": "CUSTOMER_MANAGED",
                "customer_asn_management": "CUSTOMER_MANAGED",
                "description": "www.arelion.com/portal/",
                "id": "ocid1.providerservice.oc19.eu-madrid-2.aaaaaaaauxkbgo4vvc3nibovt4kok3vcpesvkppmkz6ql5brzsxdn6vp5u5a",
                "private_peering_bgp_management": "CUSTOMER_MANAGED",
                "provider_name": "Arelion",
                "provider_service_key_management": "PROVIDER_MANAGED",
                "provider_service_name": "Cloud Connect",
                "public_peering_bgp_management": "ORACLE_MANAGED",
                "required_total_cross_connects": 1,
                "supported_virtual_circuit_types": [
                  "PRIVATE",
                  "PUBLIC"
                ],
                "type": "LAYER2"
              }
            ],
            "filter": null,
            "id": "CoreFastConnectProviderServicesDataSource-3142344064"
          },
          "sensitive_attributes": [],
          "identity_schema_version": 0
        }
      ]
    },
    {
      "module": "module.oci_lz_orchestrator.module.oci_lz_network[0]",
      "mode": "data",
      "type": "oci_core_services",
      "name": "oci_services",
      "provider": "module.oci_lz_orchestrator.provider[\"registry.terraform.io/oracle/oci\"]",
      "instances": [
        {
          "index_key": 0,
          "schema_version": 0,
          "attributes": {
            "filter": null,
            "id": "CoreServicesDataSource-0",
            "services": [
              {
                "cidr_block": "all-vll-services-in-oracle-services-network",
                "description": "All VLL Services In Oracle Services Network",
                "id": "ocid1.service.oc19.eu-madrid-2.aaaaaaaaalasrvugb3zwk4lghxvnjnbgdmgywqhhywrnkx47yjkbt4vlfhxq",
                "name": "All VLL Services In Oracle Services Network"
              },
              {
                "cidr_block": "oci-vll-objectstorage",
                "description": "OCI VLL Object Storage",
                "id": "ocid1.service.oc19.eu-madrid-2.aaaaaaaatykfic3r7kf3cvc4rjyf7xnd3gi77u6uasajrp2lzasn24hrugcq",
                "name": "OCI VLL Object Storage"
              }
            ]
          },
          "sensitive_attributes": [],
          "identity_schema_version": 0
        }
      ]
    },
    {
      "module": "module.oci_lz_orchestrator.module.oci_lz_network[0]",
      "mode": "data",
      "type": "oci_core_vcn_dns_resolver_association",
      "name": "dns_resolvers",
      "provider": "module.oci_lz_orchestrator.provider[\"registry.terraform.io/oracle/oci\"]",
      "instances": [
        {
          "index_key": "VCN-VLL-LZ-EXACS-NPR-KEY",
          "schema_version": 0,
          "attributes": {
            "dns_resolver_id": "ocid1.dnsresolver.oc19.eu-madrid-2.amaaaaaapw27gbaapospy4rld4krvaschf7wrrn623j3g6yhfqu5q25c7c7q",
            "id": "CoreVcnDnsResolverAssociationDataSource-680422038",
            "state": "AVAILABLE",
            "vcn_id": "ocid1.vcn.oc19.eu-madrid-2.amaaaaaapw27gbaatri7xmitendke5zbqpwk3dzghwa7apab56eya5rb2fza"
          },
          "sensitive_attributes": [],
          "identity_schema_version": 0
        },
        {
          "index_key": "VCN-VLL-LZ-EXACS-PRO-KEY",
          "schema_version": 0,
          "attributes": {
            "dns_resolver_id": "ocid1.dnsresolver.oc19.eu-madrid-2.amaaaaaapw27gbaacumb5dk4whp2scpx362nknhsel3aqkkhq6lxt5wlcn6a",
            "id": "CoreVcnDnsResolverAssociationDataSource-1705156658",
            "state": "AVAILABLE",
            "vcn_id": "ocid1.vcn.oc19.eu-madrid-2.amaaaaaapw27gbaa26l4e3e3jodcwszp52idisn7ntkehkfskz3zzbp7eliq"
          },
          "sensitive_attributes": [],
          "identity_schema_version": 0
        },
        {
          "index_key": "VCN-VLL-LZ-HUB-KEY",
          "schema_version": 0,
          "attributes": {
            "dns_resolver_id": "ocid1.dnsresolver.oc19.eu-madrid-2.amaaaaaapw27gbaa3koiis46ieog5j7n53qacs6t5sjtlsonoh6v3dvea3za",
            "id": "CoreVcnDnsResolverAssociationDataSource-724000676",
            "state": "AVAILABLE",
            "vcn_id": "ocid1.vcn.oc19.eu-madrid-2.amaaaaaapw27gbaahaampmaqpuconyvwmecndp6epapf6uv4p2okvyd2qe4q"
          },
          "sensitive_attributes": [],
          "identity_schema_version": 0
        }
      ]
    },
    {
      "module": "module.oci_lz_orchestrator.module.oci_lz_network[0]",
      "mode": "managed",
      "type": "oci_core_default_security_list",
      "name": "these",
      "provider": "module.oci_lz_orchestrator.provider[\"registry.terraform.io/oracle/oci\"]",
      "instances": [
        {
          "index_key": "CUSTOM-DEFAULT-SEC-LIST-VCN-VLL-LZ-EXACS-NPR-KEY",
          "schema_version": 0,
          "attributes": {
            "compartment_id": "ocid1.compartment.oc19..aaaaaaaa5gtrrkqmob4ummcgl52exbo4d4vf55uvlzdku5j4fammf3b2pmlq",
            "defined_tags": {
              "Oracle-Tags.CreatedBy": "default/jorge.e.torlaschi@accenture.com",
              "Oracle-Tags.CreatedOn": "2026-03-10T14:42:39.229Z"
            },
            "display_name": "Default Security List for o-d-om2-vcn-exacsnpr-001",
            "egress_security_rules": [],
            "freeform_tags": {
              "ocilz-terraform-module": "networking/0.8.2\r\n"
            },
            "id": "ocid1.securitylist.oc19.eu-madrid-2.aaaaaaaa4jrnotramft6warg26vgbevq65zihdr5lw55dyhuqouuniphifqa",
            "ingress_security_rules": [],
            "manage_default_resource_id": "ocid1.securitylist.oc19.eu-madrid-2.aaaaaaaa4jrnotramft6warg26vgbevq65zihdr5lw55dyhuqouuniphifqa",
            "state": "AVAILABLE",
            "time_created": "2026-03-10 14:42:39.275 +0000 UTC",
            "timeouts": null
          },
          "sensitive_attributes": [],
          "identity_schema_version": 0,
          "private": "eyJlMmJmYjczMC1lY2FhLTExZTYtOGY4OC0zNDM2M2JjN2M0YzAiOnsiY3JlYXRlIjoxMjAwMDAwMDAwMDAwLCJkZWxldGUiOjEyMDAwMDAwMDAwMDAsInVwZGF0ZSI6MTIwMDAwMDAwMDAwMH19",
          "dependencies": [
            "module.oci_lz_orchestrator.data.oci_identity_regions.these",
            "module.oci_lz_orchestrator.data.oci_identity_tenancy.this",
            "module.oci_lz_orchestrator.module.oci_lz_compartments.oci_identity_compartment.level_2",
            "module.oci_lz_orchestrator.module.oci_lz_compartments.oci_identity_compartment.level_3",
            "module.oci_lz_orchestrator.module.oci_lz_compartments.oci_identity_compartment.level_4",
            "module.oci_lz_orchestrator.module.oci_lz_compartments.oci_identity_compartment.level_5",
            "module.oci_lz_orchestrator.module.oci_lz_compartments.oci_identity_compartment.level_6",
            "module.oci_lz_orchestrator.module.oci_lz_compartments.oci_identity_compartment.these",
            "module.oci_lz_orchestrator.module.oci_lz_compartments.oci_identity_tag_default.these",
            "module.oci_lz_orchestrator.module.oci_lz_network.data.oci_core_vcn.existing_vcns",
            "module.oci_lz_orchestrator.module.oci_lz_network.oci_core_vcn.these",
            "module.oci_lz_orchestrator.module.oci_lz_tags.data.oci_identity_tag.default_created_by",
            "module.oci_lz_orchestrator.module.oci_lz_tags.data.oci_identity_tag.default_created_on",
            "module.oci_lz_orchestrator.module.oci_lz_tags.data.oci_identity_tag_namespaces.oracle_default",
            "module.oci_lz_orchestrator.module.oci_lz_tags.oci_identity_tag.these",
            "module.oci_lz_orchestrator.module.oci_lz_tags.oci_identity_tag_default.these",
            "module.oci_lz_orchestrator.module.oci_lz_tags.oci_identity_tag_namespace.these",
            "module.oci_lz_orchestrator.module.oci_lz_zpr.data.oci_identity_regions.these",
            "module.oci_lz_orchestrator.module.oci_lz_zpr.data.oci_security_attribute_security_attribute_namespaces.default_security_attribute_namespaces",
            "module.oci_lz_orchestrator.module.oci_lz_zpr.data.oci_security_attribute_security_attribute_namespaces.query_security_attribute_namespaces",
            "module.oci_lz_orchestrator.module.oci_lz_zpr.data.oci_zpr_configuration.this",
            "module.oci_lz_orchestrator.module.oci_lz_zpr.oci_security_attribute_security_attribute.these",
            "module.oci_lz_orchestrator.module.oci_lz_zpr.oci_security_attribute_security_attribute_namespace.these",
            "module.oci_lz_orchestrator.module.oci_lz_zpr.oci_zpr_configuration.this",
            "module.oci_lz_orchestrator.module.oci_lz_zpr.oci_zpr_zpr_policy.these",
            "module.oci_lz_orchestrator.module.oci_lz_zpr.time_sleep.wait_after_zpr_configuration"
          ]
        },
        {
          "index_key": "CUSTOM-DEFAULT-SEC-LIST-VCN-VLL-LZ-EXACS-PRO-KEY",
          "schema_version": 0,
          "attributes": {
            "compartment_id": "ocid1.compartment.oc19..aaaaaaaa5gtrrkqmob4ummcgl52exbo4d4vf55uvlzdku5j4fammf3b2pmlq",
            "defined_tags": {
              "Oracle-Tags.CreatedBy": "default/jorge.e.torlaschi@accenture.com",
              "Oracle-Tags.CreatedOn": "2026-03-10T14:42:39.230Z"
            },
            "display_name": "Default Security List for o-p-om2-vcn-exacspro-001",
            "egress_security_rules": [],
            "freeform_tags": {
              "ocilz-terraform-module": "networking/0.8.2\r\n"
            },
            "id": "ocid1.securitylist.oc19.eu-madrid-2.aaaaaaaam7bfpsyqjshbavhxef26hprqbywe6gbkbdpujtylf3mut5v6jtza",
            "ingress_security_rules": [],
            "manage_default_resource_id": "ocid1.securitylist.oc19.eu-madrid-2.aaaaaaaam7bfpsyqjshbavhxef26hprqbywe6gbkbdpujtylf3mut5v6jtza",
            "state": "AVAILABLE",
            "time_created": "2026-03-10 14:42:39.266 +0000 UTC",
            "timeouts": null
          },
          "sensitive_attributes": [],
          "identity_schema_version": 0,
          "private": "eyJlMmJmYjczMC1lY2FhLTExZTYtOGY4OC0zNDM2M2JjN2M0YzAiOnsiY3JlYXRlIjoxMjAwMDAwMDAwMDAwLCJkZWxldGUiOjEyMDAwMDAwMDAwMDAsInVwZGF0ZSI6MTIwMDAwMDAwMDAwMH19",
          "dependencies": [
            "module.oci_lz_orchestrator.data.oci_identity_regions.these",
            "module.oci_lz_orchestrator.data.oci_identity_tenancy.this",
            "module.oci_lz_orchestrator.module.oci_lz_compartments.oci_identity_compartment.level_2",
            "module.oci_lz_orchestrator.module.oci_lz_compartments.oci_identity_compartment.level_3",
            "module.oci_lz_orchestrator.module.oci_lz_compartments.oci_identity_compartment.level_4",
            "module.oci_lz_orchestrator.module.oci_lz_compartments.oci_identity_compartment.level_5",
            "module.oci_lz_orchestrator.module.oci_lz_compartments.oci_identity_compartment.level_6",
            "module.oci_lz_orchestrator.module.oci_lz_compartments.oci_identity_compartment.these",
            "module.oci_lz_orchestrator.module.oci_lz_compartments.oci_identity_tag_default.these",
            "module.oci_lz_orchestrator.module.oci_lz_network.data.oci_core_vcn.existing_vcns",
            "module.oci_lz_orchestrator.module.oci_lz_network.oci_core_vcn.these",
            "module.oci_lz_orchestrator.module.oci_lz_tags.data.oci_identity_tag.default_created_by",
            "module.oci_lz_orchestrator.module.oci_lz_tags.data.oci_identity_tag.default_created_on",
            "module.oci_lz_orchestrator.module.oci_lz_tags.data.oci_identity_tag_namespaces.oracle_default",
            "module.oci_lz_orchestrator.module.oci_lz_tags.oci_identity_tag.these",
            "module.oci_lz_orchestrator.module.oci_lz_tags.oci_identity_tag_default.these",
            "module.oci_lz_orchestrator.module.oci_lz_tags.oci_identity_tag_namespace.these",
            "module.oci_lz_orchestrator.module.oci_lz_zpr.data.oci_identity_regions.these",
            "module.oci_lz_orchestrator.module.oci_lz_zpr.data.oci_security_attribute_security_attribute_namespaces.default_security_attribute_namespaces",
            "module.oci_lz_orchestrator.module.oci_lz_zpr.data.oci_security_attribute_security_attribute_namespaces.query_security_attribute_namespaces",
            "module.oci_lz_orchestrator.module.oci_lz_zpr.data.oci_zpr_configuration.this",
            "module.oci_lz_orchestrator.module.oci_lz_zpr.oci_security_attribute_security_attribute.these",
            "module.oci_lz_orchestrator.module.oci_lz_zpr.oci_security_attribute_security_attribute_namespace.these",
            "module.oci_lz_orchestrator.module.oci_lz_zpr.oci_zpr_configuration.this",
            "module.oci_lz_orchestrator.module.oci_lz_zpr.oci_zpr_zpr_policy.these",
            "module.oci_lz_orchestrator.module.oci_lz_zpr.time_sleep.wait_after_zpr_configuration"
          ]
        },
        {
          "index_key": "CUSTOM-DEFAULT-SEC-LIST-VCN-VLL-LZ-HUB-KEY",
          "schema_version": 0,
          "attributes": {
            "compartment_id": "ocid1.compartment.oc19..aaaaaaaa5gtrrkqmob4ummcgl52exbo4d4vf55uvlzdku5j4fammf3b2pmlq",
            "defined_tags": {
              "Oracle-Tags.CreatedBy": "default/jorge.e.torlaschi@accenture.com",
              "Oracle-Tags.CreatedOn": "2026-03-10T14:42:39.230Z"
            },
            "display_name": "Default Security List for o-p-om2-vcn-hub-001",
            "egress_security_rules": [],
            "freeform_tags": {
              "ocilz-terraform-module": "networking/0.8.2\r\n"
            },
            "id": "ocid1.securitylist.oc19.eu-madrid-2.aaaaaaaat22ufnlfb5ss4hzw6j5cl7s34itv7uzvgiidxorwkoqlzzde6zcq",
            "ingress_security_rules": [],
            "manage_default_resource_id": "ocid1.securitylist.oc19.eu-madrid-2.aaaaaaaat22ufnlfb5ss4hzw6j5cl7s34itv7uzvgiidxorwkoqlzzde6zcq",
            "state": "AVAILABLE",
            "time_created": "2026-03-10 14:42:39.275 +0000 UTC",
            "timeouts": null
          },
          "sensitive_attributes": [],
          "identity_schema_version": 0,
          "private": "eyJlMmJmYjczMC1lY2FhLTExZTYtOGY4OC0zNDM2M2JjN2M0YzAiOnsiY3JlYXRlIjoxMjAwMDAwMDAwMDAwLCJkZWxldGUiOjEyMDAwMDAwMDAwMDAsInVwZGF0ZSI6MTIwMDAwMDAwMDAwMH19",
          "dependencies": [
            "module.oci_lz_orchestrator.data.oci_identity_regions.these",
            "module.oci_lz_orchestrator.data.oci_identity_tenancy.this",
            "module.oci_lz_orchestrator.module.oci_lz_compartments.oci_identity_compartment.level_2",
            "module.oci_lz_orchestrator.module.oci_lz_compartments.oci_identity_compartment.level_3",
            "module.oci_lz_orchestrator.module.oci_lz_compartments.oci_identity_compartment.level_4",
            "module.oci_lz_orchestrator.module.oci_lz_compartments.oci_identity_compartment.level_5",
            "module.oci_lz_orchestrator.module.oci_lz_compartments.oci_identity_compartment.level_6",
            "module.oci_lz_orchestrator.module.oci_lz_compartments.oci_identity_compartment.these",
            "module.oci_lz_orchestrator.module.oci_lz_compartments.oci_identity_tag_default.these",
            "module.oci_lz_orchestrator.module.oci_lz_network.data.oci_core_vcn.existing_vcns",
            "module.oci_lz_orchestrator.module.oci_lz_network.oci_core_vcn.these",
            "module.oci_lz_orchestrator.module.oci_lz_tags.data.oci_identity_tag.default_created_by",
            "module.oci_lz_orchestrator.module.oci_lz_tags.data.oci_identity_tag.default_created_on",
            "module.oci_lz_orchestrator.module.oci_lz_tags.data.oci_identity_tag_namespaces.oracle_default",
            "module.oci_lz_orchestrator.module.oci_lz_tags.oci_identity_tag.these",
            "module.oci_lz_orchestrator.module.oci_lz_tags.oci_identity_tag_default.these",
            "module.oci_lz_orchestrator.module.oci_lz_tags.oci_identity_tag_namespace.these",
            "module.oci_lz_orchestrator.module.oci_lz_zpr.data.oci_identity_regions.these",
            "module.oci_lz_orchestrator.module.oci_lz_zpr.data.oci_security_attribute_security_attribute_namespaces.default_security_attribute_namespaces",
            "module.oci_lz_orchestrator.module.oci_lz_zpr.data.oci_security_attribute_security_attribute_namespaces.query_security_attribute_namespaces",
            "module.oci_lz_orchestrator.module.oci_lz_zpr.data.oci_zpr_configuration.this",
            "module.oci_lz_orchestrator.module.oci_lz_zpr.oci_security_attribute_security_attribute.these",
            "module.oci_lz_orchestrator.module.oci_lz_zpr.oci_security_attribute_security_attribute_namespace.these",
            "module.oci_lz_orchestrator.module.oci_lz_zpr.oci_zpr_configuration.this",
            "module.oci_lz_orchestrator.module.oci_lz_zpr.oci_zpr_zpr_policy.these",
            "module.oci_lz_orchestrator.module.oci_lz_zpr.time_sleep.wait_after_zpr_configuration"
          ]
        }
      ]
    },
    {
      "module": "module.oci_lz_orchestrator.module.oci_lz_network[0]",
      "mode": "managed",
      "type": "oci_core_drg",
      "name": "these",
      "provider": "module.oci_lz_orchestrator.provider[\"registry.terraform.io/oracle/oci\"]",
      "instances": [
        {
          "index_key": "DRG-VLL-LZ-HUB-KEY",
          "schema_version": 0,
          "attributes": {
            "compartment_id": "ocid1.compartment.oc19..aaaaaaaa5gtrrkqmob4ummcgl52exbo4d4vf55uvlzdku5j4fammf3b2pmlq",
            "default_drg_route_tables": [
              {
                "ipsec_tunnel": "ocid1.drgroutetable.oc19.eu-madrid-2.aaaaaaaamzattzpud3u4kdwz3u3dvpuhck3bwqv2bmhwhbnwtvml7gikm7mq",
                "remote_peering_connection": "ocid1.drgroutetable.oc19.eu-madrid-2.aaaaaaaamzattzpud3u4kdwz3u3dvpuhck3bwqv2bmhwhbnwtvml7gikm7mq",
                "vcn": "ocid1.drgroutetable.oc19.eu-madrid-2.aaaaaaaamxcbl4euaomsloyjrfnxbboyqpxyxfvxlbyxsydfusihejrvl62a",
                "virtual_circuit": "ocid1.drgroutetable.oc19.eu-madrid-2.aaaaaaaamzattzpud3u4kdwz3u3dvpuhck3bwqv2bmhwhbnwtvml7gikm7mq"
              }
            ],
            "default_export_drg_route_distribution_id": "ocid1.drgroutedistribution.oc19.eu-madrid-2.aaaaaaaahw3pca72u5tulwuemifjviinskpw5z37z6nf5gykygz2zyfxoplq",
            "defined_tags": {
              "Oracle-Tags.CreatedBy": "default/jorge.e.torlaschi@accenture.com",
              "Oracle-Tags.CreatedOn": "2026-03-10T14:42:39.268Z",
              "o-p-om2-tagns-ens-001.ens-authenticity": "__FILL__",
              "o-p-om2-tagns-ens-001.ens-availability": "__FILL__",
              "o-p-om2-tagns-ens-001.ens-confidentiality": "__FILL__",
              "o-p-om2-tagns-ens-001.ens-integrity": "__FILL__",
              "o-p-om2-tagns-ens-001.ens-traceability": "__FILL__",
              "o-p-om2-tagns-gov-001.application-code": "__FILL__",
              "o-p-om2-tagns-gov-001.application-name": "__FILL__",
              "o-p-om2-tagns-gov-001.business-criticality": "__FILL__",
              "o-p-om2-tagns-gov-001.cost-center": "__FILL__",
              "o-p-om2-tagns-gov-001.department": "__FILL__",
              "o-p-om2-tagns-gov-001.environment": "pro",
              "o-p-om2-tagns-gov-001.iac": "terraform",
              "o-p-om2-tagns-gov-001.name": "o-p-om2-drg-hub-001",
              "o-p-om2-tagns-gov-001.operational-owner": "__FILL__",
              "o-p-om2-tagns-gov-001.technical-owner": "__FILL__"
            },
            "display_name": "o-p-om2-drg-hub-001",
            "freeform_tags": {
              "ocilz-terraform-module": "networking/0.8.2\n"
            },
            "id": "ocid1.drg.oc19.eu-madrid-2.aaaaaaaa7mto5domu4v7gk3bxq2rnlnslpdc2mnxlue7gatndpienpgmq5wa",
            "redundancy_status": "NOT_REDUNDANT_NO_CONNECTION",
            "state": "AVAILABLE",
            "time_created": "2026-03-10 14:42:39.285 +0000 UTC",
            "timeouts": null
          },
          "sensitive_attributes": [],
          "identity_schema_version": 0,
          "private": "eyJlMmJmYjczMC1lY2FhLTExZTYtOGY4OC0zNDM2M2JjN2M0YzAiOnsiY3JlYXRlIjoxMjAwMDAwMDAwMDAwLCJkZWxldGUiOjEyMDAwMDAwMDAwMDAsInVwZGF0ZSI6MTIwMDAwMDAwMDAwMH19",
          "dependencies": [
            "module.oci_lz_orchestrator.data.oci_identity_regions.these",
            "module.oci_lz_orchestrator.data.oci_identity_tenancy.this",
            "module.oci_lz_orchestrator.module.oci_lz_compartments.oci_identity_compartment.level_2",
            "module.oci_lz_orchestrator.module.oci_lz_compartments.oci_identity_compartment.level_3",
            "module.oci_lz_orchestrator.module.oci_lz_compartments.oci_identity_compartment.level_4",
            "module.oci_lz_orchestrator.module.oci_lz_compartments.oci_identity_compartment.level_5",
            "module.oci_lz_orchestrator.module.oci_lz_compartments.oci_identity_compartment.level_6",
            "module.oci_lz_orchestrator.module.oci_lz_compartments.oci_identity_compartment.these",
            "module.oci_lz_orchestrator.module.oci_lz_compartments.oci_identity_tag_default.these",
            "module.oci_lz_orchestrator.module.oci_lz_tags.data.oci_identity_tag.default_created_by",
            "module.oci_lz_orchestrator.module.oci_lz_tags.data.oci_identity_tag.default_created_on",
            "module.oci_lz_orchestrator.module.oci_lz_tags.data.oci_identity_tag_namespaces.oracle_default",
            "module.oci_lz_orchestrator.module.oci_lz_tags.oci_identity_tag.these",
            "module.oci_lz_orchestrator.module.oci_lz_tags.oci_identity_tag_default.these",
            "module.oci_lz_orchestrator.module.oci_lz_tags.oci_identity_tag_namespace.these",
            "module.oci_lz_orchestrator.module.oci_lz_zpr.data.oci_identity_regions.these",
            "module.oci_lz_orchestrator.module.oci_lz_zpr.data.oci_security_attribute_security_attribute_namespaces.default_security_attribute_namespaces",
            "module.oci_lz_orchestrator.module.oci_lz_zpr.data.oci_security_attribute_security_attribute_namespaces.query_security_attribute_namespaces",
            "module.oci_lz_orchestrator.module.oci_lz_zpr.data.oci_zpr_configuration.this",
            "module.oci_lz_orchestrator.module.oci_lz_zpr.oci_security_attribute_security_attribute.these",
            "module.oci_lz_orchestrator.module.oci_lz_zpr.oci_security_attribute_security_attribute_namespace.these",
            "module.oci_lz_orchestrator.module.oci_lz_zpr.oci_zpr_configuration.this",
            "module.oci_lz_orchestrator.module.oci_lz_zpr.oci_zpr_zpr_policy.these",
            "module.oci_lz_orchestrator.module.oci_lz_zpr.time_sleep.wait_after_zpr_configuration"
          ],
          "create_before_destroy": true
        }
      ]
    },
    {
      "module": "module.oci_lz_orchestrator.module.oci_lz_network[0]",
      "mode": "managed",
      "type": "oci_core_drg_attachment",
      "name": "these",
      "provider": "module.oci_lz_orchestrator.provider[\"registry.terraform.io/oracle/oci\"]",
      "instances": [
        {
          "index_key": "DRGATT-VLL-LZ-EXACS-NPR-VCN-KEY",
          "schema_version": 0,
          "attributes": {
            "compartment_id": "ocid1.compartment.oc19..aaaaaaaa5gtrrkqmob4ummcgl52exbo4d4vf55uvlzdku5j4fammf3b2pmlq",
            "defined_tags": {
              "Oracle-Tags.CreatedBy": "default/jorge.e.torlaschi@accenture.com",
              "Oracle-Tags.CreatedOn": "2026-03-10T14:42:53.288Z"
            },
            "display_name": "o-p-om2-drgatt-exad-001",
            "drg_id": "ocid1.drg.oc19.eu-madrid-2.aaaaaaaa7mto5domu4v7gk3bxq2rnlnslpdc2mnxlue7gatndpienpgmq5wa",
            "drg_route_table_id": "ocid1.drgroutetable.oc19.eu-madrid-2.aaaaaaaamxcbl4euaomsloyjrfnxbboyqpxyxfvxlbyxsydfusihejrvl62a",
            "export_drg_route_distribution_id": null,
            "freeform_tags": {
              "ocilz-terraform-module": "networking/0.8.2\r\n"
            },
            "id": "ocid1.drgattachment.oc19.eu-madrid-2.aaaaaaaapbha2jrstqqnvl4hq3zvk35jq5m56vufoznlphbdgqonuygo4bfa",
            "is_cross_tenancy": false,
            "network_details": [
              {
                "id": "ocid1.vcn.oc19.eu-madrid-2.amaaaaaapw27gbaatri7xmitendke5zbqpwk3dzghwa7apab56eya5rb2fza",
                "ids": [],
                "ipsec_connection_id": "",
                "route_table_id": "",
                "transport_attachment_id": "",
                "transport_only_mode": false,
                "type": "VCN",
                "vcn_route_type": "SUBNET_CIDRS"
              }
            ],
            "remove_export_drg_route_distribution_trigger": null,
            "route_table_id": null,
            "state": "ATTACHED",
            "time_created": "2026-03-10 14:42:53.319 +0000 UTC",
            "timeouts": null,
            "vcn_id": "ocid1.vcn.oc19.eu-madrid-2.amaaaaaapw27gbaatri7xmitendke5zbqpwk3dzghwa7apab56eya5rb2fza"
          },
          "sensitive_attributes": [],
          "identity_schema_version": 0,
          "private": "eyJlMmJmYjczMC1lY2FhLTExZTYtOGY4OC0zNDM2M2JjN2M0YzAiOnsiY3JlYXRlIjoxMjAwMDAwMDAwMDAwLCJkZWxldGUiOjEyMDAwMDAwMDAwMDAsInVwZGF0ZSI6MTIwMDAwMDAwMDAwMH19",
          "dependencies": [
            "module.oci_lz_orchestrator.data.oci_identity_regions.these",
            "module.oci_lz_orchestrator.data.oci_identity_tenancy.this",
            "module.oci_lz_orchestrator.module.oci_lz_compartments.oci_identity_compartment.level_2",
            "module.oci_lz_orchestrator.module.oci_lz_compartments.oci_identity_compartment.level_3",
            "module.oci_lz_orchestrator.module.oci_lz_compartments.oci_identity_compartment.level_4",
            "module.oci_lz_orchestrator.module.oci_lz_compartments.oci_identity_compartment.level_5",
            "module.oci_lz_orchestrator.module.oci_lz_compartments.oci_identity_compartment.level_6",
            "module.oci_lz_orchestrator.module.oci_lz_compartments.oci_identity_compartment.these",
            "module.oci_lz_orchestrator.module.oci_lz_compartments.oci_identity_tag_default.these",
            "module.oci_lz_orchestrator.module.oci_lz_network.data.oci_core_services.oci_services",
            "module.oci_lz_orchestrator.module.oci_lz_network.data.oci_core_vcn.existing_vcns",
            "module.oci_lz_orchestrator.module.oci_lz_network.oci_core_drg.these",
            "module.oci_lz_orchestrator.module.oci_lz_network.oci_core_drg_route_distribution.these",
            "module.oci_lz_orchestrator.module.oci_lz_network.oci_core_drg_route_table.these",
            "module.oci_lz_orchestrator.module.oci_lz_network.oci_core_local_peering_gateway.oci_acceptor_local_peering_gateways",
            "module.oci_lz_orchestrator.module.oci_lz_network.oci_core_local_peering_gateway.oci_requestor_local_peering_gateways",
            "module.oci_lz_orchestrator.module.oci_lz_network.oci_core_public_ip.these",
            "module.oci_lz_orchestrator.module.oci_lz_network.oci_core_public_ip_pool.these",
            "module.oci_lz_orchestrator.module.oci_lz_network.oci_core_route_table.drga_specific_route_tables",
            "module.oci_lz_orchestrator.module.oci_lz_network.oci_core_route_table.igw_natgw_specific_route_tables",
            "module.oci_lz_orchestrator.module.oci_lz_network.oci_core_route_table.lpg_specific_route_tables",
            "module.oci_lz_orchestrator.module.oci_lz_network.oci_core_route_table.sgw_specific_route_tables",
            "module.oci_lz_orchestrator.module.oci_lz_network.oci_core_service_gateway.these",
            "module.oci_lz_orchestrator.module.oci_lz_network.oci_core_vcn.these",
            "module.oci_lz_orchestrator.module.oci_lz_tags.data.oci_identity_tag.default_created_by",
            "module.oci_lz_orchestrator.module.oci_lz_tags.data.oci_identity_tag.default_created_on",
            "module.oci_lz_orchestrator.module.oci_lz_tags.data.oci_identity_tag_namespaces.oracle_default",
            "module.oci_lz_orchestrator.module.oci_lz_tags.oci_identity_tag.these",
            "module.oci_lz_orchestrator.module.oci_lz_tags.oci_identity_tag_default.these",
            "module.oci_lz_orchestrator.module.oci_lz_tags.oci_identity_tag_namespace.these",
            "module.oci_lz_orchestrator.module.oci_lz_zpr.data.oci_identity_regions.these",
            "module.oci_lz_orchestrator.module.oci_lz_zpr.data.oci_security_attribute_security_attribute_namespaces.default_security_attribute_namespaces",
            "module.oci_lz_orchestrator.module.oci_lz_zpr.data.oci_security_attribute_security_attribute_namespaces.query_security_attribute_namespaces",
            "module.oci_lz_orchestrator.module.oci_lz_zpr.data.oci_zpr_configuration.this",
            "module.oci_lz_orchestrator.module.oci_lz_zpr.oci_security_attribute_security_attribute.these",
            "module.oci_lz_orchestrator.module.oci_lz_zpr.oci_security_attribute_security_attribute_namespace.these",
            "module.oci_lz_orchestrator.module.oci_lz_zpr.oci_zpr_configuration.this",
            "module.oci_lz_orchestrator.module.oci_lz_zpr.oci_zpr_zpr_policy.these",
            "module.oci_lz_orchestrator.module.oci_lz_zpr.time_sleep.wait_after_zpr_configuration"
          ]
        },
        {
          "index_key": "DRGATT-VLL-LZ-EXACS-PRO-VCN-KEY",
          "schema_version": 0,
          "attributes": {
            "compartment_id": "ocid1.compartment.oc19..aaaaaaaa5gtrrkqmob4ummcgl52exbo4d4vf55uvlzdku5j4fammf3b2pmlq",
            "defined_tags": {
              "Oracle-Tags.CreatedBy": "default/jorge.e.torlaschi@accenture.com",
              "Oracle-Tags.CreatedOn": "2026-03-10T14:42:53.418Z"
            },
            "display_name": "o-p-om2-drgatt-exap-001",
            "drg_id": "ocid1.drg.oc19.eu-madrid-2.aaaaaaaa7mto5domu4v7gk3bxq2rnlnslpdc2mnxlue7gatndpienpgmq5wa",
            "drg_route_table_id": "ocid1.drgroutetable.oc19.eu-madrid-2.aaaaaaaamxcbl4euaomsloyjrfnxbboyqpxyxfvxlbyxsydfusihejrvl62a",
            "export_drg_route_distribution_id": null,
            "freeform_tags": {
              "ocilz-terraform-module": "networking/0.8.2\r\n"
            },
            "id": "ocid1.drgattachment.oc19.eu-madrid-2.aaaaaaaaj33nwa5zf5dtjjbalee7p6eigxki26bmxpqejenw77q2u6secvaq",
            "is_cross_tenancy": false,
            "network_details": [
              {
                "id": "ocid1.vcn.oc19.eu-madrid-2.amaaaaaapw27gbaa26l4e3e3jodcwszp52idisn7ntkehkfskz3zzbp7eliq",
                "ids": [],
                "ipsec_connection_id": "",
                "route_table_id": "",
                "transport_attachment_id": "",
                "transport_only_mode": false,
                "type": "VCN",
                "vcn_route_type": "SUBNET_CIDRS"
              }
            ],
            "remove_export_drg_route_distribution_trigger": null,
            "route_table_id": null,
            "state": "ATTACHED",
            "time_created": "2026-03-10 14:42:53.462 +0000 UTC",
            "timeouts": null,
            "vcn_id": "ocid1.vcn.oc19.eu-madrid-2.amaaaaaapw27gbaa26l4e3e3jodcwszp52idisn7ntkehkfskz3zzbp7eliq"
          },
          "sensitive_attributes": [],
          "identity_schema_version": 0,
          "private": "eyJlMmJmYjczMC1lY2FhLTExZTYtOGY4OC0zNDM2M2JjN2M0YzAiOnsiY3JlYXRlIjoxMjAwMDAwMDAwMDAwLCJkZWxldGUiOjEyMDAwMDAwMDAwMDAsInVwZGF0ZSI6MTIwMDAwMDAwMDAwMH19",
          "dependencies": [
            "module.oci_lz_orchestrator.data.oci_identity_regions.these",
            "module.oci_lz_orchestrator.data.oci_identity_tenancy.this",
            "module.oci_lz_orchestrator.module.oci_lz_compartments.oci_identity_compartment.level_2",
            "module.oci_lz_orchestrator.module.oci_lz_compartments.oci_identity_compartment.level_3",
            "module.oci_lz_orchestrator.module.oci_lz_compartments.oci_identity_compartment.level_4",
            "module.oci_lz_orchestrator.module.oci_lz_compartments.oci_identity_compartment.level_5",
            "module.oci_lz_orchestrator.module.oci_lz_compartments.oci_identity_compartment.level_6",
            "module.oci_lz_orchestrator.module.oci_lz_compartments.oci_identity_compartment.these",
            "module.oci_lz_orchestrator.module.oci_lz_compartments.oci_identity_tag_default.these",
            "module.oci_lz_orchestrator.module.oci_lz_network.data.oci_core_services.oci_services",
            "module.oci_lz_orchestrator.module.oci_lz_network.data.oci_core_vcn.existing_vcns",
            "module.oci_lz_orchestrator.module.oci_lz_network.oci_core_drg.these",
            "module.oci_lz_orchestrator.module.oci_lz_network.oci_core_drg_route_distribution.these",
            "module.oci_lz_orchestrator.module.oci_lz_network.oci_core_drg_route_table.these",
            "module.oci_lz_orchestrator.module.oci_lz_network.oci_core_local_peering_gateway.oci_acceptor_local_peering_gateways",
            "module.oci_lz_orchestrator.module.oci_lz_network.oci_core_local_peering_gateway.oci_requestor_local_peering_gateways",
            "module.oci_lz_orchestrator.module.oci_lz_network.oci_core_public_ip.these",
            "module.oci_lz_orchestrator.module.oci_lz_network.oci_core_public_ip_pool.these",
            "module.oci_lz_orchestrator.module.oci_lz_network.oci_core_route_table.drga_specific_route_tables",
            "module.oci_lz_orchestrator.module.oci_lz_network.oci_core_route_table.igw_natgw_specific_route_tables",
            "module.oci_lz_orchestrator.module.oci_lz_network.oci_core_route_table.lpg_specific_route_tables",
            "module.oci_lz_orchestrator.module.oci_lz_network.oci_core_route_table.sgw_specific_route_tables",
            "module.oci_lz_orchestrator.module.oci_lz_network.oci_core_service_gateway.these",
            "module.oci_lz_orchestrator.module.oci_lz_network.oci_core_vcn.these",
            "module.oci_lz_orchestrator.module.oci_lz_tags.data.oci_identity_tag.default_created_by",
            "module.oci_lz_orchestrator.module.oci_lz_tags.data.oci_identity_tag.default_created_on",
            "module.oci_lz_orchestrator.module.oci_lz_tags.data.oci_identity_tag_namespaces.oracle_default",
            "module.oci_lz_orchestrator.module.oci_lz_tags.oci_identity_tag.these",
            "module.oci_lz_orchestrator.module.oci_lz_tags.oci_identity_tag_default.these",
            "module.oci_lz_orchestrator.module.oci_lz_tags.oci_identity_tag_namespace.these",
            "module.oci_lz_orchestrator.module.oci_lz_zpr.data.oci_identity_regions.these",
            "module.oci_lz_orchestrator.module.oci_lz_zpr.data.oci_security_attribute_security_attribute_namespaces.default_security_attribute_namespaces",
            "module.oci_lz_orchestrator.module.oci_lz_zpr.data.oci_security_attribute_security_attribute_namespaces.query_security_attribute_namespaces",
            "module.oci_lz_orchestrator.module.oci_lz_zpr.data.oci_zpr_configuration.this",
            "module.oci_lz_orchestrator.module.oci_lz_zpr.oci_security_attribute_security_attribute.these",
            "module.oci_lz_orchestrator.module.oci_lz_zpr.oci_security_attribute_security_attribute_namespace.these",
            "module.oci_lz_orchestrator.module.oci_lz_zpr.oci_zpr_configuration.this",
            "module.oci_lz_orchestrator.module.oci_lz_zpr.oci_zpr_zpr_policy.these",
            "module.oci_lz_orchestrator.module.oci_lz_zpr.time_sleep.wait_after_zpr_configuration"
          ]
        },
        {
          "index_key": "DRGATT-VLL-LZ-HUB-VCN-KEY",
          "schema_version": 0,
          "attributes": {
            "compartment_id": "ocid1.compartment.oc19..aaaaaaaa5gtrrkqmob4ummcgl52exbo4d4vf55uvlzdku5j4fammf3b2pmlq",
            "defined_tags": {
              "Oracle-Tags.CreatedBy": "default/jorge.e.torlaschi@accenture.com",
              "Oracle-Tags.CreatedOn": "2026-03-10T14:42:53.452Z"
            },
            "display_name": "o-p-om2-drgatt-hub-001",
            "drg_id": "ocid1.drg.oc19.eu-madrid-2.aaaaaaaa7mto5domu4v7gk3bxq2rnlnslpdc2mnxlue7gatndpienpgmq5wa",
            "drg_route_table_id": "ocid1.drgroutetable.oc19.eu-madrid-2.aaaaaaaagrypb4d6mrlafpq5de6uukf2ytbdppaprzayjty2ur2zkwjvtc3q",
            "export_drg_route_distribution_id": null,
            "freeform_tags": {
              "ocilz-terraform-module": "networking/0.8.2\r\n"
            },
            "id": "ocid1.drgattachment.oc19.eu-madrid-2.aaaaaaaau5svtwnjv7cxgsdkjvf7qci5weqczdxvyfsn64vzf7hjrzdzsmva",
            "is_cross_tenancy": false,
            "network_details": [
              {
                "id": "ocid1.vcn.oc19.eu-madrid-2.amaaaaaapw27gbaahaampmaqpuconyvwmecndp6epapf6uv4p2okvyd2qe4q",
                "ids": [],
                "ipsec_connection_id": "",
                "route_table_id": "ocid1.routetable.oc19.eu-madrid-2.aaaaaaaa7rjao6irht6lazfqd3slojdxok4yqdyl62f6wnfqg2knnuv62qta",
                "transport_attachment_id": "",
                "transport_only_mode": false,
                "type": "VCN",
                "vcn_route_type": "SUBNET_CIDRS"
              }
            ],
            "remove_export_drg_route_distribution_trigger": null,
            "route_table_id": "ocid1.routetable.oc19.eu-madrid-2.aaaaaaaa7rjao6irht6lazfqd3slojdxok4yqdyl62f6wnfqg2knnuv62qta",
            "state": "ATTACHED",
            "time_created": "2026-03-10 14:42:53.496 +0000 UTC",
            "timeouts": null,
            "vcn_id": "ocid1.vcn.oc19.eu-madrid-2.amaaaaaapw27gbaahaampmaqpuconyvwmecndp6epapf6uv4p2okvyd2qe4q"
          },
          "sensitive_attributes": [],
          "identity_schema_version": 0,
          "private": "eyJlMmJmYjczMC1lY2FhLTExZTYtOGY4OC0zNDM2M2JjN2M0YzAiOnsiY3JlYXRlIjoxMjAwMDAwMDAwMDAwLCJkZWxldGUiOjEyMDAwMDAwMDAwMDAsInVwZGF0ZSI6MTIwMDAwMDAwMDAwMH19",
          "dependencies": [
            "module.oci_lz_orchestrator.data.oci_identity_regions.these",
            "module.oci_lz_orchestrator.data.oci_identity_tenancy.this",
            "module.oci_lz_orchestrator.module.oci_lz_compartments.oci_identity_compartment.level_2",
            "module.oci_lz_orchestrator.module.oci_lz_compartments.oci_identity_compartment.level_3",
            "module.oci_lz_orchestrator.module.oci_lz_compartments.oci_identity_compartment.level_4",
            "module.oci_lz_orchestrator.module.oci_lz_compartments.oci_identity_compartment.level_5",
            "module.oci_lz_orchestrator.module.oci_lz_compartments.oci_identity_compartment.level_6",
            "module.oci_lz_orchestrator.module.oci_lz_compartments.oci_identity_compartment.these",
            "module.oci_lz_orchestrator.module.oci_lz_compartments.oci_identity_tag_default.these",
            "module.oci_lz_orchestrator.module.oci_lz_network.data.oci_core_services.oci_services",
            "module.oci_lz_orchestrator.module.oci_lz_network.data.oci_core_vcn.existing_vcns",
            "module.oci_lz_orchestrator.module.oci_lz_network.oci_core_drg.these",
            "module.oci_lz_orchestrator.module.oci_lz_network.oci_core_drg_route_distribution.these",
            "module.oci_lz_orchestrator.module.oci_lz_network.oci_core_drg_route_table.these",
            "module.oci_lz_orchestrator.module.oci_lz_network.oci_core_local_peering_gateway.oci_acceptor_local_peering_gateways",
            "module.oci_lz_orchestrator.module.oci_lz_network.oci_core_local_peering_gateway.oci_requestor_local_peering_gateways",
            "module.oci_lz_orchestrator.module.oci_lz_network.oci_core_public_ip.these",
            "module.oci_lz_orchestrator.module.oci_lz_network.oci_core_public_ip_pool.these",
            "module.oci_lz_orchestrator.module.oci_lz_network.oci_core_route_table.drga_specific_route_tables",
            "module.oci_lz_orchestrator.module.oci_lz_network.oci_core_route_table.igw_natgw_specific_route_tables",
            "module.oci_lz_orchestrator.module.oci_lz_network.oci_core_route_table.lpg_specific_route_tables",
            "module.oci_lz_orchestrator.module.oci_lz_network.oci_core_route_table.sgw_specific_route_tables",
            "module.oci_lz_orchestrator.module.oci_lz_network.oci_core_service_gateway.these",
            "module.oci_lz_orchestrator.module.oci_lz_network.oci_core_vcn.these",
            "module.oci_lz_orchestrator.module.oci_lz_tags.data.oci_identity_tag.default_created_by",
            "module.oci_lz_orchestrator.module.oci_lz_tags.data.oci_identity_tag.default_created_on",
            "module.oci_lz_orchestrator.module.oci_lz_tags.data.oci_identity_tag_namespaces.oracle_default",
            "module.oci_lz_orchestrator.module.oci_lz_tags.oci_identity_tag.these",
            "module.oci_lz_orchestrator.module.oci_lz_tags.oci_identity_tag_default.these",
            "module.oci_lz_orchestrator.module.oci_lz_tags.oci_identity_tag_namespace.these",
            "module.oci_lz_orchestrator.module.oci_lz_zpr.data.oci_identity_regions.these",
            "module.oci_lz_orchestrator.module.oci_lz_zpr.data.oci_security_attribute_security_attribute_namespaces.default_security_attribute_namespaces",
            "module.oci_lz_orchestrator.module.oci_lz_zpr.data.oci_security_attribute_security_attribute_namespaces.query_security_attribute_namespaces",
            "module.oci_lz_orchestrator.module.oci_lz_zpr.data.oci_zpr_configuration.this",
            "module.oci_lz_orchestrator.module.oci_lz_zpr.oci_security_attribute_security_attribute.these",
            "module.oci_lz_orchestrator.module.oci_lz_zpr.oci_security_attribute_security_attribute_namespace.these",
            "module.oci_lz_orchestrator.module.oci_lz_zpr.oci_zpr_configuration.this",
            "module.oci_lz_orchestrator.module.oci_lz_zpr.oci_zpr_zpr_policy.these",
            "module.oci_lz_orchestrator.module.oci_lz_zpr.time_sleep.wait_after_zpr_configuration"
          ]
        }
      ]
    },
    {
      "module": "module.oci_lz_orchestrator.module.oci_lz_network[0]",
      "mode": "managed",
      "type": "oci_core_drg_route_distribution",
      "name": "these",
      "provider": "module.oci_lz_orchestrator.provider[\"registry.terraform.io/oracle/oci\"]",
      "instances": [
        {
          "index_key": "DRGRD-VLL-LZ-HUB-KEY",
          "schema_version": 0,
          "attributes": {
            "compartment_id": "ocid1.compartment.oc19..aaaaaaaa5gtrrkqmob4ummcgl52exbo4d4vf55uvlzdku5j4fammf3b2pmlq",
            "defined_tags": {
              "Oracle-Tags.CreatedBy": "default/jorge.e.torlaschi@accenture.com",
              "Oracle-Tags.CreatedOn": "2026-03-10T14:42:39.268Z"
            },
            "display_name": "o-p-om2-drgrd-hub-001",
            "distribution_type": "IMPORT",
            "drg_id": "ocid1.drg.oc19.eu-madrid-2.aaaaaaaa7mto5domu4v7gk3bxq2rnlnslpdc2mnxlue7gatndpienpgmq5wa",
            "freeform_tags": {
              "ocilz-terraform-module": "networking/0.8.2\r\n"
            },
            "id": "ocid1.drgroutedistribution.oc19.eu-madrid-2.aaaaaaaazwzwsiygf2o2topuugf27l4vaqv44eumhaqpekx7levcokk2uaja",
            "state": "AVAILABLE",
            "time_created": "2026-03-10 14:42:46.289 +0000 UTC",
            "timeouts": null
          },
          "sensitive_attributes": [],
          "identity_schema_version": 0,
          "private": "eyJlMmJmYjczMC1lY2FhLTExZTYtOGY4OC0zNDM2M2JjN2M0YzAiOnsiY3JlYXRlIjoxMjAwMDAwMDAwMDAwLCJkZWxldGUiOjEyMDAwMDAwMDAwMDAsInVwZGF0ZSI6MTIwMDAwMDAwMDAwMH19",
          "dependencies": [
            "module.oci_lz_orchestrator.data.oci_identity_regions.these",
            "module.oci_lz_orchestrator.data.oci_identity_tenancy.this",
            "module.oci_lz_orchestrator.module.oci_lz_compartments.oci_identity_compartment.level_2",
            "module.oci_lz_orchestrator.module.oci_lz_compartments.oci_identity_compartment.level_3",
            "module.oci_lz_orchestrator.module.oci_lz_compartments.oci_identity_compartment.level_4",
            "module.oci_lz_orchestrator.module.oci_lz_compartments.oci_identity_compartment.level_5",
            "module.oci_lz_orchestrator.module.oci_lz_compartments.oci_identity_compartment.level_6",
            "module.oci_lz_orchestrator.module.oci_lz_compartments.oci_identity_compartment.these",
            "module.oci_lz_orchestrator.module.oci_lz_compartments.oci_identity_tag_default.these",
            "module.oci_lz_orchestrator.module.oci_lz_network.oci_core_drg.these",
            "module.oci_lz_orchestrator.module.oci_lz_tags.data.oci_identity_tag.default_created_by",
            "module.oci_lz_orchestrator.module.oci_lz_tags.data.oci_identity_tag.default_created_on",
            "module.oci_lz_orchestrator.module.oci_lz_tags.data.oci_identity_tag_namespaces.oracle_default",
            "module.oci_lz_orchestrator.module.oci_lz_tags.oci_identity_tag.these",
            "module.oci_lz_orchestrator.module.oci_lz_tags.oci_identity_tag_default.these",
            "module.oci_lz_orchestrator.module.oci_lz_tags.oci_identity_tag_namespace.these",
            "module.oci_lz_orchestrator.module.oci_lz_zpr.data.oci_identity_regions.these",
            "module.oci_lz_orchestrator.module.oci_lz_zpr.data.oci_security_attribute_security_attribute_namespaces.default_security_attribute_namespaces",
            "module.oci_lz_orchestrator.module.oci_lz_zpr.data.oci_security_attribute_security_attribute_namespaces.query_security_attribute_namespaces",
            "module.oci_lz_orchestrator.module.oci_lz_zpr.data.oci_zpr_configuration.this",
            "module.oci_lz_orchestrator.module.oci_lz_zpr.oci_security_attribute_security_attribute.these",
            "module.oci_lz_orchestrator.module.oci_lz_zpr.oci_security_attribute_security_attribute_namespace.these",
            "module.oci_lz_orchestrator.module.oci_lz_zpr.oci_zpr_configuration.this",
            "module.oci_lz_orchestrator.module.oci_lz_zpr.oci_zpr_zpr_policy.these",
            "module.oci_lz_orchestrator.module.oci_lz_zpr.time_sleep.wait_after_zpr_configuration"
          ]
        }
      ]
    },
    {
      "module": "module.oci_lz_orchestrator.module.oci_lz_network[0]",
      "mode": "managed",
      "type": "oci_core_drg_route_table",
      "name": "these",
      "provider": "module.oci_lz_orchestrator.provider[\"registry.terraform.io/oracle/oci\"]",
      "instances": [
        {
          "index_key": "DRGRT-VLL-LZ-HUB-KEY",
          "schema_version": 0,
          "attributes": {
            "compartment_id": "ocid1.compartment.oc19..aaaaaaaa5gtrrkqmob4ummcgl52exbo4d4vf55uvlzdku5j4fammf3b2pmlq",
            "defined_tags": {
              "Oracle-Tags.CreatedBy": "default/jorge.e.torlaschi@accenture.com",
              "Oracle-Tags.CreatedOn": "2026-03-10T14:42:39.268Z"
            },
            "display_name": "o-p-om2-drgrt-hub-001b",
            "drg_id": "ocid1.drg.oc19.eu-madrid-2.aaaaaaaa7mto5domu4v7gk3bxq2rnlnslpdc2mnxlue7gatndpienpgmq5wa",
            "freeform_tags": {
              "ocilz-terraform-module": "networking/0.8.2\r\n"
            },
            "id": "ocid1.drgroutetable.oc19.eu-madrid-2.aaaaaaaagrypb4d6mrlafpq5de6uukf2ytbdppaprzayjty2ur2zkwjvtc3q",
            "import_drg_route_distribution_id": "ocid1.drgroutedistribution.oc19.eu-madrid-2.aaaaaaaazwzwsiygf2o2topuugf27l4vaqv44eumhaqpekx7levcokk2uaja",
            "is_ecmp_enabled": false,
            "remove_import_trigger": null,
            "state": "AVAILABLE",
            "time_created": "2026-03-10 14:42:46.524 +0000 UTC",
            "timeouts": null
          },
          "sensitive_attributes": [],
          "identity_schema_version": 0,
          "private": "eyJlMmJmYjczMC1lY2FhLTExZTYtOGY4OC0zNDM2M2JjN2M0YzAiOnsiY3JlYXRlIjoxMjAwMDAwMDAwMDAwLCJkZWxldGUiOjEyMDAwMDAwMDAwMDAsInVwZGF0ZSI6MTIwMDAwMDAwMDAwMH19",
          "dependencies": [
            "module.oci_lz_orchestrator.data.oci_identity_regions.these",
            "module.oci_lz_orchestrator.data.oci_identity_tenancy.this",
            "module.oci_lz_orchestrator.module.oci_lz_compartments.oci_identity_compartment.level_2",
            "module.oci_lz_orchestrator.module.oci_lz_compartments.oci_identity_compartment.level_3",
            "module.oci_lz_orchestrator.module.oci_lz_compartments.oci_identity_compartment.level_4",
            "module.oci_lz_orchestrator.module.oci_lz_compartments.oci_identity_compartment.level_5",
            "module.oci_lz_orchestrator.module.oci_lz_compartments.oci_identity_compartment.level_6",
            "module.oci_lz_orchestrator.module.oci_lz_compartments.oci_identity_compartment.these",
            "module.oci_lz_orchestrator.module.oci_lz_compartments.oci_identity_tag_default.these",
            "module.oci_lz_orchestrator.module.oci_lz_network.oci_core_drg.these",
            "module.oci_lz_orchestrator.module.oci_lz_network.oci_core_drg_route_distribution.these",
            "module.oci_lz_orchestrator.module.oci_lz_tags.data.oci_identity_tag.default_created_by",
            "module.oci_lz_orchestrator.module.oci_lz_tags.data.oci_identity_tag.default_created_on",
            "module.oci_lz_orchestrator.module.oci_lz_tags.data.oci_identity_tag_namespaces.oracle_default",
            "module.oci_lz_orchestrator.module.oci_lz_tags.oci_identity_tag.these",
            "module.oci_lz_orchestrator.module.oci_lz_tags.oci_identity_tag_default.these",
            "module.oci_lz_orchestrator.module.oci_lz_tags.oci_identity_tag_namespace.these",
            "module.oci_lz_orchestrator.module.oci_lz_zpr.data.oci_identity_regions.these",
            "module.oci_lz_orchestrator.module.oci_lz_zpr.data.oci_security_attribute_security_attribute_namespaces.default_security_attribute_namespaces",
            "module.oci_lz_orchestrator.module.oci_lz_zpr.data.oci_security_attribute_security_attribute_namespaces.query_security_attribute_namespaces",
            "module.oci_lz_orchestrator.module.oci_lz_zpr.data.oci_zpr_configuration.this",
            "module.oci_lz_orchestrator.module.oci_lz_zpr.oci_security_attribute_security_attribute.these",
            "module.oci_lz_orchestrator.module.oci_lz_zpr.oci_security_attribute_security_attribute_namespace.these",
            "module.oci_lz_orchestrator.module.oci_lz_zpr.oci_zpr_configuration.this",
            "module.oci_lz_orchestrator.module.oci_lz_zpr.oci_zpr_zpr_policy.these",
            "module.oci_lz_orchestrator.module.oci_lz_zpr.time_sleep.wait_after_zpr_configuration"
          ]
        },
        {
          "index_key": "DRGRT-VLL-LZ-SPOKES-KEY",
          "schema_version": 0,
          "attributes": {
            "compartment_id": "ocid1.compartment.oc19..aaaaaaaa5gtrrkqmob4ummcgl52exbo4d4vf55uvlzdku5j4fammf3b2pmlq",
            "defined_tags": {
              "Oracle-Tags.CreatedBy": "default/jorge.e.torlaschi@accenture.com",
              "Oracle-Tags.CreatedOn": "2026-03-10T14:42:39.268Z"
            },
            "display_name": "o-p-om2-drgrt-spokes-001",
            "drg_id": "ocid1.drg.oc19.eu-madrid-2.aaaaaaaa7mto5domu4v7gk3bxq2rnlnslpdc2mnxlue7gatndpienpgmq5wa",
            "freeform_tags": {
              "ocilz-terraform-module": "networking/0.8.2\r\n"
            },
            "id": "ocid1.drgroutetable.oc19.eu-madrid-2.aaaaaaaaty742znqtrv7jvixwrldirgntsxk6kvrnuoqzkluxfrpe4nib3ja",
            "import_drg_route_distribution_id": null,
            "is_ecmp_enabled": false,
            "remove_import_trigger": null,
            "state": "AVAILABLE",
            "time_created": "2026-03-10 14:42:46.539 +0000 UTC",
            "timeouts": null
          },
          "sensitive_attributes": [],
          "identity_schema_version": 0,
          "private": "eyJlMmJmYjczMC1lY2FhLTExZTYtOGY4OC0zNDM2M2JjN2M0YzAiOnsiY3JlYXRlIjoxMjAwMDAwMDAwMDAwLCJkZWxldGUiOjEyMDAwMDAwMDAwMDAsInVwZGF0ZSI6MTIwMDAwMDAwMDAwMH19",
          "dependencies": [
            "module.oci_lz_orchestrator.data.oci_identity_regions.these",
            "module.oci_lz_orchestrator.data.oci_identity_tenancy.this",
            "module.oci_lz_orchestrator.module.oci_lz_compartments.oci_identity_compartment.level_2",
            "module.oci_lz_orchestrator.module.oci_lz_compartments.oci_identity_compartment.level_3",
            "module.oci_lz_orchestrator.module.oci_lz_compartments.oci_identity_compartment.level_4",
            "module.oci_lz_orchestrator.module.oci_lz_compartments.oci_identity_compartment.level_5",
            "module.oci_lz_orchestrator.module.oci_lz_compartments.oci_identity_compartment.level_6",
            "module.oci_lz_orchestrator.module.oci_lz_compartments.oci_identity_compartment.these",
            "module.oci_lz_orchestrator.module.oci_lz_compartments.oci_identity_tag_default.these",
            "module.oci_lz_orchestrator.module.oci_lz_network.oci_core_drg.these",
            "module.oci_lz_orchestrator.module.oci_lz_network.oci_core_drg_route_distribution.these",
            "module.oci_lz_orchestrator.module.oci_lz_tags.data.oci_identity_tag.default_created_by",
            "module.oci_lz_orchestrator.module.oci_lz_tags.data.oci_identity_tag.default_created_on",
            "module.oci_lz_orchestrator.module.oci_lz_tags.data.oci_identity_tag_namespaces.oracle_default",
            "module.oci_lz_orchestrator.module.oci_lz_tags.oci_identity_tag.these",
            "module.oci_lz_orchestrator.module.oci_lz_tags.oci_identity_tag_default.these",
            "module.oci_lz_orchestrator.module.oci_lz_tags.oci_identity_tag_namespace.these",
            "module.oci_lz_orchestrator.module.oci_lz_zpr.data.oci_identity_regions.these",
            "module.oci_lz_orchestrator.module.oci_lz_zpr.data.oci_security_attribute_security_attribute_namespaces.default_security_attribute_namespaces",
            "module.oci_lz_orchestrator.module.oci_lz_zpr.data.oci_security_attribute_security_attribute_namespaces.query_security_attribute_namespaces",
            "module.oci_lz_orchestrator.module.oci_lz_zpr.data.oci_zpr_configuration.this",
            "module.oci_lz_orchestrator.module.oci_lz_zpr.oci_security_attribute_security_attribute.these",
            "module.oci_lz_orchestrator.module.oci_lz_zpr.oci_security_attribute_security_attribute_namespace.these",
            "module.oci_lz_orchestrator.module.oci_lz_zpr.oci_zpr_configuration.this",
            "module.oci_lz_orchestrator.module.oci_lz_zpr.oci_zpr_zpr_policy.these",
            "module.oci_lz_orchestrator.module.oci_lz_zpr.time_sleep.wait_after_zpr_configuration"
          ]
        }
      ]
    },
    {
      "module": "module.oci_lz_orchestrator.module.oci_lz_network[0]",
      "mode": "managed",
      "type": "oci_core_drg_route_table_route_rule",
      "name": "these",
      "provider": "module.oci_lz_orchestrator.provider[\"registry.terraform.io/oracle/oci\"]",
      "instances": [
        {
          "index_key": "DRGRT-VLL-LZ-SPOKES-STATIC-ROUTE",
          "schema_version": 0,
          "attributes": {
            "attributes": {},
            "destination": "0.0.0.0/0",
            "destination_type": "CIDR_BLOCK",
            "drg_route_table_id": "ocid1.drgroutetable.oc19.eu-madrid-2.aaaaaaaaty742znqtrv7jvixwrldirgntsxk6kvrnuoqzkluxfrpe4nib3ja",
            "id": "drgRouteTables/ocid1.drgroutetable.oc19.eu-madrid-2.aaaaaaaaty742znqtrv7jvixwrldirgntsxk6kvrnuoqzkluxfrpe4nib3ja/routeRules/5554",
            "is_blackhole": false,
            "is_conflict": false,
            "next_hop_drg_attachment_id": "ocid1.drgattachment.oc19.eu-madrid-2.aaaaaaaau5svtwnjv7cxgsdkjvf7qci5weqczdxvyfsn64vzf7hjrzdzsmva",
            "route_provenance": "",
            "route_type": "STATIC",
            "timeouts": null
          },
          "sensitive_attributes": [],
          "identity_schema_version": 0,
          "private": "eyJlMmJmYjczMC1lY2FhLTExZTYtOGY4OC0zNDM2M2JjN2M0YzAiOnsiY3JlYXRlIjoxMjAwMDAwMDAwMDAwLCJkZWxldGUiOjEyMDAwMDAwMDAwMDAsInVwZGF0ZSI6MTIwMDAwMDAwMDAwMH0sInNjaGVtYV92ZXJzaW9uIjoiMCJ9",
          "dependencies": [
            "module.oci_lz_orchestrator.data.oci_identity_regions.these",
            "module.oci_lz_orchestrator.data.oci_identity_tenancy.this",
            "module.oci_lz_orchestrator.module.oci_lz_compartments.oci_identity_compartment.level_2",
            "module.oci_lz_orchestrator.module.oci_lz_compartments.oci_identity_compartment.level_3",
            "module.oci_lz_orchestrator.module.oci_lz_compartments.oci_identity_compartment.level_4",
            "module.oci_lz_orchestrator.module.oci_lz_compartments.oci_identity_compartment.level_5",
            "module.oci_lz_orchestrator.module.oci_lz_compartments.oci_identity_compartment.level_6",
            "module.oci_lz_orchestrator.module.oci_lz_compartments.oci_identity_compartment.these",
            "module.oci_lz_orchestrator.module.oci_lz_compartments.oci_identity_tag_default.these",
            "module.oci_lz_orchestrator.module.oci_lz_network.data.oci_core_drg_attachments.rpc_drg_attachments",
            "module.oci_lz_orchestrator.module.oci_lz_network.data.oci_core_fast_connect_provider_services.fast_connect_provider_services",
            "module.oci_lz_orchestrator.module.oci_lz_network.data.oci_core_services.oci_services",
            "module.oci_lz_orchestrator.module.oci_lz_network.data.oci_core_vcn.existing_vcns",
            "module.oci_lz_orchestrator.module.oci_lz_network.oci_core_drg.these",
            "module.oci_lz_orchestrator.module.oci_lz_network.oci_core_drg_attachment.these",
            "module.oci_lz_orchestrator.module.oci_lz_network.oci_core_drg_route_distribution.these",
            "module.oci_lz_orchestrator.module.oci_lz_network.oci_core_drg_route_table.these",
            "module.oci_lz_orchestrator.module.oci_lz_network.oci_core_local_peering_gateway.oci_acceptor_local_peering_gateways",
            "module.oci_lz_orchestrator.module.oci_lz_network.oci_core_local_peering_gateway.oci_requestor_local_peering_gateways",
            "module.oci_lz_orchestrator.module.oci_lz_network.oci_core_public_ip.these",
            "module.oci_lz_orchestrator.module.oci_lz_network.oci_core_public_ip_pool.these",
            "module.oci_lz_orchestrator.module.oci_lz_network.oci_core_remote_peering_connection.oci_acceptor_remote_peering_connections",
            "module.oci_lz_orchestrator.module.oci_lz_network.oci_core_remote_peering_connection.oci_requestor_remote_peering_connections",
            "module.oci_lz_orchestrator.module.oci_lz_network.oci_core_route_table.drga_specific_route_tables",
            "module.oci_lz_orchestrator.module.oci_lz_network.oci_core_route_table.igw_natgw_specific_route_tables",
            "module.oci_lz_orchestrator.module.oci_lz_network.oci_core_route_table.lpg_specific_route_tables",
            "module.oci_lz_orchestrator.module.oci_lz_network.oci_core_route_table.sgw_specific_route_tables",
            "module.oci_lz_orchestrator.module.oci_lz_network.oci_core_service_gateway.these",
            "module.oci_lz_orchestrator.module.oci_lz_network.oci_core_vcn.these",
            "module.oci_lz_orchestrator.module.oci_lz_network.oci_core_virtual_circuit.these",
            "module.oci_lz_orchestrator.module.oci_lz_tags.data.oci_identity_tag.default_created_by",
            "module.oci_lz_orchestrator.module.oci_lz_tags.data.oci_identity_tag.default_created_on",
            "module.oci_lz_orchestrator.module.oci_lz_tags.data.oci_identity_tag_namespaces.oracle_default",
            "module.oci_lz_orchestrator.module.oci_lz_tags.oci_identity_tag.these",
            "module.oci_lz_orchestrator.module.oci_lz_tags.oci_identity_tag_default.these",
            "module.oci_lz_orchestrator.module.oci_lz_tags.oci_identity_tag_namespace.these",
            "module.oci_lz_orchestrator.module.oci_lz_zpr.data.oci_identity_regions.these",
            "module.oci_lz_orchestrator.module.oci_lz_zpr.data.oci_security_attribute_security_attribute_namespaces.default_security_attribute_namespaces",
            "module.oci_lz_orchestrator.module.oci_lz_zpr.data.oci_security_attribute_security_attribute_namespaces.query_security_attribute_namespaces",
            "module.oci_lz_orchestrator.module.oci_lz_zpr.data.oci_zpr_configuration.this",
            "module.oci_lz_orchestrator.module.oci_lz_zpr.oci_security_attribute_security_attribute.these",
            "module.oci_lz_orchestrator.module.oci_lz_zpr.oci_security_attribute_security_attribute_namespace.these",
            "module.oci_lz_orchestrator.module.oci_lz_zpr.oci_zpr_configuration.this",
            "module.oci_lz_orchestrator.module.oci_lz_zpr.oci_zpr_zpr_policy.these",
            "module.oci_lz_orchestrator.module.oci_lz_zpr.time_sleep.wait_after_zpr_configuration"
          ]
        }
      ]
    },
    {
      "module": "module.oci_lz_orchestrator.module.oci_lz_network[0]",
      "mode": "managed",
      "type": "oci_core_nat_gateway",
      "name": "these",
      "provider": "module.oci_lz_orchestrator.provider[\"registry.terraform.io/oracle/oci\"]",
      "instances": [
        {
          "index_key": "NGW-VLL-LZ-HUB-KEY",
          "schema_version": 0,
          "attributes": {
            "block_traffic": false,
            "compartment_id": "ocid1.compartment.oc19..aaaaaaaa5gtrrkqmob4ummcgl52exbo4d4vf55uvlzdku5j4fammf3b2pmlq",
            "defined_tags": {
              "Oracle-Tags.CreatedBy": "default/jorge.e.torlaschi@accenture.com",
              "Oracle-Tags.CreatedOn": "2026-03-10T14:42:40.038Z",
              "o-p-om2-tagns-ens-001.ens-authenticity": "__FILL__",
              "o-p-om2-tagns-ens-001.ens-availability": "__FILL__",
              "o-p-om2-tagns-ens-001.ens-confidentiality": "__FILL__",
              "o-p-om2-tagns-ens-001.ens-integrity": "__FILL__",
              "o-p-om2-tagns-ens-001.ens-traceability": "__FILL__",
              "o-p-om2-tagns-gov-001.application-code": "__FILL__",
              "o-p-om2-tagns-gov-001.application-name": "__FILL__",
              "o-p-om2-tagns-gov-001.business-criticality": "__FILL__",
              "o-p-om2-tagns-gov-001.cost-center": "__FILL__",
              "o-p-om2-tagns-gov-001.department": "__FILL__",
              "o-p-om2-tagns-gov-001.environment": "pro",
              "o-p-om2-tagns-gov-001.iac": "terraform",
              "o-p-om2-tagns-gov-001.name": "o-p-om2-ngw-hub-001",
              "o-p-om2-tagns-gov-001.operational-owner": "__FILL__",
              "o-p-om2-tagns-gov-001.technical-owner": "__FILL__"
            },
            "display_name": "o-p-om2-ngw-hub-001",
            "freeform_tags": {
              "ocilz-terraform-module": "networking/0.8.2\r\n"
            },
            "id": "ocid1.natgateway.oc19.eu-madrid-2.aaaaaaaanu7fddyxgdcchizzlez6bbfeomnnwrffuasiou7dpm7aem4fwmwa",
            "nat_ip": "209.196.46.202",
            "public_ip_id": "ocid1.publicip.oc19.eu-madrid-2.aaaaaaaa6jpsybmwyhhvlyt3ocbwufe6qurmdyj6ug4ppz5ywsdxmdh5m43q",
            "route_table_id": "ocid1.routetable.oc19.eu-madrid-2.aaaaaaaa7qnu4kwqdf6p7vt3ert6n6xyivqmavhegslyazq3nuna6zawzida",
            "state": "AVAILABLE",
            "time_created": "2026-03-10 14:42:40.213 +0000 UTC",
            "timeouts": null,
            "vcn_id": "ocid1.vcn.oc19.eu-madrid-2.amaaaaaapw27gbaahaampmaqpuconyvwmecndp6epapf6uv4p2okvyd2qe4q"
          },
          "sensitive_attributes": [],
          "identity_schema_version": 0,
          "private": "eyJlMmJmYjczMC1lY2FhLTExZTYtOGY4OC0zNDM2M2JjN2M0YzAiOnsiY3JlYXRlIjoxMjAwMDAwMDAwMDAwLCJkZWxldGUiOjEyMDAwMDAwMDAwMDAsInVwZGF0ZSI6MTIwMDAwMDAwMDAwMH19",
          "dependencies": [
            "module.oci_lz_orchestrator.data.oci_identity_regions.these",
            "module.oci_lz_orchestrator.data.oci_identity_tenancy.this",
            "module.oci_lz_orchestrator.module.oci_lz_compartments.oci_identity_compartment.level_2",
            "module.oci_lz_orchestrator.module.oci_lz_compartments.oci_identity_compartment.level_3",
            "module.oci_lz_orchestrator.module.oci_lz_compartments.oci_identity_compartment.level_4",
            "module.oci_lz_orchestrator.module.oci_lz_compartments.oci_identity_compartment.level_5",
            "module.oci_lz_orchestrator.module.oci_lz_compartments.oci_identity_compartment.level_6",
            "module.oci_lz_orchestrator.module.oci_lz_compartments.oci_identity_compartment.these",
            "module.oci_lz_orchestrator.module.oci_lz_compartments.oci_identity_tag_default.these",
            "module.oci_lz_orchestrator.module.oci_lz_network.data.oci_core_services.oci_services",
            "module.oci_lz_orchestrator.module.oci_lz_network.data.oci_core_vcn.existing_vcns",
            "module.oci_lz_orchestrator.module.oci_lz_network.oci_core_public_ip.these",
            "module.oci_lz_orchestrator.module.oci_lz_network.oci_core_public_ip_pool.these",
            "module.oci_lz_orchestrator.module.oci_lz_network.oci_core_route_table.igw_natgw_specific_route_tables",
            "module.oci_lz_orchestrator.module.oci_lz_network.oci_core_vcn.these",
            "module.oci_lz_orchestrator.module.oci_lz_tags.data.oci_identity_tag.default_created_by",
            "module.oci_lz_orchestrator.module.oci_lz_tags.data.oci_identity_tag.default_created_on",
            "module.oci_lz_orchestrator.module.oci_lz_tags.data.oci_identity_tag_namespaces.oracle_default",
            "module.oci_lz_orchestrator.module.oci_lz_tags.oci_identity_tag.these",
            "module.oci_lz_orchestrator.module.oci_lz_tags.oci_identity_tag_default.these",
            "module.oci_lz_orchestrator.module.oci_lz_tags.oci_identity_tag_namespace.these",
            "module.oci_lz_orchestrator.module.oci_lz_zpr.data.oci_identity_regions.these",
            "module.oci_lz_orchestrator.module.oci_lz_zpr.data.oci_security_attribute_security_attribute_namespaces.default_security_attribute_namespaces",
            "module.oci_lz_orchestrator.module.oci_lz_zpr.data.oci_security_attribute_security_attribute_namespaces.query_security_attribute_namespaces",
            "module.oci_lz_orchestrator.module.oci_lz_zpr.data.oci_zpr_configuration.this",
            "module.oci_lz_orchestrator.module.oci_lz_zpr.oci_security_attribute_security_attribute.these",
            "module.oci_lz_orchestrator.module.oci_lz_zpr.oci_security_attribute_security_attribute_namespace.these",
            "module.oci_lz_orchestrator.module.oci_lz_zpr.oci_zpr_configuration.this",
            "module.oci_lz_orchestrator.module.oci_lz_zpr.oci_zpr_zpr_policy.these",
            "module.oci_lz_orchestrator.module.oci_lz_zpr.time_sleep.wait_after_zpr_configuration"
          ],
          "create_before_destroy": true
        }
      ]
    },
    {
      "module": "module.oci_lz_orchestrator.module.oci_lz_network[0]",
      "mode": "managed",
      "type": "oci_core_network_security_group",
      "name": "these",
      "provider": "module.oci_lz_orchestrator.provider[\"registry.terraform.io/oracle/oci\"]",
      "instances": [
        {
          "index_key": "NSG-VLL-LZ-HUB-FW-KEY",
          "schema_version": 0,
          "attributes": {
            "compartment_id": "ocid1.compartment.oc19..aaaaaaaa5gtrrkqmob4ummcgl52exbo4d4vf55uvlzdku5j4fammf3b2pmlq",
            "defined_tags": {
              "Oracle-Tags.CreatedBy": "default/jorge.e.torlaschi@accenture.com",
              "Oracle-Tags.CreatedOn": "2026-03-10T14:42:39.597Z",
              "o-p-om2-tagns-ens-001.ens-authenticity": "__FILL__",
              "o-p-om2-tagns-ens-001.ens-availability": "__FILL__",
              "o-p-om2-tagns-ens-001.ens-confidentiality": "__FILL__",
              "o-p-om2-tagns-ens-001.ens-integrity": "__FILL__",
              "o-p-om2-tagns-ens-001.ens-traceability": "__FILL__",
              "o-p-om2-tagns-gov-001.application-code": "__FILL__",
              "o-p-om2-tagns-gov-001.application-name": "__FILL__",
              "o-p-om2-tagns-gov-001.business-criticality": "__FILL__",
              "o-p-om2-tagns-gov-001.cost-center": "__FILL__",
              "o-p-om2-tagns-gov-001.department": "__FILL__",
              "o-p-om2-tagns-gov-001.environment": "pro",
              "o-p-om2-tagns-gov-001.iac": "terraform",
              "o-p-om2-tagns-gov-001.name": "o-p-om2-nsg-hubfw-001",
              "o-p-om2-tagns-gov-001.operational-owner": "__FILL__",
              "o-p-om2-tagns-gov-001.technical-owner": "__FILL__"
            },
            "display_name": "o-p-om2-nsg-hubfw-001",
            "freeform_tags": {
              "ocilz-terraform-module": "networking/0.8.2\r\n"
            },
            "id": "ocid1.networksecuritygroup.oc19.eu-madrid-2.aaaaaaaa5xxr7iqsclnzmnuo67fi2tvkwt6dcbxvunm5iidssolqfiifhmka",
            "state": "AVAILABLE",
            "time_created": "2026-03-10 14:42:40.5 +0000 UTC",
            "timeouts": null,
            "vcn_id": "ocid1.vcn.oc19.eu-madrid-2.amaaaaaapw27gbaahaampmaqpuconyvwmecndp6epapf6uv4p2okvyd2qe4q"
          },
          "sensitive_attributes": [],
          "identity_schema_version": 0,
          "private": "eyJlMmJmYjczMC1lY2FhLTExZTYtOGY4OC0zNDM2M2JjN2M0YzAiOnsiY3JlYXRlIjoxMjAwMDAwMDAwMDAwLCJkZWxldGUiOjEyMDAwMDAwMDAwMDAsInVwZGF0ZSI6MTIwMDAwMDAwMDAwMH19",
          "dependencies": [
            "module.oci_lz_orchestrator.data.oci_identity_regions.these",
            "module.oci_lz_orchestrator.data.oci_identity_tenancy.this",
            "module.oci_lz_orchestrator.module.oci_lz_compartments.oci_identity_compartment.level_2",
            "module.oci_lz_orchestrator.module.oci_lz_compartments.oci_identity_compartment.level_3",
            "module.oci_lz_orchestrator.module.oci_lz_compartments.oci_identity_compartment.level_4",
            "module.oci_lz_orchestrator.module.oci_lz_compartments.oci_identity_compartment.level_5",
            "module.oci_lz_orchestrator.module.oci_lz_compartments.oci_identity_compartment.level_6",
            "module.oci_lz_orchestrator.module.oci_lz_compartments.oci_identity_compartment.these",
            "module.oci_lz_orchestrator.module.oci_lz_compartments.oci_identity_tag_default.these",
            "module.oci_lz_orchestrator.module.oci_lz_network.data.oci_core_vcn.existing_vcns",
            "module.oci_lz_orchestrator.module.oci_lz_network.oci_core_vcn.these",
            "module.oci_lz_orchestrator.module.oci_lz_tags.data.oci_identity_tag.default_created_by",
            "module.oci_lz_orchestrator.module.oci_lz_tags.data.oci_identity_tag.default_created_on",
            "module.oci_lz_orchestrator.module.oci_lz_tags.data.oci_identity_tag_namespaces.oracle_default",
            "module.oci_lz_orchestrator.module.oci_lz_tags.oci_identity_tag.these",
            "module.oci_lz_orchestrator.module.oci_lz_tags.oci_identity_tag_default.these",
            "module.oci_lz_orchestrator.module.oci_lz_tags.oci_identity_tag_namespace.these",
            "module.oci_lz_orchestrator.module.oci_lz_zpr.data.oci_identity_regions.these",
            "module.oci_lz_orchestrator.module.oci_lz_zpr.data.oci_security_attribute_security_attribute_namespaces.default_security_attribute_namespaces",
            "module.oci_lz_orchestrator.module.oci_lz_zpr.data.oci_security_attribute_security_attribute_namespaces.query_security_attribute_namespaces",
            "module.oci_lz_orchestrator.module.oci_lz_zpr.data.oci_zpr_configuration.this",
            "module.oci_lz_orchestrator.module.oci_lz_zpr.oci_security_attribute_security_attribute.these",
            "module.oci_lz_orchestrator.module.oci_lz_zpr.oci_security_attribute_security_attribute_namespace.these",
            "module.oci_lz_orchestrator.module.oci_lz_zpr.oci_zpr_configuration.this",
            "module.oci_lz_orchestrator.module.oci_lz_zpr.oci_zpr_zpr_policy.these",
            "module.oci_lz_orchestrator.module.oci_lz_zpr.time_sleep.wait_after_zpr_configuration"
          ],
          "create_before_destroy": true
        },
        {
          "index_key": "NSG-VLL-LZ-HUB-LB-KEY",
          "schema_version": 0,
          "attributes": {
            "compartment_id": "ocid1.compartment.oc19..aaaaaaaa5gtrrkqmob4ummcgl52exbo4d4vf55uvlzdku5j4fammf3b2pmlq",
            "defined_tags": {
              "Oracle-Tags.CreatedBy": "default/jorge.e.torlaschi@accenture.com",
              "Oracle-Tags.CreatedOn": "2026-03-10T14:42:39.597Z",
              "o-p-om2-tagns-ens-001.ens-authenticity": "__FILL__",
              "o-p-om2-tagns-ens-001.ens-availability": "__FILL__",
              "o-p-om2-tagns-ens-001.ens-confidentiality": "__FILL__",
              "o-p-om2-tagns-ens-001.ens-integrity": "__FILL__",
              "o-p-om2-tagns-ens-001.ens-traceability": "__FILL__",
              "o-p-om2-tagns-gov-001.application-code": "__FILL__",
              "o-p-om2-tagns-gov-001.application-name": "__FILL__",
              "o-p-om2-tagns-gov-001.business-criticality": "__FILL__",
              "o-p-om2-tagns-gov-001.cost-center": "__FILL__",
              "o-p-om2-tagns-gov-001.department": "__FILL__",
              "o-p-om2-tagns-gov-001.environment": "pro",
              "o-p-om2-tagns-gov-001.iac": "terraform",
              "o-p-om2-tagns-gov-001.name": "o-p-om2-nsg-hublb-001",
              "o-p-om2-tagns-gov-001.operational-owner": "__FILL__",
              "o-p-om2-tagns-gov-001.technical-owner": "__FILL__"
            },
            "display_name": "o-p-om2-nsg-hublb-001",
            "freeform_tags": {
              "ocilz-terraform-module": "networking/0.8.2\r\n"
            },
            "id": "ocid1.networksecuritygroup.oc19.eu-madrid-2.aaaaaaaa7t76tg6awptn6iw2flr7jqtf5ut6n7y3rvcjk4cxknm6evfl2yea",
            "state": "AVAILABLE",
            "time_created": "2026-03-10 14:42:39.653 +0000 UTC",
            "timeouts": null,
            "vcn_id": "ocid1.vcn.oc19.eu-madrid-2.amaaaaaapw27gbaahaampmaqpuconyvwmecndp6epapf6uv4p2okvyd2qe4q"
          },
          "sensitive_attributes": [],
          "identity_schema_version": 0,
          "private": "eyJlMmJmYjczMC1lY2FhLTExZTYtOGY4OC0zNDM2M2JjN2M0YzAiOnsiY3JlYXRlIjoxMjAwMDAwMDAwMDAwLCJkZWxldGUiOjEyMDAwMDAwMDAwMDAsInVwZGF0ZSI6MTIwMDAwMDAwMDAwMH19",
          "dependencies": [
            "module.oci_lz_orchestrator.data.oci_identity_regions.these",
            "module.oci_lz_orchestrator.data.oci_identity_tenancy.this",
            "module.oci_lz_orchestrator.module.oci_lz_compartments.oci_identity_compartment.level_2",
            "module.oci_lz_orchestrator.module.oci_lz_compartments.oci_identity_compartment.level_3",
            "module.oci_lz_orchestrator.module.oci_lz_compartments.oci_identity_compartment.level_4",
            "module.oci_lz_orchestrator.module.oci_lz_compartments.oci_identity_compartment.level_5",
            "module.oci_lz_orchestrator.module.oci_lz_compartments.oci_identity_compartment.level_6",
            "module.oci_lz_orchestrator.module.oci_lz_compartments.oci_identity_compartment.these",
            "module.oci_lz_orchestrator.module.oci_lz_compartments.oci_identity_tag_default.these",
            "module.oci_lz_orchestrator.module.oci_lz_network.data.oci_core_vcn.existing_vcns",
            "module.oci_lz_orchestrator.module.oci_lz_network.oci_core_vcn.these",
            "module.oci_lz_orchestrator.module.oci_lz_tags.data.oci_identity_tag.default_created_by",
            "module.oci_lz_orchestrator.module.oci_lz_tags.data.oci_identity_tag.default_created_on",
            "module.oci_lz_orchestrator.module.oci_lz_tags.data.oci_identity_tag_namespaces.oracle_default",
            "module.oci_lz_orchestrator.module.oci_lz_tags.oci_identity_tag.these",
            "module.oci_lz_orchestrator.module.oci_lz_tags.oci_identity_tag_default.these",
            "module.oci_lz_orchestrator.module.oci_lz_tags.oci_identity_tag_namespace.these",
            "module.oci_lz_orchestrator.module.oci_lz_zpr.data.oci_identity_regions.these",
            "module.oci_lz_orchestrator.module.oci_lz_zpr.data.oci_security_attribute_security_attribute_namespaces.default_security_attribute_namespaces",
            "module.oci_lz_orchestrator.module.oci_lz_zpr.data.oci_security_attribute_security_attribute_namespaces.query_security_attribute_namespaces",
            "module.oci_lz_orchestrator.module.oci_lz_zpr.data.oci_zpr_configuration.this",
            "module.oci_lz_orchestrator.module.oci_lz_zpr.oci_security_attribute_security_attribute.these",
            "module.oci_lz_orchestrator.module.oci_lz_zpr.oci_security_attribute_security_attribute_namespace.these",
            "module.oci_lz_orchestrator.module.oci_lz_zpr.oci_zpr_configuration.this",
            "module.oci_lz_orchestrator.module.oci_lz_zpr.oci_zpr_zpr_policy.these",
            "module.oci_lz_orchestrator.module.oci_lz_zpr.time_sleep.wait_after_zpr_configuration"
          ],
          "create_before_destroy": true
        }
      ]
    },
    {
      "module": "module.oci_lz_orchestrator.module.oci_lz_network[0]",
      "mode": "managed",
      "type": "oci_core_network_security_group_security_rule",
      "name": "egress",
      "provider": "module.oci_lz_orchestrator.provider[\"registry.terraform.io/oracle/oci\"]",
      "instances": [
        {
          "index_key": "NSG-VLL-LZ-HUB-FW-KEY.anywhere",
          "schema_version": 0,
          "attributes": {
            "description": "Allow all outbound traffic to 0.0.0.0/0 over all protocols",
            "destination": "0.0.0.0/0",
            "destination_type": "CIDR_BLOCK",
            "direction": "EGRESS",
            "icmp_options": [],
            "id": "7D5DE8",
            "is_valid": true,
            "network_security_group_id": "ocid1.networksecuritygroup.oc19.eu-madrid-2.aaaaaaaa5xxr7iqsclnzmnuo67fi2tvkwt6dcbxvunm5iidssolqfiifhmka",
            "protocol": "all",
            "source": null,
            "source_type": "",
            "stateless": false,
            "tcp_options": [],
            "time_created": "2026-03-10 14:42:40.724 +0000 UTC",
            "timeouts": null,
            "udp_options": []
          },
          "sensitive_attributes": [],
          "identity_schema_version": 0,
          "private": "eyJlMmJmYjczMC1lY2FhLTExZTYtOGY4OC0zNDM2M2JjN2M0YzAiOnsiY3JlYXRlIjoxMjAwMDAwMDAwMDAwLCJkZWxldGUiOjEyMDAwMDAwMDAwMDAsInVwZGF0ZSI6MTIwMDAwMDAwMDAwMH0sInNjaGVtYV92ZXJzaW9uIjoiMCJ9",
          "dependencies": [
            "module.oci_lz_orchestrator.data.oci_identity_regions.these",
            "module.oci_lz_orchestrator.data.oci_identity_tenancy.this",
            "module.oci_lz_orchestrator.module.oci_lz_compartments.oci_identity_compartment.level_2",
            "module.oci_lz_orchestrator.module.oci_lz_compartments.oci_identity_compartment.level_3",
            "module.oci_lz_orchestrator.module.oci_lz_compartments.oci_identity_compartment.level_4",
            "module.oci_lz_orchestrator.module.oci_lz_compartments.oci_identity_compartment.level_5",
            "module.oci_lz_orchestrator.module.oci_lz_compartments.oci_identity_compartment.level_6",
            "module.oci_lz_orchestrator.module.oci_lz_compartments.oci_identity_compartment.these",
            "module.oci_lz_orchestrator.module.oci_lz_compartments.oci_identity_tag_default.these",
            "module.oci_lz_orchestrator.module.oci_lz_network.data.oci_core_services.oci_services",
            "module.oci_lz_orchestrator.module.oci_lz_network.data.oci_core_vcn.existing_vcns",
            "module.oci_lz_orchestrator.module.oci_lz_network.oci_core_network_security_group.these",
            "module.oci_lz_orchestrator.module.oci_lz_network.oci_core_vcn.these",
            "module.oci_lz_orchestrator.module.oci_lz_tags.data.oci_identity_tag.default_created_by",
            "module.oci_lz_orchestrator.module.oci_lz_tags.data.oci_identity_tag.default_created_on",
            "module.oci_lz_orchestrator.module.oci_lz_tags.data.oci_identity_tag_namespaces.oracle_default",
            "module.oci_lz_orchestrator.module.oci_lz_tags.oci_identity_tag.these",
            "module.oci_lz_orchestrator.module.oci_lz_tags.oci_identity_tag_default.these",
            "module.oci_lz_orchestrator.module.oci_lz_tags.oci_identity_tag_namespace.these",
            "module.oci_lz_orchestrator.module.oci_lz_zpr.data.oci_identity_regions.these",
            "module.oci_lz_orchestrator.module.oci_lz_zpr.data.oci_security_attribute_security_attribute_namespaces.default_security_attribute_namespaces",
            "module.oci_lz_orchestrator.module.oci_lz_zpr.data.oci_security_attribute_security_attribute_namespaces.query_security_attribute_namespaces",
            "module.oci_lz_orchestrator.module.oci_lz_zpr.data.oci_zpr_configuration.this",
            "module.oci_lz_orchestrator.module.oci_lz_zpr.oci_security_attribute_security_attribute.these",
            "module.oci_lz_orchestrator.module.oci_lz_zpr.oci_security_attribute_security_attribute_namespace.these",
            "module.oci_lz_orchestrator.module.oci_lz_zpr.oci_zpr_configuration.this",
            "module.oci_lz_orchestrator.module.oci_lz_zpr.oci_zpr_zpr_policy.these",
            "module.oci_lz_orchestrator.module.oci_lz_zpr.time_sleep.wait_after_zpr_configuration"
          ]
        },
        {
          "index_key": "NSG-VLL-LZ-HUB-FW-KEY.to_lb",
          "schema_version": 0,
          "attributes": {
            "description": "Allow all outbound traffic to LB subnet over all protocols",
            "destination": "10.197.128.0/27",
            "destination_type": "CIDR_BLOCK",
            "direction": "EGRESS",
            "icmp_options": [],
            "id": "CE333E",
            "is_valid": true,
            "network_security_group_id": "ocid1.networksecuritygroup.oc19.eu-madrid-2.aaaaaaaa5xxr7iqsclnzmnuo67fi2tvkwt6dcbxvunm5iidssolqfiifhmka",
            "protocol": "all",
            "source": null,
            "source_type": "",
            "stateless": true,
            "tcp_options": [],
            "time_created": "2026-03-10 14:42:40.787 +0000 UTC",
            "timeouts": null,
            "udp_options": []
          },
          "sensitive_attributes": [],
          "identity_schema_version": 0,
          "private": "eyJlMmJmYjczMC1lY2FhLTExZTYtOGY4OC0zNDM2M2JjN2M0YzAiOnsiY3JlYXRlIjoxMjAwMDAwMDAwMDAwLCJkZWxldGUiOjEyMDAwMDAwMDAwMDAsInVwZGF0ZSI6MTIwMDAwMDAwMDAwMH0sInNjaGVtYV92ZXJzaW9uIjoiMCJ9",
          "dependencies": [
            "module.oci_lz_orchestrator.data.oci_identity_regions.these",
            "module.oci_lz_orchestrator.data.oci_identity_tenancy.this",
            "module.oci_lz_orchestrator.module.oci_lz_compartments.oci_identity_compartment.level_2",
            "module.oci_lz_orchestrator.module.oci_lz_compartments.oci_identity_compartment.level_3",
            "module.oci_lz_orchestrator.module.oci_lz_compartments.oci_identity_compartment.level_4",
            "module.oci_lz_orchestrator.module.oci_lz_compartments.oci_identity_compartment.level_5",
            "module.oci_lz_orchestrator.module.oci_lz_compartments.oci_identity_compartment.level_6",
            "module.oci_lz_orchestrator.module.oci_lz_compartments.oci_identity_compartment.these",
            "module.oci_lz_orchestrator.module.oci_lz_compartments.oci_identity_tag_default.these",
            "module.oci_lz_orchestrator.module.oci_lz_network.data.oci_core_services.oci_services",
            "module.oci_lz_orchestrator.module.oci_lz_network.data.oci_core_vcn.existing_vcns",
            "module.oci_lz_orchestrator.module.oci_lz_network.oci_core_network_security_group.these",
            "module.oci_lz_orchestrator.module.oci_lz_network.oci_core_vcn.these",
            "module.oci_lz_orchestrator.module.oci_lz_tags.data.oci_identity_tag.default_created_by",
            "module.oci_lz_orchestrator.module.oci_lz_tags.data.oci_identity_tag.default_created_on",
            "module.oci_lz_orchestrator.module.oci_lz_tags.data.oci_identity_tag_namespaces.oracle_default",
            "module.oci_lz_orchestrator.module.oci_lz_tags.oci_identity_tag.these",
            "module.oci_lz_orchestrator.module.oci_lz_tags.oci_identity_tag_default.these",
            "module.oci_lz_orchestrator.module.oci_lz_tags.oci_identity_tag_namespace.these",
            "module.oci_lz_orchestrator.module.oci_lz_zpr.data.oci_identity_regions.these",
            "module.oci_lz_orchestrator.module.oci_lz_zpr.data.oci_security_attribute_security_attribute_namespaces.default_security_attribute_namespaces",
            "module.oci_lz_orchestrator.module.oci_lz_zpr.data.oci_security_attribute_security_attribute_namespaces.query_security_attribute_namespaces",
            "module.oci_lz_orchestrator.module.oci_lz_zpr.data.oci_zpr_configuration.this",
            "module.oci_lz_orchestrator.module.oci_lz_zpr.oci_security_attribute_security_attribute.these",
            "module.oci_lz_orchestrator.module.oci_lz_zpr.oci_security_attribute_security_attribute_namespace.these",
            "module.oci_lz_orchestrator.module.oci_lz_zpr.oci_zpr_configuration.this",
            "module.oci_lz_orchestrator.module.oci_lz_zpr.oci_zpr_zpr_policy.these",
            "module.oci_lz_orchestrator.module.oci_lz_zpr.time_sleep.wait_after_zpr_configuration"
          ]
        },
        {
          "index_key": "NSG-VLL-LZ-HUB-LB-KEY.anywhere",
          "schema_version": 0,
          "attributes": {
            "description": "Allow all outbound traffic to 0.0.0.0/0 over all protocols",
            "destination": "0.0.0.0/0",
            "destination_type": "CIDR_BLOCK",
            "direction": "EGRESS",
            "icmp_options": [],
            "id": "3C8E41",
            "is_valid": true,
            "network_security_group_id": "ocid1.networksecuritygroup.oc19.eu-madrid-2.aaaaaaaa7t76tg6awptn6iw2flr7jqtf5ut6n7y3rvcjk4cxknm6evfl2yea",
            "protocol": "6",
            "source": null,
            "source_type": "",
            "stateless": false,
            "tcp_options": [
              {
                "destination_port_range": [],
                "source_port_range": []
              }
            ],
            "time_created": "2026-03-10 14:42:40.786 +0000 UTC",
            "timeouts": null,
            "udp_options": []
          },
          "sensitive_attributes": [],
          "identity_schema_version": 0,
          "private": "eyJlMmJmYjczMC1lY2FhLTExZTYtOGY4OC0zNDM2M2JjN2M0YzAiOnsiY3JlYXRlIjoxMjAwMDAwMDAwMDAwLCJkZWxldGUiOjEyMDAwMDAwMDAwMDAsInVwZGF0ZSI6MTIwMDAwMDAwMDAwMH0sInNjaGVtYV92ZXJzaW9uIjoiMCJ9",
          "dependencies": [
            "module.oci_lz_orchestrator.data.oci_identity_regions.these",
            "module.oci_lz_orchestrator.data.oci_identity_tenancy.this",
            "module.oci_lz_orchestrator.module.oci_lz_compartments.oci_identity_compartment.level_2",
            "module.oci_lz_orchestrator.module.oci_lz_compartments.oci_identity_compartment.level_3",
            "module.oci_lz_orchestrator.module.oci_lz_compartments.oci_identity_compartment.level_4",
            "module.oci_lz_orchestrator.module.oci_lz_compartments.oci_identity_compartment.level_5",
            "module.oci_lz_orchestrator.module.oci_lz_compartments.oci_identity_compartment.level_6",
            "module.oci_lz_orchestrator.module.oci_lz_compartments.oci_identity_compartment.these",
            "module.oci_lz_orchestrator.module.oci_lz_compartments.oci_identity_tag_default.these",
            "module.oci_lz_orchestrator.module.oci_lz_network.data.oci_core_services.oci_services",
            "module.oci_lz_orchestrator.module.oci_lz_network.data.oci_core_vcn.existing_vcns",
            "module.oci_lz_orchestrator.module.oci_lz_network.oci_core_network_security_group.these",
            "module.oci_lz_orchestrator.module.oci_lz_network.oci_core_vcn.these",
            "module.oci_lz_orchestrator.module.oci_lz_tags.data.oci_identity_tag.default_created_by",
            "module.oci_lz_orchestrator.module.oci_lz_tags.data.oci_identity_tag.default_created_on",
            "module.oci_lz_orchestrator.module.oci_lz_tags.data.oci_identity_tag_namespaces.oracle_default",
            "module.oci_lz_orchestrator.module.oci_lz_tags.oci_identity_tag.these",
            "module.oci_lz_orchestrator.module.oci_lz_tags.oci_identity_tag_default.these",
            "module.oci_lz_orchestrator.module.oci_lz_tags.oci_identity_tag_namespace.these",
            "module.oci_lz_orchestrator.module.oci_lz_zpr.data.oci_identity_regions.these",
            "module.oci_lz_orchestrator.module.oci_lz_zpr.data.oci_security_attribute_security_attribute_namespaces.default_security_attribute_namespaces",
            "module.oci_lz_orchestrator.module.oci_lz_zpr.data.oci_security_attribute_security_attribute_namespaces.query_security_attribute_namespaces",
            "module.oci_lz_orchestrator.module.oci_lz_zpr.data.oci_zpr_configuration.this",
            "module.oci_lz_orchestrator.module.oci_lz_zpr.oci_security_attribute_security_attribute.these",
            "module.oci_lz_orchestrator.module.oci_lz_zpr.oci_security_attribute_security_attribute_namespace.these",
            "module.oci_lz_orchestrator.module.oci_lz_zpr.oci_zpr_configuration.this",
            "module.oci_lz_orchestrator.module.oci_lz_zpr.oci_zpr_zpr_policy.these",
            "module.oci_lz_orchestrator.module.oci_lz_zpr.time_sleep.wait_after_zpr_configuration"
          ]
        }
      ]
    },
    {
      "module": "module.oci_lz_orchestrator.module.oci_lz_network[0]",
      "mode": "managed",
      "type": "oci_core_network_security_group_security_rule",
      "name": "ingress",
      "provider": "module.oci_lz_orchestrator.provider[\"registry.terraform.io/oracle/oci\"]",
      "instances": [
        {
          "index_key": "NSG-VLL-LZ-HUB-FW-KEY.from_lb",
          "schema_version": 0,
          "attributes": {
            "description": "Allow inbound traffic from Hub LB subnet over all protocols",
            "destination": null,
            "destination_type": "",
            "direction": "INGRESS",
            "icmp_options": [],
            "id": "CF899D",
            "is_valid": true,
            "network_security_group_id": "ocid1.networksecuritygroup.oc19.eu-madrid-2.aaaaaaaa5xxr7iqsclnzmnuo67fi2tvkwt6dcbxvunm5iidssolqfiifhmka",
            "protocol": "all",
            "source": "10.197.128.0/27",
            "source_type": "CIDR_BLOCK",
            "stateless": true,
            "tcp_options": [],
            "time_created": "2026-03-10 14:42:40.678 +0000 UTC",
            "timeouts": null,
            "udp_options": []
          },
          "sensitive_attributes": [],
          "identity_schema_version": 0,
          "private": "eyJlMmJmYjczMC1lY2FhLTExZTYtOGY4OC0zNDM2M2JjN2M0YzAiOnsiY3JlYXRlIjoxMjAwMDAwMDAwMDAwLCJkZWxldGUiOjEyMDAwMDAwMDAwMDAsInVwZGF0ZSI6MTIwMDAwMDAwMDAwMH0sInNjaGVtYV92ZXJzaW9uIjoiMCJ9",
          "dependencies": [
            "module.oci_lz_orchestrator.data.oci_identity_regions.these",
            "module.oci_lz_orchestrator.data.oci_identity_tenancy.this",
            "module.oci_lz_orchestrator.module.oci_lz_compartments.oci_identity_compartment.level_2",
            "module.oci_lz_orchestrator.module.oci_lz_compartments.oci_identity_compartment.level_3",
            "module.oci_lz_orchestrator.module.oci_lz_compartments.oci_identity_compartment.level_4",
            "module.oci_lz_orchestrator.module.oci_lz_compartments.oci_identity_compartment.level_5",
            "module.oci_lz_orchestrator.module.oci_lz_compartments.oci_identity_compartment.level_6",
            "module.oci_lz_orchestrator.module.oci_lz_compartments.oci_identity_compartment.these",
            "module.oci_lz_orchestrator.module.oci_lz_compartments.oci_identity_tag_default.these",
            "module.oci_lz_orchestrator.module.oci_lz_network.data.oci_core_vcn.existing_vcns",
            "module.oci_lz_orchestrator.module.oci_lz_network.oci_core_network_security_group.these",
            "module.oci_lz_orchestrator.module.oci_lz_network.oci_core_vcn.these",
            "module.oci_lz_orchestrator.module.oci_lz_tags.data.oci_identity_tag.default_created_by",
            "module.oci_lz_orchestrator.module.oci_lz_tags.data.oci_identity_tag.default_created_on",
            "module.oci_lz_orchestrator.module.oci_lz_tags.data.oci_identity_tag_namespaces.oracle_default",
            "module.oci_lz_orchestrator.module.oci_lz_tags.oci_identity_tag.these",
            "module.oci_lz_orchestrator.module.oci_lz_tags.oci_identity_tag_default.these",
            "module.oci_lz_orchestrator.module.oci_lz_tags.oci_identity_tag_namespace.these",
            "module.oci_lz_orchestrator.module.oci_lz_zpr.data.oci_identity_regions.these",
            "module.oci_lz_orchestrator.module.oci_lz_zpr.data.oci_security_attribute_security_attribute_namespaces.default_security_attribute_namespaces",
            "module.oci_lz_orchestrator.module.oci_lz_zpr.data.oci_security_attribute_security_attribute_namespaces.query_security_attribute_namespaces",
            "module.oci_lz_orchestrator.module.oci_lz_zpr.data.oci_zpr_configuration.this",
            "module.oci_lz_orchestrator.module.oci_lz_zpr.oci_security_attribute_security_attribute.these",
            "module.oci_lz_orchestrator.module.oci_lz_zpr.oci_security_attribute_security_attribute_namespace.these",
            "module.oci_lz_orchestrator.module.oci_lz_zpr.oci_zpr_configuration.this",
            "module.oci_lz_orchestrator.module.oci_lz_zpr.oci_zpr_zpr_policy.these",
            "module.oci_lz_orchestrator.module.oci_lz_zpr.time_sleep.wait_after_zpr_configuration"
          ]
        },
        {
          "index_key": "NSG-VLL-LZ-HUB-LB-KEY.http_443",
          "schema_version": 0,
          "attributes": {
            "description": "Allow inbound traffic from 0.0.0.0/0 over HTTPS",
            "destination": null,
            "destination_type": "",
            "direction": "INGRESS",
            "icmp_options": [],
            "id": "F43365",
            "is_valid": true,
            "network_security_group_id": "ocid1.networksecuritygroup.oc19.eu-madrid-2.aaaaaaaa7t76tg6awptn6iw2flr7jqtf5ut6n7y3rvcjk4cxknm6evfl2yea",
            "protocol": "6",
            "source": "0.0.0.0/0",
            "source_type": "CIDR_BLOCK",
            "stateless": false,
            "tcp_options": [
              {
                "destination_port_range": [
                  {
                    "max": 443,
                    "min": 443
                  }
                ],
                "source_port_range": []
              }
            ],
            "time_created": "2026-03-10 14:42:40.709 +0000 UTC",
            "timeouts": null,
            "udp_options": []
          },
          "sensitive_attributes": [],
          "identity_schema_version": 0,
          "private": "eyJlMmJmYjczMC1lY2FhLTExZTYtOGY4OC0zNDM2M2JjN2M0YzAiOnsiY3JlYXRlIjoxMjAwMDAwMDAwMDAwLCJkZWxldGUiOjEyMDAwMDAwMDAwMDAsInVwZGF0ZSI6MTIwMDAwMDAwMDAwMH0sInNjaGVtYV92ZXJzaW9uIjoiMCJ9",
          "dependencies": [
            "module.oci_lz_orchestrator.data.oci_identity_regions.these",
            "module.oci_lz_orchestrator.data.oci_identity_tenancy.this",
            "module.oci_lz_orchestrator.module.oci_lz_compartments.oci_identity_compartment.level_2",
            "module.oci_lz_orchestrator.module.oci_lz_compartments.oci_identity_compartment.level_3",
            "module.oci_lz_orchestrator.module.oci_lz_compartments.oci_identity_compartment.level_4",
            "module.oci_lz_orchestrator.module.oci_lz_compartments.oci_identity_compartment.level_5",
            "module.oci_lz_orchestrator.module.oci_lz_compartments.oci_identity_compartment.level_6",
            "module.oci_lz_orchestrator.module.oci_lz_compartments.oci_identity_compartment.these",
            "module.oci_lz_orchestrator.module.oci_lz_compartments.oci_identity_tag_default.these",
            "module.oci_lz_orchestrator.module.oci_lz_network.data.oci_core_vcn.existing_vcns",
            "module.oci_lz_orchestrator.module.oci_lz_network.oci_core_network_security_group.these",
            "module.oci_lz_orchestrator.module.oci_lz_network.oci_core_vcn.these",
            "module.oci_lz_orchestrator.module.oci_lz_tags.data.oci_identity_tag.default_created_by",
            "module.oci_lz_orchestrator.module.oci_lz_tags.data.oci_identity_tag.default_created_on",
            "module.oci_lz_orchestrator.module.oci_lz_tags.data.oci_identity_tag_namespaces.oracle_default",
            "module.oci_lz_orchestrator.module.oci_lz_tags.oci_identity_tag.these",
            "module.oci_lz_orchestrator.module.oci_lz_tags.oci_identity_tag_default.these",
            "module.oci_lz_orchestrator.module.oci_lz_tags.oci_identity_tag_namespace.these",
            "module.oci_lz_orchestrator.module.oci_lz_zpr.data.oci_identity_regions.these",
            "module.oci_lz_orchestrator.module.oci_lz_zpr.data.oci_security_attribute_security_attribute_namespaces.default_security_attribute_namespaces",
            "module.oci_lz_orchestrator.module.oci_lz_zpr.data.oci_security_attribute_security_attribute_namespaces.query_security_attribute_namespaces",
            "module.oci_lz_orchestrator.module.oci_lz_zpr.data.oci_zpr_configuration.this",
            "module.oci_lz_orchestrator.module.oci_lz_zpr.oci_security_attribute_security_attribute.these",
            "module.oci_lz_orchestrator.module.oci_lz_zpr.oci_security_attribute_security_attribute_namespace.these",
            "module.oci_lz_orchestrator.module.oci_lz_zpr.oci_zpr_configuration.this",
            "module.oci_lz_orchestrator.module.oci_lz_zpr.oci_zpr_zpr_policy.these",
            "module.oci_lz_orchestrator.module.oci_lz_zpr.time_sleep.wait_after_zpr_configuration"
          ]
        },
        {
          "index_key": "NSG-VLL-LZ-HUB-LB-KEY.http_80",
          "schema_version": 0,
          "attributes": {
            "description": "Allow inbound traffic from 0.0.0.0/0 over HTTP",
            "destination": null,
            "destination_type": "",
            "direction": "INGRESS",
            "icmp_options": [],
            "id": "6ECC18",
            "is_valid": true,
            "network_security_group_id": "ocid1.networksecuritygroup.oc19.eu-madrid-2.aaaaaaaa7t76tg6awptn6iw2flr7jqtf5ut6n7y3rvcjk4cxknm6evfl2yea",
            "protocol": "6",
            "source": "0.0.0.0/0",
            "source_type": "CIDR_BLOCK",
            "stateless": false,
            "tcp_options": [
              {
                "destination_port_range": [
                  {
                    "max": 80,
                    "min": 80
                  }
                ],
                "source_port_range": []
              }
            ],
            "time_created": "2026-03-10 14:42:40.887 +0000 UTC",
            "timeouts": null,
            "udp_options": []
          },
          "sensitive_attributes": [],
          "identity_schema_version": 0,
          "private": "eyJlMmJmYjczMC1lY2FhLTExZTYtOGY4OC0zNDM2M2JjN2M0YzAiOnsiY3JlYXRlIjoxMjAwMDAwMDAwMDAwLCJkZWxldGUiOjEyMDAwMDAwMDAwMDAsInVwZGF0ZSI6MTIwMDAwMDAwMDAwMH0sInNjaGVtYV92ZXJzaW9uIjoiMCJ9",
          "dependencies": [
            "module.oci_lz_orchestrator.data.oci_identity_regions.these",
            "module.oci_lz_orchestrator.data.oci_identity_tenancy.this",
            "module.oci_lz_orchestrator.module.oci_lz_compartments.oci_identity_compartment.level_2",
            "module.oci_lz_orchestrator.module.oci_lz_compartments.oci_identity_compartment.level_3",
            "module.oci_lz_orchestrator.module.oci_lz_compartments.oci_identity_compartment.level_4",
            "module.oci_lz_orchestrator.module.oci_lz_compartments.oci_identity_compartment.level_5",
            "module.oci_lz_orchestrator.module.oci_lz_compartments.oci_identity_compartment.level_6",
            "module.oci_lz_orchestrator.module.oci_lz_compartments.oci_identity_compartment.these",
            "module.oci_lz_orchestrator.module.oci_lz_compartments.oci_identity_tag_default.these",
            "module.oci_lz_orchestrator.module.oci_lz_network.data.oci_core_vcn.existing_vcns",
            "module.oci_lz_orchestrator.module.oci_lz_network.oci_core_network_security_group.these",
            "module.oci_lz_orchestrator.module.oci_lz_network.oci_core_vcn.these",
            "module.oci_lz_orchestrator.module.oci_lz_tags.data.oci_identity_tag.default_created_by",
            "module.oci_lz_orchestrator.module.oci_lz_tags.data.oci_identity_tag.default_created_on",
            "module.oci_lz_orchestrator.module.oci_lz_tags.data.oci_identity_tag_namespaces.oracle_default",
            "module.oci_lz_orchestrator.module.oci_lz_tags.oci_identity_tag.these",
            "module.oci_lz_orchestrator.module.oci_lz_tags.oci_identity_tag_default.these",
            "module.oci_lz_orchestrator.module.oci_lz_tags.oci_identity_tag_namespace.these",
            "module.oci_lz_orchestrator.module.oci_lz_zpr.data.oci_identity_regions.these",
            "module.oci_lz_orchestrator.module.oci_lz_zpr.data.oci_security_attribute_security_attribute_namespaces.default_security_attribute_namespaces",
            "module.oci_lz_orchestrator.module.oci_lz_zpr.data.oci_security_attribute_security_attribute_namespaces.query_security_attribute_namespaces",
            "module.oci_lz_orchestrator.module.oci_lz_zpr.data.oci_zpr_configuration.this",
            "module.oci_lz_orchestrator.module.oci_lz_zpr.oci_security_attribute_security_attribute.these",
            "module.oci_lz_orchestrator.module.oci_lz_zpr.oci_security_attribute_security_attribute_namespace.these",
            "module.oci_lz_orchestrator.module.oci_lz_zpr.oci_zpr_configuration.this",
            "module.oci_lz_orchestrator.module.oci_lz_zpr.oci_zpr_zpr_policy.these",
            "module.oci_lz_orchestrator.module.oci_lz_zpr.time_sleep.wait_after_zpr_configuration"
          ]
        }
      ]
    },
    {
      "module": "module.oci_lz_orchestrator.module.oci_lz_network[0]",
      "mode": "managed",
      "type": "oci_core_route_table",
      "name": "igw_natgw_specific_route_tables",
      "provider": "module.oci_lz_orchestrator.provider[\"registry.terraform.io/oracle/oci\"]",
      "instances": [
        {
          "index_key": "RT-VLL-LZ-HUB-INGRESS-KEY",
          "schema_version": 0,
          "attributes": {
            "compartment_id": "ocid1.compartment.oc19..aaaaaaaa5gtrrkqmob4ummcgl52exbo4d4vf55uvlzdku5j4fammf3b2pmlq",
            "defined_tags": {
              "Oracle-Tags.CreatedBy": "default/jorge.e.torlaschi@accenture.com",
              "Oracle-Tags.CreatedOn": "2026-03-10T14:42:39.894Z",
              "o-p-om2-tagns-ens-001.ens-authenticity": "__FILL__",
              "o-p-om2-tagns-ens-001.ens-availability": "__FILL__",
              "o-p-om2-tagns-ens-001.ens-confidentiality": "__FILL__",
              "o-p-om2-tagns-ens-001.ens-integrity": "__FILL__",
              "o-p-om2-tagns-ens-001.ens-traceability": "__FILL__",
              "o-p-om2-tagns-gov-001.application-code": "__FILL__",
              "o-p-om2-tagns-gov-001.application-name": "__FILL__",
              "o-p-om2-tagns-gov-001.business-criticality": "__FILL__",
              "o-p-om2-tagns-gov-001.cost-center": "__FILL__",
              "o-p-om2-tagns-gov-001.department": "__FILL__",
              "o-p-om2-tagns-gov-001.environment": "pro",
              "o-p-om2-tagns-gov-001.iac": "terraform",
              "o-p-om2-tagns-gov-001.name": "o-p-om2-rtb-hubingress-001",
              "o-p-om2-tagns-gov-001.operational-owner": "__FILL__",
              "o-p-om2-tagns-gov-001.technical-owner": "__FILL__"
            },
            "display_name": "o-p-om2-rtb-hubingress-001",
            "freeform_tags": {},
            "id": "ocid1.routetable.oc19.eu-madrid-2.aaaaaaaa7rjao6irht6lazfqd3slojdxok4yqdyl62f6wnfqg2knnuv62qta",
            "route_rules": [],
            "state": "AVAILABLE",
            "time_created": "2026-03-10 14:42:39.895 +0000 UTC",
            "timeouts": null,
            "vcn_id": "ocid1.vcn.oc19.eu-madrid-2.amaaaaaapw27gbaahaampmaqpuconyvwmecndp6epapf6uv4p2okvyd2qe4q"
          },
          "sensitive_attributes": [],
          "identity_schema_version": 0,
          "private": "eyJlMmJmYjczMC1lY2FhLTExZTYtOGY4OC0zNDM2M2JjN2M0YzAiOnsiY3JlYXRlIjoxMjAwMDAwMDAwMDAwLCJkZWxldGUiOjEyMDAwMDAwMDAwMDAsInVwZGF0ZSI6MTIwMDAwMDAwMDAwMH0sInNjaGVtYV92ZXJzaW9uIjoiMCJ9",
          "dependencies": [
            "module.oci_lz_orchestrator.data.oci_identity_regions.these",
            "module.oci_lz_orchestrator.data.oci_identity_tenancy.this",
            "module.oci_lz_orchestrator.module.oci_lz_compartments.oci_identity_compartment.level_2",
            "module.oci_lz_orchestrator.module.oci_lz_compartments.oci_identity_compartment.level_3",
            "module.oci_lz_orchestrator.module.oci_lz_compartments.oci_identity_compartment.level_4",
            "module.oci_lz_orchestrator.module.oci_lz_compartments.oci_identity_compartment.level_5",
            "module.oci_lz_orchestrator.module.oci_lz_compartments.oci_identity_compartment.level_6",
            "module.oci_lz_orchestrator.module.oci_lz_compartments.oci_identity_compartment.these",
            "module.oci_lz_orchestrator.module.oci_lz_compartments.oci_identity_tag_default.these",
            "module.oci_lz_orchestrator.module.oci_lz_network.data.oci_core_services.oci_services",
            "module.oci_lz_orchestrator.module.oci_lz_network.data.oci_core_vcn.existing_vcns",
            "module.oci_lz_orchestrator.module.oci_lz_network.oci_core_public_ip.these",
            "module.oci_lz_orchestrator.module.oci_lz_network.oci_core_public_ip_pool.these",
            "module.oci_lz_orchestrator.module.oci_lz_network.oci_core_vcn.these",
            "module.oci_lz_orchestrator.module.oci_lz_tags.data.oci_identity_tag.default_created_by",
            "module.oci_lz_orchestrator.module.oci_lz_tags.data.oci_identity_tag.default_created_on",
            "module.oci_lz_orchestrator.module.oci_lz_tags.data.oci_identity_tag_namespaces.oracle_default",
            "module.oci_lz_orchestrator.module.oci_lz_tags.oci_identity_tag.these",
            "module.oci_lz_orchestrator.module.oci_lz_tags.oci_identity_tag_default.these",
            "module.oci_lz_orchestrator.module.oci_lz_tags.oci_identity_tag_namespace.these",
            "module.oci_lz_orchestrator.module.oci_lz_zpr.data.oci_identity_regions.these",
            "module.oci_lz_orchestrator.module.oci_lz_zpr.data.oci_security_attribute_security_attribute_namespaces.default_security_attribute_namespaces",
            "module.oci_lz_orchestrator.module.oci_lz_zpr.data.oci_security_attribute_security_attribute_namespaces.query_security_attribute_namespaces",
            "module.oci_lz_orchestrator.module.oci_lz_zpr.data.oci_zpr_configuration.this",
            "module.oci_lz_orchestrator.module.oci_lz_zpr.oci_security_attribute_security_attribute.these",
            "module.oci_lz_orchestrator.module.oci_lz_zpr.oci_security_attribute_security_attribute_namespace.these",
            "module.oci_lz_orchestrator.module.oci_lz_zpr.oci_zpr_configuration.this",
            "module.oci_lz_orchestrator.module.oci_lz_zpr.oci_zpr_zpr_policy.these",
            "module.oci_lz_orchestrator.module.oci_lz_zpr.time_sleep.wait_after_zpr_configuration"
          ],
          "create_before_destroy": true
        },
        {
          "index_key": "RT-VLL-LZ-HUB-NATGW-KEY",
          "schema_version": 0,
          "attributes": {
            "compartment_id": "ocid1.compartment.oc19..aaaaaaaa5gtrrkqmob4ummcgl52exbo4d4vf55uvlzdku5j4fammf3b2pmlq",
            "defined_tags": {
              "Oracle-Tags.CreatedBy": "default/jorge.e.torlaschi@accenture.com",
              "Oracle-Tags.CreatedOn": "2026-03-10T14:42:39.869Z",
              "o-p-om2-tagns-ens-001.ens-authenticity": "__FILL__",
              "o-p-om2-tagns-ens-001.ens-availability": "__FILL__",
              "o-p-om2-tagns-ens-001.ens-confidentiality": "__FILL__",
              "o-p-om2-tagns-ens-001.ens-integrity": "__FILL__",
              "o-p-om2-tagns-ens-001.ens-traceability": "__FILL__",
              "o-p-om2-tagns-gov-001.application-code": "__FILL__",
              "o-p-om2-tagns-gov-001.application-name": "__FILL__",
              "o-p-om2-tagns-gov-001.business-criticality": "__FILL__",
              "o-p-om2-tagns-gov-001.cost-center": "__FILL__",
              "o-p-om2-tagns-gov-001.department": "__FILL__",
              "o-p-om2-tagns-gov-001.environment": "pro",
              "o-p-om2-tagns-gov-001.iac": "terraform",
              "o-p-om2-tagns-gov-001.name": "o-p-om2-rtb-hubnatgw-001",
              "o-p-om2-tagns-gov-001.operational-owner": "__FILL__",
              "o-p-om2-tagns-gov-001.technical-owner": "__FILL__"
            },
            "display_name": "o-p-om2-rtb-hubnatgw-001",
            "freeform_tags": {},
            "id": "ocid1.routetable.oc19.eu-madrid-2.aaaaaaaa7qnu4kwqdf6p7vt3ert6n6xyivqmavhegslyazq3nuna6zawzida",
            "route_rules": [],
            "state": "AVAILABLE",
            "time_created": "2026-03-10 14:42:39.874 +0000 UTC",
            "timeouts": null,
            "vcn_id": "ocid1.vcn.oc19.eu-madrid-2.amaaaaaapw27gbaahaampmaqpuconyvwmecndp6epapf6uv4p2okvyd2qe4q"
          },
          "sensitive_attributes": [],
          "identity_schema_version": 0,
          "private": "eyJlMmJmYjczMC1lY2FhLTExZTYtOGY4OC0zNDM2M2JjN2M0YzAiOnsiY3JlYXRlIjoxMjAwMDAwMDAwMDAwLCJkZWxldGUiOjEyMDAwMDAwMDAwMDAsInVwZGF0ZSI6MTIwMDAwMDAwMDAwMH0sInNjaGVtYV92ZXJzaW9uIjoiMCJ9",
          "dependencies": [
            "module.oci_lz_orchestrator.data.oci_identity_regions.these",
            "module.oci_lz_orchestrator.data.oci_identity_tenancy.this",
            "module.oci_lz_orchestrator.module.oci_lz_compartments.oci_identity_compartment.level_2",
            "module.oci_lz_orchestrator.module.oci_lz_compartments.oci_identity_compartment.level_3",
            "module.oci_lz_orchestrator.module.oci_lz_compartments.oci_identity_compartment.level_4",
            "module.oci_lz_orchestrator.module.oci_lz_compartments.oci_identity_compartment.level_5",
            "module.oci_lz_orchestrator.module.oci_lz_compartments.oci_identity_compartment.level_6",
            "module.oci_lz_orchestrator.module.oci_lz_compartments.oci_identity_compartment.these",
            "module.oci_lz_orchestrator.module.oci_lz_compartments.oci_identity_tag_default.these",
            "module.oci_lz_orchestrator.module.oci_lz_network.data.oci_core_services.oci_services",
            "module.oci_lz_orchestrator.module.oci_lz_network.data.oci_core_vcn.existing_vcns",
            "module.oci_lz_orchestrator.module.oci_lz_network.oci_core_public_ip.these",
            "module.oci_lz_orchestrator.module.oci_lz_network.oci_core_public_ip_pool.these",
            "module.oci_lz_orchestrator.module.oci_lz_network.oci_core_vcn.these",
            "module.oci_lz_orchestrator.module.oci_lz_tags.data.oci_identity_tag.default_created_by",
            "module.oci_lz_orchestrator.module.oci_lz_tags.data.oci_identity_tag.default_created_on",
            "module.oci_lz_orchestrator.module.oci_lz_tags.data.oci_identity_tag_namespaces.oracle_default",
            "module.oci_lz_orchestrator.module.oci_lz_tags.oci_identity_tag.these",
            "module.oci_lz_orchestrator.module.oci_lz_tags.oci_identity_tag_default.these",
            "module.oci_lz_orchestrator.module.oci_lz_tags.oci_identity_tag_namespace.these",
            "module.oci_lz_orchestrator.module.oci_lz_zpr.data.oci_identity_regions.these",
            "module.oci_lz_orchestrator.module.oci_lz_zpr.data.oci_security_attribute_security_attribute_namespaces.default_security_attribute_namespaces",
            "module.oci_lz_orchestrator.module.oci_lz_zpr.data.oci_security_attribute_security_attribute_namespaces.query_security_attribute_namespaces",
            "module.oci_lz_orchestrator.module.oci_lz_zpr.data.oci_zpr_configuration.this",
            "module.oci_lz_orchestrator.module.oci_lz_zpr.oci_security_attribute_security_attribute.these",
            "module.oci_lz_orchestrator.module.oci_lz_zpr.oci_security_attribute_security_attribute_namespace.these",
            "module.oci_lz_orchestrator.module.oci_lz_zpr.oci_zpr_configuration.this",
            "module.oci_lz_orchestrator.module.oci_lz_zpr.oci_zpr_zpr_policy.these",
            "module.oci_lz_orchestrator.module.oci_lz_zpr.time_sleep.wait_after_zpr_configuration"
          ],
          "create_before_destroy": true
        }
      ]
    },
    {
      "module": "module.oci_lz_orchestrator.module.oci_lz_network[0]",
      "mode": "managed",
      "type": "oci_core_route_table",
      "name": "lpg_specific_route_tables",
      "provider": "module.oci_lz_orchestrator.provider[\"registry.terraform.io/oracle/oci\"]",
      "instances": [
        {
          "index_key": "RT-VLL-LZ-HUB-MGMT-KEY",
          "schema_version": 0,
          "attributes": {
            "compartment_id": "ocid1.compartment.oc19..aaaaaaaa5gtrrkqmob4ummcgl52exbo4d4vf55uvlzdku5j4fammf3b2pmlq",
            "defined_tags": {
              "Oracle-Tags.CreatedBy": "default/jorge.e.torlaschi@accenture.com",
              "Oracle-Tags.CreatedOn": "2026-03-10T14:42:49.751Z",
              "o-p-om2-tagns-ens-001.ens-authenticity": "__FILL__",
              "o-p-om2-tagns-ens-001.ens-availability": "__FILL__",
              "o-p-om2-tagns-ens-001.ens-confidentiality": "__FILL__",
              "o-p-om2-tagns-ens-001.ens-integrity": "__FILL__",
              "o-p-om2-tagns-ens-001.ens-traceability": "__FILL__",
              "o-p-om2-tagns-gov-001.application-code": "__FILL__",
              "o-p-om2-tagns-gov-001.application-name": "__FILL__",
              "o-p-om2-tagns-gov-001.business-criticality": "__FILL__",
              "o-p-om2-tagns-gov-001.cost-center": "__FILL__",
              "o-p-om2-tagns-gov-001.department": "__FILL__",
              "o-p-om2-tagns-gov-001.environment": "pro",
              "o-p-om2-tagns-gov-001.iac": "terraform",
              "o-p-om2-tagns-gov-001.name": "o-p-om2-rtb-hubmgmt-001",
              "o-p-om2-tagns-gov-001.operational-owner": "__FILL__",
              "o-p-om2-tagns-gov-001.technical-owner": "__FILL__"
            },
            "display_name": "o-p-om2-rtb-hubmgmt-001",
            "freeform_tags": {},
            "id": "ocid1.routetable.oc19.eu-madrid-2.aaaaaaaaplxulbv5ftsmxk3t23zaqo6zbest5cc7epsnx3l5i7k2g6geivbq",
            "route_rules": [
              {
                "cidr_block": "",
                "description": "Route to Oracle Services Network through Service GW",
                "destination": "all-vll-services-in-oracle-services-network",
                "destination_type": "SERVICE_CIDR_BLOCK",
                "network_entity_id": "ocid1.servicegateway.oc19.eu-madrid-2.aaaaaaaao3zwviqb3hw7jylshx4zk4bbsyoipquitxuh5qu3xkkyx6uutjua",
                "route_type": "STATIC"
              }
            ],
            "state": "AVAILABLE",
            "time_created": "2026-03-10 14:42:49.762 +0000 UTC",
            "timeouts": null,
            "vcn_id": "ocid1.vcn.oc19.eu-madrid-2.amaaaaaapw27gbaahaampmaqpuconyvwmecndp6epapf6uv4p2okvyd2qe4q"
          },
          "sensitive_attributes": [],
          "identity_schema_version": 0,
          "private": "eyJlMmJmYjczMC1lY2FhLTExZTYtOGY4OC0zNDM2M2JjN2M0YzAiOnsiY3JlYXRlIjoxMjAwMDAwMDAwMDAwLCJkZWxldGUiOjEyMDAwMDAwMDAwMDAsInVwZGF0ZSI6MTIwMDAwMDAwMDAwMH0sInNjaGVtYV92ZXJzaW9uIjoiMCJ9",
          "dependencies": [
            "module.oci_lz_orchestrator.data.oci_identity_regions.these",
            "module.oci_lz_orchestrator.data.oci_identity_tenancy.this",
            "module.oci_lz_orchestrator.module.oci_lz_compartments.oci_identity_compartment.level_2",
            "module.oci_lz_orchestrator.module.oci_lz_compartments.oci_identity_compartment.level_3",
            "module.oci_lz_orchestrator.module.oci_lz_compartments.oci_identity_compartment.level_4",
            "module.oci_lz_orchestrator.module.oci_lz_compartments.oci_identity_compartment.level_5",
            "module.oci_lz_orchestrator.module.oci_lz_compartments.oci_identity_compartment.level_6",
            "module.oci_lz_orchestrator.module.oci_lz_compartments.oci_identity_compartment.these",
            "module.oci_lz_orchestrator.module.oci_lz_compartments.oci_identity_tag_default.these",
            "module.oci_lz_orchestrator.module.oci_lz_network.data.oci_core_services.oci_services",
            "module.oci_lz_orchestrator.module.oci_lz_network.data.oci_core_vcn.existing_vcns",
            "module.oci_lz_orchestrator.module.oci_lz_network.oci_core_drg.these",
            "module.oci_lz_orchestrator.module.oci_lz_network.oci_core_public_ip.these",
            "module.oci_lz_orchestrator.module.oci_lz_network.oci_core_public_ip_pool.these",
            "module.oci_lz_orchestrator.module.oci_lz_network.oci_core_route_table.igw_natgw_specific_route_tables",
            "module.oci_lz_orchestrator.module.oci_lz_network.oci_core_route_table.sgw_specific_route_tables",
            "module.oci_lz_orchestrator.module.oci_lz_network.oci_core_service_gateway.these",
            "module.oci_lz_orchestrator.module.oci_lz_network.oci_core_vcn.these",
            "module.oci_lz_orchestrator.module.oci_lz_tags.data.oci_identity_tag.default_created_by",
            "module.oci_lz_orchestrator.module.oci_lz_tags.data.oci_identity_tag.default_created_on",
            "module.oci_lz_orchestrator.module.oci_lz_tags.data.oci_identity_tag_namespaces.oracle_default",
            "module.oci_lz_orchestrator.module.oci_lz_tags.oci_identity_tag.these",
            "module.oci_lz_orchestrator.module.oci_lz_tags.oci_identity_tag_default.these",
            "module.oci_lz_orchestrator.module.oci_lz_tags.oci_identity_tag_namespace.these",
            "module.oci_lz_orchestrator.module.oci_lz_zpr.data.oci_identity_regions.these",
            "module.oci_lz_orchestrator.module.oci_lz_zpr.data.oci_security_attribute_security_attribute_namespaces.default_security_attribute_namespaces",
            "module.oci_lz_orchestrator.module.oci_lz_zpr.data.oci_security_attribute_security_attribute_namespaces.query_security_attribute_namespaces",
            "module.oci_lz_orchestrator.module.oci_lz_zpr.data.oci_zpr_configuration.this",
            "module.oci_lz_orchestrator.module.oci_lz_zpr.oci_security_attribute_security_attribute.these",
            "module.oci_lz_orchestrator.module.oci_lz_zpr.oci_security_attribute_security_attribute_namespace.these",
            "module.oci_lz_orchestrator.module.oci_lz_zpr.oci_zpr_configuration.this",
            "module.oci_lz_orchestrator.module.oci_lz_zpr.oci_zpr_zpr_policy.these",
            "module.oci_lz_orchestrator.module.oci_lz_zpr.time_sleep.wait_after_zpr_configuration"
          ],
          "create_before_destroy": true
        }
      ]
    },
    {
      "module": "module.oci_lz_orchestrator.module.oci_lz_network[0]",
      "mode": "managed",
      "type": "oci_core_route_table",
      "name": "non_gw_specific_remaining_route_tables",
      "provider": "module.oci_lz_orchestrator.provider[\"registry.terraform.io/oracle/oci\"]",
      "instances": [
        {
          "index_key": "RT-VLL-LZ-EXACS-NPR-BACKUP-KEY",
          "schema_version": 0,
          "attributes": {
            "compartment_id": "ocid1.compartment.oc19..aaaaaaaa5gtrrkqmob4ummcgl52exbo4d4vf55uvlzdku5j4fammf3b2pmlq",
            "defined_tags": {
              "Oracle-Tags.CreatedBy": "default/jorge.e.torlaschi@accenture.com",
              "Oracle-Tags.CreatedOn": "2026-03-10T14:42:49.942Z",
              "o-p-om2-tagns-ens-001.ens-authenticity": "__FILL__",
              "o-p-om2-tagns-ens-001.ens-availability": "__FILL__",
              "o-p-om2-tagns-ens-001.ens-confidentiality": "__FILL__",
              "o-p-om2-tagns-ens-001.ens-integrity": "__FILL__",
              "o-p-om2-tagns-ens-001.ens-traceability": "__FILL__",
              "o-p-om2-tagns-gov-001.application-code": "__FILL__",
              "o-p-om2-tagns-gov-001.application-name": "__FILL__",
              "o-p-om2-tagns-gov-001.business-criticality": "__FILL__",
              "o-p-om2-tagns-gov-001.cost-center": "__FILL__",
              "o-p-om2-tagns-gov-001.department": "__FILL__",
              "o-p-om2-tagns-gov-001.environment": "dev",
              "o-p-om2-tagns-gov-001.iac": "terraform",
              "o-p-om2-tagns-gov-001.name": "o-d-om2-rtb-exacs-nprbck-001",
              "o-p-om2-tagns-gov-001.operational-owner": "__FILL__",
              "o-p-om2-tagns-gov-001.technical-owner": "__FILL__"
            },
            "display_name": "o-d-om2-rtb-exacs-nprbck-001",
            "freeform_tags": {
              "ocilz-terraform-module": "networking/0.8.2\r\n"
            },
            "id": "ocid1.routetable.oc19.eu-madrid-2.aaaaaaaaxj3cpw5v7ck6pshlzysnpxep73cvbfv6wunmzcxesun4ewxnmkxa",
            "route_rules": [
              {
                "cidr_block": "",
                "description": "Route to Oracle Services Network through Service GW",
                "destination": "all-vll-services-in-oracle-services-network",
                "destination_type": "SERVICE_CIDR_BLOCK",
                "network_entity_id": "ocid1.servicegateway.oc19.eu-madrid-2.aaaaaaaa3gxhavba3sykmzt2reypnwomdrcozlkmixnpu2elhenu5u6oripa",
                "route_type": "STATIC"
              },
              {
                "cidr_block": "",
                "description": "Route to the 0.0.0.0/0 through DRG",
                "destination": "0.0.0.0/0",
                "destination_type": "CIDR_BLOCK",
                "network_entity_id": "ocid1.drg.oc19.eu-madrid-2.aaaaaaaa7mto5domu4v7gk3bxq2rnlnslpdc2mnxlue7gatndpienpgmq5wa",
                "route_type": "STATIC"
              }
            ],
            "state": "AVAILABLE",
            "time_created": "2026-03-10 14:42:49.957 +0000 UTC",
            "timeouts": null,
            "vcn_id": "ocid1.vcn.oc19.eu-madrid-2.amaaaaaapw27gbaatri7xmitendke5zbqpwk3dzghwa7apab56eya5rb2fza"
          },
          "sensitive_attributes": [],
          "identity_schema_version": 0,
          "private": "eyJlMmJmYjczMC1lY2FhLTExZTYtOGY4OC0zNDM2M2JjN2M0YzAiOnsiY3JlYXRlIjoxMjAwMDAwMDAwMDAwLCJkZWxldGUiOjEyMDAwMDAwMDAwMDAsInVwZGF0ZSI6MTIwMDAwMDAwMDAwMH19",
          "dependencies": [
            "module.oci_lz_orchestrator.data.oci_identity_regions.these",
            "module.oci_lz_orchestrator.data.oci_identity_tenancy.this",
            "module.oci_lz_orchestrator.module.oci_lz_compartments.oci_identity_compartment.level_2",
            "module.oci_lz_orchestrator.module.oci_lz_compartments.oci_identity_compartment.level_3",
            "module.oci_lz_orchestrator.module.oci_lz_compartments.oci_identity_compartment.level_4",
            "module.oci_lz_orchestrator.module.oci_lz_compartments.oci_identity_compartment.level_5",
            "module.oci_lz_orchestrator.module.oci_lz_compartments.oci_identity_compartment.level_6",
            "module.oci_lz_orchestrator.module.oci_lz_compartments.oci_identity_compartment.these",
            "module.oci_lz_orchestrator.module.oci_lz_compartments.oci_identity_tag_default.these",
            "module.oci_lz_orchestrator.module.oci_lz_network.data.oci_core_services.oci_services",
            "module.oci_lz_orchestrator.module.oci_lz_network.data.oci_core_vcn.existing_vcns",
            "module.oci_lz_orchestrator.module.oci_lz_network.oci_core_drg.these",
            "module.oci_lz_orchestrator.module.oci_lz_network.oci_core_internet_gateway.these",
            "module.oci_lz_orchestrator.module.oci_lz_network.oci_core_local_peering_gateway.oci_acceptor_local_peering_gateways",
            "module.oci_lz_orchestrator.module.oci_lz_network.oci_core_local_peering_gateway.oci_requestor_local_peering_gateways",
            "module.oci_lz_orchestrator.module.oci_lz_network.oci_core_nat_gateway.these",
            "module.oci_lz_orchestrator.module.oci_lz_network.oci_core_public_ip.these",
            "module.oci_lz_orchestrator.module.oci_lz_network.oci_core_public_ip_pool.these",
            "module.oci_lz_orchestrator.module.oci_lz_network.oci_core_route_table.igw_natgw_specific_route_tables",
            "module.oci_lz_orchestrator.module.oci_lz_network.oci_core_route_table.lpg_specific_route_tables",
            "module.oci_lz_orchestrator.module.oci_lz_network.oci_core_route_table.sgw_specific_route_tables",
            "module.oci_lz_orchestrator.module.oci_lz_network.oci_core_service_gateway.these",
            "module.oci_lz_orchestrator.module.oci_lz_network.oci_core_vcn.these",
            "module.oci_lz_orchestrator.module.oci_lz_tags.data.oci_identity_tag.default_created_by",
            "module.oci_lz_orchestrator.module.oci_lz_tags.data.oci_identity_tag.default_created_on",
            "module.oci_lz_orchestrator.module.oci_lz_tags.data.oci_identity_tag_namespaces.oracle_default",
            "module.oci_lz_orchestrator.module.oci_lz_tags.oci_identity_tag.these",
            "module.oci_lz_orchestrator.module.oci_lz_tags.oci_identity_tag_default.these",
            "module.oci_lz_orchestrator.module.oci_lz_tags.oci_identity_tag_namespace.these",
            "module.oci_lz_orchestrator.module.oci_lz_zpr.data.oci_identity_regions.these",
            "module.oci_lz_orchestrator.module.oci_lz_zpr.data.oci_security_attribute_security_attribute_namespaces.default_security_attribute_namespaces",
            "module.oci_lz_orchestrator.module.oci_lz_zpr.data.oci_security_attribute_security_attribute_namespaces.query_security_attribute_namespaces",
            "module.oci_lz_orchestrator.module.oci_lz_zpr.data.oci_zpr_configuration.this",
            "module.oci_lz_orchestrator.module.oci_lz_zpr.oci_security_attribute_security_attribute.these",
            "module.oci_lz_orchestrator.module.oci_lz_zpr.oci_security_attribute_security_attribute_namespace.these",
            "module.oci_lz_orchestrator.module.oci_lz_zpr.oci_zpr_configuration.this",
            "module.oci_lz_orchestrator.module.oci_lz_zpr.oci_zpr_zpr_policy.these",
            "module.oci_lz_orchestrator.module.oci_lz_zpr.time_sleep.wait_after_zpr_configuration"
          ],
          "create_before_destroy": true
        },
        {
          "index_key": "RT-VLL-LZ-EXACS-NPR-CLIENT-KEY",
          "schema_version": 0,
          "attributes": {
            "compartment_id": "ocid1.compartment.oc19..aaaaaaaa5gtrrkqmob4ummcgl52exbo4d4vf55uvlzdku5j4fammf3b2pmlq",
            "defined_tags": {
              "Oracle-Tags.CreatedBy": "default/jorge.e.torlaschi@accenture.com",
              "Oracle-Tags.CreatedOn": "2026-03-10T14:42:50.004Z",
              "o-p-om2-tagns-ens-001.ens-authenticity": "__FILL__",
              "o-p-om2-tagns-ens-001.ens-availability": "__FILL__",
              "o-p-om2-tagns-ens-001.ens-confidentiality": "__FILL__",
              "o-p-om2-tagns-ens-001.ens-integrity": "__FILL__",
              "o-p-om2-tagns-ens-001.ens-traceability": "__FILL__",
              "o-p-om2-tagns-gov-001.application-code": "__FILL__",
              "o-p-om2-tagns-gov-001.application-name": "__FILL__",
              "o-p-om2-tagns-gov-001.business-criticality": "__FILL__",
              "o-p-om2-tagns-gov-001.cost-center": "__FILL__",
              "o-p-om2-tagns-gov-001.department": "__FILL__",
              "o-p-om2-tagns-gov-001.environment": "dev",
              "o-p-om2-tagns-gov-001.iac": "terraform",
              "o-p-om2-tagns-gov-001.name": "o-d-om2-rtb-exacs-nprcli-001",
              "o-p-om2-tagns-gov-001.operational-owner": "__FILL__",
              "o-p-om2-tagns-gov-001.technical-owner": "__FILL__"
            },
            "display_name": "o-d-om2-rtb-exacs-nprcli-001",
            "freeform_tags": {
              "ocilz-terraform-module": "networking/0.8.2\r\n"
            },
            "id": "ocid1.routetable.oc19.eu-madrid-2.aaaaaaaa26d4p6ngnmfwyddmi7ayygbwkypfgw5sxh4wb7kznmfuparwdwjq",
            "route_rules": [
              {
                "cidr_block": "",
                "description": "Route to Oracle Services Network through Service GW",
                "destination": "all-vll-services-in-oracle-services-network",
                "destination_type": "SERVICE_CIDR_BLOCK",
                "network_entity_id": "ocid1.servicegateway.oc19.eu-madrid-2.aaaaaaaa3gxhavba3sykmzt2reypnwomdrcozlkmixnpu2elhenu5u6oripa",
                "route_type": "STATIC"
              },
              {
                "cidr_block": "",
                "description": "Route to the 0.0.0.0/0 through DRG",
                "destination": "0.0.0.0/0",
                "destination_type": "CIDR_BLOCK",
                "network_entity_id": "ocid1.drg.oc19.eu-madrid-2.aaaaaaaa7mto5domu4v7gk3bxq2rnlnslpdc2mnxlue7gatndpienpgmq5wa",
                "route_type": "STATIC"
              }
            ],
            "state": "AVAILABLE",
            "time_created": "2026-03-10 14:42:50.02 +0000 UTC",
            "timeouts": null,
            "vcn_id": "ocid1.vcn.oc19.eu-madrid-2.amaaaaaapw27gbaatri7xmitendke5zbqpwk3dzghwa7apab56eya5rb2fza"
          },
          "sensitive_attributes": [],
          "identity_schema_version": 0,
          "private": "eyJlMmJmYjczMC1lY2FhLTExZTYtOGY4OC0zNDM2M2JjN2M0YzAiOnsiY3JlYXRlIjoxMjAwMDAwMDAwMDAwLCJkZWxldGUiOjEyMDAwMDAwMDAwMDAsInVwZGF0ZSI6MTIwMDAwMDAwMDAwMH19",
          "dependencies": [
            "module.oci_lz_orchestrator.data.oci_identity_regions.these",
            "module.oci_lz_orchestrator.data.oci_identity_tenancy.this",
            "module.oci_lz_orchestrator.module.oci_lz_compartments.oci_identity_compartment.level_2",
            "module.oci_lz_orchestrator.module.oci_lz_compartments.oci_identity_compartment.level_3",
            "module.oci_lz_orchestrator.module.oci_lz_compartments.oci_identity_compartment.level_4",
            "module.oci_lz_orchestrator.module.oci_lz_compartments.oci_identity_compartment.level_5",
            "module.oci_lz_orchestrator.module.oci_lz_compartments.oci_identity_compartment.level_6",
            "module.oci_lz_orchestrator.module.oci_lz_compartments.oci_identity_compartment.these",
            "module.oci_lz_orchestrator.module.oci_lz_compartments.oci_identity_tag_default.these",
            "module.oci_lz_orchestrator.module.oci_lz_network.data.oci_core_services.oci_services",
            "module.oci_lz_orchestrator.module.oci_lz_network.data.oci_core_vcn.existing_vcns",
            "module.oci_lz_orchestrator.module.oci_lz_network.oci_core_drg.these",
            "module.oci_lz_orchestrator.module.oci_lz_network.oci_core_internet_gateway.these",
            "module.oci_lz_orchestrator.module.oci_lz_network.oci_core_local_peering_gateway.oci_acceptor_local_peering_gateways",
            "module.oci_lz_orchestrator.module.oci_lz_network.oci_core_local_peering_gateway.oci_requestor_local_peering_gateways",
            "module.oci_lz_orchestrator.module.oci_lz_network.oci_core_nat_gateway.these",
            "module.oci_lz_orchestrator.module.oci_lz_network.oci_core_public_ip.these",
            "module.oci_lz_orchestrator.module.oci_lz_network.oci_core_public_ip_pool.these",
            "module.oci_lz_orchestrator.module.oci_lz_network.oci_core_route_table.igw_natgw_specific_route_tables",
            "module.oci_lz_orchestrator.module.oci_lz_network.oci_core_route_table.lpg_specific_route_tables",
            "module.oci_lz_orchestrator.module.oci_lz_network.oci_core_route_table.sgw_specific_route_tables",
            "module.oci_lz_orchestrator.module.oci_lz_network.oci_core_service_gateway.these",
            "module.oci_lz_orchestrator.module.oci_lz_network.oci_core_vcn.these",
            "module.oci_lz_orchestrator.module.oci_lz_tags.data.oci_identity_tag.default_created_by",
            "module.oci_lz_orchestrator.module.oci_lz_tags.data.oci_identity_tag.default_created_on",
            "module.oci_lz_orchestrator.module.oci_lz_tags.data.oci_identity_tag_namespaces.oracle_default",
            "module.oci_lz_orchestrator.module.oci_lz_tags.oci_identity_tag.these",
            "module.oci_lz_orchestrator.module.oci_lz_tags.oci_identity_tag_default.these",
            "module.oci_lz_orchestrator.module.oci_lz_tags.oci_identity_tag_namespace.these",
            "module.oci_lz_orchestrator.module.oci_lz_zpr.data.oci_identity_regions.these",
            "module.oci_lz_orchestrator.module.oci_lz_zpr.data.oci_security_attribute_security_attribute_namespaces.default_security_attribute_namespaces",
            "module.oci_lz_orchestrator.module.oci_lz_zpr.data.oci_security_attribute_security_attribute_namespaces.query_security_attribute_namespaces",
            "module.oci_lz_orchestrator.module.oci_lz_zpr.data.oci_zpr_configuration.this",
            "module.oci_lz_orchestrator.module.oci_lz_zpr.oci_security_attribute_security_attribute.these",
            "module.oci_lz_orchestrator.module.oci_lz_zpr.oci_security_attribute_security_attribute_namespace.these",
            "module.oci_lz_orchestrator.module.oci_lz_zpr.oci_zpr_configuration.this",
            "module.oci_lz_orchestrator.module.oci_lz_zpr.oci_zpr_zpr_policy.these",
            "module.oci_lz_orchestrator.module.oci_lz_zpr.time_sleep.wait_after_zpr_configuration"
          ],
          "create_before_destroy": true
        },
        {
          "index_key": "RT-VLL-LZ-EXACS-PRO-BACKUP-KEY",
          "schema_version": 0,
          "attributes": {
            "compartment_id": "ocid1.compartment.oc19..aaaaaaaa5gtrrkqmob4ummcgl52exbo4d4vf55uvlzdku5j4fammf3b2pmlq",
            "defined_tags": {
              "Oracle-Tags.CreatedBy": "default/jorge.e.torlaschi@accenture.com",
              "Oracle-Tags.CreatedOn": "2026-03-10T14:42:50.006Z",
              "o-p-om2-tagns-ens-001.ens-authenticity": "__FILL__",
              "o-p-om2-tagns-ens-001.ens-availability": "__FILL__",
              "o-p-om2-tagns-ens-001.ens-confidentiality": "__FILL__",
              "o-p-om2-tagns-ens-001.ens-integrity": "__FILL__",
              "o-p-om2-tagns-ens-001.ens-traceability": "__FILL__",
              "o-p-om2-tagns-gov-001.application-code": "__FILL__",
              "o-p-om2-tagns-gov-001.application-name": "__FILL__",
              "o-p-om2-tagns-gov-001.business-criticality": "__FILL__",
              "o-p-om2-tagns-gov-001.cost-center": "__FILL__",
              "o-p-om2-tagns-gov-001.department": "__FILL__",
              "o-p-om2-tagns-gov-001.environment": "pro",
              "o-p-om2-tagns-gov-001.iac": "terraform",
              "o-p-om2-tagns-gov-001.name": "o-p-om2-rtb-exacs-procbck-001",
              "o-p-om2-tagns-gov-001.operational-owner": "__FILL__",
              "o-p-om2-tagns-gov-001.technical-owner": "__FILL__"
            },
            "display_name": "o-p-om2-rtb-exacs-procbck-001",
            "freeform_tags": {
              "ocilz-terraform-module": "networking/0.8.2\r\n"
            },
            "id": "ocid1.routetable.oc19.eu-madrid-2.aaaaaaaalajl2baakfooxs77yvz6qt3ybptz6vxrc3fapjnc37i53ijhywqa",
            "route_rules": [
              {
                "cidr_block": "",
                "description": "Route to Oracle Services Network through Service GW",
                "destination": "all-vll-services-in-oracle-services-network",
                "destination_type": "SERVICE_CIDR_BLOCK",
                "network_entity_id": "ocid1.servicegateway.oc19.eu-madrid-2.aaaaaaaavxjuqe7azfv344j6xgkbhuk2u5j6az5ndjzmrljhupocmfpejm7a",
                "route_type": "STATIC"
              },
              {
                "cidr_block": "",
                "description": "Route to the 0.0.0.0/0 through DRG",
                "destination": "0.0.0.0/0",
                "destination_type": "CIDR_BLOCK",
                "network_entity_id": "ocid1.drg.oc19.eu-madrid-2.aaaaaaaa7mto5domu4v7gk3bxq2rnlnslpdc2mnxlue7gatndpienpgmq5wa",
                "route_type": "STATIC"
              }
            ],
            "state": "AVAILABLE",
            "time_created": "2026-03-10 14:42:50.014 +0000 UTC",
            "timeouts": null,
            "vcn_id": "ocid1.vcn.oc19.eu-madrid-2.amaaaaaapw27gbaa26l4e3e3jodcwszp52idisn7ntkehkfskz3zzbp7eliq"
          },
          "sensitive_attributes": [],
          "identity_schema_version": 0,
          "private": "eyJlMmJmYjczMC1lY2FhLTExZTYtOGY4OC0zNDM2M2JjN2M0YzAiOnsiY3JlYXRlIjoxMjAwMDAwMDAwMDAwLCJkZWxldGUiOjEyMDAwMDAwMDAwMDAsInVwZGF0ZSI6MTIwMDAwMDAwMDAwMH19",
          "dependencies": [
            "module.oci_lz_orchestrator.data.oci_identity_regions.these",
            "module.oci_lz_orchestrator.data.oci_identity_tenancy.this",
            "module.oci_lz_orchestrator.module.oci_lz_compartments.oci_identity_compartment.level_2",
            "module.oci_lz_orchestrator.module.oci_lz_compartments.oci_identity_compartment.level_3",
            "module.oci_lz_orchestrator.module.oci_lz_compartments.oci_identity_compartment.level_4",
            "module.oci_lz_orchestrator.module.oci_lz_compartments.oci_identity_compartment.level_5",
            "module.oci_lz_orchestrator.module.oci_lz_compartments.oci_identity_compartment.level_6",
            "module.oci_lz_orchestrator.module.oci_lz_compartments.oci_identity_compartment.these",
            "module.oci_lz_orchestrator.module.oci_lz_compartments.oci_identity_tag_default.these",
            "module.oci_lz_orchestrator.module.oci_lz_network.data.oci_core_services.oci_services",
            "module.oci_lz_orchestrator.module.oci_lz_network.data.oci_core_vcn.existing_vcns",
            "module.oci_lz_orchestrator.module.oci_lz_network.oci_core_drg.these",
            "module.oci_lz_orchestrator.module.oci_lz_network.oci_core_internet_gateway.these",
            "module.oci_lz_orchestrator.module.oci_lz_network.oci_core_local_peering_gateway.oci_acceptor_local_peering_gateways",
            "module.oci_lz_orchestrator.module.oci_lz_network.oci_core_local_peering_gateway.oci_requestor_local_peering_gateways",
            "module.oci_lz_orchestrator.module.oci_lz_network.oci_core_nat_gateway.these",
            "module.oci_lz_orchestrator.module.oci_lz_network.oci_core_public_ip.these",
            "module.oci_lz_orchestrator.module.oci_lz_network.oci_core_public_ip_pool.these",
            "module.oci_lz_orchestrator.module.oci_lz_network.oci_core_route_table.igw_natgw_specific_route_tables",
            "module.oci_lz_orchestrator.module.oci_lz_network.oci_core_route_table.lpg_specific_route_tables",
            "module.oci_lz_orchestrator.module.oci_lz_network.oci_core_route_table.sgw_specific_route_tables",
            "module.oci_lz_orchestrator.module.oci_lz_network.oci_core_service_gateway.these",
            "module.oci_lz_orchestrator.module.oci_lz_network.oci_core_vcn.these",
            "module.oci_lz_orchestrator.module.oci_lz_tags.data.oci_identity_tag.default_created_by",
            "module.oci_lz_orchestrator.module.oci_lz_tags.data.oci_identity_tag.default_created_on",
            "module.oci_lz_orchestrator.module.oci_lz_tags.data.oci_identity_tag_namespaces.oracle_default",
            "module.oci_lz_orchestrator.module.oci_lz_tags.oci_identity_tag.these",
            "module.oci_lz_orchestrator.module.oci_lz_tags.oci_identity_tag_default.these",
            "module.oci_lz_orchestrator.module.oci_lz_tags.oci_identity_tag_namespace.these",
            "module.oci_lz_orchestrator.module.oci_lz_zpr.data.oci_identity_regions.these",
            "module.oci_lz_orchestrator.module.oci_lz_zpr.data.oci_security_attribute_security_attribute_namespaces.default_security_attribute_namespaces",
            "module.oci_lz_orchestrator.module.oci_lz_zpr.data.oci_security_attribute_security_attribute_namespaces.query_security_attribute_namespaces",
            "module.oci_lz_orchestrator.module.oci_lz_zpr.data.oci_zpr_configuration.this",
            "module.oci_lz_orchestrator.module.oci_lz_zpr.oci_security_attribute_security_attribute.these",
            "module.oci_lz_orchestrator.module.oci_lz_zpr.oci_security_attribute_security_attribute_namespace.these",
            "module.oci_lz_orchestrator.module.oci_lz_zpr.oci_zpr_configuration.this",
            "module.oci_lz_orchestrator.module.oci_lz_zpr.oci_zpr_zpr_policy.these",
            "module.oci_lz_orchestrator.module.oci_lz_zpr.time_sleep.wait_after_zpr_configuration"
          ],
          "create_before_destroy": true
        },
        {
          "index_key": "RT-VLL-LZ-EXACS-PRO-CLIENT-KEY",
          "schema_version": 0,
          "attributes": {
            "compartment_id": "ocid1.compartment.oc19..aaaaaaaa5gtrrkqmob4ummcgl52exbo4d4vf55uvlzdku5j4fammf3b2pmlq",
            "defined_tags": {
              "Oracle-Tags.CreatedBy": "default/jorge.e.torlaschi@accenture.com",
              "Oracle-Tags.CreatedOn": "2026-03-10T14:42:49.999Z",
              "o-p-om2-tagns-ens-001.ens-authenticity": "__FILL__",
              "o-p-om2-tagns-ens-001.ens-availability": "__FILL__",
              "o-p-om2-tagns-ens-001.ens-confidentiality": "__FILL__",
              "o-p-om2-tagns-ens-001.ens-integrity": "__FILL__",
              "o-p-om2-tagns-ens-001.ens-traceability": "__FILL__",
              "o-p-om2-tagns-gov-001.application-code": "__FILL__",
              "o-p-om2-tagns-gov-001.application-name": "__FILL__",
              "o-p-om2-tagns-gov-001.business-criticality": "__FILL__",
              "o-p-om2-tagns-gov-001.cost-center": "__FILL__",
              "o-p-om2-tagns-gov-001.department": "__FILL__",
              "o-p-om2-tagns-gov-001.environment": "pro",
              "o-p-om2-tagns-gov-001.iac": "terraform",
              "o-p-om2-tagns-gov-001.name": "o-p-om2-rtb-exacs-procli-001",
              "o-p-om2-tagns-gov-001.operational-owner": "__FILL__",
              "o-p-om2-tagns-gov-001.technical-owner": "__FILL__"
            },
            "display_name": "o-p-om2-rtb-exacs-procli-001",
            "freeform_tags": {
              "ocilz-terraform-module": "networking/0.8.2\r\n"
            },
            "id": "ocid1.routetable.oc19.eu-madrid-2.aaaaaaaavysyvwdx5ejpjsmd5jxgvjam6oiflmsiidryhomite4ennv5enfq",
            "route_rules": [
              {
                "cidr_block": "",
                "description": "Route to Oracle Services Network through Service GW",
                "destination": "all-vll-services-in-oracle-services-network",
                "destination_type": "SERVICE_CIDR_BLOCK",
                "network_entity_id": "ocid1.servicegateway.oc19.eu-madrid-2.aaaaaaaavxjuqe7azfv344j6xgkbhuk2u5j6az5ndjzmrljhupocmfpejm7a",
                "route_type": "STATIC"
              },
              {
                "cidr_block": "",
                "description": "Route to the 0.0.0.0/0 through DRG",
                "destination": "0.0.0.0/0",
                "destination_type": "CIDR_BLOCK",
                "network_entity_id": "ocid1.drg.oc19.eu-madrid-2.aaaaaaaa7mto5domu4v7gk3bxq2rnlnslpdc2mnxlue7gatndpienpgmq5wa",
                "route_type": "STATIC"
              }
            ],
            "state": "AVAILABLE",
            "time_created": "2026-03-10 14:42:50.016 +0000 UTC",
            "timeouts": null,
            "vcn_id": "ocid1.vcn.oc19.eu-madrid-2.amaaaaaapw27gbaa26l4e3e3jodcwszp52idisn7ntkehkfskz3zzbp7eliq"
          },
          "sensitive_attributes": [],
          "identity_schema_version": 0,
          "private": "eyJlMmJmYjczMC1lY2FhLTExZTYtOGY4OC0zNDM2M2JjN2M0YzAiOnsiY3JlYXRlIjoxMjAwMDAwMDAwMDAwLCJkZWxldGUiOjEyMDAwMDAwMDAwMDAsInVwZGF0ZSI6MTIwMDAwMDAwMDAwMH19",
          "dependencies": [
            "module.oci_lz_orchestrator.data.oci_identity_regions.these",
            "module.oci_lz_orchestrator.data.oci_identity_tenancy.this",
            "module.oci_lz_orchestrator.module.oci_lz_compartments.oci_identity_compartment.level_2",
            "module.oci_lz_orchestrator.module.oci_lz_compartments.oci_identity_compartment.level_3",
            "module.oci_lz_orchestrator.module.oci_lz_compartments.oci_identity_compartment.level_4",
            "module.oci_lz_orchestrator.module.oci_lz_compartments.oci_identity_compartment.level_5",
            "module.oci_lz_orchestrator.module.oci_lz_compartments.oci_identity_compartment.level_6",
            "module.oci_lz_orchestrator.module.oci_lz_compartments.oci_identity_compartment.these",
            "module.oci_lz_orchestrator.module.oci_lz_compartments.oci_identity_tag_default.these",
            "module.oci_lz_orchestrator.module.oci_lz_network.data.oci_core_services.oci_services",
            "module.oci_lz_orchestrator.module.oci_lz_network.data.oci_core_vcn.existing_vcns",
            "module.oci_lz_orchestrator.module.oci_lz_network.oci_core_drg.these",
            "module.oci_lz_orchestrator.module.oci_lz_network.oci_core_internet_gateway.these",
            "module.oci_lz_orchestrator.module.oci_lz_network.oci_core_local_peering_gateway.oci_acceptor_local_peering_gateways",
            "module.oci_lz_orchestrator.module.oci_lz_network.oci_core_local_peering_gateway.oci_requestor_local_peering_gateways",
            "module.oci_lz_orchestrator.module.oci_lz_network.oci_core_nat_gateway.these",
            "module.oci_lz_orchestrator.module.oci_lz_network.oci_core_public_ip.these",
            "module.oci_lz_orchestrator.module.oci_lz_network.oci_core_public_ip_pool.these",
            "module.oci_lz_orchestrator.module.oci_lz_network.oci_core_route_table.igw_natgw_specific_route_tables",
            "module.oci_lz_orchestrator.module.oci_lz_network.oci_core_route_table.lpg_specific_route_tables",
            "module.oci_lz_orchestrator.module.oci_lz_network.oci_core_route_table.sgw_specific_route_tables",
            "module.oci_lz_orchestrator.module.oci_lz_network.oci_core_service_gateway.these",
            "module.oci_lz_orchestrator.module.oci_lz_network.oci_core_vcn.these",
            "module.oci_lz_orchestrator.module.oci_lz_tags.data.oci_identity_tag.default_created_by",
            "module.oci_lz_orchestrator.module.oci_lz_tags.data.oci_identity_tag.default_created_on",
            "module.oci_lz_orchestrator.module.oci_lz_tags.data.oci_identity_tag_namespaces.oracle_default",
            "module.oci_lz_orchestrator.module.oci_lz_tags.oci_identity_tag.these",
            "module.oci_lz_orchestrator.module.oci_lz_tags.oci_identity_tag_default.these",
            "module.oci_lz_orchestrator.module.oci_lz_tags.oci_identity_tag_namespace.these",
            "module.oci_lz_orchestrator.module.oci_lz_zpr.data.oci_identity_regions.these",
            "module.oci_lz_orchestrator.module.oci_lz_zpr.data.oci_security_attribute_security_attribute_namespaces.default_security_attribute_namespaces",
            "module.oci_lz_orchestrator.module.oci_lz_zpr.data.oci_security_attribute_security_attribute_namespaces.query_security_attribute_namespaces",
            "module.oci_lz_orchestrator.module.oci_lz_zpr.data.oci_zpr_configuration.this",
            "module.oci_lz_orchestrator.module.oci_lz_zpr.oci_security_attribute_security_attribute.these",
            "module.oci_lz_orchestrator.module.oci_lz_zpr.oci_security_attribute_security_attribute_namespace.these",
            "module.oci_lz_orchestrator.module.oci_lz_zpr.oci_zpr_configuration.this",
            "module.oci_lz_orchestrator.module.oci_lz_zpr.oci_zpr_zpr_policy.these",
            "module.oci_lz_orchestrator.module.oci_lz_zpr.time_sleep.wait_after_zpr_configuration"
          ],
          "create_before_destroy": true
        },
        {
          "index_key": "RT-VLL-LZ-HUB-FW-KEY",
          "schema_version": 0,
          "attributes": {
            "compartment_id": "ocid1.compartment.oc19..aaaaaaaa5gtrrkqmob4ummcgl52exbo4d4vf55uvlzdku5j4fammf3b2pmlq",
            "defined_tags": {
              "Oracle-Tags.CreatedBy": "default/jorge.e.torlaschi@accenture.com",
              "Oracle-Tags.CreatedOn": "2026-03-10T14:42:49.935Z",
              "o-p-om2-tagns-ens-001.ens-authenticity": "__FILL__",
              "o-p-om2-tagns-ens-001.ens-availability": "__FILL__",
              "o-p-om2-tagns-ens-001.ens-confidentiality": "__FILL__",
              "o-p-om2-tagns-ens-001.ens-integrity": "__FILL__",
              "o-p-om2-tagns-ens-001.ens-traceability": "__FILL__",
              "o-p-om2-tagns-gov-001.application-code": "__FILL__",
              "o-p-om2-tagns-gov-001.application-name": "__FILL__",
              "o-p-om2-tagns-gov-001.business-criticality": "__FILL__",
              "o-p-om2-tagns-gov-001.cost-center": "__FILL__",
              "o-p-om2-tagns-gov-001.department": "__FILL__",
              "o-p-om2-tagns-gov-001.environment": "pro",
              "o-p-om2-tagns-gov-001.iac": "terraform",
              "o-p-om2-tagns-gov-001.name": "o-p-om2-rtb-hubfw-001",
              "o-p-om2-tagns-gov-001.operational-owner": "__FILL__",
              "o-p-om2-tagns-gov-001.technical-owner": "__FILL__"
            },
            "display_name": "o-p-om2-rtb-hubfw-001",
            "freeform_tags": {
              "ocilz-terraform-module": "networking/0.8.2\r\n"
            },
            "id": "ocid1.routetable.oc19.eu-madrid-2.aaaaaaaamhwcecichg7l26fnd2rgvqk7ni5x2worom4hblpff3oax6fwie4a",
            "route_rules": [
              {
                "cidr_block": "",
                "description": "Route to Internet through NAT GW",
                "destination": "0.0.0.0/0",
                "destination_type": "CIDR_BLOCK",
                "network_entity_id": "ocid1.natgateway.oc19.eu-madrid-2.aaaaaaaanu7fddyxgdcchizzlez6bbfeomnnwrffuasiou7dpm7aem4fwmwa",
                "route_type": "STATIC"
              }
            ],
            "state": "AVAILABLE",
            "time_created": "2026-03-10 14:42:49.948 +0000 UTC",
            "timeouts": null,
            "vcn_id": "ocid1.vcn.oc19.eu-madrid-2.amaaaaaapw27gbaahaampmaqpuconyvwmecndp6epapf6uv4p2okvyd2qe4q"
          },
          "sensitive_attributes": [],
          "identity_schema_version": 0,
          "private": "eyJlMmJmYjczMC1lY2FhLTExZTYtOGY4OC0zNDM2M2JjN2M0YzAiOnsiY3JlYXRlIjoxMjAwMDAwMDAwMDAwLCJkZWxldGUiOjEyMDAwMDAwMDAwMDAsInVwZGF0ZSI6MTIwMDAwMDAwMDAwMH19",
          "dependencies": [
            "module.oci_lz_orchestrator.data.oci_identity_regions.these",
            "module.oci_lz_orchestrator.data.oci_identity_tenancy.this",
            "module.oci_lz_orchestrator.module.oci_lz_compartments.oci_identity_compartment.level_2",
            "module.oci_lz_orchestrator.module.oci_lz_compartments.oci_identity_compartment.level_3",
            "module.oci_lz_orchestrator.module.oci_lz_compartments.oci_identity_compartment.level_4",
            "module.oci_lz_orchestrator.module.oci_lz_compartments.oci_identity_compartment.level_5",
            "module.oci_lz_orchestrator.module.oci_lz_compartments.oci_identity_compartment.level_6",
            "module.oci_lz_orchestrator.module.oci_lz_compartments.oci_identity_compartment.these",
            "module.oci_lz_orchestrator.module.oci_lz_compartments.oci_identity_tag_default.these",
            "module.oci_lz_orchestrator.module.oci_lz_network.data.oci_core_services.oci_services",
            "module.oci_lz_orchestrator.module.oci_lz_network.data.oci_core_vcn.existing_vcns",
            "module.oci_lz_orchestrator.module.oci_lz_network.oci_core_drg.these",
            "module.oci_lz_orchestrator.module.oci_lz_network.oci_core_internet_gateway.these",
            "module.oci_lz_orchestrator.module.oci_lz_network.oci_core_local_peering_gateway.oci_acceptor_local_peering_gateways",
            "module.oci_lz_orchestrator.module.oci_lz_network.oci_core_local_peering_gateway.oci_requestor_local_peering_gateways",
            "module.oci_lz_orchestrator.module.oci_lz_network.oci_core_nat_gateway.these",
            "module.oci_lz_orchestrator.module.oci_lz_network.oci_core_public_ip.these",
            "module.oci_lz_orchestrator.module.oci_lz_network.oci_core_public_ip_pool.these",
            "module.oci_lz_orchestrator.module.oci_lz_network.oci_core_route_table.igw_natgw_specific_route_tables",
            "module.oci_lz_orchestrator.module.oci_lz_network.oci_core_route_table.lpg_specific_route_tables",
            "module.oci_lz_orchestrator.module.oci_lz_network.oci_core_route_table.sgw_specific_route_tables",
            "module.oci_lz_orchestrator.module.oci_lz_network.oci_core_service_gateway.these",
            "module.oci_lz_orchestrator.module.oci_lz_network.oci_core_vcn.these",
            "module.oci_lz_orchestrator.module.oci_lz_tags.data.oci_identity_tag.default_created_by",
            "module.oci_lz_orchestrator.module.oci_lz_tags.data.oci_identity_tag.default_created_on",
            "module.oci_lz_orchestrator.module.oci_lz_tags.data.oci_identity_tag_namespaces.oracle_default",
            "module.oci_lz_orchestrator.module.oci_lz_tags.oci_identity_tag.these",
            "module.oci_lz_orchestrator.module.oci_lz_tags.oci_identity_tag_default.these",
            "module.oci_lz_orchestrator.module.oci_lz_tags.oci_identity_tag_namespace.these",
            "module.oci_lz_orchestrator.module.oci_lz_zpr.data.oci_identity_regions.these",
            "module.oci_lz_orchestrator.module.oci_lz_zpr.data.oci_security_attribute_security_attribute_namespaces.default_security_attribute_namespaces",
            "module.oci_lz_orchestrator.module.oci_lz_zpr.data.oci_security_attribute_security_attribute_namespaces.query_security_attribute_namespaces",
            "module.oci_lz_orchestrator.module.oci_lz_zpr.data.oci_zpr_configuration.this",
            "module.oci_lz_orchestrator.module.oci_lz_zpr.oci_security_attribute_security_attribute.these",
            "module.oci_lz_orchestrator.module.oci_lz_zpr.oci_security_attribute_security_attribute_namespace.these",
            "module.oci_lz_orchestrator.module.oci_lz_zpr.oci_zpr_configuration.this",
            "module.oci_lz_orchestrator.module.oci_lz_zpr.oci_zpr_zpr_policy.these",
            "module.oci_lz_orchestrator.module.oci_lz_zpr.time_sleep.wait_after_zpr_configuration"
          ],
          "create_before_destroy": true
        }
      ]
    },
    {
      "module": "module.oci_lz_orchestrator.module.oci_lz_network[0]",
      "mode": "managed",
      "type": "oci_core_route_table_attachment",
      "name": "these",
      "provider": "module.oci_lz_orchestrator.provider[\"registry.terraform.io/oracle/oci\"]",
      "instances": [
        {
          "index_key": "SN-VLL-LZ-EXACS-NPR-BACKUP-KEY",
          "schema_version": 0,
          "attributes": {
            "id": "ocid1.subnet.oc19.eu-madrid-2.aaaaaaaapzxknvaxdzhxhy6bnelwuyqykfwccruyrftnshskkcc2upjphvka/ocid1.routetable.oc19.eu-madrid-2.aaaaaaaaxj3cpw5v7ck6pshlzysnpxep73cvbfv6wunmzcxesun4ewxnmkxa",
            "route_table_id": "ocid1.routetable.oc19.eu-madrid-2.aaaaaaaaxj3cpw5v7ck6pshlzysnpxep73cvbfv6wunmzcxesun4ewxnmkxa",
            "subnet_id": "ocid1.subnet.oc19.eu-madrid-2.aaaaaaaapzxknvaxdzhxhy6bnelwuyqykfwccruyrftnshskkcc2upjphvka",
            "timeouts": null
          },
          "sensitive_attributes": [],
          "identity_schema_version": 0,
          "private": "eyJlMmJmYjczMC1lY2FhLTExZTYtOGY4OC0zNDM2M2JjN2M0YzAiOnsiY3JlYXRlIjoxMjAwMDAwMDAwMDAwLCJkZWxldGUiOjEyMDAwMDAwMDAwMDAsInVwZGF0ZSI6MTIwMDAwMDAwMDAwMH0sInNjaGVtYV92ZXJzaW9uIjoiMCJ9",
          "dependencies": [
            "module.oci_lz_orchestrator.data.oci_identity_regions.these",
            "module.oci_lz_orchestrator.data.oci_identity_tenancy.this",
            "module.oci_lz_orchestrator.module.oci_lz_compartments.oci_identity_compartment.level_2",
            "module.oci_lz_orchestrator.module.oci_lz_compartments.oci_identity_compartment.level_3",
            "module.oci_lz_orchestrator.module.oci_lz_compartments.oci_identity_compartment.level_4",
            "module.oci_lz_orchestrator.module.oci_lz_compartments.oci_identity_compartment.level_5",
            "module.oci_lz_orchestrator.module.oci_lz_compartments.oci_identity_compartment.level_6",
            "module.oci_lz_orchestrator.module.oci_lz_compartments.oci_identity_compartment.these",
            "module.oci_lz_orchestrator.module.oci_lz_compartments.oci_identity_tag_default.these",
            "module.oci_lz_orchestrator.module.oci_lz_network.data.oci_core_services.oci_services",
            "module.oci_lz_orchestrator.module.oci_lz_network.data.oci_core_vcn.existing_vcns",
            "module.oci_lz_orchestrator.module.oci_lz_network.oci_core_dhcp_options.these",
            "module.oci_lz_orchestrator.module.oci_lz_network.oci_core_drg.these",
            "module.oci_lz_orchestrator.module.oci_lz_network.oci_core_internet_gateway.these",
            "module.oci_lz_orchestrator.module.oci_lz_network.oci_core_local_peering_gateway.oci_acceptor_local_peering_gateways",
            "module.oci_lz_orchestrator.module.oci_lz_network.oci_core_local_peering_gateway.oci_requestor_local_peering_gateways",
            "module.oci_lz_orchestrator.module.oci_lz_network.oci_core_nat_gateway.these",
            "module.oci_lz_orchestrator.module.oci_lz_network.oci_core_public_ip.these",
            "module.oci_lz_orchestrator.module.oci_lz_network.oci_core_public_ip_pool.these",
            "module.oci_lz_orchestrator.module.oci_lz_network.oci_core_route_table.drga_specific_route_tables",
            "module.oci_lz_orchestrator.module.oci_lz_network.oci_core_route_table.igw_natgw_specific_route_tables",
            "module.oci_lz_orchestrator.module.oci_lz_network.oci_core_route_table.lpg_specific_route_tables",
            "module.oci_lz_orchestrator.module.oci_lz_network.oci_core_route_table.non_gw_specific_remaining_route_tables",
            "module.oci_lz_orchestrator.module.oci_lz_network.oci_core_route_table.sgw_specific_route_tables",
            "module.oci_lz_orchestrator.module.oci_lz_network.oci_core_security_list.these",
            "module.oci_lz_orchestrator.module.oci_lz_network.oci_core_service_gateway.these",
            "module.oci_lz_orchestrator.module.oci_lz_network.oci_core_subnet.these",
            "module.oci_lz_orchestrator.module.oci_lz_network.oci_core_vcn.these",
            "module.oci_lz_orchestrator.module.oci_lz_tags.data.oci_identity_tag.default_created_by",
            "module.oci_lz_orchestrator.module.oci_lz_tags.data.oci_identity_tag.default_created_on",
            "module.oci_lz_orchestrator.module.oci_lz_tags.data.oci_identity_tag_namespaces.oracle_default",
            "module.oci_lz_orchestrator.module.oci_lz_tags.oci_identity_tag.these",
            "module.oci_lz_orchestrator.module.oci_lz_tags.oci_identity_tag_default.these",
            "module.oci_lz_orchestrator.module.oci_lz_tags.oci_identity_tag_namespace.these",
            "module.oci_lz_orchestrator.module.oci_lz_zpr.data.oci_identity_regions.these",
            "module.oci_lz_orchestrator.module.oci_lz_zpr.data.oci_security_attribute_security_attribute_namespaces.default_security_attribute_namespaces",
            "module.oci_lz_orchestrator.module.oci_lz_zpr.data.oci_security_attribute_security_attribute_namespaces.query_security_attribute_namespaces",
            "module.oci_lz_orchestrator.module.oci_lz_zpr.data.oci_zpr_configuration.this",
            "module.oci_lz_orchestrator.module.oci_lz_zpr.oci_security_attribute_security_attribute.these",
            "module.oci_lz_orchestrator.module.oci_lz_zpr.oci_security_attribute_security_attribute_namespace.these",
            "module.oci_lz_orchestrator.module.oci_lz_zpr.oci_zpr_configuration.this",
            "module.oci_lz_orchestrator.module.oci_lz_zpr.oci_zpr_zpr_policy.these",
            "module.oci_lz_orchestrator.module.oci_lz_zpr.time_sleep.wait_after_zpr_configuration"
          ]
        },
        {
          "index_key": "SN-VLL-LZ-EXACS-NPR-CLIENT-KEY",
          "schema_version": 0,
          "attributes": {
            "id": "ocid1.subnet.oc19.eu-madrid-2.aaaaaaaakekfuzcbd43hvuufgzx6x5uybwjcst35azjilncmjgc254i22gpa/ocid1.routetable.oc19.eu-madrid-2.aaaaaaaa26d4p6ngnmfwyddmi7ayygbwkypfgw5sxh4wb7kznmfuparwdwjq",
            "route_table_id": "ocid1.routetable.oc19.eu-madrid-2.aaaaaaaa26d4p6ngnmfwyddmi7ayygbwkypfgw5sxh4wb7kznmfuparwdwjq",
            "subnet_id": "ocid1.subnet.oc19.eu-madrid-2.aaaaaaaakekfuzcbd43hvuufgzx6x5uybwjcst35azjilncmjgc254i22gpa",
            "timeouts": null
          },
          "sensitive_attributes": [],
          "identity_schema_version": 0,
          "private": "eyJlMmJmYjczMC1lY2FhLTExZTYtOGY4OC0zNDM2M2JjN2M0YzAiOnsiY3JlYXRlIjoxMjAwMDAwMDAwMDAwLCJkZWxldGUiOjEyMDAwMDAwMDAwMDAsInVwZGF0ZSI6MTIwMDAwMDAwMDAwMH0sInNjaGVtYV92ZXJzaW9uIjoiMCJ9",
          "dependencies": [
            "module.oci_lz_orchestrator.data.oci_identity_regions.these",
            "module.oci_lz_orchestrator.data.oci_identity_tenancy.this",
            "module.oci_lz_orchestrator.module.oci_lz_compartments.oci_identity_compartment.level_2",
            "module.oci_lz_orchestrator.module.oci_lz_compartments.oci_identity_compartment.level_3",
            "module.oci_lz_orchestrator.module.oci_lz_compartments.oci_identity_compartment.level_4",
            "module.oci_lz_orchestrator.module.oci_lz_compartments.oci_identity_compartment.level_5",
            "module.oci_lz_orchestrator.module.oci_lz_compartments.oci_identity_compartment.level_6",
            "module.oci_lz_orchestrator.module.oci_lz_compartments.oci_identity_compartment.these",
            "module.oci_lz_orchestrator.module.oci_lz_compartments.oci_identity_tag_default.these",
            "module.oci_lz_orchestrator.module.oci_lz_network.data.oci_core_services.oci_services",
            "module.oci_lz_orchestrator.module.oci_lz_network.data.oci_core_vcn.existing_vcns",
            "module.oci_lz_orchestrator.module.oci_lz_network.oci_core_dhcp_options.these",
            "module.oci_lz_orchestrator.module.oci_lz_network.oci_core_drg.these",
            "module.oci_lz_orchestrator.module.oci_lz_network.oci_core_internet_gateway.these",
            "module.oci_lz_orchestrator.module.oci_lz_network.oci_core_local_peering_gateway.oci_acceptor_local_peering_gateways",
            "module.oci_lz_orchestrator.module.oci_lz_network.oci_core_local_peering_gateway.oci_requestor_local_peering_gateways",
            "module.oci_lz_orchestrator.module.oci_lz_network.oci_core_nat_gateway.these",
            "module.oci_lz_orchestrator.module.oci_lz_network.oci_core_public_ip.these",
            "module.oci_lz_orchestrator.module.oci_lz_network.oci_core_public_ip_pool.these",
            "module.oci_lz_orchestrator.module.oci_lz_network.oci_core_route_table.drga_specific_route_tables",
            "module.oci_lz_orchestrator.module.oci_lz_network.oci_core_route_table.igw_natgw_specific_route_tables",
            "module.oci_lz_orchestrator.module.oci_lz_network.oci_core_route_table.lpg_specific_route_tables",
            "module.oci_lz_orchestrator.module.oci_lz_network.oci_core_route_table.non_gw_specific_remaining_route_tables",
            "module.oci_lz_orchestrator.module.oci_lz_network.oci_core_route_table.sgw_specific_route_tables",
            "module.oci_lz_orchestrator.module.oci_lz_network.oci_core_security_list.these",
            "module.oci_lz_orchestrator.module.oci_lz_network.oci_core_service_gateway.these",
            "module.oci_lz_orchestrator.module.oci_lz_network.oci_core_subnet.these",
            "module.oci_lz_orchestrator.module.oci_lz_network.oci_core_vcn.these",
            "module.oci_lz_orchestrator.module.oci_lz_tags.data.oci_identity_tag.default_created_by",
            "module.oci_lz_orchestrator.module.oci_lz_tags.data.oci_identity_tag.default_created_on",
            "module.oci_lz_orchestrator.module.oci_lz_tags.data.oci_identity_tag_namespaces.oracle_default",
            "module.oci_lz_orchestrator.module.oci_lz_tags.oci_identity_tag.these",
            "module.oci_lz_orchestrator.module.oci_lz_tags.oci_identity_tag_default.these",
            "module.oci_lz_orchestrator.module.oci_lz_tags.oci_identity_tag_namespace.these",
            "module.oci_lz_orchestrator.module.oci_lz_zpr.data.oci_identity_regions.these",
            "module.oci_lz_orchestrator.module.oci_lz_zpr.data.oci_security_attribute_security_attribute_namespaces.default_security_attribute_namespaces",
            "module.oci_lz_orchestrator.module.oci_lz_zpr.data.oci_security_attribute_security_attribute_namespaces.query_security_attribute_namespaces",
            "module.oci_lz_orchestrator.module.oci_lz_zpr.data.oci_zpr_configuration.this",
            "module.oci_lz_orchestrator.module.oci_lz_zpr.oci_security_attribute_security_attribute.these",
            "module.oci_lz_orchestrator.module.oci_lz_zpr.oci_security_attribute_security_attribute_namespace.these",
            "module.oci_lz_orchestrator.module.oci_lz_zpr.oci_zpr_configuration.this",
            "module.oci_lz_orchestrator.module.oci_lz_zpr.oci_zpr_zpr_policy.these",
            "module.oci_lz_orchestrator.module.oci_lz_zpr.time_sleep.wait_after_zpr_configuration"
          ]
        },
        {
          "index_key": "SN-VLL-LZ-EXACS-PRO-BACKUP-KEY",
          "schema_version": 0,
          "attributes": {
            "id": "ocid1.subnet.oc19.eu-madrid-2.aaaaaaaakmjkmcwkvu6a3aq4izcvnpsqlgcac7aivh55zn7p4bg22xvwdw4q/ocid1.routetable.oc19.eu-madrid-2.aaaaaaaalajl2baakfooxs77yvz6qt3ybptz6vxrc3fapjnc37i53ijhywqa",
            "route_table_id": "ocid1.routetable.oc19.eu-madrid-2.aaaaaaaalajl2baakfooxs77yvz6qt3ybptz6vxrc3fapjnc37i53ijhywqa",
            "subnet_id": "ocid1.subnet.oc19.eu-madrid-2.aaaaaaaakmjkmcwkvu6a3aq4izcvnpsqlgcac7aivh55zn7p4bg22xvwdw4q",
            "timeouts": null
          },
          "sensitive_attributes": [],
          "identity_schema_version": 0,
          "private": "eyJlMmJmYjczMC1lY2FhLTExZTYtOGY4OC0zNDM2M2JjN2M0YzAiOnsiY3JlYXRlIjoxMjAwMDAwMDAwMDAwLCJkZWxldGUiOjEyMDAwMDAwMDAwMDAsInVwZGF0ZSI6MTIwMDAwMDAwMDAwMH0sInNjaGVtYV92ZXJzaW9uIjoiMCJ9",
          "dependencies": [
            "module.oci_lz_orchestrator.data.oci_identity_regions.these",
            "module.oci_lz_orchestrator.data.oci_identity_tenancy.this",
            "module.oci_lz_orchestrator.module.oci_lz_compartments.oci_identity_compartment.level_2",
            "module.oci_lz_orchestrator.module.oci_lz_compartments.oci_identity_compartment.level_3",
            "module.oci_lz_orchestrator.module.oci_lz_compartments.oci_identity_compartment.level_4",
            "module.oci_lz_orchestrator.module.oci_lz_compartments.oci_identity_compartment.level_5",
            "module.oci_lz_orchestrator.module.oci_lz_compartments.oci_identity_compartment.level_6",
            "module.oci_lz_orchestrator.module.oci_lz_compartments.oci_identity_compartment.these",
            "module.oci_lz_orchestrator.module.oci_lz_compartments.oci_identity_tag_default.these",
            "module.oci_lz_orchestrator.module.oci_lz_network.data.oci_core_services.oci_services",
            "module.oci_lz_orchestrator.module.oci_lz_network.data.oci_core_vcn.existing_vcns",
            "module.oci_lz_orchestrator.module.oci_lz_network.oci_core_dhcp_options.these",
            "module.oci_lz_orchestrator.module.oci_lz_network.oci_core_drg.these",
            "module.oci_lz_orchestrator.module.oci_lz_network.oci_core_internet_gateway.these",
            "module.oci_lz_orchestrator.module.oci_lz_network.oci_core_local_peering_gateway.oci_acceptor_local_peering_gateways",
            "module.oci_lz_orchestrator.module.oci_lz_network.oci_core_local_peering_gateway.oci_requestor_local_peering_gateways",
            "module.oci_lz_orchestrator.module.oci_lz_network.oci_core_nat_gateway.these",
            "module.oci_lz_orchestrator.module.oci_lz_network.oci_core_public_ip.these",
            "module.oci_lz_orchestrator.module.oci_lz_network.oci_core_public_ip_pool.these",
            "module.oci_lz_orchestrator.module.oci_lz_network.oci_core_route_table.drga_specific_route_tables",
            "module.oci_lz_orchestrator.module.oci_lz_network.oci_core_route_table.igw_natgw_specific_route_tables",
            "module.oci_lz_orchestrator.module.oci_lz_network.oci_core_route_table.lpg_specific_route_tables",
            "module.oci_lz_orchestrator.module.oci_lz_network.oci_core_route_table.non_gw_specific_remaining_route_tables",
            "module.oci_lz_orchestrator.module.oci_lz_network.oci_core_route_table.sgw_specific_route_tables",
            "module.oci_lz_orchestrator.module.oci_lz_network.oci_core_security_list.these",
            "module.oci_lz_orchestrator.module.oci_lz_network.oci_core_service_gateway.these",
            "module.oci_lz_orchestrator.module.oci_lz_network.oci_core_subnet.these",
            "module.oci_lz_orchestrator.module.oci_lz_network.oci_core_vcn.these",
            "module.oci_lz_orchestrator.module.oci_lz_tags.data.oci_identity_tag.default_created_by",
            "module.oci_lz_orchestrator.module.oci_lz_tags.data.oci_identity_tag.default_created_on",
            "module.oci_lz_orchestrator.module.oci_lz_tags.data.oci_identity_tag_namespaces.oracle_default",
            "module.oci_lz_orchestrator.module.oci_lz_tags.oci_identity_tag.these",
            "module.oci_lz_orchestrator.module.oci_lz_tags.oci_identity_tag_default.these",
            "module.oci_lz_orchestrator.module.oci_lz_tags.oci_identity_tag_namespace.these",
            "module.oci_lz_orchestrator.module.oci_lz_zpr.data.oci_identity_regions.these",
            "module.oci_lz_orchestrator.module.oci_lz_zpr.data.oci_security_attribute_security_attribute_namespaces.default_security_attribute_namespaces",
            "module.oci_lz_orchestrator.module.oci_lz_zpr.data.oci_security_attribute_security_attribute_namespaces.query_security_attribute_namespaces",
            "module.oci_lz_orchestrator.module.oci_lz_zpr.data.oci_zpr_configuration.this",
            "module.oci_lz_orchestrator.module.oci_lz_zpr.oci_security_attribute_security_attribute.these",
            "module.oci_lz_orchestrator.module.oci_lz_zpr.oci_security_attribute_security_attribute_namespace.these",
            "module.oci_lz_orchestrator.module.oci_lz_zpr.oci_zpr_configuration.this",
            "module.oci_lz_orchestrator.module.oci_lz_zpr.oci_zpr_zpr_policy.these",
            "module.oci_lz_orchestrator.module.oci_lz_zpr.time_sleep.wait_after_zpr_configuration"
          ]
        },
        {
          "index_key": "SN-VLL-LZ-EXACS-PRO-CLIENT-KEY",
          "schema_version": 0,
          "attributes": {
            "id": "ocid1.subnet.oc19.eu-madrid-2.aaaaaaaa25at3fn2vvtxylgqpchpy6lwgcerzodsg3sc53qctppm7fqaddzq/ocid1.routetable.oc19.eu-madrid-2.aaaaaaaavysyvwdx5ejpjsmd5jxgvjam6oiflmsiidryhomite4ennv5enfq",
            "route_table_id": "ocid1.routetable.oc19.eu-madrid-2.aaaaaaaavysyvwdx5ejpjsmd5jxgvjam6oiflmsiidryhomite4ennv5enfq",
            "subnet_id": "ocid1.subnet.oc19.eu-madrid-2.aaaaaaaa25at3fn2vvtxylgqpchpy6lwgcerzodsg3sc53qctppm7fqaddzq",
            "timeouts": null
          },
          "sensitive_attributes": [],
          "identity_schema_version": 0,
          "private": "eyJlMmJmYjczMC1lY2FhLTExZTYtOGY4OC0zNDM2M2JjN2M0YzAiOnsiY3JlYXRlIjoxMjAwMDAwMDAwMDAwLCJkZWxldGUiOjEyMDAwMDAwMDAwMDAsInVwZGF0ZSI6MTIwMDAwMDAwMDAwMH0sInNjaGVtYV92ZXJzaW9uIjoiMCJ9",
          "dependencies": [
            "module.oci_lz_orchestrator.data.oci_identity_regions.these",
            "module.oci_lz_orchestrator.data.oci_identity_tenancy.this",
            "module.oci_lz_orchestrator.module.oci_lz_compartments.oci_identity_compartment.level_2",
            "module.oci_lz_orchestrator.module.oci_lz_compartments.oci_identity_compartment.level_3",
            "module.oci_lz_orchestrator.module.oci_lz_compartments.oci_identity_compartment.level_4",
            "module.oci_lz_orchestrator.module.oci_lz_compartments.oci_identity_compartment.level_5",
            "module.oci_lz_orchestrator.module.oci_lz_compartments.oci_identity_compartment.level_6",
            "module.oci_lz_orchestrator.module.oci_lz_compartments.oci_identity_compartment.these",
            "module.oci_lz_orchestrator.module.oci_lz_compartments.oci_identity_tag_default.these",
            "module.oci_lz_orchestrator.module.oci_lz_network.data.oci_core_services.oci_services",
            "module.oci_lz_orchestrator.module.oci_lz_network.data.oci_core_vcn.existing_vcns",
            "module.oci_lz_orchestrator.module.oci_lz_network.oci_core_dhcp_options.these",
            "module.oci_lz_orchestrator.module.oci_lz_network.oci_core_drg.these",
            "module.oci_lz_orchestrator.module.oci_lz_network.oci_core_internet_gateway.these",
            "module.oci_lz_orchestrator.module.oci_lz_network.oci_core_local_peering_gateway.oci_acceptor_local_peering_gateways",
            "module.oci_lz_orchestrator.module.oci_lz_network.oci_core_local_peering_gateway.oci_requestor_local_peering_gateways",
            "module.oci_lz_orchestrator.module.oci_lz_network.oci_core_nat_gateway.these",
            "module.oci_lz_orchestrator.module.oci_lz_network.oci_core_public_ip.these",
            "module.oci_lz_orchestrator.module.oci_lz_network.oci_core_public_ip_pool.these",
            "module.oci_lz_orchestrator.module.oci_lz_network.oci_core_route_table.drga_specific_route_tables",
            "module.oci_lz_orchestrator.module.oci_lz_network.oci_core_route_table.igw_natgw_specific_route_tables",
            "module.oci_lz_orchestrator.module.oci_lz_network.oci_core_route_table.lpg_specific_route_tables",
            "module.oci_lz_orchestrator.module.oci_lz_network.oci_core_route_table.non_gw_specific_remaining_route_tables",
            "module.oci_lz_orchestrator.module.oci_lz_network.oci_core_route_table.sgw_specific_route_tables",
            "module.oci_lz_orchestrator.module.oci_lz_network.oci_core_security_list.these",
            "module.oci_lz_orchestrator.module.oci_lz_network.oci_core_service_gateway.these",
            "module.oci_lz_orchestrator.module.oci_lz_network.oci_core_subnet.these",
            "module.oci_lz_orchestrator.module.oci_lz_network.oci_core_vcn.these",
            "module.oci_lz_orchestrator.module.oci_lz_tags.data.oci_identity_tag.default_created_by",
            "module.oci_lz_orchestrator.module.oci_lz_tags.data.oci_identity_tag.default_created_on",
            "module.oci_lz_orchestrator.module.oci_lz_tags.data.oci_identity_tag_namespaces.oracle_default",
            "module.oci_lz_orchestrator.module.oci_lz_tags.oci_identity_tag.these",
            "module.oci_lz_orchestrator.module.oci_lz_tags.oci_identity_tag_default.these",
            "module.oci_lz_orchestrator.module.oci_lz_tags.oci_identity_tag_namespace.these",
            "module.oci_lz_orchestrator.module.oci_lz_zpr.data.oci_identity_regions.these",
            "module.oci_lz_orchestrator.module.oci_lz_zpr.data.oci_security_attribute_security_attribute_namespaces.default_security_attribute_namespaces",
            "module.oci_lz_orchestrator.module.oci_lz_zpr.data.oci_security_attribute_security_attribute_namespaces.query_security_attribute_namespaces",
            "module.oci_lz_orchestrator.module.oci_lz_zpr.data.oci_zpr_configuration.this",
            "module.oci_lz_orchestrator.module.oci_lz_zpr.oci_security_attribute_security_attribute.these",
            "module.oci_lz_orchestrator.module.oci_lz_zpr.oci_security_attribute_security_attribute_namespace.these",
            "module.oci_lz_orchestrator.module.oci_lz_zpr.oci_zpr_configuration.this",
            "module.oci_lz_orchestrator.module.oci_lz_zpr.oci_zpr_zpr_policy.these",
            "module.oci_lz_orchestrator.module.oci_lz_zpr.time_sleep.wait_after_zpr_configuration"
          ]
        },
        {
          "index_key": "SN-VLL-LZ-HUB-DNS",
          "schema_version": 0,
          "attributes": {
            "id": "ocid1.subnet.oc19.eu-madrid-2.aaaaaaaana6o4ztydw3u3i7f4nv4xkmmjkscvdj6aiv5t6wnuxqlcfrjp3bq/ocid1.routetable.oc19.eu-madrid-2.aaaaaaaaplxulbv5ftsmxk3t23zaqo6zbest5cc7epsnx3l5i7k2g6geivbq",
            "route_table_id": "ocid1.routetable.oc19.eu-madrid-2.aaaaaaaaplxulbv5ftsmxk3t23zaqo6zbest5cc7epsnx3l5i7k2g6geivbq",
            "subnet_id": "ocid1.subnet.oc19.eu-madrid-2.aaaaaaaana6o4ztydw3u3i7f4nv4xkmmjkscvdj6aiv5t6wnuxqlcfrjp3bq",
            "timeouts": null
          },
          "sensitive_attributes": [],
          "identity_schema_version": 0,
          "private": "eyJlMmJmYjczMC1lY2FhLTExZTYtOGY4OC0zNDM2M2JjN2M0YzAiOnsiY3JlYXRlIjoxMjAwMDAwMDAwMDAwLCJkZWxldGUiOjEyMDAwMDAwMDAwMDAsInVwZGF0ZSI6MTIwMDAwMDAwMDAwMH0sInNjaGVtYV92ZXJzaW9uIjoiMCJ9",
          "dependencies": [
            "module.oci_lz_orchestrator.data.oci_identity_regions.these",
            "module.oci_lz_orchestrator.data.oci_identity_tenancy.this",
            "module.oci_lz_orchestrator.module.oci_lz_compartments.oci_identity_compartment.level_2",
            "module.oci_lz_orchestrator.module.oci_lz_compartments.oci_identity_compartment.level_3",
            "module.oci_lz_orchestrator.module.oci_lz_compartments.oci_identity_compartment.level_4",
            "module.oci_lz_orchestrator.module.oci_lz_compartments.oci_identity_compartment.level_5",
            "module.oci_lz_orchestrator.module.oci_lz_compartments.oci_identity_compartment.level_6",
            "module.oci_lz_orchestrator.module.oci_lz_compartments.oci_identity_compartment.these",
            "module.oci_lz_orchestrator.module.oci_lz_compartments.oci_identity_tag_default.these",
            "module.oci_lz_orchestrator.module.oci_lz_network.data.oci_core_services.oci_services",
            "module.oci_lz_orchestrator.module.oci_lz_network.data.oci_core_vcn.existing_vcns",
            "module.oci_lz_orchestrator.module.oci_lz_network.oci_core_dhcp_options.these",
            "module.oci_lz_orchestrator.module.oci_lz_network.oci_core_drg.these",
            "module.oci_lz_orchestrator.module.oci_lz_network.oci_core_internet_gateway.these",
            "module.oci_lz_orchestrator.module.oci_lz_network.oci_core_local_peering_gateway.oci_acceptor_local_peering_gateways",
            "module.oci_lz_orchestrator.module.oci_lz_network.oci_core_local_peering_gateway.oci_requestor_local_peering_gateways",
            "module.oci_lz_orchestrator.module.oci_lz_network.oci_core_nat_gateway.these",
            "module.oci_lz_orchestrator.module.oci_lz_network.oci_core_public_ip.these",
            "module.oci_lz_orchestrator.module.oci_lz_network.oci_core_public_ip_pool.these",
            "module.oci_lz_orchestrator.module.oci_lz_network.oci_core_route_table.drga_specific_route_tables",
            "module.oci_lz_orchestrator.module.oci_lz_network.oci_core_route_table.igw_natgw_specific_route_tables",
            "module.oci_lz_orchestrator.module.oci_lz_network.oci_core_route_table.lpg_specific_route_tables",
            "module.oci_lz_orchestrator.module.oci_lz_network.oci_core_route_table.non_gw_specific_remaining_route_tables",
            "module.oci_lz_orchestrator.module.oci_lz_network.oci_core_route_table.sgw_specific_route_tables",
            "module.oci_lz_orchestrator.module.oci_lz_network.oci_core_security_list.these",
            "module.oci_lz_orchestrator.module.oci_lz_network.oci_core_service_gateway.these",
            "module.oci_lz_orchestrator.module.oci_lz_network.oci_core_subnet.these",
            "module.oci_lz_orchestrator.module.oci_lz_network.oci_core_vcn.these",
            "module.oci_lz_orchestrator.module.oci_lz_tags.data.oci_identity_tag.default_created_by",
            "module.oci_lz_orchestrator.module.oci_lz_tags.data.oci_identity_tag.default_created_on",
            "module.oci_lz_orchestrator.module.oci_lz_tags.data.oci_identity_tag_namespaces.oracle_default",
            "module.oci_lz_orchestrator.module.oci_lz_tags.oci_identity_tag.these",
            "module.oci_lz_orchestrator.module.oci_lz_tags.oci_identity_tag_default.these",
            "module.oci_lz_orchestrator.module.oci_lz_tags.oci_identity_tag_namespace.these",
            "module.oci_lz_orchestrator.module.oci_lz_zpr.data.oci_identity_regions.these",
            "module.oci_lz_orchestrator.module.oci_lz_zpr.data.oci_security_attribute_security_attribute_namespaces.default_security_attribute_namespaces",
            "module.oci_lz_orchestrator.module.oci_lz_zpr.data.oci_security_attribute_security_attribute_namespaces.query_security_attribute_namespaces",
            "module.oci_lz_orchestrator.module.oci_lz_zpr.data.oci_zpr_configuration.this",
            "module.oci_lz_orchestrator.module.oci_lz_zpr.oci_security_attribute_security_attribute.these",
            "module.oci_lz_orchestrator.module.oci_lz_zpr.oci_security_attribute_security_attribute_namespace.these",
            "module.oci_lz_orchestrator.module.oci_lz_zpr.oci_zpr_configuration.this",
            "module.oci_lz_orchestrator.module.oci_lz_zpr.oci_zpr_zpr_policy.these",
            "module.oci_lz_orchestrator.module.oci_lz_zpr.time_sleep.wait_after_zpr_configuration"
          ]
        },
        {
          "index_key": "SN-VLL-LZ-HUB-FW-KEY",
          "schema_version": 0,
          "attributes": {
            "id": "ocid1.subnet.oc19.eu-madrid-2.aaaaaaaayg3uwvlk4sppnxnqwcqgwcw4egv3b2uwdim36mjqg7gzfvfvzmda/ocid1.routetable.oc19.eu-madrid-2.aaaaaaaamhwcecichg7l26fnd2rgvqk7ni5x2worom4hblpff3oax6fwie4a",
            "route_table_id": "ocid1.routetable.oc19.eu-madrid-2.aaaaaaaamhwcecichg7l26fnd2rgvqk7ni5x2worom4hblpff3oax6fwie4a",
            "subnet_id": "ocid1.subnet.oc19.eu-madrid-2.aaaaaaaayg3uwvlk4sppnxnqwcqgwcw4egv3b2uwdim36mjqg7gzfvfvzmda",
            "timeouts": null
          },
          "sensitive_attributes": [],
          "identity_schema_version": 0,
          "private": "eyJlMmJmYjczMC1lY2FhLTExZTYtOGY4OC0zNDM2M2JjN2M0YzAiOnsiY3JlYXRlIjoxMjAwMDAwMDAwMDAwLCJkZWxldGUiOjEyMDAwMDAwMDAwMDAsInVwZGF0ZSI6MTIwMDAwMDAwMDAwMH0sInNjaGVtYV92ZXJzaW9uIjoiMCJ9",
          "dependencies": [
            "module.oci_lz_orchestrator.data.oci_identity_regions.these",
            "module.oci_lz_orchestrator.data.oci_identity_tenancy.this",
            "module.oci_lz_orchestrator.module.oci_lz_compartments.oci_identity_compartment.level_2",
            "module.oci_lz_orchestrator.module.oci_lz_compartments.oci_identity_compartment.level_3",
            "module.oci_lz_orchestrator.module.oci_lz_compartments.oci_identity_compartment.level_4",
            "module.oci_lz_orchestrator.module.oci_lz_compartments.oci_identity_compartment.level_5",
            "module.oci_lz_orchestrator.module.oci_lz_compartments.oci_identity_compartment.level_6",
            "module.oci_lz_orchestrator.module.oci_lz_compartments.oci_identity_compartment.these",
            "module.oci_lz_orchestrator.module.oci_lz_compartments.oci_identity_tag_default.these",
            "module.oci_lz_orchestrator.module.oci_lz_network.data.oci_core_services.oci_services",
            "module.oci_lz_orchestrator.module.oci_lz_network.data.oci_core_vcn.existing_vcns",
            "module.oci_lz_orchestrator.module.oci_lz_network.oci_core_dhcp_options.these",
            "module.oci_lz_orchestrator.module.oci_lz_network.oci_core_drg.these",
            "module.oci_lz_orchestrator.module.oci_lz_network.oci_core_internet_gateway.these",
            "module.oci_lz_orchestrator.module.oci_lz_network.oci_core_local_peering_gateway.oci_acceptor_local_peering_gateways",
            "module.oci_lz_orchestrator.module.oci_lz_network.oci_core_local_peering_gateway.oci_requestor_local_peering_gateways",
            "module.oci_lz_orchestrator.module.oci_lz_network.oci_core_nat_gateway.these",
            "module.oci_lz_orchestrator.module.oci_lz_network.oci_core_public_ip.these",
            "module.oci_lz_orchestrator.module.oci_lz_network.oci_core_public_ip_pool.these",
            "module.oci_lz_orchestrator.module.oci_lz_network.oci_core_route_table.drga_specific_route_tables",
            "module.oci_lz_orchestrator.module.oci_lz_network.oci_core_route_table.igw_natgw_specific_route_tables",
            "module.oci_lz_orchestrator.module.oci_lz_network.oci_core_route_table.lpg_specific_route_tables",
            "module.oci_lz_orchestrator.module.oci_lz_network.oci_core_route_table.non_gw_specific_remaining_route_tables",
            "module.oci_lz_orchestrator.module.oci_lz_network.oci_core_route_table.sgw_specific_route_tables",
            "module.oci_lz_orchestrator.module.oci_lz_network.oci_core_security_list.these",
            "module.oci_lz_orchestrator.module.oci_lz_network.oci_core_service_gateway.these",
            "module.oci_lz_orchestrator.module.oci_lz_network.oci_core_subnet.these",
            "module.oci_lz_orchestrator.module.oci_lz_network.oci_core_vcn.these",
            "module.oci_lz_orchestrator.module.oci_lz_tags.data.oci_identity_tag.default_created_by",
            "module.oci_lz_orchestrator.module.oci_lz_tags.data.oci_identity_tag.default_created_on",
            "module.oci_lz_orchestrator.module.oci_lz_tags.data.oci_identity_tag_namespaces.oracle_default",
            "module.oci_lz_orchestrator.module.oci_lz_tags.oci_identity_tag.these",
            "module.oci_lz_orchestrator.module.oci_lz_tags.oci_identity_tag_default.these",
            "module.oci_lz_orchestrator.module.oci_lz_tags.oci_identity_tag_namespace.these",
            "module.oci_lz_orchestrator.module.oci_lz_zpr.data.oci_identity_regions.these",
            "module.oci_lz_orchestrator.module.oci_lz_zpr.data.oci_security_attribute_security_attribute_namespaces.default_security_attribute_namespaces",
            "module.oci_lz_orchestrator.module.oci_lz_zpr.data.oci_security_attribute_security_attribute_namespaces.query_security_attribute_namespaces",
            "module.oci_lz_orchestrator.module.oci_lz_zpr.data.oci_zpr_configuration.this",
            "module.oci_lz_orchestrator.module.oci_lz_zpr.oci_security_attribute_security_attribute.these",
            "module.oci_lz_orchestrator.module.oci_lz_zpr.oci_security_attribute_security_attribute_namespace.these",
            "module.oci_lz_orchestrator.module.oci_lz_zpr.oci_zpr_configuration.this",
            "module.oci_lz_orchestrator.module.oci_lz_zpr.oci_zpr_zpr_policy.these",
            "module.oci_lz_orchestrator.module.oci_lz_zpr.time_sleep.wait_after_zpr_configuration"
          ]
        },
        {
          "index_key": "SN-VLL-LZ-HUB-MGMT-KEY",
          "schema_version": 0,
          "attributes": {
            "id": "ocid1.subnet.oc19.eu-madrid-2.aaaaaaaavcjg6zczpbp4h2avcsawctp2su5x6nbzsfeqizy5edgy7b2chwxa/ocid1.routetable.oc19.eu-madrid-2.aaaaaaaaplxulbv5ftsmxk3t23zaqo6zbest5cc7epsnx3l5i7k2g6geivbq",
            "route_table_id": "ocid1.routetable.oc19.eu-madrid-2.aaaaaaaaplxulbv5ftsmxk3t23zaqo6zbest5cc7epsnx3l5i7k2g6geivbq",
            "subnet_id": "ocid1.subnet.oc19.eu-madrid-2.aaaaaaaavcjg6zczpbp4h2avcsawctp2su5x6nbzsfeqizy5edgy7b2chwxa",
            "timeouts": null
          },
          "sensitive_attributes": [],
          "identity_schema_version": 0,
          "private": "eyJlMmJmYjczMC1lY2FhLTExZTYtOGY4OC0zNDM2M2JjN2M0YzAiOnsiY3JlYXRlIjoxMjAwMDAwMDAwMDAwLCJkZWxldGUiOjEyMDAwMDAwMDAwMDAsInVwZGF0ZSI6MTIwMDAwMDAwMDAwMH0sInNjaGVtYV92ZXJzaW9uIjoiMCJ9",
          "dependencies": [
            "module.oci_lz_orchestrator.data.oci_identity_regions.these",
            "module.oci_lz_orchestrator.data.oci_identity_tenancy.this",
            "module.oci_lz_orchestrator.module.oci_lz_compartments.oci_identity_compartment.level_2",
            "module.oci_lz_orchestrator.module.oci_lz_compartments.oci_identity_compartment.level_3",
            "module.oci_lz_orchestrator.module.oci_lz_compartments.oci_identity_compartment.level_4",
            "module.oci_lz_orchestrator.module.oci_lz_compartments.oci_identity_compartment.level_5",
            "module.oci_lz_orchestrator.module.oci_lz_compartments.oci_identity_compartment.level_6",
            "module.oci_lz_orchestrator.module.oci_lz_compartments.oci_identity_compartment.these",
            "module.oci_lz_orchestrator.module.oci_lz_compartments.oci_identity_tag_default.these",
            "module.oci_lz_orchestrator.module.oci_lz_network.data.oci_core_services.oci_services",
            "module.oci_lz_orchestrator.module.oci_lz_network.data.oci_core_vcn.existing_vcns",
            "module.oci_lz_orchestrator.module.oci_lz_network.oci_core_dhcp_options.these",
            "module.oci_lz_orchestrator.module.oci_lz_network.oci_core_drg.these",
            "module.oci_lz_orchestrator.module.oci_lz_network.oci_core_internet_gateway.these",
            "module.oci_lz_orchestrator.module.oci_lz_network.oci_core_local_peering_gateway.oci_acceptor_local_peering_gateways",
            "module.oci_lz_orchestrator.module.oci_lz_network.oci_core_local_peering_gateway.oci_requestor_local_peering_gateways",
            "module.oci_lz_orchestrator.module.oci_lz_network.oci_core_nat_gateway.these",
            "module.oci_lz_orchestrator.module.oci_lz_network.oci_core_public_ip.these",
            "module.oci_lz_orchestrator.module.oci_lz_network.oci_core_public_ip_pool.these",
            "module.oci_lz_orchestrator.module.oci_lz_network.oci_core_route_table.drga_specific_route_tables",
            "module.oci_lz_orchestrator.module.oci_lz_network.oci_core_route_table.igw_natgw_specific_route_tables",
            "module.oci_lz_orchestrator.module.oci_lz_network.oci_core_route_table.lpg_specific_route_tables",
            "module.oci_lz_orchestrator.module.oci_lz_network.oci_core_route_table.non_gw_specific_remaining_route_tables",
            "module.oci_lz_orchestrator.module.oci_lz_network.oci_core_route_table.sgw_specific_route_tables",
            "module.oci_lz_orchestrator.module.oci_lz_network.oci_core_security_list.these",
            "module.oci_lz_orchestrator.module.oci_lz_network.oci_core_service_gateway.these",
            "module.oci_lz_orchestrator.module.oci_lz_network.oci_core_subnet.these",
            "module.oci_lz_orchestrator.module.oci_lz_network.oci_core_vcn.these",
            "module.oci_lz_orchestrator.module.oci_lz_tags.data.oci_identity_tag.default_created_by",
            "module.oci_lz_orchestrator.module.oci_lz_tags.data.oci_identity_tag.default_created_on",
            "module.oci_lz_orchestrator.module.oci_lz_tags.data.oci_identity_tag_namespaces.oracle_default",
            "module.oci_lz_orchestrator.module.oci_lz_tags.oci_identity_tag.these",
            "module.oci_lz_orchestrator.module.oci_lz_tags.oci_identity_tag_default.these",
            "module.oci_lz_orchestrator.module.oci_lz_tags.oci_identity_tag_namespace.these",
            "module.oci_lz_orchestrator.module.oci_lz_zpr.data.oci_identity_regions.these",
            "module.oci_lz_orchestrator.module.oci_lz_zpr.data.oci_security_attribute_security_attribute_namespaces.default_security_attribute_namespaces",
            "module.oci_lz_orchestrator.module.oci_lz_zpr.data.oci_security_attribute_security_attribute_namespaces.query_security_attribute_namespaces",
            "module.oci_lz_orchestrator.module.oci_lz_zpr.data.oci_zpr_configuration.this",
            "module.oci_lz_orchestrator.module.oci_lz_zpr.oci_security_attribute_security_attribute.these",
            "module.oci_lz_orchestrator.module.oci_lz_zpr.oci_security_attribute_security_attribute_namespace.these",
            "module.oci_lz_orchestrator.module.oci_lz_zpr.oci_zpr_configuration.this",
            "module.oci_lz_orchestrator.module.oci_lz_zpr.oci_zpr_zpr_policy.these",
            "module.oci_lz_orchestrator.module.oci_lz_zpr.time_sleep.wait_after_zpr_configuration"
          ]
        },
        {
          "index_key": "SN-VLL-LZ-HUB-MON-KEY",
          "schema_version": 0,
          "attributes": {
            "id": "ocid1.subnet.oc19.eu-madrid-2.aaaaaaaay4uhy4psi4rga5wpyz2ciq4ev4bw6ijmgjqqwj5at77l77xx6yhq/ocid1.routetable.oc19.eu-madrid-2.aaaaaaaaplxulbv5ftsmxk3t23zaqo6zbest5cc7epsnx3l5i7k2g6geivbq",
            "route_table_id": "ocid1.routetable.oc19.eu-madrid-2.aaaaaaaaplxulbv5ftsmxk3t23zaqo6zbest5cc7epsnx3l5i7k2g6geivbq",
            "subnet_id": "ocid1.subnet.oc19.eu-madrid-2.aaaaaaaay4uhy4psi4rga5wpyz2ciq4ev4bw6ijmgjqqwj5at77l77xx6yhq",
            "timeouts": null
          },
          "sensitive_attributes": [],
          "identity_schema_version": 0,
          "private": "eyJlMmJmYjczMC1lY2FhLTExZTYtOGY4OC0zNDM2M2JjN2M0YzAiOnsiY3JlYXRlIjoxMjAwMDAwMDAwMDAwLCJkZWxldGUiOjEyMDAwMDAwMDAwMDAsInVwZGF0ZSI6MTIwMDAwMDAwMDAwMH0sInNjaGVtYV92ZXJzaW9uIjoiMCJ9",
          "dependencies": [
            "module.oci_lz_orchestrator.data.oci_identity_regions.these",
            "module.oci_lz_orchestrator.data.oci_identity_tenancy.this",
            "module.oci_lz_orchestrator.module.oci_lz_compartments.oci_identity_compartment.level_2",
            "module.oci_lz_orchestrator.module.oci_lz_compartments.oci_identity_compartment.level_3",
            "module.oci_lz_orchestrator.module.oci_lz_compartments.oci_identity_compartment.level_4",
            "module.oci_lz_orchestrator.module.oci_lz_compartments.oci_identity_compartment.level_5",
            "module.oci_lz_orchestrator.module.oci_lz_compartments.oci_identity_compartment.level_6",
            "module.oci_lz_orchestrator.module.oci_lz_compartments.oci_identity_compartment.these",
            "module.oci_lz_orchestrator.module.oci_lz_compartments.oci_identity_tag_default.these",
            "module.oci_lz_orchestrator.module.oci_lz_network.data.oci_core_services.oci_services",
            "module.oci_lz_orchestrator.module.oci_lz_network.data.oci_core_vcn.existing_vcns",
            "module.oci_lz_orchestrator.module.oci_lz_network.oci_core_dhcp_options.these",
            "module.oci_lz_orchestrator.module.oci_lz_network.oci_core_drg.these",
            "module.oci_lz_orchestrator.module.oci_lz_network.oci_core_internet_gateway.these",
            "module.oci_lz_orchestrator.module.oci_lz_network.oci_core_local_peering_gateway.oci_acceptor_local_peering_gateways",
            "module.oci_lz_orchestrator.module.oci_lz_network.oci_core_local_peering_gateway.oci_requestor_local_peering_gateways",
            "module.oci_lz_orchestrator.module.oci_lz_network.oci_core_nat_gateway.these",
            "module.oci_lz_orchestrator.module.oci_lz_network.oci_core_public_ip.these",
            "module.oci_lz_orchestrator.module.oci_lz_network.oci_core_public_ip_pool.these",
            "module.oci_lz_orchestrator.module.oci_lz_network.oci_core_route_table.drga_specific_route_tables",
            "module.oci_lz_orchestrator.module.oci_lz_network.oci_core_route_table.igw_natgw_specific_route_tables",
            "module.oci_lz_orchestrator.module.oci_lz_network.oci_core_route_table.lpg_specific_route_tables",
            "module.oci_lz_orchestrator.module.oci_lz_network.oci_core_route_table.non_gw_specific_remaining_route_tables",
            "module.oci_lz_orchestrator.module.oci_lz_network.oci_core_route_table.sgw_specific_route_tables",
            "module.oci_lz_orchestrator.module.oci_lz_network.oci_core_security_list.these",
            "module.oci_lz_orchestrator.module.oci_lz_network.oci_core_service_gateway.these",
            "module.oci_lz_orchestrator.module.oci_lz_network.oci_core_subnet.these",
            "module.oci_lz_orchestrator.module.oci_lz_network.oci_core_vcn.these",
            "module.oci_lz_orchestrator.module.oci_lz_tags.data.oci_identity_tag.default_created_by",
            "module.oci_lz_orchestrator.module.oci_lz_tags.data.oci_identity_tag.default_created_on",
            "module.oci_lz_orchestrator.module.oci_lz_tags.data.oci_identity_tag_namespaces.oracle_default",
            "module.oci_lz_orchestrator.module.oci_lz_tags.oci_identity_tag.these",
            "module.oci_lz_orchestrator.module.oci_lz_tags.oci_identity_tag_default.these",
            "module.oci_lz_orchestrator.module.oci_lz_tags.oci_identity_tag_namespace.these",
            "module.oci_lz_orchestrator.module.oci_lz_zpr.data.oci_identity_regions.these",
            "module.oci_lz_orchestrator.module.oci_lz_zpr.data.oci_security_attribute_security_attribute_namespaces.default_security_attribute_namespaces",
            "module.oci_lz_orchestrator.module.oci_lz_zpr.data.oci_security_attribute_security_attribute_namespaces.query_security_attribute_namespaces",
            "module.oci_lz_orchestrator.module.oci_lz_zpr.data.oci_zpr_configuration.this",
            "module.oci_lz_orchestrator.module.oci_lz_zpr.oci_security_attribute_security_attribute.these",
            "module.oci_lz_orchestrator.module.oci_lz_zpr.oci_security_attribute_security_attribute_namespace.these",
            "module.oci_lz_orchestrator.module.oci_lz_zpr.oci_zpr_configuration.this",
            "module.oci_lz_orchestrator.module.oci_lz_zpr.oci_zpr_zpr_policy.these",
            "module.oci_lz_orchestrator.module.oci_lz_zpr.time_sleep.wait_after_zpr_configuration"
          ]
        }
      ]
    },
    {
      "module": "module.oci_lz_orchestrator.module.oci_lz_network[0]",
      "mode": "managed",
      "type": "oci_core_security_list",
      "name": "these",
      "provider": "module.oci_lz_orchestrator.provider[\"registry.terraform.io/oracle/oci\"]",
      "instances": [
        {
          "index_key": "SL-VLL-LZ-EXACS-NPR-BACKUP-KEY",
          "schema_version": 0,
          "attributes": {
            "compartment_id": "ocid1.compartment.oc19..aaaaaaaa5gtrrkqmob4ummcgl52exbo4d4vf55uvlzdku5j4fammf3b2pmlq",
            "defined_tags": {
              "Oracle-Tags.CreatedBy": "default/jorge.e.torlaschi@accenture.com",
              "Oracle-Tags.CreatedOn": "2026-03-10T14:42:39.679Z",
              "o-p-om2-tagns-ens-001.ens-authenticity": "__FILL__",
              "o-p-om2-tagns-ens-001.ens-availability": "__FILL__",
              "o-p-om2-tagns-ens-001.ens-confidentiality": "__FILL__",
              "o-p-om2-tagns-ens-001.ens-integrity": "__FILL__",
              "o-p-om2-tagns-ens-001.ens-traceability": "__FILL__",
              "o-p-om2-tagns-gov-001.application-code": "__FILL__",
              "o-p-om2-tagns-gov-001.application-name": "__FILL__",
              "o-p-om2-tagns-gov-001.business-criticality": "__FILL__",
              "o-p-om2-tagns-gov-001.cost-center": "__FILL__",
              "o-p-om2-tagns-gov-001.department": "__FILL__",
              "o-p-om2-tagns-gov-001.environment": "dev",
              "o-p-om2-tagns-gov-001.iac": "terraform",
              "o-p-om2-tagns-gov-001.name": "o-d-om2-sl-exacs-nprbck-001",
              "o-p-om2-tagns-gov-001.operational-owner": "__FILL__",
              "o-p-om2-tagns-gov-001.technical-owner": "__FILL__"
            },
            "display_name": "o-d-om2-sl-exacs-nprbck-001",
            "egress_security_rules": [
              {
                "description": "Allow all outbound traffic to 0.0.0.0/0 over all protocols",
                "destination": "0.0.0.0/0",
                "destination_type": "CIDR_BLOCK",
                "icmp_options": [],
                "protocol": "all",
                "stateless": false,
                "tcp_options": [],
                "udp_options": []
              }
            ],
            "freeform_tags": {
              "ocilz-terraform-module": "networking/0.8.2\r\n"
            },
            "id": "ocid1.securitylist.oc19.eu-madrid-2.aaaaaaaaq3gxlqmzhihavo2fq4ftdt4lh2nwcvngfneo4oj6ihx7sjaetiiq",
            "ingress_security_rules": [
              {
                "description": "ICMP type 3 code 4",
                "icmp_options": [
                  {
                    "code": 4,
                    "type": 3
                  }
                ],
                "protocol": "1",
                "source": "0.0.0.0/0",
                "source_type": "CIDR_BLOCK",
                "stateless": false,
                "tcp_options": [],
                "udp_options": []
              },
              {
                "description": "ICMP type 3",
                "icmp_options": [
                  {
                    "code": -1,
                    "type": 3
                  }
                ],
                "protocol": "1",
                "source": "10.197.128.0/23",
                "source_type": "CIDR_BLOCK",
                "stateless": false,
                "tcp_options": [],
                "udp_options": []
              },
              {
                "description": "ICMP type 8 (Echo)",
                "icmp_options": [
                  {
                    "code": 0,
                    "type": 8
                  }
                ],
                "protocol": "1",
                "source": "10.197.128.0/23",
                "source_type": "CIDR_BLOCK",
                "stateless": false,
                "tcp_options": [],
                "udp_options": []
              }
            ],
            "state": "AVAILABLE",
            "time_created": "2026-03-10 14:42:39.692 +0000 UTC",
            "timeouts": null,
            "vcn_id": "ocid1.vcn.oc19.eu-madrid-2.amaaaaaapw27gbaatri7xmitendke5zbqpwk3dzghwa7apab56eya5rb2fza"
          },
          "sensitive_attributes": [],
          "identity_schema_version": 0,
          "private": "eyJlMmJmYjczMC1lY2FhLTExZTYtOGY4OC0zNDM2M2JjN2M0YzAiOnsiY3JlYXRlIjoxMjAwMDAwMDAwMDAwLCJkZWxldGUiOjEyMDAwMDAwMDAwMDAsInVwZGF0ZSI6MTIwMDAwMDAwMDAwMH19",
          "dependencies": [
            "module.oci_lz_orchestrator.data.oci_identity_regions.these",
            "module.oci_lz_orchestrator.data.oci_identity_tenancy.this",
            "module.oci_lz_orchestrator.module.oci_lz_compartments.oci_identity_compartment.level_2",
            "module.oci_lz_orchestrator.module.oci_lz_compartments.oci_identity_compartment.level_3",
            "module.oci_lz_orchestrator.module.oci_lz_compartments.oci_identity_compartment.level_4",
            "module.oci_lz_orchestrator.module.oci_lz_compartments.oci_identity_compartment.level_5",
            "module.oci_lz_orchestrator.module.oci_lz_compartments.oci_identity_compartment.level_6",
            "module.oci_lz_orchestrator.module.oci_lz_compartments.oci_identity_compartment.these",
            "module.oci_lz_orchestrator.module.oci_lz_compartments.oci_identity_tag_default.these",
            "module.oci_lz_orchestrator.module.oci_lz_network.data.oci_core_services.oci_services",
            "module.oci_lz_orchestrator.module.oci_lz_network.data.oci_core_vcn.existing_vcns",
            "module.oci_lz_orchestrator.module.oci_lz_network.oci_core_vcn.these",
            "module.oci_lz_orchestrator.module.oci_lz_tags.data.oci_identity_tag.default_created_by",
            "module.oci_lz_orchestrator.module.oci_lz_tags.data.oci_identity_tag.default_created_on",
            "module.oci_lz_orchestrator.module.oci_lz_tags.data.oci_identity_tag_namespaces.oracle_default",
            "module.oci_lz_orchestrator.module.oci_lz_tags.oci_identity_tag.these",
            "module.oci_lz_orchestrator.module.oci_lz_tags.oci_identity_tag_default.these",
            "module.oci_lz_orchestrator.module.oci_lz_tags.oci_identity_tag_namespace.these",
            "module.oci_lz_orchestrator.module.oci_lz_zpr.data.oci_identity_regions.these",
            "module.oci_lz_orchestrator.module.oci_lz_zpr.data.oci_security_attribute_security_attribute_namespaces.default_security_attribute_namespaces",
            "module.oci_lz_orchestrator.module.oci_lz_zpr.data.oci_security_attribute_security_attribute_namespaces.query_security_attribute_namespaces",
            "module.oci_lz_orchestrator.module.oci_lz_zpr.data.oci_zpr_configuration.this",
            "module.oci_lz_orchestrator.module.oci_lz_zpr.oci_security_attribute_security_attribute.these",
            "module.oci_lz_orchestrator.module.oci_lz_zpr.oci_security_attribute_security_attribute_namespace.these",
            "module.oci_lz_orchestrator.module.oci_lz_zpr.oci_zpr_configuration.this",
            "module.oci_lz_orchestrator.module.oci_lz_zpr.oci_zpr_zpr_policy.these",
            "module.oci_lz_orchestrator.module.oci_lz_zpr.time_sleep.wait_after_zpr_configuration"
          ],
          "create_before_destroy": true
        },
        {
          "index_key": "SL-VLL-LZ-EXACS-NPR-CLIENT-KEY",
          "schema_version": 0,
          "attributes": {
            "compartment_id": "ocid1.compartment.oc19..aaaaaaaa5gtrrkqmob4ummcgl52exbo4d4vf55uvlzdku5j4fammf3b2pmlq",
            "defined_tags": {
              "Oracle-Tags.CreatedBy": "default/jorge.e.torlaschi@accenture.com",
              "Oracle-Tags.CreatedOn": "2026-03-10T14:42:39.716Z",
              "o-p-om2-tagns-ens-001.ens-authenticity": "__FILL__",
              "o-p-om2-tagns-ens-001.ens-availability": "__FILL__",
              "o-p-om2-tagns-ens-001.ens-confidentiality": "__FILL__",
              "o-p-om2-tagns-ens-001.ens-integrity": "__FILL__",
              "o-p-om2-tagns-ens-001.ens-traceability": "__FILL__",
              "o-p-om2-tagns-gov-001.application-code": "__FILL__",
              "o-p-om2-tagns-gov-001.application-name": "__FILL__",
              "o-p-om2-tagns-gov-001.business-criticality": "__FILL__",
              "o-p-om2-tagns-gov-001.cost-center": "__FILL__",
              "o-p-om2-tagns-gov-001.department": "__FILL__",
              "o-p-om2-tagns-gov-001.environment": "dev",
              "o-p-om2-tagns-gov-001.iac": "terraform",
              "o-p-om2-tagns-gov-001.name": "o-d-om2-sl-exacs-nprcli-001",
              "o-p-om2-tagns-gov-001.operational-owner": "__FILL__",
              "o-p-om2-tagns-gov-001.technical-owner": "__FILL__"
            },
            "display_name": "o-d-om2-sl-exacs-nprcli-001",
            "egress_security_rules": [
              {
                "description": "Allow all outbound traffic to 0.0.0.0/0 over all protocols",
                "destination": "0.0.0.0/0",
                "destination_type": "CIDR_BLOCK",
                "icmp_options": [],
                "protocol": "all",
                "stateless": false,
                "tcp_options": [],
                "udp_options": []
              }
            ],
            "freeform_tags": {
              "ocilz-terraform-module": "networking/0.8.2\r\n"
            },
            "id": "ocid1.securitylist.oc19.eu-madrid-2.aaaaaaaaj3ondyeq6escsvhcprydlvvdrc36vjgnx5q3gdw2bitgtpf2sctq",
            "ingress_security_rules": [
              {
                "description": "ICMP type 3 code 4",
                "icmp_options": [
                  {
                    "code": 4,
                    "type": 3
                  }
                ],
                "protocol": "1",
                "source": "0.0.0.0/0",
                "source_type": "CIDR_BLOCK",
                "stateless": false,
                "tcp_options": [],
                "udp_options": []
              },
              {
                "description": "ICMP type 3",
                "icmp_options": [
                  {
                    "code": -1,
                    "type": 3
                  }
                ],
                "protocol": "1",
                "source": "10.197.128.0/23",
                "source_type": "CIDR_BLOCK",
                "stateless": false,
                "tcp_options": [],
                "udp_options": []
              },
              {
                "description": "ICMP type 8 (Echo)",
                "icmp_options": [
                  {
                    "code": 0,
                    "type": 8
                  }
                ],
                "protocol": "1",
                "source": "10.197.128.0/23",
                "source_type": "CIDR_BLOCK",
                "stateless": false,
                "tcp_options": [],
                "udp_options": []
              }
            ],
            "state": "AVAILABLE",
            "time_created": "2026-03-10 14:42:39.729 +0000 UTC",
            "timeouts": null,
            "vcn_id": "ocid1.vcn.oc19.eu-madrid-2.amaaaaaapw27gbaatri7xmitendke5zbqpwk3dzghwa7apab56eya5rb2fza"
          },
          "sensitive_attributes": [],
          "identity_schema_version": 0,
          "private": "eyJlMmJmYjczMC1lY2FhLTExZTYtOGY4OC0zNDM2M2JjN2M0YzAiOnsiY3JlYXRlIjoxMjAwMDAwMDAwMDAwLCJkZWxldGUiOjEyMDAwMDAwMDAwMDAsInVwZGF0ZSI6MTIwMDAwMDAwMDAwMH19",
          "dependencies": [
            "module.oci_lz_orchestrator.data.oci_identity_regions.these",
            "module.oci_lz_orchestrator.data.oci_identity_tenancy.this",
            "module.oci_lz_orchestrator.module.oci_lz_compartments.oci_identity_compartment.level_2",
            "module.oci_lz_orchestrator.module.oci_lz_compartments.oci_identity_compartment.level_3",
            "module.oci_lz_orchestrator.module.oci_lz_compartments.oci_identity_compartment.level_4",
            "module.oci_lz_orchestrator.module.oci_lz_compartments.oci_identity_compartment.level_5",
            "module.oci_lz_orchestrator.module.oci_lz_compartments.oci_identity_compartment.level_6",
            "module.oci_lz_orchestrator.module.oci_lz_compartments.oci_identity_compartment.these",
            "module.oci_lz_orchestrator.module.oci_lz_compartments.oci_identity_tag_default.these",
            "module.oci_lz_orchestrator.module.oci_lz_network.data.oci_core_services.oci_services",
            "module.oci_lz_orchestrator.module.oci_lz_network.data.oci_core_vcn.existing_vcns",
            "module.oci_lz_orchestrator.module.oci_lz_network.oci_core_vcn.these",
            "module.oci_lz_orchestrator.module.oci_lz_tags.data.oci_identity_tag.default_created_by",
            "module.oci_lz_orchestrator.module.oci_lz_tags.data.oci_identity_tag.default_created_on",
            "module.oci_lz_orchestrator.module.oci_lz_tags.data.oci_identity_tag_namespaces.oracle_default",
            "module.oci_lz_orchestrator.module.oci_lz_tags.oci_identity_tag.these",
            "module.oci_lz_orchestrator.module.oci_lz_tags.oci_identity_tag_default.these",
            "module.oci_lz_orchestrator.module.oci_lz_tags.oci_identity_tag_namespace.these",
            "module.oci_lz_orchestrator.module.oci_lz_zpr.data.oci_identity_regions.these",
            "module.oci_lz_orchestrator.module.oci_lz_zpr.data.oci_security_attribute_security_attribute_namespaces.default_security_attribute_namespaces",
            "module.oci_lz_orchestrator.module.oci_lz_zpr.data.oci_security_attribute_security_attribute_namespaces.query_security_attribute_namespaces",
            "module.oci_lz_orchestrator.module.oci_lz_zpr.data.oci_zpr_configuration.this",
            "module.oci_lz_orchestrator.module.oci_lz_zpr.oci_security_attribute_security_attribute.these",
            "module.oci_lz_orchestrator.module.oci_lz_zpr.oci_security_attribute_security_attribute_namespace.these",
            "module.oci_lz_orchestrator.module.oci_lz_zpr.oci_zpr_configuration.this",
            "module.oci_lz_orchestrator.module.oci_lz_zpr.oci_zpr_zpr_policy.these",
            "module.oci_lz_orchestrator.module.oci_lz_zpr.time_sleep.wait_after_zpr_configuration"
          ],
          "create_before_destroy": true
        },
        {
          "index_key": "SL-VLL-LZ-EXACS-PRO-BACKUP-KEY",
          "schema_version": 0,
          "attributes": {
            "compartment_id": "ocid1.compartment.oc19..aaaaaaaa5gtrrkqmob4ummcgl52exbo4d4vf55uvlzdku5j4fammf3b2pmlq",
            "defined_tags": {
              "Oracle-Tags.CreatedBy": "default/jorge.e.torlaschi@accenture.com",
              "Oracle-Tags.CreatedOn": "2026-03-10T14:42:39.696Z",
              "o-p-om2-tagns-ens-001.ens-authenticity": "__FILL__",
              "o-p-om2-tagns-ens-001.ens-availability": "__FILL__",
              "o-p-om2-tagns-ens-001.ens-confidentiality": "__FILL__",
              "o-p-om2-tagns-ens-001.ens-integrity": "__FILL__",
              "o-p-om2-tagns-ens-001.ens-traceability": "__FILL__",
              "o-p-om2-tagns-gov-001.application-code": "__FILL__",
              "o-p-om2-tagns-gov-001.application-name": "__FILL__",
              "o-p-om2-tagns-gov-001.business-criticality": "__FILL__",
              "o-p-om2-tagns-gov-001.cost-center": "__FILL__",
              "o-p-om2-tagns-gov-001.department": "__FILL__",
              "o-p-om2-tagns-gov-001.environment": "pro",
              "o-p-om2-tagns-gov-001.iac": "terraform",
              "o-p-om2-tagns-gov-001.name": "o-p-om2-sl-exacs-probkc-001",
              "o-p-om2-tagns-gov-001.operational-owner": "__FILL__",
              "o-p-om2-tagns-gov-001.technical-owner": "__FILL__"
            },
            "display_name": "o-p-om2-sl-exacs-probkc-001",
            "egress_security_rules": [
              {
                "description": "Allow all outbound traffic to 0.0.0.0/0 over all protocols",
                "destination": "0.0.0.0/0",
                "destination_type": "CIDR_BLOCK",
                "icmp_options": [],
                "protocol": "all",
                "stateless": false,
                "tcp_options": [],
                "udp_options": []
              }
            ],
            "freeform_tags": {
              "ocilz-terraform-module": "networking/0.8.2\r\n"
            },
            "id": "ocid1.securitylist.oc19.eu-madrid-2.aaaaaaaa52gfgvniilio5mgu475f5k2bjfbnoaslvbvvnhfwwm4ztheyd7ua",
            "ingress_security_rules": [
              {
                "description": "ICMP type 3 code 4",
                "icmp_options": [
                  {
                    "code": 4,
                    "type": 3
                  }
                ],
                "protocol": "1",
                "source": "0.0.0.0/0",
                "source_type": "CIDR_BLOCK",
                "stateless": false,
                "tcp_options": [],
                "udp_options": []
              },
              {
                "description": "ICMP type 3",
                "icmp_options": [
                  {
                    "code": -1,
                    "type": 3
                  }
                ],
                "protocol": "1",
                "source": "10.197.128.0/23",
                "source_type": "CIDR_BLOCK",
                "stateless": false,
                "tcp_options": [],
                "udp_options": []
              },
              {
                "description": "ICMP type 8 (Echo)",
                "icmp_options": [
                  {
                    "code": 0,
                    "type": 8
                  }
                ],
                "protocol": "1",
                "source": "10.197.128.0/23",
                "source_type": "CIDR_BLOCK",
                "stateless": false,
                "tcp_options": [],
                "udp_options": []
              }
            ],
            "state": "AVAILABLE",
            "time_created": "2026-03-10 14:42:39.708 +0000 UTC",
            "timeouts": null,
            "vcn_id": "ocid1.vcn.oc19.eu-madrid-2.amaaaaaapw27gbaa26l4e3e3jodcwszp52idisn7ntkehkfskz3zzbp7eliq"
          },
          "sensitive_attributes": [],
          "identity_schema_version": 0,
          "private": "eyJlMmJmYjczMC1lY2FhLTExZTYtOGY4OC0zNDM2M2JjN2M0YzAiOnsiY3JlYXRlIjoxMjAwMDAwMDAwMDAwLCJkZWxldGUiOjEyMDAwMDAwMDAwMDAsInVwZGF0ZSI6MTIwMDAwMDAwMDAwMH19",
          "dependencies": [
            "module.oci_lz_orchestrator.data.oci_identity_regions.these",
            "module.oci_lz_orchestrator.data.oci_identity_tenancy.this",
            "module.oci_lz_orchestrator.module.oci_lz_compartments.oci_identity_compartment.level_2",
            "module.oci_lz_orchestrator.module.oci_lz_compartments.oci_identity_compartment.level_3",
            "module.oci_lz_orchestrator.module.oci_lz_compartments.oci_identity_compartment.level_4",
            "module.oci_lz_orchestrator.module.oci_lz_compartments.oci_identity_compartment.level_5",
            "module.oci_lz_orchestrator.module.oci_lz_compartments.oci_identity_compartment.level_6",
            "module.oci_lz_orchestrator.module.oci_lz_compartments.oci_identity_compartment.these",
            "module.oci_lz_orchestrator.module.oci_lz_compartments.oci_identity_tag_default.these",
            "module.oci_lz_orchestrator.module.oci_lz_network.data.oci_core_services.oci_services",
            "module.oci_lz_orchestrator.module.oci_lz_network.data.oci_core_vcn.existing_vcns",
            "module.oci_lz_orchestrator.module.oci_lz_network.oci_core_vcn.these",
            "module.oci_lz_orchestrator.module.oci_lz_tags.data.oci_identity_tag.default_created_by",
            "module.oci_lz_orchestrator.module.oci_lz_tags.data.oci_identity_tag.default_created_on",
            "module.oci_lz_orchestrator.module.oci_lz_tags.data.oci_identity_tag_namespaces.oracle_default",
            "module.oci_lz_orchestrator.module.oci_lz_tags.oci_identity_tag.these",
            "module.oci_lz_orchestrator.module.oci_lz_tags.oci_identity_tag_default.these",
            "module.oci_lz_orchestrator.module.oci_lz_tags.oci_identity_tag_namespace.these",
            "module.oci_lz_orchestrator.module.oci_lz_zpr.data.oci_identity_regions.these",
            "module.oci_lz_orchestrator.module.oci_lz_zpr.data.oci_security_attribute_security_attribute_namespaces.default_security_attribute_namespaces",
            "module.oci_lz_orchestrator.module.oci_lz_zpr.data.oci_security_attribute_security_attribute_namespaces.query_security_attribute_namespaces",
            "module.oci_lz_orchestrator.module.oci_lz_zpr.data.oci_zpr_configuration.this",
            "module.oci_lz_orchestrator.module.oci_lz_zpr.oci_security_attribute_security_attribute.these",
            "module.oci_lz_orchestrator.module.oci_lz_zpr.oci_security_attribute_security_attribute_namespace.these",
            "module.oci_lz_orchestrator.module.oci_lz_zpr.oci_zpr_configuration.this",
            "module.oci_lz_orchestrator.module.oci_lz_zpr.oci_zpr_zpr_policy.these",
            "module.oci_lz_orchestrator.module.oci_lz_zpr.time_sleep.wait_after_zpr_configuration"
          ],
          "create_before_destroy": true
        },
        {
          "index_key": "SL-VLL-LZ-EXACS-PRO-CLIENT-KEY",
          "schema_version": 0,
          "attributes": {
            "compartment_id": "ocid1.compartment.oc19..aaaaaaaa5gtrrkqmob4ummcgl52exbo4d4vf55uvlzdku5j4fammf3b2pmlq",
            "defined_tags": {
              "Oracle-Tags.CreatedBy": "default/jorge.e.torlaschi@accenture.com",
              "Oracle-Tags.CreatedOn": "2026-03-10T14:42:39.781Z",
              "o-p-om2-tagns-ens-001.ens-authenticity": "__FILL__",
              "o-p-om2-tagns-ens-001.ens-availability": "__FILL__",
              "o-p-om2-tagns-ens-001.ens-confidentiality": "__FILL__",
              "o-p-om2-tagns-ens-001.ens-integrity": "__FILL__",
              "o-p-om2-tagns-ens-001.ens-traceability": "__FILL__",
              "o-p-om2-tagns-gov-001.application-code": "__FILL__",
              "o-p-om2-tagns-gov-001.application-name": "__FILL__",
              "o-p-om2-tagns-gov-001.business-criticality": "__FILL__",
              "o-p-om2-tagns-gov-001.cost-center": "__FILL__",
              "o-p-om2-tagns-gov-001.department": "__FILL__",
              "o-p-om2-tagns-gov-001.environment": "pro",
              "o-p-om2-tagns-gov-001.iac": "terraform",
              "o-p-om2-tagns-gov-001.name": "o-p-om2-sl-exacs-procli-001",
              "o-p-om2-tagns-gov-001.operational-owner": "__FILL__",
              "o-p-om2-tagns-gov-001.technical-owner": "__FILL__"
            },
            "display_name": "o-p-om2-sl-exacs-procli-001",
            "egress_security_rules": [
              {
                "description": "Allow all outbound traffic to 0.0.0.0/0 over all protocols",
                "destination": "0.0.0.0/0",
                "destination_type": "CIDR_BLOCK",
                "icmp_options": [],
                "protocol": "all",
                "stateless": false,
                "tcp_options": [],
                "udp_options": []
              }
            ],
            "freeform_tags": {
              "ocilz-terraform-module": "networking/0.8.2\r\n"
            },
            "id": "ocid1.securitylist.oc19.eu-madrid-2.aaaaaaaa5a3rinjqw7rsclpltq5hh64ec7gldm5jocgm2h2u2scjdvxoj7fq",
            "ingress_security_rules": [
              {
                "description": "ICMP type 3 code 4",
                "icmp_options": [
                  {
                    "code": 4,
                    "type": 3
                  }
                ],
                "protocol": "1",
                "source": "0.0.0.0/0",
                "source_type": "CIDR_BLOCK",
                "stateless": false,
                "tcp_options": [],
                "udp_options": []
              },
              {
                "description": "ICMP type 3",
                "icmp_options": [
                  {
                    "code": -1,
                    "type": 3
                  }
                ],
                "protocol": "1",
                "source": "10.197.128.0/23",
                "source_type": "CIDR_BLOCK",
                "stateless": false,
                "tcp_options": [],
                "udp_options": []
              },
              {
                "description": "ICMP type 8 (Echo)",
                "icmp_options": [
                  {
                    "code": 0,
                    "type": 8
                  }
                ],
                "protocol": "1",
                "source": "10.197.128.0/23",
                "source_type": "CIDR_BLOCK",
                "stateless": false,
                "tcp_options": [],
                "udp_options": []
              }
            ],
            "state": "AVAILABLE",
            "time_created": "2026-03-10 14:42:39.797 +0000 UTC",
            "timeouts": null,
            "vcn_id": "ocid1.vcn.oc19.eu-madrid-2.amaaaaaapw27gbaa26l4e3e3jodcwszp52idisn7ntkehkfskz3zzbp7eliq"
          },
          "sensitive_attributes": [],
          "identity_schema_version": 0,
          "private": "eyJlMmJmYjczMC1lY2FhLTExZTYtOGY4OC0zNDM2M2JjN2M0YzAiOnsiY3JlYXRlIjoxMjAwMDAwMDAwMDAwLCJkZWxldGUiOjEyMDAwMDAwMDAwMDAsInVwZGF0ZSI6MTIwMDAwMDAwMDAwMH19",
          "dependencies": [
            "module.oci_lz_orchestrator.data.oci_identity_regions.these",
            "module.oci_lz_orchestrator.data.oci_identity_tenancy.this",
            "module.oci_lz_orchestrator.module.oci_lz_compartments.oci_identity_compartment.level_2",
            "module.oci_lz_orchestrator.module.oci_lz_compartments.oci_identity_compartment.level_3",
            "module.oci_lz_orchestrator.module.oci_lz_compartments.oci_identity_compartment.level_4",
            "module.oci_lz_orchestrator.module.oci_lz_compartments.oci_identity_compartment.level_5",
            "module.oci_lz_orchestrator.module.oci_lz_compartments.oci_identity_compartment.level_6",
            "module.oci_lz_orchestrator.module.oci_lz_compartments.oci_identity_compartment.these",
            "module.oci_lz_orchestrator.module.oci_lz_compartments.oci_identity_tag_default.these",
            "module.oci_lz_orchestrator.module.oci_lz_network.data.oci_core_services.oci_services",
            "module.oci_lz_orchestrator.module.oci_lz_network.data.oci_core_vcn.existing_vcns",
            "module.oci_lz_orchestrator.module.oci_lz_network.oci_core_vcn.these",
            "module.oci_lz_orchestrator.module.oci_lz_tags.data.oci_identity_tag.default_created_by",
            "module.oci_lz_orchestrator.module.oci_lz_tags.data.oci_identity_tag.default_created_on",
            "module.oci_lz_orchestrator.module.oci_lz_tags.data.oci_identity_tag_namespaces.oracle_default",
            "module.oci_lz_orchestrator.module.oci_lz_tags.oci_identity_tag.these",
            "module.oci_lz_orchestrator.module.oci_lz_tags.oci_identity_tag_default.these",
            "module.oci_lz_orchestrator.module.oci_lz_tags.oci_identity_tag_namespace.these",
            "module.oci_lz_orchestrator.module.oci_lz_zpr.data.oci_identity_regions.these",
            "module.oci_lz_orchestrator.module.oci_lz_zpr.data.oci_security_attribute_security_attribute_namespaces.default_security_attribute_namespaces",
            "module.oci_lz_orchestrator.module.oci_lz_zpr.data.oci_security_attribute_security_attribute_namespaces.query_security_attribute_namespaces",
            "module.oci_lz_orchestrator.module.oci_lz_zpr.data.oci_zpr_configuration.this",
            "module.oci_lz_orchestrator.module.oci_lz_zpr.oci_security_attribute_security_attribute.these",
            "module.oci_lz_orchestrator.module.oci_lz_zpr.oci_security_attribute_security_attribute_namespace.these",
            "module.oci_lz_orchestrator.module.oci_lz_zpr.oci_zpr_configuration.this",
            "module.oci_lz_orchestrator.module.oci_lz_zpr.oci_zpr_zpr_policy.these",
            "module.oci_lz_orchestrator.module.oci_lz_zpr.time_sleep.wait_after_zpr_configuration"
          ],
          "create_before_destroy": true
        },
        {
          "index_key": "SL-VLL-LZ-HUB-FW-KEY",
          "schema_version": 0,
          "attributes": {
            "compartment_id": "ocid1.compartment.oc19..aaaaaaaa5gtrrkqmob4ummcgl52exbo4d4vf55uvlzdku5j4fammf3b2pmlq",
            "defined_tags": {
              "Oracle-Tags.CreatedBy": "default/jorge.e.torlaschi@accenture.com",
              "Oracle-Tags.CreatedOn": "2026-03-10T14:42:39.817Z",
              "o-p-om2-tagns-ens-001.ens-authenticity": "__FILL__",
              "o-p-om2-tagns-ens-001.ens-availability": "__FILL__",
              "o-p-om2-tagns-ens-001.ens-confidentiality": "__FILL__",
              "o-p-om2-tagns-ens-001.ens-integrity": "__FILL__",
              "o-p-om2-tagns-ens-001.ens-traceability": "__FILL__",
              "o-p-om2-tagns-gov-001.application-code": "__FILL__",
              "o-p-om2-tagns-gov-001.application-name": "__FILL__",
              "o-p-om2-tagns-gov-001.business-criticality": "__FILL__",
              "o-p-om2-tagns-gov-001.cost-center": "__FILL__",
              "o-p-om2-tagns-gov-001.department": "__FILL__",
              "o-p-om2-tagns-gov-001.environment": "pro",
              "o-p-om2-tagns-gov-001.iac": "terraform",
              "o-p-om2-tagns-gov-001.name": "o-p-om2-sl-hubfw-001",
              "o-p-om2-tagns-gov-001.operational-owner": "__FILL__",
              "o-p-om2-tagns-gov-001.technical-owner": "__FILL__"
            },
            "display_name": "o-p-om2-sl-hubfw-001",
            "egress_security_rules": [],
            "freeform_tags": {
              "ocilz-terraform-module": "networking/0.8.2\r\n"
            },
            "id": "ocid1.securitylist.oc19.eu-madrid-2.aaaaaaaacnodbu3y73ugby74ryrr7c5aoa2pzwdryyyoenq2frlckcoedj3a",
            "ingress_security_rules": [
              {
                "description": "ICMP type 3 code 4",
                "icmp_options": [
                  {
                    "code": 4,
                    "type": 3
                  }
                ],
                "protocol": "1",
                "source": "0.0.0.0/0",
                "source_type": "CIDR_BLOCK",
                "stateless": false,
                "tcp_options": [],
                "udp_options": []
              },
              {
                "description": "ICMP type 3",
                "icmp_options": [
                  {
                    "code": -1,
                    "type": 3
                  }
                ],
                "protocol": "1",
                "source": "10.197.128.0/23",
                "source_type": "CIDR_BLOCK",
                "stateless": false,
                "tcp_options": [],
                "udp_options": []
              },
              {
                "description": "ICMP type 8 (Echo)",
                "icmp_options": [
                  {
                    "code": 0,
                    "type": 8
                  }
                ],
                "protocol": "1",
                "source": "10.197.128.0/23",
                "source_type": "CIDR_BLOCK",
                "stateless": false,
                "tcp_options": [],
                "udp_options": []
              }
            ],
            "state": "AVAILABLE",
            "time_created": "2026-03-10 14:42:39.829 +0000 UTC",
            "timeouts": null,
            "vcn_id": "ocid1.vcn.oc19.eu-madrid-2.amaaaaaapw27gbaahaampmaqpuconyvwmecndp6epapf6uv4p2okvyd2qe4q"
          },
          "sensitive_attributes": [],
          "identity_schema_version": 0,
          "private": "eyJlMmJmYjczMC1lY2FhLTExZTYtOGY4OC0zNDM2M2JjN2M0YzAiOnsiY3JlYXRlIjoxMjAwMDAwMDAwMDAwLCJkZWxldGUiOjEyMDAwMDAwMDAwMDAsInVwZGF0ZSI6MTIwMDAwMDAwMDAwMH19",
          "dependencies": [
            "module.oci_lz_orchestrator.data.oci_identity_regions.these",
            "module.oci_lz_orchestrator.data.oci_identity_tenancy.this",
            "module.oci_lz_orchestrator.module.oci_lz_compartments.oci_identity_compartment.level_2",
            "module.oci_lz_orchestrator.module.oci_lz_compartments.oci_identity_compartment.level_3",
            "module.oci_lz_orchestrator.module.oci_lz_compartments.oci_identity_compartment.level_4",
            "module.oci_lz_orchestrator.module.oci_lz_compartments.oci_identity_compartment.level_5",
            "module.oci_lz_orchestrator.module.oci_lz_compartments.oci_identity_compartment.level_6",
            "module.oci_lz_orchestrator.module.oci_lz_compartments.oci_identity_compartment.these",
            "module.oci_lz_orchestrator.module.oci_lz_compartments.oci_identity_tag_default.these",
            "module.oci_lz_orchestrator.module.oci_lz_network.data.oci_core_services.oci_services",
            "module.oci_lz_orchestrator.module.oci_lz_network.data.oci_core_vcn.existing_vcns",
            "module.oci_lz_orchestrator.module.oci_lz_network.oci_core_vcn.these",
            "module.oci_lz_orchestrator.module.oci_lz_tags.data.oci_identity_tag.default_created_by",
            "module.oci_lz_orchestrator.module.oci_lz_tags.data.oci_identity_tag.default_created_on",
            "module.oci_lz_orchestrator.module.oci_lz_tags.data.oci_identity_tag_namespaces.oracle_default",
            "module.oci_lz_orchestrator.module.oci_lz_tags.oci_identity_tag.these",
            "module.oci_lz_orchestrator.module.oci_lz_tags.oci_identity_tag_default.these",
            "module.oci_lz_orchestrator.module.oci_lz_tags.oci_identity_tag_namespace.these",
            "module.oci_lz_orchestrator.module.oci_lz_zpr.data.oci_identity_regions.these",
            "module.oci_lz_orchestrator.module.oci_lz_zpr.data.oci_security_attribute_security_attribute_namespaces.default_security_attribute_namespaces",
            "module.oci_lz_orchestrator.module.oci_lz_zpr.data.oci_security_attribute_security_attribute_namespaces.query_security_attribute_namespaces",
            "module.oci_lz_orchestrator.module.oci_lz_zpr.data.oci_zpr_configuration.this",
            "module.oci_lz_orchestrator.module.oci_lz_zpr.oci_security_attribute_security_attribute.these",
            "module.oci_lz_orchestrator.module.oci_lz_zpr.oci_security_attribute_security_attribute_namespace.these",
            "module.oci_lz_orchestrator.module.oci_lz_zpr.oci_zpr_configuration.this",
            "module.oci_lz_orchestrator.module.oci_lz_zpr.oci_zpr_zpr_policy.these",
            "module.oci_lz_orchestrator.module.oci_lz_zpr.time_sleep.wait_after_zpr_configuration"
          ],
          "create_before_destroy": true
        },
        {
          "index_key": "SL-VLL-LZ-HUB-MGMT-KEY",
          "schema_version": 0,
          "attributes": {
            "compartment_id": "ocid1.compartment.oc19..aaaaaaaa5gtrrkqmob4ummcgl52exbo4d4vf55uvlzdku5j4fammf3b2pmlq",
            "defined_tags": {
              "Oracle-Tags.CreatedBy": "default/jorge.e.torlaschi@accenture.com",
              "Oracle-Tags.CreatedOn": "2026-03-10T14:42:39.856Z",
              "o-p-om2-tagns-ens-001.ens-authenticity": "__FILL__",
              "o-p-om2-tagns-ens-001.ens-availability": "__FILL__",
              "o-p-om2-tagns-ens-001.ens-confidentiality": "__FILL__",
              "o-p-om2-tagns-ens-001.ens-integrity": "__FILL__",
              "o-p-om2-tagns-ens-001.ens-traceability": "__FILL__",
              "o-p-om2-tagns-gov-001.application-code": "__FILL__",
              "o-p-om2-tagns-gov-001.application-name": "__FILL__",
              "o-p-om2-tagns-gov-001.business-criticality": "__FILL__",
              "o-p-om2-tagns-gov-001.cost-center": "__FILL__",
              "o-p-om2-tagns-gov-001.department": "__FILL__",
              "o-p-om2-tagns-gov-001.environment": "pro",
              "o-p-om2-tagns-gov-001.iac": "terraform",
              "o-p-om2-tagns-gov-001.name": "o-p-om2-sl-hubmgmt-001",
              "o-p-om2-tagns-gov-001.operational-owner": "__FILL__",
              "o-p-om2-tagns-gov-001.technical-owner": "__FILL__"
            },
            "display_name": "o-p-om2-sl-hubmgmt-001",
            "egress_security_rules": [
              {
                "description": "Allow all outbound traffic to 0.0.0.0/0 over all protocols",
                "destination": "0.0.0.0/0",
                "destination_type": "CIDR_BLOCK",
                "icmp_options": [],
                "protocol": "all",
                "stateless": false,
                "tcp_options": [],
                "udp_options": []
              }
            ],
            "freeform_tags": {
              "ocilz-terraform-module": "networking/0.8.2\r\n"
            },
            "id": "ocid1.securitylist.oc19.eu-madrid-2.aaaaaaaax4r77poacckw7t2nmbxddnkqmrxeh3sbdys6tbm2voyrtumnnbuq",
            "ingress_security_rules": [
              {
                "description": "EXAMPLE: Allow inbound traffic from the Bastion Service private endpoint IP address",
                "icmp_options": [],
                "protocol": "6",
                "source": "10.197.128.32/27",
                "source_type": "CIDR_BLOCK",
                "stateless": false,
                "tcp_options": [
                  {
                    "max": 22,
                    "min": 22,
                    "source_port_range": []
                  }
                ],
                "udp_options": []
              },
              {
                "description": "ICMP type 3 code 4",
                "icmp_options": [
                  {
                    "code": 4,
                    "type": 3
                  }
                ],
                "protocol": "1",
                "source": "0.0.0.0/0",
                "source_type": "CIDR_BLOCK",
                "stateless": false,
                "tcp_options": [],
                "udp_options": []
              },
              {
                "description": "ICMP type 3",
                "icmp_options": [
                  {
                    "code": -1,
                    "type": 3
                  }
                ],
                "protocol": "1",
                "source": "10.197.128.0/23",
                "source_type": "CIDR_BLOCK",
                "stateless": false,
                "tcp_options": [],
                "udp_options": []
              },
              {
                "description": "ICMP type 8 (Echo)",
                "icmp_options": [
                  {
                    "code": 0,
                    "type": 8
                  }
                ],
                "protocol": "1",
                "source": "10.197.128.0/23",
                "source_type": "CIDR_BLOCK",
                "stateless": false,
                "tcp_options": [],
                "udp_options": []
              }
            ],
            "state": "AVAILABLE",
            "time_created": "2026-03-10 14:42:39.868 +0000 UTC",
            "timeouts": null,
            "vcn_id": "ocid1.vcn.oc19.eu-madrid-2.amaaaaaapw27gbaahaampmaqpuconyvwmecndp6epapf6uv4p2okvyd2qe4q"
          },
          "sensitive_attributes": [],
          "identity_schema_version": 0,
          "private": "eyJlMmJmYjczMC1lY2FhLTExZTYtOGY4OC0zNDM2M2JjN2M0YzAiOnsiY3JlYXRlIjoxMjAwMDAwMDAwMDAwLCJkZWxldGUiOjEyMDAwMDAwMDAwMDAsInVwZGF0ZSI6MTIwMDAwMDAwMDAwMH19",
          "dependencies": [
            "module.oci_lz_orchestrator.data.oci_identity_regions.these",
            "module.oci_lz_orchestrator.data.oci_identity_tenancy.this",
            "module.oci_lz_orchestrator.module.oci_lz_compartments.oci_identity_compartment.level_2",
            "module.oci_lz_orchestrator.module.oci_lz_compartments.oci_identity_compartment.level_3",
            "module.oci_lz_orchestrator.module.oci_lz_compartments.oci_identity_compartment.level_4",
            "module.oci_lz_orchestrator.module.oci_lz_compartments.oci_identity_compartment.level_5",
            "module.oci_lz_orchestrator.module.oci_lz_compartments.oci_identity_compartment.level_6",
            "module.oci_lz_orchestrator.module.oci_lz_compartments.oci_identity_compartment.these",
            "module.oci_lz_orchestrator.module.oci_lz_compartments.oci_identity_tag_default.these",
            "module.oci_lz_orchestrator.module.oci_lz_network.data.oci_core_services.oci_services",
            "module.oci_lz_orchestrator.module.oci_lz_network.data.oci_core_vcn.existing_vcns",
            "module.oci_lz_orchestrator.module.oci_lz_network.oci_core_vcn.these",
            "module.oci_lz_orchestrator.module.oci_lz_tags.data.oci_identity_tag.default_created_by",
            "module.oci_lz_orchestrator.module.oci_lz_tags.data.oci_identity_tag.default_created_on",
            "module.oci_lz_orchestrator.module.oci_lz_tags.data.oci_identity_tag_namespaces.oracle_default",
            "module.oci_lz_orchestrator.module.oci_lz_tags.oci_identity_tag.these",
            "module.oci_lz_orchestrator.module.oci_lz_tags.oci_identity_tag_default.these",
            "module.oci_lz_orchestrator.module.oci_lz_tags.oci_identity_tag_namespace.these",
            "module.oci_lz_orchestrator.module.oci_lz_zpr.data.oci_identity_regions.these",
            "module.oci_lz_orchestrator.module.oci_lz_zpr.data.oci_security_attribute_security_attribute_namespaces.default_security_attribute_namespaces",
            "module.oci_lz_orchestrator.module.oci_lz_zpr.data.oci_security_attribute_security_attribute_namespaces.query_security_attribute_namespaces",
            "module.oci_lz_orchestrator.module.oci_lz_zpr.data.oci_zpr_configuration.this",
            "module.oci_lz_orchestrator.module.oci_lz_zpr.oci_security_attribute_security_attribute.these",
            "module.oci_lz_orchestrator.module.oci_lz_zpr.oci_security_attribute_security_attribute_namespace.these",
            "module.oci_lz_orchestrator.module.oci_lz_zpr.oci_zpr_configuration.this",
            "module.oci_lz_orchestrator.module.oci_lz_zpr.oci_zpr_zpr_policy.these",
            "module.oci_lz_orchestrator.module.oci_lz_zpr.time_sleep.wait_after_zpr_configuration"
          ],
          "create_before_destroy": true
        }
      ]
    },
    {
      "module": "module.oci_lz_orchestrator.module.oci_lz_network[0]",
      "mode": "managed",
      "type": "oci_core_service_gateway",
      "name": "these",
      "provider": "module.oci_lz_orchestrator.provider[\"registry.terraform.io/oracle/oci\"]",
      "instances": [
        {
          "index_key": "SGW-VLL-LZ-EXACS-NPR-KEY",
          "schema_version": 0,
          "attributes": {
            "block_traffic": false,
            "compartment_id": "ocid1.compartment.oc19..aaaaaaaa5gtrrkqmob4ummcgl52exbo4d4vf55uvlzdku5j4fammf3b2pmlq",
            "defined_tags": {
              "Oracle-Tags.CreatedBy": "default/jorge.e.torlaschi@accenture.com",
              "Oracle-Tags.CreatedOn": "2026-03-10T14:42:46.265Z",
              "o-p-om2-tagns-ens-001.ens-authenticity": "__FILL__",
              "o-p-om2-tagns-ens-001.ens-availability": "__FILL__",
              "o-p-om2-tagns-ens-001.ens-confidentiality": "__FILL__",
              "o-p-om2-tagns-ens-001.ens-integrity": "__FILL__",
              "o-p-om2-tagns-ens-001.ens-traceability": "__FILL__",
              "o-p-om2-tagns-gov-001.application-code": "__FILL__",
              "o-p-om2-tagns-gov-001.application-name": "__FILL__",
              "o-p-om2-tagns-gov-001.business-criticality": "__FILL__",
              "o-p-om2-tagns-gov-001.cost-center": "__FILL__",
              "o-p-om2-tagns-gov-001.department": "__FILL__",
              "o-p-om2-tagns-gov-001.environment": "dev",
              "o-p-om2-tagns-gov-001.iac": "terraform",
              "o-p-om2-tagns-gov-001.name": "o-d-om2-sgw-exacs-npr-001",
              "o-p-om2-tagns-gov-001.operational-owner": "__FILL__",
              "o-p-om2-tagns-gov-001.technical-owner": "__FILL__"
            },
            "display_name": "o-d-om2-sgw-exacs-npr-001",
            "freeform_tags": {
              "ocilz-terraform-module": "networking/0.8.2\r\n"
            },
            "id": "ocid1.servicegateway.oc19.eu-madrid-2.aaaaaaaa3gxhavba3sykmzt2reypnwomdrcozlkmixnpu2elhenu5u6oripa",
            "route_table_id": null,
            "services": [
              {
                "service_id": "ocid1.service.oc19.eu-madrid-2.aaaaaaaaalasrvugb3zwk4lghxvnjnbgdmgywqhhywrnkx47yjkbt4vlfhxq",
                "service_name": "All VLL Services In Oracle Services Network"
              }
            ],
            "state": "AVAILABLE",
            "time_created": "2026-03-10 14:42:47.386 +0000 UTC",
            "timeouts": null,
            "vcn_id": "ocid1.vcn.oc19.eu-madrid-2.amaaaaaapw27gbaatri7xmitendke5zbqpwk3dzghwa7apab56eya5rb2fza"
          },
          "sensitive_attributes": [],
          "identity_schema_version": 0,
          "private": "eyJlMmJmYjczMC1lY2FhLTExZTYtOGY4OC0zNDM2M2JjN2M0YzAiOnsiY3JlYXRlIjoxMjAwMDAwMDAwMDAwLCJkZWxldGUiOjEyMDAwMDAwMDAwMDAsInVwZGF0ZSI6MTIwMDAwMDAwMDAwMH19",
          "dependencies": [
            "module.oci_lz_orchestrator.data.oci_identity_regions.these",
            "module.oci_lz_orchestrator.data.oci_identity_tenancy.this",
            "module.oci_lz_orchestrator.module.oci_lz_compartments.oci_identity_compartment.level_2",
            "module.oci_lz_orchestrator.module.oci_lz_compartments.oci_identity_compartment.level_3",
            "module.oci_lz_orchestrator.module.oci_lz_compartments.oci_identity_compartment.level_4",
            "module.oci_lz_orchestrator.module.oci_lz_compartments.oci_identity_compartment.level_5",
            "module.oci_lz_orchestrator.module.oci_lz_compartments.oci_identity_compartment.level_6",
            "module.oci_lz_orchestrator.module.oci_lz_compartments.oci_identity_compartment.these",
            "module.oci_lz_orchestrator.module.oci_lz_compartments.oci_identity_tag_default.these",
            "module.oci_lz_orchestrator.module.oci_lz_network.data.oci_core_services.oci_services",
            "module.oci_lz_orchestrator.module.oci_lz_network.data.oci_core_vcn.existing_vcns",
            "module.oci_lz_orchestrator.module.oci_lz_network.oci_core_drg.these",
            "module.oci_lz_orchestrator.module.oci_lz_network.oci_core_public_ip.these",
            "module.oci_lz_orchestrator.module.oci_lz_network.oci_core_public_ip_pool.these",
            "module.oci_lz_orchestrator.module.oci_lz_network.oci_core_route_table.igw_natgw_specific_route_tables",
            "module.oci_lz_orchestrator.module.oci_lz_network.oci_core_route_table.sgw_specific_route_tables",
            "module.oci_lz_orchestrator.module.oci_lz_network.oci_core_vcn.these",
            "module.oci_lz_orchestrator.module.oci_lz_tags.data.oci_identity_tag.default_created_by",
            "module.oci_lz_orchestrator.module.oci_lz_tags.data.oci_identity_tag.default_created_on",
            "module.oci_lz_orchestrator.module.oci_lz_tags.data.oci_identity_tag_namespaces.oracle_default",
            "module.oci_lz_orchestrator.module.oci_lz_tags.oci_identity_tag.these",
            "module.oci_lz_orchestrator.module.oci_lz_tags.oci_identity_tag_default.these",
            "module.oci_lz_orchestrator.module.oci_lz_tags.oci_identity_tag_namespace.these",
            "module.oci_lz_orchestrator.module.oci_lz_zpr.data.oci_identity_regions.these",
            "module.oci_lz_orchestrator.module.oci_lz_zpr.data.oci_security_attribute_security_attribute_namespaces.default_security_attribute_namespaces",
            "module.oci_lz_orchestrator.module.oci_lz_zpr.data.oci_security_attribute_security_attribute_namespaces.query_security_attribute_namespaces",
            "module.oci_lz_orchestrator.module.oci_lz_zpr.data.oci_zpr_configuration.this",
            "module.oci_lz_orchestrator.module.oci_lz_zpr.oci_security_attribute_security_attribute.these",
            "module.oci_lz_orchestrator.module.oci_lz_zpr.oci_security_attribute_security_attribute_namespace.these",
            "module.oci_lz_orchestrator.module.oci_lz_zpr.oci_zpr_configuration.this",
            "module.oci_lz_orchestrator.module.oci_lz_zpr.oci_zpr_zpr_policy.these",
            "module.oci_lz_orchestrator.module.oci_lz_zpr.time_sleep.wait_after_zpr_configuration"
          ],
          "create_before_destroy": true
        },
        {
          "index_key": "SGW-VLL-LZ-EXACS-PRO-KEY",
          "schema_version": 0,
          "attributes": {
            "block_traffic": false,
            "compartment_id": "ocid1.compartment.oc19..aaaaaaaa5gtrrkqmob4ummcgl52exbo4d4vf55uvlzdku5j4fammf3b2pmlq",
            "defined_tags": {
              "Oracle-Tags.CreatedBy": "default/jorge.e.torlaschi@accenture.com",
              "Oracle-Tags.CreatedOn": "2026-03-10T14:42:46.331Z",
              "o-p-om2-tagns-ens-001.ens-authenticity": "__FILL__",
              "o-p-om2-tagns-ens-001.ens-availability": "__FILL__",
              "o-p-om2-tagns-ens-001.ens-confidentiality": "__FILL__",
              "o-p-om2-tagns-ens-001.ens-integrity": "__FILL__",
              "o-p-om2-tagns-ens-001.ens-traceability": "__FILL__",
              "o-p-om2-tagns-gov-001.application-code": "__FILL__",
              "o-p-om2-tagns-gov-001.application-name": "__FILL__",
              "o-p-om2-tagns-gov-001.business-criticality": "__FILL__",
              "o-p-om2-tagns-gov-001.cost-center": "__FILL__",
              "o-p-om2-tagns-gov-001.department": "__FILL__",
              "o-p-om2-tagns-gov-001.environment": "pro",
              "o-p-om2-tagns-gov-001.iac": "terraform",
              "o-p-om2-tagns-gov-001.name": "o-p-om2-sgw-exacs-pro-001",
              "o-p-om2-tagns-gov-001.operational-owner": "__FILL__",
              "o-p-om2-tagns-gov-001.technical-owner": "__FILL__"
            },
            "display_name": "o-p-om2-sgw-exacs-pro-001",
            "freeform_tags": {
              "ocilz-terraform-module": "networking/0.8.2\r\n"
            },
            "id": "ocid1.servicegateway.oc19.eu-madrid-2.aaaaaaaavxjuqe7azfv344j6xgkbhuk2u5j6az5ndjzmrljhupocmfpejm7a",
            "route_table_id": null,
            "services": [
              {
                "service_id": "ocid1.service.oc19.eu-madrid-2.aaaaaaaaalasrvugb3zwk4lghxvnjnbgdmgywqhhywrnkx47yjkbt4vlfhxq",
                "service_name": "All VLL Services In Oracle Services Network"
              }
            ],
            "state": "AVAILABLE",
            "time_created": "2026-03-10 14:42:48.147 +0000 UTC",
            "timeouts": null,
            "vcn_id": "ocid1.vcn.oc19.eu-madrid-2.amaaaaaapw27gbaa26l4e3e3jodcwszp52idisn7ntkehkfskz3zzbp7eliq"
          },
          "sensitive_attributes": [],
          "identity_schema_version": 0,
          "private": "eyJlMmJmYjczMC1lY2FhLTExZTYtOGY4OC0zNDM2M2JjN2M0YzAiOnsiY3JlYXRlIjoxMjAwMDAwMDAwMDAwLCJkZWxldGUiOjEyMDAwMDAwMDAwMDAsInVwZGF0ZSI6MTIwMDAwMDAwMDAwMH19",
          "dependencies": [
            "module.oci_lz_orchestrator.data.oci_identity_regions.these",
            "module.oci_lz_orchestrator.data.oci_identity_tenancy.this",
            "module.oci_lz_orchestrator.module.oci_lz_compartments.oci_identity_compartment.level_2",
            "module.oci_lz_orchestrator.module.oci_lz_compartments.oci_identity_compartment.level_3",
            "module.oci_lz_orchestrator.module.oci_lz_compartments.oci_identity_compartment.level_4",
            "module.oci_lz_orchestrator.module.oci_lz_compartments.oci_identity_compartment.level_5",
            "module.oci_lz_orchestrator.module.oci_lz_compartments.oci_identity_compartment.level_6",
            "module.oci_lz_orchestrator.module.oci_lz_compartments.oci_identity_compartment.these",
            "module.oci_lz_orchestrator.module.oci_lz_compartments.oci_identity_tag_default.these",
            "module.oci_lz_orchestrator.module.oci_lz_network.data.oci_core_services.oci_services",
            "module.oci_lz_orchestrator.module.oci_lz_network.data.oci_core_vcn.existing_vcns",
            "module.oci_lz_orchestrator.module.oci_lz_network.oci_core_drg.these",
            "module.oci_lz_orchestrator.module.oci_lz_network.oci_core_public_ip.these",
            "module.oci_lz_orchestrator.module.oci_lz_network.oci_core_public_ip_pool.these",
            "module.oci_lz_orchestrator.module.oci_lz_network.oci_core_route_table.igw_natgw_specific_route_tables",
            "module.oci_lz_orchestrator.module.oci_lz_network.oci_core_route_table.sgw_specific_route_tables",
            "module.oci_lz_orchestrator.module.oci_lz_network.oci_core_vcn.these",
            "module.oci_lz_orchestrator.module.oci_lz_tags.data.oci_identity_tag.default_created_by",
            "module.oci_lz_orchestrator.module.oci_lz_tags.data.oci_identity_tag.default_created_on",
            "module.oci_lz_orchestrator.module.oci_lz_tags.data.oci_identity_tag_namespaces.oracle_default",
            "module.oci_lz_orchestrator.module.oci_lz_tags.oci_identity_tag.these",
            "module.oci_lz_orchestrator.module.oci_lz_tags.oci_identity_tag_default.these",
            "module.oci_lz_orchestrator.module.oci_lz_tags.oci_identity_tag_namespace.these",
            "module.oci_lz_orchestrator.module.oci_lz_zpr.data.oci_identity_regions.these",
            "module.oci_lz_orchestrator.module.oci_lz_zpr.data.oci_security_attribute_security_attribute_namespaces.default_security_attribute_namespaces",
            "module.oci_lz_orchestrator.module.oci_lz_zpr.data.oci_security_attribute_security_attribute_namespaces.query_security_attribute_namespaces",
            "module.oci_lz_orchestrator.module.oci_lz_zpr.data.oci_zpr_configuration.this",
            "module.oci_lz_orchestrator.module.oci_lz_zpr.oci_security_attribute_security_attribute.these",
            "module.oci_lz_orchestrator.module.oci_lz_zpr.oci_security_attribute_security_attribute_namespace.these",
            "module.oci_lz_orchestrator.module.oci_lz_zpr.oci_zpr_configuration.this",
            "module.oci_lz_orchestrator.module.oci_lz_zpr.oci_zpr_zpr_policy.these",
            "module.oci_lz_orchestrator.module.oci_lz_zpr.time_sleep.wait_after_zpr_configuration"
          ],
          "create_before_destroy": true
        },
        {
          "index_key": "SGW-VLL-LZ-HUB-KEY",
          "schema_version": 0,
          "attributes": {
            "block_traffic": false,
            "compartment_id": "ocid1.compartment.oc19..aaaaaaaa5gtrrkqmob4ummcgl52exbo4d4vf55uvlzdku5j4fammf3b2pmlq",
            "defined_tags": {
              "Oracle-Tags.CreatedBy": "default/jorge.e.torlaschi@accenture.com",
              "Oracle-Tags.CreatedOn": "2026-03-10T14:42:46.335Z",
              "o-p-om2-tagns-ens-001.ens-authenticity": "__FILL__",
              "o-p-om2-tagns-ens-001.ens-availability": "__FILL__",
              "o-p-om2-tagns-ens-001.ens-confidentiality": "__FILL__",
              "o-p-om2-tagns-ens-001.ens-integrity": "__FILL__",
              "o-p-om2-tagns-ens-001.ens-traceability": "__FILL__",
              "o-p-om2-tagns-gov-001.application-code": "__FILL__",
              "o-p-om2-tagns-gov-001.application-name": "__FILL__",
              "o-p-om2-tagns-gov-001.business-criticality": "__FILL__",
              "o-p-om2-tagns-gov-001.cost-center": "__FILL__",
              "o-p-om2-tagns-gov-001.department": "__FILL__",
              "o-p-om2-tagns-gov-001.environment": "pro",
              "o-p-om2-tagns-gov-001.iac": "terraform",
              "o-p-om2-tagns-gov-001.name": "o-p-om2-sgw-hub-001",
              "o-p-om2-tagns-gov-001.operational-owner": "__FILL__",
              "o-p-om2-tagns-gov-001.technical-owner": "__FILL__"
            },
            "display_name": "o-p-om2-sgw-hub-001",
            "freeform_tags": {
              "ocilz-terraform-module": "networking/0.8.2\r\n"
            },
            "id": "ocid1.servicegateway.oc19.eu-madrid-2.aaaaaaaao3zwviqb3hw7jylshx4zk4bbsyoipquitxuh5qu3xkkyx6uutjua",
            "route_table_id": null,
            "services": [
              {
                "service_id": "ocid1.service.oc19.eu-madrid-2.aaaaaaaaalasrvugb3zwk4lghxvnjnbgdmgywqhhywrnkx47yjkbt4vlfhxq",
                "service_name": "All VLL Services In Oracle Services Network"
              }
            ],
            "state": "AVAILABLE",
            "time_created": "2026-03-10 14:42:47.554 +0000 UTC",
            "timeouts": null,
            "vcn_id": "ocid1.vcn.oc19.eu-madrid-2.amaaaaaapw27gbaahaampmaqpuconyvwmecndp6epapf6uv4p2okvyd2qe4q"
          },
          "sensitive_attributes": [],
          "identity_schema_version": 0,
          "private": "eyJlMmJmYjczMC1lY2FhLTExZTYtOGY4OC0zNDM2M2JjN2M0YzAiOnsiY3JlYXRlIjoxMjAwMDAwMDAwMDAwLCJkZWxldGUiOjEyMDAwMDAwMDAwMDAsInVwZGF0ZSI6MTIwMDAwMDAwMDAwMH19",
          "dependencies": [
            "module.oci_lz_orchestrator.data.oci_identity_regions.these",
            "module.oci_lz_orchestrator.data.oci_identity_tenancy.this",
            "module.oci_lz_orchestrator.module.oci_lz_compartments.oci_identity_compartment.level_2",
            "module.oci_lz_orchestrator.module.oci_lz_compartments.oci_identity_compartment.level_3",
            "module.oci_lz_orchestrator.module.oci_lz_compartments.oci_identity_compartment.level_4",
            "module.oci_lz_orchestrator.module.oci_lz_compartments.oci_identity_compartment.level_5",
            "module.oci_lz_orchestrator.module.oci_lz_compartments.oci_identity_compartment.level_6",
            "module.oci_lz_orchestrator.module.oci_lz_compartments.oci_identity_compartment.these",
            "module.oci_lz_orchestrator.module.oci_lz_compartments.oci_identity_tag_default.these",
            "module.oci_lz_orchestrator.module.oci_lz_network.data.oci_core_services.oci_services",
            "module.oci_lz_orchestrator.module.oci_lz_network.data.oci_core_vcn.existing_vcns",
            "module.oci_lz_orchestrator.module.oci_lz_network.oci_core_drg.these",
            "module.oci_lz_orchestrator.module.oci_lz_network.oci_core_public_ip.these",
            "module.oci_lz_orchestrator.module.oci_lz_network.oci_core_public_ip_pool.these",
            "module.oci_lz_orchestrator.module.oci_lz_network.oci_core_route_table.igw_natgw_specific_route_tables",
            "module.oci_lz_orchestrator.module.oci_lz_network.oci_core_route_table.sgw_specific_route_tables",
            "module.oci_lz_orchestrator.module.oci_lz_network.oci_core_vcn.these",
            "module.oci_lz_orchestrator.module.oci_lz_tags.data.oci_identity_tag.default_created_by",
            "module.oci_lz_orchestrator.module.oci_lz_tags.data.oci_identity_tag.default_created_on",
            "module.oci_lz_orchestrator.module.oci_lz_tags.data.oci_identity_tag_namespaces.oracle_default",
            "module.oci_lz_orchestrator.module.oci_lz_tags.oci_identity_tag.these",
            "module.oci_lz_orchestrator.module.oci_lz_tags.oci_identity_tag_default.these",
            "module.oci_lz_orchestrator.module.oci_lz_tags.oci_identity_tag_namespace.these",
            "module.oci_lz_orchestrator.module.oci_lz_zpr.data.oci_identity_regions.these",
            "module.oci_lz_orchestrator.module.oci_lz_zpr.data.oci_security_attribute_security_attribute_namespaces.default_security_attribute_namespaces",
            "module.oci_lz_orchestrator.module.oci_lz_zpr.data.oci_security_attribute_security_attribute_namespaces.query_security_attribute_namespaces",
            "module.oci_lz_orchestrator.module.oci_lz_zpr.data.oci_zpr_configuration.this",
            "module.oci_lz_orchestrator.module.oci_lz_zpr.oci_security_attribute_security_attribute.these",
            "module.oci_lz_orchestrator.module.oci_lz_zpr.oci_security_attribute_security_attribute_namespace.these",
            "module.oci_lz_orchestrator.module.oci_lz_zpr.oci_zpr_configuration.this",
            "module.oci_lz_orchestrator.module.oci_lz_zpr.oci_zpr_zpr_policy.these",
            "module.oci_lz_orchestrator.module.oci_lz_zpr.time_sleep.wait_after_zpr_configuration"
          ],
          "create_before_destroy": true
        }
      ]
    },
    {
      "module": "module.oci_lz_orchestrator.module.oci_lz_network[0]",
      "mode": "managed",
      "type": "oci_core_subnet",
      "name": "these",
      "provider": "module.oci_lz_orchestrator.provider[\"registry.terraform.io/oracle/oci\"]",
      "instances": [
        {
          "index_key": "SN-VLL-LZ-EXACS-NPR-BACKUP-KEY",
          "schema_version": 0,
          "attributes": {
            "availability_domain": null,
            "cidr_block": "10.197.134.32/27",
            "compartment_id": "ocid1.compartment.oc19..aaaaaaaa5gtrrkqmob4ummcgl52exbo4d4vf55uvlzdku5j4fammf3b2pmlq",
            "defined_tags": {
              "Oracle-Tags.CreatedBy": "default/jorge.e.torlaschi@accenture.com",
              "Oracle-Tags.CreatedOn": "2026-03-10T14:42:50.449Z",
              "o-p-om2-tagns-ens-001.ens-authenticity": "__FILL__",
              "o-p-om2-tagns-ens-001.ens-availability": "__FILL__",
              "o-p-om2-tagns-ens-001.ens-confidentiality": "__FILL__",
              "o-p-om2-tagns-ens-001.ens-integrity": "__FILL__",
              "o-p-om2-tagns-ens-001.ens-traceability": "__FILL__",
              "o-p-om2-tagns-gov-001.application-code": "__FILL__",
              "o-p-om2-tagns-gov-001.application-name": "__FILL__",
              "o-p-om2-tagns-gov-001.business-criticality": "__FILL__",
              "o-p-om2-tagns-gov-001.cost-center": "__FILL__",
              "o-p-om2-tagns-gov-001.department": "__FILL__",
              "o-p-om2-tagns-gov-001.environment": "dev",
              "o-p-om2-tagns-gov-001.iac": "terraform",
              "o-p-om2-tagns-gov-001.name": "o-d-om2-sub-exacs-nprbck-001",
              "o-p-om2-tagns-gov-001.operational-owner": "__FILL__",
              "o-p-om2-tagns-gov-001.technical-owner": "__FILL__"
            },
            "dhcp_options_id": "ocid1.dhcpoptions.oc19.eu-madrid-2.aaaaaaaaiveoeszbsy22dpwetbfxte7drprdenorygl52hluqgqijvj3eraq",
            "display_name": "o-d-om2-sub-exacs-nprbck-001",
            "dns_label": "onpom2snexnpbck",
            "freeform_tags": {
              "ocilz-terraform-module": "networking/0.8.2\r\n"
            },
            "id": "ocid1.subnet.oc19.eu-madrid-2.aaaaaaaapzxknvaxdzhxhy6bnelwuyqykfwccruyrftnshskkcc2upjphvka",
            "ipv4cidr_blocks": [
              "10.197.134.32/27"
            ],
            "ipv6cidr_block": null,
            "ipv6cidr_blocks": [],
            "ipv6virtual_router_ip": null,
            "prohibit_internet_ingress": true,
            "prohibit_public_ip_on_vnic": true,
            "route_table_id": "ocid1.routetable.oc19.eu-madrid-2.aaaaaaaaxj3cpw5v7ck6pshlzysnpxep73cvbfv6wunmzcxesun4ewxnmkxa",
            "security_list_ids": [
              "ocid1.securitylist.oc19.eu-madrid-2.aaaaaaaaq3gxlqmzhihavo2fq4ftdt4lh2nwcvngfneo4oj6ihx7sjaetiiq"
            ],
            "state": "AVAILABLE",
            "subnet_domain_name": "onpom2snexnpbck.opom2vcnexanpr.oraclevcn.com",
            "time_created": "2026-03-10 14:42:50.642 +0000 UTC",
            "timeouts": null,
            "vcn_id": "ocid1.vcn.oc19.eu-madrid-2.amaaaaaapw27gbaatri7xmitendke5zbqpwk3dzghwa7apab56eya5rb2fza",
            "virtual_router_ip": "10.197.134.33",
            "virtual_router_mac": "00:00:17:49:31:78"
          },
          "sensitive_attributes": [],
          "identity_schema_version": 0,
          "private": "eyJlMmJmYjczMC1lY2FhLTExZTYtOGY4OC0zNDM2M2JjN2M0YzAiOnsiY3JlYXRlIjoxMjAwMDAwMDAwMDAwLCJkZWxldGUiOjEyMDAwMDAwMDAwMDAsInVwZGF0ZSI6MTIwMDAwMDAwMDAwMH19",
          "dependencies": [
            "module.oci_lz_orchestrator.data.oci_identity_regions.these",
            "module.oci_lz_orchestrator.data.oci_identity_tenancy.this",
            "module.oci_lz_orchestrator.module.oci_lz_compartments.oci_identity_compartment.level_2",
            "module.oci_lz_orchestrator.module.oci_lz_compartments.oci_identity_compartment.level_3",
            "module.oci_lz_orchestrator.module.oci_lz_compartments.oci_identity_compartment.level_4",
            "module.oci_lz_orchestrator.module.oci_lz_compartments.oci_identity_compartment.level_5",
            "module.oci_lz_orchestrator.module.oci_lz_compartments.oci_identity_compartment.level_6",
            "module.oci_lz_orchestrator.module.oci_lz_compartments.oci_identity_compartment.these",
            "module.oci_lz_orchestrator.module.oci_lz_compartments.oci_identity_tag_default.these",
            "module.oci_lz_orchestrator.module.oci_lz_network.data.oci_core_services.oci_services",
            "module.oci_lz_orchestrator.module.oci_lz_network.data.oci_core_vcn.existing_vcns",
            "module.oci_lz_orchestrator.module.oci_lz_network.oci_core_dhcp_options.these",
            "module.oci_lz_orchestrator.module.oci_lz_network.oci_core_drg.these",
            "module.oci_lz_orchestrator.module.oci_lz_network.oci_core_internet_gateway.these",
            "module.oci_lz_orchestrator.module.oci_lz_network.oci_core_local_peering_gateway.oci_acceptor_local_peering_gateways",
            "module.oci_lz_orchestrator.module.oci_lz_network.oci_core_local_peering_gateway.oci_requestor_local_peering_gateways",
            "module.oci_lz_orchestrator.module.oci_lz_network.oci_core_nat_gateway.these",
            "module.oci_lz_orchestrator.module.oci_lz_network.oci_core_public_ip.these",
            "module.oci_lz_orchestrator.module.oci_lz_network.oci_core_public_ip_pool.these",
            "module.oci_lz_orchestrator.module.oci_lz_network.oci_core_route_table.drga_specific_route_tables",
            "module.oci_lz_orchestrator.module.oci_lz_network.oci_core_route_table.igw_natgw_specific_route_tables",
            "module.oci_lz_orchestrator.module.oci_lz_network.oci_core_route_table.lpg_specific_route_tables",
            "module.oci_lz_orchestrator.module.oci_lz_network.oci_core_route_table.non_gw_specific_remaining_route_tables",
            "module.oci_lz_orchestrator.module.oci_lz_network.oci_core_route_table.sgw_specific_route_tables",
            "module.oci_lz_orchestrator.module.oci_lz_network.oci_core_security_list.these",
            "module.oci_lz_orchestrator.module.oci_lz_network.oci_core_service_gateway.these",
            "module.oci_lz_orchestrator.module.oci_lz_network.oci_core_vcn.these",
            "module.oci_lz_orchestrator.module.oci_lz_tags.data.oci_identity_tag.default_created_by",
            "module.oci_lz_orchestrator.module.oci_lz_tags.data.oci_identity_tag.default_created_on",
            "module.oci_lz_orchestrator.module.oci_lz_tags.data.oci_identity_tag_namespaces.oracle_default",
            "module.oci_lz_orchestrator.module.oci_lz_tags.oci_identity_tag.these",
            "module.oci_lz_orchestrator.module.oci_lz_tags.oci_identity_tag_default.these",
            "module.oci_lz_orchestrator.module.oci_lz_tags.oci_identity_tag_namespace.these",
            "module.oci_lz_orchestrator.module.oci_lz_zpr.data.oci_identity_regions.these",
            "module.oci_lz_orchestrator.module.oci_lz_zpr.data.oci_security_attribute_security_attribute_namespaces.default_security_attribute_namespaces",
            "module.oci_lz_orchestrator.module.oci_lz_zpr.data.oci_security_attribute_security_attribute_namespaces.query_security_attribute_namespaces",
            "module.oci_lz_orchestrator.module.oci_lz_zpr.data.oci_zpr_configuration.this",
            "module.oci_lz_orchestrator.module.oci_lz_zpr.oci_security_attribute_security_attribute.these",
            "module.oci_lz_orchestrator.module.oci_lz_zpr.oci_security_attribute_security_attribute_namespace.these",
            "module.oci_lz_orchestrator.module.oci_lz_zpr.oci_zpr_configuration.this",
            "module.oci_lz_orchestrator.module.oci_lz_zpr.oci_zpr_zpr_policy.these",
            "module.oci_lz_orchestrator.module.oci_lz_zpr.time_sleep.wait_after_zpr_configuration"
          ],
          "create_before_destroy": true
        },
        {
          "index_key": "SN-VLL-LZ-EXACS-NPR-CLIENT-KEY",
          "schema_version": 0,
          "attributes": {
            "availability_domain": null,
            "cidr_block": "10.197.134.0/27",
            "compartment_id": "ocid1.compartment.oc19..aaaaaaaa5gtrrkqmob4ummcgl52exbo4d4vf55uvlzdku5j4fammf3b2pmlq",
            "defined_tags": {
              "Oracle-Tags.CreatedBy": "default/jorge.e.torlaschi@accenture.com",
              "Oracle-Tags.CreatedOn": "2026-03-10T14:42:50.449Z",
              "o-p-om2-tagns-ens-001.ens-authenticity": "__FILL__",
              "o-p-om2-tagns-ens-001.ens-availability": "__FILL__",
              "o-p-om2-tagns-ens-001.ens-confidentiality": "__FILL__",
              "o-p-om2-tagns-ens-001.ens-integrity": "__FILL__",
              "o-p-om2-tagns-ens-001.ens-traceability": "__FILL__",
              "o-p-om2-tagns-gov-001.application-code": "__FILL__",
              "o-p-om2-tagns-gov-001.application-name": "__FILL__",
              "o-p-om2-tagns-gov-001.business-criticality": "__FILL__",
              "o-p-om2-tagns-gov-001.cost-center": "__FILL__",
              "o-p-om2-tagns-gov-001.department": "__FILL__",
              "o-p-om2-tagns-gov-001.environment": "dev",
              "o-p-om2-tagns-gov-001.iac": "terraform",
              "o-p-om2-tagns-gov-001.name": "o-d-om2-sub-exacs-nprcli-001",
              "o-p-om2-tagns-gov-001.operational-owner": "__FILL__",
              "o-p-om2-tagns-gov-001.technical-owner": "__FILL__"
            },
            "dhcp_options_id": "ocid1.dhcpoptions.oc19.eu-madrid-2.aaaaaaaaiveoeszbsy22dpwetbfxte7drprdenorygl52hluqgqijvj3eraq",
            "display_name": "o-d-om2-sub-exacs-nprcli-001",
            "dns_label": "onpom2snexnpcli",
            "freeform_tags": {
              "ocilz-terraform-module": "networking/0.8.2\r\n"
            },
            "id": "ocid1.subnet.oc19.eu-madrid-2.aaaaaaaakekfuzcbd43hvuufgzx6x5uybwjcst35azjilncmjgc254i22gpa",
            "ipv4cidr_blocks": [
              "10.197.134.0/27"
            ],
            "ipv6cidr_block": null,
            "ipv6cidr_blocks": [],
            "ipv6virtual_router_ip": null,
            "prohibit_internet_ingress": true,
            "prohibit_public_ip_on_vnic": true,
            "route_table_id": "ocid1.routetable.oc19.eu-madrid-2.aaaaaaaa26d4p6ngnmfwyddmi7ayygbwkypfgw5sxh4wb7kznmfuparwdwjq",
            "security_list_ids": [
              "ocid1.securitylist.oc19.eu-madrid-2.aaaaaaaaj3ondyeq6escsvhcprydlvvdrc36vjgnx5q3gdw2bitgtpf2sctq"
            ],
            "state": "AVAILABLE",
            "subnet_domain_name": "onpom2snexnpcli.opom2vcnexanpr.oraclevcn.com",
            "time_created": "2026-03-10 14:42:50.471 +0000 UTC",
            "timeouts": null,
            "vcn_id": "ocid1.vcn.oc19.eu-madrid-2.amaaaaaapw27gbaatri7xmitendke5zbqpwk3dzghwa7apab56eya5rb2fza",
            "virtual_router_ip": "10.197.134.1",
            "virtual_router_mac": "00:00:17:49:31:78"
          },
          "sensitive_attributes": [],
          "identity_schema_version": 0,
          "private": "eyJlMmJmYjczMC1lY2FhLTExZTYtOGY4OC0zNDM2M2JjN2M0YzAiOnsiY3JlYXRlIjoxMjAwMDAwMDAwMDAwLCJkZWxldGUiOjEyMDAwMDAwMDAwMDAsInVwZGF0ZSI6MTIwMDAwMDAwMDAwMH19",
          "dependencies": [
            "module.oci_lz_orchestrator.data.oci_identity_regions.these",
            "module.oci_lz_orchestrator.data.oci_identity_tenancy.this",
            "module.oci_lz_orchestrator.module.oci_lz_compartments.oci_identity_compartment.level_2",
            "module.oci_lz_orchestrator.module.oci_lz_compartments.oci_identity_compartment.level_3",
            "module.oci_lz_orchestrator.module.oci_lz_compartments.oci_identity_compartment.level_4",
            "module.oci_lz_orchestrator.module.oci_lz_compartments.oci_identity_compartment.level_5",
            "module.oci_lz_orchestrator.module.oci_lz_compartments.oci_identity_compartment.level_6",
            "module.oci_lz_orchestrator.module.oci_lz_compartments.oci_identity_compartment.these",
            "module.oci_lz_orchestrator.module.oci_lz_compartments.oci_identity_tag_default.these",
            "module.oci_lz_orchestrator.module.oci_lz_network.data.oci_core_services.oci_services",
            "module.oci_lz_orchestrator.module.oci_lz_network.data.oci_core_vcn.existing_vcns",
            "module.oci_lz_orchestrator.module.oci_lz_network.oci_core_dhcp_options.these",
            "module.oci_lz_orchestrator.module.oci_lz_network.oci_core_drg.these",
            "module.oci_lz_orchestrator.module.oci_lz_network.oci_core_internet_gateway.these",
            "module.oci_lz_orchestrator.module.oci_lz_network.oci_core_local_peering_gateway.oci_acceptor_local_peering_gateways",
            "module.oci_lz_orchestrator.module.oci_lz_network.oci_core_local_peering_gateway.oci_requestor_local_peering_gateways",
            "module.oci_lz_orchestrator.module.oci_lz_network.oci_core_nat_gateway.these",
            "module.oci_lz_orchestrator.module.oci_lz_network.oci_core_public_ip.these",
            "module.oci_lz_orchestrator.module.oci_lz_network.oci_core_public_ip_pool.these",
            "module.oci_lz_orchestrator.module.oci_lz_network.oci_core_route_table.drga_specific_route_tables",
            "module.oci_lz_orchestrator.module.oci_lz_network.oci_core_route_table.igw_natgw_specific_route_tables",
            "module.oci_lz_orchestrator.module.oci_lz_network.oci_core_route_table.lpg_specific_route_tables",
            "module.oci_lz_orchestrator.module.oci_lz_network.oci_core_route_table.non_gw_specific_remaining_route_tables",
            "module.oci_lz_orchestrator.module.oci_lz_network.oci_core_route_table.sgw_specific_route_tables",
            "module.oci_lz_orchestrator.module.oci_lz_network.oci_core_security_list.these",
            "module.oci_lz_orchestrator.module.oci_lz_network.oci_core_service_gateway.these",
            "module.oci_lz_orchestrator.module.oci_lz_network.oci_core_vcn.these",
            "module.oci_lz_orchestrator.module.oci_lz_tags.data.oci_identity_tag.default_created_by",
            "module.oci_lz_orchestrator.module.oci_lz_tags.data.oci_identity_tag.default_created_on",
            "module.oci_lz_orchestrator.module.oci_lz_tags.data.oci_identity_tag_namespaces.oracle_default",
            "module.oci_lz_orchestrator.module.oci_lz_tags.oci_identity_tag.these",
            "module.oci_lz_orchestrator.module.oci_lz_tags.oci_identity_tag_default.these",
            "module.oci_lz_orchestrator.module.oci_lz_tags.oci_identity_tag_namespace.these",
            "module.oci_lz_orchestrator.module.oci_lz_zpr.data.oci_identity_regions.these",
            "module.oci_lz_orchestrator.module.oci_lz_zpr.data.oci_security_attribute_security_attribute_namespaces.default_security_attribute_namespaces",
            "module.oci_lz_orchestrator.module.oci_lz_zpr.data.oci_security_attribute_security_attribute_namespaces.query_security_attribute_namespaces",
            "module.oci_lz_orchestrator.module.oci_lz_zpr.data.oci_zpr_configuration.this",
            "module.oci_lz_orchestrator.module.oci_lz_zpr.oci_security_attribute_security_attribute.these",
            "module.oci_lz_orchestrator.module.oci_lz_zpr.oci_security_attribute_security_attribute_namespace.these",
            "module.oci_lz_orchestrator.module.oci_lz_zpr.oci_zpr_configuration.this",
            "module.oci_lz_orchestrator.module.oci_lz_zpr.oci_zpr_zpr_policy.these",
            "module.oci_lz_orchestrator.module.oci_lz_zpr.time_sleep.wait_after_zpr_configuration"
          ],
          "create_before_destroy": true
        },
        {
          "index_key": "SN-VLL-LZ-EXACS-PRO-BACKUP-KEY",
          "schema_version": 0,
          "attributes": {
            "availability_domain": null,
            "cidr_block": "10.197.132.32/27",
            "compartment_id": "ocid1.compartment.oc19..aaaaaaaa5gtrrkqmob4ummcgl52exbo4d4vf55uvlzdku5j4fammf3b2pmlq",
            "defined_tags": {
              "Oracle-Tags.CreatedBy": "default/jorge.e.torlaschi@accenture.com",
              "Oracle-Tags.CreatedOn": "2026-03-10T14:42:50.248Z",
              "o-p-om2-tagns-ens-001.ens-authenticity": "__FILL__",
              "o-p-om2-tagns-ens-001.ens-availability": "__FILL__",
              "o-p-om2-tagns-ens-001.ens-confidentiality": "__FILL__",
              "o-p-om2-tagns-ens-001.ens-integrity": "__FILL__",
              "o-p-om2-tagns-ens-001.ens-traceability": "__FILL__",
              "o-p-om2-tagns-gov-001.application-code": "__FILL__",
              "o-p-om2-tagns-gov-001.application-name": "__FILL__",
              "o-p-om2-tagns-gov-001.business-criticality": "__FILL__",
              "o-p-om2-tagns-gov-001.cost-center": "__FILL__",
              "o-p-om2-tagns-gov-001.department": "__FILL__",
              "o-p-om2-tagns-gov-001.environment": "pro",
              "o-p-om2-tagns-gov-001.iac": "terraform",
              "o-p-om2-tagns-gov-001.name": "o-p-om2-sub-exacsprobck-001",
              "o-p-om2-tagns-gov-001.operational-owner": "__FILL__",
              "o-p-om2-tagns-gov-001.technical-owner": "__FILL__"
            },
            "dhcp_options_id": "ocid1.dhcpoptions.oc19.eu-madrid-2.aaaaaaaaxohssgow5zxkuozcxzyidithouuuhsgsmoy5uoe245thflp36uxq",
            "display_name": "o-p-om2-sub-exacsprobck-001",
            "dns_label": "opom2subexapbck",
            "freeform_tags": {
              "ocilz-terraform-module": "networking/0.8.2\r\n"
            },
            "id": "ocid1.subnet.oc19.eu-madrid-2.aaaaaaaakmjkmcwkvu6a3aq4izcvnpsqlgcac7aivh55zn7p4bg22xvwdw4q",
            "ipv4cidr_blocks": [
              "10.197.132.32/27"
            ],
            "ipv6cidr_block": null,
            "ipv6cidr_blocks": [],
            "ipv6virtual_router_ip": null,
            "prohibit_internet_ingress": true,
            "prohibit_public_ip_on_vnic": true,
            "route_table_id": "ocid1.routetable.oc19.eu-madrid-2.aaaaaaaalajl2baakfooxs77yvz6qt3ybptz6vxrc3fapjnc37i53ijhywqa",
            "security_list_ids": [
              "ocid1.securitylist.oc19.eu-madrid-2.aaaaaaaa52gfgvniilio5mgu475f5k2bjfbnoaslvbvvnhfwwm4ztheyd7ua"
            ],
            "state": "AVAILABLE",
            "subnet_domain_name": "opom2subexapbck.opom2vcnexacpro.oraclevcn.com",
            "time_created": "2026-03-10 14:42:50.267 +0000 UTC",
            "timeouts": null,
            "vcn_id": "ocid1.vcn.oc19.eu-madrid-2.amaaaaaapw27gbaa26l4e3e3jodcwszp52idisn7ntkehkfskz3zzbp7eliq",
            "virtual_router_ip": "10.197.132.33",
            "virtual_router_mac": "00:00:17:96:E2:7A"
          },
          "sensitive_attributes": [],
          "identity_schema_version": 0,
          "private": "eyJlMmJmYjczMC1lY2FhLTExZTYtOGY4OC0zNDM2M2JjN2M0YzAiOnsiY3JlYXRlIjoxMjAwMDAwMDAwMDAwLCJkZWxldGUiOjEyMDAwMDAwMDAwMDAsInVwZGF0ZSI6MTIwMDAwMDAwMDAwMH19",
          "dependencies": [
            "module.oci_lz_orchestrator.data.oci_identity_regions.these",
            "module.oci_lz_orchestrator.data.oci_identity_tenancy.this",
            "module.oci_lz_orchestrator.module.oci_lz_compartments.oci_identity_compartment.level_2",
            "module.oci_lz_orchestrator.module.oci_lz_compartments.oci_identity_compartment.level_3",
            "module.oci_lz_orchestrator.module.oci_lz_compartments.oci_identity_compartment.level_4",
            "module.oci_lz_orchestrator.module.oci_lz_compartments.oci_identity_compartment.level_5",
            "module.oci_lz_orchestrator.module.oci_lz_compartments.oci_identity_compartment.level_6",
            "module.oci_lz_orchestrator.module.oci_lz_compartments.oci_identity_compartment.these",
            "module.oci_lz_orchestrator.module.oci_lz_compartments.oci_identity_tag_default.these",
            "module.oci_lz_orchestrator.module.oci_lz_network.data.oci_core_services.oci_services",
            "module.oci_lz_orchestrator.module.oci_lz_network.data.oci_core_vcn.existing_vcns",
            "module.oci_lz_orchestrator.module.oci_lz_network.oci_core_dhcp_options.these",
            "module.oci_lz_orchestrator.module.oci_lz_network.oci_core_drg.these",
            "module.oci_lz_orchestrator.module.oci_lz_network.oci_core_internet_gateway.these",
            "module.oci_lz_orchestrator.module.oci_lz_network.oci_core_local_peering_gateway.oci_acceptor_local_peering_gateways",
            "module.oci_lz_orchestrator.module.oci_lz_network.oci_core_local_peering_gateway.oci_requestor_local_peering_gateways",
            "module.oci_lz_orchestrator.module.oci_lz_network.oci_core_nat_gateway.these",
            "module.oci_lz_orchestrator.module.oci_lz_network.oci_core_public_ip.these",
            "module.oci_lz_orchestrator.module.oci_lz_network.oci_core_public_ip_pool.these",
            "module.oci_lz_orchestrator.module.oci_lz_network.oci_core_route_table.drga_specific_route_tables",
            "module.oci_lz_orchestrator.module.oci_lz_network.oci_core_route_table.igw_natgw_specific_route_tables",
            "module.oci_lz_orchestrator.module.oci_lz_network.oci_core_route_table.lpg_specific_route_tables",
            "module.oci_lz_orchestrator.module.oci_lz_network.oci_core_route_table.non_gw_specific_remaining_route_tables",
            "module.oci_lz_orchestrator.module.oci_lz_network.oci_core_route_table.sgw_specific_route_tables",
            "module.oci_lz_orchestrator.module.oci_lz_network.oci_core_security_list.these",
            "module.oci_lz_orchestrator.module.oci_lz_network.oci_core_service_gateway.these",
            "module.oci_lz_orchestrator.module.oci_lz_network.oci_core_vcn.these",
            "module.oci_lz_orchestrator.module.oci_lz_tags.data.oci_identity_tag.default_created_by",
            "module.oci_lz_orchestrator.module.oci_lz_tags.data.oci_identity_tag.default_created_on",
            "module.oci_lz_orchestrator.module.oci_lz_tags.data.oci_identity_tag_namespaces.oracle_default",
            "module.oci_lz_orchestrator.module.oci_lz_tags.oci_identity_tag.these",
            "module.oci_lz_orchestrator.module.oci_lz_tags.oci_identity_tag_default.these",
            "module.oci_lz_orchestrator.module.oci_lz_tags.oci_identity_tag_namespace.these",
            "module.oci_lz_orchestrator.module.oci_lz_zpr.data.oci_identity_regions.these",
            "module.oci_lz_orchestrator.module.oci_lz_zpr.data.oci_security_attribute_security_attribute_namespaces.default_security_attribute_namespaces",
            "module.oci_lz_orchestrator.module.oci_lz_zpr.data.oci_security_attribute_security_attribute_namespaces.query_security_attribute_namespaces",
            "module.oci_lz_orchestrator.module.oci_lz_zpr.data.oci_zpr_configuration.this",
            "module.oci_lz_orchestrator.module.oci_lz_zpr.oci_security_attribute_security_attribute.these",
            "module.oci_lz_orchestrator.module.oci_lz_zpr.oci_security_attribute_security_attribute_namespace.these",
            "module.oci_lz_orchestrator.module.oci_lz_zpr.oci_zpr_configuration.this",
            "module.oci_lz_orchestrator.module.oci_lz_zpr.oci_zpr_zpr_policy.these",
            "module.oci_lz_orchestrator.module.oci_lz_zpr.time_sleep.wait_after_zpr_configuration"
          ],
          "create_before_destroy": true
        },
        {
          "index_key": "SN-VLL-LZ-EXACS-PRO-CLIENT-KEY",
          "schema_version": 0,
          "attributes": {
            "availability_domain": null,
            "cidr_block": "10.197.132.0/27",
            "compartment_id": "ocid1.compartment.oc19..aaaaaaaa5gtrrkqmob4ummcgl52exbo4d4vf55uvlzdku5j4fammf3b2pmlq",
            "defined_tags": {
              "Oracle-Tags.CreatedBy": "default/jorge.e.torlaschi@accenture.com",
              "Oracle-Tags.CreatedOn": "2026-03-10T14:42:50.248Z",
              "o-p-om2-tagns-ens-001.ens-authenticity": "__FILL__",
              "o-p-om2-tagns-ens-001.ens-availability": "__FILL__",
              "o-p-om2-tagns-ens-001.ens-confidentiality": "__FILL__",
              "o-p-om2-tagns-ens-001.ens-integrity": "__FILL__",
              "o-p-om2-tagns-ens-001.ens-traceability": "__FILL__",
              "o-p-om2-tagns-gov-001.application-code": "__FILL__",
              "o-p-om2-tagns-gov-001.application-name": "__FILL__",
              "o-p-om2-tagns-gov-001.business-criticality": "__FILL__",
              "o-p-om2-tagns-gov-001.cost-center": "__FILL__",
              "o-p-om2-tagns-gov-001.department": "__FILL__",
              "o-p-om2-tagns-gov-001.environment": "pro",
              "o-p-om2-tagns-gov-001.iac": "terraform",
              "o-p-om2-tagns-gov-001.name": "o-p-om2-sub-exacsprocli-001",
              "o-p-om2-tagns-gov-001.operational-owner": "__FILL__",
              "o-p-om2-tagns-gov-001.technical-owner": "__FILL__"
            },
            "dhcp_options_id": "ocid1.dhcpoptions.oc19.eu-madrid-2.aaaaaaaaxohssgow5zxkuozcxzyidithouuuhsgsmoy5uoe245thflp36uxq",
            "display_name": "o-p-om2-sub-exacsprocli-001",
            "dns_label": "opom2subexapcli",
            "freeform_tags": {
              "ocilz-terraform-module": "networking/0.8.2\r\n"
            },
            "id": "ocid1.subnet.oc19.eu-madrid-2.aaaaaaaa25at3fn2vvtxylgqpchpy6lwgcerzodsg3sc53qctppm7fqaddzq",
            "ipv4cidr_blocks": [
              "10.197.132.0/27"
            ],
            "ipv6cidr_block": null,
            "ipv6cidr_blocks": [],
            "ipv6virtual_router_ip": null,
            "prohibit_internet_ingress": true,
            "prohibit_public_ip_on_vnic": true,
            "route_table_id": "ocid1.routetable.oc19.eu-madrid-2.aaaaaaaavysyvwdx5ejpjsmd5jxgvjam6oiflmsiidryhomite4ennv5enfq",
            "security_list_ids": [
              "ocid1.securitylist.oc19.eu-madrid-2.aaaaaaaa5a3rinjqw7rsclpltq5hh64ec7gldm5jocgm2h2u2scjdvxoj7fq"
            ],
            "state": "AVAILABLE",
            "subnet_domain_name": "opom2subexapcli.opom2vcnexacpro.oraclevcn.com",
            "time_created": "2026-03-10 14:42:52.399 +0000 UTC",
            "timeouts": null,
            "vcn_id": "ocid1.vcn.oc19.eu-madrid-2.amaaaaaapw27gbaa26l4e3e3jodcwszp52idisn7ntkehkfskz3zzbp7eliq",
            "virtual_router_ip": "10.197.132.1",
            "virtual_router_mac": "00:00:17:96:E2:7A"
          },
          "sensitive_attributes": [],
          "identity_schema_version": 0,
          "private": "eyJlMmJmYjczMC1lY2FhLTExZTYtOGY4OC0zNDM2M2JjN2M0YzAiOnsiY3JlYXRlIjoxMjAwMDAwMDAwMDAwLCJkZWxldGUiOjEyMDAwMDAwMDAwMDAsInVwZGF0ZSI6MTIwMDAwMDAwMDAwMH19",
          "dependencies": [
            "module.oci_lz_orchestrator.data.oci_identity_regions.these",
            "module.oci_lz_orchestrator.data.oci_identity_tenancy.this",
            "module.oci_lz_orchestrator.module.oci_lz_compartments.oci_identity_compartment.level_2",
            "module.oci_lz_orchestrator.module.oci_lz_compartments.oci_identity_compartment.level_3",
            "module.oci_lz_orchestrator.module.oci_lz_compartments.oci_identity_compartment.level_4",
            "module.oci_lz_orchestrator.module.oci_lz_compartments.oci_identity_compartment.level_5",
            "module.oci_lz_orchestrator.module.oci_lz_compartments.oci_identity_compartment.level_6",
            "module.oci_lz_orchestrator.module.oci_lz_compartments.oci_identity_compartment.these",
            "module.oci_lz_orchestrator.module.oci_lz_compartments.oci_identity_tag_default.these",
            "module.oci_lz_orchestrator.module.oci_lz_network.data.oci_core_services.oci_services",
            "module.oci_lz_orchestrator.module.oci_lz_network.data.oci_core_vcn.existing_vcns",
            "module.oci_lz_orchestrator.module.oci_lz_network.oci_core_dhcp_options.these",
            "module.oci_lz_orchestrator.module.oci_lz_network.oci_core_drg.these",
            "module.oci_lz_orchestrator.module.oci_lz_network.oci_core_internet_gateway.these",
            "module.oci_lz_orchestrator.module.oci_lz_network.oci_core_local_peering_gateway.oci_acceptor_local_peering_gateways",
            "module.oci_lz_orchestrator.module.oci_lz_network.oci_core_local_peering_gateway.oci_requestor_local_peering_gateways",
            "module.oci_lz_orchestrator.module.oci_lz_network.oci_core_nat_gateway.these",
            "module.oci_lz_orchestrator.module.oci_lz_network.oci_core_public_ip.these",
            "module.oci_lz_orchestrator.module.oci_lz_network.oci_core_public_ip_pool.these",
            "module.oci_lz_orchestrator.module.oci_lz_network.oci_core_route_table.drga_specific_route_tables",
            "module.oci_lz_orchestrator.module.oci_lz_network.oci_core_route_table.igw_natgw_specific_route_tables",
            "module.oci_lz_orchestrator.module.oci_lz_network.oci_core_route_table.lpg_specific_route_tables",
            "module.oci_lz_orchestrator.module.oci_lz_network.oci_core_route_table.non_gw_specific_remaining_route_tables",
            "module.oci_lz_orchestrator.module.oci_lz_network.oci_core_route_table.sgw_specific_route_tables",
            "module.oci_lz_orchestrator.module.oci_lz_network.oci_core_security_list.these",
            "module.oci_lz_orchestrator.module.oci_lz_network.oci_core_service_gateway.these",
            "module.oci_lz_orchestrator.module.oci_lz_network.oci_core_vcn.these",
            "module.oci_lz_orchestrator.module.oci_lz_tags.data.oci_identity_tag.default_created_by",
            "module.oci_lz_orchestrator.module.oci_lz_tags.data.oci_identity_tag.default_created_on",
            "module.oci_lz_orchestrator.module.oci_lz_tags.data.oci_identity_tag_namespaces.oracle_default",
            "module.oci_lz_orchestrator.module.oci_lz_tags.oci_identity_tag.these",
            "module.oci_lz_orchestrator.module.oci_lz_tags.oci_identity_tag_default.these",
            "module.oci_lz_orchestrator.module.oci_lz_tags.oci_identity_tag_namespace.these",
            "module.oci_lz_orchestrator.module.oci_lz_zpr.data.oci_identity_regions.these",
            "module.oci_lz_orchestrator.module.oci_lz_zpr.data.oci_security_attribute_security_attribute_namespaces.default_security_attribute_namespaces",
            "module.oci_lz_orchestrator.module.oci_lz_zpr.data.oci_security_attribute_security_attribute_namespaces.query_security_attribute_namespaces",
            "module.oci_lz_orchestrator.module.oci_lz_zpr.data.oci_zpr_configuration.this",
            "module.oci_lz_orchestrator.module.oci_lz_zpr.oci_security_attribute_security_attribute.these",
            "module.oci_lz_orchestrator.module.oci_lz_zpr.oci_security_attribute_security_attribute_namespace.these",
            "module.oci_lz_orchestrator.module.oci_lz_zpr.oci_zpr_configuration.this",
            "module.oci_lz_orchestrator.module.oci_lz_zpr.oci_zpr_zpr_policy.these",
            "module.oci_lz_orchestrator.module.oci_lz_zpr.time_sleep.wait_after_zpr_configuration"
          ],
          "create_before_destroy": true
        },
        {
          "index_key": "SN-VLL-LZ-HUB-DNS",
          "schema_version": 0,
          "attributes": {
            "availability_domain": null,
            "cidr_block": "10.197.128.96/27",
            "compartment_id": "ocid1.compartment.oc19..aaaaaaaa5gtrrkqmob4ummcgl52exbo4d4vf55uvlzdku5j4fammf3b2pmlq",
            "defined_tags": {
              "Oracle-Tags.CreatedBy": "default/jorge.e.torlaschi@accenture.com",
              "Oracle-Tags.CreatedOn": "2026-03-10T14:42:50.248Z",
              "o-p-om2-tagns-ens-001.ens-authenticity": "__FILL__",
              "o-p-om2-tagns-ens-001.ens-availability": "__FILL__",
              "o-p-om2-tagns-ens-001.ens-confidentiality": "__FILL__",
              "o-p-om2-tagns-ens-001.ens-integrity": "__FILL__",
              "o-p-om2-tagns-ens-001.ens-traceability": "__FILL__",
              "o-p-om2-tagns-gov-001.application-code": "__FILL__",
              "o-p-om2-tagns-gov-001.application-name": "__FILL__",
              "o-p-om2-tagns-gov-001.business-criticality": "__FILL__",
              "o-p-om2-tagns-gov-001.cost-center": "__FILL__",
              "o-p-om2-tagns-gov-001.department": "__FILL__",
              "o-p-om2-tagns-gov-001.environment": "pro",
              "o-p-om2-tagns-gov-001.iac": "terraform",
              "o-p-om2-tagns-gov-001.name": "o-p-om2-sub-hubdns-001",
              "o-p-om2-tagns-gov-001.operational-owner": "__FILL__",
              "o-p-om2-tagns-gov-001.technical-owner": "__FILL__"
            },
            "dhcp_options_id": "ocid1.dhcpoptions.oc19.eu-madrid-2.aaaaaaaabv5bwyjsl3fvpposrj2mclh4t7cfjj6b7svqlswovh5gam3tnwra",
            "display_name": "o-p-om2-sub-hubdns-001",
            "dns_label": "opom2snhubdns",
            "freeform_tags": {
              "ocilz-terraform-module": "networking/0.8.2\r\n"
            },
            "id": "ocid1.subnet.oc19.eu-madrid-2.aaaaaaaana6o4ztydw3u3i7f4nv4xkmmjkscvdj6aiv5t6wnuxqlcfrjp3bq",
            "ipv4cidr_blocks": [
              "10.197.128.96/27"
            ],
            "ipv6cidr_block": null,
            "ipv6cidr_blocks": [],
            "ipv6virtual_router_ip": null,
            "prohibit_internet_ingress": true,
            "prohibit_public_ip_on_vnic": true,
            "route_table_id": "ocid1.routetable.oc19.eu-madrid-2.aaaaaaaaplxulbv5ftsmxk3t23zaqo6zbest5cc7epsnx3l5i7k2g6geivbq",
            "security_list_ids": [
              "ocid1.securitylist.oc19.eu-madrid-2.aaaaaaaax4r77poacckw7t2nmbxddnkqmrxeh3sbdys6tbm2voyrtumnnbuq"
            ],
            "state": "AVAILABLE",
            "subnet_domain_name": "opom2snhubdns.opom2vcnhub.oraclevcn.com",
            "time_created": "2026-03-10 14:42:50.632 +0000 UTC",
            "timeouts": null,
            "vcn_id": "ocid1.vcn.oc19.eu-madrid-2.amaaaaaapw27gbaahaampmaqpuconyvwmecndp6epapf6uv4p2okvyd2qe4q",
            "virtual_router_ip": "10.197.128.97",
            "virtual_router_mac": "00:00:17:46:E6:9D"
          },
          "sensitive_attributes": [],
          "identity_schema_version": 0,
          "private": "eyJlMmJmYjczMC1lY2FhLTExZTYtOGY4OC0zNDM2M2JjN2M0YzAiOnsiY3JlYXRlIjoxMjAwMDAwMDAwMDAwLCJkZWxldGUiOjEyMDAwMDAwMDAwMDAsInVwZGF0ZSI6MTIwMDAwMDAwMDAwMH19",
          "dependencies": [
            "module.oci_lz_orchestrator.data.oci_identity_regions.these",
            "module.oci_lz_orchestrator.data.oci_identity_tenancy.this",
            "module.oci_lz_orchestrator.module.oci_lz_compartments.oci_identity_compartment.level_2",
            "module.oci_lz_orchestrator.module.oci_lz_compartments.oci_identity_compartment.level_3",
            "module.oci_lz_orchestrator.module.oci_lz_compartments.oci_identity_compartment.level_4",
            "module.oci_lz_orchestrator.module.oci_lz_compartments.oci_identity_compartment.level_5",
            "module.oci_lz_orchestrator.module.oci_lz_compartments.oci_identity_compartment.level_6",
            "module.oci_lz_orchestrator.module.oci_lz_compartments.oci_identity_compartment.these",
            "module.oci_lz_orchestrator.module.oci_lz_compartments.oci_identity_tag_default.these",
            "module.oci_lz_orchestrator.module.oci_lz_network.data.oci_core_services.oci_services",
            "module.oci_lz_orchestrator.module.oci_lz_network.data.oci_core_vcn.existing_vcns",
            "module.oci_lz_orchestrator.module.oci_lz_network.oci_core_dhcp_options.these",
            "module.oci_lz_orchestrator.module.oci_lz_network.oci_core_drg.these",
            "module.oci_lz_orchestrator.module.oci_lz_network.oci_core_internet_gateway.these",
            "module.oci_lz_orchestrator.module.oci_lz_network.oci_core_local_peering_gateway.oci_acceptor_local_peering_gateways",
            "module.oci_lz_orchestrator.module.oci_lz_network.oci_core_local_peering_gateway.oci_requestor_local_peering_gateways",
            "module.oci_lz_orchestrator.module.oci_lz_network.oci_core_nat_gateway.these",
            "module.oci_lz_orchestrator.module.oci_lz_network.oci_core_public_ip.these",
            "module.oci_lz_orchestrator.module.oci_lz_network.oci_core_public_ip_pool.these",
            "module.oci_lz_orchestrator.module.oci_lz_network.oci_core_route_table.drga_specific_route_tables",
            "module.oci_lz_orchestrator.module.oci_lz_network.oci_core_route_table.igw_natgw_specific_route_tables",
            "module.oci_lz_orchestrator.module.oci_lz_network.oci_core_route_table.lpg_specific_route_tables",
            "module.oci_lz_orchestrator.module.oci_lz_network.oci_core_route_table.non_gw_specific_remaining_route_tables",
            "module.oci_lz_orchestrator.module.oci_lz_network.oci_core_route_table.sgw_specific_route_tables",
            "module.oci_lz_orchestrator.module.oci_lz_network.oci_core_security_list.these",
            "module.oci_lz_orchestrator.module.oci_lz_network.oci_core_service_gateway.these",
            "module.oci_lz_orchestrator.module.oci_lz_network.oci_core_vcn.these",
            "module.oci_lz_orchestrator.module.oci_lz_tags.data.oci_identity_tag.default_created_by",
            "module.oci_lz_orchestrator.module.oci_lz_tags.data.oci_identity_tag.default_created_on",
            "module.oci_lz_orchestrator.module.oci_lz_tags.data.oci_identity_tag_namespaces.oracle_default",
            "module.oci_lz_orchestrator.module.oci_lz_tags.oci_identity_tag.these",
            "module.oci_lz_orchestrator.module.oci_lz_tags.oci_identity_tag_default.these",
            "module.oci_lz_orchestrator.module.oci_lz_tags.oci_identity_tag_namespace.these",
            "module.oci_lz_orchestrator.module.oci_lz_zpr.data.oci_identity_regions.these",
            "module.oci_lz_orchestrator.module.oci_lz_zpr.data.oci_security_attribute_security_attribute_namespaces.default_security_attribute_namespaces",
            "module.oci_lz_orchestrator.module.oci_lz_zpr.data.oci_security_attribute_security_attribute_namespaces.query_security_attribute_namespaces",
            "module.oci_lz_orchestrator.module.oci_lz_zpr.data.oci_zpr_configuration.this",
            "module.oci_lz_orchestrator.module.oci_lz_zpr.oci_security_attribute_security_attribute.these",
            "module.oci_lz_orchestrator.module.oci_lz_zpr.oci_security_attribute_security_attribute_namespace.these",
            "module.oci_lz_orchestrator.module.oci_lz_zpr.oci_zpr_configuration.this",
            "module.oci_lz_orchestrator.module.oci_lz_zpr.oci_zpr_zpr_policy.these",
            "module.oci_lz_orchestrator.module.oci_lz_zpr.time_sleep.wait_after_zpr_configuration"
          ],
          "create_before_destroy": true
        },
        {
          "index_key": "SN-VLL-LZ-HUB-FW-KEY",
          "schema_version": 0,
          "attributes": {
            "availability_domain": null,
            "cidr_block": "10.197.128.0/27",
            "compartment_id": "ocid1.compartment.oc19..aaaaaaaa5gtrrkqmob4ummcgl52exbo4d4vf55uvlzdku5j4fammf3b2pmlq",
            "defined_tags": {
              "Oracle-Tags.CreatedBy": "default/jorge.e.torlaschi@accenture.com",
              "Oracle-Tags.CreatedOn": "2026-03-10T14:42:50.248Z",
              "o-p-om2-tagns-ens-001.ens-authenticity": "__FILL__",
              "o-p-om2-tagns-ens-001.ens-availability": "__FILL__",
              "o-p-om2-tagns-ens-001.ens-confidentiality": "__FILL__",
              "o-p-om2-tagns-ens-001.ens-integrity": "__FILL__",
              "o-p-om2-tagns-ens-001.ens-traceability": "__FILL__",
              "o-p-om2-tagns-gov-001.application-code": "__FILL__",
              "o-p-om2-tagns-gov-001.application-name": "__FILL__",
              "o-p-om2-tagns-gov-001.business-criticality": "__FILL__",
              "o-p-om2-tagns-gov-001.cost-center": "__FILL__",
              "o-p-om2-tagns-gov-001.department": "__FILL__",
              "o-p-om2-tagns-gov-001.environment": "pro",
              "o-p-om2-tagns-gov-001.iac": "terraform",
              "o-p-om2-tagns-gov-001.name": "o-p-om2-sub-hubfw-001",
              "o-p-om2-tagns-gov-001.operational-owner": "__FILL__",
              "o-p-om2-tagns-gov-001.technical-owner": "__FILL__"
            },
            "dhcp_options_id": "ocid1.dhcpoptions.oc19.eu-madrid-2.aaaaaaaabv5bwyjsl3fvpposrj2mclh4t7cfjj6b7svqlswovh5gam3tnwra",
            "display_name": "o-p-om2-sub-hubfw-001",
            "dns_label": "opom2snhubfw",
            "freeform_tags": {
              "ocilz-terraform-module": "networking/0.8.2\r\n"
            },
            "id": "ocid1.subnet.oc19.eu-madrid-2.aaaaaaaayg3uwvlk4sppnxnqwcqgwcw4egv3b2uwdim36mjqg7gzfvfvzmda",
            "ipv4cidr_blocks": [
              "10.197.128.0/27"
            ],
            "ipv6cidr_block": null,
            "ipv6cidr_blocks": [],
            "ipv6virtual_router_ip": null,
            "prohibit_internet_ingress": true,
            "prohibit_public_ip_on_vnic": true,
            "route_table_id": "ocid1.routetable.oc19.eu-madrid-2.aaaaaaaamhwcecichg7l26fnd2rgvqk7ni5x2worom4hblpff3oax6fwie4a",
            "security_list_ids": [
              "ocid1.securitylist.oc19.eu-madrid-2.aaaaaaaacnodbu3y73ugby74ryrr7c5aoa2pzwdryyyoenq2frlckcoedj3a"
            ],
            "state": "AVAILABLE",
            "subnet_domain_name": "opom2snhubfw.opom2vcnhub.oraclevcn.com",
            "time_created": "2026-03-10 14:42:52.295 +0000 UTC",
            "timeouts": null,
            "vcn_id": "ocid1.vcn.oc19.eu-madrid-2.amaaaaaapw27gbaahaampmaqpuconyvwmecndp6epapf6uv4p2okvyd2qe4q",
            "virtual_router_ip": "10.197.128.1",
            "virtual_router_mac": "00:00:17:46:E6:9D"
          },
          "sensitive_attributes": [],
          "identity_schema_version": 0,
          "private": "eyJlMmJmYjczMC1lY2FhLTExZTYtOGY4OC0zNDM2M2JjN2M0YzAiOnsiY3JlYXRlIjoxMjAwMDAwMDAwMDAwLCJkZWxldGUiOjEyMDAwMDAwMDAwMDAsInVwZGF0ZSI6MTIwMDAwMDAwMDAwMH19",
          "dependencies": [
            "module.oci_lz_orchestrator.data.oci_identity_regions.these",
            "module.oci_lz_orchestrator.data.oci_identity_tenancy.this",
            "module.oci_lz_orchestrator.module.oci_lz_compartments.oci_identity_compartment.level_2",
            "module.oci_lz_orchestrator.module.oci_lz_compartments.oci_identity_compartment.level_3",
            "module.oci_lz_orchestrator.module.oci_lz_compartments.oci_identity_compartment.level_4",
            "module.oci_lz_orchestrator.module.oci_lz_compartments.oci_identity_compartment.level_5",
            "module.oci_lz_orchestrator.module.oci_lz_compartments.oci_identity_compartment.level_6",
            "module.oci_lz_orchestrator.module.oci_lz_compartments.oci_identity_compartment.these",
            "module.oci_lz_orchestrator.module.oci_lz_compartments.oci_identity_tag_default.these",
            "module.oci_lz_orchestrator.module.oci_lz_network.data.oci_core_services.oci_services",
            "module.oci_lz_orchestrator.module.oci_lz_network.data.oci_core_vcn.existing_vcns",
            "module.oci_lz_orchestrator.module.oci_lz_network.oci_core_dhcp_options.these",
            "module.oci_lz_orchestrator.module.oci_lz_network.oci_core_drg.these",
            "module.oci_lz_orchestrator.module.oci_lz_network.oci_core_internet_gateway.these",
            "module.oci_lz_orchestrator.module.oci_lz_network.oci_core_local_peering_gateway.oci_acceptor_local_peering_gateways",
            "module.oci_lz_orchestrator.module.oci_lz_network.oci_core_local_peering_gateway.oci_requestor_local_peering_gateways",
            "module.oci_lz_orchestrator.module.oci_lz_network.oci_core_nat_gateway.these",
            "module.oci_lz_orchestrator.module.oci_lz_network.oci_core_public_ip.these",
            "module.oci_lz_orchestrator.module.oci_lz_network.oci_core_public_ip_pool.these",
            "module.oci_lz_orchestrator.module.oci_lz_network.oci_core_route_table.drga_specific_route_tables",
            "module.oci_lz_orchestrator.module.oci_lz_network.oci_core_route_table.igw_natgw_specific_route_tables",
            "module.oci_lz_orchestrator.module.oci_lz_network.oci_core_route_table.lpg_specific_route_tables",
            "module.oci_lz_orchestrator.module.oci_lz_network.oci_core_route_table.non_gw_specific_remaining_route_tables",
            "module.oci_lz_orchestrator.module.oci_lz_network.oci_core_route_table.sgw_specific_route_tables",
            "module.oci_lz_orchestrator.module.oci_lz_network.oci_core_security_list.these",
            "module.oci_lz_orchestrator.module.oci_lz_network.oci_core_service_gateway.these",
            "module.oci_lz_orchestrator.module.oci_lz_network.oci_core_vcn.these",
            "module.oci_lz_orchestrator.module.oci_lz_tags.data.oci_identity_tag.default_created_by",
            "module.oci_lz_orchestrator.module.oci_lz_tags.data.oci_identity_tag.default_created_on",
            "module.oci_lz_orchestrator.module.oci_lz_tags.data.oci_identity_tag_namespaces.oracle_default",
            "module.oci_lz_orchestrator.module.oci_lz_tags.oci_identity_tag.these",
            "module.oci_lz_orchestrator.module.oci_lz_tags.oci_identity_tag_default.these",
            "module.oci_lz_orchestrator.module.oci_lz_tags.oci_identity_tag_namespace.these",
            "module.oci_lz_orchestrator.module.oci_lz_zpr.data.oci_identity_regions.these",
            "module.oci_lz_orchestrator.module.oci_lz_zpr.data.oci_security_attribute_security_attribute_namespaces.default_security_attribute_namespaces",
            "module.oci_lz_orchestrator.module.oci_lz_zpr.data.oci_security_attribute_security_attribute_namespaces.query_security_attribute_namespaces",
            "module.oci_lz_orchestrator.module.oci_lz_zpr.data.oci_zpr_configuration.this",
            "module.oci_lz_orchestrator.module.oci_lz_zpr.oci_security_attribute_security_attribute.these",
            "module.oci_lz_orchestrator.module.oci_lz_zpr.oci_security_attribute_security_attribute_namespace.these",
            "module.oci_lz_orchestrator.module.oci_lz_zpr.oci_zpr_configuration.this",
            "module.oci_lz_orchestrator.module.oci_lz_zpr.oci_zpr_zpr_policy.these",
            "module.oci_lz_orchestrator.module.oci_lz_zpr.time_sleep.wait_after_zpr_configuration"
          ],
          "create_before_destroy": true
        },
        {
          "index_key": "SN-VLL-LZ-HUB-MGMT-KEY",
          "schema_version": 0,
          "attributes": {
            "availability_domain": null,
            "cidr_block": "10.197.128.32/27",
            "compartment_id": "ocid1.compartment.oc19..aaaaaaaa5gtrrkqmob4ummcgl52exbo4d4vf55uvlzdku5j4fammf3b2pmlq",
            "defined_tags": {
              "Oracle-Tags.CreatedBy": "default/jorge.e.torlaschi@accenture.com",
              "Oracle-Tags.CreatedOn": "2026-03-10T14:42:50.248Z",
              "o-p-om2-tagns-ens-001.ens-authenticity": "__FILL__",
              "o-p-om2-tagns-ens-001.ens-availability": "__FILL__",
              "o-p-om2-tagns-ens-001.ens-confidentiality": "__FILL__",
              "o-p-om2-tagns-ens-001.ens-integrity": "__FILL__",
              "o-p-om2-tagns-ens-001.ens-traceability": "__FILL__",
              "o-p-om2-tagns-gov-001.application-code": "__FILL__",
              "o-p-om2-tagns-gov-001.application-name": "__FILL__",
              "o-p-om2-tagns-gov-001.business-criticality": "__FILL__",
              "o-p-om2-tagns-gov-001.cost-center": "__FILL__",
              "o-p-om2-tagns-gov-001.department": "__FILL__",
              "o-p-om2-tagns-gov-001.environment": "pro",
              "o-p-om2-tagns-gov-001.iac": "terraform",
              "o-p-om2-tagns-gov-001.name": "o-p-om2-sub-hubmgmt-001",
              "o-p-om2-tagns-gov-001.operational-owner": "__FILL__",
              "o-p-om2-tagns-gov-001.technical-owner": "__FILL__"
            },
            "dhcp_options_id": "ocid1.dhcpoptions.oc19.eu-madrid-2.aaaaaaaabv5bwyjsl3fvpposrj2mclh4t7cfjj6b7svqlswovh5gam3tnwra",
            "display_name": "o-p-om2-sub-hubmgmt-001",
            "dns_label": "opom2snhubmgmt",
            "freeform_tags": {
              "ocilz-terraform-module": "networking/0.8.2\r\n"
            },
            "id": "ocid1.subnet.oc19.eu-madrid-2.aaaaaaaavcjg6zczpbp4h2avcsawctp2su5x6nbzsfeqizy5edgy7b2chwxa",
            "ipv4cidr_blocks": [
              "10.197.128.32/27"
            ],
            "ipv6cidr_block": null,
            "ipv6cidr_blocks": [],
            "ipv6virtual_router_ip": null,
            "prohibit_internet_ingress": true,
            "prohibit_public_ip_on_vnic": true,
            "route_table_id": "ocid1.routetable.oc19.eu-madrid-2.aaaaaaaaplxulbv5ftsmxk3t23zaqo6zbest5cc7epsnx3l5i7k2g6geivbq",
            "security_list_ids": [
              "ocid1.securitylist.oc19.eu-madrid-2.aaaaaaaax4r77poacckw7t2nmbxddnkqmrxeh3sbdys6tbm2voyrtumnnbuq"
            ],
            "state": "AVAILABLE",
            "subnet_domain_name": "opom2snhubmgmt.opom2vcnhub.oraclevcn.com",
            "time_created": "2026-03-10 14:42:50.269 +0000 UTC",
            "timeouts": null,
            "vcn_id": "ocid1.vcn.oc19.eu-madrid-2.amaaaaaapw27gbaahaampmaqpuconyvwmecndp6epapf6uv4p2okvyd2qe4q",
            "virtual_router_ip": "10.197.128.33",
            "virtual_router_mac": "00:00:17:46:E6:9D"
          },
          "sensitive_attributes": [],
          "identity_schema_version": 0,
          "private": "eyJlMmJmYjczMC1lY2FhLTExZTYtOGY4OC0zNDM2M2JjN2M0YzAiOnsiY3JlYXRlIjoxMjAwMDAwMDAwMDAwLCJkZWxldGUiOjEyMDAwMDAwMDAwMDAsInVwZGF0ZSI6MTIwMDAwMDAwMDAwMH19",
          "dependencies": [
            "module.oci_lz_orchestrator.data.oci_identity_regions.these",
            "module.oci_lz_orchestrator.data.oci_identity_tenancy.this",
            "module.oci_lz_orchestrator.module.oci_lz_compartments.oci_identity_compartment.level_2",
            "module.oci_lz_orchestrator.module.oci_lz_compartments.oci_identity_compartment.level_3",
            "module.oci_lz_orchestrator.module.oci_lz_compartments.oci_identity_compartment.level_4",
            "module.oci_lz_orchestrator.module.oci_lz_compartments.oci_identity_compartment.level_5",
            "module.oci_lz_orchestrator.module.oci_lz_compartments.oci_identity_compartment.level_6",
            "module.oci_lz_orchestrator.module.oci_lz_compartments.oci_identity_compartment.these",
            "module.oci_lz_orchestrator.module.oci_lz_compartments.oci_identity_tag_default.these",
            "module.oci_lz_orchestrator.module.oci_lz_network.data.oci_core_services.oci_services",
            "module.oci_lz_orchestrator.module.oci_lz_network.data.oci_core_vcn.existing_vcns",
            "module.oci_lz_orchestrator.module.oci_lz_network.oci_core_dhcp_options.these",
            "module.oci_lz_orchestrator.module.oci_lz_network.oci_core_drg.these",
            "module.oci_lz_orchestrator.module.oci_lz_network.oci_core_internet_gateway.these",
            "module.oci_lz_orchestrator.module.oci_lz_network.oci_core_local_peering_gateway.oci_acceptor_local_peering_gateways",
            "module.oci_lz_orchestrator.module.oci_lz_network.oci_core_local_peering_gateway.oci_requestor_local_peering_gateways",
            "module.oci_lz_orchestrator.module.oci_lz_network.oci_core_nat_gateway.these",
            "module.oci_lz_orchestrator.module.oci_lz_network.oci_core_public_ip.these",
            "module.oci_lz_orchestrator.module.oci_lz_network.oci_core_public_ip_pool.these",
            "module.oci_lz_orchestrator.module.oci_lz_network.oci_core_route_table.drga_specific_route_tables",
            "module.oci_lz_orchestrator.module.oci_lz_network.oci_core_route_table.igw_natgw_specific_route_tables",
            "module.oci_lz_orchestrator.module.oci_lz_network.oci_core_route_table.lpg_specific_route_tables",
            "module.oci_lz_orchestrator.module.oci_lz_network.oci_core_route_table.non_gw_specific_remaining_route_tables",
            "module.oci_lz_orchestrator.module.oci_lz_network.oci_core_route_table.sgw_specific_route_tables",
            "module.oci_lz_orchestrator.module.oci_lz_network.oci_core_security_list.these",
            "module.oci_lz_orchestrator.module.oci_lz_network.oci_core_service_gateway.these",
            "module.oci_lz_orchestrator.module.oci_lz_network.oci_core_vcn.these",
            "module.oci_lz_orchestrator.module.oci_lz_tags.data.oci_identity_tag.default_created_by",
            "module.oci_lz_orchestrator.module.oci_lz_tags.data.oci_identity_tag.default_created_on",
            "module.oci_lz_orchestrator.module.oci_lz_tags.data.oci_identity_tag_namespaces.oracle_default",
            "module.oci_lz_orchestrator.module.oci_lz_tags.oci_identity_tag.these",
            "module.oci_lz_orchestrator.module.oci_lz_tags.oci_identity_tag_default.these",
            "module.oci_lz_orchestrator.module.oci_lz_tags.oci_identity_tag_namespace.these",
            "module.oci_lz_orchestrator.module.oci_lz_zpr.data.oci_identity_regions.these",
            "module.oci_lz_orchestrator.module.oci_lz_zpr.data.oci_security_attribute_security_attribute_namespaces.default_security_attribute_namespaces",
            "module.oci_lz_orchestrator.module.oci_lz_zpr.data.oci_security_attribute_security_attribute_namespaces.query_security_attribute_namespaces",
            "module.oci_lz_orchestrator.module.oci_lz_zpr.data.oci_zpr_configuration.this",
            "module.oci_lz_orchestrator.module.oci_lz_zpr.oci_security_attribute_security_attribute.these",
            "module.oci_lz_orchestrator.module.oci_lz_zpr.oci_security_attribute_security_attribute_namespace.these",
            "module.oci_lz_orchestrator.module.oci_lz_zpr.oci_zpr_configuration.this",
            "module.oci_lz_orchestrator.module.oci_lz_zpr.oci_zpr_zpr_policy.these",
            "module.oci_lz_orchestrator.module.oci_lz_zpr.time_sleep.wait_after_zpr_configuration"
          ],
          "create_before_destroy": true
        },
        {
          "index_key": "SN-VLL-LZ-HUB-MON-KEY",
          "schema_version": 0,
          "attributes": {
            "availability_domain": null,
            "cidr_block": "10.197.128.64/27",
            "compartment_id": "ocid1.compartment.oc19..aaaaaaaa5gtrrkqmob4ummcgl52exbo4d4vf55uvlzdku5j4fammf3b2pmlq",
            "defined_tags": {
              "Oracle-Tags.CreatedBy": "default/jorge.e.torlaschi@accenture.com",
              "Oracle-Tags.CreatedOn": "2026-03-10T14:42:50.248Z",
              "o-p-om2-tagns-ens-001.ens-authenticity": "__FILL__",
              "o-p-om2-tagns-ens-001.ens-availability": "__FILL__",
              "o-p-om2-tagns-ens-001.ens-confidentiality": "__FILL__",
              "o-p-om2-tagns-ens-001.ens-integrity": "__FILL__",
              "o-p-om2-tagns-ens-001.ens-traceability": "__FILL__",
              "o-p-om2-tagns-gov-001.application-code": "__FILL__",
              "o-p-om2-tagns-gov-001.application-name": "__FILL__",
              "o-p-om2-tagns-gov-001.business-criticality": "__FILL__",
              "o-p-om2-tagns-gov-001.cost-center": "__FILL__",
              "o-p-om2-tagns-gov-001.department": "__FILL__",
              "o-p-om2-tagns-gov-001.environment": "pro",
              "o-p-om2-tagns-gov-001.iac": "terraform",
              "o-p-om2-tagns-gov-001.name": "o-p-om2-sub-hubmon-001",
              "o-p-om2-tagns-gov-001.operational-owner": "__FILL__",
              "o-p-om2-tagns-gov-001.technical-owner": "__FILL__"
            },
            "dhcp_options_id": "ocid1.dhcpoptions.oc19.eu-madrid-2.aaaaaaaabv5bwyjsl3fvpposrj2mclh4t7cfjj6b7svqlswovh5gam3tnwra",
            "display_name": "o-p-om2-sub-hubmon-001",
            "dns_label": "opom2snhubmm",
            "freeform_tags": {
              "ocilz-terraform-module": "networking/0.8.2\r\n"
            },
            "id": "ocid1.subnet.oc19.eu-madrid-2.aaaaaaaay4uhy4psi4rga5wpyz2ciq4ev4bw6ijmgjqqwj5at77l77xx6yhq",
            "ipv4cidr_blocks": [
              "10.197.128.64/27"
            ],
            "ipv6cidr_block": null,
            "ipv6cidr_blocks": [],
            "ipv6virtual_router_ip": null,
            "prohibit_internet_ingress": true,
            "prohibit_public_ip_on_vnic": true,
            "route_table_id": "ocid1.routetable.oc19.eu-madrid-2.aaaaaaaaplxulbv5ftsmxk3t23zaqo6zbest5cc7epsnx3l5i7k2g6geivbq",
            "security_list_ids": [
              "ocid1.securitylist.oc19.eu-madrid-2.aaaaaaaax4r77poacckw7t2nmbxddnkqmrxeh3sbdys6tbm2voyrtumnnbuq"
            ],
            "state": "AVAILABLE",
            "subnet_domain_name": "opom2snhubmm.opom2vcnhub.oraclevcn.com",
            "time_created": "2026-03-10 14:42:50.446 +0000 UTC",
            "timeouts": null,
            "vcn_id": "ocid1.vcn.oc19.eu-madrid-2.amaaaaaapw27gbaahaampmaqpuconyvwmecndp6epapf6uv4p2okvyd2qe4q",
            "virtual_router_ip": "10.197.128.65",
            "virtual_router_mac": "00:00:17:46:E6:9D"
          },
          "sensitive_attributes": [],
          "identity_schema_version": 0,
          "private": "eyJlMmJmYjczMC1lY2FhLTExZTYtOGY4OC0zNDM2M2JjN2M0YzAiOnsiY3JlYXRlIjoxMjAwMDAwMDAwMDAwLCJkZWxldGUiOjEyMDAwMDAwMDAwMDAsInVwZGF0ZSI6MTIwMDAwMDAwMDAwMH19",
          "dependencies": [
            "module.oci_lz_orchestrator.data.oci_identity_regions.these",
            "module.oci_lz_orchestrator.data.oci_identity_tenancy.this",
            "module.oci_lz_orchestrator.module.oci_lz_compartments.oci_identity_compartment.level_2",
            "module.oci_lz_orchestrator.module.oci_lz_compartments.oci_identity_compartment.level_3",
            "module.oci_lz_orchestrator.module.oci_lz_compartments.oci_identity_compartment.level_4",
            "module.oci_lz_orchestrator.module.oci_lz_compartments.oci_identity_compartment.level_5",
            "module.oci_lz_orchestrator.module.oci_lz_compartments.oci_identity_compartment.level_6",
            "module.oci_lz_orchestrator.module.oci_lz_compartments.oci_identity_compartment.these",
            "module.oci_lz_orchestrator.module.oci_lz_compartments.oci_identity_tag_default.these",
            "module.oci_lz_orchestrator.module.oci_lz_network.data.oci_core_services.oci_services",
            "module.oci_lz_orchestrator.module.oci_lz_network.data.oci_core_vcn.existing_vcns",
            "module.oci_lz_orchestrator.module.oci_lz_network.oci_core_dhcp_options.these",
            "module.oci_lz_orchestrator.module.oci_lz_network.oci_core_drg.these",
            "module.oci_lz_orchestrator.module.oci_lz_network.oci_core_internet_gateway.these",
            "module.oci_lz_orchestrator.module.oci_lz_network.oci_core_local_peering_gateway.oci_acceptor_local_peering_gateways",
            "module.oci_lz_orchestrator.module.oci_lz_network.oci_core_local_peering_gateway.oci_requestor_local_peering_gateways",
            "module.oci_lz_orchestrator.module.oci_lz_network.oci_core_nat_gateway.these",
            "module.oci_lz_orchestrator.module.oci_lz_network.oci_core_public_ip.these",
            "module.oci_lz_orchestrator.module.oci_lz_network.oci_core_public_ip_pool.these",
            "module.oci_lz_orchestrator.module.oci_lz_network.oci_core_route_table.drga_specific_route_tables",
            "module.oci_lz_orchestrator.module.oci_lz_network.oci_core_route_table.igw_natgw_specific_route_tables",
            "module.oci_lz_orchestrator.module.oci_lz_network.oci_core_route_table.lpg_specific_route_tables",
            "module.oci_lz_orchestrator.module.oci_lz_network.oci_core_route_table.non_gw_specific_remaining_route_tables",
            "module.oci_lz_orchestrator.module.oci_lz_network.oci_core_route_table.sgw_specific_route_tables",
            "module.oci_lz_orchestrator.module.oci_lz_network.oci_core_security_list.these",
            "module.oci_lz_orchestrator.module.oci_lz_network.oci_core_service_gateway.these",
            "module.oci_lz_orchestrator.module.oci_lz_network.oci_core_vcn.these",
            "module.oci_lz_orchestrator.module.oci_lz_tags.data.oci_identity_tag.default_created_by",
            "module.oci_lz_orchestrator.module.oci_lz_tags.data.oci_identity_tag.default_created_on",
            "module.oci_lz_orchestrator.module.oci_lz_tags.data.oci_identity_tag_namespaces.oracle_default",
            "module.oci_lz_orchestrator.module.oci_lz_tags.oci_identity_tag.these",
            "module.oci_lz_orchestrator.module.oci_lz_tags.oci_identity_tag_default.these",
            "module.oci_lz_orchestrator.module.oci_lz_tags.oci_identity_tag_namespace.these",
            "module.oci_lz_orchestrator.module.oci_lz_zpr.data.oci_identity_regions.these",
            "module.oci_lz_orchestrator.module.oci_lz_zpr.data.oci_security_attribute_security_attribute_namespaces.default_security_attribute_namespaces",
            "module.oci_lz_orchestrator.module.oci_lz_zpr.data.oci_security_attribute_security_attribute_namespaces.query_security_attribute_namespaces",
            "module.oci_lz_orchestrator.module.oci_lz_zpr.data.oci_zpr_configuration.this",
            "module.oci_lz_orchestrator.module.oci_lz_zpr.oci_security_attribute_security_attribute.these",
            "module.oci_lz_orchestrator.module.oci_lz_zpr.oci_security_attribute_security_attribute_namespace.these",
            "module.oci_lz_orchestrator.module.oci_lz_zpr.oci_zpr_configuration.this",
            "module.oci_lz_orchestrator.module.oci_lz_zpr.oci_zpr_zpr_policy.these",
            "module.oci_lz_orchestrator.module.oci_lz_zpr.time_sleep.wait_after_zpr_configuration"
          ],
          "create_before_destroy": true
        }
      ]
    },
    {
      "module": "module.oci_lz_orchestrator.module.oci_lz_network[0]",
      "mode": "managed",
      "type": "oci_core_vcn",
      "name": "these",
      "provider": "module.oci_lz_orchestrator.provider[\"registry.terraform.io/oracle/oci\"]",
      "instances": [
        {
          "index_key": "VCN-VLL-LZ-EXACS-NPR-KEY",
          "schema_version": 0,
          "attributes": {
            "byoipv6cidr_blocks": [],
            "byoipv6cidr_details": [],
            "cidr_block": "10.197.134.0/23",
            "cidr_blocks": [
              "10.197.134.0/23"
            ],
            "compartment_id": "ocid1.compartment.oc19..aaaaaaaa5gtrrkqmob4ummcgl52exbo4d4vf55uvlzdku5j4fammf3b2pmlq",
            "default_dhcp_options_id": "ocid1.dhcpoptions.oc19.eu-madrid-2.aaaaaaaaiveoeszbsy22dpwetbfxte7drprdenorygl52hluqgqijvj3eraq",
            "default_route_table_id": "ocid1.routetable.oc19.eu-madrid-2.aaaaaaaanwbkdz5wzrvu5hzodtsdwcrbv72xuqa3f4ldof4bcyttslv64nma",
            "default_security_list_id": "ocid1.securitylist.oc19.eu-madrid-2.aaaaaaaa4jrnotramft6warg26vgbevq65zihdr5lw55dyhuqouuniphifqa",
            "defined_tags": {
              "Oracle-Tags.CreatedBy": "default/jorge.e.torlaschi@accenture.com",
              "Oracle-Tags.CreatedOn": "2026-03-10T14:42:39.229Z",
              "o-p-om2-tagns-ens-001.ens-authenticity": "__FILL__",
              "o-p-om2-tagns-ens-001.ens-availability": "__FILL__",
              "o-p-om2-tagns-ens-001.ens-confidentiality": "__FILL__",
              "o-p-om2-tagns-ens-001.ens-integrity": "__FILL__",
              "o-p-om2-tagns-ens-001.ens-traceability": "__FILL__",
              "o-p-om2-tagns-gov-001.application-code": "__FILL__",
              "o-p-om2-tagns-gov-001.application-name": "__FILL__",
              "o-p-om2-tagns-gov-001.business-criticality": "__FILL__",
              "o-p-om2-tagns-gov-001.cost-center": "__FILL__",
              "o-p-om2-tagns-gov-001.department": "__FILL__",
              "o-p-om2-tagns-gov-001.environment": "dev",
              "o-p-om2-tagns-gov-001.iac": "terraform",
              "o-p-om2-tagns-gov-001.name": "o-d-om2-vcn-exacsnpr-001",
              "o-p-om2-tagns-gov-001.operational-owner": "__FILL__",
              "o-p-om2-tagns-gov-001.technical-owner": "__FILL__"
            },
            "display_name": "o-d-om2-vcn-exacsnpr-001",
            "dns_label": "opom2vcnexanpr",
            "freeform_tags": {
              "ocilz-terraform-module": "networking/0.8.2\r\n"
            },
            "id": "ocid1.vcn.oc19.eu-madrid-2.amaaaaaapw27gbaatri7xmitendke5zbqpwk3dzghwa7apab56eya5rb2fza",
            "ipv6cidr_blocks": [],
            "ipv6private_cidr_blocks": [],
            "is_ipv6enabled": false,
            "is_oracle_gua_allocation_enabled": null,
            "security_attributes": {},
            "state": "AVAILABLE",
            "time_created": "2026-03-10 14:42:39.275 +0000 UTC",
            "timeouts": null,
            "vcn_domain_name": "opom2vcnexanpr.oraclevcn.com"
          },
          "sensitive_attributes": [],
          "identity_schema_version": 0,
          "private": "eyJlMmJmYjczMC1lY2FhLTExZTYtOGY4OC0zNDM2M2JjN2M0YzAiOnsiY3JlYXRlIjoxMjAwMDAwMDAwMDAwLCJkZWxldGUiOjEyMDAwMDAwMDAwMDAsInVwZGF0ZSI6MTIwMDAwMDAwMDAwMH19",
          "dependencies": [
            "module.oci_lz_orchestrator.data.oci_identity_regions.these",
            "module.oci_lz_orchestrator.data.oci_identity_tenancy.this",
            "module.oci_lz_orchestrator.module.oci_lz_compartments.oci_identity_compartment.level_2",
            "module.oci_lz_orchestrator.module.oci_lz_compartments.oci_identity_compartment.level_3",
            "module.oci_lz_orchestrator.module.oci_lz_compartments.oci_identity_compartment.level_4",
            "module.oci_lz_orchestrator.module.oci_lz_compartments.oci_identity_compartment.level_5",
            "module.oci_lz_orchestrator.module.oci_lz_compartments.oci_identity_compartment.level_6",
            "module.oci_lz_orchestrator.module.oci_lz_compartments.oci_identity_compartment.these",
            "module.oci_lz_orchestrator.module.oci_lz_compartments.oci_identity_tag_default.these",
            "module.oci_lz_orchestrator.module.oci_lz_tags.data.oci_identity_tag.default_created_by",
            "module.oci_lz_orchestrator.module.oci_lz_tags.data.oci_identity_tag.default_created_on",
            "module.oci_lz_orchestrator.module.oci_lz_tags.data.oci_identity_tag_namespaces.oracle_default",
            "module.oci_lz_orchestrator.module.oci_lz_tags.oci_identity_tag.these",
            "module.oci_lz_orchestrator.module.oci_lz_tags.oci_identity_tag_default.these",
            "module.oci_lz_orchestrator.module.oci_lz_tags.oci_identity_tag_namespace.these",
            "module.oci_lz_orchestrator.module.oci_lz_zpr.data.oci_identity_regions.these",
            "module.oci_lz_orchestrator.module.oci_lz_zpr.data.oci_security_attribute_security_attribute_namespaces.default_security_attribute_namespaces",
            "module.oci_lz_orchestrator.module.oci_lz_zpr.data.oci_security_attribute_security_attribute_namespaces.query_security_attribute_namespaces",
            "module.oci_lz_orchestrator.module.oci_lz_zpr.data.oci_zpr_configuration.this",
            "module.oci_lz_orchestrator.module.oci_lz_zpr.oci_security_attribute_security_attribute.these",
            "module.oci_lz_orchestrator.module.oci_lz_zpr.oci_security_attribute_security_attribute_namespace.these",
            "module.oci_lz_orchestrator.module.oci_lz_zpr.oci_zpr_configuration.this",
            "module.oci_lz_orchestrator.module.oci_lz_zpr.oci_zpr_zpr_policy.these",
            "module.oci_lz_orchestrator.module.oci_lz_zpr.time_sleep.wait_after_zpr_configuration"
          ],
          "create_before_destroy": true
        },
        {
          "index_key": "VCN-VLL-LZ-EXACS-PRO-KEY",
          "schema_version": 0,
          "attributes": {
            "byoipv6cidr_blocks": [],
            "byoipv6cidr_details": [],
            "cidr_block": "10.197.132.0/23",
            "cidr_blocks": [
              "10.197.132.0/23"
            ],
            "compartment_id": "ocid1.compartment.oc19..aaaaaaaa5gtrrkqmob4ummcgl52exbo4d4vf55uvlzdku5j4fammf3b2pmlq",
            "default_dhcp_options_id": "ocid1.dhcpoptions.oc19.eu-madrid-2.aaaaaaaaxohssgow5zxkuozcxzyidithouuuhsgsmoy5uoe245thflp36uxq",
            "default_route_table_id": "ocid1.routetable.oc19.eu-madrid-2.aaaaaaaajd6fyd3ftr4q36b36cp634345dy4566gxaukgbcv33trgzklzr3q",
            "default_security_list_id": "ocid1.securitylist.oc19.eu-madrid-2.aaaaaaaam7bfpsyqjshbavhxef26hprqbywe6gbkbdpujtylf3mut5v6jtza",
            "defined_tags": {
              "Oracle-Tags.CreatedBy": "default/jorge.e.torlaschi@accenture.com",
              "Oracle-Tags.CreatedOn": "2026-03-10T14:42:39.230Z",
              "o-p-om2-tagns-ens-001.ens-authenticity": "__FILL__",
              "o-p-om2-tagns-ens-001.ens-availability": "__FILL__",
              "o-p-om2-tagns-ens-001.ens-confidentiality": "__FILL__",
              "o-p-om2-tagns-ens-001.ens-integrity": "__FILL__",
              "o-p-om2-tagns-ens-001.ens-traceability": "__FILL__",
              "o-p-om2-tagns-gov-001.application-code": "__FILL__",
              "o-p-om2-tagns-gov-001.application-name": "__FILL__",
              "o-p-om2-tagns-gov-001.business-criticality": "__FILL__",
              "o-p-om2-tagns-gov-001.cost-center": "__FILL__",
              "o-p-om2-tagns-gov-001.department": "__FILL__",
              "o-p-om2-tagns-gov-001.environment": "pro",
              "o-p-om2-tagns-gov-001.iac": "terraform",
              "o-p-om2-tagns-gov-001.name": "o-p-om2-vcn-exacspro-001",
              "o-p-om2-tagns-gov-001.operational-owner": "__FILL__",
              "o-p-om2-tagns-gov-001.technical-owner": "__FILL__"
            },
            "display_name": "o-p-om2-vcn-exacspro-001",
            "dns_label": "opom2vcnexacpro",
            "freeform_tags": {
              "ocilz-terraform-module": "networking/0.8.2\r\n"
            },
            "id": "ocid1.vcn.oc19.eu-madrid-2.amaaaaaapw27gbaa26l4e3e3jodcwszp52idisn7ntkehkfskz3zzbp7eliq",
            "ipv6cidr_blocks": [],
            "ipv6private_cidr_blocks": [],
            "is_ipv6enabled": false,
            "is_oracle_gua_allocation_enabled": null,
            "security_attributes": {},
            "state": "AVAILABLE",
            "time_created": "2026-03-10 14:42:39.266 +0000 UTC",
            "timeouts": null,
            "vcn_domain_name": "opom2vcnexacpro.oraclevcn.com"
          },
          "sensitive_attributes": [],
          "identity_schema_version": 0,
          "private": "eyJlMmJmYjczMC1lY2FhLTExZTYtOGY4OC0zNDM2M2JjN2M0YzAiOnsiY3JlYXRlIjoxMjAwMDAwMDAwMDAwLCJkZWxldGUiOjEyMDAwMDAwMDAwMDAsInVwZGF0ZSI6MTIwMDAwMDAwMDAwMH19",
          "dependencies": [
            "module.oci_lz_orchestrator.data.oci_identity_regions.these",
            "module.oci_lz_orchestrator.data.oci_identity_tenancy.this",
            "module.oci_lz_orchestrator.module.oci_lz_compartments.oci_identity_compartment.level_2",
            "module.oci_lz_orchestrator.module.oci_lz_compartments.oci_identity_compartment.level_3",
            "module.oci_lz_orchestrator.module.oci_lz_compartments.oci_identity_compartment.level_4",
            "module.oci_lz_orchestrator.module.oci_lz_compartments.oci_identity_compartment.level_5",
            "module.oci_lz_orchestrator.module.oci_lz_compartments.oci_identity_compartment.level_6",
            "module.oci_lz_orchestrator.module.oci_lz_compartments.oci_identity_compartment.these",
            "module.oci_lz_orchestrator.module.oci_lz_compartments.oci_identity_tag_default.these",
            "module.oci_lz_orchestrator.module.oci_lz_tags.data.oci_identity_tag.default_created_by",
            "module.oci_lz_orchestrator.module.oci_lz_tags.data.oci_identity_tag.default_created_on",
            "module.oci_lz_orchestrator.module.oci_lz_tags.data.oci_identity_tag_namespaces.oracle_default",
            "module.oci_lz_orchestrator.module.oci_lz_tags.oci_identity_tag.these",
            "module.oci_lz_orchestrator.module.oci_lz_tags.oci_identity_tag_default.these",
            "module.oci_lz_orchestrator.module.oci_lz_tags.oci_identity_tag_namespace.these",
            "module.oci_lz_orchestrator.module.oci_lz_zpr.data.oci_identity_regions.these",
            "module.oci_lz_orchestrator.module.oci_lz_zpr.data.oci_security_attribute_security_attribute_namespaces.default_security_attribute_namespaces",
            "module.oci_lz_orchestrator.module.oci_lz_zpr.data.oci_security_attribute_security_attribute_namespaces.query_security_attribute_namespaces",
            "module.oci_lz_orchestrator.module.oci_lz_zpr.data.oci_zpr_configuration.this",
            "module.oci_lz_orchestrator.module.oci_lz_zpr.oci_security_attribute_security_attribute.these",
            "module.oci_lz_orchestrator.module.oci_lz_zpr.oci_security_attribute_security_attribute_namespace.these",
            "module.oci_lz_orchestrator.module.oci_lz_zpr.oci_zpr_configuration.this",
            "module.oci_lz_orchestrator.module.oci_lz_zpr.oci_zpr_zpr_policy.these",
            "module.oci_lz_orchestrator.module.oci_lz_zpr.time_sleep.wait_after_zpr_configuration"
          ],
          "create_before_destroy": true
        },
        {
          "index_key": "VCN-VLL-LZ-HUB-KEY",
          "schema_version": 0,
          "attributes": {
            "byoipv6cidr_blocks": [],
            "byoipv6cidr_details": [],
            "cidr_block": "10.197.128.0/23",
            "cidr_blocks": [
              "10.197.128.0/23"
            ],
            "compartment_id": "ocid1.compartment.oc19..aaaaaaaa5gtrrkqmob4ummcgl52exbo4d4vf55uvlzdku5j4fammf3b2pmlq",
            "default_dhcp_options_id": "ocid1.dhcpoptions.oc19.eu-madrid-2.aaaaaaaabv5bwyjsl3fvpposrj2mclh4t7cfjj6b7svqlswovh5gam3tnwra",
            "default_route_table_id": "ocid1.routetable.oc19.eu-madrid-2.aaaaaaaapqfknyslwsofrk3gc3t3ukmm34qrkvw5zx3xjeeihd4mv45pfu4q",
            "default_security_list_id": "ocid1.securitylist.oc19.eu-madrid-2.aaaaaaaat22ufnlfb5ss4hzw6j5cl7s34itv7uzvgiidxorwkoqlzzde6zcq",
            "defined_tags": {
              "Oracle-Tags.CreatedBy": "default/jorge.e.torlaschi@accenture.com",
              "Oracle-Tags.CreatedOn": "2026-03-10T14:42:39.230Z",
              "o-p-om2-tagns-ens-001.ens-authenticity": "__FILL__",
              "o-p-om2-tagns-ens-001.ens-availability": "__FILL__",
              "o-p-om2-tagns-ens-001.ens-confidentiality": "__FILL__",
              "o-p-om2-tagns-ens-001.ens-integrity": "__FILL__",
              "o-p-om2-tagns-ens-001.ens-traceability": "__FILL__",
              "o-p-om2-tagns-gov-001.application-code": "__FILL__",
              "o-p-om2-tagns-gov-001.application-name": "__FILL__",
              "o-p-om2-tagns-gov-001.business-criticality": "__FILL__",
              "o-p-om2-tagns-gov-001.cost-center": "__FILL__",
              "o-p-om2-tagns-gov-001.department": "__FILL__",
              "o-p-om2-tagns-gov-001.environment": "pro",
              "o-p-om2-tagns-gov-001.iac": "terraform",
              "o-p-om2-tagns-gov-001.name": "o-p-om2-vcn-hub-001",
              "o-p-om2-tagns-gov-001.operational-owner": "__FILL__",
              "o-p-om2-tagns-gov-001.technical-owner": "__FILL__"
            },
            "display_name": "o-p-om2-vcn-hub-001",
            "dns_label": "opom2vcnhub",
            "freeform_tags": {
              "ocilz-terraform-module": "networking/0.8.2\r\n"
            },
            "id": "ocid1.vcn.oc19.eu-madrid-2.amaaaaaapw27gbaahaampmaqpuconyvwmecndp6epapf6uv4p2okvyd2qe4q",
            "ipv6cidr_blocks": [],
            "ipv6private_cidr_blocks": [],
            "is_ipv6enabled": false,
            "is_oracle_gua_allocation_enabled": null,
            "security_attributes": {},
            "state": "AVAILABLE",
            "time_created": "2026-03-10 14:42:39.275 +0000 UTC",
            "timeouts": null,
            "vcn_domain_name": "opom2vcnhub.oraclevcn.com"
          },
          "sensitive_attributes": [],
          "identity_schema_version": 0,
          "private": "eyJlMmJmYjczMC1lY2FhLTExZTYtOGY4OC0zNDM2M2JjN2M0YzAiOnsiY3JlYXRlIjoxMjAwMDAwMDAwMDAwLCJkZWxldGUiOjEyMDAwMDAwMDAwMDAsInVwZGF0ZSI6MTIwMDAwMDAwMDAwMH19",
          "dependencies": [
            "module.oci_lz_orchestrator.data.oci_identity_regions.these",
            "module.oci_lz_orchestrator.data.oci_identity_tenancy.this",
            "module.oci_lz_orchestrator.module.oci_lz_compartments.oci_identity_compartment.level_2",
            "module.oci_lz_orchestrator.module.oci_lz_compartments.oci_identity_compartment.level_3",
            "module.oci_lz_orchestrator.module.oci_lz_compartments.oci_identity_compartment.level_4",
            "module.oci_lz_orchestrator.module.oci_lz_compartments.oci_identity_compartment.level_5",
            "module.oci_lz_orchestrator.module.oci_lz_compartments.oci_identity_compartment.level_6",
            "module.oci_lz_orchestrator.module.oci_lz_compartments.oci_identity_compartment.these",
            "module.oci_lz_orchestrator.module.oci_lz_compartments.oci_identity_tag_default.these",
            "module.oci_lz_orchestrator.module.oci_lz_tags.data.oci_identity_tag.default_created_by",
            "module.oci_lz_orchestrator.module.oci_lz_tags.data.oci_identity_tag.default_created_on",
            "module.oci_lz_orchestrator.module.oci_lz_tags.data.oci_identity_tag_namespaces.oracle_default",
            "module.oci_lz_orchestrator.module.oci_lz_tags.oci_identity_tag.these",
            "module.oci_lz_orchestrator.module.oci_lz_tags.oci_identity_tag_default.these",
            "module.oci_lz_orchestrator.module.oci_lz_tags.oci_identity_tag_namespace.these",
            "module.oci_lz_orchestrator.module.oci_lz_zpr.data.oci_identity_regions.these",
            "module.oci_lz_orchestrator.module.oci_lz_zpr.data.oci_security_attribute_security_attribute_namespaces.default_security_attribute_namespaces",
            "module.oci_lz_orchestrator.module.oci_lz_zpr.data.oci_security_attribute_security_attribute_namespaces.query_security_attribute_namespaces",
            "module.oci_lz_orchestrator.module.oci_lz_zpr.data.oci_zpr_configuration.this",
            "module.oci_lz_orchestrator.module.oci_lz_zpr.oci_security_attribute_security_attribute.these",
            "module.oci_lz_orchestrator.module.oci_lz_zpr.oci_security_attribute_security_attribute_namespace.these",
            "module.oci_lz_orchestrator.module.oci_lz_zpr.oci_zpr_configuration.this",
            "module.oci_lz_orchestrator.module.oci_lz_zpr.oci_zpr_zpr_policy.these",
            "module.oci_lz_orchestrator.module.oci_lz_zpr.time_sleep.wait_after_zpr_configuration"
          ],
          "create_before_destroy": true
        }
      ]
    },
    {
      "module": "module.oci_lz_orchestrator.module.oci_lz_network[0]",
      "mode": "managed",
      "type": "oci_core_virtual_circuit",
      "name": "these",
      "provider": "module.oci_lz_orchestrator.provider[\"registry.terraform.io/oracle/oci\"]",
      "instances": [
        {
          "index_key": "FCVC-VLL-LZ-HUB-001-KEY",
          "schema_version": 0,
          "attributes": {
            "bandwidth_shape_name": "1 Gbps",
            "bgp_admin_state": "ENABLED",
            "bgp_ipv6session_state": "DOWN",
            "bgp_management": "CUSTOMER_MANAGED",
            "bgp_session_state": "DOWN",
            "compartment_id": "ocid1.compartment.oc19..aaaaaaaa5gtrrkqmob4ummcgl52exbo4d4vf55uvlzdku5j4fammf3b2pmlq",
            "cross_connect_mappings": [
              {
                "bgp_md5auth_key": "",
                "cross_connect_or_cross_connect_group_id": "ocid1.crossconnectgroup.oc19.eu-madrid-2.aaaaaaaarebp4yc7xv6nscqpkv4ywy6ksailyr7xa2n5l5cd6i4fwc5xfwoq",
                "customer_bgp_peering_ip": "172.31.224.9/30",
                "customer_bgp_peering_ipv6": "",
                "oracle_bgp_peering_ip": "172.31.224.10/30",
                "oracle_bgp_peering_ipv6": "",
                "vlan": 100
              }
            ],
            "customer_asn": "12956",
            "customer_bgp_asn": null,
            "defined_tags": {
              "Oracle-Tags.CreatedBy": "o-p-om2-id-common-001/jorge-eduardo.torlaschi@at.seg-social.es",
              "Oracle-Tags.CreatedOn": "2026-06-04T13:34:06.912Z"
            },
            "display_name": "o-p-om2-fas-connect-001",
            "freeform_tags": {
              "ocilz-terraform-module": "networking/0.8.2\n"
            },
            "gateway_id": "ocid1.drg.oc19.eu-madrid-2.aaaaaaaa7mto5domu4v7gk3bxq2rnlnslpdc2mnxlue7gatndpienpgmq5wa",
            "id": "ocid1.virtualcircuit.oc19.eu-madrid-2.amaaaaaapw27gbaanuzurkyeiybpbdq3rzledpyh2pfrfy3gdqxm5ahgpxqa",
            "ip_mtu": "MTU_1500",
            "is_bfd_enabled": false,
            "is_transport_mode": false,
            "oracle_bgp_asn": 11506,
            "provider_service_id": "ocid1.providerservice.oc19.eu-madrid-2.aaaaaaaa3ddals6uqjfjflke5fgeyrq2vurmjfzko37clcjmp3ob7uwwkwuq",
            "provider_service_key_name": null,
            "provider_state": "ACTIVE",
            "public_prefixes": [],
            "reference_comment": null,
            "region": null,
            "routing_policy": [
              "MARKET_LEVEL"
            ],
            "service_type": "LAYER2",
            "state": "PROVISIONED",
            "time_created": "2026-06-04 13:34:07.02 +0000 UTC",
            "timeouts": null,
            "type": "PRIVATE",
            "virtual_circuit_redundancy_metadata": [
              {
                "configured_redundancy_level": "DEVICE",
                "ipv4bgp_session_redundancy_status": "NOT_MET_SLA",
                "ipv6bgp_session_redundancy_status": "NOT_MET_SLA"
              }
            ]
          },
          "sensitive_attributes": [],
          "identity_schema_version": 0,
          "private": "eyJlMmJmYjczMC1lY2FhLTExZTYtOGY4OC0zNDM2M2JjN2M0YzAiOnsiY3JlYXRlIjoxMjAwMDAwMDAwMDAwLCJkZWxldGUiOjEyMDAwMDAwMDAwMDAsInVwZGF0ZSI6MTIwMDAwMDAwMDAwMH19",
          "dependencies": [
            "module.oci_lz_orchestrator.data.oci_identity_regions.these",
            "module.oci_lz_orchestrator.data.oci_identity_tenancy.this",
            "module.oci_lz_orchestrator.module.oci_lz_compartments.oci_identity_compartment.level_2",
            "module.oci_lz_orchestrator.module.oci_lz_compartments.oci_identity_compartment.level_3",
            "module.oci_lz_orchestrator.module.oci_lz_compartments.oci_identity_compartment.level_4",
            "module.oci_lz_orchestrator.module.oci_lz_compartments.oci_identity_compartment.level_5",
            "module.oci_lz_orchestrator.module.oci_lz_compartments.oci_identity_compartment.level_6",
            "module.oci_lz_orchestrator.module.oci_lz_compartments.oci_identity_compartment.these",
            "module.oci_lz_orchestrator.module.oci_lz_compartments.oci_identity_tag_default.these",
            "module.oci_lz_orchestrator.module.oci_lz_network.data.oci_core_fast_connect_provider_services.fast_connect_provider_services",
            "module.oci_lz_orchestrator.module.oci_lz_network.oci_core_drg.these",
            "module.oci_lz_orchestrator.module.oci_lz_tags.data.oci_identity_tag.default_created_by",
            "module.oci_lz_orchestrator.module.oci_lz_tags.data.oci_identity_tag.default_created_on",
            "module.oci_lz_orchestrator.module.oci_lz_tags.data.oci_identity_tag_namespaces.oracle_default",
            "module.oci_lz_orchestrator.module.oci_lz_tags.oci_identity_tag.these",
            "module.oci_lz_orchestrator.module.oci_lz_tags.oci_identity_tag_default.these",
            "module.oci_lz_orchestrator.module.oci_lz_tags.oci_identity_tag_namespace.these",
            "module.oci_lz_orchestrator.module.oci_lz_zpr.data.oci_identity_regions.these",
            "module.oci_lz_orchestrator.module.oci_lz_zpr.data.oci_security_attribute_security_attribute_namespaces.default_security_attribute_namespaces",
            "module.oci_lz_orchestrator.module.oci_lz_zpr.data.oci_security_attribute_security_attribute_namespaces.query_security_attribute_namespaces",
            "module.oci_lz_orchestrator.module.oci_lz_zpr.data.oci_zpr_configuration.this",
            "module.oci_lz_orchestrator.module.oci_lz_zpr.oci_security_attribute_security_attribute.these",
            "module.oci_lz_orchestrator.module.oci_lz_zpr.oci_security_attribute_security_attribute_namespace.these",
            "module.oci_lz_orchestrator.module.oci_lz_zpr.oci_zpr_configuration.this",
            "module.oci_lz_orchestrator.module.oci_lz_zpr.oci_zpr_zpr_policy.these",
            "module.oci_lz_orchestrator.module.oci_lz_zpr.time_sleep.wait_after_zpr_configuration"
          ]
        },
        {
          "index_key": "FCVC-VLL-LZ-HUB-002-KEY",
          "schema_version": 0,
          "attributes": {
            "bandwidth_shape_name": "1 Gbps",
            "bgp_admin_state": "ENABLED",
            "bgp_ipv6session_state": "DOWN",
            "bgp_management": "CUSTOMER_MANAGED",
            "bgp_session_state": "DOWN",
            "compartment_id": "ocid1.compartment.oc19..aaaaaaaa5gtrrkqmob4ummcgl52exbo4d4vf55uvlzdku5j4fammf3b2pmlq",
            "cross_connect_mappings": [
              {
                "bgp_md5auth_key": "",
                "cross_connect_or_cross_connect_group_id": "ocid1.crossconnectgroup.oc19.eu-madrid-2.aaaaaaaatzfozstd3pbxd4deic43nbnz3o7n5ncnzwgyd3qtlvfb6mmmy7vq",
                "customer_bgp_peering_ip": "172.31.224.13/30",
                "customer_bgp_peering_ipv6": "",
                "oracle_bgp_peering_ip": "172.31.224.14/30",
                "oracle_bgp_peering_ipv6": "",
                "vlan": 100
              }
            ],
            "customer_asn": "12956",
            "customer_bgp_asn": null,
            "defined_tags": {
              "Oracle-Tags.CreatedBy": "o-p-om2-id-common-001/jorge-eduardo.torlaschi@at.seg-social.es",
              "Oracle-Tags.CreatedOn": "2026-06-04T13:35:13.273Z"
            },
            "display_name": "o-p-om2-fas-connect-002",
            "freeform_tags": {
              "ocilz-terraform-module": "networking/0.8.2\n"
            },
            "gateway_id": "ocid1.drg.oc19.eu-madrid-2.aaaaaaaa7mto5domu4v7gk3bxq2rnlnslpdc2mnxlue7gatndpienpgmq5wa",
            "id": "ocid1.virtualcircuit.oc19.eu-madrid-2.amaaaaaapw27gbaaao7b23y5cy6gvtype4l2xgjsv2xb2r6ekbqpi3jxuzra",
            "ip_mtu": "MTU_1500",
            "is_bfd_enabled": false,
            "is_transport_mode": false,
            "oracle_bgp_asn": 11506,
            "provider_service_id": "ocid1.providerservice.oc19.eu-madrid-2.aaaaaaaa3ddals6uqjfjflke5fgeyrq2vurmjfzko37clcjmp3ob7uwwkwuq",
            "provider_service_key_name": null,
            "provider_state": "ACTIVE",
            "public_prefixes": [],
            "reference_comment": null,
            "region": null,
            "routing_policy": [
              "MARKET_LEVEL"
            ],
            "service_type": "LAYER2",
            "state": "PROVISIONED",
            "time_created": "2026-06-04 13:35:13.39 +0000 UTC",
            "timeouts": null,
            "type": "PRIVATE",
            "virtual_circuit_redundancy_metadata": [
              {
                "configured_redundancy_level": "DEVICE",
                "ipv4bgp_session_redundancy_status": "NOT_MET_SLA",
                "ipv6bgp_session_redundancy_status": "NOT_MET_SLA"
              }
            ]
          },
          "sensitive_attributes": [],
          "identity_schema_version": 0,
          "private": "eyJlMmJmYjczMC1lY2FhLTExZTYtOGY4OC0zNDM2M2JjN2M0YzAiOnsiY3JlYXRlIjoxMjAwMDAwMDAwMDAwLCJkZWxldGUiOjEyMDAwMDAwMDAwMDAsInVwZGF0ZSI6MTIwMDAwMDAwMDAwMH19",
          "dependencies": [
            "module.oci_lz_orchestrator.data.oci_identity_regions.these",
            "module.oci_lz_orchestrator.data.oci_identity_tenancy.this",
            "module.oci_lz_orchestrator.module.oci_lz_compartments.oci_identity_compartment.level_2",
            "module.oci_lz_orchestrator.module.oci_lz_compartments.oci_identity_compartment.level_3",
            "module.oci_lz_orchestrator.module.oci_lz_compartments.oci_identity_compartment.level_4",
            "module.oci_lz_orchestrator.module.oci_lz_compartments.oci_identity_compartment.level_5",
            "module.oci_lz_orchestrator.module.oci_lz_compartments.oci_identity_compartment.level_6",
            "module.oci_lz_orchestrator.module.oci_lz_compartments.oci_identity_compartment.these",
            "module.oci_lz_orchestrator.module.oci_lz_compartments.oci_identity_tag_default.these",
            "module.oci_lz_orchestrator.module.oci_lz_network.data.oci_core_fast_connect_provider_services.fast_connect_provider_services",
            "module.oci_lz_orchestrator.module.oci_lz_network.oci_core_drg.these",
            "module.oci_lz_orchestrator.module.oci_lz_tags.data.oci_identity_tag.default_created_by",
            "module.oci_lz_orchestrator.module.oci_lz_tags.data.oci_identity_tag.default_created_on",
            "module.oci_lz_orchestrator.module.oci_lz_tags.data.oci_identity_tag_namespaces.oracle_default",
            "module.oci_lz_orchestrator.module.oci_lz_tags.oci_identity_tag.these",
            "module.oci_lz_orchestrator.module.oci_lz_tags.oci_identity_tag_default.these",
            "module.oci_lz_orchestrator.module.oci_lz_tags.oci_identity_tag_namespace.these",
            "module.oci_lz_orchestrator.module.oci_lz_zpr.data.oci_identity_regions.these",
            "module.oci_lz_orchestrator.module.oci_lz_zpr.data.oci_security_attribute_security_attribute_namespaces.default_security_attribute_namespaces",
            "module.oci_lz_orchestrator.module.oci_lz_zpr.data.oci_security_attribute_security_attribute_namespaces.query_security_attribute_namespaces",
            "module.oci_lz_orchestrator.module.oci_lz_zpr.data.oci_zpr_configuration.this",
            "module.oci_lz_orchestrator.module.oci_lz_zpr.oci_security_attribute_security_attribute.these",
            "module.oci_lz_orchestrator.module.oci_lz_zpr.oci_security_attribute_security_attribute_namespace.these",
            "module.oci_lz_orchestrator.module.oci_lz_zpr.oci_zpr_configuration.this",
            "module.oci_lz_orchestrator.module.oci_lz_zpr.oci_zpr_zpr_policy.these",
            "module.oci_lz_orchestrator.module.oci_lz_zpr.time_sleep.wait_after_zpr_configuration"
          ]
        }
      ]
    },
    {
      "module": "module.oci_lz_orchestrator.module.oci_lz_network[0]",
      "mode": "managed",
      "type": "time_sleep",
      "name": "wait_for_dns_resolver",
      "provider": "provider[\"registry.terraform.io/hashicorp/time\"]",
      "instances": [
        {
          "schema_version": 0,
          "attributes": {
            "create_duration": "60s",
            "destroy_duration": null,
            "id": "2026-05-11T11:04:10Z",
            "triggers": null
          },
          "sensitive_attributes": [],
          "identity_schema_version": 0,
          "dependencies": [
            "module.oci_lz_orchestrator.data.oci_identity_regions.these",
            "module.oci_lz_orchestrator.data.oci_identity_tenancy.this",
            "module.oci_lz_orchestrator.module.oci_lz_compartments.oci_identity_compartment.level_2",
            "module.oci_lz_orchestrator.module.oci_lz_compartments.oci_identity_compartment.level_3",
            "module.oci_lz_orchestrator.module.oci_lz_compartments.oci_identity_compartment.level_4",
            "module.oci_lz_orchestrator.module.oci_lz_compartments.oci_identity_compartment.level_5",
            "module.oci_lz_orchestrator.module.oci_lz_compartments.oci_identity_compartment.level_6",
            "module.oci_lz_orchestrator.module.oci_lz_compartments.oci_identity_compartment.these",
            "module.oci_lz_orchestrator.module.oci_lz_compartments.oci_identity_tag_default.these",
            "module.oci_lz_orchestrator.module.oci_lz_network.oci_core_vcn.these",
            "module.oci_lz_orchestrator.module.oci_lz_tags.data.oci_identity_tag.default_created_by",
            "module.oci_lz_orchestrator.module.oci_lz_tags.data.oci_identity_tag.default_created_on",
            "module.oci_lz_orchestrator.module.oci_lz_tags.data.oci_identity_tag_namespaces.oracle_default",
            "module.oci_lz_orchestrator.module.oci_lz_tags.oci_identity_tag.these",
            "module.oci_lz_orchestrator.module.oci_lz_tags.oci_identity_tag_default.these",
            "module.oci_lz_orchestrator.module.oci_lz_tags.oci_identity_tag_namespace.these",
            "module.oci_lz_orchestrator.module.oci_lz_zpr.data.oci_identity_regions.these",
            "module.oci_lz_orchestrator.module.oci_lz_zpr.data.oci_security_attribute_security_attribute_namespaces.default_security_attribute_namespaces",
            "module.oci_lz_orchestrator.module.oci_lz_zpr.data.oci_security_attribute_security_attribute_namespaces.query_security_attribute_namespaces",
            "module.oci_lz_orchestrator.module.oci_lz_zpr.data.oci_zpr_configuration.this",
            "module.oci_lz_orchestrator.module.oci_lz_zpr.oci_security_attribute_security_attribute.these",
            "module.oci_lz_orchestrator.module.oci_lz_zpr.oci_security_attribute_security_attribute_namespace.these",
            "module.oci_lz_orchestrator.module.oci_lz_zpr.oci_zpr_configuration.this",
            "module.oci_lz_orchestrator.module.oci_lz_zpr.oci_zpr_zpr_policy.these",
            "module.oci_lz_orchestrator.module.oci_lz_zpr.time_sleep.wait_after_zpr_configuration"
          ]
        }
      ]
    }
  ],
  "check_results": [
    {
      "object_kind": "resource",
      "config_addr": "module.oci_lz_orchestrator.module.oci_lz_oke.oci_containerengine_cluster.these",
      "status": "unknown",
      "objects": null
    },
    {
      "object_kind": "resource",
      "config_addr": "module.oci_lz_orchestrator.module.oci_lz_compute.data.oci_core_app_catalog_listing_resource_version.from_configuration",
      "status": "unknown",
      "objects": null
    },
    {
      "object_kind": "resource",
      "config_addr": "module.oci_lz_orchestrator.module.oci_lz_compute.data.oci_marketplace_listings.from_configuration",
      "status": "unknown",
      "objects": null
    },
    {
      "object_kind": "resource",
      "config_addr": "module.oci_lz_orchestrator.module.oci_lz_logging.oci_logging_log.flow_logs",
      "status": "unknown",
      "objects": null
    },
    {
      "object_kind": "resource",
      "config_addr": "module.oci_lz_orchestrator.module.oci_lz_policies.oci_identity_policy.these",
      "status": "unknown",
      "objects": null
    },
    {
      "object_kind": "resource",
      "config_addr": "module.oci_lz_orchestrator.module.oci_lz_compute.oci_core_volume.these",
      "status": "unknown",
      "objects": null
    },
    {
      "object_kind": "resource",
      "config_addr": "module.oci_lz_orchestrator.module.oci_lz_alarms.oci_ons_notification_topic.these",
      "status": "unknown",
      "objects": null
    },
    {
      "object_kind": "resource",
      "config_addr": "module.oci_lz_orchestrator.module.oci_lz_logging.oci_logging_log.these",
      "status": "unknown",
      "objects": null
    },
    {
      "object_kind": "resource",
      "config_addr": "module.oci_lz_orchestrator.module.oci_lz_alarms.oci_ons_subscription.these",
      "status": "unknown",
      "objects": null
    },
    {
      "object_kind": "resource",
      "config_addr": "module.oci_lz_orchestrator.module.oci_lz_compute.data.oci_core_app_catalog_listing_resource_version.this",
      "status": "unknown",
      "objects": null
    },
    {
      "object_kind": "resource",
      "config_addr": "module.oci_lz_orchestrator.module.oci_lz_alarms.oci_monitoring_alarm.these",
      "status": "unknown",
      "objects": null
    },
    {
      "object_kind": "resource",
      "config_addr": "module.oci_lz_orchestrator.module.oci_lz_events.oci_ons_subscription.these",
      "status": "unknown",
      "objects": null
    },
    {
      "object_kind": "resource",
      "config_addr": "module.oci_lz_orchestrator.module.oci_lz_compute.oci_core_app_catalog_listing_resource_version_agreement.these",
      "status": "unknown",
      "objects": null
    },
    {
      "object_kind": "resource",
      "config_addr": "module.oci_lz_orchestrator.module.oci_lz_bastions.oci_bastion_bastion.these",
      "status": "unknown",
      "objects": null
    },
    {
      "object_kind": "resource",
      "config_addr": "module.oci_lz_orchestrator.module.oci_lz_logging.data.oci_identity_compartment.these",
      "status": "unknown",
      "objects": null
    },
    {
      "object_kind": "resource",
      "config_addr": "module.oci_lz_orchestrator.module.oci_lz_logging.data.oci_core_vnic_attachments.these",
      "status": "unknown",
      "objects": null
    },
    {
      "object_kind": "resource",
      "config_addr": "module.oci_lz_orchestrator.module.oci_lz_events.oci_streaming_stream.these",
      "status": "unknown",
      "objects": null
    },
    {
      "object_kind": "resource",
      "config_addr": "module.oci_lz_orchestrator.module.oci_lz_compute.data.oci_core_images.these_custom",
      "status": "unknown",
      "objects": null
    },
    {
      "object_kind": "resource",
      "config_addr": "module.oci_lz_orchestrator.module.oci_lz_notifications.oci_ons_subscription.these",
      "status": "unknown",
      "objects": null
    },
    {
      "object_kind": "resource",
      "config_addr": "module.oci_lz_orchestrator.module.oci_lz_oke.oci_containerengine_virtual_node_pool.these",
      "status": "unknown",
      "objects": null
    },
    {
      "object_kind": "resource",
      "config_addr": "module.oci_lz_orchestrator.module.oci_lz_home_region_events.oci_events_rule.these",
      "status": "unknown",
      "objects": null
    },
    {
      "object_kind": "resource",
      "config_addr": "module.oci_lz_orchestrator.module.oci_lz_compute.oci_file_storage_file_system.these",
      "status": "unknown",
      "objects": null
    },
    {
      "object_kind": "resource",
      "config_addr": "module.oci_lz_orchestrator.module.oci_lz_compute.oci_core_instance.these",
      "status": "unknown",
      "objects": null
    },
    {
      "object_kind": "resource",
      "config_addr": "module.oci_lz_orchestrator.module.oci_lz_logging.data.oci_network_load_balancer_network_load_balancers.these",
      "status": "unknown",
      "objects": null
    },
    {
      "object_kind": "resource",
      "config_addr": "module.oci_lz_orchestrator.module.oci_lz_vaults.oci_kms_key.these",
      "status": "unknown",
      "objects": null
    },
    {
      "object_kind": "resource",
      "config_addr": "module.oci_lz_orchestrator.module.oci_lz_service_connectors.oci_objectstorage_bucket.these",
      "status": "unknown",
      "objects": null
    },
    {
      "object_kind": "resource",
      "config_addr": "module.oci_lz_orchestrator.module.oci_lz_streams.oci_streaming_stream_pool.these",
      "status": "unknown",
      "objects": null
    },
    {
      "object_kind": "resource",
      "config_addr": "module.oci_lz_orchestrator.module.oci_lz_compute.oci_core_cluster_network.these",
      "status": "unknown",
      "objects": null
    },
    {
      "object_kind": "resource",
      "config_addr": "module.oci_lz_orchestrator.module.oci_lz_identity_domains.oci_identity_domains_group.these",
      "status": "unknown",
      "objects": null
    },
    {
      "object_kind": "resource",
      "config_addr": "module.oci_lz_orchestrator.module.oci_lz_service_connectors.oci_ons_subscription.these",
      "status": "unknown",
      "objects": null
    },
    {
      "object_kind": "resource",
      "config_addr": "module.oci_lz_orchestrator.module.oci_lz_scanning.oci_vulnerability_scanning_container_scan_target.these",
      "status": "unknown",
      "objects": null
    },
    {
      "object_kind": "resource",
      "config_addr": "module.oci_lz_orchestrator.module.oci_lz_compute.oci_file_storage_mount_target.these",
      "status": "unknown",
      "objects": null
    },
    {
      "object_kind": "resource",
      "config_addr": "module.oci_lz_orchestrator.module.oci_lz_compute.oci_core_volume_backup_policy_assignment.these_volume_groups",
      "status": "unknown",
      "objects": null
    },
    {
      "object_kind": "resource",
      "config_addr": "module.oci_lz_orchestrator.module.oci_lz_compute.data.oci_marketplace_listing.this",
      "status": "unknown",
      "objects": null
    },
    {
      "object_kind": "resource",
      "config_addr": "module.oci_lz_orchestrator.module.oci_lz_compute.oci_file_storage_export.these",
      "status": "unknown",
      "objects": null
    },
    {
      "object_kind": "resource",
      "config_addr": "module.oci_lz_orchestrator.module.oci_lz_network.data.oci_security_attribute_security_attribute_namespaces.these",
      "status": "unknown",
      "objects": null
    },
    {
      "object_kind": "resource",
      "config_addr": "module.oci_lz_orchestrator.module.oci_lz_logging.data.oci_core_subnets.these",
      "status": "unknown",
      "objects": null
    },
    {
      "object_kind": "resource",
      "config_addr": "module.oci_lz_orchestrator.module.oci_lz_identity_domains.oci_identity_domains_app.these",
      "status": "unknown",
      "objects": null
    },
    {
      "object_kind": "resource",
      "config_addr": "module.oci_lz_orchestrator.module.oci_lz_home_region_events.oci_streaming_stream.these",
      "status": "unknown",
      "objects": null
    },
    {
      "object_kind": "resource",
      "config_addr": "module.oci_lz_orchestrator.module.oci_lz_compute.data.oci_core_app_catalog_listing_resource_versions.from_configuration",
      "status": "unknown",
      "objects": null
    },
    {
      "object_kind": "resource",
      "config_addr": "module.oci_lz_orchestrator.module.oci_lz_security_zones.oci_cloud_guard_security_zone.these",
      "status": "unknown",
      "objects": null
    },
    {
      "object_kind": "resource",
      "config_addr": "module.oci_lz_orchestrator.module.oci_lz_network.oci_core_security_list.these",
      "status": "unknown",
      "objects": null
    },
    {
      "object_kind": "resource",
      "config_addr": "module.oci_lz_orchestrator.module.oci_lz_identity_domains.oci_identity_domains_identity_provider.these",
      "status": "unknown",
      "objects": null
    },
    {
      "object_kind": "resource",
      "config_addr": "module.oci_lz_orchestrator.module.oci_lz_identity_domains.oci_identity_domain_replication_to_region.these",
      "status": "unknown",
      "objects": null
    },
    {
      "object_kind": "resource",
      "config_addr": "module.oci_lz_orchestrator.module.oci_lz_bastions.oci_bastion_session.these",
      "status": "unknown",
      "objects": null
    },
    {
      "object_kind": "resource",
      "config_addr": "module.oci_lz_orchestrator.module.oci_lz_oke.oci_containerengine_node_pool.these",
      "status": "unknown",
      "objects": null
    },
    {
      "object_kind": "resource",
      "config_addr": "module.oci_lz_orchestrator.module.oci_lz_service_connectors.oci_sch_service_connector.these",
      "status": "unknown",
      "objects": null
    },
    {
      "object_kind": "resource",
      "config_addr": "module.oci_lz_orchestrator.module.oci_lz_compute.oci_core_volume_backup_policy_assignment.these",
      "status": "unknown",
      "objects": null
    },
    {
      "object_kind": "resource",
      "config_addr": "module.oci_lz_orchestrator.module.oci_lz_service_connectors.oci_objectstorage_bucket.bucket_replica",
      "status": "unknown",
      "objects": null
    },
    {
      "object_kind": "resource",
      "config_addr": "module.oci_lz_orchestrator.module.oci_lz_network.oci_core_default_security_list.these",
      "status": "unknown",
      "objects": null
    },
    {
      "object_kind": "resource",
      "config_addr": "module.oci_lz_orchestrator.module.oci_lz_security_zones.oci_cloud_guard_security_recipe.these",
      "status": "unknown",
      "objects": null
    },
    {
      "object_kind": "resource",
      "config_addr": "module.oci_lz_orchestrator.module.oci_lz_events.oci_ons_notification_topic.these",
      "status": "unknown",
      "objects": null
    },
    {
      "object_kind": "resource",
      "config_addr": "module.oci_lz_orchestrator.module.oci_lz_home_region_events.oci_ons_notification_topic.these",
      "status": "unknown",
      "objects": null
    },
    {
      "object_kind": "resource",
      "config_addr": "module.oci_lz_orchestrator.module.oci_lz_compute.data.oci_marketplace_listing.from_configuration",
      "status": "unknown",
      "objects": null
    },
    {
      "object_kind": "resource",
      "config_addr": "module.oci_lz_orchestrator.module.oci_lz_streams.oci_streaming_stream.these",
      "status": "unknown",
      "objects": null
    },
    {
      "object_kind": "resource",
      "config_addr": "module.oci_lz_orchestrator.module.oci_lz_compute.data.oci_marketplace_listings.these",
      "status": "unknown",
      "objects": null
    },
    {
      "object_kind": "resource",
      "config_addr": "module.oci_lz_orchestrator.module.oci_lz_logging.oci_logging_log.bucket_logs",
      "status": "unknown",
      "objects": null
    },
    {
      "object_kind": "resource",
      "config_addr": "module.oci_lz_orchestrator.module.oci_lz_home_region_events.oci_ons_subscription.these",
      "status": "unknown",
      "objects": null
    },
    {
      "object_kind": "resource",
      "config_addr": "module.oci_lz_orchestrator.module.oci_lz_events.oci_events_rule.these",
      "status": "unknown",
      "objects": null
    },
    {
      "object_kind": "resource",
      "config_addr": "module.oci_lz_orchestrator.module.oci_lz_nlb.oci_network_load_balancer_network_load_balancer.these",
      "status": "unknown",
      "objects": null
    },
    {
      "object_kind": "resource",
      "config_addr": "module.oci_lz_orchestrator.module.oci_lz_network.oci_core_vcn.these",
      "status": "unknown",
      "objects": null
    },
    {
      "object_kind": "resource",
      "config_addr": "module.oci_lz_orchestrator.module.oci_lz_identity_domains.oci_identity_domains_group.these_with_external_membership_updates",
      "status": "unknown",
      "objects": null
    },
    {
      "object_kind": "resource",
      "config_addr": "module.oci_lz_orchestrator.module.oci_lz_alarms.oci_streaming_stream.these",
      "status": "unknown",
      "objects": null
    },
    {
      "object_kind": "resource",
      "config_addr": "module.oci_lz_orchestrator.module.oci_lz_network.oci_core_network_security_group_security_rule.ingress",
      "status": "unknown",
      "objects": null
    },
    {
      "object_kind": "resource",
      "config_addr": "module.oci_lz_orchestrator.module.oci_lz_compute.oci_core_vnic_attachment.these",
      "status": "unknown",
      "objects": null
    },
    {
      "object_kind": "resource",
      "config_addr": "module.oci_lz_orchestrator.module.oci_lz_compute.oci_core_volume_attachment.these",
      "status": "unknown",
      "objects": null
    },
    {
      "object_kind": "resource",
      "config_addr": "module.oci_lz_orchestrator.module.oci_lz_service_connectors.oci_identity_policy.these",
      "status": "unknown",
      "objects": null
    },
    {
      "object_kind": "resource",
      "config_addr": "module.oci_lz_orchestrator.module.oci_lz_ocvs.oci_ocvp_sddc.sddc",
      "status": "unknown",
      "objects": null
    },
    {
      "object_kind": "resource",
      "config_addr": "module.oci_lz_orchestrator.module.oci_lz_compute.data.oci_core_app_catalog_listing_resource_versions.these",
      "status": "unknown",
      "objects": null
    },
    {
      "object_kind": "resource",
      "config_addr": "module.oci_lz_orchestrator.module.oci_lz_compute.oci_file_storage_replication.these",
      "status": "unknown",
      "objects": null
    }
  ]
}
